{
  "version": 4,
  "terraform_version": "1.7.1",
  "serial": 12592,
  "lineage": "4b06434a-c978-63bd-ec3d-8b8b79e0b36d",
  "outputs": {},
  "resources": [
    {
      "mode": "data",
      "type": "aws_ecrpublic_authorization_token",
      "name": "token",
      "provider": "provider[\"registry.terraform.io/hashicorp/aws\"].n_virginia",
      "instances": [
        {
          "schema_version": 0,
          "attributes": {
            "authorization_token": "QVdTOmV5SndZWGxzYjJGa0lqb2laalJ2VVVoWVozVnVNVVZ0V2tscU1UUlFORGhoYWpsbFlYRXdlbE5IU1ZaQ2JqRkNTWE5EVGxWU2VUTllSM1p5UVVkSFFVUnJTWGNyWlhGWWVFSXpjM00zVVc5WU5FNTBiM1ZQWWtnd1pXWlhVRk5CY3pSRlpITldOMFJwVURoRGR6RnFiVFZ5ZVhscldEWjZXSGQzZWtGRGFIYzRTVmx5TWsxMlVsUkhOazFGT1dwTFFtdHNVRTQ1WkRkaFNqZFVTbE52TjNsSGVVdHBZemRhTXpKclJrbHJkbXhYYlRkdFZVMDJNVkpyUVVSWFlYTm5lQ3RhVDA1c1QyaERLek55UmpRdlNWVXpiV3N5VlZCRWRUbGpNRXd2TUVVelRqUlhUbTl5ZGpOelMyWTNZWFUxT0dOR1dWWnhlVGxhV1VKTWNIVmtXRGRUVTNkSU9ETmlWVEp4WkRGNlRuVlRTbllyUzFsSkswMXZia0pZTkdKRWNreGpVbVEwWnpGUWVWSjJNV2h3V0RZNFQyVkdhVmRHUWk5NFVWRk1TM1pMYURKM1FXVTBZMDE2U2xWUVlXWklkRTh6ZUdwWE9FMVNUR2xNZWpRNFVWbzVRbTVwWjJOTlRtUlRaMDA0ZGxsa1ptWnlhM1pHWmtGemVXMW5hMDFJU2tGTE9FRkVZV2hxU2sxVVNpOURiMlp3VjNkaFppOUJlbEJ5WjJobVJURllSWEZtVm1SQ1VWcE9OMDFrV1dWRFpURnhWa2c0VDJGcVdtVkVlak5QU0d4dFQyOVhkM2h0VkhwdlRHNWlaR2hpVTFwUWMxUnJlR1phVUdoaVVqQmtZV1ZVWmpWdFNUQjVhRGwxVTB0MWJXZFlibGg2THpoRE5WQTNkMEZYWmxReFRIRXdjak5pTjNSNFpuTnFSRVphZG1KUk1qaEpOelp0V0dGVFQxbDRjMGsyVGtFdk1HMWlTMGxpV0VOdFZtMUhUR28zV0ZZNVZ6WlVkMUZrVEcwMmJUUlJZV1JGWnl0dWRrWllVM2hPTlhOSGVrZzRMM1JVU0RoUlZVaFdOQ3QzYTFGb0swSk5TRU12WVVwa09FcHhPVEpGWms1SmRtb3pOMlZCV2xWdFlWTjZUMEZUWldaUlFubE5TRGxtVkhreWMwSndhSGhQU1UwMWNWSlVVWFZCVG5oeU5sUktjRlV5YlV0blkzTTNSR2x0Y1M5dFpGWjVNamRyWkV3NE5GaDJiVFE0ZEVkSFMzSnlSbE5ZWjJscFJFZHlUWGd4ZERFMGExUmtRVmRIZEVoYWRpODNZVmRXSzFaa2MxaHVWbVE0VDJsaU0zaFlRMjR6TjJadlYydFZSVzlaZVhSWWVEUjBXbkYxTTNkeE4xUjFabEZLT1VKNFZrc3paWE50UkVWRU9XUlVWMUpGYlRGeVQxcEtVVWgzZUU5d1Z5dHFNRkZ1WkVOUlZtd3ZRVmhPY2xOdlpTOWlURXB6U1dWalRWbFRWbEY0TmtKNFQwdzFjRzExTmxsVGMwTk9lV2Q1UVV0cGEyZGllRTlUV2pCUVF6SlFSR2d2WkZCeFJXazVkMGxSY2xSNFdFSllZbU5IZVhOVFJtUlNTaXRLYUhCaGJqRmlWemRNVlZsVGNsVnVUV3RqWjBKRUwzQlJRek54TDNOamEzbG9VMVJvVVU4eGVGaG5ORFkyUkZWTWNqSTVhbmxrV0VvMmNFbGhTWFJTY0V0eFRHOVFVRUoxVHpkSk1FMXlaRGR0Y0ZodGRYWndkRVp2YTJWcVMweFZXRTQwVjB0VlpuVkxNMHB0Tm1KbU9VTkhiVmd4WmtSWFVtTmtVR0lyZEc5UFQxcFhWaUlzSW1SaGRHRnJaWGtpT2lKbGVVcFJVa1puYVU5cFNsQmFhbHBaVTNwb1JtSlZOV3BrVkVKQ1pXcFZkMU5GU2twVE1rcEtUVEprYTFscGRFSmhhMHBaV2tjeFRXSkdWWGxhTWpsM1dsaG9ObGxwT1VkV2Jrb3dXVmRhUjJKdVZsWkxNRFZ5WW01S2RsTnNaRTVUUkdoYVdteFdlRlZIYkc1YWF6bDNWbGhhVWtzelJtMVpibHBYVmxkb2ExcEZOVTVVYkd0M1dtMHhWMkZGU2xkTE1EVXpaR3R6TkZkcVpFZFpiR3d5VTFWc1JsWldhelZSTWpsWlZUTk5NRnBVU1RCVVJWcE1Wa1Z6ZGxOc1ZYSlJiRXBDVTFVNWRWTnJSbEphTUdONlQwWkthMUZyU2twWmF6VjZaVU01UjFGdVZsVk5RM055VWpCT1dHUnFVbFZhUm1zeldWVTFRbEZXVm5sYWJUZzFWREZGTTA1NlNsRlJWMlJZVjBjNVQwOUVZM2RQUlRGR1RXdHdTMVpVYkhsU2JtaFNXVE5GTVZVeFJqTmlhbFpKVFRKa2VHTkdWazlTU0d4TVdtMVNRMUpHUWtKaWJYaHNWa1ZuTldGV1RsRlJhMVpKVmpGS05HRlVTbEZOVnpCNldXMXJkazF0YkRGak1rWXpUMVJXVEdOSGREQmlWV2g2VVdwV2FWSkljRTFpU0dod1YwWndRMUpZV1RCa1dGcFlWMjVvTVdJeWVFdFplbGt4VlROc2FWZHRVWGxSVjBwSlZGVTFTRkp1UlRCWFJURnJVekZHYUZscmRFTmFSR1EwVjBoYVRsWldSbGRNZWtZd1drZG9TMVF4UlRsUVUwbHpTV3RzUWxKRFNUWkpia0V6VmxVMU5XUXdjRlJPVmtweFVWVjRTVkZXU2taYWEwWnNXa2hvVlVzelZYZGpiazU1WWpJeFdVOUVSa2xqUmxvd1VWY3hWbU5IV2tST1JrRXhUbGhCTVZOR2JFOU9NSGhWVVd4amVGZFdaRVJTYVRsRVREQnNiRkZZVVhaVFJHTjNUMGhzVW1KVlJuTlVSM00xWWxaYWFWcFlRVEJTYmxGNFVsVmFSMkZVV1ROYVZFa3paR3hPU2xReVNsUmlhM1JWV1ZNNU5sVldaekpaYlVadlVqRlNWazFZU1haa1Ywb3hUV3MxZFZsWVdrTldSbVJNWWtkc1ZGTlZkRmhrYXpsTFdtdGFXR0pHWkVKT1ZtaEhVbGRXVFZscE9WaGtNakZWVjBadk1FNHlVbHBWYldoTlducEdOV0ZIZEV0T2JWVjRWak5zZFZaWVNrVlVNRFZ1V2pGTmNsSkhUazlsYW1oMFRXMTBSRlZZWkVWTlJXUlRWbXBvZG1KVVduRlBWbHBvWlZod1ZFNVlhRU5YUm04d1dsVndXbHBITVV4aU0wcExZa1ZHV2t3eU5WRlphM1JzVTJ0YWEwNHpUbkZTVXpsM1RVTTVNMDR6UmsxaVZWRnlXWHBzVVZsWFRrbE5RM1J5V1ZVMWNsZHNWakpOYWsweFYyczFTMVJ1WkZsaWVscE9WbGM1ZEZaNlpHOVRSR1JJVW10R1NWTXdXWFpUYlhoWVRYcGpNMWRIU25GbFJGazBWR3QzZDFOVlNYSmpSWE4zVTFWT1VHVlhSVEpPYW1SVVpWWnNXVk5WVVRCYWVqQTVTVzR3UFNJc0luWmxjbk5wYjI0aU9pSXpJaXdpZEhsd1pTSTZJa1JCVkVGZlMwVlpJaXdpWlhod2FYSmhkR2x2YmlJNk1UY3dOalkyTmpNMk9YMD0=",
            "expires_at": "2024-01-31T01:59:29Z",
            "id": "us-east-1",
            "password": "eyJwYXlsb2FkIjoiZjRvUUhYZ3VuMUVtWklqMTRQNDhhajllYXEwelNHSVZCbjFCSXNDTlVSeTNYR3ZyQUdHQURrSXcrZXFYeEIzc3M3UW9YNE50b3VPYkgwZWZXUFNBczRFZHNWN0RpUDhDdzFqbTVyeXlrWDZ6WHd3ekFDaHc4SVlyMk12UlRHNk1FOWpLQmtsUE45ZDdhSjdUSlNvN3lHeUtpYzdaMzJrRklrdmxXbTdtVU02MVJrQURXYXNneCtaT05sT2hDKzNyRjQvSVUzbWsyVVBEdTljMEwvMEUzTjRXTm9ydjNzS2Y3YXU1OGNGWVZxeTlaWUJMcHVkWDdTU3dIODNiVTJxZDF6TnVTSnYrS1lJK01vbkJYNGJEckxjUmQ0ZzFQeVJ2MWhwWDY4T2VGaVdGQi94UVFMS3ZLaDJ3QWU0Y016SlVQYWZIdE8zeGpXOE1STGlMejQ4UVo5Qm5pZ2NNTmRTZ004dllkZmZya3ZGZkFzeW1na01ISkFLOEFEYWhqSk1USi9Db2ZwV3dhZi9BelByZ2hmRTFYRXFmVmRCUVpON01kWWVDZTFxVkg4T2FqWmVEejNPSGxtT29Xd3htVHpvTG5iZGhiU1pQc1RreGZaUGhiUjBkYWVUZjVtSTB5aDl1U0t1bWdYblh6LzhDNVA3d0FXZlQxTHEwcjNiN3R4ZnNqREZadmJRMjhJNzZtWGFTT1l4c0k2TkEvMG1iS0liWENtVm1HTGo3WFY5VzZUd1FkTG02bTRRYWRFZytudkZYU3hONXNHekg4L3RUSDhRVUhWNCt3a1FoK0JNSEMvYUpkOEpxOTJFZk5JdmozN2VBWlVtYVN6T0FTZWZRQnlNSDlmVHkyc0JwaHhPSU01cVJUUXVBTnhyNlRKcFUybUtnY3M3RGltcS9tZFZ5MjdrZEw4NFh2bTQ4dEdHS3JyRlNYZ2lpREdyTXgxdDE0a1RkQVdHdEhadi83YVdWK1Zkc1huVmQ4T2liM3hYQ24zN2ZvV2tVRW9ZeXRYeDR0WnF1M3dxN1R1ZlFKOUJ4VkszZXNtREVEOWRUV1JFbTFyT1pKUUh3eE9wVytqMFFuZENRVmwvQVhOclNvZS9iTEpzSWVjTVlTVlF4NkJ4T0w1cG11NllTc0NOeWd5QUtpa2dieE9TWjBQQzJQRGgvZFBxRWk5d0lRclR4WEJYYmNHeXNTRmRSSitKaHBhbjFiVzdMVVlTclVuTWtjZ0JEL3BRQzNxL3Nja3loU1RoUU8xeFhnNDY2RFVMcjI5anlkWEo2cElhSXRScEtxTG9QUEJ1TzdJME1yZDdtcFhtdXZwdEZva2VqS0xVWE40V0tVZnVLM0ptNmJmOUNHbVgxZkRXUmNkUGIrdG9PT1pXViIsImRhdGFrZXkiOiJleUpRUkZnaU9pSlBaalpZU3poRmJVNWpkVEJCZWpVd1NFSkpTMkpKTTJka1lpdEJha0pZWkcxTWJGVXlaMjl3WlhoNllpOUdWbkowWVdaR2JuVlZLMDVyYm5KdlNsZE5TRGhaWmxWeFVHbG5aazl3VlhaUkszRm1ZblpXVldoa1pFNU5UbGt3Wm0xV2FFSldLMDUzZGtzNFdqZEdZbGwyU1VsRlZWazVRMjlZVTNNMFpUSTBURVpMVkVzdlNsVXJRbEpCU1U5dVNrRlJaMGN6T0ZKa1FrSkpZazV6ZUM5R1FuVlVNQ3NyUjBOWGRqUlVaRmszWVU1QlFWVnlabTg1VDFFM056SlFRV2RYV0c5T09EY3dPRTFGTWtwS1ZUbHlSbmhSWTNFMVUxRjNialZJTTJkeGNGVk9SSGxMWm1SQ1JGQkJibXhsVkVnNWFWTlFRa1ZJVjFKNGFUSlFNVzB6WW1rdk1tbDFjMkYzT1RWTGNHdDBiVWh6UWpWaVJIcE1iSGhwV0ZwQ1JYWTBkWFpYV25oMWIyeEtZelkxVTNsaVdtUXlRV0pJVFU1SFJuRTBXRTFrUzFGaFlrdENaRGQ0V0haTlZWRldMekYwWkdoS1QxRTlQU0lzSWtsQlJDSTZJbkEzVlU1NWQwcFROVkpxUVV4SVFWSkZaa0ZsWkhoVUszVXdjbk55YjIxWU9ERkljRlowUVcxVmNHWkRORkExTlhBMVNGbE9OMHhVUWxjeFdWZERSaTlETDBsbFFYUXZTRGN3T0hsUmJVRnNUR3M1YlZaaVpYQTBSblF4UlVaR2FUWTNaVEkzZGxOSlQySlRia3RVWVM5NlVWZzJZbUZvUjFSVk1YSXZkV0oxTWs1dVlYWkNWRmRMYkdsVFNVdFhkazlLWmtaWGJGZEJOVmhHUldWTVlpOVhkMjFVV0ZvME4yUlpVbWhNWnpGNWFHdEtObVV4VjNsdVZYSkVUMDVuWjFNclJHTk9lamh0TW10RFVYZEVNRWRTVmpodmJUWnFPVlpoZVhwVE5YaENXRm8wWlVwWlpHMUxiM0pLYkVGWkwyNVFZa3RsU2taa04zTnFSUzl3TUM5M04zRk1iVVFyWXpsUVlXTklNQ3RyWVU1cldsVjJNak0xV2s1S1RuZFlielpOVlc5dFZ6ZG9TRGRIUmtGSVMwWXZTbXhYTXpjM1dHSnFlRFk0VGt3d1NVSXJjRXN3U1VOUGVXRTJOamRUZVZsWVNVUTBaejA5SW4wPSIsInZlcnNpb24iOiIzIiwidHlwZSI6IkRBVEFfS0VZIiwiZXhwaXJhdGlvbiI6MTcwNjY2NjM2OX0=",
            "user_name": "AWS"
          },
          "sensitive_attributes": []
        }
      ]
    },
    {
      "module": "module.eks_n_virginia",
      "mode": "data",
      "type": "aws_availability_zones",
      "name": "available",
      "provider": "provider[\"registry.terraform.io/hashicorp/aws\"].n_virginia",
      "instances": [
        {
          "schema_version": 0,
          "attributes": {
            "all_availability_zones": null,
            "exclude_names": null,
            "exclude_zone_ids": null,
            "filter": [
              {
                "name": "opt-in-status",
                "values": [
                  "opt-in-not-required"
                ]
              }
            ],
            "group_names": [
              "us-east-1"
            ],
            "id": "us-east-1",
            "names": [
              "us-east-1a",
              "us-east-1b",
              "us-east-1c",
              "us-east-1d",
              "us-east-1e",
              "us-east-1f"
            ],
            "state": null,
            "timeouts": null,
            "zone_ids": [
              "use1-az4",
              "use1-az6",
              "use1-az1",
              "use1-az2",
              "use1-az3",
              "use1-az5"
            ]
          },
          "sensitive_attributes": []
        }
      ]
    },
    {
      "module": "module.eks_n_virginia",
      "mode": "managed",
      "type": "null_resource",
      "name": "merge_kubeconfig",
      "provider": "provider[\"registry.terraform.io/hashicorp/null\"]",
      "instances": [
        {
          "index_key": 0,
          "schema_version": 0,
          "attributes": {
            "id": "5837664526142153765",
            "triggers": {
              "always": "2024-01-30T13:59:45Z"
            }
          },
          "sensitive_attributes": [],
          "dependencies": [
            "module.eks_n_virginia.data.aws_availability_zones.available",
            "module.eks_n_virginia.module.eks.aws_cloudwatch_log_group.this",
            "module.eks_n_virginia.module.eks.aws_eks_cluster.this",
            "module.eks_n_virginia.module.eks.aws_iam_policy.cni_ipv6_policy",
            "module.eks_n_virginia.module.eks.aws_iam_role.this",
            "module.eks_n_virginia.module.eks.aws_iam_role_policy_attachment.this",
            "module.eks_n_virginia.module.eks.aws_security_group.cluster",
            "module.eks_n_virginia.module.eks.aws_security_group.node",
            "module.eks_n_virginia.module.eks.aws_security_group_rule.cluster",
            "module.eks_n_virginia.module.eks.aws_security_group_rule.node",
            "module.eks_n_virginia.module.eks.data.aws_caller_identity.current",
            "module.eks_n_virginia.module.eks.data.aws_iam_policy_document.assume_role_policy",
            "module.eks_n_virginia.module.eks.data.aws_iam_policy_document.cni_ipv6_policy",
            "module.eks_n_virginia.module.eks.data.aws_iam_session_context.current",
            "module.eks_n_virginia.module.eks.data.aws_partition.current",
            "module.eks_n_virginia.module.eks.module.kms.aws_kms_external_key.this",
            "module.eks_n_virginia.module.eks.module.kms.aws_kms_key.this",
            "module.eks_n_virginia.module.eks.module.kms.data.aws_caller_identity.current",
            "module.eks_n_virginia.module.eks.module.kms.data.aws_iam_policy_document.this",
            "module.eks_n_virginia.module.eks.module.kms.data.aws_partition.current",
            "module.eks_n_virginia.module.vpc.aws_subnet.intra",
            "module.eks_n_virginia.module.vpc.aws_subnet.private",
            "module.eks_n_virginia.module.vpc.aws_vpc.this",
            "module.eks_n_virginia.module.vpc.aws_vpc_ipv4_cidr_block_association.this"
          ]
        }
      ]
    },
    {
      "module": "module.eks_n_virginia",
      "mode": "managed",
      "type": "random_string",
      "name": "suffix",
      "provider": "provider[\"registry.terraform.io/hashicorp/random\"]",
      "instances": [
        {
          "schema_version": 2,
          "attributes": {
            "id": "NC0b6j8T",
            "keepers": null,
            "length": 8,
            "lower": true,
            "min_lower": 0,
            "min_numeric": 0,
            "min_special": 0,
            "min_upper": 0,
            "number": true,
            "numeric": true,
            "override_special": null,
            "result": "NC0b6j8T",
            "special": false,
            "upper": true
          },
          "sensitive_attributes": []
        }
      ]
    },
    {
      "module": "module.eks_n_virginia.module.eks",
      "mode": "data",
      "type": "aws_caller_identity",
      "name": "current",
      "provider": "provider[\"registry.terraform.io/hashicorp/aws\"].n_virginia",
      "instances": [
        {
          "schema_version": 0,
          "attributes": {
            "account_id": "411623750878",
            "arn": "arn:aws:iam::411623750878:user/olexiy",
            "id": "411623750878",
            "user_id": "AIDAV7VVP7TPJ6HRCC3PA"
          },
          "sensitive_attributes": []
        }
      ]
    },
    {
      "module": "module.eks_n_virginia.module.eks",
      "mode": "data",
      "type": "aws_iam_policy_document",
      "name": "assume_role_policy",
      "provider": "provider[\"registry.terraform.io/hashicorp/aws\"].n_virginia",
      "instances": [
        {
          "index_key": 0,
          "schema_version": 0,
          "attributes": {
            "id": "2764486067",
            "json": "{\n  \"Version\": \"2012-10-17\",\n  \"Statement\": [\n    {\n      \"Sid\": \"EKSClusterAssumeRole\",\n      \"Effect\": \"Allow\",\n      \"Action\": \"sts:AssumeRole\",\n      \"Principal\": {\n        \"Service\": \"eks.amazonaws.com\"\n      }\n    }\n  ]\n}",
            "override_policy_documents": null,
            "policy_id": null,
            "source_policy_documents": null,
            "statement": [
              {
                "actions": [
                  "sts:AssumeRole"
                ],
                "condition": [],
                "effect": "Allow",
                "not_actions": [],
                "not_principals": [],
                "not_resources": [],
                "principals": [
                  {
                    "identifiers": [
                      "eks.amazonaws.com"
                    ],
                    "type": "Service"
                  }
                ],
                "resources": [],
                "sid": "EKSClusterAssumeRole"
              }
            ],
            "version": "2012-10-17"
          },
          "sensitive_attributes": []
        }
      ]
    },
    {
      "module": "module.eks_n_virginia.module.eks",
      "mode": "data",
      "type": "aws_iam_session_context",
      "name": "current",
      "provider": "provider[\"registry.terraform.io/hashicorp/aws\"].n_virginia",
      "instances": [
        {
          "schema_version": 0,
          "attributes": {
            "arn": "arn:aws:iam::411623750878:user/olexiy",
            "id": "arn:aws:iam::411623750878:user/olexiy",
            "issuer_arn": "arn:aws:iam::411623750878:user/olexiy",
            "issuer_id": "",
            "issuer_name": "",
            "session_name": ""
          },
          "sensitive_attributes": []
        }
      ]
    },
    {
      "module": "module.eks_n_virginia.module.eks",
      "mode": "data",
      "type": "aws_partition",
      "name": "current",
      "provider": "provider[\"registry.terraform.io/hashicorp/aws\"].n_virginia",
      "instances": [
        {
          "schema_version": 0,
          "attributes": {
            "dns_suffix": "amazonaws.com",
            "id": "aws",
            "partition": "aws",
            "reverse_dns_prefix": "com.amazonaws"
          },
          "sensitive_attributes": []
        }
      ]
    },
    {
      "module": "module.eks_n_virginia.module.eks",
      "mode": "data",
      "type": "tls_certificate",
      "name": "this",
      "provider": "provider[\"registry.terraform.io/hashicorp/tls\"]",
      "instances": [
        {
          "index_key": 0,
          "schema_version": 0,
          "attributes": {
            "certificates": [
              {
                "cert_pem": "-----BEGIN CERTIFICATE-----\nMIIEdTCCA12gAwIBAgIJAKcOSkw0grd/MA0GCSqGSIb3DQEBCwUAMGgxCzAJBgNV\nBAYTAlVTMSUwIwYDVQQKExxTdGFyZmllbGQgVGVjaG5vbG9naWVzLCBJbmMuMTIw\nMAYDVQQLEylTdGFyZmllbGQgQ2xhc3MgMiBDZXJ0aWZpY2F0aW9uIEF1dGhvcml0\neTAeFw0wOTA5MDIwMDAwMDBaFw0zNDA2MjgxNzM5MTZaMIGYMQswCQYDVQQGEwJV\nUzEQMA4GA1UECBMHQXJpem9uYTETMBEGA1UEBxMKU2NvdHRzZGFsZTElMCMGA1UE\nChMcU3RhcmZpZWxkIFRlY2hub2xvZ2llcywgSW5jLjE7MDkGA1UEAxMyU3RhcmZp\nZWxkIFNlcnZpY2VzIFJvb3QgQ2VydGlmaWNhdGUgQXV0aG9yaXR5IC0gRzIwggEi\nMA0GCSqGSIb3DQEBAQUAA4IBDwAwggEKAoIBAQDVDDrEKvlO4vW+GZdfjohTsR8/\ny8+fIBNtKTrID30892t2OGPZNmCom15cAICyL1l/9of5JUOG52kbUpqQ4XHj2C0N\nTm/2yEnZtvMaVq4rtnQU68/7JuMauh2WLmo7WJSJR1b/JaCTcFOD2oR0FMNnngRo\nOt+OQFodSk7PQ5E751bWAHDLUu57fa4657wx+UX2wmDPE1kCK4DMNEffud6QZW0C\nzyyRpqbn3oUYSXxmTqM6bam17jQuug0DuDPfR+uxa40l2ZvOgdFFRjKWcIfeAg5J\nQ4W2bHO7ZOphQazJ1FTfhy/HIrImzJ9ZVGif/L4qL8RVHHVAYBeFAlU5i38FAgMB\nAAGjgfAwge0wDwYDVR0TAQH/BAUwAwEB/zAOBgNVHQ8BAf8EBAMCAYYwHQYDVR0O\nBBYEFJxfAN+qAdcwKziIorhtSpzyEZGDMB8GA1UdIwQYMBaAFL9ft9HO3R+G9FtV\nrNzXEMIOqYjnME8GCCsGAQUFBwEBBEMwQTAcBggrBgEFBQcwAYYQaHR0cDovL28u\nc3MyLnVzLzAhBggrBgEFBQcwAoYVaHR0cDovL3guc3MyLnVzL3guY2VyMCYGA1Ud\nHwQfMB0wG6AZoBeGFWh0dHA6Ly9zLnNzMi51cy9yLmNybDARBgNVHSAECjAIMAYG\nBFUdIAAwDQYJKoZIhvcNAQELBQADggEBACMd44pXyn3pF3lM8R5V/cxTbj5HD9/G\nVfKyBDbtgB9TxF00KGu+x1X8Z+rLP3+QsjPNG1gQggL4+C/1E2DUBc7xgQjB3ad1\nl08YuW3e95ORCLp+QCztweq7dp4zBncdDQh/U90bZKuCJ/Fp1U1ervShw3WnWEQt\n8jxwmKy6abaVd38PMV4s/KCHOkdp8Hlf9BRUpJVeEXgSYCfOn8J3/yNTd126/+pZ\n59vPr5KW7ySaNRB6nJHGDn2Z9j8Z3/VyVOEVqQdZe4O/Ui5GjLIAZHYcSNPYeehu\nVsyuLAOQ1xk4meTKCRlb/weWsKh/NEnfVqn3sF/tM+2MR7cwA130A4w=\n-----END CERTIFICATE-----\n",
                "is_ca": true,
                "issuer": "OU=Starfield Class 2 Certification Authority,O=Starfield Technologies\\, Inc.,C=US",
                "not_after": "2034-06-28T17:39:16Z",
                "not_before": "2009-09-02T00:00:00Z",
                "public_key_algorithm": "RSA",
                "serial_number": "12037640545166866303",
                "sha1_fingerprint": "9e99a48a9960b14926bb7f3b02e22da2b0ab7280",
                "signature_algorithm": "SHA256-RSA",
                "subject": "CN=Starfield Services Root Certificate Authority - G2,O=Starfield Technologies\\, Inc.,L=Scottsdale,ST=Arizona,C=US",
                "version": 3
              },
              {
                "cert_pem": "-----BEGIN CERTIFICATE-----\nMIIEkjCCA3qgAwIBAgITBn+USionzfP6wq4rAfkI7rnExjANBgkqhkiG9w0BAQsF\nADCBmDELMAkGA1UEBhMCVVMxEDAOBgNVBAgTB0FyaXpvbmExEzARBgNVBAcTClNj\nb3R0c2RhbGUxJTAjBgNVBAoTHFN0YXJmaWVsZCBUZWNobm9sb2dpZXMsIEluYy4x\nOzA5BgNVBAMTMlN0YXJmaWVsZCBTZXJ2aWNlcyBSb290IENlcnRpZmljYXRlIEF1\ndGhvcml0eSAtIEcyMB4XDTE1MDUyNTEyMDAwMFoXDTM3MTIzMTAxMDAwMFowOTEL\nMAkGA1UEBhMCVVMxDzANBgNVBAoTBkFtYXpvbjEZMBcGA1UEAxMQQW1hem9uIFJv\nb3QgQ0EgMTCCASIwDQYJKoZIhvcNAQEBBQADggEPADCCAQoCggEBALJ4gHHKeNXj\nca9HgFB0fW7Y14h29Jlo91ghYPl0hAEvrAIthtOgQ3pOsqTQNroBvo3bSMgHFzZM\n9O6II8c+6zf1tRn4SWiw3te5djgdYZ6k/oI2peVKVuRF4fn9tBb6dNqcmzU5L/qw\nIFAGbHrQgLKm+a/sRxmPUDgH3KKHOVj4utWp+UhnMJbulHheb4mjUcAwhmahRWa6\nVOujw5H5SNz/0egwLX0tdHA114gk957EWW67c4cX8jJGKLhD+rcdqsq08p8kDi1L\n93FcXmn/6pUCyziKrlA4b9v7LWIbxcceVOF34GfID5yHI9Y/QCB/IIDEgEw+OyQm\njgSubJrIqg0CAwEAAaOCATEwggEtMA8GA1UdEwEB/wQFMAMBAf8wDgYDVR0PAQH/\nBAQDAgGGMB0GA1UdDgQWBBSEGMyFNOy8DJSULghZnMeyEE4KCDAfBgNVHSMEGDAW\ngBScXwDfqgHXMCs4iKK4bUqc8hGRgzB4BggrBgEFBQcBAQRsMGowLgYIKwYBBQUH\nMAGGImh0dHA6Ly9vY3NwLnJvb3RnMi5hbWF6b250cnVzdC5jb20wOAYIKwYBBQUH\nMAKGLGh0dHA6Ly9jcnQucm9vdGcyLmFtYXpvbnRydXN0LmNvbS9yb290ZzIuY2Vy\nMD0GA1UdHwQ2MDQwMqAwoC6GLGh0dHA6Ly9jcmwucm9vdGcyLmFtYXpvbnRydXN0\nLmNvbS9yb290ZzIuY3JsMBEGA1UdIAQKMAgwBgYEVR0gADANBgkqhkiG9w0BAQsF\nAAOCAQEAYjdCXLwQtT6LLOkMm2xF4gcAevnFWAu5CIw+7bMlPLVvUOTNNWqnkzSW\nMiGpSESrnO09tKpzbeR/FoCJbM8oAxiDR3mjEH4wW6w7sGDgd9QIpuEdfF7Au/ma\neyKdpwAJfqxGF4PcnCZXmTA5YpaP7dreqsXMGz7KQ2hsVxa81Q4gLv7/wmpdLqBK\nbRRYh5TmOTFffHPLkIhqhBGWJ6bt2YFGpn6jcgAKUj6DiAdjd4lpFw85hdKrCEVN\n0FE6/V1dN2RMfjCyVSRCnTawXZwXgWHxyvkQAiSr6w10kY17RSlQOYiypok1JR4U\nakcjMS9cmvqtmg5iUaQqqcT5NJ0hGA==\n-----END CERTIFICATE-----\n",
                "is_ca": true,
                "issuer": "CN=Starfield Services Root Certificate Authority - G2,O=Starfield Technologies\\, Inc.,L=Scottsdale,ST=Arizona,C=US",
                "not_after": "2037-12-31T01:00:00Z",
                "not_before": "2015-05-25T12:00:00Z",
                "public_key_algorithm": "RSA",
                "serial_number": "144918191876577076464031512351042010504348870",
                "sha1_fingerprint": "06b25927c42a721631c1efd9431e648fa62e1e39",
                "signature_algorithm": "SHA256-RSA",
                "subject": "CN=Amazon Root CA 1,O=Amazon,C=US",
                "version": 3
              },
              {
                "cert_pem": "-----BEGIN CERTIFICATE-----\nMIIEXjCCA0agAwIBAgITB3MSSkvL1E7HtTvq8ZSELToPoTANBgkqhkiG9w0BAQsF\nADA5MQswCQYDVQQGEwJVUzEPMA0GA1UEChMGQW1hem9uMRkwFwYDVQQDExBBbWF6\nb24gUm9vdCBDQSAxMB4XDTIyMDgyMzIyMjUzMFoXDTMwMDgyMzIyMjUzMFowPDEL\nMAkGA1UEBhMCVVMxDzANBgNVBAoTBkFtYXpvbjEcMBoGA1UEAxMTQW1hem9uIFJT\nQSAyMDQ4IE0wMjCCASIwDQYJKoZIhvcNAQEBBQADggEPADCCAQoCggEBALtDGMZa\nqHneKei1by6+pUPPLljTB143Si6VpEWPc6mSkFhZb/6qrkZyoHlQLbDYnI2D7hD0\nsdzEqfnuAjIsuXQLG3A8TvX6V3oFNBFVe8NlLJHvBseKY88saLwufxkZVwk74g4n\nWlNMXzla9Y5F3wwRHwMVH443xGz6UtGSZSqQ94eFx5X7Tlqt8whi8qCaKdZ5rNak\n+r9nUThOeClqFd4oXych//Rc7Y0eX1KNWHYSI1Nk31mYgiK3JvH063g+K9tHA63Z\neTgKgndlh+WI+zv7i44HepRZjA1FYwYZ9Vv/9UkC5Yz8/yU65fgjaE+wVHM4e/Yy\nC2osrPWE7gJ+dXMCAwEAAaOCAVowggFWMBIGA1UdEwEB/wQIMAYBAf8CAQAwDgYD\nVR0PAQH/BAQDAgGGMB0GA1UdJQQWMBQGCCsGAQUFBwMBBggrBgEFBQcDAjAdBgNV\nHQ4EFgQUwDFSzVpQw4J8dHHOy+mc+XrrguIwHwYDVR0jBBgwFoAUhBjMhTTsvAyU\nlC4IWZzHshBOCggwewYIKwYBBQUHAQEEbzBtMC8GCCsGAQUFBzABhiNodHRwOi8v\nb2NzcC5yb290Y2ExLmFtYXpvbnRydXN0LmNvbTA6BggrBgEFBQcwAoYuaHR0cDov\nL2NydC5yb290Y2ExLmFtYXpvbnRydXN0LmNvbS9yb290Y2ExLmNlcjA/BgNVHR8E\nODA2MDSgMqAwhi5odHRwOi8vY3JsLnJvb3RjYTEuYW1hem9udHJ1c3QuY29tL3Jv\nb3RjYTEuY3JsMBMGA1UdIAQMMAowCAYGZ4EMAQIBMA0GCSqGSIb3DQEBCwUAA4IB\nAQAtTi6Fs0Azfi+iwm7jrz+CSxHH+uHl7Law3MQSXVtR8RV53PtR6r/6gNpqlzdo\nZq4FKbADi1v9Bun8RY8D51uedRfjsbeodizeBB8nXmeyD33Ep7VATj4ozcd31YFV\nfgRhvTSxNrrTlNpWkUk0m3BMPv8sg381HhA6uEYokE5q9uws/3YkKqRiEz3TsaWm\nJqIRZhMbgAfp7O7FUwFIb7UIspogZSKxPIWJpxiPo3TcBambbVtQOcNRWz5qCQdD\nslI2yayq0n2TXoHyNCLEH8rpsJRVILFsg0jc7BaFrMnF462+ajSehgj12IidNeRN\n4zl+EoNaWdpnWndvSpAEkq2P\n-----END CERTIFICATE-----\n",
                "is_ca": true,
                "issuer": "CN=Amazon Root CA 1,O=Amazon,C=US",
                "not_after": "2030-08-23T22:25:30Z",
                "not_before": "2022-08-23T22:25:30Z",
                "public_key_algorithm": "RSA",
                "serial_number": "166129353110899469622597955040406457904926625",
                "sha1_fingerprint": "414a2060b738c635cc7fc243e052615592830c53",
                "signature_algorithm": "SHA256-RSA",
                "subject": "CN=Amazon RSA 2048 M02,O=Amazon,C=US",
                "version": 3
              },
              {
                "cert_pem": "-----BEGIN CERTIFICATE-----\nMIIF7DCCBNSgAwIBAgIQByOkjeOvl//8xMrhlZkruzANBgkqhkiG9w0BAQsFADA8\nMQswCQYDVQQGEwJVUzEPMA0GA1UEChMGQW1hem9uMRwwGgYDVQQDExNBbWF6b24g\nUlNBIDIwNDggTTAyMB4XDTIzMDUxMzAwMDAwMFoXDTI0MDYxMDIzNTk1OVowKzEp\nMCcGA1UEAxMgb2lkYy5la3MudXMtZWFzdC0xLmFtYXpvbmF3cy5jb20wggEiMA0G\nCSqGSIb3DQEBAQUAA4IBDwAwggEKAoIBAQClT+mO1HZk/Gp/3sS6BO8QDhG0yK53\nE11wkdlUn9HEomcqZ2VVhbEG4ahOZY5MLUqIQViMswUueYFov57zyGnPSnH0IrMu\nmL3/dqxEwP96VPm5ZgbjCfartRfJcuYmmMCoWxocMdTq09ECEjawt47i4FmOLJmH\n+UUnisQgHMvPHtCrfL1WYAgdN3ls4meIFkS1CVHLmoCG9MuponJu3+uqw9UHxPZz\nvGLezHUUSzLE0+b+1Wd6DAPJBZmCa+PBweaRfrlqhhgW+QHcCK7XxlfwMxvzwmdv\nicOBHF7SJM/o3opUvrUf/XJCtCDHuv0GQNxyCcpJImQJ4Ae0MtEihY/rAgMBAAGj\nggL5MIIC9TAfBgNVHSMEGDAWgBTAMVLNWlDDgnx0cc7L6Zz5euuC4jAdBgNVHQ4E\nFgQUeamiamg4o8YroTJziJnlxHJnDdEwKwYDVR0RBCQwIoIgb2lkYy5la3MudXMt\nZWFzdC0xLmFtYXpvbmF3cy5jb20wDgYDVR0PAQH/BAQDAgWgMB0GA1UdJQQWMBQG\nCCsGAQUFBwMBBggrBgEFBQcDAjA7BgNVHR8ENDAyMDCgLqAshipodHRwOi8vY3Js\nLnIybTAyLmFtYXpvbnRydXN0LmNvbS9yMm0wMi5jcmwwEwYDVR0gBAwwCjAIBgZn\ngQwBAgEwdQYIKwYBBQUHAQEEaTBnMC0GCCsGAQUFBzABhiFodHRwOi8vb2NzcC5y\nMm0wMi5hbWF6b250cnVzdC5jb20wNgYIKwYBBQUHMAKGKmh0dHA6Ly9jcnQucjJt\nMDIuYW1hem9udHJ1c3QuY29tL3IybTAyLmNlcjAMBgNVHRMBAf8EAjAAMIIBfgYK\nKwYBBAHWeQIEAgSCAW4EggFqAWgAdgDuzdBk1dsazsVct520zROiModGfLzs3sNR\nSFlGcR+1mwAAAYgTgMKgAAAEAwBHMEUCIHtTzRueHJdgA2Wq32YkXNXRJ1ZRD2uC\nQCn025Jin2hCAiEAlV/lCQaMq1JoBRlULDV7n9f/VS8+xyJSVgMFRFwFtzsAdgBI\nsONr2qZHNA/lagL6nTDrHFIBy1bdLIHZu7+rOdiEcwAAAYgTgMLXAAAEAwBHMEUC\nIAKsJE1jj4gpyaa2VgkbHFszMoco2rABil1iy2YvVzmTAiEAsuzpO1atz7WIx1CM\nMU9iMqq58yDpLhjQFktRuWamDlsAdgDatr9rP7W2Ip+bwrtca+hwkXFsu1GEhTS9\npD0wSNf7qwAAAYgTgMKjAAAEAwBHMEUCIHuwITeM92ncsbOvXgXPQjLHDLgReknJ\nTUoo4uIlPetJAiEApQ3W+NHlj6/RhckoAxGn4zE1alq+Y3Bk3JUFAvDrR78wDQYJ\nKoZIhvcNAQELBQADggEBAFNUUzuzuuDQMUvefHzllQPg/zbGNeDRZeOomSl1FrxS\nFJ0CA2vznfoTXAJLS2/aWlQT9mR3h6WlxI5XSUaLrzcZi94F+l6Ixn8DJUhfgf+O\nZUxtmBX91AEQ1ccU+Odj2ILrWdSs28J82ODoPlkJ6OqIYo+kEXrUwy8SM2N9iFJw\nHgZNOwzPQ2Ox/ozlRh6/6OUgYZ84j343BoDnNbTQijLBe6HL4pVw4nPKWrUQnTot\nxMymAcBknnb4X4TcmEoJ0CrB1H6FKfe8yASCLjwSC72Os9ADyADMZqTUSOH1V8Vh\nR3Zv4DlLItu8BHaE59teueLM9AW1PBFMci5JiYrgLEM=\n-----END CERTIFICATE-----\n",
                "is_ca": false,
                "issuer": "CN=Amazon RSA 2048 M02,O=Amazon,C=US",
                "not_after": "2024-06-10T23:59:59Z",
                "not_before": "2023-05-13T00:00:00Z",
                "public_key_algorithm": "RSA",
                "serial_number": "9489663917354420509896793514074254267",
                "sha1_fingerprint": "aaa68bb211d468db8a8a19561ccba2e4043dcc80",
                "signature_algorithm": "SHA256-RSA",
                "subject": "CN=oidc.eks.us-east-1.amazonaws.com",
                "version": 3
              }
            ],
            "content": null,
            "id": "5933588ce34e24e9fb40c3565fb0b5993639df67",
            "url": "https://oidc.eks.us-east-1.amazonaws.com/id/CB325A70A56EF92B35BDC66ECAA05724",
            "verify_chain": true
          },
          "sensitive_attributes": []
        }
      ]
    },
    {
      "module": "module.eks_n_virginia.module.eks",
      "mode": "managed",
      "type": "aws_cloudwatch_log_group",
      "name": "this",
      "provider": "provider[\"registry.terraform.io/hashicorp/aws\"].n_virginia",
      "instances": [
        {
          "index_key": 0,
          "schema_version": 0,
          "attributes": {
            "arn": "arn:aws:logs:us-east-1:411623750878:log-group:/aws/eks/linxact-nv/cluster",
            "id": "/aws/eks/linxact-nv/cluster",
            "kms_key_id": "",
            "name": "/aws/eks/linxact-nv/cluster",
            "name_prefix": "",
            "retention_in_days": 90,
            "skip_destroy": false,
            "tags": {
              "Name": "/aws/eks/linxact-nv/cluster"
            },
            "tags_all": {
              "Name": "/aws/eks/linxact-nv/cluster"
            }
          },
          "sensitive_attributes": [],
          "private": "bnVsbA==",
          "create_before_destroy": true
        }
      ]
    },
    {
      "module": "module.eks_n_virginia.module.eks",
      "mode": "managed",
      "type": "aws_eks_cluster",
      "name": "this",
      "provider": "provider[\"registry.terraform.io/hashicorp/aws\"].n_virginia",
      "instances": [
        {
          "index_key": 0,
          "schema_version": 0,
          "attributes": {
            "arn": "arn:aws:eks:us-east-1:411623750878:cluster/linxact-nv",
            "certificate_authority": [
              {
                "data": "LS0tLS1CRUdJTiBDRVJUSUZJQ0FURS0tLS0tCk1JSURCVENDQWUyZ0F3SUJBZ0lJQmowWnlqZk5seTR3RFFZSktvWklodmNOQVFFTEJRQXdGVEVUTUJFR0ExVUUKQXhNS2EzVmlaWEp1WlhSbGN6QWVGdzB5TkRBeE16QXhNekkyTlRoYUZ3MHpOREF4TWpjeE16TXhOVGhhTUJVeApFekFSQmdOVkJBTVRDbXQxWW1WeWJtVjBaWE13Z2dFaU1BMEdDU3FHU0liM0RRRUJBUVVBQTRJQkR3QXdnZ0VLCkFvSUJBUURIQm1EekZtOFd1LzZSdHc0VmJaaG1Ld1llTVNXbGREM3lTQUJXZHZCa2lJNHVFaFMxOC9DK05lZ2MKei96S2xuczhhOWoweW1sZ2RmTVNYNnVKK0lMVFRzOW5ZRmZnajB4Rnd5QXh6cGFYd1c5RHl4RFZZZmx6K2c2dgo5U0ZKK2hhSDhTSTgrL1pKN3ByQ0ZNNm9CcTRSVHY1NVZycDBFT2ZUd1ZGaUtmUEs3OTNaNUQ3VFlDcTlCc2w5CkdDWkVXTERPSUkxdWU4Zmsyb2pjQXVGamhML2k5NHhIT0lNWFczT2tUY3RGcGI2VnR1TXplbmtQUlN4T2N0TCsKQ1RDYk5VMy8wK0VjdkV4THB2KzhBYlJuOFhBTUxENWl4Qnp0RmxJQjgrdXN3cmpoUGtQbEpORzliVTBsd0pzZQpWbmZvUTBvV1pqZUtHbjZYUmNvM0grV1NtWDZwQWdNQkFBR2pXVEJYTUE0R0ExVWREd0VCL3dRRUF3SUNwREFQCkJnTlZIUk1CQWY4RUJUQURBUUgvTUIwR0ExVWREZ1FXQkJSRGdQVGhaRi9ic3g2WXFISmRzM2ErL0hXam1EQVYKQmdOVkhSRUVEakFNZ2dwcmRXSmxjbTVsZEdWek1BMEdDU3FHU0liM0RRRUJDd1VBQTRJQkFRQWY5eGdzZlNXVApxNElhWlVXNE53WE5ibng4a0Z0R1lnYmZMcVRSVlBPRVJGdXZCTEhoNXNBbzJyR0w0MGY4akxGa2ZKOERvemtyCnBKZlBWOXMvbnQ0Qi8wdW14Slo0K280WWtoLzZ5NU4xT2YzRTZaVy8yV3MrU3VOV3ZVdUZNQ00zODI3bkhFeUgKZmM2cWFNc2VpNElCbXVhS2thdTBOb3FSNE1vd2JFb08xNUhIWE94clkzZ3FnMzFWV0drUEVMRHJQU2lvLzNIRgp1VnFDM3NNNU1sdzhzaWtOeGpJSFdIWG9FNTMxaVpaYVNvMHFKNjkzcUxWbzBPd2s3TnhQZVEwNFdVeEVaZE41CjNPNGdRdTRvY0kraVNIbkk0T0R5ZWZ6SldnSFZEZTNHTW45VU1lL1Q2NGhIVlp2ZXZ0dVluYlZkN0U1QWk2aDcKSUJxZG40K2F2enhKCi0tLS0tRU5EIENFUlRJRklDQVRFLS0tLS0K"
              }
            ],
            "cluster_id": null,
            "created_at": "2024-01-30 13:26:16.2 +0000 UTC",
            "enabled_cluster_log_types": [
              "api",
              "audit",
              "authenticator",
              "controllerManager",
              "scheduler"
            ],
            "encryption_config": [
              {
                "provider": [
                  {
                    "key_arn": "arn:aws:kms:us-east-1:411623750878:key/7d5d7723-ba60-4d11-a0ef-36821e48a0d3"
                  }
                ],
                "resources": [
                  "secrets"
                ]
              }
            ],
            "endpoint": "https://CB325A70A56EF92B35BDC66ECAA05724.gr7.us-east-1.eks.amazonaws.com",
            "id": "linxact-nv",
            "identity": [
              {
                "oidc": [
                  {
                    "issuer": "https://oidc.eks.us-east-1.amazonaws.com/id/CB325A70A56EF92B35BDC66ECAA05724"
                  }
                ]
              }
            ],
            "kubernetes_network_config": [
              {
                "ip_family": "ipv4",
                "service_ipv4_cidr": "172.20.0.0/16",
                "service_ipv6_cidr": ""
              }
            ],
            "name": "linxact-nv",
            "outpost_config": [],
            "platform_version": "eks.7",
            "role_arn": "arn:aws:iam::411623750878:role/linxact-nv-cluster-20240130132546355000000002",
            "status": "ACTIVE",
            "tags": {},
            "tags_all": {},
            "timeouts": {
              "create": null,
              "delete": null,
              "update": null
            },
            "version": "1.28",
            "vpc_config": [
              {
                "cluster_security_group_id": "sg-0d068fc8f6aff5da4",
                "endpoint_private_access": true,
                "endpoint_public_access": true,
                "public_access_cidrs": [
                  "0.0.0.0/0"
                ],
                "security_group_ids": [
                  "sg-0aa099f3d69f9fe51"
                ],
                "subnet_ids": [
                  "subnet-01a65fa2327b59454",
                  "subnet-01cfb7ead0563e7fe",
                  "subnet-01eac0c48925101e1",
                  "subnet-05c797aec86169a3a",
                  "subnet-0ef9b7cd7535244df"
                ],
                "vpc_id": "vpc-0452655f6b0cc030e"
              }
            ]
          },
          "sensitive_attributes": [],
          "private": "eyJlMmJmYjczMC1lY2FhLTExZTYtOGY4OC0zNDM2M2JjN2M0YzAiOnsiY3JlYXRlIjoxODAwMDAwMDAwMDAwLCJkZWxldGUiOjkwMDAwMDAwMDAwMCwidXBkYXRlIjozNjAwMDAwMDAwMDAwfX0=",
          "dependencies": [
            "module.eks_n_virginia.data.aws_availability_zones.available",
            "module.eks_n_virginia.module.eks.aws_cloudwatch_log_group.this",
            "module.eks_n_virginia.module.eks.aws_iam_policy.cni_ipv6_policy",
            "module.eks_n_virginia.module.eks.aws_iam_role.this",
            "module.eks_n_virginia.module.eks.aws_iam_role_policy_attachment.this",
            "module.eks_n_virginia.module.eks.aws_security_group.cluster",
            "module.eks_n_virginia.module.eks.aws_security_group.node",
            "module.eks_n_virginia.module.eks.aws_security_group_rule.cluster",
            "module.eks_n_virginia.module.eks.aws_security_group_rule.node",
            "module.eks_n_virginia.module.eks.data.aws_caller_identity.current",
            "module.eks_n_virginia.module.eks.data.aws_iam_policy_document.assume_role_policy",
            "module.eks_n_virginia.module.eks.data.aws_iam_policy_document.cni_ipv6_policy",
            "module.eks_n_virginia.module.eks.data.aws_iam_session_context.current",
            "module.eks_n_virginia.module.eks.data.aws_partition.current",
            "module.eks_n_virginia.module.eks.module.kms.aws_kms_external_key.this",
            "module.eks_n_virginia.module.eks.module.kms.aws_kms_key.this",
            "module.eks_n_virginia.module.eks.module.kms.data.aws_caller_identity.current",
            "module.eks_n_virginia.module.eks.module.kms.data.aws_iam_policy_document.this",
            "module.eks_n_virginia.module.eks.module.kms.data.aws_partition.current",
            "module.eks_n_virginia.module.vpc.aws_subnet.intra",
            "module.eks_n_virginia.module.vpc.aws_subnet.private",
            "module.eks_n_virginia.module.vpc.aws_vpc.this",
            "module.eks_n_virginia.module.vpc.aws_vpc_ipv4_cidr_block_association.this"
          ],
          "create_before_destroy": true
        }
      ]
    },
    {
      "module": "module.eks_n_virginia.module.eks",
      "mode": "managed",
      "type": "aws_eks_identity_provider_config",
      "name": "this",
      "provider": "provider[\"registry.terraform.io/hashicorp/aws\"].n_virginia",
      "instances": [
        {
          "index_key": "sts",
          "schema_version": 0,
          "attributes": {
            "arn": "arn:aws:eks:us-east-1:411623750878:identityproviderconfig/linxact-nv/oidc/sts/00c6ad4b-6837-06f4-fa96-730fcd933fbf",
            "cluster_name": "linxact-nv",
            "id": "linxact-nv:sts",
            "oidc": [
              {
                "client_id": "sts.amazonaws.com",
                "groups_claim": "",
                "groups_prefix": "",
                "identity_provider_config_name": "sts",
                "issuer_url": "https://oidc.eks.us-east-1.amazonaws.com/id/CB325A70A56EF92B35BDC66ECAA05724",
                "required_claims": {},
                "username_claim": "",
                "username_prefix": ""
              }
            ],
            "status": "ACTIVE",
            "tags": {},
            "tags_all": {},
            "timeouts": null
          },
          "sensitive_attributes": [],
          "private": "eyJlMmJmYjczMC1lY2FhLTExZTYtOGY4OC0zNDM2M2JjN2M0YzAiOnsiY3JlYXRlIjoyNDAwMDAwMDAwMDAwLCJkZWxldGUiOjI0MDAwMDAwMDAwMDB9fQ==",
          "dependencies": [
            "module.eks_n_virginia.data.aws_availability_zones.available",
            "module.eks_n_virginia.module.eks.aws_cloudwatch_log_group.this",
            "module.eks_n_virginia.module.eks.aws_eks_cluster.this",
            "module.eks_n_virginia.module.eks.aws_iam_policy.cni_ipv6_policy",
            "module.eks_n_virginia.module.eks.aws_iam_role.this",
            "module.eks_n_virginia.module.eks.aws_iam_role_policy_attachment.this",
            "module.eks_n_virginia.module.eks.aws_security_group.cluster",
            "module.eks_n_virginia.module.eks.aws_security_group.node",
            "module.eks_n_virginia.module.eks.aws_security_group_rule.cluster",
            "module.eks_n_virginia.module.eks.aws_security_group_rule.node",
            "module.eks_n_virginia.module.eks.data.aws_caller_identity.current",
            "module.eks_n_virginia.module.eks.data.aws_iam_policy_document.assume_role_policy",
            "module.eks_n_virginia.module.eks.data.aws_iam_policy_document.cni_ipv6_policy",
            "module.eks_n_virginia.module.eks.data.aws_iam_session_context.current",
            "module.eks_n_virginia.module.eks.data.aws_partition.current",
            "module.eks_n_virginia.module.eks.module.kms.aws_kms_external_key.this",
            "module.eks_n_virginia.module.eks.module.kms.aws_kms_key.this",
            "module.eks_n_virginia.module.eks.module.kms.data.aws_caller_identity.current",
            "module.eks_n_virginia.module.eks.module.kms.data.aws_iam_policy_document.this",
            "module.eks_n_virginia.module.eks.module.kms.data.aws_partition.current",
            "module.eks_n_virginia.module.vpc.aws_subnet.intra",
            "module.eks_n_virginia.module.vpc.aws_subnet.private",
            "module.eks_n_virginia.module.vpc.aws_vpc.this",
            "module.eks_n_virginia.module.vpc.aws_vpc_ipv4_cidr_block_association.this"
          ]
        }
      ]
    },
    {
      "module": "module.eks_n_virginia.module.eks",
      "mode": "managed",
      "type": "aws_iam_openid_connect_provider",
      "name": "oidc_provider",
      "provider": "provider[\"registry.terraform.io/hashicorp/aws\"].n_virginia",
      "instances": [
        {
          "index_key": 0,
          "schema_version": 0,
          "attributes": {
            "arn": "arn:aws:iam::411623750878:oidc-provider/oidc.eks.us-east-1.amazonaws.com/id/CB325A70A56EF92B35BDC66ECAA05724",
            "client_id_list": [
              "sts.amazonaws.com"
            ],
            "id": "arn:aws:iam::411623750878:oidc-provider/oidc.eks.us-east-1.amazonaws.com/id/CB325A70A56EF92B35BDC66ECAA05724",
            "tags": {
              "Name": "linxact-nv-eks-irsa"
            },
            "tags_all": {
              "Name": "linxact-nv-eks-irsa"
            },
            "thumbprint_list": [
              "9e99a48a9960b14926bb7f3b02e22da2b0ab7280",
              "06b25927c42a721631c1efd9431e648fa62e1e39",
              "414a2060b738c635cc7fc243e052615592830c53",
              "aaa68bb211d468db8a8a19561ccba2e4043dcc80"
            ],
            "url": "oidc.eks.us-east-1.amazonaws.com/id/CB325A70A56EF92B35BDC66ECAA05724"
          },
          "sensitive_attributes": [],
          "private": "bnVsbA==",
          "dependencies": [
            "module.eks_n_virginia.data.aws_availability_zones.available",
            "module.eks_n_virginia.module.eks.aws_cloudwatch_log_group.this",
            "module.eks_n_virginia.module.eks.aws_eks_cluster.this",
            "module.eks_n_virginia.module.eks.aws_iam_policy.cni_ipv6_policy",
            "module.eks_n_virginia.module.eks.aws_iam_role.this",
            "module.eks_n_virginia.module.eks.aws_iam_role_policy_attachment.this",
            "module.eks_n_virginia.module.eks.aws_security_group.cluster",
            "module.eks_n_virginia.module.eks.aws_security_group.node",
            "module.eks_n_virginia.module.eks.aws_security_group_rule.cluster",
            "module.eks_n_virginia.module.eks.aws_security_group_rule.node",
            "module.eks_n_virginia.module.eks.data.aws_caller_identity.current",
            "module.eks_n_virginia.module.eks.data.aws_iam_policy_document.assume_role_policy",
            "module.eks_n_virginia.module.eks.data.aws_iam_policy_document.cni_ipv6_policy",
            "module.eks_n_virginia.module.eks.data.aws_iam_session_context.current",
            "module.eks_n_virginia.module.eks.data.aws_partition.current",
            "module.eks_n_virginia.module.eks.data.tls_certificate.this",
            "module.eks_n_virginia.module.eks.module.kms.aws_kms_external_key.this",
            "module.eks_n_virginia.module.eks.module.kms.aws_kms_key.this",
            "module.eks_n_virginia.module.eks.module.kms.data.aws_caller_identity.current",
            "module.eks_n_virginia.module.eks.module.kms.data.aws_iam_policy_document.this",
            "module.eks_n_virginia.module.eks.module.kms.data.aws_partition.current",
            "module.eks_n_virginia.module.vpc.aws_subnet.intra",
            "module.eks_n_virginia.module.vpc.aws_subnet.private",
            "module.eks_n_virginia.module.vpc.aws_vpc.this",
            "module.eks_n_virginia.module.vpc.aws_vpc_ipv4_cidr_block_association.this"
          ]
        }
      ]
    },
    {
      "module": "module.eks_n_virginia.module.eks",
      "mode": "managed",
      "type": "aws_iam_policy",
      "name": "cluster_encryption",
      "provider": "provider[\"registry.terraform.io/hashicorp/aws\"].n_virginia",
      "instances": [
        {
          "index_key": 0,
          "schema_version": 0,
          "attributes": {
            "arn": "arn:aws:iam::411623750878:policy/linxact-nv-cluster-ClusterEncryption2024013013260668320000000b",
            "description": "Cluster encryption policy to allow cluster role to utilize CMK provided",
            "id": "arn:aws:iam::411623750878:policy/linxact-nv-cluster-ClusterEncryption2024013013260668320000000b",
            "name": "linxact-nv-cluster-ClusterEncryption2024013013260668320000000b",
            "name_prefix": "linxact-nv-cluster-ClusterEncryption",
            "path": "/",
            "policy": "{\"Statement\":[{\"Action\":[\"kms:Encrypt\",\"kms:Decrypt\",\"kms:ListGrants\",\"kms:DescribeKey\"],\"Effect\":\"Allow\",\"Resource\":\"arn:aws:kms:us-east-1:411623750878:key/7d5d7723-ba60-4d11-a0ef-36821e48a0d3\"}],\"Version\":\"2012-10-17\"}",
            "policy_id": "ANPAV7VVP7TPHGC54XN7H",
            "tags": {},
            "tags_all": {}
          },
          "sensitive_attributes": [],
          "private": "bnVsbA==",
          "dependencies": [
            "module.eks_n_virginia.module.eks.aws_iam_role.this",
            "module.eks_n_virginia.module.eks.data.aws_caller_identity.current",
            "module.eks_n_virginia.module.eks.data.aws_iam_policy_document.assume_role_policy",
            "module.eks_n_virginia.module.eks.data.aws_iam_session_context.current",
            "module.eks_n_virginia.module.eks.data.aws_partition.current",
            "module.eks_n_virginia.module.eks.module.kms.aws_kms_external_key.this",
            "module.eks_n_virginia.module.eks.module.kms.aws_kms_key.this",
            "module.eks_n_virginia.module.eks.module.kms.data.aws_caller_identity.current",
            "module.eks_n_virginia.module.eks.module.kms.data.aws_iam_policy_document.this",
            "module.eks_n_virginia.module.eks.module.kms.data.aws_partition.current"
          ]
        }
      ]
    },
    {
      "module": "module.eks_n_virginia.module.eks",
      "mode": "managed",
      "type": "aws_iam_role",
      "name": "this",
      "provider": "provider[\"registry.terraform.io/hashicorp/aws\"].n_virginia",
      "instances": [
        {
          "index_key": 0,
          "schema_version": 0,
          "attributes": {
            "arn": "arn:aws:iam::411623750878:role/linxact-nv-cluster-20240130132546355000000002",
            "assume_role_policy": "{\"Statement\":[{\"Action\":\"sts:AssumeRole\",\"Effect\":\"Allow\",\"Principal\":{\"Service\":\"eks.amazonaws.com\"},\"Sid\":\"EKSClusterAssumeRole\"}],\"Version\":\"2012-10-17\"}",
            "create_date": "2024-01-30T13:25:45Z",
            "description": "",
            "force_detach_policies": true,
            "id": "linxact-nv-cluster-20240130132546355000000002",
            "inline_policy": [
              {
                "name": "linxact-nv-cluster",
                "policy": "{\"Version\":\"2012-10-17\",\"Statement\":[{\"Action\":[\"logs:CreateLogGroup\"],\"Effect\":\"Deny\",\"Resource\":\"*\"}]}"
              }
            ],
            "managed_policy_arns": [
              "arn:aws:iam::411623750878:policy/linxact-nv-cluster-ClusterEncryption2024013013260668320000000b",
              "arn:aws:iam::aws:policy/AmazonEKSClusterPolicy",
              "arn:aws:iam::aws:policy/AmazonEKSVPCResourceController"
            ],
            "max_session_duration": 3600,
            "name": "linxact-nv-cluster-20240130132546355000000002",
            "name_prefix": "linxact-nv-cluster-",
            "path": "/",
            "permissions_boundary": null,
            "tags": {},
            "tags_all": {},
            "unique_id": "AROAV7VVP7TPJPW3SCQ6U"
          },
          "sensitive_attributes": [],
          "private": "bnVsbA==",
          "dependencies": [
            "module.eks_n_virginia.module.eks.data.aws_iam_policy_document.assume_role_policy",
            "module.eks_n_virginia.module.eks.data.aws_partition.current"
          ],
          "create_before_destroy": true
        }
      ]
    },
    {
      "module": "module.eks_n_virginia.module.eks",
      "mode": "managed",
      "type": "aws_iam_role_policy_attachment",
      "name": "cluster_encryption",
      "provider": "provider[\"registry.terraform.io/hashicorp/aws\"].n_virginia",
      "instances": [
        {
          "index_key": 0,
          "schema_version": 0,
          "attributes": {
            "id": "linxact-nv-cluster-20240130132546355000000002-2024013013260735590000000c",
            "policy_arn": "arn:aws:iam::411623750878:policy/linxact-nv-cluster-ClusterEncryption2024013013260668320000000b",
            "role": "linxact-nv-cluster-20240130132546355000000002"
          },
          "sensitive_attributes": [],
          "private": "bnVsbA==",
          "dependencies": [
            "module.eks_n_virginia.module.eks.aws_iam_policy.cluster_encryption",
            "module.eks_n_virginia.module.eks.aws_iam_role.this",
            "module.eks_n_virginia.module.eks.data.aws_caller_identity.current",
            "module.eks_n_virginia.module.eks.data.aws_iam_policy_document.assume_role_policy",
            "module.eks_n_virginia.module.eks.data.aws_iam_session_context.current",
            "module.eks_n_virginia.module.eks.data.aws_partition.current",
            "module.eks_n_virginia.module.eks.module.kms.aws_kms_external_key.this",
            "module.eks_n_virginia.module.eks.module.kms.aws_kms_key.this",
            "module.eks_n_virginia.module.eks.module.kms.data.aws_caller_identity.current",
            "module.eks_n_virginia.module.eks.module.kms.data.aws_iam_policy_document.this",
            "module.eks_n_virginia.module.eks.module.kms.data.aws_partition.current"
          ]
        }
      ]
    },
    {
      "module": "module.eks_n_virginia.module.eks",
      "mode": "managed",
      "type": "aws_iam_role_policy_attachment",
      "name": "this",
      "provider": "provider[\"registry.terraform.io/hashicorp/aws\"].n_virginia",
      "instances": [
        {
          "index_key": "AmazonEKSClusterPolicy",
          "schema_version": 0,
          "attributes": {
            "id": "linxact-nv-cluster-20240130132546355000000002-20240130132547996800000006",
            "policy_arn": "arn:aws:iam::aws:policy/AmazonEKSClusterPolicy",
            "role": "linxact-nv-cluster-20240130132546355000000002"
          },
          "sensitive_attributes": [],
          "private": "bnVsbA==",
          "dependencies": [
            "module.eks_n_virginia.module.eks.aws_iam_role.this",
            "module.eks_n_virginia.module.eks.data.aws_iam_policy_document.assume_role_policy",
            "module.eks_n_virginia.module.eks.data.aws_partition.current"
          ],
          "create_before_destroy": true
        },
        {
          "index_key": "AmazonEKSVPCResourceController",
          "schema_version": 0,
          "attributes": {
            "id": "linxact-nv-cluster-20240130132546355000000002-20240130132548045300000007",
            "policy_arn": "arn:aws:iam::aws:policy/AmazonEKSVPCResourceController",
            "role": "linxact-nv-cluster-20240130132546355000000002"
          },
          "sensitive_attributes": [],
          "private": "bnVsbA==",
          "dependencies": [
            "module.eks_n_virginia.module.eks.aws_iam_role.this",
            "module.eks_n_virginia.module.eks.data.aws_iam_policy_document.assume_role_policy",
            "module.eks_n_virginia.module.eks.data.aws_partition.current"
          ],
          "create_before_destroy": true
        }
      ]
    },
    {
      "module": "module.eks_n_virginia.module.eks",
      "mode": "managed",
      "type": "aws_security_group",
      "name": "cluster",
      "provider": "provider[\"registry.terraform.io/hashicorp/aws\"].n_virginia",
      "instances": [
        {
          "index_key": 0,
          "schema_version": 1,
          "attributes": {
            "arn": "arn:aws:ec2:us-east-1:411623750878:security-group/sg-0aa099f3d69f9fe51",
            "description": "EKS cluster security group",
            "egress": [],
            "id": "sg-0aa099f3d69f9fe51",
            "ingress": [
              {
                "cidr_blocks": [],
                "description": "Node groups to cluster API",
                "from_port": 443,
                "ipv6_cidr_blocks": [],
                "prefix_list_ids": [],
                "protocol": "tcp",
                "security_groups": [
                  "sg-02fb00530a2970eaf"
                ],
                "self": false,
                "to_port": 443
              }
            ],
            "name": "linxact-nv-cluster-20240130132601238800000008",
            "name_prefix": "linxact-nv-cluster-",
            "owner_id": "411623750878",
            "revoke_rules_on_delete": false,
            "tags": {
              "Name": "linxact-nv-cluster"
            },
            "tags_all": {
              "Name": "linxact-nv-cluster"
            },
            "timeouts": null,
            "vpc_id": "vpc-0452655f6b0cc030e"
          },
          "sensitive_attributes": [],
          "private": "eyJlMmJmYjczMC1lY2FhLTExZTYtOGY4OC0zNDM2M2JjN2M0YzAiOnsiY3JlYXRlIjo2MDAwMDAwMDAwMDAsImRlbGV0ZSI6OTAwMDAwMDAwMDAwfSwic2NoZW1hX3ZlcnNpb24iOiIxIn0=",
          "dependencies": [
            "module.eks_n_virginia.module.vpc.aws_vpc.this"
          ],
          "create_before_destroy": true
        }
      ]
    },
    {
      "module": "module.eks_n_virginia.module.eks",
      "mode": "managed",
      "type": "aws_security_group",
      "name": "node",
      "provider": "provider[\"registry.terraform.io/hashicorp/aws\"].n_virginia",
      "instances": [
        {
          "index_key": 0,
          "schema_version": 1,
          "attributes": {
            "arn": "arn:aws:ec2:us-east-1:411623750878:security-group/sg-02fb00530a2970eaf",
            "description": "EKS node shared security group",
            "egress": [
              {
                "cidr_blocks": [
                  "0.0.0.0/0"
                ],
                "description": "Allow all egress",
                "from_port": 0,
                "ipv6_cidr_blocks": [],
                "prefix_list_ids": [],
                "protocol": "-1",
                "security_groups": [],
                "self": false,
                "to_port": 0
              }
            ],
            "id": "sg-02fb00530a2970eaf",
            "ingress": [
              {
                "cidr_blocks": [],
                "description": "Cluster API to node 4443/tcp webhook",
                "from_port": 4443,
                "ipv6_cidr_blocks": [],
                "prefix_list_ids": [],
                "protocol": "tcp",
                "security_groups": [
                  "sg-0aa099f3d69f9fe51"
                ],
                "self": false,
                "to_port": 4443
              },
              {
                "cidr_blocks": [],
                "description": "Cluster API to node 6443/tcp webhook",
                "from_port": 6443,
                "ipv6_cidr_blocks": [],
                "prefix_list_ids": [],
                "protocol": "tcp",
                "security_groups": [
                  "sg-0aa099f3d69f9fe51"
                ],
                "self": false,
                "to_port": 6443
              },
              {
                "cidr_blocks": [],
                "description": "Cluster API to node 8443/tcp webhook",
                "from_port": 8443,
                "ipv6_cidr_blocks": [],
                "prefix_list_ids": [],
                "protocol": "tcp",
                "security_groups": [
                  "sg-0aa099f3d69f9fe51"
                ],
                "self": false,
                "to_port": 8443
              },
              {
                "cidr_blocks": [],
                "description": "Cluster API to node 9443/tcp webhook",
                "from_port": 9443,
                "ipv6_cidr_blocks": [],
                "prefix_list_ids": [],
                "protocol": "tcp",
                "security_groups": [
                  "sg-0aa099f3d69f9fe51"
                ],
                "self": false,
                "to_port": 9443
              },
              {
                "cidr_blocks": [],
                "description": "Cluster API to node groups",
                "from_port": 443,
                "ipv6_cidr_blocks": [],
                "prefix_list_ids": [],
                "protocol": "tcp",
                "security_groups": [
                  "sg-0aa099f3d69f9fe51"
                ],
                "self": false,
                "to_port": 443
              },
              {
                "cidr_blocks": [],
                "description": "Cluster API to node kubelets",
                "from_port": 10250,
                "ipv6_cidr_blocks": [],
                "prefix_list_ids": [],
                "protocol": "tcp",
                "security_groups": [
                  "sg-0aa099f3d69f9fe51"
                ],
                "self": false,
                "to_port": 10250
              },
              {
                "cidr_blocks": [],
                "description": "Node to node CoreDNS UDP",
                "from_port": 53,
                "ipv6_cidr_blocks": [],
                "prefix_list_ids": [],
                "protocol": "udp",
                "security_groups": [],
                "self": true,
                "to_port": 53
              },
              {
                "cidr_blocks": [],
                "description": "Node to node CoreDNS",
                "from_port": 53,
                "ipv6_cidr_blocks": [],
                "prefix_list_ids": [],
                "protocol": "tcp",
                "security_groups": [],
                "self": true,
                "to_port": 53
              },
              {
                "cidr_blocks": [],
                "description": "Node to node ingress on ephemeral ports",
                "from_port": 1025,
                "ipv6_cidr_blocks": [],
                "prefix_list_ids": [],
                "protocol": "tcp",
                "security_groups": [],
                "self": true,
                "to_port": 65535
              }
            ],
            "name": "linxact-nv-node-20240130132601738700000009",
            "name_prefix": "linxact-nv-node-",
            "owner_id": "411623750878",
            "revoke_rules_on_delete": false,
            "tags": {
              "Name": "linxact-nv-node",
              "karpenter.sh/discovery": "linxact-nv",
              "kubernetes.io/cluster/linxact-nv": "owned"
            },
            "tags_all": {
              "Name": "linxact-nv-node",
              "karpenter.sh/discovery": "linxact-nv",
              "kubernetes.io/cluster/linxact-nv": "owned"
            },
            "timeouts": null,
            "vpc_id": "vpc-0452655f6b0cc030e"
          },
          "sensitive_attributes": [],
          "private": "eyJlMmJmYjczMC1lY2FhLTExZTYtOGY4OC0zNDM2M2JjN2M0YzAiOnsiY3JlYXRlIjo2MDAwMDAwMDAwMDAsImRlbGV0ZSI6OTAwMDAwMDAwMDAwfSwic2NoZW1hX3ZlcnNpb24iOiIxIn0=",
          "dependencies": [
            "module.eks_n_virginia.module.vpc.aws_vpc.this"
          ],
          "create_before_destroy": true
        }
      ]
    },
    {
      "module": "module.eks_n_virginia.module.eks",
      "mode": "managed",
      "type": "aws_security_group_rule",
      "name": "cluster",
      "provider": "provider[\"registry.terraform.io/hashicorp/aws\"].n_virginia",
      "instances": [
        {
          "index_key": "ingress_nodes_443",
          "schema_version": 2,
          "attributes": {
            "cidr_blocks": null,
            "description": "Node groups to cluster API",
            "from_port": 443,
            "id": "sgrule-3427785567",
            "ipv6_cidr_blocks": null,
            "prefix_list_ids": null,
            "protocol": "tcp",
            "security_group_id": "sg-0aa099f3d69f9fe51",
            "security_group_rule_id": "sgr-0e85229dd77f230a0",
            "self": false,
            "source_security_group_id": "sg-02fb00530a2970eaf",
            "timeouts": null,
            "to_port": 443,
            "type": "ingress"
          },
          "sensitive_attributes": [],
          "private": "eyJlMmJmYjczMC1lY2FhLTExZTYtOGY4OC0zNDM2M2JjN2M0YzAiOnsiY3JlYXRlIjozMDAwMDAwMDAwMDB9LCJzY2hlbWFfdmVyc2lvbiI6IjIifQ==",
          "dependencies": [
            "module.eks_n_virginia.module.eks.aws_security_group.cluster",
            "module.eks_n_virginia.module.eks.aws_security_group.node",
            "module.eks_n_virginia.module.vpc.aws_vpc.this"
          ],
          "create_before_destroy": true
        }
      ]
    },
    {
      "module": "module.eks_n_virginia.module.eks",
      "mode": "managed",
      "type": "aws_security_group_rule",
      "name": "node",
      "provider": "provider[\"registry.terraform.io/hashicorp/aws\"].n_virginia",
      "instances": [
        {
          "index_key": "egress_all",
          "schema_version": 2,
          "attributes": {
            "cidr_blocks": [
              "0.0.0.0/0"
            ],
            "description": "Allow all egress",
            "from_port": 0,
            "id": "sgrule-181988944",
            "ipv6_cidr_blocks": null,
            "prefix_list_ids": [],
            "protocol": "-1",
            "security_group_id": "sg-02fb00530a2970eaf",
            "security_group_rule_id": "sgr-0f723e2e761edc248",
            "self": false,
            "source_security_group_id": null,
            "timeouts": null,
            "to_port": 0,
            "type": "egress"
          },
          "sensitive_attributes": [],
          "private": "eyJlMmJmYjczMC1lY2FhLTExZTYtOGY4OC0zNDM2M2JjN2M0YzAiOnsiY3JlYXRlIjozMDAwMDAwMDAwMDB9LCJzY2hlbWFfdmVyc2lvbiI6IjIifQ==",
          "dependencies": [
            "module.eks_n_virginia.module.eks.aws_security_group.cluster",
            "module.eks_n_virginia.module.eks.aws_security_group.node",
            "module.eks_n_virginia.module.vpc.aws_vpc.this"
          ],
          "create_before_destroy": true
        },
        {
          "index_key": "ingress_cluster_443",
          "schema_version": 2,
          "attributes": {
            "cidr_blocks": null,
            "description": "Cluster API to node groups",
            "from_port": 443,
            "id": "sgrule-451503223",
            "ipv6_cidr_blocks": null,
            "prefix_list_ids": [],
            "protocol": "tcp",
            "security_group_id": "sg-02fb00530a2970eaf",
            "security_group_rule_id": "sgr-01a0293183e677369",
            "self": false,
            "source_security_group_id": "sg-0aa099f3d69f9fe51",
            "timeouts": null,
            "to_port": 443,
            "type": "ingress"
          },
          "sensitive_attributes": [],
          "private": "eyJlMmJmYjczMC1lY2FhLTExZTYtOGY4OC0zNDM2M2JjN2M0YzAiOnsiY3JlYXRlIjozMDAwMDAwMDAwMDB9LCJzY2hlbWFfdmVyc2lvbiI6IjIifQ==",
          "dependencies": [
            "module.eks_n_virginia.module.eks.aws_security_group.cluster",
            "module.eks_n_virginia.module.eks.aws_security_group.node",
            "module.eks_n_virginia.module.vpc.aws_vpc.this"
          ],
          "create_before_destroy": true
        },
        {
          "index_key": "ingress_cluster_4443_webhook",
          "schema_version": 2,
          "attributes": {
            "cidr_blocks": null,
            "description": "Cluster API to node 4443/tcp webhook",
            "from_port": 4443,
            "id": "sgrule-59961341",
            "ipv6_cidr_blocks": null,
            "prefix_list_ids": [],
            "protocol": "tcp",
            "security_group_id": "sg-02fb00530a2970eaf",
            "security_group_rule_id": "sgr-06c7b24bf41e15be9",
            "self": false,
            "source_security_group_id": "sg-0aa099f3d69f9fe51",
            "timeouts": null,
            "to_port": 4443,
            "type": "ingress"
          },
          "sensitive_attributes": [],
          "private": "eyJlMmJmYjczMC1lY2FhLTExZTYtOGY4OC0zNDM2M2JjN2M0YzAiOnsiY3JlYXRlIjozMDAwMDAwMDAwMDB9LCJzY2hlbWFfdmVyc2lvbiI6IjIifQ==",
          "dependencies": [
            "module.eks_n_virginia.module.eks.aws_security_group.cluster",
            "module.eks_n_virginia.module.eks.aws_security_group.node",
            "module.eks_n_virginia.module.vpc.aws_vpc.this"
          ],
          "create_before_destroy": true
        },
        {
          "index_key": "ingress_cluster_6443_webhook",
          "schema_version": 2,
          "attributes": {
            "cidr_blocks": null,
            "description": "Cluster API to node 6443/tcp webhook",
            "from_port": 6443,
            "id": "sgrule-3402664043",
            "ipv6_cidr_blocks": null,
            "prefix_list_ids": [],
            "protocol": "tcp",
            "security_group_id": "sg-02fb00530a2970eaf",
            "security_group_rule_id": "sgr-01016bf8000d93531",
            "self": false,
            "source_security_group_id": "sg-0aa099f3d69f9fe51",
            "timeouts": null,
            "to_port": 6443,
            "type": "ingress"
          },
          "sensitive_attributes": [],
          "private": "eyJlMmJmYjczMC1lY2FhLTExZTYtOGY4OC0zNDM2M2JjN2M0YzAiOnsiY3JlYXRlIjozMDAwMDAwMDAwMDB9LCJzY2hlbWFfdmVyc2lvbiI6IjIifQ==",
          "dependencies": [
            "module.eks_n_virginia.module.eks.aws_security_group.cluster",
            "module.eks_n_virginia.module.eks.aws_security_group.node",
            "module.eks_n_virginia.module.vpc.aws_vpc.this"
          ],
          "create_before_destroy": true
        },
        {
          "index_key": "ingress_cluster_8443_webhook",
          "schema_version": 2,
          "attributes": {
            "cidr_blocks": null,
            "description": "Cluster API to node 8443/tcp webhook",
            "from_port": 8443,
            "id": "sgrule-3649877066",
            "ipv6_cidr_blocks": null,
            "prefix_list_ids": [],
            "protocol": "tcp",
            "security_group_id": "sg-02fb00530a2970eaf",
            "security_group_rule_id": "sgr-0274e8bcb0e91fb6e",
            "self": false,
            "source_security_group_id": "sg-0aa099f3d69f9fe51",
            "timeouts": null,
            "to_port": 8443,
            "type": "ingress"
          },
          "sensitive_attributes": [],
          "private": "eyJlMmJmYjczMC1lY2FhLTExZTYtOGY4OC0zNDM2M2JjN2M0YzAiOnsiY3JlYXRlIjozMDAwMDAwMDAwMDB9LCJzY2hlbWFfdmVyc2lvbiI6IjIifQ==",
          "dependencies": [
            "module.eks_n_virginia.module.eks.aws_security_group.cluster",
            "module.eks_n_virginia.module.eks.aws_security_group.node",
            "module.eks_n_virginia.module.vpc.aws_vpc.this"
          ],
          "create_before_destroy": true
        },
        {
          "index_key": "ingress_cluster_9443_webhook",
          "schema_version": 2,
          "attributes": {
            "cidr_blocks": null,
            "description": "Cluster API to node 9443/tcp webhook",
            "from_port": 9443,
            "id": "sgrule-3173877633",
            "ipv6_cidr_blocks": null,
            "prefix_list_ids": [],
            "protocol": "tcp",
            "security_group_id": "sg-02fb00530a2970eaf",
            "security_group_rule_id": "sgr-02b109ec7f649b0dc",
            "self": false,
            "source_security_group_id": "sg-0aa099f3d69f9fe51",
            "timeouts": null,
            "to_port": 9443,
            "type": "ingress"
          },
          "sensitive_attributes": [],
          "private": "eyJlMmJmYjczMC1lY2FhLTExZTYtOGY4OC0zNDM2M2JjN2M0YzAiOnsiY3JlYXRlIjozMDAwMDAwMDAwMDB9LCJzY2hlbWFfdmVyc2lvbiI6IjIifQ==",
          "dependencies": [
            "module.eks_n_virginia.module.eks.aws_security_group.cluster",
            "module.eks_n_virginia.module.eks.aws_security_group.node",
            "module.eks_n_virginia.module.vpc.aws_vpc.this"
          ],
          "create_before_destroy": true
        },
        {
          "index_key": "ingress_cluster_kubelet",
          "schema_version": 2,
          "attributes": {
            "cidr_blocks": null,
            "description": "Cluster API to node kubelets",
            "from_port": 10250,
            "id": "sgrule-66194273",
            "ipv6_cidr_blocks": null,
            "prefix_list_ids": [],
            "protocol": "tcp",
            "security_group_id": "sg-02fb00530a2970eaf",
            "security_group_rule_id": "sgr-09bbe98bf0ef9f916",
            "self": false,
            "source_security_group_id": "sg-0aa099f3d69f9fe51",
            "timeouts": null,
            "to_port": 10250,
            "type": "ingress"
          },
          "sensitive_attributes": [],
          "private": "eyJlMmJmYjczMC1lY2FhLTExZTYtOGY4OC0zNDM2M2JjN2M0YzAiOnsiY3JlYXRlIjozMDAwMDAwMDAwMDB9LCJzY2hlbWFfdmVyc2lvbiI6IjIifQ==",
          "dependencies": [
            "module.eks_n_virginia.module.eks.aws_security_group.cluster",
            "module.eks_n_virginia.module.eks.aws_security_group.node",
            "module.eks_n_virginia.module.vpc.aws_vpc.this"
          ],
          "create_before_destroy": true
        },
        {
          "index_key": "ingress_nodes_ephemeral",
          "schema_version": 2,
          "attributes": {
            "cidr_blocks": null,
            "description": "Node to node ingress on ephemeral ports",
            "from_port": 1025,
            "id": "sgrule-1353527928",
            "ipv6_cidr_blocks": null,
            "prefix_list_ids": [],
            "protocol": "tcp",
            "security_group_id": "sg-02fb00530a2970eaf",
            "security_group_rule_id": "sgr-0ef499d6d677378eb",
            "self": true,
            "source_security_group_id": null,
            "timeouts": null,
            "to_port": 65535,
            "type": "ingress"
          },
          "sensitive_attributes": [],
          "private": "eyJlMmJmYjczMC1lY2FhLTExZTYtOGY4OC0zNDM2M2JjN2M0YzAiOnsiY3JlYXRlIjozMDAwMDAwMDAwMDB9LCJzY2hlbWFfdmVyc2lvbiI6IjIifQ==",
          "dependencies": [
            "module.eks_n_virginia.module.eks.aws_security_group.cluster",
            "module.eks_n_virginia.module.eks.aws_security_group.node",
            "module.eks_n_virginia.module.vpc.aws_vpc.this"
          ],
          "create_before_destroy": true
        },
        {
          "index_key": "ingress_self_coredns_tcp",
          "schema_version": 2,
          "attributes": {
            "cidr_blocks": null,
            "description": "Node to node CoreDNS",
            "from_port": 53,
            "id": "sgrule-3470557363",
            "ipv6_cidr_blocks": null,
            "prefix_list_ids": [],
            "protocol": "tcp",
            "security_group_id": "sg-02fb00530a2970eaf",
            "security_group_rule_id": "sgr-06e1d0cda3558d2b8",
            "self": true,
            "source_security_group_id": null,
            "timeouts": null,
            "to_port": 53,
            "type": "ingress"
          },
          "sensitive_attributes": [],
          "private": "eyJlMmJmYjczMC1lY2FhLTExZTYtOGY4OC0zNDM2M2JjN2M0YzAiOnsiY3JlYXRlIjozMDAwMDAwMDAwMDB9LCJzY2hlbWFfdmVyc2lvbiI6IjIifQ==",
          "dependencies": [
            "module.eks_n_virginia.module.eks.aws_security_group.cluster",
            "module.eks_n_virginia.module.eks.aws_security_group.node",
            "module.eks_n_virginia.module.vpc.aws_vpc.this"
          ],
          "create_before_destroy": true
        },
        {
          "index_key": "ingress_self_coredns_udp",
          "schema_version": 2,
          "attributes": {
            "cidr_blocks": null,
            "description": "Node to node CoreDNS UDP",
            "from_port": 53,
            "id": "sgrule-1786979164",
            "ipv6_cidr_blocks": null,
            "prefix_list_ids": [],
            "protocol": "udp",
            "security_group_id": "sg-02fb00530a2970eaf",
            "security_group_rule_id": "sgr-0494d8a9ed09e209f",
            "self": true,
            "source_security_group_id": null,
            "timeouts": null,
            "to_port": 53,
            "type": "ingress"
          },
          "sensitive_attributes": [],
          "private": "eyJlMmJmYjczMC1lY2FhLTExZTYtOGY4OC0zNDM2M2JjN2M0YzAiOnsiY3JlYXRlIjozMDAwMDAwMDAwMDB9LCJzY2hlbWFfdmVyc2lvbiI6IjIifQ==",
          "dependencies": [
            "module.eks_n_virginia.module.eks.aws_security_group.cluster",
            "module.eks_n_virginia.module.eks.aws_security_group.node",
            "module.eks_n_virginia.module.vpc.aws_vpc.this"
          ],
          "create_before_destroy": true
        }
      ]
    },
    {
      "module": "module.eks_n_virginia.module.eks",
      "mode": "managed",
      "type": "time_sleep",
      "name": "this",
      "provider": "provider[\"registry.terraform.io/hashicorp/time\"]",
      "instances": [
        {
          "index_key": 0,
          "schema_version": 0,
          "attributes": {
            "create_duration": "30s",
            "destroy_duration": null,
            "id": "2024-01-30T13:38:00Z",
            "triggers": {
              "cluster_certificate_authority_data": "LS0tLS1CRUdJTiBDRVJUSUZJQ0FURS0tLS0tCk1JSURCVENDQWUyZ0F3SUJBZ0lJQmowWnlqZk5seTR3RFFZSktvWklodmNOQVFFTEJRQXdGVEVUTUJFR0ExVUUKQXhNS2EzVmlaWEp1WlhSbGN6QWVGdzB5TkRBeE16QXhNekkyTlRoYUZ3MHpOREF4TWpjeE16TXhOVGhhTUJVeApFekFSQmdOVkJBTVRDbXQxWW1WeWJtVjBaWE13Z2dFaU1BMEdDU3FHU0liM0RRRUJBUVVBQTRJQkR3QXdnZ0VLCkFvSUJBUURIQm1EekZtOFd1LzZSdHc0VmJaaG1Ld1llTVNXbGREM3lTQUJXZHZCa2lJNHVFaFMxOC9DK05lZ2MKei96S2xuczhhOWoweW1sZ2RmTVNYNnVKK0lMVFRzOW5ZRmZnajB4Rnd5QXh6cGFYd1c5RHl4RFZZZmx6K2c2dgo5U0ZKK2hhSDhTSTgrL1pKN3ByQ0ZNNm9CcTRSVHY1NVZycDBFT2ZUd1ZGaUtmUEs3OTNaNUQ3VFlDcTlCc2w5CkdDWkVXTERPSUkxdWU4Zmsyb2pjQXVGamhML2k5NHhIT0lNWFczT2tUY3RGcGI2VnR1TXplbmtQUlN4T2N0TCsKQ1RDYk5VMy8wK0VjdkV4THB2KzhBYlJuOFhBTUxENWl4Qnp0RmxJQjgrdXN3cmpoUGtQbEpORzliVTBsd0pzZQpWbmZvUTBvV1pqZUtHbjZYUmNvM0grV1NtWDZwQWdNQkFBR2pXVEJYTUE0R0ExVWREd0VCL3dRRUF3SUNwREFQCkJnTlZIUk1CQWY4RUJUQURBUUgvTUIwR0ExVWREZ1FXQkJSRGdQVGhaRi9ic3g2WXFISmRzM2ErL0hXam1EQVYKQmdOVkhSRUVEakFNZ2dwcmRXSmxjbTVsZEdWek1BMEdDU3FHU0liM0RRRUJDd1VBQTRJQkFRQWY5eGdzZlNXVApxNElhWlVXNE53WE5ibng4a0Z0R1lnYmZMcVRSVlBPRVJGdXZCTEhoNXNBbzJyR0w0MGY4akxGa2ZKOERvemtyCnBKZlBWOXMvbnQ0Qi8wdW14Slo0K280WWtoLzZ5NU4xT2YzRTZaVy8yV3MrU3VOV3ZVdUZNQ00zODI3bkhFeUgKZmM2cWFNc2VpNElCbXVhS2thdTBOb3FSNE1vd2JFb08xNUhIWE94clkzZ3FnMzFWV0drUEVMRHJQU2lvLzNIRgp1VnFDM3NNNU1sdzhzaWtOeGpJSFdIWG9FNTMxaVpaYVNvMHFKNjkzcUxWbzBPd2s3TnhQZVEwNFdVeEVaZE41CjNPNGdRdTRvY0kraVNIbkk0T0R5ZWZ6SldnSFZEZTNHTW45VU1lL1Q2NGhIVlp2ZXZ0dVluYlZkN0U1QWk2aDcKSUJxZG40K2F2enhKCi0tLS0tRU5EIENFUlRJRklDQVRFLS0tLS0K",
              "cluster_endpoint": "https://CB325A70A56EF92B35BDC66ECAA05724.gr7.us-east-1.eks.amazonaws.com",
              "cluster_name": "linxact-nv",
              "cluster_version": "1.28"
            }
          },
          "sensitive_attributes": [],
          "dependencies": [
            "module.eks_n_virginia.data.aws_availability_zones.available",
            "module.eks_n_virginia.module.eks.aws_cloudwatch_log_group.this",
            "module.eks_n_virginia.module.eks.aws_eks_cluster.this",
            "module.eks_n_virginia.module.eks.aws_iam_policy.cni_ipv6_policy",
            "module.eks_n_virginia.module.eks.aws_iam_role.this",
            "module.eks_n_virginia.module.eks.aws_iam_role_policy_attachment.this",
            "module.eks_n_virginia.module.eks.aws_security_group.cluster",
            "module.eks_n_virginia.module.eks.aws_security_group.node",
            "module.eks_n_virginia.module.eks.aws_security_group_rule.cluster",
            "module.eks_n_virginia.module.eks.aws_security_group_rule.node",
            "module.eks_n_virginia.module.eks.data.aws_caller_identity.current",
            "module.eks_n_virginia.module.eks.data.aws_iam_policy_document.assume_role_policy",
            "module.eks_n_virginia.module.eks.data.aws_iam_policy_document.cni_ipv6_policy",
            "module.eks_n_virginia.module.eks.data.aws_iam_session_context.current",
            "module.eks_n_virginia.module.eks.data.aws_partition.current",
            "module.eks_n_virginia.module.eks.module.kms.aws_kms_external_key.this",
            "module.eks_n_virginia.module.eks.module.kms.aws_kms_key.this",
            "module.eks_n_virginia.module.eks.module.kms.data.aws_caller_identity.current",
            "module.eks_n_virginia.module.eks.module.kms.data.aws_iam_policy_document.this",
            "module.eks_n_virginia.module.eks.module.kms.data.aws_partition.current",
            "module.eks_n_virginia.module.vpc.aws_subnet.intra",
            "module.eks_n_virginia.module.vpc.aws_subnet.private",
            "module.eks_n_virginia.module.vpc.aws_vpc.this",
            "module.eks_n_virginia.module.vpc.aws_vpc_ipv4_cidr_block_association.this"
          ],
          "create_before_destroy": true
        }
      ]
    },
    {
      "module": "module.eks_n_virginia.module.eks.module.eks_managed_node_group[\"default\"]",
      "mode": "data",
      "type": "aws_caller_identity",
      "name": "current",
      "provider": "provider[\"registry.terraform.io/hashicorp/aws\"].n_virginia",
      "instances": [
        {
          "schema_version": 0,
          "attributes": {
            "account_id": "411623750878",
            "arn": "arn:aws:iam::411623750878:user/olexiy",
            "id": "411623750878",
            "user_id": "AIDAV7VVP7TPJ6HRCC3PA"
          },
          "sensitive_attributes": []
        }
      ]
    },
    {
      "module": "module.eks_n_virginia.module.eks.module.eks_managed_node_group[\"default\"]",
      "mode": "data",
      "type": "aws_iam_policy_document",
      "name": "assume_role_policy",
      "provider": "provider[\"registry.terraform.io/hashicorp/aws\"].n_virginia",
      "instances": [
        {
          "index_key": 0,
          "schema_version": 0,
          "attributes": {
            "id": "2560088296",
            "json": "{\n  \"Version\": \"2012-10-17\",\n  \"Statement\": [\n    {\n      \"Sid\": \"EKSNodeAssumeRole\",\n      \"Effect\": \"Allow\",\n      \"Action\": \"sts:AssumeRole\",\n      \"Principal\": {\n        \"Service\": \"ec2.amazonaws.com\"\n      }\n    }\n  ]\n}",
            "override_policy_documents": null,
            "policy_id": null,
            "source_policy_documents": null,
            "statement": [
              {
                "actions": [
                  "sts:AssumeRole"
                ],
                "condition": [],
                "effect": "Allow",
                "not_actions": [],
                "not_principals": [],
                "not_resources": [],
                "principals": [
                  {
                    "identifiers": [
                      "ec2.amazonaws.com"
                    ],
                    "type": "Service"
                  }
                ],
                "resources": [],
                "sid": "EKSNodeAssumeRole"
              }
            ],
            "version": "2012-10-17"
          },
          "sensitive_attributes": []
        }
      ]
    },
    {
      "module": "module.eks_n_virginia.module.eks.module.eks_managed_node_group[\"default\"]",
      "mode": "data",
      "type": "aws_partition",
      "name": "current",
      "provider": "provider[\"registry.terraform.io/hashicorp/aws\"].n_virginia",
      "instances": [
        {
          "schema_version": 0,
          "attributes": {
            "dns_suffix": "amazonaws.com",
            "id": "aws",
            "partition": "aws",
            "reverse_dns_prefix": "com.amazonaws"
          },
          "sensitive_attributes": []
        }
      ]
    },
    {
      "module": "module.eks_n_virginia.module.eks.module.eks_managed_node_group[\"default\"]",
      "mode": "managed",
      "type": "aws_eks_node_group",
      "name": "this",
      "provider": "provider[\"registry.terraform.io/hashicorp/aws\"].n_virginia",
      "instances": [
        {
          "index_key": 0,
          "schema_version": 0,
          "attributes": {
            "ami_type": "AL2_x86_64",
            "arn": "arn:aws:eks:us-east-1:411623750878:nodegroup/linxact-nv/crawl-admin-20240130133801819300000010/a6c6ad4b-a4c8-ff60-f405-188d9c307f00",
            "capacity_type": "ON_DEMAND",
            "cluster_name": "linxact-nv",
            "disk_size": 0,
            "force_update_version": null,
            "id": "linxact-nv:crawl-admin-20240130133801819300000010",
            "instance_types": [
              "t3.medium",
              "t3a.medium"
            ],
            "labels": {},
            "launch_template": [
              {
                "id": "lt-065dcff6029896d03",
                "name": "default-2024013013380084900000000e",
                "version": "1"
              }
            ],
            "node_group_name": "crawl-admin-20240130133801819300000010",
            "node_group_name_prefix": "crawl-admin-",
            "node_role_arn": "arn:aws:iam::411623750878:role/crawl-admin-eks-node-group-20240130132546353300000001",
            "release_version": "1.28.5-20240117",
            "remote_access": [],
            "resources": [
              {
                "autoscaling_groups": [
                  {
                    "name": "eks-crawl-admin-20240130133801819300000010-a6c6ad4b-a4c8-ff60-f405-188d9c307f00"
                  }
                ],
                "remote_access_security_group_id": ""
              }
            ],
            "scaling_config": [
              {
                "desired_size": 2,
                "max_size": 3,
                "min_size": 2
              }
            ],
            "status": "ACTIVE",
            "subnet_ids": [
              "subnet-01a65fa2327b59454",
              "subnet-01cfb7ead0563e7fe",
              "subnet-01eac0c48925101e1",
              "subnet-05c797aec86169a3a",
              "subnet-0ef9b7cd7535244df"
            ],
            "tags": {
              "Name": "crawl-admin"
            },
            "tags_all": {
              "Name": "crawl-admin"
            },
            "taint": [
              {
                "effect": "NO_EXECUTE",
                "key": "CriticalAddonsOnly",
                "value": "true"
              },
              {
                "effect": "NO_SCHEDULE",
                "key": "CriticalAddonsOnly",
                "value": "true"
              }
            ],
            "timeouts": {
              "create": null,
              "delete": null,
              "update": null
            },
            "update_config": [
              {
                "max_unavailable": 0,
                "max_unavailable_percentage": 33
              }
            ],
            "version": "1.28"
          },
          "sensitive_attributes": [],
          "private": "eyJlMmJmYjczMC1lY2FhLTExZTYtOGY4OC0zNDM2M2JjN2M0YzAiOnsiY3JlYXRlIjozNjAwMDAwMDAwMDAwLCJkZWxldGUiOjM2MDAwMDAwMDAwMDAsInVwZGF0ZSI6MzYwMDAwMDAwMDAwMH19",
          "dependencies": [
            "module.eks_n_virginia.data.aws_availability_zones.available",
            "module.eks_n_virginia.module.eks.aws_cloudwatch_log_group.this",
            "module.eks_n_virginia.module.eks.aws_eks_cluster.this",
            "module.eks_n_virginia.module.eks.aws_iam_policy.cni_ipv6_policy",
            "module.eks_n_virginia.module.eks.aws_iam_role.this",
            "module.eks_n_virginia.module.eks.aws_iam_role_policy_attachment.this",
            "module.eks_n_virginia.module.eks.aws_security_group.cluster",
            "module.eks_n_virginia.module.eks.aws_security_group.node",
            "module.eks_n_virginia.module.eks.aws_security_group_rule.cluster",
            "module.eks_n_virginia.module.eks.aws_security_group_rule.node",
            "module.eks_n_virginia.module.eks.data.aws_caller_identity.current",
            "module.eks_n_virginia.module.eks.data.aws_iam_policy_document.assume_role_policy",
            "module.eks_n_virginia.module.eks.data.aws_iam_policy_document.cni_ipv6_policy",
            "module.eks_n_virginia.module.eks.data.aws_iam_session_context.current",
            "module.eks_n_virginia.module.eks.data.aws_partition.current",
            "module.eks_n_virginia.module.eks.module.eks_managed_node_group.aws_iam_role.this",
            "module.eks_n_virginia.module.eks.module.eks_managed_node_group.aws_iam_role_policy_attachment.this",
            "module.eks_n_virginia.module.eks.module.eks_managed_node_group.aws_launch_template.this",
            "module.eks_n_virginia.module.eks.module.eks_managed_node_group.data.aws_caller_identity.current",
            "module.eks_n_virginia.module.eks.module.eks_managed_node_group.data.aws_iam_policy_document.assume_role_policy",
            "module.eks_n_virginia.module.eks.module.eks_managed_node_group.data.aws_partition.current",
            "module.eks_n_virginia.module.eks.module.eks_managed_node_group.module.user_data.data.cloudinit_config.linux_eks_managed_node_group",
            "module.eks_n_virginia.module.eks.module.kms.aws_kms_external_key.this",
            "module.eks_n_virginia.module.eks.module.kms.aws_kms_key.this",
            "module.eks_n_virginia.module.eks.module.kms.data.aws_caller_identity.current",
            "module.eks_n_virginia.module.eks.module.kms.data.aws_iam_policy_document.this",
            "module.eks_n_virginia.module.eks.module.kms.data.aws_partition.current",
            "module.eks_n_virginia.module.eks.time_sleep.this",
            "module.eks_n_virginia.module.vpc.aws_subnet.intra",
            "module.eks_n_virginia.module.vpc.aws_subnet.private",
            "module.eks_n_virginia.module.vpc.aws_vpc.this",
            "module.eks_n_virginia.module.vpc.aws_vpc_ipv4_cidr_block_association.this"
          ],
          "create_before_destroy": true
        }
      ]
    },
    {
      "module": "module.eks_n_virginia.module.eks.module.eks_managed_node_group[\"default\"]",
      "mode": "managed",
      "type": "aws_iam_role",
      "name": "this",
      "provider": "provider[\"registry.terraform.io/hashicorp/aws\"].n_virginia",
      "instances": [
        {
          "index_key": 0,
          "schema_version": 0,
          "attributes": {
            "arn": "arn:aws:iam::411623750878:role/crawl-admin-eks-node-group-20240130132546353300000001",
            "assume_role_policy": "{\"Statement\":[{\"Action\":\"sts:AssumeRole\",\"Effect\":\"Allow\",\"Principal\":{\"Service\":\"ec2.amazonaws.com\"},\"Sid\":\"EKSNodeAssumeRole\"}],\"Version\":\"2012-10-17\"}",
            "create_date": "2024-01-30T13:25:45Z",
            "description": "EKS managed node group IAM role",
            "force_detach_policies": true,
            "id": "crawl-admin-eks-node-group-20240130132546353300000001",
            "inline_policy": [],
            "managed_policy_arns": [
              "arn:aws:iam::aws:policy/AmazonEC2ContainerRegistryReadOnly",
              "arn:aws:iam::aws:policy/AmazonEKSWorkerNodePolicy",
              "arn:aws:iam::aws:policy/AmazonEKS_CNI_Policy"
            ],
            "max_session_duration": 3600,
            "name": "crawl-admin-eks-node-group-20240130132546353300000001",
            "name_prefix": "crawl-admin-eks-node-group-",
            "path": "/",
            "permissions_boundary": null,
            "tags": {},
            "tags_all": {},
            "unique_id": "AROAV7VVP7TPF4FXHQ6PF"
          },
          "sensitive_attributes": [],
          "private": "bnVsbA==",
          "dependencies": [
            "module.eks_n_virginia.module.eks.module.eks_managed_node_group.data.aws_iam_policy_document.assume_role_policy",
            "module.eks_n_virginia.module.eks.module.eks_managed_node_group.data.aws_partition.current"
          ],
          "create_before_destroy": true
        }
      ]
    },
    {
      "module": "module.eks_n_virginia.module.eks.module.eks_managed_node_group[\"default\"]",
      "mode": "managed",
      "type": "aws_iam_role_policy_attachment",
      "name": "this",
      "provider": "provider[\"registry.terraform.io/hashicorp/aws\"].n_virginia",
      "instances": [
        {
          "index_key": "arn:aws:iam::aws:policy/AmazonEC2ContainerRegistryReadOnly",
          "schema_version": 0,
          "attributes": {
            "id": "crawl-admin-eks-node-group-20240130132546353300000001-20240130132547557000000003",
            "policy_arn": "arn:aws:iam::aws:policy/AmazonEC2ContainerRegistryReadOnly",
            "role": "crawl-admin-eks-node-group-20240130132546353300000001"
          },
          "sensitive_attributes": [],
          "private": "bnVsbA==",
          "dependencies": [
            "module.eks_n_virginia.module.eks.module.eks_managed_node_group.aws_iam_role.this",
            "module.eks_n_virginia.module.eks.module.eks_managed_node_group.data.aws_caller_identity.current",
            "module.eks_n_virginia.module.eks.module.eks_managed_node_group.data.aws_iam_policy_document.assume_role_policy",
            "module.eks_n_virginia.module.eks.module.eks_managed_node_group.data.aws_partition.current"
          ],
          "create_before_destroy": true
        },
        {
          "index_key": "arn:aws:iam::aws:policy/AmazonEKSWorkerNodePolicy",
          "schema_version": 0,
          "attributes": {
            "id": "crawl-admin-eks-node-group-20240130132546353300000001-20240130132547680900000004",
            "policy_arn": "arn:aws:iam::aws:policy/AmazonEKSWorkerNodePolicy",
            "role": "crawl-admin-eks-node-group-20240130132546353300000001"
          },
          "sensitive_attributes": [],
          "private": "bnVsbA==",
          "dependencies": [
            "module.eks_n_virginia.module.eks.module.eks_managed_node_group.aws_iam_role.this",
            "module.eks_n_virginia.module.eks.module.eks_managed_node_group.data.aws_caller_identity.current",
            "module.eks_n_virginia.module.eks.module.eks_managed_node_group.data.aws_iam_policy_document.assume_role_policy",
            "module.eks_n_virginia.module.eks.module.eks_managed_node_group.data.aws_partition.current"
          ],
          "create_before_destroy": true
        },
        {
          "index_key": "arn:aws:iam::aws:policy/AmazonEKS_CNI_Policy",
          "schema_version": 0,
          "attributes": {
            "id": "crawl-admin-eks-node-group-20240130132546353300000001-20240130132547730000000005",
            "policy_arn": "arn:aws:iam::aws:policy/AmazonEKS_CNI_Policy",
            "role": "crawl-admin-eks-node-group-20240130132546353300000001"
          },
          "sensitive_attributes": [],
          "private": "bnVsbA==",
          "dependencies": [
            "module.eks_n_virginia.module.eks.module.eks_managed_node_group.aws_iam_role.this",
            "module.eks_n_virginia.module.eks.module.eks_managed_node_group.data.aws_caller_identity.current",
            "module.eks_n_virginia.module.eks.module.eks_managed_node_group.data.aws_iam_policy_document.assume_role_policy",
            "module.eks_n_virginia.module.eks.module.eks_managed_node_group.data.aws_partition.current"
          ],
          "create_before_destroy": true
        }
      ]
    },
    {
      "module": "module.eks_n_virginia.module.eks.module.eks_managed_node_group[\"default\"]",
      "mode": "managed",
      "type": "aws_launch_template",
      "name": "this",
      "provider": "provider[\"registry.terraform.io/hashicorp/aws\"].n_virginia",
      "instances": [
        {
          "index_key": 0,
          "schema_version": 0,
          "attributes": {
            "arn": "arn:aws:ec2:us-east-1:411623750878:launch-template/lt-065dcff6029896d03",
            "block_device_mappings": [],
            "capacity_reservation_specification": [],
            "cpu_options": [],
            "credit_specification": [],
            "default_version": 1,
            "description": "Custom launch template for crawl-admin EKS managed node group",
            "disable_api_stop": false,
            "disable_api_termination": false,
            "ebs_optimized": "",
            "elastic_gpu_specifications": [],
            "elastic_inference_accelerator": [],
            "enclave_options": [],
            "hibernation_options": [],
            "iam_instance_profile": [],
            "id": "lt-065dcff6029896d03",
            "image_id": "",
            "instance_initiated_shutdown_behavior": "",
            "instance_market_options": [],
            "instance_requirements": [],
            "instance_type": "",
            "kernel_id": "",
            "key_name": "",
            "latest_version": 1,
            "license_specification": [],
            "maintenance_options": [],
            "metadata_options": [
              {
                "http_endpoint": "enabled",
                "http_protocol_ipv6": "",
                "http_put_response_hop_limit": 2,
                "http_tokens": "required",
                "instance_metadata_tags": ""
              }
            ],
            "monitoring": [
              {
                "enabled": true
              }
            ],
            "name": "default-2024013013380084900000000e",
            "name_prefix": "default-",
            "network_interfaces": [],
            "placement": [],
            "private_dns_name_options": [],
            "ram_disk_id": "",
            "security_group_names": [],
            "tag_specifications": [
              {
                "resource_type": "instance",
                "tags": {
                  "Name": "crawl-admin"
                }
              },
              {
                "resource_type": "network-interface",
                "tags": {
                  "Name": "crawl-admin"
                }
              },
              {
                "resource_type": "volume",
                "tags": {
                  "Name": "crawl-admin"
                }
              }
            ],
            "tags": {},
            "tags_all": {},
            "update_default_version": true,
            "user_data": "",
            "vpc_security_group_ids": [
              "sg-02fb00530a2970eaf"
            ]
          },
          "sensitive_attributes": [],
          "private": "bnVsbA==",
          "dependencies": [
            "module.eks_n_virginia.data.aws_availability_zones.available",
            "module.eks_n_virginia.module.eks.aws_cloudwatch_log_group.this",
            "module.eks_n_virginia.module.eks.aws_eks_cluster.this",
            "module.eks_n_virginia.module.eks.aws_iam_policy.cni_ipv6_policy",
            "module.eks_n_virginia.module.eks.aws_iam_role.this",
            "module.eks_n_virginia.module.eks.aws_iam_role_policy_attachment.this",
            "module.eks_n_virginia.module.eks.aws_security_group.cluster",
            "module.eks_n_virginia.module.eks.aws_security_group.node",
            "module.eks_n_virginia.module.eks.aws_security_group_rule.cluster",
            "module.eks_n_virginia.module.eks.aws_security_group_rule.node",
            "module.eks_n_virginia.module.eks.data.aws_caller_identity.current",
            "module.eks_n_virginia.module.eks.data.aws_iam_policy_document.assume_role_policy",
            "module.eks_n_virginia.module.eks.data.aws_iam_policy_document.cni_ipv6_policy",
            "module.eks_n_virginia.module.eks.data.aws_iam_session_context.current",
            "module.eks_n_virginia.module.eks.data.aws_partition.current",
            "module.eks_n_virginia.module.eks.module.eks_managed_node_group.aws_iam_role.this",
            "module.eks_n_virginia.module.eks.module.eks_managed_node_group.aws_iam_role_policy_attachment.this",
            "module.eks_n_virginia.module.eks.module.eks_managed_node_group.data.aws_caller_identity.current",
            "module.eks_n_virginia.module.eks.module.eks_managed_node_group.data.aws_iam_policy_document.assume_role_policy",
            "module.eks_n_virginia.module.eks.module.eks_managed_node_group.data.aws_partition.current",
            "module.eks_n_virginia.module.eks.module.eks_managed_node_group.module.user_data.data.cloudinit_config.linux_eks_managed_node_group",
            "module.eks_n_virginia.module.eks.module.kms.aws_kms_external_key.this",
            "module.eks_n_virginia.module.eks.module.kms.aws_kms_key.this",
            "module.eks_n_virginia.module.eks.module.kms.data.aws_caller_identity.current",
            "module.eks_n_virginia.module.eks.module.kms.data.aws_iam_policy_document.this",
            "module.eks_n_virginia.module.eks.module.kms.data.aws_partition.current",
            "module.eks_n_virginia.module.eks.time_sleep.this",
            "module.eks_n_virginia.module.vpc.aws_subnet.intra",
            "module.eks_n_virginia.module.vpc.aws_subnet.private",
            "module.eks_n_virginia.module.vpc.aws_vpc.this",
            "module.eks_n_virginia.module.vpc.aws_vpc_ipv4_cidr_block_association.this"
          ],
          "create_before_destroy": true
        }
      ]
    },
    {
      "module": "module.eks_n_virginia.module.eks.module.kms",
      "mode": "data",
      "type": "aws_caller_identity",
      "name": "current",
      "provider": "provider[\"registry.terraform.io/hashicorp/aws\"].n_virginia",
      "instances": [
        {
          "schema_version": 0,
          "attributes": {
            "account_id": "411623750878",
            "arn": "arn:aws:iam::411623750878:user/olexiy",
            "id": "411623750878",
            "user_id": "AIDAV7VVP7TPJ6HRCC3PA"
          },
          "sensitive_attributes": []
        }
      ]
    },
    {
      "module": "module.eks_n_virginia.module.eks.module.kms",
      "mode": "data",
      "type": "aws_iam_policy_document",
      "name": "this",
      "provider": "provider[\"registry.terraform.io/hashicorp/aws\"].n_virginia",
      "instances": [
        {
          "index_key": 0,
          "schema_version": 0,
          "attributes": {
            "id": "508271895",
            "json": "{\n  \"Version\": \"2012-10-17\",\n  \"Statement\": [\n    {\n      \"Sid\": \"KeyAdministration\",\n      \"Effect\": \"Allow\",\n      \"Action\": [\n        \"kms:Update*\",\n        \"kms:UntagResource\",\n        \"kms:TagResource\",\n        \"kms:ScheduleKeyDeletion\",\n        \"kms:Revoke*\",\n        \"kms:Put*\",\n        \"kms:List*\",\n        \"kms:Get*\",\n        \"kms:Enable*\",\n        \"kms:Disable*\",\n        \"kms:Describe*\",\n        \"kms:Delete*\",\n        \"kms:Create*\",\n        \"kms:CancelKeyDeletion\"\n      ],\n      \"Resource\": \"*\",\n      \"Principal\": {\n        \"AWS\": \"arn:aws:iam::411623750878:user/olexiy\"\n      }\n    },\n    {\n      \"Sid\": \"KeyUsage\",\n      \"Effect\": \"Allow\",\n      \"Action\": [\n        \"kms:ReEncrypt*\",\n        \"kms:GenerateDataKey*\",\n        \"kms:Encrypt\",\n        \"kms:DescribeKey\",\n        \"kms:Decrypt\"\n      ],\n      \"Resource\": \"*\",\n      \"Principal\": {\n        \"AWS\": \"arn:aws:iam::411623750878:role/linxact-nv-cluster-20240130132546355000000002\"\n      }\n    }\n  ]\n}",
            "override_policy_documents": null,
            "policy_id": null,
            "source_policy_documents": null,
            "statement": [
              {
                "actions": [
                  "kms:CancelKeyDeletion",
                  "kms:Create*",
                  "kms:Delete*",
                  "kms:Describe*",
                  "kms:Disable*",
                  "kms:Enable*",
                  "kms:Get*",
                  "kms:List*",
                  "kms:Put*",
                  "kms:Revoke*",
                  "kms:ScheduleKeyDeletion",
                  "kms:TagResource",
                  "kms:UntagResource",
                  "kms:Update*"
                ],
                "condition": [],
                "effect": "Allow",
                "not_actions": [],
                "not_principals": [],
                "not_resources": [],
                "principals": [
                  {
                    "identifiers": [
                      "arn:aws:iam::411623750878:user/olexiy"
                    ],
                    "type": "AWS"
                  }
                ],
                "resources": [
                  "*"
                ],
                "sid": "KeyAdministration"
              },
              {
                "actions": [
                  "kms:Decrypt",
                  "kms:DescribeKey",
                  "kms:Encrypt",
                  "kms:GenerateDataKey*",
                  "kms:ReEncrypt*"
                ],
                "condition": [],
                "effect": "Allow",
                "not_actions": [],
                "not_principals": [],
                "not_resources": [],
                "principals": [
                  {
                    "identifiers": [
                      "arn:aws:iam::411623750878:role/linxact-nv-cluster-20240130132546355000000002"
                    ],
                    "type": "AWS"
                  }
                ],
                "resources": [
                  "*"
                ],
                "sid": "KeyUsage"
              }
            ],
            "version": "2012-10-17"
          },
          "sensitive_attributes": []
        }
      ]
    },
    {
      "module": "module.eks_n_virginia.module.eks.module.kms",
      "mode": "data",
      "type": "aws_partition",
      "name": "current",
      "provider": "provider[\"registry.terraform.io/hashicorp/aws\"].n_virginia",
      "instances": [
        {
          "schema_version": 0,
          "attributes": {
            "dns_suffix": "amazonaws.com",
            "id": "aws",
            "partition": "aws",
            "reverse_dns_prefix": "com.amazonaws"
          },
          "sensitive_attributes": []
        }
      ]
    },
    {
      "module": "module.eks_n_virginia.module.eks.module.kms",
      "mode": "managed",
      "type": "aws_kms_alias",
      "name": "this",
      "provider": "provider[\"registry.terraform.io/hashicorp/aws\"].n_virginia",
      "instances": [
        {
          "index_key": "cluster",
          "schema_version": 0,
          "attributes": {
            "arn": "arn:aws:kms:us-east-1:411623750878:alias/eks/linxact-nv",
            "id": "alias/eks/linxact-nv",
            "name": "alias/eks/linxact-nv",
            "name_prefix": "",
            "target_key_arn": "arn:aws:kms:us-east-1:411623750878:key/7d5d7723-ba60-4d11-a0ef-36821e48a0d3",
            "target_key_id": "7d5d7723-ba60-4d11-a0ef-36821e48a0d3"
          },
          "sensitive_attributes": [],
          "private": "bnVsbA==",
          "dependencies": [
            "module.eks_n_virginia.module.eks.aws_iam_role.this",
            "module.eks_n_virginia.module.eks.data.aws_caller_identity.current",
            "module.eks_n_virginia.module.eks.data.aws_iam_policy_document.assume_role_policy",
            "module.eks_n_virginia.module.eks.data.aws_iam_session_context.current",
            "module.eks_n_virginia.module.eks.data.aws_partition.current",
            "module.eks_n_virginia.module.eks.module.kms.aws_kms_external_key.this",
            "module.eks_n_virginia.module.eks.module.kms.aws_kms_key.this",
            "module.eks_n_virginia.module.eks.module.kms.data.aws_caller_identity.current",
            "module.eks_n_virginia.module.eks.module.kms.data.aws_iam_policy_document.this",
            "module.eks_n_virginia.module.eks.module.kms.data.aws_partition.current"
          ]
        }
      ]
    },
    {
      "module": "module.eks_n_virginia.module.eks.module.kms",
      "mode": "managed",
      "type": "aws_kms_key",
      "name": "this",
      "provider": "provider[\"registry.terraform.io/hashicorp/aws\"].n_virginia",
      "instances": [
        {
          "index_key": 0,
          "schema_version": 0,
          "attributes": {
            "arn": "arn:aws:kms:us-east-1:411623750878:key/7d5d7723-ba60-4d11-a0ef-36821e48a0d3",
            "bypass_policy_lockout_safety_check": false,
            "custom_key_store_id": "",
            "customer_master_key_spec": "SYMMETRIC_DEFAULT",
            "deletion_window_in_days": null,
            "description": "linxact-nv cluster encryption key",
            "enable_key_rotation": true,
            "id": "7d5d7723-ba60-4d11-a0ef-36821e48a0d3",
            "is_enabled": true,
            "key_id": "7d5d7723-ba60-4d11-a0ef-36821e48a0d3",
            "key_usage": "ENCRYPT_DECRYPT",
            "multi_region": false,
            "policy": "{\"Statement\":[{\"Action\":[\"kms:Update*\",\"kms:UntagResource\",\"kms:TagResource\",\"kms:ScheduleKeyDeletion\",\"kms:Revoke*\",\"kms:Put*\",\"kms:List*\",\"kms:Get*\",\"kms:Enable*\",\"kms:Disable*\",\"kms:Describe*\",\"kms:Delete*\",\"kms:Create*\",\"kms:CancelKeyDeletion\"],\"Effect\":\"Allow\",\"Principal\":{\"AWS\":\"arn:aws:iam::411623750878:user/olexiy\"},\"Resource\":\"*\",\"Sid\":\"KeyAdministration\"},{\"Action\":[\"kms:ReEncrypt*\",\"kms:GenerateDataKey*\",\"kms:Encrypt\",\"kms:DescribeKey\",\"kms:Decrypt\"],\"Effect\":\"Allow\",\"Principal\":{\"AWS\":\"arn:aws:iam::411623750878:role/linxact-nv-cluster-20240130132546355000000002\"},\"Resource\":\"*\",\"Sid\":\"KeyUsage\"}],\"Version\":\"2012-10-17\"}",
            "tags": {},
            "tags_all": {}
          },
          "sensitive_attributes": [],
          "private": "bnVsbA==",
          "dependencies": [
            "module.eks_n_virginia.module.eks.aws_iam_role.this",
            "module.eks_n_virginia.module.eks.data.aws_caller_identity.current",
            "module.eks_n_virginia.module.eks.data.aws_iam_policy_document.assume_role_policy",
            "module.eks_n_virginia.module.eks.data.aws_iam_session_context.current",
            "module.eks_n_virginia.module.eks.data.aws_partition.current",
            "module.eks_n_virginia.module.eks.module.kms.data.aws_caller_identity.current",
            "module.eks_n_virginia.module.eks.module.kms.data.aws_iam_policy_document.this",
            "module.eks_n_virginia.module.eks.module.kms.data.aws_partition.current"
          ],
          "create_before_destroy": true
        }
      ]
    },
    {
      "module": "module.eks_n_virginia.module.vpc",
      "mode": "managed",
      "type": "aws_default_network_acl",
      "name": "this",
      "provider": "provider[\"registry.terraform.io/hashicorp/aws\"].n_virginia",
      "instances": [
        {
          "index_key": 0,
          "schema_version": 0,
          "attributes": {
            "arn": "arn:aws:ec2:us-east-1:411623750878:network-acl/acl-03a5ba5e30a0d2303",
            "default_network_acl_id": "acl-03a5ba5e30a0d2303",
            "egress": [
              {
                "action": "allow",
                "cidr_block": "",
                "from_port": 0,
                "icmp_code": 0,
                "icmp_type": 0,
                "ipv6_cidr_block": "::/0",
                "protocol": "-1",
                "rule_no": 101,
                "to_port": 0
              },
              {
                "action": "allow",
                "cidr_block": "0.0.0.0/0",
                "from_port": 0,
                "icmp_code": 0,
                "icmp_type": 0,
                "ipv6_cidr_block": "",
                "protocol": "-1",
                "rule_no": 100,
                "to_port": 0
              }
            ],
            "id": "acl-03a5ba5e30a0d2303",
            "ingress": [
              {
                "action": "allow",
                "cidr_block": "",
                "from_port": 0,
                "icmp_code": 0,
                "icmp_type": 0,
                "ipv6_cidr_block": "::/0",
                "protocol": "-1",
                "rule_no": 101,
                "to_port": 0
              },
              {
                "action": "allow",
                "cidr_block": "0.0.0.0/0",
                "from_port": 0,
                "icmp_code": 0,
                "icmp_type": 0,
                "ipv6_cidr_block": "",
                "protocol": "-1",
                "rule_no": 100,
                "to_port": 0
              }
            ],
            "owner_id": "411623750878",
            "subnet_ids": [
              "subnet-005a17d8be9ba93d3",
              "subnet-01a65fa2327b59454",
              "subnet-01cfb7ead0563e7fe",
              "subnet-01eac0c48925101e1",
              "subnet-03193d525b2a298d4",
              "subnet-05c797aec86169a3a",
              "subnet-0803d35357e3dc8ba",
              "subnet-0994cf8b04c652738",
              "subnet-0ea73b38634e40952",
              "subnet-0ef9b7cd7535244df"
            ],
            "tags": {
              "Name": "linxact-vpc-default"
            },
            "tags_all": {
              "Name": "linxact-vpc-default"
            },
            "vpc_id": "vpc-0452655f6b0cc030e"
          },
          "sensitive_attributes": [],
          "private": "bnVsbA==",
          "dependencies": [
            "module.eks_n_virginia.module.vpc.aws_vpc.this"
          ]
        }
      ]
    },
    {
      "module": "module.eks_n_virginia.module.vpc",
      "mode": "managed",
      "type": "aws_default_route_table",
      "name": "default",
      "provider": "provider[\"registry.terraform.io/hashicorp/aws\"].n_virginia",
      "instances": [
        {
          "index_key": 0,
          "schema_version": 0,
          "attributes": {
            "arn": "arn:aws:ec2:us-east-1:411623750878:route-table/rtb-0f1c0b99509633b47",
            "default_route_table_id": "rtb-0f1c0b99509633b47",
            "id": "rtb-0f1c0b99509633b47",
            "owner_id": "411623750878",
            "propagating_vgws": [],
            "route": [],
            "tags": {
              "Name": "linxact-vpc-default"
            },
            "tags_all": {
              "Name": "linxact-vpc-default"
            },
            "timeouts": {
              "create": "5m",
              "update": "5m"
            },
            "vpc_id": "vpc-0452655f6b0cc030e"
          },
          "sensitive_attributes": [],
          "private": "eyJlMmJmYjczMC1lY2FhLTExZTYtOGY4OC0zNDM2M2JjN2M0YzAiOnsiY3JlYXRlIjozMDAwMDAwMDAwMDAsInVwZGF0ZSI6MzAwMDAwMDAwMDAwfX0=",
          "dependencies": [
            "module.eks_n_virginia.module.vpc.aws_vpc.this"
          ]
        }
      ]
    },
    {
      "module": "module.eks_n_virginia.module.vpc",
      "mode": "managed",
      "type": "aws_default_security_group",
      "name": "this",
      "provider": "provider[\"registry.terraform.io/hashicorp/aws\"].n_virginia",
      "instances": [
        {
          "index_key": 0,
          "schema_version": 1,
          "attributes": {
            "arn": "arn:aws:ec2:us-east-1:411623750878:security-group/sg-0e324f85dbededa59",
            "description": "default VPC security group",
            "egress": [],
            "id": "sg-0e324f85dbededa59",
            "ingress": [],
            "name": "default",
            "name_prefix": "",
            "owner_id": "411623750878",
            "revoke_rules_on_delete": false,
            "tags": {
              "Name": "linxact-vpc-default"
            },
            "tags_all": {
              "Name": "linxact-vpc-default"
            },
            "vpc_id": "vpc-0452655f6b0cc030e"
          },
          "sensitive_attributes": [],
          "private": "eyJzY2hlbWFfdmVyc2lvbiI6IjEifQ==",
          "dependencies": [
            "module.eks_n_virginia.module.vpc.aws_vpc.this"
          ]
        }
      ]
    },
    {
      "module": "module.eks_n_virginia.module.vpc",
      "mode": "managed",
      "type": "aws_eip",
      "name": "nat",
      "provider": "provider[\"registry.terraform.io/hashicorp/aws\"].n_virginia",
      "instances": [
        {
          "index_key": 0,
          "schema_version": 0,
          "attributes": {
            "address": null,
            "allocation_id": "eipalloc-023a225b65c03e5b9",
            "associate_with_private_ip": null,
            "association_id": "eipassoc-00ffb1c475a8fa11f",
            "carrier_ip": "",
            "customer_owned_ip": "",
            "customer_owned_ipv4_pool": "",
            "domain": "vpc",
            "id": "eipalloc-023a225b65c03e5b9",
            "instance": "",
            "network_border_group": "us-east-1",
            "network_interface": "eni-0752904a28d6ab143",
            "private_dns": "ip-10-0-5-250.ec2.internal",
            "private_ip": "10.0.5.250",
            "public_dns": "ec2-18-232-255-124.compute-1.amazonaws.com",
            "public_ip": "18.232.255.124",
            "public_ipv4_pool": "amazon",
            "tags": {
              "Name": "linxact-vpc-us-east-1a"
            },
            "tags_all": {
              "Name": "linxact-vpc-us-east-1a"
            },
            "timeouts": null,
            "vpc": true
          },
          "sensitive_attributes": [],
          "private": "eyJlMmJmYjczMC1lY2FhLTExZTYtOGY4OC0zNDM2M2JjN2M0YzAiOnsiZGVsZXRlIjoxODAwMDAwMDAwMDAsInJlYWQiOjkwMDAwMDAwMDAwMCwidXBkYXRlIjozMDAwMDAwMDAwMDB9fQ==",
          "dependencies": [
            "module.eks_n_virginia.data.aws_availability_zones.available",
            "module.eks_n_virginia.module.vpc.aws_internet_gateway.this",
            "module.eks_n_virginia.module.vpc.aws_vpc.this",
            "module.eks_n_virginia.module.vpc.aws_vpc_ipv4_cidr_block_association.this"
          ]
        }
      ]
    },
    {
      "module": "module.eks_n_virginia.module.vpc",
      "mode": "managed",
      "type": "aws_internet_gateway",
      "name": "this",
      "provider": "provider[\"registry.terraform.io/hashicorp/aws\"].n_virginia",
      "instances": [
        {
          "index_key": 0,
          "schema_version": 0,
          "attributes": {
            "arn": "arn:aws:ec2:us-east-1:411623750878:internet-gateway/igw-09427942ffc8190a2",
            "id": "igw-09427942ffc8190a2",
            "owner_id": "411623750878",
            "tags": {
              "Name": "linxact-vpc"
            },
            "tags_all": {
              "Name": "linxact-vpc"
            },
            "timeouts": null,
            "vpc_id": "vpc-0452655f6b0cc030e"
          },
          "sensitive_attributes": [],
          "private": "eyJlMmJmYjczMC1lY2FhLTExZTYtOGY4OC0zNDM2M2JjN2M0YzAiOnsiY3JlYXRlIjoxMjAwMDAwMDAwMDAwLCJkZWxldGUiOjEyMDAwMDAwMDAwMDAsInVwZGF0ZSI6MTIwMDAwMDAwMDAwMH19",
          "dependencies": [
            "module.eks_n_virginia.module.vpc.aws_vpc.this",
            "module.eks_n_virginia.module.vpc.aws_vpc_ipv4_cidr_block_association.this"
          ]
        }
      ]
    },
    {
      "module": "module.eks_n_virginia.module.vpc",
      "mode": "managed",
      "type": "aws_nat_gateway",
      "name": "this",
      "provider": "provider[\"registry.terraform.io/hashicorp/aws\"].n_virginia",
      "instances": [
        {
          "index_key": 0,
          "schema_version": 0,
          "attributes": {
            "allocation_id": "eipalloc-023a225b65c03e5b9",
            "association_id": "eipassoc-00ffb1c475a8fa11f",
            "connectivity_type": "public",
            "id": "nat-0126c0ed32c39531e",
            "network_interface_id": "eni-0752904a28d6ab143",
            "private_ip": "10.0.5.250",
            "public_ip": "18.232.255.124",
            "subnet_id": "subnet-0803d35357e3dc8ba",
            "tags": {
              "Name": "linxact-vpc-us-east-1a"
            },
            "tags_all": {
              "Name": "linxact-vpc-us-east-1a"
            }
          },
          "sensitive_attributes": [],
          "private": "bnVsbA==",
          "dependencies": [
            "module.eks_n_virginia.data.aws_availability_zones.available",
            "module.eks_n_virginia.module.vpc.aws_eip.nat",
            "module.eks_n_virginia.module.vpc.aws_internet_gateway.this",
            "module.eks_n_virginia.module.vpc.aws_subnet.public",
            "module.eks_n_virginia.module.vpc.aws_vpc.this",
            "module.eks_n_virginia.module.vpc.aws_vpc_ipv4_cidr_block_association.this"
          ]
        }
      ]
    },
    {
      "module": "module.eks_n_virginia.module.vpc",
      "mode": "managed",
      "type": "aws_route",
      "name": "private_nat_gateway",
      "provider": "provider[\"registry.terraform.io/hashicorp/aws\"].n_virginia",
      "instances": [
        {
          "index_key": 0,
          "schema_version": 0,
          "attributes": {
            "carrier_gateway_id": "",
            "core_network_arn": "",
            "destination_cidr_block": "0.0.0.0/0",
            "destination_ipv6_cidr_block": "",
            "destination_prefix_list_id": "",
            "egress_only_gateway_id": "",
            "gateway_id": "",
            "id": "r-rtb-02db7629478f7326b1080289494",
            "instance_id": "",
            "instance_owner_id": "",
            "local_gateway_id": "",
            "nat_gateway_id": "nat-0126c0ed32c39531e",
            "network_interface_id": "",
            "origin": "CreateRoute",
            "route_table_id": "rtb-02db7629478f7326b",
            "state": "active",
            "timeouts": {
              "create": "5m",
              "delete": null,
              "update": null
            },
            "transit_gateway_id": "",
            "vpc_endpoint_id": "",
            "vpc_peering_connection_id": ""
          },
          "sensitive_attributes": [],
          "private": "eyJlMmJmYjczMC1lY2FhLTExZTYtOGY4OC0zNDM2M2JjN2M0YzAiOnsiY3JlYXRlIjozMDAwMDAwMDAwMDAsImRlbGV0ZSI6MzAwMDAwMDAwMDAwLCJ1cGRhdGUiOjEyMDAwMDAwMDAwMH19",
          "dependencies": [
            "module.eks_n_virginia.data.aws_availability_zones.available",
            "module.eks_n_virginia.module.vpc.aws_eip.nat",
            "module.eks_n_virginia.module.vpc.aws_internet_gateway.this",
            "module.eks_n_virginia.module.vpc.aws_nat_gateway.this",
            "module.eks_n_virginia.module.vpc.aws_route_table.private",
            "module.eks_n_virginia.module.vpc.aws_subnet.public",
            "module.eks_n_virginia.module.vpc.aws_vpc.this",
            "module.eks_n_virginia.module.vpc.aws_vpc_ipv4_cidr_block_association.this"
          ]
        }
      ]
    },
    {
      "module": "module.eks_n_virginia.module.vpc",
      "mode": "managed",
      "type": "aws_route",
      "name": "public_internet_gateway",
      "provider": "provider[\"registry.terraform.io/hashicorp/aws\"].n_virginia",
      "instances": [
        {
          "index_key": 0,
          "schema_version": 0,
          "attributes": {
            "carrier_gateway_id": "",
            "core_network_arn": "",
            "destination_cidr_block": "0.0.0.0/0",
            "destination_ipv6_cidr_block": "",
            "destination_prefix_list_id": "",
            "egress_only_gateway_id": "",
            "gateway_id": "igw-09427942ffc8190a2",
            "id": "r-rtb-079d02b58aa32a6b81080289494",
            "instance_id": "",
            "instance_owner_id": "",
            "local_gateway_id": "",
            "nat_gateway_id": "",
            "network_interface_id": "",
            "origin": "CreateRoute",
            "route_table_id": "rtb-079d02b58aa32a6b8",
            "state": "active",
            "timeouts": {
              "create": "5m",
              "delete": null,
              "update": null
            },
            "transit_gateway_id": "",
            "vpc_endpoint_id": "",
            "vpc_peering_connection_id": ""
          },
          "sensitive_attributes": [],
          "private": "eyJlMmJmYjczMC1lY2FhLTExZTYtOGY4OC0zNDM2M2JjN2M0YzAiOnsiY3JlYXRlIjozMDAwMDAwMDAwMDAsImRlbGV0ZSI6MzAwMDAwMDAwMDAwLCJ1cGRhdGUiOjEyMDAwMDAwMDAwMH19",
          "dependencies": [
            "module.eks_n_virginia.module.vpc.aws_internet_gateway.this",
            "module.eks_n_virginia.module.vpc.aws_route_table.public",
            "module.eks_n_virginia.module.vpc.aws_vpc.this",
            "module.eks_n_virginia.module.vpc.aws_vpc_ipv4_cidr_block_association.this"
          ]
        }
      ]
    },
    {
      "module": "module.eks_n_virginia.module.vpc",
      "mode": "managed",
      "type": "aws_route_table",
      "name": "private",
      "provider": "provider[\"registry.terraform.io/hashicorp/aws\"].n_virginia",
      "instances": [
        {
          "index_key": 0,
          "schema_version": 0,
          "attributes": {
            "arn": "arn:aws:ec2:us-east-1:411623750878:route-table/rtb-02db7629478f7326b",
            "id": "rtb-02db7629478f7326b",
            "owner_id": "411623750878",
            "propagating_vgws": [],
            "route": [
              {
                "carrier_gateway_id": "",
                "cidr_block": "0.0.0.0/0",
                "core_network_arn": "",
                "destination_prefix_list_id": "",
                "egress_only_gateway_id": "",
                "gateway_id": "",
                "ipv6_cidr_block": "",
                "local_gateway_id": "",
                "nat_gateway_id": "nat-0126c0ed32c39531e",
                "network_interface_id": "",
                "transit_gateway_id": "",
                "vpc_endpoint_id": "",
                "vpc_peering_connection_id": ""
              }
            ],
            "tags": {
              "Name": "linxact-vpc-private"
            },
            "tags_all": {
              "Name": "linxact-vpc-private"
            },
            "timeouts": null,
            "vpc_id": "vpc-0452655f6b0cc030e"
          },
          "sensitive_attributes": [],
          "private": "eyJlMmJmYjczMC1lY2FhLTExZTYtOGY4OC0zNDM2M2JjN2M0YzAiOnsiY3JlYXRlIjozMDAwMDAwMDAwMDAsImRlbGV0ZSI6MzAwMDAwMDAwMDAwLCJ1cGRhdGUiOjEyMDAwMDAwMDAwMH19",
          "dependencies": [
            "module.eks_n_virginia.data.aws_availability_zones.available",
            "module.eks_n_virginia.module.vpc.aws_vpc.this",
            "module.eks_n_virginia.module.vpc.aws_vpc_ipv4_cidr_block_association.this"
          ]
        }
      ]
    },
    {
      "module": "module.eks_n_virginia.module.vpc",
      "mode": "managed",
      "type": "aws_route_table",
      "name": "public",
      "provider": "provider[\"registry.terraform.io/hashicorp/aws\"].n_virginia",
      "instances": [
        {
          "index_key": 0,
          "schema_version": 0,
          "attributes": {
            "arn": "arn:aws:ec2:us-east-1:411623750878:route-table/rtb-079d02b58aa32a6b8",
            "id": "rtb-079d02b58aa32a6b8",
            "owner_id": "411623750878",
            "propagating_vgws": [],
            "route": [
              {
                "carrier_gateway_id": "",
                "cidr_block": "0.0.0.0/0",
                "core_network_arn": "",
                "destination_prefix_list_id": "",
                "egress_only_gateway_id": "",
                "gateway_id": "igw-09427942ffc8190a2",
                "ipv6_cidr_block": "",
                "local_gateway_id": "",
                "nat_gateway_id": "",
                "network_interface_id": "",
                "transit_gateway_id": "",
                "vpc_endpoint_id": "",
                "vpc_peering_connection_id": ""
              }
            ],
            "tags": {
              "Name": "linxact-vpc-public"
            },
            "tags_all": {
              "Name": "linxact-vpc-public"
            },
            "timeouts": null,
            "vpc_id": "vpc-0452655f6b0cc030e"
          },
          "sensitive_attributes": [],
          "private": "eyJlMmJmYjczMC1lY2FhLTExZTYtOGY4OC0zNDM2M2JjN2M0YzAiOnsiY3JlYXRlIjozMDAwMDAwMDAwMDAsImRlbGV0ZSI6MzAwMDAwMDAwMDAwLCJ1cGRhdGUiOjEyMDAwMDAwMDAwMH19",
          "dependencies": [
            "module.eks_n_virginia.module.vpc.aws_vpc.this",
            "module.eks_n_virginia.module.vpc.aws_vpc_ipv4_cidr_block_association.this"
          ]
        }
      ]
    },
    {
      "module": "module.eks_n_virginia.module.vpc",
      "mode": "managed",
      "type": "aws_route_table_association",
      "name": "private",
      "provider": "provider[\"registry.terraform.io/hashicorp/aws\"].n_virginia",
      "instances": [
        {
          "index_key": 0,
          "schema_version": 0,
          "attributes": {
            "gateway_id": "",
            "id": "rtbassoc-028970bc3fe56b0bb",
            "route_table_id": "rtb-02db7629478f7326b",
            "subnet_id": "subnet-01a65fa2327b59454",
            "timeouts": null
          },
          "sensitive_attributes": [],
          "private": "eyJlMmJmYjczMC1lY2FhLTExZTYtOGY4OC0zNDM2M2JjN2M0YzAiOnsiY3JlYXRlIjozMDAwMDAwMDAwMDAsImRlbGV0ZSI6MzAwMDAwMDAwMDAwLCJ1cGRhdGUiOjEyMDAwMDAwMDAwMH19",
          "dependencies": [
            "module.eks_n_virginia.data.aws_availability_zones.available",
            "module.eks_n_virginia.module.vpc.aws_route_table.private",
            "module.eks_n_virginia.module.vpc.aws_subnet.private",
            "module.eks_n_virginia.module.vpc.aws_vpc.this",
            "module.eks_n_virginia.module.vpc.aws_vpc_ipv4_cidr_block_association.this"
          ]
        },
        {
          "index_key": 1,
          "schema_version": 0,
          "attributes": {
            "gateway_id": "",
            "id": "rtbassoc-08bc09e869c1a6c68",
            "route_table_id": "rtb-02db7629478f7326b",
            "subnet_id": "subnet-01eac0c48925101e1",
            "timeouts": null
          },
          "sensitive_attributes": [],
          "private": "eyJlMmJmYjczMC1lY2FhLTExZTYtOGY4OC0zNDM2M2JjN2M0YzAiOnsiY3JlYXRlIjozMDAwMDAwMDAwMDAsImRlbGV0ZSI6MzAwMDAwMDAwMDAwLCJ1cGRhdGUiOjEyMDAwMDAwMDAwMH19",
          "dependencies": [
            "module.eks_n_virginia.data.aws_availability_zones.available",
            "module.eks_n_virginia.module.vpc.aws_route_table.private",
            "module.eks_n_virginia.module.vpc.aws_subnet.private",
            "module.eks_n_virginia.module.vpc.aws_vpc.this",
            "module.eks_n_virginia.module.vpc.aws_vpc_ipv4_cidr_block_association.this"
          ]
        },
        {
          "index_key": 2,
          "schema_version": 0,
          "attributes": {
            "gateway_id": "",
            "id": "rtbassoc-03f66f4d78a7bebb0",
            "route_table_id": "rtb-02db7629478f7326b",
            "subnet_id": "subnet-01cfb7ead0563e7fe",
            "timeouts": null
          },
          "sensitive_attributes": [],
          "private": "eyJlMmJmYjczMC1lY2FhLTExZTYtOGY4OC0zNDM2M2JjN2M0YzAiOnsiY3JlYXRlIjozMDAwMDAwMDAwMDAsImRlbGV0ZSI6MzAwMDAwMDAwMDAwLCJ1cGRhdGUiOjEyMDAwMDAwMDAwMH19",
          "dependencies": [
            "module.eks_n_virginia.data.aws_availability_zones.available",
            "module.eks_n_virginia.module.vpc.aws_route_table.private",
            "module.eks_n_virginia.module.vpc.aws_subnet.private",
            "module.eks_n_virginia.module.vpc.aws_vpc.this",
            "module.eks_n_virginia.module.vpc.aws_vpc_ipv4_cidr_block_association.this"
          ]
        },
        {
          "index_key": 3,
          "schema_version": 0,
          "attributes": {
            "gateway_id": "",
            "id": "rtbassoc-0ecfd9aabda6ba784",
            "route_table_id": "rtb-02db7629478f7326b",
            "subnet_id": "subnet-05c797aec86169a3a",
            "timeouts": null
          },
          "sensitive_attributes": [],
          "private": "eyJlMmJmYjczMC1lY2FhLTExZTYtOGY4OC0zNDM2M2JjN2M0YzAiOnsiY3JlYXRlIjozMDAwMDAwMDAwMDAsImRlbGV0ZSI6MzAwMDAwMDAwMDAwLCJ1cGRhdGUiOjEyMDAwMDAwMDAwMH19",
          "dependencies": [
            "module.eks_n_virginia.data.aws_availability_zones.available",
            "module.eks_n_virginia.module.vpc.aws_route_table.private",
            "module.eks_n_virginia.module.vpc.aws_subnet.private",
            "module.eks_n_virginia.module.vpc.aws_vpc.this",
            "module.eks_n_virginia.module.vpc.aws_vpc_ipv4_cidr_block_association.this"
          ]
        },
        {
          "index_key": 4,
          "schema_version": 0,
          "attributes": {
            "gateway_id": "",
            "id": "rtbassoc-05805ca2c9e11a5dd",
            "route_table_id": "rtb-02db7629478f7326b",
            "subnet_id": "subnet-0ef9b7cd7535244df",
            "timeouts": null
          },
          "sensitive_attributes": [],
          "private": "eyJlMmJmYjczMC1lY2FhLTExZTYtOGY4OC0zNDM2M2JjN2M0YzAiOnsiY3JlYXRlIjozMDAwMDAwMDAwMDAsImRlbGV0ZSI6MzAwMDAwMDAwMDAwLCJ1cGRhdGUiOjEyMDAwMDAwMDAwMH19",
          "dependencies": [
            "module.eks_n_virginia.data.aws_availability_zones.available",
            "module.eks_n_virginia.module.vpc.aws_route_table.private",
            "module.eks_n_virginia.module.vpc.aws_subnet.private",
            "module.eks_n_virginia.module.vpc.aws_vpc.this",
            "module.eks_n_virginia.module.vpc.aws_vpc_ipv4_cidr_block_association.this"
          ]
        }
      ]
    },
    {
      "module": "module.eks_n_virginia.module.vpc",
      "mode": "managed",
      "type": "aws_route_table_association",
      "name": "public",
      "provider": "provider[\"registry.terraform.io/hashicorp/aws\"].n_virginia",
      "instances": [
        {
          "index_key": 0,
          "schema_version": 0,
          "attributes": {
            "gateway_id": "",
            "id": "rtbassoc-06ac53360d9be8e5d",
            "route_table_id": "rtb-079d02b58aa32a6b8",
            "subnet_id": "subnet-0803d35357e3dc8ba",
            "timeouts": null
          },
          "sensitive_attributes": [],
          "private": "eyJlMmJmYjczMC1lY2FhLTExZTYtOGY4OC0zNDM2M2JjN2M0YzAiOnsiY3JlYXRlIjozMDAwMDAwMDAwMDAsImRlbGV0ZSI6MzAwMDAwMDAwMDAwLCJ1cGRhdGUiOjEyMDAwMDAwMDAwMH19",
          "dependencies": [
            "module.eks_n_virginia.data.aws_availability_zones.available",
            "module.eks_n_virginia.module.vpc.aws_route_table.public",
            "module.eks_n_virginia.module.vpc.aws_subnet.public",
            "module.eks_n_virginia.module.vpc.aws_vpc.this",
            "module.eks_n_virginia.module.vpc.aws_vpc_ipv4_cidr_block_association.this"
          ]
        },
        {
          "index_key": 1,
          "schema_version": 0,
          "attributes": {
            "gateway_id": "",
            "id": "rtbassoc-0daf46921b9ca8aab",
            "route_table_id": "rtb-079d02b58aa32a6b8",
            "subnet_id": "subnet-0994cf8b04c652738",
            "timeouts": null
          },
          "sensitive_attributes": [],
          "private": "eyJlMmJmYjczMC1lY2FhLTExZTYtOGY4OC0zNDM2M2JjN2M0YzAiOnsiY3JlYXRlIjozMDAwMDAwMDAwMDAsImRlbGV0ZSI6MzAwMDAwMDAwMDAwLCJ1cGRhdGUiOjEyMDAwMDAwMDAwMH19",
          "dependencies": [
            "module.eks_n_virginia.data.aws_availability_zones.available",
            "module.eks_n_virginia.module.vpc.aws_route_table.public",
            "module.eks_n_virginia.module.vpc.aws_subnet.public",
            "module.eks_n_virginia.module.vpc.aws_vpc.this",
            "module.eks_n_virginia.module.vpc.aws_vpc_ipv4_cidr_block_association.this"
          ]
        },
        {
          "index_key": 2,
          "schema_version": 0,
          "attributes": {
            "gateway_id": "",
            "id": "rtbassoc-03c79b803c03a02ca",
            "route_table_id": "rtb-079d02b58aa32a6b8",
            "subnet_id": "subnet-0ea73b38634e40952",
            "timeouts": null
          },
          "sensitive_attributes": [],
          "private": "eyJlMmJmYjczMC1lY2FhLTExZTYtOGY4OC0zNDM2M2JjN2M0YzAiOnsiY3JlYXRlIjozMDAwMDAwMDAwMDAsImRlbGV0ZSI6MzAwMDAwMDAwMDAwLCJ1cGRhdGUiOjEyMDAwMDAwMDAwMH19",
          "dependencies": [
            "module.eks_n_virginia.data.aws_availability_zones.available",
            "module.eks_n_virginia.module.vpc.aws_route_table.public",
            "module.eks_n_virginia.module.vpc.aws_subnet.public",
            "module.eks_n_virginia.module.vpc.aws_vpc.this",
            "module.eks_n_virginia.module.vpc.aws_vpc_ipv4_cidr_block_association.this"
          ]
        },
        {
          "index_key": 3,
          "schema_version": 0,
          "attributes": {
            "gateway_id": "",
            "id": "rtbassoc-00041a52f562370b7",
            "route_table_id": "rtb-079d02b58aa32a6b8",
            "subnet_id": "subnet-03193d525b2a298d4",
            "timeouts": null
          },
          "sensitive_attributes": [],
          "private": "eyJlMmJmYjczMC1lY2FhLTExZTYtOGY4OC0zNDM2M2JjN2M0YzAiOnsiY3JlYXRlIjozMDAwMDAwMDAwMDAsImRlbGV0ZSI6MzAwMDAwMDAwMDAwLCJ1cGRhdGUiOjEyMDAwMDAwMDAwMH19",
          "dependencies": [
            "module.eks_n_virginia.data.aws_availability_zones.available",
            "module.eks_n_virginia.module.vpc.aws_route_table.public",
            "module.eks_n_virginia.module.vpc.aws_subnet.public",
            "module.eks_n_virginia.module.vpc.aws_vpc.this",
            "module.eks_n_virginia.module.vpc.aws_vpc_ipv4_cidr_block_association.this"
          ]
        },
        {
          "index_key": 4,
          "schema_version": 0,
          "attributes": {
            "gateway_id": "",
            "id": "rtbassoc-01f18ef2aa8267c35",
            "route_table_id": "rtb-079d02b58aa32a6b8",
            "subnet_id": "subnet-005a17d8be9ba93d3",
            "timeouts": null
          },
          "sensitive_attributes": [],
          "private": "eyJlMmJmYjczMC1lY2FhLTExZTYtOGY4OC0zNDM2M2JjN2M0YzAiOnsiY3JlYXRlIjozMDAwMDAwMDAwMDAsImRlbGV0ZSI6MzAwMDAwMDAwMDAwLCJ1cGRhdGUiOjEyMDAwMDAwMDAwMH19",
          "dependencies": [
            "module.eks_n_virginia.data.aws_availability_zones.available",
            "module.eks_n_virginia.module.vpc.aws_route_table.public",
            "module.eks_n_virginia.module.vpc.aws_subnet.public",
            "module.eks_n_virginia.module.vpc.aws_vpc.this",
            "module.eks_n_virginia.module.vpc.aws_vpc_ipv4_cidr_block_association.this"
          ]
        }
      ]
    },
    {
      "module": "module.eks_n_virginia.module.vpc",
      "mode": "managed",
      "type": "aws_subnet",
      "name": "private",
      "provider": "provider[\"registry.terraform.io/hashicorp/aws\"].n_virginia",
      "instances": [
        {
          "index_key": 0,
          "schema_version": 1,
          "attributes": {
            "arn": "arn:aws:ec2:us-east-1:411623750878:subnet/subnet-01a65fa2327b59454",
            "assign_ipv6_address_on_creation": false,
            "availability_zone": "us-east-1a",
            "availability_zone_id": "use1-az4",
            "cidr_block": "10.0.0.0/24",
            "customer_owned_ipv4_pool": "",
            "enable_dns64": false,
            "enable_lni_at_device_index": 0,
            "enable_resource_name_dns_a_record_on_launch": false,
            "enable_resource_name_dns_aaaa_record_on_launch": false,
            "id": "subnet-01a65fa2327b59454",
            "ipv6_cidr_block": "",
            "ipv6_cidr_block_association_id": "",
            "ipv6_native": false,
            "map_customer_owned_ip_on_launch": false,
            "map_public_ip_on_launch": false,
            "outpost_arn": "",
            "owner_id": "411623750878",
            "private_dns_hostname_type_on_launch": "ip-name",
            "tags": {
              "Name": "linxact-vpc-private-us-east-1a",
              "karpenter.sh/discovery": "linxact-nv",
              "kubernetes.io/cluster/linxact-nv": "shared",
              "kubernetes.io/role/internal-elb": "1"
            },
            "tags_all": {
              "Name": "linxact-vpc-private-us-east-1a",
              "karpenter.sh/discovery": "linxact-nv",
              "kubernetes.io/cluster/linxact-nv": "shared",
              "kubernetes.io/role/internal-elb": "1"
            },
            "timeouts": null,
            "vpc_id": "vpc-0452655f6b0cc030e"
          },
          "sensitive_attributes": [],
          "private": "eyJlMmJmYjczMC1lY2FhLTExZTYtOGY4OC0zNDM2M2JjN2M0YzAiOnsiY3JlYXRlIjo2MDAwMDAwMDAwMDAsImRlbGV0ZSI6MTIwMDAwMDAwMDAwMH0sInNjaGVtYV92ZXJzaW9uIjoiMSJ9",
          "dependencies": [
            "module.eks_n_virginia.data.aws_availability_zones.available",
            "module.eks_n_virginia.module.vpc.aws_vpc.this",
            "module.eks_n_virginia.module.vpc.aws_vpc_ipv4_cidr_block_association.this"
          ],
          "create_before_destroy": true
        },
        {
          "index_key": 1,
          "schema_version": 1,
          "attributes": {
            "arn": "arn:aws:ec2:us-east-1:411623750878:subnet/subnet-01eac0c48925101e1",
            "assign_ipv6_address_on_creation": false,
            "availability_zone": "us-east-1b",
            "availability_zone_id": "use1-az6",
            "cidr_block": "10.0.1.0/24",
            "customer_owned_ipv4_pool": "",
            "enable_dns64": false,
            "enable_lni_at_device_index": 0,
            "enable_resource_name_dns_a_record_on_launch": false,
            "enable_resource_name_dns_aaaa_record_on_launch": false,
            "id": "subnet-01eac0c48925101e1",
            "ipv6_cidr_block": "",
            "ipv6_cidr_block_association_id": "",
            "ipv6_native": false,
            "map_customer_owned_ip_on_launch": false,
            "map_public_ip_on_launch": false,
            "outpost_arn": "",
            "owner_id": "411623750878",
            "private_dns_hostname_type_on_launch": "ip-name",
            "tags": {
              "Name": "linxact-vpc-private-us-east-1b",
              "karpenter.sh/discovery": "linxact-nv",
              "kubernetes.io/cluster/linxact-nv": "shared",
              "kubernetes.io/role/internal-elb": "1"
            },
            "tags_all": {
              "Name": "linxact-vpc-private-us-east-1b",
              "karpenter.sh/discovery": "linxact-nv",
              "kubernetes.io/cluster/linxact-nv": "shared",
              "kubernetes.io/role/internal-elb": "1"
            },
            "timeouts": null,
            "vpc_id": "vpc-0452655f6b0cc030e"
          },
          "sensitive_attributes": [],
          "private": "eyJlMmJmYjczMC1lY2FhLTExZTYtOGY4OC0zNDM2M2JjN2M0YzAiOnsiY3JlYXRlIjo2MDAwMDAwMDAwMDAsImRlbGV0ZSI6MTIwMDAwMDAwMDAwMH0sInNjaGVtYV92ZXJzaW9uIjoiMSJ9",
          "dependencies": [
            "module.eks_n_virginia.data.aws_availability_zones.available",
            "module.eks_n_virginia.module.vpc.aws_vpc.this",
            "module.eks_n_virginia.module.vpc.aws_vpc_ipv4_cidr_block_association.this"
          ],
          "create_before_destroy": true
        },
        {
          "index_key": 2,
          "schema_version": 1,
          "attributes": {
            "arn": "arn:aws:ec2:us-east-1:411623750878:subnet/subnet-01cfb7ead0563e7fe",
            "assign_ipv6_address_on_creation": false,
            "availability_zone": "us-east-1c",
            "availability_zone_id": "use1-az1",
            "cidr_block": "10.0.2.0/24",
            "customer_owned_ipv4_pool": "",
            "enable_dns64": false,
            "enable_lni_at_device_index": 0,
            "enable_resource_name_dns_a_record_on_launch": false,
            "enable_resource_name_dns_aaaa_record_on_launch": false,
            "id": "subnet-01cfb7ead0563e7fe",
            "ipv6_cidr_block": "",
            "ipv6_cidr_block_association_id": "",
            "ipv6_native": false,
            "map_customer_owned_ip_on_launch": false,
            "map_public_ip_on_launch": false,
            "outpost_arn": "",
            "owner_id": "411623750878",
            "private_dns_hostname_type_on_launch": "ip-name",
            "tags": {
              "Name": "linxact-vpc-private-us-east-1c",
              "karpenter.sh/discovery": "linxact-nv",
              "kubernetes.io/cluster/linxact-nv": "shared",
              "kubernetes.io/role/internal-elb": "1"
            },
            "tags_all": {
              "Name": "linxact-vpc-private-us-east-1c",
              "karpenter.sh/discovery": "linxact-nv",
              "kubernetes.io/cluster/linxact-nv": "shared",
              "kubernetes.io/role/internal-elb": "1"
            },
            "timeouts": null,
            "vpc_id": "vpc-0452655f6b0cc030e"
          },
          "sensitive_attributes": [],
          "private": "eyJlMmJmYjczMC1lY2FhLTExZTYtOGY4OC0zNDM2M2JjN2M0YzAiOnsiY3JlYXRlIjo2MDAwMDAwMDAwMDAsImRlbGV0ZSI6MTIwMDAwMDAwMDAwMH0sInNjaGVtYV92ZXJzaW9uIjoiMSJ9",
          "dependencies": [
            "module.eks_n_virginia.data.aws_availability_zones.available",
            "module.eks_n_virginia.module.vpc.aws_vpc.this",
            "module.eks_n_virginia.module.vpc.aws_vpc_ipv4_cidr_block_association.this"
          ],
          "create_before_destroy": true
        },
        {
          "index_key": 3,
          "schema_version": 1,
          "attributes": {
            "arn": "arn:aws:ec2:us-east-1:411623750878:subnet/subnet-05c797aec86169a3a",
            "assign_ipv6_address_on_creation": false,
            "availability_zone": "us-east-1d",
            "availability_zone_id": "use1-az2",
            "cidr_block": "10.0.3.0/24",
            "customer_owned_ipv4_pool": "",
            "enable_dns64": false,
            "enable_lni_at_device_index": 0,
            "enable_resource_name_dns_a_record_on_launch": false,
            "enable_resource_name_dns_aaaa_record_on_launch": false,
            "id": "subnet-05c797aec86169a3a",
            "ipv6_cidr_block": "",
            "ipv6_cidr_block_association_id": "",
            "ipv6_native": false,
            "map_customer_owned_ip_on_launch": false,
            "map_public_ip_on_launch": false,
            "outpost_arn": "",
            "owner_id": "411623750878",
            "private_dns_hostname_type_on_launch": "ip-name",
            "tags": {
              "Name": "linxact-vpc-private-us-east-1d",
              "karpenter.sh/discovery": "linxact-nv",
              "kubernetes.io/cluster/linxact-nv": "shared",
              "kubernetes.io/role/internal-elb": "1"
            },
            "tags_all": {
              "Name": "linxact-vpc-private-us-east-1d",
              "karpenter.sh/discovery": "linxact-nv",
              "kubernetes.io/cluster/linxact-nv": "shared",
              "kubernetes.io/role/internal-elb": "1"
            },
            "timeouts": null,
            "vpc_id": "vpc-0452655f6b0cc030e"
          },
          "sensitive_attributes": [],
          "private": "eyJlMmJmYjczMC1lY2FhLTExZTYtOGY4OC0zNDM2M2JjN2M0YzAiOnsiY3JlYXRlIjo2MDAwMDAwMDAwMDAsImRlbGV0ZSI6MTIwMDAwMDAwMDAwMH0sInNjaGVtYV92ZXJzaW9uIjoiMSJ9",
          "dependencies": [
            "module.eks_n_virginia.data.aws_availability_zones.available",
            "module.eks_n_virginia.module.vpc.aws_vpc.this",
            "module.eks_n_virginia.module.vpc.aws_vpc_ipv4_cidr_block_association.this"
          ],
          "create_before_destroy": true
        },
        {
          "index_key": 4,
          "schema_version": 1,
          "attributes": {
            "arn": "arn:aws:ec2:us-east-1:411623750878:subnet/subnet-0ef9b7cd7535244df",
            "assign_ipv6_address_on_creation": false,
            "availability_zone": "us-east-1a",
            "availability_zone_id": "use1-az4",
            "cidr_block": "10.0.4.0/24",
            "customer_owned_ipv4_pool": "",
            "enable_dns64": false,
            "enable_lni_at_device_index": 0,
            "enable_resource_name_dns_a_record_on_launch": false,
            "enable_resource_name_dns_aaaa_record_on_launch": false,
            "id": "subnet-0ef9b7cd7535244df",
            "ipv6_cidr_block": "",
            "ipv6_cidr_block_association_id": "",
            "ipv6_native": false,
            "map_customer_owned_ip_on_launch": false,
            "map_public_ip_on_launch": false,
            "outpost_arn": "",
            "owner_id": "411623750878",
            "private_dns_hostname_type_on_launch": "ip-name",
            "tags": {
              "Name": "linxact-vpc-private-us-east-1a",
              "karpenter.sh/discovery": "linxact-nv",
              "kubernetes.io/cluster/linxact-nv": "shared",
              "kubernetes.io/role/internal-elb": "1"
            },
            "tags_all": {
              "Name": "linxact-vpc-private-us-east-1a",
              "karpenter.sh/discovery": "linxact-nv",
              "kubernetes.io/cluster/linxact-nv": "shared",
              "kubernetes.io/role/internal-elb": "1"
            },
            "timeouts": null,
            "vpc_id": "vpc-0452655f6b0cc030e"
          },
          "sensitive_attributes": [],
          "private": "eyJlMmJmYjczMC1lY2FhLTExZTYtOGY4OC0zNDM2M2JjN2M0YzAiOnsiY3JlYXRlIjo2MDAwMDAwMDAwMDAsImRlbGV0ZSI6MTIwMDAwMDAwMDAwMH0sInNjaGVtYV92ZXJzaW9uIjoiMSJ9",
          "dependencies": [
            "module.eks_n_virginia.data.aws_availability_zones.available",
            "module.eks_n_virginia.module.vpc.aws_vpc.this",
            "module.eks_n_virginia.module.vpc.aws_vpc_ipv4_cidr_block_association.this"
          ],
          "create_before_destroy": true
        }
      ]
    },
    {
      "module": "module.eks_n_virginia.module.vpc",
      "mode": "managed",
      "type": "aws_subnet",
      "name": "public",
      "provider": "provider[\"registry.terraform.io/hashicorp/aws\"].n_virginia",
      "instances": [
        {
          "index_key": 0,
          "schema_version": 1,
          "attributes": {
            "arn": "arn:aws:ec2:us-east-1:411623750878:subnet/subnet-0803d35357e3dc8ba",
            "assign_ipv6_address_on_creation": false,
            "availability_zone": "us-east-1a",
            "availability_zone_id": "use1-az4",
            "cidr_block": "10.0.5.0/24",
            "customer_owned_ipv4_pool": "",
            "enable_dns64": false,
            "enable_lni_at_device_index": 0,
            "enable_resource_name_dns_a_record_on_launch": false,
            "enable_resource_name_dns_aaaa_record_on_launch": false,
            "id": "subnet-0803d35357e3dc8ba",
            "ipv6_cidr_block": "",
            "ipv6_cidr_block_association_id": "",
            "ipv6_native": false,
            "map_customer_owned_ip_on_launch": false,
            "map_public_ip_on_launch": false,
            "outpost_arn": "",
            "owner_id": "411623750878",
            "private_dns_hostname_type_on_launch": "ip-name",
            "tags": {
              "Name": "linxact-vpc-public-us-east-1a",
              "kubernetes.io/cluster/linxact-nv": "shared",
              "kubernetes.io/role/elb": "1"
            },
            "tags_all": {
              "Name": "linxact-vpc-public-us-east-1a",
              "kubernetes.io/cluster/linxact-nv": "shared",
              "kubernetes.io/role/elb": "1"
            },
            "timeouts": null,
            "vpc_id": "vpc-0452655f6b0cc030e"
          },
          "sensitive_attributes": [],
          "private": "eyJlMmJmYjczMC1lY2FhLTExZTYtOGY4OC0zNDM2M2JjN2M0YzAiOnsiY3JlYXRlIjo2MDAwMDAwMDAwMDAsImRlbGV0ZSI6MTIwMDAwMDAwMDAwMH0sInNjaGVtYV92ZXJzaW9uIjoiMSJ9",
          "dependencies": [
            "module.eks_n_virginia.data.aws_availability_zones.available",
            "module.eks_n_virginia.module.vpc.aws_vpc.this",
            "module.eks_n_virginia.module.vpc.aws_vpc_ipv4_cidr_block_association.this"
          ]
        },
        {
          "index_key": 1,
          "schema_version": 1,
          "attributes": {
            "arn": "arn:aws:ec2:us-east-1:411623750878:subnet/subnet-0994cf8b04c652738",
            "assign_ipv6_address_on_creation": false,
            "availability_zone": "us-east-1b",
            "availability_zone_id": "use1-az6",
            "cidr_block": "10.0.6.0/24",
            "customer_owned_ipv4_pool": "",
            "enable_dns64": false,
            "enable_lni_at_device_index": 0,
            "enable_resource_name_dns_a_record_on_launch": false,
            "enable_resource_name_dns_aaaa_record_on_launch": false,
            "id": "subnet-0994cf8b04c652738",
            "ipv6_cidr_block": "",
            "ipv6_cidr_block_association_id": "",
            "ipv6_native": false,
            "map_customer_owned_ip_on_launch": false,
            "map_public_ip_on_launch": false,
            "outpost_arn": "",
            "owner_id": "411623750878",
            "private_dns_hostname_type_on_launch": "ip-name",
            "tags": {
              "Name": "linxact-vpc-public-us-east-1b",
              "kubernetes.io/cluster/linxact-nv": "shared",
              "kubernetes.io/role/elb": "1"
            },
            "tags_all": {
              "Name": "linxact-vpc-public-us-east-1b",
              "kubernetes.io/cluster/linxact-nv": "shared",
              "kubernetes.io/role/elb": "1"
            },
            "timeouts": null,
            "vpc_id": "vpc-0452655f6b0cc030e"
          },
          "sensitive_attributes": [],
          "private": "eyJlMmJmYjczMC1lY2FhLTExZTYtOGY4OC0zNDM2M2JjN2M0YzAiOnsiY3JlYXRlIjo2MDAwMDAwMDAwMDAsImRlbGV0ZSI6MTIwMDAwMDAwMDAwMH0sInNjaGVtYV92ZXJzaW9uIjoiMSJ9",
          "dependencies": [
            "module.eks_n_virginia.data.aws_availability_zones.available",
            "module.eks_n_virginia.module.vpc.aws_vpc.this",
            "module.eks_n_virginia.module.vpc.aws_vpc_ipv4_cidr_block_association.this"
          ]
        },
        {
          "index_key": 2,
          "schema_version": 1,
          "attributes": {
            "arn": "arn:aws:ec2:us-east-1:411623750878:subnet/subnet-0ea73b38634e40952",
            "assign_ipv6_address_on_creation": false,
            "availability_zone": "us-east-1c",
            "availability_zone_id": "use1-az1",
            "cidr_block": "10.0.7.0/24",
            "customer_owned_ipv4_pool": "",
            "enable_dns64": false,
            "enable_lni_at_device_index": 0,
            "enable_resource_name_dns_a_record_on_launch": false,
            "enable_resource_name_dns_aaaa_record_on_launch": false,
            "id": "subnet-0ea73b38634e40952",
            "ipv6_cidr_block": "",
            "ipv6_cidr_block_association_id": "",
            "ipv6_native": false,
            "map_customer_owned_ip_on_launch": false,
            "map_public_ip_on_launch": false,
            "outpost_arn": "",
            "owner_id": "411623750878",
            "private_dns_hostname_type_on_launch": "ip-name",
            "tags": {
              "Name": "linxact-vpc-public-us-east-1c",
              "kubernetes.io/cluster/linxact-nv": "shared",
              "kubernetes.io/role/elb": "1"
            },
            "tags_all": {
              "Name": "linxact-vpc-public-us-east-1c",
              "kubernetes.io/cluster/linxact-nv": "shared",
              "kubernetes.io/role/elb": "1"
            },
            "timeouts": null,
            "vpc_id": "vpc-0452655f6b0cc030e"
          },
          "sensitive_attributes": [],
          "private": "eyJlMmJmYjczMC1lY2FhLTExZTYtOGY4OC0zNDM2M2JjN2M0YzAiOnsiY3JlYXRlIjo2MDAwMDAwMDAwMDAsImRlbGV0ZSI6MTIwMDAwMDAwMDAwMH0sInNjaGVtYV92ZXJzaW9uIjoiMSJ9",
          "dependencies": [
            "module.eks_n_virginia.data.aws_availability_zones.available",
            "module.eks_n_virginia.module.vpc.aws_vpc.this",
            "module.eks_n_virginia.module.vpc.aws_vpc_ipv4_cidr_block_association.this"
          ]
        },
        {
          "index_key": 3,
          "schema_version": 1,
          "attributes": {
            "arn": "arn:aws:ec2:us-east-1:411623750878:subnet/subnet-03193d525b2a298d4",
            "assign_ipv6_address_on_creation": false,
            "availability_zone": "us-east-1d",
            "availability_zone_id": "use1-az2",
            "cidr_block": "10.0.8.0/24",
            "customer_owned_ipv4_pool": "",
            "enable_dns64": false,
            "enable_lni_at_device_index": 0,
            "enable_resource_name_dns_a_record_on_launch": false,
            "enable_resource_name_dns_aaaa_record_on_launch": false,
            "id": "subnet-03193d525b2a298d4",
            "ipv6_cidr_block": "",
            "ipv6_cidr_block_association_id": "",
            "ipv6_native": false,
            "map_customer_owned_ip_on_launch": false,
            "map_public_ip_on_launch": false,
            "outpost_arn": "",
            "owner_id": "411623750878",
            "private_dns_hostname_type_on_launch": "ip-name",
            "tags": {
              "Name": "linxact-vpc-public-us-east-1d",
              "kubernetes.io/cluster/linxact-nv": "shared",
              "kubernetes.io/role/elb": "1"
            },
            "tags_all": {
              "Name": "linxact-vpc-public-us-east-1d",
              "kubernetes.io/cluster/linxact-nv": "shared",
              "kubernetes.io/role/elb": "1"
            },
            "timeouts": null,
            "vpc_id": "vpc-0452655f6b0cc030e"
          },
          "sensitive_attributes": [],
          "private": "eyJlMmJmYjczMC1lY2FhLTExZTYtOGY4OC0zNDM2M2JjN2M0YzAiOnsiY3JlYXRlIjo2MDAwMDAwMDAwMDAsImRlbGV0ZSI6MTIwMDAwMDAwMDAwMH0sInNjaGVtYV92ZXJzaW9uIjoiMSJ9",
          "dependencies": [
            "module.eks_n_virginia.data.aws_availability_zones.available",
            "module.eks_n_virginia.module.vpc.aws_vpc.this",
            "module.eks_n_virginia.module.vpc.aws_vpc_ipv4_cidr_block_association.this"
          ]
        },
        {
          "index_key": 4,
          "schema_version": 1,
          "attributes": {
            "arn": "arn:aws:ec2:us-east-1:411623750878:subnet/subnet-005a17d8be9ba93d3",
            "assign_ipv6_address_on_creation": false,
            "availability_zone": "us-east-1a",
            "availability_zone_id": "use1-az4",
            "cidr_block": "10.0.9.0/24",
            "customer_owned_ipv4_pool": "",
            "enable_dns64": false,
            "enable_lni_at_device_index": 0,
            "enable_resource_name_dns_a_record_on_launch": false,
            "enable_resource_name_dns_aaaa_record_on_launch": false,
            "id": "subnet-005a17d8be9ba93d3",
            "ipv6_cidr_block": "",
            "ipv6_cidr_block_association_id": "",
            "ipv6_native": false,
            "map_customer_owned_ip_on_launch": false,
            "map_public_ip_on_launch": false,
            "outpost_arn": "",
            "owner_id": "411623750878",
            "private_dns_hostname_type_on_launch": "ip-name",
            "tags": {
              "Name": "linxact-vpc-public-us-east-1a",
              "kubernetes.io/cluster/linxact-nv": "shared",
              "kubernetes.io/role/elb": "1"
            },
            "tags_all": {
              "Name": "linxact-vpc-public-us-east-1a",
              "kubernetes.io/cluster/linxact-nv": "shared",
              "kubernetes.io/role/elb": "1"
            },
            "timeouts": null,
            "vpc_id": "vpc-0452655f6b0cc030e"
          },
          "sensitive_attributes": [],
          "private": "eyJlMmJmYjczMC1lY2FhLTExZTYtOGY4OC0zNDM2M2JjN2M0YzAiOnsiY3JlYXRlIjo2MDAwMDAwMDAwMDAsImRlbGV0ZSI6MTIwMDAwMDAwMDAwMH0sInNjaGVtYV92ZXJzaW9uIjoiMSJ9",
          "dependencies": [
            "module.eks_n_virginia.data.aws_availability_zones.available",
            "module.eks_n_virginia.module.vpc.aws_vpc.this",
            "module.eks_n_virginia.module.vpc.aws_vpc_ipv4_cidr_block_association.this"
          ]
        }
      ]
    },
    {
      "module": "module.eks_n_virginia.module.vpc",
      "mode": "managed",
      "type": "aws_vpc",
      "name": "this",
      "provider": "provider[\"registry.terraform.io/hashicorp/aws\"].n_virginia",
      "instances": [
        {
          "index_key": 0,
          "schema_version": 1,
          "attributes": {
            "arn": "arn:aws:ec2:us-east-1:411623750878:vpc/vpc-0452655f6b0cc030e",
            "assign_generated_ipv6_cidr_block": false,
            "cidr_block": "10.0.0.0/16",
            "default_network_acl_id": "acl-03a5ba5e30a0d2303",
            "default_route_table_id": "rtb-0f1c0b99509633b47",
            "default_security_group_id": "sg-0e324f85dbededa59",
            "dhcp_options_id": "dopt-df557ca7",
            "enable_dns_hostnames": true,
            "enable_dns_support": true,
            "enable_network_address_usage_metrics": false,
            "id": "vpc-0452655f6b0cc030e",
            "instance_tenancy": "default",
            "ipv4_ipam_pool_id": null,
            "ipv4_netmask_length": null,
            "ipv6_association_id": "",
            "ipv6_cidr_block": "",
            "ipv6_cidr_block_network_border_group": "",
            "ipv6_ipam_pool_id": "",
            "ipv6_netmask_length": 0,
            "main_route_table_id": "rtb-0f1c0b99509633b47",
            "owner_id": "411623750878",
            "tags": {
              "Name": "linxact-vpc"
            },
            "tags_all": {
              "Name": "linxact-vpc"
            }
          },
          "sensitive_attributes": [],
          "private": "eyJzY2hlbWFfdmVyc2lvbiI6IjEifQ==",
          "create_before_destroy": true
        }
      ]
    },
    {
      "module": "module.karpenter_n_virginia",
      "mode": "managed",
      "type": "helm_release",
      "name": "karpenter",
      "provider": "provider[\"registry.terraform.io/hashicorp/helm\"].n_virginia",
      "instances": [
        {
          "schema_version": 1,
          "attributes": {
            "atomic": false,
            "chart": "karpenter",
            "cleanup_on_fail": false,
            "create_namespace": true,
            "dependency_update": false,
            "description": null,
            "devel": null,
            "disable_crd_hooks": false,
            "disable_openapi_validation": false,
            "disable_webhooks": false,
            "force_update": false,
            "id": "karpenter",
            "keyring": null,
            "lint": false,
            "manifest": null,
            "max_history": 0,
            "metadata": [
              {
                "app_version": "0.32.6",
                "chart": "karpenter",
                "name": "karpenter",
                "namespace": "karpenter",
                "revision": 2,
                "values": "{\"serviceAccount\":{\"annotations\":{\"eks.amazonaws.com/role-arn\":\"arn:aws:iam::411623750878:role/KarpenterIRSA-linxact-nv\",\"eks.amazonaws.com/sts-regional-endpoints\":\"true\"}},\"settings\":{\"aws\":{\"clusterEndpoint\":\"https://CB325A70A56EF92B35BDC66ECAA05724.gr7.us-east-1.eks.amazonaws.com\",\"clusterName\":\"linxact-nv\",\"defaultInstanceProfile\":\"Karpenter-linxact-nv-20240130133951440200000005\",\"interruptionQueueName\":\"Karpenter-linxact-nv\"}}}",
                "version": "v0.32.6"
              }
            ],
            "name": "karpenter",
            "namespace": "karpenter",
            "pass_credentials": false,
            "postrender": [],
            "recreate_pods": false,
            "render_subchart_notes": true,
            "replace": false,
            "repository": "oci://public.ecr.aws/karpenter",
            "repository_ca_file": null,
            "repository_cert_file": null,
            "repository_key_file": null,
            "repository_password": "eyJwYXlsb2FkIjoiZjRvUUhYZ3VuMUVtWklqMTRQNDhhajllYXEwelNHSVZCbjFCSXNDTlVSeTNYR3ZyQUdHQURrSXcrZXFYeEIzc3M3UW9YNE50b3VPYkgwZWZXUFNBczRFZHNWN0RpUDhDdzFqbTVyeXlrWDZ6WHd3ekFDaHc4SVlyMk12UlRHNk1FOWpLQmtsUE45ZDdhSjdUSlNvN3lHeUtpYzdaMzJrRklrdmxXbTdtVU02MVJrQURXYXNneCtaT05sT2hDKzNyRjQvSVUzbWsyVVBEdTljMEwvMEUzTjRXTm9ydjNzS2Y3YXU1OGNGWVZxeTlaWUJMcHVkWDdTU3dIODNiVTJxZDF6TnVTSnYrS1lJK01vbkJYNGJEckxjUmQ0ZzFQeVJ2MWhwWDY4T2VGaVdGQi94UVFMS3ZLaDJ3QWU0Y016SlVQYWZIdE8zeGpXOE1STGlMejQ4UVo5Qm5pZ2NNTmRTZ004dllkZmZya3ZGZkFzeW1na01ISkFLOEFEYWhqSk1USi9Db2ZwV3dhZi9BelByZ2hmRTFYRXFmVmRCUVpON01kWWVDZTFxVkg4T2FqWmVEejNPSGxtT29Xd3htVHpvTG5iZGhiU1pQc1RreGZaUGhiUjBkYWVUZjVtSTB5aDl1U0t1bWdYblh6LzhDNVA3d0FXZlQxTHEwcjNiN3R4ZnNqREZadmJRMjhJNzZtWGFTT1l4c0k2TkEvMG1iS0liWENtVm1HTGo3WFY5VzZUd1FkTG02bTRRYWRFZytudkZYU3hONXNHekg4L3RUSDhRVUhWNCt3a1FoK0JNSEMvYUpkOEpxOTJFZk5JdmozN2VBWlVtYVN6T0FTZWZRQnlNSDlmVHkyc0JwaHhPSU01cVJUUXVBTnhyNlRKcFUybUtnY3M3RGltcS9tZFZ5MjdrZEw4NFh2bTQ4dEdHS3JyRlNYZ2lpREdyTXgxdDE0a1RkQVdHdEhadi83YVdWK1Zkc1huVmQ4T2liM3hYQ24zN2ZvV2tVRW9ZeXRYeDR0WnF1M3dxN1R1ZlFKOUJ4VkszZXNtREVEOWRUV1JFbTFyT1pKUUh3eE9wVytqMFFuZENRVmwvQVhOclNvZS9iTEpzSWVjTVlTVlF4NkJ4T0w1cG11NllTc0NOeWd5QUtpa2dieE9TWjBQQzJQRGgvZFBxRWk5d0lRclR4WEJYYmNHeXNTRmRSSitKaHBhbjFiVzdMVVlTclVuTWtjZ0JEL3BRQzNxL3Nja3loU1RoUU8xeFhnNDY2RFVMcjI5anlkWEo2cElhSXRScEtxTG9QUEJ1TzdJME1yZDdtcFhtdXZwdEZva2VqS0xVWE40V0tVZnVLM0ptNmJmOUNHbVgxZkRXUmNkUGIrdG9PT1pXViIsImRhdGFrZXkiOiJleUpRUkZnaU9pSlBaalpZU3poRmJVNWpkVEJCZWpVd1NFSkpTMkpKTTJka1lpdEJha0pZWkcxTWJGVXlaMjl3WlhoNllpOUdWbkowWVdaR2JuVlZLMDVyYm5KdlNsZE5TRGhaWmxWeFVHbG5aazl3VlhaUkszRm1ZblpXVldoa1pFNU5UbGt3Wm0xV2FFSldLMDUzZGtzNFdqZEdZbGwyU1VsRlZWazVRMjlZVTNNMFpUSTBURVpMVkVzdlNsVXJRbEpCU1U5dVNrRlJaMGN6T0ZKa1FrSkpZazV6ZUM5R1FuVlVNQ3NyUjBOWGRqUlVaRmszWVU1QlFWVnlabTg1VDFFM056SlFRV2RYV0c5T09EY3dPRTFGTWtwS1ZUbHlSbmhSWTNFMVUxRjNialZJTTJkeGNGVk9SSGxMWm1SQ1JGQkJibXhsVkVnNWFWTlFRa1ZJVjFKNGFUSlFNVzB6WW1rdk1tbDFjMkYzT1RWTGNHdDBiVWh6UWpWaVJIcE1iSGhwV0ZwQ1JYWTBkWFpYV25oMWIyeEtZelkxVTNsaVdtUXlRV0pJVFU1SFJuRTBXRTFrUzFGaFlrdENaRGQ0V0haTlZWRldMekYwWkdoS1QxRTlQU0lzSWtsQlJDSTZJbkEzVlU1NWQwcFROVkpxUVV4SVFWSkZaa0ZsWkhoVUszVXdjbk55YjIxWU9ERkljRlowUVcxVmNHWkRORkExTlhBMVNGbE9OMHhVUWxjeFdWZERSaTlETDBsbFFYUXZTRGN3T0hsUmJVRnNUR3M1YlZaaVpYQTBSblF4UlVaR2FUWTNaVEkzZGxOSlQySlRia3RVWVM5NlVWZzJZbUZvUjFSVk1YSXZkV0oxTWs1dVlYWkNWRmRMYkdsVFNVdFhkazlLWmtaWGJGZEJOVmhHUldWTVlpOVhkMjFVV0ZvME4yUlpVbWhNWnpGNWFHdEtObVV4VjNsdVZYSkVUMDVuWjFNclJHTk9lamh0TW10RFVYZEVNRWRTVmpodmJUWnFPVlpoZVhwVE5YaENXRm8wWlVwWlpHMUxiM0pLYkVGWkwyNVFZa3RsU2taa04zTnFSUzl3TUM5M04zRk1iVVFyWXpsUVlXTklNQ3RyWVU1cldsVjJNak0xV2s1S1RuZFlielpOVlc5dFZ6ZG9TRGRIUmtGSVMwWXZTbXhYTXpjM1dHSnFlRFk0VGt3d1NVSXJjRXN3U1VOUGVXRTJOamRUZVZsWVNVUTBaejA5SW4wPSIsInZlcnNpb24iOiIzIiwidHlwZSI6IkRBVEFfS0VZIiwiZXhwaXJhdGlvbiI6MTcwNjY2NjM2OX0=",
            "repository_username": "AWS",
            "reset_values": false,
            "reuse_values": false,
            "set": [
              {
                "name": "serviceAccount.annotations.eks\\.amazonaws\\.com/role-arn",
                "type": "",
                "value": "arn:aws:iam::411623750878:role/KarpenterIRSA-linxact-nv"
              },
              {
                "name": "serviceAccount.annotations.eks\\.amazonaws\\.com/sts-regional-endpoints",
                "type": "string",
                "value": "true"
              },
              {
                "name": "settings.aws.clusterEndpoint",
                "type": "",
                "value": "https://CB325A70A56EF92B35BDC66ECAA05724.gr7.us-east-1.eks.amazonaws.com"
              },
              {
                "name": "settings.aws.clusterName",
                "type": "",
                "value": "linxact-nv"
              },
              {
                "name": "settings.aws.defaultInstanceProfile",
                "type": "",
                "value": "Karpenter-linxact-nv-20240130133951440200000005"
              },
              {
                "name": "settings.aws.interruptionQueueName",
                "type": "",
                "value": "Karpenter-linxact-nv"
              }
            ],
            "set_list": [],
            "set_sensitive": [],
            "skip_crds": false,
            "status": "deployed",
            "timeout": 300,
            "values": null,
            "verify": false,
            "version": "v0.32.6",
            "wait": true,
            "wait_for_jobs": false
          },
          "sensitive_attributes": [
            [
              {
                "type": "get_attr",
                "value": "repository_password"
              }
            ]
          ],
          "private": "eyJzY2hlbWFfdmVyc2lvbiI6IjEifQ==",
          "dependencies": [
            "data.aws_ecrpublic_authorization_token.token",
            "module.eks_n_virginia.data.aws_availability_zones.available",
            "module.eks_n_virginia.module.eks.aws_cloudwatch_log_group.this",
            "module.eks_n_virginia.module.eks.aws_eks_cluster.this",
            "module.eks_n_virginia.module.eks.aws_iam_openid_connect_provider.oidc_provider",
            "module.eks_n_virginia.module.eks.aws_iam_policy.cni_ipv6_policy",
            "module.eks_n_virginia.module.eks.aws_iam_role.this",
            "module.eks_n_virginia.module.eks.aws_iam_role_policy_attachment.this",
            "module.eks_n_virginia.module.eks.aws_security_group.cluster",
            "module.eks_n_virginia.module.eks.aws_security_group.node",
            "module.eks_n_virginia.module.eks.aws_security_group_rule.cluster",
            "module.eks_n_virginia.module.eks.aws_security_group_rule.node",
            "module.eks_n_virginia.module.eks.data.aws_caller_identity.current",
            "module.eks_n_virginia.module.eks.data.aws_iam_policy_document.assume_role_policy",
            "module.eks_n_virginia.module.eks.data.aws_iam_policy_document.cni_ipv6_policy",
            "module.eks_n_virginia.module.eks.data.aws_iam_session_context.current",
            "module.eks_n_virginia.module.eks.data.aws_partition.current",
            "module.eks_n_virginia.module.eks.data.tls_certificate.this",
            "module.eks_n_virginia.module.eks.module.eks_managed_node_group.aws_autoscaling_schedule.this",
            "module.eks_n_virginia.module.eks.module.eks_managed_node_group.aws_eks_node_group.this",
            "module.eks_n_virginia.module.eks.module.eks_managed_node_group.aws_iam_role.this",
            "module.eks_n_virginia.module.eks.module.eks_managed_node_group.aws_iam_role_policy_attachment.additional",
            "module.eks_n_virginia.module.eks.module.eks_managed_node_group.aws_iam_role_policy_attachment.this",
            "module.eks_n_virginia.module.eks.module.eks_managed_node_group.aws_launch_template.this",
            "module.eks_n_virginia.module.eks.module.eks_managed_node_group.data.aws_caller_identity.current",
            "module.eks_n_virginia.module.eks.module.eks_managed_node_group.data.aws_iam_policy_document.assume_role_policy",
            "module.eks_n_virginia.module.eks.module.eks_managed_node_group.data.aws_partition.current",
            "module.eks_n_virginia.module.eks.module.eks_managed_node_group.module.user_data.data.cloudinit_config.linux_eks_managed_node_group",
            "module.eks_n_virginia.module.eks.module.kms.aws_kms_external_key.this",
            "module.eks_n_virginia.module.eks.module.kms.aws_kms_key.this",
            "module.eks_n_virginia.module.eks.module.kms.data.aws_caller_identity.current",
            "module.eks_n_virginia.module.eks.module.kms.data.aws_iam_policy_document.this",
            "module.eks_n_virginia.module.eks.module.kms.data.aws_partition.current",
            "module.eks_n_virginia.module.eks.time_sleep.this",
            "module.eks_n_virginia.module.vpc.aws_subnet.intra",
            "module.eks_n_virginia.module.vpc.aws_subnet.private",
            "module.eks_n_virginia.module.vpc.aws_vpc.this",
            "module.eks_n_virginia.module.vpc.aws_vpc_ipv4_cidr_block_association.this",
            "module.karpenter_n_virginia.module.karpenter.aws_iam_instance_profile.this",
            "module.karpenter_n_virginia.module.karpenter.aws_iam_role.irsa",
            "module.karpenter_n_virginia.module.karpenter.aws_iam_role.this",
            "module.karpenter_n_virginia.module.karpenter.aws_sqs_queue.this",
            "module.karpenter_n_virginia.module.karpenter.data.aws_iam_policy_document.assume_role",
            "module.karpenter_n_virginia.module.karpenter.data.aws_iam_policy_document.irsa_assume_role",
            "module.karpenter_n_virginia.module.karpenter.data.aws_partition.current"
          ]
        }
      ]
    },
    {
      "module": "module.karpenter_n_virginia",
      "mode": "managed",
      "type": "kubectl_manifest",
      "name": "karpenter_node_template",
      "provider": "provider[\"registry.terraform.io/gavinbunney/kubectl\"]",
      "instances": [
        {
          "schema_version": 1,
          "attributes": {
            "api_version": "karpenter.k8s.aws/v1alpha1",
            "apply_only": false,
            "force_conflicts": false,
            "force_new": false,
            "id": "/apis/karpenter.k8s.aws/v1alpha1/awsnodetemplates/default",
            "ignore_fields": null,
            "kind": "AWSNodeTemplate",
            "live_manifest_incluster": "abac20c3f2f02d6eddbe6c31c992cc807d83ca448782074631c4a797f6bde340",
            "live_uid": "1f187979-c50d-49ed-8d43-467169050d0e",
            "name": "default",
            "namespace": null,
            "override_namespace": null,
            "sensitive_fields": null,
            "server_side_apply": false,
            "timeouts": null,
            "uid": "1f187979-c50d-49ed-8d43-467169050d0e",
            "validate_schema": true,
            "wait": null,
            "wait_for_rollout": true,
            "yaml_body": "apiVersion: karpenter.k8s.aws/v1alpha1\r\nkind: AWSNodeTemplate\r\nmetadata:\r\n  name: default\r\nspec:\r\n  subnetSelector:\r\n    karpenter.sh/discovery: linxact-nv\r\n  securityGroupSelector:\r\n    karpenter.sh/discovery: linxact-nv\r\n  tags:\r\n    Name: linxact-nv-node\r\n    created-by: \"karpneter\"\r\n    karpenter.sh/discovery: linxact-nv\r\n",
            "yaml_body_parsed": "apiVersion: karpenter.k8s.aws/v1alpha1\nkind: AWSNodeTemplate\nmetadata:\n  name: default\nspec:\n  securityGroupSelector:\n    karpenter.sh/discovery: linxact-nv\n  subnetSelector:\n    karpenter.sh/discovery: linxact-nv\n  tags:\n    Name: linxact-nv-node\n    created-by: karpneter\n    karpenter.sh/discovery: linxact-nv\n",
            "yaml_incluster": "abac20c3f2f02d6eddbe6c31c992cc807d83ca448782074631c4a797f6bde340"
          },
          "sensitive_attributes": [],
          "private": "eyJlMmJmYjczMC1lY2FhLTExZTYtOGY4OC0zNDM2M2JjN2M0YzAiOnsiY3JlYXRlIjo2MDAwMDAwMDAwMDB9LCJzY2hlbWFfdmVyc2lvbiI6IjEifQ==",
          "dependencies": [
            "data.aws_ecrpublic_authorization_token.token",
            "module.eks_n_virginia.data.aws_availability_zones.available",
            "module.eks_n_virginia.module.eks.aws_cloudwatch_log_group.this",
            "module.eks_n_virginia.module.eks.aws_eks_cluster.this",
            "module.eks_n_virginia.module.eks.aws_iam_openid_connect_provider.oidc_provider",
            "module.eks_n_virginia.module.eks.aws_iam_policy.cni_ipv6_policy",
            "module.eks_n_virginia.module.eks.aws_iam_role.this",
            "module.eks_n_virginia.module.eks.aws_iam_role_policy_attachment.this",
            "module.eks_n_virginia.module.eks.aws_security_group.cluster",
            "module.eks_n_virginia.module.eks.aws_security_group.node",
            "module.eks_n_virginia.module.eks.aws_security_group_rule.cluster",
            "module.eks_n_virginia.module.eks.aws_security_group_rule.node",
            "module.eks_n_virginia.module.eks.data.aws_caller_identity.current",
            "module.eks_n_virginia.module.eks.data.aws_iam_policy_document.assume_role_policy",
            "module.eks_n_virginia.module.eks.data.aws_iam_policy_document.cni_ipv6_policy",
            "module.eks_n_virginia.module.eks.data.aws_iam_session_context.current",
            "module.eks_n_virginia.module.eks.data.aws_partition.current",
            "module.eks_n_virginia.module.eks.data.tls_certificate.this",
            "module.eks_n_virginia.module.eks.module.eks_managed_node_group.aws_autoscaling_schedule.this",
            "module.eks_n_virginia.module.eks.module.eks_managed_node_group.aws_eks_node_group.this",
            "module.eks_n_virginia.module.eks.module.eks_managed_node_group.aws_iam_role.this",
            "module.eks_n_virginia.module.eks.module.eks_managed_node_group.aws_iam_role_policy_attachment.additional",
            "module.eks_n_virginia.module.eks.module.eks_managed_node_group.aws_iam_role_policy_attachment.this",
            "module.eks_n_virginia.module.eks.module.eks_managed_node_group.aws_launch_template.this",
            "module.eks_n_virginia.module.eks.module.eks_managed_node_group.data.aws_caller_identity.current",
            "module.eks_n_virginia.module.eks.module.eks_managed_node_group.data.aws_iam_policy_document.assume_role_policy",
            "module.eks_n_virginia.module.eks.module.eks_managed_node_group.data.aws_partition.current",
            "module.eks_n_virginia.module.eks.module.eks_managed_node_group.module.user_data.data.cloudinit_config.linux_eks_managed_node_group",
            "module.eks_n_virginia.module.eks.module.kms.aws_kms_external_key.this",
            "module.eks_n_virginia.module.eks.module.kms.aws_kms_key.this",
            "module.eks_n_virginia.module.eks.module.kms.data.aws_caller_identity.current",
            "module.eks_n_virginia.module.eks.module.kms.data.aws_iam_policy_document.this",
            "module.eks_n_virginia.module.eks.module.kms.data.aws_partition.current",
            "module.eks_n_virginia.module.eks.time_sleep.this",
            "module.eks_n_virginia.module.vpc.aws_subnet.intra",
            "module.eks_n_virginia.module.vpc.aws_subnet.private",
            "module.eks_n_virginia.module.vpc.aws_vpc.this",
            "module.eks_n_virginia.module.vpc.aws_vpc_ipv4_cidr_block_association.this",
            "module.karpenter_n_virginia.helm_release.karpenter",
            "module.karpenter_n_virginia.module.karpenter.aws_iam_instance_profile.this",
            "module.karpenter_n_virginia.module.karpenter.aws_iam_role.irsa",
            "module.karpenter_n_virginia.module.karpenter.aws_iam_role.this",
            "module.karpenter_n_virginia.module.karpenter.aws_sqs_queue.this",
            "module.karpenter_n_virginia.module.karpenter.data.aws_iam_policy_document.assume_role",
            "module.karpenter_n_virginia.module.karpenter.data.aws_iam_policy_document.irsa_assume_role",
            "module.karpenter_n_virginia.module.karpenter.data.aws_partition.current"
          ]
        }
      ]
    },
    {
      "module": "module.karpenter_n_virginia",
      "mode": "managed",
      "type": "kubectl_manifest",
      "name": "karpenter_provisioner",
      "provider": "provider[\"registry.terraform.io/gavinbunney/kubectl\"]",
      "instances": [
        {
          "schema_version": 1,
          "attributes": {
            "api_version": "karpenter.sh/v1alpha5",
            "apply_only": false,
            "force_conflicts": false,
            "force_new": false,
            "id": "/apis/karpenter.sh/v1alpha5/provisioners/default",
            "ignore_fields": null,
            "kind": "Provisioner",
            "live_manifest_incluster": "1aa000ffca6ceae46a9ea41f77a85cbb6a1b28d21605c63a82c405e61246632a",
            "live_uid": "72202036-86bc-47df-8cda-95e5ee0e865d",
            "name": "default",
            "namespace": null,
            "override_namespace": null,
            "sensitive_fields": null,
            "server_side_apply": false,
            "timeouts": null,
            "uid": "72202036-86bc-47df-8cda-95e5ee0e865d",
            "validate_schema": true,
            "wait": null,
            "wait_for_rollout": true,
            "yaml_body": "apiVersion: karpenter.sh/v1alpha5\r\nkind: Provisioner\r\nmetadata:\r\n  name: default\r\nspec:\r\n  labels:\r\n    created-by: karpenter\r\n  requirements:\r\n    - key: karpenter.k8s.aws/instance-family\r\n      operator: In\r\n      values: [\"r7g\",\"r6g\",\"r6gd\",\"x2gd\",\"r7gd\"]\r\n    - key: \"karpenter.sh/capacity-type\"\r\n      operator: In\r\n      values: [\"spot\"]\r\n    - key: \"kubernetes.io/arch\"\r\n      operator: In\r\n      values: [\"arm64\"]\r\n  providerRef:\r\n    name: default\r\n  consolidation:\r\n    enabled: true\r\n  kubeletConfiguration:\r\n    maxPods: 3\r\n  ttlSecondsUntilExpired: 300\r\n",
            "yaml_body_parsed": "apiVersion: karpenter.sh/v1alpha5\nkind: Provisioner\nmetadata:\n  name: default\nspec:\n  consolidation:\n    enabled: true\n  kubeletConfiguration:\n    maxPods: 3\n  labels:\n    created-by: karpenter\n  providerRef:\n    name: default\n  requirements:\n  - key: karpenter.k8s.aws/instance-family\n    operator: In\n    values:\n    - r7g\n    - r6g\n    - r6gd\n    - x2gd\n    - r7gd\n  - key: karpenter.sh/capacity-type\n    operator: In\n    values:\n    - spot\n  - key: kubernetes.io/arch\n    operator: In\n    values:\n    - arm64\n  ttlSecondsUntilExpired: 300\n",
            "yaml_incluster": "1aa000ffca6ceae46a9ea41f77a85cbb6a1b28d21605c63a82c405e61246632a"
          },
          "sensitive_attributes": [],
          "private": "eyJlMmJmYjczMC1lY2FhLTExZTYtOGY4OC0zNDM2M2JjN2M0YzAiOnsiY3JlYXRlIjo2MDAwMDAwMDAwMDB9LCJzY2hlbWFfdmVyc2lvbiI6IjEifQ==",
          "dependencies": [
            "data.aws_ecrpublic_authorization_token.token",
            "module.eks_n_virginia.data.aws_availability_zones.available",
            "module.eks_n_virginia.module.eks.aws_cloudwatch_log_group.this",
            "module.eks_n_virginia.module.eks.aws_eks_cluster.this",
            "module.eks_n_virginia.module.eks.aws_iam_openid_connect_provider.oidc_provider",
            "module.eks_n_virginia.module.eks.aws_iam_policy.cni_ipv6_policy",
            "module.eks_n_virginia.module.eks.aws_iam_role.this",
            "module.eks_n_virginia.module.eks.aws_iam_role_policy_attachment.this",
            "module.eks_n_virginia.module.eks.aws_security_group.cluster",
            "module.eks_n_virginia.module.eks.aws_security_group.node",
            "module.eks_n_virginia.module.eks.aws_security_group_rule.cluster",
            "module.eks_n_virginia.module.eks.aws_security_group_rule.node",
            "module.eks_n_virginia.module.eks.data.aws_caller_identity.current",
            "module.eks_n_virginia.module.eks.data.aws_iam_policy_document.assume_role_policy",
            "module.eks_n_virginia.module.eks.data.aws_iam_policy_document.cni_ipv6_policy",
            "module.eks_n_virginia.module.eks.data.aws_iam_session_context.current",
            "module.eks_n_virginia.module.eks.data.aws_partition.current",
            "module.eks_n_virginia.module.eks.data.tls_certificate.this",
            "module.eks_n_virginia.module.eks.module.eks_managed_node_group.aws_autoscaling_schedule.this",
            "module.eks_n_virginia.module.eks.module.eks_managed_node_group.aws_eks_node_group.this",
            "module.eks_n_virginia.module.eks.module.eks_managed_node_group.aws_iam_role.this",
            "module.eks_n_virginia.module.eks.module.eks_managed_node_group.aws_iam_role_policy_attachment.additional",
            "module.eks_n_virginia.module.eks.module.eks_managed_node_group.aws_iam_role_policy_attachment.this",
            "module.eks_n_virginia.module.eks.module.eks_managed_node_group.aws_launch_template.this",
            "module.eks_n_virginia.module.eks.module.eks_managed_node_group.data.aws_caller_identity.current",
            "module.eks_n_virginia.module.eks.module.eks_managed_node_group.data.aws_iam_policy_document.assume_role_policy",
            "module.eks_n_virginia.module.eks.module.eks_managed_node_group.data.aws_partition.current",
            "module.eks_n_virginia.module.eks.module.eks_managed_node_group.module.user_data.data.cloudinit_config.linux_eks_managed_node_group",
            "module.eks_n_virginia.module.eks.module.kms.aws_kms_external_key.this",
            "module.eks_n_virginia.module.eks.module.kms.aws_kms_key.this",
            "module.eks_n_virginia.module.eks.module.kms.data.aws_caller_identity.current",
            "module.eks_n_virginia.module.eks.module.kms.data.aws_iam_policy_document.this",
            "module.eks_n_virginia.module.eks.module.kms.data.aws_partition.current",
            "module.eks_n_virginia.module.eks.time_sleep.this",
            "module.eks_n_virginia.module.vpc.aws_subnet.intra",
            "module.eks_n_virginia.module.vpc.aws_subnet.private",
            "module.eks_n_virginia.module.vpc.aws_vpc.this",
            "module.eks_n_virginia.module.vpc.aws_vpc_ipv4_cidr_block_association.this",
            "module.karpenter_n_virginia.helm_release.karpenter",
            "module.karpenter_n_virginia.module.karpenter.aws_iam_instance_profile.this",
            "module.karpenter_n_virginia.module.karpenter.aws_iam_role.irsa",
            "module.karpenter_n_virginia.module.karpenter.aws_iam_role.this",
            "module.karpenter_n_virginia.module.karpenter.aws_sqs_queue.this",
            "module.karpenter_n_virginia.module.karpenter.data.aws_iam_policy_document.assume_role",
            "module.karpenter_n_virginia.module.karpenter.data.aws_iam_policy_document.irsa_assume_role",
            "module.karpenter_n_virginia.module.karpenter.data.aws_partition.current"
          ]
        }
      ]
    },
    {
      "module": "module.karpenter_n_virginia.module.karpenter",
      "mode": "data",
      "type": "aws_caller_identity",
      "name": "current",
      "provider": "provider[\"registry.terraform.io/hashicorp/aws\"]",
      "instances": [
        {
          "schema_version": 0,
          "attributes": {
            "account_id": "411623750878",
            "arn": "arn:aws:iam::411623750878:user/olexiy",
            "id": "411623750878",
            "user_id": "AIDAV7VVP7TPJ6HRCC3PA"
          },
          "sensitive_attributes": []
        }
      ]
    },
    {
      "module": "module.karpenter_n_virginia.module.karpenter",
      "mode": "data",
      "type": "aws_iam_policy_document",
      "name": "irsa",
      "provider": "provider[\"registry.terraform.io/hashicorp/aws\"]",
      "instances": [
        {
          "index_key": 0,
          "schema_version": 0,
          "attributes": {
            "id": "4193463382",
            "json": "{\n  \"Version\": \"2012-10-17\",\n  \"Statement\": [\n    {\n      \"Effect\": \"Allow\",\n      \"Action\": [\n        \"pricing:GetProducts\",\n        \"ec2:DescribeSubnets\",\n        \"ec2:DescribeSpotPriceHistory\",\n        \"ec2:DescribeSecurityGroups\",\n        \"ec2:DescribeLaunchTemplates\",\n        \"ec2:DescribeInstances\",\n        \"ec2:DescribeInstanceTypes\",\n        \"ec2:DescribeInstanceTypeOfferings\",\n        \"ec2:DescribeImages\",\n        \"ec2:DescribeAvailabilityZones\",\n        \"ec2:CreateTags\",\n        \"ec2:CreateLaunchTemplate\",\n        \"ec2:CreateFleet\"\n      ],\n      \"Resource\": \"*\"\n    },\n    {\n      \"Effect\": \"Allow\",\n      \"Action\": [\n        \"ec2:TerminateInstances\",\n        \"ec2:DeleteLaunchTemplate\"\n      ],\n      \"Resource\": \"*\",\n      \"Condition\": {\n        \"StringEquals\": {\n          \"ec2:ResourceTag/karpenter.sh/discovery\": \"linxact-nv\"\n        }\n      }\n    },\n    {\n      \"Effect\": \"Allow\",\n      \"Action\": \"ec2:RunInstances\",\n      \"Resource\": \"arn:aws:ec2:*:411623750878:launch-template/*\",\n      \"Condition\": {\n        \"StringEquals\": {\n          \"ec2:ResourceTag/karpenter.sh/discovery\": \"linxact-nv\"\n        }\n      }\n    },\n    {\n      \"Effect\": \"Allow\",\n      \"Action\": \"ec2:RunInstances\",\n      \"Resource\": [\n        \"arn:aws:ec2:*::snapshot/*\",\n        \"arn:aws:ec2:*::image/*\",\n        \"arn:aws:ec2:*:411623750878:volume/*\",\n        \"arn:aws:ec2:*:411623750878:subnet/*\",\n        \"arn:aws:ec2:*:411623750878:spot-instances-request/*\",\n        \"arn:aws:ec2:*:411623750878:security-group/*\",\n        \"arn:aws:ec2:*:411623750878:network-interface/*\",\n        \"arn:aws:ec2:*:411623750878:instance/*\"\n      ]\n    },\n    {\n      \"Effect\": \"Allow\",\n      \"Action\": \"ssm:GetParameter\",\n      \"Resource\": \"arn:aws:ssm:*:*:parameter/aws/service/*\"\n    },\n    {\n      \"Effect\": \"Allow\",\n      \"Action\": \"eks:DescribeCluster\",\n      \"Resource\": \"arn:aws:eks:*:411623750878:cluster/linxact-nv\"\n    },\n    {\n      \"Effect\": \"Allow\",\n      \"Action\": \"iam:PassRole\",\n      \"Resource\": \"arn:aws:iam::411623750878:role/crawl-admin-eks-node-group-20240130132546353300000001\"\n    },\n    {\n      \"Effect\": \"Allow\",\n      \"Action\": [\n        \"sqs:ReceiveMessage\",\n        \"sqs:GetQueueUrl\",\n        \"sqs:GetQueueAttributes\",\n        \"sqs:DeleteMessage\"\n      ],\n      \"Resource\": \"arn:aws:sqs:us-east-1:411623750878:Karpenter-linxact-nv\"\n    }\n  ]\n}",
            "override_policy_documents": null,
            "policy_id": null,
            "source_policy_documents": null,
            "statement": [
              {
                "actions": [
                  "ec2:CreateFleet",
                  "ec2:CreateLaunchTemplate",
                  "ec2:CreateTags",
                  "ec2:DescribeAvailabilityZones",
                  "ec2:DescribeImages",
                  "ec2:DescribeInstanceTypeOfferings",
                  "ec2:DescribeInstanceTypes",
                  "ec2:DescribeInstances",
                  "ec2:DescribeLaunchTemplates",
                  "ec2:DescribeSecurityGroups",
                  "ec2:DescribeSpotPriceHistory",
                  "ec2:DescribeSubnets",
                  "pricing:GetProducts"
                ],
                "condition": [],
                "effect": "Allow",
                "not_actions": [],
                "not_principals": [],
                "not_resources": [],
                "principals": [],
                "resources": [
                  "*"
                ],
                "sid": ""
              },
              {
                "actions": [
                  "ec2:DeleteLaunchTemplate",
                  "ec2:TerminateInstances"
                ],
                "condition": [
                  {
                    "test": "StringEquals",
                    "values": [
                      "linxact-nv"
                    ],
                    "variable": "ec2:ResourceTag/karpenter.sh/discovery"
                  }
                ],
                "effect": "Allow",
                "not_actions": [],
                "not_principals": [],
                "not_resources": [],
                "principals": [],
                "resources": [
                  "*"
                ],
                "sid": ""
              },
              {
                "actions": [
                  "ec2:RunInstances"
                ],
                "condition": [
                  {
                    "test": "StringEquals",
                    "values": [
                      "linxact-nv"
                    ],
                    "variable": "ec2:ResourceTag/karpenter.sh/discovery"
                  }
                ],
                "effect": "Allow",
                "not_actions": [],
                "not_principals": [],
                "not_resources": [],
                "principals": [],
                "resources": [
                  "arn:aws:ec2:*:411623750878:launch-template/*"
                ],
                "sid": ""
              },
              {
                "actions": [
                  "ec2:RunInstances"
                ],
                "condition": [],
                "effect": "Allow",
                "not_actions": [],
                "not_principals": [],
                "not_resources": [],
                "principals": [],
                "resources": [
                  "arn:aws:ec2:*:411623750878:instance/*",
                  "arn:aws:ec2:*:411623750878:network-interface/*",
                  "arn:aws:ec2:*:411623750878:security-group/*",
                  "arn:aws:ec2:*:411623750878:spot-instances-request/*",
                  "arn:aws:ec2:*:411623750878:subnet/*",
                  "arn:aws:ec2:*:411623750878:volume/*",
                  "arn:aws:ec2:*::image/*",
                  "arn:aws:ec2:*::snapshot/*"
                ],
                "sid": ""
              },
              {
                "actions": [
                  "ssm:GetParameter"
                ],
                "condition": [],
                "effect": "Allow",
                "not_actions": [],
                "not_principals": [],
                "not_resources": [],
                "principals": [],
                "resources": [
                  "arn:aws:ssm:*:*:parameter/aws/service/*"
                ],
                "sid": ""
              },
              {
                "actions": [
                  "eks:DescribeCluster"
                ],
                "condition": [],
                "effect": "Allow",
                "not_actions": [],
                "not_principals": [],
                "not_resources": [],
                "principals": [],
                "resources": [
                  "arn:aws:eks:*:411623750878:cluster/linxact-nv"
                ],
                "sid": ""
              },
              {
                "actions": [
                  "iam:PassRole"
                ],
                "condition": [],
                "effect": "Allow",
                "not_actions": [],
                "not_principals": [],
                "not_resources": [],
                "principals": [],
                "resources": [
                  "arn:aws:iam::411623750878:role/crawl-admin-eks-node-group-20240130132546353300000001"
                ],
                "sid": ""
              },
              {
                "actions": [
                  "sqs:DeleteMessage",
                  "sqs:GetQueueAttributes",
                  "sqs:GetQueueUrl",
                  "sqs:ReceiveMessage"
                ],
                "condition": [],
                "effect": "Allow",
                "not_actions": [],
                "not_principals": [],
                "not_resources": [],
                "principals": [],
                "resources": [
                  "arn:aws:sqs:us-east-1:411623750878:Karpenter-linxact-nv"
                ],
                "sid": ""
              }
            ],
            "version": "2012-10-17"
          },
          "sensitive_attributes": []
        }
      ]
    },
    {
      "module": "module.karpenter_n_virginia.module.karpenter",
      "mode": "data",
      "type": "aws_iam_policy_document",
      "name": "irsa_assume_role",
      "provider": "provider[\"registry.terraform.io/hashicorp/aws\"]",
      "instances": [
        {
          "index_key": 0,
          "schema_version": 0,
          "attributes": {
            "id": "3968925636",
            "json": "{\n  \"Version\": \"2012-10-17\",\n  \"Statement\": [\n    {\n      \"Effect\": \"Allow\",\n      \"Action\": \"sts:AssumeRoleWithWebIdentity\",\n      \"Principal\": {\n        \"Federated\": \"arn:aws:iam::411623750878:oidc-provider/oidc.eks.us-east-1.amazonaws.com/id/CB325A70A56EF92B35BDC66ECAA05724\"\n      },\n      \"Condition\": {\n        \"StringEquals\": {\n          \"oidc.eks.us-east-1.amazonaws.com/id/CB325A70A56EF92B35BDC66ECAA05724:aud\": \"sts.amazonaws.com\",\n          \"oidc.eks.us-east-1.amazonaws.com/id/CB325A70A56EF92B35BDC66ECAA05724:sub\": \"system:serviceaccount:karpenter:karpenter\"\n        }\n      }\n    }\n  ]\n}",
            "override_policy_documents": null,
            "policy_id": null,
            "source_policy_documents": null,
            "statement": [
              {
                "actions": [
                  "sts:AssumeRoleWithWebIdentity"
                ],
                "condition": [
                  {
                    "test": "StringEquals",
                    "values": [
                      "sts.amazonaws.com"
                    ],
                    "variable": "oidc.eks.us-east-1.amazonaws.com/id/CB325A70A56EF92B35BDC66ECAA05724:aud"
                  },
                  {
                    "test": "StringEquals",
                    "values": [
                      "system:serviceaccount:karpenter:karpenter"
                    ],
                    "variable": "oidc.eks.us-east-1.amazonaws.com/id/CB325A70A56EF92B35BDC66ECAA05724:sub"
                  }
                ],
                "effect": "Allow",
                "not_actions": [],
                "not_principals": [],
                "not_resources": [],
                "principals": [
                  {
                    "identifiers": [
                      "arn:aws:iam::411623750878:oidc-provider/oidc.eks.us-east-1.amazonaws.com/id/CB325A70A56EF92B35BDC66ECAA05724"
                    ],
                    "type": "Federated"
                  }
                ],
                "resources": [],
                "sid": ""
              }
            ],
            "version": "2012-10-17"
          },
          "sensitive_attributes": []
        }
      ]
    },
    {
      "module": "module.karpenter_n_virginia.module.karpenter",
      "mode": "data",
      "type": "aws_iam_policy_document",
      "name": "queue",
      "provider": "provider[\"registry.terraform.io/hashicorp/aws\"]",
      "instances": [
        {
          "index_key": 0,
          "schema_version": 0,
          "attributes": {
            "id": "3300610186",
            "json": "{\n  \"Version\": \"2012-10-17\",\n  \"Statement\": [\n    {\n      \"Sid\": \"SqsWrite\",\n      \"Effect\": \"Allow\",\n      \"Action\": \"sqs:SendMessage\",\n      \"Resource\": \"arn:aws:sqs:us-east-1:411623750878:Karpenter-linxact-nv\",\n      \"Principal\": {\n        \"Service\": [\n          \"sqs.amazonaws.com\",\n          \"events.amazonaws.com\"\n        ]\n      }\n    }\n  ]\n}",
            "override_policy_documents": null,
            "policy_id": null,
            "source_policy_documents": null,
            "statement": [
              {
                "actions": [
                  "sqs:SendMessage"
                ],
                "condition": [],
                "effect": "Allow",
                "not_actions": [],
                "not_principals": [],
                "not_resources": [],
                "principals": [
                  {
                    "identifiers": [
                      "events.amazonaws.com",
                      "sqs.amazonaws.com"
                    ],
                    "type": "Service"
                  }
                ],
                "resources": [
                  "arn:aws:sqs:us-east-1:411623750878:Karpenter-linxact-nv"
                ],
                "sid": "SqsWrite"
              }
            ],
            "version": "2012-10-17"
          },
          "sensitive_attributes": []
        }
      ]
    },
    {
      "module": "module.karpenter_n_virginia.module.karpenter",
      "mode": "data",
      "type": "aws_partition",
      "name": "current",
      "provider": "provider[\"registry.terraform.io/hashicorp/aws\"]",
      "instances": [
        {
          "schema_version": 0,
          "attributes": {
            "dns_suffix": "amazonaws.com",
            "id": "aws",
            "partition": "aws",
            "reverse_dns_prefix": "com.amazonaws"
          },
          "sensitive_attributes": []
        }
      ]
    },
    {
      "module": "module.karpenter_n_virginia.module.karpenter",
      "mode": "managed",
      "type": "aws_cloudwatch_event_rule",
      "name": "this",
      "provider": "provider[\"registry.terraform.io/hashicorp/aws\"]",
      "instances": [
        {
          "index_key": "health_event",
          "schema_version": 0,
          "attributes": {
            "arn": "arn:aws:events:us-east-1:411623750878:rule/KarpenterHealthEvent-20240130133730789300000003",
            "description": "Karpenter interrupt - AWS health event",
            "event_bus_name": "default",
            "event_pattern": "{\"detail-type\":[\"AWS Health Event\"],\"source\":[\"aws.health\"]}",
            "id": "KarpenterHealthEvent-20240130133730789300000003",
            "is_enabled": true,
            "name": "KarpenterHealthEvent-20240130133730789300000003",
            "name_prefix": "KarpenterHealthEvent-",
            "role_arn": "",
            "schedule_expression": "",
            "tags": {
              "ClusterName": "linxact-nv",
              "Environment": "dev",
              "Terraform": "true"
            },
            "tags_all": {
              "ClusterName": "linxact-nv",
              "Environment": "dev",
              "Terraform": "true"
            }
          },
          "sensitive_attributes": [],
          "private": "bnVsbA==",
          "dependencies": [
            "module.eks_n_virginia.data.aws_availability_zones.available",
            "module.eks_n_virginia.module.eks.aws_cloudwatch_log_group.this",
            "module.eks_n_virginia.module.eks.aws_eks_cluster.this",
            "module.eks_n_virginia.module.eks.aws_iam_policy.cni_ipv6_policy",
            "module.eks_n_virginia.module.eks.aws_iam_role.this",
            "module.eks_n_virginia.module.eks.aws_iam_role_policy_attachment.this",
            "module.eks_n_virginia.module.eks.aws_security_group.cluster",
            "module.eks_n_virginia.module.eks.aws_security_group.node",
            "module.eks_n_virginia.module.eks.aws_security_group_rule.cluster",
            "module.eks_n_virginia.module.eks.aws_security_group_rule.node",
            "module.eks_n_virginia.module.eks.data.aws_caller_identity.current",
            "module.eks_n_virginia.module.eks.data.aws_iam_policy_document.assume_role_policy",
            "module.eks_n_virginia.module.eks.data.aws_iam_policy_document.cni_ipv6_policy",
            "module.eks_n_virginia.module.eks.data.aws_iam_session_context.current",
            "module.eks_n_virginia.module.eks.data.aws_partition.current",
            "module.eks_n_virginia.module.eks.module.kms.aws_kms_external_key.this",
            "module.eks_n_virginia.module.eks.module.kms.aws_kms_key.this",
            "module.eks_n_virginia.module.eks.module.kms.data.aws_caller_identity.current",
            "module.eks_n_virginia.module.eks.module.kms.data.aws_iam_policy_document.this",
            "module.eks_n_virginia.module.eks.module.kms.data.aws_partition.current",
            "module.eks_n_virginia.module.vpc.aws_subnet.intra",
            "module.eks_n_virginia.module.vpc.aws_subnet.private",
            "module.eks_n_virginia.module.vpc.aws_vpc.this",
            "module.eks_n_virginia.module.vpc.aws_vpc_ipv4_cidr_block_association.this"
          ]
        },
        {
          "index_key": "instance_rebalance",
          "schema_version": 0,
          "attributes": {
            "arn": "arn:aws:events:us-east-1:411623750878:rule/KarpenterInstanceRebalance-20240130133730789300000004",
            "description": "Karpenter interrupt - EC2 instance rebalance recommendation",
            "event_bus_name": "default",
            "event_pattern": "{\"detail-type\":[\"EC2 Instance Rebalance Recommendation\"],\"source\":[\"aws.ec2\"]}",
            "id": "KarpenterInstanceRebalance-20240130133730789300000004",
            "is_enabled": true,
            "name": "KarpenterInstanceRebalance-20240130133730789300000004",
            "name_prefix": "KarpenterInstanceRebalance-",
            "role_arn": "",
            "schedule_expression": "",
            "tags": {
              "ClusterName": "linxact-nv",
              "Environment": "dev",
              "Terraform": "true"
            },
            "tags_all": {
              "ClusterName": "linxact-nv",
              "Environment": "dev",
              "Terraform": "true"
            }
          },
          "sensitive_attributes": [],
          "private": "bnVsbA==",
          "dependencies": [
            "module.eks_n_virginia.data.aws_availability_zones.available",
            "module.eks_n_virginia.module.eks.aws_cloudwatch_log_group.this",
            "module.eks_n_virginia.module.eks.aws_eks_cluster.this",
            "module.eks_n_virginia.module.eks.aws_iam_policy.cni_ipv6_policy",
            "module.eks_n_virginia.module.eks.aws_iam_role.this",
            "module.eks_n_virginia.module.eks.aws_iam_role_policy_attachment.this",
            "module.eks_n_virginia.module.eks.aws_security_group.cluster",
            "module.eks_n_virginia.module.eks.aws_security_group.node",
            "module.eks_n_virginia.module.eks.aws_security_group_rule.cluster",
            "module.eks_n_virginia.module.eks.aws_security_group_rule.node",
            "module.eks_n_virginia.module.eks.data.aws_caller_identity.current",
            "module.eks_n_virginia.module.eks.data.aws_iam_policy_document.assume_role_policy",
            "module.eks_n_virginia.module.eks.data.aws_iam_policy_document.cni_ipv6_policy",
            "module.eks_n_virginia.module.eks.data.aws_iam_session_context.current",
            "module.eks_n_virginia.module.eks.data.aws_partition.current",
            "module.eks_n_virginia.module.eks.module.kms.aws_kms_external_key.this",
            "module.eks_n_virginia.module.eks.module.kms.aws_kms_key.this",
            "module.eks_n_virginia.module.eks.module.kms.data.aws_caller_identity.current",
            "module.eks_n_virginia.module.eks.module.kms.data.aws_iam_policy_document.this",
            "module.eks_n_virginia.module.eks.module.kms.data.aws_partition.current",
            "module.eks_n_virginia.module.vpc.aws_subnet.intra",
            "module.eks_n_virginia.module.vpc.aws_subnet.private",
            "module.eks_n_virginia.module.vpc.aws_vpc.this",
            "module.eks_n_virginia.module.vpc.aws_vpc_ipv4_cidr_block_association.this"
          ]
        },
        {
          "index_key": "instance_state_change",
          "schema_version": 0,
          "attributes": {
            "arn": "arn:aws:events:us-east-1:411623750878:rule/KarpenterInstanceStateChange-20240130133730789300000002",
            "description": "Karpenter interrupt - EC2 instance state-change notification",
            "event_bus_name": "default",
            "event_pattern": "{\"detail-type\":[\"EC2 Instance State-change Notification\"],\"source\":[\"aws.ec2\"]}",
            "id": "KarpenterInstanceStateChange-20240130133730789300000002",
            "is_enabled": true,
            "name": "KarpenterInstanceStateChange-20240130133730789300000002",
            "name_prefix": "KarpenterInstanceStateChange-",
            "role_arn": "",
            "schedule_expression": "",
            "tags": {
              "ClusterName": "linxact-nv",
              "Environment": "dev",
              "Terraform": "true"
            },
            "tags_all": {
              "ClusterName": "linxact-nv",
              "Environment": "dev",
              "Terraform": "true"
            }
          },
          "sensitive_attributes": [],
          "private": "bnVsbA==",
          "dependencies": [
            "module.eks_n_virginia.data.aws_availability_zones.available",
            "module.eks_n_virginia.module.eks.aws_cloudwatch_log_group.this",
            "module.eks_n_virginia.module.eks.aws_eks_cluster.this",
            "module.eks_n_virginia.module.eks.aws_iam_policy.cni_ipv6_policy",
            "module.eks_n_virginia.module.eks.aws_iam_role.this",
            "module.eks_n_virginia.module.eks.aws_iam_role_policy_attachment.this",
            "module.eks_n_virginia.module.eks.aws_security_group.cluster",
            "module.eks_n_virginia.module.eks.aws_security_group.node",
            "module.eks_n_virginia.module.eks.aws_security_group_rule.cluster",
            "module.eks_n_virginia.module.eks.aws_security_group_rule.node",
            "module.eks_n_virginia.module.eks.data.aws_caller_identity.current",
            "module.eks_n_virginia.module.eks.data.aws_iam_policy_document.assume_role_policy",
            "module.eks_n_virginia.module.eks.data.aws_iam_policy_document.cni_ipv6_policy",
            "module.eks_n_virginia.module.eks.data.aws_iam_session_context.current",
            "module.eks_n_virginia.module.eks.data.aws_partition.current",
            "module.eks_n_virginia.module.eks.module.kms.aws_kms_external_key.this",
            "module.eks_n_virginia.module.eks.module.kms.aws_kms_key.this",
            "module.eks_n_virginia.module.eks.module.kms.data.aws_caller_identity.current",
            "module.eks_n_virginia.module.eks.module.kms.data.aws_iam_policy_document.this",
            "module.eks_n_virginia.module.eks.module.kms.data.aws_partition.current",
            "module.eks_n_virginia.module.vpc.aws_subnet.intra",
            "module.eks_n_virginia.module.vpc.aws_subnet.private",
            "module.eks_n_virginia.module.vpc.aws_vpc.this",
            "module.eks_n_virginia.module.vpc.aws_vpc_ipv4_cidr_block_association.this"
          ]
        },
        {
          "index_key": "spot_interupt",
          "schema_version": 0,
          "attributes": {
            "arn": "arn:aws:events:us-east-1:411623750878:rule/KarpenterSpotInterrupt-20240130133730789300000001",
            "description": "Karpenter interrupt - EC2 spot instance interruption warning",
            "event_bus_name": "default",
            "event_pattern": "{\"detail-type\":[\"EC2 Spot Instance Interruption Warning\"],\"source\":[\"aws.ec2\"]}",
            "id": "KarpenterSpotInterrupt-20240130133730789300000001",
            "is_enabled": true,
            "name": "KarpenterSpotInterrupt-20240130133730789300000001",
            "name_prefix": "KarpenterSpotInterrupt-",
            "role_arn": "",
            "schedule_expression": "",
            "tags": {
              "ClusterName": "linxact-nv",
              "Environment": "dev",
              "Terraform": "true"
            },
            "tags_all": {
              "ClusterName": "linxact-nv",
              "Environment": "dev",
              "Terraform": "true"
            }
          },
          "sensitive_attributes": [],
          "private": "bnVsbA==",
          "dependencies": [
            "module.eks_n_virginia.data.aws_availability_zones.available",
            "module.eks_n_virginia.module.eks.aws_cloudwatch_log_group.this",
            "module.eks_n_virginia.module.eks.aws_eks_cluster.this",
            "module.eks_n_virginia.module.eks.aws_iam_policy.cni_ipv6_policy",
            "module.eks_n_virginia.module.eks.aws_iam_role.this",
            "module.eks_n_virginia.module.eks.aws_iam_role_policy_attachment.this",
            "module.eks_n_virginia.module.eks.aws_security_group.cluster",
            "module.eks_n_virginia.module.eks.aws_security_group.node",
            "module.eks_n_virginia.module.eks.aws_security_group_rule.cluster",
            "module.eks_n_virginia.module.eks.aws_security_group_rule.node",
            "module.eks_n_virginia.module.eks.data.aws_caller_identity.current",
            "module.eks_n_virginia.module.eks.data.aws_iam_policy_document.assume_role_policy",
            "module.eks_n_virginia.module.eks.data.aws_iam_policy_document.cni_ipv6_policy",
            "module.eks_n_virginia.module.eks.data.aws_iam_session_context.current",
            "module.eks_n_virginia.module.eks.data.aws_partition.current",
            "module.eks_n_virginia.module.eks.module.kms.aws_kms_external_key.this",
            "module.eks_n_virginia.module.eks.module.kms.aws_kms_key.this",
            "module.eks_n_virginia.module.eks.module.kms.data.aws_caller_identity.current",
            "module.eks_n_virginia.module.eks.module.kms.data.aws_iam_policy_document.this",
            "module.eks_n_virginia.module.eks.module.kms.data.aws_partition.current",
            "module.eks_n_virginia.module.vpc.aws_subnet.intra",
            "module.eks_n_virginia.module.vpc.aws_subnet.private",
            "module.eks_n_virginia.module.vpc.aws_vpc.this",
            "module.eks_n_virginia.module.vpc.aws_vpc_ipv4_cidr_block_association.this"
          ]
        }
      ]
    },
    {
      "module": "module.karpenter_n_virginia.module.karpenter",
      "mode": "managed",
      "type": "aws_cloudwatch_event_target",
      "name": "this",
      "provider": "provider[\"registry.terraform.io/hashicorp/aws\"]",
      "instances": [
        {
          "index_key": "health_event",
          "schema_version": 1,
          "attributes": {
            "arn": "arn:aws:sqs:us-east-1:411623750878:Karpenter-linxact-nv",
            "batch_target": [],
            "dead_letter_config": [],
            "ecs_target": [],
            "event_bus_name": "default",
            "http_target": [],
            "id": "KarpenterHealthEvent-20240130133730789300000003-KarpenterInterruptionQueueTarget",
            "input": "",
            "input_path": "",
            "input_transformer": [],
            "kinesis_target": [],
            "redshift_target": [],
            "retry_policy": [],
            "role_arn": "",
            "rule": "KarpenterHealthEvent-20240130133730789300000003",
            "run_command_targets": [],
            "sqs_target": [],
            "target_id": "KarpenterInterruptionQueueTarget"
          },
          "sensitive_attributes": [],
          "private": "eyJzY2hlbWFfdmVyc2lvbiI6IjEifQ==",
          "dependencies": [
            "module.eks_n_virginia.data.aws_availability_zones.available",
            "module.eks_n_virginia.module.eks.aws_cloudwatch_log_group.this",
            "module.eks_n_virginia.module.eks.aws_eks_cluster.this",
            "module.eks_n_virginia.module.eks.aws_iam_policy.cni_ipv6_policy",
            "module.eks_n_virginia.module.eks.aws_iam_role.this",
            "module.eks_n_virginia.module.eks.aws_iam_role_policy_attachment.this",
            "module.eks_n_virginia.module.eks.aws_security_group.cluster",
            "module.eks_n_virginia.module.eks.aws_security_group.node",
            "module.eks_n_virginia.module.eks.aws_security_group_rule.cluster",
            "module.eks_n_virginia.module.eks.aws_security_group_rule.node",
            "module.eks_n_virginia.module.eks.data.aws_caller_identity.current",
            "module.eks_n_virginia.module.eks.data.aws_iam_policy_document.assume_role_policy",
            "module.eks_n_virginia.module.eks.data.aws_iam_policy_document.cni_ipv6_policy",
            "module.eks_n_virginia.module.eks.data.aws_iam_session_context.current",
            "module.eks_n_virginia.module.eks.data.aws_partition.current",
            "module.eks_n_virginia.module.eks.module.kms.aws_kms_external_key.this",
            "module.eks_n_virginia.module.eks.module.kms.aws_kms_key.this",
            "module.eks_n_virginia.module.eks.module.kms.data.aws_caller_identity.current",
            "module.eks_n_virginia.module.eks.module.kms.data.aws_iam_policy_document.this",
            "module.eks_n_virginia.module.eks.module.kms.data.aws_partition.current",
            "module.eks_n_virginia.module.vpc.aws_subnet.intra",
            "module.eks_n_virginia.module.vpc.aws_subnet.private",
            "module.eks_n_virginia.module.vpc.aws_vpc.this",
            "module.eks_n_virginia.module.vpc.aws_vpc_ipv4_cidr_block_association.this",
            "module.karpenter_n_virginia.module.karpenter.aws_cloudwatch_event_rule.this",
            "module.karpenter_n_virginia.module.karpenter.aws_sqs_queue.this"
          ]
        },
        {
          "index_key": "instance_rebalance",
          "schema_version": 1,
          "attributes": {
            "arn": "arn:aws:sqs:us-east-1:411623750878:Karpenter-linxact-nv",
            "batch_target": [],
            "dead_letter_config": [],
            "ecs_target": [],
            "event_bus_name": "default",
            "http_target": [],
            "id": "KarpenterInstanceRebalance-20240130133730789300000004-KarpenterInterruptionQueueTarget",
            "input": "",
            "input_path": "",
            "input_transformer": [],
            "kinesis_target": [],
            "redshift_target": [],
            "retry_policy": [],
            "role_arn": "",
            "rule": "KarpenterInstanceRebalance-20240130133730789300000004",
            "run_command_targets": [],
            "sqs_target": [],
            "target_id": "KarpenterInterruptionQueueTarget"
          },
          "sensitive_attributes": [],
          "private": "eyJzY2hlbWFfdmVyc2lvbiI6IjEifQ==",
          "dependencies": [
            "module.eks_n_virginia.data.aws_availability_zones.available",
            "module.eks_n_virginia.module.eks.aws_cloudwatch_log_group.this",
            "module.eks_n_virginia.module.eks.aws_eks_cluster.this",
            "module.eks_n_virginia.module.eks.aws_iam_policy.cni_ipv6_policy",
            "module.eks_n_virginia.module.eks.aws_iam_role.this",
            "module.eks_n_virginia.module.eks.aws_iam_role_policy_attachment.this",
            "module.eks_n_virginia.module.eks.aws_security_group.cluster",
            "module.eks_n_virginia.module.eks.aws_security_group.node",
            "module.eks_n_virginia.module.eks.aws_security_group_rule.cluster",
            "module.eks_n_virginia.module.eks.aws_security_group_rule.node",
            "module.eks_n_virginia.module.eks.data.aws_caller_identity.current",
            "module.eks_n_virginia.module.eks.data.aws_iam_policy_document.assume_role_policy",
            "module.eks_n_virginia.module.eks.data.aws_iam_policy_document.cni_ipv6_policy",
            "module.eks_n_virginia.module.eks.data.aws_iam_session_context.current",
            "module.eks_n_virginia.module.eks.data.aws_partition.current",
            "module.eks_n_virginia.module.eks.module.kms.aws_kms_external_key.this",
            "module.eks_n_virginia.module.eks.module.kms.aws_kms_key.this",
            "module.eks_n_virginia.module.eks.module.kms.data.aws_caller_identity.current",
            "module.eks_n_virginia.module.eks.module.kms.data.aws_iam_policy_document.this",
            "module.eks_n_virginia.module.eks.module.kms.data.aws_partition.current",
            "module.eks_n_virginia.module.vpc.aws_subnet.intra",
            "module.eks_n_virginia.module.vpc.aws_subnet.private",
            "module.eks_n_virginia.module.vpc.aws_vpc.this",
            "module.eks_n_virginia.module.vpc.aws_vpc_ipv4_cidr_block_association.this",
            "module.karpenter_n_virginia.module.karpenter.aws_cloudwatch_event_rule.this",
            "module.karpenter_n_virginia.module.karpenter.aws_sqs_queue.this"
          ]
        },
        {
          "index_key": "instance_state_change",
          "schema_version": 1,
          "attributes": {
            "arn": "arn:aws:sqs:us-east-1:411623750878:Karpenter-linxact-nv",
            "batch_target": [],
            "dead_letter_config": [],
            "ecs_target": [],
            "event_bus_name": "default",
            "http_target": [],
            "id": "KarpenterInstanceStateChange-20240130133730789300000002-KarpenterInterruptionQueueTarget",
            "input": "",
            "input_path": "",
            "input_transformer": [],
            "kinesis_target": [],
            "redshift_target": [],
            "retry_policy": [],
            "role_arn": "",
            "rule": "KarpenterInstanceStateChange-20240130133730789300000002",
            "run_command_targets": [],
            "sqs_target": [],
            "target_id": "KarpenterInterruptionQueueTarget"
          },
          "sensitive_attributes": [],
          "private": "eyJzY2hlbWFfdmVyc2lvbiI6IjEifQ==",
          "dependencies": [
            "module.eks_n_virginia.data.aws_availability_zones.available",
            "module.eks_n_virginia.module.eks.aws_cloudwatch_log_group.this",
            "module.eks_n_virginia.module.eks.aws_eks_cluster.this",
            "module.eks_n_virginia.module.eks.aws_iam_policy.cni_ipv6_policy",
            "module.eks_n_virginia.module.eks.aws_iam_role.this",
            "module.eks_n_virginia.module.eks.aws_iam_role_policy_attachment.this",
            "module.eks_n_virginia.module.eks.aws_security_group.cluster",
            "module.eks_n_virginia.module.eks.aws_security_group.node",
            "module.eks_n_virginia.module.eks.aws_security_group_rule.cluster",
            "module.eks_n_virginia.module.eks.aws_security_group_rule.node",
            "module.eks_n_virginia.module.eks.data.aws_caller_identity.current",
            "module.eks_n_virginia.module.eks.data.aws_iam_policy_document.assume_role_policy",
            "module.eks_n_virginia.module.eks.data.aws_iam_policy_document.cni_ipv6_policy",
            "module.eks_n_virginia.module.eks.data.aws_iam_session_context.current",
            "module.eks_n_virginia.module.eks.data.aws_partition.current",
            "module.eks_n_virginia.module.eks.module.kms.aws_kms_external_key.this",
            "module.eks_n_virginia.module.eks.module.kms.aws_kms_key.this",
            "module.eks_n_virginia.module.eks.module.kms.data.aws_caller_identity.current",
            "module.eks_n_virginia.module.eks.module.kms.data.aws_iam_policy_document.this",
            "module.eks_n_virginia.module.eks.module.kms.data.aws_partition.current",
            "module.eks_n_virginia.module.vpc.aws_subnet.intra",
            "module.eks_n_virginia.module.vpc.aws_subnet.private",
            "module.eks_n_virginia.module.vpc.aws_vpc.this",
            "module.eks_n_virginia.module.vpc.aws_vpc_ipv4_cidr_block_association.this",
            "module.karpenter_n_virginia.module.karpenter.aws_cloudwatch_event_rule.this",
            "module.karpenter_n_virginia.module.karpenter.aws_sqs_queue.this"
          ]
        },
        {
          "index_key": "spot_interupt",
          "schema_version": 1,
          "attributes": {
            "arn": "arn:aws:sqs:us-east-1:411623750878:Karpenter-linxact-nv",
            "batch_target": [],
            "dead_letter_config": [],
            "ecs_target": [],
            "event_bus_name": "default",
            "http_target": [],
            "id": "KarpenterSpotInterrupt-20240130133730789300000001-KarpenterInterruptionQueueTarget",
            "input": "",
            "input_path": "",
            "input_transformer": [],
            "kinesis_target": [],
            "redshift_target": [],
            "retry_policy": [],
            "role_arn": "",
            "rule": "KarpenterSpotInterrupt-20240130133730789300000001",
            "run_command_targets": [],
            "sqs_target": [],
            "target_id": "KarpenterInterruptionQueueTarget"
          },
          "sensitive_attributes": [],
          "private": "eyJzY2hlbWFfdmVyc2lvbiI6IjEifQ==",
          "dependencies": [
            "module.eks_n_virginia.data.aws_availability_zones.available",
            "module.eks_n_virginia.module.eks.aws_cloudwatch_log_group.this",
            "module.eks_n_virginia.module.eks.aws_eks_cluster.this",
            "module.eks_n_virginia.module.eks.aws_iam_policy.cni_ipv6_policy",
            "module.eks_n_virginia.module.eks.aws_iam_role.this",
            "module.eks_n_virginia.module.eks.aws_iam_role_policy_attachment.this",
            "module.eks_n_virginia.module.eks.aws_security_group.cluster",
            "module.eks_n_virginia.module.eks.aws_security_group.node",
            "module.eks_n_virginia.module.eks.aws_security_group_rule.cluster",
            "module.eks_n_virginia.module.eks.aws_security_group_rule.node",
            "module.eks_n_virginia.module.eks.data.aws_caller_identity.current",
            "module.eks_n_virginia.module.eks.data.aws_iam_policy_document.assume_role_policy",
            "module.eks_n_virginia.module.eks.data.aws_iam_policy_document.cni_ipv6_policy",
            "module.eks_n_virginia.module.eks.data.aws_iam_session_context.current",
            "module.eks_n_virginia.module.eks.data.aws_partition.current",
            "module.eks_n_virginia.module.eks.module.kms.aws_kms_external_key.this",
            "module.eks_n_virginia.module.eks.module.kms.aws_kms_key.this",
            "module.eks_n_virginia.module.eks.module.kms.data.aws_caller_identity.current",
            "module.eks_n_virginia.module.eks.module.kms.data.aws_iam_policy_document.this",
            "module.eks_n_virginia.module.eks.module.kms.data.aws_partition.current",
            "module.eks_n_virginia.module.vpc.aws_subnet.intra",
            "module.eks_n_virginia.module.vpc.aws_subnet.private",
            "module.eks_n_virginia.module.vpc.aws_vpc.this",
            "module.eks_n_virginia.module.vpc.aws_vpc_ipv4_cidr_block_association.this",
            "module.karpenter_n_virginia.module.karpenter.aws_cloudwatch_event_rule.this",
            "module.karpenter_n_virginia.module.karpenter.aws_sqs_queue.this"
          ]
        }
      ]
    },
    {
      "module": "module.karpenter_n_virginia.module.karpenter",
      "mode": "managed",
      "type": "aws_iam_instance_profile",
      "name": "this",
      "provider": "provider[\"registry.terraform.io/hashicorp/aws\"]",
      "instances": [
        {
          "index_key": 0,
          "schema_version": 0,
          "attributes": {
            "arn": "arn:aws:iam::411623750878:instance-profile/Karpenter-linxact-nv-20240130133951440200000005",
            "create_date": "2024-01-30T13:39:50Z",
            "id": "Karpenter-linxact-nv-20240130133951440200000005",
            "name": "Karpenter-linxact-nv-20240130133951440200000005",
            "name_prefix": "Karpenter-linxact-nv-",
            "path": "/",
            "role": "crawl-admin-eks-node-group-20240130132546353300000001",
            "tags": {
              "Environment": "dev",
              "Terraform": "true"
            },
            "tags_all": {
              "Environment": "dev",
              "Terraform": "true"
            },
            "unique_id": "AIPAV7VVP7TPIPANER34T"
          },
          "sensitive_attributes": [],
          "private": "bnVsbA==",
          "dependencies": [
            "module.eks_n_virginia.data.aws_availability_zones.available",
            "module.eks_n_virginia.module.eks.aws_cloudwatch_log_group.this",
            "module.eks_n_virginia.module.eks.aws_eks_cluster.this",
            "module.eks_n_virginia.module.eks.aws_iam_policy.cni_ipv6_policy",
            "module.eks_n_virginia.module.eks.aws_iam_role.this",
            "module.eks_n_virginia.module.eks.aws_iam_role_policy_attachment.this",
            "module.eks_n_virginia.module.eks.aws_security_group.cluster",
            "module.eks_n_virginia.module.eks.aws_security_group.node",
            "module.eks_n_virginia.module.eks.aws_security_group_rule.cluster",
            "module.eks_n_virginia.module.eks.aws_security_group_rule.node",
            "module.eks_n_virginia.module.eks.data.aws_caller_identity.current",
            "module.eks_n_virginia.module.eks.data.aws_iam_policy_document.assume_role_policy",
            "module.eks_n_virginia.module.eks.data.aws_iam_policy_document.cni_ipv6_policy",
            "module.eks_n_virginia.module.eks.data.aws_iam_session_context.current",
            "module.eks_n_virginia.module.eks.data.aws_partition.current",
            "module.eks_n_virginia.module.eks.module.eks_managed_node_group.aws_autoscaling_schedule.this",
            "module.eks_n_virginia.module.eks.module.eks_managed_node_group.aws_eks_node_group.this",
            "module.eks_n_virginia.module.eks.module.eks_managed_node_group.aws_iam_role.this",
            "module.eks_n_virginia.module.eks.module.eks_managed_node_group.aws_iam_role_policy_attachment.additional",
            "module.eks_n_virginia.module.eks.module.eks_managed_node_group.aws_iam_role_policy_attachment.this",
            "module.eks_n_virginia.module.eks.module.eks_managed_node_group.aws_launch_template.this",
            "module.eks_n_virginia.module.eks.module.eks_managed_node_group.data.aws_caller_identity.current",
            "module.eks_n_virginia.module.eks.module.eks_managed_node_group.data.aws_iam_policy_document.assume_role_policy",
            "module.eks_n_virginia.module.eks.module.eks_managed_node_group.data.aws_partition.current",
            "module.eks_n_virginia.module.eks.module.eks_managed_node_group.module.user_data.data.cloudinit_config.linux_eks_managed_node_group",
            "module.eks_n_virginia.module.eks.module.kms.aws_kms_external_key.this",
            "module.eks_n_virginia.module.eks.module.kms.aws_kms_key.this",
            "module.eks_n_virginia.module.eks.module.kms.data.aws_caller_identity.current",
            "module.eks_n_virginia.module.eks.module.kms.data.aws_iam_policy_document.this",
            "module.eks_n_virginia.module.eks.module.kms.data.aws_partition.current",
            "module.eks_n_virginia.module.eks.time_sleep.this",
            "module.eks_n_virginia.module.vpc.aws_subnet.intra",
            "module.eks_n_virginia.module.vpc.aws_subnet.private",
            "module.eks_n_virginia.module.vpc.aws_vpc.this",
            "module.eks_n_virginia.module.vpc.aws_vpc_ipv4_cidr_block_association.this",
            "module.karpenter_n_virginia.module.karpenter.aws_iam_role.this",
            "module.karpenter_n_virginia.module.karpenter.data.aws_iam_policy_document.assume_role",
            "module.karpenter_n_virginia.module.karpenter.data.aws_partition.current"
          ]
        }
      ]
    },
    {
      "module": "module.karpenter_n_virginia.module.karpenter",
      "mode": "managed",
      "type": "aws_iam_policy",
      "name": "irsa",
      "provider": "provider[\"registry.terraform.io/hashicorp/aws\"]",
      "instances": [
        {
          "index_key": 0,
          "schema_version": 0,
          "attributes": {
            "arn": "arn:aws:iam::411623750878:policy/KarpenterIRSA-linxact-nv-20240130133951457300000006",
            "description": "Karpenter IAM role for service account",
            "id": "arn:aws:iam::411623750878:policy/KarpenterIRSA-linxact-nv-20240130133951457300000006",
            "name": "KarpenterIRSA-linxact-nv-20240130133951457300000006",
            "name_prefix": "KarpenterIRSA-linxact-nv-",
            "path": "/",
            "policy": "{\"Statement\":[{\"Action\":[\"pricing:GetProducts\",\"ec2:DescribeSubnets\",\"ec2:DescribeSpotPriceHistory\",\"ec2:DescribeSecurityGroups\",\"ec2:DescribeLaunchTemplates\",\"ec2:DescribeInstances\",\"ec2:DescribeInstanceTypes\",\"ec2:DescribeInstanceTypeOfferings\",\"ec2:DescribeImages\",\"ec2:DescribeAvailabilityZones\",\"ec2:CreateTags\",\"ec2:CreateLaunchTemplate\",\"ec2:CreateFleet\"],\"Effect\":\"Allow\",\"Resource\":\"*\"},{\"Action\":[\"ec2:TerminateInstances\",\"ec2:DeleteLaunchTemplate\"],\"Condition\":{\"StringEquals\":{\"ec2:ResourceTag/karpenter.sh/discovery\":\"linxact-nv\"}},\"Effect\":\"Allow\",\"Resource\":\"*\"},{\"Action\":\"ec2:RunInstances\",\"Condition\":{\"StringEquals\":{\"ec2:ResourceTag/karpenter.sh/discovery\":\"linxact-nv\"}},\"Effect\":\"Allow\",\"Resource\":\"arn:aws:ec2:*:411623750878:launch-template/*\"},{\"Action\":\"ec2:RunInstances\",\"Effect\":\"Allow\",\"Resource\":[\"arn:aws:ec2:*::snapshot/*\",\"arn:aws:ec2:*::image/*\",\"arn:aws:ec2:*:411623750878:volume/*\",\"arn:aws:ec2:*:411623750878:subnet/*\",\"arn:aws:ec2:*:411623750878:spot-instances-request/*\",\"arn:aws:ec2:*:411623750878:security-group/*\",\"arn:aws:ec2:*:411623750878:network-interface/*\",\"arn:aws:ec2:*:411623750878:instance/*\"]},{\"Action\":\"ssm:GetParameter\",\"Effect\":\"Allow\",\"Resource\":\"arn:aws:ssm:*:*:parameter/aws/service/*\"},{\"Action\":\"eks:DescribeCluster\",\"Effect\":\"Allow\",\"Resource\":\"arn:aws:eks:*:411623750878:cluster/linxact-nv\"},{\"Action\":\"iam:PassRole\",\"Effect\":\"Allow\",\"Resource\":\"arn:aws:iam::411623750878:role/crawl-admin-eks-node-group-20240130132546353300000001\"},{\"Action\":[\"sqs:ReceiveMessage\",\"sqs:GetQueueUrl\",\"sqs:GetQueueAttributes\",\"sqs:DeleteMessage\"],\"Effect\":\"Allow\",\"Resource\":\"arn:aws:sqs:us-east-1:411623750878:Karpenter-linxact-nv\"}],\"Version\":\"2012-10-17\"}",
            "policy_id": "ANPAV7VVP7TPEMVCXS6OW",
            "tags": {
              "Environment": "dev",
              "Terraform": "true"
            },
            "tags_all": {
              "Environment": "dev",
              "Terraform": "true"
            }
          },
          "sensitive_attributes": [],
          "private": "bnVsbA==",
          "dependencies": [
            "module.eks_n_virginia.data.aws_availability_zones.available",
            "module.eks_n_virginia.module.eks.aws_cloudwatch_log_group.this",
            "module.eks_n_virginia.module.eks.aws_eks_cluster.this",
            "module.eks_n_virginia.module.eks.aws_iam_policy.cni_ipv6_policy",
            "module.eks_n_virginia.module.eks.aws_iam_role.this",
            "module.eks_n_virginia.module.eks.aws_iam_role_policy_attachment.this",
            "module.eks_n_virginia.module.eks.aws_security_group.cluster",
            "module.eks_n_virginia.module.eks.aws_security_group.node",
            "module.eks_n_virginia.module.eks.aws_security_group_rule.cluster",
            "module.eks_n_virginia.module.eks.aws_security_group_rule.node",
            "module.eks_n_virginia.module.eks.data.aws_caller_identity.current",
            "module.eks_n_virginia.module.eks.data.aws_iam_policy_document.assume_role_policy",
            "module.eks_n_virginia.module.eks.data.aws_iam_policy_document.cni_ipv6_policy",
            "module.eks_n_virginia.module.eks.data.aws_iam_session_context.current",
            "module.eks_n_virginia.module.eks.data.aws_partition.current",
            "module.eks_n_virginia.module.eks.module.eks_managed_node_group.aws_autoscaling_schedule.this",
            "module.eks_n_virginia.module.eks.module.eks_managed_node_group.aws_eks_node_group.this",
            "module.eks_n_virginia.module.eks.module.eks_managed_node_group.aws_iam_role.this",
            "module.eks_n_virginia.module.eks.module.eks_managed_node_group.aws_iam_role_policy_attachment.additional",
            "module.eks_n_virginia.module.eks.module.eks_managed_node_group.aws_iam_role_policy_attachment.this",
            "module.eks_n_virginia.module.eks.module.eks_managed_node_group.aws_launch_template.this",
            "module.eks_n_virginia.module.eks.module.eks_managed_node_group.data.aws_caller_identity.current",
            "module.eks_n_virginia.module.eks.module.eks_managed_node_group.data.aws_iam_policy_document.assume_role_policy",
            "module.eks_n_virginia.module.eks.module.eks_managed_node_group.data.aws_partition.current",
            "module.eks_n_virginia.module.eks.module.eks_managed_node_group.module.user_data.data.cloudinit_config.linux_eks_managed_node_group",
            "module.eks_n_virginia.module.eks.module.kms.aws_kms_external_key.this",
            "module.eks_n_virginia.module.eks.module.kms.aws_kms_key.this",
            "module.eks_n_virginia.module.eks.module.kms.data.aws_caller_identity.current",
            "module.eks_n_virginia.module.eks.module.kms.data.aws_iam_policy_document.this",
            "module.eks_n_virginia.module.eks.module.kms.data.aws_partition.current",
            "module.eks_n_virginia.module.eks.time_sleep.this",
            "module.eks_n_virginia.module.vpc.aws_subnet.intra",
            "module.eks_n_virginia.module.vpc.aws_subnet.private",
            "module.eks_n_virginia.module.vpc.aws_vpc.this",
            "module.eks_n_virginia.module.vpc.aws_vpc_ipv4_cidr_block_association.this",
            "module.karpenter_n_virginia.module.karpenter.aws_iam_role.this",
            "module.karpenter_n_virginia.module.karpenter.aws_sqs_queue.this",
            "module.karpenter_n_virginia.module.karpenter.data.aws_caller_identity.current",
            "module.karpenter_n_virginia.module.karpenter.data.aws_iam_policy_document.assume_role",
            "module.karpenter_n_virginia.module.karpenter.data.aws_iam_policy_document.irsa",
            "module.karpenter_n_virginia.module.karpenter.data.aws_partition.current"
          ]
        }
      ]
    },
    {
      "module": "module.karpenter_n_virginia.module.karpenter",
      "mode": "managed",
      "type": "aws_iam_role",
      "name": "irsa",
      "provider": "provider[\"registry.terraform.io/hashicorp/aws\"]",
      "instances": [
        {
          "index_key": 0,
          "schema_version": 0,
          "attributes": {
            "arn": "arn:aws:iam::411623750878:role/KarpenterIRSA-linxact-nv",
            "assume_role_policy": "{\"Statement\":[{\"Action\":\"sts:AssumeRoleWithWebIdentity\",\"Condition\":{\"StringEquals\":{\"oidc.eks.us-east-1.amazonaws.com/id/CB325A70A56EF92B35BDC66ECAA05724:aud\":\"sts.amazonaws.com\",\"oidc.eks.us-east-1.amazonaws.com/id/CB325A70A56EF92B35BDC66ECAA05724:sub\":\"system:serviceaccount:karpenter:karpenter\"}},\"Effect\":\"Allow\",\"Principal\":{\"Federated\":\"arn:aws:iam::411623750878:oidc-provider/oidc.eks.us-east-1.amazonaws.com/id/CB325A70A56EF92B35BDC66ECAA05724\"}}],\"Version\":\"2012-10-17\"}",
            "create_date": "2024-01-30T13:37:31Z",
            "description": "Karpenter IAM role for service account",
            "force_detach_policies": true,
            "id": "KarpenterIRSA-linxact-nv",
            "inline_policy": [],
            "managed_policy_arns": [
              "arn:aws:iam::411623750878:policy/KarpenterIRSA-linxact-nv-20240130133951457300000006"
            ],
            "max_session_duration": 3600,
            "name": "KarpenterIRSA-linxact-nv",
            "name_prefix": "",
            "path": "/",
            "permissions_boundary": null,
            "tags": {
              "Environment": "dev",
              "Terraform": "true"
            },
            "tags_all": {
              "Environment": "dev",
              "Terraform": "true"
            },
            "unique_id": "AROAV7VVP7TPCLAFCHWRA"
          },
          "sensitive_attributes": [],
          "private": "bnVsbA==",
          "dependencies": [
            "module.eks_n_virginia.data.aws_availability_zones.available",
            "module.eks_n_virginia.module.eks.aws_cloudwatch_log_group.this",
            "module.eks_n_virginia.module.eks.aws_eks_cluster.this",
            "module.eks_n_virginia.module.eks.aws_iam_openid_connect_provider.oidc_provider",
            "module.eks_n_virginia.module.eks.aws_iam_policy.cni_ipv6_policy",
            "module.eks_n_virginia.module.eks.aws_iam_role.this",
            "module.eks_n_virginia.module.eks.aws_iam_role_policy_attachment.this",
            "module.eks_n_virginia.module.eks.aws_security_group.cluster",
            "module.eks_n_virginia.module.eks.aws_security_group.node",
            "module.eks_n_virginia.module.eks.aws_security_group_rule.cluster",
            "module.eks_n_virginia.module.eks.aws_security_group_rule.node",
            "module.eks_n_virginia.module.eks.data.aws_caller_identity.current",
            "module.eks_n_virginia.module.eks.data.aws_iam_policy_document.assume_role_policy",
            "module.eks_n_virginia.module.eks.data.aws_iam_policy_document.cni_ipv6_policy",
            "module.eks_n_virginia.module.eks.data.aws_iam_session_context.current",
            "module.eks_n_virginia.module.eks.data.aws_partition.current",
            "module.eks_n_virginia.module.eks.data.tls_certificate.this",
            "module.eks_n_virginia.module.eks.module.kms.aws_kms_external_key.this",
            "module.eks_n_virginia.module.eks.module.kms.aws_kms_key.this",
            "module.eks_n_virginia.module.eks.module.kms.data.aws_caller_identity.current",
            "module.eks_n_virginia.module.eks.module.kms.data.aws_iam_policy_document.this",
            "module.eks_n_virginia.module.eks.module.kms.data.aws_partition.current",
            "module.eks_n_virginia.module.vpc.aws_subnet.intra",
            "module.eks_n_virginia.module.vpc.aws_subnet.private",
            "module.eks_n_virginia.module.vpc.aws_vpc.this",
            "module.eks_n_virginia.module.vpc.aws_vpc_ipv4_cidr_block_association.this",
            "module.karpenter_n_virginia.module.karpenter.data.aws_iam_policy_document.irsa_assume_role"
          ]
        }
      ]
    },
    {
      "module": "module.karpenter_n_virginia.module.karpenter",
      "mode": "managed",
      "type": "aws_iam_role_policy_attachment",
      "name": "irsa",
      "provider": "provider[\"registry.terraform.io/hashicorp/aws\"]",
      "instances": [
        {
          "index_key": 0,
          "schema_version": 0,
          "attributes": {
            "id": "KarpenterIRSA-linxact-nv-20240130133952550100000007",
            "policy_arn": "arn:aws:iam::411623750878:policy/KarpenterIRSA-linxact-nv-20240130133951457300000006",
            "role": "KarpenterIRSA-linxact-nv"
          },
          "sensitive_attributes": [],
          "private": "bnVsbA==",
          "dependencies": [
            "module.eks_n_virginia.data.aws_availability_zones.available",
            "module.eks_n_virginia.module.eks.aws_cloudwatch_log_group.this",
            "module.eks_n_virginia.module.eks.aws_eks_cluster.this",
            "module.eks_n_virginia.module.eks.aws_iam_openid_connect_provider.oidc_provider",
            "module.eks_n_virginia.module.eks.aws_iam_policy.cni_ipv6_policy",
            "module.eks_n_virginia.module.eks.aws_iam_role.this",
            "module.eks_n_virginia.module.eks.aws_iam_role_policy_attachment.this",
            "module.eks_n_virginia.module.eks.aws_security_group.cluster",
            "module.eks_n_virginia.module.eks.aws_security_group.node",
            "module.eks_n_virginia.module.eks.aws_security_group_rule.cluster",
            "module.eks_n_virginia.module.eks.aws_security_group_rule.node",
            "module.eks_n_virginia.module.eks.data.aws_caller_identity.current",
            "module.eks_n_virginia.module.eks.data.aws_iam_policy_document.assume_role_policy",
            "module.eks_n_virginia.module.eks.data.aws_iam_policy_document.cni_ipv6_policy",
            "module.eks_n_virginia.module.eks.data.aws_iam_session_context.current",
            "module.eks_n_virginia.module.eks.data.aws_partition.current",
            "module.eks_n_virginia.module.eks.data.tls_certificate.this",
            "module.eks_n_virginia.module.eks.module.eks_managed_node_group.aws_autoscaling_schedule.this",
            "module.eks_n_virginia.module.eks.module.eks_managed_node_group.aws_eks_node_group.this",
            "module.eks_n_virginia.module.eks.module.eks_managed_node_group.aws_iam_role.this",
            "module.eks_n_virginia.module.eks.module.eks_managed_node_group.aws_iam_role_policy_attachment.additional",
            "module.eks_n_virginia.module.eks.module.eks_managed_node_group.aws_iam_role_policy_attachment.this",
            "module.eks_n_virginia.module.eks.module.eks_managed_node_group.aws_launch_template.this",
            "module.eks_n_virginia.module.eks.module.eks_managed_node_group.data.aws_caller_identity.current",
            "module.eks_n_virginia.module.eks.module.eks_managed_node_group.data.aws_iam_policy_document.assume_role_policy",
            "module.eks_n_virginia.module.eks.module.eks_managed_node_group.data.aws_partition.current",
            "module.eks_n_virginia.module.eks.module.eks_managed_node_group.module.user_data.data.cloudinit_config.linux_eks_managed_node_group",
            "module.eks_n_virginia.module.eks.module.kms.aws_kms_external_key.this",
            "module.eks_n_virginia.module.eks.module.kms.aws_kms_key.this",
            "module.eks_n_virginia.module.eks.module.kms.data.aws_caller_identity.current",
            "module.eks_n_virginia.module.eks.module.kms.data.aws_iam_policy_document.this",
            "module.eks_n_virginia.module.eks.module.kms.data.aws_partition.current",
            "module.eks_n_virginia.module.eks.time_sleep.this",
            "module.eks_n_virginia.module.vpc.aws_subnet.intra",
            "module.eks_n_virginia.module.vpc.aws_subnet.private",
            "module.eks_n_virginia.module.vpc.aws_vpc.this",
            "module.eks_n_virginia.module.vpc.aws_vpc_ipv4_cidr_block_association.this",
            "module.karpenter_n_virginia.module.karpenter.aws_iam_policy.irsa",
            "module.karpenter_n_virginia.module.karpenter.aws_iam_role.irsa",
            "module.karpenter_n_virginia.module.karpenter.aws_iam_role.this",
            "module.karpenter_n_virginia.module.karpenter.aws_sqs_queue.this",
            "module.karpenter_n_virginia.module.karpenter.data.aws_caller_identity.current",
            "module.karpenter_n_virginia.module.karpenter.data.aws_iam_policy_document.assume_role",
            "module.karpenter_n_virginia.module.karpenter.data.aws_iam_policy_document.irsa",
            "module.karpenter_n_virginia.module.karpenter.data.aws_iam_policy_document.irsa_assume_role",
            "module.karpenter_n_virginia.module.karpenter.data.aws_partition.current"
          ]
        }
      ]
    },
    {
      "module": "module.karpenter_n_virginia.module.karpenter",
      "mode": "managed",
      "type": "aws_sqs_queue",
      "name": "this",
      "provider": "provider[\"registry.terraform.io/hashicorp/aws\"]",
      "instances": [
        {
          "index_key": 0,
          "schema_version": 0,
          "attributes": {
            "arn": "arn:aws:sqs:us-east-1:411623750878:Karpenter-linxact-nv",
            "content_based_deduplication": false,
            "deduplication_scope": "",
            "delay_seconds": 0,
            "fifo_queue": false,
            "fifo_throughput_limit": "",
            "id": "https://sqs.us-east-1.amazonaws.com/411623750878/Karpenter-linxact-nv",
            "kms_data_key_reuse_period_seconds": 300,
            "kms_master_key_id": "",
            "max_message_size": 262144,
            "message_retention_seconds": 300,
            "name": "Karpenter-linxact-nv",
            "name_prefix": "",
            "policy": "{\"Statement\":[{\"Action\":\"sqs:SendMessage\",\"Effect\":\"Allow\",\"Principal\":{\"Service\":[\"sqs.amazonaws.com\",\"events.amazonaws.com\"]},\"Resource\":\"arn:aws:sqs:us-east-1:411623750878:Karpenter-linxact-nv\",\"Sid\":\"SqsWrite\"}],\"Version\":\"2012-10-17\"}",
            "receive_wait_time_seconds": 0,
            "redrive_allow_policy": "",
            "redrive_policy": "",
            "sqs_managed_sse_enabled": true,
            "tags": {
              "Environment": "dev",
              "Terraform": "true"
            },
            "tags_all": {
              "Environment": "dev",
              "Terraform": "true"
            },
            "url": "https://sqs.us-east-1.amazonaws.com/411623750878/Karpenter-linxact-nv",
            "visibility_timeout_seconds": 30
          },
          "sensitive_attributes": [],
          "private": "bnVsbA==",
          "dependencies": [
            "module.eks_n_virginia.data.aws_availability_zones.available",
            "module.eks_n_virginia.module.eks.aws_cloudwatch_log_group.this",
            "module.eks_n_virginia.module.eks.aws_eks_cluster.this",
            "module.eks_n_virginia.module.eks.aws_iam_policy.cni_ipv6_policy",
            "module.eks_n_virginia.module.eks.aws_iam_role.this",
            "module.eks_n_virginia.module.eks.aws_iam_role_policy_attachment.this",
            "module.eks_n_virginia.module.eks.aws_security_group.cluster",
            "module.eks_n_virginia.module.eks.aws_security_group.node",
            "module.eks_n_virginia.module.eks.aws_security_group_rule.cluster",
            "module.eks_n_virginia.module.eks.aws_security_group_rule.node",
            "module.eks_n_virginia.module.eks.data.aws_caller_identity.current",
            "module.eks_n_virginia.module.eks.data.aws_iam_policy_document.assume_role_policy",
            "module.eks_n_virginia.module.eks.data.aws_iam_policy_document.cni_ipv6_policy",
            "module.eks_n_virginia.module.eks.data.aws_iam_session_context.current",
            "module.eks_n_virginia.module.eks.data.aws_partition.current",
            "module.eks_n_virginia.module.eks.module.kms.aws_kms_external_key.this",
            "module.eks_n_virginia.module.eks.module.kms.aws_kms_key.this",
            "module.eks_n_virginia.module.eks.module.kms.data.aws_caller_identity.current",
            "module.eks_n_virginia.module.eks.module.kms.data.aws_iam_policy_document.this",
            "module.eks_n_virginia.module.eks.module.kms.data.aws_partition.current",
            "module.eks_n_virginia.module.vpc.aws_subnet.intra",
            "module.eks_n_virginia.module.vpc.aws_subnet.private",
            "module.eks_n_virginia.module.vpc.aws_vpc.this",
            "module.eks_n_virginia.module.vpc.aws_vpc_ipv4_cidr_block_association.this"
          ]
        }
      ]
    },
    {
      "module": "module.karpenter_n_virginia.module.karpenter",
      "mode": "managed",
      "type": "aws_sqs_queue_policy",
      "name": "this",
      "provider": "provider[\"registry.terraform.io/hashicorp/aws\"]",
      "instances": [
        {
          "index_key": 0,
          "schema_version": 1,
          "attributes": {
            "id": "https://sqs.us-east-1.amazonaws.com/411623750878/Karpenter-linxact-nv",
            "policy": "{\"Statement\":[{\"Action\":\"sqs:SendMessage\",\"Effect\":\"Allow\",\"Principal\":{\"Service\":[\"sqs.amazonaws.com\",\"events.amazonaws.com\"]},\"Resource\":\"arn:aws:sqs:us-east-1:411623750878:Karpenter-linxact-nv\",\"Sid\":\"SqsWrite\"}],\"Version\":\"2012-10-17\"}",
            "queue_url": "https://sqs.us-east-1.amazonaws.com/411623750878/Karpenter-linxact-nv"
          },
          "sensitive_attributes": [],
          "private": "eyJzY2hlbWFfdmVyc2lvbiI6IjEifQ==",
          "dependencies": [
            "module.eks_n_virginia.data.aws_availability_zones.available",
            "module.eks_n_virginia.module.eks.aws_cloudwatch_log_group.this",
            "module.eks_n_virginia.module.eks.aws_eks_cluster.this",
            "module.eks_n_virginia.module.eks.aws_iam_policy.cni_ipv6_policy",
            "module.eks_n_virginia.module.eks.aws_iam_role.this",
            "module.eks_n_virginia.module.eks.aws_iam_role_policy_attachment.this",
            "module.eks_n_virginia.module.eks.aws_security_group.cluster",
            "module.eks_n_virginia.module.eks.aws_security_group.node",
            "module.eks_n_virginia.module.eks.aws_security_group_rule.cluster",
            "module.eks_n_virginia.module.eks.aws_security_group_rule.node",
            "module.eks_n_virginia.module.eks.data.aws_caller_identity.current",
            "module.eks_n_virginia.module.eks.data.aws_iam_policy_document.assume_role_policy",
            "module.eks_n_virginia.module.eks.data.aws_iam_policy_document.cni_ipv6_policy",
            "module.eks_n_virginia.module.eks.data.aws_iam_session_context.current",
            "module.eks_n_virginia.module.eks.data.aws_partition.current",
            "module.eks_n_virginia.module.eks.module.kms.aws_kms_external_key.this",
            "module.eks_n_virginia.module.eks.module.kms.aws_kms_key.this",
            "module.eks_n_virginia.module.eks.module.kms.data.aws_caller_identity.current",
            "module.eks_n_virginia.module.eks.module.kms.data.aws_iam_policy_document.this",
            "module.eks_n_virginia.module.eks.module.kms.data.aws_partition.current",
            "module.eks_n_virginia.module.vpc.aws_subnet.intra",
            "module.eks_n_virginia.module.vpc.aws_subnet.private",
            "module.eks_n_virginia.module.vpc.aws_vpc.this",
            "module.eks_n_virginia.module.vpc.aws_vpc_ipv4_cidr_block_association.this",
            "module.karpenter_n_virginia.module.karpenter.aws_sqs_queue.this",
            "module.karpenter_n_virginia.module.karpenter.data.aws_iam_policy_document.queue",
            "module.karpenter_n_virginia.module.karpenter.data.aws_partition.current"
          ]
        }
      ]
    }
  ],
  "check_results": null
}
