{
  "version": 4,
  "terraform_version": "1.6.6",
  "serial": 4035,
  "lineage": "4b06434a-c978-63bd-ec3d-8b8b79e0b36d",
  "outputs": {},
  "resources": [
    {
      "module": "module.eks_n_virginia[0]",
      "mode": "data",
      "type": "aws_availability_zones",
      "name": "available",
      "provider": "provider[\"registry.terraform.io/hashicorp/aws\"].n_virginia",
      "instances": [
        {
          "schema_version": 0,
          "attributes": {
            "all_availability_zones": null,
            "exclude_names": null,
            "exclude_zone_ids": null,
            "filter": [
              {
                "name": "opt-in-status",
                "values": [
                  "opt-in-not-required"
                ]
              }
            ],
            "group_names": [
              "us-east-1"
            ],
            "id": "us-east-1",
            "names": [
              "us-east-1a",
              "us-east-1b",
              "us-east-1c",
              "us-east-1d",
              "us-east-1e",
              "us-east-1f"
            ],
            "state": null,
            "timeouts": null,
            "zone_ids": [
              "use1-az4",
              "use1-az6",
              "use1-az1",
              "use1-az2",
              "use1-az3",
              "use1-az5"
            ]
          },
          "sensitive_attributes": []
        }
      ]
    },
    {
      "module": "module.eks_n_virginia[0]",
      "mode": "managed",
      "type": "null_resource",
      "name": "merge_kubeconfig",
      "provider": "provider[\"registry.terraform.io/hashicorp/null\"]",
      "instances": [
        {
          "index_key": 0,
          "schema_version": 0,
          "attributes": {
            "id": "918951484746411014",
            "triggers": {
              "always": "2024-01-14T19:37:59Z"
            }
          },
          "sensitive_attributes": [],
          "dependencies": [
            "module.eks_n_virginia.data.aws_availability_zones.available",
            "module.eks_n_virginia.module.eks.aws_cloudwatch_log_group.this",
            "module.eks_n_virginia.module.eks.aws_eks_cluster.this",
            "module.eks_n_virginia.module.eks.aws_iam_policy.cni_ipv6_policy",
            "module.eks_n_virginia.module.eks.aws_iam_role.this",
            "module.eks_n_virginia.module.eks.aws_iam_role_policy_attachment.this",
            "module.eks_n_virginia.module.eks.aws_security_group.cluster",
            "module.eks_n_virginia.module.eks.aws_security_group.node",
            "module.eks_n_virginia.module.eks.aws_security_group_rule.cluster",
            "module.eks_n_virginia.module.eks.aws_security_group_rule.node",
            "module.eks_n_virginia.module.eks.data.aws_caller_identity.current",
            "module.eks_n_virginia.module.eks.data.aws_iam_policy_document.assume_role_policy",
            "module.eks_n_virginia.module.eks.data.aws_iam_policy_document.cni_ipv6_policy",
            "module.eks_n_virginia.module.eks.data.aws_iam_session_context.current",
            "module.eks_n_virginia.module.eks.data.aws_partition.current",
            "module.eks_n_virginia.module.eks.module.kms.aws_kms_external_key.this",
            "module.eks_n_virginia.module.eks.module.kms.aws_kms_key.this",
            "module.eks_n_virginia.module.eks.module.kms.data.aws_caller_identity.current",
            "module.eks_n_virginia.module.eks.module.kms.data.aws_iam_policy_document.this",
            "module.eks_n_virginia.module.eks.module.kms.data.aws_partition.current",
            "module.eks_n_virginia.module.vpc.aws_subnet.private",
            "module.eks_n_virginia.module.vpc.aws_vpc.this",
            "module.eks_n_virginia.module.vpc.aws_vpc_ipv4_cidr_block_association.this"
          ]
        }
      ]
    },
    {
      "module": "module.eks_n_virginia[0]",
      "mode": "managed",
      "type": "random_string",
      "name": "suffix",
      "provider": "provider[\"registry.terraform.io/hashicorp/random\"]",
      "instances": [
        {
          "schema_version": 2,
          "attributes": {
            "id": "sPRdilX8",
            "keepers": null,
            "length": 8,
            "lower": true,
            "min_lower": 0,
            "min_numeric": 0,
            "min_special": 0,
            "min_upper": 0,
            "number": true,
            "numeric": true,
            "override_special": null,
            "result": "sPRdilX8",
            "special": false,
            "upper": true
          },
          "sensitive_attributes": []
        }
      ]
    },
    {
      "module": "module.eks_n_virginia[0].module.eks",
      "mode": "data",
      "type": "aws_caller_identity",
      "name": "current",
      "provider": "provider[\"registry.terraform.io/hashicorp/aws\"].n_virginia",
      "instances": [
        {
          "schema_version": 0,
          "attributes": {
            "account_id": "411623750878",
            "arn": "arn:aws:iam::411623750878:user/olexiy",
            "id": "411623750878",
            "user_id": "AIDAV7VVP7TPJ6HRCC3PA"
          },
          "sensitive_attributes": []
        }
      ]
    },
    {
      "module": "module.eks_n_virginia[0].module.eks",
      "mode": "data",
      "type": "aws_iam_policy_document",
      "name": "assume_role_policy",
      "provider": "provider[\"registry.terraform.io/hashicorp/aws\"].n_virginia",
      "instances": [
        {
          "index_key": 0,
          "schema_version": 0,
          "attributes": {
            "id": "2764486067",
            "json": "{\n  \"Version\": \"2012-10-17\",\n  \"Statement\": [\n    {\n      \"Sid\": \"EKSClusterAssumeRole\",\n      \"Effect\": \"Allow\",\n      \"Action\": \"sts:AssumeRole\",\n      \"Principal\": {\n        \"Service\": \"eks.amazonaws.com\"\n      }\n    }\n  ]\n}",
            "override_policy_documents": null,
            "policy_id": null,
            "source_policy_documents": null,
            "statement": [
              {
                "actions": [
                  "sts:AssumeRole"
                ],
                "condition": [],
                "effect": "Allow",
                "not_actions": [],
                "not_principals": [],
                "not_resources": [],
                "principals": [
                  {
                    "identifiers": [
                      "eks.amazonaws.com"
                    ],
                    "type": "Service"
                  }
                ],
                "resources": [],
                "sid": "EKSClusterAssumeRole"
              }
            ],
            "version": "2012-10-17"
          },
          "sensitive_attributes": []
        }
      ]
    },
    {
      "module": "module.eks_n_virginia[0].module.eks",
      "mode": "data",
      "type": "aws_iam_policy_document",
      "name": "cni_ipv6_policy",
      "provider": "provider[\"registry.terraform.io/hashicorp/aws\"].n_virginia",
      "instances": []
    },
    {
      "module": "module.eks_n_virginia[0].module.eks",
      "mode": "data",
      "type": "aws_iam_session_context",
      "name": "current",
      "provider": "provider[\"registry.terraform.io/hashicorp/aws\"].n_virginia",
      "instances": [
        {
          "schema_version": 0,
          "attributes": {
            "arn": "arn:aws:iam::411623750878:user/olexiy",
            "id": "arn:aws:iam::411623750878:user/olexiy",
            "issuer_arn": "arn:aws:iam::411623750878:user/olexiy",
            "issuer_id": "",
            "issuer_name": "",
            "session_name": ""
          },
          "sensitive_attributes": []
        }
      ]
    },
    {
      "module": "module.eks_n_virginia[0].module.eks",
      "mode": "data",
      "type": "aws_partition",
      "name": "current",
      "provider": "provider[\"registry.terraform.io/hashicorp/aws\"].n_virginia",
      "instances": [
        {
          "schema_version": 0,
          "attributes": {
            "dns_suffix": "amazonaws.com",
            "id": "aws",
            "partition": "aws",
            "reverse_dns_prefix": "com.amazonaws"
          },
          "sensitive_attributes": []
        }
      ]
    },
    {
      "module": "module.eks_n_virginia[0].module.eks",
      "mode": "data",
      "type": "tls_certificate",
      "name": "this",
      "provider": "provider[\"registry.terraform.io/hashicorp/tls\"]",
      "instances": [
        {
          "index_key": 0,
          "schema_version": 0,
          "attributes": {
            "certificates": [
              {
                "cert_pem": "-----BEGIN CERTIFICATE-----\nMIIEdTCCA12gAwIBAgIJAKcOSkw0grd/MA0GCSqGSIb3DQEBCwUAMGgxCzAJBgNV\nBAYTAlVTMSUwIwYDVQQKExxTdGFyZmllbGQgVGVjaG5vbG9naWVzLCBJbmMuMTIw\nMAYDVQQLEylTdGFyZmllbGQgQ2xhc3MgMiBDZXJ0aWZpY2F0aW9uIEF1dGhvcml0\neTAeFw0wOTA5MDIwMDAwMDBaFw0zNDA2MjgxNzM5MTZaMIGYMQswCQYDVQQGEwJV\nUzEQMA4GA1UECBMHQXJpem9uYTETMBEGA1UEBxMKU2NvdHRzZGFsZTElMCMGA1UE\nChMcU3RhcmZpZWxkIFRlY2hub2xvZ2llcywgSW5jLjE7MDkGA1UEAxMyU3RhcmZp\nZWxkIFNlcnZpY2VzIFJvb3QgQ2VydGlmaWNhdGUgQXV0aG9yaXR5IC0gRzIwggEi\nMA0GCSqGSIb3DQEBAQUAA4IBDwAwggEKAoIBAQDVDDrEKvlO4vW+GZdfjohTsR8/\ny8+fIBNtKTrID30892t2OGPZNmCom15cAICyL1l/9of5JUOG52kbUpqQ4XHj2C0N\nTm/2yEnZtvMaVq4rtnQU68/7JuMauh2WLmo7WJSJR1b/JaCTcFOD2oR0FMNnngRo\nOt+OQFodSk7PQ5E751bWAHDLUu57fa4657wx+UX2wmDPE1kCK4DMNEffud6QZW0C\nzyyRpqbn3oUYSXxmTqM6bam17jQuug0DuDPfR+uxa40l2ZvOgdFFRjKWcIfeAg5J\nQ4W2bHO7ZOphQazJ1FTfhy/HIrImzJ9ZVGif/L4qL8RVHHVAYBeFAlU5i38FAgMB\nAAGjgfAwge0wDwYDVR0TAQH/BAUwAwEB/zAOBgNVHQ8BAf8EBAMCAYYwHQYDVR0O\nBBYEFJxfAN+qAdcwKziIorhtSpzyEZGDMB8GA1UdIwQYMBaAFL9ft9HO3R+G9FtV\nrNzXEMIOqYjnME8GCCsGAQUFBwEBBEMwQTAcBggrBgEFBQcwAYYQaHR0cDovL28u\nc3MyLnVzLzAhBggrBgEFBQcwAoYVaHR0cDovL3guc3MyLnVzL3guY2VyMCYGA1Ud\nHwQfMB0wG6AZoBeGFWh0dHA6Ly9zLnNzMi51cy9yLmNybDARBgNVHSAECjAIMAYG\nBFUdIAAwDQYJKoZIhvcNAQELBQADggEBACMd44pXyn3pF3lM8R5V/cxTbj5HD9/G\nVfKyBDbtgB9TxF00KGu+x1X8Z+rLP3+QsjPNG1gQggL4+C/1E2DUBc7xgQjB3ad1\nl08YuW3e95ORCLp+QCztweq7dp4zBncdDQh/U90bZKuCJ/Fp1U1ervShw3WnWEQt\n8jxwmKy6abaVd38PMV4s/KCHOkdp8Hlf9BRUpJVeEXgSYCfOn8J3/yNTd126/+pZ\n59vPr5KW7ySaNRB6nJHGDn2Z9j8Z3/VyVOEVqQdZe4O/Ui5GjLIAZHYcSNPYeehu\nVsyuLAOQ1xk4meTKCRlb/weWsKh/NEnfVqn3sF/tM+2MR7cwA130A4w=\n-----END CERTIFICATE-----\n",
                "is_ca": true,
                "issuer": "OU=Starfield Class 2 Certification Authority,O=Starfield Technologies\\, Inc.,C=US",
                "not_after": "2034-06-28T17:39:16Z",
                "not_before": "2009-09-02T00:00:00Z",
                "public_key_algorithm": "RSA",
                "serial_number": "12037640545166866303",
                "sha1_fingerprint": "9e99a48a9960b14926bb7f3b02e22da2b0ab7280",
                "signature_algorithm": "SHA256-RSA",
                "subject": "CN=Starfield Services Root Certificate Authority - G2,O=Starfield Technologies\\, Inc.,L=Scottsdale,ST=Arizona,C=US",
                "version": 3
              },
              {
                "cert_pem": "-----BEGIN CERTIFICATE-----\nMIIEkjCCA3qgAwIBAgITBn+USionzfP6wq4rAfkI7rnExjANBgkqhkiG9w0BAQsF\nADCBmDELMAkGA1UEBhMCVVMxEDAOBgNVBAgTB0FyaXpvbmExEzARBgNVBAcTClNj\nb3R0c2RhbGUxJTAjBgNVBAoTHFN0YXJmaWVsZCBUZWNobm9sb2dpZXMsIEluYy4x\nOzA5BgNVBAMTMlN0YXJmaWVsZCBTZXJ2aWNlcyBSb290IENlcnRpZmljYXRlIEF1\ndGhvcml0eSAtIEcyMB4XDTE1MDUyNTEyMDAwMFoXDTM3MTIzMTAxMDAwMFowOTEL\nMAkGA1UEBhMCVVMxDzANBgNVBAoTBkFtYXpvbjEZMBcGA1UEAxMQQW1hem9uIFJv\nb3QgQ0EgMTCCASIwDQYJKoZIhvcNAQEBBQADggEPADCCAQoCggEBALJ4gHHKeNXj\nca9HgFB0fW7Y14h29Jlo91ghYPl0hAEvrAIthtOgQ3pOsqTQNroBvo3bSMgHFzZM\n9O6II8c+6zf1tRn4SWiw3te5djgdYZ6k/oI2peVKVuRF4fn9tBb6dNqcmzU5L/qw\nIFAGbHrQgLKm+a/sRxmPUDgH3KKHOVj4utWp+UhnMJbulHheb4mjUcAwhmahRWa6\nVOujw5H5SNz/0egwLX0tdHA114gk957EWW67c4cX8jJGKLhD+rcdqsq08p8kDi1L\n93FcXmn/6pUCyziKrlA4b9v7LWIbxcceVOF34GfID5yHI9Y/QCB/IIDEgEw+OyQm\njgSubJrIqg0CAwEAAaOCATEwggEtMA8GA1UdEwEB/wQFMAMBAf8wDgYDVR0PAQH/\nBAQDAgGGMB0GA1UdDgQWBBSEGMyFNOy8DJSULghZnMeyEE4KCDAfBgNVHSMEGDAW\ngBScXwDfqgHXMCs4iKK4bUqc8hGRgzB4BggrBgEFBQcBAQRsMGowLgYIKwYBBQUH\nMAGGImh0dHA6Ly9vY3NwLnJvb3RnMi5hbWF6b250cnVzdC5jb20wOAYIKwYBBQUH\nMAKGLGh0dHA6Ly9jcnQucm9vdGcyLmFtYXpvbnRydXN0LmNvbS9yb290ZzIuY2Vy\nMD0GA1UdHwQ2MDQwMqAwoC6GLGh0dHA6Ly9jcmwucm9vdGcyLmFtYXpvbnRydXN0\nLmNvbS9yb290ZzIuY3JsMBEGA1UdIAQKMAgwBgYEVR0gADANBgkqhkiG9w0BAQsF\nAAOCAQEAYjdCXLwQtT6LLOkMm2xF4gcAevnFWAu5CIw+7bMlPLVvUOTNNWqnkzSW\nMiGpSESrnO09tKpzbeR/FoCJbM8oAxiDR3mjEH4wW6w7sGDgd9QIpuEdfF7Au/ma\neyKdpwAJfqxGF4PcnCZXmTA5YpaP7dreqsXMGz7KQ2hsVxa81Q4gLv7/wmpdLqBK\nbRRYh5TmOTFffHPLkIhqhBGWJ6bt2YFGpn6jcgAKUj6DiAdjd4lpFw85hdKrCEVN\n0FE6/V1dN2RMfjCyVSRCnTawXZwXgWHxyvkQAiSr6w10kY17RSlQOYiypok1JR4U\nakcjMS9cmvqtmg5iUaQqqcT5NJ0hGA==\n-----END CERTIFICATE-----\n",
                "is_ca": true,
                "issuer": "CN=Starfield Services Root Certificate Authority - G2,O=Starfield Technologies\\, Inc.,L=Scottsdale,ST=Arizona,C=US",
                "not_after": "2037-12-31T01:00:00Z",
                "not_before": "2015-05-25T12:00:00Z",
                "public_key_algorithm": "RSA",
                "serial_number": "144918191876577076464031512351042010504348870",
                "sha1_fingerprint": "06b25927c42a721631c1efd9431e648fa62e1e39",
                "signature_algorithm": "SHA256-RSA",
                "subject": "CN=Amazon Root CA 1,O=Amazon,C=US",
                "version": 3
              },
              {
                "cert_pem": "-----BEGIN CERTIFICATE-----\nMIIEXjCCA0agAwIBAgITB3MSSkvL1E7HtTvq8ZSELToPoTANBgkqhkiG9w0BAQsF\nADA5MQswCQYDVQQGEwJVUzEPMA0GA1UEChMGQW1hem9uMRkwFwYDVQQDExBBbWF6\nb24gUm9vdCBDQSAxMB4XDTIyMDgyMzIyMjUzMFoXDTMwMDgyMzIyMjUzMFowPDEL\nMAkGA1UEBhMCVVMxDzANBgNVBAoTBkFtYXpvbjEcMBoGA1UEAxMTQW1hem9uIFJT\nQSAyMDQ4IE0wMjCCASIwDQYJKoZIhvcNAQEBBQADggEPADCCAQoCggEBALtDGMZa\nqHneKei1by6+pUPPLljTB143Si6VpEWPc6mSkFhZb/6qrkZyoHlQLbDYnI2D7hD0\nsdzEqfnuAjIsuXQLG3A8TvX6V3oFNBFVe8NlLJHvBseKY88saLwufxkZVwk74g4n\nWlNMXzla9Y5F3wwRHwMVH443xGz6UtGSZSqQ94eFx5X7Tlqt8whi8qCaKdZ5rNak\n+r9nUThOeClqFd4oXych//Rc7Y0eX1KNWHYSI1Nk31mYgiK3JvH063g+K9tHA63Z\neTgKgndlh+WI+zv7i44HepRZjA1FYwYZ9Vv/9UkC5Yz8/yU65fgjaE+wVHM4e/Yy\nC2osrPWE7gJ+dXMCAwEAAaOCAVowggFWMBIGA1UdEwEB/wQIMAYBAf8CAQAwDgYD\nVR0PAQH/BAQDAgGGMB0GA1UdJQQWMBQGCCsGAQUFBwMBBggrBgEFBQcDAjAdBgNV\nHQ4EFgQUwDFSzVpQw4J8dHHOy+mc+XrrguIwHwYDVR0jBBgwFoAUhBjMhTTsvAyU\nlC4IWZzHshBOCggwewYIKwYBBQUHAQEEbzBtMC8GCCsGAQUFBzABhiNodHRwOi8v\nb2NzcC5yb290Y2ExLmFtYXpvbnRydXN0LmNvbTA6BggrBgEFBQcwAoYuaHR0cDov\nL2NydC5yb290Y2ExLmFtYXpvbnRydXN0LmNvbS9yb290Y2ExLmNlcjA/BgNVHR8E\nODA2MDSgMqAwhi5odHRwOi8vY3JsLnJvb3RjYTEuYW1hem9udHJ1c3QuY29tL3Jv\nb3RjYTEuY3JsMBMGA1UdIAQMMAowCAYGZ4EMAQIBMA0GCSqGSIb3DQEBCwUAA4IB\nAQAtTi6Fs0Azfi+iwm7jrz+CSxHH+uHl7Law3MQSXVtR8RV53PtR6r/6gNpqlzdo\nZq4FKbADi1v9Bun8RY8D51uedRfjsbeodizeBB8nXmeyD33Ep7VATj4ozcd31YFV\nfgRhvTSxNrrTlNpWkUk0m3BMPv8sg381HhA6uEYokE5q9uws/3YkKqRiEz3TsaWm\nJqIRZhMbgAfp7O7FUwFIb7UIspogZSKxPIWJpxiPo3TcBambbVtQOcNRWz5qCQdD\nslI2yayq0n2TXoHyNCLEH8rpsJRVILFsg0jc7BaFrMnF462+ajSehgj12IidNeRN\n4zl+EoNaWdpnWndvSpAEkq2P\n-----END CERTIFICATE-----\n",
                "is_ca": true,
                "issuer": "CN=Amazon Root CA 1,O=Amazon,C=US",
                "not_after": "2030-08-23T22:25:30Z",
                "not_before": "2022-08-23T22:25:30Z",
                "public_key_algorithm": "RSA",
                "serial_number": "166129353110899469622597955040406457904926625",
                "sha1_fingerprint": "414a2060b738c635cc7fc243e052615592830c53",
                "signature_algorithm": "SHA256-RSA",
                "subject": "CN=Amazon RSA 2048 M02,O=Amazon,C=US",
                "version": 3
              },
              {
                "cert_pem": "-----BEGIN CERTIFICATE-----\nMIIF7DCCBNSgAwIBAgIQByOkjeOvl//8xMrhlZkruzANBgkqhkiG9w0BAQsFADA8\nMQswCQYDVQQGEwJVUzEPMA0GA1UEChMGQW1hem9uMRwwGgYDVQQDExNBbWF6b24g\nUlNBIDIwNDggTTAyMB4XDTIzMDUxMzAwMDAwMFoXDTI0MDYxMDIzNTk1OVowKzEp\nMCcGA1UEAxMgb2lkYy5la3MudXMtZWFzdC0xLmFtYXpvbmF3cy5jb20wggEiMA0G\nCSqGSIb3DQEBAQUAA4IBDwAwggEKAoIBAQClT+mO1HZk/Gp/3sS6BO8QDhG0yK53\nE11wkdlUn9HEomcqZ2VVhbEG4ahOZY5MLUqIQViMswUueYFov57zyGnPSnH0IrMu\nmL3/dqxEwP96VPm5ZgbjCfartRfJcuYmmMCoWxocMdTq09ECEjawt47i4FmOLJmH\n+UUnisQgHMvPHtCrfL1WYAgdN3ls4meIFkS1CVHLmoCG9MuponJu3+uqw9UHxPZz\nvGLezHUUSzLE0+b+1Wd6DAPJBZmCa+PBweaRfrlqhhgW+QHcCK7XxlfwMxvzwmdv\nicOBHF7SJM/o3opUvrUf/XJCtCDHuv0GQNxyCcpJImQJ4Ae0MtEihY/rAgMBAAGj\nggL5MIIC9TAfBgNVHSMEGDAWgBTAMVLNWlDDgnx0cc7L6Zz5euuC4jAdBgNVHQ4E\nFgQUeamiamg4o8YroTJziJnlxHJnDdEwKwYDVR0RBCQwIoIgb2lkYy5la3MudXMt\nZWFzdC0xLmFtYXpvbmF3cy5jb20wDgYDVR0PAQH/BAQDAgWgMB0GA1UdJQQWMBQG\nCCsGAQUFBwMBBggrBgEFBQcDAjA7BgNVHR8ENDAyMDCgLqAshipodHRwOi8vY3Js\nLnIybTAyLmFtYXpvbnRydXN0LmNvbS9yMm0wMi5jcmwwEwYDVR0gBAwwCjAIBgZn\ngQwBAgEwdQYIKwYBBQUHAQEEaTBnMC0GCCsGAQUFBzABhiFodHRwOi8vb2NzcC5y\nMm0wMi5hbWF6b250cnVzdC5jb20wNgYIKwYBBQUHMAKGKmh0dHA6Ly9jcnQucjJt\nMDIuYW1hem9udHJ1c3QuY29tL3IybTAyLmNlcjAMBgNVHRMBAf8EAjAAMIIBfgYK\nKwYBBAHWeQIEAgSCAW4EggFqAWgAdgDuzdBk1dsazsVct520zROiModGfLzs3sNR\nSFlGcR+1mwAAAYgTgMKgAAAEAwBHMEUCIHtTzRueHJdgA2Wq32YkXNXRJ1ZRD2uC\nQCn025Jin2hCAiEAlV/lCQaMq1JoBRlULDV7n9f/VS8+xyJSVgMFRFwFtzsAdgBI\nsONr2qZHNA/lagL6nTDrHFIBy1bdLIHZu7+rOdiEcwAAAYgTgMLXAAAEAwBHMEUC\nIAKsJE1jj4gpyaa2VgkbHFszMoco2rABil1iy2YvVzmTAiEAsuzpO1atz7WIx1CM\nMU9iMqq58yDpLhjQFktRuWamDlsAdgDatr9rP7W2Ip+bwrtca+hwkXFsu1GEhTS9\npD0wSNf7qwAAAYgTgMKjAAAEAwBHMEUCIHuwITeM92ncsbOvXgXPQjLHDLgReknJ\nTUoo4uIlPetJAiEApQ3W+NHlj6/RhckoAxGn4zE1alq+Y3Bk3JUFAvDrR78wDQYJ\nKoZIhvcNAQELBQADggEBAFNUUzuzuuDQMUvefHzllQPg/zbGNeDRZeOomSl1FrxS\nFJ0CA2vznfoTXAJLS2/aWlQT9mR3h6WlxI5XSUaLrzcZi94F+l6Ixn8DJUhfgf+O\nZUxtmBX91AEQ1ccU+Odj2ILrWdSs28J82ODoPlkJ6OqIYo+kEXrUwy8SM2N9iFJw\nHgZNOwzPQ2Ox/ozlRh6/6OUgYZ84j343BoDnNbTQijLBe6HL4pVw4nPKWrUQnTot\nxMymAcBknnb4X4TcmEoJ0CrB1H6FKfe8yASCLjwSC72Os9ADyADMZqTUSOH1V8Vh\nR3Zv4DlLItu8BHaE59teueLM9AW1PBFMci5JiYrgLEM=\n-----END CERTIFICATE-----\n",
                "is_ca": false,
                "issuer": "CN=Amazon RSA 2048 M02,O=Amazon,C=US",
                "not_after": "2024-06-10T23:59:59Z",
                "not_before": "2023-05-13T00:00:00Z",
                "public_key_algorithm": "RSA",
                "serial_number": "9489663917354420509896793514074254267",
                "sha1_fingerprint": "aaa68bb211d468db8a8a19561ccba2e4043dcc80",
                "signature_algorithm": "SHA256-RSA",
                "subject": "CN=oidc.eks.us-east-1.amazonaws.com",
                "version": 3
              }
            ],
            "content": null,
            "id": "5933588ce34e24e9fb40c3565fb0b5993639df67",
            "url": "https://oidc.eks.us-east-1.amazonaws.com/id/6801FCEDDE3F70FF13F3C808A73A283E",
            "verify_chain": true
          },
          "sensitive_attributes": []
        }
      ]
    },
    {
      "module": "module.eks_n_virginia[0].module.eks",
      "mode": "managed",
      "type": "aws_cloudwatch_log_group",
      "name": "this",
      "provider": "provider[\"registry.terraform.io/hashicorp/aws\"].n_virginia",
      "instances": [
        {
          "index_key": 0,
          "schema_version": 0,
          "attributes": {
            "arn": "arn:aws:logs:us-east-1:411623750878:log-group:/aws/eks/linxact-nv/cluster",
            "id": "/aws/eks/linxact-nv/cluster",
            "kms_key_id": "",
            "name": "/aws/eks/linxact-nv/cluster",
            "name_prefix": "",
            "retention_in_days": 90,
            "skip_destroy": false,
            "tags": {
              "Name": "/aws/eks/linxact-nv/cluster"
            },
            "tags_all": {
              "Name": "/aws/eks/linxact-nv/cluster"
            }
          },
          "sensitive_attributes": [],
          "private": "bnVsbA=="
        }
      ]
    },
    {
      "module": "module.eks_n_virginia[0].module.eks",
      "mode": "managed",
      "type": "aws_eks_cluster",
      "name": "this",
      "provider": "provider[\"registry.terraform.io/hashicorp/aws\"].n_virginia",
      "instances": [
        {
          "index_key": 0,
          "schema_version": 0,
          "attributes": {
            "arn": "arn:aws:eks:us-east-1:411623750878:cluster/linxact-nv",
            "certificate_authority": [
              {
                "data": "LS0tLS1CRUdJTiBDRVJUSUZJQ0FURS0tLS0tCk1JSURCVENDQWUyZ0F3SUJBZ0lJQVZxM2puQmhMaTR3RFFZSktvWklodmNOQVFFTEJRQXdGVEVUTUJFR0ExVUUKQXhNS2EzVmlaWEp1WlhSbGN6QWVGdzB5TkRBeE1UUXhPVEk0TkRoYUZ3MHpOREF4TVRFeE9UTXpORGhhTUJVeApFekFSQmdOVkJBTVRDbXQxWW1WeWJtVjBaWE13Z2dFaU1BMEdDU3FHU0liM0RRRUJBUVVBQTRJQkR3QXdnZ0VLCkFvSUJBUURsN3UwaUhDNDRaSnZ4WnZkUlJ5WFRoV3U5ekoxSVFTVFBYZ0p4eTZqbzlDOFh2V3lrVXRJcWgycnEKVVRVOGNJeXJKYW11Skxsdzk4cEFvaitMa0s4ZVFmQWpoaWhuY2ltaXNHVVhDbzFBK2tTUEJndEt3bVovNDFRdgpQM21JeVM4MEpDWVpzbDBuZ1Z0bUcyUFVDd2xtek5DOU5mNkE2SWUvZllIQ3lsVUkyOU1aa1hJMERkMXZoV25uCmFveUowNzVQSlhjbmoyanZOQ0I5K2hDdVZlNGdIQWpZZkk3NUJjd0EybFoxbGlOdzNFMUtpUlIvZ21hQlNpQ1gKaU9YTFJwTU1SUHREYWt3c1loWVpGMnNiQXVVRi8yNklTbUZQTUloMFVnMmhwR1RPVUk3eUk3a2hmVjRsUTFJNQpUOUg0dndhcDBLK3BKdEFVNENNZGpJOXNrVi83QWdNQkFBR2pXVEJYTUE0R0ExVWREd0VCL3dRRUF3SUNwREFQCkJnTlZIUk1CQWY4RUJUQURBUUgvTUIwR0ExVWREZ1FXQkJRckFQUzQ2cnRWU3h2dXgveFdFYmhlZnNFeXRUQVYKQmdOVkhSRUVEakFNZ2dwcmRXSmxjbTVsZEdWek1BMEdDU3FHU0liM0RRRUJDd1VBQTRJQkFRRE0zSWFKaStORApoZ1dSNU9URFFiL2E3M09ya3IzbVNZcmlzckw3Y0tuZzFFSmltNHdFb3dJR0x1V1JNdWxFUWhHMmdKUDQyUmxuCi9yeEl2bHBteHlwUUFpNnhaUTFCQzhtSXA1WnFyRnRPZXlsZ0t5V1dHS0x4ZXZ6ZHVPaGJUMGpRVW9qc1JmcXYKa2xBTXVwZ3J1WW12UnBmY0hlZ2g0cU9rbE5iaDFNdzg5elBFMC9aSkRWYWVjZDVtN2M2SER3endUUlZqbW95UApSWTFDa1pZZDBHZHoxUm1yYnJZZTBBZGZvSG53N2czeGVOdzgrL0hIR0d0MThrM2pmbXRodlF3OVJiSnA5VXV4CmhQcmFXOFU4a1o0QTNoVGNWZEx1c1FGTlRBTFVNZkxZS0l6VGozODBEODV1cnUvN0dzU0lueU9xUUNPMlgzYzMKRit0bXZUVzJoVWl4Ci0tLS0tRU5EIENFUlRJRklDQVRFLS0tLS0K"
              }
            ],
            "cluster_id": null,
            "created_at": "2024-01-14 19:28:37.605 +0000 UTC",
            "enabled_cluster_log_types": [
              "api",
              "audit",
              "authenticator"
            ],
            "encryption_config": [
              {
                "provider": [
                  {
                    "key_arn": "arn:aws:kms:us-east-1:411623750878:key/7151bd72-7828-4e0c-8b15-75ab820775da"
                  }
                ],
                "resources": [
                  "secrets"
                ]
              }
            ],
            "endpoint": "https://6801FCEDDE3F70FF13F3C808A73A283E.gr7.us-east-1.eks.amazonaws.com",
            "id": "linxact-nv",
            "identity": [
              {
                "oidc": [
                  {
                    "issuer": "https://oidc.eks.us-east-1.amazonaws.com/id/6801FCEDDE3F70FF13F3C808A73A283E"
                  }
                ]
              }
            ],
            "kubernetes_network_config": [
              {
                "ip_family": "ipv4",
                "service_ipv4_cidr": "172.20.0.0/16",
                "service_ipv6_cidr": ""
              }
            ],
            "name": "linxact-nv",
            "outpost_config": [],
            "platform_version": "eks.7",
            "role_arn": "arn:aws:iam::411623750878:role/linxact-nv-cluster-20240114192801333300000001",
            "status": "ACTIVE",
            "tags": null,
            "tags_all": {},
            "timeouts": {
              "create": null,
              "delete": null,
              "update": null
            },
            "version": "1.28",
            "vpc_config": [
              {
                "cluster_security_group_id": "sg-006487977b34559f2",
                "endpoint_private_access": true,
                "endpoint_public_access": true,
                "public_access_cidrs": [
                  "0.0.0.0/0"
                ],
                "security_group_ids": [
                  "sg-01d65e1f2c5414b1f"
                ],
                "subnet_ids": [
                  "subnet-0207d586448f4d589",
                  "subnet-02fe2725c09160f1a",
                  "subnet-07268df3c5cebcb4c",
                  "subnet-0b335e4192bcc9fbb",
                  "subnet-0c008b640e7f25797"
                ],
                "vpc_id": "vpc-05c4d866ace52cfe2"
              }
            ]
          },
          "sensitive_attributes": [],
          "private": "eyJlMmJmYjczMC1lY2FhLTExZTYtOGY4OC0zNDM2M2JjN2M0YzAiOnsiY3JlYXRlIjoxODAwMDAwMDAwMDAwLCJkZWxldGUiOjkwMDAwMDAwMDAwMCwidXBkYXRlIjozNjAwMDAwMDAwMDAwfX0=",
          "dependencies": [
            "module.eks_n_virginia.data.aws_availability_zones.available",
            "module.eks_n_virginia.module.eks.aws_cloudwatch_log_group.this",
            "module.eks_n_virginia.module.eks.aws_iam_policy.cni_ipv6_policy",
            "module.eks_n_virginia.module.eks.aws_iam_role.this",
            "module.eks_n_virginia.module.eks.aws_iam_role_policy_attachment.this",
            "module.eks_n_virginia.module.eks.aws_security_group.cluster",
            "module.eks_n_virginia.module.eks.aws_security_group.node",
            "module.eks_n_virginia.module.eks.aws_security_group_rule.cluster",
            "module.eks_n_virginia.module.eks.aws_security_group_rule.node",
            "module.eks_n_virginia.module.eks.data.aws_caller_identity.current",
            "module.eks_n_virginia.module.eks.data.aws_iam_policy_document.assume_role_policy",
            "module.eks_n_virginia.module.eks.data.aws_iam_policy_document.cni_ipv6_policy",
            "module.eks_n_virginia.module.eks.data.aws_iam_session_context.current",
            "module.eks_n_virginia.module.eks.data.aws_partition.current",
            "module.eks_n_virginia.module.eks.module.kms.aws_kms_external_key.this",
            "module.eks_n_virginia.module.eks.module.kms.aws_kms_key.this",
            "module.eks_n_virginia.module.eks.module.kms.data.aws_caller_identity.current",
            "module.eks_n_virginia.module.eks.module.kms.data.aws_iam_policy_document.this",
            "module.eks_n_virginia.module.eks.module.kms.data.aws_partition.current",
            "module.eks_n_virginia.module.vpc.aws_subnet.private",
            "module.eks_n_virginia.module.vpc.aws_vpc.this",
            "module.eks_n_virginia.module.vpc.aws_vpc_ipv4_cidr_block_association.this"
          ]
        }
      ]
    },
    {
      "module": "module.eks_n_virginia[0].module.eks",
      "mode": "managed",
      "type": "aws_iam_openid_connect_provider",
      "name": "oidc_provider",
      "provider": "provider[\"registry.terraform.io/hashicorp/aws\"].n_virginia",
      "instances": [
        {
          "index_key": 0,
          "schema_version": 0,
          "attributes": {
            "arn": "arn:aws:iam::411623750878:oidc-provider/oidc.eks.us-east-1.amazonaws.com/id/6801FCEDDE3F70FF13F3C808A73A283E",
            "client_id_list": [
              "sts.amazonaws.com"
            ],
            "id": "arn:aws:iam::411623750878:oidc-provider/oidc.eks.us-east-1.amazonaws.com/id/6801FCEDDE3F70FF13F3C808A73A283E",
            "tags": {
              "Name": "linxact-nv-eks-irsa"
            },
            "tags_all": {
              "Name": "linxact-nv-eks-irsa"
            },
            "thumbprint_list": [
              "9e99a48a9960b14926bb7f3b02e22da2b0ab7280",
              "06b25927c42a721631c1efd9431e648fa62e1e39",
              "414a2060b738c635cc7fc243e052615592830c53",
              "aaa68bb211d468db8a8a19561ccba2e4043dcc80"
            ],
            "url": "oidc.eks.us-east-1.amazonaws.com/id/6801FCEDDE3F70FF13F3C808A73A283E"
          },
          "sensitive_attributes": [],
          "private": "bnVsbA==",
          "dependencies": [
            "module.eks_n_virginia.data.aws_availability_zones.available",
            "module.eks_n_virginia.module.eks.aws_cloudwatch_log_group.this",
            "module.eks_n_virginia.module.eks.aws_eks_cluster.this",
            "module.eks_n_virginia.module.eks.aws_iam_policy.cni_ipv6_policy",
            "module.eks_n_virginia.module.eks.aws_iam_role.this",
            "module.eks_n_virginia.module.eks.aws_iam_role_policy_attachment.this",
            "module.eks_n_virginia.module.eks.aws_security_group.cluster",
            "module.eks_n_virginia.module.eks.aws_security_group.node",
            "module.eks_n_virginia.module.eks.aws_security_group_rule.cluster",
            "module.eks_n_virginia.module.eks.aws_security_group_rule.node",
            "module.eks_n_virginia.module.eks.data.aws_caller_identity.current",
            "module.eks_n_virginia.module.eks.data.aws_iam_policy_document.assume_role_policy",
            "module.eks_n_virginia.module.eks.data.aws_iam_policy_document.cni_ipv6_policy",
            "module.eks_n_virginia.module.eks.data.aws_iam_session_context.current",
            "module.eks_n_virginia.module.eks.data.aws_partition.current",
            "module.eks_n_virginia.module.eks.data.tls_certificate.this",
            "module.eks_n_virginia.module.eks.module.kms.aws_kms_external_key.this",
            "module.eks_n_virginia.module.eks.module.kms.aws_kms_key.this",
            "module.eks_n_virginia.module.eks.module.kms.data.aws_caller_identity.current",
            "module.eks_n_virginia.module.eks.module.kms.data.aws_iam_policy_document.this",
            "module.eks_n_virginia.module.eks.module.kms.data.aws_partition.current",
            "module.eks_n_virginia.module.vpc.aws_subnet.private",
            "module.eks_n_virginia.module.vpc.aws_vpc.this",
            "module.eks_n_virginia.module.vpc.aws_vpc_ipv4_cidr_block_association.this"
          ]
        }
      ]
    },
    {
      "module": "module.eks_n_virginia[0].module.eks",
      "mode": "managed",
      "type": "aws_iam_policy",
      "name": "cluster_encryption",
      "provider": "provider[\"registry.terraform.io/hashicorp/aws\"].n_virginia",
      "instances": [
        {
          "index_key": 0,
          "schema_version": 0,
          "attributes": {
            "arn": "arn:aws:iam::411623750878:policy/linxact-nv-cluster-ClusterEncryption20240114192825831100000006",
            "description": "Cluster encryption policy to allow cluster role to utilize CMK provided",
            "id": "arn:aws:iam::411623750878:policy/linxact-nv-cluster-ClusterEncryption20240114192825831100000006",
            "name": "linxact-nv-cluster-ClusterEncryption20240114192825831100000006",
            "name_prefix": "linxact-nv-cluster-ClusterEncryption",
            "path": "/",
            "policy": "{\"Statement\":[{\"Action\":[\"kms:Encrypt\",\"kms:Decrypt\",\"kms:ListGrants\",\"kms:DescribeKey\"],\"Effect\":\"Allow\",\"Resource\":\"arn:aws:kms:us-east-1:411623750878:key/7151bd72-7828-4e0c-8b15-75ab820775da\"}],\"Version\":\"2012-10-17\"}",
            "policy_id": "ANPAV7VVP7TPKBVLHUL47",
            "tags": null,
            "tags_all": {}
          },
          "sensitive_attributes": [],
          "private": "bnVsbA==",
          "dependencies": [
            "module.eks_n_virginia.module.eks.aws_iam_role.this",
            "module.eks_n_virginia.module.eks.data.aws_caller_identity.current",
            "module.eks_n_virginia.module.eks.data.aws_iam_policy_document.assume_role_policy",
            "module.eks_n_virginia.module.eks.data.aws_iam_session_context.current",
            "module.eks_n_virginia.module.eks.data.aws_partition.current",
            "module.eks_n_virginia.module.eks.module.kms.aws_kms_external_key.this",
            "module.eks_n_virginia.module.eks.module.kms.aws_kms_key.this",
            "module.eks_n_virginia.module.eks.module.kms.data.aws_caller_identity.current",
            "module.eks_n_virginia.module.eks.module.kms.data.aws_iam_policy_document.this",
            "module.eks_n_virginia.module.eks.module.kms.data.aws_partition.current"
          ]
        }
      ]
    },
    {
      "module": "module.eks_n_virginia[0].module.eks",
      "mode": "managed",
      "type": "aws_iam_policy",
      "name": "cni_ipv6_policy",
      "provider": "provider[\"registry.terraform.io/hashicorp/aws\"].n_virginia",
      "instances": []
    },
    {
      "module": "module.eks_n_virginia[0].module.eks",
      "mode": "managed",
      "type": "aws_iam_role",
      "name": "this",
      "provider": "provider[\"registry.terraform.io/hashicorp/aws\"].n_virginia",
      "instances": [
        {
          "index_key": 0,
          "schema_version": 0,
          "attributes": {
            "arn": "arn:aws:iam::411623750878:role/linxact-nv-cluster-20240114192801333300000001",
            "assume_role_policy": "{\"Statement\":[{\"Action\":\"sts:AssumeRole\",\"Effect\":\"Allow\",\"Principal\":{\"Service\":\"eks.amazonaws.com\"},\"Sid\":\"EKSClusterAssumeRole\"}],\"Version\":\"2012-10-17\"}",
            "create_date": "2024-01-14T19:28:01Z",
            "description": "",
            "force_detach_policies": true,
            "id": "linxact-nv-cluster-20240114192801333300000001",
            "inline_policy": [
              {
                "name": "linxact-nv-cluster",
                "policy": "{\"Version\":\"2012-10-17\",\"Statement\":[{\"Action\":[\"logs:CreateLogGroup\"],\"Effect\":\"Deny\",\"Resource\":\"*\"}]}"
              }
            ],
            "managed_policy_arns": [],
            "max_session_duration": 3600,
            "name": "linxact-nv-cluster-20240114192801333300000001",
            "name_prefix": "linxact-nv-cluster-",
            "path": "/",
            "permissions_boundary": null,
            "tags": null,
            "tags_all": {},
            "unique_id": "AROAV7VVP7TPJXCNSZE6R"
          },
          "sensitive_attributes": [],
          "private": "bnVsbA==",
          "dependencies": [
            "module.eks_n_virginia.module.eks.data.aws_iam_policy_document.assume_role_policy",
            "module.eks_n_virginia.module.eks.data.aws_partition.current"
          ]
        }
      ]
    },
    {
      "module": "module.eks_n_virginia[0].module.eks",
      "mode": "managed",
      "type": "aws_iam_role_policy_attachment",
      "name": "cluster_encryption",
      "provider": "provider[\"registry.terraform.io/hashicorp/aws\"].n_virginia",
      "instances": [
        {
          "index_key": 0,
          "schema_version": 0,
          "attributes": {
            "id": "linxact-nv-cluster-20240114192801333300000001-20240114192830223400000008",
            "policy_arn": "arn:aws:iam::411623750878:policy/linxact-nv-cluster-ClusterEncryption20240114192825831100000006",
            "role": "linxact-nv-cluster-20240114192801333300000001"
          },
          "sensitive_attributes": [],
          "private": "bnVsbA==",
          "dependencies": [
            "module.eks_n_virginia.module.eks.aws_iam_policy.cluster_encryption",
            "module.eks_n_virginia.module.eks.aws_iam_role.this",
            "module.eks_n_virginia.module.eks.data.aws_caller_identity.current",
            "module.eks_n_virginia.module.eks.data.aws_iam_policy_document.assume_role_policy",
            "module.eks_n_virginia.module.eks.data.aws_iam_session_context.current",
            "module.eks_n_virginia.module.eks.data.aws_partition.current",
            "module.eks_n_virginia.module.eks.module.kms.aws_kms_external_key.this",
            "module.eks_n_virginia.module.eks.module.kms.aws_kms_key.this",
            "module.eks_n_virginia.module.eks.module.kms.data.aws_caller_identity.current",
            "module.eks_n_virginia.module.eks.module.kms.data.aws_iam_policy_document.this",
            "module.eks_n_virginia.module.eks.module.kms.data.aws_partition.current"
          ]
        }
      ]
    },
    {
      "module": "module.eks_n_virginia[0].module.eks",
      "mode": "managed",
      "type": "aws_iam_role_policy_attachment",
      "name": "this",
      "provider": "provider[\"registry.terraform.io/hashicorp/aws\"].n_virginia",
      "instances": [
        {
          "index_key": "AmazonEKSClusterPolicy",
          "schema_version": 0,
          "attributes": {
            "id": "linxact-nv-cluster-20240114192801333300000001-20240114192803123500000003",
            "policy_arn": "arn:aws:iam::aws:policy/AmazonEKSClusterPolicy",
            "role": "linxact-nv-cluster-20240114192801333300000001"
          },
          "sensitive_attributes": [],
          "private": "bnVsbA==",
          "dependencies": [
            "module.eks_n_virginia.module.eks.aws_iam_role.this",
            "module.eks_n_virginia.module.eks.data.aws_iam_policy_document.assume_role_policy",
            "module.eks_n_virginia.module.eks.data.aws_partition.current"
          ]
        },
        {
          "index_key": "AmazonEKSVPCResourceController",
          "schema_version": 0,
          "attributes": {
            "id": "linxact-nv-cluster-20240114192801333300000001-20240114192802941800000002",
            "policy_arn": "arn:aws:iam::aws:policy/AmazonEKSVPCResourceController",
            "role": "linxact-nv-cluster-20240114192801333300000001"
          },
          "sensitive_attributes": [],
          "private": "bnVsbA==",
          "dependencies": [
            "module.eks_n_virginia.module.eks.aws_iam_role.this",
            "module.eks_n_virginia.module.eks.data.aws_iam_policy_document.assume_role_policy",
            "module.eks_n_virginia.module.eks.data.aws_partition.current"
          ]
        }
      ]
    },
    {
      "module": "module.eks_n_virginia[0].module.eks",
      "mode": "managed",
      "type": "aws_security_group",
      "name": "cluster",
      "provider": "provider[\"registry.terraform.io/hashicorp/aws\"].n_virginia",
      "instances": [
        {
          "index_key": 0,
          "schema_version": 1,
          "attributes": {
            "arn": "arn:aws:ec2:us-east-1:411623750878:security-group/sg-01d65e1f2c5414b1f",
            "description": "EKS cluster security group",
            "egress": [],
            "id": "sg-01d65e1f2c5414b1f",
            "ingress": [],
            "name": "linxact-nv-cluster-20240114192819986500000004",
            "name_prefix": "linxact-nv-cluster-",
            "owner_id": "411623750878",
            "revoke_rules_on_delete": false,
            "tags": {
              "Name": "linxact-nv-cluster"
            },
            "tags_all": {
              "Name": "linxact-nv-cluster"
            },
            "timeouts": null,
            "vpc_id": "vpc-05c4d866ace52cfe2"
          },
          "sensitive_attributes": [],
          "private": "eyJlMmJmYjczMC1lY2FhLTExZTYtOGY4OC0zNDM2M2JjN2M0YzAiOnsiY3JlYXRlIjo2MDAwMDAwMDAwMDAsImRlbGV0ZSI6OTAwMDAwMDAwMDAwfSwic2NoZW1hX3ZlcnNpb24iOiIxIn0=",
          "dependencies": [
            "module.eks_n_virginia.module.vpc.aws_vpc.this"
          ],
          "create_before_destroy": true
        }
      ]
    },
    {
      "module": "module.eks_n_virginia[0].module.eks",
      "mode": "managed",
      "type": "aws_security_group",
      "name": "node",
      "provider": "provider[\"registry.terraform.io/hashicorp/aws\"].n_virginia",
      "instances": [
        {
          "index_key": 0,
          "schema_version": 1,
          "attributes": {
            "arn": "arn:aws:ec2:us-east-1:411623750878:security-group/sg-0fb8dfcac7f78a21a",
            "description": "EKS node shared security group",
            "egress": [],
            "id": "sg-0fb8dfcac7f78a21a",
            "ingress": [],
            "name": "linxact-nv-node-20240114192820200200000005",
            "name_prefix": "linxact-nv-node-",
            "owner_id": "411623750878",
            "revoke_rules_on_delete": false,
            "tags": {
              "Name": "linxact-nv-node",
              "kubernetes.io/cluster/linxact-nv": "owned"
            },
            "tags_all": {
              "Name": "linxact-nv-node",
              "kubernetes.io/cluster/linxact-nv": "owned"
            },
            "timeouts": null,
            "vpc_id": "vpc-05c4d866ace52cfe2"
          },
          "sensitive_attributes": [],
          "private": "eyJlMmJmYjczMC1lY2FhLTExZTYtOGY4OC0zNDM2M2JjN2M0YzAiOnsiY3JlYXRlIjo2MDAwMDAwMDAwMDAsImRlbGV0ZSI6OTAwMDAwMDAwMDAwfSwic2NoZW1hX3ZlcnNpb24iOiIxIn0=",
          "dependencies": [
            "module.eks_n_virginia.module.vpc.aws_vpc.this"
          ],
          "create_before_destroy": true
        }
      ]
    },
    {
      "module": "module.eks_n_virginia[0].module.eks",
      "mode": "managed",
      "type": "aws_security_group_rule",
      "name": "cluster",
      "provider": "provider[\"registry.terraform.io/hashicorp/aws\"].n_virginia",
      "instances": [
        {
          "index_key": "ingress_nodes_443",
          "schema_version": 2,
          "attributes": {
            "cidr_blocks": null,
            "description": "Node groups to cluster API",
            "from_port": 443,
            "id": "sgrule-543300841",
            "ipv6_cidr_blocks": null,
            "prefix_list_ids": null,
            "protocol": "tcp",
            "security_group_id": "sg-01d65e1f2c5414b1f",
            "security_group_rule_id": "sgr-041544915caf15e26",
            "self": false,
            "source_security_group_id": "sg-0fb8dfcac7f78a21a",
            "timeouts": null,
            "to_port": 443,
            "type": "ingress"
          },
          "sensitive_attributes": [],
          "private": "eyJlMmJmYjczMC1lY2FhLTExZTYtOGY4OC0zNDM2M2JjN2M0YzAiOnsiY3JlYXRlIjozMDAwMDAwMDAwMDB9LCJzY2hlbWFfdmVyc2lvbiI6IjIifQ==",
          "dependencies": [
            "module.eks_n_virginia.module.eks.aws_security_group.cluster",
            "module.eks_n_virginia.module.eks.aws_security_group.node",
            "module.eks_n_virginia.module.vpc.aws_vpc.this"
          ]
        }
      ]
    },
    {
      "module": "module.eks_n_virginia[0].module.eks",
      "mode": "managed",
      "type": "aws_security_group_rule",
      "name": "node",
      "provider": "provider[\"registry.terraform.io/hashicorp/aws\"].n_virginia",
      "instances": [
        {
          "index_key": "egress_all",
          "schema_version": 2,
          "attributes": {
            "cidr_blocks": [
              "0.0.0.0/0"
            ],
            "description": "Allow all egress",
            "from_port": 0,
            "id": "sgrule-2344083924",
            "ipv6_cidr_blocks": null,
            "prefix_list_ids": [],
            "protocol": "-1",
            "security_group_id": "sg-0fb8dfcac7f78a21a",
            "security_group_rule_id": "sgr-08e0008f2569c7108",
            "self": false,
            "source_security_group_id": null,
            "timeouts": null,
            "to_port": 0,
            "type": "egress"
          },
          "sensitive_attributes": [],
          "private": "eyJlMmJmYjczMC1lY2FhLTExZTYtOGY4OC0zNDM2M2JjN2M0YzAiOnsiY3JlYXRlIjozMDAwMDAwMDAwMDB9LCJzY2hlbWFfdmVyc2lvbiI6IjIifQ==",
          "dependencies": [
            "module.eks_n_virginia.module.eks.aws_security_group.cluster",
            "module.eks_n_virginia.module.eks.aws_security_group.node",
            "module.eks_n_virginia.module.vpc.aws_vpc.this"
          ]
        },
        {
          "index_key": "ingress_cluster_443",
          "schema_version": 2,
          "attributes": {
            "cidr_blocks": null,
            "description": "Cluster API to node groups",
            "from_port": 443,
            "id": "sgrule-3908726526",
            "ipv6_cidr_blocks": null,
            "prefix_list_ids": [],
            "protocol": "tcp",
            "security_group_id": "sg-0fb8dfcac7f78a21a",
            "security_group_rule_id": "sgr-049ebd54ced2d8077",
            "self": false,
            "source_security_group_id": "sg-01d65e1f2c5414b1f",
            "timeouts": null,
            "to_port": 443,
            "type": "ingress"
          },
          "sensitive_attributes": [],
          "private": "eyJlMmJmYjczMC1lY2FhLTExZTYtOGY4OC0zNDM2M2JjN2M0YzAiOnsiY3JlYXRlIjozMDAwMDAwMDAwMDB9LCJzY2hlbWFfdmVyc2lvbiI6IjIifQ==",
          "dependencies": [
            "module.eks_n_virginia.module.eks.aws_security_group.cluster",
            "module.eks_n_virginia.module.eks.aws_security_group.node",
            "module.eks_n_virginia.module.vpc.aws_vpc.this"
          ]
        },
        {
          "index_key": "ingress_cluster_4443_webhook",
          "schema_version": 2,
          "attributes": {
            "cidr_blocks": null,
            "description": "Cluster API to node 4443/tcp webhook",
            "from_port": 4443,
            "id": "sgrule-3509413733",
            "ipv6_cidr_blocks": null,
            "prefix_list_ids": [],
            "protocol": "tcp",
            "security_group_id": "sg-0fb8dfcac7f78a21a",
            "security_group_rule_id": "sgr-05ff50a80a2868917",
            "self": false,
            "source_security_group_id": "sg-01d65e1f2c5414b1f",
            "timeouts": null,
            "to_port": 4443,
            "type": "ingress"
          },
          "sensitive_attributes": [],
          "private": "eyJlMmJmYjczMC1lY2FhLTExZTYtOGY4OC0zNDM2M2JjN2M0YzAiOnsiY3JlYXRlIjozMDAwMDAwMDAwMDB9LCJzY2hlbWFfdmVyc2lvbiI6IjIifQ==",
          "dependencies": [
            "module.eks_n_virginia.module.eks.aws_security_group.cluster",
            "module.eks_n_virginia.module.eks.aws_security_group.node",
            "module.eks_n_virginia.module.vpc.aws_vpc.this"
          ]
        },
        {
          "index_key": "ingress_cluster_6443_webhook",
          "schema_version": 2,
          "attributes": {
            "cidr_blocks": null,
            "description": "Cluster API to node 6443/tcp webhook",
            "from_port": 6443,
            "id": "sgrule-409927923",
            "ipv6_cidr_blocks": null,
            "prefix_list_ids": [],
            "protocol": "tcp",
            "security_group_id": "sg-0fb8dfcac7f78a21a",
            "security_group_rule_id": "sgr-04dfd040e20296322",
            "self": false,
            "source_security_group_id": "sg-01d65e1f2c5414b1f",
            "timeouts": null,
            "to_port": 6443,
            "type": "ingress"
          },
          "sensitive_attributes": [],
          "private": "eyJlMmJmYjczMC1lY2FhLTExZTYtOGY4OC0zNDM2M2JjN2M0YzAiOnsiY3JlYXRlIjozMDAwMDAwMDAwMDB9LCJzY2hlbWFfdmVyc2lvbiI6IjIifQ==",
          "dependencies": [
            "module.eks_n_virginia.module.eks.aws_security_group.cluster",
            "module.eks_n_virginia.module.eks.aws_security_group.node",
            "module.eks_n_virginia.module.vpc.aws_vpc.this"
          ]
        },
        {
          "index_key": "ingress_cluster_8443_webhook",
          "schema_version": 2,
          "attributes": {
            "cidr_blocks": null,
            "description": "Cluster API to node 8443/tcp webhook",
            "from_port": 8443,
            "id": "sgrule-187907282",
            "ipv6_cidr_blocks": null,
            "prefix_list_ids": [],
            "protocol": "tcp",
            "security_group_id": "sg-0fb8dfcac7f78a21a",
            "security_group_rule_id": "sgr-0fc9ab81070057ff0",
            "self": false,
            "source_security_group_id": "sg-01d65e1f2c5414b1f",
            "timeouts": null,
            "to_port": 8443,
            "type": "ingress"
          },
          "sensitive_attributes": [],
          "private": "eyJlMmJmYjczMC1lY2FhLTExZTYtOGY4OC0zNDM2M2JjN2M0YzAiOnsiY3JlYXRlIjozMDAwMDAwMDAwMDB9LCJzY2hlbWFfdmVyc2lvbiI6IjIifQ==",
          "dependencies": [
            "module.eks_n_virginia.module.eks.aws_security_group.cluster",
            "module.eks_n_virginia.module.eks.aws_security_group.node",
            "module.eks_n_virginia.module.vpc.aws_vpc.this"
          ]
        },
        {
          "index_key": "ingress_cluster_9443_webhook",
          "schema_version": 2,
          "attributes": {
            "cidr_blocks": null,
            "description": "Cluster API to node 9443/tcp webhook",
            "from_port": 9443,
            "id": "sgrule-1871843097",
            "ipv6_cidr_blocks": null,
            "prefix_list_ids": [],
            "protocol": "tcp",
            "security_group_id": "sg-0fb8dfcac7f78a21a",
            "security_group_rule_id": "sgr-01b716c08e6111c7e",
            "self": false,
            "source_security_group_id": "sg-01d65e1f2c5414b1f",
            "timeouts": null,
            "to_port": 9443,
            "type": "ingress"
          },
          "sensitive_attributes": [],
          "private": "eyJlMmJmYjczMC1lY2FhLTExZTYtOGY4OC0zNDM2M2JjN2M0YzAiOnsiY3JlYXRlIjozMDAwMDAwMDAwMDB9LCJzY2hlbWFfdmVyc2lvbiI6IjIifQ==",
          "dependencies": [
            "module.eks_n_virginia.module.eks.aws_security_group.cluster",
            "module.eks_n_virginia.module.eks.aws_security_group.node",
            "module.eks_n_virginia.module.vpc.aws_vpc.this"
          ]
        },
        {
          "index_key": "ingress_cluster_kubelet",
          "schema_version": 2,
          "attributes": {
            "cidr_blocks": null,
            "description": "Cluster API to node kubelets",
            "from_port": 10250,
            "id": "sgrule-2166514249",
            "ipv6_cidr_blocks": null,
            "prefix_list_ids": [],
            "protocol": "tcp",
            "security_group_id": "sg-0fb8dfcac7f78a21a",
            "security_group_rule_id": "sgr-02b2d8077189759d9",
            "self": false,
            "source_security_group_id": "sg-01d65e1f2c5414b1f",
            "timeouts": null,
            "to_port": 10250,
            "type": "ingress"
          },
          "sensitive_attributes": [],
          "private": "eyJlMmJmYjczMC1lY2FhLTExZTYtOGY4OC0zNDM2M2JjN2M0YzAiOnsiY3JlYXRlIjozMDAwMDAwMDAwMDB9LCJzY2hlbWFfdmVyc2lvbiI6IjIifQ==",
          "dependencies": [
            "module.eks_n_virginia.module.eks.aws_security_group.cluster",
            "module.eks_n_virginia.module.eks.aws_security_group.node",
            "module.eks_n_virginia.module.vpc.aws_vpc.this"
          ]
        },
        {
          "index_key": "ingress_nodes_ephemeral",
          "schema_version": 2,
          "attributes": {
            "cidr_blocks": null,
            "description": "Node to node ingress on ephemeral ports",
            "from_port": 1025,
            "id": "sgrule-2754331727",
            "ipv6_cidr_blocks": null,
            "prefix_list_ids": [],
            "protocol": "tcp",
            "security_group_id": "sg-0fb8dfcac7f78a21a",
            "security_group_rule_id": "sgr-0a961c51ae9210da7",
            "self": true,
            "source_security_group_id": null,
            "timeouts": null,
            "to_port": 65535,
            "type": "ingress"
          },
          "sensitive_attributes": [],
          "private": "eyJlMmJmYjczMC1lY2FhLTExZTYtOGY4OC0zNDM2M2JjN2M0YzAiOnsiY3JlYXRlIjozMDAwMDAwMDAwMDB9LCJzY2hlbWFfdmVyc2lvbiI6IjIifQ==",
          "dependencies": [
            "module.eks_n_virginia.module.eks.aws_security_group.cluster",
            "module.eks_n_virginia.module.eks.aws_security_group.node",
            "module.eks_n_virginia.module.vpc.aws_vpc.this"
          ]
        },
        {
          "index_key": "ingress_self_coredns_tcp",
          "schema_version": 2,
          "attributes": {
            "cidr_blocks": null,
            "description": "Node to node CoreDNS",
            "from_port": 53,
            "id": "sgrule-3962551298",
            "ipv6_cidr_blocks": null,
            "prefix_list_ids": [],
            "protocol": "tcp",
            "security_group_id": "sg-0fb8dfcac7f78a21a",
            "security_group_rule_id": "sgr-07888ea554813888e",
            "self": true,
            "source_security_group_id": null,
            "timeouts": null,
            "to_port": 53,
            "type": "ingress"
          },
          "sensitive_attributes": [],
          "private": "eyJlMmJmYjczMC1lY2FhLTExZTYtOGY4OC0zNDM2M2JjN2M0YzAiOnsiY3JlYXRlIjozMDAwMDAwMDAwMDB9LCJzY2hlbWFfdmVyc2lvbiI6IjIifQ==",
          "dependencies": [
            "module.eks_n_virginia.module.eks.aws_security_group.cluster",
            "module.eks_n_virginia.module.eks.aws_security_group.node",
            "module.eks_n_virginia.module.vpc.aws_vpc.this"
          ]
        },
        {
          "index_key": "ingress_self_coredns_udp",
          "schema_version": 2,
          "attributes": {
            "cidr_blocks": null,
            "description": "Node to node CoreDNS UDP",
            "from_port": 53,
            "id": "sgrule-1215307757",
            "ipv6_cidr_blocks": null,
            "prefix_list_ids": [],
            "protocol": "udp",
            "security_group_id": "sg-0fb8dfcac7f78a21a",
            "security_group_rule_id": "sgr-014e4aba2e35c7bc4",
            "self": true,
            "source_security_group_id": null,
            "timeouts": null,
            "to_port": 53,
            "type": "ingress"
          },
          "sensitive_attributes": [],
          "private": "eyJlMmJmYjczMC1lY2FhLTExZTYtOGY4OC0zNDM2M2JjN2M0YzAiOnsiY3JlYXRlIjozMDAwMDAwMDAwMDB9LCJzY2hlbWFfdmVyc2lvbiI6IjIifQ==",
          "dependencies": [
            "module.eks_n_virginia.module.eks.aws_security_group.cluster",
            "module.eks_n_virginia.module.eks.aws_security_group.node",
            "module.eks_n_virginia.module.vpc.aws_vpc.this"
          ]
        }
      ]
    },
    {
      "module": "module.eks_n_virginia[0].module.eks",
      "mode": "managed",
      "type": "time_sleep",
      "name": "this",
      "provider": "provider[\"registry.terraform.io/hashicorp/time\"]",
      "instances": [
        {
          "index_key": 0,
          "schema_version": 0,
          "attributes": {
            "create_duration": "30s",
            "destroy_duration": null,
            "id": "2024-01-14T19:38:29Z",
            "triggers": {
              "cluster_certificate_authority_data": "LS0tLS1CRUdJTiBDRVJUSUZJQ0FURS0tLS0tCk1JSURCVENDQWUyZ0F3SUJBZ0lJQVZxM2puQmhMaTR3RFFZSktvWklodmNOQVFFTEJRQXdGVEVUTUJFR0ExVUUKQXhNS2EzVmlaWEp1WlhSbGN6QWVGdzB5TkRBeE1UUXhPVEk0TkRoYUZ3MHpOREF4TVRFeE9UTXpORGhhTUJVeApFekFSQmdOVkJBTVRDbXQxWW1WeWJtVjBaWE13Z2dFaU1BMEdDU3FHU0liM0RRRUJBUVVBQTRJQkR3QXdnZ0VLCkFvSUJBUURsN3UwaUhDNDRaSnZ4WnZkUlJ5WFRoV3U5ekoxSVFTVFBYZ0p4eTZqbzlDOFh2V3lrVXRJcWgycnEKVVRVOGNJeXJKYW11Skxsdzk4cEFvaitMa0s4ZVFmQWpoaWhuY2ltaXNHVVhDbzFBK2tTUEJndEt3bVovNDFRdgpQM21JeVM4MEpDWVpzbDBuZ1Z0bUcyUFVDd2xtek5DOU5mNkE2SWUvZllIQ3lsVUkyOU1aa1hJMERkMXZoV25uCmFveUowNzVQSlhjbmoyanZOQ0I5K2hDdVZlNGdIQWpZZkk3NUJjd0EybFoxbGlOdzNFMUtpUlIvZ21hQlNpQ1gKaU9YTFJwTU1SUHREYWt3c1loWVpGMnNiQXVVRi8yNklTbUZQTUloMFVnMmhwR1RPVUk3eUk3a2hmVjRsUTFJNQpUOUg0dndhcDBLK3BKdEFVNENNZGpJOXNrVi83QWdNQkFBR2pXVEJYTUE0R0ExVWREd0VCL3dRRUF3SUNwREFQCkJnTlZIUk1CQWY4RUJUQURBUUgvTUIwR0ExVWREZ1FXQkJRckFQUzQ2cnRWU3h2dXgveFdFYmhlZnNFeXRUQVYKQmdOVkhSRUVEakFNZ2dwcmRXSmxjbTVsZEdWek1BMEdDU3FHU0liM0RRRUJDd1VBQTRJQkFRRE0zSWFKaStORApoZ1dSNU9URFFiL2E3M09ya3IzbVNZcmlzckw3Y0tuZzFFSmltNHdFb3dJR0x1V1JNdWxFUWhHMmdKUDQyUmxuCi9yeEl2bHBteHlwUUFpNnhaUTFCQzhtSXA1WnFyRnRPZXlsZ0t5V1dHS0x4ZXZ6ZHVPaGJUMGpRVW9qc1JmcXYKa2xBTXVwZ3J1WW12UnBmY0hlZ2g0cU9rbE5iaDFNdzg5elBFMC9aSkRWYWVjZDVtN2M2SER3endUUlZqbW95UApSWTFDa1pZZDBHZHoxUm1yYnJZZTBBZGZvSG53N2czeGVOdzgrL0hIR0d0MThrM2pmbXRodlF3OVJiSnA5VXV4CmhQcmFXOFU4a1o0QTNoVGNWZEx1c1FGTlRBTFVNZkxZS0l6VGozODBEODV1cnUvN0dzU0lueU9xUUNPMlgzYzMKRit0bXZUVzJoVWl4Ci0tLS0tRU5EIENFUlRJRklDQVRFLS0tLS0K",
              "cluster_endpoint": "https://6801FCEDDE3F70FF13F3C808A73A283E.gr7.us-east-1.eks.amazonaws.com",
              "cluster_name": "linxact-nv",
              "cluster_version": "1.28"
            }
          },
          "sensitive_attributes": [],
          "dependencies": [
            "module.eks_n_virginia.data.aws_availability_zones.available",
            "module.eks_n_virginia.module.eks.aws_cloudwatch_log_group.this",
            "module.eks_n_virginia.module.eks.aws_eks_cluster.this",
            "module.eks_n_virginia.module.eks.aws_iam_policy.cni_ipv6_policy",
            "module.eks_n_virginia.module.eks.aws_iam_role.this",
            "module.eks_n_virginia.module.eks.aws_iam_role_policy_attachment.this",
            "module.eks_n_virginia.module.eks.aws_security_group.cluster",
            "module.eks_n_virginia.module.eks.aws_security_group.node",
            "module.eks_n_virginia.module.eks.aws_security_group_rule.cluster",
            "module.eks_n_virginia.module.eks.aws_security_group_rule.node",
            "module.eks_n_virginia.module.eks.data.aws_caller_identity.current",
            "module.eks_n_virginia.module.eks.data.aws_iam_policy_document.assume_role_policy",
            "module.eks_n_virginia.module.eks.data.aws_iam_policy_document.cni_ipv6_policy",
            "module.eks_n_virginia.module.eks.data.aws_iam_session_context.current",
            "module.eks_n_virginia.module.eks.data.aws_partition.current",
            "module.eks_n_virginia.module.eks.module.kms.aws_kms_external_key.this",
            "module.eks_n_virginia.module.eks.module.kms.aws_kms_key.this",
            "module.eks_n_virginia.module.eks.module.kms.data.aws_caller_identity.current",
            "module.eks_n_virginia.module.eks.module.kms.data.aws_iam_policy_document.this",
            "module.eks_n_virginia.module.eks.module.kms.data.aws_partition.current",
            "module.eks_n_virginia.module.vpc.aws_subnet.private",
            "module.eks_n_virginia.module.vpc.aws_vpc.this",
            "module.eks_n_virginia.module.vpc.aws_vpc_ipv4_cidr_block_association.this"
          ]
        }
      ]
    },
    {
      "module": "module.eks_n_virginia[0].module.eks.module.kms",
      "mode": "data",
      "type": "aws_caller_identity",
      "name": "current",
      "provider": "provider[\"registry.terraform.io/hashicorp/aws\"].n_virginia",
      "instances": [
        {
          "schema_version": 0,
          "attributes": {
            "account_id": "411623750878",
            "arn": "arn:aws:iam::411623750878:user/olexiy",
            "id": "411623750878",
            "user_id": "AIDAV7VVP7TPJ6HRCC3PA"
          },
          "sensitive_attributes": []
        }
      ]
    },
    {
      "module": "module.eks_n_virginia[0].module.eks.module.kms",
      "mode": "data",
      "type": "aws_iam_policy_document",
      "name": "this",
      "provider": "provider[\"registry.terraform.io/hashicorp/aws\"].n_virginia",
      "instances": [
        {
          "index_key": 0,
          "schema_version": 0,
          "attributes": {
            "id": "180800085",
            "json": "{\n  \"Version\": \"2012-10-17\",\n  \"Statement\": [\n    {\n      \"Sid\": \"KeyAdministration\",\n      \"Effect\": \"Allow\",\n      \"Action\": [\n        \"kms:Update*\",\n        \"kms:UntagResource\",\n        \"kms:TagResource\",\n        \"kms:ScheduleKeyDeletion\",\n        \"kms:Revoke*\",\n        \"kms:Put*\",\n        \"kms:List*\",\n        \"kms:Get*\",\n        \"kms:Enable*\",\n        \"kms:Disable*\",\n        \"kms:Describe*\",\n        \"kms:Delete*\",\n        \"kms:Create*\",\n        \"kms:CancelKeyDeletion\"\n      ],\n      \"Resource\": \"*\",\n      \"Principal\": {\n        \"AWS\": \"arn:aws:iam::411623750878:user/olexiy\"\n      }\n    },\n    {\n      \"Sid\": \"KeyUsage\",\n      \"Effect\": \"Allow\",\n      \"Action\": [\n        \"kms:ReEncrypt*\",\n        \"kms:GenerateDataKey*\",\n        \"kms:Encrypt\",\n        \"kms:DescribeKey\",\n        \"kms:Decrypt\"\n      ],\n      \"Resource\": \"*\",\n      \"Principal\": {\n        \"AWS\": \"arn:aws:iam::411623750878:role/linxact-nv-cluster-20240114192801333300000001\"\n      }\n    }\n  ]\n}",
            "override_policy_documents": null,
            "policy_id": null,
            "source_policy_documents": null,
            "statement": [
              {
                "actions": [
                  "kms:CancelKeyDeletion",
                  "kms:Create*",
                  "kms:Delete*",
                  "kms:Describe*",
                  "kms:Disable*",
                  "kms:Enable*",
                  "kms:Get*",
                  "kms:List*",
                  "kms:Put*",
                  "kms:Revoke*",
                  "kms:ScheduleKeyDeletion",
                  "kms:TagResource",
                  "kms:UntagResource",
                  "kms:Update*"
                ],
                "condition": [],
                "effect": "Allow",
                "not_actions": [],
                "not_principals": [],
                "not_resources": [],
                "principals": [
                  {
                    "identifiers": [
                      "arn:aws:iam::411623750878:user/olexiy"
                    ],
                    "type": "AWS"
                  }
                ],
                "resources": [
                  "*"
                ],
                "sid": "KeyAdministration"
              },
              {
                "actions": [
                  "kms:Decrypt",
                  "kms:DescribeKey",
                  "kms:Encrypt",
                  "kms:GenerateDataKey*",
                  "kms:ReEncrypt*"
                ],
                "condition": [],
                "effect": "Allow",
                "not_actions": [],
                "not_principals": [],
                "not_resources": [],
                "principals": [
                  {
                    "identifiers": [
                      "arn:aws:iam::411623750878:role/linxact-nv-cluster-20240114192801333300000001"
                    ],
                    "type": "AWS"
                  }
                ],
                "resources": [
                  "*"
                ],
                "sid": "KeyUsage"
              }
            ],
            "version": "2012-10-17"
          },
          "sensitive_attributes": []
        }
      ]
    },
    {
      "module": "module.eks_n_virginia[0].module.eks.module.kms",
      "mode": "data",
      "type": "aws_partition",
      "name": "current",
      "provider": "provider[\"registry.terraform.io/hashicorp/aws\"].n_virginia",
      "instances": [
        {
          "schema_version": 0,
          "attributes": {
            "dns_suffix": "amazonaws.com",
            "id": "aws",
            "partition": "aws",
            "reverse_dns_prefix": "com.amazonaws"
          },
          "sensitive_attributes": []
        }
      ]
    },
    {
      "module": "module.eks_n_virginia[0].module.eks.module.kms",
      "mode": "managed",
      "type": "aws_kms_alias",
      "name": "this",
      "provider": "provider[\"registry.terraform.io/hashicorp/aws\"].n_virginia",
      "instances": [
        {
          "index_key": "cluster",
          "schema_version": 0,
          "attributes": {
            "arn": "arn:aws:kms:us-east-1:411623750878:alias/eks/linxact-nv",
            "id": "alias/eks/linxact-nv",
            "name": "alias/eks/linxact-nv",
            "name_prefix": "",
            "target_key_arn": "arn:aws:kms:us-east-1:411623750878:key/7151bd72-7828-4e0c-8b15-75ab820775da",
            "target_key_id": "7151bd72-7828-4e0c-8b15-75ab820775da"
          },
          "sensitive_attributes": [],
          "private": "bnVsbA==",
          "dependencies": [
            "module.eks_n_virginia.module.eks.aws_iam_role.this",
            "module.eks_n_virginia.module.eks.data.aws_caller_identity.current",
            "module.eks_n_virginia.module.eks.data.aws_iam_policy_document.assume_role_policy",
            "module.eks_n_virginia.module.eks.data.aws_iam_session_context.current",
            "module.eks_n_virginia.module.eks.data.aws_partition.current",
            "module.eks_n_virginia.module.eks.module.kms.aws_kms_external_key.this",
            "module.eks_n_virginia.module.eks.module.kms.aws_kms_key.this",
            "module.eks_n_virginia.module.eks.module.kms.data.aws_caller_identity.current",
            "module.eks_n_virginia.module.eks.module.kms.data.aws_iam_policy_document.this",
            "module.eks_n_virginia.module.eks.module.kms.data.aws_partition.current"
          ]
        }
      ]
    },
    {
      "module": "module.eks_n_virginia[0].module.eks.module.kms",
      "mode": "managed",
      "type": "aws_kms_external_key",
      "name": "this",
      "provider": "provider[\"registry.terraform.io/hashicorp/aws\"].n_virginia",
      "instances": []
    },
    {
      "module": "module.eks_n_virginia[0].module.eks.module.kms",
      "mode": "managed",
      "type": "aws_kms_key",
      "name": "this",
      "provider": "provider[\"registry.terraform.io/hashicorp/aws\"].n_virginia",
      "instances": [
        {
          "index_key": 0,
          "schema_version": 0,
          "attributes": {
            "arn": "arn:aws:kms:us-east-1:411623750878:key/7151bd72-7828-4e0c-8b15-75ab820775da",
            "bypass_policy_lockout_safety_check": false,
            "custom_key_store_id": "",
            "customer_master_key_spec": "SYMMETRIC_DEFAULT",
            "deletion_window_in_days": null,
            "description": "linxact-nv cluster encryption key",
            "enable_key_rotation": true,
            "id": "7151bd72-7828-4e0c-8b15-75ab820775da",
            "is_enabled": true,
            "key_id": "7151bd72-7828-4e0c-8b15-75ab820775da",
            "key_usage": "ENCRYPT_DECRYPT",
            "multi_region": false,
            "policy": "{\"Statement\":[{\"Action\":[\"kms:Update*\",\"kms:UntagResource\",\"kms:TagResource\",\"kms:ScheduleKeyDeletion\",\"kms:Revoke*\",\"kms:Put*\",\"kms:List*\",\"kms:Get*\",\"kms:Enable*\",\"kms:Disable*\",\"kms:Describe*\",\"kms:Delete*\",\"kms:Create*\",\"kms:CancelKeyDeletion\"],\"Effect\":\"Allow\",\"Principal\":{\"AWS\":\"arn:aws:iam::411623750878:user/olexiy\"},\"Resource\":\"*\",\"Sid\":\"KeyAdministration\"},{\"Action\":[\"kms:ReEncrypt*\",\"kms:GenerateDataKey*\",\"kms:Encrypt\",\"kms:DescribeKey\",\"kms:Decrypt\"],\"Effect\":\"Allow\",\"Principal\":{\"AWS\":\"arn:aws:iam::411623750878:role/linxact-nv-cluster-20240114192801333300000001\"},\"Resource\":\"*\",\"Sid\":\"KeyUsage\"}],\"Version\":\"2012-10-17\"}",
            "tags": null,
            "tags_all": {}
          },
          "sensitive_attributes": [],
          "private": "bnVsbA==",
          "dependencies": [
            "module.eks_n_virginia.module.eks.aws_iam_role.this",
            "module.eks_n_virginia.module.eks.data.aws_caller_identity.current",
            "module.eks_n_virginia.module.eks.data.aws_iam_policy_document.assume_role_policy",
            "module.eks_n_virginia.module.eks.data.aws_iam_session_context.current",
            "module.eks_n_virginia.module.eks.data.aws_partition.current",
            "module.eks_n_virginia.module.eks.module.kms.data.aws_caller_identity.current",
            "module.eks_n_virginia.module.eks.module.kms.data.aws_iam_policy_document.this",
            "module.eks_n_virginia.module.eks.module.kms.data.aws_partition.current"
          ]
        }
      ]
    },
    {
      "module": "module.eks_n_virginia[0].module.vpc",
      "mode": "managed",
      "type": "aws_default_network_acl",
      "name": "this",
      "provider": "provider[\"registry.terraform.io/hashicorp/aws\"].n_virginia",
      "instances": [
        {
          "index_key": 0,
          "schema_version": 0,
          "attributes": {
            "arn": "arn:aws:ec2:us-east-1:411623750878:network-acl/acl-0e02d3f5aad959a11",
            "default_network_acl_id": "acl-0e02d3f5aad959a11",
            "egress": [
              {
                "action": "allow",
                "cidr_block": "",
                "from_port": 0,
                "icmp_code": null,
                "icmp_type": null,
                "ipv6_cidr_block": "::/0",
                "protocol": "-1",
                "rule_no": 101,
                "to_port": 0
              },
              {
                "action": "allow",
                "cidr_block": "0.0.0.0/0",
                "from_port": 0,
                "icmp_code": null,
                "icmp_type": null,
                "ipv6_cidr_block": "",
                "protocol": "-1",
                "rule_no": 100,
                "to_port": 0
              }
            ],
            "id": "acl-0e02d3f5aad959a11",
            "ingress": [
              {
                "action": "allow",
                "cidr_block": "",
                "from_port": 0,
                "icmp_code": null,
                "icmp_type": null,
                "ipv6_cidr_block": "::/0",
                "protocol": "-1",
                "rule_no": 101,
                "to_port": 0
              },
              {
                "action": "allow",
                "cidr_block": "0.0.0.0/0",
                "from_port": 0,
                "icmp_code": null,
                "icmp_type": null,
                "ipv6_cidr_block": "",
                "protocol": "-1",
                "rule_no": 100,
                "to_port": 0
              }
            ],
            "owner_id": "411623750878",
            "subnet_ids": null,
            "tags": {
              "Name": "linxact-vpc-default"
            },
            "tags_all": {
              "Name": "linxact-vpc-default"
            },
            "vpc_id": "vpc-05c4d866ace52cfe2"
          },
          "sensitive_attributes": [],
          "private": "bnVsbA==",
          "dependencies": [
            "module.eks_n_virginia.module.vpc.aws_vpc.this"
          ]
        }
      ]
    },
    {
      "module": "module.eks_n_virginia[0].module.vpc",
      "mode": "managed",
      "type": "aws_default_route_table",
      "name": "default",
      "provider": "provider[\"registry.terraform.io/hashicorp/aws\"].n_virginia",
      "instances": [
        {
          "index_key": 0,
          "schema_version": 0,
          "attributes": {
            "arn": "arn:aws:ec2:us-east-1:411623750878:route-table/rtb-016b34bc2e0555c2e",
            "default_route_table_id": "rtb-016b34bc2e0555c2e",
            "id": "rtb-016b34bc2e0555c2e",
            "owner_id": "411623750878",
            "propagating_vgws": null,
            "route": [],
            "tags": {
              "Name": "linxact-vpc-default"
            },
            "tags_all": {
              "Name": "linxact-vpc-default"
            },
            "timeouts": {
              "create": "5m",
              "update": "5m"
            },
            "vpc_id": "vpc-05c4d866ace52cfe2"
          },
          "sensitive_attributes": [],
          "private": "eyJlMmJmYjczMC1lY2FhLTExZTYtOGY4OC0zNDM2M2JjN2M0YzAiOnsiY3JlYXRlIjozMDAwMDAwMDAwMDAsInVwZGF0ZSI6MzAwMDAwMDAwMDAwfX0=",
          "dependencies": [
            "module.eks_n_virginia.module.vpc.aws_vpc.this"
          ]
        }
      ]
    },
    {
      "module": "module.eks_n_virginia[0].module.vpc",
      "mode": "managed",
      "type": "aws_default_security_group",
      "name": "this",
      "provider": "provider[\"registry.terraform.io/hashicorp/aws\"].n_virginia",
      "instances": [
        {
          "index_key": 0,
          "schema_version": 1,
          "attributes": {
            "arn": "arn:aws:ec2:us-east-1:411623750878:security-group/sg-02314924e95de55c4",
            "description": "default VPC security group",
            "egress": [],
            "id": "sg-02314924e95de55c4",
            "ingress": [],
            "name": "default",
            "name_prefix": "",
            "owner_id": "411623750878",
            "revoke_rules_on_delete": false,
            "tags": {
              "Name": "linxact-vpc-default"
            },
            "tags_all": {
              "Name": "linxact-vpc-default"
            },
            "vpc_id": "vpc-05c4d866ace52cfe2"
          },
          "sensitive_attributes": [],
          "private": "eyJzY2hlbWFfdmVyc2lvbiI6IjEifQ==",
          "dependencies": [
            "module.eks_n_virginia.module.vpc.aws_vpc.this"
          ]
        }
      ]
    },
    {
      "module": "module.eks_n_virginia[0].module.vpc",
      "mode": "managed",
      "type": "aws_eip",
      "name": "nat",
      "provider": "provider[\"registry.terraform.io/hashicorp/aws\"].n_virginia",
      "instances": [
        {
          "index_key": 0,
          "schema_version": 0,
          "attributes": {
            "address": null,
            "allocation_id": "eipalloc-077af409249d2b4e1",
            "associate_with_private_ip": null,
            "association_id": "",
            "carrier_ip": "",
            "customer_owned_ip": "",
            "customer_owned_ipv4_pool": "",
            "domain": "vpc",
            "id": "eipalloc-077af409249d2b4e1",
            "instance": "",
            "network_border_group": "us-east-1",
            "network_interface": "",
            "private_dns": null,
            "private_ip": "",
            "public_dns": "ec2-3-225-203-203.compute-1.amazonaws.com",
            "public_ip": "3.225.203.203",
            "public_ipv4_pool": "amazon",
            "tags": {
              "Name": "linxact-vpc-us-east-1a"
            },
            "tags_all": {
              "Name": "linxact-vpc-us-east-1a"
            },
            "timeouts": null,
            "vpc": true
          },
          "sensitive_attributes": [],
          "private": "eyJlMmJmYjczMC1lY2FhLTExZTYtOGY4OC0zNDM2M2JjN2M0YzAiOnsiZGVsZXRlIjoxODAwMDAwMDAwMDAsInJlYWQiOjkwMDAwMDAwMDAwMCwidXBkYXRlIjozMDAwMDAwMDAwMDB9fQ==",
          "dependencies": [
            "module.eks_n_virginia.data.aws_availability_zones.available",
            "module.eks_n_virginia.module.vpc.aws_internet_gateway.this",
            "module.eks_n_virginia.module.vpc.aws_vpc.this",
            "module.eks_n_virginia.module.vpc.aws_vpc_ipv4_cidr_block_association.this"
          ]
        }
      ]
    },
    {
      "module": "module.eks_n_virginia[0].module.vpc",
      "mode": "managed",
      "type": "aws_internet_gateway",
      "name": "this",
      "provider": "provider[\"registry.terraform.io/hashicorp/aws\"].n_virginia",
      "instances": [
        {
          "index_key": 0,
          "schema_version": 0,
          "attributes": {
            "arn": "arn:aws:ec2:us-east-1:411623750878:internet-gateway/igw-06751ed530592ebb7",
            "id": "igw-06751ed530592ebb7",
            "owner_id": "411623750878",
            "tags": {
              "Name": "linxact-vpc"
            },
            "tags_all": {
              "Name": "linxact-vpc"
            },
            "timeouts": null,
            "vpc_id": "vpc-05c4d866ace52cfe2"
          },
          "sensitive_attributes": [],
          "private": "eyJlMmJmYjczMC1lY2FhLTExZTYtOGY4OC0zNDM2M2JjN2M0YzAiOnsiY3JlYXRlIjoxMjAwMDAwMDAwMDAwLCJkZWxldGUiOjEyMDAwMDAwMDAwMDAsInVwZGF0ZSI6MTIwMDAwMDAwMDAwMH19",
          "dependencies": [
            "module.eks_n_virginia.module.vpc.aws_vpc.this",
            "module.eks_n_virginia.module.vpc.aws_vpc_ipv4_cidr_block_association.this"
          ]
        }
      ]
    },
    {
      "module": "module.eks_n_virginia[0].module.vpc",
      "mode": "managed",
      "type": "aws_nat_gateway",
      "name": "this",
      "provider": "provider[\"registry.terraform.io/hashicorp/aws\"].n_virginia",
      "instances": [
        {
          "index_key": 0,
          "schema_version": 0,
          "attributes": {
            "allocation_id": "eipalloc-077af409249d2b4e1",
            "association_id": "eipassoc-0ebea1f840f0dced3",
            "connectivity_type": "public",
            "id": "nat-036ebe0dbbdb9b8f4",
            "network_interface_id": "eni-046544f27f94d2adb",
            "private_ip": "10.0.5.79",
            "public_ip": "3.225.203.203",
            "subnet_id": "subnet-075b537b7ec27e1de",
            "tags": {
              "Name": "linxact-vpc-us-east-1a"
            },
            "tags_all": {
              "Name": "linxact-vpc-us-east-1a"
            }
          },
          "sensitive_attributes": [],
          "private": "bnVsbA==",
          "dependencies": [
            "module.eks_n_virginia.data.aws_availability_zones.available",
            "module.eks_n_virginia.module.vpc.aws_eip.nat",
            "module.eks_n_virginia.module.vpc.aws_internet_gateway.this",
            "module.eks_n_virginia.module.vpc.aws_subnet.public",
            "module.eks_n_virginia.module.vpc.aws_vpc.this",
            "module.eks_n_virginia.module.vpc.aws_vpc_ipv4_cidr_block_association.this"
          ]
        }
      ]
    },
    {
      "module": "module.eks_n_virginia[0].module.vpc",
      "mode": "managed",
      "type": "aws_route",
      "name": "private_nat_gateway",
      "provider": "provider[\"registry.terraform.io/hashicorp/aws\"].n_virginia",
      "instances": [
        {
          "index_key": 0,
          "schema_version": 0,
          "attributes": {
            "carrier_gateway_id": "",
            "core_network_arn": "",
            "destination_cidr_block": "0.0.0.0/0",
            "destination_ipv6_cidr_block": "",
            "destination_prefix_list_id": "",
            "egress_only_gateway_id": "",
            "gateway_id": "",
            "id": "r-rtb-0bf9fe98462d076671080289494",
            "instance_id": "",
            "instance_owner_id": "",
            "local_gateway_id": "",
            "nat_gateway_id": "nat-036ebe0dbbdb9b8f4",
            "network_interface_id": "",
            "origin": "CreateRoute",
            "route_table_id": "rtb-0bf9fe98462d07667",
            "state": "active",
            "timeouts": {
              "create": "5m",
              "delete": null,
              "update": null
            },
            "transit_gateway_id": "",
            "vpc_endpoint_id": "",
            "vpc_peering_connection_id": ""
          },
          "sensitive_attributes": [],
          "private": "eyJlMmJmYjczMC1lY2FhLTExZTYtOGY4OC0zNDM2M2JjN2M0YzAiOnsiY3JlYXRlIjozMDAwMDAwMDAwMDAsImRlbGV0ZSI6MzAwMDAwMDAwMDAwLCJ1cGRhdGUiOjEyMDAwMDAwMDAwMH19",
          "dependencies": [
            "module.eks_n_virginia.data.aws_availability_zones.available",
            "module.eks_n_virginia.module.vpc.aws_eip.nat",
            "module.eks_n_virginia.module.vpc.aws_internet_gateway.this",
            "module.eks_n_virginia.module.vpc.aws_nat_gateway.this",
            "module.eks_n_virginia.module.vpc.aws_route_table.private",
            "module.eks_n_virginia.module.vpc.aws_subnet.public",
            "module.eks_n_virginia.module.vpc.aws_vpc.this",
            "module.eks_n_virginia.module.vpc.aws_vpc_ipv4_cidr_block_association.this"
          ]
        }
      ]
    },
    {
      "module": "module.eks_n_virginia[0].module.vpc",
      "mode": "managed",
      "type": "aws_route",
      "name": "public_internet_gateway",
      "provider": "provider[\"registry.terraform.io/hashicorp/aws\"].n_virginia",
      "instances": [
        {
          "index_key": 0,
          "schema_version": 0,
          "attributes": {
            "carrier_gateway_id": "",
            "core_network_arn": "",
            "destination_cidr_block": "0.0.0.0/0",
            "destination_ipv6_cidr_block": "",
            "destination_prefix_list_id": "",
            "egress_only_gateway_id": "",
            "gateway_id": "igw-06751ed530592ebb7",
            "id": "r-rtb-0689f19256454f0a21080289494",
            "instance_id": "",
            "instance_owner_id": "",
            "local_gateway_id": "",
            "nat_gateway_id": "",
            "network_interface_id": "",
            "origin": "CreateRoute",
            "route_table_id": "rtb-0689f19256454f0a2",
            "state": "active",
            "timeouts": {
              "create": "5m",
              "delete": null,
              "update": null
            },
            "transit_gateway_id": "",
            "vpc_endpoint_id": "",
            "vpc_peering_connection_id": ""
          },
          "sensitive_attributes": [],
          "private": "eyJlMmJmYjczMC1lY2FhLTExZTYtOGY4OC0zNDM2M2JjN2M0YzAiOnsiY3JlYXRlIjozMDAwMDAwMDAwMDAsImRlbGV0ZSI6MzAwMDAwMDAwMDAwLCJ1cGRhdGUiOjEyMDAwMDAwMDAwMH19",
          "dependencies": [
            "module.eks_n_virginia.module.vpc.aws_internet_gateway.this",
            "module.eks_n_virginia.module.vpc.aws_route_table.public",
            "module.eks_n_virginia.module.vpc.aws_vpc.this",
            "module.eks_n_virginia.module.vpc.aws_vpc_ipv4_cidr_block_association.this"
          ]
        }
      ]
    },
    {
      "module": "module.eks_n_virginia[0].module.vpc",
      "mode": "managed",
      "type": "aws_route_table",
      "name": "private",
      "provider": "provider[\"registry.terraform.io/hashicorp/aws\"].n_virginia",
      "instances": [
        {
          "index_key": 0,
          "schema_version": 0,
          "attributes": {
            "arn": "arn:aws:ec2:us-east-1:411623750878:route-table/rtb-0bf9fe98462d07667",
            "id": "rtb-0bf9fe98462d07667",
            "owner_id": "411623750878",
            "propagating_vgws": [],
            "route": [],
            "tags": {
              "Name": "linxact-vpc-private"
            },
            "tags_all": {
              "Name": "linxact-vpc-private"
            },
            "timeouts": null,
            "vpc_id": "vpc-05c4d866ace52cfe2"
          },
          "sensitive_attributes": [],
          "private": "eyJlMmJmYjczMC1lY2FhLTExZTYtOGY4OC0zNDM2M2JjN2M0YzAiOnsiY3JlYXRlIjozMDAwMDAwMDAwMDAsImRlbGV0ZSI6MzAwMDAwMDAwMDAwLCJ1cGRhdGUiOjEyMDAwMDAwMDAwMH19",
          "dependencies": [
            "module.eks_n_virginia.data.aws_availability_zones.available",
            "module.eks_n_virginia.module.vpc.aws_vpc.this",
            "module.eks_n_virginia.module.vpc.aws_vpc_ipv4_cidr_block_association.this"
          ]
        }
      ]
    },
    {
      "module": "module.eks_n_virginia[0].module.vpc",
      "mode": "managed",
      "type": "aws_route_table",
      "name": "public",
      "provider": "provider[\"registry.terraform.io/hashicorp/aws\"].n_virginia",
      "instances": [
        {
          "index_key": 0,
          "schema_version": 0,
          "attributes": {
            "arn": "arn:aws:ec2:us-east-1:411623750878:route-table/rtb-0689f19256454f0a2",
            "id": "rtb-0689f19256454f0a2",
            "owner_id": "411623750878",
            "propagating_vgws": [],
            "route": [],
            "tags": {
              "Name": "linxact-vpc-public"
            },
            "tags_all": {
              "Name": "linxact-vpc-public"
            },
            "timeouts": null,
            "vpc_id": "vpc-05c4d866ace52cfe2"
          },
          "sensitive_attributes": [],
          "private": "eyJlMmJmYjczMC1lY2FhLTExZTYtOGY4OC0zNDM2M2JjN2M0YzAiOnsiY3JlYXRlIjozMDAwMDAwMDAwMDAsImRlbGV0ZSI6MzAwMDAwMDAwMDAwLCJ1cGRhdGUiOjEyMDAwMDAwMDAwMH19",
          "dependencies": [
            "module.eks_n_virginia.module.vpc.aws_vpc.this",
            "module.eks_n_virginia.module.vpc.aws_vpc_ipv4_cidr_block_association.this"
          ]
        }
      ]
    },
    {
      "module": "module.eks_n_virginia[0].module.vpc",
      "mode": "managed",
      "type": "aws_route_table_association",
      "name": "private",
      "provider": "provider[\"registry.terraform.io/hashicorp/aws\"].n_virginia",
      "instances": [
        {
          "index_key": 0,
          "schema_version": 0,
          "attributes": {
            "gateway_id": "",
            "id": "rtbassoc-0b0788fbd898ce8cb",
            "route_table_id": "rtb-0bf9fe98462d07667",
            "subnet_id": "subnet-02fe2725c09160f1a",
            "timeouts": null
          },
          "sensitive_attributes": [],
          "private": "eyJlMmJmYjczMC1lY2FhLTExZTYtOGY4OC0zNDM2M2JjN2M0YzAiOnsiY3JlYXRlIjozMDAwMDAwMDAwMDAsImRlbGV0ZSI6MzAwMDAwMDAwMDAwLCJ1cGRhdGUiOjEyMDAwMDAwMDAwMH19",
          "dependencies": [
            "module.eks_n_virginia.data.aws_availability_zones.available",
            "module.eks_n_virginia.module.vpc.aws_route_table.private",
            "module.eks_n_virginia.module.vpc.aws_subnet.private",
            "module.eks_n_virginia.module.vpc.aws_vpc.this",
            "module.eks_n_virginia.module.vpc.aws_vpc_ipv4_cidr_block_association.this"
          ]
        },
        {
          "index_key": 1,
          "schema_version": 0,
          "attributes": {
            "gateway_id": "",
            "id": "rtbassoc-025599935dcbcc792",
            "route_table_id": "rtb-0bf9fe98462d07667",
            "subnet_id": "subnet-0c008b640e7f25797",
            "timeouts": null
          },
          "sensitive_attributes": [],
          "private": "eyJlMmJmYjczMC1lY2FhLTExZTYtOGY4OC0zNDM2M2JjN2M0YzAiOnsiY3JlYXRlIjozMDAwMDAwMDAwMDAsImRlbGV0ZSI6MzAwMDAwMDAwMDAwLCJ1cGRhdGUiOjEyMDAwMDAwMDAwMH19",
          "dependencies": [
            "module.eks_n_virginia.data.aws_availability_zones.available",
            "module.eks_n_virginia.module.vpc.aws_route_table.private",
            "module.eks_n_virginia.module.vpc.aws_subnet.private",
            "module.eks_n_virginia.module.vpc.aws_vpc.this",
            "module.eks_n_virginia.module.vpc.aws_vpc_ipv4_cidr_block_association.this"
          ]
        },
        {
          "index_key": 2,
          "schema_version": 0,
          "attributes": {
            "gateway_id": "",
            "id": "rtbassoc-073bc94c481335e57",
            "route_table_id": "rtb-0bf9fe98462d07667",
            "subnet_id": "subnet-0b335e4192bcc9fbb",
            "timeouts": null
          },
          "sensitive_attributes": [],
          "private": "eyJlMmJmYjczMC1lY2FhLTExZTYtOGY4OC0zNDM2M2JjN2M0YzAiOnsiY3JlYXRlIjozMDAwMDAwMDAwMDAsImRlbGV0ZSI6MzAwMDAwMDAwMDAwLCJ1cGRhdGUiOjEyMDAwMDAwMDAwMH19",
          "dependencies": [
            "module.eks_n_virginia.data.aws_availability_zones.available",
            "module.eks_n_virginia.module.vpc.aws_route_table.private",
            "module.eks_n_virginia.module.vpc.aws_subnet.private",
            "module.eks_n_virginia.module.vpc.aws_vpc.this",
            "module.eks_n_virginia.module.vpc.aws_vpc_ipv4_cidr_block_association.this"
          ]
        },
        {
          "index_key": 3,
          "schema_version": 0,
          "attributes": {
            "gateway_id": "",
            "id": "rtbassoc-01648025420b07a03",
            "route_table_id": "rtb-0bf9fe98462d07667",
            "subnet_id": "subnet-0207d586448f4d589",
            "timeouts": null
          },
          "sensitive_attributes": [],
          "private": "eyJlMmJmYjczMC1lY2FhLTExZTYtOGY4OC0zNDM2M2JjN2M0YzAiOnsiY3JlYXRlIjozMDAwMDAwMDAwMDAsImRlbGV0ZSI6MzAwMDAwMDAwMDAwLCJ1cGRhdGUiOjEyMDAwMDAwMDAwMH19",
          "dependencies": [
            "module.eks_n_virginia.data.aws_availability_zones.available",
            "module.eks_n_virginia.module.vpc.aws_route_table.private",
            "module.eks_n_virginia.module.vpc.aws_subnet.private",
            "module.eks_n_virginia.module.vpc.aws_vpc.this",
            "module.eks_n_virginia.module.vpc.aws_vpc_ipv4_cidr_block_association.this"
          ]
        },
        {
          "index_key": 4,
          "schema_version": 0,
          "attributes": {
            "gateway_id": "",
            "id": "rtbassoc-040f620fea4073def",
            "route_table_id": "rtb-0bf9fe98462d07667",
            "subnet_id": "subnet-07268df3c5cebcb4c",
            "timeouts": null
          },
          "sensitive_attributes": [],
          "private": "eyJlMmJmYjczMC1lY2FhLTExZTYtOGY4OC0zNDM2M2JjN2M0YzAiOnsiY3JlYXRlIjozMDAwMDAwMDAwMDAsImRlbGV0ZSI6MzAwMDAwMDAwMDAwLCJ1cGRhdGUiOjEyMDAwMDAwMDAwMH19",
          "dependencies": [
            "module.eks_n_virginia.data.aws_availability_zones.available",
            "module.eks_n_virginia.module.vpc.aws_route_table.private",
            "module.eks_n_virginia.module.vpc.aws_subnet.private",
            "module.eks_n_virginia.module.vpc.aws_vpc.this",
            "module.eks_n_virginia.module.vpc.aws_vpc_ipv4_cidr_block_association.this"
          ]
        }
      ]
    },
    {
      "module": "module.eks_n_virginia[0].module.vpc",
      "mode": "managed",
      "type": "aws_route_table_association",
      "name": "public",
      "provider": "provider[\"registry.terraform.io/hashicorp/aws\"].n_virginia",
      "instances": [
        {
          "index_key": 0,
          "schema_version": 0,
          "attributes": {
            "gateway_id": "",
            "id": "rtbassoc-01b61cecbadd33bb0",
            "route_table_id": "rtb-0689f19256454f0a2",
            "subnet_id": "subnet-075b537b7ec27e1de",
            "timeouts": null
          },
          "sensitive_attributes": [],
          "private": "eyJlMmJmYjczMC1lY2FhLTExZTYtOGY4OC0zNDM2M2JjN2M0YzAiOnsiY3JlYXRlIjozMDAwMDAwMDAwMDAsImRlbGV0ZSI6MzAwMDAwMDAwMDAwLCJ1cGRhdGUiOjEyMDAwMDAwMDAwMH19",
          "dependencies": [
            "module.eks_n_virginia.data.aws_availability_zones.available",
            "module.eks_n_virginia.module.vpc.aws_route_table.public",
            "module.eks_n_virginia.module.vpc.aws_subnet.public",
            "module.eks_n_virginia.module.vpc.aws_vpc.this",
            "module.eks_n_virginia.module.vpc.aws_vpc_ipv4_cidr_block_association.this"
          ]
        },
        {
          "index_key": 1,
          "schema_version": 0,
          "attributes": {
            "gateway_id": "",
            "id": "rtbassoc-0004f20e328ee4a27",
            "route_table_id": "rtb-0689f19256454f0a2",
            "subnet_id": "subnet-06abdae81bfdc174e",
            "timeouts": null
          },
          "sensitive_attributes": [],
          "private": "eyJlMmJmYjczMC1lY2FhLTExZTYtOGY4OC0zNDM2M2JjN2M0YzAiOnsiY3JlYXRlIjozMDAwMDAwMDAwMDAsImRlbGV0ZSI6MzAwMDAwMDAwMDAwLCJ1cGRhdGUiOjEyMDAwMDAwMDAwMH19",
          "dependencies": [
            "module.eks_n_virginia.data.aws_availability_zones.available",
            "module.eks_n_virginia.module.vpc.aws_route_table.public",
            "module.eks_n_virginia.module.vpc.aws_subnet.public",
            "module.eks_n_virginia.module.vpc.aws_vpc.this",
            "module.eks_n_virginia.module.vpc.aws_vpc_ipv4_cidr_block_association.this"
          ]
        },
        {
          "index_key": 2,
          "schema_version": 0,
          "attributes": {
            "gateway_id": "",
            "id": "rtbassoc-0c2795d8a88a63d8b",
            "route_table_id": "rtb-0689f19256454f0a2",
            "subnet_id": "subnet-0876df711ae859de3",
            "timeouts": null
          },
          "sensitive_attributes": [],
          "private": "eyJlMmJmYjczMC1lY2FhLTExZTYtOGY4OC0zNDM2M2JjN2M0YzAiOnsiY3JlYXRlIjozMDAwMDAwMDAwMDAsImRlbGV0ZSI6MzAwMDAwMDAwMDAwLCJ1cGRhdGUiOjEyMDAwMDAwMDAwMH19",
          "dependencies": [
            "module.eks_n_virginia.data.aws_availability_zones.available",
            "module.eks_n_virginia.module.vpc.aws_route_table.public",
            "module.eks_n_virginia.module.vpc.aws_subnet.public",
            "module.eks_n_virginia.module.vpc.aws_vpc.this",
            "module.eks_n_virginia.module.vpc.aws_vpc_ipv4_cidr_block_association.this"
          ]
        },
        {
          "index_key": 3,
          "schema_version": 0,
          "attributes": {
            "gateway_id": "",
            "id": "rtbassoc-0582026efb2a0f205",
            "route_table_id": "rtb-0689f19256454f0a2",
            "subnet_id": "subnet-0b6ba49f252100070",
            "timeouts": null
          },
          "sensitive_attributes": [],
          "private": "eyJlMmJmYjczMC1lY2FhLTExZTYtOGY4OC0zNDM2M2JjN2M0YzAiOnsiY3JlYXRlIjozMDAwMDAwMDAwMDAsImRlbGV0ZSI6MzAwMDAwMDAwMDAwLCJ1cGRhdGUiOjEyMDAwMDAwMDAwMH19",
          "dependencies": [
            "module.eks_n_virginia.data.aws_availability_zones.available",
            "module.eks_n_virginia.module.vpc.aws_route_table.public",
            "module.eks_n_virginia.module.vpc.aws_subnet.public",
            "module.eks_n_virginia.module.vpc.aws_vpc.this",
            "module.eks_n_virginia.module.vpc.aws_vpc_ipv4_cidr_block_association.this"
          ]
        },
        {
          "index_key": 4,
          "schema_version": 0,
          "attributes": {
            "gateway_id": "",
            "id": "rtbassoc-0548229aed2069095",
            "route_table_id": "rtb-0689f19256454f0a2",
            "subnet_id": "subnet-0c428f6ee79eb5695",
            "timeouts": null
          },
          "sensitive_attributes": [],
          "private": "eyJlMmJmYjczMC1lY2FhLTExZTYtOGY4OC0zNDM2M2JjN2M0YzAiOnsiY3JlYXRlIjozMDAwMDAwMDAwMDAsImRlbGV0ZSI6MzAwMDAwMDAwMDAwLCJ1cGRhdGUiOjEyMDAwMDAwMDAwMH19",
          "dependencies": [
            "module.eks_n_virginia.data.aws_availability_zones.available",
            "module.eks_n_virginia.module.vpc.aws_route_table.public",
            "module.eks_n_virginia.module.vpc.aws_subnet.public",
            "module.eks_n_virginia.module.vpc.aws_vpc.this",
            "module.eks_n_virginia.module.vpc.aws_vpc_ipv4_cidr_block_association.this"
          ]
        }
      ]
    },
    {
      "module": "module.eks_n_virginia[0].module.vpc",
      "mode": "managed",
      "type": "aws_subnet",
      "name": "private",
      "provider": "provider[\"registry.terraform.io/hashicorp/aws\"].n_virginia",
      "instances": [
        {
          "index_key": 0,
          "schema_version": 1,
          "attributes": {
            "arn": "arn:aws:ec2:us-east-1:411623750878:subnet/subnet-02fe2725c09160f1a",
            "assign_ipv6_address_on_creation": false,
            "availability_zone": "us-east-1a",
            "availability_zone_id": "use1-az4",
            "cidr_block": "10.0.0.0/24",
            "customer_owned_ipv4_pool": "",
            "enable_dns64": false,
            "enable_lni_at_device_index": 0,
            "enable_resource_name_dns_a_record_on_launch": false,
            "enable_resource_name_dns_aaaa_record_on_launch": false,
            "id": "subnet-02fe2725c09160f1a",
            "ipv6_cidr_block": "",
            "ipv6_cidr_block_association_id": "",
            "ipv6_native": false,
            "map_customer_owned_ip_on_launch": false,
            "map_public_ip_on_launch": false,
            "outpost_arn": "",
            "owner_id": "411623750878",
            "private_dns_hostname_type_on_launch": "ip-name",
            "tags": {
              "Name": "linxact-vpc-private-us-east-1a",
              "kubernetes.io/cluster/linxact-nv": "shared",
              "kubernetes.io/role/internal-elb": "1"
            },
            "tags_all": {
              "Name": "linxact-vpc-private-us-east-1a",
              "kubernetes.io/cluster/linxact-nv": "shared",
              "kubernetes.io/role/internal-elb": "1"
            },
            "timeouts": null,
            "vpc_id": "vpc-05c4d866ace52cfe2"
          },
          "sensitive_attributes": [],
          "private": "eyJlMmJmYjczMC1lY2FhLTExZTYtOGY4OC0zNDM2M2JjN2M0YzAiOnsiY3JlYXRlIjo2MDAwMDAwMDAwMDAsImRlbGV0ZSI6MTIwMDAwMDAwMDAwMH0sInNjaGVtYV92ZXJzaW9uIjoiMSJ9",
          "dependencies": [
            "module.eks_n_virginia.data.aws_availability_zones.available",
            "module.eks_n_virginia.module.vpc.aws_vpc.this",
            "module.eks_n_virginia.module.vpc.aws_vpc_ipv4_cidr_block_association.this"
          ]
        },
        {
          "index_key": 1,
          "schema_version": 1,
          "attributes": {
            "arn": "arn:aws:ec2:us-east-1:411623750878:subnet/subnet-0c008b640e7f25797",
            "assign_ipv6_address_on_creation": false,
            "availability_zone": "us-east-1b",
            "availability_zone_id": "use1-az6",
            "cidr_block": "10.0.1.0/24",
            "customer_owned_ipv4_pool": "",
            "enable_dns64": false,
            "enable_lni_at_device_index": 0,
            "enable_resource_name_dns_a_record_on_launch": false,
            "enable_resource_name_dns_aaaa_record_on_launch": false,
            "id": "subnet-0c008b640e7f25797",
            "ipv6_cidr_block": "",
            "ipv6_cidr_block_association_id": "",
            "ipv6_native": false,
            "map_customer_owned_ip_on_launch": false,
            "map_public_ip_on_launch": false,
            "outpost_arn": "",
            "owner_id": "411623750878",
            "private_dns_hostname_type_on_launch": "ip-name",
            "tags": {
              "Name": "linxact-vpc-private-us-east-1b",
              "kubernetes.io/cluster/linxact-nv": "shared",
              "kubernetes.io/role/internal-elb": "1"
            },
            "tags_all": {
              "Name": "linxact-vpc-private-us-east-1b",
              "kubernetes.io/cluster/linxact-nv": "shared",
              "kubernetes.io/role/internal-elb": "1"
            },
            "timeouts": null,
            "vpc_id": "vpc-05c4d866ace52cfe2"
          },
          "sensitive_attributes": [],
          "private": "eyJlMmJmYjczMC1lY2FhLTExZTYtOGY4OC0zNDM2M2JjN2M0YzAiOnsiY3JlYXRlIjo2MDAwMDAwMDAwMDAsImRlbGV0ZSI6MTIwMDAwMDAwMDAwMH0sInNjaGVtYV92ZXJzaW9uIjoiMSJ9",
          "dependencies": [
            "module.eks_n_virginia.data.aws_availability_zones.available",
            "module.eks_n_virginia.module.vpc.aws_vpc.this",
            "module.eks_n_virginia.module.vpc.aws_vpc_ipv4_cidr_block_association.this"
          ]
        },
        {
          "index_key": 2,
          "schema_version": 1,
          "attributes": {
            "arn": "arn:aws:ec2:us-east-1:411623750878:subnet/subnet-0b335e4192bcc9fbb",
            "assign_ipv6_address_on_creation": false,
            "availability_zone": "us-east-1c",
            "availability_zone_id": "use1-az1",
            "cidr_block": "10.0.2.0/24",
            "customer_owned_ipv4_pool": "",
            "enable_dns64": false,
            "enable_lni_at_device_index": 0,
            "enable_resource_name_dns_a_record_on_launch": false,
            "enable_resource_name_dns_aaaa_record_on_launch": false,
            "id": "subnet-0b335e4192bcc9fbb",
            "ipv6_cidr_block": "",
            "ipv6_cidr_block_association_id": "",
            "ipv6_native": false,
            "map_customer_owned_ip_on_launch": false,
            "map_public_ip_on_launch": false,
            "outpost_arn": "",
            "owner_id": "411623750878",
            "private_dns_hostname_type_on_launch": "ip-name",
            "tags": {
              "Name": "linxact-vpc-private-us-east-1c",
              "kubernetes.io/cluster/linxact-nv": "shared",
              "kubernetes.io/role/internal-elb": "1"
            },
            "tags_all": {
              "Name": "linxact-vpc-private-us-east-1c",
              "kubernetes.io/cluster/linxact-nv": "shared",
              "kubernetes.io/role/internal-elb": "1"
            },
            "timeouts": null,
            "vpc_id": "vpc-05c4d866ace52cfe2"
          },
          "sensitive_attributes": [],
          "private": "eyJlMmJmYjczMC1lY2FhLTExZTYtOGY4OC0zNDM2M2JjN2M0YzAiOnsiY3JlYXRlIjo2MDAwMDAwMDAwMDAsImRlbGV0ZSI6MTIwMDAwMDAwMDAwMH0sInNjaGVtYV92ZXJzaW9uIjoiMSJ9",
          "dependencies": [
            "module.eks_n_virginia.data.aws_availability_zones.available",
            "module.eks_n_virginia.module.vpc.aws_vpc.this",
            "module.eks_n_virginia.module.vpc.aws_vpc_ipv4_cidr_block_association.this"
          ]
        },
        {
          "index_key": 3,
          "schema_version": 1,
          "attributes": {
            "arn": "arn:aws:ec2:us-east-1:411623750878:subnet/subnet-0207d586448f4d589",
            "assign_ipv6_address_on_creation": false,
            "availability_zone": "us-east-1a",
            "availability_zone_id": "use1-az4",
            "cidr_block": "10.0.3.0/24",
            "customer_owned_ipv4_pool": "",
            "enable_dns64": false,
            "enable_lni_at_device_index": 0,
            "enable_resource_name_dns_a_record_on_launch": false,
            "enable_resource_name_dns_aaaa_record_on_launch": false,
            "id": "subnet-0207d586448f4d589",
            "ipv6_cidr_block": "",
            "ipv6_cidr_block_association_id": "",
            "ipv6_native": false,
            "map_customer_owned_ip_on_launch": false,
            "map_public_ip_on_launch": false,
            "outpost_arn": "",
            "owner_id": "411623750878",
            "private_dns_hostname_type_on_launch": "ip-name",
            "tags": {
              "Name": "linxact-vpc-private-us-east-1a",
              "kubernetes.io/cluster/linxact-nv": "shared",
              "kubernetes.io/role/internal-elb": "1"
            },
            "tags_all": {
              "Name": "linxact-vpc-private-us-east-1a",
              "kubernetes.io/cluster/linxact-nv": "shared",
              "kubernetes.io/role/internal-elb": "1"
            },
            "timeouts": null,
            "vpc_id": "vpc-05c4d866ace52cfe2"
          },
          "sensitive_attributes": [],
          "private": "eyJlMmJmYjczMC1lY2FhLTExZTYtOGY4OC0zNDM2M2JjN2M0YzAiOnsiY3JlYXRlIjo2MDAwMDAwMDAwMDAsImRlbGV0ZSI6MTIwMDAwMDAwMDAwMH0sInNjaGVtYV92ZXJzaW9uIjoiMSJ9",
          "dependencies": [
            "module.eks_n_virginia.data.aws_availability_zones.available",
            "module.eks_n_virginia.module.vpc.aws_vpc.this",
            "module.eks_n_virginia.module.vpc.aws_vpc_ipv4_cidr_block_association.this"
          ]
        },
        {
          "index_key": 4,
          "schema_version": 1,
          "attributes": {
            "arn": "arn:aws:ec2:us-east-1:411623750878:subnet/subnet-07268df3c5cebcb4c",
            "assign_ipv6_address_on_creation": false,
            "availability_zone": "us-east-1b",
            "availability_zone_id": "use1-az6",
            "cidr_block": "10.0.4.0/24",
            "customer_owned_ipv4_pool": "",
            "enable_dns64": false,
            "enable_lni_at_device_index": 0,
            "enable_resource_name_dns_a_record_on_launch": false,
            "enable_resource_name_dns_aaaa_record_on_launch": false,
            "id": "subnet-07268df3c5cebcb4c",
            "ipv6_cidr_block": "",
            "ipv6_cidr_block_association_id": "",
            "ipv6_native": false,
            "map_customer_owned_ip_on_launch": false,
            "map_public_ip_on_launch": false,
            "outpost_arn": "",
            "owner_id": "411623750878",
            "private_dns_hostname_type_on_launch": "ip-name",
            "tags": {
              "Name": "linxact-vpc-private-us-east-1b",
              "kubernetes.io/cluster/linxact-nv": "shared",
              "kubernetes.io/role/internal-elb": "1"
            },
            "tags_all": {
              "Name": "linxact-vpc-private-us-east-1b",
              "kubernetes.io/cluster/linxact-nv": "shared",
              "kubernetes.io/role/internal-elb": "1"
            },
            "timeouts": null,
            "vpc_id": "vpc-05c4d866ace52cfe2"
          },
          "sensitive_attributes": [],
          "private": "eyJlMmJmYjczMC1lY2FhLTExZTYtOGY4OC0zNDM2M2JjN2M0YzAiOnsiY3JlYXRlIjo2MDAwMDAwMDAwMDAsImRlbGV0ZSI6MTIwMDAwMDAwMDAwMH0sInNjaGVtYV92ZXJzaW9uIjoiMSJ9",
          "dependencies": [
            "module.eks_n_virginia.data.aws_availability_zones.available",
            "module.eks_n_virginia.module.vpc.aws_vpc.this",
            "module.eks_n_virginia.module.vpc.aws_vpc_ipv4_cidr_block_association.this"
          ]
        }
      ]
    },
    {
      "module": "module.eks_n_virginia[0].module.vpc",
      "mode": "managed",
      "type": "aws_subnet",
      "name": "public",
      "provider": "provider[\"registry.terraform.io/hashicorp/aws\"].n_virginia",
      "instances": [
        {
          "index_key": 0,
          "schema_version": 1,
          "attributes": {
            "arn": "arn:aws:ec2:us-east-1:411623750878:subnet/subnet-075b537b7ec27e1de",
            "assign_ipv6_address_on_creation": false,
            "availability_zone": "us-east-1a",
            "availability_zone_id": "use1-az4",
            "cidr_block": "10.0.5.0/24",
            "customer_owned_ipv4_pool": "",
            "enable_dns64": false,
            "enable_lni_at_device_index": 0,
            "enable_resource_name_dns_a_record_on_launch": false,
            "enable_resource_name_dns_aaaa_record_on_launch": false,
            "id": "subnet-075b537b7ec27e1de",
            "ipv6_cidr_block": "",
            "ipv6_cidr_block_association_id": "",
            "ipv6_native": false,
            "map_customer_owned_ip_on_launch": false,
            "map_public_ip_on_launch": false,
            "outpost_arn": "",
            "owner_id": "411623750878",
            "private_dns_hostname_type_on_launch": "ip-name",
            "tags": {
              "Name": "linxact-vpc-public-us-east-1a",
              "kubernetes.io/cluster/linxact-nv": "shared",
              "kubernetes.io/role/elb": "1"
            },
            "tags_all": {
              "Name": "linxact-vpc-public-us-east-1a",
              "kubernetes.io/cluster/linxact-nv": "shared",
              "kubernetes.io/role/elb": "1"
            },
            "timeouts": null,
            "vpc_id": "vpc-05c4d866ace52cfe2"
          },
          "sensitive_attributes": [],
          "private": "eyJlMmJmYjczMC1lY2FhLTExZTYtOGY4OC0zNDM2M2JjN2M0YzAiOnsiY3JlYXRlIjo2MDAwMDAwMDAwMDAsImRlbGV0ZSI6MTIwMDAwMDAwMDAwMH0sInNjaGVtYV92ZXJzaW9uIjoiMSJ9",
          "dependencies": [
            "module.eks_n_virginia.data.aws_availability_zones.available",
            "module.eks_n_virginia.module.vpc.aws_vpc.this",
            "module.eks_n_virginia.module.vpc.aws_vpc_ipv4_cidr_block_association.this"
          ]
        },
        {
          "index_key": 1,
          "schema_version": 1,
          "attributes": {
            "arn": "arn:aws:ec2:us-east-1:411623750878:subnet/subnet-06abdae81bfdc174e",
            "assign_ipv6_address_on_creation": false,
            "availability_zone": "us-east-1b",
            "availability_zone_id": "use1-az6",
            "cidr_block": "10.0.6.0/24",
            "customer_owned_ipv4_pool": "",
            "enable_dns64": false,
            "enable_lni_at_device_index": 0,
            "enable_resource_name_dns_a_record_on_launch": false,
            "enable_resource_name_dns_aaaa_record_on_launch": false,
            "id": "subnet-06abdae81bfdc174e",
            "ipv6_cidr_block": "",
            "ipv6_cidr_block_association_id": "",
            "ipv6_native": false,
            "map_customer_owned_ip_on_launch": false,
            "map_public_ip_on_launch": false,
            "outpost_arn": "",
            "owner_id": "411623750878",
            "private_dns_hostname_type_on_launch": "ip-name",
            "tags": {
              "Name": "linxact-vpc-public-us-east-1b",
              "kubernetes.io/cluster/linxact-nv": "shared",
              "kubernetes.io/role/elb": "1"
            },
            "tags_all": {
              "Name": "linxact-vpc-public-us-east-1b",
              "kubernetes.io/cluster/linxact-nv": "shared",
              "kubernetes.io/role/elb": "1"
            },
            "timeouts": null,
            "vpc_id": "vpc-05c4d866ace52cfe2"
          },
          "sensitive_attributes": [],
          "private": "eyJlMmJmYjczMC1lY2FhLTExZTYtOGY4OC0zNDM2M2JjN2M0YzAiOnsiY3JlYXRlIjo2MDAwMDAwMDAwMDAsImRlbGV0ZSI6MTIwMDAwMDAwMDAwMH0sInNjaGVtYV92ZXJzaW9uIjoiMSJ9",
          "dependencies": [
            "module.eks_n_virginia.data.aws_availability_zones.available",
            "module.eks_n_virginia.module.vpc.aws_vpc.this",
            "module.eks_n_virginia.module.vpc.aws_vpc_ipv4_cidr_block_association.this"
          ]
        },
        {
          "index_key": 2,
          "schema_version": 1,
          "attributes": {
            "arn": "arn:aws:ec2:us-east-1:411623750878:subnet/subnet-0876df711ae859de3",
            "assign_ipv6_address_on_creation": false,
            "availability_zone": "us-east-1c",
            "availability_zone_id": "use1-az1",
            "cidr_block": "10.0.7.0/24",
            "customer_owned_ipv4_pool": "",
            "enable_dns64": false,
            "enable_lni_at_device_index": 0,
            "enable_resource_name_dns_a_record_on_launch": false,
            "enable_resource_name_dns_aaaa_record_on_launch": false,
            "id": "subnet-0876df711ae859de3",
            "ipv6_cidr_block": "",
            "ipv6_cidr_block_association_id": "",
            "ipv6_native": false,
            "map_customer_owned_ip_on_launch": false,
            "map_public_ip_on_launch": false,
            "outpost_arn": "",
            "owner_id": "411623750878",
            "private_dns_hostname_type_on_launch": "ip-name",
            "tags": {
              "Name": "linxact-vpc-public-us-east-1c",
              "kubernetes.io/cluster/linxact-nv": "shared",
              "kubernetes.io/role/elb": "1"
            },
            "tags_all": {
              "Name": "linxact-vpc-public-us-east-1c",
              "kubernetes.io/cluster/linxact-nv": "shared",
              "kubernetes.io/role/elb": "1"
            },
            "timeouts": null,
            "vpc_id": "vpc-05c4d866ace52cfe2"
          },
          "sensitive_attributes": [],
          "private": "eyJlMmJmYjczMC1lY2FhLTExZTYtOGY4OC0zNDM2M2JjN2M0YzAiOnsiY3JlYXRlIjo2MDAwMDAwMDAwMDAsImRlbGV0ZSI6MTIwMDAwMDAwMDAwMH0sInNjaGVtYV92ZXJzaW9uIjoiMSJ9",
          "dependencies": [
            "module.eks_n_virginia.data.aws_availability_zones.available",
            "module.eks_n_virginia.module.vpc.aws_vpc.this",
            "module.eks_n_virginia.module.vpc.aws_vpc_ipv4_cidr_block_association.this"
          ]
        },
        {
          "index_key": 3,
          "schema_version": 1,
          "attributes": {
            "arn": "arn:aws:ec2:us-east-1:411623750878:subnet/subnet-0b6ba49f252100070",
            "assign_ipv6_address_on_creation": false,
            "availability_zone": "us-east-1a",
            "availability_zone_id": "use1-az4",
            "cidr_block": "10.0.8.0/24",
            "customer_owned_ipv4_pool": "",
            "enable_dns64": false,
            "enable_lni_at_device_index": 0,
            "enable_resource_name_dns_a_record_on_launch": false,
            "enable_resource_name_dns_aaaa_record_on_launch": false,
            "id": "subnet-0b6ba49f252100070",
            "ipv6_cidr_block": "",
            "ipv6_cidr_block_association_id": "",
            "ipv6_native": false,
            "map_customer_owned_ip_on_launch": false,
            "map_public_ip_on_launch": false,
            "outpost_arn": "",
            "owner_id": "411623750878",
            "private_dns_hostname_type_on_launch": "ip-name",
            "tags": {
              "Name": "linxact-vpc-public-us-east-1a",
              "kubernetes.io/cluster/linxact-nv": "shared",
              "kubernetes.io/role/elb": "1"
            },
            "tags_all": {
              "Name": "linxact-vpc-public-us-east-1a",
              "kubernetes.io/cluster/linxact-nv": "shared",
              "kubernetes.io/role/elb": "1"
            },
            "timeouts": null,
            "vpc_id": "vpc-05c4d866ace52cfe2"
          },
          "sensitive_attributes": [],
          "private": "eyJlMmJmYjczMC1lY2FhLTExZTYtOGY4OC0zNDM2M2JjN2M0YzAiOnsiY3JlYXRlIjo2MDAwMDAwMDAwMDAsImRlbGV0ZSI6MTIwMDAwMDAwMDAwMH0sInNjaGVtYV92ZXJzaW9uIjoiMSJ9",
          "dependencies": [
            "module.eks_n_virginia.data.aws_availability_zones.available",
            "module.eks_n_virginia.module.vpc.aws_vpc.this",
            "module.eks_n_virginia.module.vpc.aws_vpc_ipv4_cidr_block_association.this"
          ]
        },
        {
          "index_key": 4,
          "schema_version": 1,
          "attributes": {
            "arn": "arn:aws:ec2:us-east-1:411623750878:subnet/subnet-0c428f6ee79eb5695",
            "assign_ipv6_address_on_creation": false,
            "availability_zone": "us-east-1b",
            "availability_zone_id": "use1-az6",
            "cidr_block": "10.0.9.0/24",
            "customer_owned_ipv4_pool": "",
            "enable_dns64": false,
            "enable_lni_at_device_index": 0,
            "enable_resource_name_dns_a_record_on_launch": false,
            "enable_resource_name_dns_aaaa_record_on_launch": false,
            "id": "subnet-0c428f6ee79eb5695",
            "ipv6_cidr_block": "",
            "ipv6_cidr_block_association_id": "",
            "ipv6_native": false,
            "map_customer_owned_ip_on_launch": false,
            "map_public_ip_on_launch": false,
            "outpost_arn": "",
            "owner_id": "411623750878",
            "private_dns_hostname_type_on_launch": "ip-name",
            "tags": {
              "Name": "linxact-vpc-public-us-east-1b",
              "kubernetes.io/cluster/linxact-nv": "shared",
              "kubernetes.io/role/elb": "1"
            },
            "tags_all": {
              "Name": "linxact-vpc-public-us-east-1b",
              "kubernetes.io/cluster/linxact-nv": "shared",
              "kubernetes.io/role/elb": "1"
            },
            "timeouts": null,
            "vpc_id": "vpc-05c4d866ace52cfe2"
          },
          "sensitive_attributes": [],
          "private": "eyJlMmJmYjczMC1lY2FhLTExZTYtOGY4OC0zNDM2M2JjN2M0YzAiOnsiY3JlYXRlIjo2MDAwMDAwMDAwMDAsImRlbGV0ZSI6MTIwMDAwMDAwMDAwMH0sInNjaGVtYV92ZXJzaW9uIjoiMSJ9",
          "dependencies": [
            "module.eks_n_virginia.data.aws_availability_zones.available",
            "module.eks_n_virginia.module.vpc.aws_vpc.this",
            "module.eks_n_virginia.module.vpc.aws_vpc_ipv4_cidr_block_association.this"
          ]
        }
      ]
    },
    {
      "module": "module.eks_n_virginia[0].module.vpc",
      "mode": "managed",
      "type": "aws_vpc",
      "name": "this",
      "provider": "provider[\"registry.terraform.io/hashicorp/aws\"].n_virginia",
      "instances": [
        {
          "index_key": 0,
          "schema_version": 1,
          "attributes": {
            "arn": "arn:aws:ec2:us-east-1:411623750878:vpc/vpc-05c4d866ace52cfe2",
            "assign_generated_ipv6_cidr_block": false,
            "cidr_block": "10.0.0.0/16",
            "default_network_acl_id": "acl-0e02d3f5aad959a11",
            "default_route_table_id": "rtb-016b34bc2e0555c2e",
            "default_security_group_id": "sg-02314924e95de55c4",
            "dhcp_options_id": "dopt-df557ca7",
            "enable_dns_hostnames": true,
            "enable_dns_support": true,
            "enable_network_address_usage_metrics": false,
            "id": "vpc-05c4d866ace52cfe2",
            "instance_tenancy": "default",
            "ipv4_ipam_pool_id": null,
            "ipv4_netmask_length": null,
            "ipv6_association_id": "",
            "ipv6_cidr_block": "",
            "ipv6_cidr_block_network_border_group": "",
            "ipv6_ipam_pool_id": "",
            "ipv6_netmask_length": 0,
            "main_route_table_id": "rtb-016b34bc2e0555c2e",
            "owner_id": "411623750878",
            "tags": {
              "Name": "linxact-vpc"
            },
            "tags_all": {
              "Name": "linxact-vpc"
            }
          },
          "sensitive_attributes": [],
          "private": "eyJzY2hlbWFfdmVyc2lvbiI6IjEifQ==",
          "create_before_destroy": true
        }
      ]
    },
    {
      "module": "module.eks_n_virginia[0].module.vpc",
      "mode": "managed",
      "type": "aws_vpc_ipv4_cidr_block_association",
      "name": "this",
      "provider": "provider[\"registry.terraform.io/hashicorp/aws\"].n_virginia",
      "instances": []
    },
    {
      "module": "module.eks_ohio[0]",
      "mode": "data",
      "type": "aws_availability_zones",
      "name": "available",
      "provider": "provider[\"registry.terraform.io/hashicorp/aws\"].ohio",
      "instances": [
        {
          "schema_version": 0,
          "attributes": {
            "all_availability_zones": null,
            "exclude_names": null,
            "exclude_zone_ids": null,
            "filter": [
              {
                "name": "opt-in-status",
                "values": [
                  "opt-in-not-required"
                ]
              }
            ],
            "group_names": [
              "us-east-2"
            ],
            "id": "us-east-2",
            "names": [
              "us-east-2a",
              "us-east-2b",
              "us-east-2c"
            ],
            "state": null,
            "timeouts": null,
            "zone_ids": [
              "use2-az1",
              "use2-az2",
              "use2-az3"
            ]
          },
          "sensitive_attributes": []
        }
      ]
    },
    {
      "module": "module.eks_ohio[0]",
      "mode": "managed",
      "type": "null_resource",
      "name": "merge_kubeconfig",
      "provider": "provider[\"registry.terraform.io/hashicorp/null\"]",
      "instances": [
        {
          "index_key": 0,
          "status": "tainted",
          "schema_version": 0,
          "attributes": {
            "id": "4426326558049179640",
            "triggers": {
              "always": "2024-01-14T19:36:42Z"
            }
          },
          "sensitive_attributes": [],
          "dependencies": [
            "module.eks_ohio.data.aws_availability_zones.available",
            "module.eks_ohio.module.eks.aws_cloudwatch_log_group.this",
            "module.eks_ohio.module.eks.aws_eks_cluster.this",
            "module.eks_ohio.module.eks.aws_iam_policy.cni_ipv6_policy",
            "module.eks_ohio.module.eks.aws_iam_role.this",
            "module.eks_ohio.module.eks.aws_iam_role_policy_attachment.this",
            "module.eks_ohio.module.eks.aws_security_group.cluster",
            "module.eks_ohio.module.eks.aws_security_group.node",
            "module.eks_ohio.module.eks.aws_security_group_rule.cluster",
            "module.eks_ohio.module.eks.aws_security_group_rule.node",
            "module.eks_ohio.module.eks.data.aws_caller_identity.current",
            "module.eks_ohio.module.eks.data.aws_iam_policy_document.assume_role_policy",
            "module.eks_ohio.module.eks.data.aws_iam_policy_document.cni_ipv6_policy",
            "module.eks_ohio.module.eks.data.aws_iam_session_context.current",
            "module.eks_ohio.module.eks.data.aws_partition.current",
            "module.eks_ohio.module.eks.module.kms.aws_kms_external_key.this",
            "module.eks_ohio.module.eks.module.kms.aws_kms_key.this",
            "module.eks_ohio.module.eks.module.kms.data.aws_caller_identity.current",
            "module.eks_ohio.module.eks.module.kms.data.aws_iam_policy_document.this",
            "module.eks_ohio.module.eks.module.kms.data.aws_partition.current",
            "module.eks_ohio.module.vpc.aws_subnet.private",
            "module.eks_ohio.module.vpc.aws_vpc.this",
            "module.eks_ohio.module.vpc.aws_vpc_ipv4_cidr_block_association.this"
          ]
        }
      ]
    },
    {
      "module": "module.eks_ohio[0]",
      "mode": "managed",
      "type": "random_string",
      "name": "suffix",
      "provider": "provider[\"registry.terraform.io/hashicorp/random\"]",
      "instances": [
        {
          "schema_version": 2,
          "attributes": {
            "id": "VHiQYOKT",
            "keepers": null,
            "length": 8,
            "lower": true,
            "min_lower": 0,
            "min_numeric": 0,
            "min_special": 0,
            "min_upper": 0,
            "number": true,
            "numeric": true,
            "override_special": null,
            "result": "VHiQYOKT",
            "special": false,
            "upper": true
          },
          "sensitive_attributes": []
        }
      ]
    },
    {
      "module": "module.eks_ohio[0].module.eks",
      "mode": "data",
      "type": "aws_caller_identity",
      "name": "current",
      "provider": "provider[\"registry.terraform.io/hashicorp/aws\"].ohio",
      "instances": [
        {
          "schema_version": 0,
          "attributes": {
            "account_id": "411623750878",
            "arn": "arn:aws:iam::411623750878:user/olexiy",
            "id": "411623750878",
            "user_id": "AIDAV7VVP7TPJ6HRCC3PA"
          },
          "sensitive_attributes": []
        }
      ]
    },
    {
      "module": "module.eks_ohio[0].module.eks",
      "mode": "data",
      "type": "aws_iam_policy_document",
      "name": "assume_role_policy",
      "provider": "provider[\"registry.terraform.io/hashicorp/aws\"].ohio",
      "instances": [
        {
          "index_key": 0,
          "schema_version": 0,
          "attributes": {
            "id": "2764486067",
            "json": "{\n  \"Version\": \"2012-10-17\",\n  \"Statement\": [\n    {\n      \"Sid\": \"EKSClusterAssumeRole\",\n      \"Effect\": \"Allow\",\n      \"Action\": \"sts:AssumeRole\",\n      \"Principal\": {\n        \"Service\": \"eks.amazonaws.com\"\n      }\n    }\n  ]\n}",
            "override_policy_documents": null,
            "policy_id": null,
            "source_policy_documents": null,
            "statement": [
              {
                "actions": [
                  "sts:AssumeRole"
                ],
                "condition": [],
                "effect": "Allow",
                "not_actions": [],
                "not_principals": [],
                "not_resources": [],
                "principals": [
                  {
                    "identifiers": [
                      "eks.amazonaws.com"
                    ],
                    "type": "Service"
                  }
                ],
                "resources": [],
                "sid": "EKSClusterAssumeRole"
              }
            ],
            "version": "2012-10-17"
          },
          "sensitive_attributes": []
        }
      ]
    },
    {
      "module": "module.eks_ohio[0].module.eks",
      "mode": "data",
      "type": "aws_iam_policy_document",
      "name": "cni_ipv6_policy",
      "provider": "provider[\"registry.terraform.io/hashicorp/aws\"].ohio",
      "instances": []
    },
    {
      "module": "module.eks_ohio[0].module.eks",
      "mode": "data",
      "type": "aws_iam_session_context",
      "name": "current",
      "provider": "provider[\"registry.terraform.io/hashicorp/aws\"].ohio",
      "instances": [
        {
          "schema_version": 0,
          "attributes": {
            "arn": "arn:aws:iam::411623750878:user/olexiy",
            "id": "arn:aws:iam::411623750878:user/olexiy",
            "issuer_arn": "arn:aws:iam::411623750878:user/olexiy",
            "issuer_id": "",
            "issuer_name": "",
            "session_name": ""
          },
          "sensitive_attributes": []
        }
      ]
    },
    {
      "module": "module.eks_ohio[0].module.eks",
      "mode": "data",
      "type": "aws_partition",
      "name": "current",
      "provider": "provider[\"registry.terraform.io/hashicorp/aws\"].ohio",
      "instances": [
        {
          "schema_version": 0,
          "attributes": {
            "dns_suffix": "amazonaws.com",
            "id": "aws",
            "partition": "aws",
            "reverse_dns_prefix": "com.amazonaws"
          },
          "sensitive_attributes": []
        }
      ]
    },
    {
      "module": "module.eks_ohio[0].module.eks",
      "mode": "data",
      "type": "tls_certificate",
      "name": "this",
      "provider": "provider[\"registry.terraform.io/hashicorp/tls\"]",
      "instances": [
        {
          "index_key": 0,
          "schema_version": 0,
          "attributes": {
            "certificates": [
              {
                "cert_pem": "-----BEGIN CERTIFICATE-----\nMIIEdTCCA12gAwIBAgIJAKcOSkw0grd/MA0GCSqGSIb3DQEBCwUAMGgxCzAJBgNV\nBAYTAlVTMSUwIwYDVQQKExxTdGFyZmllbGQgVGVjaG5vbG9naWVzLCBJbmMuMTIw\nMAYDVQQLEylTdGFyZmllbGQgQ2xhc3MgMiBDZXJ0aWZpY2F0aW9uIEF1dGhvcml0\neTAeFw0wOTA5MDIwMDAwMDBaFw0zNDA2MjgxNzM5MTZaMIGYMQswCQYDVQQGEwJV\nUzEQMA4GA1UECBMHQXJpem9uYTETMBEGA1UEBxMKU2NvdHRzZGFsZTElMCMGA1UE\nChMcU3RhcmZpZWxkIFRlY2hub2xvZ2llcywgSW5jLjE7MDkGA1UEAxMyU3RhcmZp\nZWxkIFNlcnZpY2VzIFJvb3QgQ2VydGlmaWNhdGUgQXV0aG9yaXR5IC0gRzIwggEi\nMA0GCSqGSIb3DQEBAQUAA4IBDwAwggEKAoIBAQDVDDrEKvlO4vW+GZdfjohTsR8/\ny8+fIBNtKTrID30892t2OGPZNmCom15cAICyL1l/9of5JUOG52kbUpqQ4XHj2C0N\nTm/2yEnZtvMaVq4rtnQU68/7JuMauh2WLmo7WJSJR1b/JaCTcFOD2oR0FMNnngRo\nOt+OQFodSk7PQ5E751bWAHDLUu57fa4657wx+UX2wmDPE1kCK4DMNEffud6QZW0C\nzyyRpqbn3oUYSXxmTqM6bam17jQuug0DuDPfR+uxa40l2ZvOgdFFRjKWcIfeAg5J\nQ4W2bHO7ZOphQazJ1FTfhy/HIrImzJ9ZVGif/L4qL8RVHHVAYBeFAlU5i38FAgMB\nAAGjgfAwge0wDwYDVR0TAQH/BAUwAwEB/zAOBgNVHQ8BAf8EBAMCAYYwHQYDVR0O\nBBYEFJxfAN+qAdcwKziIorhtSpzyEZGDMB8GA1UdIwQYMBaAFL9ft9HO3R+G9FtV\nrNzXEMIOqYjnME8GCCsGAQUFBwEBBEMwQTAcBggrBgEFBQcwAYYQaHR0cDovL28u\nc3MyLnVzLzAhBggrBgEFBQcwAoYVaHR0cDovL3guc3MyLnVzL3guY2VyMCYGA1Ud\nHwQfMB0wG6AZoBeGFWh0dHA6Ly9zLnNzMi51cy9yLmNybDARBgNVHSAECjAIMAYG\nBFUdIAAwDQYJKoZIhvcNAQELBQADggEBACMd44pXyn3pF3lM8R5V/cxTbj5HD9/G\nVfKyBDbtgB9TxF00KGu+x1X8Z+rLP3+QsjPNG1gQggL4+C/1E2DUBc7xgQjB3ad1\nl08YuW3e95ORCLp+QCztweq7dp4zBncdDQh/U90bZKuCJ/Fp1U1ervShw3WnWEQt\n8jxwmKy6abaVd38PMV4s/KCHOkdp8Hlf9BRUpJVeEXgSYCfOn8J3/yNTd126/+pZ\n59vPr5KW7ySaNRB6nJHGDn2Z9j8Z3/VyVOEVqQdZe4O/Ui5GjLIAZHYcSNPYeehu\nVsyuLAOQ1xk4meTKCRlb/weWsKh/NEnfVqn3sF/tM+2MR7cwA130A4w=\n-----END CERTIFICATE-----\n",
                "is_ca": true,
                "issuer": "OU=Starfield Class 2 Certification Authority,O=Starfield Technologies\\, Inc.,C=US",
                "not_after": "2034-06-28T17:39:16Z",
                "not_before": "2009-09-02T00:00:00Z",
                "public_key_algorithm": "RSA",
                "serial_number": "12037640545166866303",
                "sha1_fingerprint": "9e99a48a9960b14926bb7f3b02e22da2b0ab7280",
                "signature_algorithm": "SHA256-RSA",
                "subject": "CN=Starfield Services Root Certificate Authority - G2,O=Starfield Technologies\\, Inc.,L=Scottsdale,ST=Arizona,C=US",
                "version": 3
              },
              {
                "cert_pem": "-----BEGIN CERTIFICATE-----\nMIIEkjCCA3qgAwIBAgITBn+USionzfP6wq4rAfkI7rnExjANBgkqhkiG9w0BAQsF\nADCBmDELMAkGA1UEBhMCVVMxEDAOBgNVBAgTB0FyaXpvbmExEzARBgNVBAcTClNj\nb3R0c2RhbGUxJTAjBgNVBAoTHFN0YXJmaWVsZCBUZWNobm9sb2dpZXMsIEluYy4x\nOzA5BgNVBAMTMlN0YXJmaWVsZCBTZXJ2aWNlcyBSb290IENlcnRpZmljYXRlIEF1\ndGhvcml0eSAtIEcyMB4XDTE1MDUyNTEyMDAwMFoXDTM3MTIzMTAxMDAwMFowOTEL\nMAkGA1UEBhMCVVMxDzANBgNVBAoTBkFtYXpvbjEZMBcGA1UEAxMQQW1hem9uIFJv\nb3QgQ0EgMTCCASIwDQYJKoZIhvcNAQEBBQADggEPADCCAQoCggEBALJ4gHHKeNXj\nca9HgFB0fW7Y14h29Jlo91ghYPl0hAEvrAIthtOgQ3pOsqTQNroBvo3bSMgHFzZM\n9O6II8c+6zf1tRn4SWiw3te5djgdYZ6k/oI2peVKVuRF4fn9tBb6dNqcmzU5L/qw\nIFAGbHrQgLKm+a/sRxmPUDgH3KKHOVj4utWp+UhnMJbulHheb4mjUcAwhmahRWa6\nVOujw5H5SNz/0egwLX0tdHA114gk957EWW67c4cX8jJGKLhD+rcdqsq08p8kDi1L\n93FcXmn/6pUCyziKrlA4b9v7LWIbxcceVOF34GfID5yHI9Y/QCB/IIDEgEw+OyQm\njgSubJrIqg0CAwEAAaOCATEwggEtMA8GA1UdEwEB/wQFMAMBAf8wDgYDVR0PAQH/\nBAQDAgGGMB0GA1UdDgQWBBSEGMyFNOy8DJSULghZnMeyEE4KCDAfBgNVHSMEGDAW\ngBScXwDfqgHXMCs4iKK4bUqc8hGRgzB4BggrBgEFBQcBAQRsMGowLgYIKwYBBQUH\nMAGGImh0dHA6Ly9vY3NwLnJvb3RnMi5hbWF6b250cnVzdC5jb20wOAYIKwYBBQUH\nMAKGLGh0dHA6Ly9jcnQucm9vdGcyLmFtYXpvbnRydXN0LmNvbS9yb290ZzIuY2Vy\nMD0GA1UdHwQ2MDQwMqAwoC6GLGh0dHA6Ly9jcmwucm9vdGcyLmFtYXpvbnRydXN0\nLmNvbS9yb290ZzIuY3JsMBEGA1UdIAQKMAgwBgYEVR0gADANBgkqhkiG9w0BAQsF\nAAOCAQEAYjdCXLwQtT6LLOkMm2xF4gcAevnFWAu5CIw+7bMlPLVvUOTNNWqnkzSW\nMiGpSESrnO09tKpzbeR/FoCJbM8oAxiDR3mjEH4wW6w7sGDgd9QIpuEdfF7Au/ma\neyKdpwAJfqxGF4PcnCZXmTA5YpaP7dreqsXMGz7KQ2hsVxa81Q4gLv7/wmpdLqBK\nbRRYh5TmOTFffHPLkIhqhBGWJ6bt2YFGpn6jcgAKUj6DiAdjd4lpFw85hdKrCEVN\n0FE6/V1dN2RMfjCyVSRCnTawXZwXgWHxyvkQAiSr6w10kY17RSlQOYiypok1JR4U\nakcjMS9cmvqtmg5iUaQqqcT5NJ0hGA==\n-----END CERTIFICATE-----\n",
                "is_ca": true,
                "issuer": "CN=Starfield Services Root Certificate Authority - G2,O=Starfield Technologies\\, Inc.,L=Scottsdale,ST=Arizona,C=US",
                "not_after": "2037-12-31T01:00:00Z",
                "not_before": "2015-05-25T12:00:00Z",
                "public_key_algorithm": "RSA",
                "serial_number": "144918191876577076464031512351042010504348870",
                "sha1_fingerprint": "06b25927c42a721631c1efd9431e648fa62e1e39",
                "signature_algorithm": "SHA256-RSA",
                "subject": "CN=Amazon Root CA 1,O=Amazon,C=US",
                "version": 3
              },
              {
                "cert_pem": "-----BEGIN CERTIFICATE-----\nMIIEXjCCA0agAwIBAgITB3MSSkvL1E7HtTvq8ZSELToPoTANBgkqhkiG9w0BAQsF\nADA5MQswCQYDVQQGEwJVUzEPMA0GA1UEChMGQW1hem9uMRkwFwYDVQQDExBBbWF6\nb24gUm9vdCBDQSAxMB4XDTIyMDgyMzIyMjUzMFoXDTMwMDgyMzIyMjUzMFowPDEL\nMAkGA1UEBhMCVVMxDzANBgNVBAoTBkFtYXpvbjEcMBoGA1UEAxMTQW1hem9uIFJT\nQSAyMDQ4IE0wMjCCASIwDQYJKoZIhvcNAQEBBQADggEPADCCAQoCggEBALtDGMZa\nqHneKei1by6+pUPPLljTB143Si6VpEWPc6mSkFhZb/6qrkZyoHlQLbDYnI2D7hD0\nsdzEqfnuAjIsuXQLG3A8TvX6V3oFNBFVe8NlLJHvBseKY88saLwufxkZVwk74g4n\nWlNMXzla9Y5F3wwRHwMVH443xGz6UtGSZSqQ94eFx5X7Tlqt8whi8qCaKdZ5rNak\n+r9nUThOeClqFd4oXych//Rc7Y0eX1KNWHYSI1Nk31mYgiK3JvH063g+K9tHA63Z\neTgKgndlh+WI+zv7i44HepRZjA1FYwYZ9Vv/9UkC5Yz8/yU65fgjaE+wVHM4e/Yy\nC2osrPWE7gJ+dXMCAwEAAaOCAVowggFWMBIGA1UdEwEB/wQIMAYBAf8CAQAwDgYD\nVR0PAQH/BAQDAgGGMB0GA1UdJQQWMBQGCCsGAQUFBwMBBggrBgEFBQcDAjAdBgNV\nHQ4EFgQUwDFSzVpQw4J8dHHOy+mc+XrrguIwHwYDVR0jBBgwFoAUhBjMhTTsvAyU\nlC4IWZzHshBOCggwewYIKwYBBQUHAQEEbzBtMC8GCCsGAQUFBzABhiNodHRwOi8v\nb2NzcC5yb290Y2ExLmFtYXpvbnRydXN0LmNvbTA6BggrBgEFBQcwAoYuaHR0cDov\nL2NydC5yb290Y2ExLmFtYXpvbnRydXN0LmNvbS9yb290Y2ExLmNlcjA/BgNVHR8E\nODA2MDSgMqAwhi5odHRwOi8vY3JsLnJvb3RjYTEuYW1hem9udHJ1c3QuY29tL3Jv\nb3RjYTEuY3JsMBMGA1UdIAQMMAowCAYGZ4EMAQIBMA0GCSqGSIb3DQEBCwUAA4IB\nAQAtTi6Fs0Azfi+iwm7jrz+CSxHH+uHl7Law3MQSXVtR8RV53PtR6r/6gNpqlzdo\nZq4FKbADi1v9Bun8RY8D51uedRfjsbeodizeBB8nXmeyD33Ep7VATj4ozcd31YFV\nfgRhvTSxNrrTlNpWkUk0m3BMPv8sg381HhA6uEYokE5q9uws/3YkKqRiEz3TsaWm\nJqIRZhMbgAfp7O7FUwFIb7UIspogZSKxPIWJpxiPo3TcBambbVtQOcNRWz5qCQdD\nslI2yayq0n2TXoHyNCLEH8rpsJRVILFsg0jc7BaFrMnF462+ajSehgj12IidNeRN\n4zl+EoNaWdpnWndvSpAEkq2P\n-----END CERTIFICATE-----\n",
                "is_ca": true,
                "issuer": "CN=Amazon Root CA 1,O=Amazon,C=US",
                "not_after": "2030-08-23T22:25:30Z",
                "not_before": "2022-08-23T22:25:30Z",
                "public_key_algorithm": "RSA",
                "serial_number": "166129353110899469622597955040406457904926625",
                "sha1_fingerprint": "414a2060b738c635cc7fc243e052615592830c53",
                "signature_algorithm": "SHA256-RSA",
                "subject": "CN=Amazon RSA 2048 M02,O=Amazon,C=US",
                "version": 3
              },
              {
                "cert_pem": "-----BEGIN CERTIFICATE-----\nMIIF6zCCBNOgAwIBAgIQCW0HKsD5GyURhyXex/rJlDANBgkqhkiG9w0BAQsFADA8\nMQswCQYDVQQGEwJVUzEPMA0GA1UEChMGQW1hem9uMRwwGgYDVQQDExNBbWF6b24g\nUlNBIDIwNDggTTAyMB4XDTIzMDQxMzAwMDAwMFoXDTI0MDUxMTIzNTk1OVowKzEp\nMCcGA1UEAxMgb2lkYy5la3MudXMtZWFzdC0yLmFtYXpvbmF3cy5jb20wggEiMA0G\nCSqGSIb3DQEBAQUAA4IBDwAwggEKAoIBAQDFjpgGGZXhdQjDyOrcdG5smK5hX+5G\ngfT1SmaI+ttfDfYOl6k6SNApnXIKaYTAS6SZkbX14Ikp6/xpdiOIMZnuU08tEihb\nbmRTbBEWvRQtLSW+6QqyGdQYbkMC+S5q5hS8nnQIZXmYG0hldZIOfGE37jj/TKM9\nKisasWNxrIIsDlrmtHbeEoEOBaAOWPU/DWG8jWxbme8JNdEqnFNT76vvZIsY28AH\n8khP9vHpUSW635UgyGJNspd3u8svAN7Mv+vje8cJfaI+K+YtTrMmv49vMjpciu80\ngrjoBvBotIw1ZLsO1XFElIodcC4i2rWJ22xwJwlplFR9ud+X3xLYwSlzAgMBAAGj\nggL4MIIC9DAfBgNVHSMEGDAWgBTAMVLNWlDDgnx0cc7L6Zz5euuC4jAdBgNVHQ4E\nFgQU1DecnBH1rlrQI8PdHaTE45L5DncwKwYDVR0RBCQwIoIgb2lkYy5la3MudXMt\nZWFzdC0yLmFtYXpvbmF3cy5jb20wDgYDVR0PAQH/BAQDAgWgMB0GA1UdJQQWMBQG\nCCsGAQUFBwMBBggrBgEFBQcDAjA7BgNVHR8ENDAyMDCgLqAshipodHRwOi8vY3Js\nLnIybTAyLmFtYXpvbnRydXN0LmNvbS9yMm0wMi5jcmwwEwYDVR0gBAwwCjAIBgZn\ngQwBAgEwdQYIKwYBBQUHAQEEaTBnMC0GCCsGAQUFBzABhiFodHRwOi8vb2NzcC5y\nMm0wMi5hbWF6b250cnVzdC5jb20wNgYIKwYBBQUHMAKGKmh0dHA6Ly9jcnQucjJt\nMDIuYW1hem9udHJ1c3QuY29tL3IybTAyLmNlcjAMBgNVHRMBAf8EAjAAMIIBfQYK\nKwYBBAHWeQIEAgSCAW0EggFpAWcAdgDuzdBk1dsazsVct520zROiModGfLzs3sNR\nSFlGcR+1mwAAAYd3+NcOAAAEAwBHMEUCIQCHlY1qn7DzoNygWAqzugUh3g8dQz1K\nsP7VJmC7KhFkJQIgVhwGTwHSZiGLzOX5CzjcJpyFmyIqUyb3/+XiX3vfQlAAdgBz\n2Z6JG0yWeKAgfUed5rLGHNBRXnEZKoxrgBB6wXdytQAAAYd3+Nd1AAAEAwBHMEUC\nIFHrqAO8h/PdQOJk5qIf1akhiStvW69TTF/aJj6C0UJyAiEAuA22o6QXSrPh5rql\nVoCHsge+mKYDzwJg29+Fy6cpeKAAdQBIsONr2qZHNA/lagL6nTDrHFIBy1bdLIHZ\nu7+rOdiEcwAAAYd3+NdEAAAEAwBGMEQCIAaaInHj+uB4m5+kAMHYOt2+sJE1eZwX\nz4WxsIDzbUUEAiBOFyx457aAais5MtZjTqbykHXcG9W53sTJZL53Cy+P6zANBgkq\nhkiG9w0BAQsFAAOCAQEAN2+1CFNDLKW98g93twLkdqsVtUmJ3vXEw8owl4rjc/V+\nRuBI09tvC3MF1MVB9kT/xXWR2QZuBySV9b5+OcdKyqMVBjIWOgHXHcz4BKqJkANZ\nS09ZZoQMBsh06C3Yk5KsoBxACzE5ckYKlPiWjAwo8TAV6gmcZNictd/EkmsXyouE\nUD8sCokEMwCCpuSXcSlphq4L1DFKLrKGzADJUu0wdRkgYTMGBotGc6MKbO02nHK8\nGB7IVWYcnDGqLCNozwvm3a0UXefvEveEYPd007obW1Ey9QBeP7k7HZbVUJ9atSBq\nftsPG6h15OEALUVj6KfPperD32nSQ0ptbKVQR/9ybQ==\n-----END CERTIFICATE-----\n",
                "is_ca": false,
                "issuer": "CN=Amazon RSA 2048 M02,O=Amazon,C=US",
                "not_after": "2024-05-11T23:59:59Z",
                "not_before": "2023-04-13T00:00:00Z",
                "public_key_algorithm": "RSA",
                "serial_number": "12529157683816862830909118128615770516",
                "sha1_fingerprint": "50879ea7f7c29dd615269e559fb061b46bdd3dbe",
                "signature_algorithm": "SHA256-RSA",
                "subject": "CN=oidc.eks.us-east-2.amazonaws.com",
                "version": 3
              }
            ],
            "content": null,
            "id": "7c72bb110518075cbb071e57d125fc3aa17238d9",
            "url": "https://oidc.eks.us-east-2.amazonaws.com/id/3FB878F462549FD11AF82FED0D4496C1",
            "verify_chain": true
          },
          "sensitive_attributes": []
        }
      ]
    },
    {
      "module": "module.eks_ohio[0].module.eks",
      "mode": "managed",
      "type": "aws_cloudwatch_log_group",
      "name": "this",
      "provider": "provider[\"registry.terraform.io/hashicorp/aws\"].ohio",
      "instances": [
        {
          "index_key": 0,
          "schema_version": 0,
          "attributes": {
            "arn": "arn:aws:logs:us-east-2:411623750878:log-group:/aws/eks/linxact-oh/cluster",
            "id": "/aws/eks/linxact-oh/cluster",
            "kms_key_id": "",
            "name": "/aws/eks/linxact-oh/cluster",
            "name_prefix": "",
            "retention_in_days": 90,
            "skip_destroy": false,
            "tags": {
              "Name": "/aws/eks/linxact-oh/cluster"
            },
            "tags_all": {
              "Name": "/aws/eks/linxact-oh/cluster"
            }
          },
          "sensitive_attributes": [],
          "private": "bnVsbA=="
        }
      ]
    },
    {
      "module": "module.eks_ohio[0].module.eks",
      "mode": "managed",
      "type": "aws_eks_cluster",
      "name": "this",
      "provider": "provider[\"registry.terraform.io/hashicorp/aws\"].ohio",
      "instances": [
        {
          "index_key": 0,
          "schema_version": 0,
          "attributes": {
            "arn": "arn:aws:eks:us-east-2:411623750878:cluster/linxact-oh",
            "certificate_authority": [
              {
                "data": "LS0tLS1CRUdJTiBDRVJUSUZJQ0FURS0tLS0tCk1JSURCVENDQWUyZ0F3SUJBZ0lJWHhNV2F1YW1yNEF3RFFZSktvWklodmNOQVFFTEJRQXdGVEVUTUJFR0ExVUUKQXhNS2EzVmlaWEp1WlhSbGN6QWVGdzB5TkRBeE1UUXhPVEkzTXpCYUZ3MHpOREF4TVRFeE9UTXlNekJhTUJVeApFekFSQmdOVkJBTVRDbXQxWW1WeWJtVjBaWE13Z2dFaU1BMEdDU3FHU0liM0RRRUJBUVVBQTRJQkR3QXdnZ0VLCkFvSUJBUUNxUFpkU1IxWjFzVUxMOEphMC8vK3VKTEQveFlrNXRKTkpMd3JjWjhMRm42dEduWEE2K2FsU2NueU8KMHJVRzcyMXVlUlBjZzZjK2svTDVXdDdWVi9ERWVuajFpbVRJNFk3VE9YTEpjQ1lCeG9oa3o3ZWxsTzhVSHZKNgo0MlFMa3phTFdkK3l5VEQ4bDBYVmtMcWFHNkRiR0ovSlMyYVR4WTRHU1k1b2p4TmhCWUs0RzZRVm9tOURDVEpNCnBlUk9xbzkxOWNjU2U3NW1tS0N2Uy9oUmc2WXo3VHU1dkdhei9wODVpNUdDeCtZcTVVb1g5S2c2aEg4WDZFR0YKaW9ONXY0MVc2UUtEcWFvTnM3VmxMem5QOW43T1YzR09nUWN1cVVSajg1bXErcEFnWXo0UWMrY2Rscm56Mkl4NQpIQjQ1T2JRVGtzZEJrQkdqbU1STFZLVHluNGdUQWdNQkFBR2pXVEJYTUE0R0ExVWREd0VCL3dRRUF3SUNwREFQCkJnTlZIUk1CQWY4RUJUQURBUUgvTUIwR0ExVWREZ1FXQkJUc0ZQQTNVUmdwN0FXYXR0alMrbzNtRDRnc2JqQVYKQmdOVkhSRUVEakFNZ2dwcmRXSmxjbTVsZEdWek1BMEdDU3FHU0liM0RRRUJDd1VBQTRJQkFRQXRyanlBTmZLUgptVzMreEV4WDFVcmFkUGx4UnR2Q1dtV1MxU1BCbkpNbXh5YWlMWFp0b2JpcFdmaCtWV0RnUlMyWGJtYmdvd3hSClFhazVjU0Y2N0cvTWVDejhYNGQ1SUp2YVljNkVScEs5OHVWMVR2VnAyT2VDZ0NSZUVUM1RpZ3ZYSUlkTHRKUzAKRHAyL3MzaDdUU0NHRDVRSzk1d2FQMGpPVjVKYjRGU2NFd084ZGxRRWd4SUdzSGhMN0t4S0I2RHI4RmxucXVWYwpGTm4wc0RLb2diOGJJL05MVkhXempkOURkczhXajZZeXVFRW1tays1cCtBWU1uVFdRWnpCYmkvdnNMVTBqL2IvClFCbEJ3dEQwUk5MS1NhcEdWU0pXSSszRXlsU3YyM3gxUWI3MHE2MzMyMm8xc0VWcStPWXBxRWZ1Z21BNS9jN3MKTEN3QklmeWdyVE9CCi0tLS0tRU5EIENFUlRJRklDQVRFLS0tLS0K"
              }
            ],
            "cluster_id": null,
            "created_at": "2024-01-14 19:28:32.646 +0000 UTC",
            "enabled_cluster_log_types": [
              "api",
              "audit",
              "authenticator"
            ],
            "encryption_config": [
              {
                "provider": [
                  {
                    "key_arn": "arn:aws:kms:us-east-2:411623750878:key/109bcf3e-4edb-443e-92b6-c4fa7872f76b"
                  }
                ],
                "resources": [
                  "secrets"
                ]
              }
            ],
            "endpoint": "https://3FB878F462549FD11AF82FED0D4496C1.gr7.us-east-2.eks.amazonaws.com",
            "id": "linxact-oh",
            "identity": [
              {
                "oidc": [
                  {
                    "issuer": "https://oidc.eks.us-east-2.amazonaws.com/id/3FB878F462549FD11AF82FED0D4496C1"
                  }
                ]
              }
            ],
            "kubernetes_network_config": [
              {
                "ip_family": "ipv4",
                "service_ipv4_cidr": "172.20.0.0/16",
                "service_ipv6_cidr": ""
              }
            ],
            "name": "linxact-oh",
            "outpost_config": [],
            "platform_version": "eks.7",
            "role_arn": "arn:aws:iam::411623750878:role/linxact-oh-cluster-20240114192800989500000001",
            "status": "ACTIVE",
            "tags": null,
            "tags_all": {},
            "timeouts": {
              "create": null,
              "delete": null,
              "update": null
            },
            "version": "1.28",
            "vpc_config": [
              {
                "cluster_security_group_id": "sg-0139b3df40cae83cd",
                "endpoint_private_access": true,
                "endpoint_public_access": true,
                "public_access_cidrs": [
                  "0.0.0.0/0"
                ],
                "security_group_ids": [
                  "sg-03455759558501e29"
                ],
                "subnet_ids": [
                  "subnet-01cd15b29ff6bdbab",
                  "subnet-03a6cd74d03c0313b",
                  "subnet-041ae945abd96b119",
                  "subnet-0662e301f92f06e51",
                  "subnet-06a685c373c025dd2"
                ],
                "vpc_id": "vpc-027c2591d7f8cff0b"
              }
            ]
          },
          "sensitive_attributes": [],
          "private": "eyJlMmJmYjczMC1lY2FhLTExZTYtOGY4OC0zNDM2M2JjN2M0YzAiOnsiY3JlYXRlIjoxODAwMDAwMDAwMDAwLCJkZWxldGUiOjkwMDAwMDAwMDAwMCwidXBkYXRlIjozNjAwMDAwMDAwMDAwfX0=",
          "dependencies": [
            "module.eks_ohio.data.aws_availability_zones.available",
            "module.eks_ohio.module.eks.aws_cloudwatch_log_group.this",
            "module.eks_ohio.module.eks.aws_iam_policy.cni_ipv6_policy",
            "module.eks_ohio.module.eks.aws_iam_role.this",
            "module.eks_ohio.module.eks.aws_iam_role_policy_attachment.this",
            "module.eks_ohio.module.eks.aws_security_group.cluster",
            "module.eks_ohio.module.eks.aws_security_group.node",
            "module.eks_ohio.module.eks.aws_security_group_rule.cluster",
            "module.eks_ohio.module.eks.aws_security_group_rule.node",
            "module.eks_ohio.module.eks.data.aws_caller_identity.current",
            "module.eks_ohio.module.eks.data.aws_iam_policy_document.assume_role_policy",
            "module.eks_ohio.module.eks.data.aws_iam_policy_document.cni_ipv6_policy",
            "module.eks_ohio.module.eks.data.aws_iam_session_context.current",
            "module.eks_ohio.module.eks.data.aws_partition.current",
            "module.eks_ohio.module.eks.module.kms.aws_kms_external_key.this",
            "module.eks_ohio.module.eks.module.kms.aws_kms_key.this",
            "module.eks_ohio.module.eks.module.kms.data.aws_caller_identity.current",
            "module.eks_ohio.module.eks.module.kms.data.aws_iam_policy_document.this",
            "module.eks_ohio.module.eks.module.kms.data.aws_partition.current",
            "module.eks_ohio.module.vpc.aws_subnet.private",
            "module.eks_ohio.module.vpc.aws_vpc.this",
            "module.eks_ohio.module.vpc.aws_vpc_ipv4_cidr_block_association.this"
          ]
        }
      ]
    },
    {
      "module": "module.eks_ohio[0].module.eks",
      "mode": "managed",
      "type": "aws_iam_openid_connect_provider",
      "name": "oidc_provider",
      "provider": "provider[\"registry.terraform.io/hashicorp/aws\"].ohio",
      "instances": [
        {
          "index_key": 0,
          "schema_version": 0,
          "attributes": {
            "arn": "arn:aws:iam::411623750878:oidc-provider/oidc.eks.us-east-2.amazonaws.com/id/3FB878F462549FD11AF82FED0D4496C1",
            "client_id_list": [
              "sts.amazonaws.com"
            ],
            "id": "arn:aws:iam::411623750878:oidc-provider/oidc.eks.us-east-2.amazonaws.com/id/3FB878F462549FD11AF82FED0D4496C1",
            "tags": {
              "Name": "linxact-oh-eks-irsa"
            },
            "tags_all": {
              "Name": "linxact-oh-eks-irsa"
            },
            "thumbprint_list": [
              "9e99a48a9960b14926bb7f3b02e22da2b0ab7280",
              "06b25927c42a721631c1efd9431e648fa62e1e39",
              "414a2060b738c635cc7fc243e052615592830c53",
              "50879ea7f7c29dd615269e559fb061b46bdd3dbe"
            ],
            "url": "oidc.eks.us-east-2.amazonaws.com/id/3FB878F462549FD11AF82FED0D4496C1"
          },
          "sensitive_attributes": [],
          "private": "bnVsbA==",
          "dependencies": [
            "module.eks_ohio.data.aws_availability_zones.available",
            "module.eks_ohio.module.eks.aws_cloudwatch_log_group.this",
            "module.eks_ohio.module.eks.aws_eks_cluster.this",
            "module.eks_ohio.module.eks.aws_iam_policy.cni_ipv6_policy",
            "module.eks_ohio.module.eks.aws_iam_role.this",
            "module.eks_ohio.module.eks.aws_iam_role_policy_attachment.this",
            "module.eks_ohio.module.eks.aws_security_group.cluster",
            "module.eks_ohio.module.eks.aws_security_group.node",
            "module.eks_ohio.module.eks.aws_security_group_rule.cluster",
            "module.eks_ohio.module.eks.aws_security_group_rule.node",
            "module.eks_ohio.module.eks.data.aws_caller_identity.current",
            "module.eks_ohio.module.eks.data.aws_iam_policy_document.assume_role_policy",
            "module.eks_ohio.module.eks.data.aws_iam_policy_document.cni_ipv6_policy",
            "module.eks_ohio.module.eks.data.aws_iam_session_context.current",
            "module.eks_ohio.module.eks.data.aws_partition.current",
            "module.eks_ohio.module.eks.data.tls_certificate.this",
            "module.eks_ohio.module.eks.module.kms.aws_kms_external_key.this",
            "module.eks_ohio.module.eks.module.kms.aws_kms_key.this",
            "module.eks_ohio.module.eks.module.kms.data.aws_caller_identity.current",
            "module.eks_ohio.module.eks.module.kms.data.aws_iam_policy_document.this",
            "module.eks_ohio.module.eks.module.kms.data.aws_partition.current",
            "module.eks_ohio.module.vpc.aws_subnet.private",
            "module.eks_ohio.module.vpc.aws_vpc.this",
            "module.eks_ohio.module.vpc.aws_vpc_ipv4_cidr_block_association.this"
          ]
        }
      ]
    },
    {
      "module": "module.eks_ohio[0].module.eks",
      "mode": "managed",
      "type": "aws_iam_policy",
      "name": "cluster_encryption",
      "provider": "provider[\"registry.terraform.io/hashicorp/aws\"].ohio",
      "instances": [
        {
          "index_key": 0,
          "schema_version": 0,
          "attributes": {
            "arn": "arn:aws:iam::411623750878:policy/linxact-oh-cluster-ClusterEncryption20240114192825806300000007",
            "description": "Cluster encryption policy to allow cluster role to utilize CMK provided",
            "id": "arn:aws:iam::411623750878:policy/linxact-oh-cluster-ClusterEncryption20240114192825806300000007",
            "name": "linxact-oh-cluster-ClusterEncryption20240114192825806300000007",
            "name_prefix": "linxact-oh-cluster-ClusterEncryption",
            "path": "/",
            "policy": "{\"Statement\":[{\"Action\":[\"kms:Encrypt\",\"kms:Decrypt\",\"kms:ListGrants\",\"kms:DescribeKey\"],\"Effect\":\"Allow\",\"Resource\":\"arn:aws:kms:us-east-2:411623750878:key/109bcf3e-4edb-443e-92b6-c4fa7872f76b\"}],\"Version\":\"2012-10-17\"}",
            "policy_id": "ANPAV7VVP7TPB5E2FC2BA",
            "tags": null,
            "tags_all": {}
          },
          "sensitive_attributes": [],
          "private": "bnVsbA==",
          "dependencies": [
            "module.eks_ohio.module.eks.aws_iam_role.this",
            "module.eks_ohio.module.eks.data.aws_caller_identity.current",
            "module.eks_ohio.module.eks.data.aws_iam_policy_document.assume_role_policy",
            "module.eks_ohio.module.eks.data.aws_iam_session_context.current",
            "module.eks_ohio.module.eks.data.aws_partition.current",
            "module.eks_ohio.module.eks.module.kms.aws_kms_external_key.this",
            "module.eks_ohio.module.eks.module.kms.aws_kms_key.this",
            "module.eks_ohio.module.eks.module.kms.data.aws_caller_identity.current",
            "module.eks_ohio.module.eks.module.kms.data.aws_iam_policy_document.this",
            "module.eks_ohio.module.eks.module.kms.data.aws_partition.current"
          ]
        }
      ]
    },
    {
      "module": "module.eks_ohio[0].module.eks",
      "mode": "managed",
      "type": "aws_iam_policy",
      "name": "cni_ipv6_policy",
      "provider": "provider[\"registry.terraform.io/hashicorp/aws\"].ohio",
      "instances": []
    },
    {
      "module": "module.eks_ohio[0].module.eks",
      "mode": "managed",
      "type": "aws_iam_role",
      "name": "this",
      "provider": "provider[\"registry.terraform.io/hashicorp/aws\"].ohio",
      "instances": [
        {
          "index_key": 0,
          "schema_version": 0,
          "attributes": {
            "arn": "arn:aws:iam::411623750878:role/linxact-oh-cluster-20240114192800989500000001",
            "assume_role_policy": "{\"Statement\":[{\"Action\":\"sts:AssumeRole\",\"Effect\":\"Allow\",\"Principal\":{\"Service\":\"eks.amazonaws.com\"},\"Sid\":\"EKSClusterAssumeRole\"}],\"Version\":\"2012-10-17\"}",
            "create_date": "2024-01-14T19:28:01Z",
            "description": "",
            "force_detach_policies": true,
            "id": "linxact-oh-cluster-20240114192800989500000001",
            "inline_policy": [
              {
                "name": "linxact-oh-cluster",
                "policy": "{\"Version\":\"2012-10-17\",\"Statement\":[{\"Action\":[\"logs:CreateLogGroup\"],\"Effect\":\"Deny\",\"Resource\":\"*\"}]}"
              }
            ],
            "managed_policy_arns": [],
            "max_session_duration": 3600,
            "name": "linxact-oh-cluster-20240114192800989500000001",
            "name_prefix": "linxact-oh-cluster-",
            "path": "/",
            "permissions_boundary": null,
            "tags": null,
            "tags_all": {},
            "unique_id": "AROAV7VVP7TPIGJHQAQJO"
          },
          "sensitive_attributes": [],
          "private": "bnVsbA==",
          "dependencies": [
            "module.eks_ohio.module.eks.data.aws_iam_policy_document.assume_role_policy",
            "module.eks_ohio.module.eks.data.aws_partition.current"
          ]
        }
      ]
    },
    {
      "module": "module.eks_ohio[0].module.eks",
      "mode": "managed",
      "type": "aws_iam_role_policy_attachment",
      "name": "cluster_encryption",
      "provider": "provider[\"registry.terraform.io/hashicorp/aws\"].ohio",
      "instances": [
        {
          "index_key": 0,
          "schema_version": 0,
          "attributes": {
            "id": "linxact-oh-cluster-20240114192800989500000001-20240114192829805000000008",
            "policy_arn": "arn:aws:iam::411623750878:policy/linxact-oh-cluster-ClusterEncryption20240114192825806300000007",
            "role": "linxact-oh-cluster-20240114192800989500000001"
          },
          "sensitive_attributes": [],
          "private": "bnVsbA==",
          "dependencies": [
            "module.eks_ohio.module.eks.aws_iam_policy.cluster_encryption",
            "module.eks_ohio.module.eks.aws_iam_role.this",
            "module.eks_ohio.module.eks.data.aws_caller_identity.current",
            "module.eks_ohio.module.eks.data.aws_iam_policy_document.assume_role_policy",
            "module.eks_ohio.module.eks.data.aws_iam_session_context.current",
            "module.eks_ohio.module.eks.data.aws_partition.current",
            "module.eks_ohio.module.eks.module.kms.aws_kms_external_key.this",
            "module.eks_ohio.module.eks.module.kms.aws_kms_key.this",
            "module.eks_ohio.module.eks.module.kms.data.aws_caller_identity.current",
            "module.eks_ohio.module.eks.module.kms.data.aws_iam_policy_document.this",
            "module.eks_ohio.module.eks.module.kms.data.aws_partition.current"
          ]
        }
      ]
    },
    {
      "module": "module.eks_ohio[0].module.eks",
      "mode": "managed",
      "type": "aws_iam_role_policy_attachment",
      "name": "this",
      "provider": "provider[\"registry.terraform.io/hashicorp/aws\"].ohio",
      "instances": [
        {
          "index_key": "AmazonEKSClusterPolicy",
          "schema_version": 0,
          "attributes": {
            "id": "linxact-oh-cluster-20240114192800989500000001-20240114192802786700000003",
            "policy_arn": "arn:aws:iam::aws:policy/AmazonEKSClusterPolicy",
            "role": "linxact-oh-cluster-20240114192800989500000001"
          },
          "sensitive_attributes": [],
          "private": "bnVsbA==",
          "dependencies": [
            "module.eks_ohio.module.eks.aws_iam_role.this",
            "module.eks_ohio.module.eks.data.aws_iam_policy_document.assume_role_policy",
            "module.eks_ohio.module.eks.data.aws_partition.current"
          ]
        },
        {
          "index_key": "AmazonEKSVPCResourceController",
          "schema_version": 0,
          "attributes": {
            "id": "linxact-oh-cluster-20240114192800989500000001-20240114192802611000000002",
            "policy_arn": "arn:aws:iam::aws:policy/AmazonEKSVPCResourceController",
            "role": "linxact-oh-cluster-20240114192800989500000001"
          },
          "sensitive_attributes": [],
          "private": "bnVsbA==",
          "dependencies": [
            "module.eks_ohio.module.eks.aws_iam_role.this",
            "module.eks_ohio.module.eks.data.aws_iam_policy_document.assume_role_policy",
            "module.eks_ohio.module.eks.data.aws_partition.current"
          ]
        }
      ]
    },
    {
      "module": "module.eks_ohio[0].module.eks",
      "mode": "managed",
      "type": "aws_security_group",
      "name": "cluster",
      "provider": "provider[\"registry.terraform.io/hashicorp/aws\"].ohio",
      "instances": [
        {
          "index_key": 0,
          "schema_version": 1,
          "attributes": {
            "arn": "arn:aws:ec2:us-east-2:411623750878:security-group/sg-03455759558501e29",
            "description": "EKS cluster security group",
            "egress": [],
            "id": "sg-03455759558501e29",
            "ingress": [],
            "name": "linxact-oh-cluster-20240114192816195300000004",
            "name_prefix": "linxact-oh-cluster-",
            "owner_id": "411623750878",
            "revoke_rules_on_delete": false,
            "tags": {
              "Name": "linxact-oh-cluster"
            },
            "tags_all": {
              "Name": "linxact-oh-cluster"
            },
            "timeouts": null,
            "vpc_id": "vpc-027c2591d7f8cff0b"
          },
          "sensitive_attributes": [],
          "private": "eyJlMmJmYjczMC1lY2FhLTExZTYtOGY4OC0zNDM2M2JjN2M0YzAiOnsiY3JlYXRlIjo2MDAwMDAwMDAwMDAsImRlbGV0ZSI6OTAwMDAwMDAwMDAwfSwic2NoZW1hX3ZlcnNpb24iOiIxIn0=",
          "dependencies": [
            "module.eks_ohio.module.vpc.aws_vpc.this"
          ],
          "create_before_destroy": true
        }
      ]
    },
    {
      "module": "module.eks_ohio[0].module.eks",
      "mode": "managed",
      "type": "aws_security_group",
      "name": "node",
      "provider": "provider[\"registry.terraform.io/hashicorp/aws\"].ohio",
      "instances": [
        {
          "index_key": 0,
          "schema_version": 1,
          "attributes": {
            "arn": "arn:aws:ec2:us-east-2:411623750878:security-group/sg-0e372e430ddb0b0a4",
            "description": "EKS node shared security group",
            "egress": [],
            "id": "sg-0e372e430ddb0b0a4",
            "ingress": [],
            "name": "linxact-oh-node-20240114192816496400000005",
            "name_prefix": "linxact-oh-node-",
            "owner_id": "411623750878",
            "revoke_rules_on_delete": false,
            "tags": {
              "Name": "linxact-oh-node",
              "kubernetes.io/cluster/linxact-oh": "owned"
            },
            "tags_all": {
              "Name": "linxact-oh-node",
              "kubernetes.io/cluster/linxact-oh": "owned"
            },
            "timeouts": null,
            "vpc_id": "vpc-027c2591d7f8cff0b"
          },
          "sensitive_attributes": [],
          "private": "eyJlMmJmYjczMC1lY2FhLTExZTYtOGY4OC0zNDM2M2JjN2M0YzAiOnsiY3JlYXRlIjo2MDAwMDAwMDAwMDAsImRlbGV0ZSI6OTAwMDAwMDAwMDAwfSwic2NoZW1hX3ZlcnNpb24iOiIxIn0=",
          "dependencies": [
            "module.eks_ohio.module.vpc.aws_vpc.this"
          ],
          "create_before_destroy": true
        }
      ]
    },
    {
      "module": "module.eks_ohio[0].module.eks",
      "mode": "managed",
      "type": "aws_security_group_rule",
      "name": "cluster",
      "provider": "provider[\"registry.terraform.io/hashicorp/aws\"].ohio",
      "instances": [
        {
          "index_key": "ingress_nodes_443",
          "schema_version": 2,
          "attributes": {
            "cidr_blocks": null,
            "description": "Node groups to cluster API",
            "from_port": 443,
            "id": "sgrule-95526072",
            "ipv6_cidr_blocks": null,
            "prefix_list_ids": null,
            "protocol": "tcp",
            "security_group_id": "sg-03455759558501e29",
            "security_group_rule_id": "sgr-04d9d0e89f502293a",
            "self": false,
            "source_security_group_id": "sg-0e372e430ddb0b0a4",
            "timeouts": null,
            "to_port": 443,
            "type": "ingress"
          },
          "sensitive_attributes": [],
          "private": "eyJlMmJmYjczMC1lY2FhLTExZTYtOGY4OC0zNDM2M2JjN2M0YzAiOnsiY3JlYXRlIjozMDAwMDAwMDAwMDB9LCJzY2hlbWFfdmVyc2lvbiI6IjIifQ==",
          "dependencies": [
            "module.eks_ohio.module.eks.aws_security_group.cluster",
            "module.eks_ohio.module.eks.aws_security_group.node",
            "module.eks_ohio.module.vpc.aws_vpc.this"
          ]
        }
      ]
    },
    {
      "module": "module.eks_ohio[0].module.eks",
      "mode": "managed",
      "type": "aws_security_group_rule",
      "name": "node",
      "provider": "provider[\"registry.terraform.io/hashicorp/aws\"].ohio",
      "instances": [
        {
          "index_key": "egress_all",
          "schema_version": 2,
          "attributes": {
            "cidr_blocks": [
              "0.0.0.0/0"
            ],
            "description": "Allow all egress",
            "from_port": 0,
            "id": "sgrule-1552105822",
            "ipv6_cidr_blocks": null,
            "prefix_list_ids": [],
            "protocol": "-1",
            "security_group_id": "sg-0e372e430ddb0b0a4",
            "security_group_rule_id": "sgr-0e055ab1a00b02eea",
            "self": false,
            "source_security_group_id": null,
            "timeouts": null,
            "to_port": 0,
            "type": "egress"
          },
          "sensitive_attributes": [],
          "private": "eyJlMmJmYjczMC1lY2FhLTExZTYtOGY4OC0zNDM2M2JjN2M0YzAiOnsiY3JlYXRlIjozMDAwMDAwMDAwMDB9LCJzY2hlbWFfdmVyc2lvbiI6IjIifQ==",
          "dependencies": [
            "module.eks_ohio.module.eks.aws_security_group.cluster",
            "module.eks_ohio.module.eks.aws_security_group.node",
            "module.eks_ohio.module.vpc.aws_vpc.this"
          ]
        },
        {
          "index_key": "ingress_cluster_443",
          "schema_version": 2,
          "attributes": {
            "cidr_blocks": null,
            "description": "Cluster API to node groups",
            "from_port": 443,
            "id": "sgrule-284093334",
            "ipv6_cidr_blocks": null,
            "prefix_list_ids": [],
            "protocol": "tcp",
            "security_group_id": "sg-0e372e430ddb0b0a4",
            "security_group_rule_id": "sgr-048c8e14f8d45c09b",
            "self": false,
            "source_security_group_id": "sg-03455759558501e29",
            "timeouts": null,
            "to_port": 443,
            "type": "ingress"
          },
          "sensitive_attributes": [],
          "private": "eyJlMmJmYjczMC1lY2FhLTExZTYtOGY4OC0zNDM2M2JjN2M0YzAiOnsiY3JlYXRlIjozMDAwMDAwMDAwMDB9LCJzY2hlbWFfdmVyc2lvbiI6IjIifQ==",
          "dependencies": [
            "module.eks_ohio.module.eks.aws_security_group.cluster",
            "module.eks_ohio.module.eks.aws_security_group.node",
            "module.eks_ohio.module.vpc.aws_vpc.this"
          ]
        },
        {
          "index_key": "ingress_cluster_4443_webhook",
          "schema_version": 2,
          "attributes": {
            "cidr_blocks": null,
            "description": "Cluster API to node 4443/tcp webhook",
            "from_port": 4443,
            "id": "sgrule-3093845040",
            "ipv6_cidr_blocks": null,
            "prefix_list_ids": [],
            "protocol": "tcp",
            "security_group_id": "sg-0e372e430ddb0b0a4",
            "security_group_rule_id": "sgr-00903f6e4a917674c",
            "self": false,
            "source_security_group_id": "sg-03455759558501e29",
            "timeouts": null,
            "to_port": 4443,
            "type": "ingress"
          },
          "sensitive_attributes": [],
          "private": "eyJlMmJmYjczMC1lY2FhLTExZTYtOGY4OC0zNDM2M2JjN2M0YzAiOnsiY3JlYXRlIjozMDAwMDAwMDAwMDB9LCJzY2hlbWFfdmVyc2lvbiI6IjIifQ==",
          "dependencies": [
            "module.eks_ohio.module.eks.aws_security_group.cluster",
            "module.eks_ohio.module.eks.aws_security_group.node",
            "module.eks_ohio.module.vpc.aws_vpc.this"
          ]
        },
        {
          "index_key": "ingress_cluster_6443_webhook",
          "schema_version": 2,
          "attributes": {
            "cidr_blocks": null,
            "description": "Cluster API to node 6443/tcp webhook",
            "from_port": 6443,
            "id": "sgrule-1898591142",
            "ipv6_cidr_blocks": null,
            "prefix_list_ids": [],
            "protocol": "tcp",
            "security_group_id": "sg-0e372e430ddb0b0a4",
            "security_group_rule_id": "sgr-0d6c1909e16cf1bd9",
            "self": false,
            "source_security_group_id": "sg-03455759558501e29",
            "timeouts": null,
            "to_port": 6443,
            "type": "ingress"
          },
          "sensitive_attributes": [],
          "private": "eyJlMmJmYjczMC1lY2FhLTExZTYtOGY4OC0zNDM2M2JjN2M0YzAiOnsiY3JlYXRlIjozMDAwMDAwMDAwMDB9LCJzY2hlbWFfdmVyc2lvbiI6IjIifQ==",
          "dependencies": [
            "module.eks_ohio.module.eks.aws_security_group.cluster",
            "module.eks_ohio.module.eks.aws_security_group.node",
            "module.eks_ohio.module.vpc.aws_vpc.this"
          ]
        },
        {
          "index_key": "ingress_cluster_8443_webhook",
          "schema_version": 2,
          "attributes": {
            "cidr_blocks": null,
            "description": "Cluster API to node 8443/tcp webhook",
            "from_port": 8443,
            "id": "sgrule-1651904391",
            "ipv6_cidr_blocks": null,
            "prefix_list_ids": [],
            "protocol": "tcp",
            "security_group_id": "sg-0e372e430ddb0b0a4",
            "security_group_rule_id": "sgr-080f5e071cce6a0ec",
            "self": false,
            "source_security_group_id": "sg-03455759558501e29",
            "timeouts": null,
            "to_port": 8443,
            "type": "ingress"
          },
          "sensitive_attributes": [],
          "private": "eyJlMmJmYjczMC1lY2FhLTExZTYtOGY4OC0zNDM2M2JjN2M0YzAiOnsiY3JlYXRlIjozMDAwMDAwMDAwMDB9LCJzY2hlbWFfdmVyc2lvbiI6IjIifQ==",
          "dependencies": [
            "module.eks_ohio.module.eks.aws_security_group.cluster",
            "module.eks_ohio.module.eks.aws_security_group.node",
            "module.eks_ohio.module.vpc.aws_vpc.this"
          ]
        },
        {
          "index_key": "ingress_cluster_9443_webhook",
          "schema_version": 2,
          "attributes": {
            "cidr_blocks": null,
            "description": "Cluster API to node 9443/tcp webhook",
            "from_port": 9443,
            "id": "sgrule-114768972",
            "ipv6_cidr_blocks": null,
            "prefix_list_ids": [],
            "protocol": "tcp",
            "security_group_id": "sg-0e372e430ddb0b0a4",
            "security_group_rule_id": "sgr-0a5daddc2ad3550f8",
            "self": false,
            "source_security_group_id": "sg-03455759558501e29",
            "timeouts": null,
            "to_port": 9443,
            "type": "ingress"
          },
          "sensitive_attributes": [],
          "private": "eyJlMmJmYjczMC1lY2FhLTExZTYtOGY4OC0zNDM2M2JjN2M0YzAiOnsiY3JlYXRlIjozMDAwMDAwMDAwMDB9LCJzY2hlbWFfdmVyc2lvbiI6IjIifQ==",
          "dependencies": [
            "module.eks_ohio.module.eks.aws_security_group.cluster",
            "module.eks_ohio.module.eks.aws_security_group.node",
            "module.eks_ohio.module.vpc.aws_vpc.this"
          ]
        },
        {
          "index_key": "ingress_cluster_kubelet",
          "schema_version": 2,
          "attributes": {
            "cidr_blocks": null,
            "description": "Cluster API to node kubelets",
            "from_port": 10250,
            "id": "sgrule-2693635658",
            "ipv6_cidr_blocks": null,
            "prefix_list_ids": [],
            "protocol": "tcp",
            "security_group_id": "sg-0e372e430ddb0b0a4",
            "security_group_rule_id": "sgr-0f86232d5db252c99",
            "self": false,
            "source_security_group_id": "sg-03455759558501e29",
            "timeouts": null,
            "to_port": 10250,
            "type": "ingress"
          },
          "sensitive_attributes": [],
          "private": "eyJlMmJmYjczMC1lY2FhLTExZTYtOGY4OC0zNDM2M2JjN2M0YzAiOnsiY3JlYXRlIjozMDAwMDAwMDAwMDB9LCJzY2hlbWFfdmVyc2lvbiI6IjIifQ==",
          "dependencies": [
            "module.eks_ohio.module.eks.aws_security_group.cluster",
            "module.eks_ohio.module.eks.aws_security_group.node",
            "module.eks_ohio.module.vpc.aws_vpc.this"
          ]
        },
        {
          "index_key": "ingress_nodes_ephemeral",
          "schema_version": 2,
          "attributes": {
            "cidr_blocks": null,
            "description": "Node to node ingress on ephemeral ports",
            "from_port": 1025,
            "id": "sgrule-2142094433",
            "ipv6_cidr_blocks": null,
            "prefix_list_ids": [],
            "protocol": "tcp",
            "security_group_id": "sg-0e372e430ddb0b0a4",
            "security_group_rule_id": "sgr-06a5442349f28b0b2",
            "self": true,
            "source_security_group_id": null,
            "timeouts": null,
            "to_port": 65535,
            "type": "ingress"
          },
          "sensitive_attributes": [],
          "private": "eyJlMmJmYjczMC1lY2FhLTExZTYtOGY4OC0zNDM2M2JjN2M0YzAiOnsiY3JlYXRlIjozMDAwMDAwMDAwMDB9LCJzY2hlbWFfdmVyc2lvbiI6IjIifQ==",
          "dependencies": [
            "module.eks_ohio.module.eks.aws_security_group.cluster",
            "module.eks_ohio.module.eks.aws_security_group.node",
            "module.eks_ohio.module.vpc.aws_vpc.this"
          ]
        },
        {
          "index_key": "ingress_self_coredns_tcp",
          "schema_version": 2,
          "attributes": {
            "cidr_blocks": null,
            "description": "Node to node CoreDNS",
            "from_port": 53,
            "id": "sgrule-4159846521",
            "ipv6_cidr_blocks": null,
            "prefix_list_ids": [],
            "protocol": "tcp",
            "security_group_id": "sg-0e372e430ddb0b0a4",
            "security_group_rule_id": "sgr-024bb1ec99483fc35",
            "self": true,
            "source_security_group_id": null,
            "timeouts": null,
            "to_port": 53,
            "type": "ingress"
          },
          "sensitive_attributes": [],
          "private": "eyJlMmJmYjczMC1lY2FhLTExZTYtOGY4OC0zNDM2M2JjN2M0YzAiOnsiY3JlYXRlIjozMDAwMDAwMDAwMDB9LCJzY2hlbWFfdmVyc2lvbiI6IjIifQ==",
          "dependencies": [
            "module.eks_ohio.module.eks.aws_security_group.cluster",
            "module.eks_ohio.module.eks.aws_security_group.node",
            "module.eks_ohio.module.vpc.aws_vpc.this"
          ]
        },
        {
          "index_key": "ingress_self_coredns_udp",
          "schema_version": 2,
          "attributes": {
            "cidr_blocks": null,
            "description": "Node to node CoreDNS UDP",
            "from_port": 53,
            "id": "sgrule-1403886486",
            "ipv6_cidr_blocks": null,
            "prefix_list_ids": [],
            "protocol": "udp",
            "security_group_id": "sg-0e372e430ddb0b0a4",
            "security_group_rule_id": "sgr-0a452fa5e378ae11a",
            "self": true,
            "source_security_group_id": null,
            "timeouts": null,
            "to_port": 53,
            "type": "ingress"
          },
          "sensitive_attributes": [],
          "private": "eyJlMmJmYjczMC1lY2FhLTExZTYtOGY4OC0zNDM2M2JjN2M0YzAiOnsiY3JlYXRlIjozMDAwMDAwMDAwMDB9LCJzY2hlbWFfdmVyc2lvbiI6IjIifQ==",
          "dependencies": [
            "module.eks_ohio.module.eks.aws_security_group.cluster",
            "module.eks_ohio.module.eks.aws_security_group.node",
            "module.eks_ohio.module.vpc.aws_vpc.this"
          ]
        }
      ]
    },
    {
      "module": "module.eks_ohio[0].module.eks",
      "mode": "managed",
      "type": "time_sleep",
      "name": "this",
      "provider": "provider[\"registry.terraform.io/hashicorp/time\"]",
      "instances": [
        {
          "index_key": 0,
          "schema_version": 0,
          "attributes": {
            "create_duration": "30s",
            "destroy_duration": null,
            "id": "2024-01-14T19:37:12Z",
            "triggers": {
              "cluster_certificate_authority_data": "LS0tLS1CRUdJTiBDRVJUSUZJQ0FURS0tLS0tCk1JSURCVENDQWUyZ0F3SUJBZ0lJWHhNV2F1YW1yNEF3RFFZSktvWklodmNOQVFFTEJRQXdGVEVUTUJFR0ExVUUKQXhNS2EzVmlaWEp1WlhSbGN6QWVGdzB5TkRBeE1UUXhPVEkzTXpCYUZ3MHpOREF4TVRFeE9UTXlNekJhTUJVeApFekFSQmdOVkJBTVRDbXQxWW1WeWJtVjBaWE13Z2dFaU1BMEdDU3FHU0liM0RRRUJBUVVBQTRJQkR3QXdnZ0VLCkFvSUJBUUNxUFpkU1IxWjFzVUxMOEphMC8vK3VKTEQveFlrNXRKTkpMd3JjWjhMRm42dEduWEE2K2FsU2NueU8KMHJVRzcyMXVlUlBjZzZjK2svTDVXdDdWVi9ERWVuajFpbVRJNFk3VE9YTEpjQ1lCeG9oa3o3ZWxsTzhVSHZKNgo0MlFMa3phTFdkK3l5VEQ4bDBYVmtMcWFHNkRiR0ovSlMyYVR4WTRHU1k1b2p4TmhCWUs0RzZRVm9tOURDVEpNCnBlUk9xbzkxOWNjU2U3NW1tS0N2Uy9oUmc2WXo3VHU1dkdhei9wODVpNUdDeCtZcTVVb1g5S2c2aEg4WDZFR0YKaW9ONXY0MVc2UUtEcWFvTnM3VmxMem5QOW43T1YzR09nUWN1cVVSajg1bXErcEFnWXo0UWMrY2Rscm56Mkl4NQpIQjQ1T2JRVGtzZEJrQkdqbU1STFZLVHluNGdUQWdNQkFBR2pXVEJYTUE0R0ExVWREd0VCL3dRRUF3SUNwREFQCkJnTlZIUk1CQWY4RUJUQURBUUgvTUIwR0ExVWREZ1FXQkJUc0ZQQTNVUmdwN0FXYXR0alMrbzNtRDRnc2JqQVYKQmdOVkhSRUVEakFNZ2dwcmRXSmxjbTVsZEdWek1BMEdDU3FHU0liM0RRRUJDd1VBQTRJQkFRQXRyanlBTmZLUgptVzMreEV4WDFVcmFkUGx4UnR2Q1dtV1MxU1BCbkpNbXh5YWlMWFp0b2JpcFdmaCtWV0RnUlMyWGJtYmdvd3hSClFhazVjU0Y2N0cvTWVDejhYNGQ1SUp2YVljNkVScEs5OHVWMVR2VnAyT2VDZ0NSZUVUM1RpZ3ZYSUlkTHRKUzAKRHAyL3MzaDdUU0NHRDVRSzk1d2FQMGpPVjVKYjRGU2NFd084ZGxRRWd4SUdzSGhMN0t4S0I2RHI4RmxucXVWYwpGTm4wc0RLb2diOGJJL05MVkhXempkOURkczhXajZZeXVFRW1tays1cCtBWU1uVFdRWnpCYmkvdnNMVTBqL2IvClFCbEJ3dEQwUk5MS1NhcEdWU0pXSSszRXlsU3YyM3gxUWI3MHE2MzMyMm8xc0VWcStPWXBxRWZ1Z21BNS9jN3MKTEN3QklmeWdyVE9CCi0tLS0tRU5EIENFUlRJRklDQVRFLS0tLS0K",
              "cluster_endpoint": "https://3FB878F462549FD11AF82FED0D4496C1.gr7.us-east-2.eks.amazonaws.com",
              "cluster_name": "linxact-oh",
              "cluster_version": "1.28"
            }
          },
          "sensitive_attributes": [],
          "dependencies": [
            "module.eks_ohio.data.aws_availability_zones.available",
            "module.eks_ohio.module.eks.aws_cloudwatch_log_group.this",
            "module.eks_ohio.module.eks.aws_eks_cluster.this",
            "module.eks_ohio.module.eks.aws_iam_policy.cni_ipv6_policy",
            "module.eks_ohio.module.eks.aws_iam_role.this",
            "module.eks_ohio.module.eks.aws_iam_role_policy_attachment.this",
            "module.eks_ohio.module.eks.aws_security_group.cluster",
            "module.eks_ohio.module.eks.aws_security_group.node",
            "module.eks_ohio.module.eks.aws_security_group_rule.cluster",
            "module.eks_ohio.module.eks.aws_security_group_rule.node",
            "module.eks_ohio.module.eks.data.aws_caller_identity.current",
            "module.eks_ohio.module.eks.data.aws_iam_policy_document.assume_role_policy",
            "module.eks_ohio.module.eks.data.aws_iam_policy_document.cni_ipv6_policy",
            "module.eks_ohio.module.eks.data.aws_iam_session_context.current",
            "module.eks_ohio.module.eks.data.aws_partition.current",
            "module.eks_ohio.module.eks.module.kms.aws_kms_external_key.this",
            "module.eks_ohio.module.eks.module.kms.aws_kms_key.this",
            "module.eks_ohio.module.eks.module.kms.data.aws_caller_identity.current",
            "module.eks_ohio.module.eks.module.kms.data.aws_iam_policy_document.this",
            "module.eks_ohio.module.eks.module.kms.data.aws_partition.current",
            "module.eks_ohio.module.vpc.aws_subnet.private",
            "module.eks_ohio.module.vpc.aws_vpc.this",
            "module.eks_ohio.module.vpc.aws_vpc_ipv4_cidr_block_association.this"
          ]
        }
      ]
    },
    {
      "module": "module.eks_ohio[0].module.eks.module.kms",
      "mode": "data",
      "type": "aws_caller_identity",
      "name": "current",
      "provider": "provider[\"registry.terraform.io/hashicorp/aws\"].ohio",
      "instances": [
        {
          "schema_version": 0,
          "attributes": {
            "account_id": "411623750878",
            "arn": "arn:aws:iam::411623750878:user/olexiy",
            "id": "411623750878",
            "user_id": "AIDAV7VVP7TPJ6HRCC3PA"
          },
          "sensitive_attributes": []
        }
      ]
    },
    {
      "module": "module.eks_ohio[0].module.eks.module.kms",
      "mode": "data",
      "type": "aws_iam_policy_document",
      "name": "this",
      "provider": "provider[\"registry.terraform.io/hashicorp/aws\"].ohio",
      "instances": [
        {
          "index_key": 0,
          "schema_version": 0,
          "attributes": {
            "id": "1800309575",
            "json": "{\n  \"Version\": \"2012-10-17\",\n  \"Statement\": [\n    {\n      \"Sid\": \"KeyAdministration\",\n      \"Effect\": \"Allow\",\n      \"Action\": [\n        \"kms:Update*\",\n        \"kms:UntagResource\",\n        \"kms:TagResource\",\n        \"kms:ScheduleKeyDeletion\",\n        \"kms:Revoke*\",\n        \"kms:Put*\",\n        \"kms:List*\",\n        \"kms:Get*\",\n        \"kms:Enable*\",\n        \"kms:Disable*\",\n        \"kms:Describe*\",\n        \"kms:Delete*\",\n        \"kms:Create*\",\n        \"kms:CancelKeyDeletion\"\n      ],\n      \"Resource\": \"*\",\n      \"Principal\": {\n        \"AWS\": \"arn:aws:iam::411623750878:user/olexiy\"\n      }\n    },\n    {\n      \"Sid\": \"KeyUsage\",\n      \"Effect\": \"Allow\",\n      \"Action\": [\n        \"kms:ReEncrypt*\",\n        \"kms:GenerateDataKey*\",\n        \"kms:Encrypt\",\n        \"kms:DescribeKey\",\n        \"kms:Decrypt\"\n      ],\n      \"Resource\": \"*\",\n      \"Principal\": {\n        \"AWS\": \"arn:aws:iam::411623750878:role/linxact-oh-cluster-20240114192800989500000001\"\n      }\n    }\n  ]\n}",
            "override_policy_documents": null,
            "policy_id": null,
            "source_policy_documents": null,
            "statement": [
              {
                "actions": [
                  "kms:CancelKeyDeletion",
                  "kms:Create*",
                  "kms:Delete*",
                  "kms:Describe*",
                  "kms:Disable*",
                  "kms:Enable*",
                  "kms:Get*",
                  "kms:List*",
                  "kms:Put*",
                  "kms:Revoke*",
                  "kms:ScheduleKeyDeletion",
                  "kms:TagResource",
                  "kms:UntagResource",
                  "kms:Update*"
                ],
                "condition": [],
                "effect": "Allow",
                "not_actions": [],
                "not_principals": [],
                "not_resources": [],
                "principals": [
                  {
                    "identifiers": [
                      "arn:aws:iam::411623750878:user/olexiy"
                    ],
                    "type": "AWS"
                  }
                ],
                "resources": [
                  "*"
                ],
                "sid": "KeyAdministration"
              },
              {
                "actions": [
                  "kms:Decrypt",
                  "kms:DescribeKey",
                  "kms:Encrypt",
                  "kms:GenerateDataKey*",
                  "kms:ReEncrypt*"
                ],
                "condition": [],
                "effect": "Allow",
                "not_actions": [],
                "not_principals": [],
                "not_resources": [],
                "principals": [
                  {
                    "identifiers": [
                      "arn:aws:iam::411623750878:role/linxact-oh-cluster-20240114192800989500000001"
                    ],
                    "type": "AWS"
                  }
                ],
                "resources": [
                  "*"
                ],
                "sid": "KeyUsage"
              }
            ],
            "version": "2012-10-17"
          },
          "sensitive_attributes": []
        }
      ]
    },
    {
      "module": "module.eks_ohio[0].module.eks.module.kms",
      "mode": "data",
      "type": "aws_partition",
      "name": "current",
      "provider": "provider[\"registry.terraform.io/hashicorp/aws\"].ohio",
      "instances": [
        {
          "schema_version": 0,
          "attributes": {
            "dns_suffix": "amazonaws.com",
            "id": "aws",
            "partition": "aws",
            "reverse_dns_prefix": "com.amazonaws"
          },
          "sensitive_attributes": []
        }
      ]
    },
    {
      "module": "module.eks_ohio[0].module.eks.module.kms",
      "mode": "managed",
      "type": "aws_kms_alias",
      "name": "this",
      "provider": "provider[\"registry.terraform.io/hashicorp/aws\"].ohio",
      "instances": [
        {
          "index_key": "cluster",
          "schema_version": 0,
          "attributes": {
            "arn": "arn:aws:kms:us-east-2:411623750878:alias/eks/linxact-oh",
            "id": "alias/eks/linxact-oh",
            "name": "alias/eks/linxact-oh",
            "name_prefix": "",
            "target_key_arn": "arn:aws:kms:us-east-2:411623750878:key/109bcf3e-4edb-443e-92b6-c4fa7872f76b",
            "target_key_id": "109bcf3e-4edb-443e-92b6-c4fa7872f76b"
          },
          "sensitive_attributes": [],
          "private": "bnVsbA==",
          "dependencies": [
            "module.eks_ohio.module.eks.aws_iam_role.this",
            "module.eks_ohio.module.eks.data.aws_caller_identity.current",
            "module.eks_ohio.module.eks.data.aws_iam_policy_document.assume_role_policy",
            "module.eks_ohio.module.eks.data.aws_iam_session_context.current",
            "module.eks_ohio.module.eks.data.aws_partition.current",
            "module.eks_ohio.module.eks.module.kms.aws_kms_external_key.this",
            "module.eks_ohio.module.eks.module.kms.aws_kms_key.this",
            "module.eks_ohio.module.eks.module.kms.data.aws_caller_identity.current",
            "module.eks_ohio.module.eks.module.kms.data.aws_iam_policy_document.this",
            "module.eks_ohio.module.eks.module.kms.data.aws_partition.current"
          ]
        }
      ]
    },
    {
      "module": "module.eks_ohio[0].module.eks.module.kms",
      "mode": "managed",
      "type": "aws_kms_external_key",
      "name": "this",
      "provider": "provider[\"registry.terraform.io/hashicorp/aws\"].ohio",
      "instances": []
    },
    {
      "module": "module.eks_ohio[0].module.eks.module.kms",
      "mode": "managed",
      "type": "aws_kms_key",
      "name": "this",
      "provider": "provider[\"registry.terraform.io/hashicorp/aws\"].ohio",
      "instances": [
        {
          "index_key": 0,
          "schema_version": 0,
          "attributes": {
            "arn": "arn:aws:kms:us-east-2:411623750878:key/109bcf3e-4edb-443e-92b6-c4fa7872f76b",
            "bypass_policy_lockout_safety_check": false,
            "custom_key_store_id": "",
            "customer_master_key_spec": "SYMMETRIC_DEFAULT",
            "deletion_window_in_days": null,
            "description": "linxact-oh cluster encryption key",
            "enable_key_rotation": true,
            "id": "109bcf3e-4edb-443e-92b6-c4fa7872f76b",
            "is_enabled": true,
            "key_id": "109bcf3e-4edb-443e-92b6-c4fa7872f76b",
            "key_usage": "ENCRYPT_DECRYPT",
            "multi_region": false,
            "policy": "{\"Statement\":[{\"Action\":[\"kms:Update*\",\"kms:UntagResource\",\"kms:TagResource\",\"kms:ScheduleKeyDeletion\",\"kms:Revoke*\",\"kms:Put*\",\"kms:List*\",\"kms:Get*\",\"kms:Enable*\",\"kms:Disable*\",\"kms:Describe*\",\"kms:Delete*\",\"kms:Create*\",\"kms:CancelKeyDeletion\"],\"Effect\":\"Allow\",\"Principal\":{\"AWS\":\"arn:aws:iam::411623750878:user/olexiy\"},\"Resource\":\"*\",\"Sid\":\"KeyAdministration\"},{\"Action\":[\"kms:ReEncrypt*\",\"kms:GenerateDataKey*\",\"kms:Encrypt\",\"kms:DescribeKey\",\"kms:Decrypt\"],\"Effect\":\"Allow\",\"Principal\":{\"AWS\":\"arn:aws:iam::411623750878:role/linxact-oh-cluster-20240114192800989500000001\"},\"Resource\":\"*\",\"Sid\":\"KeyUsage\"}],\"Version\":\"2012-10-17\"}",
            "tags": null,
            "tags_all": {}
          },
          "sensitive_attributes": [],
          "private": "bnVsbA==",
          "dependencies": [
            "module.eks_ohio.module.eks.aws_iam_role.this",
            "module.eks_ohio.module.eks.data.aws_caller_identity.current",
            "module.eks_ohio.module.eks.data.aws_iam_policy_document.assume_role_policy",
            "module.eks_ohio.module.eks.data.aws_iam_session_context.current",
            "module.eks_ohio.module.eks.data.aws_partition.current",
            "module.eks_ohio.module.eks.module.kms.data.aws_caller_identity.current",
            "module.eks_ohio.module.eks.module.kms.data.aws_iam_policy_document.this",
            "module.eks_ohio.module.eks.module.kms.data.aws_partition.current"
          ]
        }
      ]
    },
    {
      "module": "module.eks_ohio[0].module.vpc",
      "mode": "managed",
      "type": "aws_default_network_acl",
      "name": "this",
      "provider": "provider[\"registry.terraform.io/hashicorp/aws\"].ohio",
      "instances": [
        {
          "index_key": 0,
          "schema_version": 0,
          "attributes": {
            "arn": "arn:aws:ec2:us-east-2:411623750878:network-acl/acl-0783a8a86ea7c0d5d",
            "default_network_acl_id": "acl-0783a8a86ea7c0d5d",
            "egress": [
              {
                "action": "allow",
                "cidr_block": "",
                "from_port": 0,
                "icmp_code": null,
                "icmp_type": null,
                "ipv6_cidr_block": "::/0",
                "protocol": "-1",
                "rule_no": 101,
                "to_port": 0
              },
              {
                "action": "allow",
                "cidr_block": "0.0.0.0/0",
                "from_port": 0,
                "icmp_code": null,
                "icmp_type": null,
                "ipv6_cidr_block": "",
                "protocol": "-1",
                "rule_no": 100,
                "to_port": 0
              }
            ],
            "id": "acl-0783a8a86ea7c0d5d",
            "ingress": [
              {
                "action": "allow",
                "cidr_block": "",
                "from_port": 0,
                "icmp_code": null,
                "icmp_type": null,
                "ipv6_cidr_block": "::/0",
                "protocol": "-1",
                "rule_no": 101,
                "to_port": 0
              },
              {
                "action": "allow",
                "cidr_block": "0.0.0.0/0",
                "from_port": 0,
                "icmp_code": null,
                "icmp_type": null,
                "ipv6_cidr_block": "",
                "protocol": "-1",
                "rule_no": 100,
                "to_port": 0
              }
            ],
            "owner_id": "411623750878",
            "subnet_ids": [
              "subnet-01cd15b29ff6bdbab",
              "subnet-03a6cd74d03c0313b",
              "subnet-041ae945abd96b119",
              "subnet-0662e301f92f06e51",
              "subnet-06a685c373c025dd2",
              "subnet-07669c31bea02c89e",
              "subnet-09ea155e6c954f6c5",
              "subnet-0a7cb992c7d202604",
              "subnet-0adb883f83737ed0f",
              "subnet-0b087b5b51f6ce921"
            ],
            "tags": {
              "Name": "linxact-vpc-default"
            },
            "tags_all": {
              "Name": "linxact-vpc-default"
            },
            "vpc_id": "vpc-027c2591d7f8cff0b"
          },
          "sensitive_attributes": [],
          "private": "bnVsbA==",
          "dependencies": [
            "module.eks_ohio.module.vpc.aws_vpc.this"
          ]
        }
      ]
    },
    {
      "module": "module.eks_ohio[0].module.vpc",
      "mode": "managed",
      "type": "aws_default_route_table",
      "name": "default",
      "provider": "provider[\"registry.terraform.io/hashicorp/aws\"].ohio",
      "instances": [
        {
          "index_key": 0,
          "schema_version": 0,
          "attributes": {
            "arn": "arn:aws:ec2:us-east-2:411623750878:route-table/rtb-0bf7328334d48a146",
            "default_route_table_id": "rtb-0bf7328334d48a146",
            "id": "rtb-0bf7328334d48a146",
            "owner_id": "411623750878",
            "propagating_vgws": null,
            "route": [],
            "tags": {
              "Name": "linxact-vpc-default"
            },
            "tags_all": {
              "Name": "linxact-vpc-default"
            },
            "timeouts": {
              "create": "5m",
              "update": "5m"
            },
            "vpc_id": "vpc-027c2591d7f8cff0b"
          },
          "sensitive_attributes": [],
          "private": "eyJlMmJmYjczMC1lY2FhLTExZTYtOGY4OC0zNDM2M2JjN2M0YzAiOnsiY3JlYXRlIjozMDAwMDAwMDAwMDAsInVwZGF0ZSI6MzAwMDAwMDAwMDAwfX0=",
          "dependencies": [
            "module.eks_ohio.module.vpc.aws_vpc.this"
          ]
        }
      ]
    },
    {
      "module": "module.eks_ohio[0].module.vpc",
      "mode": "managed",
      "type": "aws_default_security_group",
      "name": "this",
      "provider": "provider[\"registry.terraform.io/hashicorp/aws\"].ohio",
      "instances": [
        {
          "index_key": 0,
          "schema_version": 1,
          "attributes": {
            "arn": "arn:aws:ec2:us-east-2:411623750878:security-group/sg-083dbcab3d5934a69",
            "description": "default VPC security group",
            "egress": [],
            "id": "sg-083dbcab3d5934a69",
            "ingress": [],
            "name": "default",
            "name_prefix": "",
            "owner_id": "411623750878",
            "revoke_rules_on_delete": false,
            "tags": {
              "Name": "linxact-vpc-default"
            },
            "tags_all": {
              "Name": "linxact-vpc-default"
            },
            "vpc_id": "vpc-027c2591d7f8cff0b"
          },
          "sensitive_attributes": [],
          "private": "eyJzY2hlbWFfdmVyc2lvbiI6IjEifQ==",
          "dependencies": [
            "module.eks_ohio.module.vpc.aws_vpc.this"
          ]
        }
      ]
    },
    {
      "module": "module.eks_ohio[0].module.vpc",
      "mode": "managed",
      "type": "aws_eip",
      "name": "nat",
      "provider": "provider[\"registry.terraform.io/hashicorp/aws\"].ohio",
      "instances": [
        {
          "index_key": 0,
          "schema_version": 0,
          "attributes": {
            "address": null,
            "allocation_id": "eipalloc-04e393936622d7269",
            "associate_with_private_ip": null,
            "association_id": "",
            "carrier_ip": "",
            "customer_owned_ip": "",
            "customer_owned_ipv4_pool": "",
            "domain": "vpc",
            "id": "eipalloc-04e393936622d7269",
            "instance": "",
            "network_border_group": "us-east-2",
            "network_interface": "",
            "private_dns": null,
            "private_ip": "",
            "public_dns": "ec2-18-219-152-94.us-east-2.compute.amazonaws.com",
            "public_ip": "18.219.152.94",
            "public_ipv4_pool": "amazon",
            "tags": {
              "Name": "linxact-vpc-us-east-2a"
            },
            "tags_all": {
              "Name": "linxact-vpc-us-east-2a"
            },
            "timeouts": null,
            "vpc": true
          },
          "sensitive_attributes": [],
          "private": "eyJlMmJmYjczMC1lY2FhLTExZTYtOGY4OC0zNDM2M2JjN2M0YzAiOnsiZGVsZXRlIjoxODAwMDAwMDAwMDAsInJlYWQiOjkwMDAwMDAwMDAwMCwidXBkYXRlIjozMDAwMDAwMDAwMDB9fQ==",
          "dependencies": [
            "module.eks_ohio.data.aws_availability_zones.available",
            "module.eks_ohio.module.vpc.aws_internet_gateway.this",
            "module.eks_ohio.module.vpc.aws_vpc.this",
            "module.eks_ohio.module.vpc.aws_vpc_ipv4_cidr_block_association.this"
          ]
        }
      ]
    },
    {
      "module": "module.eks_ohio[0].module.vpc",
      "mode": "managed",
      "type": "aws_internet_gateway",
      "name": "this",
      "provider": "provider[\"registry.terraform.io/hashicorp/aws\"].ohio",
      "instances": [
        {
          "index_key": 0,
          "schema_version": 0,
          "attributes": {
            "arn": "arn:aws:ec2:us-east-2:411623750878:internet-gateway/igw-03d2833574decdcc2",
            "id": "igw-03d2833574decdcc2",
            "owner_id": "411623750878",
            "tags": {
              "Name": "linxact-vpc"
            },
            "tags_all": {
              "Name": "linxact-vpc"
            },
            "timeouts": null,
            "vpc_id": "vpc-027c2591d7f8cff0b"
          },
          "sensitive_attributes": [],
          "private": "eyJlMmJmYjczMC1lY2FhLTExZTYtOGY4OC0zNDM2M2JjN2M0YzAiOnsiY3JlYXRlIjoxMjAwMDAwMDAwMDAwLCJkZWxldGUiOjEyMDAwMDAwMDAwMDAsInVwZGF0ZSI6MTIwMDAwMDAwMDAwMH19",
          "dependencies": [
            "module.eks_ohio.module.vpc.aws_vpc.this",
            "module.eks_ohio.module.vpc.aws_vpc_ipv4_cidr_block_association.this"
          ]
        }
      ]
    },
    {
      "module": "module.eks_ohio[0].module.vpc",
      "mode": "managed",
      "type": "aws_nat_gateway",
      "name": "this",
      "provider": "provider[\"registry.terraform.io/hashicorp/aws\"].ohio",
      "instances": [
        {
          "index_key": 0,
          "schema_version": 0,
          "attributes": {
            "allocation_id": "eipalloc-04e393936622d7269",
            "association_id": "eipassoc-094d6eac9c78598aa",
            "connectivity_type": "public",
            "id": "nat-04d78aaafe29f9ed6",
            "network_interface_id": "eni-01d85893594db22e0",
            "private_ip": "10.0.5.104",
            "public_ip": "18.219.152.94",
            "subnet_id": "subnet-09ea155e6c954f6c5",
            "tags": {
              "Name": "linxact-vpc-us-east-2a"
            },
            "tags_all": {
              "Name": "linxact-vpc-us-east-2a"
            }
          },
          "sensitive_attributes": [],
          "private": "bnVsbA==",
          "dependencies": [
            "module.eks_ohio.data.aws_availability_zones.available",
            "module.eks_ohio.module.vpc.aws_eip.nat",
            "module.eks_ohio.module.vpc.aws_internet_gateway.this",
            "module.eks_ohio.module.vpc.aws_subnet.public",
            "module.eks_ohio.module.vpc.aws_vpc.this",
            "module.eks_ohio.module.vpc.aws_vpc_ipv4_cidr_block_association.this"
          ]
        }
      ]
    },
    {
      "module": "module.eks_ohio[0].module.vpc",
      "mode": "managed",
      "type": "aws_route",
      "name": "private_nat_gateway",
      "provider": "provider[\"registry.terraform.io/hashicorp/aws\"].ohio",
      "instances": [
        {
          "index_key": 0,
          "schema_version": 0,
          "attributes": {
            "carrier_gateway_id": "",
            "core_network_arn": "",
            "destination_cidr_block": "0.0.0.0/0",
            "destination_ipv6_cidr_block": "",
            "destination_prefix_list_id": "",
            "egress_only_gateway_id": "",
            "gateway_id": "",
            "id": "r-rtb-09dcac06912c921391080289494",
            "instance_id": "",
            "instance_owner_id": "",
            "local_gateway_id": "",
            "nat_gateway_id": "nat-04d78aaafe29f9ed6",
            "network_interface_id": "",
            "origin": "CreateRoute",
            "route_table_id": "rtb-09dcac06912c92139",
            "state": "active",
            "timeouts": {
              "create": "5m",
              "delete": null,
              "update": null
            },
            "transit_gateway_id": "",
            "vpc_endpoint_id": "",
            "vpc_peering_connection_id": ""
          },
          "sensitive_attributes": [],
          "private": "eyJlMmJmYjczMC1lY2FhLTExZTYtOGY4OC0zNDM2M2JjN2M0YzAiOnsiY3JlYXRlIjozMDAwMDAwMDAwMDAsImRlbGV0ZSI6MzAwMDAwMDAwMDAwLCJ1cGRhdGUiOjEyMDAwMDAwMDAwMH19",
          "dependencies": [
            "module.eks_ohio.data.aws_availability_zones.available",
            "module.eks_ohio.module.vpc.aws_eip.nat",
            "module.eks_ohio.module.vpc.aws_internet_gateway.this",
            "module.eks_ohio.module.vpc.aws_nat_gateway.this",
            "module.eks_ohio.module.vpc.aws_route_table.private",
            "module.eks_ohio.module.vpc.aws_subnet.public",
            "module.eks_ohio.module.vpc.aws_vpc.this",
            "module.eks_ohio.module.vpc.aws_vpc_ipv4_cidr_block_association.this"
          ]
        }
      ]
    },
    {
      "module": "module.eks_ohio[0].module.vpc",
      "mode": "managed",
      "type": "aws_route",
      "name": "public_internet_gateway",
      "provider": "provider[\"registry.terraform.io/hashicorp/aws\"].ohio",
      "instances": [
        {
          "index_key": 0,
          "schema_version": 0,
          "attributes": {
            "carrier_gateway_id": "",
            "core_network_arn": "",
            "destination_cidr_block": "0.0.0.0/0",
            "destination_ipv6_cidr_block": "",
            "destination_prefix_list_id": "",
            "egress_only_gateway_id": "",
            "gateway_id": "igw-03d2833574decdcc2",
            "id": "r-rtb-022675767e403a74d1080289494",
            "instance_id": "",
            "instance_owner_id": "",
            "local_gateway_id": "",
            "nat_gateway_id": "",
            "network_interface_id": "",
            "origin": "CreateRoute",
            "route_table_id": "rtb-022675767e403a74d",
            "state": "active",
            "timeouts": {
              "create": "5m",
              "delete": null,
              "update": null
            },
            "transit_gateway_id": "",
            "vpc_endpoint_id": "",
            "vpc_peering_connection_id": ""
          },
          "sensitive_attributes": [],
          "private": "eyJlMmJmYjczMC1lY2FhLTExZTYtOGY4OC0zNDM2M2JjN2M0YzAiOnsiY3JlYXRlIjozMDAwMDAwMDAwMDAsImRlbGV0ZSI6MzAwMDAwMDAwMDAwLCJ1cGRhdGUiOjEyMDAwMDAwMDAwMH19",
          "dependencies": [
            "module.eks_ohio.module.vpc.aws_internet_gateway.this",
            "module.eks_ohio.module.vpc.aws_route_table.public",
            "module.eks_ohio.module.vpc.aws_vpc.this",
            "module.eks_ohio.module.vpc.aws_vpc_ipv4_cidr_block_association.this"
          ]
        }
      ]
    },
    {
      "module": "module.eks_ohio[0].module.vpc",
      "mode": "managed",
      "type": "aws_route_table",
      "name": "private",
      "provider": "provider[\"registry.terraform.io/hashicorp/aws\"].ohio",
      "instances": [
        {
          "index_key": 0,
          "schema_version": 0,
          "attributes": {
            "arn": "arn:aws:ec2:us-east-2:411623750878:route-table/rtb-09dcac06912c92139",
            "id": "rtb-09dcac06912c92139",
            "owner_id": "411623750878",
            "propagating_vgws": [],
            "route": [],
            "tags": {
              "Name": "linxact-vpc-private"
            },
            "tags_all": {
              "Name": "linxact-vpc-private"
            },
            "timeouts": null,
            "vpc_id": "vpc-027c2591d7f8cff0b"
          },
          "sensitive_attributes": [],
          "private": "eyJlMmJmYjczMC1lY2FhLTExZTYtOGY4OC0zNDM2M2JjN2M0YzAiOnsiY3JlYXRlIjozMDAwMDAwMDAwMDAsImRlbGV0ZSI6MzAwMDAwMDAwMDAwLCJ1cGRhdGUiOjEyMDAwMDAwMDAwMH19",
          "dependencies": [
            "module.eks_ohio.data.aws_availability_zones.available",
            "module.eks_ohio.module.vpc.aws_vpc.this",
            "module.eks_ohio.module.vpc.aws_vpc_ipv4_cidr_block_association.this"
          ]
        }
      ]
    },
    {
      "module": "module.eks_ohio[0].module.vpc",
      "mode": "managed",
      "type": "aws_route_table",
      "name": "public",
      "provider": "provider[\"registry.terraform.io/hashicorp/aws\"].ohio",
      "instances": [
        {
          "index_key": 0,
          "schema_version": 0,
          "attributes": {
            "arn": "arn:aws:ec2:us-east-2:411623750878:route-table/rtb-022675767e403a74d",
            "id": "rtb-022675767e403a74d",
            "owner_id": "411623750878",
            "propagating_vgws": [],
            "route": [],
            "tags": {
              "Name": "linxact-vpc-public"
            },
            "tags_all": {
              "Name": "linxact-vpc-public"
            },
            "timeouts": null,
            "vpc_id": "vpc-027c2591d7f8cff0b"
          },
          "sensitive_attributes": [],
          "private": "eyJlMmJmYjczMC1lY2FhLTExZTYtOGY4OC0zNDM2M2JjN2M0YzAiOnsiY3JlYXRlIjozMDAwMDAwMDAwMDAsImRlbGV0ZSI6MzAwMDAwMDAwMDAwLCJ1cGRhdGUiOjEyMDAwMDAwMDAwMH19",
          "dependencies": [
            "module.eks_ohio.module.vpc.aws_vpc.this",
            "module.eks_ohio.module.vpc.aws_vpc_ipv4_cidr_block_association.this"
          ]
        }
      ]
    },
    {
      "module": "module.eks_ohio[0].module.vpc",
      "mode": "managed",
      "type": "aws_route_table_association",
      "name": "private",
      "provider": "provider[\"registry.terraform.io/hashicorp/aws\"].ohio",
      "instances": [
        {
          "index_key": 0,
          "schema_version": 0,
          "attributes": {
            "gateway_id": "",
            "id": "rtbassoc-01b66d6f7bbd3bd35",
            "route_table_id": "rtb-09dcac06912c92139",
            "subnet_id": "subnet-0662e301f92f06e51",
            "timeouts": null
          },
          "sensitive_attributes": [],
          "private": "eyJlMmJmYjczMC1lY2FhLTExZTYtOGY4OC0zNDM2M2JjN2M0YzAiOnsiY3JlYXRlIjozMDAwMDAwMDAwMDAsImRlbGV0ZSI6MzAwMDAwMDAwMDAwLCJ1cGRhdGUiOjEyMDAwMDAwMDAwMH19",
          "dependencies": [
            "module.eks_ohio.data.aws_availability_zones.available",
            "module.eks_ohio.module.vpc.aws_route_table.private",
            "module.eks_ohio.module.vpc.aws_subnet.private",
            "module.eks_ohio.module.vpc.aws_vpc.this",
            "module.eks_ohio.module.vpc.aws_vpc_ipv4_cidr_block_association.this"
          ]
        },
        {
          "index_key": 1,
          "schema_version": 0,
          "attributes": {
            "gateway_id": "",
            "id": "rtbassoc-034421c61f2cad163",
            "route_table_id": "rtb-09dcac06912c92139",
            "subnet_id": "subnet-06a685c373c025dd2",
            "timeouts": null
          },
          "sensitive_attributes": [],
          "private": "eyJlMmJmYjczMC1lY2FhLTExZTYtOGY4OC0zNDM2M2JjN2M0YzAiOnsiY3JlYXRlIjozMDAwMDAwMDAwMDAsImRlbGV0ZSI6MzAwMDAwMDAwMDAwLCJ1cGRhdGUiOjEyMDAwMDAwMDAwMH19",
          "dependencies": [
            "module.eks_ohio.data.aws_availability_zones.available",
            "module.eks_ohio.module.vpc.aws_route_table.private",
            "module.eks_ohio.module.vpc.aws_subnet.private",
            "module.eks_ohio.module.vpc.aws_vpc.this",
            "module.eks_ohio.module.vpc.aws_vpc_ipv4_cidr_block_association.this"
          ]
        },
        {
          "index_key": 2,
          "schema_version": 0,
          "attributes": {
            "gateway_id": "",
            "id": "rtbassoc-04721ad8df7d0636f",
            "route_table_id": "rtb-09dcac06912c92139",
            "subnet_id": "subnet-03a6cd74d03c0313b",
            "timeouts": null
          },
          "sensitive_attributes": [],
          "private": "eyJlMmJmYjczMC1lY2FhLTExZTYtOGY4OC0zNDM2M2JjN2M0YzAiOnsiY3JlYXRlIjozMDAwMDAwMDAwMDAsImRlbGV0ZSI6MzAwMDAwMDAwMDAwLCJ1cGRhdGUiOjEyMDAwMDAwMDAwMH19",
          "dependencies": [
            "module.eks_ohio.data.aws_availability_zones.available",
            "module.eks_ohio.module.vpc.aws_route_table.private",
            "module.eks_ohio.module.vpc.aws_subnet.private",
            "module.eks_ohio.module.vpc.aws_vpc.this",
            "module.eks_ohio.module.vpc.aws_vpc_ipv4_cidr_block_association.this"
          ]
        },
        {
          "index_key": 3,
          "schema_version": 0,
          "attributes": {
            "gateway_id": "",
            "id": "rtbassoc-03b69c43b01bc7e5f",
            "route_table_id": "rtb-09dcac06912c92139",
            "subnet_id": "subnet-041ae945abd96b119",
            "timeouts": null
          },
          "sensitive_attributes": [],
          "private": "eyJlMmJmYjczMC1lY2FhLTExZTYtOGY4OC0zNDM2M2JjN2M0YzAiOnsiY3JlYXRlIjozMDAwMDAwMDAwMDAsImRlbGV0ZSI6MzAwMDAwMDAwMDAwLCJ1cGRhdGUiOjEyMDAwMDAwMDAwMH19",
          "dependencies": [
            "module.eks_ohio.data.aws_availability_zones.available",
            "module.eks_ohio.module.vpc.aws_route_table.private",
            "module.eks_ohio.module.vpc.aws_subnet.private",
            "module.eks_ohio.module.vpc.aws_vpc.this",
            "module.eks_ohio.module.vpc.aws_vpc_ipv4_cidr_block_association.this"
          ]
        },
        {
          "index_key": 4,
          "schema_version": 0,
          "attributes": {
            "gateway_id": "",
            "id": "rtbassoc-0ac58d2ca68901ca0",
            "route_table_id": "rtb-09dcac06912c92139",
            "subnet_id": "subnet-01cd15b29ff6bdbab",
            "timeouts": null
          },
          "sensitive_attributes": [],
          "private": "eyJlMmJmYjczMC1lY2FhLTExZTYtOGY4OC0zNDM2M2JjN2M0YzAiOnsiY3JlYXRlIjozMDAwMDAwMDAwMDAsImRlbGV0ZSI6MzAwMDAwMDAwMDAwLCJ1cGRhdGUiOjEyMDAwMDAwMDAwMH19",
          "dependencies": [
            "module.eks_ohio.data.aws_availability_zones.available",
            "module.eks_ohio.module.vpc.aws_route_table.private",
            "module.eks_ohio.module.vpc.aws_subnet.private",
            "module.eks_ohio.module.vpc.aws_vpc.this",
            "module.eks_ohio.module.vpc.aws_vpc_ipv4_cidr_block_association.this"
          ]
        }
      ]
    },
    {
      "module": "module.eks_ohio[0].module.vpc",
      "mode": "managed",
      "type": "aws_route_table_association",
      "name": "public",
      "provider": "provider[\"registry.terraform.io/hashicorp/aws\"].ohio",
      "instances": [
        {
          "index_key": 0,
          "schema_version": 0,
          "attributes": {
            "gateway_id": "",
            "id": "rtbassoc-040de5e4662454ac4",
            "route_table_id": "rtb-022675767e403a74d",
            "subnet_id": "subnet-09ea155e6c954f6c5",
            "timeouts": null
          },
          "sensitive_attributes": [],
          "private": "eyJlMmJmYjczMC1lY2FhLTExZTYtOGY4OC0zNDM2M2JjN2M0YzAiOnsiY3JlYXRlIjozMDAwMDAwMDAwMDAsImRlbGV0ZSI6MzAwMDAwMDAwMDAwLCJ1cGRhdGUiOjEyMDAwMDAwMDAwMH19",
          "dependencies": [
            "module.eks_ohio.data.aws_availability_zones.available",
            "module.eks_ohio.module.vpc.aws_route_table.public",
            "module.eks_ohio.module.vpc.aws_subnet.public",
            "module.eks_ohio.module.vpc.aws_vpc.this",
            "module.eks_ohio.module.vpc.aws_vpc_ipv4_cidr_block_association.this"
          ]
        },
        {
          "index_key": 1,
          "schema_version": 0,
          "attributes": {
            "gateway_id": "",
            "id": "rtbassoc-0e5ade87bf646c3e8",
            "route_table_id": "rtb-022675767e403a74d",
            "subnet_id": "subnet-07669c31bea02c89e",
            "timeouts": null
          },
          "sensitive_attributes": [],
          "private": "eyJlMmJmYjczMC1lY2FhLTExZTYtOGY4OC0zNDM2M2JjN2M0YzAiOnsiY3JlYXRlIjozMDAwMDAwMDAwMDAsImRlbGV0ZSI6MzAwMDAwMDAwMDAwLCJ1cGRhdGUiOjEyMDAwMDAwMDAwMH19",
          "dependencies": [
            "module.eks_ohio.data.aws_availability_zones.available",
            "module.eks_ohio.module.vpc.aws_route_table.public",
            "module.eks_ohio.module.vpc.aws_subnet.public",
            "module.eks_ohio.module.vpc.aws_vpc.this",
            "module.eks_ohio.module.vpc.aws_vpc_ipv4_cidr_block_association.this"
          ]
        },
        {
          "index_key": 2,
          "schema_version": 0,
          "attributes": {
            "gateway_id": "",
            "id": "rtbassoc-02e477baf14ac0b46",
            "route_table_id": "rtb-022675767e403a74d",
            "subnet_id": "subnet-0adb883f83737ed0f",
            "timeouts": null
          },
          "sensitive_attributes": [],
          "private": "eyJlMmJmYjczMC1lY2FhLTExZTYtOGY4OC0zNDM2M2JjN2M0YzAiOnsiY3JlYXRlIjozMDAwMDAwMDAwMDAsImRlbGV0ZSI6MzAwMDAwMDAwMDAwLCJ1cGRhdGUiOjEyMDAwMDAwMDAwMH19",
          "dependencies": [
            "module.eks_ohio.data.aws_availability_zones.available",
            "module.eks_ohio.module.vpc.aws_route_table.public",
            "module.eks_ohio.module.vpc.aws_subnet.public",
            "module.eks_ohio.module.vpc.aws_vpc.this",
            "module.eks_ohio.module.vpc.aws_vpc_ipv4_cidr_block_association.this"
          ]
        },
        {
          "index_key": 3,
          "schema_version": 0,
          "attributes": {
            "gateway_id": "",
            "id": "rtbassoc-06074a5de56398849",
            "route_table_id": "rtb-022675767e403a74d",
            "subnet_id": "subnet-0a7cb992c7d202604",
            "timeouts": null
          },
          "sensitive_attributes": [],
          "private": "eyJlMmJmYjczMC1lY2FhLTExZTYtOGY4OC0zNDM2M2JjN2M0YzAiOnsiY3JlYXRlIjozMDAwMDAwMDAwMDAsImRlbGV0ZSI6MzAwMDAwMDAwMDAwLCJ1cGRhdGUiOjEyMDAwMDAwMDAwMH19",
          "dependencies": [
            "module.eks_ohio.data.aws_availability_zones.available",
            "module.eks_ohio.module.vpc.aws_route_table.public",
            "module.eks_ohio.module.vpc.aws_subnet.public",
            "module.eks_ohio.module.vpc.aws_vpc.this",
            "module.eks_ohio.module.vpc.aws_vpc_ipv4_cidr_block_association.this"
          ]
        },
        {
          "index_key": 4,
          "schema_version": 0,
          "attributes": {
            "gateway_id": "",
            "id": "rtbassoc-057a58cba921c7d72",
            "route_table_id": "rtb-022675767e403a74d",
            "subnet_id": "subnet-0b087b5b51f6ce921",
            "timeouts": null
          },
          "sensitive_attributes": [],
          "private": "eyJlMmJmYjczMC1lY2FhLTExZTYtOGY4OC0zNDM2M2JjN2M0YzAiOnsiY3JlYXRlIjozMDAwMDAwMDAwMDAsImRlbGV0ZSI6MzAwMDAwMDAwMDAwLCJ1cGRhdGUiOjEyMDAwMDAwMDAwMH19",
          "dependencies": [
            "module.eks_ohio.data.aws_availability_zones.available",
            "module.eks_ohio.module.vpc.aws_route_table.public",
            "module.eks_ohio.module.vpc.aws_subnet.public",
            "module.eks_ohio.module.vpc.aws_vpc.this",
            "module.eks_ohio.module.vpc.aws_vpc_ipv4_cidr_block_association.this"
          ]
        }
      ]
    },
    {
      "module": "module.eks_ohio[0].module.vpc",
      "mode": "managed",
      "type": "aws_subnet",
      "name": "private",
      "provider": "provider[\"registry.terraform.io/hashicorp/aws\"].ohio",
      "instances": [
        {
          "index_key": 0,
          "schema_version": 1,
          "attributes": {
            "arn": "arn:aws:ec2:us-east-2:411623750878:subnet/subnet-0662e301f92f06e51",
            "assign_ipv6_address_on_creation": false,
            "availability_zone": "us-east-2a",
            "availability_zone_id": "use2-az1",
            "cidr_block": "10.0.0.0/24",
            "customer_owned_ipv4_pool": "",
            "enable_dns64": false,
            "enable_lni_at_device_index": 0,
            "enable_resource_name_dns_a_record_on_launch": false,
            "enable_resource_name_dns_aaaa_record_on_launch": false,
            "id": "subnet-0662e301f92f06e51",
            "ipv6_cidr_block": "",
            "ipv6_cidr_block_association_id": "",
            "ipv6_native": false,
            "map_customer_owned_ip_on_launch": false,
            "map_public_ip_on_launch": false,
            "outpost_arn": "",
            "owner_id": "411623750878",
            "private_dns_hostname_type_on_launch": "ip-name",
            "tags": {
              "Name": "linxact-vpc-private-us-east-2a",
              "kubernetes.io/cluster/linxact-oh": "shared",
              "kubernetes.io/role/internal-elb": "1"
            },
            "tags_all": {
              "Name": "linxact-vpc-private-us-east-2a",
              "kubernetes.io/cluster/linxact-oh": "shared",
              "kubernetes.io/role/internal-elb": "1"
            },
            "timeouts": null,
            "vpc_id": "vpc-027c2591d7f8cff0b"
          },
          "sensitive_attributes": [],
          "private": "eyJlMmJmYjczMC1lY2FhLTExZTYtOGY4OC0zNDM2M2JjN2M0YzAiOnsiY3JlYXRlIjo2MDAwMDAwMDAwMDAsImRlbGV0ZSI6MTIwMDAwMDAwMDAwMH0sInNjaGVtYV92ZXJzaW9uIjoiMSJ9",
          "dependencies": [
            "module.eks_ohio.data.aws_availability_zones.available",
            "module.eks_ohio.module.vpc.aws_vpc.this",
            "module.eks_ohio.module.vpc.aws_vpc_ipv4_cidr_block_association.this"
          ]
        },
        {
          "index_key": 1,
          "schema_version": 1,
          "attributes": {
            "arn": "arn:aws:ec2:us-east-2:411623750878:subnet/subnet-06a685c373c025dd2",
            "assign_ipv6_address_on_creation": false,
            "availability_zone": "us-east-2b",
            "availability_zone_id": "use2-az2",
            "cidr_block": "10.0.1.0/24",
            "customer_owned_ipv4_pool": "",
            "enable_dns64": false,
            "enable_lni_at_device_index": 0,
            "enable_resource_name_dns_a_record_on_launch": false,
            "enable_resource_name_dns_aaaa_record_on_launch": false,
            "id": "subnet-06a685c373c025dd2",
            "ipv6_cidr_block": "",
            "ipv6_cidr_block_association_id": "",
            "ipv6_native": false,
            "map_customer_owned_ip_on_launch": false,
            "map_public_ip_on_launch": false,
            "outpost_arn": "",
            "owner_id": "411623750878",
            "private_dns_hostname_type_on_launch": "ip-name",
            "tags": {
              "Name": "linxact-vpc-private-us-east-2b",
              "kubernetes.io/cluster/linxact-oh": "shared",
              "kubernetes.io/role/internal-elb": "1"
            },
            "tags_all": {
              "Name": "linxact-vpc-private-us-east-2b",
              "kubernetes.io/cluster/linxact-oh": "shared",
              "kubernetes.io/role/internal-elb": "1"
            },
            "timeouts": null,
            "vpc_id": "vpc-027c2591d7f8cff0b"
          },
          "sensitive_attributes": [],
          "private": "eyJlMmJmYjczMC1lY2FhLTExZTYtOGY4OC0zNDM2M2JjN2M0YzAiOnsiY3JlYXRlIjo2MDAwMDAwMDAwMDAsImRlbGV0ZSI6MTIwMDAwMDAwMDAwMH0sInNjaGVtYV92ZXJzaW9uIjoiMSJ9",
          "dependencies": [
            "module.eks_ohio.data.aws_availability_zones.available",
            "module.eks_ohio.module.vpc.aws_vpc.this",
            "module.eks_ohio.module.vpc.aws_vpc_ipv4_cidr_block_association.this"
          ]
        },
        {
          "index_key": 2,
          "schema_version": 1,
          "attributes": {
            "arn": "arn:aws:ec2:us-east-2:411623750878:subnet/subnet-03a6cd74d03c0313b",
            "assign_ipv6_address_on_creation": false,
            "availability_zone": "us-east-2c",
            "availability_zone_id": "use2-az3",
            "cidr_block": "10.0.2.0/24",
            "customer_owned_ipv4_pool": "",
            "enable_dns64": false,
            "enable_lni_at_device_index": 0,
            "enable_resource_name_dns_a_record_on_launch": false,
            "enable_resource_name_dns_aaaa_record_on_launch": false,
            "id": "subnet-03a6cd74d03c0313b",
            "ipv6_cidr_block": "",
            "ipv6_cidr_block_association_id": "",
            "ipv6_native": false,
            "map_customer_owned_ip_on_launch": false,
            "map_public_ip_on_launch": false,
            "outpost_arn": "",
            "owner_id": "411623750878",
            "private_dns_hostname_type_on_launch": "ip-name",
            "tags": {
              "Name": "linxact-vpc-private-us-east-2c",
              "kubernetes.io/cluster/linxact-oh": "shared",
              "kubernetes.io/role/internal-elb": "1"
            },
            "tags_all": {
              "Name": "linxact-vpc-private-us-east-2c",
              "kubernetes.io/cluster/linxact-oh": "shared",
              "kubernetes.io/role/internal-elb": "1"
            },
            "timeouts": null,
            "vpc_id": "vpc-027c2591d7f8cff0b"
          },
          "sensitive_attributes": [],
          "private": "eyJlMmJmYjczMC1lY2FhLTExZTYtOGY4OC0zNDM2M2JjN2M0YzAiOnsiY3JlYXRlIjo2MDAwMDAwMDAwMDAsImRlbGV0ZSI6MTIwMDAwMDAwMDAwMH0sInNjaGVtYV92ZXJzaW9uIjoiMSJ9",
          "dependencies": [
            "module.eks_ohio.data.aws_availability_zones.available",
            "module.eks_ohio.module.vpc.aws_vpc.this",
            "module.eks_ohio.module.vpc.aws_vpc_ipv4_cidr_block_association.this"
          ]
        },
        {
          "index_key": 3,
          "schema_version": 1,
          "attributes": {
            "arn": "arn:aws:ec2:us-east-2:411623750878:subnet/subnet-041ae945abd96b119",
            "assign_ipv6_address_on_creation": false,
            "availability_zone": "us-east-2a",
            "availability_zone_id": "use2-az1",
            "cidr_block": "10.0.3.0/24",
            "customer_owned_ipv4_pool": "",
            "enable_dns64": false,
            "enable_lni_at_device_index": 0,
            "enable_resource_name_dns_a_record_on_launch": false,
            "enable_resource_name_dns_aaaa_record_on_launch": false,
            "id": "subnet-041ae945abd96b119",
            "ipv6_cidr_block": "",
            "ipv6_cidr_block_association_id": "",
            "ipv6_native": false,
            "map_customer_owned_ip_on_launch": false,
            "map_public_ip_on_launch": false,
            "outpost_arn": "",
            "owner_id": "411623750878",
            "private_dns_hostname_type_on_launch": "ip-name",
            "tags": {
              "Name": "linxact-vpc-private-us-east-2a",
              "kubernetes.io/cluster/linxact-oh": "shared",
              "kubernetes.io/role/internal-elb": "1"
            },
            "tags_all": {
              "Name": "linxact-vpc-private-us-east-2a",
              "kubernetes.io/cluster/linxact-oh": "shared",
              "kubernetes.io/role/internal-elb": "1"
            },
            "timeouts": null,
            "vpc_id": "vpc-027c2591d7f8cff0b"
          },
          "sensitive_attributes": [],
          "private": "eyJlMmJmYjczMC1lY2FhLTExZTYtOGY4OC0zNDM2M2JjN2M0YzAiOnsiY3JlYXRlIjo2MDAwMDAwMDAwMDAsImRlbGV0ZSI6MTIwMDAwMDAwMDAwMH0sInNjaGVtYV92ZXJzaW9uIjoiMSJ9",
          "dependencies": [
            "module.eks_ohio.data.aws_availability_zones.available",
            "module.eks_ohio.module.vpc.aws_vpc.this",
            "module.eks_ohio.module.vpc.aws_vpc_ipv4_cidr_block_association.this"
          ]
        },
        {
          "index_key": 4,
          "schema_version": 1,
          "attributes": {
            "arn": "arn:aws:ec2:us-east-2:411623750878:subnet/subnet-01cd15b29ff6bdbab",
            "assign_ipv6_address_on_creation": false,
            "availability_zone": "us-east-2b",
            "availability_zone_id": "use2-az2",
            "cidr_block": "10.0.4.0/24",
            "customer_owned_ipv4_pool": "",
            "enable_dns64": false,
            "enable_lni_at_device_index": 0,
            "enable_resource_name_dns_a_record_on_launch": false,
            "enable_resource_name_dns_aaaa_record_on_launch": false,
            "id": "subnet-01cd15b29ff6bdbab",
            "ipv6_cidr_block": "",
            "ipv6_cidr_block_association_id": "",
            "ipv6_native": false,
            "map_customer_owned_ip_on_launch": false,
            "map_public_ip_on_launch": false,
            "outpost_arn": "",
            "owner_id": "411623750878",
            "private_dns_hostname_type_on_launch": "ip-name",
            "tags": {
              "Name": "linxact-vpc-private-us-east-2b",
              "kubernetes.io/cluster/linxact-oh": "shared",
              "kubernetes.io/role/internal-elb": "1"
            },
            "tags_all": {
              "Name": "linxact-vpc-private-us-east-2b",
              "kubernetes.io/cluster/linxact-oh": "shared",
              "kubernetes.io/role/internal-elb": "1"
            },
            "timeouts": null,
            "vpc_id": "vpc-027c2591d7f8cff0b"
          },
          "sensitive_attributes": [],
          "private": "eyJlMmJmYjczMC1lY2FhLTExZTYtOGY4OC0zNDM2M2JjN2M0YzAiOnsiY3JlYXRlIjo2MDAwMDAwMDAwMDAsImRlbGV0ZSI6MTIwMDAwMDAwMDAwMH0sInNjaGVtYV92ZXJzaW9uIjoiMSJ9",
          "dependencies": [
            "module.eks_ohio.data.aws_availability_zones.available",
            "module.eks_ohio.module.vpc.aws_vpc.this",
            "module.eks_ohio.module.vpc.aws_vpc_ipv4_cidr_block_association.this"
          ]
        }
      ]
    },
    {
      "module": "module.eks_ohio[0].module.vpc",
      "mode": "managed",
      "type": "aws_subnet",
      "name": "public",
      "provider": "provider[\"registry.terraform.io/hashicorp/aws\"].ohio",
      "instances": [
        {
          "index_key": 0,
          "schema_version": 1,
          "attributes": {
            "arn": "arn:aws:ec2:us-east-2:411623750878:subnet/subnet-09ea155e6c954f6c5",
            "assign_ipv6_address_on_creation": false,
            "availability_zone": "us-east-2a",
            "availability_zone_id": "use2-az1",
            "cidr_block": "10.0.5.0/24",
            "customer_owned_ipv4_pool": "",
            "enable_dns64": false,
            "enable_lni_at_device_index": 0,
            "enable_resource_name_dns_a_record_on_launch": false,
            "enable_resource_name_dns_aaaa_record_on_launch": false,
            "id": "subnet-09ea155e6c954f6c5",
            "ipv6_cidr_block": "",
            "ipv6_cidr_block_association_id": "",
            "ipv6_native": false,
            "map_customer_owned_ip_on_launch": false,
            "map_public_ip_on_launch": false,
            "outpost_arn": "",
            "owner_id": "411623750878",
            "private_dns_hostname_type_on_launch": "ip-name",
            "tags": {
              "Name": "linxact-vpc-public-us-east-2a",
              "kubernetes.io/cluster/linxact-oh": "shared",
              "kubernetes.io/role/elb": "1"
            },
            "tags_all": {
              "Name": "linxact-vpc-public-us-east-2a",
              "kubernetes.io/cluster/linxact-oh": "shared",
              "kubernetes.io/role/elb": "1"
            },
            "timeouts": null,
            "vpc_id": "vpc-027c2591d7f8cff0b"
          },
          "sensitive_attributes": [],
          "private": "eyJlMmJmYjczMC1lY2FhLTExZTYtOGY4OC0zNDM2M2JjN2M0YzAiOnsiY3JlYXRlIjo2MDAwMDAwMDAwMDAsImRlbGV0ZSI6MTIwMDAwMDAwMDAwMH0sInNjaGVtYV92ZXJzaW9uIjoiMSJ9",
          "dependencies": [
            "module.eks_ohio.data.aws_availability_zones.available",
            "module.eks_ohio.module.vpc.aws_vpc.this",
            "module.eks_ohio.module.vpc.aws_vpc_ipv4_cidr_block_association.this"
          ]
        },
        {
          "index_key": 1,
          "schema_version": 1,
          "attributes": {
            "arn": "arn:aws:ec2:us-east-2:411623750878:subnet/subnet-07669c31bea02c89e",
            "assign_ipv6_address_on_creation": false,
            "availability_zone": "us-east-2b",
            "availability_zone_id": "use2-az2",
            "cidr_block": "10.0.6.0/24",
            "customer_owned_ipv4_pool": "",
            "enable_dns64": false,
            "enable_lni_at_device_index": 0,
            "enable_resource_name_dns_a_record_on_launch": false,
            "enable_resource_name_dns_aaaa_record_on_launch": false,
            "id": "subnet-07669c31bea02c89e",
            "ipv6_cidr_block": "",
            "ipv6_cidr_block_association_id": "",
            "ipv6_native": false,
            "map_customer_owned_ip_on_launch": false,
            "map_public_ip_on_launch": false,
            "outpost_arn": "",
            "owner_id": "411623750878",
            "private_dns_hostname_type_on_launch": "ip-name",
            "tags": {
              "Name": "linxact-vpc-public-us-east-2b",
              "kubernetes.io/cluster/linxact-oh": "shared",
              "kubernetes.io/role/elb": "1"
            },
            "tags_all": {
              "Name": "linxact-vpc-public-us-east-2b",
              "kubernetes.io/cluster/linxact-oh": "shared",
              "kubernetes.io/role/elb": "1"
            },
            "timeouts": null,
            "vpc_id": "vpc-027c2591d7f8cff0b"
          },
          "sensitive_attributes": [],
          "private": "eyJlMmJmYjczMC1lY2FhLTExZTYtOGY4OC0zNDM2M2JjN2M0YzAiOnsiY3JlYXRlIjo2MDAwMDAwMDAwMDAsImRlbGV0ZSI6MTIwMDAwMDAwMDAwMH0sInNjaGVtYV92ZXJzaW9uIjoiMSJ9",
          "dependencies": [
            "module.eks_ohio.data.aws_availability_zones.available",
            "module.eks_ohio.module.vpc.aws_vpc.this",
            "module.eks_ohio.module.vpc.aws_vpc_ipv4_cidr_block_association.this"
          ]
        },
        {
          "index_key": 2,
          "schema_version": 1,
          "attributes": {
            "arn": "arn:aws:ec2:us-east-2:411623750878:subnet/subnet-0adb883f83737ed0f",
            "assign_ipv6_address_on_creation": false,
            "availability_zone": "us-east-2c",
            "availability_zone_id": "use2-az3",
            "cidr_block": "10.0.7.0/24",
            "customer_owned_ipv4_pool": "",
            "enable_dns64": false,
            "enable_lni_at_device_index": 0,
            "enable_resource_name_dns_a_record_on_launch": false,
            "enable_resource_name_dns_aaaa_record_on_launch": false,
            "id": "subnet-0adb883f83737ed0f",
            "ipv6_cidr_block": "",
            "ipv6_cidr_block_association_id": "",
            "ipv6_native": false,
            "map_customer_owned_ip_on_launch": false,
            "map_public_ip_on_launch": false,
            "outpost_arn": "",
            "owner_id": "411623750878",
            "private_dns_hostname_type_on_launch": "ip-name",
            "tags": {
              "Name": "linxact-vpc-public-us-east-2c",
              "kubernetes.io/cluster/linxact-oh": "shared",
              "kubernetes.io/role/elb": "1"
            },
            "tags_all": {
              "Name": "linxact-vpc-public-us-east-2c",
              "kubernetes.io/cluster/linxact-oh": "shared",
              "kubernetes.io/role/elb": "1"
            },
            "timeouts": null,
            "vpc_id": "vpc-027c2591d7f8cff0b"
          },
          "sensitive_attributes": [],
          "private": "eyJlMmJmYjczMC1lY2FhLTExZTYtOGY4OC0zNDM2M2JjN2M0YzAiOnsiY3JlYXRlIjo2MDAwMDAwMDAwMDAsImRlbGV0ZSI6MTIwMDAwMDAwMDAwMH0sInNjaGVtYV92ZXJzaW9uIjoiMSJ9",
          "dependencies": [
            "module.eks_ohio.data.aws_availability_zones.available",
            "module.eks_ohio.module.vpc.aws_vpc.this",
            "module.eks_ohio.module.vpc.aws_vpc_ipv4_cidr_block_association.this"
          ]
        },
        {
          "index_key": 3,
          "schema_version": 1,
          "attributes": {
            "arn": "arn:aws:ec2:us-east-2:411623750878:subnet/subnet-0a7cb992c7d202604",
            "assign_ipv6_address_on_creation": false,
            "availability_zone": "us-east-2a",
            "availability_zone_id": "use2-az1",
            "cidr_block": "10.0.8.0/24",
            "customer_owned_ipv4_pool": "",
            "enable_dns64": false,
            "enable_lni_at_device_index": 0,
            "enable_resource_name_dns_a_record_on_launch": false,
            "enable_resource_name_dns_aaaa_record_on_launch": false,
            "id": "subnet-0a7cb992c7d202604",
            "ipv6_cidr_block": "",
            "ipv6_cidr_block_association_id": "",
            "ipv6_native": false,
            "map_customer_owned_ip_on_launch": false,
            "map_public_ip_on_launch": false,
            "outpost_arn": "",
            "owner_id": "411623750878",
            "private_dns_hostname_type_on_launch": "ip-name",
            "tags": {
              "Name": "linxact-vpc-public-us-east-2a",
              "kubernetes.io/cluster/linxact-oh": "shared",
              "kubernetes.io/role/elb": "1"
            },
            "tags_all": {
              "Name": "linxact-vpc-public-us-east-2a",
              "kubernetes.io/cluster/linxact-oh": "shared",
              "kubernetes.io/role/elb": "1"
            },
            "timeouts": null,
            "vpc_id": "vpc-027c2591d7f8cff0b"
          },
          "sensitive_attributes": [],
          "private": "eyJlMmJmYjczMC1lY2FhLTExZTYtOGY4OC0zNDM2M2JjN2M0YzAiOnsiY3JlYXRlIjo2MDAwMDAwMDAwMDAsImRlbGV0ZSI6MTIwMDAwMDAwMDAwMH0sInNjaGVtYV92ZXJzaW9uIjoiMSJ9",
          "dependencies": [
            "module.eks_ohio.data.aws_availability_zones.available",
            "module.eks_ohio.module.vpc.aws_vpc.this",
            "module.eks_ohio.module.vpc.aws_vpc_ipv4_cidr_block_association.this"
          ]
        },
        {
          "index_key": 4,
          "schema_version": 1,
          "attributes": {
            "arn": "arn:aws:ec2:us-east-2:411623750878:subnet/subnet-0b087b5b51f6ce921",
            "assign_ipv6_address_on_creation": false,
            "availability_zone": "us-east-2b",
            "availability_zone_id": "use2-az2",
            "cidr_block": "10.0.9.0/24",
            "customer_owned_ipv4_pool": "",
            "enable_dns64": false,
            "enable_lni_at_device_index": 0,
            "enable_resource_name_dns_a_record_on_launch": false,
            "enable_resource_name_dns_aaaa_record_on_launch": false,
            "id": "subnet-0b087b5b51f6ce921",
            "ipv6_cidr_block": "",
            "ipv6_cidr_block_association_id": "",
            "ipv6_native": false,
            "map_customer_owned_ip_on_launch": false,
            "map_public_ip_on_launch": false,
            "outpost_arn": "",
            "owner_id": "411623750878",
            "private_dns_hostname_type_on_launch": "ip-name",
            "tags": {
              "Name": "linxact-vpc-public-us-east-2b",
              "kubernetes.io/cluster/linxact-oh": "shared",
              "kubernetes.io/role/elb": "1"
            },
            "tags_all": {
              "Name": "linxact-vpc-public-us-east-2b",
              "kubernetes.io/cluster/linxact-oh": "shared",
              "kubernetes.io/role/elb": "1"
            },
            "timeouts": null,
            "vpc_id": "vpc-027c2591d7f8cff0b"
          },
          "sensitive_attributes": [],
          "private": "eyJlMmJmYjczMC1lY2FhLTExZTYtOGY4OC0zNDM2M2JjN2M0YzAiOnsiY3JlYXRlIjo2MDAwMDAwMDAwMDAsImRlbGV0ZSI6MTIwMDAwMDAwMDAwMH0sInNjaGVtYV92ZXJzaW9uIjoiMSJ9",
          "dependencies": [
            "module.eks_ohio.data.aws_availability_zones.available",
            "module.eks_ohio.module.vpc.aws_vpc.this",
            "module.eks_ohio.module.vpc.aws_vpc_ipv4_cidr_block_association.this"
          ]
        }
      ]
    },
    {
      "module": "module.eks_ohio[0].module.vpc",
      "mode": "managed",
      "type": "aws_vpc",
      "name": "this",
      "provider": "provider[\"registry.terraform.io/hashicorp/aws\"].ohio",
      "instances": [
        {
          "index_key": 0,
          "schema_version": 1,
          "attributes": {
            "arn": "arn:aws:ec2:us-east-2:411623750878:vpc/vpc-027c2591d7f8cff0b",
            "assign_generated_ipv6_cidr_block": false,
            "cidr_block": "10.0.0.0/16",
            "default_network_acl_id": "acl-0783a8a86ea7c0d5d",
            "default_route_table_id": "rtb-0bf7328334d48a146",
            "default_security_group_id": "sg-083dbcab3d5934a69",
            "dhcp_options_id": "dopt-7287ea1a",
            "enable_dns_hostnames": true,
            "enable_dns_support": true,
            "enable_network_address_usage_metrics": false,
            "id": "vpc-027c2591d7f8cff0b",
            "instance_tenancy": "default",
            "ipv4_ipam_pool_id": null,
            "ipv4_netmask_length": null,
            "ipv6_association_id": "",
            "ipv6_cidr_block": "",
            "ipv6_cidr_block_network_border_group": "",
            "ipv6_ipam_pool_id": "",
            "ipv6_netmask_length": 0,
            "main_route_table_id": "rtb-0bf7328334d48a146",
            "owner_id": "411623750878",
            "tags": {
              "Name": "linxact-vpc"
            },
            "tags_all": {
              "Name": "linxact-vpc"
            }
          },
          "sensitive_attributes": [],
          "private": "eyJzY2hlbWFfdmVyc2lvbiI6IjEifQ==",
          "create_before_destroy": true
        }
      ]
    },
    {
      "module": "module.eks_ohio[0].module.vpc",
      "mode": "managed",
      "type": "aws_vpc_ipv4_cidr_block_association",
      "name": "this",
      "provider": "provider[\"registry.terraform.io/hashicorp/aws\"].ohio",
      "instances": []
    }
  ],
  "check_results": null
}
