{
  "version": 4,
  "terraform_version": "1.6.6",
  "serial": 7265,
  "lineage": "4b06434a-c978-63bd-ec3d-8b8b79e0b36d",
  "outputs": {},
  "resources": [
    {
      "module": "module.eks_n_california[0]",
      "mode": "data",
      "type": "aws_availability_zones",
      "name": "available",
      "provider": "provider[\"registry.terraform.io/hashicorp/aws\"].n_california",
      "instances": [
        {
          "schema_version": 0,
          "attributes": {
            "all_availability_zones": null,
            "exclude_names": null,
            "exclude_zone_ids": null,
            "filter": [
              {
                "name": "opt-in-status",
                "values": [
                  "opt-in-not-required"
                ]
              }
            ],
            "group_names": [
              "us-west-1"
            ],
            "id": "us-west-1",
            "names": [
              "us-west-1b",
              "us-west-1c"
            ],
            "state": null,
            "timeouts": null,
            "zone_ids": [
              "usw1-az3",
              "usw1-az1"
            ]
          },
          "sensitive_attributes": []
        }
      ]
    },
    {
      "module": "module.eks_n_california[0]",
      "mode": "managed",
      "type": "null_resource",
      "name": "merge_kubeconfig",
      "provider": "provider[\"registry.terraform.io/hashicorp/null\"]",
      "instances": [
        {
          "index_key": 0,
          "schema_version": 0,
          "attributes": {
            "id": "5128757425372431923",
            "triggers": {
              "always": "2024-01-15T12:44:34Z"
            }
          },
          "sensitive_attributes": [],
          "dependencies": [
            "module.eks_n_california.data.aws_availability_zones.available",
            "module.eks_n_california.module.eks.aws_cloudwatch_log_group.this",
            "module.eks_n_california.module.eks.aws_eks_cluster.this",
            "module.eks_n_california.module.eks.aws_iam_policy.cni_ipv6_policy",
            "module.eks_n_california.module.eks.aws_iam_role.this",
            "module.eks_n_california.module.eks.aws_iam_role_policy_attachment.this",
            "module.eks_n_california.module.eks.aws_security_group.cluster",
            "module.eks_n_california.module.eks.aws_security_group.node",
            "module.eks_n_california.module.eks.aws_security_group_rule.cluster",
            "module.eks_n_california.module.eks.aws_security_group_rule.node",
            "module.eks_n_california.module.eks.data.aws_caller_identity.current",
            "module.eks_n_california.module.eks.data.aws_iam_policy_document.assume_role_policy",
            "module.eks_n_california.module.eks.data.aws_iam_policy_document.cni_ipv6_policy",
            "module.eks_n_california.module.eks.data.aws_iam_session_context.current",
            "module.eks_n_california.module.eks.data.aws_partition.current",
            "module.eks_n_california.module.eks.module.kms.aws_kms_external_key.this",
            "module.eks_n_california.module.eks.module.kms.aws_kms_key.this",
            "module.eks_n_california.module.eks.module.kms.data.aws_caller_identity.current",
            "module.eks_n_california.module.eks.module.kms.data.aws_iam_policy_document.this",
            "module.eks_n_california.module.eks.module.kms.data.aws_partition.current",
            "module.eks_n_california.module.vpc.aws_subnet.private",
            "module.eks_n_california.module.vpc.aws_vpc.this",
            "module.eks_n_california.module.vpc.aws_vpc_ipv4_cidr_block_association.this"
          ]
        }
      ]
    },
    {
      "module": "module.eks_n_california[0]",
      "mode": "managed",
      "type": "random_string",
      "name": "suffix",
      "provider": "provider[\"registry.terraform.io/hashicorp/random\"]",
      "instances": [
        {
          "schema_version": 2,
          "attributes": {
            "id": "HXv0cwLw",
            "keepers": null,
            "length": 8,
            "lower": true,
            "min_lower": 0,
            "min_numeric": 0,
            "min_special": 0,
            "min_upper": 0,
            "number": true,
            "numeric": true,
            "override_special": null,
            "result": "HXv0cwLw",
            "special": false,
            "upper": true
          },
          "sensitive_attributes": []
        }
      ]
    },
    {
      "module": "module.eks_n_california[0].module.eks",
      "mode": "data",
      "type": "aws_caller_identity",
      "name": "current",
      "provider": "provider[\"registry.terraform.io/hashicorp/aws\"].n_california",
      "instances": [
        {
          "schema_version": 0,
          "attributes": {
            "account_id": "411623750878",
            "arn": "arn:aws:iam::411623750878:user/olexiy",
            "id": "411623750878",
            "user_id": "AIDAV7VVP7TPJ6HRCC3PA"
          },
          "sensitive_attributes": []
        }
      ]
    },
    {
      "module": "module.eks_n_california[0].module.eks",
      "mode": "data",
      "type": "aws_iam_policy_document",
      "name": "assume_role_policy",
      "provider": "provider[\"registry.terraform.io/hashicorp/aws\"].n_california",
      "instances": [
        {
          "index_key": 0,
          "schema_version": 0,
          "attributes": {
            "id": "2764486067",
            "json": "{\n  \"Version\": \"2012-10-17\",\n  \"Statement\": [\n    {\n      \"Sid\": \"EKSClusterAssumeRole\",\n      \"Effect\": \"Allow\",\n      \"Action\": \"sts:AssumeRole\",\n      \"Principal\": {\n        \"Service\": \"eks.amazonaws.com\"\n      }\n    }\n  ]\n}",
            "override_policy_documents": null,
            "policy_id": null,
            "source_policy_documents": null,
            "statement": [
              {
                "actions": [
                  "sts:AssumeRole"
                ],
                "condition": [],
                "effect": "Allow",
                "not_actions": [],
                "not_principals": [],
                "not_resources": [],
                "principals": [
                  {
                    "identifiers": [
                      "eks.amazonaws.com"
                    ],
                    "type": "Service"
                  }
                ],
                "resources": [],
                "sid": "EKSClusterAssumeRole"
              }
            ],
            "version": "2012-10-17"
          },
          "sensitive_attributes": []
        }
      ]
    },
    {
      "module": "module.eks_n_california[0].module.eks",
      "mode": "data",
      "type": "aws_iam_session_context",
      "name": "current",
      "provider": "provider[\"registry.terraform.io/hashicorp/aws\"].n_california",
      "instances": [
        {
          "schema_version": 0,
          "attributes": {
            "arn": "arn:aws:iam::411623750878:user/olexiy",
            "id": "arn:aws:iam::411623750878:user/olexiy",
            "issuer_arn": "arn:aws:iam::411623750878:user/olexiy",
            "issuer_id": "",
            "issuer_name": "",
            "session_name": ""
          },
          "sensitive_attributes": []
        }
      ]
    },
    {
      "module": "module.eks_n_california[0].module.eks",
      "mode": "data",
      "type": "aws_partition",
      "name": "current",
      "provider": "provider[\"registry.terraform.io/hashicorp/aws\"].n_california",
      "instances": [
        {
          "schema_version": 0,
          "attributes": {
            "dns_suffix": "amazonaws.com",
            "id": "aws",
            "partition": "aws",
            "reverse_dns_prefix": "com.amazonaws"
          },
          "sensitive_attributes": []
        }
      ]
    },
    {
      "module": "module.eks_n_california[0].module.eks",
      "mode": "data",
      "type": "tls_certificate",
      "name": "this",
      "provider": "provider[\"registry.terraform.io/hashicorp/tls\"]",
      "instances": [
        {
          "index_key": 0,
          "schema_version": 0,
          "attributes": {
            "certificates": [
              {
                "cert_pem": "-----BEGIN CERTIFICATE-----\nMIIEdTCCA12gAwIBAgIJAKcOSkw0grd/MA0GCSqGSIb3DQEBCwUAMGgxCzAJBgNV\nBAYTAlVTMSUwIwYDVQQKExxTdGFyZmllbGQgVGVjaG5vbG9naWVzLCBJbmMuMTIw\nMAYDVQQLEylTdGFyZmllbGQgQ2xhc3MgMiBDZXJ0aWZpY2F0aW9uIEF1dGhvcml0\neTAeFw0wOTA5MDIwMDAwMDBaFw0zNDA2MjgxNzM5MTZaMIGYMQswCQYDVQQGEwJV\nUzEQMA4GA1UECBMHQXJpem9uYTETMBEGA1UEBxMKU2NvdHRzZGFsZTElMCMGA1UE\nChMcU3RhcmZpZWxkIFRlY2hub2xvZ2llcywgSW5jLjE7MDkGA1UEAxMyU3RhcmZp\nZWxkIFNlcnZpY2VzIFJvb3QgQ2VydGlmaWNhdGUgQXV0aG9yaXR5IC0gRzIwggEi\nMA0GCSqGSIb3DQEBAQUAA4IBDwAwggEKAoIBAQDVDDrEKvlO4vW+GZdfjohTsR8/\ny8+fIBNtKTrID30892t2OGPZNmCom15cAICyL1l/9of5JUOG52kbUpqQ4XHj2C0N\nTm/2yEnZtvMaVq4rtnQU68/7JuMauh2WLmo7WJSJR1b/JaCTcFOD2oR0FMNnngRo\nOt+OQFodSk7PQ5E751bWAHDLUu57fa4657wx+UX2wmDPE1kCK4DMNEffud6QZW0C\nzyyRpqbn3oUYSXxmTqM6bam17jQuug0DuDPfR+uxa40l2ZvOgdFFRjKWcIfeAg5J\nQ4W2bHO7ZOphQazJ1FTfhy/HIrImzJ9ZVGif/L4qL8RVHHVAYBeFAlU5i38FAgMB\nAAGjgfAwge0wDwYDVR0TAQH/BAUwAwEB/zAOBgNVHQ8BAf8EBAMCAYYwHQYDVR0O\nBBYEFJxfAN+qAdcwKziIorhtSpzyEZGDMB8GA1UdIwQYMBaAFL9ft9HO3R+G9FtV\nrNzXEMIOqYjnME8GCCsGAQUFBwEBBEMwQTAcBggrBgEFBQcwAYYQaHR0cDovL28u\nc3MyLnVzLzAhBggrBgEFBQcwAoYVaHR0cDovL3guc3MyLnVzL3guY2VyMCYGA1Ud\nHwQfMB0wG6AZoBeGFWh0dHA6Ly9zLnNzMi51cy9yLmNybDARBgNVHSAECjAIMAYG\nBFUdIAAwDQYJKoZIhvcNAQELBQADggEBACMd44pXyn3pF3lM8R5V/cxTbj5HD9/G\nVfKyBDbtgB9TxF00KGu+x1X8Z+rLP3+QsjPNG1gQggL4+C/1E2DUBc7xgQjB3ad1\nl08YuW3e95ORCLp+QCztweq7dp4zBncdDQh/U90bZKuCJ/Fp1U1ervShw3WnWEQt\n8jxwmKy6abaVd38PMV4s/KCHOkdp8Hlf9BRUpJVeEXgSYCfOn8J3/yNTd126/+pZ\n59vPr5KW7ySaNRB6nJHGDn2Z9j8Z3/VyVOEVqQdZe4O/Ui5GjLIAZHYcSNPYeehu\nVsyuLAOQ1xk4meTKCRlb/weWsKh/NEnfVqn3sF/tM+2MR7cwA130A4w=\n-----END CERTIFICATE-----\n",
                "is_ca": true,
                "issuer": "OU=Starfield Class 2 Certification Authority,O=Starfield Technologies\\, Inc.,C=US",
                "not_after": "2034-06-28T17:39:16Z",
                "not_before": "2009-09-02T00:00:00Z",
                "public_key_algorithm": "RSA",
                "serial_number": "12037640545166866303",
                "sha1_fingerprint": "9e99a48a9960b14926bb7f3b02e22da2b0ab7280",
                "signature_algorithm": "SHA256-RSA",
                "subject": "CN=Starfield Services Root Certificate Authority - G2,O=Starfield Technologies\\, Inc.,L=Scottsdale,ST=Arizona,C=US",
                "version": 3
              },
              {
                "cert_pem": "-----BEGIN CERTIFICATE-----\nMIIEkjCCA3qgAwIBAgITBn+USionzfP6wq4rAfkI7rnExjANBgkqhkiG9w0BAQsF\nADCBmDELMAkGA1UEBhMCVVMxEDAOBgNVBAgTB0FyaXpvbmExEzARBgNVBAcTClNj\nb3R0c2RhbGUxJTAjBgNVBAoTHFN0YXJmaWVsZCBUZWNobm9sb2dpZXMsIEluYy4x\nOzA5BgNVBAMTMlN0YXJmaWVsZCBTZXJ2aWNlcyBSb290IENlcnRpZmljYXRlIEF1\ndGhvcml0eSAtIEcyMB4XDTE1MDUyNTEyMDAwMFoXDTM3MTIzMTAxMDAwMFowOTEL\nMAkGA1UEBhMCVVMxDzANBgNVBAoTBkFtYXpvbjEZMBcGA1UEAxMQQW1hem9uIFJv\nb3QgQ0EgMTCCASIwDQYJKoZIhvcNAQEBBQADggEPADCCAQoCggEBALJ4gHHKeNXj\nca9HgFB0fW7Y14h29Jlo91ghYPl0hAEvrAIthtOgQ3pOsqTQNroBvo3bSMgHFzZM\n9O6II8c+6zf1tRn4SWiw3te5djgdYZ6k/oI2peVKVuRF4fn9tBb6dNqcmzU5L/qw\nIFAGbHrQgLKm+a/sRxmPUDgH3KKHOVj4utWp+UhnMJbulHheb4mjUcAwhmahRWa6\nVOujw5H5SNz/0egwLX0tdHA114gk957EWW67c4cX8jJGKLhD+rcdqsq08p8kDi1L\n93FcXmn/6pUCyziKrlA4b9v7LWIbxcceVOF34GfID5yHI9Y/QCB/IIDEgEw+OyQm\njgSubJrIqg0CAwEAAaOCATEwggEtMA8GA1UdEwEB/wQFMAMBAf8wDgYDVR0PAQH/\nBAQDAgGGMB0GA1UdDgQWBBSEGMyFNOy8DJSULghZnMeyEE4KCDAfBgNVHSMEGDAW\ngBScXwDfqgHXMCs4iKK4bUqc8hGRgzB4BggrBgEFBQcBAQRsMGowLgYIKwYBBQUH\nMAGGImh0dHA6Ly9vY3NwLnJvb3RnMi5hbWF6b250cnVzdC5jb20wOAYIKwYBBQUH\nMAKGLGh0dHA6Ly9jcnQucm9vdGcyLmFtYXpvbnRydXN0LmNvbS9yb290ZzIuY2Vy\nMD0GA1UdHwQ2MDQwMqAwoC6GLGh0dHA6Ly9jcmwucm9vdGcyLmFtYXpvbnRydXN0\nLmNvbS9yb290ZzIuY3JsMBEGA1UdIAQKMAgwBgYEVR0gADANBgkqhkiG9w0BAQsF\nAAOCAQEAYjdCXLwQtT6LLOkMm2xF4gcAevnFWAu5CIw+7bMlPLVvUOTNNWqnkzSW\nMiGpSESrnO09tKpzbeR/FoCJbM8oAxiDR3mjEH4wW6w7sGDgd9QIpuEdfF7Au/ma\neyKdpwAJfqxGF4PcnCZXmTA5YpaP7dreqsXMGz7KQ2hsVxa81Q4gLv7/wmpdLqBK\nbRRYh5TmOTFffHPLkIhqhBGWJ6bt2YFGpn6jcgAKUj6DiAdjd4lpFw85hdKrCEVN\n0FE6/V1dN2RMfjCyVSRCnTawXZwXgWHxyvkQAiSr6w10kY17RSlQOYiypok1JR4U\nakcjMS9cmvqtmg5iUaQqqcT5NJ0hGA==\n-----END CERTIFICATE-----\n",
                "is_ca": true,
                "issuer": "CN=Starfield Services Root Certificate Authority - G2,O=Starfield Technologies\\, Inc.,L=Scottsdale,ST=Arizona,C=US",
                "not_after": "2037-12-31T01:00:00Z",
                "not_before": "2015-05-25T12:00:00Z",
                "public_key_algorithm": "RSA",
                "serial_number": "144918191876577076464031512351042010504348870",
                "sha1_fingerprint": "06b25927c42a721631c1efd9431e648fa62e1e39",
                "signature_algorithm": "SHA256-RSA",
                "subject": "CN=Amazon Root CA 1,O=Amazon,C=US",
                "version": 3
              },
              {
                "cert_pem": "-----BEGIN CERTIFICATE-----\nMIIEXjCCA0agAwIBAgITB3MSSkvL1E7HtTvq8ZSELToPoTANBgkqhkiG9w0BAQsF\nADA5MQswCQYDVQQGEwJVUzEPMA0GA1UEChMGQW1hem9uMRkwFwYDVQQDExBBbWF6\nb24gUm9vdCBDQSAxMB4XDTIyMDgyMzIyMjUzMFoXDTMwMDgyMzIyMjUzMFowPDEL\nMAkGA1UEBhMCVVMxDzANBgNVBAoTBkFtYXpvbjEcMBoGA1UEAxMTQW1hem9uIFJT\nQSAyMDQ4IE0wMjCCASIwDQYJKoZIhvcNAQEBBQADggEPADCCAQoCggEBALtDGMZa\nqHneKei1by6+pUPPLljTB143Si6VpEWPc6mSkFhZb/6qrkZyoHlQLbDYnI2D7hD0\nsdzEqfnuAjIsuXQLG3A8TvX6V3oFNBFVe8NlLJHvBseKY88saLwufxkZVwk74g4n\nWlNMXzla9Y5F3wwRHwMVH443xGz6UtGSZSqQ94eFx5X7Tlqt8whi8qCaKdZ5rNak\n+r9nUThOeClqFd4oXych//Rc7Y0eX1KNWHYSI1Nk31mYgiK3JvH063g+K9tHA63Z\neTgKgndlh+WI+zv7i44HepRZjA1FYwYZ9Vv/9UkC5Yz8/yU65fgjaE+wVHM4e/Yy\nC2osrPWE7gJ+dXMCAwEAAaOCAVowggFWMBIGA1UdEwEB/wQIMAYBAf8CAQAwDgYD\nVR0PAQH/BAQDAgGGMB0GA1UdJQQWMBQGCCsGAQUFBwMBBggrBgEFBQcDAjAdBgNV\nHQ4EFgQUwDFSzVpQw4J8dHHOy+mc+XrrguIwHwYDVR0jBBgwFoAUhBjMhTTsvAyU\nlC4IWZzHshBOCggwewYIKwYBBQUHAQEEbzBtMC8GCCsGAQUFBzABhiNodHRwOi8v\nb2NzcC5yb290Y2ExLmFtYXpvbnRydXN0LmNvbTA6BggrBgEFBQcwAoYuaHR0cDov\nL2NydC5yb290Y2ExLmFtYXpvbnRydXN0LmNvbS9yb290Y2ExLmNlcjA/BgNVHR8E\nODA2MDSgMqAwhi5odHRwOi8vY3JsLnJvb3RjYTEuYW1hem9udHJ1c3QuY29tL3Jv\nb3RjYTEuY3JsMBMGA1UdIAQMMAowCAYGZ4EMAQIBMA0GCSqGSIb3DQEBCwUAA4IB\nAQAtTi6Fs0Azfi+iwm7jrz+CSxHH+uHl7Law3MQSXVtR8RV53PtR6r/6gNpqlzdo\nZq4FKbADi1v9Bun8RY8D51uedRfjsbeodizeBB8nXmeyD33Ep7VATj4ozcd31YFV\nfgRhvTSxNrrTlNpWkUk0m3BMPv8sg381HhA6uEYokE5q9uws/3YkKqRiEz3TsaWm\nJqIRZhMbgAfp7O7FUwFIb7UIspogZSKxPIWJpxiPo3TcBambbVtQOcNRWz5qCQdD\nslI2yayq0n2TXoHyNCLEH8rpsJRVILFsg0jc7BaFrMnF462+ajSehgj12IidNeRN\n4zl+EoNaWdpnWndvSpAEkq2P\n-----END CERTIFICATE-----\n",
                "is_ca": true,
                "issuer": "CN=Amazon Root CA 1,O=Amazon,C=US",
                "not_after": "2030-08-23T22:25:30Z",
                "not_before": "2022-08-23T22:25:30Z",
                "public_key_algorithm": "RSA",
                "serial_number": "166129353110899469622597955040406457904926625",
                "sha1_fingerprint": "414a2060b738c635cc7fc243e052615592830c53",
                "signature_algorithm": "SHA256-RSA",
                "subject": "CN=Amazon RSA 2048 M02,O=Amazon,C=US",
                "version": 3
              },
              {
                "cert_pem": "-----BEGIN CERTIFICATE-----\nMIIF6zCCBNOgAwIBAgIQDrVF6HUVf6U4xFQ5cdVoojANBgkqhkiG9w0BAQsFADA8\nMQswCQYDVQQGEwJVUzEPMA0GA1UEChMGQW1hem9uMRwwGgYDVQQDExNBbWF6b24g\nUlNBIDIwNDggTTAyMB4XDTIzMDUyODAwMDAwMFoXDTI0MDYyNTIzNTk1OVowKzEp\nMCcGA1UEAxMgb2lkYy5la3MudXMtd2VzdC0xLmFtYXpvbmF3cy5jb20wggEiMA0G\nCSqGSIb3DQEBAQUAA4IBDwAwggEKAoIBAQDX8tQz7BaVUu/9OyT6DrGN8jjy2yaM\nvFxGHJkcKjmF5pQo638AtSGxzaZlzzjfOCdlqqAjNE71NvS8//WCS+RdxFZjOfpX\nr5QAdeDQoFBbjJYvDaH8exbze7HL52/N8a8qqLvov/Gr4QVQwmHdLld9P7vZ32Wv\nTiaIUkX1JMnfdfriL23cX4Hi/2UzPJwE+7OZO4XQ2WPc1MMQo+XSsi94ivKrzldU\n40Qr/C8+/IWeqP+Gn2AX9RNoDclHR6kRlbjwYr8SH8gaK5u3MkJy2tjJR9ggpLlR\n0HH7YpvfxFRJWcZ75YrY7qyoCLyc6dMB75nb741IdDF/jHTrc8pLZOpjAgMBAAGj\nggL4MIIC9DAfBgNVHSMEGDAWgBTAMVLNWlDDgnx0cc7L6Zz5euuC4jAdBgNVHQ4E\nFgQUWANDIOnwTD5ALDvuvJ7pHx3mYPowKwYDVR0RBCQwIoIgb2lkYy5la3MudXMt\nd2VzdC0xLmFtYXpvbmF3cy5jb20wDgYDVR0PAQH/BAQDAgWgMB0GA1UdJQQWMBQG\nCCsGAQUFBwMBBggrBgEFBQcDAjA7BgNVHR8ENDAyMDCgLqAshipodHRwOi8vY3Js\nLnIybTAyLmFtYXpvbnRydXN0LmNvbS9yMm0wMi5jcmwwEwYDVR0gBAwwCjAIBgZn\ngQwBAgEwdQYIKwYBBQUHAQEEaTBnMC0GCCsGAQUFBzABhiFodHRwOi8vb2NzcC5y\nMm0wMi5hbWF6b250cnVzdC5jb20wNgYIKwYBBQUHMAKGKmh0dHA6Ly9jcnQucjJt\nMDIuYW1hem9udHJ1c3QuY29tL3IybTAyLmNlcjAMBgNVHRMBAf8EAjAAMIIBfQYK\nKwYBBAHWeQIEAgSCAW0EggFpAWcAdgB2/4g/Crb7lVHCYcz1h7o0tKTNuyncaEIK\nn+ZnTFo6dAAAAYhfuTwlAAAEAwBHMEUCIAglEANyXlqTnmvpn/CYodL/WZXtfPvI\nWRH0wf6z75zVAiEAj2dv5iU5OiGx6Cbz3tqbSukvbvv90IyIhJOwOE3gjj4AdgBI\nsONr2qZHNA/lagL6nTDrHFIBy1bdLIHZu7+rOdiEcwAAAYhfuTwVAAAEAwBHMEUC\nIQC0i30F3fXieSOzUBTIMJ2w099ybNiQBc3zeDeMlAH+OQIgbhMOL3kKKacG108C\nwfnswkt4S2K4J0pLbyaNggRoZzoAdQDatr9rP7W2Ip+bwrtca+hwkXFsu1GEhTS9\npD0wSNf7qwAAAYhfuTvkAAAEAwBGMEQCIE4JdV/F+UDr5RcFyN7sSeFChIj0HRMS\nnWum5vkjpybFAiASy7VbyTD9FHVEf4W6xHjsjL53yia43oxhUdF/Uhvb/TANBgkq\nhkiG9w0BAQsFAAOCAQEARFyqvb1qfP0KBocUy0kVbQSDCNuBHKYJO3qiHzqLvnJQ\nVeXQoET3nbhIst4AeiYDZcZs1h6rQnnTmzR5TWea8EsX8fqWz602JEoQTKOwL2D0\n+9o8udLCDqRGy93HVx1uJKxEvMEyz/06/JOdl3wuuvvcXuewJM2VKD6PAxFr8h8m\n7YVRiDlXxEAS1ea+1mi9rvg+yHy1ZO2QFhCcEorBnuDu2NZnJT6CCBSsg9TU5yQL\nZ4Ap0RJNZ967VgLu4YjxdSoL91nTAjv0LEvfUUiQ1aB4qYF01cB+EvPMuwrp9SdV\nT0PFIJ+H3eMkBKZoATvvJqPdDn854osWDXb6inkWVQ==\n-----END CERTIFICATE-----\n",
                "is_ca": false,
                "issuer": "CN=Amazon RSA 2048 M02,O=Amazon,C=US",
                "not_after": "2024-06-25T23:59:59Z",
                "not_before": "2023-05-28T00:00:00Z",
                "public_key_algorithm": "RSA",
                "serial_number": "19550415575815717675658756569794177186",
                "sha1_fingerprint": "3fd6d5a7f2214f4e1abb1a281f316e95f1ec0968",
                "signature_algorithm": "SHA256-RSA",
                "subject": "CN=oidc.eks.us-west-1.amazonaws.com",
                "version": 3
              }
            ],
            "content": null,
            "id": "b943b8b383a12fc7aa6ab7b78384bfd6d9138b50",
            "url": "https://oidc.eks.us-west-1.amazonaws.com/id/60D9ADD5E3AAE209459E147AA191D3CB",
            "verify_chain": true
          },
          "sensitive_attributes": []
        }
      ]
    },
    {
      "module": "module.eks_n_california[0].module.eks",
      "mode": "managed",
      "type": "aws_cloudwatch_log_group",
      "name": "this",
      "provider": "provider[\"registry.terraform.io/hashicorp/aws\"].n_california",
      "instances": [
        {
          "index_key": 0,
          "schema_version": 0,
          "attributes": {
            "arn": "arn:aws:logs:us-west-1:411623750878:log-group:/aws/eks/linxact-nc/cluster",
            "id": "/aws/eks/linxact-nc/cluster",
            "kms_key_id": "",
            "name": "/aws/eks/linxact-nc/cluster",
            "name_prefix": "",
            "retention_in_days": 90,
            "skip_destroy": false,
            "tags": {
              "Name": "/aws/eks/linxact-nc/cluster"
            },
            "tags_all": {
              "Name": "/aws/eks/linxact-nc/cluster"
            }
          },
          "sensitive_attributes": [],
          "private": "bnVsbA==",
          "create_before_destroy": true
        }
      ]
    },
    {
      "module": "module.eks_n_california[0].module.eks",
      "mode": "managed",
      "type": "aws_eks_cluster",
      "name": "this",
      "provider": "provider[\"registry.terraform.io/hashicorp/aws\"].n_california",
      "instances": [
        {
          "index_key": 0,
          "schema_version": 0,
          "attributes": {
            "arn": "arn:aws:eks:us-west-1:411623750878:cluster/linxact-nc",
            "certificate_authority": [
              {
                "data": "LS0tLS1CRUdJTiBDRVJUSUZJQ0FURS0tLS0tCk1JSURCVENDQWUyZ0F3SUJBZ0lJZXhGY2FyNEtXUUV3RFFZSktvWklodmNOQVFFTEJRQXdGVEVUTUJFR0ExVUUKQXhNS2EzVmlaWEp1WlhSbGN6QWVGdzB5TkRBeE1UVXhNak0yTWpCYUZ3MHpOREF4TVRJeE1qUXhNakJhTUJVeApFekFSQmdOVkJBTVRDbXQxWW1WeWJtVjBaWE13Z2dFaU1BMEdDU3FHU0liM0RRRUJBUVVBQTRJQkR3QXdnZ0VLCkFvSUJBUURFTGpaZFg2aHpML3A0d1VyeTFqZi83L3dleEZiL2JONjduTHBJNFFVeldFUmFpWTJVek9JTWN3d3AKZ3BQampzNUgxQ0VWK0E1M0ppcjZSekFzallOc1ExUzlydkJHOVJrMkhOUUdad2VRL2ZydFpXSURmVGlTenhhbApVbEVTVUtNVWpQS2VzL1orSGhocnQwL0dWc0FqbXhhQlVBTHlhSVM2N0p3Vy9HK1RiSGxyTjNRN1d2WnJFNHZyCmJMdmJDUUJLWDFIclhrdjZpR2Y0czA1UXhWWENXRU5NM3NsNytkQ2lIQzVOQ3B4OTFWakFCUTV0TnRqY0l2TGwKeVM2dGs1QjRTeVZsemhmK3hramJHSFplbDhLRGkxSTQ0U0ZTNEh6STk1ejJCVy9DSFp1OS9ITEFHRXQ1TzFyWgo3N3djN2tZQ3VUUzdZTHdpMWlhZ3lzcnZ0ZkNQQWdNQkFBR2pXVEJYTUE0R0ExVWREd0VCL3dRRUF3SUNwREFQCkJnTlZIUk1CQWY4RUJUQURBUUgvTUIwR0ExVWREZ1FXQkJRSXluV0Yzd3FIZGlSN3pCeFhudTd6cGNpbWREQVYKQmdOVkhSRUVEakFNZ2dwcmRXSmxjbTVsZEdWek1BMEdDU3FHU0liM0RRRUJDd1VBQTRJQkFRQ2J4dUNwZGxkZApmcndVc1pTNDQyZHR2bXJoSXh5MzNhNDRHa3hSUHphYVB2ek1wUFBIcWJKQzllRkNyY2ttUzF6LzBkanczdEdFCldjd1V0czQrdEZnbXJRM2lpMnppSUw0bXV1cmdDSGhrVW9GMDJ2cTUwZFhFZmdTQ211S3JrYVYxWE8wUGlWVlQKRnR0ZFA4TUkwYkltYzczZDIyZVFLaDJ5TjZSdDBad1J6ZlR6ZThMYUIxWEd4WUNPUE8xbEt6Y2t5eVRGSldTQgpDMUcwY082cTY2bXpEOU1nb1U4V0lPQU9BZ3ZPbGFpZm5KY3VpelpBaHV6WGMzVVBGSldEbDM0bmMyczg3WFBWCkROUnoxUTF2V043S2JGazNDTHlUb1FXQ0lrWDBzVWh5TmNmUW0vNGgrMVNzTzMyWVFZYkNQdHRTRys5SU1MbisKU2kzVXY1QytDT2N2Ci0tLS0tRU5EIENFUlRJRklDQVRFLS0tLS0K"
              }
            ],
            "cluster_id": null,
            "created_at": "2024-01-15 12:37:04.192 +0000 UTC",
            "enabled_cluster_log_types": [
              "api",
              "audit",
              "authenticator"
            ],
            "encryption_config": [
              {
                "provider": [
                  {
                    "key_arn": "arn:aws:kms:us-west-1:411623750878:key/67ae0098-2c5f-438e-a63e-a3aabd10cbfb"
                  }
                ],
                "resources": [
                  "secrets"
                ]
              }
            ],
            "endpoint": "https://60D9ADD5E3AAE209459E147AA191D3CB.gr7.us-west-1.eks.amazonaws.com",
            "id": "linxact-nc",
            "identity": [
              {
                "oidc": [
                  {
                    "issuer": "https://oidc.eks.us-west-1.amazonaws.com/id/60D9ADD5E3AAE209459E147AA191D3CB"
                  }
                ]
              }
            ],
            "kubernetes_network_config": [
              {
                "ip_family": "ipv4",
                "service_ipv4_cidr": "172.20.0.0/16",
                "service_ipv6_cidr": ""
              }
            ],
            "name": "linxact-nc",
            "outpost_config": [],
            "platform_version": "eks.6",
            "role_arn": "arn:aws:iam::411623750878:role/linxact-nc-cluster-20240115123609739400000002",
            "status": "ACTIVE",
            "tags": null,
            "tags_all": {},
            "timeouts": {
              "create": null,
              "delete": null,
              "update": null
            },
            "version": "1.28",
            "vpc_config": [
              {
                "cluster_security_group_id": "sg-0ce59f8ac26e23759",
                "endpoint_private_access": true,
                "endpoint_public_access": true,
                "public_access_cidrs": [
                  "0.0.0.0/0"
                ],
                "security_group_ids": [
                  "sg-0547274ae6ba139cf"
                ],
                "subnet_ids": [
                  "subnet-00cf10041775c0b0e",
                  "subnet-0120cfa622fbb3ae4",
                  "subnet-04966ab9bdd071969",
                  "subnet-06cf0e40cb47b8490",
                  "subnet-0d074309942c78d6d"
                ],
                "vpc_id": "vpc-0bce7f946f05a852d"
              }
            ]
          },
          "sensitive_attributes": [],
          "private": "eyJlMmJmYjczMC1lY2FhLTExZTYtOGY4OC0zNDM2M2JjN2M0YzAiOnsiY3JlYXRlIjoxODAwMDAwMDAwMDAwLCJkZWxldGUiOjkwMDAwMDAwMDAwMCwidXBkYXRlIjozNjAwMDAwMDAwMDAwfX0=",
          "dependencies": [
            "module.eks_n_california.data.aws_availability_zones.available",
            "module.eks_n_california.module.eks.aws_cloudwatch_log_group.this",
            "module.eks_n_california.module.eks.aws_iam_policy.cni_ipv6_policy",
            "module.eks_n_california.module.eks.aws_iam_role.this",
            "module.eks_n_california.module.eks.aws_iam_role_policy_attachment.this",
            "module.eks_n_california.module.eks.aws_security_group.cluster",
            "module.eks_n_california.module.eks.aws_security_group.node",
            "module.eks_n_california.module.eks.aws_security_group_rule.cluster",
            "module.eks_n_california.module.eks.aws_security_group_rule.node",
            "module.eks_n_california.module.eks.data.aws_caller_identity.current",
            "module.eks_n_california.module.eks.data.aws_iam_policy_document.assume_role_policy",
            "module.eks_n_california.module.eks.data.aws_iam_policy_document.cni_ipv6_policy",
            "module.eks_n_california.module.eks.data.aws_iam_session_context.current",
            "module.eks_n_california.module.eks.data.aws_partition.current",
            "module.eks_n_california.module.eks.module.kms.aws_kms_external_key.this",
            "module.eks_n_california.module.eks.module.kms.aws_kms_key.this",
            "module.eks_n_california.module.eks.module.kms.data.aws_caller_identity.current",
            "module.eks_n_california.module.eks.module.kms.data.aws_iam_policy_document.this",
            "module.eks_n_california.module.eks.module.kms.data.aws_partition.current",
            "module.eks_n_california.module.vpc.aws_subnet.private",
            "module.eks_n_california.module.vpc.aws_vpc.this",
            "module.eks_n_california.module.vpc.aws_vpc_ipv4_cidr_block_association.this"
          ],
          "create_before_destroy": true
        }
      ]
    },
    {
      "module": "module.eks_n_california[0].module.eks",
      "mode": "managed",
      "type": "aws_iam_openid_connect_provider",
      "name": "oidc_provider",
      "provider": "provider[\"registry.terraform.io/hashicorp/aws\"].n_california",
      "instances": [
        {
          "index_key": 0,
          "schema_version": 0,
          "attributes": {
            "arn": "arn:aws:iam::411623750878:oidc-provider/oidc.eks.us-west-1.amazonaws.com/id/60D9ADD5E3AAE209459E147AA191D3CB",
            "client_id_list": [
              "sts.amazonaws.com"
            ],
            "id": "arn:aws:iam::411623750878:oidc-provider/oidc.eks.us-west-1.amazonaws.com/id/60D9ADD5E3AAE209459E147AA191D3CB",
            "tags": {
              "Name": "linxact-nc-eks-irsa"
            },
            "tags_all": {
              "Name": "linxact-nc-eks-irsa"
            },
            "thumbprint_list": [
              "9e99a48a9960b14926bb7f3b02e22da2b0ab7280",
              "06b25927c42a721631c1efd9431e648fa62e1e39",
              "414a2060b738c635cc7fc243e052615592830c53",
              "3fd6d5a7f2214f4e1abb1a281f316e95f1ec0968"
            ],
            "url": "oidc.eks.us-west-1.amazonaws.com/id/60D9ADD5E3AAE209459E147AA191D3CB"
          },
          "sensitive_attributes": [],
          "private": "bnVsbA==",
          "dependencies": [
            "module.eks_n_california.data.aws_availability_zones.available",
            "module.eks_n_california.module.eks.aws_cloudwatch_log_group.this",
            "module.eks_n_california.module.eks.aws_eks_cluster.this",
            "module.eks_n_california.module.eks.aws_iam_policy.cni_ipv6_policy",
            "module.eks_n_california.module.eks.aws_iam_role.this",
            "module.eks_n_california.module.eks.aws_iam_role_policy_attachment.this",
            "module.eks_n_california.module.eks.aws_security_group.cluster",
            "module.eks_n_california.module.eks.aws_security_group.node",
            "module.eks_n_california.module.eks.aws_security_group_rule.cluster",
            "module.eks_n_california.module.eks.aws_security_group_rule.node",
            "module.eks_n_california.module.eks.data.aws_caller_identity.current",
            "module.eks_n_california.module.eks.data.aws_iam_policy_document.assume_role_policy",
            "module.eks_n_california.module.eks.data.aws_iam_policy_document.cni_ipv6_policy",
            "module.eks_n_california.module.eks.data.aws_iam_session_context.current",
            "module.eks_n_california.module.eks.data.aws_partition.current",
            "module.eks_n_california.module.eks.data.tls_certificate.this",
            "module.eks_n_california.module.eks.module.kms.aws_kms_external_key.this",
            "module.eks_n_california.module.eks.module.kms.aws_kms_key.this",
            "module.eks_n_california.module.eks.module.kms.data.aws_caller_identity.current",
            "module.eks_n_california.module.eks.module.kms.data.aws_iam_policy_document.this",
            "module.eks_n_california.module.eks.module.kms.data.aws_partition.current",
            "module.eks_n_california.module.vpc.aws_subnet.private",
            "module.eks_n_california.module.vpc.aws_vpc.this",
            "module.eks_n_california.module.vpc.aws_vpc_ipv4_cidr_block_association.this"
          ]
        }
      ]
    },
    {
      "module": "module.eks_n_california[0].module.eks",
      "mode": "managed",
      "type": "aws_iam_policy",
      "name": "cluster_encryption",
      "provider": "provider[\"registry.terraform.io/hashicorp/aws\"].n_california",
      "instances": [
        {
          "index_key": 0,
          "schema_version": 0,
          "attributes": {
            "arn": "arn:aws:iam::411623750878:policy/linxact-nc-cluster-ClusterEncryption2024011512364519780000000a",
            "description": "Cluster encryption policy to allow cluster role to utilize CMK provided",
            "id": "arn:aws:iam::411623750878:policy/linxact-nc-cluster-ClusterEncryption2024011512364519780000000a",
            "name": "linxact-nc-cluster-ClusterEncryption2024011512364519780000000a",
            "name_prefix": "linxact-nc-cluster-ClusterEncryption",
            "path": "/",
            "policy": "{\"Statement\":[{\"Action\":[\"kms:Encrypt\",\"kms:Decrypt\",\"kms:ListGrants\",\"kms:DescribeKey\"],\"Effect\":\"Allow\",\"Resource\":\"arn:aws:kms:us-west-1:411623750878:key/67ae0098-2c5f-438e-a63e-a3aabd10cbfb\"}],\"Version\":\"2012-10-17\"}",
            "policy_id": "ANPAV7VVP7TPLJYMT4PX6",
            "tags": null,
            "tags_all": {}
          },
          "sensitive_attributes": [],
          "private": "bnVsbA==",
          "dependencies": [
            "module.eks_n_california.module.eks.aws_iam_role.this",
            "module.eks_n_california.module.eks.data.aws_caller_identity.current",
            "module.eks_n_california.module.eks.data.aws_iam_policy_document.assume_role_policy",
            "module.eks_n_california.module.eks.data.aws_iam_session_context.current",
            "module.eks_n_california.module.eks.data.aws_partition.current",
            "module.eks_n_california.module.eks.module.kms.aws_kms_external_key.this",
            "module.eks_n_california.module.eks.module.kms.aws_kms_key.this",
            "module.eks_n_california.module.eks.module.kms.data.aws_caller_identity.current",
            "module.eks_n_california.module.eks.module.kms.data.aws_iam_policy_document.this",
            "module.eks_n_california.module.eks.module.kms.data.aws_partition.current"
          ]
        }
      ]
    },
    {
      "module": "module.eks_n_california[0].module.eks",
      "mode": "managed",
      "type": "aws_iam_role",
      "name": "this",
      "provider": "provider[\"registry.terraform.io/hashicorp/aws\"].n_california",
      "instances": [
        {
          "index_key": 0,
          "schema_version": 0,
          "attributes": {
            "arn": "arn:aws:iam::411623750878:role/linxact-nc-cluster-20240115123609739400000002",
            "assume_role_policy": "{\"Statement\":[{\"Action\":\"sts:AssumeRole\",\"Effect\":\"Allow\",\"Principal\":{\"Service\":\"eks.amazonaws.com\"},\"Sid\":\"EKSClusterAssumeRole\"}],\"Version\":\"2012-10-17\"}",
            "create_date": "2024-01-15T12:36:10Z",
            "description": "",
            "force_detach_policies": true,
            "id": "linxact-nc-cluster-20240115123609739400000002",
            "inline_policy": [
              {
                "name": "linxact-nc-cluster",
                "policy": "{\"Version\":\"2012-10-17\",\"Statement\":[{\"Action\":[\"logs:CreateLogGroup\"],\"Effect\":\"Deny\",\"Resource\":\"*\"}]}"
              }
            ],
            "managed_policy_arns": [],
            "max_session_duration": 3600,
            "name": "linxact-nc-cluster-20240115123609739400000002",
            "name_prefix": "linxact-nc-cluster-",
            "path": "/",
            "permissions_boundary": null,
            "tags": null,
            "tags_all": {},
            "unique_id": "AROAV7VVP7TPGCNWJIW7O"
          },
          "sensitive_attributes": [],
          "private": "bnVsbA==",
          "dependencies": [
            "module.eks_n_california.module.eks.data.aws_iam_policy_document.assume_role_policy",
            "module.eks_n_california.module.eks.data.aws_partition.current"
          ],
          "create_before_destroy": true
        }
      ]
    },
    {
      "module": "module.eks_n_california[0].module.eks",
      "mode": "managed",
      "type": "aws_iam_role_policy_attachment",
      "name": "cluster_encryption",
      "provider": "provider[\"registry.terraform.io/hashicorp/aws\"].n_california",
      "instances": [
        {
          "index_key": 0,
          "schema_version": 0,
          "attributes": {
            "id": "linxact-nc-cluster-20240115123609739400000002-2024011512365855310000000b",
            "policy_arn": "arn:aws:iam::411623750878:policy/linxact-nc-cluster-ClusterEncryption2024011512364519780000000a",
            "role": "linxact-nc-cluster-20240115123609739400000002"
          },
          "sensitive_attributes": [],
          "private": "bnVsbA==",
          "dependencies": [
            "module.eks_n_california.module.eks.aws_iam_policy.cluster_encryption",
            "module.eks_n_california.module.eks.aws_iam_role.this",
            "module.eks_n_california.module.eks.data.aws_caller_identity.current",
            "module.eks_n_california.module.eks.data.aws_iam_policy_document.assume_role_policy",
            "module.eks_n_california.module.eks.data.aws_iam_session_context.current",
            "module.eks_n_california.module.eks.data.aws_partition.current",
            "module.eks_n_california.module.eks.module.kms.aws_kms_external_key.this",
            "module.eks_n_california.module.eks.module.kms.aws_kms_key.this",
            "module.eks_n_california.module.eks.module.kms.data.aws_caller_identity.current",
            "module.eks_n_california.module.eks.module.kms.data.aws_iam_policy_document.this",
            "module.eks_n_california.module.eks.module.kms.data.aws_partition.current"
          ]
        }
      ]
    },
    {
      "module": "module.eks_n_california[0].module.eks",
      "mode": "managed",
      "type": "aws_iam_role_policy_attachment",
      "name": "this",
      "provider": "provider[\"registry.terraform.io/hashicorp/aws\"].n_california",
      "instances": [
        {
          "index_key": "AmazonEKSClusterPolicy",
          "schema_version": 0,
          "attributes": {
            "id": "linxact-nc-cluster-20240115123609739400000002-20240115123611964000000006",
            "policy_arn": "arn:aws:iam::aws:policy/AmazonEKSClusterPolicy",
            "role": "linxact-nc-cluster-20240115123609739400000002"
          },
          "sensitive_attributes": [],
          "private": "bnVsbA==",
          "dependencies": [
            "module.eks_n_california.module.eks.aws_iam_role.this",
            "module.eks_n_california.module.eks.data.aws_iam_policy_document.assume_role_policy",
            "module.eks_n_california.module.eks.data.aws_partition.current"
          ],
          "create_before_destroy": true
        },
        {
          "index_key": "AmazonEKSVPCResourceController",
          "schema_version": 0,
          "attributes": {
            "id": "linxact-nc-cluster-20240115123609739400000002-20240115123612098900000007",
            "policy_arn": "arn:aws:iam::aws:policy/AmazonEKSVPCResourceController",
            "role": "linxact-nc-cluster-20240115123609739400000002"
          },
          "sensitive_attributes": [],
          "private": "bnVsbA==",
          "dependencies": [
            "module.eks_n_california.module.eks.aws_iam_role.this",
            "module.eks_n_california.module.eks.data.aws_iam_policy_document.assume_role_policy",
            "module.eks_n_california.module.eks.data.aws_partition.current"
          ],
          "create_before_destroy": true
        }
      ]
    },
    {
      "module": "module.eks_n_california[0].module.eks",
      "mode": "managed",
      "type": "aws_security_group",
      "name": "cluster",
      "provider": "provider[\"registry.terraform.io/hashicorp/aws\"].n_california",
      "instances": [
        {
          "index_key": 0,
          "schema_version": 1,
          "attributes": {
            "arn": "arn:aws:ec2:us-west-1:411623750878:security-group/sg-0547274ae6ba139cf",
            "description": "EKS cluster security group",
            "egress": [],
            "id": "sg-0547274ae6ba139cf",
            "ingress": [],
            "name": "linxact-nc-cluster-20240115123636250000000009",
            "name_prefix": "linxact-nc-cluster-",
            "owner_id": "411623750878",
            "revoke_rules_on_delete": false,
            "tags": {
              "Name": "linxact-nc-cluster"
            },
            "tags_all": {
              "Name": "linxact-nc-cluster"
            },
            "timeouts": null,
            "vpc_id": "vpc-0bce7f946f05a852d"
          },
          "sensitive_attributes": [],
          "private": "eyJlMmJmYjczMC1lY2FhLTExZTYtOGY4OC0zNDM2M2JjN2M0YzAiOnsiY3JlYXRlIjo2MDAwMDAwMDAwMDAsImRlbGV0ZSI6OTAwMDAwMDAwMDAwfSwic2NoZW1hX3ZlcnNpb24iOiIxIn0=",
          "dependencies": [
            "module.eks_n_california.module.vpc.aws_vpc.this"
          ],
          "create_before_destroy": true
        }
      ]
    },
    {
      "module": "module.eks_n_california[0].module.eks",
      "mode": "managed",
      "type": "aws_security_group",
      "name": "node",
      "provider": "provider[\"registry.terraform.io/hashicorp/aws\"].n_california",
      "instances": [
        {
          "index_key": 0,
          "schema_version": 1,
          "attributes": {
            "arn": "arn:aws:ec2:us-west-1:411623750878:security-group/sg-0b33f60c0ee1beffb",
            "description": "EKS node shared security group",
            "egress": [],
            "id": "sg-0b33f60c0ee1beffb",
            "ingress": [],
            "name": "linxact-nc-node-20240115123635471600000008",
            "name_prefix": "linxact-nc-node-",
            "owner_id": "411623750878",
            "revoke_rules_on_delete": false,
            "tags": {
              "Name": "linxact-nc-node",
              "kubernetes.io/cluster/linxact-nc": "owned"
            },
            "tags_all": {
              "Name": "linxact-nc-node",
              "kubernetes.io/cluster/linxact-nc": "owned"
            },
            "timeouts": null,
            "vpc_id": "vpc-0bce7f946f05a852d"
          },
          "sensitive_attributes": [],
          "private": "eyJlMmJmYjczMC1lY2FhLTExZTYtOGY4OC0zNDM2M2JjN2M0YzAiOnsiY3JlYXRlIjo2MDAwMDAwMDAwMDAsImRlbGV0ZSI6OTAwMDAwMDAwMDAwfSwic2NoZW1hX3ZlcnNpb24iOiIxIn0=",
          "dependencies": [
            "module.eks_n_california.module.vpc.aws_vpc.this"
          ],
          "create_before_destroy": true
        }
      ]
    },
    {
      "module": "module.eks_n_california[0].module.eks",
      "mode": "managed",
      "type": "aws_security_group_rule",
      "name": "cluster",
      "provider": "provider[\"registry.terraform.io/hashicorp/aws\"].n_california",
      "instances": [
        {
          "index_key": "ingress_nodes_443",
          "schema_version": 2,
          "attributes": {
            "cidr_blocks": null,
            "description": "Node groups to cluster API",
            "from_port": 443,
            "id": "sgrule-463376563",
            "ipv6_cidr_blocks": null,
            "prefix_list_ids": null,
            "protocol": "tcp",
            "security_group_id": "sg-0547274ae6ba139cf",
            "security_group_rule_id": "sgr-0e1b5dfabbc235a9f",
            "self": false,
            "source_security_group_id": "sg-0b33f60c0ee1beffb",
            "timeouts": null,
            "to_port": 443,
            "type": "ingress"
          },
          "sensitive_attributes": [],
          "private": "eyJlMmJmYjczMC1lY2FhLTExZTYtOGY4OC0zNDM2M2JjN2M0YzAiOnsiY3JlYXRlIjozMDAwMDAwMDAwMDB9LCJzY2hlbWFfdmVyc2lvbiI6IjIifQ==",
          "dependencies": [
            "module.eks_n_california.module.eks.aws_security_group.cluster",
            "module.eks_n_california.module.eks.aws_security_group.node",
            "module.eks_n_california.module.vpc.aws_vpc.this"
          ],
          "create_before_destroy": true
        }
      ]
    },
    {
      "module": "module.eks_n_california[0].module.eks",
      "mode": "managed",
      "type": "aws_security_group_rule",
      "name": "node",
      "provider": "provider[\"registry.terraform.io/hashicorp/aws\"].n_california",
      "instances": [
        {
          "index_key": "egress_all",
          "schema_version": 2,
          "attributes": {
            "cidr_blocks": [
              "0.0.0.0/0"
            ],
            "description": "Allow all egress",
            "from_port": 0,
            "id": "sgrule-346726807",
            "ipv6_cidr_blocks": null,
            "prefix_list_ids": [],
            "protocol": "-1",
            "security_group_id": "sg-0b33f60c0ee1beffb",
            "security_group_rule_id": "sgr-05a91f5f27b453df9",
            "self": false,
            "source_security_group_id": null,
            "timeouts": null,
            "to_port": 0,
            "type": "egress"
          },
          "sensitive_attributes": [],
          "private": "eyJlMmJmYjczMC1lY2FhLTExZTYtOGY4OC0zNDM2M2JjN2M0YzAiOnsiY3JlYXRlIjozMDAwMDAwMDAwMDB9LCJzY2hlbWFfdmVyc2lvbiI6IjIifQ==",
          "dependencies": [
            "module.eks_n_california.module.eks.aws_security_group.cluster",
            "module.eks_n_california.module.eks.aws_security_group.node",
            "module.eks_n_california.module.vpc.aws_vpc.this"
          ],
          "create_before_destroy": true
        },
        {
          "index_key": "ingress_cluster_443",
          "schema_version": 2,
          "attributes": {
            "cidr_blocks": null,
            "description": "Cluster API to node groups",
            "from_port": 443,
            "id": "sgrule-2667432129",
            "ipv6_cidr_blocks": null,
            "prefix_list_ids": [],
            "protocol": "tcp",
            "security_group_id": "sg-0b33f60c0ee1beffb",
            "security_group_rule_id": "sgr-0587d1534e0594d94",
            "self": false,
            "source_security_group_id": "sg-0547274ae6ba139cf",
            "timeouts": null,
            "to_port": 443,
            "type": "ingress"
          },
          "sensitive_attributes": [],
          "private": "eyJlMmJmYjczMC1lY2FhLTExZTYtOGY4OC0zNDM2M2JjN2M0YzAiOnsiY3JlYXRlIjozMDAwMDAwMDAwMDB9LCJzY2hlbWFfdmVyc2lvbiI6IjIifQ==",
          "dependencies": [
            "module.eks_n_california.module.eks.aws_security_group.cluster",
            "module.eks_n_california.module.eks.aws_security_group.node",
            "module.eks_n_california.module.vpc.aws_vpc.this"
          ],
          "create_before_destroy": true
        },
        {
          "index_key": "ingress_cluster_4443_webhook",
          "schema_version": 2,
          "attributes": {
            "cidr_blocks": null,
            "description": "Cluster API to node 4443/tcp webhook",
            "from_port": 4443,
            "id": "sgrule-701565821",
            "ipv6_cidr_blocks": null,
            "prefix_list_ids": [],
            "protocol": "tcp",
            "security_group_id": "sg-0b33f60c0ee1beffb",
            "security_group_rule_id": "sgr-0c1398fd80dff5a91",
            "self": false,
            "source_security_group_id": "sg-0547274ae6ba139cf",
            "timeouts": null,
            "to_port": 4443,
            "type": "ingress"
          },
          "sensitive_attributes": [],
          "private": "eyJlMmJmYjczMC1lY2FhLTExZTYtOGY4OC0zNDM2M2JjN2M0YzAiOnsiY3JlYXRlIjozMDAwMDAwMDAwMDB9LCJzY2hlbWFfdmVyc2lvbiI6IjIifQ==",
          "dependencies": [
            "module.eks_n_california.module.eks.aws_security_group.cluster",
            "module.eks_n_california.module.eks.aws_security_group.node",
            "module.eks_n_california.module.vpc.aws_vpc.this"
          ],
          "create_before_destroy": true
        },
        {
          "index_key": "ingress_cluster_6443_webhook",
          "schema_version": 2,
          "attributes": {
            "cidr_blocks": null,
            "description": "Cluster API to node 6443/tcp webhook",
            "from_port": 6443,
            "id": "sgrule-3767758059",
            "ipv6_cidr_blocks": null,
            "prefix_list_ids": [],
            "protocol": "tcp",
            "security_group_id": "sg-0b33f60c0ee1beffb",
            "security_group_rule_id": "sgr-080819c0d65469dd9",
            "self": false,
            "source_security_group_id": "sg-0547274ae6ba139cf",
            "timeouts": null,
            "to_port": 6443,
            "type": "ingress"
          },
          "sensitive_attributes": [],
          "private": "eyJlMmJmYjczMC1lY2FhLTExZTYtOGY4OC0zNDM2M2JjN2M0YzAiOnsiY3JlYXRlIjozMDAwMDAwMDAwMDB9LCJzY2hlbWFfdmVyc2lvbiI6IjIifQ==",
          "dependencies": [
            "module.eks_n_california.module.eks.aws_security_group.cluster",
            "module.eks_n_california.module.eks.aws_security_group.node",
            "module.eks_n_california.module.vpc.aws_vpc.this"
          ],
          "create_before_destroy": true
        },
        {
          "index_key": "ingress_cluster_8443_webhook",
          "schema_version": 2,
          "attributes": {
            "cidr_blocks": null,
            "description": "Cluster API to node 8443/tcp webhook",
            "from_port": 8443,
            "id": "sgrule-4090450122",
            "ipv6_cidr_blocks": null,
            "prefix_list_ids": [],
            "protocol": "tcp",
            "security_group_id": "sg-0b33f60c0ee1beffb",
            "security_group_rule_id": "sgr-0f532a85a43b2e09b",
            "self": false,
            "source_security_group_id": "sg-0547274ae6ba139cf",
            "timeouts": null,
            "to_port": 8443,
            "type": "ingress"
          },
          "sensitive_attributes": [],
          "private": "eyJlMmJmYjczMC1lY2FhLTExZTYtOGY4OC0zNDM2M2JjN2M0YzAiOnsiY3JlYXRlIjozMDAwMDAwMDAwMDB9LCJzY2hlbWFfdmVyc2lvbiI6IjIifQ==",
          "dependencies": [
            "module.eks_n_california.module.eks.aws_security_group.cluster",
            "module.eks_n_california.module.eks.aws_security_group.node",
            "module.eks_n_california.module.vpc.aws_vpc.this"
          ],
          "create_before_destroy": true
        },
        {
          "index_key": "ingress_cluster_9443_webhook",
          "schema_version": 2,
          "attributes": {
            "cidr_blocks": null,
            "description": "Cluster API to node 9443/tcp webhook",
            "from_port": 9443,
            "id": "sgrule-2540593921",
            "ipv6_cidr_blocks": null,
            "prefix_list_ids": [],
            "protocol": "tcp",
            "security_group_id": "sg-0b33f60c0ee1beffb",
            "security_group_rule_id": "sgr-01dce1261ee7a3839",
            "self": false,
            "source_security_group_id": "sg-0547274ae6ba139cf",
            "timeouts": null,
            "to_port": 9443,
            "type": "ingress"
          },
          "sensitive_attributes": [],
          "private": "eyJlMmJmYjczMC1lY2FhLTExZTYtOGY4OC0zNDM2M2JjN2M0YzAiOnsiY3JlYXRlIjozMDAwMDAwMDAwMDB9LCJzY2hlbWFfdmVyc2lvbiI6IjIifQ==",
          "dependencies": [
            "module.eks_n_california.module.eks.aws_security_group.cluster",
            "module.eks_n_california.module.eks.aws_security_group.node",
            "module.eks_n_california.module.vpc.aws_vpc.this"
          ],
          "create_before_destroy": true
        },
        {
          "index_key": "ingress_cluster_kubelet",
          "schema_version": 2,
          "attributes": {
            "cidr_blocks": null,
            "description": "Cluster API to node kubelets",
            "from_port": 10250,
            "id": "sgrule-3635026273",
            "ipv6_cidr_blocks": null,
            "prefix_list_ids": [],
            "protocol": "tcp",
            "security_group_id": "sg-0b33f60c0ee1beffb",
            "security_group_rule_id": "sgr-0a28aad0b71f5b3d0",
            "self": false,
            "source_security_group_id": "sg-0547274ae6ba139cf",
            "timeouts": null,
            "to_port": 10250,
            "type": "ingress"
          },
          "sensitive_attributes": [],
          "private": "eyJlMmJmYjczMC1lY2FhLTExZTYtOGY4OC0zNDM2M2JjN2M0YzAiOnsiY3JlYXRlIjozMDAwMDAwMDAwMDB9LCJzY2hlbWFfdmVyc2lvbiI6IjIifQ==",
          "dependencies": [
            "module.eks_n_california.module.eks.aws_security_group.cluster",
            "module.eks_n_california.module.eks.aws_security_group.node",
            "module.eks_n_california.module.vpc.aws_vpc.this"
          ],
          "create_before_destroy": true
        },
        {
          "index_key": "ingress_nodes_ephemeral",
          "schema_version": 2,
          "attributes": {
            "cidr_blocks": null,
            "description": "Node to node ingress on ephemeral ports",
            "from_port": 1025,
            "id": "sgrule-3238213210",
            "ipv6_cidr_blocks": null,
            "prefix_list_ids": [],
            "protocol": "tcp",
            "security_group_id": "sg-0b33f60c0ee1beffb",
            "security_group_rule_id": "sgr-0578e94efc3505554",
            "self": true,
            "source_security_group_id": null,
            "timeouts": null,
            "to_port": 65535,
            "type": "ingress"
          },
          "sensitive_attributes": [],
          "private": "eyJlMmJmYjczMC1lY2FhLTExZTYtOGY4OC0zNDM2M2JjN2M0YzAiOnsiY3JlYXRlIjozMDAwMDAwMDAwMDB9LCJzY2hlbWFfdmVyc2lvbiI6IjIifQ==",
          "dependencies": [
            "module.eks_n_california.module.eks.aws_security_group.cluster",
            "module.eks_n_california.module.eks.aws_security_group.node",
            "module.eks_n_california.module.vpc.aws_vpc.this"
          ],
          "create_before_destroy": true
        },
        {
          "index_key": "ingress_self_coredns_tcp",
          "schema_version": 2,
          "attributes": {
            "cidr_blocks": null,
            "description": "Node to node CoreDNS",
            "from_port": 53,
            "id": "sgrule-3765565356",
            "ipv6_cidr_blocks": null,
            "prefix_list_ids": [],
            "protocol": "tcp",
            "security_group_id": "sg-0b33f60c0ee1beffb",
            "security_group_rule_id": "sgr-0308481c4701e6e2e",
            "self": true,
            "source_security_group_id": null,
            "timeouts": null,
            "to_port": 53,
            "type": "ingress"
          },
          "sensitive_attributes": [],
          "private": "eyJlMmJmYjczMC1lY2FhLTExZTYtOGY4OC0zNDM2M2JjN2M0YzAiOnsiY3JlYXRlIjozMDAwMDAwMDAwMDB9LCJzY2hlbWFfdmVyc2lvbiI6IjIifQ==",
          "dependencies": [
            "module.eks_n_california.module.eks.aws_security_group.cluster",
            "module.eks_n_california.module.eks.aws_security_group.node",
            "module.eks_n_california.module.vpc.aws_vpc.this"
          ],
          "create_before_destroy": true
        },
        {
          "index_key": "ingress_self_coredns_udp",
          "schema_version": 2,
          "attributes": {
            "cidr_blocks": null,
            "description": "Node to node CoreDNS UDP",
            "from_port": 53,
            "id": "sgrule-1143886915",
            "ipv6_cidr_blocks": null,
            "prefix_list_ids": [],
            "protocol": "udp",
            "security_group_id": "sg-0b33f60c0ee1beffb",
            "security_group_rule_id": "sgr-05e77e398c2fdabe2",
            "self": true,
            "source_security_group_id": null,
            "timeouts": null,
            "to_port": 53,
            "type": "ingress"
          },
          "sensitive_attributes": [],
          "private": "eyJlMmJmYjczMC1lY2FhLTExZTYtOGY4OC0zNDM2M2JjN2M0YzAiOnsiY3JlYXRlIjozMDAwMDAwMDAwMDB9LCJzY2hlbWFfdmVyc2lvbiI6IjIifQ==",
          "dependencies": [
            "module.eks_n_california.module.eks.aws_security_group.cluster",
            "module.eks_n_california.module.eks.aws_security_group.node",
            "module.eks_n_california.module.vpc.aws_vpc.this"
          ],
          "create_before_destroy": true
        }
      ]
    },
    {
      "module": "module.eks_n_california[0].module.eks",
      "mode": "managed",
      "type": "time_sleep",
      "name": "this",
      "provider": "provider[\"registry.terraform.io/hashicorp/time\"]",
      "instances": [
        {
          "index_key": 0,
          "schema_version": 0,
          "attributes": {
            "create_duration": "30s",
            "destroy_duration": null,
            "id": "2024-01-15T12:45:04Z",
            "triggers": {
              "cluster_certificate_authority_data": "LS0tLS1CRUdJTiBDRVJUSUZJQ0FURS0tLS0tCk1JSURCVENDQWUyZ0F3SUJBZ0lJZXhGY2FyNEtXUUV3RFFZSktvWklodmNOQVFFTEJRQXdGVEVUTUJFR0ExVUUKQXhNS2EzVmlaWEp1WlhSbGN6QWVGdzB5TkRBeE1UVXhNak0yTWpCYUZ3MHpOREF4TVRJeE1qUXhNakJhTUJVeApFekFSQmdOVkJBTVRDbXQxWW1WeWJtVjBaWE13Z2dFaU1BMEdDU3FHU0liM0RRRUJBUVVBQTRJQkR3QXdnZ0VLCkFvSUJBUURFTGpaZFg2aHpML3A0d1VyeTFqZi83L3dleEZiL2JONjduTHBJNFFVeldFUmFpWTJVek9JTWN3d3AKZ3BQampzNUgxQ0VWK0E1M0ppcjZSekFzallOc1ExUzlydkJHOVJrMkhOUUdad2VRL2ZydFpXSURmVGlTenhhbApVbEVTVUtNVWpQS2VzL1orSGhocnQwL0dWc0FqbXhhQlVBTHlhSVM2N0p3Vy9HK1RiSGxyTjNRN1d2WnJFNHZyCmJMdmJDUUJLWDFIclhrdjZpR2Y0czA1UXhWWENXRU5NM3NsNytkQ2lIQzVOQ3B4OTFWakFCUTV0TnRqY0l2TGwKeVM2dGs1QjRTeVZsemhmK3hramJHSFplbDhLRGkxSTQ0U0ZTNEh6STk1ejJCVy9DSFp1OS9ITEFHRXQ1TzFyWgo3N3djN2tZQ3VUUzdZTHdpMWlhZ3lzcnZ0ZkNQQWdNQkFBR2pXVEJYTUE0R0ExVWREd0VCL3dRRUF3SUNwREFQCkJnTlZIUk1CQWY4RUJUQURBUUgvTUIwR0ExVWREZ1FXQkJRSXluV0Yzd3FIZGlSN3pCeFhudTd6cGNpbWREQVYKQmdOVkhSRUVEakFNZ2dwcmRXSmxjbTVsZEdWek1BMEdDU3FHU0liM0RRRUJDd1VBQTRJQkFRQ2J4dUNwZGxkZApmcndVc1pTNDQyZHR2bXJoSXh5MzNhNDRHa3hSUHphYVB2ek1wUFBIcWJKQzllRkNyY2ttUzF6LzBkanczdEdFCldjd1V0czQrdEZnbXJRM2lpMnppSUw0bXV1cmdDSGhrVW9GMDJ2cTUwZFhFZmdTQ211S3JrYVYxWE8wUGlWVlQKRnR0ZFA4TUkwYkltYzczZDIyZVFLaDJ5TjZSdDBad1J6ZlR6ZThMYUIxWEd4WUNPUE8xbEt6Y2t5eVRGSldTQgpDMUcwY082cTY2bXpEOU1nb1U4V0lPQU9BZ3ZPbGFpZm5KY3VpelpBaHV6WGMzVVBGSldEbDM0bmMyczg3WFBWCkROUnoxUTF2V043S2JGazNDTHlUb1FXQ0lrWDBzVWh5TmNmUW0vNGgrMVNzTzMyWVFZYkNQdHRTRys5SU1MbisKU2kzVXY1QytDT2N2Ci0tLS0tRU5EIENFUlRJRklDQVRFLS0tLS0K",
              "cluster_endpoint": "https://60D9ADD5E3AAE209459E147AA191D3CB.gr7.us-west-1.eks.amazonaws.com",
              "cluster_name": "linxact-nc",
              "cluster_version": "1.28"
            }
          },
          "sensitive_attributes": [],
          "dependencies": [
            "module.eks_n_california.data.aws_availability_zones.available",
            "module.eks_n_california.module.eks.aws_cloudwatch_log_group.this",
            "module.eks_n_california.module.eks.aws_eks_cluster.this",
            "module.eks_n_california.module.eks.aws_iam_policy.cni_ipv6_policy",
            "module.eks_n_california.module.eks.aws_iam_role.this",
            "module.eks_n_california.module.eks.aws_iam_role_policy_attachment.this",
            "module.eks_n_california.module.eks.aws_security_group.cluster",
            "module.eks_n_california.module.eks.aws_security_group.node",
            "module.eks_n_california.module.eks.aws_security_group_rule.cluster",
            "module.eks_n_california.module.eks.aws_security_group_rule.node",
            "module.eks_n_california.module.eks.data.aws_caller_identity.current",
            "module.eks_n_california.module.eks.data.aws_iam_policy_document.assume_role_policy",
            "module.eks_n_california.module.eks.data.aws_iam_policy_document.cni_ipv6_policy",
            "module.eks_n_california.module.eks.data.aws_iam_session_context.current",
            "module.eks_n_california.module.eks.data.aws_partition.current",
            "module.eks_n_california.module.eks.module.kms.aws_kms_external_key.this",
            "module.eks_n_california.module.eks.module.kms.aws_kms_key.this",
            "module.eks_n_california.module.eks.module.kms.data.aws_caller_identity.current",
            "module.eks_n_california.module.eks.module.kms.data.aws_iam_policy_document.this",
            "module.eks_n_california.module.eks.module.kms.data.aws_partition.current",
            "module.eks_n_california.module.vpc.aws_subnet.private",
            "module.eks_n_california.module.vpc.aws_vpc.this",
            "module.eks_n_california.module.vpc.aws_vpc_ipv4_cidr_block_association.this"
          ],
          "create_before_destroy": true
        }
      ]
    },
    {
      "module": "module.eks_n_california[0].module.eks.module.eks_managed_node_group[\"default_node_group\"]",
      "mode": "data",
      "type": "aws_caller_identity",
      "name": "current",
      "provider": "provider[\"registry.terraform.io/hashicorp/aws\"].n_california",
      "instances": [
        {
          "schema_version": 0,
          "attributes": {
            "account_id": "411623750878",
            "arn": "arn:aws:iam::411623750878:user/olexiy",
            "id": "411623750878",
            "user_id": "AIDAV7VVP7TPJ6HRCC3PA"
          },
          "sensitive_attributes": []
        }
      ]
    },
    {
      "module": "module.eks_n_california[0].module.eks.module.eks_managed_node_group[\"default_node_group\"]",
      "mode": "data",
      "type": "aws_iam_policy_document",
      "name": "assume_role_policy",
      "provider": "provider[\"registry.terraform.io/hashicorp/aws\"].n_california",
      "instances": [
        {
          "index_key": 0,
          "schema_version": 0,
          "attributes": {
            "id": "2560088296",
            "json": "{\n  \"Version\": \"2012-10-17\",\n  \"Statement\": [\n    {\n      \"Sid\": \"EKSNodeAssumeRole\",\n      \"Effect\": \"Allow\",\n      \"Action\": \"sts:AssumeRole\",\n      \"Principal\": {\n        \"Service\": \"ec2.amazonaws.com\"\n      }\n    }\n  ]\n}",
            "override_policy_documents": null,
            "policy_id": null,
            "source_policy_documents": null,
            "statement": [
              {
                "actions": [
                  "sts:AssumeRole"
                ],
                "condition": [],
                "effect": "Allow",
                "not_actions": [],
                "not_principals": [],
                "not_resources": [],
                "principals": [
                  {
                    "identifiers": [
                      "ec2.amazonaws.com"
                    ],
                    "type": "Service"
                  }
                ],
                "resources": [],
                "sid": "EKSNodeAssumeRole"
              }
            ],
            "version": "2012-10-17"
          },
          "sensitive_attributes": []
        }
      ]
    },
    {
      "module": "module.eks_n_california[0].module.eks.module.eks_managed_node_group[\"default_node_group\"]",
      "mode": "data",
      "type": "aws_partition",
      "name": "current",
      "provider": "provider[\"registry.terraform.io/hashicorp/aws\"].n_california",
      "instances": [
        {
          "schema_version": 0,
          "attributes": {
            "dns_suffix": "amazonaws.com",
            "id": "aws",
            "partition": "aws",
            "reverse_dns_prefix": "com.amazonaws"
          },
          "sensitive_attributes": []
        }
      ]
    },
    {
      "module": "module.eks_n_california[0].module.eks.module.eks_managed_node_group[\"default_node_group\"]",
      "mode": "managed",
      "type": "aws_eks_node_group",
      "name": "this",
      "provider": "provider[\"registry.terraform.io/hashicorp/aws\"].n_california",
      "instances": [
        {
          "index_key": 0,
          "schema_version": 0,
          "attributes": {
            "ami_type": "AL2_ARM_64",
            "arn": "arn:aws:eks:us-west-1:411623750878:nodegroup/linxact-nc/crawl-1-2024011512450600800000000f/7cc68693-bb48-b858-ab6c-3113c1f48518",
            "capacity_type": "SPOT",
            "cluster_name": "linxact-nc",
            "disk_size": 0,
            "force_update_version": null,
            "id": "linxact-nc:crawl-1-2024011512450600800000000f",
            "instance_types": [
              "r7g.medium",
              "r7gd.medium",
              "r6g.medium",
              "r6gd.medium"
            ],
            "labels": null,
            "launch_template": [
              {
                "id": "lt-022258cfb6a8de389",
                "name": "default_node_group-2024011512450454330000000d",
                "version": "1"
              }
            ],
            "node_group_name": "crawl-1-2024011512450600800000000f",
            "node_group_name_prefix": "crawl-1-",
            "node_role_arn": "arn:aws:iam::411623750878:role/crawl-1-eks-node-group-20240115123609737700000001",
            "release_version": "1.28.5-20240110",
            "remote_access": [],
            "resources": [
              {
                "autoscaling_groups": [
                  {
                    "name": "eks-crawl-1-2024011512450600800000000f-7cc68693-bb48-b858-ab6c-3113c1f48518"
                  }
                ],
                "remote_access_security_group_id": ""
              }
            ],
            "scaling_config": [
              {
                "desired_size": 1,
                "max_size": 3,
                "min_size": 1
              }
            ],
            "status": "ACTIVE",
            "subnet_ids": [
              "subnet-00cf10041775c0b0e",
              "subnet-0120cfa622fbb3ae4",
              "subnet-04966ab9bdd071969",
              "subnet-06cf0e40cb47b8490",
              "subnet-0d074309942c78d6d"
            ],
            "tags": {
              "Name": "crawl-1"
            },
            "tags_all": {
              "Name": "crawl-1"
            },
            "taint": [],
            "timeouts": {
              "create": null,
              "delete": null,
              "update": null
            },
            "update_config": [
              {
                "max_unavailable": 0,
                "max_unavailable_percentage": 33
              }
            ],
            "version": "1.28"
          },
          "sensitive_attributes": [],
          "private": "eyJlMmJmYjczMC1lY2FhLTExZTYtOGY4OC0zNDM2M2JjN2M0YzAiOnsiY3JlYXRlIjozNjAwMDAwMDAwMDAwLCJkZWxldGUiOjM2MDAwMDAwMDAwMDAsInVwZGF0ZSI6MzYwMDAwMDAwMDAwMH19",
          "dependencies": [
            "module.eks_n_california.data.aws_availability_zones.available",
            "module.eks_n_california.module.eks.aws_cloudwatch_log_group.this",
            "module.eks_n_california.module.eks.aws_eks_cluster.this",
            "module.eks_n_california.module.eks.aws_iam_policy.cni_ipv6_policy",
            "module.eks_n_california.module.eks.aws_iam_role.this",
            "module.eks_n_california.module.eks.aws_iam_role_policy_attachment.this",
            "module.eks_n_california.module.eks.aws_security_group.cluster",
            "module.eks_n_california.module.eks.aws_security_group.node",
            "module.eks_n_california.module.eks.aws_security_group_rule.cluster",
            "module.eks_n_california.module.eks.aws_security_group_rule.node",
            "module.eks_n_california.module.eks.data.aws_caller_identity.current",
            "module.eks_n_california.module.eks.data.aws_iam_policy_document.assume_role_policy",
            "module.eks_n_california.module.eks.data.aws_iam_policy_document.cni_ipv6_policy",
            "module.eks_n_california.module.eks.data.aws_iam_session_context.current",
            "module.eks_n_california.module.eks.data.aws_partition.current",
            "module.eks_n_california.module.eks.module.eks_managed_node_group.aws_iam_role.this",
            "module.eks_n_california.module.eks.module.eks_managed_node_group.aws_iam_role_policy_attachment.this",
            "module.eks_n_california.module.eks.module.eks_managed_node_group.aws_launch_template.this",
            "module.eks_n_california.module.eks.module.eks_managed_node_group.data.aws_caller_identity.current",
            "module.eks_n_california.module.eks.module.eks_managed_node_group.data.aws_iam_policy_document.assume_role_policy",
            "module.eks_n_california.module.eks.module.eks_managed_node_group.data.aws_partition.current",
            "module.eks_n_california.module.eks.module.eks_managed_node_group.module.user_data.data.cloudinit_config.linux_eks_managed_node_group",
            "module.eks_n_california.module.eks.module.kms.aws_kms_external_key.this",
            "module.eks_n_california.module.eks.module.kms.aws_kms_key.this",
            "module.eks_n_california.module.eks.module.kms.data.aws_caller_identity.current",
            "module.eks_n_california.module.eks.module.kms.data.aws_iam_policy_document.this",
            "module.eks_n_california.module.eks.module.kms.data.aws_partition.current",
            "module.eks_n_california.module.eks.time_sleep.this",
            "module.eks_n_california.module.vpc.aws_subnet.private",
            "module.eks_n_california.module.vpc.aws_vpc.this",
            "module.eks_n_california.module.vpc.aws_vpc_ipv4_cidr_block_association.this"
          ],
          "create_before_destroy": true
        }
      ]
    },
    {
      "module": "module.eks_n_california[0].module.eks.module.eks_managed_node_group[\"default_node_group\"]",
      "mode": "managed",
      "type": "aws_iam_role",
      "name": "this",
      "provider": "provider[\"registry.terraform.io/hashicorp/aws\"].n_california",
      "instances": [
        {
          "index_key": 0,
          "schema_version": 0,
          "attributes": {
            "arn": "arn:aws:iam::411623750878:role/crawl-1-eks-node-group-20240115123609737700000001",
            "assume_role_policy": "{\"Statement\":[{\"Action\":\"sts:AssumeRole\",\"Effect\":\"Allow\",\"Principal\":{\"Service\":\"ec2.amazonaws.com\"},\"Sid\":\"EKSNodeAssumeRole\"}],\"Version\":\"2012-10-17\"}",
            "create_date": "2024-01-15T12:36:10Z",
            "description": "EKS managed node group IAM role",
            "force_detach_policies": true,
            "id": "crawl-1-eks-node-group-20240115123609737700000001",
            "inline_policy": [],
            "managed_policy_arns": [],
            "max_session_duration": 3600,
            "name": "crawl-1-eks-node-group-20240115123609737700000001",
            "name_prefix": "crawl-1-eks-node-group-",
            "path": "/",
            "permissions_boundary": null,
            "tags": null,
            "tags_all": {},
            "unique_id": "AROAV7VVP7TPAHTV3ODTJ"
          },
          "sensitive_attributes": [],
          "private": "bnVsbA==",
          "dependencies": [
            "module.eks_n_california.module.eks.module.eks_managed_node_group.data.aws_iam_policy_document.assume_role_policy",
            "module.eks_n_california.module.eks.module.eks_managed_node_group.data.aws_partition.current"
          ],
          "create_before_destroy": true
        }
      ]
    },
    {
      "module": "module.eks_n_california[0].module.eks.module.eks_managed_node_group[\"default_node_group\"]",
      "mode": "managed",
      "type": "aws_iam_role_policy_attachment",
      "name": "this",
      "provider": "provider[\"registry.terraform.io/hashicorp/aws\"].n_california",
      "instances": [
        {
          "index_key": "arn:aws:iam::aws:policy/AmazonEC2ContainerRegistryReadOnly",
          "schema_version": 0,
          "attributes": {
            "id": "crawl-1-eks-node-group-20240115123609737700000001-20240115123611914600000005",
            "policy_arn": "arn:aws:iam::aws:policy/AmazonEC2ContainerRegistryReadOnly",
            "role": "crawl-1-eks-node-group-20240115123609737700000001"
          },
          "sensitive_attributes": [],
          "private": "bnVsbA==",
          "dependencies": [
            "module.eks_n_california.module.eks.module.eks_managed_node_group.aws_iam_role.this",
            "module.eks_n_california.module.eks.module.eks_managed_node_group.data.aws_caller_identity.current",
            "module.eks_n_california.module.eks.module.eks_managed_node_group.data.aws_iam_policy_document.assume_role_policy",
            "module.eks_n_california.module.eks.module.eks_managed_node_group.data.aws_partition.current"
          ],
          "create_before_destroy": true
        },
        {
          "index_key": "arn:aws:iam::aws:policy/AmazonEKSWorkerNodePolicy",
          "schema_version": 0,
          "attributes": {
            "id": "crawl-1-eks-node-group-20240115123609737700000001-20240115123611781700000004",
            "policy_arn": "arn:aws:iam::aws:policy/AmazonEKSWorkerNodePolicy",
            "role": "crawl-1-eks-node-group-20240115123609737700000001"
          },
          "sensitive_attributes": [],
          "private": "bnVsbA==",
          "dependencies": [
            "module.eks_n_california.module.eks.module.eks_managed_node_group.aws_iam_role.this",
            "module.eks_n_california.module.eks.module.eks_managed_node_group.data.aws_caller_identity.current",
            "module.eks_n_california.module.eks.module.eks_managed_node_group.data.aws_iam_policy_document.assume_role_policy",
            "module.eks_n_california.module.eks.module.eks_managed_node_group.data.aws_partition.current"
          ],
          "create_before_destroy": true
        },
        {
          "index_key": "arn:aws:iam::aws:policy/AmazonEKS_CNI_Policy",
          "schema_version": 0,
          "attributes": {
            "id": "crawl-1-eks-node-group-20240115123609737700000001-20240115123611570000000003",
            "policy_arn": "arn:aws:iam::aws:policy/AmazonEKS_CNI_Policy",
            "role": "crawl-1-eks-node-group-20240115123609737700000001"
          },
          "sensitive_attributes": [],
          "private": "bnVsbA==",
          "dependencies": [
            "module.eks_n_california.module.eks.module.eks_managed_node_group.aws_iam_role.this",
            "module.eks_n_california.module.eks.module.eks_managed_node_group.data.aws_caller_identity.current",
            "module.eks_n_california.module.eks.module.eks_managed_node_group.data.aws_iam_policy_document.assume_role_policy",
            "module.eks_n_california.module.eks.module.eks_managed_node_group.data.aws_partition.current"
          ],
          "create_before_destroy": true
        }
      ]
    },
    {
      "module": "module.eks_n_california[0].module.eks.module.eks_managed_node_group[\"default_node_group\"]",
      "mode": "managed",
      "type": "aws_launch_template",
      "name": "this",
      "provider": "provider[\"registry.terraform.io/hashicorp/aws\"].n_california",
      "instances": [
        {
          "index_key": 0,
          "schema_version": 0,
          "attributes": {
            "arn": "arn:aws:ec2:us-west-1:411623750878:launch-template/lt-022258cfb6a8de389",
            "block_device_mappings": [],
            "capacity_reservation_specification": [],
            "cpu_options": [],
            "credit_specification": [],
            "default_version": 1,
            "description": "Custom launch template for crawl-1 EKS managed node group",
            "disable_api_stop": false,
            "disable_api_termination": false,
            "ebs_optimized": "",
            "elastic_gpu_specifications": [],
            "elastic_inference_accelerator": [],
            "enclave_options": [],
            "hibernation_options": [],
            "iam_instance_profile": [],
            "id": "lt-022258cfb6a8de389",
            "image_id": "",
            "instance_initiated_shutdown_behavior": "",
            "instance_market_options": [],
            "instance_requirements": [],
            "instance_type": "",
            "kernel_id": "",
            "key_name": "",
            "latest_version": 1,
            "license_specification": [],
            "maintenance_options": [],
            "metadata_options": [
              {
                "http_endpoint": "enabled",
                "http_protocol_ipv6": "",
                "http_put_response_hop_limit": 2,
                "http_tokens": "required",
                "instance_metadata_tags": ""
              }
            ],
            "monitoring": [
              {
                "enabled": true
              }
            ],
            "name": "default_node_group-2024011512450454330000000d",
            "name_prefix": "default_node_group-",
            "network_interfaces": [],
            "placement": [],
            "private_dns_name_options": [],
            "ram_disk_id": "",
            "security_group_names": null,
            "tag_specifications": [
              {
                "resource_type": "instance",
                "tags": {
                  "Name": "crawl-1"
                }
              },
              {
                "resource_type": "network-interface",
                "tags": {
                  "Name": "crawl-1"
                }
              },
              {
                "resource_type": "volume",
                "tags": {
                  "Name": "crawl-1"
                }
              }
            ],
            "tags": null,
            "tags_all": {},
            "update_default_version": true,
            "user_data": "",
            "vpc_security_group_ids": [
              "sg-0b33f60c0ee1beffb"
            ]
          },
          "sensitive_attributes": [],
          "private": "bnVsbA==",
          "dependencies": [
            "module.eks_n_california.data.aws_availability_zones.available",
            "module.eks_n_california.module.eks.aws_cloudwatch_log_group.this",
            "module.eks_n_california.module.eks.aws_eks_cluster.this",
            "module.eks_n_california.module.eks.aws_iam_policy.cni_ipv6_policy",
            "module.eks_n_california.module.eks.aws_iam_role.this",
            "module.eks_n_california.module.eks.aws_iam_role_policy_attachment.this",
            "module.eks_n_california.module.eks.aws_security_group.cluster",
            "module.eks_n_california.module.eks.aws_security_group.node",
            "module.eks_n_california.module.eks.aws_security_group_rule.cluster",
            "module.eks_n_california.module.eks.aws_security_group_rule.node",
            "module.eks_n_california.module.eks.data.aws_caller_identity.current",
            "module.eks_n_california.module.eks.data.aws_iam_policy_document.assume_role_policy",
            "module.eks_n_california.module.eks.data.aws_iam_policy_document.cni_ipv6_policy",
            "module.eks_n_california.module.eks.data.aws_iam_session_context.current",
            "module.eks_n_california.module.eks.data.aws_partition.current",
            "module.eks_n_california.module.eks.module.eks_managed_node_group.aws_iam_role.this",
            "module.eks_n_california.module.eks.module.eks_managed_node_group.aws_iam_role_policy_attachment.this",
            "module.eks_n_california.module.eks.module.eks_managed_node_group.data.aws_caller_identity.current",
            "module.eks_n_california.module.eks.module.eks_managed_node_group.data.aws_iam_policy_document.assume_role_policy",
            "module.eks_n_california.module.eks.module.eks_managed_node_group.data.aws_partition.current",
            "module.eks_n_california.module.eks.module.eks_managed_node_group.module.user_data.data.cloudinit_config.linux_eks_managed_node_group",
            "module.eks_n_california.module.eks.module.kms.aws_kms_external_key.this",
            "module.eks_n_california.module.eks.module.kms.aws_kms_key.this",
            "module.eks_n_california.module.eks.module.kms.data.aws_caller_identity.current",
            "module.eks_n_california.module.eks.module.kms.data.aws_iam_policy_document.this",
            "module.eks_n_california.module.eks.module.kms.data.aws_partition.current",
            "module.eks_n_california.module.eks.time_sleep.this",
            "module.eks_n_california.module.vpc.aws_subnet.private",
            "module.eks_n_california.module.vpc.aws_vpc.this",
            "module.eks_n_california.module.vpc.aws_vpc_ipv4_cidr_block_association.this"
          ],
          "create_before_destroy": true
        }
      ]
    },
    {
      "module": "module.eks_n_california[0].module.eks.module.kms",
      "mode": "data",
      "type": "aws_caller_identity",
      "name": "current",
      "provider": "provider[\"registry.terraform.io/hashicorp/aws\"].n_california",
      "instances": [
        {
          "schema_version": 0,
          "attributes": {
            "account_id": "411623750878",
            "arn": "arn:aws:iam::411623750878:user/olexiy",
            "id": "411623750878",
            "user_id": "AIDAV7VVP7TPJ6HRCC3PA"
          },
          "sensitive_attributes": []
        }
      ]
    },
    {
      "module": "module.eks_n_california[0].module.eks.module.kms",
      "mode": "data",
      "type": "aws_iam_policy_document",
      "name": "this",
      "provider": "provider[\"registry.terraform.io/hashicorp/aws\"].n_california",
      "instances": [
        {
          "index_key": 0,
          "schema_version": 0,
          "attributes": {
            "id": "2403669940",
            "json": "{\n  \"Version\": \"2012-10-17\",\n  \"Statement\": [\n    {\n      \"Sid\": \"KeyAdministration\",\n      \"Effect\": \"Allow\",\n      \"Action\": [\n        \"kms:Update*\",\n        \"kms:UntagResource\",\n        \"kms:TagResource\",\n        \"kms:ScheduleKeyDeletion\",\n        \"kms:Revoke*\",\n        \"kms:Put*\",\n        \"kms:List*\",\n        \"kms:Get*\",\n        \"kms:Enable*\",\n        \"kms:Disable*\",\n        \"kms:Describe*\",\n        \"kms:Delete*\",\n        \"kms:Create*\",\n        \"kms:CancelKeyDeletion\"\n      ],\n      \"Resource\": \"*\",\n      \"Principal\": {\n        \"AWS\": \"arn:aws:iam::411623750878:user/olexiy\"\n      }\n    },\n    {\n      \"Sid\": \"KeyUsage\",\n      \"Effect\": \"Allow\",\n      \"Action\": [\n        \"kms:ReEncrypt*\",\n        \"kms:GenerateDataKey*\",\n        \"kms:Encrypt\",\n        \"kms:DescribeKey\",\n        \"kms:Decrypt\"\n      ],\n      \"Resource\": \"*\",\n      \"Principal\": {\n        \"AWS\": \"arn:aws:iam::411623750878:role/linxact-nc-cluster-20240115123609739400000002\"\n      }\n    }\n  ]\n}",
            "override_policy_documents": null,
            "policy_id": null,
            "source_policy_documents": null,
            "statement": [
              {
                "actions": [
                  "kms:CancelKeyDeletion",
                  "kms:Create*",
                  "kms:Delete*",
                  "kms:Describe*",
                  "kms:Disable*",
                  "kms:Enable*",
                  "kms:Get*",
                  "kms:List*",
                  "kms:Put*",
                  "kms:Revoke*",
                  "kms:ScheduleKeyDeletion",
                  "kms:TagResource",
                  "kms:UntagResource",
                  "kms:Update*"
                ],
                "condition": [],
                "effect": "Allow",
                "not_actions": [],
                "not_principals": [],
                "not_resources": [],
                "principals": [
                  {
                    "identifiers": [
                      "arn:aws:iam::411623750878:user/olexiy"
                    ],
                    "type": "AWS"
                  }
                ],
                "resources": [
                  "*"
                ],
                "sid": "KeyAdministration"
              },
              {
                "actions": [
                  "kms:Decrypt",
                  "kms:DescribeKey",
                  "kms:Encrypt",
                  "kms:GenerateDataKey*",
                  "kms:ReEncrypt*"
                ],
                "condition": [],
                "effect": "Allow",
                "not_actions": [],
                "not_principals": [],
                "not_resources": [],
                "principals": [
                  {
                    "identifiers": [
                      "arn:aws:iam::411623750878:role/linxact-nc-cluster-20240115123609739400000002"
                    ],
                    "type": "AWS"
                  }
                ],
                "resources": [
                  "*"
                ],
                "sid": "KeyUsage"
              }
            ],
            "version": "2012-10-17"
          },
          "sensitive_attributes": []
        }
      ]
    },
    {
      "module": "module.eks_n_california[0].module.eks.module.kms",
      "mode": "data",
      "type": "aws_partition",
      "name": "current",
      "provider": "provider[\"registry.terraform.io/hashicorp/aws\"].n_california",
      "instances": [
        {
          "schema_version": 0,
          "attributes": {
            "dns_suffix": "amazonaws.com",
            "id": "aws",
            "partition": "aws",
            "reverse_dns_prefix": "com.amazonaws"
          },
          "sensitive_attributes": []
        }
      ]
    },
    {
      "module": "module.eks_n_california[0].module.eks.module.kms",
      "mode": "managed",
      "type": "aws_kms_alias",
      "name": "this",
      "provider": "provider[\"registry.terraform.io/hashicorp/aws\"].n_california",
      "instances": [
        {
          "index_key": "cluster",
          "schema_version": 0,
          "attributes": {
            "arn": "arn:aws:kms:us-west-1:411623750878:alias/eks/linxact-nc",
            "id": "alias/eks/linxact-nc",
            "name": "alias/eks/linxact-nc",
            "name_prefix": "",
            "target_key_arn": "arn:aws:kms:us-west-1:411623750878:key/67ae0098-2c5f-438e-a63e-a3aabd10cbfb",
            "target_key_id": "67ae0098-2c5f-438e-a63e-a3aabd10cbfb"
          },
          "sensitive_attributes": [],
          "private": "bnVsbA==",
          "dependencies": [
            "module.eks_n_california.module.eks.aws_iam_role.this",
            "module.eks_n_california.module.eks.data.aws_caller_identity.current",
            "module.eks_n_california.module.eks.data.aws_iam_policy_document.assume_role_policy",
            "module.eks_n_california.module.eks.data.aws_iam_session_context.current",
            "module.eks_n_california.module.eks.data.aws_partition.current",
            "module.eks_n_california.module.eks.module.kms.aws_kms_external_key.this",
            "module.eks_n_california.module.eks.module.kms.aws_kms_key.this",
            "module.eks_n_california.module.eks.module.kms.data.aws_caller_identity.current",
            "module.eks_n_california.module.eks.module.kms.data.aws_iam_policy_document.this",
            "module.eks_n_california.module.eks.module.kms.data.aws_partition.current"
          ]
        }
      ]
    },
    {
      "module": "module.eks_n_california[0].module.eks.module.kms",
      "mode": "managed",
      "type": "aws_kms_key",
      "name": "this",
      "provider": "provider[\"registry.terraform.io/hashicorp/aws\"].n_california",
      "instances": [
        {
          "index_key": 0,
          "schema_version": 0,
          "attributes": {
            "arn": "arn:aws:kms:us-west-1:411623750878:key/67ae0098-2c5f-438e-a63e-a3aabd10cbfb",
            "bypass_policy_lockout_safety_check": false,
            "custom_key_store_id": "",
            "customer_master_key_spec": "SYMMETRIC_DEFAULT",
            "deletion_window_in_days": null,
            "description": "linxact-nc cluster encryption key",
            "enable_key_rotation": true,
            "id": "67ae0098-2c5f-438e-a63e-a3aabd10cbfb",
            "is_enabled": true,
            "key_id": "67ae0098-2c5f-438e-a63e-a3aabd10cbfb",
            "key_usage": "ENCRYPT_DECRYPT",
            "multi_region": false,
            "policy": "{\"Statement\":[{\"Action\":[\"kms:Update*\",\"kms:UntagResource\",\"kms:TagResource\",\"kms:ScheduleKeyDeletion\",\"kms:Revoke*\",\"kms:Put*\",\"kms:List*\",\"kms:Get*\",\"kms:Enable*\",\"kms:Disable*\",\"kms:Describe*\",\"kms:Delete*\",\"kms:Create*\",\"kms:CancelKeyDeletion\"],\"Effect\":\"Allow\",\"Principal\":{\"AWS\":\"arn:aws:iam::411623750878:user/olexiy\"},\"Resource\":\"*\",\"Sid\":\"KeyAdministration\"},{\"Action\":[\"kms:ReEncrypt*\",\"kms:GenerateDataKey*\",\"kms:Encrypt\",\"kms:DescribeKey\",\"kms:Decrypt\"],\"Effect\":\"Allow\",\"Principal\":{\"AWS\":\"arn:aws:iam::411623750878:role/linxact-nc-cluster-20240115123609739400000002\"},\"Resource\":\"*\",\"Sid\":\"KeyUsage\"}],\"Version\":\"2012-10-17\"}",
            "tags": null,
            "tags_all": {}
          },
          "sensitive_attributes": [],
          "private": "bnVsbA==",
          "dependencies": [
            "module.eks_n_california.module.eks.aws_iam_role.this",
            "module.eks_n_california.module.eks.data.aws_caller_identity.current",
            "module.eks_n_california.module.eks.data.aws_iam_policy_document.assume_role_policy",
            "module.eks_n_california.module.eks.data.aws_iam_session_context.current",
            "module.eks_n_california.module.eks.data.aws_partition.current",
            "module.eks_n_california.module.eks.module.kms.data.aws_caller_identity.current",
            "module.eks_n_california.module.eks.module.kms.data.aws_iam_policy_document.this",
            "module.eks_n_california.module.eks.module.kms.data.aws_partition.current"
          ],
          "create_before_destroy": true
        }
      ]
    },
    {
      "module": "module.eks_n_california[0].module.vpc",
      "mode": "managed",
      "type": "aws_default_network_acl",
      "name": "this",
      "provider": "provider[\"registry.terraform.io/hashicorp/aws\"].n_california",
      "instances": [
        {
          "index_key": 0,
          "schema_version": 0,
          "attributes": {
            "arn": "arn:aws:ec2:us-west-1:411623750878:network-acl/acl-00e1bca4acd9d0a11",
            "default_network_acl_id": "acl-00e1bca4acd9d0a11",
            "egress": [
              {
                "action": "allow",
                "cidr_block": "",
                "from_port": 0,
                "icmp_code": null,
                "icmp_type": null,
                "ipv6_cidr_block": "::/0",
                "protocol": "-1",
                "rule_no": 101,
                "to_port": 0
              },
              {
                "action": "allow",
                "cidr_block": "0.0.0.0/0",
                "from_port": 0,
                "icmp_code": null,
                "icmp_type": null,
                "ipv6_cidr_block": "",
                "protocol": "-1",
                "rule_no": 100,
                "to_port": 0
              }
            ],
            "id": "acl-00e1bca4acd9d0a11",
            "ingress": [
              {
                "action": "allow",
                "cidr_block": "",
                "from_port": 0,
                "icmp_code": null,
                "icmp_type": null,
                "ipv6_cidr_block": "::/0",
                "protocol": "-1",
                "rule_no": 101,
                "to_port": 0
              },
              {
                "action": "allow",
                "cidr_block": "0.0.0.0/0",
                "from_port": 0,
                "icmp_code": null,
                "icmp_type": null,
                "ipv6_cidr_block": "",
                "protocol": "-1",
                "rule_no": 100,
                "to_port": 0
              }
            ],
            "owner_id": "411623750878",
            "subnet_ids": null,
            "tags": {
              "Name": "linxact-vpc-default"
            },
            "tags_all": {
              "Name": "linxact-vpc-default"
            },
            "vpc_id": "vpc-0bce7f946f05a852d"
          },
          "sensitive_attributes": [],
          "private": "bnVsbA==",
          "dependencies": [
            "module.eks_n_california.module.vpc.aws_vpc.this"
          ]
        }
      ]
    },
    {
      "module": "module.eks_n_california[0].module.vpc",
      "mode": "managed",
      "type": "aws_default_route_table",
      "name": "default",
      "provider": "provider[\"registry.terraform.io/hashicorp/aws\"].n_california",
      "instances": [
        {
          "index_key": 0,
          "schema_version": 0,
          "attributes": {
            "arn": "arn:aws:ec2:us-west-1:411623750878:route-table/rtb-00b330a6ff8371dc9",
            "default_route_table_id": "rtb-00b330a6ff8371dc9",
            "id": "rtb-00b330a6ff8371dc9",
            "owner_id": "411623750878",
            "propagating_vgws": null,
            "route": [],
            "tags": {
              "Name": "linxact-vpc-default"
            },
            "tags_all": {
              "Name": "linxact-vpc-default"
            },
            "timeouts": {
              "create": "5m",
              "update": "5m"
            },
            "vpc_id": "vpc-0bce7f946f05a852d"
          },
          "sensitive_attributes": [],
          "private": "eyJlMmJmYjczMC1lY2FhLTExZTYtOGY4OC0zNDM2M2JjN2M0YzAiOnsiY3JlYXRlIjozMDAwMDAwMDAwMDAsInVwZGF0ZSI6MzAwMDAwMDAwMDAwfX0=",
          "dependencies": [
            "module.eks_n_california.module.vpc.aws_vpc.this"
          ]
        }
      ]
    },
    {
      "module": "module.eks_n_california[0].module.vpc",
      "mode": "managed",
      "type": "aws_default_security_group",
      "name": "this",
      "provider": "provider[\"registry.terraform.io/hashicorp/aws\"].n_california",
      "instances": [
        {
          "index_key": 0,
          "schema_version": 1,
          "attributes": {
            "arn": "arn:aws:ec2:us-west-1:411623750878:security-group/sg-034ff645c4a23123d",
            "description": "default VPC security group",
            "egress": [],
            "id": "sg-034ff645c4a23123d",
            "ingress": [],
            "name": "default",
            "name_prefix": "",
            "owner_id": "411623750878",
            "revoke_rules_on_delete": false,
            "tags": {
              "Name": "linxact-vpc-default"
            },
            "tags_all": {
              "Name": "linxact-vpc-default"
            },
            "vpc_id": "vpc-0bce7f946f05a852d"
          },
          "sensitive_attributes": [],
          "private": "eyJzY2hlbWFfdmVyc2lvbiI6IjEifQ==",
          "dependencies": [
            "module.eks_n_california.module.vpc.aws_vpc.this"
          ]
        }
      ]
    },
    {
      "module": "module.eks_n_california[0].module.vpc",
      "mode": "managed",
      "type": "aws_eip",
      "name": "nat",
      "provider": "provider[\"registry.terraform.io/hashicorp/aws\"].n_california",
      "instances": [
        {
          "index_key": 0,
          "schema_version": 0,
          "attributes": {
            "address": null,
            "allocation_id": "eipalloc-09ac490c3fe7eaa08",
            "associate_with_private_ip": null,
            "association_id": "",
            "carrier_ip": "",
            "customer_owned_ip": "",
            "customer_owned_ipv4_pool": "",
            "domain": "vpc",
            "id": "eipalloc-09ac490c3fe7eaa08",
            "instance": "",
            "network_border_group": "us-west-1",
            "network_interface": "",
            "private_dns": null,
            "private_ip": "",
            "public_dns": "ec2-54-176-51-159.us-west-1.compute.amazonaws.com",
            "public_ip": "54.176.51.159",
            "public_ipv4_pool": "amazon",
            "tags": {
              "Name": "linxact-vpc-us-west-1b"
            },
            "tags_all": {
              "Name": "linxact-vpc-us-west-1b"
            },
            "timeouts": null,
            "vpc": true
          },
          "sensitive_attributes": [],
          "private": "eyJlMmJmYjczMC1lY2FhLTExZTYtOGY4OC0zNDM2M2JjN2M0YzAiOnsiZGVsZXRlIjoxODAwMDAwMDAwMDAsInJlYWQiOjkwMDAwMDAwMDAwMCwidXBkYXRlIjozMDAwMDAwMDAwMDB9fQ==",
          "dependencies": [
            "module.eks_n_california.data.aws_availability_zones.available",
            "module.eks_n_california.module.vpc.aws_internet_gateway.this",
            "module.eks_n_california.module.vpc.aws_vpc.this",
            "module.eks_n_california.module.vpc.aws_vpc_ipv4_cidr_block_association.this"
          ]
        }
      ]
    },
    {
      "module": "module.eks_n_california[0].module.vpc",
      "mode": "managed",
      "type": "aws_internet_gateway",
      "name": "this",
      "provider": "provider[\"registry.terraform.io/hashicorp/aws\"].n_california",
      "instances": [
        {
          "index_key": 0,
          "schema_version": 0,
          "attributes": {
            "arn": "arn:aws:ec2:us-west-1:411623750878:internet-gateway/igw-032acc12e41f30915",
            "id": "igw-032acc12e41f30915",
            "owner_id": "411623750878",
            "tags": {
              "Name": "linxact-vpc"
            },
            "tags_all": {
              "Name": "linxact-vpc"
            },
            "timeouts": null,
            "vpc_id": "vpc-0bce7f946f05a852d"
          },
          "sensitive_attributes": [],
          "private": "eyJlMmJmYjczMC1lY2FhLTExZTYtOGY4OC0zNDM2M2JjN2M0YzAiOnsiY3JlYXRlIjoxMjAwMDAwMDAwMDAwLCJkZWxldGUiOjEyMDAwMDAwMDAwMDAsInVwZGF0ZSI6MTIwMDAwMDAwMDAwMH19",
          "dependencies": [
            "module.eks_n_california.module.vpc.aws_vpc.this",
            "module.eks_n_california.module.vpc.aws_vpc_ipv4_cidr_block_association.this"
          ]
        }
      ]
    },
    {
      "module": "module.eks_n_california[0].module.vpc",
      "mode": "managed",
      "type": "aws_nat_gateway",
      "name": "this",
      "provider": "provider[\"registry.terraform.io/hashicorp/aws\"].n_california",
      "instances": [
        {
          "index_key": 0,
          "schema_version": 0,
          "attributes": {
            "allocation_id": "eipalloc-09ac490c3fe7eaa08",
            "association_id": "eipassoc-0aa553e500b54b9ed",
            "connectivity_type": "public",
            "id": "nat-03ff9a041d2446ec4",
            "network_interface_id": "eni-0c1a687611bc50837",
            "private_ip": "10.0.5.125",
            "public_ip": "54.176.51.159",
            "subnet_id": "subnet-00ad9a2ee255713df",
            "tags": {
              "Name": "linxact-vpc-us-west-1b"
            },
            "tags_all": {
              "Name": "linxact-vpc-us-west-1b"
            }
          },
          "sensitive_attributes": [],
          "private": "bnVsbA==",
          "dependencies": [
            "module.eks_n_california.data.aws_availability_zones.available",
            "module.eks_n_california.module.vpc.aws_eip.nat",
            "module.eks_n_california.module.vpc.aws_internet_gateway.this",
            "module.eks_n_california.module.vpc.aws_subnet.public",
            "module.eks_n_california.module.vpc.aws_vpc.this",
            "module.eks_n_california.module.vpc.aws_vpc_ipv4_cidr_block_association.this"
          ]
        }
      ]
    },
    {
      "module": "module.eks_n_california[0].module.vpc",
      "mode": "managed",
      "type": "aws_route",
      "name": "private_nat_gateway",
      "provider": "provider[\"registry.terraform.io/hashicorp/aws\"].n_california",
      "instances": [
        {
          "index_key": 0,
          "schema_version": 0,
          "attributes": {
            "carrier_gateway_id": "",
            "core_network_arn": "",
            "destination_cidr_block": "0.0.0.0/0",
            "destination_ipv6_cidr_block": "",
            "destination_prefix_list_id": "",
            "egress_only_gateway_id": "",
            "gateway_id": "",
            "id": "r-rtb-07f7ded02780c93711080289494",
            "instance_id": "",
            "instance_owner_id": "",
            "local_gateway_id": "",
            "nat_gateway_id": "nat-03ff9a041d2446ec4",
            "network_interface_id": "",
            "origin": "CreateRoute",
            "route_table_id": "rtb-07f7ded02780c9371",
            "state": "active",
            "timeouts": {
              "create": "5m",
              "delete": null,
              "update": null
            },
            "transit_gateway_id": "",
            "vpc_endpoint_id": "",
            "vpc_peering_connection_id": ""
          },
          "sensitive_attributes": [],
          "private": "eyJlMmJmYjczMC1lY2FhLTExZTYtOGY4OC0zNDM2M2JjN2M0YzAiOnsiY3JlYXRlIjozMDAwMDAwMDAwMDAsImRlbGV0ZSI6MzAwMDAwMDAwMDAwLCJ1cGRhdGUiOjEyMDAwMDAwMDAwMH19",
          "dependencies": [
            "module.eks_n_california.data.aws_availability_zones.available",
            "module.eks_n_california.module.vpc.aws_eip.nat",
            "module.eks_n_california.module.vpc.aws_internet_gateway.this",
            "module.eks_n_california.module.vpc.aws_nat_gateway.this",
            "module.eks_n_california.module.vpc.aws_route_table.private",
            "module.eks_n_california.module.vpc.aws_subnet.public",
            "module.eks_n_california.module.vpc.aws_vpc.this",
            "module.eks_n_california.module.vpc.aws_vpc_ipv4_cidr_block_association.this"
          ]
        }
      ]
    },
    {
      "module": "module.eks_n_california[0].module.vpc",
      "mode": "managed",
      "type": "aws_route",
      "name": "public_internet_gateway",
      "provider": "provider[\"registry.terraform.io/hashicorp/aws\"].n_california",
      "instances": [
        {
          "index_key": 0,
          "schema_version": 0,
          "attributes": {
            "carrier_gateway_id": "",
            "core_network_arn": "",
            "destination_cidr_block": "0.0.0.0/0",
            "destination_ipv6_cidr_block": "",
            "destination_prefix_list_id": "",
            "egress_only_gateway_id": "",
            "gateway_id": "igw-032acc12e41f30915",
            "id": "r-rtb-03c48fb442acb0aab1080289494",
            "instance_id": "",
            "instance_owner_id": "",
            "local_gateway_id": "",
            "nat_gateway_id": "",
            "network_interface_id": "",
            "origin": "CreateRoute",
            "route_table_id": "rtb-03c48fb442acb0aab",
            "state": "active",
            "timeouts": {
              "create": "5m",
              "delete": null,
              "update": null
            },
            "transit_gateway_id": "",
            "vpc_endpoint_id": "",
            "vpc_peering_connection_id": ""
          },
          "sensitive_attributes": [],
          "private": "eyJlMmJmYjczMC1lY2FhLTExZTYtOGY4OC0zNDM2M2JjN2M0YzAiOnsiY3JlYXRlIjozMDAwMDAwMDAwMDAsImRlbGV0ZSI6MzAwMDAwMDAwMDAwLCJ1cGRhdGUiOjEyMDAwMDAwMDAwMH19",
          "dependencies": [
            "module.eks_n_california.module.vpc.aws_internet_gateway.this",
            "module.eks_n_california.module.vpc.aws_route_table.public",
            "module.eks_n_california.module.vpc.aws_vpc.this",
            "module.eks_n_california.module.vpc.aws_vpc_ipv4_cidr_block_association.this"
          ]
        }
      ]
    },
    {
      "module": "module.eks_n_california[0].module.vpc",
      "mode": "managed",
      "type": "aws_route_table",
      "name": "private",
      "provider": "provider[\"registry.terraform.io/hashicorp/aws\"].n_california",
      "instances": [
        {
          "index_key": 0,
          "schema_version": 0,
          "attributes": {
            "arn": "arn:aws:ec2:us-west-1:411623750878:route-table/rtb-07f7ded02780c9371",
            "id": "rtb-07f7ded02780c9371",
            "owner_id": "411623750878",
            "propagating_vgws": [],
            "route": [],
            "tags": {
              "Name": "linxact-vpc-private"
            },
            "tags_all": {
              "Name": "linxact-vpc-private"
            },
            "timeouts": null,
            "vpc_id": "vpc-0bce7f946f05a852d"
          },
          "sensitive_attributes": [],
          "private": "eyJlMmJmYjczMC1lY2FhLTExZTYtOGY4OC0zNDM2M2JjN2M0YzAiOnsiY3JlYXRlIjozMDAwMDAwMDAwMDAsImRlbGV0ZSI6MzAwMDAwMDAwMDAwLCJ1cGRhdGUiOjEyMDAwMDAwMDAwMH19",
          "dependencies": [
            "module.eks_n_california.data.aws_availability_zones.available",
            "module.eks_n_california.module.vpc.aws_vpc.this",
            "module.eks_n_california.module.vpc.aws_vpc_ipv4_cidr_block_association.this"
          ]
        }
      ]
    },
    {
      "module": "module.eks_n_california[0].module.vpc",
      "mode": "managed",
      "type": "aws_route_table",
      "name": "public",
      "provider": "provider[\"registry.terraform.io/hashicorp/aws\"].n_california",
      "instances": [
        {
          "index_key": 0,
          "schema_version": 0,
          "attributes": {
            "arn": "arn:aws:ec2:us-west-1:411623750878:route-table/rtb-03c48fb442acb0aab",
            "id": "rtb-03c48fb442acb0aab",
            "owner_id": "411623750878",
            "propagating_vgws": [],
            "route": [],
            "tags": {
              "Name": "linxact-vpc-public"
            },
            "tags_all": {
              "Name": "linxact-vpc-public"
            },
            "timeouts": null,
            "vpc_id": "vpc-0bce7f946f05a852d"
          },
          "sensitive_attributes": [],
          "private": "eyJlMmJmYjczMC1lY2FhLTExZTYtOGY4OC0zNDM2M2JjN2M0YzAiOnsiY3JlYXRlIjozMDAwMDAwMDAwMDAsImRlbGV0ZSI6MzAwMDAwMDAwMDAwLCJ1cGRhdGUiOjEyMDAwMDAwMDAwMH19",
          "dependencies": [
            "module.eks_n_california.module.vpc.aws_vpc.this",
            "module.eks_n_california.module.vpc.aws_vpc_ipv4_cidr_block_association.this"
          ]
        }
      ]
    },
    {
      "module": "module.eks_n_california[0].module.vpc",
      "mode": "managed",
      "type": "aws_route_table_association",
      "name": "private",
      "provider": "provider[\"registry.terraform.io/hashicorp/aws\"].n_california",
      "instances": [
        {
          "index_key": 0,
          "schema_version": 0,
          "attributes": {
            "gateway_id": "",
            "id": "rtbassoc-0867eae233c9847be",
            "route_table_id": "rtb-07f7ded02780c9371",
            "subnet_id": "subnet-0d074309942c78d6d",
            "timeouts": null
          },
          "sensitive_attributes": [],
          "private": "eyJlMmJmYjczMC1lY2FhLTExZTYtOGY4OC0zNDM2M2JjN2M0YzAiOnsiY3JlYXRlIjozMDAwMDAwMDAwMDAsImRlbGV0ZSI6MzAwMDAwMDAwMDAwLCJ1cGRhdGUiOjEyMDAwMDAwMDAwMH19",
          "dependencies": [
            "module.eks_n_california.data.aws_availability_zones.available",
            "module.eks_n_california.module.vpc.aws_route_table.private",
            "module.eks_n_california.module.vpc.aws_subnet.private",
            "module.eks_n_california.module.vpc.aws_vpc.this",
            "module.eks_n_california.module.vpc.aws_vpc_ipv4_cidr_block_association.this"
          ]
        },
        {
          "index_key": 1,
          "schema_version": 0,
          "attributes": {
            "gateway_id": "",
            "id": "rtbassoc-03df764ced9ada521",
            "route_table_id": "rtb-07f7ded02780c9371",
            "subnet_id": "subnet-00cf10041775c0b0e",
            "timeouts": null
          },
          "sensitive_attributes": [],
          "private": "eyJlMmJmYjczMC1lY2FhLTExZTYtOGY4OC0zNDM2M2JjN2M0YzAiOnsiY3JlYXRlIjozMDAwMDAwMDAwMDAsImRlbGV0ZSI6MzAwMDAwMDAwMDAwLCJ1cGRhdGUiOjEyMDAwMDAwMDAwMH19",
          "dependencies": [
            "module.eks_n_california.data.aws_availability_zones.available",
            "module.eks_n_california.module.vpc.aws_route_table.private",
            "module.eks_n_california.module.vpc.aws_subnet.private",
            "module.eks_n_california.module.vpc.aws_vpc.this",
            "module.eks_n_california.module.vpc.aws_vpc_ipv4_cidr_block_association.this"
          ]
        },
        {
          "index_key": 2,
          "schema_version": 0,
          "attributes": {
            "gateway_id": "",
            "id": "rtbassoc-023430aea300c238a",
            "route_table_id": "rtb-07f7ded02780c9371",
            "subnet_id": "subnet-06cf0e40cb47b8490",
            "timeouts": null
          },
          "sensitive_attributes": [],
          "private": "eyJlMmJmYjczMC1lY2FhLTExZTYtOGY4OC0zNDM2M2JjN2M0YzAiOnsiY3JlYXRlIjozMDAwMDAwMDAwMDAsImRlbGV0ZSI6MzAwMDAwMDAwMDAwLCJ1cGRhdGUiOjEyMDAwMDAwMDAwMH19",
          "dependencies": [
            "module.eks_n_california.data.aws_availability_zones.available",
            "module.eks_n_california.module.vpc.aws_route_table.private",
            "module.eks_n_california.module.vpc.aws_subnet.private",
            "module.eks_n_california.module.vpc.aws_vpc.this",
            "module.eks_n_california.module.vpc.aws_vpc_ipv4_cidr_block_association.this"
          ]
        },
        {
          "index_key": 3,
          "schema_version": 0,
          "attributes": {
            "gateway_id": "",
            "id": "rtbassoc-08b0566afef8e83e6",
            "route_table_id": "rtb-07f7ded02780c9371",
            "subnet_id": "subnet-0120cfa622fbb3ae4",
            "timeouts": null
          },
          "sensitive_attributes": [],
          "private": "eyJlMmJmYjczMC1lY2FhLTExZTYtOGY4OC0zNDM2M2JjN2M0YzAiOnsiY3JlYXRlIjozMDAwMDAwMDAwMDAsImRlbGV0ZSI6MzAwMDAwMDAwMDAwLCJ1cGRhdGUiOjEyMDAwMDAwMDAwMH19",
          "dependencies": [
            "module.eks_n_california.data.aws_availability_zones.available",
            "module.eks_n_california.module.vpc.aws_route_table.private",
            "module.eks_n_california.module.vpc.aws_subnet.private",
            "module.eks_n_california.module.vpc.aws_vpc.this",
            "module.eks_n_california.module.vpc.aws_vpc_ipv4_cidr_block_association.this"
          ]
        },
        {
          "index_key": 4,
          "schema_version": 0,
          "attributes": {
            "gateway_id": "",
            "id": "rtbassoc-00d836743b357008d",
            "route_table_id": "rtb-07f7ded02780c9371",
            "subnet_id": "subnet-04966ab9bdd071969",
            "timeouts": null
          },
          "sensitive_attributes": [],
          "private": "eyJlMmJmYjczMC1lY2FhLTExZTYtOGY4OC0zNDM2M2JjN2M0YzAiOnsiY3JlYXRlIjozMDAwMDAwMDAwMDAsImRlbGV0ZSI6MzAwMDAwMDAwMDAwLCJ1cGRhdGUiOjEyMDAwMDAwMDAwMH19",
          "dependencies": [
            "module.eks_n_california.data.aws_availability_zones.available",
            "module.eks_n_california.module.vpc.aws_route_table.private",
            "module.eks_n_california.module.vpc.aws_subnet.private",
            "module.eks_n_california.module.vpc.aws_vpc.this",
            "module.eks_n_california.module.vpc.aws_vpc_ipv4_cidr_block_association.this"
          ]
        }
      ]
    },
    {
      "module": "module.eks_n_california[0].module.vpc",
      "mode": "managed",
      "type": "aws_route_table_association",
      "name": "public",
      "provider": "provider[\"registry.terraform.io/hashicorp/aws\"].n_california",
      "instances": [
        {
          "index_key": 0,
          "schema_version": 0,
          "attributes": {
            "gateway_id": "",
            "id": "rtbassoc-0686536d9024592b4",
            "route_table_id": "rtb-03c48fb442acb0aab",
            "subnet_id": "subnet-00ad9a2ee255713df",
            "timeouts": null
          },
          "sensitive_attributes": [],
          "private": "eyJlMmJmYjczMC1lY2FhLTExZTYtOGY4OC0zNDM2M2JjN2M0YzAiOnsiY3JlYXRlIjozMDAwMDAwMDAwMDAsImRlbGV0ZSI6MzAwMDAwMDAwMDAwLCJ1cGRhdGUiOjEyMDAwMDAwMDAwMH19",
          "dependencies": [
            "module.eks_n_california.data.aws_availability_zones.available",
            "module.eks_n_california.module.vpc.aws_route_table.public",
            "module.eks_n_california.module.vpc.aws_subnet.public",
            "module.eks_n_california.module.vpc.aws_vpc.this",
            "module.eks_n_california.module.vpc.aws_vpc_ipv4_cidr_block_association.this"
          ]
        },
        {
          "index_key": 1,
          "schema_version": 0,
          "attributes": {
            "gateway_id": "",
            "id": "rtbassoc-083384489c92508b1",
            "route_table_id": "rtb-03c48fb442acb0aab",
            "subnet_id": "subnet-024d33165c21d0784",
            "timeouts": null
          },
          "sensitive_attributes": [],
          "private": "eyJlMmJmYjczMC1lY2FhLTExZTYtOGY4OC0zNDM2M2JjN2M0YzAiOnsiY3JlYXRlIjozMDAwMDAwMDAwMDAsImRlbGV0ZSI6MzAwMDAwMDAwMDAwLCJ1cGRhdGUiOjEyMDAwMDAwMDAwMH19",
          "dependencies": [
            "module.eks_n_california.data.aws_availability_zones.available",
            "module.eks_n_california.module.vpc.aws_route_table.public",
            "module.eks_n_california.module.vpc.aws_subnet.public",
            "module.eks_n_california.module.vpc.aws_vpc.this",
            "module.eks_n_california.module.vpc.aws_vpc_ipv4_cidr_block_association.this"
          ]
        },
        {
          "index_key": 2,
          "schema_version": 0,
          "attributes": {
            "gateway_id": "",
            "id": "rtbassoc-0a8bcf1c45b250603",
            "route_table_id": "rtb-03c48fb442acb0aab",
            "subnet_id": "subnet-0ee4b99d4a3d29175",
            "timeouts": null
          },
          "sensitive_attributes": [],
          "private": "eyJlMmJmYjczMC1lY2FhLTExZTYtOGY4OC0zNDM2M2JjN2M0YzAiOnsiY3JlYXRlIjozMDAwMDAwMDAwMDAsImRlbGV0ZSI6MzAwMDAwMDAwMDAwLCJ1cGRhdGUiOjEyMDAwMDAwMDAwMH19",
          "dependencies": [
            "module.eks_n_california.data.aws_availability_zones.available",
            "module.eks_n_california.module.vpc.aws_route_table.public",
            "module.eks_n_california.module.vpc.aws_subnet.public",
            "module.eks_n_california.module.vpc.aws_vpc.this",
            "module.eks_n_california.module.vpc.aws_vpc_ipv4_cidr_block_association.this"
          ]
        },
        {
          "index_key": 3,
          "schema_version": 0,
          "attributes": {
            "gateway_id": "",
            "id": "rtbassoc-0cc61d27b0946fd2f",
            "route_table_id": "rtb-03c48fb442acb0aab",
            "subnet_id": "subnet-0dfe8ab07746349be",
            "timeouts": null
          },
          "sensitive_attributes": [],
          "private": "eyJlMmJmYjczMC1lY2FhLTExZTYtOGY4OC0zNDM2M2JjN2M0YzAiOnsiY3JlYXRlIjozMDAwMDAwMDAwMDAsImRlbGV0ZSI6MzAwMDAwMDAwMDAwLCJ1cGRhdGUiOjEyMDAwMDAwMDAwMH19",
          "dependencies": [
            "module.eks_n_california.data.aws_availability_zones.available",
            "module.eks_n_california.module.vpc.aws_route_table.public",
            "module.eks_n_california.module.vpc.aws_subnet.public",
            "module.eks_n_california.module.vpc.aws_vpc.this",
            "module.eks_n_california.module.vpc.aws_vpc_ipv4_cidr_block_association.this"
          ]
        },
        {
          "index_key": 4,
          "schema_version": 0,
          "attributes": {
            "gateway_id": "",
            "id": "rtbassoc-0f620278a144f9378",
            "route_table_id": "rtb-03c48fb442acb0aab",
            "subnet_id": "subnet-0e522e0f1f037a33f",
            "timeouts": null
          },
          "sensitive_attributes": [],
          "private": "eyJlMmJmYjczMC1lY2FhLTExZTYtOGY4OC0zNDM2M2JjN2M0YzAiOnsiY3JlYXRlIjozMDAwMDAwMDAwMDAsImRlbGV0ZSI6MzAwMDAwMDAwMDAwLCJ1cGRhdGUiOjEyMDAwMDAwMDAwMH19",
          "dependencies": [
            "module.eks_n_california.data.aws_availability_zones.available",
            "module.eks_n_california.module.vpc.aws_route_table.public",
            "module.eks_n_california.module.vpc.aws_subnet.public",
            "module.eks_n_california.module.vpc.aws_vpc.this",
            "module.eks_n_california.module.vpc.aws_vpc_ipv4_cidr_block_association.this"
          ]
        }
      ]
    },
    {
      "module": "module.eks_n_california[0].module.vpc",
      "mode": "managed",
      "type": "aws_subnet",
      "name": "private",
      "provider": "provider[\"registry.terraform.io/hashicorp/aws\"].n_california",
      "instances": [
        {
          "index_key": 0,
          "schema_version": 1,
          "attributes": {
            "arn": "arn:aws:ec2:us-west-1:411623750878:subnet/subnet-0d074309942c78d6d",
            "assign_ipv6_address_on_creation": false,
            "availability_zone": "us-west-1b",
            "availability_zone_id": "usw1-az3",
            "cidr_block": "10.0.0.0/24",
            "customer_owned_ipv4_pool": "",
            "enable_dns64": false,
            "enable_lni_at_device_index": 0,
            "enable_resource_name_dns_a_record_on_launch": false,
            "enable_resource_name_dns_aaaa_record_on_launch": false,
            "id": "subnet-0d074309942c78d6d",
            "ipv6_cidr_block": "",
            "ipv6_cidr_block_association_id": "",
            "ipv6_native": false,
            "map_customer_owned_ip_on_launch": false,
            "map_public_ip_on_launch": false,
            "outpost_arn": "",
            "owner_id": "411623750878",
            "private_dns_hostname_type_on_launch": "ip-name",
            "tags": {
              "Name": "linxact-vpc-private-us-west-1b",
              "kubernetes.io/cluster/linxact-nc": "shared",
              "kubernetes.io/role/internal-elb": "1"
            },
            "tags_all": {
              "Name": "linxact-vpc-private-us-west-1b",
              "kubernetes.io/cluster/linxact-nc": "shared",
              "kubernetes.io/role/internal-elb": "1"
            },
            "timeouts": null,
            "vpc_id": "vpc-0bce7f946f05a852d"
          },
          "sensitive_attributes": [],
          "private": "eyJlMmJmYjczMC1lY2FhLTExZTYtOGY4OC0zNDM2M2JjN2M0YzAiOnsiY3JlYXRlIjo2MDAwMDAwMDAwMDAsImRlbGV0ZSI6MTIwMDAwMDAwMDAwMH0sInNjaGVtYV92ZXJzaW9uIjoiMSJ9",
          "dependencies": [
            "module.eks_n_california.data.aws_availability_zones.available",
            "module.eks_n_california.module.vpc.aws_vpc.this",
            "module.eks_n_california.module.vpc.aws_vpc_ipv4_cidr_block_association.this"
          ],
          "create_before_destroy": true
        },
        {
          "index_key": 1,
          "schema_version": 1,
          "attributes": {
            "arn": "arn:aws:ec2:us-west-1:411623750878:subnet/subnet-00cf10041775c0b0e",
            "assign_ipv6_address_on_creation": false,
            "availability_zone": "us-west-1c",
            "availability_zone_id": "usw1-az1",
            "cidr_block": "10.0.1.0/24",
            "customer_owned_ipv4_pool": "",
            "enable_dns64": false,
            "enable_lni_at_device_index": 0,
            "enable_resource_name_dns_a_record_on_launch": false,
            "enable_resource_name_dns_aaaa_record_on_launch": false,
            "id": "subnet-00cf10041775c0b0e",
            "ipv6_cidr_block": "",
            "ipv6_cidr_block_association_id": "",
            "ipv6_native": false,
            "map_customer_owned_ip_on_launch": false,
            "map_public_ip_on_launch": false,
            "outpost_arn": "",
            "owner_id": "411623750878",
            "private_dns_hostname_type_on_launch": "ip-name",
            "tags": {
              "Name": "linxact-vpc-private-us-west-1c",
              "kubernetes.io/cluster/linxact-nc": "shared",
              "kubernetes.io/role/internal-elb": "1"
            },
            "tags_all": {
              "Name": "linxact-vpc-private-us-west-1c",
              "kubernetes.io/cluster/linxact-nc": "shared",
              "kubernetes.io/role/internal-elb": "1"
            },
            "timeouts": null,
            "vpc_id": "vpc-0bce7f946f05a852d"
          },
          "sensitive_attributes": [],
          "private": "eyJlMmJmYjczMC1lY2FhLTExZTYtOGY4OC0zNDM2M2JjN2M0YzAiOnsiY3JlYXRlIjo2MDAwMDAwMDAwMDAsImRlbGV0ZSI6MTIwMDAwMDAwMDAwMH0sInNjaGVtYV92ZXJzaW9uIjoiMSJ9",
          "dependencies": [
            "module.eks_n_california.data.aws_availability_zones.available",
            "module.eks_n_california.module.vpc.aws_vpc.this",
            "module.eks_n_california.module.vpc.aws_vpc_ipv4_cidr_block_association.this"
          ],
          "create_before_destroy": true
        },
        {
          "index_key": 2,
          "schema_version": 1,
          "attributes": {
            "arn": "arn:aws:ec2:us-west-1:411623750878:subnet/subnet-06cf0e40cb47b8490",
            "assign_ipv6_address_on_creation": false,
            "availability_zone": "us-west-1b",
            "availability_zone_id": "usw1-az3",
            "cidr_block": "10.0.2.0/24",
            "customer_owned_ipv4_pool": "",
            "enable_dns64": false,
            "enable_lni_at_device_index": 0,
            "enable_resource_name_dns_a_record_on_launch": false,
            "enable_resource_name_dns_aaaa_record_on_launch": false,
            "id": "subnet-06cf0e40cb47b8490",
            "ipv6_cidr_block": "",
            "ipv6_cidr_block_association_id": "",
            "ipv6_native": false,
            "map_customer_owned_ip_on_launch": false,
            "map_public_ip_on_launch": false,
            "outpost_arn": "",
            "owner_id": "411623750878",
            "private_dns_hostname_type_on_launch": "ip-name",
            "tags": {
              "Name": "linxact-vpc-private-us-west-1b",
              "kubernetes.io/cluster/linxact-nc": "shared",
              "kubernetes.io/role/internal-elb": "1"
            },
            "tags_all": {
              "Name": "linxact-vpc-private-us-west-1b",
              "kubernetes.io/cluster/linxact-nc": "shared",
              "kubernetes.io/role/internal-elb": "1"
            },
            "timeouts": null,
            "vpc_id": "vpc-0bce7f946f05a852d"
          },
          "sensitive_attributes": [],
          "private": "eyJlMmJmYjczMC1lY2FhLTExZTYtOGY4OC0zNDM2M2JjN2M0YzAiOnsiY3JlYXRlIjo2MDAwMDAwMDAwMDAsImRlbGV0ZSI6MTIwMDAwMDAwMDAwMH0sInNjaGVtYV92ZXJzaW9uIjoiMSJ9",
          "dependencies": [
            "module.eks_n_california.data.aws_availability_zones.available",
            "module.eks_n_california.module.vpc.aws_vpc.this",
            "module.eks_n_california.module.vpc.aws_vpc_ipv4_cidr_block_association.this"
          ],
          "create_before_destroy": true
        },
        {
          "index_key": 3,
          "schema_version": 1,
          "attributes": {
            "arn": "arn:aws:ec2:us-west-1:411623750878:subnet/subnet-0120cfa622fbb3ae4",
            "assign_ipv6_address_on_creation": false,
            "availability_zone": "us-west-1c",
            "availability_zone_id": "usw1-az1",
            "cidr_block": "10.0.3.0/24",
            "customer_owned_ipv4_pool": "",
            "enable_dns64": false,
            "enable_lni_at_device_index": 0,
            "enable_resource_name_dns_a_record_on_launch": false,
            "enable_resource_name_dns_aaaa_record_on_launch": false,
            "id": "subnet-0120cfa622fbb3ae4",
            "ipv6_cidr_block": "",
            "ipv6_cidr_block_association_id": "",
            "ipv6_native": false,
            "map_customer_owned_ip_on_launch": false,
            "map_public_ip_on_launch": false,
            "outpost_arn": "",
            "owner_id": "411623750878",
            "private_dns_hostname_type_on_launch": "ip-name",
            "tags": {
              "Name": "linxact-vpc-private-us-west-1c",
              "kubernetes.io/cluster/linxact-nc": "shared",
              "kubernetes.io/role/internal-elb": "1"
            },
            "tags_all": {
              "Name": "linxact-vpc-private-us-west-1c",
              "kubernetes.io/cluster/linxact-nc": "shared",
              "kubernetes.io/role/internal-elb": "1"
            },
            "timeouts": null,
            "vpc_id": "vpc-0bce7f946f05a852d"
          },
          "sensitive_attributes": [],
          "private": "eyJlMmJmYjczMC1lY2FhLTExZTYtOGY4OC0zNDM2M2JjN2M0YzAiOnsiY3JlYXRlIjo2MDAwMDAwMDAwMDAsImRlbGV0ZSI6MTIwMDAwMDAwMDAwMH0sInNjaGVtYV92ZXJzaW9uIjoiMSJ9",
          "dependencies": [
            "module.eks_n_california.data.aws_availability_zones.available",
            "module.eks_n_california.module.vpc.aws_vpc.this",
            "module.eks_n_california.module.vpc.aws_vpc_ipv4_cidr_block_association.this"
          ],
          "create_before_destroy": true
        },
        {
          "index_key": 4,
          "schema_version": 1,
          "attributes": {
            "arn": "arn:aws:ec2:us-west-1:411623750878:subnet/subnet-04966ab9bdd071969",
            "assign_ipv6_address_on_creation": false,
            "availability_zone": "us-west-1b",
            "availability_zone_id": "usw1-az3",
            "cidr_block": "10.0.4.0/24",
            "customer_owned_ipv4_pool": "",
            "enable_dns64": false,
            "enable_lni_at_device_index": 0,
            "enable_resource_name_dns_a_record_on_launch": false,
            "enable_resource_name_dns_aaaa_record_on_launch": false,
            "id": "subnet-04966ab9bdd071969",
            "ipv6_cidr_block": "",
            "ipv6_cidr_block_association_id": "",
            "ipv6_native": false,
            "map_customer_owned_ip_on_launch": false,
            "map_public_ip_on_launch": false,
            "outpost_arn": "",
            "owner_id": "411623750878",
            "private_dns_hostname_type_on_launch": "ip-name",
            "tags": {
              "Name": "linxact-vpc-private-us-west-1b",
              "kubernetes.io/cluster/linxact-nc": "shared",
              "kubernetes.io/role/internal-elb": "1"
            },
            "tags_all": {
              "Name": "linxact-vpc-private-us-west-1b",
              "kubernetes.io/cluster/linxact-nc": "shared",
              "kubernetes.io/role/internal-elb": "1"
            },
            "timeouts": null,
            "vpc_id": "vpc-0bce7f946f05a852d"
          },
          "sensitive_attributes": [],
          "private": "eyJlMmJmYjczMC1lY2FhLTExZTYtOGY4OC0zNDM2M2JjN2M0YzAiOnsiY3JlYXRlIjo2MDAwMDAwMDAwMDAsImRlbGV0ZSI6MTIwMDAwMDAwMDAwMH0sInNjaGVtYV92ZXJzaW9uIjoiMSJ9",
          "dependencies": [
            "module.eks_n_california.data.aws_availability_zones.available",
            "module.eks_n_california.module.vpc.aws_vpc.this",
            "module.eks_n_california.module.vpc.aws_vpc_ipv4_cidr_block_association.this"
          ],
          "create_before_destroy": true
        }
      ]
    },
    {
      "module": "module.eks_n_california[0].module.vpc",
      "mode": "managed",
      "type": "aws_subnet",
      "name": "public",
      "provider": "provider[\"registry.terraform.io/hashicorp/aws\"].n_california",
      "instances": [
        {
          "index_key": 0,
          "schema_version": 1,
          "attributes": {
            "arn": "arn:aws:ec2:us-west-1:411623750878:subnet/subnet-00ad9a2ee255713df",
            "assign_ipv6_address_on_creation": false,
            "availability_zone": "us-west-1b",
            "availability_zone_id": "usw1-az3",
            "cidr_block": "10.0.5.0/24",
            "customer_owned_ipv4_pool": "",
            "enable_dns64": false,
            "enable_lni_at_device_index": 0,
            "enable_resource_name_dns_a_record_on_launch": false,
            "enable_resource_name_dns_aaaa_record_on_launch": false,
            "id": "subnet-00ad9a2ee255713df",
            "ipv6_cidr_block": "",
            "ipv6_cidr_block_association_id": "",
            "ipv6_native": false,
            "map_customer_owned_ip_on_launch": false,
            "map_public_ip_on_launch": false,
            "outpost_arn": "",
            "owner_id": "411623750878",
            "private_dns_hostname_type_on_launch": "ip-name",
            "tags": {
              "Name": "linxact-vpc-public-us-west-1b",
              "kubernetes.io/cluster/linxact-nc": "shared",
              "kubernetes.io/role/elb": "1"
            },
            "tags_all": {
              "Name": "linxact-vpc-public-us-west-1b",
              "kubernetes.io/cluster/linxact-nc": "shared",
              "kubernetes.io/role/elb": "1"
            },
            "timeouts": null,
            "vpc_id": "vpc-0bce7f946f05a852d"
          },
          "sensitive_attributes": [],
          "private": "eyJlMmJmYjczMC1lY2FhLTExZTYtOGY4OC0zNDM2M2JjN2M0YzAiOnsiY3JlYXRlIjo2MDAwMDAwMDAwMDAsImRlbGV0ZSI6MTIwMDAwMDAwMDAwMH0sInNjaGVtYV92ZXJzaW9uIjoiMSJ9",
          "dependencies": [
            "module.eks_n_california.data.aws_availability_zones.available",
            "module.eks_n_california.module.vpc.aws_vpc.this",
            "module.eks_n_california.module.vpc.aws_vpc_ipv4_cidr_block_association.this"
          ]
        },
        {
          "index_key": 1,
          "schema_version": 1,
          "attributes": {
            "arn": "arn:aws:ec2:us-west-1:411623750878:subnet/subnet-024d33165c21d0784",
            "assign_ipv6_address_on_creation": false,
            "availability_zone": "us-west-1c",
            "availability_zone_id": "usw1-az1",
            "cidr_block": "10.0.6.0/24",
            "customer_owned_ipv4_pool": "",
            "enable_dns64": false,
            "enable_lni_at_device_index": 0,
            "enable_resource_name_dns_a_record_on_launch": false,
            "enable_resource_name_dns_aaaa_record_on_launch": false,
            "id": "subnet-024d33165c21d0784",
            "ipv6_cidr_block": "",
            "ipv6_cidr_block_association_id": "",
            "ipv6_native": false,
            "map_customer_owned_ip_on_launch": false,
            "map_public_ip_on_launch": false,
            "outpost_arn": "",
            "owner_id": "411623750878",
            "private_dns_hostname_type_on_launch": "ip-name",
            "tags": {
              "Name": "linxact-vpc-public-us-west-1c",
              "kubernetes.io/cluster/linxact-nc": "shared",
              "kubernetes.io/role/elb": "1"
            },
            "tags_all": {
              "Name": "linxact-vpc-public-us-west-1c",
              "kubernetes.io/cluster/linxact-nc": "shared",
              "kubernetes.io/role/elb": "1"
            },
            "timeouts": null,
            "vpc_id": "vpc-0bce7f946f05a852d"
          },
          "sensitive_attributes": [],
          "private": "eyJlMmJmYjczMC1lY2FhLTExZTYtOGY4OC0zNDM2M2JjN2M0YzAiOnsiY3JlYXRlIjo2MDAwMDAwMDAwMDAsImRlbGV0ZSI6MTIwMDAwMDAwMDAwMH0sInNjaGVtYV92ZXJzaW9uIjoiMSJ9",
          "dependencies": [
            "module.eks_n_california.data.aws_availability_zones.available",
            "module.eks_n_california.module.vpc.aws_vpc.this",
            "module.eks_n_california.module.vpc.aws_vpc_ipv4_cidr_block_association.this"
          ]
        },
        {
          "index_key": 2,
          "schema_version": 1,
          "attributes": {
            "arn": "arn:aws:ec2:us-west-1:411623750878:subnet/subnet-0ee4b99d4a3d29175",
            "assign_ipv6_address_on_creation": false,
            "availability_zone": "us-west-1b",
            "availability_zone_id": "usw1-az3",
            "cidr_block": "10.0.7.0/24",
            "customer_owned_ipv4_pool": "",
            "enable_dns64": false,
            "enable_lni_at_device_index": 0,
            "enable_resource_name_dns_a_record_on_launch": false,
            "enable_resource_name_dns_aaaa_record_on_launch": false,
            "id": "subnet-0ee4b99d4a3d29175",
            "ipv6_cidr_block": "",
            "ipv6_cidr_block_association_id": "",
            "ipv6_native": false,
            "map_customer_owned_ip_on_launch": false,
            "map_public_ip_on_launch": false,
            "outpost_arn": "",
            "owner_id": "411623750878",
            "private_dns_hostname_type_on_launch": "ip-name",
            "tags": {
              "Name": "linxact-vpc-public-us-west-1b",
              "kubernetes.io/cluster/linxact-nc": "shared",
              "kubernetes.io/role/elb": "1"
            },
            "tags_all": {
              "Name": "linxact-vpc-public-us-west-1b",
              "kubernetes.io/cluster/linxact-nc": "shared",
              "kubernetes.io/role/elb": "1"
            },
            "timeouts": null,
            "vpc_id": "vpc-0bce7f946f05a852d"
          },
          "sensitive_attributes": [],
          "private": "eyJlMmJmYjczMC1lY2FhLTExZTYtOGY4OC0zNDM2M2JjN2M0YzAiOnsiY3JlYXRlIjo2MDAwMDAwMDAwMDAsImRlbGV0ZSI6MTIwMDAwMDAwMDAwMH0sInNjaGVtYV92ZXJzaW9uIjoiMSJ9",
          "dependencies": [
            "module.eks_n_california.data.aws_availability_zones.available",
            "module.eks_n_california.module.vpc.aws_vpc.this",
            "module.eks_n_california.module.vpc.aws_vpc_ipv4_cidr_block_association.this"
          ]
        },
        {
          "index_key": 3,
          "schema_version": 1,
          "attributes": {
            "arn": "arn:aws:ec2:us-west-1:411623750878:subnet/subnet-0dfe8ab07746349be",
            "assign_ipv6_address_on_creation": false,
            "availability_zone": "us-west-1c",
            "availability_zone_id": "usw1-az1",
            "cidr_block": "10.0.8.0/24",
            "customer_owned_ipv4_pool": "",
            "enable_dns64": false,
            "enable_lni_at_device_index": 0,
            "enable_resource_name_dns_a_record_on_launch": false,
            "enable_resource_name_dns_aaaa_record_on_launch": false,
            "id": "subnet-0dfe8ab07746349be",
            "ipv6_cidr_block": "",
            "ipv6_cidr_block_association_id": "",
            "ipv6_native": false,
            "map_customer_owned_ip_on_launch": false,
            "map_public_ip_on_launch": false,
            "outpost_arn": "",
            "owner_id": "411623750878",
            "private_dns_hostname_type_on_launch": "ip-name",
            "tags": {
              "Name": "linxact-vpc-public-us-west-1c",
              "kubernetes.io/cluster/linxact-nc": "shared",
              "kubernetes.io/role/elb": "1"
            },
            "tags_all": {
              "Name": "linxact-vpc-public-us-west-1c",
              "kubernetes.io/cluster/linxact-nc": "shared",
              "kubernetes.io/role/elb": "1"
            },
            "timeouts": null,
            "vpc_id": "vpc-0bce7f946f05a852d"
          },
          "sensitive_attributes": [],
          "private": "eyJlMmJmYjczMC1lY2FhLTExZTYtOGY4OC0zNDM2M2JjN2M0YzAiOnsiY3JlYXRlIjo2MDAwMDAwMDAwMDAsImRlbGV0ZSI6MTIwMDAwMDAwMDAwMH0sInNjaGVtYV92ZXJzaW9uIjoiMSJ9",
          "dependencies": [
            "module.eks_n_california.data.aws_availability_zones.available",
            "module.eks_n_california.module.vpc.aws_vpc.this",
            "module.eks_n_california.module.vpc.aws_vpc_ipv4_cidr_block_association.this"
          ]
        },
        {
          "index_key": 4,
          "schema_version": 1,
          "attributes": {
            "arn": "arn:aws:ec2:us-west-1:411623750878:subnet/subnet-0e522e0f1f037a33f",
            "assign_ipv6_address_on_creation": false,
            "availability_zone": "us-west-1b",
            "availability_zone_id": "usw1-az3",
            "cidr_block": "10.0.9.0/24",
            "customer_owned_ipv4_pool": "",
            "enable_dns64": false,
            "enable_lni_at_device_index": 0,
            "enable_resource_name_dns_a_record_on_launch": false,
            "enable_resource_name_dns_aaaa_record_on_launch": false,
            "id": "subnet-0e522e0f1f037a33f",
            "ipv6_cidr_block": "",
            "ipv6_cidr_block_association_id": "",
            "ipv6_native": false,
            "map_customer_owned_ip_on_launch": false,
            "map_public_ip_on_launch": false,
            "outpost_arn": "",
            "owner_id": "411623750878",
            "private_dns_hostname_type_on_launch": "ip-name",
            "tags": {
              "Name": "linxact-vpc-public-us-west-1b",
              "kubernetes.io/cluster/linxact-nc": "shared",
              "kubernetes.io/role/elb": "1"
            },
            "tags_all": {
              "Name": "linxact-vpc-public-us-west-1b",
              "kubernetes.io/cluster/linxact-nc": "shared",
              "kubernetes.io/role/elb": "1"
            },
            "timeouts": null,
            "vpc_id": "vpc-0bce7f946f05a852d"
          },
          "sensitive_attributes": [],
          "private": "eyJlMmJmYjczMC1lY2FhLTExZTYtOGY4OC0zNDM2M2JjN2M0YzAiOnsiY3JlYXRlIjo2MDAwMDAwMDAwMDAsImRlbGV0ZSI6MTIwMDAwMDAwMDAwMH0sInNjaGVtYV92ZXJzaW9uIjoiMSJ9",
          "dependencies": [
            "module.eks_n_california.data.aws_availability_zones.available",
            "module.eks_n_california.module.vpc.aws_vpc.this",
            "module.eks_n_california.module.vpc.aws_vpc_ipv4_cidr_block_association.this"
          ]
        }
      ]
    },
    {
      "module": "module.eks_n_california[0].module.vpc",
      "mode": "managed",
      "type": "aws_vpc",
      "name": "this",
      "provider": "provider[\"registry.terraform.io/hashicorp/aws\"].n_california",
      "instances": [
        {
          "index_key": 0,
          "schema_version": 1,
          "attributes": {
            "arn": "arn:aws:ec2:us-west-1:411623750878:vpc/vpc-0bce7f946f05a852d",
            "assign_generated_ipv6_cidr_block": false,
            "cidr_block": "10.0.0.0/16",
            "default_network_acl_id": "acl-00e1bca4acd9d0a11",
            "default_route_table_id": "rtb-00b330a6ff8371dc9",
            "default_security_group_id": "sg-034ff645c4a23123d",
            "dhcp_options_id": "dopt-ad8135ca",
            "enable_dns_hostnames": true,
            "enable_dns_support": true,
            "enable_network_address_usage_metrics": false,
            "id": "vpc-0bce7f946f05a852d",
            "instance_tenancy": "default",
            "ipv4_ipam_pool_id": null,
            "ipv4_netmask_length": null,
            "ipv6_association_id": "",
            "ipv6_cidr_block": "",
            "ipv6_cidr_block_network_border_group": "",
            "ipv6_ipam_pool_id": "",
            "ipv6_netmask_length": 0,
            "main_route_table_id": "rtb-00b330a6ff8371dc9",
            "owner_id": "411623750878",
            "tags": {
              "Name": "linxact-vpc"
            },
            "tags_all": {
              "Name": "linxact-vpc"
            }
          },
          "sensitive_attributes": [],
          "private": "eyJzY2hlbWFfdmVyc2lvbiI6IjEifQ==",
          "create_before_destroy": true
        }
      ]
    },
    {
      "module": "module.eks_n_virginia[0]",
      "mode": "data",
      "type": "aws_availability_zones",
      "name": "available",
      "provider": "provider[\"registry.terraform.io/hashicorp/aws\"].n_virginia",
      "instances": [
        {
          "schema_version": 0,
          "attributes": {
            "all_availability_zones": null,
            "exclude_names": null,
            "exclude_zone_ids": null,
            "filter": [
              {
                "name": "opt-in-status",
                "values": [
                  "opt-in-not-required"
                ]
              }
            ],
            "group_names": [
              "us-east-1"
            ],
            "id": "us-east-1",
            "names": [
              "us-east-1a",
              "us-east-1b",
              "us-east-1c",
              "us-east-1d",
              "us-east-1e",
              "us-east-1f"
            ],
            "state": null,
            "timeouts": null,
            "zone_ids": [
              "use1-az4",
              "use1-az6",
              "use1-az1",
              "use1-az2",
              "use1-az3",
              "use1-az5"
            ]
          },
          "sensitive_attributes": []
        }
      ]
    },
    {
      "module": "module.eks_n_virginia[0]",
      "mode": "managed",
      "type": "null_resource",
      "name": "merge_kubeconfig",
      "provider": "provider[\"registry.terraform.io/hashicorp/null\"]",
      "instances": [
        {
          "index_key": 0,
          "schema_version": 0,
          "attributes": {
            "id": "6888118402557386835",
            "triggers": {
              "always": "2024-01-15T12:44:29Z"
            }
          },
          "sensitive_attributes": [],
          "dependencies": [
            "module.eks_n_virginia.data.aws_availability_zones.available",
            "module.eks_n_virginia.module.eks.aws_cloudwatch_log_group.this",
            "module.eks_n_virginia.module.eks.aws_eks_cluster.this",
            "module.eks_n_virginia.module.eks.aws_iam_policy.cni_ipv6_policy",
            "module.eks_n_virginia.module.eks.aws_iam_role.this",
            "module.eks_n_virginia.module.eks.aws_iam_role_policy_attachment.this",
            "module.eks_n_virginia.module.eks.aws_security_group.cluster",
            "module.eks_n_virginia.module.eks.aws_security_group.node",
            "module.eks_n_virginia.module.eks.aws_security_group_rule.cluster",
            "module.eks_n_virginia.module.eks.aws_security_group_rule.node",
            "module.eks_n_virginia.module.eks.data.aws_caller_identity.current",
            "module.eks_n_virginia.module.eks.data.aws_iam_policy_document.assume_role_policy",
            "module.eks_n_virginia.module.eks.data.aws_iam_policy_document.cni_ipv6_policy",
            "module.eks_n_virginia.module.eks.data.aws_iam_session_context.current",
            "module.eks_n_virginia.module.eks.data.aws_partition.current",
            "module.eks_n_virginia.module.eks.module.kms.aws_kms_external_key.this",
            "module.eks_n_virginia.module.eks.module.kms.aws_kms_key.this",
            "module.eks_n_virginia.module.eks.module.kms.data.aws_caller_identity.current",
            "module.eks_n_virginia.module.eks.module.kms.data.aws_iam_policy_document.this",
            "module.eks_n_virginia.module.eks.module.kms.data.aws_partition.current",
            "module.eks_n_virginia.module.vpc.aws_subnet.private",
            "module.eks_n_virginia.module.vpc.aws_vpc.this",
            "module.eks_n_virginia.module.vpc.aws_vpc_ipv4_cidr_block_association.this"
          ]
        }
      ]
    },
    {
      "module": "module.eks_n_virginia[0]",
      "mode": "managed",
      "type": "random_string",
      "name": "suffix",
      "provider": "provider[\"registry.terraform.io/hashicorp/random\"]",
      "instances": [
        {
          "schema_version": 2,
          "attributes": {
            "id": "kERaA5CZ",
            "keepers": null,
            "length": 8,
            "lower": true,
            "min_lower": 0,
            "min_numeric": 0,
            "min_special": 0,
            "min_upper": 0,
            "number": true,
            "numeric": true,
            "override_special": null,
            "result": "kERaA5CZ",
            "special": false,
            "upper": true
          },
          "sensitive_attributes": []
        }
      ]
    },
    {
      "module": "module.eks_n_virginia[0].module.eks",
      "mode": "data",
      "type": "aws_caller_identity",
      "name": "current",
      "provider": "provider[\"registry.terraform.io/hashicorp/aws\"].n_virginia",
      "instances": [
        {
          "schema_version": 0,
          "attributes": {
            "account_id": "411623750878",
            "arn": "arn:aws:iam::411623750878:user/olexiy",
            "id": "411623750878",
            "user_id": "AIDAV7VVP7TPJ6HRCC3PA"
          },
          "sensitive_attributes": []
        }
      ]
    },
    {
      "module": "module.eks_n_virginia[0].module.eks",
      "mode": "data",
      "type": "aws_iam_policy_document",
      "name": "assume_role_policy",
      "provider": "provider[\"registry.terraform.io/hashicorp/aws\"].n_virginia",
      "instances": [
        {
          "index_key": 0,
          "schema_version": 0,
          "attributes": {
            "id": "2764486067",
            "json": "{\n  \"Version\": \"2012-10-17\",\n  \"Statement\": [\n    {\n      \"Sid\": \"EKSClusterAssumeRole\",\n      \"Effect\": \"Allow\",\n      \"Action\": \"sts:AssumeRole\",\n      \"Principal\": {\n        \"Service\": \"eks.amazonaws.com\"\n      }\n    }\n  ]\n}",
            "override_policy_documents": null,
            "policy_id": null,
            "source_policy_documents": null,
            "statement": [
              {
                "actions": [
                  "sts:AssumeRole"
                ],
                "condition": [],
                "effect": "Allow",
                "not_actions": [],
                "not_principals": [],
                "not_resources": [],
                "principals": [
                  {
                    "identifiers": [
                      "eks.amazonaws.com"
                    ],
                    "type": "Service"
                  }
                ],
                "resources": [],
                "sid": "EKSClusterAssumeRole"
              }
            ],
            "version": "2012-10-17"
          },
          "sensitive_attributes": []
        }
      ]
    },
    {
      "module": "module.eks_n_virginia[0].module.eks",
      "mode": "data",
      "type": "aws_iam_session_context",
      "name": "current",
      "provider": "provider[\"registry.terraform.io/hashicorp/aws\"].n_virginia",
      "instances": [
        {
          "schema_version": 0,
          "attributes": {
            "arn": "arn:aws:iam::411623750878:user/olexiy",
            "id": "arn:aws:iam::411623750878:user/olexiy",
            "issuer_arn": "arn:aws:iam::411623750878:user/olexiy",
            "issuer_id": "",
            "issuer_name": "",
            "session_name": ""
          },
          "sensitive_attributes": []
        }
      ]
    },
    {
      "module": "module.eks_n_virginia[0].module.eks",
      "mode": "data",
      "type": "aws_partition",
      "name": "current",
      "provider": "provider[\"registry.terraform.io/hashicorp/aws\"].n_virginia",
      "instances": [
        {
          "schema_version": 0,
          "attributes": {
            "dns_suffix": "amazonaws.com",
            "id": "aws",
            "partition": "aws",
            "reverse_dns_prefix": "com.amazonaws"
          },
          "sensitive_attributes": []
        }
      ]
    },
    {
      "module": "module.eks_n_virginia[0].module.eks",
      "mode": "data",
      "type": "tls_certificate",
      "name": "this",
      "provider": "provider[\"registry.terraform.io/hashicorp/tls\"]",
      "instances": [
        {
          "index_key": 0,
          "schema_version": 0,
          "attributes": {
            "certificates": [
              {
                "cert_pem": "-----BEGIN CERTIFICATE-----\nMIIEdTCCA12gAwIBAgIJAKcOSkw0grd/MA0GCSqGSIb3DQEBCwUAMGgxCzAJBgNV\nBAYTAlVTMSUwIwYDVQQKExxTdGFyZmllbGQgVGVjaG5vbG9naWVzLCBJbmMuMTIw\nMAYDVQQLEylTdGFyZmllbGQgQ2xhc3MgMiBDZXJ0aWZpY2F0aW9uIEF1dGhvcml0\neTAeFw0wOTA5MDIwMDAwMDBaFw0zNDA2MjgxNzM5MTZaMIGYMQswCQYDVQQGEwJV\nUzEQMA4GA1UECBMHQXJpem9uYTETMBEGA1UEBxMKU2NvdHRzZGFsZTElMCMGA1UE\nChMcU3RhcmZpZWxkIFRlY2hub2xvZ2llcywgSW5jLjE7MDkGA1UEAxMyU3RhcmZp\nZWxkIFNlcnZpY2VzIFJvb3QgQ2VydGlmaWNhdGUgQXV0aG9yaXR5IC0gRzIwggEi\nMA0GCSqGSIb3DQEBAQUAA4IBDwAwggEKAoIBAQDVDDrEKvlO4vW+GZdfjohTsR8/\ny8+fIBNtKTrID30892t2OGPZNmCom15cAICyL1l/9of5JUOG52kbUpqQ4XHj2C0N\nTm/2yEnZtvMaVq4rtnQU68/7JuMauh2WLmo7WJSJR1b/JaCTcFOD2oR0FMNnngRo\nOt+OQFodSk7PQ5E751bWAHDLUu57fa4657wx+UX2wmDPE1kCK4DMNEffud6QZW0C\nzyyRpqbn3oUYSXxmTqM6bam17jQuug0DuDPfR+uxa40l2ZvOgdFFRjKWcIfeAg5J\nQ4W2bHO7ZOphQazJ1FTfhy/HIrImzJ9ZVGif/L4qL8RVHHVAYBeFAlU5i38FAgMB\nAAGjgfAwge0wDwYDVR0TAQH/BAUwAwEB/zAOBgNVHQ8BAf8EBAMCAYYwHQYDVR0O\nBBYEFJxfAN+qAdcwKziIorhtSpzyEZGDMB8GA1UdIwQYMBaAFL9ft9HO3R+G9FtV\nrNzXEMIOqYjnME8GCCsGAQUFBwEBBEMwQTAcBggrBgEFBQcwAYYQaHR0cDovL28u\nc3MyLnVzLzAhBggrBgEFBQcwAoYVaHR0cDovL3guc3MyLnVzL3guY2VyMCYGA1Ud\nHwQfMB0wG6AZoBeGFWh0dHA6Ly9zLnNzMi51cy9yLmNybDARBgNVHSAECjAIMAYG\nBFUdIAAwDQYJKoZIhvcNAQELBQADggEBACMd44pXyn3pF3lM8R5V/cxTbj5HD9/G\nVfKyBDbtgB9TxF00KGu+x1X8Z+rLP3+QsjPNG1gQggL4+C/1E2DUBc7xgQjB3ad1\nl08YuW3e95ORCLp+QCztweq7dp4zBncdDQh/U90bZKuCJ/Fp1U1ervShw3WnWEQt\n8jxwmKy6abaVd38PMV4s/KCHOkdp8Hlf9BRUpJVeEXgSYCfOn8J3/yNTd126/+pZ\n59vPr5KW7ySaNRB6nJHGDn2Z9j8Z3/VyVOEVqQdZe4O/Ui5GjLIAZHYcSNPYeehu\nVsyuLAOQ1xk4meTKCRlb/weWsKh/NEnfVqn3sF/tM+2MR7cwA130A4w=\n-----END CERTIFICATE-----\n",
                "is_ca": true,
                "issuer": "OU=Starfield Class 2 Certification Authority,O=Starfield Technologies\\, Inc.,C=US",
                "not_after": "2034-06-28T17:39:16Z",
                "not_before": "2009-09-02T00:00:00Z",
                "public_key_algorithm": "RSA",
                "serial_number": "12037640545166866303",
                "sha1_fingerprint": "9e99a48a9960b14926bb7f3b02e22da2b0ab7280",
                "signature_algorithm": "SHA256-RSA",
                "subject": "CN=Starfield Services Root Certificate Authority - G2,O=Starfield Technologies\\, Inc.,L=Scottsdale,ST=Arizona,C=US",
                "version": 3
              },
              {
                "cert_pem": "-----BEGIN CERTIFICATE-----\nMIIEkjCCA3qgAwIBAgITBn+USionzfP6wq4rAfkI7rnExjANBgkqhkiG9w0BAQsF\nADCBmDELMAkGA1UEBhMCVVMxEDAOBgNVBAgTB0FyaXpvbmExEzARBgNVBAcTClNj\nb3R0c2RhbGUxJTAjBgNVBAoTHFN0YXJmaWVsZCBUZWNobm9sb2dpZXMsIEluYy4x\nOzA5BgNVBAMTMlN0YXJmaWVsZCBTZXJ2aWNlcyBSb290IENlcnRpZmljYXRlIEF1\ndGhvcml0eSAtIEcyMB4XDTE1MDUyNTEyMDAwMFoXDTM3MTIzMTAxMDAwMFowOTEL\nMAkGA1UEBhMCVVMxDzANBgNVBAoTBkFtYXpvbjEZMBcGA1UEAxMQQW1hem9uIFJv\nb3QgQ0EgMTCCASIwDQYJKoZIhvcNAQEBBQADggEPADCCAQoCggEBALJ4gHHKeNXj\nca9HgFB0fW7Y14h29Jlo91ghYPl0hAEvrAIthtOgQ3pOsqTQNroBvo3bSMgHFzZM\n9O6II8c+6zf1tRn4SWiw3te5djgdYZ6k/oI2peVKVuRF4fn9tBb6dNqcmzU5L/qw\nIFAGbHrQgLKm+a/sRxmPUDgH3KKHOVj4utWp+UhnMJbulHheb4mjUcAwhmahRWa6\nVOujw5H5SNz/0egwLX0tdHA114gk957EWW67c4cX8jJGKLhD+rcdqsq08p8kDi1L\n93FcXmn/6pUCyziKrlA4b9v7LWIbxcceVOF34GfID5yHI9Y/QCB/IIDEgEw+OyQm\njgSubJrIqg0CAwEAAaOCATEwggEtMA8GA1UdEwEB/wQFMAMBAf8wDgYDVR0PAQH/\nBAQDAgGGMB0GA1UdDgQWBBSEGMyFNOy8DJSULghZnMeyEE4KCDAfBgNVHSMEGDAW\ngBScXwDfqgHXMCs4iKK4bUqc8hGRgzB4BggrBgEFBQcBAQRsMGowLgYIKwYBBQUH\nMAGGImh0dHA6Ly9vY3NwLnJvb3RnMi5hbWF6b250cnVzdC5jb20wOAYIKwYBBQUH\nMAKGLGh0dHA6Ly9jcnQucm9vdGcyLmFtYXpvbnRydXN0LmNvbS9yb290ZzIuY2Vy\nMD0GA1UdHwQ2MDQwMqAwoC6GLGh0dHA6Ly9jcmwucm9vdGcyLmFtYXpvbnRydXN0\nLmNvbS9yb290ZzIuY3JsMBEGA1UdIAQKMAgwBgYEVR0gADANBgkqhkiG9w0BAQsF\nAAOCAQEAYjdCXLwQtT6LLOkMm2xF4gcAevnFWAu5CIw+7bMlPLVvUOTNNWqnkzSW\nMiGpSESrnO09tKpzbeR/FoCJbM8oAxiDR3mjEH4wW6w7sGDgd9QIpuEdfF7Au/ma\neyKdpwAJfqxGF4PcnCZXmTA5YpaP7dreqsXMGz7KQ2hsVxa81Q4gLv7/wmpdLqBK\nbRRYh5TmOTFffHPLkIhqhBGWJ6bt2YFGpn6jcgAKUj6DiAdjd4lpFw85hdKrCEVN\n0FE6/V1dN2RMfjCyVSRCnTawXZwXgWHxyvkQAiSr6w10kY17RSlQOYiypok1JR4U\nakcjMS9cmvqtmg5iUaQqqcT5NJ0hGA==\n-----END CERTIFICATE-----\n",
                "is_ca": true,
                "issuer": "CN=Starfield Services Root Certificate Authority - G2,O=Starfield Technologies\\, Inc.,L=Scottsdale,ST=Arizona,C=US",
                "not_after": "2037-12-31T01:00:00Z",
                "not_before": "2015-05-25T12:00:00Z",
                "public_key_algorithm": "RSA",
                "serial_number": "144918191876577076464031512351042010504348870",
                "sha1_fingerprint": "06b25927c42a721631c1efd9431e648fa62e1e39",
                "signature_algorithm": "SHA256-RSA",
                "subject": "CN=Amazon Root CA 1,O=Amazon,C=US",
                "version": 3
              },
              {
                "cert_pem": "-----BEGIN CERTIFICATE-----\nMIIEXjCCA0agAwIBAgITB3MSSkvL1E7HtTvq8ZSELToPoTANBgkqhkiG9w0BAQsF\nADA5MQswCQYDVQQGEwJVUzEPMA0GA1UEChMGQW1hem9uMRkwFwYDVQQDExBBbWF6\nb24gUm9vdCBDQSAxMB4XDTIyMDgyMzIyMjUzMFoXDTMwMDgyMzIyMjUzMFowPDEL\nMAkGA1UEBhMCVVMxDzANBgNVBAoTBkFtYXpvbjEcMBoGA1UEAxMTQW1hem9uIFJT\nQSAyMDQ4IE0wMjCCASIwDQYJKoZIhvcNAQEBBQADggEPADCCAQoCggEBALtDGMZa\nqHneKei1by6+pUPPLljTB143Si6VpEWPc6mSkFhZb/6qrkZyoHlQLbDYnI2D7hD0\nsdzEqfnuAjIsuXQLG3A8TvX6V3oFNBFVe8NlLJHvBseKY88saLwufxkZVwk74g4n\nWlNMXzla9Y5F3wwRHwMVH443xGz6UtGSZSqQ94eFx5X7Tlqt8whi8qCaKdZ5rNak\n+r9nUThOeClqFd4oXych//Rc7Y0eX1KNWHYSI1Nk31mYgiK3JvH063g+K9tHA63Z\neTgKgndlh+WI+zv7i44HepRZjA1FYwYZ9Vv/9UkC5Yz8/yU65fgjaE+wVHM4e/Yy\nC2osrPWE7gJ+dXMCAwEAAaOCAVowggFWMBIGA1UdEwEB/wQIMAYBAf8CAQAwDgYD\nVR0PAQH/BAQDAgGGMB0GA1UdJQQWMBQGCCsGAQUFBwMBBggrBgEFBQcDAjAdBgNV\nHQ4EFgQUwDFSzVpQw4J8dHHOy+mc+XrrguIwHwYDVR0jBBgwFoAUhBjMhTTsvAyU\nlC4IWZzHshBOCggwewYIKwYBBQUHAQEEbzBtMC8GCCsGAQUFBzABhiNodHRwOi8v\nb2NzcC5yb290Y2ExLmFtYXpvbnRydXN0LmNvbTA6BggrBgEFBQcwAoYuaHR0cDov\nL2NydC5yb290Y2ExLmFtYXpvbnRydXN0LmNvbS9yb290Y2ExLmNlcjA/BgNVHR8E\nODA2MDSgMqAwhi5odHRwOi8vY3JsLnJvb3RjYTEuYW1hem9udHJ1c3QuY29tL3Jv\nb3RjYTEuY3JsMBMGA1UdIAQMMAowCAYGZ4EMAQIBMA0GCSqGSIb3DQEBCwUAA4IB\nAQAtTi6Fs0Azfi+iwm7jrz+CSxHH+uHl7Law3MQSXVtR8RV53PtR6r/6gNpqlzdo\nZq4FKbADi1v9Bun8RY8D51uedRfjsbeodizeBB8nXmeyD33Ep7VATj4ozcd31YFV\nfgRhvTSxNrrTlNpWkUk0m3BMPv8sg381HhA6uEYokE5q9uws/3YkKqRiEz3TsaWm\nJqIRZhMbgAfp7O7FUwFIb7UIspogZSKxPIWJpxiPo3TcBambbVtQOcNRWz5qCQdD\nslI2yayq0n2TXoHyNCLEH8rpsJRVILFsg0jc7BaFrMnF462+ajSehgj12IidNeRN\n4zl+EoNaWdpnWndvSpAEkq2P\n-----END CERTIFICATE-----\n",
                "is_ca": true,
                "issuer": "CN=Amazon Root CA 1,O=Amazon,C=US",
                "not_after": "2030-08-23T22:25:30Z",
                "not_before": "2022-08-23T22:25:30Z",
                "public_key_algorithm": "RSA",
                "serial_number": "166129353110899469622597955040406457904926625",
                "sha1_fingerprint": "414a2060b738c635cc7fc243e052615592830c53",
                "signature_algorithm": "SHA256-RSA",
                "subject": "CN=Amazon RSA 2048 M02,O=Amazon,C=US",
                "version": 3
              },
              {
                "cert_pem": "-----BEGIN CERTIFICATE-----\nMIIF7DCCBNSgAwIBAgIQByOkjeOvl//8xMrhlZkruzANBgkqhkiG9w0BAQsFADA8\nMQswCQYDVQQGEwJVUzEPMA0GA1UEChMGQW1hem9uMRwwGgYDVQQDExNBbWF6b24g\nUlNBIDIwNDggTTAyMB4XDTIzMDUxMzAwMDAwMFoXDTI0MDYxMDIzNTk1OVowKzEp\nMCcGA1UEAxMgb2lkYy5la3MudXMtZWFzdC0xLmFtYXpvbmF3cy5jb20wggEiMA0G\nCSqGSIb3DQEBAQUAA4IBDwAwggEKAoIBAQClT+mO1HZk/Gp/3sS6BO8QDhG0yK53\nE11wkdlUn9HEomcqZ2VVhbEG4ahOZY5MLUqIQViMswUueYFov57zyGnPSnH0IrMu\nmL3/dqxEwP96VPm5ZgbjCfartRfJcuYmmMCoWxocMdTq09ECEjawt47i4FmOLJmH\n+UUnisQgHMvPHtCrfL1WYAgdN3ls4meIFkS1CVHLmoCG9MuponJu3+uqw9UHxPZz\nvGLezHUUSzLE0+b+1Wd6DAPJBZmCa+PBweaRfrlqhhgW+QHcCK7XxlfwMxvzwmdv\nicOBHF7SJM/o3opUvrUf/XJCtCDHuv0GQNxyCcpJImQJ4Ae0MtEihY/rAgMBAAGj\nggL5MIIC9TAfBgNVHSMEGDAWgBTAMVLNWlDDgnx0cc7L6Zz5euuC4jAdBgNVHQ4E\nFgQUeamiamg4o8YroTJziJnlxHJnDdEwKwYDVR0RBCQwIoIgb2lkYy5la3MudXMt\nZWFzdC0xLmFtYXpvbmF3cy5jb20wDgYDVR0PAQH/BAQDAgWgMB0GA1UdJQQWMBQG\nCCsGAQUFBwMBBggrBgEFBQcDAjA7BgNVHR8ENDAyMDCgLqAshipodHRwOi8vY3Js\nLnIybTAyLmFtYXpvbnRydXN0LmNvbS9yMm0wMi5jcmwwEwYDVR0gBAwwCjAIBgZn\ngQwBAgEwdQYIKwYBBQUHAQEEaTBnMC0GCCsGAQUFBzABhiFodHRwOi8vb2NzcC5y\nMm0wMi5hbWF6b250cnVzdC5jb20wNgYIKwYBBQUHMAKGKmh0dHA6Ly9jcnQucjJt\nMDIuYW1hem9udHJ1c3QuY29tL3IybTAyLmNlcjAMBgNVHRMBAf8EAjAAMIIBfgYK\nKwYBBAHWeQIEAgSCAW4EggFqAWgAdgDuzdBk1dsazsVct520zROiModGfLzs3sNR\nSFlGcR+1mwAAAYgTgMKgAAAEAwBHMEUCIHtTzRueHJdgA2Wq32YkXNXRJ1ZRD2uC\nQCn025Jin2hCAiEAlV/lCQaMq1JoBRlULDV7n9f/VS8+xyJSVgMFRFwFtzsAdgBI\nsONr2qZHNA/lagL6nTDrHFIBy1bdLIHZu7+rOdiEcwAAAYgTgMLXAAAEAwBHMEUC\nIAKsJE1jj4gpyaa2VgkbHFszMoco2rABil1iy2YvVzmTAiEAsuzpO1atz7WIx1CM\nMU9iMqq58yDpLhjQFktRuWamDlsAdgDatr9rP7W2Ip+bwrtca+hwkXFsu1GEhTS9\npD0wSNf7qwAAAYgTgMKjAAAEAwBHMEUCIHuwITeM92ncsbOvXgXPQjLHDLgReknJ\nTUoo4uIlPetJAiEApQ3W+NHlj6/RhckoAxGn4zE1alq+Y3Bk3JUFAvDrR78wDQYJ\nKoZIhvcNAQELBQADggEBAFNUUzuzuuDQMUvefHzllQPg/zbGNeDRZeOomSl1FrxS\nFJ0CA2vznfoTXAJLS2/aWlQT9mR3h6WlxI5XSUaLrzcZi94F+l6Ixn8DJUhfgf+O\nZUxtmBX91AEQ1ccU+Odj2ILrWdSs28J82ODoPlkJ6OqIYo+kEXrUwy8SM2N9iFJw\nHgZNOwzPQ2Ox/ozlRh6/6OUgYZ84j343BoDnNbTQijLBe6HL4pVw4nPKWrUQnTot\nxMymAcBknnb4X4TcmEoJ0CrB1H6FKfe8yASCLjwSC72Os9ADyADMZqTUSOH1V8Vh\nR3Zv4DlLItu8BHaE59teueLM9AW1PBFMci5JiYrgLEM=\n-----END CERTIFICATE-----\n",
                "is_ca": false,
                "issuer": "CN=Amazon RSA 2048 M02,O=Amazon,C=US",
                "not_after": "2024-06-10T23:59:59Z",
                "not_before": "2023-05-13T00:00:00Z",
                "public_key_algorithm": "RSA",
                "serial_number": "9489663917354420509896793514074254267",
                "sha1_fingerprint": "aaa68bb211d468db8a8a19561ccba2e4043dcc80",
                "signature_algorithm": "SHA256-RSA",
                "subject": "CN=oidc.eks.us-east-1.amazonaws.com",
                "version": 3
              }
            ],
            "content": null,
            "id": "5933588ce34e24e9fb40c3565fb0b5993639df67",
            "url": "https://oidc.eks.us-east-1.amazonaws.com/id/FDF51EF388E04844EC011629268C5893",
            "verify_chain": true
          },
          "sensitive_attributes": []
        }
      ]
    },
    {
      "module": "module.eks_n_virginia[0].module.eks",
      "mode": "managed",
      "type": "aws_cloudwatch_log_group",
      "name": "this",
      "provider": "provider[\"registry.terraform.io/hashicorp/aws\"].n_virginia",
      "instances": [
        {
          "index_key": 0,
          "schema_version": 0,
          "attributes": {
            "arn": "arn:aws:logs:us-east-1:411623750878:log-group:/aws/eks/linxact-nv/cluster",
            "id": "/aws/eks/linxact-nv/cluster",
            "kms_key_id": "",
            "name": "/aws/eks/linxact-nv/cluster",
            "name_prefix": "",
            "retention_in_days": 90,
            "skip_destroy": false,
            "tags": {
              "Name": "/aws/eks/linxact-nv/cluster"
            },
            "tags_all": {
              "Name": "/aws/eks/linxact-nv/cluster"
            }
          },
          "sensitive_attributes": [],
          "private": "bnVsbA==",
          "create_before_destroy": true
        }
      ]
    },
    {
      "module": "module.eks_n_virginia[0].module.eks",
      "mode": "managed",
      "type": "aws_eks_cluster",
      "name": "this",
      "provider": "provider[\"registry.terraform.io/hashicorp/aws\"].n_virginia",
      "instances": [
        {
          "index_key": 0,
          "schema_version": 0,
          "attributes": {
            "arn": "arn:aws:eks:us-east-1:411623750878:cluster/linxact-nv",
            "certificate_authority": [
              {
                "data": "LS0tLS1CRUdJTiBDRVJUSUZJQ0FURS0tLS0tCk1JSURCVENDQWUyZ0F3SUJBZ0lJSUpsbmlUbW0xRlV3RFFZSktvWklodmNOQVFFTEJRQXdGVEVUTUJFR0ExVUUKQXhNS2EzVmlaWEp1WlhSbGN6QWVGdzB5TkRBeE1UVXhNak0yTVRWYUZ3MHpOREF4TVRJeE1qUXhNVFZhTUJVeApFekFSQmdOVkJBTVRDbXQxWW1WeWJtVjBaWE13Z2dFaU1BMEdDU3FHU0liM0RRRUJBUVVBQTRJQkR3QXdnZ0VLCkFvSUJBUUMxdUU4akx5SGxMZVV3WkR0cVk0RjFmY3hrWHdCRWkxMVY4dklyczQ4UzJCWmR4YlhKZWlqY21hZXAKQ0UzajJiTExXSmp6MjRBSy8zQW1uakZ3Z1JJd1JEZk5IMFp4QVprRlcrWWd4V2tMSVF2NGlFVmNwTzQ2MURuYQozQlhGN3pTeCs4YW1sdFN4YmIrMGdXMHlpU2Z5KzNHaTVLZEw4VHoyVEwwUUpoYUlUMXBYLzB1QmFOZVllRFlSCmE3Slgxck5Ld3FZeDY5WmRseU8vUmRFSmdzNWxyVWdnYWpHMStUeG5JY25tNlJCRVE5YkxBUGdXN3V1UTFnazEKY1Zyd0UrWkhWMVJmMDIvd05QV0V1a1JMNWpoVHR5TlJNZlpZMis1REM4RDc0dXNFYUN5aWpSd3NDVnk4cmNPOApTS2JtYWQ0aE44TTltUDU3YlErRHFlV3ByeDRwQWdNQkFBR2pXVEJYTUE0R0ExVWREd0VCL3dRRUF3SUNwREFQCkJnTlZIUk1CQWY4RUJUQURBUUgvTUIwR0ExVWREZ1FXQkJUQmtJeU9BS1ZFbktnbngweVVGOUlYbGlHVVF6QVYKQmdOVkhSRUVEakFNZ2dwcmRXSmxjbTVsZEdWek1BMEdDU3FHU0liM0RRRUJDd1VBQTRJQkFRQ0NmWnRDR2hRZApvOUlOdUQxWkUraTZIQWw1dklBOU4rU2V0WjB1aTN4eHFuQ0xVbWtrbG0yTXNnNUhOOHUzV2NjSVBPZU9OQXFBCmh1UU9mZUJrSFIzVUNQYktjMHhzZTFEdEZJbFNHaTRzNm4yNHB5SDgrd0pHdGdKT3FmYlVkUU9YMnIwMzlmNDQKZXQ1WGdJZVpOY2NVWENPQ2Fyem1Rcm1DOVluZzBIcG5odWpJQXN4cmF4d2FxV1V2ejd2NjNxclVReE5xNENxbwpDUktvdkRqeHVxU0Z3a1FvZzdBM1AwSHBZTWswVTZrYlZub3JJRG01bXgzSXRGbDdVUW1zc0NQNlcwaGF5Y3pVCldIRFlvMUg1dGZqbXhBdVRUMThXS0prVXpNSVdObDZQMWlRSHBWaGF0YVBmazNTKzdaSW51ZmN6Tm12M2lPOHMKekI5RGR6WUFnc3RpCi0tLS0tRU5EIENFUlRJRklDQVRFLS0tLS0K"
              }
            ],
            "cluster_id": null,
            "created_at": "2024-01-15 12:37:02.961 +0000 UTC",
            "enabled_cluster_log_types": [
              "api",
              "audit",
              "authenticator"
            ],
            "encryption_config": [
              {
                "provider": [
                  {
                    "key_arn": "arn:aws:kms:us-east-1:411623750878:key/31a105a8-573a-469b-9d47-f3ffbef2b295"
                  }
                ],
                "resources": [
                  "secrets"
                ]
              }
            ],
            "endpoint": "https://FDF51EF388E04844EC011629268C5893.gr7.us-east-1.eks.amazonaws.com",
            "id": "linxact-nv",
            "identity": [
              {
                "oidc": [
                  {
                    "issuer": "https://oidc.eks.us-east-1.amazonaws.com/id/FDF51EF388E04844EC011629268C5893"
                  }
                ]
              }
            ],
            "kubernetes_network_config": [
              {
                "ip_family": "ipv4",
                "service_ipv4_cidr": "172.20.0.0/16",
                "service_ipv6_cidr": ""
              }
            ],
            "name": "linxact-nv",
            "outpost_config": [],
            "platform_version": "eks.7",
            "role_arn": "arn:aws:iam::411623750878:role/linxact-nv-cluster-20240115123611735500000002",
            "status": "ACTIVE",
            "tags": null,
            "tags_all": {},
            "timeouts": {
              "create": null,
              "delete": null,
              "update": null
            },
            "version": "1.28",
            "vpc_config": [
              {
                "cluster_security_group_id": "sg-0a6bc2f41d53ca80e",
                "endpoint_private_access": true,
                "endpoint_public_access": true,
                "public_access_cidrs": [
                  "0.0.0.0/0"
                ],
                "security_group_ids": [
                  "sg-0510dcb14dcb27272"
                ],
                "subnet_ids": [
                  "subnet-01e64055075efbca5",
                  "subnet-05a763b74d2f8eb19",
                  "subnet-09183d57be515600d",
                  "subnet-099971d834c7a887d",
                  "subnet-0aa3a167c2c15969c"
                ],
                "vpc_id": "vpc-07ee0ae8b9e7e51e9"
              }
            ]
          },
          "sensitive_attributes": [],
          "private": "eyJlMmJmYjczMC1lY2FhLTExZTYtOGY4OC0zNDM2M2JjN2M0YzAiOnsiY3JlYXRlIjoxODAwMDAwMDAwMDAwLCJkZWxldGUiOjkwMDAwMDAwMDAwMCwidXBkYXRlIjozNjAwMDAwMDAwMDAwfX0=",
          "dependencies": [
            "module.eks_n_virginia.data.aws_availability_zones.available",
            "module.eks_n_virginia.module.eks.aws_cloudwatch_log_group.this",
            "module.eks_n_virginia.module.eks.aws_iam_policy.cni_ipv6_policy",
            "module.eks_n_virginia.module.eks.aws_iam_role.this",
            "module.eks_n_virginia.module.eks.aws_iam_role_policy_attachment.this",
            "module.eks_n_virginia.module.eks.aws_security_group.cluster",
            "module.eks_n_virginia.module.eks.aws_security_group.node",
            "module.eks_n_virginia.module.eks.aws_security_group_rule.cluster",
            "module.eks_n_virginia.module.eks.aws_security_group_rule.node",
            "module.eks_n_virginia.module.eks.data.aws_caller_identity.current",
            "module.eks_n_virginia.module.eks.data.aws_iam_policy_document.assume_role_policy",
            "module.eks_n_virginia.module.eks.data.aws_iam_policy_document.cni_ipv6_policy",
            "module.eks_n_virginia.module.eks.data.aws_iam_session_context.current",
            "module.eks_n_virginia.module.eks.data.aws_partition.current",
            "module.eks_n_virginia.module.eks.module.kms.aws_kms_external_key.this",
            "module.eks_n_virginia.module.eks.module.kms.aws_kms_key.this",
            "module.eks_n_virginia.module.eks.module.kms.data.aws_caller_identity.current",
            "module.eks_n_virginia.module.eks.module.kms.data.aws_iam_policy_document.this",
            "module.eks_n_virginia.module.eks.module.kms.data.aws_partition.current",
            "module.eks_n_virginia.module.vpc.aws_subnet.private",
            "module.eks_n_virginia.module.vpc.aws_vpc.this",
            "module.eks_n_virginia.module.vpc.aws_vpc_ipv4_cidr_block_association.this"
          ],
          "create_before_destroy": true
        }
      ]
    },
    {
      "module": "module.eks_n_virginia[0].module.eks",
      "mode": "managed",
      "type": "aws_iam_openid_connect_provider",
      "name": "oidc_provider",
      "provider": "provider[\"registry.terraform.io/hashicorp/aws\"].n_virginia",
      "instances": [
        {
          "index_key": 0,
          "schema_version": 0,
          "attributes": {
            "arn": "arn:aws:iam::411623750878:oidc-provider/oidc.eks.us-east-1.amazonaws.com/id/FDF51EF388E04844EC011629268C5893",
            "client_id_list": [
              "sts.amazonaws.com"
            ],
            "id": "arn:aws:iam::411623750878:oidc-provider/oidc.eks.us-east-1.amazonaws.com/id/FDF51EF388E04844EC011629268C5893",
            "tags": {
              "Name": "linxact-nv-eks-irsa"
            },
            "tags_all": {
              "Name": "linxact-nv-eks-irsa"
            },
            "thumbprint_list": [
              "9e99a48a9960b14926bb7f3b02e22da2b0ab7280",
              "06b25927c42a721631c1efd9431e648fa62e1e39",
              "414a2060b738c635cc7fc243e052615592830c53",
              "aaa68bb211d468db8a8a19561ccba2e4043dcc80"
            ],
            "url": "oidc.eks.us-east-1.amazonaws.com/id/FDF51EF388E04844EC011629268C5893"
          },
          "sensitive_attributes": [],
          "private": "bnVsbA==",
          "dependencies": [
            "module.eks_n_virginia.data.aws_availability_zones.available",
            "module.eks_n_virginia.module.eks.aws_cloudwatch_log_group.this",
            "module.eks_n_virginia.module.eks.aws_eks_cluster.this",
            "module.eks_n_virginia.module.eks.aws_iam_policy.cni_ipv6_policy",
            "module.eks_n_virginia.module.eks.aws_iam_role.this",
            "module.eks_n_virginia.module.eks.aws_iam_role_policy_attachment.this",
            "module.eks_n_virginia.module.eks.aws_security_group.cluster",
            "module.eks_n_virginia.module.eks.aws_security_group.node",
            "module.eks_n_virginia.module.eks.aws_security_group_rule.cluster",
            "module.eks_n_virginia.module.eks.aws_security_group_rule.node",
            "module.eks_n_virginia.module.eks.data.aws_caller_identity.current",
            "module.eks_n_virginia.module.eks.data.aws_iam_policy_document.assume_role_policy",
            "module.eks_n_virginia.module.eks.data.aws_iam_policy_document.cni_ipv6_policy",
            "module.eks_n_virginia.module.eks.data.aws_iam_session_context.current",
            "module.eks_n_virginia.module.eks.data.aws_partition.current",
            "module.eks_n_virginia.module.eks.data.tls_certificate.this",
            "module.eks_n_virginia.module.eks.module.kms.aws_kms_external_key.this",
            "module.eks_n_virginia.module.eks.module.kms.aws_kms_key.this",
            "module.eks_n_virginia.module.eks.module.kms.data.aws_caller_identity.current",
            "module.eks_n_virginia.module.eks.module.kms.data.aws_iam_policy_document.this",
            "module.eks_n_virginia.module.eks.module.kms.data.aws_partition.current",
            "module.eks_n_virginia.module.vpc.aws_subnet.private",
            "module.eks_n_virginia.module.vpc.aws_vpc.this",
            "module.eks_n_virginia.module.vpc.aws_vpc_ipv4_cidr_block_association.this"
          ]
        }
      ]
    },
    {
      "module": "module.eks_n_virginia[0].module.eks",
      "mode": "managed",
      "type": "aws_iam_policy",
      "name": "cluster_encryption",
      "provider": "provider[\"registry.terraform.io/hashicorp/aws\"].n_virginia",
      "instances": [
        {
          "index_key": 0,
          "schema_version": 0,
          "attributes": {
            "arn": "arn:aws:iam::411623750878:policy/linxact-nv-cluster-ClusterEncryption2024011512364464970000000a",
            "description": "Cluster encryption policy to allow cluster role to utilize CMK provided",
            "id": "arn:aws:iam::411623750878:policy/linxact-nv-cluster-ClusterEncryption2024011512364464970000000a",
            "name": "linxact-nv-cluster-ClusterEncryption2024011512364464970000000a",
            "name_prefix": "linxact-nv-cluster-ClusterEncryption",
            "path": "/",
            "policy": "{\"Statement\":[{\"Action\":[\"kms:Encrypt\",\"kms:Decrypt\",\"kms:ListGrants\",\"kms:DescribeKey\"],\"Effect\":\"Allow\",\"Resource\":\"arn:aws:kms:us-east-1:411623750878:key/31a105a8-573a-469b-9d47-f3ffbef2b295\"}],\"Version\":\"2012-10-17\"}",
            "policy_id": "ANPAV7VVP7TPBVAAMZ23O",
            "tags": null,
            "tags_all": {}
          },
          "sensitive_attributes": [],
          "private": "bnVsbA==",
          "dependencies": [
            "module.eks_n_virginia.module.eks.aws_iam_role.this",
            "module.eks_n_virginia.module.eks.data.aws_caller_identity.current",
            "module.eks_n_virginia.module.eks.data.aws_iam_policy_document.assume_role_policy",
            "module.eks_n_virginia.module.eks.data.aws_iam_session_context.current",
            "module.eks_n_virginia.module.eks.data.aws_partition.current",
            "module.eks_n_virginia.module.eks.module.kms.aws_kms_external_key.this",
            "module.eks_n_virginia.module.eks.module.kms.aws_kms_key.this",
            "module.eks_n_virginia.module.eks.module.kms.data.aws_caller_identity.current",
            "module.eks_n_virginia.module.eks.module.kms.data.aws_iam_policy_document.this",
            "module.eks_n_virginia.module.eks.module.kms.data.aws_partition.current"
          ]
        }
      ]
    },
    {
      "module": "module.eks_n_virginia[0].module.eks",
      "mode": "managed",
      "type": "aws_iam_role",
      "name": "this",
      "provider": "provider[\"registry.terraform.io/hashicorp/aws\"].n_virginia",
      "instances": [
        {
          "index_key": 0,
          "schema_version": 0,
          "attributes": {
            "arn": "arn:aws:iam::411623750878:role/linxact-nv-cluster-20240115123611735500000002",
            "assume_role_policy": "{\"Statement\":[{\"Action\":\"sts:AssumeRole\",\"Effect\":\"Allow\",\"Principal\":{\"Service\":\"eks.amazonaws.com\"},\"Sid\":\"EKSClusterAssumeRole\"}],\"Version\":\"2012-10-17\"}",
            "create_date": "2024-01-15T12:36:12Z",
            "description": "",
            "force_detach_policies": true,
            "id": "linxact-nv-cluster-20240115123611735500000002",
            "inline_policy": [
              {
                "name": "linxact-nv-cluster",
                "policy": "{\"Version\":\"2012-10-17\",\"Statement\":[{\"Action\":[\"logs:CreateLogGroup\"],\"Effect\":\"Deny\",\"Resource\":\"*\"}]}"
              }
            ],
            "managed_policy_arns": [],
            "max_session_duration": 3600,
            "name": "linxact-nv-cluster-20240115123611735500000002",
            "name_prefix": "linxact-nv-cluster-",
            "path": "/",
            "permissions_boundary": null,
            "tags": null,
            "tags_all": {},
            "unique_id": "AROAV7VVP7TPG4LFDUA7C"
          },
          "sensitive_attributes": [],
          "private": "bnVsbA==",
          "dependencies": [
            "module.eks_n_virginia.module.eks.data.aws_iam_policy_document.assume_role_policy",
            "module.eks_n_virginia.module.eks.data.aws_partition.current"
          ],
          "create_before_destroy": true
        }
      ]
    },
    {
      "module": "module.eks_n_virginia[0].module.eks",
      "mode": "managed",
      "type": "aws_iam_role_policy_attachment",
      "name": "cluster_encryption",
      "provider": "provider[\"registry.terraform.io/hashicorp/aws\"].n_virginia",
      "instances": [
        {
          "index_key": 0,
          "schema_version": 0,
          "attributes": {
            "id": "linxact-nv-cluster-20240115123611735500000002-2024011512365355330000000b",
            "policy_arn": "arn:aws:iam::411623750878:policy/linxact-nv-cluster-ClusterEncryption2024011512364464970000000a",
            "role": "linxact-nv-cluster-20240115123611735500000002"
          },
          "sensitive_attributes": [],
          "private": "bnVsbA==",
          "dependencies": [
            "module.eks_n_virginia.module.eks.aws_iam_policy.cluster_encryption",
            "module.eks_n_virginia.module.eks.aws_iam_role.this",
            "module.eks_n_virginia.module.eks.data.aws_caller_identity.current",
            "module.eks_n_virginia.module.eks.data.aws_iam_policy_document.assume_role_policy",
            "module.eks_n_virginia.module.eks.data.aws_iam_session_context.current",
            "module.eks_n_virginia.module.eks.data.aws_partition.current",
            "module.eks_n_virginia.module.eks.module.kms.aws_kms_external_key.this",
            "module.eks_n_virginia.module.eks.module.kms.aws_kms_key.this",
            "module.eks_n_virginia.module.eks.module.kms.data.aws_caller_identity.current",
            "module.eks_n_virginia.module.eks.module.kms.data.aws_iam_policy_document.this",
            "module.eks_n_virginia.module.eks.module.kms.data.aws_partition.current"
          ]
        }
      ]
    },
    {
      "module": "module.eks_n_virginia[0].module.eks",
      "mode": "managed",
      "type": "aws_iam_role_policy_attachment",
      "name": "this",
      "provider": "provider[\"registry.terraform.io/hashicorp/aws\"].n_virginia",
      "instances": [
        {
          "index_key": "AmazonEKSClusterPolicy",
          "schema_version": 0,
          "attributes": {
            "id": "linxact-nv-cluster-20240115123611735500000002-20240115123613122200000006",
            "policy_arn": "arn:aws:iam::aws:policy/AmazonEKSClusterPolicy",
            "role": "linxact-nv-cluster-20240115123611735500000002"
          },
          "sensitive_attributes": [],
          "private": "bnVsbA==",
          "dependencies": [
            "module.eks_n_virginia.module.eks.aws_iam_role.this",
            "module.eks_n_virginia.module.eks.data.aws_iam_policy_document.assume_role_policy",
            "module.eks_n_virginia.module.eks.data.aws_partition.current"
          ],
          "create_before_destroy": true
        },
        {
          "index_key": "AmazonEKSVPCResourceController",
          "schema_version": 0,
          "attributes": {
            "id": "linxact-nv-cluster-20240115123611735500000002-20240115123613133100000007",
            "policy_arn": "arn:aws:iam::aws:policy/AmazonEKSVPCResourceController",
            "role": "linxact-nv-cluster-20240115123611735500000002"
          },
          "sensitive_attributes": [],
          "private": "bnVsbA==",
          "dependencies": [
            "module.eks_n_virginia.module.eks.aws_iam_role.this",
            "module.eks_n_virginia.module.eks.data.aws_iam_policy_document.assume_role_policy",
            "module.eks_n_virginia.module.eks.data.aws_partition.current"
          ],
          "create_before_destroy": true
        }
      ]
    },
    {
      "module": "module.eks_n_virginia[0].module.eks",
      "mode": "managed",
      "type": "aws_security_group",
      "name": "cluster",
      "provider": "provider[\"registry.terraform.io/hashicorp/aws\"].n_virginia",
      "instances": [
        {
          "index_key": 0,
          "schema_version": 1,
          "attributes": {
            "arn": "arn:aws:ec2:us-east-1:411623750878:security-group/sg-0510dcb14dcb27272",
            "description": "EKS cluster security group",
            "egress": [],
            "id": "sg-0510dcb14dcb27272",
            "ingress": [],
            "name": "linxact-nv-cluster-20240115123632515400000009",
            "name_prefix": "linxact-nv-cluster-",
            "owner_id": "411623750878",
            "revoke_rules_on_delete": false,
            "tags": {
              "Name": "linxact-nv-cluster"
            },
            "tags_all": {
              "Name": "linxact-nv-cluster"
            },
            "timeouts": null,
            "vpc_id": "vpc-07ee0ae8b9e7e51e9"
          },
          "sensitive_attributes": [],
          "private": "eyJlMmJmYjczMC1lY2FhLTExZTYtOGY4OC0zNDM2M2JjN2M0YzAiOnsiY3JlYXRlIjo2MDAwMDAwMDAwMDAsImRlbGV0ZSI6OTAwMDAwMDAwMDAwfSwic2NoZW1hX3ZlcnNpb24iOiIxIn0=",
          "dependencies": [
            "module.eks_n_virginia.module.vpc.aws_vpc.this"
          ],
          "create_before_destroy": true
        }
      ]
    },
    {
      "module": "module.eks_n_virginia[0].module.eks",
      "mode": "managed",
      "type": "aws_security_group",
      "name": "node",
      "provider": "provider[\"registry.terraform.io/hashicorp/aws\"].n_virginia",
      "instances": [
        {
          "index_key": 0,
          "schema_version": 1,
          "attributes": {
            "arn": "arn:aws:ec2:us-east-1:411623750878:security-group/sg-06b08abb1ef896565",
            "description": "EKS node shared security group",
            "egress": [],
            "id": "sg-06b08abb1ef896565",
            "ingress": [],
            "name": "linxact-nv-node-20240115123632492600000008",
            "name_prefix": "linxact-nv-node-",
            "owner_id": "411623750878",
            "revoke_rules_on_delete": false,
            "tags": {
              "Name": "linxact-nv-node",
              "kubernetes.io/cluster/linxact-nv": "owned"
            },
            "tags_all": {
              "Name": "linxact-nv-node",
              "kubernetes.io/cluster/linxact-nv": "owned"
            },
            "timeouts": null,
            "vpc_id": "vpc-07ee0ae8b9e7e51e9"
          },
          "sensitive_attributes": [],
          "private": "eyJlMmJmYjczMC1lY2FhLTExZTYtOGY4OC0zNDM2M2JjN2M0YzAiOnsiY3JlYXRlIjo2MDAwMDAwMDAwMDAsImRlbGV0ZSI6OTAwMDAwMDAwMDAwfSwic2NoZW1hX3ZlcnNpb24iOiIxIn0=",
          "dependencies": [
            "module.eks_n_virginia.module.vpc.aws_vpc.this"
          ],
          "create_before_destroy": true
        }
      ]
    },
    {
      "module": "module.eks_n_virginia[0].module.eks",
      "mode": "managed",
      "type": "aws_security_group_rule",
      "name": "cluster",
      "provider": "provider[\"registry.terraform.io/hashicorp/aws\"].n_virginia",
      "instances": [
        {
          "index_key": "ingress_nodes_443",
          "schema_version": 2,
          "attributes": {
            "cidr_blocks": null,
            "description": "Node groups to cluster API",
            "from_port": 443,
            "id": "sgrule-803647091",
            "ipv6_cidr_blocks": null,
            "prefix_list_ids": null,
            "protocol": "tcp",
            "security_group_id": "sg-0510dcb14dcb27272",
            "security_group_rule_id": "sgr-069ebf088f9476995",
            "self": false,
            "source_security_group_id": "sg-06b08abb1ef896565",
            "timeouts": null,
            "to_port": 443,
            "type": "ingress"
          },
          "sensitive_attributes": [],
          "private": "eyJlMmJmYjczMC1lY2FhLTExZTYtOGY4OC0zNDM2M2JjN2M0YzAiOnsiY3JlYXRlIjozMDAwMDAwMDAwMDB9LCJzY2hlbWFfdmVyc2lvbiI6IjIifQ==",
          "dependencies": [
            "module.eks_n_virginia.module.eks.aws_security_group.cluster",
            "module.eks_n_virginia.module.eks.aws_security_group.node",
            "module.eks_n_virginia.module.vpc.aws_vpc.this"
          ],
          "create_before_destroy": true
        }
      ]
    },
    {
      "module": "module.eks_n_virginia[0].module.eks",
      "mode": "managed",
      "type": "aws_security_group_rule",
      "name": "node",
      "provider": "provider[\"registry.terraform.io/hashicorp/aws\"].n_virginia",
      "instances": [
        {
          "index_key": "egress_all",
          "schema_version": 2,
          "attributes": {
            "cidr_blocks": [
              "0.0.0.0/0"
            ],
            "description": "Allow all egress",
            "from_port": 0,
            "id": "sgrule-1214659813",
            "ipv6_cidr_blocks": null,
            "prefix_list_ids": [],
            "protocol": "-1",
            "security_group_id": "sg-06b08abb1ef896565",
            "security_group_rule_id": "sgr-099c1bbe5cb9382ec",
            "self": false,
            "source_security_group_id": null,
            "timeouts": null,
            "to_port": 0,
            "type": "egress"
          },
          "sensitive_attributes": [],
          "private": "eyJlMmJmYjczMC1lY2FhLTExZTYtOGY4OC0zNDM2M2JjN2M0YzAiOnsiY3JlYXRlIjozMDAwMDAwMDAwMDB9LCJzY2hlbWFfdmVyc2lvbiI6IjIifQ==",
          "dependencies": [
            "module.eks_n_virginia.module.eks.aws_security_group.cluster",
            "module.eks_n_virginia.module.eks.aws_security_group.node",
            "module.eks_n_virginia.module.vpc.aws_vpc.this"
          ],
          "create_before_destroy": true
        },
        {
          "index_key": "ingress_cluster_443",
          "schema_version": 2,
          "attributes": {
            "cidr_blocks": null,
            "description": "Cluster API to node groups",
            "from_port": 443,
            "id": "sgrule-3630171041",
            "ipv6_cidr_blocks": null,
            "prefix_list_ids": [],
            "protocol": "tcp",
            "security_group_id": "sg-06b08abb1ef896565",
            "security_group_rule_id": "sgr-0b00d6ce0725df3b4",
            "self": false,
            "source_security_group_id": "sg-0510dcb14dcb27272",
            "timeouts": null,
            "to_port": 443,
            "type": "ingress"
          },
          "sensitive_attributes": [],
          "private": "eyJlMmJmYjczMC1lY2FhLTExZTYtOGY4OC0zNDM2M2JjN2M0YzAiOnsiY3JlYXRlIjozMDAwMDAwMDAwMDB9LCJzY2hlbWFfdmVyc2lvbiI6IjIifQ==",
          "dependencies": [
            "module.eks_n_virginia.module.eks.aws_security_group.cluster",
            "module.eks_n_virginia.module.eks.aws_security_group.node",
            "module.eks_n_virginia.module.vpc.aws_vpc.this"
          ],
          "create_before_destroy": true
        },
        {
          "index_key": "ingress_cluster_4443_webhook",
          "schema_version": 2,
          "attributes": {
            "cidr_blocks": null,
            "description": "Cluster API to node 4443/tcp webhook",
            "from_port": 4443,
            "id": "sgrule-1332045624",
            "ipv6_cidr_blocks": null,
            "prefix_list_ids": [],
            "protocol": "tcp",
            "security_group_id": "sg-06b08abb1ef896565",
            "security_group_rule_id": "sgr-09d2cb94738c65eec",
            "self": false,
            "source_security_group_id": "sg-0510dcb14dcb27272",
            "timeouts": null,
            "to_port": 4443,
            "type": "ingress"
          },
          "sensitive_attributes": [],
          "private": "eyJlMmJmYjczMC1lY2FhLTExZTYtOGY4OC0zNDM2M2JjN2M0YzAiOnsiY3JlYXRlIjozMDAwMDAwMDAwMDB9LCJzY2hlbWFfdmVyc2lvbiI6IjIifQ==",
          "dependencies": [
            "module.eks_n_virginia.module.eks.aws_security_group.cluster",
            "module.eks_n_virginia.module.eks.aws_security_group.node",
            "module.eks_n_virginia.module.vpc.aws_vpc.this"
          ],
          "create_before_destroy": true
        },
        {
          "index_key": "ingress_cluster_6443_webhook",
          "schema_version": 2,
          "attributes": {
            "cidr_blocks": null,
            "description": "Cluster API to node 6443/tcp webhook",
            "from_port": 6443,
            "id": "sgrule-2250703022",
            "ipv6_cidr_blocks": null,
            "prefix_list_ids": [],
            "protocol": "tcp",
            "security_group_id": "sg-06b08abb1ef896565",
            "security_group_rule_id": "sgr-0950ab658da5790b4",
            "self": false,
            "source_security_group_id": "sg-0510dcb14dcb27272",
            "timeouts": null,
            "to_port": 6443,
            "type": "ingress"
          },
          "sensitive_attributes": [],
          "private": "eyJlMmJmYjczMC1lY2FhLTExZTYtOGY4OC0zNDM2M2JjN2M0YzAiOnsiY3JlYXRlIjozMDAwMDAwMDAwMDB9LCJzY2hlbWFfdmVyc2lvbiI6IjIifQ==",
          "dependencies": [
            "module.eks_n_virginia.module.eks.aws_security_group.cluster",
            "module.eks_n_virginia.module.eks.aws_security_group.node",
            "module.eks_n_virginia.module.vpc.aws_vpc.this"
          ],
          "create_before_destroy": true
        },
        {
          "index_key": "ingress_cluster_8443_webhook",
          "schema_version": 2,
          "attributes": {
            "cidr_blocks": null,
            "description": "Cluster API to node 8443/tcp webhook",
            "from_port": 8443,
            "id": "sgrule-2507881615",
            "ipv6_cidr_blocks": null,
            "prefix_list_ids": [],
            "protocol": "tcp",
            "security_group_id": "sg-06b08abb1ef896565",
            "security_group_rule_id": "sgr-0471978b1e0b4f9a9",
            "self": false,
            "source_security_group_id": "sg-0510dcb14dcb27272",
            "timeouts": null,
            "to_port": 8443,
            "type": "ingress"
          },
          "sensitive_attributes": [],
          "private": "eyJlMmJmYjczMC1lY2FhLTExZTYtOGY4OC0zNDM2M2JjN2M0YzAiOnsiY3JlYXRlIjozMDAwMDAwMDAwMDB9LCJzY2hlbWFfdmVyc2lvbiI6IjIifQ==",
          "dependencies": [
            "module.eks_n_virginia.module.eks.aws_security_group.cluster",
            "module.eks_n_virginia.module.eks.aws_security_group.node",
            "module.eks_n_virginia.module.vpc.aws_vpc.this"
          ],
          "create_before_destroy": true
        },
        {
          "index_key": "ingress_cluster_9443_webhook",
          "schema_version": 2,
          "attributes": {
            "cidr_blocks": null,
            "description": "Cluster API to node 9443/tcp webhook",
            "from_port": 9443,
            "id": "sgrule-4057599812",
            "ipv6_cidr_blocks": null,
            "prefix_list_ids": [],
            "protocol": "tcp",
            "security_group_id": "sg-06b08abb1ef896565",
            "security_group_rule_id": "sgr-07818aa9f8859827e",
            "self": false,
            "source_security_group_id": "sg-0510dcb14dcb27272",
            "timeouts": null,
            "to_port": 9443,
            "type": "ingress"
          },
          "sensitive_attributes": [],
          "private": "eyJlMmJmYjczMC1lY2FhLTExZTYtOGY4OC0zNDM2M2JjN2M0YzAiOnsiY3JlYXRlIjozMDAwMDAwMDAwMDB9LCJzY2hlbWFfdmVyc2lvbiI6IjIifQ==",
          "dependencies": [
            "module.eks_n_virginia.module.eks.aws_security_group.cluster",
            "module.eks_n_virginia.module.eks.aws_security_group.node",
            "module.eks_n_virginia.module.vpc.aws_vpc.this"
          ],
          "create_before_destroy": true
        },
        {
          "index_key": "ingress_cluster_kubelet",
          "schema_version": 2,
          "attributes": {
            "cidr_blocks": null,
            "description": "Cluster API to node kubelets",
            "from_port": 10250,
            "id": "sgrule-509588385",
            "ipv6_cidr_blocks": null,
            "prefix_list_ids": [],
            "protocol": "tcp",
            "security_group_id": "sg-06b08abb1ef896565",
            "security_group_rule_id": "sgr-04a0bc037565c0bdd",
            "self": false,
            "source_security_group_id": "sg-0510dcb14dcb27272",
            "timeouts": null,
            "to_port": 10250,
            "type": "ingress"
          },
          "sensitive_attributes": [],
          "private": "eyJlMmJmYjczMC1lY2FhLTExZTYtOGY4OC0zNDM2M2JjN2M0YzAiOnsiY3JlYXRlIjozMDAwMDAwMDAwMDB9LCJzY2hlbWFfdmVyc2lvbiI6IjIifQ==",
          "dependencies": [
            "module.eks_n_virginia.module.eks.aws_security_group.cluster",
            "module.eks_n_virginia.module.eks.aws_security_group.node",
            "module.eks_n_virginia.module.vpc.aws_vpc.this"
          ],
          "create_before_destroy": true
        },
        {
          "index_key": "ingress_nodes_ephemeral",
          "schema_version": 2,
          "attributes": {
            "cidr_blocks": null,
            "description": "Node to node ingress on ephemeral ports",
            "from_port": 1025,
            "id": "sgrule-3137612801",
            "ipv6_cidr_blocks": null,
            "prefix_list_ids": [],
            "protocol": "tcp",
            "security_group_id": "sg-06b08abb1ef896565",
            "security_group_rule_id": "sgr-00b5ffd261a71a010",
            "self": true,
            "source_security_group_id": null,
            "timeouts": null,
            "to_port": 65535,
            "type": "ingress"
          },
          "sensitive_attributes": [],
          "private": "eyJlMmJmYjczMC1lY2FhLTExZTYtOGY4OC0zNDM2M2JjN2M0YzAiOnsiY3JlYXRlIjozMDAwMDAwMDAwMDB9LCJzY2hlbWFfdmVyc2lvbiI6IjIifQ==",
          "dependencies": [
            "module.eks_n_virginia.module.eks.aws_security_group.cluster",
            "module.eks_n_virginia.module.eks.aws_security_group.node",
            "module.eks_n_virginia.module.vpc.aws_vpc.this"
          ],
          "create_before_destroy": true
        },
        {
          "index_key": "ingress_self_coredns_tcp",
          "schema_version": 2,
          "attributes": {
            "cidr_blocks": null,
            "description": "Node to node CoreDNS",
            "from_port": 53,
            "id": "sgrule-3044820209",
            "ipv6_cidr_blocks": null,
            "prefix_list_ids": [],
            "protocol": "tcp",
            "security_group_id": "sg-06b08abb1ef896565",
            "security_group_rule_id": "sgr-0e9c734d5cc435e66",
            "self": true,
            "source_security_group_id": null,
            "timeouts": null,
            "to_port": 53,
            "type": "ingress"
          },
          "sensitive_attributes": [],
          "private": "eyJlMmJmYjczMC1lY2FhLTExZTYtOGY4OC0zNDM2M2JjN2M0YzAiOnsiY3JlYXRlIjozMDAwMDAwMDAwMDB9LCJzY2hlbWFfdmVyc2lvbiI6IjIifQ==",
          "dependencies": [
            "module.eks_n_virginia.module.eks.aws_security_group.cluster",
            "module.eks_n_virginia.module.eks.aws_security_group.node",
            "module.eks_n_virginia.module.vpc.aws_vpc.this"
          ],
          "create_before_destroy": true
        },
        {
          "index_key": "ingress_self_coredns_udp",
          "schema_version": 2,
          "attributes": {
            "cidr_blocks": null,
            "description": "Node to node CoreDNS UDP",
            "from_port": 53,
            "id": "sgrule-287565598",
            "ipv6_cidr_blocks": null,
            "prefix_list_ids": [],
            "protocol": "udp",
            "security_group_id": "sg-06b08abb1ef896565",
            "security_group_rule_id": "sgr-0ecb7d7f271c3b0b9",
            "self": true,
            "source_security_group_id": null,
            "timeouts": null,
            "to_port": 53,
            "type": "ingress"
          },
          "sensitive_attributes": [],
          "private": "eyJlMmJmYjczMC1lY2FhLTExZTYtOGY4OC0zNDM2M2JjN2M0YzAiOnsiY3JlYXRlIjozMDAwMDAwMDAwMDB9LCJzY2hlbWFfdmVyc2lvbiI6IjIifQ==",
          "dependencies": [
            "module.eks_n_virginia.module.eks.aws_security_group.cluster",
            "module.eks_n_virginia.module.eks.aws_security_group.node",
            "module.eks_n_virginia.module.vpc.aws_vpc.this"
          ],
          "create_before_destroy": true
        }
      ]
    },
    {
      "module": "module.eks_n_virginia[0].module.eks",
      "mode": "managed",
      "type": "time_sleep",
      "name": "this",
      "provider": "provider[\"registry.terraform.io/hashicorp/time\"]",
      "instances": [
        {
          "index_key": 0,
          "schema_version": 0,
          "attributes": {
            "create_duration": "30s",
            "destroy_duration": null,
            "id": "2024-01-15T12:44:59Z",
            "triggers": {
              "cluster_certificate_authority_data": "LS0tLS1CRUdJTiBDRVJUSUZJQ0FURS0tLS0tCk1JSURCVENDQWUyZ0F3SUJBZ0lJSUpsbmlUbW0xRlV3RFFZSktvWklodmNOQVFFTEJRQXdGVEVUTUJFR0ExVUUKQXhNS2EzVmlaWEp1WlhSbGN6QWVGdzB5TkRBeE1UVXhNak0yTVRWYUZ3MHpOREF4TVRJeE1qUXhNVFZhTUJVeApFekFSQmdOVkJBTVRDbXQxWW1WeWJtVjBaWE13Z2dFaU1BMEdDU3FHU0liM0RRRUJBUVVBQTRJQkR3QXdnZ0VLCkFvSUJBUUMxdUU4akx5SGxMZVV3WkR0cVk0RjFmY3hrWHdCRWkxMVY4dklyczQ4UzJCWmR4YlhKZWlqY21hZXAKQ0UzajJiTExXSmp6MjRBSy8zQW1uakZ3Z1JJd1JEZk5IMFp4QVprRlcrWWd4V2tMSVF2NGlFVmNwTzQ2MURuYQozQlhGN3pTeCs4YW1sdFN4YmIrMGdXMHlpU2Z5KzNHaTVLZEw4VHoyVEwwUUpoYUlUMXBYLzB1QmFOZVllRFlSCmE3Slgxck5Ld3FZeDY5WmRseU8vUmRFSmdzNWxyVWdnYWpHMStUeG5JY25tNlJCRVE5YkxBUGdXN3V1UTFnazEKY1Zyd0UrWkhWMVJmMDIvd05QV0V1a1JMNWpoVHR5TlJNZlpZMis1REM4RDc0dXNFYUN5aWpSd3NDVnk4cmNPOApTS2JtYWQ0aE44TTltUDU3YlErRHFlV3ByeDRwQWdNQkFBR2pXVEJYTUE0R0ExVWREd0VCL3dRRUF3SUNwREFQCkJnTlZIUk1CQWY4RUJUQURBUUgvTUIwR0ExVWREZ1FXQkJUQmtJeU9BS1ZFbktnbngweVVGOUlYbGlHVVF6QVYKQmdOVkhSRUVEakFNZ2dwcmRXSmxjbTVsZEdWek1BMEdDU3FHU0liM0RRRUJDd1VBQTRJQkFRQ0NmWnRDR2hRZApvOUlOdUQxWkUraTZIQWw1dklBOU4rU2V0WjB1aTN4eHFuQ0xVbWtrbG0yTXNnNUhOOHUzV2NjSVBPZU9OQXFBCmh1UU9mZUJrSFIzVUNQYktjMHhzZTFEdEZJbFNHaTRzNm4yNHB5SDgrd0pHdGdKT3FmYlVkUU9YMnIwMzlmNDQKZXQ1WGdJZVpOY2NVWENPQ2Fyem1Rcm1DOVluZzBIcG5odWpJQXN4cmF4d2FxV1V2ejd2NjNxclVReE5xNENxbwpDUktvdkRqeHVxU0Z3a1FvZzdBM1AwSHBZTWswVTZrYlZub3JJRG01bXgzSXRGbDdVUW1zc0NQNlcwaGF5Y3pVCldIRFlvMUg1dGZqbXhBdVRUMThXS0prVXpNSVdObDZQMWlRSHBWaGF0YVBmazNTKzdaSW51ZmN6Tm12M2lPOHMKekI5RGR6WUFnc3RpCi0tLS0tRU5EIENFUlRJRklDQVRFLS0tLS0K",
              "cluster_endpoint": "https://FDF51EF388E04844EC011629268C5893.gr7.us-east-1.eks.amazonaws.com",
              "cluster_name": "linxact-nv",
              "cluster_version": "1.28"
            }
          },
          "sensitive_attributes": [],
          "dependencies": [
            "module.eks_n_virginia.data.aws_availability_zones.available",
            "module.eks_n_virginia.module.eks.aws_cloudwatch_log_group.this",
            "module.eks_n_virginia.module.eks.aws_eks_cluster.this",
            "module.eks_n_virginia.module.eks.aws_iam_policy.cni_ipv6_policy",
            "module.eks_n_virginia.module.eks.aws_iam_role.this",
            "module.eks_n_virginia.module.eks.aws_iam_role_policy_attachment.this",
            "module.eks_n_virginia.module.eks.aws_security_group.cluster",
            "module.eks_n_virginia.module.eks.aws_security_group.node",
            "module.eks_n_virginia.module.eks.aws_security_group_rule.cluster",
            "module.eks_n_virginia.module.eks.aws_security_group_rule.node",
            "module.eks_n_virginia.module.eks.data.aws_caller_identity.current",
            "module.eks_n_virginia.module.eks.data.aws_iam_policy_document.assume_role_policy",
            "module.eks_n_virginia.module.eks.data.aws_iam_policy_document.cni_ipv6_policy",
            "module.eks_n_virginia.module.eks.data.aws_iam_session_context.current",
            "module.eks_n_virginia.module.eks.data.aws_partition.current",
            "module.eks_n_virginia.module.eks.module.kms.aws_kms_external_key.this",
            "module.eks_n_virginia.module.eks.module.kms.aws_kms_key.this",
            "module.eks_n_virginia.module.eks.module.kms.data.aws_caller_identity.current",
            "module.eks_n_virginia.module.eks.module.kms.data.aws_iam_policy_document.this",
            "module.eks_n_virginia.module.eks.module.kms.data.aws_partition.current",
            "module.eks_n_virginia.module.vpc.aws_subnet.private",
            "module.eks_n_virginia.module.vpc.aws_vpc.this",
            "module.eks_n_virginia.module.vpc.aws_vpc_ipv4_cidr_block_association.this"
          ],
          "create_before_destroy": true
        }
      ]
    },
    {
      "module": "module.eks_n_virginia[0].module.eks.module.eks_managed_node_group[\"default_node_group\"]",
      "mode": "data",
      "type": "aws_caller_identity",
      "name": "current",
      "provider": "provider[\"registry.terraform.io/hashicorp/aws\"].n_virginia",
      "instances": [
        {
          "schema_version": 0,
          "attributes": {
            "account_id": "411623750878",
            "arn": "arn:aws:iam::411623750878:user/olexiy",
            "id": "411623750878",
            "user_id": "AIDAV7VVP7TPJ6HRCC3PA"
          },
          "sensitive_attributes": []
        }
      ]
    },
    {
      "module": "module.eks_n_virginia[0].module.eks.module.eks_managed_node_group[\"default_node_group\"]",
      "mode": "data",
      "type": "aws_iam_policy_document",
      "name": "assume_role_policy",
      "provider": "provider[\"registry.terraform.io/hashicorp/aws\"].n_virginia",
      "instances": [
        {
          "index_key": 0,
          "schema_version": 0,
          "attributes": {
            "id": "2560088296",
            "json": "{\n  \"Version\": \"2012-10-17\",\n  \"Statement\": [\n    {\n      \"Sid\": \"EKSNodeAssumeRole\",\n      \"Effect\": \"Allow\",\n      \"Action\": \"sts:AssumeRole\",\n      \"Principal\": {\n        \"Service\": \"ec2.amazonaws.com\"\n      }\n    }\n  ]\n}",
            "override_policy_documents": null,
            "policy_id": null,
            "source_policy_documents": null,
            "statement": [
              {
                "actions": [
                  "sts:AssumeRole"
                ],
                "condition": [],
                "effect": "Allow",
                "not_actions": [],
                "not_principals": [],
                "not_resources": [],
                "principals": [
                  {
                    "identifiers": [
                      "ec2.amazonaws.com"
                    ],
                    "type": "Service"
                  }
                ],
                "resources": [],
                "sid": "EKSNodeAssumeRole"
              }
            ],
            "version": "2012-10-17"
          },
          "sensitive_attributes": []
        }
      ]
    },
    {
      "module": "module.eks_n_virginia[0].module.eks.module.eks_managed_node_group[\"default_node_group\"]",
      "mode": "data",
      "type": "aws_partition",
      "name": "current",
      "provider": "provider[\"registry.terraform.io/hashicorp/aws\"].n_virginia",
      "instances": [
        {
          "schema_version": 0,
          "attributes": {
            "dns_suffix": "amazonaws.com",
            "id": "aws",
            "partition": "aws",
            "reverse_dns_prefix": "com.amazonaws"
          },
          "sensitive_attributes": []
        }
      ]
    },
    {
      "module": "module.eks_n_virginia[0].module.eks.module.eks_managed_node_group[\"default_node_group\"]",
      "mode": "managed",
      "type": "aws_eks_node_group",
      "name": "this",
      "provider": "provider[\"registry.terraform.io/hashicorp/aws\"].n_virginia",
      "instances": [
        {
          "index_key": 0,
          "schema_version": 0,
          "attributes": {
            "ami_type": "AL2_ARM_64",
            "arn": "arn:aws:eks:us-east-1:411623750878:nodegroup/linxact-nv/crawl-1-2024011512450089570000000f/0ac68693-b141-db82-2a2a-6580d3c0fe94",
            "capacity_type": "SPOT",
            "cluster_name": "linxact-nv",
            "disk_size": 0,
            "force_update_version": null,
            "id": "linxact-nv:crawl-1-2024011512450089570000000f",
            "instance_types": [
              "r7g.medium",
              "r7gd.medium",
              "r6g.medium",
              "r6gd.medium"
            ],
            "labels": null,
            "launch_template": [
              {
                "id": "lt-0b7fe997623a124e7",
                "name": "default_node_group-2024011512445984710000000d",
                "version": "1"
              }
            ],
            "node_group_name": "crawl-1-2024011512450089570000000f",
            "node_group_name_prefix": "crawl-1-",
            "node_role_arn": "arn:aws:iam::411623750878:role/crawl-1-eks-node-group-20240115123610119100000001",
            "release_version": "1.28.5-20240110",
            "remote_access": [],
            "resources": [
              {
                "autoscaling_groups": [
                  {
                    "name": "eks-crawl-1-2024011512450089570000000f-0ac68693-b141-db82-2a2a-6580d3c0fe94"
                  }
                ],
                "remote_access_security_group_id": ""
              }
            ],
            "scaling_config": [
              {
                "desired_size": 1,
                "max_size": 3,
                "min_size": 1
              }
            ],
            "status": "ACTIVE",
            "subnet_ids": [
              "subnet-01e64055075efbca5",
              "subnet-05a763b74d2f8eb19",
              "subnet-09183d57be515600d",
              "subnet-099971d834c7a887d",
              "subnet-0aa3a167c2c15969c"
            ],
            "tags": {
              "Name": "crawl-1"
            },
            "tags_all": {
              "Name": "crawl-1"
            },
            "taint": [],
            "timeouts": {
              "create": null,
              "delete": null,
              "update": null
            },
            "update_config": [
              {
                "max_unavailable": 0,
                "max_unavailable_percentage": 33
              }
            ],
            "version": "1.28"
          },
          "sensitive_attributes": [],
          "private": "eyJlMmJmYjczMC1lY2FhLTExZTYtOGY4OC0zNDM2M2JjN2M0YzAiOnsiY3JlYXRlIjozNjAwMDAwMDAwMDAwLCJkZWxldGUiOjM2MDAwMDAwMDAwMDAsInVwZGF0ZSI6MzYwMDAwMDAwMDAwMH19",
          "dependencies": [
            "module.eks_n_virginia.data.aws_availability_zones.available",
            "module.eks_n_virginia.module.eks.aws_cloudwatch_log_group.this",
            "module.eks_n_virginia.module.eks.aws_eks_cluster.this",
            "module.eks_n_virginia.module.eks.aws_iam_policy.cni_ipv6_policy",
            "module.eks_n_virginia.module.eks.aws_iam_role.this",
            "module.eks_n_virginia.module.eks.aws_iam_role_policy_attachment.this",
            "module.eks_n_virginia.module.eks.aws_security_group.cluster",
            "module.eks_n_virginia.module.eks.aws_security_group.node",
            "module.eks_n_virginia.module.eks.aws_security_group_rule.cluster",
            "module.eks_n_virginia.module.eks.aws_security_group_rule.node",
            "module.eks_n_virginia.module.eks.data.aws_caller_identity.current",
            "module.eks_n_virginia.module.eks.data.aws_iam_policy_document.assume_role_policy",
            "module.eks_n_virginia.module.eks.data.aws_iam_policy_document.cni_ipv6_policy",
            "module.eks_n_virginia.module.eks.data.aws_iam_session_context.current",
            "module.eks_n_virginia.module.eks.data.aws_partition.current",
            "module.eks_n_virginia.module.eks.module.eks_managed_node_group.aws_iam_role.this",
            "module.eks_n_virginia.module.eks.module.eks_managed_node_group.aws_iam_role_policy_attachment.this",
            "module.eks_n_virginia.module.eks.module.eks_managed_node_group.aws_launch_template.this",
            "module.eks_n_virginia.module.eks.module.eks_managed_node_group.data.aws_caller_identity.current",
            "module.eks_n_virginia.module.eks.module.eks_managed_node_group.data.aws_iam_policy_document.assume_role_policy",
            "module.eks_n_virginia.module.eks.module.eks_managed_node_group.data.aws_partition.current",
            "module.eks_n_virginia.module.eks.module.eks_managed_node_group.module.user_data.data.cloudinit_config.linux_eks_managed_node_group",
            "module.eks_n_virginia.module.eks.module.kms.aws_kms_external_key.this",
            "module.eks_n_virginia.module.eks.module.kms.aws_kms_key.this",
            "module.eks_n_virginia.module.eks.module.kms.data.aws_caller_identity.current",
            "module.eks_n_virginia.module.eks.module.kms.data.aws_iam_policy_document.this",
            "module.eks_n_virginia.module.eks.module.kms.data.aws_partition.current",
            "module.eks_n_virginia.module.eks.time_sleep.this",
            "module.eks_n_virginia.module.vpc.aws_subnet.private",
            "module.eks_n_virginia.module.vpc.aws_vpc.this",
            "module.eks_n_virginia.module.vpc.aws_vpc_ipv4_cidr_block_association.this"
          ],
          "create_before_destroy": true
        }
      ]
    },
    {
      "module": "module.eks_n_virginia[0].module.eks.module.eks_managed_node_group[\"default_node_group\"]",
      "mode": "managed",
      "type": "aws_iam_role",
      "name": "this",
      "provider": "provider[\"registry.terraform.io/hashicorp/aws\"].n_virginia",
      "instances": [
        {
          "index_key": 0,
          "schema_version": 0,
          "attributes": {
            "arn": "arn:aws:iam::411623750878:role/crawl-1-eks-node-group-20240115123610119100000001",
            "assume_role_policy": "{\"Statement\":[{\"Action\":\"sts:AssumeRole\",\"Effect\":\"Allow\",\"Principal\":{\"Service\":\"ec2.amazonaws.com\"},\"Sid\":\"EKSNodeAssumeRole\"}],\"Version\":\"2012-10-17\"}",
            "create_date": "2024-01-15T12:36:11Z",
            "description": "EKS managed node group IAM role",
            "force_detach_policies": true,
            "id": "crawl-1-eks-node-group-20240115123610119100000001",
            "inline_policy": [],
            "managed_policy_arns": [],
            "max_session_duration": 3600,
            "name": "crawl-1-eks-node-group-20240115123610119100000001",
            "name_prefix": "crawl-1-eks-node-group-",
            "path": "/",
            "permissions_boundary": null,
            "tags": null,
            "tags_all": {},
            "unique_id": "AROAV7VVP7TPBEHFBVHY6"
          },
          "sensitive_attributes": [],
          "private": "bnVsbA==",
          "dependencies": [
            "module.eks_n_virginia.module.eks.module.eks_managed_node_group.data.aws_iam_policy_document.assume_role_policy",
            "module.eks_n_virginia.module.eks.module.eks_managed_node_group.data.aws_partition.current"
          ],
          "create_before_destroy": true
        }
      ]
    },
    {
      "module": "module.eks_n_virginia[0].module.eks.module.eks_managed_node_group[\"default_node_group\"]",
      "mode": "managed",
      "type": "aws_iam_role_policy_attachment",
      "name": "this",
      "provider": "provider[\"registry.terraform.io/hashicorp/aws\"].n_virginia",
      "instances": [
        {
          "index_key": "arn:aws:iam::aws:policy/AmazonEC2ContainerRegistryReadOnly",
          "schema_version": 0,
          "attributes": {
            "id": "crawl-1-eks-node-group-20240115123610119100000001-20240115123612460400000004",
            "policy_arn": "arn:aws:iam::aws:policy/AmazonEC2ContainerRegistryReadOnly",
            "role": "crawl-1-eks-node-group-20240115123610119100000001"
          },
          "sensitive_attributes": [],
          "private": "bnVsbA==",
          "dependencies": [
            "module.eks_n_virginia.module.eks.module.eks_managed_node_group.aws_iam_role.this",
            "module.eks_n_virginia.module.eks.module.eks_managed_node_group.data.aws_caller_identity.current",
            "module.eks_n_virginia.module.eks.module.eks_managed_node_group.data.aws_iam_policy_document.assume_role_policy",
            "module.eks_n_virginia.module.eks.module.eks_managed_node_group.data.aws_partition.current"
          ],
          "create_before_destroy": true
        },
        {
          "index_key": "arn:aws:iam::aws:policy/AmazonEKSWorkerNodePolicy",
          "schema_version": 0,
          "attributes": {
            "id": "crawl-1-eks-node-group-20240115123610119100000001-20240115123612088700000003",
            "policy_arn": "arn:aws:iam::aws:policy/AmazonEKSWorkerNodePolicy",
            "role": "crawl-1-eks-node-group-20240115123610119100000001"
          },
          "sensitive_attributes": [],
          "private": "bnVsbA==",
          "dependencies": [
            "module.eks_n_virginia.module.eks.module.eks_managed_node_group.aws_iam_role.this",
            "module.eks_n_virginia.module.eks.module.eks_managed_node_group.data.aws_caller_identity.current",
            "module.eks_n_virginia.module.eks.module.eks_managed_node_group.data.aws_iam_policy_document.assume_role_policy",
            "module.eks_n_virginia.module.eks.module.eks_managed_node_group.data.aws_partition.current"
          ],
          "create_before_destroy": true
        },
        {
          "index_key": "arn:aws:iam::aws:policy/AmazonEKS_CNI_Policy",
          "schema_version": 0,
          "attributes": {
            "id": "crawl-1-eks-node-group-20240115123610119100000001-20240115123612489500000005",
            "policy_arn": "arn:aws:iam::aws:policy/AmazonEKS_CNI_Policy",
            "role": "crawl-1-eks-node-group-20240115123610119100000001"
          },
          "sensitive_attributes": [],
          "private": "bnVsbA==",
          "dependencies": [
            "module.eks_n_virginia.module.eks.module.eks_managed_node_group.aws_iam_role.this",
            "module.eks_n_virginia.module.eks.module.eks_managed_node_group.data.aws_caller_identity.current",
            "module.eks_n_virginia.module.eks.module.eks_managed_node_group.data.aws_iam_policy_document.assume_role_policy",
            "module.eks_n_virginia.module.eks.module.eks_managed_node_group.data.aws_partition.current"
          ],
          "create_before_destroy": true
        }
      ]
    },
    {
      "module": "module.eks_n_virginia[0].module.eks.module.eks_managed_node_group[\"default_node_group\"]",
      "mode": "managed",
      "type": "aws_launch_template",
      "name": "this",
      "provider": "provider[\"registry.terraform.io/hashicorp/aws\"].n_virginia",
      "instances": [
        {
          "index_key": 0,
          "schema_version": 0,
          "attributes": {
            "arn": "arn:aws:ec2:us-east-1:411623750878:launch-template/lt-0b7fe997623a124e7",
            "block_device_mappings": [],
            "capacity_reservation_specification": [],
            "cpu_options": [],
            "credit_specification": [],
            "default_version": 1,
            "description": "Custom launch template for crawl-1 EKS managed node group",
            "disable_api_stop": false,
            "disable_api_termination": false,
            "ebs_optimized": "",
            "elastic_gpu_specifications": [],
            "elastic_inference_accelerator": [],
            "enclave_options": [],
            "hibernation_options": [],
            "iam_instance_profile": [],
            "id": "lt-0b7fe997623a124e7",
            "image_id": "",
            "instance_initiated_shutdown_behavior": "",
            "instance_market_options": [],
            "instance_requirements": [],
            "instance_type": "",
            "kernel_id": "",
            "key_name": "",
            "latest_version": 1,
            "license_specification": [],
            "maintenance_options": [],
            "metadata_options": [
              {
                "http_endpoint": "enabled",
                "http_protocol_ipv6": "",
                "http_put_response_hop_limit": 2,
                "http_tokens": "required",
                "instance_metadata_tags": ""
              }
            ],
            "monitoring": [
              {
                "enabled": true
              }
            ],
            "name": "default_node_group-2024011512445984710000000d",
            "name_prefix": "default_node_group-",
            "network_interfaces": [],
            "placement": [],
            "private_dns_name_options": [],
            "ram_disk_id": "",
            "security_group_names": null,
            "tag_specifications": [
              {
                "resource_type": "instance",
                "tags": {
                  "Name": "crawl-1"
                }
              },
              {
                "resource_type": "network-interface",
                "tags": {
                  "Name": "crawl-1"
                }
              },
              {
                "resource_type": "volume",
                "tags": {
                  "Name": "crawl-1"
                }
              }
            ],
            "tags": null,
            "tags_all": {},
            "update_default_version": true,
            "user_data": "",
            "vpc_security_group_ids": [
              "sg-06b08abb1ef896565"
            ]
          },
          "sensitive_attributes": [],
          "private": "bnVsbA==",
          "dependencies": [
            "module.eks_n_virginia.data.aws_availability_zones.available",
            "module.eks_n_virginia.module.eks.aws_cloudwatch_log_group.this",
            "module.eks_n_virginia.module.eks.aws_eks_cluster.this",
            "module.eks_n_virginia.module.eks.aws_iam_policy.cni_ipv6_policy",
            "module.eks_n_virginia.module.eks.aws_iam_role.this",
            "module.eks_n_virginia.module.eks.aws_iam_role_policy_attachment.this",
            "module.eks_n_virginia.module.eks.aws_security_group.cluster",
            "module.eks_n_virginia.module.eks.aws_security_group.node",
            "module.eks_n_virginia.module.eks.aws_security_group_rule.cluster",
            "module.eks_n_virginia.module.eks.aws_security_group_rule.node",
            "module.eks_n_virginia.module.eks.data.aws_caller_identity.current",
            "module.eks_n_virginia.module.eks.data.aws_iam_policy_document.assume_role_policy",
            "module.eks_n_virginia.module.eks.data.aws_iam_policy_document.cni_ipv6_policy",
            "module.eks_n_virginia.module.eks.data.aws_iam_session_context.current",
            "module.eks_n_virginia.module.eks.data.aws_partition.current",
            "module.eks_n_virginia.module.eks.module.eks_managed_node_group.aws_iam_role.this",
            "module.eks_n_virginia.module.eks.module.eks_managed_node_group.aws_iam_role_policy_attachment.this",
            "module.eks_n_virginia.module.eks.module.eks_managed_node_group.data.aws_caller_identity.current",
            "module.eks_n_virginia.module.eks.module.eks_managed_node_group.data.aws_iam_policy_document.assume_role_policy",
            "module.eks_n_virginia.module.eks.module.eks_managed_node_group.data.aws_partition.current",
            "module.eks_n_virginia.module.eks.module.eks_managed_node_group.module.user_data.data.cloudinit_config.linux_eks_managed_node_group",
            "module.eks_n_virginia.module.eks.module.kms.aws_kms_external_key.this",
            "module.eks_n_virginia.module.eks.module.kms.aws_kms_key.this",
            "module.eks_n_virginia.module.eks.module.kms.data.aws_caller_identity.current",
            "module.eks_n_virginia.module.eks.module.kms.data.aws_iam_policy_document.this",
            "module.eks_n_virginia.module.eks.module.kms.data.aws_partition.current",
            "module.eks_n_virginia.module.eks.time_sleep.this",
            "module.eks_n_virginia.module.vpc.aws_subnet.private",
            "module.eks_n_virginia.module.vpc.aws_vpc.this",
            "module.eks_n_virginia.module.vpc.aws_vpc_ipv4_cidr_block_association.this"
          ],
          "create_before_destroy": true
        }
      ]
    },
    {
      "module": "module.eks_n_virginia[0].module.eks.module.kms",
      "mode": "data",
      "type": "aws_caller_identity",
      "name": "current",
      "provider": "provider[\"registry.terraform.io/hashicorp/aws\"].n_virginia",
      "instances": [
        {
          "schema_version": 0,
          "attributes": {
            "account_id": "411623750878",
            "arn": "arn:aws:iam::411623750878:user/olexiy",
            "id": "411623750878",
            "user_id": "AIDAV7VVP7TPJ6HRCC3PA"
          },
          "sensitive_attributes": []
        }
      ]
    },
    {
      "module": "module.eks_n_virginia[0].module.eks.module.kms",
      "mode": "data",
      "type": "aws_iam_policy_document",
      "name": "this",
      "provider": "provider[\"registry.terraform.io/hashicorp/aws\"].n_virginia",
      "instances": [
        {
          "index_key": 0,
          "schema_version": 0,
          "attributes": {
            "id": "3836031676",
            "json": "{\n  \"Version\": \"2012-10-17\",\n  \"Statement\": [\n    {\n      \"Sid\": \"KeyAdministration\",\n      \"Effect\": \"Allow\",\n      \"Action\": [\n        \"kms:Update*\",\n        \"kms:UntagResource\",\n        \"kms:TagResource\",\n        \"kms:ScheduleKeyDeletion\",\n        \"kms:Revoke*\",\n        \"kms:Put*\",\n        \"kms:List*\",\n        \"kms:Get*\",\n        \"kms:Enable*\",\n        \"kms:Disable*\",\n        \"kms:Describe*\",\n        \"kms:Delete*\",\n        \"kms:Create*\",\n        \"kms:CancelKeyDeletion\"\n      ],\n      \"Resource\": \"*\",\n      \"Principal\": {\n        \"AWS\": \"arn:aws:iam::411623750878:user/olexiy\"\n      }\n    },\n    {\n      \"Sid\": \"KeyUsage\",\n      \"Effect\": \"Allow\",\n      \"Action\": [\n        \"kms:ReEncrypt*\",\n        \"kms:GenerateDataKey*\",\n        \"kms:Encrypt\",\n        \"kms:DescribeKey\",\n        \"kms:Decrypt\"\n      ],\n      \"Resource\": \"*\",\n      \"Principal\": {\n        \"AWS\": \"arn:aws:iam::411623750878:role/linxact-nv-cluster-20240115123611735500000002\"\n      }\n    }\n  ]\n}",
            "override_policy_documents": null,
            "policy_id": null,
            "source_policy_documents": null,
            "statement": [
              {
                "actions": [
                  "kms:CancelKeyDeletion",
                  "kms:Create*",
                  "kms:Delete*",
                  "kms:Describe*",
                  "kms:Disable*",
                  "kms:Enable*",
                  "kms:Get*",
                  "kms:List*",
                  "kms:Put*",
                  "kms:Revoke*",
                  "kms:ScheduleKeyDeletion",
                  "kms:TagResource",
                  "kms:UntagResource",
                  "kms:Update*"
                ],
                "condition": [],
                "effect": "Allow",
                "not_actions": [],
                "not_principals": [],
                "not_resources": [],
                "principals": [
                  {
                    "identifiers": [
                      "arn:aws:iam::411623750878:user/olexiy"
                    ],
                    "type": "AWS"
                  }
                ],
                "resources": [
                  "*"
                ],
                "sid": "KeyAdministration"
              },
              {
                "actions": [
                  "kms:Decrypt",
                  "kms:DescribeKey",
                  "kms:Encrypt",
                  "kms:GenerateDataKey*",
                  "kms:ReEncrypt*"
                ],
                "condition": [],
                "effect": "Allow",
                "not_actions": [],
                "not_principals": [],
                "not_resources": [],
                "principals": [
                  {
                    "identifiers": [
                      "arn:aws:iam::411623750878:role/linxact-nv-cluster-20240115123611735500000002"
                    ],
                    "type": "AWS"
                  }
                ],
                "resources": [
                  "*"
                ],
                "sid": "KeyUsage"
              }
            ],
            "version": "2012-10-17"
          },
          "sensitive_attributes": []
        }
      ]
    },
    {
      "module": "module.eks_n_virginia[0].module.eks.module.kms",
      "mode": "data",
      "type": "aws_partition",
      "name": "current",
      "provider": "provider[\"registry.terraform.io/hashicorp/aws\"].n_virginia",
      "instances": [
        {
          "schema_version": 0,
          "attributes": {
            "dns_suffix": "amazonaws.com",
            "id": "aws",
            "partition": "aws",
            "reverse_dns_prefix": "com.amazonaws"
          },
          "sensitive_attributes": []
        }
      ]
    },
    {
      "module": "module.eks_n_virginia[0].module.eks.module.kms",
      "mode": "managed",
      "type": "aws_kms_alias",
      "name": "this",
      "provider": "provider[\"registry.terraform.io/hashicorp/aws\"].n_virginia",
      "instances": [
        {
          "index_key": "cluster",
          "schema_version": 0,
          "attributes": {
            "arn": "arn:aws:kms:us-east-1:411623750878:alias/eks/linxact-nv",
            "id": "alias/eks/linxact-nv",
            "name": "alias/eks/linxact-nv",
            "name_prefix": "",
            "target_key_arn": "arn:aws:kms:us-east-1:411623750878:key/31a105a8-573a-469b-9d47-f3ffbef2b295",
            "target_key_id": "31a105a8-573a-469b-9d47-f3ffbef2b295"
          },
          "sensitive_attributes": [],
          "private": "bnVsbA==",
          "dependencies": [
            "module.eks_n_virginia.module.eks.aws_iam_role.this",
            "module.eks_n_virginia.module.eks.data.aws_caller_identity.current",
            "module.eks_n_virginia.module.eks.data.aws_iam_policy_document.assume_role_policy",
            "module.eks_n_virginia.module.eks.data.aws_iam_session_context.current",
            "module.eks_n_virginia.module.eks.data.aws_partition.current",
            "module.eks_n_virginia.module.eks.module.kms.aws_kms_external_key.this",
            "module.eks_n_virginia.module.eks.module.kms.aws_kms_key.this",
            "module.eks_n_virginia.module.eks.module.kms.data.aws_caller_identity.current",
            "module.eks_n_virginia.module.eks.module.kms.data.aws_iam_policy_document.this",
            "module.eks_n_virginia.module.eks.module.kms.data.aws_partition.current"
          ]
        }
      ]
    },
    {
      "module": "module.eks_n_virginia[0].module.eks.module.kms",
      "mode": "managed",
      "type": "aws_kms_key",
      "name": "this",
      "provider": "provider[\"registry.terraform.io/hashicorp/aws\"].n_virginia",
      "instances": [
        {
          "index_key": 0,
          "schema_version": 0,
          "attributes": {
            "arn": "arn:aws:kms:us-east-1:411623750878:key/31a105a8-573a-469b-9d47-f3ffbef2b295",
            "bypass_policy_lockout_safety_check": false,
            "custom_key_store_id": "",
            "customer_master_key_spec": "SYMMETRIC_DEFAULT",
            "deletion_window_in_days": null,
            "description": "linxact-nv cluster encryption key",
            "enable_key_rotation": true,
            "id": "31a105a8-573a-469b-9d47-f3ffbef2b295",
            "is_enabled": true,
            "key_id": "31a105a8-573a-469b-9d47-f3ffbef2b295",
            "key_usage": "ENCRYPT_DECRYPT",
            "multi_region": false,
            "policy": "{\"Statement\":[{\"Action\":[\"kms:Update*\",\"kms:UntagResource\",\"kms:TagResource\",\"kms:ScheduleKeyDeletion\",\"kms:Revoke*\",\"kms:Put*\",\"kms:List*\",\"kms:Get*\",\"kms:Enable*\",\"kms:Disable*\",\"kms:Describe*\",\"kms:Delete*\",\"kms:Create*\",\"kms:CancelKeyDeletion\"],\"Effect\":\"Allow\",\"Principal\":{\"AWS\":\"arn:aws:iam::411623750878:user/olexiy\"},\"Resource\":\"*\",\"Sid\":\"KeyAdministration\"},{\"Action\":[\"kms:ReEncrypt*\",\"kms:GenerateDataKey*\",\"kms:Encrypt\",\"kms:DescribeKey\",\"kms:Decrypt\"],\"Effect\":\"Allow\",\"Principal\":{\"AWS\":\"arn:aws:iam::411623750878:role/linxact-nv-cluster-20240115123611735500000002\"},\"Resource\":\"*\",\"Sid\":\"KeyUsage\"}],\"Version\":\"2012-10-17\"}",
            "tags": null,
            "tags_all": {}
          },
          "sensitive_attributes": [],
          "private": "bnVsbA==",
          "dependencies": [
            "module.eks_n_virginia.module.eks.aws_iam_role.this",
            "module.eks_n_virginia.module.eks.data.aws_caller_identity.current",
            "module.eks_n_virginia.module.eks.data.aws_iam_policy_document.assume_role_policy",
            "module.eks_n_virginia.module.eks.data.aws_iam_session_context.current",
            "module.eks_n_virginia.module.eks.data.aws_partition.current",
            "module.eks_n_virginia.module.eks.module.kms.data.aws_caller_identity.current",
            "module.eks_n_virginia.module.eks.module.kms.data.aws_iam_policy_document.this",
            "module.eks_n_virginia.module.eks.module.kms.data.aws_partition.current"
          ],
          "create_before_destroy": true
        }
      ]
    },
    {
      "module": "module.eks_n_virginia[0].module.vpc",
      "mode": "managed",
      "type": "aws_default_network_acl",
      "name": "this",
      "provider": "provider[\"registry.terraform.io/hashicorp/aws\"].n_virginia",
      "instances": [
        {
          "index_key": 0,
          "schema_version": 0,
          "attributes": {
            "arn": "arn:aws:ec2:us-east-1:411623750878:network-acl/acl-0529579a7ce5ce716",
            "default_network_acl_id": "acl-0529579a7ce5ce716",
            "egress": [
              {
                "action": "allow",
                "cidr_block": "",
                "from_port": 0,
                "icmp_code": null,
                "icmp_type": null,
                "ipv6_cidr_block": "::/0",
                "protocol": "-1",
                "rule_no": 101,
                "to_port": 0
              },
              {
                "action": "allow",
                "cidr_block": "0.0.0.0/0",
                "from_port": 0,
                "icmp_code": null,
                "icmp_type": null,
                "ipv6_cidr_block": "",
                "protocol": "-1",
                "rule_no": 100,
                "to_port": 0
              }
            ],
            "id": "acl-0529579a7ce5ce716",
            "ingress": [
              {
                "action": "allow",
                "cidr_block": "",
                "from_port": 0,
                "icmp_code": null,
                "icmp_type": null,
                "ipv6_cidr_block": "::/0",
                "protocol": "-1",
                "rule_no": 101,
                "to_port": 0
              },
              {
                "action": "allow",
                "cidr_block": "0.0.0.0/0",
                "from_port": 0,
                "icmp_code": null,
                "icmp_type": null,
                "ipv6_cidr_block": "",
                "protocol": "-1",
                "rule_no": 100,
                "to_port": 0
              }
            ],
            "owner_id": "411623750878",
            "subnet_ids": null,
            "tags": {
              "Name": "linxact-vpc-default"
            },
            "tags_all": {
              "Name": "linxact-vpc-default"
            },
            "vpc_id": "vpc-07ee0ae8b9e7e51e9"
          },
          "sensitive_attributes": [],
          "private": "bnVsbA==",
          "dependencies": [
            "module.eks_n_virginia.module.vpc.aws_vpc.this"
          ]
        }
      ]
    },
    {
      "module": "module.eks_n_virginia[0].module.vpc",
      "mode": "managed",
      "type": "aws_default_route_table",
      "name": "default",
      "provider": "provider[\"registry.terraform.io/hashicorp/aws\"].n_virginia",
      "instances": [
        {
          "index_key": 0,
          "schema_version": 0,
          "attributes": {
            "arn": "arn:aws:ec2:us-east-1:411623750878:route-table/rtb-0b279365d4a4defd5",
            "default_route_table_id": "rtb-0b279365d4a4defd5",
            "id": "rtb-0b279365d4a4defd5",
            "owner_id": "411623750878",
            "propagating_vgws": null,
            "route": [],
            "tags": {
              "Name": "linxact-vpc-default"
            },
            "tags_all": {
              "Name": "linxact-vpc-default"
            },
            "timeouts": {
              "create": "5m",
              "update": "5m"
            },
            "vpc_id": "vpc-07ee0ae8b9e7e51e9"
          },
          "sensitive_attributes": [],
          "private": "eyJlMmJmYjczMC1lY2FhLTExZTYtOGY4OC0zNDM2M2JjN2M0YzAiOnsiY3JlYXRlIjozMDAwMDAwMDAwMDAsInVwZGF0ZSI6MzAwMDAwMDAwMDAwfX0=",
          "dependencies": [
            "module.eks_n_virginia.module.vpc.aws_vpc.this"
          ]
        }
      ]
    },
    {
      "module": "module.eks_n_virginia[0].module.vpc",
      "mode": "managed",
      "type": "aws_default_security_group",
      "name": "this",
      "provider": "provider[\"registry.terraform.io/hashicorp/aws\"].n_virginia",
      "instances": [
        {
          "index_key": 0,
          "schema_version": 1,
          "attributes": {
            "arn": "arn:aws:ec2:us-east-1:411623750878:security-group/sg-09182c8e9a9a5e835",
            "description": "default VPC security group",
            "egress": [],
            "id": "sg-09182c8e9a9a5e835",
            "ingress": [],
            "name": "default",
            "name_prefix": "",
            "owner_id": "411623750878",
            "revoke_rules_on_delete": false,
            "tags": {
              "Name": "linxact-vpc-default"
            },
            "tags_all": {
              "Name": "linxact-vpc-default"
            },
            "vpc_id": "vpc-07ee0ae8b9e7e51e9"
          },
          "sensitive_attributes": [],
          "private": "eyJzY2hlbWFfdmVyc2lvbiI6IjEifQ==",
          "dependencies": [
            "module.eks_n_virginia.module.vpc.aws_vpc.this"
          ]
        }
      ]
    },
    {
      "module": "module.eks_n_virginia[0].module.vpc",
      "mode": "managed",
      "type": "aws_eip",
      "name": "nat",
      "provider": "provider[\"registry.terraform.io/hashicorp/aws\"].n_virginia",
      "instances": [
        {
          "index_key": 0,
          "schema_version": 0,
          "attributes": {
            "address": null,
            "allocation_id": "eipalloc-01a258f3c1726f141",
            "associate_with_private_ip": null,
            "association_id": "",
            "carrier_ip": "",
            "customer_owned_ip": "",
            "customer_owned_ipv4_pool": "",
            "domain": "vpc",
            "id": "eipalloc-01a258f3c1726f141",
            "instance": "",
            "network_border_group": "us-east-1",
            "network_interface": "",
            "private_dns": null,
            "private_ip": "",
            "public_dns": "ec2-3-218-236-65.compute-1.amazonaws.com",
            "public_ip": "3.218.236.65",
            "public_ipv4_pool": "amazon",
            "tags": {
              "Name": "linxact-vpc-us-east-1a"
            },
            "tags_all": {
              "Name": "linxact-vpc-us-east-1a"
            },
            "timeouts": null,
            "vpc": true
          },
          "sensitive_attributes": [],
          "private": "eyJlMmJmYjczMC1lY2FhLTExZTYtOGY4OC0zNDM2M2JjN2M0YzAiOnsiZGVsZXRlIjoxODAwMDAwMDAwMDAsInJlYWQiOjkwMDAwMDAwMDAwMCwidXBkYXRlIjozMDAwMDAwMDAwMDB9fQ==",
          "dependencies": [
            "module.eks_n_virginia.data.aws_availability_zones.available",
            "module.eks_n_virginia.module.vpc.aws_internet_gateway.this",
            "module.eks_n_virginia.module.vpc.aws_vpc.this",
            "module.eks_n_virginia.module.vpc.aws_vpc_ipv4_cidr_block_association.this"
          ]
        }
      ]
    },
    {
      "module": "module.eks_n_virginia[0].module.vpc",
      "mode": "managed",
      "type": "aws_internet_gateway",
      "name": "this",
      "provider": "provider[\"registry.terraform.io/hashicorp/aws\"].n_virginia",
      "instances": [
        {
          "index_key": 0,
          "schema_version": 0,
          "attributes": {
            "arn": "arn:aws:ec2:us-east-1:411623750878:internet-gateway/igw-0fd48c97c358415bf",
            "id": "igw-0fd48c97c358415bf",
            "owner_id": "411623750878",
            "tags": {
              "Name": "linxact-vpc"
            },
            "tags_all": {
              "Name": "linxact-vpc"
            },
            "timeouts": null,
            "vpc_id": "vpc-07ee0ae8b9e7e51e9"
          },
          "sensitive_attributes": [],
          "private": "eyJlMmJmYjczMC1lY2FhLTExZTYtOGY4OC0zNDM2M2JjN2M0YzAiOnsiY3JlYXRlIjoxMjAwMDAwMDAwMDAwLCJkZWxldGUiOjEyMDAwMDAwMDAwMDAsInVwZGF0ZSI6MTIwMDAwMDAwMDAwMH19",
          "dependencies": [
            "module.eks_n_virginia.module.vpc.aws_vpc.this",
            "module.eks_n_virginia.module.vpc.aws_vpc_ipv4_cidr_block_association.this"
          ]
        }
      ]
    },
    {
      "module": "module.eks_n_virginia[0].module.vpc",
      "mode": "managed",
      "type": "aws_nat_gateway",
      "name": "this",
      "provider": "provider[\"registry.terraform.io/hashicorp/aws\"].n_virginia",
      "instances": [
        {
          "index_key": 0,
          "schema_version": 0,
          "attributes": {
            "allocation_id": "eipalloc-01a258f3c1726f141",
            "association_id": "eipassoc-00c6a8add6c6c0252",
            "connectivity_type": "public",
            "id": "nat-0d708880934cea34c",
            "network_interface_id": "eni-0fad882d92eee63fe",
            "private_ip": "10.0.5.226",
            "public_ip": "3.218.236.65",
            "subnet_id": "subnet-08b4adb90dafd373f",
            "tags": {
              "Name": "linxact-vpc-us-east-1a"
            },
            "tags_all": {
              "Name": "linxact-vpc-us-east-1a"
            }
          },
          "sensitive_attributes": [],
          "private": "bnVsbA==",
          "dependencies": [
            "module.eks_n_virginia.data.aws_availability_zones.available",
            "module.eks_n_virginia.module.vpc.aws_eip.nat",
            "module.eks_n_virginia.module.vpc.aws_internet_gateway.this",
            "module.eks_n_virginia.module.vpc.aws_subnet.public",
            "module.eks_n_virginia.module.vpc.aws_vpc.this",
            "module.eks_n_virginia.module.vpc.aws_vpc_ipv4_cidr_block_association.this"
          ]
        }
      ]
    },
    {
      "module": "module.eks_n_virginia[0].module.vpc",
      "mode": "managed",
      "type": "aws_route",
      "name": "private_nat_gateway",
      "provider": "provider[\"registry.terraform.io/hashicorp/aws\"].n_virginia",
      "instances": [
        {
          "index_key": 0,
          "schema_version": 0,
          "attributes": {
            "carrier_gateway_id": "",
            "core_network_arn": "",
            "destination_cidr_block": "0.0.0.0/0",
            "destination_ipv6_cidr_block": "",
            "destination_prefix_list_id": "",
            "egress_only_gateway_id": "",
            "gateway_id": "",
            "id": "r-rtb-0b93fc1473acb94581080289494",
            "instance_id": "",
            "instance_owner_id": "",
            "local_gateway_id": "",
            "nat_gateway_id": "nat-0d708880934cea34c",
            "network_interface_id": "",
            "origin": "CreateRoute",
            "route_table_id": "rtb-0b93fc1473acb9458",
            "state": "active",
            "timeouts": {
              "create": "5m",
              "delete": null,
              "update": null
            },
            "transit_gateway_id": "",
            "vpc_endpoint_id": "",
            "vpc_peering_connection_id": ""
          },
          "sensitive_attributes": [],
          "private": "eyJlMmJmYjczMC1lY2FhLTExZTYtOGY4OC0zNDM2M2JjN2M0YzAiOnsiY3JlYXRlIjozMDAwMDAwMDAwMDAsImRlbGV0ZSI6MzAwMDAwMDAwMDAwLCJ1cGRhdGUiOjEyMDAwMDAwMDAwMH19",
          "dependencies": [
            "module.eks_n_virginia.data.aws_availability_zones.available",
            "module.eks_n_virginia.module.vpc.aws_eip.nat",
            "module.eks_n_virginia.module.vpc.aws_internet_gateway.this",
            "module.eks_n_virginia.module.vpc.aws_nat_gateway.this",
            "module.eks_n_virginia.module.vpc.aws_route_table.private",
            "module.eks_n_virginia.module.vpc.aws_subnet.public",
            "module.eks_n_virginia.module.vpc.aws_vpc.this",
            "module.eks_n_virginia.module.vpc.aws_vpc_ipv4_cidr_block_association.this"
          ]
        }
      ]
    },
    {
      "module": "module.eks_n_virginia[0].module.vpc",
      "mode": "managed",
      "type": "aws_route",
      "name": "public_internet_gateway",
      "provider": "provider[\"registry.terraform.io/hashicorp/aws\"].n_virginia",
      "instances": [
        {
          "index_key": 0,
          "schema_version": 0,
          "attributes": {
            "carrier_gateway_id": "",
            "core_network_arn": "",
            "destination_cidr_block": "0.0.0.0/0",
            "destination_ipv6_cidr_block": "",
            "destination_prefix_list_id": "",
            "egress_only_gateway_id": "",
            "gateway_id": "igw-0fd48c97c358415bf",
            "id": "r-rtb-0b60bbd12aa1a86021080289494",
            "instance_id": "",
            "instance_owner_id": "",
            "local_gateway_id": "",
            "nat_gateway_id": "",
            "network_interface_id": "",
            "origin": "CreateRoute",
            "route_table_id": "rtb-0b60bbd12aa1a8602",
            "state": "active",
            "timeouts": {
              "create": "5m",
              "delete": null,
              "update": null
            },
            "transit_gateway_id": "",
            "vpc_endpoint_id": "",
            "vpc_peering_connection_id": ""
          },
          "sensitive_attributes": [],
          "private": "eyJlMmJmYjczMC1lY2FhLTExZTYtOGY4OC0zNDM2M2JjN2M0YzAiOnsiY3JlYXRlIjozMDAwMDAwMDAwMDAsImRlbGV0ZSI6MzAwMDAwMDAwMDAwLCJ1cGRhdGUiOjEyMDAwMDAwMDAwMH19",
          "dependencies": [
            "module.eks_n_virginia.module.vpc.aws_internet_gateway.this",
            "module.eks_n_virginia.module.vpc.aws_route_table.public",
            "module.eks_n_virginia.module.vpc.aws_vpc.this",
            "module.eks_n_virginia.module.vpc.aws_vpc_ipv4_cidr_block_association.this"
          ]
        }
      ]
    },
    {
      "module": "module.eks_n_virginia[0].module.vpc",
      "mode": "managed",
      "type": "aws_route_table",
      "name": "private",
      "provider": "provider[\"registry.terraform.io/hashicorp/aws\"].n_virginia",
      "instances": [
        {
          "index_key": 0,
          "schema_version": 0,
          "attributes": {
            "arn": "arn:aws:ec2:us-east-1:411623750878:route-table/rtb-0b93fc1473acb9458",
            "id": "rtb-0b93fc1473acb9458",
            "owner_id": "411623750878",
            "propagating_vgws": [],
            "route": [],
            "tags": {
              "Name": "linxact-vpc-private"
            },
            "tags_all": {
              "Name": "linxact-vpc-private"
            },
            "timeouts": null,
            "vpc_id": "vpc-07ee0ae8b9e7e51e9"
          },
          "sensitive_attributes": [],
          "private": "eyJlMmJmYjczMC1lY2FhLTExZTYtOGY4OC0zNDM2M2JjN2M0YzAiOnsiY3JlYXRlIjozMDAwMDAwMDAwMDAsImRlbGV0ZSI6MzAwMDAwMDAwMDAwLCJ1cGRhdGUiOjEyMDAwMDAwMDAwMH19",
          "dependencies": [
            "module.eks_n_virginia.data.aws_availability_zones.available",
            "module.eks_n_virginia.module.vpc.aws_vpc.this",
            "module.eks_n_virginia.module.vpc.aws_vpc_ipv4_cidr_block_association.this"
          ]
        }
      ]
    },
    {
      "module": "module.eks_n_virginia[0].module.vpc",
      "mode": "managed",
      "type": "aws_route_table",
      "name": "public",
      "provider": "provider[\"registry.terraform.io/hashicorp/aws\"].n_virginia",
      "instances": [
        {
          "index_key": 0,
          "schema_version": 0,
          "attributes": {
            "arn": "arn:aws:ec2:us-east-1:411623750878:route-table/rtb-0b60bbd12aa1a8602",
            "id": "rtb-0b60bbd12aa1a8602",
            "owner_id": "411623750878",
            "propagating_vgws": [],
            "route": [],
            "tags": {
              "Name": "linxact-vpc-public"
            },
            "tags_all": {
              "Name": "linxact-vpc-public"
            },
            "timeouts": null,
            "vpc_id": "vpc-07ee0ae8b9e7e51e9"
          },
          "sensitive_attributes": [],
          "private": "eyJlMmJmYjczMC1lY2FhLTExZTYtOGY4OC0zNDM2M2JjN2M0YzAiOnsiY3JlYXRlIjozMDAwMDAwMDAwMDAsImRlbGV0ZSI6MzAwMDAwMDAwMDAwLCJ1cGRhdGUiOjEyMDAwMDAwMDAwMH19",
          "dependencies": [
            "module.eks_n_virginia.module.vpc.aws_vpc.this",
            "module.eks_n_virginia.module.vpc.aws_vpc_ipv4_cidr_block_association.this"
          ]
        }
      ]
    },
    {
      "module": "module.eks_n_virginia[0].module.vpc",
      "mode": "managed",
      "type": "aws_route_table_association",
      "name": "private",
      "provider": "provider[\"registry.terraform.io/hashicorp/aws\"].n_virginia",
      "instances": [
        {
          "index_key": 0,
          "schema_version": 0,
          "attributes": {
            "gateway_id": "",
            "id": "rtbassoc-0dea6f6774924bc22",
            "route_table_id": "rtb-0b93fc1473acb9458",
            "subnet_id": "subnet-099971d834c7a887d",
            "timeouts": null
          },
          "sensitive_attributes": [],
          "private": "eyJlMmJmYjczMC1lY2FhLTExZTYtOGY4OC0zNDM2M2JjN2M0YzAiOnsiY3JlYXRlIjozMDAwMDAwMDAwMDAsImRlbGV0ZSI6MzAwMDAwMDAwMDAwLCJ1cGRhdGUiOjEyMDAwMDAwMDAwMH19",
          "dependencies": [
            "module.eks_n_virginia.data.aws_availability_zones.available",
            "module.eks_n_virginia.module.vpc.aws_route_table.private",
            "module.eks_n_virginia.module.vpc.aws_subnet.private",
            "module.eks_n_virginia.module.vpc.aws_vpc.this",
            "module.eks_n_virginia.module.vpc.aws_vpc_ipv4_cidr_block_association.this"
          ]
        },
        {
          "index_key": 1,
          "schema_version": 0,
          "attributes": {
            "gateway_id": "",
            "id": "rtbassoc-0f22a7837d1c6436f",
            "route_table_id": "rtb-0b93fc1473acb9458",
            "subnet_id": "subnet-09183d57be515600d",
            "timeouts": null
          },
          "sensitive_attributes": [],
          "private": "eyJlMmJmYjczMC1lY2FhLTExZTYtOGY4OC0zNDM2M2JjN2M0YzAiOnsiY3JlYXRlIjozMDAwMDAwMDAwMDAsImRlbGV0ZSI6MzAwMDAwMDAwMDAwLCJ1cGRhdGUiOjEyMDAwMDAwMDAwMH19",
          "dependencies": [
            "module.eks_n_virginia.data.aws_availability_zones.available",
            "module.eks_n_virginia.module.vpc.aws_route_table.private",
            "module.eks_n_virginia.module.vpc.aws_subnet.private",
            "module.eks_n_virginia.module.vpc.aws_vpc.this",
            "module.eks_n_virginia.module.vpc.aws_vpc_ipv4_cidr_block_association.this"
          ]
        },
        {
          "index_key": 2,
          "schema_version": 0,
          "attributes": {
            "gateway_id": "",
            "id": "rtbassoc-0b4183fd27741cd49",
            "route_table_id": "rtb-0b93fc1473acb9458",
            "subnet_id": "subnet-01e64055075efbca5",
            "timeouts": null
          },
          "sensitive_attributes": [],
          "private": "eyJlMmJmYjczMC1lY2FhLTExZTYtOGY4OC0zNDM2M2JjN2M0YzAiOnsiY3JlYXRlIjozMDAwMDAwMDAwMDAsImRlbGV0ZSI6MzAwMDAwMDAwMDAwLCJ1cGRhdGUiOjEyMDAwMDAwMDAwMH19",
          "dependencies": [
            "module.eks_n_virginia.data.aws_availability_zones.available",
            "module.eks_n_virginia.module.vpc.aws_route_table.private",
            "module.eks_n_virginia.module.vpc.aws_subnet.private",
            "module.eks_n_virginia.module.vpc.aws_vpc.this",
            "module.eks_n_virginia.module.vpc.aws_vpc_ipv4_cidr_block_association.this"
          ]
        },
        {
          "index_key": 3,
          "schema_version": 0,
          "attributes": {
            "gateway_id": "",
            "id": "rtbassoc-01e5857b66f81ce82",
            "route_table_id": "rtb-0b93fc1473acb9458",
            "subnet_id": "subnet-0aa3a167c2c15969c",
            "timeouts": null
          },
          "sensitive_attributes": [],
          "private": "eyJlMmJmYjczMC1lY2FhLTExZTYtOGY4OC0zNDM2M2JjN2M0YzAiOnsiY3JlYXRlIjozMDAwMDAwMDAwMDAsImRlbGV0ZSI6MzAwMDAwMDAwMDAwLCJ1cGRhdGUiOjEyMDAwMDAwMDAwMH19",
          "dependencies": [
            "module.eks_n_virginia.data.aws_availability_zones.available",
            "module.eks_n_virginia.module.vpc.aws_route_table.private",
            "module.eks_n_virginia.module.vpc.aws_subnet.private",
            "module.eks_n_virginia.module.vpc.aws_vpc.this",
            "module.eks_n_virginia.module.vpc.aws_vpc_ipv4_cidr_block_association.this"
          ]
        },
        {
          "index_key": 4,
          "schema_version": 0,
          "attributes": {
            "gateway_id": "",
            "id": "rtbassoc-0b9da404e8a100119",
            "route_table_id": "rtb-0b93fc1473acb9458",
            "subnet_id": "subnet-05a763b74d2f8eb19",
            "timeouts": null
          },
          "sensitive_attributes": [],
          "private": "eyJlMmJmYjczMC1lY2FhLTExZTYtOGY4OC0zNDM2M2JjN2M0YzAiOnsiY3JlYXRlIjozMDAwMDAwMDAwMDAsImRlbGV0ZSI6MzAwMDAwMDAwMDAwLCJ1cGRhdGUiOjEyMDAwMDAwMDAwMH19",
          "dependencies": [
            "module.eks_n_virginia.data.aws_availability_zones.available",
            "module.eks_n_virginia.module.vpc.aws_route_table.private",
            "module.eks_n_virginia.module.vpc.aws_subnet.private",
            "module.eks_n_virginia.module.vpc.aws_vpc.this",
            "module.eks_n_virginia.module.vpc.aws_vpc_ipv4_cidr_block_association.this"
          ]
        }
      ]
    },
    {
      "module": "module.eks_n_virginia[0].module.vpc",
      "mode": "managed",
      "type": "aws_route_table_association",
      "name": "public",
      "provider": "provider[\"registry.terraform.io/hashicorp/aws\"].n_virginia",
      "instances": [
        {
          "index_key": 0,
          "schema_version": 0,
          "attributes": {
            "gateway_id": "",
            "id": "rtbassoc-08b626974f60fd6f6",
            "route_table_id": "rtb-0b60bbd12aa1a8602",
            "subnet_id": "subnet-08b4adb90dafd373f",
            "timeouts": null
          },
          "sensitive_attributes": [],
          "private": "eyJlMmJmYjczMC1lY2FhLTExZTYtOGY4OC0zNDM2M2JjN2M0YzAiOnsiY3JlYXRlIjozMDAwMDAwMDAwMDAsImRlbGV0ZSI6MzAwMDAwMDAwMDAwLCJ1cGRhdGUiOjEyMDAwMDAwMDAwMH19",
          "dependencies": [
            "module.eks_n_virginia.data.aws_availability_zones.available",
            "module.eks_n_virginia.module.vpc.aws_route_table.public",
            "module.eks_n_virginia.module.vpc.aws_subnet.public",
            "module.eks_n_virginia.module.vpc.aws_vpc.this",
            "module.eks_n_virginia.module.vpc.aws_vpc_ipv4_cidr_block_association.this"
          ]
        },
        {
          "index_key": 1,
          "schema_version": 0,
          "attributes": {
            "gateway_id": "",
            "id": "rtbassoc-02801d2b58d2966bd",
            "route_table_id": "rtb-0b60bbd12aa1a8602",
            "subnet_id": "subnet-0e2038eb0593b9aa5",
            "timeouts": null
          },
          "sensitive_attributes": [],
          "private": "eyJlMmJmYjczMC1lY2FhLTExZTYtOGY4OC0zNDM2M2JjN2M0YzAiOnsiY3JlYXRlIjozMDAwMDAwMDAwMDAsImRlbGV0ZSI6MzAwMDAwMDAwMDAwLCJ1cGRhdGUiOjEyMDAwMDAwMDAwMH19",
          "dependencies": [
            "module.eks_n_virginia.data.aws_availability_zones.available",
            "module.eks_n_virginia.module.vpc.aws_route_table.public",
            "module.eks_n_virginia.module.vpc.aws_subnet.public",
            "module.eks_n_virginia.module.vpc.aws_vpc.this",
            "module.eks_n_virginia.module.vpc.aws_vpc_ipv4_cidr_block_association.this"
          ]
        },
        {
          "index_key": 2,
          "schema_version": 0,
          "attributes": {
            "gateway_id": "",
            "id": "rtbassoc-0bcf59ab84db53be9",
            "route_table_id": "rtb-0b60bbd12aa1a8602",
            "subnet_id": "subnet-08c2632b7fe24cdf0",
            "timeouts": null
          },
          "sensitive_attributes": [],
          "private": "eyJlMmJmYjczMC1lY2FhLTExZTYtOGY4OC0zNDM2M2JjN2M0YzAiOnsiY3JlYXRlIjozMDAwMDAwMDAwMDAsImRlbGV0ZSI6MzAwMDAwMDAwMDAwLCJ1cGRhdGUiOjEyMDAwMDAwMDAwMH19",
          "dependencies": [
            "module.eks_n_virginia.data.aws_availability_zones.available",
            "module.eks_n_virginia.module.vpc.aws_route_table.public",
            "module.eks_n_virginia.module.vpc.aws_subnet.public",
            "module.eks_n_virginia.module.vpc.aws_vpc.this",
            "module.eks_n_virginia.module.vpc.aws_vpc_ipv4_cidr_block_association.this"
          ]
        },
        {
          "index_key": 3,
          "schema_version": 0,
          "attributes": {
            "gateway_id": "",
            "id": "rtbassoc-01a802b795c75a13f",
            "route_table_id": "rtb-0b60bbd12aa1a8602",
            "subnet_id": "subnet-09850e1e1b0a664eb",
            "timeouts": null
          },
          "sensitive_attributes": [],
          "private": "eyJlMmJmYjczMC1lY2FhLTExZTYtOGY4OC0zNDM2M2JjN2M0YzAiOnsiY3JlYXRlIjozMDAwMDAwMDAwMDAsImRlbGV0ZSI6MzAwMDAwMDAwMDAwLCJ1cGRhdGUiOjEyMDAwMDAwMDAwMH19",
          "dependencies": [
            "module.eks_n_virginia.data.aws_availability_zones.available",
            "module.eks_n_virginia.module.vpc.aws_route_table.public",
            "module.eks_n_virginia.module.vpc.aws_subnet.public",
            "module.eks_n_virginia.module.vpc.aws_vpc.this",
            "module.eks_n_virginia.module.vpc.aws_vpc_ipv4_cidr_block_association.this"
          ]
        },
        {
          "index_key": 4,
          "schema_version": 0,
          "attributes": {
            "gateway_id": "",
            "id": "rtbassoc-093c921dcec325fff",
            "route_table_id": "rtb-0b60bbd12aa1a8602",
            "subnet_id": "subnet-00793ff4c987b73d2",
            "timeouts": null
          },
          "sensitive_attributes": [],
          "private": "eyJlMmJmYjczMC1lY2FhLTExZTYtOGY4OC0zNDM2M2JjN2M0YzAiOnsiY3JlYXRlIjozMDAwMDAwMDAwMDAsImRlbGV0ZSI6MzAwMDAwMDAwMDAwLCJ1cGRhdGUiOjEyMDAwMDAwMDAwMH19",
          "dependencies": [
            "module.eks_n_virginia.data.aws_availability_zones.available",
            "module.eks_n_virginia.module.vpc.aws_route_table.public",
            "module.eks_n_virginia.module.vpc.aws_subnet.public",
            "module.eks_n_virginia.module.vpc.aws_vpc.this",
            "module.eks_n_virginia.module.vpc.aws_vpc_ipv4_cidr_block_association.this"
          ]
        }
      ]
    },
    {
      "module": "module.eks_n_virginia[0].module.vpc",
      "mode": "managed",
      "type": "aws_subnet",
      "name": "private",
      "provider": "provider[\"registry.terraform.io/hashicorp/aws\"].n_virginia",
      "instances": [
        {
          "index_key": 0,
          "schema_version": 1,
          "attributes": {
            "arn": "arn:aws:ec2:us-east-1:411623750878:subnet/subnet-099971d834c7a887d",
            "assign_ipv6_address_on_creation": false,
            "availability_zone": "us-east-1a",
            "availability_zone_id": "use1-az4",
            "cidr_block": "10.0.0.0/24",
            "customer_owned_ipv4_pool": "",
            "enable_dns64": false,
            "enable_lni_at_device_index": 0,
            "enable_resource_name_dns_a_record_on_launch": false,
            "enable_resource_name_dns_aaaa_record_on_launch": false,
            "id": "subnet-099971d834c7a887d",
            "ipv6_cidr_block": "",
            "ipv6_cidr_block_association_id": "",
            "ipv6_native": false,
            "map_customer_owned_ip_on_launch": false,
            "map_public_ip_on_launch": false,
            "outpost_arn": "",
            "owner_id": "411623750878",
            "private_dns_hostname_type_on_launch": "ip-name",
            "tags": {
              "Name": "linxact-vpc-private-us-east-1a",
              "kubernetes.io/cluster/linxact-nv": "shared",
              "kubernetes.io/role/internal-elb": "1"
            },
            "tags_all": {
              "Name": "linxact-vpc-private-us-east-1a",
              "kubernetes.io/cluster/linxact-nv": "shared",
              "kubernetes.io/role/internal-elb": "1"
            },
            "timeouts": null,
            "vpc_id": "vpc-07ee0ae8b9e7e51e9"
          },
          "sensitive_attributes": [],
          "private": "eyJlMmJmYjczMC1lY2FhLTExZTYtOGY4OC0zNDM2M2JjN2M0YzAiOnsiY3JlYXRlIjo2MDAwMDAwMDAwMDAsImRlbGV0ZSI6MTIwMDAwMDAwMDAwMH0sInNjaGVtYV92ZXJzaW9uIjoiMSJ9",
          "dependencies": [
            "module.eks_n_virginia.data.aws_availability_zones.available",
            "module.eks_n_virginia.module.vpc.aws_vpc.this",
            "module.eks_n_virginia.module.vpc.aws_vpc_ipv4_cidr_block_association.this"
          ],
          "create_before_destroy": true
        },
        {
          "index_key": 1,
          "schema_version": 1,
          "attributes": {
            "arn": "arn:aws:ec2:us-east-1:411623750878:subnet/subnet-09183d57be515600d",
            "assign_ipv6_address_on_creation": false,
            "availability_zone": "us-east-1b",
            "availability_zone_id": "use1-az6",
            "cidr_block": "10.0.1.0/24",
            "customer_owned_ipv4_pool": "",
            "enable_dns64": false,
            "enable_lni_at_device_index": 0,
            "enable_resource_name_dns_a_record_on_launch": false,
            "enable_resource_name_dns_aaaa_record_on_launch": false,
            "id": "subnet-09183d57be515600d",
            "ipv6_cidr_block": "",
            "ipv6_cidr_block_association_id": "",
            "ipv6_native": false,
            "map_customer_owned_ip_on_launch": false,
            "map_public_ip_on_launch": false,
            "outpost_arn": "",
            "owner_id": "411623750878",
            "private_dns_hostname_type_on_launch": "ip-name",
            "tags": {
              "Name": "linxact-vpc-private-us-east-1b",
              "kubernetes.io/cluster/linxact-nv": "shared",
              "kubernetes.io/role/internal-elb": "1"
            },
            "tags_all": {
              "Name": "linxact-vpc-private-us-east-1b",
              "kubernetes.io/cluster/linxact-nv": "shared",
              "kubernetes.io/role/internal-elb": "1"
            },
            "timeouts": null,
            "vpc_id": "vpc-07ee0ae8b9e7e51e9"
          },
          "sensitive_attributes": [],
          "private": "eyJlMmJmYjczMC1lY2FhLTExZTYtOGY4OC0zNDM2M2JjN2M0YzAiOnsiY3JlYXRlIjo2MDAwMDAwMDAwMDAsImRlbGV0ZSI6MTIwMDAwMDAwMDAwMH0sInNjaGVtYV92ZXJzaW9uIjoiMSJ9",
          "dependencies": [
            "module.eks_n_virginia.data.aws_availability_zones.available",
            "module.eks_n_virginia.module.vpc.aws_vpc.this",
            "module.eks_n_virginia.module.vpc.aws_vpc_ipv4_cidr_block_association.this"
          ],
          "create_before_destroy": true
        },
        {
          "index_key": 2,
          "schema_version": 1,
          "attributes": {
            "arn": "arn:aws:ec2:us-east-1:411623750878:subnet/subnet-01e64055075efbca5",
            "assign_ipv6_address_on_creation": false,
            "availability_zone": "us-east-1c",
            "availability_zone_id": "use1-az1",
            "cidr_block": "10.0.2.0/24",
            "customer_owned_ipv4_pool": "",
            "enable_dns64": false,
            "enable_lni_at_device_index": 0,
            "enable_resource_name_dns_a_record_on_launch": false,
            "enable_resource_name_dns_aaaa_record_on_launch": false,
            "id": "subnet-01e64055075efbca5",
            "ipv6_cidr_block": "",
            "ipv6_cidr_block_association_id": "",
            "ipv6_native": false,
            "map_customer_owned_ip_on_launch": false,
            "map_public_ip_on_launch": false,
            "outpost_arn": "",
            "owner_id": "411623750878",
            "private_dns_hostname_type_on_launch": "ip-name",
            "tags": {
              "Name": "linxact-vpc-private-us-east-1c",
              "kubernetes.io/cluster/linxact-nv": "shared",
              "kubernetes.io/role/internal-elb": "1"
            },
            "tags_all": {
              "Name": "linxact-vpc-private-us-east-1c",
              "kubernetes.io/cluster/linxact-nv": "shared",
              "kubernetes.io/role/internal-elb": "1"
            },
            "timeouts": null,
            "vpc_id": "vpc-07ee0ae8b9e7e51e9"
          },
          "sensitive_attributes": [],
          "private": "eyJlMmJmYjczMC1lY2FhLTExZTYtOGY4OC0zNDM2M2JjN2M0YzAiOnsiY3JlYXRlIjo2MDAwMDAwMDAwMDAsImRlbGV0ZSI6MTIwMDAwMDAwMDAwMH0sInNjaGVtYV92ZXJzaW9uIjoiMSJ9",
          "dependencies": [
            "module.eks_n_virginia.data.aws_availability_zones.available",
            "module.eks_n_virginia.module.vpc.aws_vpc.this",
            "module.eks_n_virginia.module.vpc.aws_vpc_ipv4_cidr_block_association.this"
          ],
          "create_before_destroy": true
        },
        {
          "index_key": 3,
          "schema_version": 1,
          "attributes": {
            "arn": "arn:aws:ec2:us-east-1:411623750878:subnet/subnet-0aa3a167c2c15969c",
            "assign_ipv6_address_on_creation": false,
            "availability_zone": "us-east-1d",
            "availability_zone_id": "use1-az2",
            "cidr_block": "10.0.3.0/24",
            "customer_owned_ipv4_pool": "",
            "enable_dns64": false,
            "enable_lni_at_device_index": 0,
            "enable_resource_name_dns_a_record_on_launch": false,
            "enable_resource_name_dns_aaaa_record_on_launch": false,
            "id": "subnet-0aa3a167c2c15969c",
            "ipv6_cidr_block": "",
            "ipv6_cidr_block_association_id": "",
            "ipv6_native": false,
            "map_customer_owned_ip_on_launch": false,
            "map_public_ip_on_launch": false,
            "outpost_arn": "",
            "owner_id": "411623750878",
            "private_dns_hostname_type_on_launch": "ip-name",
            "tags": {
              "Name": "linxact-vpc-private-us-east-1d",
              "kubernetes.io/cluster/linxact-nv": "shared",
              "kubernetes.io/role/internal-elb": "1"
            },
            "tags_all": {
              "Name": "linxact-vpc-private-us-east-1d",
              "kubernetes.io/cluster/linxact-nv": "shared",
              "kubernetes.io/role/internal-elb": "1"
            },
            "timeouts": null,
            "vpc_id": "vpc-07ee0ae8b9e7e51e9"
          },
          "sensitive_attributes": [],
          "private": "eyJlMmJmYjczMC1lY2FhLTExZTYtOGY4OC0zNDM2M2JjN2M0YzAiOnsiY3JlYXRlIjo2MDAwMDAwMDAwMDAsImRlbGV0ZSI6MTIwMDAwMDAwMDAwMH0sInNjaGVtYV92ZXJzaW9uIjoiMSJ9",
          "dependencies": [
            "module.eks_n_virginia.data.aws_availability_zones.available",
            "module.eks_n_virginia.module.vpc.aws_vpc.this",
            "module.eks_n_virginia.module.vpc.aws_vpc_ipv4_cidr_block_association.this"
          ],
          "create_before_destroy": true
        },
        {
          "index_key": 4,
          "schema_version": 1,
          "attributes": {
            "arn": "arn:aws:ec2:us-east-1:411623750878:subnet/subnet-05a763b74d2f8eb19",
            "assign_ipv6_address_on_creation": false,
            "availability_zone": "us-east-1a",
            "availability_zone_id": "use1-az4",
            "cidr_block": "10.0.4.0/24",
            "customer_owned_ipv4_pool": "",
            "enable_dns64": false,
            "enable_lni_at_device_index": 0,
            "enable_resource_name_dns_a_record_on_launch": false,
            "enable_resource_name_dns_aaaa_record_on_launch": false,
            "id": "subnet-05a763b74d2f8eb19",
            "ipv6_cidr_block": "",
            "ipv6_cidr_block_association_id": "",
            "ipv6_native": false,
            "map_customer_owned_ip_on_launch": false,
            "map_public_ip_on_launch": false,
            "outpost_arn": "",
            "owner_id": "411623750878",
            "private_dns_hostname_type_on_launch": "ip-name",
            "tags": {
              "Name": "linxact-vpc-private-us-east-1a",
              "kubernetes.io/cluster/linxact-nv": "shared",
              "kubernetes.io/role/internal-elb": "1"
            },
            "tags_all": {
              "Name": "linxact-vpc-private-us-east-1a",
              "kubernetes.io/cluster/linxact-nv": "shared",
              "kubernetes.io/role/internal-elb": "1"
            },
            "timeouts": null,
            "vpc_id": "vpc-07ee0ae8b9e7e51e9"
          },
          "sensitive_attributes": [],
          "private": "eyJlMmJmYjczMC1lY2FhLTExZTYtOGY4OC0zNDM2M2JjN2M0YzAiOnsiY3JlYXRlIjo2MDAwMDAwMDAwMDAsImRlbGV0ZSI6MTIwMDAwMDAwMDAwMH0sInNjaGVtYV92ZXJzaW9uIjoiMSJ9",
          "dependencies": [
            "module.eks_n_virginia.data.aws_availability_zones.available",
            "module.eks_n_virginia.module.vpc.aws_vpc.this",
            "module.eks_n_virginia.module.vpc.aws_vpc_ipv4_cidr_block_association.this"
          ],
          "create_before_destroy": true
        }
      ]
    },
    {
      "module": "module.eks_n_virginia[0].module.vpc",
      "mode": "managed",
      "type": "aws_subnet",
      "name": "public",
      "provider": "provider[\"registry.terraform.io/hashicorp/aws\"].n_virginia",
      "instances": [
        {
          "index_key": 0,
          "schema_version": 1,
          "attributes": {
            "arn": "arn:aws:ec2:us-east-1:411623750878:subnet/subnet-08b4adb90dafd373f",
            "assign_ipv6_address_on_creation": false,
            "availability_zone": "us-east-1a",
            "availability_zone_id": "use1-az4",
            "cidr_block": "10.0.5.0/24",
            "customer_owned_ipv4_pool": "",
            "enable_dns64": false,
            "enable_lni_at_device_index": 0,
            "enable_resource_name_dns_a_record_on_launch": false,
            "enable_resource_name_dns_aaaa_record_on_launch": false,
            "id": "subnet-08b4adb90dafd373f",
            "ipv6_cidr_block": "",
            "ipv6_cidr_block_association_id": "",
            "ipv6_native": false,
            "map_customer_owned_ip_on_launch": false,
            "map_public_ip_on_launch": false,
            "outpost_arn": "",
            "owner_id": "411623750878",
            "private_dns_hostname_type_on_launch": "ip-name",
            "tags": {
              "Name": "linxact-vpc-public-us-east-1a",
              "kubernetes.io/cluster/linxact-nv": "shared",
              "kubernetes.io/role/elb": "1"
            },
            "tags_all": {
              "Name": "linxact-vpc-public-us-east-1a",
              "kubernetes.io/cluster/linxact-nv": "shared",
              "kubernetes.io/role/elb": "1"
            },
            "timeouts": null,
            "vpc_id": "vpc-07ee0ae8b9e7e51e9"
          },
          "sensitive_attributes": [],
          "private": "eyJlMmJmYjczMC1lY2FhLTExZTYtOGY4OC0zNDM2M2JjN2M0YzAiOnsiY3JlYXRlIjo2MDAwMDAwMDAwMDAsImRlbGV0ZSI6MTIwMDAwMDAwMDAwMH0sInNjaGVtYV92ZXJzaW9uIjoiMSJ9",
          "dependencies": [
            "module.eks_n_virginia.data.aws_availability_zones.available",
            "module.eks_n_virginia.module.vpc.aws_vpc.this",
            "module.eks_n_virginia.module.vpc.aws_vpc_ipv4_cidr_block_association.this"
          ]
        },
        {
          "index_key": 1,
          "schema_version": 1,
          "attributes": {
            "arn": "arn:aws:ec2:us-east-1:411623750878:subnet/subnet-0e2038eb0593b9aa5",
            "assign_ipv6_address_on_creation": false,
            "availability_zone": "us-east-1b",
            "availability_zone_id": "use1-az6",
            "cidr_block": "10.0.6.0/24",
            "customer_owned_ipv4_pool": "",
            "enable_dns64": false,
            "enable_lni_at_device_index": 0,
            "enable_resource_name_dns_a_record_on_launch": false,
            "enable_resource_name_dns_aaaa_record_on_launch": false,
            "id": "subnet-0e2038eb0593b9aa5",
            "ipv6_cidr_block": "",
            "ipv6_cidr_block_association_id": "",
            "ipv6_native": false,
            "map_customer_owned_ip_on_launch": false,
            "map_public_ip_on_launch": false,
            "outpost_arn": "",
            "owner_id": "411623750878",
            "private_dns_hostname_type_on_launch": "ip-name",
            "tags": {
              "Name": "linxact-vpc-public-us-east-1b",
              "kubernetes.io/cluster/linxact-nv": "shared",
              "kubernetes.io/role/elb": "1"
            },
            "tags_all": {
              "Name": "linxact-vpc-public-us-east-1b",
              "kubernetes.io/cluster/linxact-nv": "shared",
              "kubernetes.io/role/elb": "1"
            },
            "timeouts": null,
            "vpc_id": "vpc-07ee0ae8b9e7e51e9"
          },
          "sensitive_attributes": [],
          "private": "eyJlMmJmYjczMC1lY2FhLTExZTYtOGY4OC0zNDM2M2JjN2M0YzAiOnsiY3JlYXRlIjo2MDAwMDAwMDAwMDAsImRlbGV0ZSI6MTIwMDAwMDAwMDAwMH0sInNjaGVtYV92ZXJzaW9uIjoiMSJ9",
          "dependencies": [
            "module.eks_n_virginia.data.aws_availability_zones.available",
            "module.eks_n_virginia.module.vpc.aws_vpc.this",
            "module.eks_n_virginia.module.vpc.aws_vpc_ipv4_cidr_block_association.this"
          ]
        },
        {
          "index_key": 2,
          "schema_version": 1,
          "attributes": {
            "arn": "arn:aws:ec2:us-east-1:411623750878:subnet/subnet-08c2632b7fe24cdf0",
            "assign_ipv6_address_on_creation": false,
            "availability_zone": "us-east-1c",
            "availability_zone_id": "use1-az1",
            "cidr_block": "10.0.7.0/24",
            "customer_owned_ipv4_pool": "",
            "enable_dns64": false,
            "enable_lni_at_device_index": 0,
            "enable_resource_name_dns_a_record_on_launch": false,
            "enable_resource_name_dns_aaaa_record_on_launch": false,
            "id": "subnet-08c2632b7fe24cdf0",
            "ipv6_cidr_block": "",
            "ipv6_cidr_block_association_id": "",
            "ipv6_native": false,
            "map_customer_owned_ip_on_launch": false,
            "map_public_ip_on_launch": false,
            "outpost_arn": "",
            "owner_id": "411623750878",
            "private_dns_hostname_type_on_launch": "ip-name",
            "tags": {
              "Name": "linxact-vpc-public-us-east-1c",
              "kubernetes.io/cluster/linxact-nv": "shared",
              "kubernetes.io/role/elb": "1"
            },
            "tags_all": {
              "Name": "linxact-vpc-public-us-east-1c",
              "kubernetes.io/cluster/linxact-nv": "shared",
              "kubernetes.io/role/elb": "1"
            },
            "timeouts": null,
            "vpc_id": "vpc-07ee0ae8b9e7e51e9"
          },
          "sensitive_attributes": [],
          "private": "eyJlMmJmYjczMC1lY2FhLTExZTYtOGY4OC0zNDM2M2JjN2M0YzAiOnsiY3JlYXRlIjo2MDAwMDAwMDAwMDAsImRlbGV0ZSI6MTIwMDAwMDAwMDAwMH0sInNjaGVtYV92ZXJzaW9uIjoiMSJ9",
          "dependencies": [
            "module.eks_n_virginia.data.aws_availability_zones.available",
            "module.eks_n_virginia.module.vpc.aws_vpc.this",
            "module.eks_n_virginia.module.vpc.aws_vpc_ipv4_cidr_block_association.this"
          ]
        },
        {
          "index_key": 3,
          "schema_version": 1,
          "attributes": {
            "arn": "arn:aws:ec2:us-east-1:411623750878:subnet/subnet-09850e1e1b0a664eb",
            "assign_ipv6_address_on_creation": false,
            "availability_zone": "us-east-1d",
            "availability_zone_id": "use1-az2",
            "cidr_block": "10.0.8.0/24",
            "customer_owned_ipv4_pool": "",
            "enable_dns64": false,
            "enable_lni_at_device_index": 0,
            "enable_resource_name_dns_a_record_on_launch": false,
            "enable_resource_name_dns_aaaa_record_on_launch": false,
            "id": "subnet-09850e1e1b0a664eb",
            "ipv6_cidr_block": "",
            "ipv6_cidr_block_association_id": "",
            "ipv6_native": false,
            "map_customer_owned_ip_on_launch": false,
            "map_public_ip_on_launch": false,
            "outpost_arn": "",
            "owner_id": "411623750878",
            "private_dns_hostname_type_on_launch": "ip-name",
            "tags": {
              "Name": "linxact-vpc-public-us-east-1d",
              "kubernetes.io/cluster/linxact-nv": "shared",
              "kubernetes.io/role/elb": "1"
            },
            "tags_all": {
              "Name": "linxact-vpc-public-us-east-1d",
              "kubernetes.io/cluster/linxact-nv": "shared",
              "kubernetes.io/role/elb": "1"
            },
            "timeouts": null,
            "vpc_id": "vpc-07ee0ae8b9e7e51e9"
          },
          "sensitive_attributes": [],
          "private": "eyJlMmJmYjczMC1lY2FhLTExZTYtOGY4OC0zNDM2M2JjN2M0YzAiOnsiY3JlYXRlIjo2MDAwMDAwMDAwMDAsImRlbGV0ZSI6MTIwMDAwMDAwMDAwMH0sInNjaGVtYV92ZXJzaW9uIjoiMSJ9",
          "dependencies": [
            "module.eks_n_virginia.data.aws_availability_zones.available",
            "module.eks_n_virginia.module.vpc.aws_vpc.this",
            "module.eks_n_virginia.module.vpc.aws_vpc_ipv4_cidr_block_association.this"
          ]
        },
        {
          "index_key": 4,
          "schema_version": 1,
          "attributes": {
            "arn": "arn:aws:ec2:us-east-1:411623750878:subnet/subnet-00793ff4c987b73d2",
            "assign_ipv6_address_on_creation": false,
            "availability_zone": "us-east-1a",
            "availability_zone_id": "use1-az4",
            "cidr_block": "10.0.9.0/24",
            "customer_owned_ipv4_pool": "",
            "enable_dns64": false,
            "enable_lni_at_device_index": 0,
            "enable_resource_name_dns_a_record_on_launch": false,
            "enable_resource_name_dns_aaaa_record_on_launch": false,
            "id": "subnet-00793ff4c987b73d2",
            "ipv6_cidr_block": "",
            "ipv6_cidr_block_association_id": "",
            "ipv6_native": false,
            "map_customer_owned_ip_on_launch": false,
            "map_public_ip_on_launch": false,
            "outpost_arn": "",
            "owner_id": "411623750878",
            "private_dns_hostname_type_on_launch": "ip-name",
            "tags": {
              "Name": "linxact-vpc-public-us-east-1a",
              "kubernetes.io/cluster/linxact-nv": "shared",
              "kubernetes.io/role/elb": "1"
            },
            "tags_all": {
              "Name": "linxact-vpc-public-us-east-1a",
              "kubernetes.io/cluster/linxact-nv": "shared",
              "kubernetes.io/role/elb": "1"
            },
            "timeouts": null,
            "vpc_id": "vpc-07ee0ae8b9e7e51e9"
          },
          "sensitive_attributes": [],
          "private": "eyJlMmJmYjczMC1lY2FhLTExZTYtOGY4OC0zNDM2M2JjN2M0YzAiOnsiY3JlYXRlIjo2MDAwMDAwMDAwMDAsImRlbGV0ZSI6MTIwMDAwMDAwMDAwMH0sInNjaGVtYV92ZXJzaW9uIjoiMSJ9",
          "dependencies": [
            "module.eks_n_virginia.data.aws_availability_zones.available",
            "module.eks_n_virginia.module.vpc.aws_vpc.this",
            "module.eks_n_virginia.module.vpc.aws_vpc_ipv4_cidr_block_association.this"
          ]
        }
      ]
    },
    {
      "module": "module.eks_n_virginia[0].module.vpc",
      "mode": "managed",
      "type": "aws_vpc",
      "name": "this",
      "provider": "provider[\"registry.terraform.io/hashicorp/aws\"].n_virginia",
      "instances": [
        {
          "index_key": 0,
          "schema_version": 1,
          "attributes": {
            "arn": "arn:aws:ec2:us-east-1:411623750878:vpc/vpc-07ee0ae8b9e7e51e9",
            "assign_generated_ipv6_cidr_block": false,
            "cidr_block": "10.0.0.0/16",
            "default_network_acl_id": "acl-0529579a7ce5ce716",
            "default_route_table_id": "rtb-0b279365d4a4defd5",
            "default_security_group_id": "sg-09182c8e9a9a5e835",
            "dhcp_options_id": "dopt-df557ca7",
            "enable_dns_hostnames": true,
            "enable_dns_support": true,
            "enable_network_address_usage_metrics": false,
            "id": "vpc-07ee0ae8b9e7e51e9",
            "instance_tenancy": "default",
            "ipv4_ipam_pool_id": null,
            "ipv4_netmask_length": null,
            "ipv6_association_id": "",
            "ipv6_cidr_block": "",
            "ipv6_cidr_block_network_border_group": "",
            "ipv6_ipam_pool_id": "",
            "ipv6_netmask_length": 0,
            "main_route_table_id": "rtb-0b279365d4a4defd5",
            "owner_id": "411623750878",
            "tags": {
              "Name": "linxact-vpc"
            },
            "tags_all": {
              "Name": "linxact-vpc"
            }
          },
          "sensitive_attributes": [],
          "private": "eyJzY2hlbWFfdmVyc2lvbiI6IjEifQ==",
          "create_before_destroy": true
        }
      ]
    },
    {
      "module": "module.eks_ohio[0]",
      "mode": "data",
      "type": "aws_availability_zones",
      "name": "available",
      "provider": "provider[\"registry.terraform.io/hashicorp/aws\"].ohio",
      "instances": [
        {
          "schema_version": 0,
          "attributes": {
            "all_availability_zones": null,
            "exclude_names": null,
            "exclude_zone_ids": null,
            "filter": [
              {
                "name": "opt-in-status",
                "values": [
                  "opt-in-not-required"
                ]
              }
            ],
            "group_names": [
              "us-east-2"
            ],
            "id": "us-east-2",
            "names": [
              "us-east-2a",
              "us-east-2b",
              "us-east-2c"
            ],
            "state": null,
            "timeouts": null,
            "zone_ids": [
              "use2-az1",
              "use2-az2",
              "use2-az3"
            ]
          },
          "sensitive_attributes": []
        }
      ]
    },
    {
      "module": "module.eks_ohio[0]",
      "mode": "managed",
      "type": "null_resource",
      "name": "merge_kubeconfig",
      "provider": "provider[\"registry.terraform.io/hashicorp/null\"]",
      "instances": [
        {
          "index_key": 0,
          "schema_version": 0,
          "attributes": {
            "id": "1939336356421099218",
            "triggers": {
              "always": "2024-01-15T12:46:27Z"
            }
          },
          "sensitive_attributes": [],
          "dependencies": [
            "module.eks_ohio.data.aws_availability_zones.available",
            "module.eks_ohio.module.eks.aws_cloudwatch_log_group.this",
            "module.eks_ohio.module.eks.aws_eks_cluster.this",
            "module.eks_ohio.module.eks.aws_iam_policy.cni_ipv6_policy",
            "module.eks_ohio.module.eks.aws_iam_role.this",
            "module.eks_ohio.module.eks.aws_iam_role_policy_attachment.this",
            "module.eks_ohio.module.eks.aws_security_group.cluster",
            "module.eks_ohio.module.eks.aws_security_group.node",
            "module.eks_ohio.module.eks.aws_security_group_rule.cluster",
            "module.eks_ohio.module.eks.aws_security_group_rule.node",
            "module.eks_ohio.module.eks.data.aws_caller_identity.current",
            "module.eks_ohio.module.eks.data.aws_iam_policy_document.assume_role_policy",
            "module.eks_ohio.module.eks.data.aws_iam_policy_document.cni_ipv6_policy",
            "module.eks_ohio.module.eks.data.aws_iam_session_context.current",
            "module.eks_ohio.module.eks.data.aws_partition.current",
            "module.eks_ohio.module.eks.module.kms.aws_kms_external_key.this",
            "module.eks_ohio.module.eks.module.kms.aws_kms_key.this",
            "module.eks_ohio.module.eks.module.kms.data.aws_caller_identity.current",
            "module.eks_ohio.module.eks.module.kms.data.aws_iam_policy_document.this",
            "module.eks_ohio.module.eks.module.kms.data.aws_partition.current",
            "module.eks_ohio.module.vpc.aws_subnet.private",
            "module.eks_ohio.module.vpc.aws_vpc.this",
            "module.eks_ohio.module.vpc.aws_vpc_ipv4_cidr_block_association.this"
          ]
        }
      ]
    },
    {
      "module": "module.eks_ohio[0]",
      "mode": "managed",
      "type": "random_string",
      "name": "suffix",
      "provider": "provider[\"registry.terraform.io/hashicorp/random\"]",
      "instances": [
        {
          "schema_version": 2,
          "attributes": {
            "id": "gZKfXCFA",
            "keepers": null,
            "length": 8,
            "lower": true,
            "min_lower": 0,
            "min_numeric": 0,
            "min_special": 0,
            "min_upper": 0,
            "number": true,
            "numeric": true,
            "override_special": null,
            "result": "gZKfXCFA",
            "special": false,
            "upper": true
          },
          "sensitive_attributes": []
        }
      ]
    },
    {
      "module": "module.eks_ohio[0].module.eks",
      "mode": "data",
      "type": "aws_caller_identity",
      "name": "current",
      "provider": "provider[\"registry.terraform.io/hashicorp/aws\"].ohio",
      "instances": [
        {
          "schema_version": 0,
          "attributes": {
            "account_id": "411623750878",
            "arn": "arn:aws:iam::411623750878:user/olexiy",
            "id": "411623750878",
            "user_id": "AIDAV7VVP7TPJ6HRCC3PA"
          },
          "sensitive_attributes": []
        }
      ]
    },
    {
      "module": "module.eks_ohio[0].module.eks",
      "mode": "data",
      "type": "aws_iam_policy_document",
      "name": "assume_role_policy",
      "provider": "provider[\"registry.terraform.io/hashicorp/aws\"].ohio",
      "instances": [
        {
          "index_key": 0,
          "schema_version": 0,
          "attributes": {
            "id": "2764486067",
            "json": "{\n  \"Version\": \"2012-10-17\",\n  \"Statement\": [\n    {\n      \"Sid\": \"EKSClusterAssumeRole\",\n      \"Effect\": \"Allow\",\n      \"Action\": \"sts:AssumeRole\",\n      \"Principal\": {\n        \"Service\": \"eks.amazonaws.com\"\n      }\n    }\n  ]\n}",
            "override_policy_documents": null,
            "policy_id": null,
            "source_policy_documents": null,
            "statement": [
              {
                "actions": [
                  "sts:AssumeRole"
                ],
                "condition": [],
                "effect": "Allow",
                "not_actions": [],
                "not_principals": [],
                "not_resources": [],
                "principals": [
                  {
                    "identifiers": [
                      "eks.amazonaws.com"
                    ],
                    "type": "Service"
                  }
                ],
                "resources": [],
                "sid": "EKSClusterAssumeRole"
              }
            ],
            "version": "2012-10-17"
          },
          "sensitive_attributes": []
        }
      ]
    },
    {
      "module": "module.eks_ohio[0].module.eks",
      "mode": "data",
      "type": "aws_iam_session_context",
      "name": "current",
      "provider": "provider[\"registry.terraform.io/hashicorp/aws\"].ohio",
      "instances": [
        {
          "schema_version": 0,
          "attributes": {
            "arn": "arn:aws:iam::411623750878:user/olexiy",
            "id": "arn:aws:iam::411623750878:user/olexiy",
            "issuer_arn": "arn:aws:iam::411623750878:user/olexiy",
            "issuer_id": "",
            "issuer_name": "",
            "session_name": ""
          },
          "sensitive_attributes": []
        }
      ]
    },
    {
      "module": "module.eks_ohio[0].module.eks",
      "mode": "data",
      "type": "aws_partition",
      "name": "current",
      "provider": "provider[\"registry.terraform.io/hashicorp/aws\"].ohio",
      "instances": [
        {
          "schema_version": 0,
          "attributes": {
            "dns_suffix": "amazonaws.com",
            "id": "aws",
            "partition": "aws",
            "reverse_dns_prefix": "com.amazonaws"
          },
          "sensitive_attributes": []
        }
      ]
    },
    {
      "module": "module.eks_ohio[0].module.eks",
      "mode": "data",
      "type": "tls_certificate",
      "name": "this",
      "provider": "provider[\"registry.terraform.io/hashicorp/tls\"]",
      "instances": [
        {
          "index_key": 0,
          "schema_version": 0,
          "attributes": {
            "certificates": [
              {
                "cert_pem": "-----BEGIN CERTIFICATE-----\nMIIEdTCCA12gAwIBAgIJAKcOSkw0grd/MA0GCSqGSIb3DQEBCwUAMGgxCzAJBgNV\nBAYTAlVTMSUwIwYDVQQKExxTdGFyZmllbGQgVGVjaG5vbG9naWVzLCBJbmMuMTIw\nMAYDVQQLEylTdGFyZmllbGQgQ2xhc3MgMiBDZXJ0aWZpY2F0aW9uIEF1dGhvcml0\neTAeFw0wOTA5MDIwMDAwMDBaFw0zNDA2MjgxNzM5MTZaMIGYMQswCQYDVQQGEwJV\nUzEQMA4GA1UECBMHQXJpem9uYTETMBEGA1UEBxMKU2NvdHRzZGFsZTElMCMGA1UE\nChMcU3RhcmZpZWxkIFRlY2hub2xvZ2llcywgSW5jLjE7MDkGA1UEAxMyU3RhcmZp\nZWxkIFNlcnZpY2VzIFJvb3QgQ2VydGlmaWNhdGUgQXV0aG9yaXR5IC0gRzIwggEi\nMA0GCSqGSIb3DQEBAQUAA4IBDwAwggEKAoIBAQDVDDrEKvlO4vW+GZdfjohTsR8/\ny8+fIBNtKTrID30892t2OGPZNmCom15cAICyL1l/9of5JUOG52kbUpqQ4XHj2C0N\nTm/2yEnZtvMaVq4rtnQU68/7JuMauh2WLmo7WJSJR1b/JaCTcFOD2oR0FMNnngRo\nOt+OQFodSk7PQ5E751bWAHDLUu57fa4657wx+UX2wmDPE1kCK4DMNEffud6QZW0C\nzyyRpqbn3oUYSXxmTqM6bam17jQuug0DuDPfR+uxa40l2ZvOgdFFRjKWcIfeAg5J\nQ4W2bHO7ZOphQazJ1FTfhy/HIrImzJ9ZVGif/L4qL8RVHHVAYBeFAlU5i38FAgMB\nAAGjgfAwge0wDwYDVR0TAQH/BAUwAwEB/zAOBgNVHQ8BAf8EBAMCAYYwHQYDVR0O\nBBYEFJxfAN+qAdcwKziIorhtSpzyEZGDMB8GA1UdIwQYMBaAFL9ft9HO3R+G9FtV\nrNzXEMIOqYjnME8GCCsGAQUFBwEBBEMwQTAcBggrBgEFBQcwAYYQaHR0cDovL28u\nc3MyLnVzLzAhBggrBgEFBQcwAoYVaHR0cDovL3guc3MyLnVzL3guY2VyMCYGA1Ud\nHwQfMB0wG6AZoBeGFWh0dHA6Ly9zLnNzMi51cy9yLmNybDARBgNVHSAECjAIMAYG\nBFUdIAAwDQYJKoZIhvcNAQELBQADggEBACMd44pXyn3pF3lM8R5V/cxTbj5HD9/G\nVfKyBDbtgB9TxF00KGu+x1X8Z+rLP3+QsjPNG1gQggL4+C/1E2DUBc7xgQjB3ad1\nl08YuW3e95ORCLp+QCztweq7dp4zBncdDQh/U90bZKuCJ/Fp1U1ervShw3WnWEQt\n8jxwmKy6abaVd38PMV4s/KCHOkdp8Hlf9BRUpJVeEXgSYCfOn8J3/yNTd126/+pZ\n59vPr5KW7ySaNRB6nJHGDn2Z9j8Z3/VyVOEVqQdZe4O/Ui5GjLIAZHYcSNPYeehu\nVsyuLAOQ1xk4meTKCRlb/weWsKh/NEnfVqn3sF/tM+2MR7cwA130A4w=\n-----END CERTIFICATE-----\n",
                "is_ca": true,
                "issuer": "OU=Starfield Class 2 Certification Authority,O=Starfield Technologies\\, Inc.,C=US",
                "not_after": "2034-06-28T17:39:16Z",
                "not_before": "2009-09-02T00:00:00Z",
                "public_key_algorithm": "RSA",
                "serial_number": "12037640545166866303",
                "sha1_fingerprint": "9e99a48a9960b14926bb7f3b02e22da2b0ab7280",
                "signature_algorithm": "SHA256-RSA",
                "subject": "CN=Starfield Services Root Certificate Authority - G2,O=Starfield Technologies\\, Inc.,L=Scottsdale,ST=Arizona,C=US",
                "version": 3
              },
              {
                "cert_pem": "-----BEGIN CERTIFICATE-----\nMIIEkjCCA3qgAwIBAgITBn+USionzfP6wq4rAfkI7rnExjANBgkqhkiG9w0BAQsF\nADCBmDELMAkGA1UEBhMCVVMxEDAOBgNVBAgTB0FyaXpvbmExEzARBgNVBAcTClNj\nb3R0c2RhbGUxJTAjBgNVBAoTHFN0YXJmaWVsZCBUZWNobm9sb2dpZXMsIEluYy4x\nOzA5BgNVBAMTMlN0YXJmaWVsZCBTZXJ2aWNlcyBSb290IENlcnRpZmljYXRlIEF1\ndGhvcml0eSAtIEcyMB4XDTE1MDUyNTEyMDAwMFoXDTM3MTIzMTAxMDAwMFowOTEL\nMAkGA1UEBhMCVVMxDzANBgNVBAoTBkFtYXpvbjEZMBcGA1UEAxMQQW1hem9uIFJv\nb3QgQ0EgMTCCASIwDQYJKoZIhvcNAQEBBQADggEPADCCAQoCggEBALJ4gHHKeNXj\nca9HgFB0fW7Y14h29Jlo91ghYPl0hAEvrAIthtOgQ3pOsqTQNroBvo3bSMgHFzZM\n9O6II8c+6zf1tRn4SWiw3te5djgdYZ6k/oI2peVKVuRF4fn9tBb6dNqcmzU5L/qw\nIFAGbHrQgLKm+a/sRxmPUDgH3KKHOVj4utWp+UhnMJbulHheb4mjUcAwhmahRWa6\nVOujw5H5SNz/0egwLX0tdHA114gk957EWW67c4cX8jJGKLhD+rcdqsq08p8kDi1L\n93FcXmn/6pUCyziKrlA4b9v7LWIbxcceVOF34GfID5yHI9Y/QCB/IIDEgEw+OyQm\njgSubJrIqg0CAwEAAaOCATEwggEtMA8GA1UdEwEB/wQFMAMBAf8wDgYDVR0PAQH/\nBAQDAgGGMB0GA1UdDgQWBBSEGMyFNOy8DJSULghZnMeyEE4KCDAfBgNVHSMEGDAW\ngBScXwDfqgHXMCs4iKK4bUqc8hGRgzB4BggrBgEFBQcBAQRsMGowLgYIKwYBBQUH\nMAGGImh0dHA6Ly9vY3NwLnJvb3RnMi5hbWF6b250cnVzdC5jb20wOAYIKwYBBQUH\nMAKGLGh0dHA6Ly9jcnQucm9vdGcyLmFtYXpvbnRydXN0LmNvbS9yb290ZzIuY2Vy\nMD0GA1UdHwQ2MDQwMqAwoC6GLGh0dHA6Ly9jcmwucm9vdGcyLmFtYXpvbnRydXN0\nLmNvbS9yb290ZzIuY3JsMBEGA1UdIAQKMAgwBgYEVR0gADANBgkqhkiG9w0BAQsF\nAAOCAQEAYjdCXLwQtT6LLOkMm2xF4gcAevnFWAu5CIw+7bMlPLVvUOTNNWqnkzSW\nMiGpSESrnO09tKpzbeR/FoCJbM8oAxiDR3mjEH4wW6w7sGDgd9QIpuEdfF7Au/ma\neyKdpwAJfqxGF4PcnCZXmTA5YpaP7dreqsXMGz7KQ2hsVxa81Q4gLv7/wmpdLqBK\nbRRYh5TmOTFffHPLkIhqhBGWJ6bt2YFGpn6jcgAKUj6DiAdjd4lpFw85hdKrCEVN\n0FE6/V1dN2RMfjCyVSRCnTawXZwXgWHxyvkQAiSr6w10kY17RSlQOYiypok1JR4U\nakcjMS9cmvqtmg5iUaQqqcT5NJ0hGA==\n-----END CERTIFICATE-----\n",
                "is_ca": true,
                "issuer": "CN=Starfield Services Root Certificate Authority - G2,O=Starfield Technologies\\, Inc.,L=Scottsdale,ST=Arizona,C=US",
                "not_after": "2037-12-31T01:00:00Z",
                "not_before": "2015-05-25T12:00:00Z",
                "public_key_algorithm": "RSA",
                "serial_number": "144918191876577076464031512351042010504348870",
                "sha1_fingerprint": "06b25927c42a721631c1efd9431e648fa62e1e39",
                "signature_algorithm": "SHA256-RSA",
                "subject": "CN=Amazon Root CA 1,O=Amazon,C=US",
                "version": 3
              },
              {
                "cert_pem": "-----BEGIN CERTIFICATE-----\nMIIEXjCCA0agAwIBAgITB3MSSkvL1E7HtTvq8ZSELToPoTANBgkqhkiG9w0BAQsF\nADA5MQswCQYDVQQGEwJVUzEPMA0GA1UEChMGQW1hem9uMRkwFwYDVQQDExBBbWF6\nb24gUm9vdCBDQSAxMB4XDTIyMDgyMzIyMjUzMFoXDTMwMDgyMzIyMjUzMFowPDEL\nMAkGA1UEBhMCVVMxDzANBgNVBAoTBkFtYXpvbjEcMBoGA1UEAxMTQW1hem9uIFJT\nQSAyMDQ4IE0wMjCCASIwDQYJKoZIhvcNAQEBBQADggEPADCCAQoCggEBALtDGMZa\nqHneKei1by6+pUPPLljTB143Si6VpEWPc6mSkFhZb/6qrkZyoHlQLbDYnI2D7hD0\nsdzEqfnuAjIsuXQLG3A8TvX6V3oFNBFVe8NlLJHvBseKY88saLwufxkZVwk74g4n\nWlNMXzla9Y5F3wwRHwMVH443xGz6UtGSZSqQ94eFx5X7Tlqt8whi8qCaKdZ5rNak\n+r9nUThOeClqFd4oXych//Rc7Y0eX1KNWHYSI1Nk31mYgiK3JvH063g+K9tHA63Z\neTgKgndlh+WI+zv7i44HepRZjA1FYwYZ9Vv/9UkC5Yz8/yU65fgjaE+wVHM4e/Yy\nC2osrPWE7gJ+dXMCAwEAAaOCAVowggFWMBIGA1UdEwEB/wQIMAYBAf8CAQAwDgYD\nVR0PAQH/BAQDAgGGMB0GA1UdJQQWMBQGCCsGAQUFBwMBBggrBgEFBQcDAjAdBgNV\nHQ4EFgQUwDFSzVpQw4J8dHHOy+mc+XrrguIwHwYDVR0jBBgwFoAUhBjMhTTsvAyU\nlC4IWZzHshBOCggwewYIKwYBBQUHAQEEbzBtMC8GCCsGAQUFBzABhiNodHRwOi8v\nb2NzcC5yb290Y2ExLmFtYXpvbnRydXN0LmNvbTA6BggrBgEFBQcwAoYuaHR0cDov\nL2NydC5yb290Y2ExLmFtYXpvbnRydXN0LmNvbS9yb290Y2ExLmNlcjA/BgNVHR8E\nODA2MDSgMqAwhi5odHRwOi8vY3JsLnJvb3RjYTEuYW1hem9udHJ1c3QuY29tL3Jv\nb3RjYTEuY3JsMBMGA1UdIAQMMAowCAYGZ4EMAQIBMA0GCSqGSIb3DQEBCwUAA4IB\nAQAtTi6Fs0Azfi+iwm7jrz+CSxHH+uHl7Law3MQSXVtR8RV53PtR6r/6gNpqlzdo\nZq4FKbADi1v9Bun8RY8D51uedRfjsbeodizeBB8nXmeyD33Ep7VATj4ozcd31YFV\nfgRhvTSxNrrTlNpWkUk0m3BMPv8sg381HhA6uEYokE5q9uws/3YkKqRiEz3TsaWm\nJqIRZhMbgAfp7O7FUwFIb7UIspogZSKxPIWJpxiPo3TcBambbVtQOcNRWz5qCQdD\nslI2yayq0n2TXoHyNCLEH8rpsJRVILFsg0jc7BaFrMnF462+ajSehgj12IidNeRN\n4zl+EoNaWdpnWndvSpAEkq2P\n-----END CERTIFICATE-----\n",
                "is_ca": true,
                "issuer": "CN=Amazon Root CA 1,O=Amazon,C=US",
                "not_after": "2030-08-23T22:25:30Z",
                "not_before": "2022-08-23T22:25:30Z",
                "public_key_algorithm": "RSA",
                "serial_number": "166129353110899469622597955040406457904926625",
                "sha1_fingerprint": "414a2060b738c635cc7fc243e052615592830c53",
                "signature_algorithm": "SHA256-RSA",
                "subject": "CN=Amazon RSA 2048 M02,O=Amazon,C=US",
                "version": 3
              },
              {
                "cert_pem": "-----BEGIN CERTIFICATE-----\nMIIF6zCCBNOgAwIBAgIQCW0HKsD5GyURhyXex/rJlDANBgkqhkiG9w0BAQsFADA8\nMQswCQYDVQQGEwJVUzEPMA0GA1UEChMGQW1hem9uMRwwGgYDVQQDExNBbWF6b24g\nUlNBIDIwNDggTTAyMB4XDTIzMDQxMzAwMDAwMFoXDTI0MDUxMTIzNTk1OVowKzEp\nMCcGA1UEAxMgb2lkYy5la3MudXMtZWFzdC0yLmFtYXpvbmF3cy5jb20wggEiMA0G\nCSqGSIb3DQEBAQUAA4IBDwAwggEKAoIBAQDFjpgGGZXhdQjDyOrcdG5smK5hX+5G\ngfT1SmaI+ttfDfYOl6k6SNApnXIKaYTAS6SZkbX14Ikp6/xpdiOIMZnuU08tEihb\nbmRTbBEWvRQtLSW+6QqyGdQYbkMC+S5q5hS8nnQIZXmYG0hldZIOfGE37jj/TKM9\nKisasWNxrIIsDlrmtHbeEoEOBaAOWPU/DWG8jWxbme8JNdEqnFNT76vvZIsY28AH\n8khP9vHpUSW635UgyGJNspd3u8svAN7Mv+vje8cJfaI+K+YtTrMmv49vMjpciu80\ngrjoBvBotIw1ZLsO1XFElIodcC4i2rWJ22xwJwlplFR9ud+X3xLYwSlzAgMBAAGj\nggL4MIIC9DAfBgNVHSMEGDAWgBTAMVLNWlDDgnx0cc7L6Zz5euuC4jAdBgNVHQ4E\nFgQU1DecnBH1rlrQI8PdHaTE45L5DncwKwYDVR0RBCQwIoIgb2lkYy5la3MudXMt\nZWFzdC0yLmFtYXpvbmF3cy5jb20wDgYDVR0PAQH/BAQDAgWgMB0GA1UdJQQWMBQG\nCCsGAQUFBwMBBggrBgEFBQcDAjA7BgNVHR8ENDAyMDCgLqAshipodHRwOi8vY3Js\nLnIybTAyLmFtYXpvbnRydXN0LmNvbS9yMm0wMi5jcmwwEwYDVR0gBAwwCjAIBgZn\ngQwBAgEwdQYIKwYBBQUHAQEEaTBnMC0GCCsGAQUFBzABhiFodHRwOi8vb2NzcC5y\nMm0wMi5hbWF6b250cnVzdC5jb20wNgYIKwYBBQUHMAKGKmh0dHA6Ly9jcnQucjJt\nMDIuYW1hem9udHJ1c3QuY29tL3IybTAyLmNlcjAMBgNVHRMBAf8EAjAAMIIBfQYK\nKwYBBAHWeQIEAgSCAW0EggFpAWcAdgDuzdBk1dsazsVct520zROiModGfLzs3sNR\nSFlGcR+1mwAAAYd3+NcOAAAEAwBHMEUCIQCHlY1qn7DzoNygWAqzugUh3g8dQz1K\nsP7VJmC7KhFkJQIgVhwGTwHSZiGLzOX5CzjcJpyFmyIqUyb3/+XiX3vfQlAAdgBz\n2Z6JG0yWeKAgfUed5rLGHNBRXnEZKoxrgBB6wXdytQAAAYd3+Nd1AAAEAwBHMEUC\nIFHrqAO8h/PdQOJk5qIf1akhiStvW69TTF/aJj6C0UJyAiEAuA22o6QXSrPh5rql\nVoCHsge+mKYDzwJg29+Fy6cpeKAAdQBIsONr2qZHNA/lagL6nTDrHFIBy1bdLIHZ\nu7+rOdiEcwAAAYd3+NdEAAAEAwBGMEQCIAaaInHj+uB4m5+kAMHYOt2+sJE1eZwX\nz4WxsIDzbUUEAiBOFyx457aAais5MtZjTqbykHXcG9W53sTJZL53Cy+P6zANBgkq\nhkiG9w0BAQsFAAOCAQEAN2+1CFNDLKW98g93twLkdqsVtUmJ3vXEw8owl4rjc/V+\nRuBI09tvC3MF1MVB9kT/xXWR2QZuBySV9b5+OcdKyqMVBjIWOgHXHcz4BKqJkANZ\nS09ZZoQMBsh06C3Yk5KsoBxACzE5ckYKlPiWjAwo8TAV6gmcZNictd/EkmsXyouE\nUD8sCokEMwCCpuSXcSlphq4L1DFKLrKGzADJUu0wdRkgYTMGBotGc6MKbO02nHK8\nGB7IVWYcnDGqLCNozwvm3a0UXefvEveEYPd007obW1Ey9QBeP7k7HZbVUJ9atSBq\nftsPG6h15OEALUVj6KfPperD32nSQ0ptbKVQR/9ybQ==\n-----END CERTIFICATE-----\n",
                "is_ca": false,
                "issuer": "CN=Amazon RSA 2048 M02,O=Amazon,C=US",
                "not_after": "2024-05-11T23:59:59Z",
                "not_before": "2023-04-13T00:00:00Z",
                "public_key_algorithm": "RSA",
                "serial_number": "12529157683816862830909118128615770516",
                "sha1_fingerprint": "50879ea7f7c29dd615269e559fb061b46bdd3dbe",
                "signature_algorithm": "SHA256-RSA",
                "subject": "CN=oidc.eks.us-east-2.amazonaws.com",
                "version": 3
              }
            ],
            "content": null,
            "id": "7c72bb110518075cbb071e57d125fc3aa17238d9",
            "url": "https://oidc.eks.us-east-2.amazonaws.com/id/28882F661CDEF6DC68F7CD59A77AAB89",
            "verify_chain": true
          },
          "sensitive_attributes": []
        }
      ]
    },
    {
      "module": "module.eks_ohio[0].module.eks",
      "mode": "managed",
      "type": "aws_cloudwatch_log_group",
      "name": "this",
      "provider": "provider[\"registry.terraform.io/hashicorp/aws\"].ohio",
      "instances": [
        {
          "index_key": 0,
          "schema_version": 0,
          "attributes": {
            "arn": "arn:aws:logs:us-east-2:411623750878:log-group:/aws/eks/linxact-oh/cluster",
            "id": "/aws/eks/linxact-oh/cluster",
            "kms_key_id": "",
            "name": "/aws/eks/linxact-oh/cluster",
            "name_prefix": "",
            "retention_in_days": 90,
            "skip_destroy": false,
            "tags": {
              "Name": "/aws/eks/linxact-oh/cluster"
            },
            "tags_all": {
              "Name": "/aws/eks/linxact-oh/cluster"
            }
          },
          "sensitive_attributes": [],
          "private": "bnVsbA==",
          "create_before_destroy": true
        }
      ]
    },
    {
      "module": "module.eks_ohio[0].module.eks",
      "mode": "managed",
      "type": "aws_eks_cluster",
      "name": "this",
      "provider": "provider[\"registry.terraform.io/hashicorp/aws\"].ohio",
      "instances": [
        {
          "index_key": 0,
          "schema_version": 0,
          "attributes": {
            "arn": "arn:aws:eks:us-east-2:411623750878:cluster/linxact-oh",
            "certificate_authority": [
              {
                "data": "LS0tLS1CRUdJTiBDRVJUSUZJQ0FURS0tLS0tCk1JSURCVENDQWUyZ0F3SUJBZ0lJWXlBNERaOGd4OUF3RFFZSktvWklodmNOQVFFTEJRQXdGVEVUTUJFR0ExVUUKQXhNS2EzVmlaWEp1WlhSbGN6QWVGdzB5TkRBeE1UVXhNak0yTWpoYUZ3MHpOREF4TVRJeE1qUXhNamhhTUJVeApFekFSQmdOVkJBTVRDbXQxWW1WeWJtVjBaWE13Z2dFaU1BMEdDU3FHU0liM0RRRUJBUVVBQTRJQkR3QXdnZ0VLCkFvSUJBUURsVTlyL2hodnNhQVJZeEszWTBUamV6T3Nkd2RHV3I2NUlabHZoQ1hiTmlKM3JLcG5JQWNIN0E3UW4KdHB2dERpclBYZFNuUUVXNUJlSVlTOFBCWWZYK3NVeVZTUGNSN2d1S05aKzFPQXB4TVhJS2pwR2FCeXZSWFdrQwpHRlF1Q2NhYjl2MGdsSGpQR0tLakRKdmhrTmFsSkRZVkErbHpNL2hDcm1qN1hRYTY5dkVHMmFROHkxVGNzQjlRCmhHT3FNTVVBRGhCN2F1d2hING8xUlhvb2pSSjJRWFMwNkxEc0EyMFlUeHFKVlIyVkZub0tBSEcxZHVMajU4bVkKMmZOTFl2aW8zZjN6N2VaM3IyaGphVDd1TEd1amdlYzNRY084eC9ydGY5U2swTkhvelA3bXh0Yk85MktZVlBINgpzQndVY2pPOTc0RFpCVlFvclhsTk41bk5lV0pwQWdNQkFBR2pXVEJYTUE0R0ExVWREd0VCL3dRRUF3SUNwREFQCkJnTlZIUk1CQWY4RUJUQURBUUgvTUIwR0ExVWREZ1FXQkJSVkYxNWFUUGZIdUhWZzdTK0Z4MGp5NXRzN2NEQVYKQmdOVkhSRUVEakFNZ2dwcmRXSmxjbTVsZEdWek1BMEdDU3FHU0liM0RRRUJDd1VBQTRJQkFRQnV4dDRkOXY4bQpNVXJSTHRGUzkvd0FEaWV4QzZ2QWFFMWh2Tm80c3ZSd0Y5SURIcmVQS291a3A2UXFHUHA3MDhyaTBvQThydU5RClMyRnlKMmVFaWF3dmtWSERwZ2E4S3pkYVhucEVseDFlVkhsclcySHRRaVNydm0xRHNzTXdMTU90MG9VcGlQNVoKRWVWNTExNENrNkswcmRidjJZN1lNQlJlb0tPdGF4ejJDdVZXd3g4ZFJPWE15aGd3RVFtS1VDc09wZDVGa2VuUwpRT3ZyYjk5Y2tPSVJCVHZncTViQlhqU1NHemtFZTMySDk0ZVAzcDZSb2NtQmtCcVVFeHI0TUJCMEhRcEFjY1pPClVYbStKMnBCOE0rZFFPTENmb0Z4VE9YVVhYTzYrOGtYbjgrajA0dThGRkFJdENuQXZsNldWaVpHSHNVbWlMb3gKZzh1bm1ObTNkeDRrCi0tLS0tRU5EIENFUlRJRklDQVRFLS0tLS0K"
              }
            ],
            "cluster_id": null,
            "created_at": "2024-01-15 12:36:47.814 +0000 UTC",
            "enabled_cluster_log_types": [
              "api",
              "audit",
              "authenticator"
            ],
            "encryption_config": [
              {
                "provider": [
                  {
                    "key_arn": "arn:aws:kms:us-east-2:411623750878:key/1c2dd1e9-0754-4764-b409-88c6e6326619"
                  }
                ],
                "resources": [
                  "secrets"
                ]
              }
            ],
            "endpoint": "https://28882F661CDEF6DC68F7CD59A77AAB89.gr7.us-east-2.eks.amazonaws.com",
            "id": "linxact-oh",
            "identity": [
              {
                "oidc": [
                  {
                    "issuer": "https://oidc.eks.us-east-2.amazonaws.com/id/28882F661CDEF6DC68F7CD59A77AAB89"
                  }
                ]
              }
            ],
            "kubernetes_network_config": [
              {
                "ip_family": "ipv4",
                "service_ipv4_cidr": "172.20.0.0/16",
                "service_ipv6_cidr": ""
              }
            ],
            "name": "linxact-oh",
            "outpost_config": [],
            "platform_version": "eks.7",
            "role_arn": "arn:aws:iam::411623750878:role/linxact-oh-cluster-20240115123609006400000002",
            "status": "ACTIVE",
            "tags": null,
            "tags_all": {},
            "timeouts": {
              "create": null,
              "delete": null,
              "update": null
            },
            "version": "1.28",
            "vpc_config": [
              {
                "cluster_security_group_id": "sg-01a7e7beac74cbefa",
                "endpoint_private_access": true,
                "endpoint_public_access": true,
                "public_access_cidrs": [
                  "0.0.0.0/0"
                ],
                "security_group_ids": [
                  "sg-06cbfb505d774e80c"
                ],
                "subnet_ids": [
                  "subnet-021bce1d5e007f395",
                  "subnet-02733bd6b6321d820",
                  "subnet-03f0644fb434ce55a",
                  "subnet-0988581f4a74da79c",
                  "subnet-0fc30f661dae765bb"
                ],
                "vpc_id": "vpc-0e3bd59f693990e36"
              }
            ]
          },
          "sensitive_attributes": [],
          "private": "eyJlMmJmYjczMC1lY2FhLTExZTYtOGY4OC0zNDM2M2JjN2M0YzAiOnsiY3JlYXRlIjoxODAwMDAwMDAwMDAwLCJkZWxldGUiOjkwMDAwMDAwMDAwMCwidXBkYXRlIjozNjAwMDAwMDAwMDAwfX0=",
          "dependencies": [
            "module.eks_ohio.data.aws_availability_zones.available",
            "module.eks_ohio.module.eks.aws_cloudwatch_log_group.this",
            "module.eks_ohio.module.eks.aws_iam_policy.cni_ipv6_policy",
            "module.eks_ohio.module.eks.aws_iam_role.this",
            "module.eks_ohio.module.eks.aws_iam_role_policy_attachment.this",
            "module.eks_ohio.module.eks.aws_security_group.cluster",
            "module.eks_ohio.module.eks.aws_security_group.node",
            "module.eks_ohio.module.eks.aws_security_group_rule.cluster",
            "module.eks_ohio.module.eks.aws_security_group_rule.node",
            "module.eks_ohio.module.eks.data.aws_caller_identity.current",
            "module.eks_ohio.module.eks.data.aws_iam_policy_document.assume_role_policy",
            "module.eks_ohio.module.eks.data.aws_iam_policy_document.cni_ipv6_policy",
            "module.eks_ohio.module.eks.data.aws_iam_session_context.current",
            "module.eks_ohio.module.eks.data.aws_partition.current",
            "module.eks_ohio.module.eks.module.kms.aws_kms_external_key.this",
            "module.eks_ohio.module.eks.module.kms.aws_kms_key.this",
            "module.eks_ohio.module.eks.module.kms.data.aws_caller_identity.current",
            "module.eks_ohio.module.eks.module.kms.data.aws_iam_policy_document.this",
            "module.eks_ohio.module.eks.module.kms.data.aws_partition.current",
            "module.eks_ohio.module.vpc.aws_subnet.private",
            "module.eks_ohio.module.vpc.aws_vpc.this",
            "module.eks_ohio.module.vpc.aws_vpc_ipv4_cidr_block_association.this"
          ],
          "create_before_destroy": true
        }
      ]
    },
    {
      "module": "module.eks_ohio[0].module.eks",
      "mode": "managed",
      "type": "aws_iam_openid_connect_provider",
      "name": "oidc_provider",
      "provider": "provider[\"registry.terraform.io/hashicorp/aws\"].ohio",
      "instances": [
        {
          "index_key": 0,
          "schema_version": 0,
          "attributes": {
            "arn": "arn:aws:iam::411623750878:oidc-provider/oidc.eks.us-east-2.amazonaws.com/id/28882F661CDEF6DC68F7CD59A77AAB89",
            "client_id_list": [
              "sts.amazonaws.com"
            ],
            "id": "arn:aws:iam::411623750878:oidc-provider/oidc.eks.us-east-2.amazonaws.com/id/28882F661CDEF6DC68F7CD59A77AAB89",
            "tags": {
              "Name": "linxact-oh-eks-irsa"
            },
            "tags_all": {
              "Name": "linxact-oh-eks-irsa"
            },
            "thumbprint_list": [
              "9e99a48a9960b14926bb7f3b02e22da2b0ab7280",
              "06b25927c42a721631c1efd9431e648fa62e1e39",
              "414a2060b738c635cc7fc243e052615592830c53",
              "50879ea7f7c29dd615269e559fb061b46bdd3dbe"
            ],
            "url": "oidc.eks.us-east-2.amazonaws.com/id/28882F661CDEF6DC68F7CD59A77AAB89"
          },
          "sensitive_attributes": [],
          "private": "bnVsbA==",
          "dependencies": [
            "module.eks_ohio.data.aws_availability_zones.available",
            "module.eks_ohio.module.eks.aws_cloudwatch_log_group.this",
            "module.eks_ohio.module.eks.aws_eks_cluster.this",
            "module.eks_ohio.module.eks.aws_iam_policy.cni_ipv6_policy",
            "module.eks_ohio.module.eks.aws_iam_role.this",
            "module.eks_ohio.module.eks.aws_iam_role_policy_attachment.this",
            "module.eks_ohio.module.eks.aws_security_group.cluster",
            "module.eks_ohio.module.eks.aws_security_group.node",
            "module.eks_ohio.module.eks.aws_security_group_rule.cluster",
            "module.eks_ohio.module.eks.aws_security_group_rule.node",
            "module.eks_ohio.module.eks.data.aws_caller_identity.current",
            "module.eks_ohio.module.eks.data.aws_iam_policy_document.assume_role_policy",
            "module.eks_ohio.module.eks.data.aws_iam_policy_document.cni_ipv6_policy",
            "module.eks_ohio.module.eks.data.aws_iam_session_context.current",
            "module.eks_ohio.module.eks.data.aws_partition.current",
            "module.eks_ohio.module.eks.data.tls_certificate.this",
            "module.eks_ohio.module.eks.module.kms.aws_kms_external_key.this",
            "module.eks_ohio.module.eks.module.kms.aws_kms_key.this",
            "module.eks_ohio.module.eks.module.kms.data.aws_caller_identity.current",
            "module.eks_ohio.module.eks.module.kms.data.aws_iam_policy_document.this",
            "module.eks_ohio.module.eks.module.kms.data.aws_partition.current",
            "module.eks_ohio.module.vpc.aws_subnet.private",
            "module.eks_ohio.module.vpc.aws_vpc.this",
            "module.eks_ohio.module.vpc.aws_vpc_ipv4_cidr_block_association.this"
          ]
        }
      ]
    },
    {
      "module": "module.eks_ohio[0].module.eks",
      "mode": "managed",
      "type": "aws_iam_policy",
      "name": "cluster_encryption",
      "provider": "provider[\"registry.terraform.io/hashicorp/aws\"].ohio",
      "instances": [
        {
          "index_key": 0,
          "schema_version": 0,
          "attributes": {
            "arn": "arn:aws:iam::411623750878:policy/linxact-oh-cluster-ClusterEncryption2024011512364384840000000b",
            "description": "Cluster encryption policy to allow cluster role to utilize CMK provided",
            "id": "arn:aws:iam::411623750878:policy/linxact-oh-cluster-ClusterEncryption2024011512364384840000000b",
            "name": "linxact-oh-cluster-ClusterEncryption2024011512364384840000000b",
            "name_prefix": "linxact-oh-cluster-ClusterEncryption",
            "path": "/",
            "policy": "{\"Statement\":[{\"Action\":[\"kms:Encrypt\",\"kms:Decrypt\",\"kms:ListGrants\",\"kms:DescribeKey\"],\"Effect\":\"Allow\",\"Resource\":\"arn:aws:kms:us-east-2:411623750878:key/1c2dd1e9-0754-4764-b409-88c6e6326619\"}],\"Version\":\"2012-10-17\"}",
            "policy_id": "ANPAV7VVP7TPAXAKQNNWB",
            "tags": null,
            "tags_all": {}
          },
          "sensitive_attributes": [],
          "private": "bnVsbA==",
          "dependencies": [
            "module.eks_ohio.module.eks.aws_iam_role.this",
            "module.eks_ohio.module.eks.data.aws_caller_identity.current",
            "module.eks_ohio.module.eks.data.aws_iam_policy_document.assume_role_policy",
            "module.eks_ohio.module.eks.data.aws_iam_session_context.current",
            "module.eks_ohio.module.eks.data.aws_partition.current",
            "module.eks_ohio.module.eks.module.kms.aws_kms_external_key.this",
            "module.eks_ohio.module.eks.module.kms.aws_kms_key.this",
            "module.eks_ohio.module.eks.module.kms.data.aws_caller_identity.current",
            "module.eks_ohio.module.eks.module.kms.data.aws_iam_policy_document.this",
            "module.eks_ohio.module.eks.module.kms.data.aws_partition.current"
          ]
        }
      ]
    },
    {
      "module": "module.eks_ohio[0].module.eks",
      "mode": "managed",
      "type": "aws_iam_role",
      "name": "this",
      "provider": "provider[\"registry.terraform.io/hashicorp/aws\"].ohio",
      "instances": [
        {
          "index_key": 0,
          "schema_version": 0,
          "attributes": {
            "arn": "arn:aws:iam::411623750878:role/linxact-oh-cluster-20240115123609006400000002",
            "assume_role_policy": "{\"Statement\":[{\"Action\":\"sts:AssumeRole\",\"Effect\":\"Allow\",\"Principal\":{\"Service\":\"eks.amazonaws.com\"},\"Sid\":\"EKSClusterAssumeRole\"}],\"Version\":\"2012-10-17\"}",
            "create_date": "2024-01-15T12:36:09Z",
            "description": "",
            "force_detach_policies": true,
            "id": "linxact-oh-cluster-20240115123609006400000002",
            "inline_policy": [
              {
                "name": "linxact-oh-cluster",
                "policy": "{\"Version\":\"2012-10-17\",\"Statement\":[{\"Action\":[\"logs:CreateLogGroup\"],\"Effect\":\"Deny\",\"Resource\":\"*\"}]}"
              }
            ],
            "managed_policy_arns": [],
            "max_session_duration": 3600,
            "name": "linxact-oh-cluster-20240115123609006400000002",
            "name_prefix": "linxact-oh-cluster-",
            "path": "/",
            "permissions_boundary": null,
            "tags": null,
            "tags_all": {},
            "unique_id": "AROAV7VVP7TPMEISI2JYY"
          },
          "sensitive_attributes": [],
          "private": "bnVsbA==",
          "dependencies": [
            "module.eks_ohio.module.eks.data.aws_iam_policy_document.assume_role_policy",
            "module.eks_ohio.module.eks.data.aws_partition.current"
          ],
          "create_before_destroy": true
        }
      ]
    },
    {
      "module": "module.eks_ohio[0].module.eks",
      "mode": "managed",
      "type": "aws_iam_role_policy_attachment",
      "name": "cluster_encryption",
      "provider": "provider[\"registry.terraform.io/hashicorp/aws\"].ohio",
      "instances": [
        {
          "index_key": 0,
          "schema_version": 0,
          "attributes": {
            "id": "linxact-oh-cluster-20240115123609006400000002-2024011512365342640000000c",
            "policy_arn": "arn:aws:iam::411623750878:policy/linxact-oh-cluster-ClusterEncryption2024011512364384840000000b",
            "role": "linxact-oh-cluster-20240115123609006400000002"
          },
          "sensitive_attributes": [],
          "private": "bnVsbA==",
          "dependencies": [
            "module.eks_ohio.module.eks.aws_iam_policy.cluster_encryption",
            "module.eks_ohio.module.eks.aws_iam_role.this",
            "module.eks_ohio.module.eks.data.aws_caller_identity.current",
            "module.eks_ohio.module.eks.data.aws_iam_policy_document.assume_role_policy",
            "module.eks_ohio.module.eks.data.aws_iam_session_context.current",
            "module.eks_ohio.module.eks.data.aws_partition.current",
            "module.eks_ohio.module.eks.module.kms.aws_kms_external_key.this",
            "module.eks_ohio.module.eks.module.kms.aws_kms_key.this",
            "module.eks_ohio.module.eks.module.kms.data.aws_caller_identity.current",
            "module.eks_ohio.module.eks.module.kms.data.aws_iam_policy_document.this",
            "module.eks_ohio.module.eks.module.kms.data.aws_partition.current"
          ]
        }
      ]
    },
    {
      "module": "module.eks_ohio[0].module.eks",
      "mode": "managed",
      "type": "aws_iam_role_policy_attachment",
      "name": "this",
      "provider": "provider[\"registry.terraform.io/hashicorp/aws\"].ohio",
      "instances": [
        {
          "index_key": "AmazonEKSClusterPolicy",
          "schema_version": 0,
          "attributes": {
            "id": "linxact-oh-cluster-20240115123609006400000002-20240115123611461000000007",
            "policy_arn": "arn:aws:iam::aws:policy/AmazonEKSClusterPolicy",
            "role": "linxact-oh-cluster-20240115123609006400000002"
          },
          "sensitive_attributes": [],
          "private": "bnVsbA==",
          "dependencies": [
            "module.eks_ohio.module.eks.aws_iam_role.this",
            "module.eks_ohio.module.eks.data.aws_iam_policy_document.assume_role_policy",
            "module.eks_ohio.module.eks.data.aws_partition.current"
          ],
          "create_before_destroy": true
        },
        {
          "index_key": "AmazonEKSVPCResourceController",
          "schema_version": 0,
          "attributes": {
            "id": "linxact-oh-cluster-20240115123609006400000002-20240115123611418800000006",
            "policy_arn": "arn:aws:iam::aws:policy/AmazonEKSVPCResourceController",
            "role": "linxact-oh-cluster-20240115123609006400000002"
          },
          "sensitive_attributes": [],
          "private": "bnVsbA==",
          "dependencies": [
            "module.eks_ohio.module.eks.aws_iam_role.this",
            "module.eks_ohio.module.eks.data.aws_iam_policy_document.assume_role_policy",
            "module.eks_ohio.module.eks.data.aws_partition.current"
          ],
          "create_before_destroy": true
        }
      ]
    },
    {
      "module": "module.eks_ohio[0].module.eks",
      "mode": "managed",
      "type": "aws_security_group",
      "name": "cluster",
      "provider": "provider[\"registry.terraform.io/hashicorp/aws\"].ohio",
      "instances": [
        {
          "index_key": 0,
          "schema_version": 1,
          "attributes": {
            "arn": "arn:aws:ec2:us-east-2:411623750878:security-group/sg-06cbfb505d774e80c",
            "description": "EKS cluster security group",
            "egress": [],
            "id": "sg-06cbfb505d774e80c",
            "ingress": [],
            "name": "linxact-oh-cluster-20240115123625341800000008",
            "name_prefix": "linxact-oh-cluster-",
            "owner_id": "411623750878",
            "revoke_rules_on_delete": false,
            "tags": {
              "Name": "linxact-oh-cluster"
            },
            "tags_all": {
              "Name": "linxact-oh-cluster"
            },
            "timeouts": null,
            "vpc_id": "vpc-0e3bd59f693990e36"
          },
          "sensitive_attributes": [],
          "private": "eyJlMmJmYjczMC1lY2FhLTExZTYtOGY4OC0zNDM2M2JjN2M0YzAiOnsiY3JlYXRlIjo2MDAwMDAwMDAwMDAsImRlbGV0ZSI6OTAwMDAwMDAwMDAwfSwic2NoZW1hX3ZlcnNpb24iOiIxIn0=",
          "dependencies": [
            "module.eks_ohio.module.vpc.aws_vpc.this"
          ],
          "create_before_destroy": true
        }
      ]
    },
    {
      "module": "module.eks_ohio[0].module.eks",
      "mode": "managed",
      "type": "aws_security_group",
      "name": "node",
      "provider": "provider[\"registry.terraform.io/hashicorp/aws\"].ohio",
      "instances": [
        {
          "index_key": 0,
          "schema_version": 1,
          "attributes": {
            "arn": "arn:aws:ec2:us-east-2:411623750878:security-group/sg-020539be9adbb0bd4",
            "description": "EKS node shared security group",
            "egress": [],
            "id": "sg-020539be9adbb0bd4",
            "ingress": [],
            "name": "linxact-oh-node-20240115123625371000000009",
            "name_prefix": "linxact-oh-node-",
            "owner_id": "411623750878",
            "revoke_rules_on_delete": false,
            "tags": {
              "Name": "linxact-oh-node",
              "kubernetes.io/cluster/linxact-oh": "owned"
            },
            "tags_all": {
              "Name": "linxact-oh-node",
              "kubernetes.io/cluster/linxact-oh": "owned"
            },
            "timeouts": null,
            "vpc_id": "vpc-0e3bd59f693990e36"
          },
          "sensitive_attributes": [],
          "private": "eyJlMmJmYjczMC1lY2FhLTExZTYtOGY4OC0zNDM2M2JjN2M0YzAiOnsiY3JlYXRlIjo2MDAwMDAwMDAwMDAsImRlbGV0ZSI6OTAwMDAwMDAwMDAwfSwic2NoZW1hX3ZlcnNpb24iOiIxIn0=",
          "dependencies": [
            "module.eks_ohio.module.vpc.aws_vpc.this"
          ],
          "create_before_destroy": true
        }
      ]
    },
    {
      "module": "module.eks_ohio[0].module.eks",
      "mode": "managed",
      "type": "aws_security_group_rule",
      "name": "cluster",
      "provider": "provider[\"registry.terraform.io/hashicorp/aws\"].ohio",
      "instances": [
        {
          "index_key": "ingress_nodes_443",
          "schema_version": 2,
          "attributes": {
            "cidr_blocks": null,
            "description": "Node groups to cluster API",
            "from_port": 443,
            "id": "sgrule-3178163517",
            "ipv6_cidr_blocks": null,
            "prefix_list_ids": null,
            "protocol": "tcp",
            "security_group_id": "sg-06cbfb505d774e80c",
            "security_group_rule_id": "sgr-083ddfc789c31ef10",
            "self": false,
            "source_security_group_id": "sg-020539be9adbb0bd4",
            "timeouts": null,
            "to_port": 443,
            "type": "ingress"
          },
          "sensitive_attributes": [],
          "private": "eyJlMmJmYjczMC1lY2FhLTExZTYtOGY4OC0zNDM2M2JjN2M0YzAiOnsiY3JlYXRlIjozMDAwMDAwMDAwMDB9LCJzY2hlbWFfdmVyc2lvbiI6IjIifQ==",
          "dependencies": [
            "module.eks_ohio.module.eks.aws_security_group.cluster",
            "module.eks_ohio.module.eks.aws_security_group.node",
            "module.eks_ohio.module.vpc.aws_vpc.this"
          ],
          "create_before_destroy": true
        }
      ]
    },
    {
      "module": "module.eks_ohio[0].module.eks",
      "mode": "managed",
      "type": "aws_security_group_rule",
      "name": "node",
      "provider": "provider[\"registry.terraform.io/hashicorp/aws\"].ohio",
      "instances": [
        {
          "index_key": "egress_all",
          "schema_version": 2,
          "attributes": {
            "cidr_blocks": [
              "0.0.0.0/0"
            ],
            "description": "Allow all egress",
            "from_port": 0,
            "id": "sgrule-655322361",
            "ipv6_cidr_blocks": null,
            "prefix_list_ids": [],
            "protocol": "-1",
            "security_group_id": "sg-020539be9adbb0bd4",
            "security_group_rule_id": "sgr-0be85331713fd1475",
            "self": false,
            "source_security_group_id": null,
            "timeouts": null,
            "to_port": 0,
            "type": "egress"
          },
          "sensitive_attributes": [],
          "private": "eyJlMmJmYjczMC1lY2FhLTExZTYtOGY4OC0zNDM2M2JjN2M0YzAiOnsiY3JlYXRlIjozMDAwMDAwMDAwMDB9LCJzY2hlbWFfdmVyc2lvbiI6IjIifQ==",
          "dependencies": [
            "module.eks_ohio.module.eks.aws_security_group.cluster",
            "module.eks_ohio.module.eks.aws_security_group.node",
            "module.eks_ohio.module.vpc.aws_vpc.this"
          ],
          "create_before_destroy": true
        },
        {
          "index_key": "ingress_cluster_443",
          "schema_version": 2,
          "attributes": {
            "cidr_blocks": null,
            "description": "Cluster API to node groups",
            "from_port": 443,
            "id": "sgrule-1579354413",
            "ipv6_cidr_blocks": null,
            "prefix_list_ids": [],
            "protocol": "tcp",
            "security_group_id": "sg-020539be9adbb0bd4",
            "security_group_rule_id": "sgr-02e7c2231364e6c0b",
            "self": false,
            "source_security_group_id": "sg-06cbfb505d774e80c",
            "timeouts": null,
            "to_port": 443,
            "type": "ingress"
          },
          "sensitive_attributes": [],
          "private": "eyJlMmJmYjczMC1lY2FhLTExZTYtOGY4OC0zNDM2M2JjN2M0YzAiOnsiY3JlYXRlIjozMDAwMDAwMDAwMDB9LCJzY2hlbWFfdmVyc2lvbiI6IjIifQ==",
          "dependencies": [
            "module.eks_ohio.module.eks.aws_security_group.cluster",
            "module.eks_ohio.module.eks.aws_security_group.node",
            "module.eks_ohio.module.vpc.aws_vpc.this"
          ],
          "create_before_destroy": true
        },
        {
          "index_key": "ingress_cluster_4443_webhook",
          "schema_version": 2,
          "attributes": {
            "cidr_blocks": null,
            "description": "Cluster API to node 4443/tcp webhook",
            "from_port": 4443,
            "id": "sgrule-3334703760",
            "ipv6_cidr_blocks": null,
            "prefix_list_ids": [],
            "protocol": "tcp",
            "security_group_id": "sg-020539be9adbb0bd4",
            "security_group_rule_id": "sgr-0a3794be4b43cbf1c",
            "self": false,
            "source_security_group_id": "sg-06cbfb505d774e80c",
            "timeouts": null,
            "to_port": 4443,
            "type": "ingress"
          },
          "sensitive_attributes": [],
          "private": "eyJlMmJmYjczMC1lY2FhLTExZTYtOGY4OC0zNDM2M2JjN2M0YzAiOnsiY3JlYXRlIjozMDAwMDAwMDAwMDB9LCJzY2hlbWFfdmVyc2lvbiI6IjIifQ==",
          "dependencies": [
            "module.eks_ohio.module.eks.aws_security_group.cluster",
            "module.eks_ohio.module.eks.aws_security_group.node",
            "module.eks_ohio.module.vpc.aws_vpc.this"
          ],
          "create_before_destroy": true
        },
        {
          "index_key": "ingress_cluster_6443_webhook",
          "schema_version": 2,
          "attributes": {
            "cidr_blocks": null,
            "description": "Cluster API to node 6443/tcp webhook",
            "from_port": 6443,
            "id": "sgrule-260173062",
            "ipv6_cidr_blocks": null,
            "prefix_list_ids": [],
            "protocol": "tcp",
            "security_group_id": "sg-020539be9adbb0bd4",
            "security_group_rule_id": "sgr-047a433677236dd4a",
            "self": false,
            "source_security_group_id": "sg-06cbfb505d774e80c",
            "timeouts": null,
            "to_port": 6443,
            "type": "ingress"
          },
          "sensitive_attributes": [],
          "private": "eyJlMmJmYjczMC1lY2FhLTExZTYtOGY4OC0zNDM2M2JjN2M0YzAiOnsiY3JlYXRlIjozMDAwMDAwMDAwMDB9LCJzY2hlbWFfdmVyc2lvbiI6IjIifQ==",
          "dependencies": [
            "module.eks_ohio.module.eks.aws_security_group.cluster",
            "module.eks_ohio.module.eks.aws_security_group.node",
            "module.eks_ohio.module.vpc.aws_vpc.this"
          ],
          "create_before_destroy": true
        },
        {
          "index_key": "ingress_cluster_8443_webhook",
          "schema_version": 2,
          "attributes": {
            "cidr_blocks": null,
            "description": "Cluster API to node 8443/tcp webhook",
            "from_port": 8443,
            "id": "sgrule-484299047",
            "ipv6_cidr_blocks": null,
            "prefix_list_ids": [],
            "protocol": "tcp",
            "security_group_id": "sg-020539be9adbb0bd4",
            "security_group_rule_id": "sgr-059edd9d5189a6425",
            "self": false,
            "source_security_group_id": "sg-06cbfb505d774e80c",
            "timeouts": null,
            "to_port": 8443,
            "type": "ingress"
          },
          "sensitive_attributes": [],
          "private": "eyJlMmJmYjczMC1lY2FhLTExZTYtOGY4OC0zNDM2M2JjN2M0YzAiOnsiY3JlYXRlIjozMDAwMDAwMDAwMDB9LCJzY2hlbWFfdmVyc2lvbiI6IjIifQ==",
          "dependencies": [
            "module.eks_ohio.module.eks.aws_security_group.cluster",
            "module.eks_ohio.module.eks.aws_security_group.node",
            "module.eks_ohio.module.vpc.aws_vpc.this"
          ],
          "create_before_destroy": true
        },
        {
          "index_key": "ingress_cluster_9443_webhook",
          "schema_version": 2,
          "attributes": {
            "cidr_blocks": null,
            "description": "Cluster API to node 9443/tcp webhook",
            "from_port": 9443,
            "id": "sgrule-2021450476",
            "ipv6_cidr_blocks": null,
            "prefix_list_ids": [],
            "protocol": "tcp",
            "security_group_id": "sg-020539be9adbb0bd4",
            "security_group_rule_id": "sgr-0f8ebb5b804c3ec41",
            "self": false,
            "source_security_group_id": "sg-06cbfb505d774e80c",
            "timeouts": null,
            "to_port": 9443,
            "type": "ingress"
          },
          "sensitive_attributes": [],
          "private": "eyJlMmJmYjczMC1lY2FhLTExZTYtOGY4OC0zNDM2M2JjN2M0YzAiOnsiY3JlYXRlIjozMDAwMDAwMDAwMDB9LCJzY2hlbWFfdmVyc2lvbiI6IjIifQ==",
          "dependencies": [
            "module.eks_ohio.module.eks.aws_security_group.cluster",
            "module.eks_ohio.module.eks.aws_security_group.node",
            "module.eks_ohio.module.vpc.aws_vpc.this"
          ],
          "create_before_destroy": true
        },
        {
          "index_key": "ingress_cluster_kubelet",
          "schema_version": 2,
          "attributes": {
            "cidr_blocks": null,
            "description": "Cluster API to node kubelets",
            "from_port": 10250,
            "id": "sgrule-1484769169",
            "ipv6_cidr_blocks": null,
            "prefix_list_ids": [],
            "protocol": "tcp",
            "security_group_id": "sg-020539be9adbb0bd4",
            "security_group_rule_id": "sgr-0341f81cda2c74c48",
            "self": false,
            "source_security_group_id": "sg-06cbfb505d774e80c",
            "timeouts": null,
            "to_port": 10250,
            "type": "ingress"
          },
          "sensitive_attributes": [],
          "private": "eyJlMmJmYjczMC1lY2FhLTExZTYtOGY4OC0zNDM2M2JjN2M0YzAiOnsiY3JlYXRlIjozMDAwMDAwMDAwMDB9LCJzY2hlbWFfdmVyc2lvbiI6IjIifQ==",
          "dependencies": [
            "module.eks_ohio.module.eks.aws_security_group.cluster",
            "module.eks_ohio.module.eks.aws_security_group.node",
            "module.eks_ohio.module.vpc.aws_vpc.this"
          ],
          "create_before_destroy": true
        },
        {
          "index_key": "ingress_nodes_ephemeral",
          "schema_version": 2,
          "attributes": {
            "cidr_blocks": null,
            "description": "Node to node ingress on ephemeral ports",
            "from_port": 1025,
            "id": "sgrule-2048841747",
            "ipv6_cidr_blocks": null,
            "prefix_list_ids": [],
            "protocol": "tcp",
            "security_group_id": "sg-020539be9adbb0bd4",
            "security_group_rule_id": "sgr-0e5c3de2d314babad",
            "self": true,
            "source_security_group_id": null,
            "timeouts": null,
            "to_port": 65535,
            "type": "ingress"
          },
          "sensitive_attributes": [],
          "private": "eyJlMmJmYjczMC1lY2FhLTExZTYtOGY4OC0zNDM2M2JjN2M0YzAiOnsiY3JlYXRlIjozMDAwMDAwMDAwMDB9LCJzY2hlbWFfdmVyc2lvbiI6IjIifQ==",
          "dependencies": [
            "module.eks_ohio.module.eks.aws_security_group.cluster",
            "module.eks_ohio.module.eks.aws_security_group.node",
            "module.eks_ohio.module.vpc.aws_vpc.this"
          ],
          "create_before_destroy": true
        },
        {
          "index_key": "ingress_self_coredns_tcp",
          "schema_version": 2,
          "attributes": {
            "cidr_blocks": null,
            "description": "Node to node CoreDNS",
            "from_port": 53,
            "id": "sgrule-1741368285",
            "ipv6_cidr_blocks": null,
            "prefix_list_ids": [],
            "protocol": "tcp",
            "security_group_id": "sg-020539be9adbb0bd4",
            "security_group_rule_id": "sgr-0f7460c205d5429ee",
            "self": true,
            "source_security_group_id": null,
            "timeouts": null,
            "to_port": 53,
            "type": "ingress"
          },
          "sensitive_attributes": [],
          "private": "eyJlMmJmYjczMC1lY2FhLTExZTYtOGY4OC0zNDM2M2JjN2M0YzAiOnsiY3JlYXRlIjozMDAwMDAwMDAwMDB9LCJzY2hlbWFfdmVyc2lvbiI6IjIifQ==",
          "dependencies": [
            "module.eks_ohio.module.eks.aws_security_group.cluster",
            "module.eks_ohio.module.eks.aws_security_group.node",
            "module.eks_ohio.module.vpc.aws_vpc.this"
          ],
          "create_before_destroy": true
        },
        {
          "index_key": "ingress_self_coredns_udp",
          "schema_version": 2,
          "attributes": {
            "cidr_blocks": null,
            "description": "Node to node CoreDNS UDP",
            "from_port": 53,
            "id": "sgrule-3281291314",
            "ipv6_cidr_blocks": null,
            "prefix_list_ids": [],
            "protocol": "udp",
            "security_group_id": "sg-020539be9adbb0bd4",
            "security_group_rule_id": "sgr-01ddc70a743c0b2b7",
            "self": true,
            "source_security_group_id": null,
            "timeouts": null,
            "to_port": 53,
            "type": "ingress"
          },
          "sensitive_attributes": [],
          "private": "eyJlMmJmYjczMC1lY2FhLTExZTYtOGY4OC0zNDM2M2JjN2M0YzAiOnsiY3JlYXRlIjozMDAwMDAwMDAwMDB9LCJzY2hlbWFfdmVyc2lvbiI6IjIifQ==",
          "dependencies": [
            "module.eks_ohio.module.eks.aws_security_group.cluster",
            "module.eks_ohio.module.eks.aws_security_group.node",
            "module.eks_ohio.module.vpc.aws_vpc.this"
          ],
          "create_before_destroy": true
        }
      ]
    },
    {
      "module": "module.eks_ohio[0].module.eks",
      "mode": "managed",
      "type": "time_sleep",
      "name": "this",
      "provider": "provider[\"registry.terraform.io/hashicorp/time\"]",
      "instances": [
        {
          "index_key": 0,
          "schema_version": 0,
          "attributes": {
            "create_duration": "30s",
            "destroy_duration": null,
            "id": "2024-01-15T12:46:57Z",
            "triggers": {
              "cluster_certificate_authority_data": "LS0tLS1CRUdJTiBDRVJUSUZJQ0FURS0tLS0tCk1JSURCVENDQWUyZ0F3SUJBZ0lJWXlBNERaOGd4OUF3RFFZSktvWklodmNOQVFFTEJRQXdGVEVUTUJFR0ExVUUKQXhNS2EzVmlaWEp1WlhSbGN6QWVGdzB5TkRBeE1UVXhNak0yTWpoYUZ3MHpOREF4TVRJeE1qUXhNamhhTUJVeApFekFSQmdOVkJBTVRDbXQxWW1WeWJtVjBaWE13Z2dFaU1BMEdDU3FHU0liM0RRRUJBUVVBQTRJQkR3QXdnZ0VLCkFvSUJBUURsVTlyL2hodnNhQVJZeEszWTBUamV6T3Nkd2RHV3I2NUlabHZoQ1hiTmlKM3JLcG5JQWNIN0E3UW4KdHB2dERpclBYZFNuUUVXNUJlSVlTOFBCWWZYK3NVeVZTUGNSN2d1S05aKzFPQXB4TVhJS2pwR2FCeXZSWFdrQwpHRlF1Q2NhYjl2MGdsSGpQR0tLakRKdmhrTmFsSkRZVkErbHpNL2hDcm1qN1hRYTY5dkVHMmFROHkxVGNzQjlRCmhHT3FNTVVBRGhCN2F1d2hING8xUlhvb2pSSjJRWFMwNkxEc0EyMFlUeHFKVlIyVkZub0tBSEcxZHVMajU4bVkKMmZOTFl2aW8zZjN6N2VaM3IyaGphVDd1TEd1amdlYzNRY084eC9ydGY5U2swTkhvelA3bXh0Yk85MktZVlBINgpzQndVY2pPOTc0RFpCVlFvclhsTk41bk5lV0pwQWdNQkFBR2pXVEJYTUE0R0ExVWREd0VCL3dRRUF3SUNwREFQCkJnTlZIUk1CQWY4RUJUQURBUUgvTUIwR0ExVWREZ1FXQkJSVkYxNWFUUGZIdUhWZzdTK0Z4MGp5NXRzN2NEQVYKQmdOVkhSRUVEakFNZ2dwcmRXSmxjbTVsZEdWek1BMEdDU3FHU0liM0RRRUJDd1VBQTRJQkFRQnV4dDRkOXY4bQpNVXJSTHRGUzkvd0FEaWV4QzZ2QWFFMWh2Tm80c3ZSd0Y5SURIcmVQS291a3A2UXFHUHA3MDhyaTBvQThydU5RClMyRnlKMmVFaWF3dmtWSERwZ2E4S3pkYVhucEVseDFlVkhsclcySHRRaVNydm0xRHNzTXdMTU90MG9VcGlQNVoKRWVWNTExNENrNkswcmRidjJZN1lNQlJlb0tPdGF4ejJDdVZXd3g4ZFJPWE15aGd3RVFtS1VDc09wZDVGa2VuUwpRT3ZyYjk5Y2tPSVJCVHZncTViQlhqU1NHemtFZTMySDk0ZVAzcDZSb2NtQmtCcVVFeHI0TUJCMEhRcEFjY1pPClVYbStKMnBCOE0rZFFPTENmb0Z4VE9YVVhYTzYrOGtYbjgrajA0dThGRkFJdENuQXZsNldWaVpHSHNVbWlMb3gKZzh1bm1ObTNkeDRrCi0tLS0tRU5EIENFUlRJRklDQVRFLS0tLS0K",
              "cluster_endpoint": "https://28882F661CDEF6DC68F7CD59A77AAB89.gr7.us-east-2.eks.amazonaws.com",
              "cluster_name": "linxact-oh",
              "cluster_version": "1.28"
            }
          },
          "sensitive_attributes": [],
          "dependencies": [
            "module.eks_ohio.data.aws_availability_zones.available",
            "module.eks_ohio.module.eks.aws_cloudwatch_log_group.this",
            "module.eks_ohio.module.eks.aws_eks_cluster.this",
            "module.eks_ohio.module.eks.aws_iam_policy.cni_ipv6_policy",
            "module.eks_ohio.module.eks.aws_iam_role.this",
            "module.eks_ohio.module.eks.aws_iam_role_policy_attachment.this",
            "module.eks_ohio.module.eks.aws_security_group.cluster",
            "module.eks_ohio.module.eks.aws_security_group.node",
            "module.eks_ohio.module.eks.aws_security_group_rule.cluster",
            "module.eks_ohio.module.eks.aws_security_group_rule.node",
            "module.eks_ohio.module.eks.data.aws_caller_identity.current",
            "module.eks_ohio.module.eks.data.aws_iam_policy_document.assume_role_policy",
            "module.eks_ohio.module.eks.data.aws_iam_policy_document.cni_ipv6_policy",
            "module.eks_ohio.module.eks.data.aws_iam_session_context.current",
            "module.eks_ohio.module.eks.data.aws_partition.current",
            "module.eks_ohio.module.eks.module.kms.aws_kms_external_key.this",
            "module.eks_ohio.module.eks.module.kms.aws_kms_key.this",
            "module.eks_ohio.module.eks.module.kms.data.aws_caller_identity.current",
            "module.eks_ohio.module.eks.module.kms.data.aws_iam_policy_document.this",
            "module.eks_ohio.module.eks.module.kms.data.aws_partition.current",
            "module.eks_ohio.module.vpc.aws_subnet.private",
            "module.eks_ohio.module.vpc.aws_vpc.this",
            "module.eks_ohio.module.vpc.aws_vpc_ipv4_cidr_block_association.this"
          ],
          "create_before_destroy": true
        }
      ]
    },
    {
      "module": "module.eks_ohio[0].module.eks.module.eks_managed_node_group[\"default_node_group\"]",
      "mode": "data",
      "type": "aws_caller_identity",
      "name": "current",
      "provider": "provider[\"registry.terraform.io/hashicorp/aws\"].ohio",
      "instances": [
        {
          "schema_version": 0,
          "attributes": {
            "account_id": "411623750878",
            "arn": "arn:aws:iam::411623750878:user/olexiy",
            "id": "411623750878",
            "user_id": "AIDAV7VVP7TPJ6HRCC3PA"
          },
          "sensitive_attributes": []
        }
      ]
    },
    {
      "module": "module.eks_ohio[0].module.eks.module.eks_managed_node_group[\"default_node_group\"]",
      "mode": "data",
      "type": "aws_iam_policy_document",
      "name": "assume_role_policy",
      "provider": "provider[\"registry.terraform.io/hashicorp/aws\"].ohio",
      "instances": [
        {
          "index_key": 0,
          "schema_version": 0,
          "attributes": {
            "id": "2560088296",
            "json": "{\n  \"Version\": \"2012-10-17\",\n  \"Statement\": [\n    {\n      \"Sid\": \"EKSNodeAssumeRole\",\n      \"Effect\": \"Allow\",\n      \"Action\": \"sts:AssumeRole\",\n      \"Principal\": {\n        \"Service\": \"ec2.amazonaws.com\"\n      }\n    }\n  ]\n}",
            "override_policy_documents": null,
            "policy_id": null,
            "source_policy_documents": null,
            "statement": [
              {
                "actions": [
                  "sts:AssumeRole"
                ],
                "condition": [],
                "effect": "Allow",
                "not_actions": [],
                "not_principals": [],
                "not_resources": [],
                "principals": [
                  {
                    "identifiers": [
                      "ec2.amazonaws.com"
                    ],
                    "type": "Service"
                  }
                ],
                "resources": [],
                "sid": "EKSNodeAssumeRole"
              }
            ],
            "version": "2012-10-17"
          },
          "sensitive_attributes": []
        }
      ]
    },
    {
      "module": "module.eks_ohio[0].module.eks.module.eks_managed_node_group[\"default_node_group\"]",
      "mode": "data",
      "type": "aws_partition",
      "name": "current",
      "provider": "provider[\"registry.terraform.io/hashicorp/aws\"].ohio",
      "instances": [
        {
          "schema_version": 0,
          "attributes": {
            "dns_suffix": "amazonaws.com",
            "id": "aws",
            "partition": "aws",
            "reverse_dns_prefix": "com.amazonaws"
          },
          "sensitive_attributes": []
        }
      ]
    },
    {
      "module": "module.eks_ohio[0].module.eks.module.eks_managed_node_group[\"default_node_group\"]",
      "mode": "managed",
      "type": "aws_eks_node_group",
      "name": "this",
      "provider": "provider[\"registry.terraform.io/hashicorp/aws\"].ohio",
      "instances": [
        {
          "index_key": 0,
          "schema_version": 0,
          "attributes": {
            "ami_type": "AL2_ARM_64",
            "arn": "arn:aws:eks:us-east-2:411623750878:nodegroup/linxact-oh/crawl-1-2024011512465884610000000f/ecc68694-979e-4155-96cc-87662b0deb95",
            "capacity_type": "SPOT",
            "cluster_name": "linxact-oh",
            "disk_size": 0,
            "force_update_version": null,
            "id": "linxact-oh:crawl-1-2024011512465884610000000f",
            "instance_types": [
              "r7g.medium",
              "r7gd.medium",
              "r6g.medium",
              "r6gd.medium"
            ],
            "labels": null,
            "launch_template": [
              {
                "id": "lt-010e892573bca15fe",
                "name": "default_node_group-2024011512465779130000000d",
                "version": "1"
              }
            ],
            "node_group_name": "crawl-1-2024011512465884610000000f",
            "node_group_name_prefix": "crawl-1-",
            "node_role_arn": "arn:aws:iam::411623750878:role/crawl-1-eks-node-group-20240115123609002900000001",
            "release_version": "1.28.5-20240110",
            "remote_access": [],
            "resources": [
              {
                "autoscaling_groups": [
                  {
                    "name": "eks-crawl-1-2024011512465884610000000f-ecc68694-979e-4155-96cc-87662b0deb95"
                  }
                ],
                "remote_access_security_group_id": ""
              }
            ],
            "scaling_config": [
              {
                "desired_size": 1,
                "max_size": 3,
                "min_size": 1
              }
            ],
            "status": "ACTIVE",
            "subnet_ids": [
              "subnet-021bce1d5e007f395",
              "subnet-02733bd6b6321d820",
              "subnet-03f0644fb434ce55a",
              "subnet-0988581f4a74da79c",
              "subnet-0fc30f661dae765bb"
            ],
            "tags": {
              "Name": "crawl-1"
            },
            "tags_all": {
              "Name": "crawl-1"
            },
            "taint": [],
            "timeouts": {
              "create": null,
              "delete": null,
              "update": null
            },
            "update_config": [
              {
                "max_unavailable": 0,
                "max_unavailable_percentage": 33
              }
            ],
            "version": "1.28"
          },
          "sensitive_attributes": [],
          "private": "eyJlMmJmYjczMC1lY2FhLTExZTYtOGY4OC0zNDM2M2JjN2M0YzAiOnsiY3JlYXRlIjozNjAwMDAwMDAwMDAwLCJkZWxldGUiOjM2MDAwMDAwMDAwMDAsInVwZGF0ZSI6MzYwMDAwMDAwMDAwMH19",
          "dependencies": [
            "module.eks_ohio.data.aws_availability_zones.available",
            "module.eks_ohio.module.eks.aws_cloudwatch_log_group.this",
            "module.eks_ohio.module.eks.aws_eks_cluster.this",
            "module.eks_ohio.module.eks.aws_iam_policy.cni_ipv6_policy",
            "module.eks_ohio.module.eks.aws_iam_role.this",
            "module.eks_ohio.module.eks.aws_iam_role_policy_attachment.this",
            "module.eks_ohio.module.eks.aws_security_group.cluster",
            "module.eks_ohio.module.eks.aws_security_group.node",
            "module.eks_ohio.module.eks.aws_security_group_rule.cluster",
            "module.eks_ohio.module.eks.aws_security_group_rule.node",
            "module.eks_ohio.module.eks.data.aws_caller_identity.current",
            "module.eks_ohio.module.eks.data.aws_iam_policy_document.assume_role_policy",
            "module.eks_ohio.module.eks.data.aws_iam_policy_document.cni_ipv6_policy",
            "module.eks_ohio.module.eks.data.aws_iam_session_context.current",
            "module.eks_ohio.module.eks.data.aws_partition.current",
            "module.eks_ohio.module.eks.module.eks_managed_node_group.aws_iam_role.this",
            "module.eks_ohio.module.eks.module.eks_managed_node_group.aws_iam_role_policy_attachment.this",
            "module.eks_ohio.module.eks.module.eks_managed_node_group.aws_launch_template.this",
            "module.eks_ohio.module.eks.module.eks_managed_node_group.data.aws_caller_identity.current",
            "module.eks_ohio.module.eks.module.eks_managed_node_group.data.aws_iam_policy_document.assume_role_policy",
            "module.eks_ohio.module.eks.module.eks_managed_node_group.data.aws_partition.current",
            "module.eks_ohio.module.eks.module.eks_managed_node_group.module.user_data.data.cloudinit_config.linux_eks_managed_node_group",
            "module.eks_ohio.module.eks.module.kms.aws_kms_external_key.this",
            "module.eks_ohio.module.eks.module.kms.aws_kms_key.this",
            "module.eks_ohio.module.eks.module.kms.data.aws_caller_identity.current",
            "module.eks_ohio.module.eks.module.kms.data.aws_iam_policy_document.this",
            "module.eks_ohio.module.eks.module.kms.data.aws_partition.current",
            "module.eks_ohio.module.eks.time_sleep.this",
            "module.eks_ohio.module.vpc.aws_subnet.private",
            "module.eks_ohio.module.vpc.aws_vpc.this",
            "module.eks_ohio.module.vpc.aws_vpc_ipv4_cidr_block_association.this"
          ],
          "create_before_destroy": true
        }
      ]
    },
    {
      "module": "module.eks_ohio[0].module.eks.module.eks_managed_node_group[\"default_node_group\"]",
      "mode": "managed",
      "type": "aws_iam_role",
      "name": "this",
      "provider": "provider[\"registry.terraform.io/hashicorp/aws\"].ohio",
      "instances": [
        {
          "index_key": 0,
          "schema_version": 0,
          "attributes": {
            "arn": "arn:aws:iam::411623750878:role/crawl-1-eks-node-group-20240115123609002900000001",
            "assume_role_policy": "{\"Statement\":[{\"Action\":\"sts:AssumeRole\",\"Effect\":\"Allow\",\"Principal\":{\"Service\":\"ec2.amazonaws.com\"},\"Sid\":\"EKSNodeAssumeRole\"}],\"Version\":\"2012-10-17\"}",
            "create_date": "2024-01-15T12:36:09Z",
            "description": "EKS managed node group IAM role",
            "force_detach_policies": true,
            "id": "crawl-1-eks-node-group-20240115123609002900000001",
            "inline_policy": [],
            "managed_policy_arns": [],
            "max_session_duration": 3600,
            "name": "crawl-1-eks-node-group-20240115123609002900000001",
            "name_prefix": "crawl-1-eks-node-group-",
            "path": "/",
            "permissions_boundary": null,
            "tags": null,
            "tags_all": {},
            "unique_id": "AROAV7VVP7TPNR34GVUMO"
          },
          "sensitive_attributes": [],
          "private": "bnVsbA==",
          "dependencies": [
            "module.eks_ohio.module.eks.module.eks_managed_node_group.data.aws_iam_policy_document.assume_role_policy",
            "module.eks_ohio.module.eks.module.eks_managed_node_group.data.aws_partition.current"
          ],
          "create_before_destroy": true
        }
      ]
    },
    {
      "module": "module.eks_ohio[0].module.eks.module.eks_managed_node_group[\"default_node_group\"]",
      "mode": "managed",
      "type": "aws_iam_role_policy_attachment",
      "name": "this",
      "provider": "provider[\"registry.terraform.io/hashicorp/aws\"].ohio",
      "instances": [
        {
          "index_key": "arn:aws:iam::aws:policy/AmazonEC2ContainerRegistryReadOnly",
          "schema_version": 0,
          "attributes": {
            "id": "crawl-1-eks-node-group-20240115123609002900000001-20240115123610953500000003",
            "policy_arn": "arn:aws:iam::aws:policy/AmazonEC2ContainerRegistryReadOnly",
            "role": "crawl-1-eks-node-group-20240115123609002900000001"
          },
          "sensitive_attributes": [],
          "private": "bnVsbA==",
          "dependencies": [
            "module.eks_ohio.module.eks.module.eks_managed_node_group.aws_iam_role.this",
            "module.eks_ohio.module.eks.module.eks_managed_node_group.data.aws_caller_identity.current",
            "module.eks_ohio.module.eks.module.eks_managed_node_group.data.aws_iam_policy_document.assume_role_policy",
            "module.eks_ohio.module.eks.module.eks_managed_node_group.data.aws_partition.current"
          ],
          "create_before_destroy": true
        },
        {
          "index_key": "arn:aws:iam::aws:policy/AmazonEKSWorkerNodePolicy",
          "schema_version": 0,
          "attributes": {
            "id": "crawl-1-eks-node-group-20240115123609002900000001-20240115123611292800000005",
            "policy_arn": "arn:aws:iam::aws:policy/AmazonEKSWorkerNodePolicy",
            "role": "crawl-1-eks-node-group-20240115123609002900000001"
          },
          "sensitive_attributes": [],
          "private": "bnVsbA==",
          "dependencies": [
            "module.eks_ohio.module.eks.module.eks_managed_node_group.aws_iam_role.this",
            "module.eks_ohio.module.eks.module.eks_managed_node_group.data.aws_caller_identity.current",
            "module.eks_ohio.module.eks.module.eks_managed_node_group.data.aws_iam_policy_document.assume_role_policy",
            "module.eks_ohio.module.eks.module.eks_managed_node_group.data.aws_partition.current"
          ],
          "create_before_destroy": true
        },
        {
          "index_key": "arn:aws:iam::aws:policy/AmazonEKS_CNI_Policy",
          "schema_version": 0,
          "attributes": {
            "id": "crawl-1-eks-node-group-20240115123609002900000001-20240115123611239000000004",
            "policy_arn": "arn:aws:iam::aws:policy/AmazonEKS_CNI_Policy",
            "role": "crawl-1-eks-node-group-20240115123609002900000001"
          },
          "sensitive_attributes": [],
          "private": "bnVsbA==",
          "dependencies": [
            "module.eks_ohio.module.eks.module.eks_managed_node_group.aws_iam_role.this",
            "module.eks_ohio.module.eks.module.eks_managed_node_group.data.aws_caller_identity.current",
            "module.eks_ohio.module.eks.module.eks_managed_node_group.data.aws_iam_policy_document.assume_role_policy",
            "module.eks_ohio.module.eks.module.eks_managed_node_group.data.aws_partition.current"
          ],
          "create_before_destroy": true
        }
      ]
    },
    {
      "module": "module.eks_ohio[0].module.eks.module.eks_managed_node_group[\"default_node_group\"]",
      "mode": "managed",
      "type": "aws_launch_template",
      "name": "this",
      "provider": "provider[\"registry.terraform.io/hashicorp/aws\"].ohio",
      "instances": [
        {
          "index_key": 0,
          "schema_version": 0,
          "attributes": {
            "arn": "arn:aws:ec2:us-east-2:411623750878:launch-template/lt-010e892573bca15fe",
            "block_device_mappings": [],
            "capacity_reservation_specification": [],
            "cpu_options": [],
            "credit_specification": [],
            "default_version": 1,
            "description": "Custom launch template for crawl-1 EKS managed node group",
            "disable_api_stop": false,
            "disable_api_termination": false,
            "ebs_optimized": "",
            "elastic_gpu_specifications": [],
            "elastic_inference_accelerator": [],
            "enclave_options": [],
            "hibernation_options": [],
            "iam_instance_profile": [],
            "id": "lt-010e892573bca15fe",
            "image_id": "",
            "instance_initiated_shutdown_behavior": "",
            "instance_market_options": [],
            "instance_requirements": [],
            "instance_type": "",
            "kernel_id": "",
            "key_name": "",
            "latest_version": 1,
            "license_specification": [],
            "maintenance_options": [],
            "metadata_options": [
              {
                "http_endpoint": "enabled",
                "http_protocol_ipv6": "",
                "http_put_response_hop_limit": 2,
                "http_tokens": "required",
                "instance_metadata_tags": ""
              }
            ],
            "monitoring": [
              {
                "enabled": true
              }
            ],
            "name": "default_node_group-2024011512465779130000000d",
            "name_prefix": "default_node_group-",
            "network_interfaces": [],
            "placement": [],
            "private_dns_name_options": [],
            "ram_disk_id": "",
            "security_group_names": null,
            "tag_specifications": [
              {
                "resource_type": "instance",
                "tags": {
                  "Name": "crawl-1"
                }
              },
              {
                "resource_type": "network-interface",
                "tags": {
                  "Name": "crawl-1"
                }
              },
              {
                "resource_type": "volume",
                "tags": {
                  "Name": "crawl-1"
                }
              }
            ],
            "tags": null,
            "tags_all": {},
            "update_default_version": true,
            "user_data": "",
            "vpc_security_group_ids": [
              "sg-020539be9adbb0bd4"
            ]
          },
          "sensitive_attributes": [],
          "private": "bnVsbA==",
          "dependencies": [
            "module.eks_ohio.data.aws_availability_zones.available",
            "module.eks_ohio.module.eks.aws_cloudwatch_log_group.this",
            "module.eks_ohio.module.eks.aws_eks_cluster.this",
            "module.eks_ohio.module.eks.aws_iam_policy.cni_ipv6_policy",
            "module.eks_ohio.module.eks.aws_iam_role.this",
            "module.eks_ohio.module.eks.aws_iam_role_policy_attachment.this",
            "module.eks_ohio.module.eks.aws_security_group.cluster",
            "module.eks_ohio.module.eks.aws_security_group.node",
            "module.eks_ohio.module.eks.aws_security_group_rule.cluster",
            "module.eks_ohio.module.eks.aws_security_group_rule.node",
            "module.eks_ohio.module.eks.data.aws_caller_identity.current",
            "module.eks_ohio.module.eks.data.aws_iam_policy_document.assume_role_policy",
            "module.eks_ohio.module.eks.data.aws_iam_policy_document.cni_ipv6_policy",
            "module.eks_ohio.module.eks.data.aws_iam_session_context.current",
            "module.eks_ohio.module.eks.data.aws_partition.current",
            "module.eks_ohio.module.eks.module.eks_managed_node_group.aws_iam_role.this",
            "module.eks_ohio.module.eks.module.eks_managed_node_group.aws_iam_role_policy_attachment.this",
            "module.eks_ohio.module.eks.module.eks_managed_node_group.data.aws_caller_identity.current",
            "module.eks_ohio.module.eks.module.eks_managed_node_group.data.aws_iam_policy_document.assume_role_policy",
            "module.eks_ohio.module.eks.module.eks_managed_node_group.data.aws_partition.current",
            "module.eks_ohio.module.eks.module.eks_managed_node_group.module.user_data.data.cloudinit_config.linux_eks_managed_node_group",
            "module.eks_ohio.module.eks.module.kms.aws_kms_external_key.this",
            "module.eks_ohio.module.eks.module.kms.aws_kms_key.this",
            "module.eks_ohio.module.eks.module.kms.data.aws_caller_identity.current",
            "module.eks_ohio.module.eks.module.kms.data.aws_iam_policy_document.this",
            "module.eks_ohio.module.eks.module.kms.data.aws_partition.current",
            "module.eks_ohio.module.eks.time_sleep.this",
            "module.eks_ohio.module.vpc.aws_subnet.private",
            "module.eks_ohio.module.vpc.aws_vpc.this",
            "module.eks_ohio.module.vpc.aws_vpc_ipv4_cidr_block_association.this"
          ],
          "create_before_destroy": true
        }
      ]
    },
    {
      "module": "module.eks_ohio[0].module.eks.module.kms",
      "mode": "data",
      "type": "aws_caller_identity",
      "name": "current",
      "provider": "provider[\"registry.terraform.io/hashicorp/aws\"].ohio",
      "instances": [
        {
          "schema_version": 0,
          "attributes": {
            "account_id": "411623750878",
            "arn": "arn:aws:iam::411623750878:user/olexiy",
            "id": "411623750878",
            "user_id": "AIDAV7VVP7TPJ6HRCC3PA"
          },
          "sensitive_attributes": []
        }
      ]
    },
    {
      "module": "module.eks_ohio[0].module.eks.module.kms",
      "mode": "data",
      "type": "aws_iam_policy_document",
      "name": "this",
      "provider": "provider[\"registry.terraform.io/hashicorp/aws\"].ohio",
      "instances": [
        {
          "index_key": 0,
          "schema_version": 0,
          "attributes": {
            "id": "1063377778",
            "json": "{\n  \"Version\": \"2012-10-17\",\n  \"Statement\": [\n    {\n      \"Sid\": \"KeyAdministration\",\n      \"Effect\": \"Allow\",\n      \"Action\": [\n        \"kms:Update*\",\n        \"kms:UntagResource\",\n        \"kms:TagResource\",\n        \"kms:ScheduleKeyDeletion\",\n        \"kms:Revoke*\",\n        \"kms:Put*\",\n        \"kms:List*\",\n        \"kms:Get*\",\n        \"kms:Enable*\",\n        \"kms:Disable*\",\n        \"kms:Describe*\",\n        \"kms:Delete*\",\n        \"kms:Create*\",\n        \"kms:CancelKeyDeletion\"\n      ],\n      \"Resource\": \"*\",\n      \"Principal\": {\n        \"AWS\": \"arn:aws:iam::411623750878:user/olexiy\"\n      }\n    },\n    {\n      \"Sid\": \"KeyUsage\",\n      \"Effect\": \"Allow\",\n      \"Action\": [\n        \"kms:ReEncrypt*\",\n        \"kms:GenerateDataKey*\",\n        \"kms:Encrypt\",\n        \"kms:DescribeKey\",\n        \"kms:Decrypt\"\n      ],\n      \"Resource\": \"*\",\n      \"Principal\": {\n        \"AWS\": \"arn:aws:iam::411623750878:role/linxact-oh-cluster-20240115123609006400000002\"\n      }\n    }\n  ]\n}",
            "override_policy_documents": null,
            "policy_id": null,
            "source_policy_documents": null,
            "statement": [
              {
                "actions": [
                  "kms:CancelKeyDeletion",
                  "kms:Create*",
                  "kms:Delete*",
                  "kms:Describe*",
                  "kms:Disable*",
                  "kms:Enable*",
                  "kms:Get*",
                  "kms:List*",
                  "kms:Put*",
                  "kms:Revoke*",
                  "kms:ScheduleKeyDeletion",
                  "kms:TagResource",
                  "kms:UntagResource",
                  "kms:Update*"
                ],
                "condition": [],
                "effect": "Allow",
                "not_actions": [],
                "not_principals": [],
                "not_resources": [],
                "principals": [
                  {
                    "identifiers": [
                      "arn:aws:iam::411623750878:user/olexiy"
                    ],
                    "type": "AWS"
                  }
                ],
                "resources": [
                  "*"
                ],
                "sid": "KeyAdministration"
              },
              {
                "actions": [
                  "kms:Decrypt",
                  "kms:DescribeKey",
                  "kms:Encrypt",
                  "kms:GenerateDataKey*",
                  "kms:ReEncrypt*"
                ],
                "condition": [],
                "effect": "Allow",
                "not_actions": [],
                "not_principals": [],
                "not_resources": [],
                "principals": [
                  {
                    "identifiers": [
                      "arn:aws:iam::411623750878:role/linxact-oh-cluster-20240115123609006400000002"
                    ],
                    "type": "AWS"
                  }
                ],
                "resources": [
                  "*"
                ],
                "sid": "KeyUsage"
              }
            ],
            "version": "2012-10-17"
          },
          "sensitive_attributes": []
        }
      ]
    },
    {
      "module": "module.eks_ohio[0].module.eks.module.kms",
      "mode": "data",
      "type": "aws_partition",
      "name": "current",
      "provider": "provider[\"registry.terraform.io/hashicorp/aws\"].ohio",
      "instances": [
        {
          "schema_version": 0,
          "attributes": {
            "dns_suffix": "amazonaws.com",
            "id": "aws",
            "partition": "aws",
            "reverse_dns_prefix": "com.amazonaws"
          },
          "sensitive_attributes": []
        }
      ]
    },
    {
      "module": "module.eks_ohio[0].module.eks.module.kms",
      "mode": "managed",
      "type": "aws_kms_alias",
      "name": "this",
      "provider": "provider[\"registry.terraform.io/hashicorp/aws\"].ohio",
      "instances": [
        {
          "index_key": "cluster",
          "schema_version": 0,
          "attributes": {
            "arn": "arn:aws:kms:us-east-2:411623750878:alias/eks/linxact-oh",
            "id": "alias/eks/linxact-oh",
            "name": "alias/eks/linxact-oh",
            "name_prefix": "",
            "target_key_arn": "arn:aws:kms:us-east-2:411623750878:key/1c2dd1e9-0754-4764-b409-88c6e6326619",
            "target_key_id": "1c2dd1e9-0754-4764-b409-88c6e6326619"
          },
          "sensitive_attributes": [],
          "private": "bnVsbA==",
          "dependencies": [
            "module.eks_ohio.module.eks.aws_iam_role.this",
            "module.eks_ohio.module.eks.data.aws_caller_identity.current",
            "module.eks_ohio.module.eks.data.aws_iam_policy_document.assume_role_policy",
            "module.eks_ohio.module.eks.data.aws_iam_session_context.current",
            "module.eks_ohio.module.eks.data.aws_partition.current",
            "module.eks_ohio.module.eks.module.kms.aws_kms_external_key.this",
            "module.eks_ohio.module.eks.module.kms.aws_kms_key.this",
            "module.eks_ohio.module.eks.module.kms.data.aws_caller_identity.current",
            "module.eks_ohio.module.eks.module.kms.data.aws_iam_policy_document.this",
            "module.eks_ohio.module.eks.module.kms.data.aws_partition.current"
          ]
        }
      ]
    },
    {
      "module": "module.eks_ohio[0].module.eks.module.kms",
      "mode": "managed",
      "type": "aws_kms_key",
      "name": "this",
      "provider": "provider[\"registry.terraform.io/hashicorp/aws\"].ohio",
      "instances": [
        {
          "index_key": 0,
          "schema_version": 0,
          "attributes": {
            "arn": "arn:aws:kms:us-east-2:411623750878:key/1c2dd1e9-0754-4764-b409-88c6e6326619",
            "bypass_policy_lockout_safety_check": false,
            "custom_key_store_id": "",
            "customer_master_key_spec": "SYMMETRIC_DEFAULT",
            "deletion_window_in_days": null,
            "description": "linxact-oh cluster encryption key",
            "enable_key_rotation": true,
            "id": "1c2dd1e9-0754-4764-b409-88c6e6326619",
            "is_enabled": true,
            "key_id": "1c2dd1e9-0754-4764-b409-88c6e6326619",
            "key_usage": "ENCRYPT_DECRYPT",
            "multi_region": false,
            "policy": "{\"Statement\":[{\"Action\":[\"kms:Update*\",\"kms:UntagResource\",\"kms:TagResource\",\"kms:ScheduleKeyDeletion\",\"kms:Revoke*\",\"kms:Put*\",\"kms:List*\",\"kms:Get*\",\"kms:Enable*\",\"kms:Disable*\",\"kms:Describe*\",\"kms:Delete*\",\"kms:Create*\",\"kms:CancelKeyDeletion\"],\"Effect\":\"Allow\",\"Principal\":{\"AWS\":\"arn:aws:iam::411623750878:user/olexiy\"},\"Resource\":\"*\",\"Sid\":\"KeyAdministration\"},{\"Action\":[\"kms:ReEncrypt*\",\"kms:GenerateDataKey*\",\"kms:Encrypt\",\"kms:DescribeKey\",\"kms:Decrypt\"],\"Effect\":\"Allow\",\"Principal\":{\"AWS\":\"arn:aws:iam::411623750878:role/linxact-oh-cluster-20240115123609006400000002\"},\"Resource\":\"*\",\"Sid\":\"KeyUsage\"}],\"Version\":\"2012-10-17\"}",
            "tags": null,
            "tags_all": {}
          },
          "sensitive_attributes": [],
          "private": "bnVsbA==",
          "dependencies": [
            "module.eks_ohio.module.eks.aws_iam_role.this",
            "module.eks_ohio.module.eks.data.aws_caller_identity.current",
            "module.eks_ohio.module.eks.data.aws_iam_policy_document.assume_role_policy",
            "module.eks_ohio.module.eks.data.aws_iam_session_context.current",
            "module.eks_ohio.module.eks.data.aws_partition.current",
            "module.eks_ohio.module.eks.module.kms.data.aws_caller_identity.current",
            "module.eks_ohio.module.eks.module.kms.data.aws_iam_policy_document.this",
            "module.eks_ohio.module.eks.module.kms.data.aws_partition.current"
          ],
          "create_before_destroy": true
        }
      ]
    },
    {
      "module": "module.eks_ohio[0].module.vpc",
      "mode": "managed",
      "type": "aws_default_network_acl",
      "name": "this",
      "provider": "provider[\"registry.terraform.io/hashicorp/aws\"].ohio",
      "instances": [
        {
          "index_key": 0,
          "schema_version": 0,
          "attributes": {
            "arn": "arn:aws:ec2:us-east-2:411623750878:network-acl/acl-0e77a34535c76a18c",
            "default_network_acl_id": "acl-0e77a34535c76a18c",
            "egress": [
              {
                "action": "allow",
                "cidr_block": "",
                "from_port": 0,
                "icmp_code": null,
                "icmp_type": null,
                "ipv6_cidr_block": "::/0",
                "protocol": "-1",
                "rule_no": 101,
                "to_port": 0
              },
              {
                "action": "allow",
                "cidr_block": "0.0.0.0/0",
                "from_port": 0,
                "icmp_code": null,
                "icmp_type": null,
                "ipv6_cidr_block": "",
                "protocol": "-1",
                "rule_no": 100,
                "to_port": 0
              }
            ],
            "id": "acl-0e77a34535c76a18c",
            "ingress": [
              {
                "action": "allow",
                "cidr_block": "",
                "from_port": 0,
                "icmp_code": null,
                "icmp_type": null,
                "ipv6_cidr_block": "::/0",
                "protocol": "-1",
                "rule_no": 101,
                "to_port": 0
              },
              {
                "action": "allow",
                "cidr_block": "0.0.0.0/0",
                "from_port": 0,
                "icmp_code": null,
                "icmp_type": null,
                "ipv6_cidr_block": "",
                "protocol": "-1",
                "rule_no": 100,
                "to_port": 0
              }
            ],
            "owner_id": "411623750878",
            "subnet_ids": [
              "subnet-0054fea609d4497c3",
              "subnet-01c4f79cfa6cc7847",
              "subnet-03f0644fb434ce55a",
              "subnet-0501474673135cf32"
            ],
            "tags": {
              "Name": "linxact-vpc-default"
            },
            "tags_all": {
              "Name": "linxact-vpc-default"
            },
            "vpc_id": "vpc-0e3bd59f693990e36"
          },
          "sensitive_attributes": [],
          "private": "bnVsbA==",
          "dependencies": [
            "module.eks_ohio.module.vpc.aws_vpc.this"
          ]
        }
      ]
    },
    {
      "module": "module.eks_ohio[0].module.vpc",
      "mode": "managed",
      "type": "aws_default_route_table",
      "name": "default",
      "provider": "provider[\"registry.terraform.io/hashicorp/aws\"].ohio",
      "instances": [
        {
          "index_key": 0,
          "schema_version": 0,
          "attributes": {
            "arn": "arn:aws:ec2:us-east-2:411623750878:route-table/rtb-0258acb11992eedf4",
            "default_route_table_id": "rtb-0258acb11992eedf4",
            "id": "rtb-0258acb11992eedf4",
            "owner_id": "411623750878",
            "propagating_vgws": null,
            "route": [],
            "tags": {
              "Name": "linxact-vpc-default"
            },
            "tags_all": {
              "Name": "linxact-vpc-default"
            },
            "timeouts": {
              "create": "5m",
              "update": "5m"
            },
            "vpc_id": "vpc-0e3bd59f693990e36"
          },
          "sensitive_attributes": [],
          "private": "eyJlMmJmYjczMC1lY2FhLTExZTYtOGY4OC0zNDM2M2JjN2M0YzAiOnsiY3JlYXRlIjozMDAwMDAwMDAwMDAsInVwZGF0ZSI6MzAwMDAwMDAwMDAwfX0=",
          "dependencies": [
            "module.eks_ohio.module.vpc.aws_vpc.this"
          ]
        }
      ]
    },
    {
      "module": "module.eks_ohio[0].module.vpc",
      "mode": "managed",
      "type": "aws_default_security_group",
      "name": "this",
      "provider": "provider[\"registry.terraform.io/hashicorp/aws\"].ohio",
      "instances": [
        {
          "index_key": 0,
          "schema_version": 1,
          "attributes": {
            "arn": "arn:aws:ec2:us-east-2:411623750878:security-group/sg-05979b3d76c9b88c8",
            "description": "default VPC security group",
            "egress": [],
            "id": "sg-05979b3d76c9b88c8",
            "ingress": [],
            "name": "default",
            "name_prefix": "",
            "owner_id": "411623750878",
            "revoke_rules_on_delete": false,
            "tags": {
              "Name": "linxact-vpc-default"
            },
            "tags_all": {
              "Name": "linxact-vpc-default"
            },
            "vpc_id": "vpc-0e3bd59f693990e36"
          },
          "sensitive_attributes": [],
          "private": "eyJzY2hlbWFfdmVyc2lvbiI6IjEifQ==",
          "dependencies": [
            "module.eks_ohio.module.vpc.aws_vpc.this"
          ]
        }
      ]
    },
    {
      "module": "module.eks_ohio[0].module.vpc",
      "mode": "managed",
      "type": "aws_eip",
      "name": "nat",
      "provider": "provider[\"registry.terraform.io/hashicorp/aws\"].ohio",
      "instances": [
        {
          "index_key": 0,
          "schema_version": 0,
          "attributes": {
            "address": null,
            "allocation_id": "eipalloc-01680c3e8b815dd3e",
            "associate_with_private_ip": null,
            "association_id": "",
            "carrier_ip": "",
            "customer_owned_ip": "",
            "customer_owned_ipv4_pool": "",
            "domain": "vpc",
            "id": "eipalloc-01680c3e8b815dd3e",
            "instance": "",
            "network_border_group": "us-east-2",
            "network_interface": "",
            "private_dns": null,
            "private_ip": "",
            "public_dns": "ec2-3-143-129-92.us-east-2.compute.amazonaws.com",
            "public_ip": "3.143.129.92",
            "public_ipv4_pool": "amazon",
            "tags": {
              "Name": "linxact-vpc-us-east-2a"
            },
            "tags_all": {
              "Name": "linxact-vpc-us-east-2a"
            },
            "timeouts": null,
            "vpc": true
          },
          "sensitive_attributes": [],
          "private": "eyJlMmJmYjczMC1lY2FhLTExZTYtOGY4OC0zNDM2M2JjN2M0YzAiOnsiZGVsZXRlIjoxODAwMDAwMDAwMDAsInJlYWQiOjkwMDAwMDAwMDAwMCwidXBkYXRlIjozMDAwMDAwMDAwMDB9fQ==",
          "dependencies": [
            "module.eks_ohio.data.aws_availability_zones.available",
            "module.eks_ohio.module.vpc.aws_internet_gateway.this",
            "module.eks_ohio.module.vpc.aws_vpc.this",
            "module.eks_ohio.module.vpc.aws_vpc_ipv4_cidr_block_association.this"
          ]
        }
      ]
    },
    {
      "module": "module.eks_ohio[0].module.vpc",
      "mode": "managed",
      "type": "aws_internet_gateway",
      "name": "this",
      "provider": "provider[\"registry.terraform.io/hashicorp/aws\"].ohio",
      "instances": [
        {
          "index_key": 0,
          "schema_version": 0,
          "attributes": {
            "arn": "arn:aws:ec2:us-east-2:411623750878:internet-gateway/igw-06d94f3f3f9faeda4",
            "id": "igw-06d94f3f3f9faeda4",
            "owner_id": "411623750878",
            "tags": {
              "Name": "linxact-vpc"
            },
            "tags_all": {
              "Name": "linxact-vpc"
            },
            "timeouts": null,
            "vpc_id": "vpc-0e3bd59f693990e36"
          },
          "sensitive_attributes": [],
          "private": "eyJlMmJmYjczMC1lY2FhLTExZTYtOGY4OC0zNDM2M2JjN2M0YzAiOnsiY3JlYXRlIjoxMjAwMDAwMDAwMDAwLCJkZWxldGUiOjEyMDAwMDAwMDAwMDAsInVwZGF0ZSI6MTIwMDAwMDAwMDAwMH19",
          "dependencies": [
            "module.eks_ohio.module.vpc.aws_vpc.this",
            "module.eks_ohio.module.vpc.aws_vpc_ipv4_cidr_block_association.this"
          ]
        }
      ]
    },
    {
      "module": "module.eks_ohio[0].module.vpc",
      "mode": "managed",
      "type": "aws_nat_gateway",
      "name": "this",
      "provider": "provider[\"registry.terraform.io/hashicorp/aws\"].ohio",
      "instances": [
        {
          "index_key": 0,
          "schema_version": 0,
          "attributes": {
            "allocation_id": "eipalloc-01680c3e8b815dd3e",
            "association_id": "eipassoc-01d125e5d6ff8e618",
            "connectivity_type": "public",
            "id": "nat-023fb5a802f0aa71c",
            "network_interface_id": "eni-0dd37b96c3a1c5c0c",
            "private_ip": "10.0.5.11",
            "public_ip": "3.143.129.92",
            "subnet_id": "subnet-0e774706d7e73b7f5",
            "tags": {
              "Name": "linxact-vpc-us-east-2a"
            },
            "tags_all": {
              "Name": "linxact-vpc-us-east-2a"
            }
          },
          "sensitive_attributes": [],
          "private": "bnVsbA==",
          "dependencies": [
            "module.eks_ohio.data.aws_availability_zones.available",
            "module.eks_ohio.module.vpc.aws_eip.nat",
            "module.eks_ohio.module.vpc.aws_internet_gateway.this",
            "module.eks_ohio.module.vpc.aws_subnet.public",
            "module.eks_ohio.module.vpc.aws_vpc.this",
            "module.eks_ohio.module.vpc.aws_vpc_ipv4_cidr_block_association.this"
          ]
        }
      ]
    },
    {
      "module": "module.eks_ohio[0].module.vpc",
      "mode": "managed",
      "type": "aws_route",
      "name": "private_nat_gateway",
      "provider": "provider[\"registry.terraform.io/hashicorp/aws\"].ohio",
      "instances": [
        {
          "index_key": 0,
          "schema_version": 0,
          "attributes": {
            "carrier_gateway_id": "",
            "core_network_arn": "",
            "destination_cidr_block": "0.0.0.0/0",
            "destination_ipv6_cidr_block": "",
            "destination_prefix_list_id": "",
            "egress_only_gateway_id": "",
            "gateway_id": "",
            "id": "r-rtb-0717f20dd6791b47b1080289494",
            "instance_id": "",
            "instance_owner_id": "",
            "local_gateway_id": "",
            "nat_gateway_id": "nat-023fb5a802f0aa71c",
            "network_interface_id": "",
            "origin": "CreateRoute",
            "route_table_id": "rtb-0717f20dd6791b47b",
            "state": "active",
            "timeouts": {
              "create": "5m",
              "delete": null,
              "update": null
            },
            "transit_gateway_id": "",
            "vpc_endpoint_id": "",
            "vpc_peering_connection_id": ""
          },
          "sensitive_attributes": [],
          "private": "eyJlMmJmYjczMC1lY2FhLTExZTYtOGY4OC0zNDM2M2JjN2M0YzAiOnsiY3JlYXRlIjozMDAwMDAwMDAwMDAsImRlbGV0ZSI6MzAwMDAwMDAwMDAwLCJ1cGRhdGUiOjEyMDAwMDAwMDAwMH19",
          "dependencies": [
            "module.eks_ohio.data.aws_availability_zones.available",
            "module.eks_ohio.module.vpc.aws_eip.nat",
            "module.eks_ohio.module.vpc.aws_internet_gateway.this",
            "module.eks_ohio.module.vpc.aws_nat_gateway.this",
            "module.eks_ohio.module.vpc.aws_route_table.private",
            "module.eks_ohio.module.vpc.aws_subnet.public",
            "module.eks_ohio.module.vpc.aws_vpc.this",
            "module.eks_ohio.module.vpc.aws_vpc_ipv4_cidr_block_association.this"
          ]
        }
      ]
    },
    {
      "module": "module.eks_ohio[0].module.vpc",
      "mode": "managed",
      "type": "aws_route",
      "name": "public_internet_gateway",
      "provider": "provider[\"registry.terraform.io/hashicorp/aws\"].ohio",
      "instances": [
        {
          "index_key": 0,
          "schema_version": 0,
          "attributes": {
            "carrier_gateway_id": "",
            "core_network_arn": "",
            "destination_cidr_block": "0.0.0.0/0",
            "destination_ipv6_cidr_block": "",
            "destination_prefix_list_id": "",
            "egress_only_gateway_id": "",
            "gateway_id": "igw-06d94f3f3f9faeda4",
            "id": "r-rtb-05eac028a8ebe456b1080289494",
            "instance_id": "",
            "instance_owner_id": "",
            "local_gateway_id": "",
            "nat_gateway_id": "",
            "network_interface_id": "",
            "origin": "CreateRoute",
            "route_table_id": "rtb-05eac028a8ebe456b",
            "state": "active",
            "timeouts": {
              "create": "5m",
              "delete": null,
              "update": null
            },
            "transit_gateway_id": "",
            "vpc_endpoint_id": "",
            "vpc_peering_connection_id": ""
          },
          "sensitive_attributes": [],
          "private": "eyJlMmJmYjczMC1lY2FhLTExZTYtOGY4OC0zNDM2M2JjN2M0YzAiOnsiY3JlYXRlIjozMDAwMDAwMDAwMDAsImRlbGV0ZSI6MzAwMDAwMDAwMDAwLCJ1cGRhdGUiOjEyMDAwMDAwMDAwMH19",
          "dependencies": [
            "module.eks_ohio.module.vpc.aws_internet_gateway.this",
            "module.eks_ohio.module.vpc.aws_route_table.public",
            "module.eks_ohio.module.vpc.aws_vpc.this",
            "module.eks_ohio.module.vpc.aws_vpc_ipv4_cidr_block_association.this"
          ]
        }
      ]
    },
    {
      "module": "module.eks_ohio[0].module.vpc",
      "mode": "managed",
      "type": "aws_route_table",
      "name": "private",
      "provider": "provider[\"registry.terraform.io/hashicorp/aws\"].ohio",
      "instances": [
        {
          "index_key": 0,
          "schema_version": 0,
          "attributes": {
            "arn": "arn:aws:ec2:us-east-2:411623750878:route-table/rtb-0717f20dd6791b47b",
            "id": "rtb-0717f20dd6791b47b",
            "owner_id": "411623750878",
            "propagating_vgws": [],
            "route": [],
            "tags": {
              "Name": "linxact-vpc-private"
            },
            "tags_all": {
              "Name": "linxact-vpc-private"
            },
            "timeouts": null,
            "vpc_id": "vpc-0e3bd59f693990e36"
          },
          "sensitive_attributes": [],
          "private": "eyJlMmJmYjczMC1lY2FhLTExZTYtOGY4OC0zNDM2M2JjN2M0YzAiOnsiY3JlYXRlIjozMDAwMDAwMDAwMDAsImRlbGV0ZSI6MzAwMDAwMDAwMDAwLCJ1cGRhdGUiOjEyMDAwMDAwMDAwMH19",
          "dependencies": [
            "module.eks_ohio.data.aws_availability_zones.available",
            "module.eks_ohio.module.vpc.aws_vpc.this",
            "module.eks_ohio.module.vpc.aws_vpc_ipv4_cidr_block_association.this"
          ]
        }
      ]
    },
    {
      "module": "module.eks_ohio[0].module.vpc",
      "mode": "managed",
      "type": "aws_route_table",
      "name": "public",
      "provider": "provider[\"registry.terraform.io/hashicorp/aws\"].ohio",
      "instances": [
        {
          "index_key": 0,
          "schema_version": 0,
          "attributes": {
            "arn": "arn:aws:ec2:us-east-2:411623750878:route-table/rtb-05eac028a8ebe456b",
            "id": "rtb-05eac028a8ebe456b",
            "owner_id": "411623750878",
            "propagating_vgws": [],
            "route": [],
            "tags": {
              "Name": "linxact-vpc-public"
            },
            "tags_all": {
              "Name": "linxact-vpc-public"
            },
            "timeouts": null,
            "vpc_id": "vpc-0e3bd59f693990e36"
          },
          "sensitive_attributes": [],
          "private": "eyJlMmJmYjczMC1lY2FhLTExZTYtOGY4OC0zNDM2M2JjN2M0YzAiOnsiY3JlYXRlIjozMDAwMDAwMDAwMDAsImRlbGV0ZSI6MzAwMDAwMDAwMDAwLCJ1cGRhdGUiOjEyMDAwMDAwMDAwMH19",
          "dependencies": [
            "module.eks_ohio.module.vpc.aws_vpc.this",
            "module.eks_ohio.module.vpc.aws_vpc_ipv4_cidr_block_association.this"
          ]
        }
      ]
    },
    {
      "module": "module.eks_ohio[0].module.vpc",
      "mode": "managed",
      "type": "aws_route_table_association",
      "name": "private",
      "provider": "provider[\"registry.terraform.io/hashicorp/aws\"].ohio",
      "instances": [
        {
          "index_key": 0,
          "schema_version": 0,
          "attributes": {
            "gateway_id": "",
            "id": "rtbassoc-0968714030f002041",
            "route_table_id": "rtb-0717f20dd6791b47b",
            "subnet_id": "subnet-021bce1d5e007f395",
            "timeouts": null
          },
          "sensitive_attributes": [],
          "private": "eyJlMmJmYjczMC1lY2FhLTExZTYtOGY4OC0zNDM2M2JjN2M0YzAiOnsiY3JlYXRlIjozMDAwMDAwMDAwMDAsImRlbGV0ZSI6MzAwMDAwMDAwMDAwLCJ1cGRhdGUiOjEyMDAwMDAwMDAwMH19",
          "dependencies": [
            "module.eks_ohio.data.aws_availability_zones.available",
            "module.eks_ohio.module.vpc.aws_route_table.private",
            "module.eks_ohio.module.vpc.aws_subnet.private",
            "module.eks_ohio.module.vpc.aws_vpc.this",
            "module.eks_ohio.module.vpc.aws_vpc_ipv4_cidr_block_association.this"
          ]
        },
        {
          "index_key": 1,
          "schema_version": 0,
          "attributes": {
            "gateway_id": "",
            "id": "rtbassoc-0c67f3fe25d3b1ae5",
            "route_table_id": "rtb-0717f20dd6791b47b",
            "subnet_id": "subnet-03f0644fb434ce55a",
            "timeouts": null
          },
          "sensitive_attributes": [],
          "private": "eyJlMmJmYjczMC1lY2FhLTExZTYtOGY4OC0zNDM2M2JjN2M0YzAiOnsiY3JlYXRlIjozMDAwMDAwMDAwMDAsImRlbGV0ZSI6MzAwMDAwMDAwMDAwLCJ1cGRhdGUiOjEyMDAwMDAwMDAwMH19",
          "dependencies": [
            "module.eks_ohio.data.aws_availability_zones.available",
            "module.eks_ohio.module.vpc.aws_route_table.private",
            "module.eks_ohio.module.vpc.aws_subnet.private",
            "module.eks_ohio.module.vpc.aws_vpc.this",
            "module.eks_ohio.module.vpc.aws_vpc_ipv4_cidr_block_association.this"
          ]
        },
        {
          "index_key": 2,
          "schema_version": 0,
          "attributes": {
            "gateway_id": "",
            "id": "rtbassoc-0906ada9c84ad2885",
            "route_table_id": "rtb-0717f20dd6791b47b",
            "subnet_id": "subnet-02733bd6b6321d820",
            "timeouts": null
          },
          "sensitive_attributes": [],
          "private": "eyJlMmJmYjczMC1lY2FhLTExZTYtOGY4OC0zNDM2M2JjN2M0YzAiOnsiY3JlYXRlIjozMDAwMDAwMDAwMDAsImRlbGV0ZSI6MzAwMDAwMDAwMDAwLCJ1cGRhdGUiOjEyMDAwMDAwMDAwMH19",
          "dependencies": [
            "module.eks_ohio.data.aws_availability_zones.available",
            "module.eks_ohio.module.vpc.aws_route_table.private",
            "module.eks_ohio.module.vpc.aws_subnet.private",
            "module.eks_ohio.module.vpc.aws_vpc.this",
            "module.eks_ohio.module.vpc.aws_vpc_ipv4_cidr_block_association.this"
          ]
        },
        {
          "index_key": 3,
          "schema_version": 0,
          "attributes": {
            "gateway_id": "",
            "id": "rtbassoc-0ac01418c15dc70ad",
            "route_table_id": "rtb-0717f20dd6791b47b",
            "subnet_id": "subnet-0988581f4a74da79c",
            "timeouts": null
          },
          "sensitive_attributes": [],
          "private": "eyJlMmJmYjczMC1lY2FhLTExZTYtOGY4OC0zNDM2M2JjN2M0YzAiOnsiY3JlYXRlIjozMDAwMDAwMDAwMDAsImRlbGV0ZSI6MzAwMDAwMDAwMDAwLCJ1cGRhdGUiOjEyMDAwMDAwMDAwMH19",
          "dependencies": [
            "module.eks_ohio.data.aws_availability_zones.available",
            "module.eks_ohio.module.vpc.aws_route_table.private",
            "module.eks_ohio.module.vpc.aws_subnet.private",
            "module.eks_ohio.module.vpc.aws_vpc.this",
            "module.eks_ohio.module.vpc.aws_vpc_ipv4_cidr_block_association.this"
          ]
        },
        {
          "index_key": 4,
          "schema_version": 0,
          "attributes": {
            "gateway_id": "",
            "id": "rtbassoc-074613e3c7b22660a",
            "route_table_id": "rtb-0717f20dd6791b47b",
            "subnet_id": "subnet-0fc30f661dae765bb",
            "timeouts": null
          },
          "sensitive_attributes": [],
          "private": "eyJlMmJmYjczMC1lY2FhLTExZTYtOGY4OC0zNDM2M2JjN2M0YzAiOnsiY3JlYXRlIjozMDAwMDAwMDAwMDAsImRlbGV0ZSI6MzAwMDAwMDAwMDAwLCJ1cGRhdGUiOjEyMDAwMDAwMDAwMH19",
          "dependencies": [
            "module.eks_ohio.data.aws_availability_zones.available",
            "module.eks_ohio.module.vpc.aws_route_table.private",
            "module.eks_ohio.module.vpc.aws_subnet.private",
            "module.eks_ohio.module.vpc.aws_vpc.this",
            "module.eks_ohio.module.vpc.aws_vpc_ipv4_cidr_block_association.this"
          ]
        }
      ]
    },
    {
      "module": "module.eks_ohio[0].module.vpc",
      "mode": "managed",
      "type": "aws_route_table_association",
      "name": "public",
      "provider": "provider[\"registry.terraform.io/hashicorp/aws\"].ohio",
      "instances": [
        {
          "index_key": 0,
          "schema_version": 0,
          "attributes": {
            "gateway_id": "",
            "id": "rtbassoc-0b4d3e913b5ef2d88",
            "route_table_id": "rtb-05eac028a8ebe456b",
            "subnet_id": "subnet-0e774706d7e73b7f5",
            "timeouts": null
          },
          "sensitive_attributes": [],
          "private": "eyJlMmJmYjczMC1lY2FhLTExZTYtOGY4OC0zNDM2M2JjN2M0YzAiOnsiY3JlYXRlIjozMDAwMDAwMDAwMDAsImRlbGV0ZSI6MzAwMDAwMDAwMDAwLCJ1cGRhdGUiOjEyMDAwMDAwMDAwMH19",
          "dependencies": [
            "module.eks_ohio.data.aws_availability_zones.available",
            "module.eks_ohio.module.vpc.aws_route_table.public",
            "module.eks_ohio.module.vpc.aws_subnet.public",
            "module.eks_ohio.module.vpc.aws_vpc.this",
            "module.eks_ohio.module.vpc.aws_vpc_ipv4_cidr_block_association.this"
          ]
        },
        {
          "index_key": 1,
          "schema_version": 0,
          "attributes": {
            "gateway_id": "",
            "id": "rtbassoc-062ab433b46b7e38a",
            "route_table_id": "rtb-05eac028a8ebe456b",
            "subnet_id": "subnet-0054fea609d4497c3",
            "timeouts": null
          },
          "sensitive_attributes": [],
          "private": "eyJlMmJmYjczMC1lY2FhLTExZTYtOGY4OC0zNDM2M2JjN2M0YzAiOnsiY3JlYXRlIjozMDAwMDAwMDAwMDAsImRlbGV0ZSI6MzAwMDAwMDAwMDAwLCJ1cGRhdGUiOjEyMDAwMDAwMDAwMH19",
          "dependencies": [
            "module.eks_ohio.data.aws_availability_zones.available",
            "module.eks_ohio.module.vpc.aws_route_table.public",
            "module.eks_ohio.module.vpc.aws_subnet.public",
            "module.eks_ohio.module.vpc.aws_vpc.this",
            "module.eks_ohio.module.vpc.aws_vpc_ipv4_cidr_block_association.this"
          ]
        },
        {
          "index_key": 2,
          "schema_version": 0,
          "attributes": {
            "gateway_id": "",
            "id": "rtbassoc-00e878452975c0c6c",
            "route_table_id": "rtb-05eac028a8ebe456b",
            "subnet_id": "subnet-0501474673135cf32",
            "timeouts": null
          },
          "sensitive_attributes": [],
          "private": "eyJlMmJmYjczMC1lY2FhLTExZTYtOGY4OC0zNDM2M2JjN2M0YzAiOnsiY3JlYXRlIjozMDAwMDAwMDAwMDAsImRlbGV0ZSI6MzAwMDAwMDAwMDAwLCJ1cGRhdGUiOjEyMDAwMDAwMDAwMH19",
          "dependencies": [
            "module.eks_ohio.data.aws_availability_zones.available",
            "module.eks_ohio.module.vpc.aws_route_table.public",
            "module.eks_ohio.module.vpc.aws_subnet.public",
            "module.eks_ohio.module.vpc.aws_vpc.this",
            "module.eks_ohio.module.vpc.aws_vpc_ipv4_cidr_block_association.this"
          ]
        },
        {
          "index_key": 3,
          "schema_version": 0,
          "attributes": {
            "gateway_id": "",
            "id": "rtbassoc-0b3a1df81a9bde60e",
            "route_table_id": "rtb-05eac028a8ebe456b",
            "subnet_id": "subnet-0cdeaefed383d124d",
            "timeouts": null
          },
          "sensitive_attributes": [],
          "private": "eyJlMmJmYjczMC1lY2FhLTExZTYtOGY4OC0zNDM2M2JjN2M0YzAiOnsiY3JlYXRlIjozMDAwMDAwMDAwMDAsImRlbGV0ZSI6MzAwMDAwMDAwMDAwLCJ1cGRhdGUiOjEyMDAwMDAwMDAwMH19",
          "dependencies": [
            "module.eks_ohio.data.aws_availability_zones.available",
            "module.eks_ohio.module.vpc.aws_route_table.public",
            "module.eks_ohio.module.vpc.aws_subnet.public",
            "module.eks_ohio.module.vpc.aws_vpc.this",
            "module.eks_ohio.module.vpc.aws_vpc_ipv4_cidr_block_association.this"
          ]
        },
        {
          "index_key": 4,
          "schema_version": 0,
          "attributes": {
            "gateway_id": "",
            "id": "rtbassoc-001956e71b81a8a7e",
            "route_table_id": "rtb-05eac028a8ebe456b",
            "subnet_id": "subnet-01c4f79cfa6cc7847",
            "timeouts": null
          },
          "sensitive_attributes": [],
          "private": "eyJlMmJmYjczMC1lY2FhLTExZTYtOGY4OC0zNDM2M2JjN2M0YzAiOnsiY3JlYXRlIjozMDAwMDAwMDAwMDAsImRlbGV0ZSI6MzAwMDAwMDAwMDAwLCJ1cGRhdGUiOjEyMDAwMDAwMDAwMH19",
          "dependencies": [
            "module.eks_ohio.data.aws_availability_zones.available",
            "module.eks_ohio.module.vpc.aws_route_table.public",
            "module.eks_ohio.module.vpc.aws_subnet.public",
            "module.eks_ohio.module.vpc.aws_vpc.this",
            "module.eks_ohio.module.vpc.aws_vpc_ipv4_cidr_block_association.this"
          ]
        }
      ]
    },
    {
      "module": "module.eks_ohio[0].module.vpc",
      "mode": "managed",
      "type": "aws_subnet",
      "name": "private",
      "provider": "provider[\"registry.terraform.io/hashicorp/aws\"].ohio",
      "instances": [
        {
          "index_key": 0,
          "schema_version": 1,
          "attributes": {
            "arn": "arn:aws:ec2:us-east-2:411623750878:subnet/subnet-021bce1d5e007f395",
            "assign_ipv6_address_on_creation": false,
            "availability_zone": "us-east-2a",
            "availability_zone_id": "use2-az1",
            "cidr_block": "10.0.0.0/24",
            "customer_owned_ipv4_pool": "",
            "enable_dns64": false,
            "enable_lni_at_device_index": 0,
            "enable_resource_name_dns_a_record_on_launch": false,
            "enable_resource_name_dns_aaaa_record_on_launch": false,
            "id": "subnet-021bce1d5e007f395",
            "ipv6_cidr_block": "",
            "ipv6_cidr_block_association_id": "",
            "ipv6_native": false,
            "map_customer_owned_ip_on_launch": false,
            "map_public_ip_on_launch": false,
            "outpost_arn": "",
            "owner_id": "411623750878",
            "private_dns_hostname_type_on_launch": "ip-name",
            "tags": {
              "Name": "linxact-vpc-private-us-east-2a",
              "kubernetes.io/cluster/linxact-oh": "shared",
              "kubernetes.io/role/internal-elb": "1"
            },
            "tags_all": {
              "Name": "linxact-vpc-private-us-east-2a",
              "kubernetes.io/cluster/linxact-oh": "shared",
              "kubernetes.io/role/internal-elb": "1"
            },
            "timeouts": null,
            "vpc_id": "vpc-0e3bd59f693990e36"
          },
          "sensitive_attributes": [],
          "private": "eyJlMmJmYjczMC1lY2FhLTExZTYtOGY4OC0zNDM2M2JjN2M0YzAiOnsiY3JlYXRlIjo2MDAwMDAwMDAwMDAsImRlbGV0ZSI6MTIwMDAwMDAwMDAwMH0sInNjaGVtYV92ZXJzaW9uIjoiMSJ9",
          "dependencies": [
            "module.eks_ohio.data.aws_availability_zones.available",
            "module.eks_ohio.module.vpc.aws_vpc.this",
            "module.eks_ohio.module.vpc.aws_vpc_ipv4_cidr_block_association.this"
          ],
          "create_before_destroy": true
        },
        {
          "index_key": 1,
          "schema_version": 1,
          "attributes": {
            "arn": "arn:aws:ec2:us-east-2:411623750878:subnet/subnet-03f0644fb434ce55a",
            "assign_ipv6_address_on_creation": false,
            "availability_zone": "us-east-2b",
            "availability_zone_id": "use2-az2",
            "cidr_block": "10.0.1.0/24",
            "customer_owned_ipv4_pool": "",
            "enable_dns64": false,
            "enable_lni_at_device_index": 0,
            "enable_resource_name_dns_a_record_on_launch": false,
            "enable_resource_name_dns_aaaa_record_on_launch": false,
            "id": "subnet-03f0644fb434ce55a",
            "ipv6_cidr_block": "",
            "ipv6_cidr_block_association_id": "",
            "ipv6_native": false,
            "map_customer_owned_ip_on_launch": false,
            "map_public_ip_on_launch": false,
            "outpost_arn": "",
            "owner_id": "411623750878",
            "private_dns_hostname_type_on_launch": "ip-name",
            "tags": {
              "Name": "linxact-vpc-private-us-east-2b",
              "kubernetes.io/cluster/linxact-oh": "shared",
              "kubernetes.io/role/internal-elb": "1"
            },
            "tags_all": {
              "Name": "linxact-vpc-private-us-east-2b",
              "kubernetes.io/cluster/linxact-oh": "shared",
              "kubernetes.io/role/internal-elb": "1"
            },
            "timeouts": null,
            "vpc_id": "vpc-0e3bd59f693990e36"
          },
          "sensitive_attributes": [],
          "private": "eyJlMmJmYjczMC1lY2FhLTExZTYtOGY4OC0zNDM2M2JjN2M0YzAiOnsiY3JlYXRlIjo2MDAwMDAwMDAwMDAsImRlbGV0ZSI6MTIwMDAwMDAwMDAwMH0sInNjaGVtYV92ZXJzaW9uIjoiMSJ9",
          "dependencies": [
            "module.eks_ohio.data.aws_availability_zones.available",
            "module.eks_ohio.module.vpc.aws_vpc.this",
            "module.eks_ohio.module.vpc.aws_vpc_ipv4_cidr_block_association.this"
          ],
          "create_before_destroy": true
        },
        {
          "index_key": 2,
          "schema_version": 1,
          "attributes": {
            "arn": "arn:aws:ec2:us-east-2:411623750878:subnet/subnet-02733bd6b6321d820",
            "assign_ipv6_address_on_creation": false,
            "availability_zone": "us-east-2c",
            "availability_zone_id": "use2-az3",
            "cidr_block": "10.0.2.0/24",
            "customer_owned_ipv4_pool": "",
            "enable_dns64": false,
            "enable_lni_at_device_index": 0,
            "enable_resource_name_dns_a_record_on_launch": false,
            "enable_resource_name_dns_aaaa_record_on_launch": false,
            "id": "subnet-02733bd6b6321d820",
            "ipv6_cidr_block": "",
            "ipv6_cidr_block_association_id": "",
            "ipv6_native": false,
            "map_customer_owned_ip_on_launch": false,
            "map_public_ip_on_launch": false,
            "outpost_arn": "",
            "owner_id": "411623750878",
            "private_dns_hostname_type_on_launch": "ip-name",
            "tags": {
              "Name": "linxact-vpc-private-us-east-2c",
              "kubernetes.io/cluster/linxact-oh": "shared",
              "kubernetes.io/role/internal-elb": "1"
            },
            "tags_all": {
              "Name": "linxact-vpc-private-us-east-2c",
              "kubernetes.io/cluster/linxact-oh": "shared",
              "kubernetes.io/role/internal-elb": "1"
            },
            "timeouts": null,
            "vpc_id": "vpc-0e3bd59f693990e36"
          },
          "sensitive_attributes": [],
          "private": "eyJlMmJmYjczMC1lY2FhLTExZTYtOGY4OC0zNDM2M2JjN2M0YzAiOnsiY3JlYXRlIjo2MDAwMDAwMDAwMDAsImRlbGV0ZSI6MTIwMDAwMDAwMDAwMH0sInNjaGVtYV92ZXJzaW9uIjoiMSJ9",
          "dependencies": [
            "module.eks_ohio.data.aws_availability_zones.available",
            "module.eks_ohio.module.vpc.aws_vpc.this",
            "module.eks_ohio.module.vpc.aws_vpc_ipv4_cidr_block_association.this"
          ],
          "create_before_destroy": true
        },
        {
          "index_key": 3,
          "schema_version": 1,
          "attributes": {
            "arn": "arn:aws:ec2:us-east-2:411623750878:subnet/subnet-0988581f4a74da79c",
            "assign_ipv6_address_on_creation": false,
            "availability_zone": "us-east-2a",
            "availability_zone_id": "use2-az1",
            "cidr_block": "10.0.3.0/24",
            "customer_owned_ipv4_pool": "",
            "enable_dns64": false,
            "enable_lni_at_device_index": 0,
            "enable_resource_name_dns_a_record_on_launch": false,
            "enable_resource_name_dns_aaaa_record_on_launch": false,
            "id": "subnet-0988581f4a74da79c",
            "ipv6_cidr_block": "",
            "ipv6_cidr_block_association_id": "",
            "ipv6_native": false,
            "map_customer_owned_ip_on_launch": false,
            "map_public_ip_on_launch": false,
            "outpost_arn": "",
            "owner_id": "411623750878",
            "private_dns_hostname_type_on_launch": "ip-name",
            "tags": {
              "Name": "linxact-vpc-private-us-east-2a",
              "kubernetes.io/cluster/linxact-oh": "shared",
              "kubernetes.io/role/internal-elb": "1"
            },
            "tags_all": {
              "Name": "linxact-vpc-private-us-east-2a",
              "kubernetes.io/cluster/linxact-oh": "shared",
              "kubernetes.io/role/internal-elb": "1"
            },
            "timeouts": null,
            "vpc_id": "vpc-0e3bd59f693990e36"
          },
          "sensitive_attributes": [],
          "private": "eyJlMmJmYjczMC1lY2FhLTExZTYtOGY4OC0zNDM2M2JjN2M0YzAiOnsiY3JlYXRlIjo2MDAwMDAwMDAwMDAsImRlbGV0ZSI6MTIwMDAwMDAwMDAwMH0sInNjaGVtYV92ZXJzaW9uIjoiMSJ9",
          "dependencies": [
            "module.eks_ohio.data.aws_availability_zones.available",
            "module.eks_ohio.module.vpc.aws_vpc.this",
            "module.eks_ohio.module.vpc.aws_vpc_ipv4_cidr_block_association.this"
          ],
          "create_before_destroy": true
        },
        {
          "index_key": 4,
          "schema_version": 1,
          "attributes": {
            "arn": "arn:aws:ec2:us-east-2:411623750878:subnet/subnet-0fc30f661dae765bb",
            "assign_ipv6_address_on_creation": false,
            "availability_zone": "us-east-2b",
            "availability_zone_id": "use2-az2",
            "cidr_block": "10.0.4.0/24",
            "customer_owned_ipv4_pool": "",
            "enable_dns64": false,
            "enable_lni_at_device_index": 0,
            "enable_resource_name_dns_a_record_on_launch": false,
            "enable_resource_name_dns_aaaa_record_on_launch": false,
            "id": "subnet-0fc30f661dae765bb",
            "ipv6_cidr_block": "",
            "ipv6_cidr_block_association_id": "",
            "ipv6_native": false,
            "map_customer_owned_ip_on_launch": false,
            "map_public_ip_on_launch": false,
            "outpost_arn": "",
            "owner_id": "411623750878",
            "private_dns_hostname_type_on_launch": "ip-name",
            "tags": {
              "Name": "linxact-vpc-private-us-east-2b",
              "kubernetes.io/cluster/linxact-oh": "shared",
              "kubernetes.io/role/internal-elb": "1"
            },
            "tags_all": {
              "Name": "linxact-vpc-private-us-east-2b",
              "kubernetes.io/cluster/linxact-oh": "shared",
              "kubernetes.io/role/internal-elb": "1"
            },
            "timeouts": null,
            "vpc_id": "vpc-0e3bd59f693990e36"
          },
          "sensitive_attributes": [],
          "private": "eyJlMmJmYjczMC1lY2FhLTExZTYtOGY4OC0zNDM2M2JjN2M0YzAiOnsiY3JlYXRlIjo2MDAwMDAwMDAwMDAsImRlbGV0ZSI6MTIwMDAwMDAwMDAwMH0sInNjaGVtYV92ZXJzaW9uIjoiMSJ9",
          "dependencies": [
            "module.eks_ohio.data.aws_availability_zones.available",
            "module.eks_ohio.module.vpc.aws_vpc.this",
            "module.eks_ohio.module.vpc.aws_vpc_ipv4_cidr_block_association.this"
          ],
          "create_before_destroy": true
        }
      ]
    },
    {
      "module": "module.eks_ohio[0].module.vpc",
      "mode": "managed",
      "type": "aws_subnet",
      "name": "public",
      "provider": "provider[\"registry.terraform.io/hashicorp/aws\"].ohio",
      "instances": [
        {
          "index_key": 0,
          "schema_version": 1,
          "attributes": {
            "arn": "arn:aws:ec2:us-east-2:411623750878:subnet/subnet-0e774706d7e73b7f5",
            "assign_ipv6_address_on_creation": false,
            "availability_zone": "us-east-2a",
            "availability_zone_id": "use2-az1",
            "cidr_block": "10.0.5.0/24",
            "customer_owned_ipv4_pool": "",
            "enable_dns64": false,
            "enable_lni_at_device_index": 0,
            "enable_resource_name_dns_a_record_on_launch": false,
            "enable_resource_name_dns_aaaa_record_on_launch": false,
            "id": "subnet-0e774706d7e73b7f5",
            "ipv6_cidr_block": "",
            "ipv6_cidr_block_association_id": "",
            "ipv6_native": false,
            "map_customer_owned_ip_on_launch": false,
            "map_public_ip_on_launch": false,
            "outpost_arn": "",
            "owner_id": "411623750878",
            "private_dns_hostname_type_on_launch": "ip-name",
            "tags": {
              "Name": "linxact-vpc-public-us-east-2a",
              "kubernetes.io/cluster/linxact-oh": "shared",
              "kubernetes.io/role/elb": "1"
            },
            "tags_all": {
              "Name": "linxact-vpc-public-us-east-2a",
              "kubernetes.io/cluster/linxact-oh": "shared",
              "kubernetes.io/role/elb": "1"
            },
            "timeouts": null,
            "vpc_id": "vpc-0e3bd59f693990e36"
          },
          "sensitive_attributes": [],
          "private": "eyJlMmJmYjczMC1lY2FhLTExZTYtOGY4OC0zNDM2M2JjN2M0YzAiOnsiY3JlYXRlIjo2MDAwMDAwMDAwMDAsImRlbGV0ZSI6MTIwMDAwMDAwMDAwMH0sInNjaGVtYV92ZXJzaW9uIjoiMSJ9",
          "dependencies": [
            "module.eks_ohio.data.aws_availability_zones.available",
            "module.eks_ohio.module.vpc.aws_vpc.this",
            "module.eks_ohio.module.vpc.aws_vpc_ipv4_cidr_block_association.this"
          ]
        },
        {
          "index_key": 1,
          "schema_version": 1,
          "attributes": {
            "arn": "arn:aws:ec2:us-east-2:411623750878:subnet/subnet-0054fea609d4497c3",
            "assign_ipv6_address_on_creation": false,
            "availability_zone": "us-east-2b",
            "availability_zone_id": "use2-az2",
            "cidr_block": "10.0.6.0/24",
            "customer_owned_ipv4_pool": "",
            "enable_dns64": false,
            "enable_lni_at_device_index": 0,
            "enable_resource_name_dns_a_record_on_launch": false,
            "enable_resource_name_dns_aaaa_record_on_launch": false,
            "id": "subnet-0054fea609d4497c3",
            "ipv6_cidr_block": "",
            "ipv6_cidr_block_association_id": "",
            "ipv6_native": false,
            "map_customer_owned_ip_on_launch": false,
            "map_public_ip_on_launch": false,
            "outpost_arn": "",
            "owner_id": "411623750878",
            "private_dns_hostname_type_on_launch": "ip-name",
            "tags": {
              "Name": "linxact-vpc-public-us-east-2b",
              "kubernetes.io/cluster/linxact-oh": "shared",
              "kubernetes.io/role/elb": "1"
            },
            "tags_all": {
              "Name": "linxact-vpc-public-us-east-2b",
              "kubernetes.io/cluster/linxact-oh": "shared",
              "kubernetes.io/role/elb": "1"
            },
            "timeouts": null,
            "vpc_id": "vpc-0e3bd59f693990e36"
          },
          "sensitive_attributes": [],
          "private": "eyJlMmJmYjczMC1lY2FhLTExZTYtOGY4OC0zNDM2M2JjN2M0YzAiOnsiY3JlYXRlIjo2MDAwMDAwMDAwMDAsImRlbGV0ZSI6MTIwMDAwMDAwMDAwMH0sInNjaGVtYV92ZXJzaW9uIjoiMSJ9",
          "dependencies": [
            "module.eks_ohio.data.aws_availability_zones.available",
            "module.eks_ohio.module.vpc.aws_vpc.this",
            "module.eks_ohio.module.vpc.aws_vpc_ipv4_cidr_block_association.this"
          ]
        },
        {
          "index_key": 2,
          "schema_version": 1,
          "attributes": {
            "arn": "arn:aws:ec2:us-east-2:411623750878:subnet/subnet-0501474673135cf32",
            "assign_ipv6_address_on_creation": false,
            "availability_zone": "us-east-2c",
            "availability_zone_id": "use2-az3",
            "cidr_block": "10.0.7.0/24",
            "customer_owned_ipv4_pool": "",
            "enable_dns64": false,
            "enable_lni_at_device_index": 0,
            "enable_resource_name_dns_a_record_on_launch": false,
            "enable_resource_name_dns_aaaa_record_on_launch": false,
            "id": "subnet-0501474673135cf32",
            "ipv6_cidr_block": "",
            "ipv6_cidr_block_association_id": "",
            "ipv6_native": false,
            "map_customer_owned_ip_on_launch": false,
            "map_public_ip_on_launch": false,
            "outpost_arn": "",
            "owner_id": "411623750878",
            "private_dns_hostname_type_on_launch": "ip-name",
            "tags": {
              "Name": "linxact-vpc-public-us-east-2c",
              "kubernetes.io/cluster/linxact-oh": "shared",
              "kubernetes.io/role/elb": "1"
            },
            "tags_all": {
              "Name": "linxact-vpc-public-us-east-2c",
              "kubernetes.io/cluster/linxact-oh": "shared",
              "kubernetes.io/role/elb": "1"
            },
            "timeouts": null,
            "vpc_id": "vpc-0e3bd59f693990e36"
          },
          "sensitive_attributes": [],
          "private": "eyJlMmJmYjczMC1lY2FhLTExZTYtOGY4OC0zNDM2M2JjN2M0YzAiOnsiY3JlYXRlIjo2MDAwMDAwMDAwMDAsImRlbGV0ZSI6MTIwMDAwMDAwMDAwMH0sInNjaGVtYV92ZXJzaW9uIjoiMSJ9",
          "dependencies": [
            "module.eks_ohio.data.aws_availability_zones.available",
            "module.eks_ohio.module.vpc.aws_vpc.this",
            "module.eks_ohio.module.vpc.aws_vpc_ipv4_cidr_block_association.this"
          ]
        },
        {
          "index_key": 3,
          "schema_version": 1,
          "attributes": {
            "arn": "arn:aws:ec2:us-east-2:411623750878:subnet/subnet-0cdeaefed383d124d",
            "assign_ipv6_address_on_creation": false,
            "availability_zone": "us-east-2a",
            "availability_zone_id": "use2-az1",
            "cidr_block": "10.0.8.0/24",
            "customer_owned_ipv4_pool": "",
            "enable_dns64": false,
            "enable_lni_at_device_index": 0,
            "enable_resource_name_dns_a_record_on_launch": false,
            "enable_resource_name_dns_aaaa_record_on_launch": false,
            "id": "subnet-0cdeaefed383d124d",
            "ipv6_cidr_block": "",
            "ipv6_cidr_block_association_id": "",
            "ipv6_native": false,
            "map_customer_owned_ip_on_launch": false,
            "map_public_ip_on_launch": false,
            "outpost_arn": "",
            "owner_id": "411623750878",
            "private_dns_hostname_type_on_launch": "ip-name",
            "tags": {
              "Name": "linxact-vpc-public-us-east-2a",
              "kubernetes.io/cluster/linxact-oh": "shared",
              "kubernetes.io/role/elb": "1"
            },
            "tags_all": {
              "Name": "linxact-vpc-public-us-east-2a",
              "kubernetes.io/cluster/linxact-oh": "shared",
              "kubernetes.io/role/elb": "1"
            },
            "timeouts": null,
            "vpc_id": "vpc-0e3bd59f693990e36"
          },
          "sensitive_attributes": [],
          "private": "eyJlMmJmYjczMC1lY2FhLTExZTYtOGY4OC0zNDM2M2JjN2M0YzAiOnsiY3JlYXRlIjo2MDAwMDAwMDAwMDAsImRlbGV0ZSI6MTIwMDAwMDAwMDAwMH0sInNjaGVtYV92ZXJzaW9uIjoiMSJ9",
          "dependencies": [
            "module.eks_ohio.data.aws_availability_zones.available",
            "module.eks_ohio.module.vpc.aws_vpc.this",
            "module.eks_ohio.module.vpc.aws_vpc_ipv4_cidr_block_association.this"
          ]
        },
        {
          "index_key": 4,
          "schema_version": 1,
          "attributes": {
            "arn": "arn:aws:ec2:us-east-2:411623750878:subnet/subnet-01c4f79cfa6cc7847",
            "assign_ipv6_address_on_creation": false,
            "availability_zone": "us-east-2b",
            "availability_zone_id": "use2-az2",
            "cidr_block": "10.0.9.0/24",
            "customer_owned_ipv4_pool": "",
            "enable_dns64": false,
            "enable_lni_at_device_index": 0,
            "enable_resource_name_dns_a_record_on_launch": false,
            "enable_resource_name_dns_aaaa_record_on_launch": false,
            "id": "subnet-01c4f79cfa6cc7847",
            "ipv6_cidr_block": "",
            "ipv6_cidr_block_association_id": "",
            "ipv6_native": false,
            "map_customer_owned_ip_on_launch": false,
            "map_public_ip_on_launch": false,
            "outpost_arn": "",
            "owner_id": "411623750878",
            "private_dns_hostname_type_on_launch": "ip-name",
            "tags": {
              "Name": "linxact-vpc-public-us-east-2b",
              "kubernetes.io/cluster/linxact-oh": "shared",
              "kubernetes.io/role/elb": "1"
            },
            "tags_all": {
              "Name": "linxact-vpc-public-us-east-2b",
              "kubernetes.io/cluster/linxact-oh": "shared",
              "kubernetes.io/role/elb": "1"
            },
            "timeouts": null,
            "vpc_id": "vpc-0e3bd59f693990e36"
          },
          "sensitive_attributes": [],
          "private": "eyJlMmJmYjczMC1lY2FhLTExZTYtOGY4OC0zNDM2M2JjN2M0YzAiOnsiY3JlYXRlIjo2MDAwMDAwMDAwMDAsImRlbGV0ZSI6MTIwMDAwMDAwMDAwMH0sInNjaGVtYV92ZXJzaW9uIjoiMSJ9",
          "dependencies": [
            "module.eks_ohio.data.aws_availability_zones.available",
            "module.eks_ohio.module.vpc.aws_vpc.this",
            "module.eks_ohio.module.vpc.aws_vpc_ipv4_cidr_block_association.this"
          ]
        }
      ]
    },
    {
      "module": "module.eks_ohio[0].module.vpc",
      "mode": "managed",
      "type": "aws_vpc",
      "name": "this",
      "provider": "provider[\"registry.terraform.io/hashicorp/aws\"].ohio",
      "instances": [
        {
          "index_key": 0,
          "schema_version": 1,
          "attributes": {
            "arn": "arn:aws:ec2:us-east-2:411623750878:vpc/vpc-0e3bd59f693990e36",
            "assign_generated_ipv6_cidr_block": false,
            "cidr_block": "10.0.0.0/16",
            "default_network_acl_id": "acl-0e77a34535c76a18c",
            "default_route_table_id": "rtb-0258acb11992eedf4",
            "default_security_group_id": "sg-05979b3d76c9b88c8",
            "dhcp_options_id": "dopt-7287ea1a",
            "enable_dns_hostnames": true,
            "enable_dns_support": true,
            "enable_network_address_usage_metrics": false,
            "id": "vpc-0e3bd59f693990e36",
            "instance_tenancy": "default",
            "ipv4_ipam_pool_id": null,
            "ipv4_netmask_length": null,
            "ipv6_association_id": "",
            "ipv6_cidr_block": "",
            "ipv6_cidr_block_network_border_group": "",
            "ipv6_ipam_pool_id": "",
            "ipv6_netmask_length": 0,
            "main_route_table_id": "rtb-0258acb11992eedf4",
            "owner_id": "411623750878",
            "tags": {
              "Name": "linxact-vpc"
            },
            "tags_all": {
              "Name": "linxact-vpc"
            }
          },
          "sensitive_attributes": [],
          "private": "eyJzY2hlbWFfdmVyc2lvbiI6IjEifQ==",
          "create_before_destroy": true
        }
      ]
    },
    {
      "module": "module.eks_oregon[0]",
      "mode": "data",
      "type": "aws_availability_zones",
      "name": "available",
      "provider": "provider[\"registry.terraform.io/hashicorp/aws\"].oregon",
      "instances": [
        {
          "schema_version": 0,
          "attributes": {
            "all_availability_zones": null,
            "exclude_names": null,
            "exclude_zone_ids": null,
            "filter": [
              {
                "name": "opt-in-status",
                "values": [
                  "opt-in-not-required"
                ]
              }
            ],
            "group_names": [
              "us-west-2"
            ],
            "id": "us-west-2",
            "names": [
              "us-west-2a",
              "us-west-2b",
              "us-west-2c",
              "us-west-2d"
            ],
            "state": null,
            "timeouts": null,
            "zone_ids": [
              "usw2-az1",
              "usw2-az2",
              "usw2-az3",
              "usw2-az4"
            ]
          },
          "sensitive_attributes": []
        }
      ]
    },
    {
      "module": "module.eks_oregon[0]",
      "mode": "managed",
      "type": "null_resource",
      "name": "merge_kubeconfig",
      "provider": "provider[\"registry.terraform.io/hashicorp/null\"]",
      "instances": [
        {
          "index_key": 0,
          "schema_version": 0,
          "attributes": {
            "id": "1355925348889074923",
            "triggers": {
              "always": "2024-01-15T12:48:03Z"
            }
          },
          "sensitive_attributes": [],
          "dependencies": [
            "module.eks_oregon.data.aws_availability_zones.available",
            "module.eks_oregon.module.eks.aws_cloudwatch_log_group.this",
            "module.eks_oregon.module.eks.aws_eks_cluster.this",
            "module.eks_oregon.module.eks.aws_iam_policy.cni_ipv6_policy",
            "module.eks_oregon.module.eks.aws_iam_role.this",
            "module.eks_oregon.module.eks.aws_iam_role_policy_attachment.this",
            "module.eks_oregon.module.eks.aws_security_group.cluster",
            "module.eks_oregon.module.eks.aws_security_group.node",
            "module.eks_oregon.module.eks.aws_security_group_rule.cluster",
            "module.eks_oregon.module.eks.aws_security_group_rule.node",
            "module.eks_oregon.module.eks.data.aws_caller_identity.current",
            "module.eks_oregon.module.eks.data.aws_iam_policy_document.assume_role_policy",
            "module.eks_oregon.module.eks.data.aws_iam_policy_document.cni_ipv6_policy",
            "module.eks_oregon.module.eks.data.aws_iam_session_context.current",
            "module.eks_oregon.module.eks.data.aws_partition.current",
            "module.eks_oregon.module.eks.module.kms.aws_kms_external_key.this",
            "module.eks_oregon.module.eks.module.kms.aws_kms_key.this",
            "module.eks_oregon.module.eks.module.kms.data.aws_caller_identity.current",
            "module.eks_oregon.module.eks.module.kms.data.aws_iam_policy_document.this",
            "module.eks_oregon.module.eks.module.kms.data.aws_partition.current",
            "module.eks_oregon.module.vpc.aws_subnet.private",
            "module.eks_oregon.module.vpc.aws_vpc.this",
            "module.eks_oregon.module.vpc.aws_vpc_ipv4_cidr_block_association.this"
          ]
        }
      ]
    },
    {
      "module": "module.eks_oregon[0]",
      "mode": "managed",
      "type": "random_string",
      "name": "suffix",
      "provider": "provider[\"registry.terraform.io/hashicorp/random\"]",
      "instances": [
        {
          "schema_version": 2,
          "attributes": {
            "id": "ah3cvcZh",
            "keepers": null,
            "length": 8,
            "lower": true,
            "min_lower": 0,
            "min_numeric": 0,
            "min_special": 0,
            "min_upper": 0,
            "number": true,
            "numeric": true,
            "override_special": null,
            "result": "ah3cvcZh",
            "special": false,
            "upper": true
          },
          "sensitive_attributes": []
        }
      ]
    },
    {
      "module": "module.eks_oregon[0].module.eks",
      "mode": "data",
      "type": "aws_caller_identity",
      "name": "current",
      "provider": "provider[\"registry.terraform.io/hashicorp/aws\"].oregon",
      "instances": [
        {
          "schema_version": 0,
          "attributes": {
            "account_id": "411623750878",
            "arn": "arn:aws:iam::411623750878:user/olexiy",
            "id": "411623750878",
            "user_id": "AIDAV7VVP7TPJ6HRCC3PA"
          },
          "sensitive_attributes": []
        }
      ]
    },
    {
      "module": "module.eks_oregon[0].module.eks",
      "mode": "data",
      "type": "aws_iam_policy_document",
      "name": "assume_role_policy",
      "provider": "provider[\"registry.terraform.io/hashicorp/aws\"].oregon",
      "instances": [
        {
          "index_key": 0,
          "schema_version": 0,
          "attributes": {
            "id": "2764486067",
            "json": "{\n  \"Version\": \"2012-10-17\",\n  \"Statement\": [\n    {\n      \"Sid\": \"EKSClusterAssumeRole\",\n      \"Effect\": \"Allow\",\n      \"Action\": \"sts:AssumeRole\",\n      \"Principal\": {\n        \"Service\": \"eks.amazonaws.com\"\n      }\n    }\n  ]\n}",
            "override_policy_documents": null,
            "policy_id": null,
            "source_policy_documents": null,
            "statement": [
              {
                "actions": [
                  "sts:AssumeRole"
                ],
                "condition": [],
                "effect": "Allow",
                "not_actions": [],
                "not_principals": [],
                "not_resources": [],
                "principals": [
                  {
                    "identifiers": [
                      "eks.amazonaws.com"
                    ],
                    "type": "Service"
                  }
                ],
                "resources": [],
                "sid": "EKSClusterAssumeRole"
              }
            ],
            "version": "2012-10-17"
          },
          "sensitive_attributes": []
        }
      ]
    },
    {
      "module": "module.eks_oregon[0].module.eks",
      "mode": "data",
      "type": "aws_iam_session_context",
      "name": "current",
      "provider": "provider[\"registry.terraform.io/hashicorp/aws\"].oregon",
      "instances": [
        {
          "schema_version": 0,
          "attributes": {
            "arn": "arn:aws:iam::411623750878:user/olexiy",
            "id": "arn:aws:iam::411623750878:user/olexiy",
            "issuer_arn": "arn:aws:iam::411623750878:user/olexiy",
            "issuer_id": "",
            "issuer_name": "",
            "session_name": ""
          },
          "sensitive_attributes": []
        }
      ]
    },
    {
      "module": "module.eks_oregon[0].module.eks",
      "mode": "data",
      "type": "aws_partition",
      "name": "current",
      "provider": "provider[\"registry.terraform.io/hashicorp/aws\"].oregon",
      "instances": [
        {
          "schema_version": 0,
          "attributes": {
            "dns_suffix": "amazonaws.com",
            "id": "aws",
            "partition": "aws",
            "reverse_dns_prefix": "com.amazonaws"
          },
          "sensitive_attributes": []
        }
      ]
    },
    {
      "module": "module.eks_oregon[0].module.eks",
      "mode": "data",
      "type": "tls_certificate",
      "name": "this",
      "provider": "provider[\"registry.terraform.io/hashicorp/tls\"]",
      "instances": [
        {
          "index_key": 0,
          "schema_version": 0,
          "attributes": {
            "certificates": [
              {
                "cert_pem": "-----BEGIN CERTIFICATE-----\nMIIEdTCCA12gAwIBAgIJAKcOSkw0grd/MA0GCSqGSIb3DQEBCwUAMGgxCzAJBgNV\nBAYTAlVTMSUwIwYDVQQKExxTdGFyZmllbGQgVGVjaG5vbG9naWVzLCBJbmMuMTIw\nMAYDVQQLEylTdGFyZmllbGQgQ2xhc3MgMiBDZXJ0aWZpY2F0aW9uIEF1dGhvcml0\neTAeFw0wOTA5MDIwMDAwMDBaFw0zNDA2MjgxNzM5MTZaMIGYMQswCQYDVQQGEwJV\nUzEQMA4GA1UECBMHQXJpem9uYTETMBEGA1UEBxMKU2NvdHRzZGFsZTElMCMGA1UE\nChMcU3RhcmZpZWxkIFRlY2hub2xvZ2llcywgSW5jLjE7MDkGA1UEAxMyU3RhcmZp\nZWxkIFNlcnZpY2VzIFJvb3QgQ2VydGlmaWNhdGUgQXV0aG9yaXR5IC0gRzIwggEi\nMA0GCSqGSIb3DQEBAQUAA4IBDwAwggEKAoIBAQDVDDrEKvlO4vW+GZdfjohTsR8/\ny8+fIBNtKTrID30892t2OGPZNmCom15cAICyL1l/9of5JUOG52kbUpqQ4XHj2C0N\nTm/2yEnZtvMaVq4rtnQU68/7JuMauh2WLmo7WJSJR1b/JaCTcFOD2oR0FMNnngRo\nOt+OQFodSk7PQ5E751bWAHDLUu57fa4657wx+UX2wmDPE1kCK4DMNEffud6QZW0C\nzyyRpqbn3oUYSXxmTqM6bam17jQuug0DuDPfR+uxa40l2ZvOgdFFRjKWcIfeAg5J\nQ4W2bHO7ZOphQazJ1FTfhy/HIrImzJ9ZVGif/L4qL8RVHHVAYBeFAlU5i38FAgMB\nAAGjgfAwge0wDwYDVR0TAQH/BAUwAwEB/zAOBgNVHQ8BAf8EBAMCAYYwHQYDVR0O\nBBYEFJxfAN+qAdcwKziIorhtSpzyEZGDMB8GA1UdIwQYMBaAFL9ft9HO3R+G9FtV\nrNzXEMIOqYjnME8GCCsGAQUFBwEBBEMwQTAcBggrBgEFBQcwAYYQaHR0cDovL28u\nc3MyLnVzLzAhBggrBgEFBQcwAoYVaHR0cDovL3guc3MyLnVzL3guY2VyMCYGA1Ud\nHwQfMB0wG6AZoBeGFWh0dHA6Ly9zLnNzMi51cy9yLmNybDARBgNVHSAECjAIMAYG\nBFUdIAAwDQYJKoZIhvcNAQELBQADggEBACMd44pXyn3pF3lM8R5V/cxTbj5HD9/G\nVfKyBDbtgB9TxF00KGu+x1X8Z+rLP3+QsjPNG1gQggL4+C/1E2DUBc7xgQjB3ad1\nl08YuW3e95ORCLp+QCztweq7dp4zBncdDQh/U90bZKuCJ/Fp1U1ervShw3WnWEQt\n8jxwmKy6abaVd38PMV4s/KCHOkdp8Hlf9BRUpJVeEXgSYCfOn8J3/yNTd126/+pZ\n59vPr5KW7ySaNRB6nJHGDn2Z9j8Z3/VyVOEVqQdZe4O/Ui5GjLIAZHYcSNPYeehu\nVsyuLAOQ1xk4meTKCRlb/weWsKh/NEnfVqn3sF/tM+2MR7cwA130A4w=\n-----END CERTIFICATE-----\n",
                "is_ca": true,
                "issuer": "OU=Starfield Class 2 Certification Authority,O=Starfield Technologies\\, Inc.,C=US",
                "not_after": "2034-06-28T17:39:16Z",
                "not_before": "2009-09-02T00:00:00Z",
                "public_key_algorithm": "RSA",
                "serial_number": "12037640545166866303",
                "sha1_fingerprint": "9e99a48a9960b14926bb7f3b02e22da2b0ab7280",
                "signature_algorithm": "SHA256-RSA",
                "subject": "CN=Starfield Services Root Certificate Authority - G2,O=Starfield Technologies\\, Inc.,L=Scottsdale,ST=Arizona,C=US",
                "version": 3
              },
              {
                "cert_pem": "-----BEGIN CERTIFICATE-----\nMIIEkjCCA3qgAwIBAgITBn+USionzfP6wq4rAfkI7rnExjANBgkqhkiG9w0BAQsF\nADCBmDELMAkGA1UEBhMCVVMxEDAOBgNVBAgTB0FyaXpvbmExEzARBgNVBAcTClNj\nb3R0c2RhbGUxJTAjBgNVBAoTHFN0YXJmaWVsZCBUZWNobm9sb2dpZXMsIEluYy4x\nOzA5BgNVBAMTMlN0YXJmaWVsZCBTZXJ2aWNlcyBSb290IENlcnRpZmljYXRlIEF1\ndGhvcml0eSAtIEcyMB4XDTE1MDUyNTEyMDAwMFoXDTM3MTIzMTAxMDAwMFowOTEL\nMAkGA1UEBhMCVVMxDzANBgNVBAoTBkFtYXpvbjEZMBcGA1UEAxMQQW1hem9uIFJv\nb3QgQ0EgMTCCASIwDQYJKoZIhvcNAQEBBQADggEPADCCAQoCggEBALJ4gHHKeNXj\nca9HgFB0fW7Y14h29Jlo91ghYPl0hAEvrAIthtOgQ3pOsqTQNroBvo3bSMgHFzZM\n9O6II8c+6zf1tRn4SWiw3te5djgdYZ6k/oI2peVKVuRF4fn9tBb6dNqcmzU5L/qw\nIFAGbHrQgLKm+a/sRxmPUDgH3KKHOVj4utWp+UhnMJbulHheb4mjUcAwhmahRWa6\nVOujw5H5SNz/0egwLX0tdHA114gk957EWW67c4cX8jJGKLhD+rcdqsq08p8kDi1L\n93FcXmn/6pUCyziKrlA4b9v7LWIbxcceVOF34GfID5yHI9Y/QCB/IIDEgEw+OyQm\njgSubJrIqg0CAwEAAaOCATEwggEtMA8GA1UdEwEB/wQFMAMBAf8wDgYDVR0PAQH/\nBAQDAgGGMB0GA1UdDgQWBBSEGMyFNOy8DJSULghZnMeyEE4KCDAfBgNVHSMEGDAW\ngBScXwDfqgHXMCs4iKK4bUqc8hGRgzB4BggrBgEFBQcBAQRsMGowLgYIKwYBBQUH\nMAGGImh0dHA6Ly9vY3NwLnJvb3RnMi5hbWF6b250cnVzdC5jb20wOAYIKwYBBQUH\nMAKGLGh0dHA6Ly9jcnQucm9vdGcyLmFtYXpvbnRydXN0LmNvbS9yb290ZzIuY2Vy\nMD0GA1UdHwQ2MDQwMqAwoC6GLGh0dHA6Ly9jcmwucm9vdGcyLmFtYXpvbnRydXN0\nLmNvbS9yb290ZzIuY3JsMBEGA1UdIAQKMAgwBgYEVR0gADANBgkqhkiG9w0BAQsF\nAAOCAQEAYjdCXLwQtT6LLOkMm2xF4gcAevnFWAu5CIw+7bMlPLVvUOTNNWqnkzSW\nMiGpSESrnO09tKpzbeR/FoCJbM8oAxiDR3mjEH4wW6w7sGDgd9QIpuEdfF7Au/ma\neyKdpwAJfqxGF4PcnCZXmTA5YpaP7dreqsXMGz7KQ2hsVxa81Q4gLv7/wmpdLqBK\nbRRYh5TmOTFffHPLkIhqhBGWJ6bt2YFGpn6jcgAKUj6DiAdjd4lpFw85hdKrCEVN\n0FE6/V1dN2RMfjCyVSRCnTawXZwXgWHxyvkQAiSr6w10kY17RSlQOYiypok1JR4U\nakcjMS9cmvqtmg5iUaQqqcT5NJ0hGA==\n-----END CERTIFICATE-----\n",
                "is_ca": true,
                "issuer": "CN=Starfield Services Root Certificate Authority - G2,O=Starfield Technologies\\, Inc.,L=Scottsdale,ST=Arizona,C=US",
                "not_after": "2037-12-31T01:00:00Z",
                "not_before": "2015-05-25T12:00:00Z",
                "public_key_algorithm": "RSA",
                "serial_number": "144918191876577076464031512351042010504348870",
                "sha1_fingerprint": "06b25927c42a721631c1efd9431e648fa62e1e39",
                "signature_algorithm": "SHA256-RSA",
                "subject": "CN=Amazon Root CA 1,O=Amazon,C=US",
                "version": 3
              },
              {
                "cert_pem": "-----BEGIN CERTIFICATE-----\nMIIEXjCCA0agAwIBAgITB3MSOAudZoijOx7Zv5zNpo4ODzANBgkqhkiG9w0BAQsF\nADA5MQswCQYDVQQGEwJVUzEPMA0GA1UEChMGQW1hem9uMRkwFwYDVQQDExBBbWF6\nb24gUm9vdCBDQSAxMB4XDTIyMDgyMzIyMjEyOFoXDTMwMDgyMzIyMjEyOFowPDEL\nMAkGA1UEBhMCVVMxDzANBgNVBAoTBkFtYXpvbjEcMBoGA1UEAxMTQW1hem9uIFJT\nQSAyMDQ4IE0wMTCCASIwDQYJKoZIhvcNAQEBBQADggEPADCCAQoCggEBAOtxLKnL\nH4gokjIwr4pXD3i3NyWVVYesZ1yX0yLI2qIUZ2t88Gfa4gMqs1YSXca1R/lnCKeT\nepWSGA+0+fkQNpp/L4C2T7oTTsddUx7g3ZYzByDTlrwS5HRQQqEFE3O1T5tEJP4t\nf+28IoXsNiEzl3UGzicYgtzj2cWCB41eJgEmJmcf2T8TzzK6a614ZPyq/w4CPAff\nnAV4coz96nW3AyiE2uhuB4zQUIXvgVSycW7sbWLvj5TDXunEpNCRwC4kkZjK7rol\njtT2cbb7W2s4Bkg3R42G3PLqBvt2N32e/0JOTViCk8/iccJ4sXqrS1uUN4iB5Nmv\nJK74csVl+0u0UecCAwEAAaOCAVowggFWMBIGA1UdEwEB/wQIMAYBAf8CAQAwDgYD\nVR0PAQH/BAQDAgGGMB0GA1UdJQQWMBQGCCsGAQUFBwMBBggrBgEFBQcDAjAdBgNV\nHQ4EFgQUgbgOY4qJEhjl+js7UJWf5uWQE4UwHwYDVR0jBBgwFoAUhBjMhTTsvAyU\nlC4IWZzHshBOCggwewYIKwYBBQUHAQEEbzBtMC8GCCsGAQUFBzABhiNodHRwOi8v\nb2NzcC5yb290Y2ExLmFtYXpvbnRydXN0LmNvbTA6BggrBgEFBQcwAoYuaHR0cDov\nL2NydC5yb290Y2ExLmFtYXpvbnRydXN0LmNvbS9yb290Y2ExLmNlcjA/BgNVHR8E\nODA2MDSgMqAwhi5odHRwOi8vY3JsLnJvb3RjYTEuYW1hem9udHJ1c3QuY29tL3Jv\nb3RjYTEuY3JsMBMGA1UdIAQMMAowCAYGZ4EMAQIBMA0GCSqGSIb3DQEBCwUAA4IB\nAQCtAN4CBSMuBjJitGuxlBbkEUDeK/pZwTXv4KqPK0G50fOHOQAd8j21p0cMBgbG\nkfMHVwLU7b0XwZCav0h1ogdPMN1KakK1DT0VwA/+hFvGPJnMV1Kx2G4S1ZaSk0uU\n5QfoiYIIano01J5k4T2HapKQmmOhS/iPtuo00wW+IMLeBuKMn3OLn005hcrOGTad\nhcmeyfhQP7Z+iKHvyoQGi1C0ClymHETx/chhQGDyYSWqB/THwnN15AwLQo0E5V9E\nSJlbe4mBlqeInUsNYugExNf+tOiybcrswBy8OFsd34XOW3rjSUtsuafd9AWySa3h\nxRRrwszrzX/WWGm6wyB+f7C4\n-----END CERTIFICATE-----\n",
                "is_ca": true,
                "issuer": "CN=Amazon Root CA 1,O=Amazon,C=US",
                "not_after": "2030-08-23T22:21:28Z",
                "not_before": "2022-08-23T22:21:28Z",
                "public_key_algorithm": "RSA",
                "serial_number": "166129328851546858514271303855646110030630415",
                "sha1_fingerprint": "2ad974a775f73cbdbbd8f5ac3a49255fa8fb1f8c",
                "signature_algorithm": "SHA256-RSA",
                "subject": "CN=Amazon RSA 2048 M01,O=Amazon,C=US",
                "version": 3
              },
              {
                "cert_pem": "-----BEGIN CERTIFICATE-----\nMIIF7TCCBNWgAwIBAgIQDAMZajMylZveIhA3JfaDkzANBgkqhkiG9w0BAQsFADA8\nMQswCQYDVQQGEwJVUzEPMA0GA1UEChMGQW1hem9uMRwwGgYDVQQDExNBbWF6b24g\nUlNBIDIwNDggTTAxMB4XDTIzMDQxMzAwMDAwMFoXDTI0MDUxMTIzNTk1OVowKzEp\nMCcGA1UEAxMgb2lkYy5la3MudXMtd2VzdC0yLmFtYXpvbmF3cy5jb20wggEiMA0G\nCSqGSIb3DQEBAQUAA4IBDwAwggEKAoIBAQCPZcUrPoakGvhWyoBhbOpCizY18tRP\nck5uA2m0p4CqnFVP0qU8whlmtAALUGkpMBg11VmEjRqW09l36Mg+1IzP1VHQTTc4\nJJa9jCibHsYRNyIdh3d4CoW1tV+5TQFZ7dcuK3a5XMPRVe+LdeBB+UjHky/kvgkZ\nwQAC0EGp4jztSxEiaiLH7hDhEugUR6yJNgD29Qd1LnovJ6zs8nUd719Dh5x/etWJ\n3z04TKzhriTz+9FEE4Xrl2k0qZxQsKGRtsqE+Ra9ZpytFNCVSL8EK2zlb97umWwJ\nyhG/fdvKfOuMX7qUAuWzgaaPlkQDibDQjY6OTfFbfKMDDVTFtQEbUQD9AgMBAAGj\nggL6MIIC9jAfBgNVHSMEGDAWgBSBuA5jiokSGOX6OztQlZ/m5ZAThTAdBgNVHQ4E\nFgQUnBmr23OxmnGzVwNOzSVgMw1pQcAwKwYDVR0RBCQwIoIgb2lkYy5la3MudXMt\nd2VzdC0yLmFtYXpvbmF3cy5jb20wDgYDVR0PAQH/BAQDAgWgMB0GA1UdJQQWMBQG\nCCsGAQUFBwMBBggrBgEFBQcDAjA7BgNVHR8ENDAyMDCgLqAshipodHRwOi8vY3Js\nLnIybTAxLmFtYXpvbnRydXN0LmNvbS9yMm0wMS5jcmwwEwYDVR0gBAwwCjAIBgZn\ngQwBAgEwdQYIKwYBBQUHAQEEaTBnMC0GCCsGAQUFBzABhiFodHRwOi8vb2NzcC5y\nMm0wMS5hbWF6b250cnVzdC5jb20wNgYIKwYBBQUHMAKGKmh0dHA6Ly9jcnQucjJt\nMDEuYW1hem9udHJ1c3QuY29tL3IybTAxLmNlcjAMBgNVHRMBAf8EAjAAMIIBfwYK\nKwYBBAHWeQIEAgSCAW8EggFrAWkAdwDuzdBk1dsazsVct520zROiModGfLzs3sNR\nSFlGcR+1mwAAAYd4O9dqAAAEAwBIMEYCIQDO28u4eYZCvCNjZhMZSsB3Fu8VJImr\nv2a0i5AF9PbvWQIhANQcunFuOYph/lhOvSqw3+XlDR1ML8OJKtfL713/7n93AHYA\nSLDja9qmRzQP5WoC+p0w6xxSActW3SyB2bu/qznYhHMAAAGHeDvXmAAABAMARzBF\nAiEAr28QhaZMvCEmxdb9dVBYR4ov5aHr89pGPiGzAkix8AECIBMKc+QxtzcAJMHS\nDtAfbHwfbXbp4czqmiB5TTirm8FxAHYA2ra/az+1tiKfm8K7XGvocJFxbLtRhIU0\nvaQ9MEjX+6sAAAGHeDvXZQAABAMARzBFAiBoclNKW27c9oUdEGfcDF0v2c52pQQQ\nDkvL6wnA5xY5egIhANSogtAL30hmiOGf4yRIFTcIlt1rL855WMmgvhPD3HCUMA0G\nCSqGSIb3DQEBCwUAA4IBAQAvv031iNDVLeCL0kQ7VQDSuS9IzR9p8Vuccc08WBP6\n1Iqmiveq3k/wSwXhKxw4vaxvzpIXUaW/IEfRKXd+BuRtJmz+mfZmNvaB7CPp007+\nMbCblsrfvGBwHvORZy5jPRxHfoxto/FuJDvQVUfVB60gBjG602yAU6wipPmzNHTs\nOQ6+xp0t6e/P31czkpWvZWeEhBRexRkRaU5UoIY2+M07kGQePfdaJtqQbefHmDSc\nj2kx2HU3kCEiFjQr56+cPhzQNAjsRAR/9EIc0QHj1jdVTimMvYQ4nMa6VqsvmtWT\nm7oLVSrA4/8EhLS5SRwlGIYYjmv+pwkHydqYzEcKA0lz\n-----END CERTIFICATE-----\n",
                "is_ca": false,
                "issuer": "CN=Amazon RSA 2048 M01,O=Amazon,C=US",
                "not_after": "2024-05-11T23:59:59Z",
                "not_before": "2023-04-13T00:00:00Z",
                "public_key_algorithm": "RSA",
                "serial_number": "15966828314264801061238642629783487379",
                "sha1_fingerprint": "e1d31a1f94725daaef02dcf1c1bb0ff4a28a6060",
                "signature_algorithm": "SHA256-RSA",
                "subject": "CN=oidc.eks.us-west-2.amazonaws.com",
                "version": 3
              }
            ],
            "content": null,
            "id": "34b882443ccd2d1a84de1dbac994b28b7f371f17",
            "url": "https://oidc.eks.us-west-2.amazonaws.com/id/9D54E49D4C78FD98C6917548F7479353",
            "verify_chain": true
          },
          "sensitive_attributes": []
        }
      ]
    },
    {
      "module": "module.eks_oregon[0].module.eks",
      "mode": "managed",
      "type": "aws_cloudwatch_log_group",
      "name": "this",
      "provider": "provider[\"registry.terraform.io/hashicorp/aws\"].oregon",
      "instances": [
        {
          "index_key": 0,
          "schema_version": 0,
          "attributes": {
            "arn": "arn:aws:logs:us-west-2:411623750878:log-group:/aws/eks/linxact-or/cluster",
            "id": "/aws/eks/linxact-or/cluster",
            "kms_key_id": "",
            "name": "/aws/eks/linxact-or/cluster",
            "name_prefix": "",
            "retention_in_days": 90,
            "skip_destroy": false,
            "tags": {
              "Name": "/aws/eks/linxact-or/cluster"
            },
            "tags_all": {
              "Name": "/aws/eks/linxact-or/cluster"
            }
          },
          "sensitive_attributes": [],
          "private": "bnVsbA==",
          "create_before_destroy": true
        }
      ]
    },
    {
      "module": "module.eks_oregon[0].module.eks",
      "mode": "managed",
      "type": "aws_eks_cluster",
      "name": "this",
      "provider": "provider[\"registry.terraform.io/hashicorp/aws\"].oregon",
      "instances": [
        {
          "index_key": 0,
          "schema_version": 0,
          "attributes": {
            "arn": "arn:aws:eks:us-west-2:411623750878:cluster/linxact-or",
            "certificate_authority": [
              {
                "data": "LS0tLS1CRUdJTiBDRVJUSUZJQ0FURS0tLS0tCk1JSURCVENDQWUyZ0F3SUJBZ0lJWEtmSUt5OEtZZ1l3RFFZSktvWklodmNOQVFFTEJRQXdGVEVUTUJFR0ExVUUKQXhNS2EzVmlaWEp1WlhSbGN6QWVGdzB5TkRBeE1UVXhNak00TkRoYUZ3MHpOREF4TVRJeE1qUXpORGhhTUJVeApFekFSQmdOVkJBTVRDbXQxWW1WeWJtVjBaWE13Z2dFaU1BMEdDU3FHU0liM0RRRUJBUVVBQTRJQkR3QXdnZ0VLCkFvSUJBUUN0WDBwM0xnR3A2SGNOdGFFZVdPVXJWTm0wclpGNi9aa2ZOK0pGdlBCd2NMbTBMOXZVV1h0cTVRQU8KU3dIY1c3VEhpOWg0bk0wN0xjb01Rc05RNFZ6K3FremJMVmdoeE5YVVRzVlJ0bU0vdnZ2dzRYaHlEZ1EvcEpvSgppZEp5djBJZmlXVDZYUnRQdG5JWjY1a3dLYncyZEVFNTNSaDU4OHl1S01SUitzdk9NRGRPQndrVHRsbGpFVFdkCmFpcmRzSHBWVldNRlBCR2dJSWl0bktCRDVzUGh6dEx6S0lMa3BCWlNWL0toRTVqMCtOSEhBdnlOTkhsMU83eWQKb01Hb3R5YVFERnVPNjd6d01MN2xXeVlDa0cwY05BcVNWYUlaL0NsL0dFTnJ3NUtuNTBtZzVVOXdPanBUbUJ6bgp3OXlsK1ZmSkxhc25jVVoxdVhHcjZZeHJ2Qm5YQWdNQkFBR2pXVEJYTUE0R0ExVWREd0VCL3dRRUF3SUNwREFQCkJnTlZIUk1CQWY4RUJUQURBUUgvTUIwR0ExVWREZ1FXQkJUdDdCaWpFZFRQWUpLRTRHWE5mZGt0ZTgwd2Z6QVYKQmdOVkhSRUVEakFNZ2dwcmRXSmxjbTVsZEdWek1BMEdDU3FHU0liM0RRRUJDd1VBQTRJQkFRQWNaK3NNWGw3eApPWVFCRWVWM1VUVnVXVGlEYitUY3g0T1VrR1U0Vkp1dzNBdUVlUHpBdExFTGFpWk5RRkdtU2RaQVhYNVZCTnFiCmNYTlYrNGhnanhwUFJ6NE9lZHVqNEpXVEtPb3lualhYUkVHWkxaYUxhRVAvdU5vaTFyb0xVampOTWNkZGhWRzcKOVJDZFByZUR0SldjcWdZZzNMbVM2ZzRHNTFvWXFEdXV1YUx6ZFc5S0M5TFpLRVRyL2ptazdmVG5JbGo3L2k3YQoramwwWk40bWRoWWw3enBOZXZUNXArUXV3UXc5aWdZODd3MU50d1NCTFZDcWc2ZFN0SnlrQmZKc20rZmRoTDNuClh3SUVpNUVJZHZiZmQ4NzQxWHMvWmhzL29YK1liTExpL0dJd3FiSWN2NkZmZ2dYZVQxVUpBVG4ydlNqRHpzWW4KWmNvdzlYMXFsSUZPCi0tLS0tRU5EIENFUlRJRklDQVRFLS0tLS0K"
              }
            ],
            "cluster_id": null,
            "created_at": "2024-01-15 12:37:07.449 +0000 UTC",
            "enabled_cluster_log_types": [
              "api",
              "audit",
              "authenticator"
            ],
            "encryption_config": [
              {
                "provider": [
                  {
                    "key_arn": "arn:aws:kms:us-west-2:411623750878:key/44700b75-7e68-46ab-99f7-ed17aae5d18b"
                  }
                ],
                "resources": [
                  "secrets"
                ]
              }
            ],
            "endpoint": "https://9D54E49D4C78FD98C6917548F7479353.gr7.us-west-2.eks.amazonaws.com",
            "id": "linxact-or",
            "identity": [
              {
                "oidc": [
                  {
                    "issuer": "https://oidc.eks.us-west-2.amazonaws.com/id/9D54E49D4C78FD98C6917548F7479353"
                  }
                ]
              }
            ],
            "kubernetes_network_config": [
              {
                "ip_family": "ipv4",
                "service_ipv4_cidr": "172.20.0.0/16",
                "service_ipv6_cidr": ""
              }
            ],
            "name": "linxact-or",
            "outpost_config": [],
            "platform_version": "eks.7",
            "role_arn": "arn:aws:iam::411623750878:role/linxact-or-cluster-20240115123612268400000002",
            "status": "ACTIVE",
            "tags": null,
            "tags_all": {},
            "timeouts": {
              "create": null,
              "delete": null,
              "update": null
            },
            "version": "1.28",
            "vpc_config": [
              {
                "cluster_security_group_id": "sg-0d820e02ec83e61eb",
                "endpoint_private_access": true,
                "endpoint_public_access": true,
                "public_access_cidrs": [
                  "0.0.0.0/0"
                ],
                "security_group_ids": [
                  "sg-0f73fa42c475c6fad"
                ],
                "subnet_ids": [
                  "subnet-04b4a9bf00dc39bc5",
                  "subnet-07023e7f535e676d6",
                  "subnet-0b8a62e3f48840940",
                  "subnet-0f941ea9536af4a9d",
                  "subnet-0fafd7b10ca0ca115"
                ],
                "vpc_id": "vpc-07b98d780a20abec1"
              }
            ]
          },
          "sensitive_attributes": [],
          "private": "eyJlMmJmYjczMC1lY2FhLTExZTYtOGY4OC0zNDM2M2JjN2M0YzAiOnsiY3JlYXRlIjoxODAwMDAwMDAwMDAwLCJkZWxldGUiOjkwMDAwMDAwMDAwMCwidXBkYXRlIjozNjAwMDAwMDAwMDAwfX0=",
          "dependencies": [
            "module.eks_oregon.data.aws_availability_zones.available",
            "module.eks_oregon.module.eks.aws_cloudwatch_log_group.this",
            "module.eks_oregon.module.eks.aws_iam_policy.cni_ipv6_policy",
            "module.eks_oregon.module.eks.aws_iam_role.this",
            "module.eks_oregon.module.eks.aws_iam_role_policy_attachment.this",
            "module.eks_oregon.module.eks.aws_security_group.cluster",
            "module.eks_oregon.module.eks.aws_security_group.node",
            "module.eks_oregon.module.eks.aws_security_group_rule.cluster",
            "module.eks_oregon.module.eks.aws_security_group_rule.node",
            "module.eks_oregon.module.eks.data.aws_caller_identity.current",
            "module.eks_oregon.module.eks.data.aws_iam_policy_document.assume_role_policy",
            "module.eks_oregon.module.eks.data.aws_iam_policy_document.cni_ipv6_policy",
            "module.eks_oregon.module.eks.data.aws_iam_session_context.current",
            "module.eks_oregon.module.eks.data.aws_partition.current",
            "module.eks_oregon.module.eks.module.kms.aws_kms_external_key.this",
            "module.eks_oregon.module.eks.module.kms.aws_kms_key.this",
            "module.eks_oregon.module.eks.module.kms.data.aws_caller_identity.current",
            "module.eks_oregon.module.eks.module.kms.data.aws_iam_policy_document.this",
            "module.eks_oregon.module.eks.module.kms.data.aws_partition.current",
            "module.eks_oregon.module.vpc.aws_subnet.private",
            "module.eks_oregon.module.vpc.aws_vpc.this",
            "module.eks_oregon.module.vpc.aws_vpc_ipv4_cidr_block_association.this"
          ],
          "create_before_destroy": true
        }
      ]
    },
    {
      "module": "module.eks_oregon[0].module.eks",
      "mode": "managed",
      "type": "aws_iam_openid_connect_provider",
      "name": "oidc_provider",
      "provider": "provider[\"registry.terraform.io/hashicorp/aws\"].oregon",
      "instances": [
        {
          "index_key": 0,
          "schema_version": 0,
          "attributes": {
            "arn": "arn:aws:iam::411623750878:oidc-provider/oidc.eks.us-west-2.amazonaws.com/id/9D54E49D4C78FD98C6917548F7479353",
            "client_id_list": [
              "sts.amazonaws.com"
            ],
            "id": "arn:aws:iam::411623750878:oidc-provider/oidc.eks.us-west-2.amazonaws.com/id/9D54E49D4C78FD98C6917548F7479353",
            "tags": {
              "Name": "linxact-or-eks-irsa"
            },
            "tags_all": {
              "Name": "linxact-or-eks-irsa"
            },
            "thumbprint_list": [
              "9e99a48a9960b14926bb7f3b02e22da2b0ab7280",
              "06b25927c42a721631c1efd9431e648fa62e1e39",
              "2ad974a775f73cbdbbd8f5ac3a49255fa8fb1f8c",
              "e1d31a1f94725daaef02dcf1c1bb0ff4a28a6060"
            ],
            "url": "oidc.eks.us-west-2.amazonaws.com/id/9D54E49D4C78FD98C6917548F7479353"
          },
          "sensitive_attributes": [],
          "private": "bnVsbA==",
          "dependencies": [
            "module.eks_oregon.data.aws_availability_zones.available",
            "module.eks_oregon.module.eks.aws_cloudwatch_log_group.this",
            "module.eks_oregon.module.eks.aws_eks_cluster.this",
            "module.eks_oregon.module.eks.aws_iam_policy.cni_ipv6_policy",
            "module.eks_oregon.module.eks.aws_iam_role.this",
            "module.eks_oregon.module.eks.aws_iam_role_policy_attachment.this",
            "module.eks_oregon.module.eks.aws_security_group.cluster",
            "module.eks_oregon.module.eks.aws_security_group.node",
            "module.eks_oregon.module.eks.aws_security_group_rule.cluster",
            "module.eks_oregon.module.eks.aws_security_group_rule.node",
            "module.eks_oregon.module.eks.data.aws_caller_identity.current",
            "module.eks_oregon.module.eks.data.aws_iam_policy_document.assume_role_policy",
            "module.eks_oregon.module.eks.data.aws_iam_policy_document.cni_ipv6_policy",
            "module.eks_oregon.module.eks.data.aws_iam_session_context.current",
            "module.eks_oregon.module.eks.data.aws_partition.current",
            "module.eks_oregon.module.eks.data.tls_certificate.this",
            "module.eks_oregon.module.eks.module.kms.aws_kms_external_key.this",
            "module.eks_oregon.module.eks.module.kms.aws_kms_key.this",
            "module.eks_oregon.module.eks.module.kms.data.aws_caller_identity.current",
            "module.eks_oregon.module.eks.module.kms.data.aws_iam_policy_document.this",
            "module.eks_oregon.module.eks.module.kms.data.aws_partition.current",
            "module.eks_oregon.module.vpc.aws_subnet.private",
            "module.eks_oregon.module.vpc.aws_vpc.this",
            "module.eks_oregon.module.vpc.aws_vpc_ipv4_cidr_block_association.this"
          ]
        }
      ]
    },
    {
      "module": "module.eks_oregon[0].module.eks",
      "mode": "managed",
      "type": "aws_iam_policy",
      "name": "cluster_encryption",
      "provider": "provider[\"registry.terraform.io/hashicorp/aws\"].oregon",
      "instances": [
        {
          "index_key": 0,
          "schema_version": 0,
          "attributes": {
            "arn": "arn:aws:iam::411623750878:policy/linxact-or-cluster-ClusterEncryption2024011512364543380000000a",
            "description": "Cluster encryption policy to allow cluster role to utilize CMK provided",
            "id": "arn:aws:iam::411623750878:policy/linxact-or-cluster-ClusterEncryption2024011512364543380000000a",
            "name": "linxact-or-cluster-ClusterEncryption2024011512364543380000000a",
            "name_prefix": "linxact-or-cluster-ClusterEncryption",
            "path": "/",
            "policy": "{\"Statement\":[{\"Action\":[\"kms:Encrypt\",\"kms:Decrypt\",\"kms:ListGrants\",\"kms:DescribeKey\"],\"Effect\":\"Allow\",\"Resource\":\"arn:aws:kms:us-west-2:411623750878:key/44700b75-7e68-46ab-99f7-ed17aae5d18b\"}],\"Version\":\"2012-10-17\"}",
            "policy_id": "ANPAV7VVP7TPBX4XT7ZKG",
            "tags": null,
            "tags_all": {}
          },
          "sensitive_attributes": [],
          "private": "bnVsbA==",
          "dependencies": [
            "module.eks_oregon.module.eks.aws_iam_role.this",
            "module.eks_oregon.module.eks.data.aws_caller_identity.current",
            "module.eks_oregon.module.eks.data.aws_iam_policy_document.assume_role_policy",
            "module.eks_oregon.module.eks.data.aws_iam_session_context.current",
            "module.eks_oregon.module.eks.data.aws_partition.current",
            "module.eks_oregon.module.eks.module.kms.aws_kms_external_key.this",
            "module.eks_oregon.module.eks.module.kms.aws_kms_key.this",
            "module.eks_oregon.module.eks.module.kms.data.aws_caller_identity.current",
            "module.eks_oregon.module.eks.module.kms.data.aws_iam_policy_document.this",
            "module.eks_oregon.module.eks.module.kms.data.aws_partition.current"
          ]
        }
      ]
    },
    {
      "module": "module.eks_oregon[0].module.eks",
      "mode": "managed",
      "type": "aws_iam_role",
      "name": "this",
      "provider": "provider[\"registry.terraform.io/hashicorp/aws\"].oregon",
      "instances": [
        {
          "index_key": 0,
          "schema_version": 0,
          "attributes": {
            "arn": "arn:aws:iam::411623750878:role/linxact-or-cluster-20240115123612268400000002",
            "assume_role_policy": "{\"Statement\":[{\"Action\":\"sts:AssumeRole\",\"Effect\":\"Allow\",\"Principal\":{\"Service\":\"eks.amazonaws.com\"},\"Sid\":\"EKSClusterAssumeRole\"}],\"Version\":\"2012-10-17\"}",
            "create_date": "2024-01-15T12:36:13Z",
            "description": "",
            "force_detach_policies": true,
            "id": "linxact-or-cluster-20240115123612268400000002",
            "inline_policy": [
              {
                "name": "linxact-or-cluster",
                "policy": "{\"Version\":\"2012-10-17\",\"Statement\":[{\"Action\":[\"logs:CreateLogGroup\"],\"Effect\":\"Deny\",\"Resource\":\"*\"}]}"
              }
            ],
            "managed_policy_arns": [],
            "max_session_duration": 3600,
            "name": "linxact-or-cluster-20240115123612268400000002",
            "name_prefix": "linxact-or-cluster-",
            "path": "/",
            "permissions_boundary": null,
            "tags": null,
            "tags_all": {},
            "unique_id": "AROAV7VVP7TPKGESPLNRD"
          },
          "sensitive_attributes": [],
          "private": "bnVsbA==",
          "dependencies": [
            "module.eks_oregon.module.eks.data.aws_iam_policy_document.assume_role_policy",
            "module.eks_oregon.module.eks.data.aws_partition.current"
          ],
          "create_before_destroy": true
        }
      ]
    },
    {
      "module": "module.eks_oregon[0].module.eks",
      "mode": "managed",
      "type": "aws_iam_role_policy_attachment",
      "name": "cluster_encryption",
      "provider": "provider[\"registry.terraform.io/hashicorp/aws\"].oregon",
      "instances": [
        {
          "index_key": 0,
          "schema_version": 0,
          "attributes": {
            "id": "linxact-or-cluster-20240115123612268400000002-2024011512365893240000000b",
            "policy_arn": "arn:aws:iam::411623750878:policy/linxact-or-cluster-ClusterEncryption2024011512364543380000000a",
            "role": "linxact-or-cluster-20240115123612268400000002"
          },
          "sensitive_attributes": [],
          "private": "bnVsbA==",
          "dependencies": [
            "module.eks_oregon.module.eks.aws_iam_policy.cluster_encryption",
            "module.eks_oregon.module.eks.aws_iam_role.this",
            "module.eks_oregon.module.eks.data.aws_caller_identity.current",
            "module.eks_oregon.module.eks.data.aws_iam_policy_document.assume_role_policy",
            "module.eks_oregon.module.eks.data.aws_iam_session_context.current",
            "module.eks_oregon.module.eks.data.aws_partition.current",
            "module.eks_oregon.module.eks.module.kms.aws_kms_external_key.this",
            "module.eks_oregon.module.eks.module.kms.aws_kms_key.this",
            "module.eks_oregon.module.eks.module.kms.data.aws_caller_identity.current",
            "module.eks_oregon.module.eks.module.kms.data.aws_iam_policy_document.this",
            "module.eks_oregon.module.eks.module.kms.data.aws_partition.current"
          ]
        }
      ]
    },
    {
      "module": "module.eks_oregon[0].module.eks",
      "mode": "managed",
      "type": "aws_iam_role_policy_attachment",
      "name": "this",
      "provider": "provider[\"registry.terraform.io/hashicorp/aws\"].oregon",
      "instances": [
        {
          "index_key": "AmazonEKSClusterPolicy",
          "schema_version": 0,
          "attributes": {
            "id": "linxact-or-cluster-20240115123612268400000002-20240115123614047400000007",
            "policy_arn": "arn:aws:iam::aws:policy/AmazonEKSClusterPolicy",
            "role": "linxact-or-cluster-20240115123612268400000002"
          },
          "sensitive_attributes": [],
          "private": "bnVsbA==",
          "dependencies": [
            "module.eks_oregon.module.eks.aws_iam_role.this",
            "module.eks_oregon.module.eks.data.aws_iam_policy_document.assume_role_policy",
            "module.eks_oregon.module.eks.data.aws_partition.current"
          ],
          "create_before_destroy": true
        },
        {
          "index_key": "AmazonEKSVPCResourceController",
          "schema_version": 0,
          "attributes": {
            "id": "linxact-or-cluster-20240115123612268400000002-20240115123614044700000006",
            "policy_arn": "arn:aws:iam::aws:policy/AmazonEKSVPCResourceController",
            "role": "linxact-or-cluster-20240115123612268400000002"
          },
          "sensitive_attributes": [],
          "private": "bnVsbA==",
          "dependencies": [
            "module.eks_oregon.module.eks.aws_iam_role.this",
            "module.eks_oregon.module.eks.data.aws_iam_policy_document.assume_role_policy",
            "module.eks_oregon.module.eks.data.aws_partition.current"
          ],
          "create_before_destroy": true
        }
      ]
    },
    {
      "module": "module.eks_oregon[0].module.eks",
      "mode": "managed",
      "type": "aws_security_group",
      "name": "cluster",
      "provider": "provider[\"registry.terraform.io/hashicorp/aws\"].oregon",
      "instances": [
        {
          "index_key": 0,
          "schema_version": 1,
          "attributes": {
            "arn": "arn:aws:ec2:us-west-2:411623750878:security-group/sg-0f73fa42c475c6fad",
            "description": "EKS cluster security group",
            "egress": [],
            "id": "sg-0f73fa42c475c6fad",
            "ingress": [],
            "name": "linxact-or-cluster-20240115123640343700000009",
            "name_prefix": "linxact-or-cluster-",
            "owner_id": "411623750878",
            "revoke_rules_on_delete": false,
            "tags": {
              "Name": "linxact-or-cluster"
            },
            "tags_all": {
              "Name": "linxact-or-cluster"
            },
            "timeouts": null,
            "vpc_id": "vpc-07b98d780a20abec1"
          },
          "sensitive_attributes": [],
          "private": "eyJlMmJmYjczMC1lY2FhLTExZTYtOGY4OC0zNDM2M2JjN2M0YzAiOnsiY3JlYXRlIjo2MDAwMDAwMDAwMDAsImRlbGV0ZSI6OTAwMDAwMDAwMDAwfSwic2NoZW1hX3ZlcnNpb24iOiIxIn0=",
          "dependencies": [
            "module.eks_oregon.module.vpc.aws_vpc.this"
          ],
          "create_before_destroy": true
        }
      ]
    },
    {
      "module": "module.eks_oregon[0].module.eks",
      "mode": "managed",
      "type": "aws_security_group",
      "name": "node",
      "provider": "provider[\"registry.terraform.io/hashicorp/aws\"].oregon",
      "instances": [
        {
          "index_key": 0,
          "schema_version": 1,
          "attributes": {
            "arn": "arn:aws:ec2:us-west-2:411623750878:security-group/sg-02cd5c67df9a077cf",
            "description": "EKS node shared security group",
            "egress": [],
            "id": "sg-02cd5c67df9a077cf",
            "ingress": [],
            "name": "linxact-or-node-20240115123640282300000008",
            "name_prefix": "linxact-or-node-",
            "owner_id": "411623750878",
            "revoke_rules_on_delete": false,
            "tags": {
              "Name": "linxact-or-node",
              "kubernetes.io/cluster/linxact-or": "owned"
            },
            "tags_all": {
              "Name": "linxact-or-node",
              "kubernetes.io/cluster/linxact-or": "owned"
            },
            "timeouts": null,
            "vpc_id": "vpc-07b98d780a20abec1"
          },
          "sensitive_attributes": [],
          "private": "eyJlMmJmYjczMC1lY2FhLTExZTYtOGY4OC0zNDM2M2JjN2M0YzAiOnsiY3JlYXRlIjo2MDAwMDAwMDAwMDAsImRlbGV0ZSI6OTAwMDAwMDAwMDAwfSwic2NoZW1hX3ZlcnNpb24iOiIxIn0=",
          "dependencies": [
            "module.eks_oregon.module.vpc.aws_vpc.this"
          ],
          "create_before_destroy": true
        }
      ]
    },
    {
      "module": "module.eks_oregon[0].module.eks",
      "mode": "managed",
      "type": "aws_security_group_rule",
      "name": "cluster",
      "provider": "provider[\"registry.terraform.io/hashicorp/aws\"].oregon",
      "instances": [
        {
          "index_key": "ingress_nodes_443",
          "schema_version": 2,
          "attributes": {
            "cidr_blocks": null,
            "description": "Node groups to cluster API",
            "from_port": 443,
            "id": "sgrule-454609165",
            "ipv6_cidr_blocks": null,
            "prefix_list_ids": null,
            "protocol": "tcp",
            "security_group_id": "sg-0f73fa42c475c6fad",
            "security_group_rule_id": "sgr-06217f2da0ebf2871",
            "self": false,
            "source_security_group_id": "sg-02cd5c67df9a077cf",
            "timeouts": null,
            "to_port": 443,
            "type": "ingress"
          },
          "sensitive_attributes": [],
          "private": "eyJlMmJmYjczMC1lY2FhLTExZTYtOGY4OC0zNDM2M2JjN2M0YzAiOnsiY3JlYXRlIjozMDAwMDAwMDAwMDB9LCJzY2hlbWFfdmVyc2lvbiI6IjIifQ==",
          "dependencies": [
            "module.eks_oregon.module.eks.aws_security_group.cluster",
            "module.eks_oregon.module.eks.aws_security_group.node",
            "module.eks_oregon.module.vpc.aws_vpc.this"
          ],
          "create_before_destroy": true
        }
      ]
    },
    {
      "module": "module.eks_oregon[0].module.eks",
      "mode": "managed",
      "type": "aws_security_group_rule",
      "name": "node",
      "provider": "provider[\"registry.terraform.io/hashicorp/aws\"].oregon",
      "instances": [
        {
          "index_key": "egress_all",
          "schema_version": 2,
          "attributes": {
            "cidr_blocks": [
              "0.0.0.0/0"
            ],
            "description": "Allow all egress",
            "from_port": 0,
            "id": "sgrule-1565752810",
            "ipv6_cidr_blocks": null,
            "prefix_list_ids": [],
            "protocol": "-1",
            "security_group_id": "sg-02cd5c67df9a077cf",
            "security_group_rule_id": "sgr-095b4f551defc4937",
            "self": false,
            "source_security_group_id": null,
            "timeouts": null,
            "to_port": 0,
            "type": "egress"
          },
          "sensitive_attributes": [],
          "private": "eyJlMmJmYjczMC1lY2FhLTExZTYtOGY4OC0zNDM2M2JjN2M0YzAiOnsiY3JlYXRlIjozMDAwMDAwMDAwMDB9LCJzY2hlbWFfdmVyc2lvbiI6IjIifQ==",
          "dependencies": [
            "module.eks_oregon.module.eks.aws_security_group.cluster",
            "module.eks_oregon.module.eks.aws_security_group.node",
            "module.eks_oregon.module.vpc.aws_vpc.this"
          ],
          "create_before_destroy": true
        },
        {
          "index_key": "ingress_cluster_443",
          "schema_version": 2,
          "attributes": {
            "cidr_blocks": null,
            "description": "Cluster API to node groups",
            "from_port": 443,
            "id": "sgrule-1761741588",
            "ipv6_cidr_blocks": null,
            "prefix_list_ids": [],
            "protocol": "tcp",
            "security_group_id": "sg-02cd5c67df9a077cf",
            "security_group_rule_id": "sgr-0314f9509f9cf141d",
            "self": false,
            "source_security_group_id": "sg-0f73fa42c475c6fad",
            "timeouts": null,
            "to_port": 443,
            "type": "ingress"
          },
          "sensitive_attributes": [],
          "private": "eyJlMmJmYjczMC1lY2FhLTExZTYtOGY4OC0zNDM2M2JjN2M0YzAiOnsiY3JlYXRlIjozMDAwMDAwMDAwMDB9LCJzY2hlbWFfdmVyc2lvbiI6IjIifQ==",
          "dependencies": [
            "module.eks_oregon.module.eks.aws_security_group.cluster",
            "module.eks_oregon.module.eks.aws_security_group.node",
            "module.eks_oregon.module.vpc.aws_vpc.this"
          ],
          "create_before_destroy": true
        },
        {
          "index_key": "ingress_cluster_4443_webhook",
          "schema_version": 2,
          "attributes": {
            "cidr_blocks": null,
            "description": "Cluster API to node 4443/tcp webhook",
            "from_port": 4443,
            "id": "sgrule-1683252869",
            "ipv6_cidr_blocks": null,
            "prefix_list_ids": [],
            "protocol": "tcp",
            "security_group_id": "sg-02cd5c67df9a077cf",
            "security_group_rule_id": "sgr-013054b62e5520aca",
            "self": false,
            "source_security_group_id": "sg-0f73fa42c475c6fad",
            "timeouts": null,
            "to_port": 4443,
            "type": "ingress"
          },
          "sensitive_attributes": [],
          "private": "eyJlMmJmYjczMC1lY2FhLTExZTYtOGY4OC0zNDM2M2JjN2M0YzAiOnsiY3JlYXRlIjozMDAwMDAwMDAwMDB9LCJzY2hlbWFfdmVyc2lvbiI6IjIifQ==",
          "dependencies": [
            "module.eks_oregon.module.eks.aws_security_group.cluster",
            "module.eks_oregon.module.eks.aws_security_group.node",
            "module.eks_oregon.module.vpc.aws_vpc.this"
          ],
          "create_before_destroy": true
        },
        {
          "index_key": "ingress_cluster_6443_webhook",
          "schema_version": 2,
          "attributes": {
            "cidr_blocks": null,
            "description": "Cluster API to node 6443/tcp webhook",
            "from_port": 6443,
            "id": "sgrule-2903900435",
            "ipv6_cidr_blocks": null,
            "prefix_list_ids": [],
            "protocol": "tcp",
            "security_group_id": "sg-02cd5c67df9a077cf",
            "security_group_rule_id": "sgr-0f36f68ea3cef8660",
            "self": false,
            "source_security_group_id": "sg-0f73fa42c475c6fad",
            "timeouts": null,
            "to_port": 6443,
            "type": "ingress"
          },
          "sensitive_attributes": [],
          "private": "eyJlMmJmYjczMC1lY2FhLTExZTYtOGY4OC0zNDM2M2JjN2M0YzAiOnsiY3JlYXRlIjozMDAwMDAwMDAwMDB9LCJzY2hlbWFfdmVyc2lvbiI6IjIifQ==",
          "dependencies": [
            "module.eks_oregon.module.eks.aws_security_group.cluster",
            "module.eks_oregon.module.eks.aws_security_group.node",
            "module.eks_oregon.module.vpc.aws_vpc.this"
          ],
          "create_before_destroy": true
        },
        {
          "index_key": "ingress_cluster_8443_webhook",
          "schema_version": 2,
          "attributes": {
            "cidr_blocks": null,
            "description": "Cluster API to node 8443/tcp webhook",
            "from_port": 8443,
            "id": "sgrule-3192536370",
            "ipv6_cidr_blocks": null,
            "prefix_list_ids": [],
            "protocol": "tcp",
            "security_group_id": "sg-02cd5c67df9a077cf",
            "security_group_rule_id": "sgr-0de32b2fcd0f7383a",
            "self": false,
            "source_security_group_id": "sg-0f73fa42c475c6fad",
            "timeouts": null,
            "to_port": 8443,
            "type": "ingress"
          },
          "sensitive_attributes": [],
          "private": "eyJlMmJmYjczMC1lY2FhLTExZTYtOGY4OC0zNDM2M2JjN2M0YzAiOnsiY3JlYXRlIjozMDAwMDAwMDAwMDB9LCJzY2hlbWFfdmVyc2lvbiI6IjIifQ==",
          "dependencies": [
            "module.eks_oregon.module.eks.aws_security_group.cluster",
            "module.eks_oregon.module.eks.aws_security_group.node",
            "module.eks_oregon.module.vpc.aws_vpc.this"
          ],
          "create_before_destroy": true
        },
        {
          "index_key": "ingress_cluster_9443_webhook",
          "schema_version": 2,
          "attributes": {
            "cidr_blocks": null,
            "description": "Cluster API to node 9443/tcp webhook",
            "from_port": 9443,
            "id": "sgrule-3672837881",
            "ipv6_cidr_blocks": null,
            "prefix_list_ids": [],
            "protocol": "tcp",
            "security_group_id": "sg-02cd5c67df9a077cf",
            "security_group_rule_id": "sgr-0adb21e0fb34ef40d",
            "self": false,
            "source_security_group_id": "sg-0f73fa42c475c6fad",
            "timeouts": null,
            "to_port": 9443,
            "type": "ingress"
          },
          "sensitive_attributes": [],
          "private": "eyJlMmJmYjczMC1lY2FhLTExZTYtOGY4OC0zNDM2M2JjN2M0YzAiOnsiY3JlYXRlIjozMDAwMDAwMDAwMDB9LCJzY2hlbWFfdmVyc2lvbiI6IjIifQ==",
          "dependencies": [
            "module.eks_oregon.module.eks.aws_security_group.cluster",
            "module.eks_oregon.module.eks.aws_security_group.node",
            "module.eks_oregon.module.vpc.aws_vpc.this"
          ],
          "create_before_destroy": true
        },
        {
          "index_key": "ingress_cluster_kubelet",
          "schema_version": 2,
          "attributes": {
            "cidr_blocks": null,
            "description": "Cluster API to node kubelets",
            "from_port": 10250,
            "id": "sgrule-2221611747",
            "ipv6_cidr_blocks": null,
            "prefix_list_ids": [],
            "protocol": "tcp",
            "security_group_id": "sg-02cd5c67df9a077cf",
            "security_group_rule_id": "sgr-020f222e0e1919813",
            "self": false,
            "source_security_group_id": "sg-0f73fa42c475c6fad",
            "timeouts": null,
            "to_port": 10250,
            "type": "ingress"
          },
          "sensitive_attributes": [],
          "private": "eyJlMmJmYjczMC1lY2FhLTExZTYtOGY4OC0zNDM2M2JjN2M0YzAiOnsiY3JlYXRlIjozMDAwMDAwMDAwMDB9LCJzY2hlbWFfdmVyc2lvbiI6IjIifQ==",
          "dependencies": [
            "module.eks_oregon.module.eks.aws_security_group.cluster",
            "module.eks_oregon.module.eks.aws_security_group.node",
            "module.eks_oregon.module.vpc.aws_vpc.this"
          ],
          "create_before_destroy": true
        },
        {
          "index_key": "ingress_nodes_ephemeral",
          "schema_version": 2,
          "attributes": {
            "cidr_blocks": null,
            "description": "Node to node ingress on ephemeral ports",
            "from_port": 1025,
            "id": "sgrule-3623680034",
            "ipv6_cidr_blocks": null,
            "prefix_list_ids": [],
            "protocol": "tcp",
            "security_group_id": "sg-02cd5c67df9a077cf",
            "security_group_rule_id": "sgr-0d7613af31511fa38",
            "self": true,
            "source_security_group_id": null,
            "timeouts": null,
            "to_port": 65535,
            "type": "ingress"
          },
          "sensitive_attributes": [],
          "private": "eyJlMmJmYjczMC1lY2FhLTExZTYtOGY4OC0zNDM2M2JjN2M0YzAiOnsiY3JlYXRlIjozMDAwMDAwMDAwMDB9LCJzY2hlbWFfdmVyc2lvbiI6IjIifQ==",
          "dependencies": [
            "module.eks_oregon.module.eks.aws_security_group.cluster",
            "module.eks_oregon.module.eks.aws_security_group.node",
            "module.eks_oregon.module.vpc.aws_vpc.this"
          ],
          "create_before_destroy": true
        },
        {
          "index_key": "ingress_self_coredns_tcp",
          "schema_version": 2,
          "attributes": {
            "cidr_blocks": null,
            "description": "Node to node CoreDNS",
            "from_port": 53,
            "id": "sgrule-1953886242",
            "ipv6_cidr_blocks": null,
            "prefix_list_ids": [],
            "protocol": "tcp",
            "security_group_id": "sg-02cd5c67df9a077cf",
            "security_group_rule_id": "sgr-04916485a9d2b03c8",
            "self": true,
            "source_security_group_id": null,
            "timeouts": null,
            "to_port": 53,
            "type": "ingress"
          },
          "sensitive_attributes": [],
          "private": "eyJlMmJmYjczMC1lY2FhLTExZTYtOGY4OC0zNDM2M2JjN2M0YzAiOnsiY3JlYXRlIjozMDAwMDAwMDAwMDB9LCJzY2hlbWFfdmVyc2lvbiI6IjIifQ==",
          "dependencies": [
            "module.eks_oregon.module.eks.aws_security_group.cluster",
            "module.eks_oregon.module.eks.aws_security_group.node",
            "module.eks_oregon.module.vpc.aws_vpc.this"
          ],
          "create_before_destroy": true
        },
        {
          "index_key": "ingress_self_coredns_udp",
          "schema_version": 2,
          "attributes": {
            "cidr_blocks": null,
            "description": "Node to node CoreDNS UDP",
            "from_port": 53,
            "id": "sgrule-3492434893",
            "ipv6_cidr_blocks": null,
            "prefix_list_ids": [],
            "protocol": "udp",
            "security_group_id": "sg-02cd5c67df9a077cf",
            "security_group_rule_id": "sgr-029d5a9845dc5e946",
            "self": true,
            "source_security_group_id": null,
            "timeouts": null,
            "to_port": 53,
            "type": "ingress"
          },
          "sensitive_attributes": [],
          "private": "eyJlMmJmYjczMC1lY2FhLTExZTYtOGY4OC0zNDM2M2JjN2M0YzAiOnsiY3JlYXRlIjozMDAwMDAwMDAwMDB9LCJzY2hlbWFfdmVyc2lvbiI6IjIifQ==",
          "dependencies": [
            "module.eks_oregon.module.eks.aws_security_group.cluster",
            "module.eks_oregon.module.eks.aws_security_group.node",
            "module.eks_oregon.module.vpc.aws_vpc.this"
          ],
          "create_before_destroy": true
        }
      ]
    },
    {
      "module": "module.eks_oregon[0].module.eks",
      "mode": "managed",
      "type": "time_sleep",
      "name": "this",
      "provider": "provider[\"registry.terraform.io/hashicorp/time\"]",
      "instances": [
        {
          "index_key": 0,
          "schema_version": 0,
          "attributes": {
            "create_duration": "30s",
            "destroy_duration": null,
            "id": "2024-01-15T12:48:33Z",
            "triggers": {
              "cluster_certificate_authority_data": "LS0tLS1CRUdJTiBDRVJUSUZJQ0FURS0tLS0tCk1JSURCVENDQWUyZ0F3SUJBZ0lJWEtmSUt5OEtZZ1l3RFFZSktvWklodmNOQVFFTEJRQXdGVEVUTUJFR0ExVUUKQXhNS2EzVmlaWEp1WlhSbGN6QWVGdzB5TkRBeE1UVXhNak00TkRoYUZ3MHpOREF4TVRJeE1qUXpORGhhTUJVeApFekFSQmdOVkJBTVRDbXQxWW1WeWJtVjBaWE13Z2dFaU1BMEdDU3FHU0liM0RRRUJBUVVBQTRJQkR3QXdnZ0VLCkFvSUJBUUN0WDBwM0xnR3A2SGNOdGFFZVdPVXJWTm0wclpGNi9aa2ZOK0pGdlBCd2NMbTBMOXZVV1h0cTVRQU8KU3dIY1c3VEhpOWg0bk0wN0xjb01Rc05RNFZ6K3FremJMVmdoeE5YVVRzVlJ0bU0vdnZ2dzRYaHlEZ1EvcEpvSgppZEp5djBJZmlXVDZYUnRQdG5JWjY1a3dLYncyZEVFNTNSaDU4OHl1S01SUitzdk9NRGRPQndrVHRsbGpFVFdkCmFpcmRzSHBWVldNRlBCR2dJSWl0bktCRDVzUGh6dEx6S0lMa3BCWlNWL0toRTVqMCtOSEhBdnlOTkhsMU83eWQKb01Hb3R5YVFERnVPNjd6d01MN2xXeVlDa0cwY05BcVNWYUlaL0NsL0dFTnJ3NUtuNTBtZzVVOXdPanBUbUJ6bgp3OXlsK1ZmSkxhc25jVVoxdVhHcjZZeHJ2Qm5YQWdNQkFBR2pXVEJYTUE0R0ExVWREd0VCL3dRRUF3SUNwREFQCkJnTlZIUk1CQWY4RUJUQURBUUgvTUIwR0ExVWREZ1FXQkJUdDdCaWpFZFRQWUpLRTRHWE5mZGt0ZTgwd2Z6QVYKQmdOVkhSRUVEakFNZ2dwcmRXSmxjbTVsZEdWek1BMEdDU3FHU0liM0RRRUJDd1VBQTRJQkFRQWNaK3NNWGw3eApPWVFCRWVWM1VUVnVXVGlEYitUY3g0T1VrR1U0Vkp1dzNBdUVlUHpBdExFTGFpWk5RRkdtU2RaQVhYNVZCTnFiCmNYTlYrNGhnanhwUFJ6NE9lZHVqNEpXVEtPb3lualhYUkVHWkxaYUxhRVAvdU5vaTFyb0xVampOTWNkZGhWRzcKOVJDZFByZUR0SldjcWdZZzNMbVM2ZzRHNTFvWXFEdXV1YUx6ZFc5S0M5TFpLRVRyL2ptazdmVG5JbGo3L2k3YQoramwwWk40bWRoWWw3enBOZXZUNXArUXV3UXc5aWdZODd3MU50d1NCTFZDcWc2ZFN0SnlrQmZKc20rZmRoTDNuClh3SUVpNUVJZHZiZmQ4NzQxWHMvWmhzL29YK1liTExpL0dJd3FiSWN2NkZmZ2dYZVQxVUpBVG4ydlNqRHpzWW4KWmNvdzlYMXFsSUZPCi0tLS0tRU5EIENFUlRJRklDQVRFLS0tLS0K",
              "cluster_endpoint": "https://9D54E49D4C78FD98C6917548F7479353.gr7.us-west-2.eks.amazonaws.com",
              "cluster_name": "linxact-or",
              "cluster_version": "1.28"
            }
          },
          "sensitive_attributes": [],
          "dependencies": [
            "module.eks_oregon.data.aws_availability_zones.available",
            "module.eks_oregon.module.eks.aws_cloudwatch_log_group.this",
            "module.eks_oregon.module.eks.aws_eks_cluster.this",
            "module.eks_oregon.module.eks.aws_iam_policy.cni_ipv6_policy",
            "module.eks_oregon.module.eks.aws_iam_role.this",
            "module.eks_oregon.module.eks.aws_iam_role_policy_attachment.this",
            "module.eks_oregon.module.eks.aws_security_group.cluster",
            "module.eks_oregon.module.eks.aws_security_group.node",
            "module.eks_oregon.module.eks.aws_security_group_rule.cluster",
            "module.eks_oregon.module.eks.aws_security_group_rule.node",
            "module.eks_oregon.module.eks.data.aws_caller_identity.current",
            "module.eks_oregon.module.eks.data.aws_iam_policy_document.assume_role_policy",
            "module.eks_oregon.module.eks.data.aws_iam_policy_document.cni_ipv6_policy",
            "module.eks_oregon.module.eks.data.aws_iam_session_context.current",
            "module.eks_oregon.module.eks.data.aws_partition.current",
            "module.eks_oregon.module.eks.module.kms.aws_kms_external_key.this",
            "module.eks_oregon.module.eks.module.kms.aws_kms_key.this",
            "module.eks_oregon.module.eks.module.kms.data.aws_caller_identity.current",
            "module.eks_oregon.module.eks.module.kms.data.aws_iam_policy_document.this",
            "module.eks_oregon.module.eks.module.kms.data.aws_partition.current",
            "module.eks_oregon.module.vpc.aws_subnet.private",
            "module.eks_oregon.module.vpc.aws_vpc.this",
            "module.eks_oregon.module.vpc.aws_vpc_ipv4_cidr_block_association.this"
          ],
          "create_before_destroy": true
        }
      ]
    },
    {
      "module": "module.eks_oregon[0].module.eks.module.eks_managed_node_group[\"default_node_group\"]",
      "mode": "data",
      "type": "aws_caller_identity",
      "name": "current",
      "provider": "provider[\"registry.terraform.io/hashicorp/aws\"].oregon",
      "instances": [
        {
          "schema_version": 0,
          "attributes": {
            "account_id": "411623750878",
            "arn": "arn:aws:iam::411623750878:user/olexiy",
            "id": "411623750878",
            "user_id": "AIDAV7VVP7TPJ6HRCC3PA"
          },
          "sensitive_attributes": []
        }
      ]
    },
    {
      "module": "module.eks_oregon[0].module.eks.module.eks_managed_node_group[\"default_node_group\"]",
      "mode": "data",
      "type": "aws_iam_policy_document",
      "name": "assume_role_policy",
      "provider": "provider[\"registry.terraform.io/hashicorp/aws\"].oregon",
      "instances": [
        {
          "index_key": 0,
          "schema_version": 0,
          "attributes": {
            "id": "2560088296",
            "json": "{\n  \"Version\": \"2012-10-17\",\n  \"Statement\": [\n    {\n      \"Sid\": \"EKSNodeAssumeRole\",\n      \"Effect\": \"Allow\",\n      \"Action\": \"sts:AssumeRole\",\n      \"Principal\": {\n        \"Service\": \"ec2.amazonaws.com\"\n      }\n    }\n  ]\n}",
            "override_policy_documents": null,
            "policy_id": null,
            "source_policy_documents": null,
            "statement": [
              {
                "actions": [
                  "sts:AssumeRole"
                ],
                "condition": [],
                "effect": "Allow",
                "not_actions": [],
                "not_principals": [],
                "not_resources": [],
                "principals": [
                  {
                    "identifiers": [
                      "ec2.amazonaws.com"
                    ],
                    "type": "Service"
                  }
                ],
                "resources": [],
                "sid": "EKSNodeAssumeRole"
              }
            ],
            "version": "2012-10-17"
          },
          "sensitive_attributes": []
        }
      ]
    },
    {
      "module": "module.eks_oregon[0].module.eks.module.eks_managed_node_group[\"default_node_group\"]",
      "mode": "data",
      "type": "aws_partition",
      "name": "current",
      "provider": "provider[\"registry.terraform.io/hashicorp/aws\"].oregon",
      "instances": [
        {
          "schema_version": 0,
          "attributes": {
            "dns_suffix": "amazonaws.com",
            "id": "aws",
            "partition": "aws",
            "reverse_dns_prefix": "com.amazonaws"
          },
          "sensitive_attributes": []
        }
      ]
    },
    {
      "module": "module.eks_oregon[0].module.eks.module.eks_managed_node_group[\"default_node_group\"]",
      "mode": "managed",
      "type": "aws_eks_node_group",
      "name": "this",
      "provider": "provider[\"registry.terraform.io/hashicorp/aws\"].oregon",
      "instances": [
        {
          "index_key": 0,
          "schema_version": 0,
          "attributes": {
            "ami_type": "AL2_ARM_64",
            "arn": "arn:aws:eks:us-west-2:411623750878:nodegroup/linxact-or/crawl-1-2024011512483540180000000f/36c68695-5440-922a-c254-4e06733980ff",
            "capacity_type": "SPOT",
            "cluster_name": "linxact-or",
            "disk_size": 0,
            "force_update_version": null,
            "id": "linxact-or:crawl-1-2024011512483540180000000f",
            "instance_types": [
              "r7g.medium",
              "r7gd.medium",
              "r6g.medium",
              "r6gd.medium"
            ],
            "labels": null,
            "launch_template": [
              {
                "id": "lt-0542e1ea6e3ee62df",
                "name": "default_node_group-2024011512483402880000000d",
                "version": "1"
              }
            ],
            "node_group_name": "crawl-1-2024011512483540180000000f",
            "node_group_name_prefix": "crawl-1-",
            "node_role_arn": "arn:aws:iam::411623750878:role/crawl-1-eks-node-group-20240115123612206700000001",
            "release_version": "1.28.5-20240110",
            "remote_access": [],
            "resources": [
              {
                "autoscaling_groups": [
                  {
                    "name": "eks-crawl-1-2024011512483540180000000f-36c68695-5440-922a-c254-4e06733980ff"
                  }
                ],
                "remote_access_security_group_id": ""
              }
            ],
            "scaling_config": [
              {
                "desired_size": 1,
                "max_size": 3,
                "min_size": 1
              }
            ],
            "status": "ACTIVE",
            "subnet_ids": [
              "subnet-04b4a9bf00dc39bc5",
              "subnet-07023e7f535e676d6",
              "subnet-0b8a62e3f48840940",
              "subnet-0f941ea9536af4a9d",
              "subnet-0fafd7b10ca0ca115"
            ],
            "tags": {
              "Name": "crawl-1"
            },
            "tags_all": {
              "Name": "crawl-1"
            },
            "taint": [],
            "timeouts": {
              "create": null,
              "delete": null,
              "update": null
            },
            "update_config": [
              {
                "max_unavailable": 0,
                "max_unavailable_percentage": 33
              }
            ],
            "version": "1.28"
          },
          "sensitive_attributes": [],
          "private": "eyJlMmJmYjczMC1lY2FhLTExZTYtOGY4OC0zNDM2M2JjN2M0YzAiOnsiY3JlYXRlIjozNjAwMDAwMDAwMDAwLCJkZWxldGUiOjM2MDAwMDAwMDAwMDAsInVwZGF0ZSI6MzYwMDAwMDAwMDAwMH19",
          "dependencies": [
            "module.eks_oregon.data.aws_availability_zones.available",
            "module.eks_oregon.module.eks.aws_cloudwatch_log_group.this",
            "module.eks_oregon.module.eks.aws_eks_cluster.this",
            "module.eks_oregon.module.eks.aws_iam_policy.cni_ipv6_policy",
            "module.eks_oregon.module.eks.aws_iam_role.this",
            "module.eks_oregon.module.eks.aws_iam_role_policy_attachment.this",
            "module.eks_oregon.module.eks.aws_security_group.cluster",
            "module.eks_oregon.module.eks.aws_security_group.node",
            "module.eks_oregon.module.eks.aws_security_group_rule.cluster",
            "module.eks_oregon.module.eks.aws_security_group_rule.node",
            "module.eks_oregon.module.eks.data.aws_caller_identity.current",
            "module.eks_oregon.module.eks.data.aws_iam_policy_document.assume_role_policy",
            "module.eks_oregon.module.eks.data.aws_iam_policy_document.cni_ipv6_policy",
            "module.eks_oregon.module.eks.data.aws_iam_session_context.current",
            "module.eks_oregon.module.eks.data.aws_partition.current",
            "module.eks_oregon.module.eks.module.eks_managed_node_group.aws_iam_role.this",
            "module.eks_oregon.module.eks.module.eks_managed_node_group.aws_iam_role_policy_attachment.this",
            "module.eks_oregon.module.eks.module.eks_managed_node_group.aws_launch_template.this",
            "module.eks_oregon.module.eks.module.eks_managed_node_group.data.aws_caller_identity.current",
            "module.eks_oregon.module.eks.module.eks_managed_node_group.data.aws_iam_policy_document.assume_role_policy",
            "module.eks_oregon.module.eks.module.eks_managed_node_group.data.aws_partition.current",
            "module.eks_oregon.module.eks.module.eks_managed_node_group.module.user_data.data.cloudinit_config.linux_eks_managed_node_group",
            "module.eks_oregon.module.eks.module.kms.aws_kms_external_key.this",
            "module.eks_oregon.module.eks.module.kms.aws_kms_key.this",
            "module.eks_oregon.module.eks.module.kms.data.aws_caller_identity.current",
            "module.eks_oregon.module.eks.module.kms.data.aws_iam_policy_document.this",
            "module.eks_oregon.module.eks.module.kms.data.aws_partition.current",
            "module.eks_oregon.module.eks.time_sleep.this",
            "module.eks_oregon.module.vpc.aws_subnet.private",
            "module.eks_oregon.module.vpc.aws_vpc.this",
            "module.eks_oregon.module.vpc.aws_vpc_ipv4_cidr_block_association.this"
          ],
          "create_before_destroy": true
        }
      ]
    },
    {
      "module": "module.eks_oregon[0].module.eks.module.eks_managed_node_group[\"default_node_group\"]",
      "mode": "managed",
      "type": "aws_iam_role",
      "name": "this",
      "provider": "provider[\"registry.terraform.io/hashicorp/aws\"].oregon",
      "instances": [
        {
          "index_key": 0,
          "schema_version": 0,
          "attributes": {
            "arn": "arn:aws:iam::411623750878:role/crawl-1-eks-node-group-20240115123612206700000001",
            "assume_role_policy": "{\"Statement\":[{\"Action\":\"sts:AssumeRole\",\"Effect\":\"Allow\",\"Principal\":{\"Service\":\"ec2.amazonaws.com\"},\"Sid\":\"EKSNodeAssumeRole\"}],\"Version\":\"2012-10-17\"}",
            "create_date": "2024-01-15T12:36:13Z",
            "description": "EKS managed node group IAM role",
            "force_detach_policies": true,
            "id": "crawl-1-eks-node-group-20240115123612206700000001",
            "inline_policy": [],
            "managed_policy_arns": [],
            "max_session_duration": 3600,
            "name": "crawl-1-eks-node-group-20240115123612206700000001",
            "name_prefix": "crawl-1-eks-node-group-",
            "path": "/",
            "permissions_boundary": null,
            "tags": null,
            "tags_all": {},
            "unique_id": "AROAV7VVP7TPG2SNCHRYG"
          },
          "sensitive_attributes": [],
          "private": "bnVsbA==",
          "dependencies": [
            "module.eks_oregon.module.eks.module.eks_managed_node_group.data.aws_iam_policy_document.assume_role_policy",
            "module.eks_oregon.module.eks.module.eks_managed_node_group.data.aws_partition.current"
          ],
          "create_before_destroy": true
        }
      ]
    },
    {
      "module": "module.eks_oregon[0].module.eks.module.eks_managed_node_group[\"default_node_group\"]",
      "mode": "managed",
      "type": "aws_iam_role_policy_attachment",
      "name": "this",
      "provider": "provider[\"registry.terraform.io/hashicorp/aws\"].oregon",
      "instances": [
        {
          "index_key": "arn:aws:iam::aws:policy/AmazonEC2ContainerRegistryReadOnly",
          "schema_version": 0,
          "attributes": {
            "id": "crawl-1-eks-node-group-20240115123612206700000001-20240115123613619700000005",
            "policy_arn": "arn:aws:iam::aws:policy/AmazonEC2ContainerRegistryReadOnly",
            "role": "crawl-1-eks-node-group-20240115123612206700000001"
          },
          "sensitive_attributes": [],
          "private": "bnVsbA==",
          "dependencies": [
            "module.eks_oregon.module.eks.module.eks_managed_node_group.aws_iam_role.this",
            "module.eks_oregon.module.eks.module.eks_managed_node_group.data.aws_caller_identity.current",
            "module.eks_oregon.module.eks.module.eks_managed_node_group.data.aws_iam_policy_document.assume_role_policy",
            "module.eks_oregon.module.eks.module.eks_managed_node_group.data.aws_partition.current"
          ],
          "create_before_destroy": true
        },
        {
          "index_key": "arn:aws:iam::aws:policy/AmazonEKSWorkerNodePolicy",
          "schema_version": 0,
          "attributes": {
            "id": "crawl-1-eks-node-group-20240115123612206700000001-20240115123613523400000004",
            "policy_arn": "arn:aws:iam::aws:policy/AmazonEKSWorkerNodePolicy",
            "role": "crawl-1-eks-node-group-20240115123612206700000001"
          },
          "sensitive_attributes": [],
          "private": "bnVsbA==",
          "dependencies": [
            "module.eks_oregon.module.eks.module.eks_managed_node_group.aws_iam_role.this",
            "module.eks_oregon.module.eks.module.eks_managed_node_group.data.aws_caller_identity.current",
            "module.eks_oregon.module.eks.module.eks_managed_node_group.data.aws_iam_policy_document.assume_role_policy",
            "module.eks_oregon.module.eks.module.eks_managed_node_group.data.aws_partition.current"
          ],
          "create_before_destroy": true
        },
        {
          "index_key": "arn:aws:iam::aws:policy/AmazonEKS_CNI_Policy",
          "schema_version": 0,
          "attributes": {
            "id": "crawl-1-eks-node-group-20240115123612206700000001-20240115123613441000000003",
            "policy_arn": "arn:aws:iam::aws:policy/AmazonEKS_CNI_Policy",
            "role": "crawl-1-eks-node-group-20240115123612206700000001"
          },
          "sensitive_attributes": [],
          "private": "bnVsbA==",
          "dependencies": [
            "module.eks_oregon.module.eks.module.eks_managed_node_group.aws_iam_role.this",
            "module.eks_oregon.module.eks.module.eks_managed_node_group.data.aws_caller_identity.current",
            "module.eks_oregon.module.eks.module.eks_managed_node_group.data.aws_iam_policy_document.assume_role_policy",
            "module.eks_oregon.module.eks.module.eks_managed_node_group.data.aws_partition.current"
          ],
          "create_before_destroy": true
        }
      ]
    },
    {
      "module": "module.eks_oregon[0].module.eks.module.eks_managed_node_group[\"default_node_group\"]",
      "mode": "managed",
      "type": "aws_launch_template",
      "name": "this",
      "provider": "provider[\"registry.terraform.io/hashicorp/aws\"].oregon",
      "instances": [
        {
          "index_key": 0,
          "schema_version": 0,
          "attributes": {
            "arn": "arn:aws:ec2:us-west-2:411623750878:launch-template/lt-0542e1ea6e3ee62df",
            "block_device_mappings": [],
            "capacity_reservation_specification": [],
            "cpu_options": [],
            "credit_specification": [],
            "default_version": 1,
            "description": "Custom launch template for crawl-1 EKS managed node group",
            "disable_api_stop": false,
            "disable_api_termination": false,
            "ebs_optimized": "",
            "elastic_gpu_specifications": [],
            "elastic_inference_accelerator": [],
            "enclave_options": [],
            "hibernation_options": [],
            "iam_instance_profile": [],
            "id": "lt-0542e1ea6e3ee62df",
            "image_id": "",
            "instance_initiated_shutdown_behavior": "",
            "instance_market_options": [],
            "instance_requirements": [],
            "instance_type": "",
            "kernel_id": "",
            "key_name": "",
            "latest_version": 1,
            "license_specification": [],
            "maintenance_options": [],
            "metadata_options": [
              {
                "http_endpoint": "enabled",
                "http_protocol_ipv6": "",
                "http_put_response_hop_limit": 2,
                "http_tokens": "required",
                "instance_metadata_tags": ""
              }
            ],
            "monitoring": [
              {
                "enabled": true
              }
            ],
            "name": "default_node_group-2024011512483402880000000d",
            "name_prefix": "default_node_group-",
            "network_interfaces": [],
            "placement": [],
            "private_dns_name_options": [],
            "ram_disk_id": "",
            "security_group_names": null,
            "tag_specifications": [
              {
                "resource_type": "instance",
                "tags": {
                  "Name": "crawl-1"
                }
              },
              {
                "resource_type": "network-interface",
                "tags": {
                  "Name": "crawl-1"
                }
              },
              {
                "resource_type": "volume",
                "tags": {
                  "Name": "crawl-1"
                }
              }
            ],
            "tags": null,
            "tags_all": {},
            "update_default_version": true,
            "user_data": "",
            "vpc_security_group_ids": [
              "sg-02cd5c67df9a077cf"
            ]
          },
          "sensitive_attributes": [],
          "private": "bnVsbA==",
          "dependencies": [
            "module.eks_oregon.data.aws_availability_zones.available",
            "module.eks_oregon.module.eks.aws_cloudwatch_log_group.this",
            "module.eks_oregon.module.eks.aws_eks_cluster.this",
            "module.eks_oregon.module.eks.aws_iam_policy.cni_ipv6_policy",
            "module.eks_oregon.module.eks.aws_iam_role.this",
            "module.eks_oregon.module.eks.aws_iam_role_policy_attachment.this",
            "module.eks_oregon.module.eks.aws_security_group.cluster",
            "module.eks_oregon.module.eks.aws_security_group.node",
            "module.eks_oregon.module.eks.aws_security_group_rule.cluster",
            "module.eks_oregon.module.eks.aws_security_group_rule.node",
            "module.eks_oregon.module.eks.data.aws_caller_identity.current",
            "module.eks_oregon.module.eks.data.aws_iam_policy_document.assume_role_policy",
            "module.eks_oregon.module.eks.data.aws_iam_policy_document.cni_ipv6_policy",
            "module.eks_oregon.module.eks.data.aws_iam_session_context.current",
            "module.eks_oregon.module.eks.data.aws_partition.current",
            "module.eks_oregon.module.eks.module.eks_managed_node_group.aws_iam_role.this",
            "module.eks_oregon.module.eks.module.eks_managed_node_group.aws_iam_role_policy_attachment.this",
            "module.eks_oregon.module.eks.module.eks_managed_node_group.data.aws_caller_identity.current",
            "module.eks_oregon.module.eks.module.eks_managed_node_group.data.aws_iam_policy_document.assume_role_policy",
            "module.eks_oregon.module.eks.module.eks_managed_node_group.data.aws_partition.current",
            "module.eks_oregon.module.eks.module.eks_managed_node_group.module.user_data.data.cloudinit_config.linux_eks_managed_node_group",
            "module.eks_oregon.module.eks.module.kms.aws_kms_external_key.this",
            "module.eks_oregon.module.eks.module.kms.aws_kms_key.this",
            "module.eks_oregon.module.eks.module.kms.data.aws_caller_identity.current",
            "module.eks_oregon.module.eks.module.kms.data.aws_iam_policy_document.this",
            "module.eks_oregon.module.eks.module.kms.data.aws_partition.current",
            "module.eks_oregon.module.eks.time_sleep.this",
            "module.eks_oregon.module.vpc.aws_subnet.private",
            "module.eks_oregon.module.vpc.aws_vpc.this",
            "module.eks_oregon.module.vpc.aws_vpc_ipv4_cidr_block_association.this"
          ],
          "create_before_destroy": true
        }
      ]
    },
    {
      "module": "module.eks_oregon[0].module.eks.module.kms",
      "mode": "data",
      "type": "aws_caller_identity",
      "name": "current",
      "provider": "provider[\"registry.terraform.io/hashicorp/aws\"].oregon",
      "instances": [
        {
          "schema_version": 0,
          "attributes": {
            "account_id": "411623750878",
            "arn": "arn:aws:iam::411623750878:user/olexiy",
            "id": "411623750878",
            "user_id": "AIDAV7VVP7TPJ6HRCC3PA"
          },
          "sensitive_attributes": []
        }
      ]
    },
    {
      "module": "module.eks_oregon[0].module.eks.module.kms",
      "mode": "data",
      "type": "aws_iam_policy_document",
      "name": "this",
      "provider": "provider[\"registry.terraform.io/hashicorp/aws\"].oregon",
      "instances": [
        {
          "index_key": 0,
          "schema_version": 0,
          "attributes": {
            "id": "2986386767",
            "json": "{\n  \"Version\": \"2012-10-17\",\n  \"Statement\": [\n    {\n      \"Sid\": \"KeyAdministration\",\n      \"Effect\": \"Allow\",\n      \"Action\": [\n        \"kms:Update*\",\n        \"kms:UntagResource\",\n        \"kms:TagResource\",\n        \"kms:ScheduleKeyDeletion\",\n        \"kms:Revoke*\",\n        \"kms:Put*\",\n        \"kms:List*\",\n        \"kms:Get*\",\n        \"kms:Enable*\",\n        \"kms:Disable*\",\n        \"kms:Describe*\",\n        \"kms:Delete*\",\n        \"kms:Create*\",\n        \"kms:CancelKeyDeletion\"\n      ],\n      \"Resource\": \"*\",\n      \"Principal\": {\n        \"AWS\": \"arn:aws:iam::411623750878:user/olexiy\"\n      }\n    },\n    {\n      \"Sid\": \"KeyUsage\",\n      \"Effect\": \"Allow\",\n      \"Action\": [\n        \"kms:ReEncrypt*\",\n        \"kms:GenerateDataKey*\",\n        \"kms:Encrypt\",\n        \"kms:DescribeKey\",\n        \"kms:Decrypt\"\n      ],\n      \"Resource\": \"*\",\n      \"Principal\": {\n        \"AWS\": \"arn:aws:iam::411623750878:role/linxact-or-cluster-20240115123612268400000002\"\n      }\n    }\n  ]\n}",
            "override_policy_documents": null,
            "policy_id": null,
            "source_policy_documents": null,
            "statement": [
              {
                "actions": [
                  "kms:CancelKeyDeletion",
                  "kms:Create*",
                  "kms:Delete*",
                  "kms:Describe*",
                  "kms:Disable*",
                  "kms:Enable*",
                  "kms:Get*",
                  "kms:List*",
                  "kms:Put*",
                  "kms:Revoke*",
                  "kms:ScheduleKeyDeletion",
                  "kms:TagResource",
                  "kms:UntagResource",
                  "kms:Update*"
                ],
                "condition": [],
                "effect": "Allow",
                "not_actions": [],
                "not_principals": [],
                "not_resources": [],
                "principals": [
                  {
                    "identifiers": [
                      "arn:aws:iam::411623750878:user/olexiy"
                    ],
                    "type": "AWS"
                  }
                ],
                "resources": [
                  "*"
                ],
                "sid": "KeyAdministration"
              },
              {
                "actions": [
                  "kms:Decrypt",
                  "kms:DescribeKey",
                  "kms:Encrypt",
                  "kms:GenerateDataKey*",
                  "kms:ReEncrypt*"
                ],
                "condition": [],
                "effect": "Allow",
                "not_actions": [],
                "not_principals": [],
                "not_resources": [],
                "principals": [
                  {
                    "identifiers": [
                      "arn:aws:iam::411623750878:role/linxact-or-cluster-20240115123612268400000002"
                    ],
                    "type": "AWS"
                  }
                ],
                "resources": [
                  "*"
                ],
                "sid": "KeyUsage"
              }
            ],
            "version": "2012-10-17"
          },
          "sensitive_attributes": []
        }
      ]
    },
    {
      "module": "module.eks_oregon[0].module.eks.module.kms",
      "mode": "data",
      "type": "aws_partition",
      "name": "current",
      "provider": "provider[\"registry.terraform.io/hashicorp/aws\"].oregon",
      "instances": [
        {
          "schema_version": 0,
          "attributes": {
            "dns_suffix": "amazonaws.com",
            "id": "aws",
            "partition": "aws",
            "reverse_dns_prefix": "com.amazonaws"
          },
          "sensitive_attributes": []
        }
      ]
    },
    {
      "module": "module.eks_oregon[0].module.eks.module.kms",
      "mode": "managed",
      "type": "aws_kms_alias",
      "name": "this",
      "provider": "provider[\"registry.terraform.io/hashicorp/aws\"].oregon",
      "instances": [
        {
          "index_key": "cluster",
          "schema_version": 0,
          "attributes": {
            "arn": "arn:aws:kms:us-west-2:411623750878:alias/eks/linxact-or",
            "id": "alias/eks/linxact-or",
            "name": "alias/eks/linxact-or",
            "name_prefix": "",
            "target_key_arn": "arn:aws:kms:us-west-2:411623750878:key/44700b75-7e68-46ab-99f7-ed17aae5d18b",
            "target_key_id": "44700b75-7e68-46ab-99f7-ed17aae5d18b"
          },
          "sensitive_attributes": [],
          "private": "bnVsbA==",
          "dependencies": [
            "module.eks_oregon.module.eks.aws_iam_role.this",
            "module.eks_oregon.module.eks.data.aws_caller_identity.current",
            "module.eks_oregon.module.eks.data.aws_iam_policy_document.assume_role_policy",
            "module.eks_oregon.module.eks.data.aws_iam_session_context.current",
            "module.eks_oregon.module.eks.data.aws_partition.current",
            "module.eks_oregon.module.eks.module.kms.aws_kms_external_key.this",
            "module.eks_oregon.module.eks.module.kms.aws_kms_key.this",
            "module.eks_oregon.module.eks.module.kms.data.aws_caller_identity.current",
            "module.eks_oregon.module.eks.module.kms.data.aws_iam_policy_document.this",
            "module.eks_oregon.module.eks.module.kms.data.aws_partition.current"
          ]
        }
      ]
    },
    {
      "module": "module.eks_oregon[0].module.eks.module.kms",
      "mode": "managed",
      "type": "aws_kms_key",
      "name": "this",
      "provider": "provider[\"registry.terraform.io/hashicorp/aws\"].oregon",
      "instances": [
        {
          "index_key": 0,
          "schema_version": 0,
          "attributes": {
            "arn": "arn:aws:kms:us-west-2:411623750878:key/44700b75-7e68-46ab-99f7-ed17aae5d18b",
            "bypass_policy_lockout_safety_check": false,
            "custom_key_store_id": "",
            "customer_master_key_spec": "SYMMETRIC_DEFAULT",
            "deletion_window_in_days": null,
            "description": "linxact-or cluster encryption key",
            "enable_key_rotation": true,
            "id": "44700b75-7e68-46ab-99f7-ed17aae5d18b",
            "is_enabled": true,
            "key_id": "44700b75-7e68-46ab-99f7-ed17aae5d18b",
            "key_usage": "ENCRYPT_DECRYPT",
            "multi_region": false,
            "policy": "{\"Statement\":[{\"Action\":[\"kms:Update*\",\"kms:UntagResource\",\"kms:TagResource\",\"kms:ScheduleKeyDeletion\",\"kms:Revoke*\",\"kms:Put*\",\"kms:List*\",\"kms:Get*\",\"kms:Enable*\",\"kms:Disable*\",\"kms:Describe*\",\"kms:Delete*\",\"kms:Create*\",\"kms:CancelKeyDeletion\"],\"Effect\":\"Allow\",\"Principal\":{\"AWS\":\"arn:aws:iam::411623750878:user/olexiy\"},\"Resource\":\"*\",\"Sid\":\"KeyAdministration\"},{\"Action\":[\"kms:ReEncrypt*\",\"kms:GenerateDataKey*\",\"kms:Encrypt\",\"kms:DescribeKey\",\"kms:Decrypt\"],\"Effect\":\"Allow\",\"Principal\":{\"AWS\":\"arn:aws:iam::411623750878:role/linxact-or-cluster-20240115123612268400000002\"},\"Resource\":\"*\",\"Sid\":\"KeyUsage\"}],\"Version\":\"2012-10-17\"}",
            "tags": null,
            "tags_all": {}
          },
          "sensitive_attributes": [],
          "private": "bnVsbA==",
          "dependencies": [
            "module.eks_oregon.module.eks.aws_iam_role.this",
            "module.eks_oregon.module.eks.data.aws_caller_identity.current",
            "module.eks_oregon.module.eks.data.aws_iam_policy_document.assume_role_policy",
            "module.eks_oregon.module.eks.data.aws_iam_session_context.current",
            "module.eks_oregon.module.eks.data.aws_partition.current",
            "module.eks_oregon.module.eks.module.kms.data.aws_caller_identity.current",
            "module.eks_oregon.module.eks.module.kms.data.aws_iam_policy_document.this",
            "module.eks_oregon.module.eks.module.kms.data.aws_partition.current"
          ],
          "create_before_destroy": true
        }
      ]
    },
    {
      "module": "module.eks_oregon[0].module.vpc",
      "mode": "managed",
      "type": "aws_default_network_acl",
      "name": "this",
      "provider": "provider[\"registry.terraform.io/hashicorp/aws\"].oregon",
      "instances": [
        {
          "index_key": 0,
          "schema_version": 0,
          "attributes": {
            "arn": "arn:aws:ec2:us-west-2:411623750878:network-acl/acl-0b0c9f42af64602cf",
            "default_network_acl_id": "acl-0b0c9f42af64602cf",
            "egress": [
              {
                "action": "allow",
                "cidr_block": "",
                "from_port": 0,
                "icmp_code": null,
                "icmp_type": null,
                "ipv6_cidr_block": "::/0",
                "protocol": "-1",
                "rule_no": 101,
                "to_port": 0
              },
              {
                "action": "allow",
                "cidr_block": "0.0.0.0/0",
                "from_port": 0,
                "icmp_code": null,
                "icmp_type": null,
                "ipv6_cidr_block": "",
                "protocol": "-1",
                "rule_no": 100,
                "to_port": 0
              }
            ],
            "id": "acl-0b0c9f42af64602cf",
            "ingress": [
              {
                "action": "allow",
                "cidr_block": "",
                "from_port": 0,
                "icmp_code": null,
                "icmp_type": null,
                "ipv6_cidr_block": "::/0",
                "protocol": "-1",
                "rule_no": 101,
                "to_port": 0
              },
              {
                "action": "allow",
                "cidr_block": "0.0.0.0/0",
                "from_port": 0,
                "icmp_code": null,
                "icmp_type": null,
                "ipv6_cidr_block": "",
                "protocol": "-1",
                "rule_no": 100,
                "to_port": 0
              }
            ],
            "owner_id": "411623750878",
            "subnet_ids": null,
            "tags": {
              "Name": "linxact-vpc-default"
            },
            "tags_all": {
              "Name": "linxact-vpc-default"
            },
            "vpc_id": "vpc-07b98d780a20abec1"
          },
          "sensitive_attributes": [],
          "private": "bnVsbA==",
          "dependencies": [
            "module.eks_oregon.module.vpc.aws_vpc.this"
          ]
        }
      ]
    },
    {
      "module": "module.eks_oregon[0].module.vpc",
      "mode": "managed",
      "type": "aws_default_route_table",
      "name": "default",
      "provider": "provider[\"registry.terraform.io/hashicorp/aws\"].oregon",
      "instances": [
        {
          "index_key": 0,
          "schema_version": 0,
          "attributes": {
            "arn": "arn:aws:ec2:us-west-2:411623750878:route-table/rtb-0cd26f1307567c072",
            "default_route_table_id": "rtb-0cd26f1307567c072",
            "id": "rtb-0cd26f1307567c072",
            "owner_id": "411623750878",
            "propagating_vgws": null,
            "route": [],
            "tags": {
              "Name": "linxact-vpc-default"
            },
            "tags_all": {
              "Name": "linxact-vpc-default"
            },
            "timeouts": {
              "create": "5m",
              "update": "5m"
            },
            "vpc_id": "vpc-07b98d780a20abec1"
          },
          "sensitive_attributes": [],
          "private": "eyJlMmJmYjczMC1lY2FhLTExZTYtOGY4OC0zNDM2M2JjN2M0YzAiOnsiY3JlYXRlIjozMDAwMDAwMDAwMDAsInVwZGF0ZSI6MzAwMDAwMDAwMDAwfX0=",
          "dependencies": [
            "module.eks_oregon.module.vpc.aws_vpc.this"
          ]
        }
      ]
    },
    {
      "module": "module.eks_oregon[0].module.vpc",
      "mode": "managed",
      "type": "aws_default_security_group",
      "name": "this",
      "provider": "provider[\"registry.terraform.io/hashicorp/aws\"].oregon",
      "instances": [
        {
          "index_key": 0,
          "schema_version": 1,
          "attributes": {
            "arn": "arn:aws:ec2:us-west-2:411623750878:security-group/sg-02e660bafa944df91",
            "description": "default VPC security group",
            "egress": [],
            "id": "sg-02e660bafa944df91",
            "ingress": [],
            "name": "default",
            "name_prefix": "",
            "owner_id": "411623750878",
            "revoke_rules_on_delete": false,
            "tags": {
              "Name": "linxact-vpc-default"
            },
            "tags_all": {
              "Name": "linxact-vpc-default"
            },
            "vpc_id": "vpc-07b98d780a20abec1"
          },
          "sensitive_attributes": [],
          "private": "eyJzY2hlbWFfdmVyc2lvbiI6IjEifQ==",
          "dependencies": [
            "module.eks_oregon.module.vpc.aws_vpc.this"
          ]
        }
      ]
    },
    {
      "module": "module.eks_oregon[0].module.vpc",
      "mode": "managed",
      "type": "aws_eip",
      "name": "nat",
      "provider": "provider[\"registry.terraform.io/hashicorp/aws\"].oregon",
      "instances": [
        {
          "index_key": 0,
          "schema_version": 0,
          "attributes": {
            "address": null,
            "allocation_id": "eipalloc-0d664ed11fdca1b99",
            "associate_with_private_ip": null,
            "association_id": "",
            "carrier_ip": "",
            "customer_owned_ip": "",
            "customer_owned_ipv4_pool": "",
            "domain": "vpc",
            "id": "eipalloc-0d664ed11fdca1b99",
            "instance": "",
            "network_border_group": "us-west-2",
            "network_interface": "",
            "private_dns": null,
            "private_ip": "",
            "public_dns": "ec2-35-82-243-168.us-west-2.compute.amazonaws.com",
            "public_ip": "35.82.243.168",
            "public_ipv4_pool": "amazon",
            "tags": {
              "Name": "linxact-vpc-us-west-2a"
            },
            "tags_all": {
              "Name": "linxact-vpc-us-west-2a"
            },
            "timeouts": null,
            "vpc": true
          },
          "sensitive_attributes": [],
          "private": "eyJlMmJmYjczMC1lY2FhLTExZTYtOGY4OC0zNDM2M2JjN2M0YzAiOnsiZGVsZXRlIjoxODAwMDAwMDAwMDAsInJlYWQiOjkwMDAwMDAwMDAwMCwidXBkYXRlIjozMDAwMDAwMDAwMDB9fQ==",
          "dependencies": [
            "module.eks_oregon.data.aws_availability_zones.available",
            "module.eks_oregon.module.vpc.aws_internet_gateway.this",
            "module.eks_oregon.module.vpc.aws_vpc.this",
            "module.eks_oregon.module.vpc.aws_vpc_ipv4_cidr_block_association.this"
          ]
        }
      ]
    },
    {
      "module": "module.eks_oregon[0].module.vpc",
      "mode": "managed",
      "type": "aws_internet_gateway",
      "name": "this",
      "provider": "provider[\"registry.terraform.io/hashicorp/aws\"].oregon",
      "instances": [
        {
          "index_key": 0,
          "schema_version": 0,
          "attributes": {
            "arn": "arn:aws:ec2:us-west-2:411623750878:internet-gateway/igw-059089ea3bac144b5",
            "id": "igw-059089ea3bac144b5",
            "owner_id": "411623750878",
            "tags": {
              "Name": "linxact-vpc"
            },
            "tags_all": {
              "Name": "linxact-vpc"
            },
            "timeouts": null,
            "vpc_id": "vpc-07b98d780a20abec1"
          },
          "sensitive_attributes": [],
          "private": "eyJlMmJmYjczMC1lY2FhLTExZTYtOGY4OC0zNDM2M2JjN2M0YzAiOnsiY3JlYXRlIjoxMjAwMDAwMDAwMDAwLCJkZWxldGUiOjEyMDAwMDAwMDAwMDAsInVwZGF0ZSI6MTIwMDAwMDAwMDAwMH19",
          "dependencies": [
            "module.eks_oregon.module.vpc.aws_vpc.this",
            "module.eks_oregon.module.vpc.aws_vpc_ipv4_cidr_block_association.this"
          ]
        }
      ]
    },
    {
      "module": "module.eks_oregon[0].module.vpc",
      "mode": "managed",
      "type": "aws_nat_gateway",
      "name": "this",
      "provider": "provider[\"registry.terraform.io/hashicorp/aws\"].oregon",
      "instances": [
        {
          "index_key": 0,
          "schema_version": 0,
          "attributes": {
            "allocation_id": "eipalloc-0d664ed11fdca1b99",
            "association_id": "eipassoc-07195acb0f6bd037e",
            "connectivity_type": "public",
            "id": "nat-0a05ba3e52825a8d0",
            "network_interface_id": "eni-044299556c27d8755",
            "private_ip": "10.0.5.134",
            "public_ip": "35.82.243.168",
            "subnet_id": "subnet-0dd0e73192fbd47b5",
            "tags": {
              "Name": "linxact-vpc-us-west-2a"
            },
            "tags_all": {
              "Name": "linxact-vpc-us-west-2a"
            }
          },
          "sensitive_attributes": [],
          "private": "bnVsbA==",
          "dependencies": [
            "module.eks_oregon.data.aws_availability_zones.available",
            "module.eks_oregon.module.vpc.aws_eip.nat",
            "module.eks_oregon.module.vpc.aws_internet_gateway.this",
            "module.eks_oregon.module.vpc.aws_subnet.public",
            "module.eks_oregon.module.vpc.aws_vpc.this",
            "module.eks_oregon.module.vpc.aws_vpc_ipv4_cidr_block_association.this"
          ]
        }
      ]
    },
    {
      "module": "module.eks_oregon[0].module.vpc",
      "mode": "managed",
      "type": "aws_route",
      "name": "private_nat_gateway",
      "provider": "provider[\"registry.terraform.io/hashicorp/aws\"].oregon",
      "instances": [
        {
          "index_key": 0,
          "schema_version": 0,
          "attributes": {
            "carrier_gateway_id": "",
            "core_network_arn": "",
            "destination_cidr_block": "0.0.0.0/0",
            "destination_ipv6_cidr_block": "",
            "destination_prefix_list_id": "",
            "egress_only_gateway_id": "",
            "gateway_id": "",
            "id": "r-rtb-0c7e9e6382587631c1080289494",
            "instance_id": "",
            "instance_owner_id": "",
            "local_gateway_id": "",
            "nat_gateway_id": "nat-0a05ba3e52825a8d0",
            "network_interface_id": "",
            "origin": "CreateRoute",
            "route_table_id": "rtb-0c7e9e6382587631c",
            "state": "active",
            "timeouts": {
              "create": "5m",
              "delete": null,
              "update": null
            },
            "transit_gateway_id": "",
            "vpc_endpoint_id": "",
            "vpc_peering_connection_id": ""
          },
          "sensitive_attributes": [],
          "private": "eyJlMmJmYjczMC1lY2FhLTExZTYtOGY4OC0zNDM2M2JjN2M0YzAiOnsiY3JlYXRlIjozMDAwMDAwMDAwMDAsImRlbGV0ZSI6MzAwMDAwMDAwMDAwLCJ1cGRhdGUiOjEyMDAwMDAwMDAwMH19",
          "dependencies": [
            "module.eks_oregon.data.aws_availability_zones.available",
            "module.eks_oregon.module.vpc.aws_eip.nat",
            "module.eks_oregon.module.vpc.aws_internet_gateway.this",
            "module.eks_oregon.module.vpc.aws_nat_gateway.this",
            "module.eks_oregon.module.vpc.aws_route_table.private",
            "module.eks_oregon.module.vpc.aws_subnet.public",
            "module.eks_oregon.module.vpc.aws_vpc.this",
            "module.eks_oregon.module.vpc.aws_vpc_ipv4_cidr_block_association.this"
          ]
        }
      ]
    },
    {
      "module": "module.eks_oregon[0].module.vpc",
      "mode": "managed",
      "type": "aws_route",
      "name": "public_internet_gateway",
      "provider": "provider[\"registry.terraform.io/hashicorp/aws\"].oregon",
      "instances": [
        {
          "index_key": 0,
          "schema_version": 0,
          "attributes": {
            "carrier_gateway_id": "",
            "core_network_arn": "",
            "destination_cidr_block": "0.0.0.0/0",
            "destination_ipv6_cidr_block": "",
            "destination_prefix_list_id": "",
            "egress_only_gateway_id": "",
            "gateway_id": "igw-059089ea3bac144b5",
            "id": "r-rtb-0217caa5d9bfbf96b1080289494",
            "instance_id": "",
            "instance_owner_id": "",
            "local_gateway_id": "",
            "nat_gateway_id": "",
            "network_interface_id": "",
            "origin": "CreateRoute",
            "route_table_id": "rtb-0217caa5d9bfbf96b",
            "state": "active",
            "timeouts": {
              "create": "5m",
              "delete": null,
              "update": null
            },
            "transit_gateway_id": "",
            "vpc_endpoint_id": "",
            "vpc_peering_connection_id": ""
          },
          "sensitive_attributes": [],
          "private": "eyJlMmJmYjczMC1lY2FhLTExZTYtOGY4OC0zNDM2M2JjN2M0YzAiOnsiY3JlYXRlIjozMDAwMDAwMDAwMDAsImRlbGV0ZSI6MzAwMDAwMDAwMDAwLCJ1cGRhdGUiOjEyMDAwMDAwMDAwMH19",
          "dependencies": [
            "module.eks_oregon.module.vpc.aws_internet_gateway.this",
            "module.eks_oregon.module.vpc.aws_route_table.public",
            "module.eks_oregon.module.vpc.aws_vpc.this",
            "module.eks_oregon.module.vpc.aws_vpc_ipv4_cidr_block_association.this"
          ]
        }
      ]
    },
    {
      "module": "module.eks_oregon[0].module.vpc",
      "mode": "managed",
      "type": "aws_route_table",
      "name": "private",
      "provider": "provider[\"registry.terraform.io/hashicorp/aws\"].oregon",
      "instances": [
        {
          "index_key": 0,
          "schema_version": 0,
          "attributes": {
            "arn": "arn:aws:ec2:us-west-2:411623750878:route-table/rtb-0c7e9e6382587631c",
            "id": "rtb-0c7e9e6382587631c",
            "owner_id": "411623750878",
            "propagating_vgws": [],
            "route": [],
            "tags": {
              "Name": "linxact-vpc-private"
            },
            "tags_all": {
              "Name": "linxact-vpc-private"
            },
            "timeouts": null,
            "vpc_id": "vpc-07b98d780a20abec1"
          },
          "sensitive_attributes": [],
          "private": "eyJlMmJmYjczMC1lY2FhLTExZTYtOGY4OC0zNDM2M2JjN2M0YzAiOnsiY3JlYXRlIjozMDAwMDAwMDAwMDAsImRlbGV0ZSI6MzAwMDAwMDAwMDAwLCJ1cGRhdGUiOjEyMDAwMDAwMDAwMH19",
          "dependencies": [
            "module.eks_oregon.data.aws_availability_zones.available",
            "module.eks_oregon.module.vpc.aws_vpc.this",
            "module.eks_oregon.module.vpc.aws_vpc_ipv4_cidr_block_association.this"
          ]
        }
      ]
    },
    {
      "module": "module.eks_oregon[0].module.vpc",
      "mode": "managed",
      "type": "aws_route_table",
      "name": "public",
      "provider": "provider[\"registry.terraform.io/hashicorp/aws\"].oregon",
      "instances": [
        {
          "index_key": 0,
          "schema_version": 0,
          "attributes": {
            "arn": "arn:aws:ec2:us-west-2:411623750878:route-table/rtb-0217caa5d9bfbf96b",
            "id": "rtb-0217caa5d9bfbf96b",
            "owner_id": "411623750878",
            "propagating_vgws": [],
            "route": [],
            "tags": {
              "Name": "linxact-vpc-public"
            },
            "tags_all": {
              "Name": "linxact-vpc-public"
            },
            "timeouts": null,
            "vpc_id": "vpc-07b98d780a20abec1"
          },
          "sensitive_attributes": [],
          "private": "eyJlMmJmYjczMC1lY2FhLTExZTYtOGY4OC0zNDM2M2JjN2M0YzAiOnsiY3JlYXRlIjozMDAwMDAwMDAwMDAsImRlbGV0ZSI6MzAwMDAwMDAwMDAwLCJ1cGRhdGUiOjEyMDAwMDAwMDAwMH19",
          "dependencies": [
            "module.eks_oregon.module.vpc.aws_vpc.this",
            "module.eks_oregon.module.vpc.aws_vpc_ipv4_cidr_block_association.this"
          ]
        }
      ]
    },
    {
      "module": "module.eks_oregon[0].module.vpc",
      "mode": "managed",
      "type": "aws_route_table_association",
      "name": "private",
      "provider": "provider[\"registry.terraform.io/hashicorp/aws\"].oregon",
      "instances": [
        {
          "index_key": 0,
          "schema_version": 0,
          "attributes": {
            "gateway_id": "",
            "id": "rtbassoc-0564ce5f0742c2020",
            "route_table_id": "rtb-0c7e9e6382587631c",
            "subnet_id": "subnet-0fafd7b10ca0ca115",
            "timeouts": null
          },
          "sensitive_attributes": [],
          "private": "eyJlMmJmYjczMC1lY2FhLTExZTYtOGY4OC0zNDM2M2JjN2M0YzAiOnsiY3JlYXRlIjozMDAwMDAwMDAwMDAsImRlbGV0ZSI6MzAwMDAwMDAwMDAwLCJ1cGRhdGUiOjEyMDAwMDAwMDAwMH19",
          "dependencies": [
            "module.eks_oregon.data.aws_availability_zones.available",
            "module.eks_oregon.module.vpc.aws_route_table.private",
            "module.eks_oregon.module.vpc.aws_subnet.private",
            "module.eks_oregon.module.vpc.aws_vpc.this",
            "module.eks_oregon.module.vpc.aws_vpc_ipv4_cidr_block_association.this"
          ]
        },
        {
          "index_key": 1,
          "schema_version": 0,
          "attributes": {
            "gateway_id": "",
            "id": "rtbassoc-07c79ec3cd331a360",
            "route_table_id": "rtb-0c7e9e6382587631c",
            "subnet_id": "subnet-07023e7f535e676d6",
            "timeouts": null
          },
          "sensitive_attributes": [],
          "private": "eyJlMmJmYjczMC1lY2FhLTExZTYtOGY4OC0zNDM2M2JjN2M0YzAiOnsiY3JlYXRlIjozMDAwMDAwMDAwMDAsImRlbGV0ZSI6MzAwMDAwMDAwMDAwLCJ1cGRhdGUiOjEyMDAwMDAwMDAwMH19",
          "dependencies": [
            "module.eks_oregon.data.aws_availability_zones.available",
            "module.eks_oregon.module.vpc.aws_route_table.private",
            "module.eks_oregon.module.vpc.aws_subnet.private",
            "module.eks_oregon.module.vpc.aws_vpc.this",
            "module.eks_oregon.module.vpc.aws_vpc_ipv4_cidr_block_association.this"
          ]
        },
        {
          "index_key": 2,
          "schema_version": 0,
          "attributes": {
            "gateway_id": "",
            "id": "rtbassoc-0af60cab05a98d857",
            "route_table_id": "rtb-0c7e9e6382587631c",
            "subnet_id": "subnet-0f941ea9536af4a9d",
            "timeouts": null
          },
          "sensitive_attributes": [],
          "private": "eyJlMmJmYjczMC1lY2FhLTExZTYtOGY4OC0zNDM2M2JjN2M0YzAiOnsiY3JlYXRlIjozMDAwMDAwMDAwMDAsImRlbGV0ZSI6MzAwMDAwMDAwMDAwLCJ1cGRhdGUiOjEyMDAwMDAwMDAwMH19",
          "dependencies": [
            "module.eks_oregon.data.aws_availability_zones.available",
            "module.eks_oregon.module.vpc.aws_route_table.private",
            "module.eks_oregon.module.vpc.aws_subnet.private",
            "module.eks_oregon.module.vpc.aws_vpc.this",
            "module.eks_oregon.module.vpc.aws_vpc_ipv4_cidr_block_association.this"
          ]
        },
        {
          "index_key": 3,
          "schema_version": 0,
          "attributes": {
            "gateway_id": "",
            "id": "rtbassoc-06538560f699d9ce5",
            "route_table_id": "rtb-0c7e9e6382587631c",
            "subnet_id": "subnet-0b8a62e3f48840940",
            "timeouts": null
          },
          "sensitive_attributes": [],
          "private": "eyJlMmJmYjczMC1lY2FhLTExZTYtOGY4OC0zNDM2M2JjN2M0YzAiOnsiY3JlYXRlIjozMDAwMDAwMDAwMDAsImRlbGV0ZSI6MzAwMDAwMDAwMDAwLCJ1cGRhdGUiOjEyMDAwMDAwMDAwMH19",
          "dependencies": [
            "module.eks_oregon.data.aws_availability_zones.available",
            "module.eks_oregon.module.vpc.aws_route_table.private",
            "module.eks_oregon.module.vpc.aws_subnet.private",
            "module.eks_oregon.module.vpc.aws_vpc.this",
            "module.eks_oregon.module.vpc.aws_vpc_ipv4_cidr_block_association.this"
          ]
        },
        {
          "index_key": 4,
          "schema_version": 0,
          "attributes": {
            "gateway_id": "",
            "id": "rtbassoc-09c65aa1db9674831",
            "route_table_id": "rtb-0c7e9e6382587631c",
            "subnet_id": "subnet-04b4a9bf00dc39bc5",
            "timeouts": null
          },
          "sensitive_attributes": [],
          "private": "eyJlMmJmYjczMC1lY2FhLTExZTYtOGY4OC0zNDM2M2JjN2M0YzAiOnsiY3JlYXRlIjozMDAwMDAwMDAwMDAsImRlbGV0ZSI6MzAwMDAwMDAwMDAwLCJ1cGRhdGUiOjEyMDAwMDAwMDAwMH19",
          "dependencies": [
            "module.eks_oregon.data.aws_availability_zones.available",
            "module.eks_oregon.module.vpc.aws_route_table.private",
            "module.eks_oregon.module.vpc.aws_subnet.private",
            "module.eks_oregon.module.vpc.aws_vpc.this",
            "module.eks_oregon.module.vpc.aws_vpc_ipv4_cidr_block_association.this"
          ]
        }
      ]
    },
    {
      "module": "module.eks_oregon[0].module.vpc",
      "mode": "managed",
      "type": "aws_route_table_association",
      "name": "public",
      "provider": "provider[\"registry.terraform.io/hashicorp/aws\"].oregon",
      "instances": [
        {
          "index_key": 0,
          "schema_version": 0,
          "attributes": {
            "gateway_id": "",
            "id": "rtbassoc-0f7ecfee683c5c2a7",
            "route_table_id": "rtb-0217caa5d9bfbf96b",
            "subnet_id": "subnet-0dd0e73192fbd47b5",
            "timeouts": null
          },
          "sensitive_attributes": [],
          "private": "eyJlMmJmYjczMC1lY2FhLTExZTYtOGY4OC0zNDM2M2JjN2M0YzAiOnsiY3JlYXRlIjozMDAwMDAwMDAwMDAsImRlbGV0ZSI6MzAwMDAwMDAwMDAwLCJ1cGRhdGUiOjEyMDAwMDAwMDAwMH19",
          "dependencies": [
            "module.eks_oregon.data.aws_availability_zones.available",
            "module.eks_oregon.module.vpc.aws_route_table.public",
            "module.eks_oregon.module.vpc.aws_subnet.public",
            "module.eks_oregon.module.vpc.aws_vpc.this",
            "module.eks_oregon.module.vpc.aws_vpc_ipv4_cidr_block_association.this"
          ]
        },
        {
          "index_key": 1,
          "schema_version": 0,
          "attributes": {
            "gateway_id": "",
            "id": "rtbassoc-0d49200e4dbb99bbc",
            "route_table_id": "rtb-0217caa5d9bfbf96b",
            "subnet_id": "subnet-0906b9eded59ad213",
            "timeouts": null
          },
          "sensitive_attributes": [],
          "private": "eyJlMmJmYjczMC1lY2FhLTExZTYtOGY4OC0zNDM2M2JjN2M0YzAiOnsiY3JlYXRlIjozMDAwMDAwMDAwMDAsImRlbGV0ZSI6MzAwMDAwMDAwMDAwLCJ1cGRhdGUiOjEyMDAwMDAwMDAwMH19",
          "dependencies": [
            "module.eks_oregon.data.aws_availability_zones.available",
            "module.eks_oregon.module.vpc.aws_route_table.public",
            "module.eks_oregon.module.vpc.aws_subnet.public",
            "module.eks_oregon.module.vpc.aws_vpc.this",
            "module.eks_oregon.module.vpc.aws_vpc_ipv4_cidr_block_association.this"
          ]
        },
        {
          "index_key": 2,
          "schema_version": 0,
          "attributes": {
            "gateway_id": "",
            "id": "rtbassoc-02cb28b02779b2700",
            "route_table_id": "rtb-0217caa5d9bfbf96b",
            "subnet_id": "subnet-01f2575e4c0fd1d08",
            "timeouts": null
          },
          "sensitive_attributes": [],
          "private": "eyJlMmJmYjczMC1lY2FhLTExZTYtOGY4OC0zNDM2M2JjN2M0YzAiOnsiY3JlYXRlIjozMDAwMDAwMDAwMDAsImRlbGV0ZSI6MzAwMDAwMDAwMDAwLCJ1cGRhdGUiOjEyMDAwMDAwMDAwMH19",
          "dependencies": [
            "module.eks_oregon.data.aws_availability_zones.available",
            "module.eks_oregon.module.vpc.aws_route_table.public",
            "module.eks_oregon.module.vpc.aws_subnet.public",
            "module.eks_oregon.module.vpc.aws_vpc.this",
            "module.eks_oregon.module.vpc.aws_vpc_ipv4_cidr_block_association.this"
          ]
        },
        {
          "index_key": 3,
          "schema_version": 0,
          "attributes": {
            "gateway_id": "",
            "id": "rtbassoc-03dc3247e2445c40b",
            "route_table_id": "rtb-0217caa5d9bfbf96b",
            "subnet_id": "subnet-082693ad07904f868",
            "timeouts": null
          },
          "sensitive_attributes": [],
          "private": "eyJlMmJmYjczMC1lY2FhLTExZTYtOGY4OC0zNDM2M2JjN2M0YzAiOnsiY3JlYXRlIjozMDAwMDAwMDAwMDAsImRlbGV0ZSI6MzAwMDAwMDAwMDAwLCJ1cGRhdGUiOjEyMDAwMDAwMDAwMH19",
          "dependencies": [
            "module.eks_oregon.data.aws_availability_zones.available",
            "module.eks_oregon.module.vpc.aws_route_table.public",
            "module.eks_oregon.module.vpc.aws_subnet.public",
            "module.eks_oregon.module.vpc.aws_vpc.this",
            "module.eks_oregon.module.vpc.aws_vpc_ipv4_cidr_block_association.this"
          ]
        },
        {
          "index_key": 4,
          "schema_version": 0,
          "attributes": {
            "gateway_id": "",
            "id": "rtbassoc-032fc3e5fbf4c491d",
            "route_table_id": "rtb-0217caa5d9bfbf96b",
            "subnet_id": "subnet-00871851c4da91cf6",
            "timeouts": null
          },
          "sensitive_attributes": [],
          "private": "eyJlMmJmYjczMC1lY2FhLTExZTYtOGY4OC0zNDM2M2JjN2M0YzAiOnsiY3JlYXRlIjozMDAwMDAwMDAwMDAsImRlbGV0ZSI6MzAwMDAwMDAwMDAwLCJ1cGRhdGUiOjEyMDAwMDAwMDAwMH19",
          "dependencies": [
            "module.eks_oregon.data.aws_availability_zones.available",
            "module.eks_oregon.module.vpc.aws_route_table.public",
            "module.eks_oregon.module.vpc.aws_subnet.public",
            "module.eks_oregon.module.vpc.aws_vpc.this",
            "module.eks_oregon.module.vpc.aws_vpc_ipv4_cidr_block_association.this"
          ]
        }
      ]
    },
    {
      "module": "module.eks_oregon[0].module.vpc",
      "mode": "managed",
      "type": "aws_subnet",
      "name": "private",
      "provider": "provider[\"registry.terraform.io/hashicorp/aws\"].oregon",
      "instances": [
        {
          "index_key": 0,
          "schema_version": 1,
          "attributes": {
            "arn": "arn:aws:ec2:us-west-2:411623750878:subnet/subnet-0fafd7b10ca0ca115",
            "assign_ipv6_address_on_creation": false,
            "availability_zone": "us-west-2a",
            "availability_zone_id": "usw2-az1",
            "cidr_block": "10.0.0.0/24",
            "customer_owned_ipv4_pool": "",
            "enable_dns64": false,
            "enable_lni_at_device_index": 0,
            "enable_resource_name_dns_a_record_on_launch": false,
            "enable_resource_name_dns_aaaa_record_on_launch": false,
            "id": "subnet-0fafd7b10ca0ca115",
            "ipv6_cidr_block": "",
            "ipv6_cidr_block_association_id": "",
            "ipv6_native": false,
            "map_customer_owned_ip_on_launch": false,
            "map_public_ip_on_launch": false,
            "outpost_arn": "",
            "owner_id": "411623750878",
            "private_dns_hostname_type_on_launch": "ip-name",
            "tags": {
              "Name": "linxact-vpc-private-us-west-2a",
              "kubernetes.io/cluster/linxact-or": "shared",
              "kubernetes.io/role/internal-elb": "1"
            },
            "tags_all": {
              "Name": "linxact-vpc-private-us-west-2a",
              "kubernetes.io/cluster/linxact-or": "shared",
              "kubernetes.io/role/internal-elb": "1"
            },
            "timeouts": null,
            "vpc_id": "vpc-07b98d780a20abec1"
          },
          "sensitive_attributes": [],
          "private": "eyJlMmJmYjczMC1lY2FhLTExZTYtOGY4OC0zNDM2M2JjN2M0YzAiOnsiY3JlYXRlIjo2MDAwMDAwMDAwMDAsImRlbGV0ZSI6MTIwMDAwMDAwMDAwMH0sInNjaGVtYV92ZXJzaW9uIjoiMSJ9",
          "dependencies": [
            "module.eks_oregon.data.aws_availability_zones.available",
            "module.eks_oregon.module.vpc.aws_vpc.this",
            "module.eks_oregon.module.vpc.aws_vpc_ipv4_cidr_block_association.this"
          ],
          "create_before_destroy": true
        },
        {
          "index_key": 1,
          "schema_version": 1,
          "attributes": {
            "arn": "arn:aws:ec2:us-west-2:411623750878:subnet/subnet-07023e7f535e676d6",
            "assign_ipv6_address_on_creation": false,
            "availability_zone": "us-west-2b",
            "availability_zone_id": "usw2-az2",
            "cidr_block": "10.0.1.0/24",
            "customer_owned_ipv4_pool": "",
            "enable_dns64": false,
            "enable_lni_at_device_index": 0,
            "enable_resource_name_dns_a_record_on_launch": false,
            "enable_resource_name_dns_aaaa_record_on_launch": false,
            "id": "subnet-07023e7f535e676d6",
            "ipv6_cidr_block": "",
            "ipv6_cidr_block_association_id": "",
            "ipv6_native": false,
            "map_customer_owned_ip_on_launch": false,
            "map_public_ip_on_launch": false,
            "outpost_arn": "",
            "owner_id": "411623750878",
            "private_dns_hostname_type_on_launch": "ip-name",
            "tags": {
              "Name": "linxact-vpc-private-us-west-2b",
              "kubernetes.io/cluster/linxact-or": "shared",
              "kubernetes.io/role/internal-elb": "1"
            },
            "tags_all": {
              "Name": "linxact-vpc-private-us-west-2b",
              "kubernetes.io/cluster/linxact-or": "shared",
              "kubernetes.io/role/internal-elb": "1"
            },
            "timeouts": null,
            "vpc_id": "vpc-07b98d780a20abec1"
          },
          "sensitive_attributes": [],
          "private": "eyJlMmJmYjczMC1lY2FhLTExZTYtOGY4OC0zNDM2M2JjN2M0YzAiOnsiY3JlYXRlIjo2MDAwMDAwMDAwMDAsImRlbGV0ZSI6MTIwMDAwMDAwMDAwMH0sInNjaGVtYV92ZXJzaW9uIjoiMSJ9",
          "dependencies": [
            "module.eks_oregon.data.aws_availability_zones.available",
            "module.eks_oregon.module.vpc.aws_vpc.this",
            "module.eks_oregon.module.vpc.aws_vpc_ipv4_cidr_block_association.this"
          ],
          "create_before_destroy": true
        },
        {
          "index_key": 2,
          "schema_version": 1,
          "attributes": {
            "arn": "arn:aws:ec2:us-west-2:411623750878:subnet/subnet-0f941ea9536af4a9d",
            "assign_ipv6_address_on_creation": false,
            "availability_zone": "us-west-2c",
            "availability_zone_id": "usw2-az3",
            "cidr_block": "10.0.2.0/24",
            "customer_owned_ipv4_pool": "",
            "enable_dns64": false,
            "enable_lni_at_device_index": 0,
            "enable_resource_name_dns_a_record_on_launch": false,
            "enable_resource_name_dns_aaaa_record_on_launch": false,
            "id": "subnet-0f941ea9536af4a9d",
            "ipv6_cidr_block": "",
            "ipv6_cidr_block_association_id": "",
            "ipv6_native": false,
            "map_customer_owned_ip_on_launch": false,
            "map_public_ip_on_launch": false,
            "outpost_arn": "",
            "owner_id": "411623750878",
            "private_dns_hostname_type_on_launch": "ip-name",
            "tags": {
              "Name": "linxact-vpc-private-us-west-2c",
              "kubernetes.io/cluster/linxact-or": "shared",
              "kubernetes.io/role/internal-elb": "1"
            },
            "tags_all": {
              "Name": "linxact-vpc-private-us-west-2c",
              "kubernetes.io/cluster/linxact-or": "shared",
              "kubernetes.io/role/internal-elb": "1"
            },
            "timeouts": null,
            "vpc_id": "vpc-07b98d780a20abec1"
          },
          "sensitive_attributes": [],
          "private": "eyJlMmJmYjczMC1lY2FhLTExZTYtOGY4OC0zNDM2M2JjN2M0YzAiOnsiY3JlYXRlIjo2MDAwMDAwMDAwMDAsImRlbGV0ZSI6MTIwMDAwMDAwMDAwMH0sInNjaGVtYV92ZXJzaW9uIjoiMSJ9",
          "dependencies": [
            "module.eks_oregon.data.aws_availability_zones.available",
            "module.eks_oregon.module.vpc.aws_vpc.this",
            "module.eks_oregon.module.vpc.aws_vpc_ipv4_cidr_block_association.this"
          ],
          "create_before_destroy": true
        },
        {
          "index_key": 3,
          "schema_version": 1,
          "attributes": {
            "arn": "arn:aws:ec2:us-west-2:411623750878:subnet/subnet-0b8a62e3f48840940",
            "assign_ipv6_address_on_creation": false,
            "availability_zone": "us-west-2d",
            "availability_zone_id": "usw2-az4",
            "cidr_block": "10.0.3.0/24",
            "customer_owned_ipv4_pool": "",
            "enable_dns64": false,
            "enable_lni_at_device_index": 0,
            "enable_resource_name_dns_a_record_on_launch": false,
            "enable_resource_name_dns_aaaa_record_on_launch": false,
            "id": "subnet-0b8a62e3f48840940",
            "ipv6_cidr_block": "",
            "ipv6_cidr_block_association_id": "",
            "ipv6_native": false,
            "map_customer_owned_ip_on_launch": false,
            "map_public_ip_on_launch": false,
            "outpost_arn": "",
            "owner_id": "411623750878",
            "private_dns_hostname_type_on_launch": "ip-name",
            "tags": {
              "Name": "linxact-vpc-private-us-west-2d",
              "kubernetes.io/cluster/linxact-or": "shared",
              "kubernetes.io/role/internal-elb": "1"
            },
            "tags_all": {
              "Name": "linxact-vpc-private-us-west-2d",
              "kubernetes.io/cluster/linxact-or": "shared",
              "kubernetes.io/role/internal-elb": "1"
            },
            "timeouts": null,
            "vpc_id": "vpc-07b98d780a20abec1"
          },
          "sensitive_attributes": [],
          "private": "eyJlMmJmYjczMC1lY2FhLTExZTYtOGY4OC0zNDM2M2JjN2M0YzAiOnsiY3JlYXRlIjo2MDAwMDAwMDAwMDAsImRlbGV0ZSI6MTIwMDAwMDAwMDAwMH0sInNjaGVtYV92ZXJzaW9uIjoiMSJ9",
          "dependencies": [
            "module.eks_oregon.data.aws_availability_zones.available",
            "module.eks_oregon.module.vpc.aws_vpc.this",
            "module.eks_oregon.module.vpc.aws_vpc_ipv4_cidr_block_association.this"
          ],
          "create_before_destroy": true
        },
        {
          "index_key": 4,
          "schema_version": 1,
          "attributes": {
            "arn": "arn:aws:ec2:us-west-2:411623750878:subnet/subnet-04b4a9bf00dc39bc5",
            "assign_ipv6_address_on_creation": false,
            "availability_zone": "us-west-2a",
            "availability_zone_id": "usw2-az1",
            "cidr_block": "10.0.4.0/24",
            "customer_owned_ipv4_pool": "",
            "enable_dns64": false,
            "enable_lni_at_device_index": 0,
            "enable_resource_name_dns_a_record_on_launch": false,
            "enable_resource_name_dns_aaaa_record_on_launch": false,
            "id": "subnet-04b4a9bf00dc39bc5",
            "ipv6_cidr_block": "",
            "ipv6_cidr_block_association_id": "",
            "ipv6_native": false,
            "map_customer_owned_ip_on_launch": false,
            "map_public_ip_on_launch": false,
            "outpost_arn": "",
            "owner_id": "411623750878",
            "private_dns_hostname_type_on_launch": "ip-name",
            "tags": {
              "Name": "linxact-vpc-private-us-west-2a",
              "kubernetes.io/cluster/linxact-or": "shared",
              "kubernetes.io/role/internal-elb": "1"
            },
            "tags_all": {
              "Name": "linxact-vpc-private-us-west-2a",
              "kubernetes.io/cluster/linxact-or": "shared",
              "kubernetes.io/role/internal-elb": "1"
            },
            "timeouts": null,
            "vpc_id": "vpc-07b98d780a20abec1"
          },
          "sensitive_attributes": [],
          "private": "eyJlMmJmYjczMC1lY2FhLTExZTYtOGY4OC0zNDM2M2JjN2M0YzAiOnsiY3JlYXRlIjo2MDAwMDAwMDAwMDAsImRlbGV0ZSI6MTIwMDAwMDAwMDAwMH0sInNjaGVtYV92ZXJzaW9uIjoiMSJ9",
          "dependencies": [
            "module.eks_oregon.data.aws_availability_zones.available",
            "module.eks_oregon.module.vpc.aws_vpc.this",
            "module.eks_oregon.module.vpc.aws_vpc_ipv4_cidr_block_association.this"
          ],
          "create_before_destroy": true
        }
      ]
    },
    {
      "module": "module.eks_oregon[0].module.vpc",
      "mode": "managed",
      "type": "aws_subnet",
      "name": "public",
      "provider": "provider[\"registry.terraform.io/hashicorp/aws\"].oregon",
      "instances": [
        {
          "index_key": 0,
          "schema_version": 1,
          "attributes": {
            "arn": "arn:aws:ec2:us-west-2:411623750878:subnet/subnet-0dd0e73192fbd47b5",
            "assign_ipv6_address_on_creation": false,
            "availability_zone": "us-west-2a",
            "availability_zone_id": "usw2-az1",
            "cidr_block": "10.0.5.0/24",
            "customer_owned_ipv4_pool": "",
            "enable_dns64": false,
            "enable_lni_at_device_index": 0,
            "enable_resource_name_dns_a_record_on_launch": false,
            "enable_resource_name_dns_aaaa_record_on_launch": false,
            "id": "subnet-0dd0e73192fbd47b5",
            "ipv6_cidr_block": "",
            "ipv6_cidr_block_association_id": "",
            "ipv6_native": false,
            "map_customer_owned_ip_on_launch": false,
            "map_public_ip_on_launch": false,
            "outpost_arn": "",
            "owner_id": "411623750878",
            "private_dns_hostname_type_on_launch": "ip-name",
            "tags": {
              "Name": "linxact-vpc-public-us-west-2a",
              "kubernetes.io/cluster/linxact-or": "shared",
              "kubernetes.io/role/elb": "1"
            },
            "tags_all": {
              "Name": "linxact-vpc-public-us-west-2a",
              "kubernetes.io/cluster/linxact-or": "shared",
              "kubernetes.io/role/elb": "1"
            },
            "timeouts": null,
            "vpc_id": "vpc-07b98d780a20abec1"
          },
          "sensitive_attributes": [],
          "private": "eyJlMmJmYjczMC1lY2FhLTExZTYtOGY4OC0zNDM2M2JjN2M0YzAiOnsiY3JlYXRlIjo2MDAwMDAwMDAwMDAsImRlbGV0ZSI6MTIwMDAwMDAwMDAwMH0sInNjaGVtYV92ZXJzaW9uIjoiMSJ9",
          "dependencies": [
            "module.eks_oregon.data.aws_availability_zones.available",
            "module.eks_oregon.module.vpc.aws_vpc.this",
            "module.eks_oregon.module.vpc.aws_vpc_ipv4_cidr_block_association.this"
          ]
        },
        {
          "index_key": 1,
          "schema_version": 1,
          "attributes": {
            "arn": "arn:aws:ec2:us-west-2:411623750878:subnet/subnet-0906b9eded59ad213",
            "assign_ipv6_address_on_creation": false,
            "availability_zone": "us-west-2b",
            "availability_zone_id": "usw2-az2",
            "cidr_block": "10.0.6.0/24",
            "customer_owned_ipv4_pool": "",
            "enable_dns64": false,
            "enable_lni_at_device_index": 0,
            "enable_resource_name_dns_a_record_on_launch": false,
            "enable_resource_name_dns_aaaa_record_on_launch": false,
            "id": "subnet-0906b9eded59ad213",
            "ipv6_cidr_block": "",
            "ipv6_cidr_block_association_id": "",
            "ipv6_native": false,
            "map_customer_owned_ip_on_launch": false,
            "map_public_ip_on_launch": false,
            "outpost_arn": "",
            "owner_id": "411623750878",
            "private_dns_hostname_type_on_launch": "ip-name",
            "tags": {
              "Name": "linxact-vpc-public-us-west-2b",
              "kubernetes.io/cluster/linxact-or": "shared",
              "kubernetes.io/role/elb": "1"
            },
            "tags_all": {
              "Name": "linxact-vpc-public-us-west-2b",
              "kubernetes.io/cluster/linxact-or": "shared",
              "kubernetes.io/role/elb": "1"
            },
            "timeouts": null,
            "vpc_id": "vpc-07b98d780a20abec1"
          },
          "sensitive_attributes": [],
          "private": "eyJlMmJmYjczMC1lY2FhLTExZTYtOGY4OC0zNDM2M2JjN2M0YzAiOnsiY3JlYXRlIjo2MDAwMDAwMDAwMDAsImRlbGV0ZSI6MTIwMDAwMDAwMDAwMH0sInNjaGVtYV92ZXJzaW9uIjoiMSJ9",
          "dependencies": [
            "module.eks_oregon.data.aws_availability_zones.available",
            "module.eks_oregon.module.vpc.aws_vpc.this",
            "module.eks_oregon.module.vpc.aws_vpc_ipv4_cidr_block_association.this"
          ]
        },
        {
          "index_key": 2,
          "schema_version": 1,
          "attributes": {
            "arn": "arn:aws:ec2:us-west-2:411623750878:subnet/subnet-01f2575e4c0fd1d08",
            "assign_ipv6_address_on_creation": false,
            "availability_zone": "us-west-2c",
            "availability_zone_id": "usw2-az3",
            "cidr_block": "10.0.7.0/24",
            "customer_owned_ipv4_pool": "",
            "enable_dns64": false,
            "enable_lni_at_device_index": 0,
            "enable_resource_name_dns_a_record_on_launch": false,
            "enable_resource_name_dns_aaaa_record_on_launch": false,
            "id": "subnet-01f2575e4c0fd1d08",
            "ipv6_cidr_block": "",
            "ipv6_cidr_block_association_id": "",
            "ipv6_native": false,
            "map_customer_owned_ip_on_launch": false,
            "map_public_ip_on_launch": false,
            "outpost_arn": "",
            "owner_id": "411623750878",
            "private_dns_hostname_type_on_launch": "ip-name",
            "tags": {
              "Name": "linxact-vpc-public-us-west-2c",
              "kubernetes.io/cluster/linxact-or": "shared",
              "kubernetes.io/role/elb": "1"
            },
            "tags_all": {
              "Name": "linxact-vpc-public-us-west-2c",
              "kubernetes.io/cluster/linxact-or": "shared",
              "kubernetes.io/role/elb": "1"
            },
            "timeouts": null,
            "vpc_id": "vpc-07b98d780a20abec1"
          },
          "sensitive_attributes": [],
          "private": "eyJlMmJmYjczMC1lY2FhLTExZTYtOGY4OC0zNDM2M2JjN2M0YzAiOnsiY3JlYXRlIjo2MDAwMDAwMDAwMDAsImRlbGV0ZSI6MTIwMDAwMDAwMDAwMH0sInNjaGVtYV92ZXJzaW9uIjoiMSJ9",
          "dependencies": [
            "module.eks_oregon.data.aws_availability_zones.available",
            "module.eks_oregon.module.vpc.aws_vpc.this",
            "module.eks_oregon.module.vpc.aws_vpc_ipv4_cidr_block_association.this"
          ]
        },
        {
          "index_key": 3,
          "schema_version": 1,
          "attributes": {
            "arn": "arn:aws:ec2:us-west-2:411623750878:subnet/subnet-082693ad07904f868",
            "assign_ipv6_address_on_creation": false,
            "availability_zone": "us-west-2d",
            "availability_zone_id": "usw2-az4",
            "cidr_block": "10.0.8.0/24",
            "customer_owned_ipv4_pool": "",
            "enable_dns64": false,
            "enable_lni_at_device_index": 0,
            "enable_resource_name_dns_a_record_on_launch": false,
            "enable_resource_name_dns_aaaa_record_on_launch": false,
            "id": "subnet-082693ad07904f868",
            "ipv6_cidr_block": "",
            "ipv6_cidr_block_association_id": "",
            "ipv6_native": false,
            "map_customer_owned_ip_on_launch": false,
            "map_public_ip_on_launch": false,
            "outpost_arn": "",
            "owner_id": "411623750878",
            "private_dns_hostname_type_on_launch": "ip-name",
            "tags": {
              "Name": "linxact-vpc-public-us-west-2d",
              "kubernetes.io/cluster/linxact-or": "shared",
              "kubernetes.io/role/elb": "1"
            },
            "tags_all": {
              "Name": "linxact-vpc-public-us-west-2d",
              "kubernetes.io/cluster/linxact-or": "shared",
              "kubernetes.io/role/elb": "1"
            },
            "timeouts": null,
            "vpc_id": "vpc-07b98d780a20abec1"
          },
          "sensitive_attributes": [],
          "private": "eyJlMmJmYjczMC1lY2FhLTExZTYtOGY4OC0zNDM2M2JjN2M0YzAiOnsiY3JlYXRlIjo2MDAwMDAwMDAwMDAsImRlbGV0ZSI6MTIwMDAwMDAwMDAwMH0sInNjaGVtYV92ZXJzaW9uIjoiMSJ9",
          "dependencies": [
            "module.eks_oregon.data.aws_availability_zones.available",
            "module.eks_oregon.module.vpc.aws_vpc.this",
            "module.eks_oregon.module.vpc.aws_vpc_ipv4_cidr_block_association.this"
          ]
        },
        {
          "index_key": 4,
          "schema_version": 1,
          "attributes": {
            "arn": "arn:aws:ec2:us-west-2:411623750878:subnet/subnet-00871851c4da91cf6",
            "assign_ipv6_address_on_creation": false,
            "availability_zone": "us-west-2a",
            "availability_zone_id": "usw2-az1",
            "cidr_block": "10.0.9.0/24",
            "customer_owned_ipv4_pool": "",
            "enable_dns64": false,
            "enable_lni_at_device_index": 0,
            "enable_resource_name_dns_a_record_on_launch": false,
            "enable_resource_name_dns_aaaa_record_on_launch": false,
            "id": "subnet-00871851c4da91cf6",
            "ipv6_cidr_block": "",
            "ipv6_cidr_block_association_id": "",
            "ipv6_native": false,
            "map_customer_owned_ip_on_launch": false,
            "map_public_ip_on_launch": false,
            "outpost_arn": "",
            "owner_id": "411623750878",
            "private_dns_hostname_type_on_launch": "ip-name",
            "tags": {
              "Name": "linxact-vpc-public-us-west-2a",
              "kubernetes.io/cluster/linxact-or": "shared",
              "kubernetes.io/role/elb": "1"
            },
            "tags_all": {
              "Name": "linxact-vpc-public-us-west-2a",
              "kubernetes.io/cluster/linxact-or": "shared",
              "kubernetes.io/role/elb": "1"
            },
            "timeouts": null,
            "vpc_id": "vpc-07b98d780a20abec1"
          },
          "sensitive_attributes": [],
          "private": "eyJlMmJmYjczMC1lY2FhLTExZTYtOGY4OC0zNDM2M2JjN2M0YzAiOnsiY3JlYXRlIjo2MDAwMDAwMDAwMDAsImRlbGV0ZSI6MTIwMDAwMDAwMDAwMH0sInNjaGVtYV92ZXJzaW9uIjoiMSJ9",
          "dependencies": [
            "module.eks_oregon.data.aws_availability_zones.available",
            "module.eks_oregon.module.vpc.aws_vpc.this",
            "module.eks_oregon.module.vpc.aws_vpc_ipv4_cidr_block_association.this"
          ]
        }
      ]
    },
    {
      "module": "module.eks_oregon[0].module.vpc",
      "mode": "managed",
      "type": "aws_vpc",
      "name": "this",
      "provider": "provider[\"registry.terraform.io/hashicorp/aws\"].oregon",
      "instances": [
        {
          "index_key": 0,
          "schema_version": 1,
          "attributes": {
            "arn": "arn:aws:ec2:us-west-2:411623750878:vpc/vpc-07b98d780a20abec1",
            "assign_generated_ipv6_cidr_block": false,
            "cidr_block": "10.0.0.0/16",
            "default_network_acl_id": "acl-0b0c9f42af64602cf",
            "default_route_table_id": "rtb-0cd26f1307567c072",
            "default_security_group_id": "sg-02e660bafa944df91",
            "dhcp_options_id": "dopt-b3f197ca",
            "enable_dns_hostnames": true,
            "enable_dns_support": true,
            "enable_network_address_usage_metrics": false,
            "id": "vpc-07b98d780a20abec1",
            "instance_tenancy": "default",
            "ipv4_ipam_pool_id": null,
            "ipv4_netmask_length": null,
            "ipv6_association_id": "",
            "ipv6_cidr_block": "",
            "ipv6_cidr_block_network_border_group": "",
            "ipv6_ipam_pool_id": "",
            "ipv6_netmask_length": 0,
            "main_route_table_id": "rtb-0cd26f1307567c072",
            "owner_id": "411623750878",
            "tags": {
              "Name": "linxact-vpc"
            },
            "tags_all": {
              "Name": "linxact-vpc"
            }
          },
          "sensitive_attributes": [],
          "private": "eyJzY2hlbWFfdmVyc2lvbiI6IjEifQ==",
          "create_before_destroy": true
        }
      ]
    }
  ],
  "check_results": null
}
