{
  "version": 4,
  "terraform_version": "1.6.6",
  "serial": 5761,
  "lineage": "4b06434a-c978-63bd-ec3d-8b8b79e0b36d",
  "outputs": {},
  "resources": [
    {
      "module": "module.eks_n_california[0]",
      "mode": "data",
      "type": "aws_availability_zones",
      "name": "available",
      "provider": "provider[\"registry.terraform.io/hashicorp/aws\"].n_california",
      "instances": [
        {
          "schema_version": 0,
          "attributes": {
            "all_availability_zones": null,
            "exclude_names": null,
            "exclude_zone_ids": null,
            "filter": [
              {
                "name": "opt-in-status",
                "values": [
                  "opt-in-not-required"
                ]
              }
            ],
            "group_names": [
              "us-west-1"
            ],
            "id": "us-west-1",
            "names": [
              "us-west-1b",
              "us-west-1c"
            ],
            "state": null,
            "timeouts": null,
            "zone_ids": [
              "usw1-az3",
              "usw1-az1"
            ]
          },
          "sensitive_attributes": []
        }
      ]
    },
    {
      "module": "module.eks_n_california[0]",
      "mode": "managed",
      "type": "random_string",
      "name": "suffix",
      "provider": "provider[\"registry.terraform.io/hashicorp/random\"]",
      "instances": [
        {
          "schema_version": 2,
          "attributes": {
            "id": "EdWWzpFk",
            "keepers": null,
            "length": 8,
            "lower": true,
            "min_lower": 0,
            "min_numeric": 0,
            "min_special": 0,
            "min_upper": 0,
            "number": true,
            "numeric": true,
            "override_special": null,
            "result": "EdWWzpFk",
            "special": false,
            "upper": true
          },
          "sensitive_attributes": []
        }
      ]
    },
    {
      "module": "module.eks_n_california[0].module.eks",
      "mode": "data",
      "type": "aws_caller_identity",
      "name": "current",
      "provider": "provider[\"registry.terraform.io/hashicorp/aws\"].n_california",
      "instances": [
        {
          "schema_version": 0,
          "attributes": {
            "account_id": "411623750878",
            "arn": "arn:aws:iam::411623750878:user/olexiy",
            "id": "411623750878",
            "user_id": "AIDAV7VVP7TPJ6HRCC3PA"
          },
          "sensitive_attributes": []
        }
      ]
    },
    {
      "module": "module.eks_n_california[0].module.eks",
      "mode": "data",
      "type": "aws_iam_policy_document",
      "name": "assume_role_policy",
      "provider": "provider[\"registry.terraform.io/hashicorp/aws\"].n_california",
      "instances": [
        {
          "index_key": 0,
          "schema_version": 0,
          "attributes": {
            "id": "2764486067",
            "json": "{\n  \"Version\": \"2012-10-17\",\n  \"Statement\": [\n    {\n      \"Sid\": \"EKSClusterAssumeRole\",\n      \"Effect\": \"Allow\",\n      \"Action\": \"sts:AssumeRole\",\n      \"Principal\": {\n        \"Service\": \"eks.amazonaws.com\"\n      }\n    }\n  ]\n}",
            "override_policy_documents": null,
            "policy_id": null,
            "source_policy_documents": null,
            "statement": [
              {
                "actions": [
                  "sts:AssumeRole"
                ],
                "condition": [],
                "effect": "Allow",
                "not_actions": [],
                "not_principals": [],
                "not_resources": [],
                "principals": [
                  {
                    "identifiers": [
                      "eks.amazonaws.com"
                    ],
                    "type": "Service"
                  }
                ],
                "resources": [],
                "sid": "EKSClusterAssumeRole"
              }
            ],
            "version": "2012-10-17"
          },
          "sensitive_attributes": []
        }
      ]
    },
    {
      "module": "module.eks_n_california[0].module.eks",
      "mode": "data",
      "type": "aws_iam_policy_document",
      "name": "cni_ipv6_policy",
      "provider": "provider[\"registry.terraform.io/hashicorp/aws\"].n_california",
      "instances": []
    },
    {
      "module": "module.eks_n_california[0].module.eks",
      "mode": "data",
      "type": "aws_iam_session_context",
      "name": "current",
      "provider": "provider[\"registry.terraform.io/hashicorp/aws\"].n_california",
      "instances": [
        {
          "schema_version": 0,
          "attributes": {
            "arn": "arn:aws:iam::411623750878:user/olexiy",
            "id": "arn:aws:iam::411623750878:user/olexiy",
            "issuer_arn": "arn:aws:iam::411623750878:user/olexiy",
            "issuer_id": "",
            "issuer_name": "",
            "session_name": ""
          },
          "sensitive_attributes": []
        }
      ]
    },
    {
      "module": "module.eks_n_california[0].module.eks",
      "mode": "data",
      "type": "aws_partition",
      "name": "current",
      "provider": "provider[\"registry.terraform.io/hashicorp/aws\"].n_california",
      "instances": [
        {
          "schema_version": 0,
          "attributes": {
            "dns_suffix": "amazonaws.com",
            "id": "aws",
            "partition": "aws",
            "reverse_dns_prefix": "com.amazonaws"
          },
          "sensitive_attributes": []
        }
      ]
    },
    {
      "module": "module.eks_n_california[0].module.eks",
      "mode": "managed",
      "type": "aws_iam_policy",
      "name": "cluster_encryption",
      "provider": "provider[\"registry.terraform.io/hashicorp/aws\"].n_california",
      "instances": [
        {
          "index_key": 0,
          "schema_version": 0,
          "attributes": {
            "arn": "arn:aws:iam::411623750878:policy/linxact-nc-cluster-ClusterEncryption20240114212155017400000006",
            "description": "Cluster encryption policy to allow cluster role to utilize CMK provided",
            "id": "arn:aws:iam::411623750878:policy/linxact-nc-cluster-ClusterEncryption20240114212155017400000006",
            "name": "linxact-nc-cluster-ClusterEncryption20240114212155017400000006",
            "name_prefix": "linxact-nc-cluster-ClusterEncryption",
            "path": "/",
            "policy": "{\"Statement\":[{\"Action\":[\"kms:Encrypt\",\"kms:Decrypt\",\"kms:ListGrants\",\"kms:DescribeKey\"],\"Effect\":\"Allow\",\"Resource\":\"arn:aws:kms:us-west-1:411623750878:key/5e3b7c2f-eb82-442b-8091-625418adb947\"}],\"Version\":\"2012-10-17\"}",
            "policy_id": "ANPAV7VVP7TPOKE53SQGI",
            "tags": null,
            "tags_all": {}
          },
          "sensitive_attributes": [],
          "private": "bnVsbA==",
          "dependencies": [
            "module.eks_n_california.module.eks.aws_iam_role.this",
            "module.eks_n_california.module.eks.data.aws_caller_identity.current",
            "module.eks_n_california.module.eks.data.aws_iam_policy_document.assume_role_policy",
            "module.eks_n_california.module.eks.data.aws_iam_session_context.current",
            "module.eks_n_california.module.eks.data.aws_partition.current",
            "module.eks_n_california.module.eks.module.kms.aws_kms_external_key.this",
            "module.eks_n_california.module.eks.module.kms.aws_kms_key.this",
            "module.eks_n_california.module.eks.module.kms.data.aws_caller_identity.current",
            "module.eks_n_california.module.eks.module.kms.data.aws_iam_policy_document.this",
            "module.eks_n_california.module.eks.module.kms.data.aws_partition.current"
          ]
        }
      ]
    },
    {
      "module": "module.eks_n_california[0].module.eks",
      "mode": "managed",
      "type": "aws_iam_policy",
      "name": "cni_ipv6_policy",
      "provider": "provider[\"registry.terraform.io/hashicorp/aws\"].n_california",
      "instances": []
    },
    {
      "module": "module.eks_n_california[0].module.eks",
      "mode": "managed",
      "type": "aws_iam_role",
      "name": "this",
      "provider": "provider[\"registry.terraform.io/hashicorp/aws\"].n_california",
      "instances": [
        {
          "index_key": 0,
          "schema_version": 0,
          "attributes": {
            "arn": "arn:aws:iam::411623750878:role/linxact-nc-cluster-20240114212123538600000001",
            "assume_role_policy": "{\"Statement\":[{\"Action\":\"sts:AssumeRole\",\"Effect\":\"Allow\",\"Principal\":{\"Service\":\"eks.amazonaws.com\"},\"Sid\":\"EKSClusterAssumeRole\"}],\"Version\":\"2012-10-17\"}",
            "create_date": "2024-01-14T21:21:23Z",
            "description": "",
            "force_detach_policies": true,
            "id": "linxact-nc-cluster-20240114212123538600000001",
            "inline_policy": [
              {
                "name": "linxact-nc-cluster",
                "policy": "{\"Version\":\"2012-10-17\",\"Statement\":[{\"Action\":[\"logs:CreateLogGroup\"],\"Effect\":\"Deny\",\"Resource\":\"*\"}]}"
              }
            ],
            "managed_policy_arns": [],
            "max_session_duration": 3600,
            "name": "linxact-nc-cluster-20240114212123538600000001",
            "name_prefix": "linxact-nc-cluster-",
            "path": "/",
            "permissions_boundary": null,
            "tags": null,
            "tags_all": {},
            "unique_id": "AROAV7VVP7TPK4D6UKG7A"
          },
          "sensitive_attributes": [],
          "private": "bnVsbA==",
          "dependencies": [
            "module.eks_n_california.module.eks.data.aws_iam_policy_document.assume_role_policy",
            "module.eks_n_california.module.eks.data.aws_partition.current"
          ]
        }
      ]
    },
    {
      "module": "module.eks_n_california[0].module.eks",
      "mode": "managed",
      "type": "aws_iam_role_policy_attachment",
      "name": "cluster_encryption",
      "provider": "provider[\"registry.terraform.io/hashicorp/aws\"].n_california",
      "instances": [
        {
          "index_key": 0,
          "schema_version": 0,
          "attributes": {
            "id": "linxact-nc-cluster-20240114212123538600000001-20240114212205466300000007",
            "policy_arn": "arn:aws:iam::411623750878:policy/linxact-nc-cluster-ClusterEncryption20240114212155017400000006",
            "role": "linxact-nc-cluster-20240114212123538600000001"
          },
          "sensitive_attributes": [],
          "private": "bnVsbA==",
          "dependencies": [
            "module.eks_n_california.module.eks.aws_iam_policy.cluster_encryption",
            "module.eks_n_california.module.eks.aws_iam_role.this",
            "module.eks_n_california.module.eks.data.aws_caller_identity.current",
            "module.eks_n_california.module.eks.data.aws_iam_policy_document.assume_role_policy",
            "module.eks_n_california.module.eks.data.aws_iam_session_context.current",
            "module.eks_n_california.module.eks.data.aws_partition.current",
            "module.eks_n_california.module.eks.module.kms.aws_kms_external_key.this",
            "module.eks_n_california.module.eks.module.kms.aws_kms_key.this",
            "module.eks_n_california.module.eks.module.kms.data.aws_caller_identity.current",
            "module.eks_n_california.module.eks.module.kms.data.aws_iam_policy_document.this",
            "module.eks_n_california.module.eks.module.kms.data.aws_partition.current"
          ]
        }
      ]
    },
    {
      "module": "module.eks_n_california[0].module.eks",
      "mode": "managed",
      "type": "aws_iam_role_policy_attachment",
      "name": "this",
      "provider": "provider[\"registry.terraform.io/hashicorp/aws\"].n_california",
      "instances": [
        {
          "index_key": "AmazonEKSClusterPolicy",
          "schema_version": 0,
          "attributes": {
            "id": "linxact-nc-cluster-20240114212123538600000001-20240114212125193900000002",
            "policy_arn": "arn:aws:iam::aws:policy/AmazonEKSClusterPolicy",
            "role": "linxact-nc-cluster-20240114212123538600000001"
          },
          "sensitive_attributes": [],
          "private": "bnVsbA==",
          "dependencies": [
            "module.eks_n_california.module.eks.aws_iam_role.this",
            "module.eks_n_california.module.eks.data.aws_iam_policy_document.assume_role_policy",
            "module.eks_n_california.module.eks.data.aws_partition.current"
          ]
        },
        {
          "index_key": "AmazonEKSVPCResourceController",
          "schema_version": 0,
          "attributes": {
            "id": "linxact-nc-cluster-20240114212123538600000001-20240114212125400400000003",
            "policy_arn": "arn:aws:iam::aws:policy/AmazonEKSVPCResourceController",
            "role": "linxact-nc-cluster-20240114212123538600000001"
          },
          "sensitive_attributes": [],
          "private": "bnVsbA==",
          "dependencies": [
            "module.eks_n_california.module.eks.aws_iam_role.this",
            "module.eks_n_california.module.eks.data.aws_iam_policy_document.assume_role_policy",
            "module.eks_n_california.module.eks.data.aws_partition.current"
          ]
        }
      ]
    },
    {
      "module": "module.eks_n_california[0].module.eks",
      "mode": "managed",
      "type": "aws_security_group",
      "name": "cluster",
      "provider": "provider[\"registry.terraform.io/hashicorp/aws\"].n_california",
      "instances": [
        {
          "index_key": 0,
          "schema_version": 1,
          "attributes": {
            "arn": "arn:aws:ec2:us-west-1:411623750878:security-group/sg-0f878a79c7e0ea262",
            "description": "EKS cluster security group",
            "egress": [],
            "id": "sg-0f878a79c7e0ea262",
            "ingress": [],
            "name": "linxact-nc-cluster-20240114212150059100000005",
            "name_prefix": "linxact-nc-cluster-",
            "owner_id": "411623750878",
            "revoke_rules_on_delete": false,
            "tags": {
              "Name": "linxact-nc-cluster"
            },
            "tags_all": {
              "Name": "linxact-nc-cluster"
            },
            "timeouts": null,
            "vpc_id": "vpc-05d741af413740c54"
          },
          "sensitive_attributes": [],
          "private": "eyJlMmJmYjczMC1lY2FhLTExZTYtOGY4OC0zNDM2M2JjN2M0YzAiOnsiY3JlYXRlIjo2MDAwMDAwMDAwMDAsImRlbGV0ZSI6OTAwMDAwMDAwMDAwfSwic2NoZW1hX3ZlcnNpb24iOiIxIn0=",
          "dependencies": [
            "module.eks_n_california.module.vpc.aws_vpc.this"
          ],
          "create_before_destroy": true
        }
      ]
    },
    {
      "module": "module.eks_n_california[0].module.eks",
      "mode": "managed",
      "type": "aws_security_group",
      "name": "node",
      "provider": "provider[\"registry.terraform.io/hashicorp/aws\"].n_california",
      "instances": [
        {
          "index_key": 0,
          "schema_version": 1,
          "attributes": {
            "arn": "arn:aws:ec2:us-west-1:411623750878:security-group/sg-01a87951e657e2551",
            "description": "EKS node shared security group",
            "egress": [],
            "id": "sg-01a87951e657e2551",
            "ingress": [],
            "name": "linxact-nc-node-20240114212150059100000004",
            "name_prefix": "linxact-nc-node-",
            "owner_id": "411623750878",
            "revoke_rules_on_delete": false,
            "tags": {
              "Name": "linxact-nc-node",
              "kubernetes.io/cluster/linxact-nc": "owned"
            },
            "tags_all": {
              "Name": "linxact-nc-node",
              "kubernetes.io/cluster/linxact-nc": "owned"
            },
            "timeouts": null,
            "vpc_id": "vpc-05d741af413740c54"
          },
          "sensitive_attributes": [],
          "private": "eyJlMmJmYjczMC1lY2FhLTExZTYtOGY4OC0zNDM2M2JjN2M0YzAiOnsiY3JlYXRlIjo2MDAwMDAwMDAwMDAsImRlbGV0ZSI6OTAwMDAwMDAwMDAwfSwic2NoZW1hX3ZlcnNpb24iOiIxIn0=",
          "dependencies": [
            "module.eks_n_california.module.vpc.aws_vpc.this"
          ],
          "create_before_destroy": true
        }
      ]
    },
    {
      "module": "module.eks_n_california[0].module.eks",
      "mode": "managed",
      "type": "aws_security_group_rule",
      "name": "cluster",
      "provider": "provider[\"registry.terraform.io/hashicorp/aws\"].n_california",
      "instances": [
        {
          "index_key": "ingress_nodes_443",
          "schema_version": 2,
          "attributes": {
            "cidr_blocks": null,
            "description": "Node groups to cluster API",
            "from_port": 443,
            "id": "sgrule-1555584829",
            "ipv6_cidr_blocks": null,
            "prefix_list_ids": null,
            "protocol": "tcp",
            "security_group_id": "sg-0f878a79c7e0ea262",
            "security_group_rule_id": "sgr-0ad3199ecc376d23c",
            "self": false,
            "source_security_group_id": "sg-01a87951e657e2551",
            "timeouts": null,
            "to_port": 443,
            "type": "ingress"
          },
          "sensitive_attributes": [],
          "private": "eyJlMmJmYjczMC1lY2FhLTExZTYtOGY4OC0zNDM2M2JjN2M0YzAiOnsiY3JlYXRlIjozMDAwMDAwMDAwMDB9LCJzY2hlbWFfdmVyc2lvbiI6IjIifQ==",
          "dependencies": [
            "module.eks_n_california.module.eks.aws_security_group.cluster",
            "module.eks_n_california.module.eks.aws_security_group.node",
            "module.eks_n_california.module.vpc.aws_vpc.this"
          ]
        }
      ]
    },
    {
      "module": "module.eks_n_california[0].module.eks",
      "mode": "managed",
      "type": "aws_security_group_rule",
      "name": "node",
      "provider": "provider[\"registry.terraform.io/hashicorp/aws\"].n_california",
      "instances": [
        {
          "index_key": "egress_all",
          "schema_version": 2,
          "attributes": {
            "cidr_blocks": [
              "0.0.0.0/0"
            ],
            "description": "Allow all egress",
            "from_port": 0,
            "id": "sgrule-4238378107",
            "ipv6_cidr_blocks": null,
            "prefix_list_ids": [],
            "protocol": "-1",
            "security_group_id": "sg-01a87951e657e2551",
            "security_group_rule_id": "sgr-011bb219899447c6a",
            "self": false,
            "source_security_group_id": null,
            "timeouts": null,
            "to_port": 0,
            "type": "egress"
          },
          "sensitive_attributes": [],
          "private": "eyJlMmJmYjczMC1lY2FhLTExZTYtOGY4OC0zNDM2M2JjN2M0YzAiOnsiY3JlYXRlIjozMDAwMDAwMDAwMDB9LCJzY2hlbWFfdmVyc2lvbiI6IjIifQ==",
          "dependencies": [
            "module.eks_n_california.module.eks.aws_security_group.cluster",
            "module.eks_n_california.module.eks.aws_security_group.node",
            "module.eks_n_california.module.vpc.aws_vpc.this"
          ]
        },
        {
          "index_key": "ingress_cluster_443",
          "schema_version": 2,
          "attributes": {
            "cidr_blocks": null,
            "description": "Cluster API to node groups",
            "from_port": 443,
            "id": "sgrule-2614814515",
            "ipv6_cidr_blocks": null,
            "prefix_list_ids": [],
            "protocol": "tcp",
            "security_group_id": "sg-01a87951e657e2551",
            "security_group_rule_id": "sgr-0e966d891bc2ddcca",
            "self": false,
            "source_security_group_id": "sg-0f878a79c7e0ea262",
            "timeouts": null,
            "to_port": 443,
            "type": "ingress"
          },
          "sensitive_attributes": [],
          "private": "eyJlMmJmYjczMC1lY2FhLTExZTYtOGY4OC0zNDM2M2JjN2M0YzAiOnsiY3JlYXRlIjozMDAwMDAwMDAwMDB9LCJzY2hlbWFfdmVyc2lvbiI6IjIifQ==",
          "dependencies": [
            "module.eks_n_california.module.eks.aws_security_group.cluster",
            "module.eks_n_california.module.eks.aws_security_group.node",
            "module.eks_n_california.module.vpc.aws_vpc.this"
          ]
        },
        {
          "index_key": "ingress_cluster_4443_webhook",
          "schema_version": 2,
          "attributes": {
            "cidr_blocks": null,
            "description": "Cluster API to node 4443/tcp webhook",
            "from_port": 4443,
            "id": "sgrule-635648905",
            "ipv6_cidr_blocks": null,
            "prefix_list_ids": [],
            "protocol": "tcp",
            "security_group_id": "sg-01a87951e657e2551",
            "security_group_rule_id": "sgr-0d1b2b3694613740f",
            "self": false,
            "source_security_group_id": "sg-0f878a79c7e0ea262",
            "timeouts": null,
            "to_port": 4443,
            "type": "ingress"
          },
          "sensitive_attributes": [],
          "private": "eyJlMmJmYjczMC1lY2FhLTExZTYtOGY4OC0zNDM2M2JjN2M0YzAiOnsiY3JlYXRlIjozMDAwMDAwMDAwMDB9LCJzY2hlbWFfdmVyc2lvbiI6IjIifQ==",
          "dependencies": [
            "module.eks_n_california.module.eks.aws_security_group.cluster",
            "module.eks_n_california.module.eks.aws_security_group.node",
            "module.eks_n_california.module.vpc.aws_vpc.this"
          ]
        },
        {
          "index_key": "ingress_cluster_6443_webhook",
          "schema_version": 2,
          "attributes": {
            "cidr_blocks": null,
            "description": "Cluster API to node 6443/tcp webhook",
            "from_port": 6443,
            "id": "sgrule-3969997855",
            "ipv6_cidr_blocks": null,
            "prefix_list_ids": [],
            "protocol": "tcp",
            "security_group_id": "sg-01a87951e657e2551",
            "security_group_rule_id": "sgr-0040e624c07b41c45",
            "self": false,
            "source_security_group_id": "sg-0f878a79c7e0ea262",
            "timeouts": null,
            "to_port": 6443,
            "type": "ingress"
          },
          "sensitive_attributes": [],
          "private": "eyJlMmJmYjczMC1lY2FhLTExZTYtOGY4OC0zNDM2M2JjN2M0YzAiOnsiY3JlYXRlIjozMDAwMDAwMDAwMDB9LCJzY2hlbWFfdmVyc2lvbiI6IjIifQ==",
          "dependencies": [
            "module.eks_n_california.module.eks.aws_security_group.cluster",
            "module.eks_n_california.module.eks.aws_security_group.node",
            "module.eks_n_california.module.vpc.aws_vpc.this"
          ]
        },
        {
          "index_key": "ingress_cluster_8443_webhook",
          "schema_version": 2,
          "attributes": {
            "cidr_blocks": null,
            "description": "Cluster API to node 8443/tcp webhook",
            "from_port": 8443,
            "id": "sgrule-4294795326",
            "ipv6_cidr_blocks": null,
            "prefix_list_ids": [],
            "protocol": "tcp",
            "security_group_id": "sg-01a87951e657e2551",
            "security_group_rule_id": "sgr-090dc0bacbe5d9beb",
            "self": false,
            "source_security_group_id": "sg-0f878a79c7e0ea262",
            "timeouts": null,
            "to_port": 8443,
            "type": "ingress"
          },
          "sensitive_attributes": [],
          "private": "eyJlMmJmYjczMC1lY2FhLTExZTYtOGY4OC0zNDM2M2JjN2M0YzAiOnsiY3JlYXRlIjozMDAwMDAwMDAwMDB9LCJzY2hlbWFfdmVyc2lvbiI6IjIifQ==",
          "dependencies": [
            "module.eks_n_california.module.eks.aws_security_group.cluster",
            "module.eks_n_california.module.eks.aws_security_group.node",
            "module.eks_n_california.module.vpc.aws_vpc.this"
          ]
        },
        {
          "index_key": "ingress_cluster_9443_webhook",
          "schema_version": 2,
          "attributes": {
            "cidr_blocks": null,
            "description": "Cluster API to node 9443/tcp webhook",
            "from_port": 9443,
            "id": "sgrule-2606519285",
            "ipv6_cidr_blocks": null,
            "prefix_list_ids": [],
            "protocol": "tcp",
            "security_group_id": "sg-01a87951e657e2551",
            "security_group_rule_id": "sgr-0f006f18c212eee61",
            "self": false,
            "source_security_group_id": "sg-0f878a79c7e0ea262",
            "timeouts": null,
            "to_port": 9443,
            "type": "ingress"
          },
          "sensitive_attributes": [],
          "private": "eyJlMmJmYjczMC1lY2FhLTExZTYtOGY4OC0zNDM2M2JjN2M0YzAiOnsiY3JlYXRlIjozMDAwMDAwMDAwMDB9LCJzY2hlbWFfdmVyc2lvbiI6IjIifQ==",
          "dependencies": [
            "module.eks_n_california.module.eks.aws_security_group.cluster",
            "module.eks_n_california.module.eks.aws_security_group.node",
            "module.eks_n_california.module.vpc.aws_vpc.this"
          ]
        },
        {
          "index_key": "ingress_cluster_kubelet",
          "schema_version": 2,
          "attributes": {
            "cidr_blocks": null,
            "description": "Cluster API to node kubelets",
            "from_port": 10250,
            "id": "sgrule-264932083",
            "ipv6_cidr_blocks": null,
            "prefix_list_ids": [],
            "protocol": "tcp",
            "security_group_id": "sg-01a87951e657e2551",
            "security_group_rule_id": "sgr-06499cb73dcbabab0",
            "self": false,
            "source_security_group_id": "sg-0f878a79c7e0ea262",
            "timeouts": null,
            "to_port": 10250,
            "type": "ingress"
          },
          "sensitive_attributes": [],
          "private": "eyJlMmJmYjczMC1lY2FhLTExZTYtOGY4OC0zNDM2M2JjN2M0YzAiOnsiY3JlYXRlIjozMDAwMDAwMDAwMDB9LCJzY2hlbWFfdmVyc2lvbiI6IjIifQ==",
          "dependencies": [
            "module.eks_n_california.module.eks.aws_security_group.cluster",
            "module.eks_n_california.module.eks.aws_security_group.node",
            "module.eks_n_california.module.vpc.aws_vpc.this"
          ]
        },
        {
          "index_key": "ingress_nodes_ephemeral",
          "schema_version": 2,
          "attributes": {
            "cidr_blocks": null,
            "description": "Node to node ingress on ephemeral ports",
            "from_port": 1025,
            "id": "sgrule-450004320",
            "ipv6_cidr_blocks": null,
            "prefix_list_ids": [],
            "protocol": "tcp",
            "security_group_id": "sg-01a87951e657e2551",
            "security_group_rule_id": "sgr-0cb0709eda049d869",
            "self": true,
            "source_security_group_id": null,
            "timeouts": null,
            "to_port": 65535,
            "type": "ingress"
          },
          "sensitive_attributes": [],
          "private": "eyJlMmJmYjczMC1lY2FhLTExZTYtOGY4OC0zNDM2M2JjN2M0YzAiOnsiY3JlYXRlIjozMDAwMDAwMDAwMDB9LCJzY2hlbWFfdmVyc2lvbiI6IjIifQ==",
          "dependencies": [
            "module.eks_n_california.module.eks.aws_security_group.cluster",
            "module.eks_n_california.module.eks.aws_security_group.node",
            "module.eks_n_california.module.vpc.aws_vpc.this"
          ]
        },
        {
          "index_key": "ingress_self_coredns_tcp",
          "schema_version": 2,
          "attributes": {
            "cidr_blocks": null,
            "description": "Node to node CoreDNS",
            "from_port": 53,
            "id": "sgrule-3081460425",
            "ipv6_cidr_blocks": null,
            "prefix_list_ids": [],
            "protocol": "tcp",
            "security_group_id": "sg-01a87951e657e2551",
            "security_group_rule_id": "sgr-0046904181e36c796",
            "self": true,
            "source_security_group_id": null,
            "timeouts": null,
            "to_port": 53,
            "type": "ingress"
          },
          "sensitive_attributes": [],
          "private": "eyJlMmJmYjczMC1lY2FhLTExZTYtOGY4OC0zNDM2M2JjN2M0YzAiOnsiY3JlYXRlIjozMDAwMDAwMDAwMDB9LCJzY2hlbWFfdmVyc2lvbiI6IjIifQ==",
          "dependencies": [
            "module.eks_n_california.module.eks.aws_security_group.cluster",
            "module.eks_n_california.module.eks.aws_security_group.node",
            "module.eks_n_california.module.vpc.aws_vpc.this"
          ]
        },
        {
          "index_key": "ingress_self_coredns_udp",
          "schema_version": 2,
          "attributes": {
            "cidr_blocks": null,
            "description": "Node to node CoreDNS UDP",
            "from_port": 53,
            "id": "sgrule-334821670",
            "ipv6_cidr_blocks": null,
            "prefix_list_ids": [],
            "protocol": "udp",
            "security_group_id": "sg-01a87951e657e2551",
            "security_group_rule_id": "sgr-0340fc04ae00dbf82",
            "self": true,
            "source_security_group_id": null,
            "timeouts": null,
            "to_port": 53,
            "type": "ingress"
          },
          "sensitive_attributes": [],
          "private": "eyJlMmJmYjczMC1lY2FhLTExZTYtOGY4OC0zNDM2M2JjN2M0YzAiOnsiY3JlYXRlIjozMDAwMDAwMDAwMDB9LCJzY2hlbWFfdmVyc2lvbiI6IjIifQ==",
          "dependencies": [
            "module.eks_n_california.module.eks.aws_security_group.cluster",
            "module.eks_n_california.module.eks.aws_security_group.node",
            "module.eks_n_california.module.vpc.aws_vpc.this"
          ]
        }
      ]
    },
    {
      "module": "module.eks_n_california[0].module.eks.module.kms",
      "mode": "data",
      "type": "aws_caller_identity",
      "name": "current",
      "provider": "provider[\"registry.terraform.io/hashicorp/aws\"].n_california",
      "instances": [
        {
          "schema_version": 0,
          "attributes": {
            "account_id": "411623750878",
            "arn": "arn:aws:iam::411623750878:user/olexiy",
            "id": "411623750878",
            "user_id": "AIDAV7VVP7TPJ6HRCC3PA"
          },
          "sensitive_attributes": []
        }
      ]
    },
    {
      "module": "module.eks_n_california[0].module.eks.module.kms",
      "mode": "data",
      "type": "aws_iam_policy_document",
      "name": "this",
      "provider": "provider[\"registry.terraform.io/hashicorp/aws\"].n_california",
      "instances": [
        {
          "index_key": 0,
          "schema_version": 0,
          "attributes": {
            "id": "2997029682",
            "json": "{\n  \"Version\": \"2012-10-17\",\n  \"Statement\": [\n    {\n      \"Sid\": \"KeyAdministration\",\n      \"Effect\": \"Allow\",\n      \"Action\": [\n        \"kms:Update*\",\n        \"kms:UntagResource\",\n        \"kms:TagResource\",\n        \"kms:ScheduleKeyDeletion\",\n        \"kms:Revoke*\",\n        \"kms:Put*\",\n        \"kms:List*\",\n        \"kms:Get*\",\n        \"kms:Enable*\",\n        \"kms:Disable*\",\n        \"kms:Describe*\",\n        \"kms:Delete*\",\n        \"kms:Create*\",\n        \"kms:CancelKeyDeletion\"\n      ],\n      \"Resource\": \"*\",\n      \"Principal\": {\n        \"AWS\": \"arn:aws:iam::411623750878:user/olexiy\"\n      }\n    },\n    {\n      \"Sid\": \"KeyUsage\",\n      \"Effect\": \"Allow\",\n      \"Action\": [\n        \"kms:ReEncrypt*\",\n        \"kms:GenerateDataKey*\",\n        \"kms:Encrypt\",\n        \"kms:DescribeKey\",\n        \"kms:Decrypt\"\n      ],\n      \"Resource\": \"*\",\n      \"Principal\": {\n        \"AWS\": \"arn:aws:iam::411623750878:role/linxact-nc-cluster-20240114212123538600000001\"\n      }\n    }\n  ]\n}",
            "override_policy_documents": null,
            "policy_id": null,
            "source_policy_documents": null,
            "statement": [
              {
                "actions": [
                  "kms:CancelKeyDeletion",
                  "kms:Create*",
                  "kms:Delete*",
                  "kms:Describe*",
                  "kms:Disable*",
                  "kms:Enable*",
                  "kms:Get*",
                  "kms:List*",
                  "kms:Put*",
                  "kms:Revoke*",
                  "kms:ScheduleKeyDeletion",
                  "kms:TagResource",
                  "kms:UntagResource",
                  "kms:Update*"
                ],
                "condition": [],
                "effect": "Allow",
                "not_actions": [],
                "not_principals": [],
                "not_resources": [],
                "principals": [
                  {
                    "identifiers": [
                      "arn:aws:iam::411623750878:user/olexiy"
                    ],
                    "type": "AWS"
                  }
                ],
                "resources": [
                  "*"
                ],
                "sid": "KeyAdministration"
              },
              {
                "actions": [
                  "kms:Decrypt",
                  "kms:DescribeKey",
                  "kms:Encrypt",
                  "kms:GenerateDataKey*",
                  "kms:ReEncrypt*"
                ],
                "condition": [],
                "effect": "Allow",
                "not_actions": [],
                "not_principals": [],
                "not_resources": [],
                "principals": [
                  {
                    "identifiers": [
                      "arn:aws:iam::411623750878:role/linxact-nc-cluster-20240114212123538600000001"
                    ],
                    "type": "AWS"
                  }
                ],
                "resources": [
                  "*"
                ],
                "sid": "KeyUsage"
              }
            ],
            "version": "2012-10-17"
          },
          "sensitive_attributes": []
        }
      ]
    },
    {
      "module": "module.eks_n_california[0].module.eks.module.kms",
      "mode": "data",
      "type": "aws_partition",
      "name": "current",
      "provider": "provider[\"registry.terraform.io/hashicorp/aws\"].n_california",
      "instances": [
        {
          "schema_version": 0,
          "attributes": {
            "dns_suffix": "amazonaws.com",
            "id": "aws",
            "partition": "aws",
            "reverse_dns_prefix": "com.amazonaws"
          },
          "sensitive_attributes": []
        }
      ]
    },
    {
      "module": "module.eks_n_california[0].module.eks.module.kms",
      "mode": "managed",
      "type": "aws_kms_alias",
      "name": "this",
      "provider": "provider[\"registry.terraform.io/hashicorp/aws\"].n_california",
      "instances": [
        {
          "index_key": "cluster",
          "schema_version": 0,
          "attributes": {
            "arn": "arn:aws:kms:us-west-1:411623750878:alias/eks/linxact-nc",
            "id": "alias/eks/linxact-nc",
            "name": "alias/eks/linxact-nc",
            "name_prefix": "",
            "target_key_arn": "arn:aws:kms:us-west-1:411623750878:key/5e3b7c2f-eb82-442b-8091-625418adb947",
            "target_key_id": "5e3b7c2f-eb82-442b-8091-625418adb947"
          },
          "sensitive_attributes": [],
          "private": "bnVsbA==",
          "dependencies": [
            "module.eks_n_california.module.eks.aws_iam_role.this",
            "module.eks_n_california.module.eks.data.aws_caller_identity.current",
            "module.eks_n_california.module.eks.data.aws_iam_policy_document.assume_role_policy",
            "module.eks_n_california.module.eks.data.aws_iam_session_context.current",
            "module.eks_n_california.module.eks.data.aws_partition.current",
            "module.eks_n_california.module.eks.module.kms.aws_kms_external_key.this",
            "module.eks_n_california.module.eks.module.kms.aws_kms_key.this",
            "module.eks_n_california.module.eks.module.kms.data.aws_caller_identity.current",
            "module.eks_n_california.module.eks.module.kms.data.aws_iam_policy_document.this",
            "module.eks_n_california.module.eks.module.kms.data.aws_partition.current"
          ]
        }
      ]
    },
    {
      "module": "module.eks_n_california[0].module.eks.module.kms",
      "mode": "managed",
      "type": "aws_kms_external_key",
      "name": "this",
      "provider": "provider[\"registry.terraform.io/hashicorp/aws\"].n_california",
      "instances": []
    },
    {
      "module": "module.eks_n_california[0].module.eks.module.kms",
      "mode": "managed",
      "type": "aws_kms_key",
      "name": "this",
      "provider": "provider[\"registry.terraform.io/hashicorp/aws\"].n_california",
      "instances": [
        {
          "index_key": 0,
          "schema_version": 0,
          "attributes": {
            "arn": "arn:aws:kms:us-west-1:411623750878:key/5e3b7c2f-eb82-442b-8091-625418adb947",
            "bypass_policy_lockout_safety_check": false,
            "custom_key_store_id": "",
            "customer_master_key_spec": "SYMMETRIC_DEFAULT",
            "deletion_window_in_days": null,
            "description": "linxact-nc cluster encryption key",
            "enable_key_rotation": true,
            "id": "5e3b7c2f-eb82-442b-8091-625418adb947",
            "is_enabled": true,
            "key_id": "5e3b7c2f-eb82-442b-8091-625418adb947",
            "key_usage": "ENCRYPT_DECRYPT",
            "multi_region": false,
            "policy": "{\"Statement\":[{\"Action\":[\"kms:Update*\",\"kms:UntagResource\",\"kms:TagResource\",\"kms:ScheduleKeyDeletion\",\"kms:Revoke*\",\"kms:Put*\",\"kms:List*\",\"kms:Get*\",\"kms:Enable*\",\"kms:Disable*\",\"kms:Describe*\",\"kms:Delete*\",\"kms:Create*\",\"kms:CancelKeyDeletion\"],\"Effect\":\"Allow\",\"Principal\":{\"AWS\":\"arn:aws:iam::411623750878:user/olexiy\"},\"Resource\":\"*\",\"Sid\":\"KeyAdministration\"},{\"Action\":[\"kms:ReEncrypt*\",\"kms:GenerateDataKey*\",\"kms:Encrypt\",\"kms:DescribeKey\",\"kms:Decrypt\"],\"Effect\":\"Allow\",\"Principal\":{\"AWS\":\"arn:aws:iam::411623750878:role/linxact-nc-cluster-20240114212123538600000001\"},\"Resource\":\"*\",\"Sid\":\"KeyUsage\"}],\"Version\":\"2012-10-17\"}",
            "tags": null,
            "tags_all": {}
          },
          "sensitive_attributes": [],
          "private": "bnVsbA==",
          "dependencies": [
            "module.eks_n_california.module.eks.aws_iam_role.this",
            "module.eks_n_california.module.eks.data.aws_caller_identity.current",
            "module.eks_n_california.module.eks.data.aws_iam_policy_document.assume_role_policy",
            "module.eks_n_california.module.eks.data.aws_iam_session_context.current",
            "module.eks_n_california.module.eks.data.aws_partition.current",
            "module.eks_n_california.module.eks.module.kms.data.aws_caller_identity.current",
            "module.eks_n_california.module.eks.module.kms.data.aws_iam_policy_document.this",
            "module.eks_n_california.module.eks.module.kms.data.aws_partition.current"
          ]
        }
      ]
    },
    {
      "module": "module.eks_n_california[0].module.vpc",
      "mode": "managed",
      "type": "aws_default_network_acl",
      "name": "this",
      "provider": "provider[\"registry.terraform.io/hashicorp/aws\"].n_california",
      "instances": [
        {
          "index_key": 0,
          "schema_version": 0,
          "attributes": {
            "arn": "arn:aws:ec2:us-west-1:411623750878:network-acl/acl-0798cf47cf4704860",
            "default_network_acl_id": "acl-0798cf47cf4704860",
            "egress": [
              {
                "action": "allow",
                "cidr_block": "",
                "from_port": 0,
                "icmp_code": null,
                "icmp_type": null,
                "ipv6_cidr_block": "::/0",
                "protocol": "-1",
                "rule_no": 101,
                "to_port": 0
              },
              {
                "action": "allow",
                "cidr_block": "0.0.0.0/0",
                "from_port": 0,
                "icmp_code": null,
                "icmp_type": null,
                "ipv6_cidr_block": "",
                "protocol": "-1",
                "rule_no": 100,
                "to_port": 0
              }
            ],
            "id": "acl-0798cf47cf4704860",
            "ingress": [
              {
                "action": "allow",
                "cidr_block": "",
                "from_port": 0,
                "icmp_code": null,
                "icmp_type": null,
                "ipv6_cidr_block": "::/0",
                "protocol": "-1",
                "rule_no": 101,
                "to_port": 0
              },
              {
                "action": "allow",
                "cidr_block": "0.0.0.0/0",
                "from_port": 0,
                "icmp_code": null,
                "icmp_type": null,
                "ipv6_cidr_block": "",
                "protocol": "-1",
                "rule_no": 100,
                "to_port": 0
              }
            ],
            "owner_id": "411623750878",
            "subnet_ids": null,
            "tags": {
              "Name": "linxact-vpc-default"
            },
            "tags_all": {
              "Name": "linxact-vpc-default"
            },
            "vpc_id": "vpc-05d741af413740c54"
          },
          "sensitive_attributes": [],
          "private": "bnVsbA==",
          "dependencies": [
            "module.eks_n_california.module.vpc.aws_vpc.this"
          ]
        }
      ]
    },
    {
      "module": "module.eks_n_california[0].module.vpc",
      "mode": "managed",
      "type": "aws_default_route_table",
      "name": "default",
      "provider": "provider[\"registry.terraform.io/hashicorp/aws\"].n_california",
      "instances": [
        {
          "index_key": 0,
          "schema_version": 0,
          "attributes": {
            "arn": "arn:aws:ec2:us-west-1:411623750878:route-table/rtb-07fb234f81962fcb5",
            "default_route_table_id": "rtb-07fb234f81962fcb5",
            "id": "rtb-07fb234f81962fcb5",
            "owner_id": "411623750878",
            "propagating_vgws": null,
            "route": [],
            "tags": {
              "Name": "linxact-vpc-default"
            },
            "tags_all": {
              "Name": "linxact-vpc-default"
            },
            "timeouts": {
              "create": "5m",
              "update": "5m"
            },
            "vpc_id": "vpc-05d741af413740c54"
          },
          "sensitive_attributes": [],
          "private": "eyJlMmJmYjczMC1lY2FhLTExZTYtOGY4OC0zNDM2M2JjN2M0YzAiOnsiY3JlYXRlIjozMDAwMDAwMDAwMDAsInVwZGF0ZSI6MzAwMDAwMDAwMDAwfX0=",
          "dependencies": [
            "module.eks_n_california.module.vpc.aws_vpc.this"
          ]
        }
      ]
    },
    {
      "module": "module.eks_n_california[0].module.vpc",
      "mode": "managed",
      "type": "aws_default_security_group",
      "name": "this",
      "provider": "provider[\"registry.terraform.io/hashicorp/aws\"].n_california",
      "instances": [
        {
          "index_key": 0,
          "schema_version": 1,
          "attributes": {
            "arn": "arn:aws:ec2:us-west-1:411623750878:security-group/sg-0f914d506c83747e4",
            "description": "default VPC security group",
            "egress": [],
            "id": "sg-0f914d506c83747e4",
            "ingress": [],
            "name": "default",
            "name_prefix": "",
            "owner_id": "411623750878",
            "revoke_rules_on_delete": false,
            "tags": {
              "Name": "linxact-vpc-default"
            },
            "tags_all": {
              "Name": "linxact-vpc-default"
            },
            "vpc_id": "vpc-05d741af413740c54"
          },
          "sensitive_attributes": [],
          "private": "eyJzY2hlbWFfdmVyc2lvbiI6IjEifQ==",
          "dependencies": [
            "module.eks_n_california.module.vpc.aws_vpc.this"
          ]
        }
      ]
    },
    {
      "module": "module.eks_n_california[0].module.vpc",
      "mode": "managed",
      "type": "aws_eip",
      "name": "nat",
      "provider": "provider[\"registry.terraform.io/hashicorp/aws\"].n_california",
      "instances": [
        {
          "index_key": 0,
          "schema_version": 0,
          "attributes": {
            "address": null,
            "allocation_id": "eipalloc-06304c0da740c2d94",
            "associate_with_private_ip": null,
            "association_id": "",
            "carrier_ip": "",
            "customer_owned_ip": "",
            "customer_owned_ipv4_pool": "",
            "domain": "vpc",
            "id": "eipalloc-06304c0da740c2d94",
            "instance": "",
            "network_border_group": "us-west-1",
            "network_interface": "",
            "private_dns": null,
            "private_ip": "",
            "public_dns": "ec2-50-18-126-150.us-west-1.compute.amazonaws.com",
            "public_ip": "50.18.126.150",
            "public_ipv4_pool": "amazon",
            "tags": {
              "Name": "linxact-vpc-us-west-1b"
            },
            "tags_all": {
              "Name": "linxact-vpc-us-west-1b"
            },
            "timeouts": null,
            "vpc": true
          },
          "sensitive_attributes": [],
          "private": "eyJlMmJmYjczMC1lY2FhLTExZTYtOGY4OC0zNDM2M2JjN2M0YzAiOnsiZGVsZXRlIjoxODAwMDAwMDAwMDAsInJlYWQiOjkwMDAwMDAwMDAwMCwidXBkYXRlIjozMDAwMDAwMDAwMDB9fQ==",
          "dependencies": [
            "module.eks_n_california.data.aws_availability_zones.available",
            "module.eks_n_california.module.vpc.aws_internet_gateway.this",
            "module.eks_n_california.module.vpc.aws_vpc.this",
            "module.eks_n_california.module.vpc.aws_vpc_ipv4_cidr_block_association.this"
          ]
        }
      ]
    },
    {
      "module": "module.eks_n_california[0].module.vpc",
      "mode": "managed",
      "type": "aws_internet_gateway",
      "name": "this",
      "provider": "provider[\"registry.terraform.io/hashicorp/aws\"].n_california",
      "instances": [
        {
          "index_key": 0,
          "schema_version": 0,
          "attributes": {
            "arn": "arn:aws:ec2:us-west-1:411623750878:internet-gateway/igw-0b134b1afcc09d395",
            "id": "igw-0b134b1afcc09d395",
            "owner_id": "411623750878",
            "tags": {
              "Name": "linxact-vpc"
            },
            "tags_all": {
              "Name": "linxact-vpc"
            },
            "timeouts": null,
            "vpc_id": "vpc-05d741af413740c54"
          },
          "sensitive_attributes": [],
          "private": "eyJlMmJmYjczMC1lY2FhLTExZTYtOGY4OC0zNDM2M2JjN2M0YzAiOnsiY3JlYXRlIjoxMjAwMDAwMDAwMDAwLCJkZWxldGUiOjEyMDAwMDAwMDAwMDAsInVwZGF0ZSI6MTIwMDAwMDAwMDAwMH19",
          "dependencies": [
            "module.eks_n_california.module.vpc.aws_vpc.this",
            "module.eks_n_california.module.vpc.aws_vpc_ipv4_cidr_block_association.this"
          ]
        }
      ]
    },
    {
      "module": "module.eks_n_california[0].module.vpc",
      "mode": "managed",
      "type": "aws_nat_gateway",
      "name": "this",
      "provider": "provider[\"registry.terraform.io/hashicorp/aws\"].n_california",
      "instances": [
        {
          "index_key": 0,
          "schema_version": 0,
          "attributes": {
            "allocation_id": "eipalloc-06304c0da740c2d94",
            "association_id": "eipassoc-00954c8a3cb25c8dc",
            "connectivity_type": "public",
            "id": "nat-06868e8acc50f5310",
            "network_interface_id": "eni-086a1b482dc80675b",
            "private_ip": "10.0.5.80",
            "public_ip": "50.18.126.150",
            "subnet_id": "subnet-0bdbb792726599672",
            "tags": {
              "Name": "linxact-vpc-us-west-1b"
            },
            "tags_all": {
              "Name": "linxact-vpc-us-west-1b"
            }
          },
          "sensitive_attributes": [],
          "private": "bnVsbA==",
          "dependencies": [
            "module.eks_n_california.data.aws_availability_zones.available",
            "module.eks_n_california.module.vpc.aws_eip.nat",
            "module.eks_n_california.module.vpc.aws_internet_gateway.this",
            "module.eks_n_california.module.vpc.aws_subnet.public",
            "module.eks_n_california.module.vpc.aws_vpc.this",
            "module.eks_n_california.module.vpc.aws_vpc_ipv4_cidr_block_association.this"
          ]
        }
      ]
    },
    {
      "module": "module.eks_n_california[0].module.vpc",
      "mode": "managed",
      "type": "aws_route",
      "name": "private_nat_gateway",
      "provider": "provider[\"registry.terraform.io/hashicorp/aws\"].n_california",
      "instances": [
        {
          "index_key": 0,
          "schema_version": 0,
          "attributes": {
            "carrier_gateway_id": "",
            "core_network_arn": "",
            "destination_cidr_block": "0.0.0.0/0",
            "destination_ipv6_cidr_block": "",
            "destination_prefix_list_id": "",
            "egress_only_gateway_id": "",
            "gateway_id": "",
            "id": "r-rtb-012dfcad80158a2c51080289494",
            "instance_id": "",
            "instance_owner_id": "",
            "local_gateway_id": "",
            "nat_gateway_id": "nat-06868e8acc50f5310",
            "network_interface_id": "",
            "origin": "CreateRoute",
            "route_table_id": "rtb-012dfcad80158a2c5",
            "state": "active",
            "timeouts": {
              "create": "5m",
              "delete": null,
              "update": null
            },
            "transit_gateway_id": "",
            "vpc_endpoint_id": "",
            "vpc_peering_connection_id": ""
          },
          "sensitive_attributes": [],
          "private": "eyJlMmJmYjczMC1lY2FhLTExZTYtOGY4OC0zNDM2M2JjN2M0YzAiOnsiY3JlYXRlIjozMDAwMDAwMDAwMDAsImRlbGV0ZSI6MzAwMDAwMDAwMDAwLCJ1cGRhdGUiOjEyMDAwMDAwMDAwMH19",
          "dependencies": [
            "module.eks_n_california.data.aws_availability_zones.available",
            "module.eks_n_california.module.vpc.aws_eip.nat",
            "module.eks_n_california.module.vpc.aws_internet_gateway.this",
            "module.eks_n_california.module.vpc.aws_nat_gateway.this",
            "module.eks_n_california.module.vpc.aws_route_table.private",
            "module.eks_n_california.module.vpc.aws_subnet.public",
            "module.eks_n_california.module.vpc.aws_vpc.this",
            "module.eks_n_california.module.vpc.aws_vpc_ipv4_cidr_block_association.this"
          ]
        }
      ]
    },
    {
      "module": "module.eks_n_california[0].module.vpc",
      "mode": "managed",
      "type": "aws_route",
      "name": "public_internet_gateway",
      "provider": "provider[\"registry.terraform.io/hashicorp/aws\"].n_california",
      "instances": [
        {
          "index_key": 0,
          "schema_version": 0,
          "attributes": {
            "carrier_gateway_id": "",
            "core_network_arn": "",
            "destination_cidr_block": "0.0.0.0/0",
            "destination_ipv6_cidr_block": "",
            "destination_prefix_list_id": "",
            "egress_only_gateway_id": "",
            "gateway_id": "igw-0b134b1afcc09d395",
            "id": "r-rtb-01ccdc1efd951445a1080289494",
            "instance_id": "",
            "instance_owner_id": "",
            "local_gateway_id": "",
            "nat_gateway_id": "",
            "network_interface_id": "",
            "origin": "CreateRoute",
            "route_table_id": "rtb-01ccdc1efd951445a",
            "state": "active",
            "timeouts": {
              "create": "5m",
              "delete": null,
              "update": null
            },
            "transit_gateway_id": "",
            "vpc_endpoint_id": "",
            "vpc_peering_connection_id": ""
          },
          "sensitive_attributes": [],
          "private": "eyJlMmJmYjczMC1lY2FhLTExZTYtOGY4OC0zNDM2M2JjN2M0YzAiOnsiY3JlYXRlIjozMDAwMDAwMDAwMDAsImRlbGV0ZSI6MzAwMDAwMDAwMDAwLCJ1cGRhdGUiOjEyMDAwMDAwMDAwMH19",
          "dependencies": [
            "module.eks_n_california.module.vpc.aws_internet_gateway.this",
            "module.eks_n_california.module.vpc.aws_route_table.public",
            "module.eks_n_california.module.vpc.aws_vpc.this",
            "module.eks_n_california.module.vpc.aws_vpc_ipv4_cidr_block_association.this"
          ]
        }
      ]
    },
    {
      "module": "module.eks_n_california[0].module.vpc",
      "mode": "managed",
      "type": "aws_route_table",
      "name": "private",
      "provider": "provider[\"registry.terraform.io/hashicorp/aws\"].n_california",
      "instances": [
        {
          "index_key": 0,
          "schema_version": 0,
          "attributes": {
            "arn": "arn:aws:ec2:us-west-1:411623750878:route-table/rtb-012dfcad80158a2c5",
            "id": "rtb-012dfcad80158a2c5",
            "owner_id": "411623750878",
            "propagating_vgws": [],
            "route": [],
            "tags": {
              "Name": "linxact-vpc-private"
            },
            "tags_all": {
              "Name": "linxact-vpc-private"
            },
            "timeouts": null,
            "vpc_id": "vpc-05d741af413740c54"
          },
          "sensitive_attributes": [],
          "private": "eyJlMmJmYjczMC1lY2FhLTExZTYtOGY4OC0zNDM2M2JjN2M0YzAiOnsiY3JlYXRlIjozMDAwMDAwMDAwMDAsImRlbGV0ZSI6MzAwMDAwMDAwMDAwLCJ1cGRhdGUiOjEyMDAwMDAwMDAwMH19",
          "dependencies": [
            "module.eks_n_california.data.aws_availability_zones.available",
            "module.eks_n_california.module.vpc.aws_vpc.this",
            "module.eks_n_california.module.vpc.aws_vpc_ipv4_cidr_block_association.this"
          ]
        }
      ]
    },
    {
      "module": "module.eks_n_california[0].module.vpc",
      "mode": "managed",
      "type": "aws_route_table",
      "name": "public",
      "provider": "provider[\"registry.terraform.io/hashicorp/aws\"].n_california",
      "instances": [
        {
          "index_key": 0,
          "schema_version": 0,
          "attributes": {
            "arn": "arn:aws:ec2:us-west-1:411623750878:route-table/rtb-01ccdc1efd951445a",
            "id": "rtb-01ccdc1efd951445a",
            "owner_id": "411623750878",
            "propagating_vgws": [],
            "route": [],
            "tags": {
              "Name": "linxact-vpc-public"
            },
            "tags_all": {
              "Name": "linxact-vpc-public"
            },
            "timeouts": null,
            "vpc_id": "vpc-05d741af413740c54"
          },
          "sensitive_attributes": [],
          "private": "eyJlMmJmYjczMC1lY2FhLTExZTYtOGY4OC0zNDM2M2JjN2M0YzAiOnsiY3JlYXRlIjozMDAwMDAwMDAwMDAsImRlbGV0ZSI6MzAwMDAwMDAwMDAwLCJ1cGRhdGUiOjEyMDAwMDAwMDAwMH19",
          "dependencies": [
            "module.eks_n_california.module.vpc.aws_vpc.this",
            "module.eks_n_california.module.vpc.aws_vpc_ipv4_cidr_block_association.this"
          ]
        }
      ]
    },
    {
      "module": "module.eks_n_california[0].module.vpc",
      "mode": "managed",
      "type": "aws_route_table_association",
      "name": "private",
      "provider": "provider[\"registry.terraform.io/hashicorp/aws\"].n_california",
      "instances": [
        {
          "index_key": 0,
          "schema_version": 0,
          "attributes": {
            "gateway_id": "",
            "id": "rtbassoc-025a5923f7b5208f1",
            "route_table_id": "rtb-012dfcad80158a2c5",
            "subnet_id": "subnet-05aafaff1fae4bc09",
            "timeouts": null
          },
          "sensitive_attributes": [],
          "private": "eyJlMmJmYjczMC1lY2FhLTExZTYtOGY4OC0zNDM2M2JjN2M0YzAiOnsiY3JlYXRlIjozMDAwMDAwMDAwMDAsImRlbGV0ZSI6MzAwMDAwMDAwMDAwLCJ1cGRhdGUiOjEyMDAwMDAwMDAwMH19",
          "dependencies": [
            "module.eks_n_california.data.aws_availability_zones.available",
            "module.eks_n_california.module.vpc.aws_route_table.private",
            "module.eks_n_california.module.vpc.aws_subnet.private",
            "module.eks_n_california.module.vpc.aws_vpc.this",
            "module.eks_n_california.module.vpc.aws_vpc_ipv4_cidr_block_association.this"
          ]
        },
        {
          "index_key": 1,
          "schema_version": 0,
          "attributes": {
            "gateway_id": "",
            "id": "rtbassoc-02465ca77231d9b1a",
            "route_table_id": "rtb-012dfcad80158a2c5",
            "subnet_id": "subnet-0af3c9e43e078dba5",
            "timeouts": null
          },
          "sensitive_attributes": [],
          "private": "eyJlMmJmYjczMC1lY2FhLTExZTYtOGY4OC0zNDM2M2JjN2M0YzAiOnsiY3JlYXRlIjozMDAwMDAwMDAwMDAsImRlbGV0ZSI6MzAwMDAwMDAwMDAwLCJ1cGRhdGUiOjEyMDAwMDAwMDAwMH19",
          "dependencies": [
            "module.eks_n_california.data.aws_availability_zones.available",
            "module.eks_n_california.module.vpc.aws_route_table.private",
            "module.eks_n_california.module.vpc.aws_subnet.private",
            "module.eks_n_california.module.vpc.aws_vpc.this",
            "module.eks_n_california.module.vpc.aws_vpc_ipv4_cidr_block_association.this"
          ]
        },
        {
          "index_key": 2,
          "schema_version": 0,
          "attributes": {
            "gateway_id": "",
            "id": "rtbassoc-0b931970d82ea0e1f",
            "route_table_id": "rtb-012dfcad80158a2c5",
            "subnet_id": "subnet-0889fe1e18d908d59",
            "timeouts": null
          },
          "sensitive_attributes": [],
          "private": "eyJlMmJmYjczMC1lY2FhLTExZTYtOGY4OC0zNDM2M2JjN2M0YzAiOnsiY3JlYXRlIjozMDAwMDAwMDAwMDAsImRlbGV0ZSI6MzAwMDAwMDAwMDAwLCJ1cGRhdGUiOjEyMDAwMDAwMDAwMH19",
          "dependencies": [
            "module.eks_n_california.data.aws_availability_zones.available",
            "module.eks_n_california.module.vpc.aws_route_table.private",
            "module.eks_n_california.module.vpc.aws_subnet.private",
            "module.eks_n_california.module.vpc.aws_vpc.this",
            "module.eks_n_california.module.vpc.aws_vpc_ipv4_cidr_block_association.this"
          ]
        },
        {
          "index_key": 3,
          "schema_version": 0,
          "attributes": {
            "gateway_id": "",
            "id": "rtbassoc-0b2bc28543ae8a930",
            "route_table_id": "rtb-012dfcad80158a2c5",
            "subnet_id": "subnet-0e0f2db570222c7b3",
            "timeouts": null
          },
          "sensitive_attributes": [],
          "private": "eyJlMmJmYjczMC1lY2FhLTExZTYtOGY4OC0zNDM2M2JjN2M0YzAiOnsiY3JlYXRlIjozMDAwMDAwMDAwMDAsImRlbGV0ZSI6MzAwMDAwMDAwMDAwLCJ1cGRhdGUiOjEyMDAwMDAwMDAwMH19",
          "dependencies": [
            "module.eks_n_california.data.aws_availability_zones.available",
            "module.eks_n_california.module.vpc.aws_route_table.private",
            "module.eks_n_california.module.vpc.aws_subnet.private",
            "module.eks_n_california.module.vpc.aws_vpc.this",
            "module.eks_n_california.module.vpc.aws_vpc_ipv4_cidr_block_association.this"
          ]
        },
        {
          "index_key": 4,
          "schema_version": 0,
          "attributes": {
            "gateway_id": "",
            "id": "rtbassoc-0a2ace1714a2e9302",
            "route_table_id": "rtb-012dfcad80158a2c5",
            "subnet_id": "subnet-0e4fe6fdb22e743f0",
            "timeouts": null
          },
          "sensitive_attributes": [],
          "private": "eyJlMmJmYjczMC1lY2FhLTExZTYtOGY4OC0zNDM2M2JjN2M0YzAiOnsiY3JlYXRlIjozMDAwMDAwMDAwMDAsImRlbGV0ZSI6MzAwMDAwMDAwMDAwLCJ1cGRhdGUiOjEyMDAwMDAwMDAwMH19",
          "dependencies": [
            "module.eks_n_california.data.aws_availability_zones.available",
            "module.eks_n_california.module.vpc.aws_route_table.private",
            "module.eks_n_california.module.vpc.aws_subnet.private",
            "module.eks_n_california.module.vpc.aws_vpc.this",
            "module.eks_n_california.module.vpc.aws_vpc_ipv4_cidr_block_association.this"
          ]
        }
      ]
    },
    {
      "module": "module.eks_n_california[0].module.vpc",
      "mode": "managed",
      "type": "aws_route_table_association",
      "name": "public",
      "provider": "provider[\"registry.terraform.io/hashicorp/aws\"].n_california",
      "instances": [
        {
          "index_key": 0,
          "schema_version": 0,
          "attributes": {
            "gateway_id": "",
            "id": "rtbassoc-01fcc711c4ba27d1d",
            "route_table_id": "rtb-01ccdc1efd951445a",
            "subnet_id": "subnet-0bdbb792726599672",
            "timeouts": null
          },
          "sensitive_attributes": [],
          "private": "eyJlMmJmYjczMC1lY2FhLTExZTYtOGY4OC0zNDM2M2JjN2M0YzAiOnsiY3JlYXRlIjozMDAwMDAwMDAwMDAsImRlbGV0ZSI6MzAwMDAwMDAwMDAwLCJ1cGRhdGUiOjEyMDAwMDAwMDAwMH19",
          "dependencies": [
            "module.eks_n_california.data.aws_availability_zones.available",
            "module.eks_n_california.module.vpc.aws_route_table.public",
            "module.eks_n_california.module.vpc.aws_subnet.public",
            "module.eks_n_california.module.vpc.aws_vpc.this",
            "module.eks_n_california.module.vpc.aws_vpc_ipv4_cidr_block_association.this"
          ]
        },
        {
          "index_key": 1,
          "schema_version": 0,
          "attributes": {
            "gateway_id": "",
            "id": "rtbassoc-0b474349db926bc74",
            "route_table_id": "rtb-01ccdc1efd951445a",
            "subnet_id": "subnet-016738f8e7ad2ec95",
            "timeouts": null
          },
          "sensitive_attributes": [],
          "private": "eyJlMmJmYjczMC1lY2FhLTExZTYtOGY4OC0zNDM2M2JjN2M0YzAiOnsiY3JlYXRlIjozMDAwMDAwMDAwMDAsImRlbGV0ZSI6MzAwMDAwMDAwMDAwLCJ1cGRhdGUiOjEyMDAwMDAwMDAwMH19",
          "dependencies": [
            "module.eks_n_california.data.aws_availability_zones.available",
            "module.eks_n_california.module.vpc.aws_route_table.public",
            "module.eks_n_california.module.vpc.aws_subnet.public",
            "module.eks_n_california.module.vpc.aws_vpc.this",
            "module.eks_n_california.module.vpc.aws_vpc_ipv4_cidr_block_association.this"
          ]
        },
        {
          "index_key": 2,
          "schema_version": 0,
          "attributes": {
            "gateway_id": "",
            "id": "rtbassoc-0c7fcc7de17e917b6",
            "route_table_id": "rtb-01ccdc1efd951445a",
            "subnet_id": "subnet-0863cda83c6fbf44f",
            "timeouts": null
          },
          "sensitive_attributes": [],
          "private": "eyJlMmJmYjczMC1lY2FhLTExZTYtOGY4OC0zNDM2M2JjN2M0YzAiOnsiY3JlYXRlIjozMDAwMDAwMDAwMDAsImRlbGV0ZSI6MzAwMDAwMDAwMDAwLCJ1cGRhdGUiOjEyMDAwMDAwMDAwMH19",
          "dependencies": [
            "module.eks_n_california.data.aws_availability_zones.available",
            "module.eks_n_california.module.vpc.aws_route_table.public",
            "module.eks_n_california.module.vpc.aws_subnet.public",
            "module.eks_n_california.module.vpc.aws_vpc.this",
            "module.eks_n_california.module.vpc.aws_vpc_ipv4_cidr_block_association.this"
          ]
        },
        {
          "index_key": 3,
          "schema_version": 0,
          "attributes": {
            "gateway_id": "",
            "id": "rtbassoc-0b3e11a8b382d6801",
            "route_table_id": "rtb-01ccdc1efd951445a",
            "subnet_id": "subnet-07127f584639508bc",
            "timeouts": null
          },
          "sensitive_attributes": [],
          "private": "eyJlMmJmYjczMC1lY2FhLTExZTYtOGY4OC0zNDM2M2JjN2M0YzAiOnsiY3JlYXRlIjozMDAwMDAwMDAwMDAsImRlbGV0ZSI6MzAwMDAwMDAwMDAwLCJ1cGRhdGUiOjEyMDAwMDAwMDAwMH19",
          "dependencies": [
            "module.eks_n_california.data.aws_availability_zones.available",
            "module.eks_n_california.module.vpc.aws_route_table.public",
            "module.eks_n_california.module.vpc.aws_subnet.public",
            "module.eks_n_california.module.vpc.aws_vpc.this",
            "module.eks_n_california.module.vpc.aws_vpc_ipv4_cidr_block_association.this"
          ]
        },
        {
          "index_key": 4,
          "schema_version": 0,
          "attributes": {
            "gateway_id": "",
            "id": "rtbassoc-04bffb91c9a9eebeb",
            "route_table_id": "rtb-01ccdc1efd951445a",
            "subnet_id": "subnet-09def37a7fa080d0a",
            "timeouts": null
          },
          "sensitive_attributes": [],
          "private": "eyJlMmJmYjczMC1lY2FhLTExZTYtOGY4OC0zNDM2M2JjN2M0YzAiOnsiY3JlYXRlIjozMDAwMDAwMDAwMDAsImRlbGV0ZSI6MzAwMDAwMDAwMDAwLCJ1cGRhdGUiOjEyMDAwMDAwMDAwMH19",
          "dependencies": [
            "module.eks_n_california.data.aws_availability_zones.available",
            "module.eks_n_california.module.vpc.aws_route_table.public",
            "module.eks_n_california.module.vpc.aws_subnet.public",
            "module.eks_n_california.module.vpc.aws_vpc.this",
            "module.eks_n_california.module.vpc.aws_vpc_ipv4_cidr_block_association.this"
          ]
        }
      ]
    },
    {
      "module": "module.eks_n_california[0].module.vpc",
      "mode": "managed",
      "type": "aws_subnet",
      "name": "private",
      "provider": "provider[\"registry.terraform.io/hashicorp/aws\"].n_california",
      "instances": [
        {
          "index_key": 0,
          "schema_version": 1,
          "attributes": {
            "arn": "arn:aws:ec2:us-west-1:411623750878:subnet/subnet-05aafaff1fae4bc09",
            "assign_ipv6_address_on_creation": false,
            "availability_zone": "us-west-1b",
            "availability_zone_id": "usw1-az3",
            "cidr_block": "10.0.0.0/24",
            "customer_owned_ipv4_pool": "",
            "enable_dns64": false,
            "enable_lni_at_device_index": 0,
            "enable_resource_name_dns_a_record_on_launch": false,
            "enable_resource_name_dns_aaaa_record_on_launch": false,
            "id": "subnet-05aafaff1fae4bc09",
            "ipv6_cidr_block": "",
            "ipv6_cidr_block_association_id": "",
            "ipv6_native": false,
            "map_customer_owned_ip_on_launch": false,
            "map_public_ip_on_launch": false,
            "outpost_arn": "",
            "owner_id": "411623750878",
            "private_dns_hostname_type_on_launch": "ip-name",
            "tags": {
              "Name": "linxact-vpc-private-us-west-1b",
              "kubernetes.io/cluster/linxact-nc": "shared",
              "kubernetes.io/role/internal-elb": "1"
            },
            "tags_all": {
              "Name": "linxact-vpc-private-us-west-1b",
              "kubernetes.io/cluster/linxact-nc": "shared",
              "kubernetes.io/role/internal-elb": "1"
            },
            "timeouts": null,
            "vpc_id": "vpc-05d741af413740c54"
          },
          "sensitive_attributes": [],
          "private": "eyJlMmJmYjczMC1lY2FhLTExZTYtOGY4OC0zNDM2M2JjN2M0YzAiOnsiY3JlYXRlIjo2MDAwMDAwMDAwMDAsImRlbGV0ZSI6MTIwMDAwMDAwMDAwMH0sInNjaGVtYV92ZXJzaW9uIjoiMSJ9",
          "dependencies": [
            "module.eks_n_california.data.aws_availability_zones.available",
            "module.eks_n_california.module.vpc.aws_vpc.this",
            "module.eks_n_california.module.vpc.aws_vpc_ipv4_cidr_block_association.this"
          ]
        },
        {
          "index_key": 1,
          "schema_version": 1,
          "attributes": {
            "arn": "arn:aws:ec2:us-west-1:411623750878:subnet/subnet-0af3c9e43e078dba5",
            "assign_ipv6_address_on_creation": false,
            "availability_zone": "us-west-1c",
            "availability_zone_id": "usw1-az1",
            "cidr_block": "10.0.1.0/24",
            "customer_owned_ipv4_pool": "",
            "enable_dns64": false,
            "enable_lni_at_device_index": 0,
            "enable_resource_name_dns_a_record_on_launch": false,
            "enable_resource_name_dns_aaaa_record_on_launch": false,
            "id": "subnet-0af3c9e43e078dba5",
            "ipv6_cidr_block": "",
            "ipv6_cidr_block_association_id": "",
            "ipv6_native": false,
            "map_customer_owned_ip_on_launch": false,
            "map_public_ip_on_launch": false,
            "outpost_arn": "",
            "owner_id": "411623750878",
            "private_dns_hostname_type_on_launch": "ip-name",
            "tags": {
              "Name": "linxact-vpc-private-us-west-1c",
              "kubernetes.io/cluster/linxact-nc": "shared",
              "kubernetes.io/role/internal-elb": "1"
            },
            "tags_all": {
              "Name": "linxact-vpc-private-us-west-1c",
              "kubernetes.io/cluster/linxact-nc": "shared",
              "kubernetes.io/role/internal-elb": "1"
            },
            "timeouts": null,
            "vpc_id": "vpc-05d741af413740c54"
          },
          "sensitive_attributes": [],
          "private": "eyJlMmJmYjczMC1lY2FhLTExZTYtOGY4OC0zNDM2M2JjN2M0YzAiOnsiY3JlYXRlIjo2MDAwMDAwMDAwMDAsImRlbGV0ZSI6MTIwMDAwMDAwMDAwMH0sInNjaGVtYV92ZXJzaW9uIjoiMSJ9",
          "dependencies": [
            "module.eks_n_california.data.aws_availability_zones.available",
            "module.eks_n_california.module.vpc.aws_vpc.this",
            "module.eks_n_california.module.vpc.aws_vpc_ipv4_cidr_block_association.this"
          ]
        },
        {
          "index_key": 2,
          "schema_version": 1,
          "attributes": {
            "arn": "arn:aws:ec2:us-west-1:411623750878:subnet/subnet-0889fe1e18d908d59",
            "assign_ipv6_address_on_creation": false,
            "availability_zone": "us-west-1b",
            "availability_zone_id": "usw1-az3",
            "cidr_block": "10.0.2.0/24",
            "customer_owned_ipv4_pool": "",
            "enable_dns64": false,
            "enable_lni_at_device_index": 0,
            "enable_resource_name_dns_a_record_on_launch": false,
            "enable_resource_name_dns_aaaa_record_on_launch": false,
            "id": "subnet-0889fe1e18d908d59",
            "ipv6_cidr_block": "",
            "ipv6_cidr_block_association_id": "",
            "ipv6_native": false,
            "map_customer_owned_ip_on_launch": false,
            "map_public_ip_on_launch": false,
            "outpost_arn": "",
            "owner_id": "411623750878",
            "private_dns_hostname_type_on_launch": "ip-name",
            "tags": {
              "Name": "linxact-vpc-private-us-west-1b",
              "kubernetes.io/cluster/linxact-nc": "shared",
              "kubernetes.io/role/internal-elb": "1"
            },
            "tags_all": {
              "Name": "linxact-vpc-private-us-west-1b",
              "kubernetes.io/cluster/linxact-nc": "shared",
              "kubernetes.io/role/internal-elb": "1"
            },
            "timeouts": null,
            "vpc_id": "vpc-05d741af413740c54"
          },
          "sensitive_attributes": [],
          "private": "eyJlMmJmYjczMC1lY2FhLTExZTYtOGY4OC0zNDM2M2JjN2M0YzAiOnsiY3JlYXRlIjo2MDAwMDAwMDAwMDAsImRlbGV0ZSI6MTIwMDAwMDAwMDAwMH0sInNjaGVtYV92ZXJzaW9uIjoiMSJ9",
          "dependencies": [
            "module.eks_n_california.data.aws_availability_zones.available",
            "module.eks_n_california.module.vpc.aws_vpc.this",
            "module.eks_n_california.module.vpc.aws_vpc_ipv4_cidr_block_association.this"
          ]
        },
        {
          "index_key": 3,
          "schema_version": 1,
          "attributes": {
            "arn": "arn:aws:ec2:us-west-1:411623750878:subnet/subnet-0e0f2db570222c7b3",
            "assign_ipv6_address_on_creation": false,
            "availability_zone": "us-west-1c",
            "availability_zone_id": "usw1-az1",
            "cidr_block": "10.0.3.0/24",
            "customer_owned_ipv4_pool": "",
            "enable_dns64": false,
            "enable_lni_at_device_index": 0,
            "enable_resource_name_dns_a_record_on_launch": false,
            "enable_resource_name_dns_aaaa_record_on_launch": false,
            "id": "subnet-0e0f2db570222c7b3",
            "ipv6_cidr_block": "",
            "ipv6_cidr_block_association_id": "",
            "ipv6_native": false,
            "map_customer_owned_ip_on_launch": false,
            "map_public_ip_on_launch": false,
            "outpost_arn": "",
            "owner_id": "411623750878",
            "private_dns_hostname_type_on_launch": "ip-name",
            "tags": {
              "Name": "linxact-vpc-private-us-west-1c",
              "kubernetes.io/cluster/linxact-nc": "shared",
              "kubernetes.io/role/internal-elb": "1"
            },
            "tags_all": {
              "Name": "linxact-vpc-private-us-west-1c",
              "kubernetes.io/cluster/linxact-nc": "shared",
              "kubernetes.io/role/internal-elb": "1"
            },
            "timeouts": null,
            "vpc_id": "vpc-05d741af413740c54"
          },
          "sensitive_attributes": [],
          "private": "eyJlMmJmYjczMC1lY2FhLTExZTYtOGY4OC0zNDM2M2JjN2M0YzAiOnsiY3JlYXRlIjo2MDAwMDAwMDAwMDAsImRlbGV0ZSI6MTIwMDAwMDAwMDAwMH0sInNjaGVtYV92ZXJzaW9uIjoiMSJ9",
          "dependencies": [
            "module.eks_n_california.data.aws_availability_zones.available",
            "module.eks_n_california.module.vpc.aws_vpc.this",
            "module.eks_n_california.module.vpc.aws_vpc_ipv4_cidr_block_association.this"
          ]
        },
        {
          "index_key": 4,
          "schema_version": 1,
          "attributes": {
            "arn": "arn:aws:ec2:us-west-1:411623750878:subnet/subnet-0e4fe6fdb22e743f0",
            "assign_ipv6_address_on_creation": false,
            "availability_zone": "us-west-1b",
            "availability_zone_id": "usw1-az3",
            "cidr_block": "10.0.4.0/24",
            "customer_owned_ipv4_pool": "",
            "enable_dns64": false,
            "enable_lni_at_device_index": 0,
            "enable_resource_name_dns_a_record_on_launch": false,
            "enable_resource_name_dns_aaaa_record_on_launch": false,
            "id": "subnet-0e4fe6fdb22e743f0",
            "ipv6_cidr_block": "",
            "ipv6_cidr_block_association_id": "",
            "ipv6_native": false,
            "map_customer_owned_ip_on_launch": false,
            "map_public_ip_on_launch": false,
            "outpost_arn": "",
            "owner_id": "411623750878",
            "private_dns_hostname_type_on_launch": "ip-name",
            "tags": {
              "Name": "linxact-vpc-private-us-west-1b",
              "kubernetes.io/cluster/linxact-nc": "shared",
              "kubernetes.io/role/internal-elb": "1"
            },
            "tags_all": {
              "Name": "linxact-vpc-private-us-west-1b",
              "kubernetes.io/cluster/linxact-nc": "shared",
              "kubernetes.io/role/internal-elb": "1"
            },
            "timeouts": null,
            "vpc_id": "vpc-05d741af413740c54"
          },
          "sensitive_attributes": [],
          "private": "eyJlMmJmYjczMC1lY2FhLTExZTYtOGY4OC0zNDM2M2JjN2M0YzAiOnsiY3JlYXRlIjo2MDAwMDAwMDAwMDAsImRlbGV0ZSI6MTIwMDAwMDAwMDAwMH0sInNjaGVtYV92ZXJzaW9uIjoiMSJ9",
          "dependencies": [
            "module.eks_n_california.data.aws_availability_zones.available",
            "module.eks_n_california.module.vpc.aws_vpc.this",
            "module.eks_n_california.module.vpc.aws_vpc_ipv4_cidr_block_association.this"
          ]
        }
      ]
    },
    {
      "module": "module.eks_n_california[0].module.vpc",
      "mode": "managed",
      "type": "aws_subnet",
      "name": "public",
      "provider": "provider[\"registry.terraform.io/hashicorp/aws\"].n_california",
      "instances": [
        {
          "index_key": 0,
          "schema_version": 1,
          "attributes": {
            "arn": "arn:aws:ec2:us-west-1:411623750878:subnet/subnet-0bdbb792726599672",
            "assign_ipv6_address_on_creation": false,
            "availability_zone": "us-west-1b",
            "availability_zone_id": "usw1-az3",
            "cidr_block": "10.0.5.0/24",
            "customer_owned_ipv4_pool": "",
            "enable_dns64": false,
            "enable_lni_at_device_index": 0,
            "enable_resource_name_dns_a_record_on_launch": false,
            "enable_resource_name_dns_aaaa_record_on_launch": false,
            "id": "subnet-0bdbb792726599672",
            "ipv6_cidr_block": "",
            "ipv6_cidr_block_association_id": "",
            "ipv6_native": false,
            "map_customer_owned_ip_on_launch": false,
            "map_public_ip_on_launch": false,
            "outpost_arn": "",
            "owner_id": "411623750878",
            "private_dns_hostname_type_on_launch": "ip-name",
            "tags": {
              "Name": "linxact-vpc-public-us-west-1b",
              "kubernetes.io/cluster/linxact-nc": "shared",
              "kubernetes.io/role/elb": "1"
            },
            "tags_all": {
              "Name": "linxact-vpc-public-us-west-1b",
              "kubernetes.io/cluster/linxact-nc": "shared",
              "kubernetes.io/role/elb": "1"
            },
            "timeouts": null,
            "vpc_id": "vpc-05d741af413740c54"
          },
          "sensitive_attributes": [],
          "private": "eyJlMmJmYjczMC1lY2FhLTExZTYtOGY4OC0zNDM2M2JjN2M0YzAiOnsiY3JlYXRlIjo2MDAwMDAwMDAwMDAsImRlbGV0ZSI6MTIwMDAwMDAwMDAwMH0sInNjaGVtYV92ZXJzaW9uIjoiMSJ9",
          "dependencies": [
            "module.eks_n_california.data.aws_availability_zones.available",
            "module.eks_n_california.module.vpc.aws_vpc.this",
            "module.eks_n_california.module.vpc.aws_vpc_ipv4_cidr_block_association.this"
          ]
        },
        {
          "index_key": 1,
          "schema_version": 1,
          "attributes": {
            "arn": "arn:aws:ec2:us-west-1:411623750878:subnet/subnet-016738f8e7ad2ec95",
            "assign_ipv6_address_on_creation": false,
            "availability_zone": "us-west-1c",
            "availability_zone_id": "usw1-az1",
            "cidr_block": "10.0.6.0/24",
            "customer_owned_ipv4_pool": "",
            "enable_dns64": false,
            "enable_lni_at_device_index": 0,
            "enable_resource_name_dns_a_record_on_launch": false,
            "enable_resource_name_dns_aaaa_record_on_launch": false,
            "id": "subnet-016738f8e7ad2ec95",
            "ipv6_cidr_block": "",
            "ipv6_cidr_block_association_id": "",
            "ipv6_native": false,
            "map_customer_owned_ip_on_launch": false,
            "map_public_ip_on_launch": false,
            "outpost_arn": "",
            "owner_id": "411623750878",
            "private_dns_hostname_type_on_launch": "ip-name",
            "tags": {
              "Name": "linxact-vpc-public-us-west-1c",
              "kubernetes.io/cluster/linxact-nc": "shared",
              "kubernetes.io/role/elb": "1"
            },
            "tags_all": {
              "Name": "linxact-vpc-public-us-west-1c",
              "kubernetes.io/cluster/linxact-nc": "shared",
              "kubernetes.io/role/elb": "1"
            },
            "timeouts": null,
            "vpc_id": "vpc-05d741af413740c54"
          },
          "sensitive_attributes": [],
          "private": "eyJlMmJmYjczMC1lY2FhLTExZTYtOGY4OC0zNDM2M2JjN2M0YzAiOnsiY3JlYXRlIjo2MDAwMDAwMDAwMDAsImRlbGV0ZSI6MTIwMDAwMDAwMDAwMH0sInNjaGVtYV92ZXJzaW9uIjoiMSJ9",
          "dependencies": [
            "module.eks_n_california.data.aws_availability_zones.available",
            "module.eks_n_california.module.vpc.aws_vpc.this",
            "module.eks_n_california.module.vpc.aws_vpc_ipv4_cidr_block_association.this"
          ]
        },
        {
          "index_key": 2,
          "schema_version": 1,
          "attributes": {
            "arn": "arn:aws:ec2:us-west-1:411623750878:subnet/subnet-0863cda83c6fbf44f",
            "assign_ipv6_address_on_creation": false,
            "availability_zone": "us-west-1b",
            "availability_zone_id": "usw1-az3",
            "cidr_block": "10.0.7.0/24",
            "customer_owned_ipv4_pool": "",
            "enable_dns64": false,
            "enable_lni_at_device_index": 0,
            "enable_resource_name_dns_a_record_on_launch": false,
            "enable_resource_name_dns_aaaa_record_on_launch": false,
            "id": "subnet-0863cda83c6fbf44f",
            "ipv6_cidr_block": "",
            "ipv6_cidr_block_association_id": "",
            "ipv6_native": false,
            "map_customer_owned_ip_on_launch": false,
            "map_public_ip_on_launch": false,
            "outpost_arn": "",
            "owner_id": "411623750878",
            "private_dns_hostname_type_on_launch": "ip-name",
            "tags": {
              "Name": "linxact-vpc-public-us-west-1b",
              "kubernetes.io/cluster/linxact-nc": "shared",
              "kubernetes.io/role/elb": "1"
            },
            "tags_all": {
              "Name": "linxact-vpc-public-us-west-1b",
              "kubernetes.io/cluster/linxact-nc": "shared",
              "kubernetes.io/role/elb": "1"
            },
            "timeouts": null,
            "vpc_id": "vpc-05d741af413740c54"
          },
          "sensitive_attributes": [],
          "private": "eyJlMmJmYjczMC1lY2FhLTExZTYtOGY4OC0zNDM2M2JjN2M0YzAiOnsiY3JlYXRlIjo2MDAwMDAwMDAwMDAsImRlbGV0ZSI6MTIwMDAwMDAwMDAwMH0sInNjaGVtYV92ZXJzaW9uIjoiMSJ9",
          "dependencies": [
            "module.eks_n_california.data.aws_availability_zones.available",
            "module.eks_n_california.module.vpc.aws_vpc.this",
            "module.eks_n_california.module.vpc.aws_vpc_ipv4_cidr_block_association.this"
          ]
        },
        {
          "index_key": 3,
          "schema_version": 1,
          "attributes": {
            "arn": "arn:aws:ec2:us-west-1:411623750878:subnet/subnet-07127f584639508bc",
            "assign_ipv6_address_on_creation": false,
            "availability_zone": "us-west-1c",
            "availability_zone_id": "usw1-az1",
            "cidr_block": "10.0.8.0/24",
            "customer_owned_ipv4_pool": "",
            "enable_dns64": false,
            "enable_lni_at_device_index": 0,
            "enable_resource_name_dns_a_record_on_launch": false,
            "enable_resource_name_dns_aaaa_record_on_launch": false,
            "id": "subnet-07127f584639508bc",
            "ipv6_cidr_block": "",
            "ipv6_cidr_block_association_id": "",
            "ipv6_native": false,
            "map_customer_owned_ip_on_launch": false,
            "map_public_ip_on_launch": false,
            "outpost_arn": "",
            "owner_id": "411623750878",
            "private_dns_hostname_type_on_launch": "ip-name",
            "tags": {
              "Name": "linxact-vpc-public-us-west-1c",
              "kubernetes.io/cluster/linxact-nc": "shared",
              "kubernetes.io/role/elb": "1"
            },
            "tags_all": {
              "Name": "linxact-vpc-public-us-west-1c",
              "kubernetes.io/cluster/linxact-nc": "shared",
              "kubernetes.io/role/elb": "1"
            },
            "timeouts": null,
            "vpc_id": "vpc-05d741af413740c54"
          },
          "sensitive_attributes": [],
          "private": "eyJlMmJmYjczMC1lY2FhLTExZTYtOGY4OC0zNDM2M2JjN2M0YzAiOnsiY3JlYXRlIjo2MDAwMDAwMDAwMDAsImRlbGV0ZSI6MTIwMDAwMDAwMDAwMH0sInNjaGVtYV92ZXJzaW9uIjoiMSJ9",
          "dependencies": [
            "module.eks_n_california.data.aws_availability_zones.available",
            "module.eks_n_california.module.vpc.aws_vpc.this",
            "module.eks_n_california.module.vpc.aws_vpc_ipv4_cidr_block_association.this"
          ]
        },
        {
          "index_key": 4,
          "schema_version": 1,
          "attributes": {
            "arn": "arn:aws:ec2:us-west-1:411623750878:subnet/subnet-09def37a7fa080d0a",
            "assign_ipv6_address_on_creation": false,
            "availability_zone": "us-west-1b",
            "availability_zone_id": "usw1-az3",
            "cidr_block": "10.0.9.0/24",
            "customer_owned_ipv4_pool": "",
            "enable_dns64": false,
            "enable_lni_at_device_index": 0,
            "enable_resource_name_dns_a_record_on_launch": false,
            "enable_resource_name_dns_aaaa_record_on_launch": false,
            "id": "subnet-09def37a7fa080d0a",
            "ipv6_cidr_block": "",
            "ipv6_cidr_block_association_id": "",
            "ipv6_native": false,
            "map_customer_owned_ip_on_launch": false,
            "map_public_ip_on_launch": false,
            "outpost_arn": "",
            "owner_id": "411623750878",
            "private_dns_hostname_type_on_launch": "ip-name",
            "tags": {
              "Name": "linxact-vpc-public-us-west-1b",
              "kubernetes.io/cluster/linxact-nc": "shared",
              "kubernetes.io/role/elb": "1"
            },
            "tags_all": {
              "Name": "linxact-vpc-public-us-west-1b",
              "kubernetes.io/cluster/linxact-nc": "shared",
              "kubernetes.io/role/elb": "1"
            },
            "timeouts": null,
            "vpc_id": "vpc-05d741af413740c54"
          },
          "sensitive_attributes": [],
          "private": "eyJlMmJmYjczMC1lY2FhLTExZTYtOGY4OC0zNDM2M2JjN2M0YzAiOnsiY3JlYXRlIjo2MDAwMDAwMDAwMDAsImRlbGV0ZSI6MTIwMDAwMDAwMDAwMH0sInNjaGVtYV92ZXJzaW9uIjoiMSJ9",
          "dependencies": [
            "module.eks_n_california.data.aws_availability_zones.available",
            "module.eks_n_california.module.vpc.aws_vpc.this",
            "module.eks_n_california.module.vpc.aws_vpc_ipv4_cidr_block_association.this"
          ]
        }
      ]
    },
    {
      "module": "module.eks_n_california[0].module.vpc",
      "mode": "managed",
      "type": "aws_vpc",
      "name": "this",
      "provider": "provider[\"registry.terraform.io/hashicorp/aws\"].n_california",
      "instances": [
        {
          "index_key": 0,
          "schema_version": 1,
          "attributes": {
            "arn": "arn:aws:ec2:us-west-1:411623750878:vpc/vpc-05d741af413740c54",
            "assign_generated_ipv6_cidr_block": false,
            "cidr_block": "10.0.0.0/16",
            "default_network_acl_id": "acl-0798cf47cf4704860",
            "default_route_table_id": "rtb-07fb234f81962fcb5",
            "default_security_group_id": "sg-0f914d506c83747e4",
            "dhcp_options_id": "dopt-ad8135ca",
            "enable_dns_hostnames": true,
            "enable_dns_support": true,
            "enable_network_address_usage_metrics": false,
            "id": "vpc-05d741af413740c54",
            "instance_tenancy": "default",
            "ipv4_ipam_pool_id": null,
            "ipv4_netmask_length": null,
            "ipv6_association_id": "",
            "ipv6_cidr_block": "",
            "ipv6_cidr_block_network_border_group": "",
            "ipv6_ipam_pool_id": "",
            "ipv6_netmask_length": 0,
            "main_route_table_id": "rtb-07fb234f81962fcb5",
            "owner_id": "411623750878",
            "tags": {
              "Name": "linxact-vpc"
            },
            "tags_all": {
              "Name": "linxact-vpc"
            }
          },
          "sensitive_attributes": [],
          "private": "eyJzY2hlbWFfdmVyc2lvbiI6IjEifQ==",
          "create_before_destroy": true
        }
      ]
    },
    {
      "module": "module.eks_n_california[0].module.vpc",
      "mode": "managed",
      "type": "aws_vpc_ipv4_cidr_block_association",
      "name": "this",
      "provider": "provider[\"registry.terraform.io/hashicorp/aws\"].n_california",
      "instances": []
    },
    {
      "module": "module.eks_n_virginia[0]",
      "mode": "data",
      "type": "aws_availability_zones",
      "name": "available",
      "provider": "provider[\"registry.terraform.io/hashicorp/aws\"].n_virginia",
      "instances": [
        {
          "schema_version": 0,
          "attributes": {
            "all_availability_zones": null,
            "exclude_names": null,
            "exclude_zone_ids": null,
            "filter": [
              {
                "name": "opt-in-status",
                "values": [
                  "opt-in-not-required"
                ]
              }
            ],
            "group_names": [
              "us-east-1"
            ],
            "id": "us-east-1",
            "names": [
              "us-east-1a",
              "us-east-1b",
              "us-east-1c",
              "us-east-1d",
              "us-east-1e",
              "us-east-1f"
            ],
            "state": null,
            "timeouts": null,
            "zone_ids": [
              "use1-az4",
              "use1-az6",
              "use1-az1",
              "use1-az2",
              "use1-az3",
              "use1-az5"
            ]
          },
          "sensitive_attributes": []
        }
      ]
    },
    {
      "module": "module.eks_n_virginia[0]",
      "mode": "managed",
      "type": "null_resource",
      "name": "merge_kubeconfig",
      "provider": "provider[\"registry.terraform.io/hashicorp/null\"]",
      "instances": [
        {
          "index_key": 0,
          "schema_version": 0,
          "attributes": {
            "id": "4571732395232250657",
            "triggers": {
              "always": "2024-01-14T21:32:06Z"
            }
          },
          "sensitive_attributes": [],
          "dependencies": [
            "module.eks_n_virginia.data.aws_availability_zones.available",
            "module.eks_n_virginia.module.eks.aws_cloudwatch_log_group.this",
            "module.eks_n_virginia.module.eks.aws_eks_cluster.this",
            "module.eks_n_virginia.module.eks.aws_iam_policy.cni_ipv6_policy",
            "module.eks_n_virginia.module.eks.aws_iam_role.this",
            "module.eks_n_virginia.module.eks.aws_iam_role_policy_attachment.this",
            "module.eks_n_virginia.module.eks.aws_security_group.cluster",
            "module.eks_n_virginia.module.eks.aws_security_group.node",
            "module.eks_n_virginia.module.eks.aws_security_group_rule.cluster",
            "module.eks_n_virginia.module.eks.aws_security_group_rule.node",
            "module.eks_n_virginia.module.eks.data.aws_caller_identity.current",
            "module.eks_n_virginia.module.eks.data.aws_iam_policy_document.assume_role_policy",
            "module.eks_n_virginia.module.eks.data.aws_iam_policy_document.cni_ipv6_policy",
            "module.eks_n_virginia.module.eks.data.aws_iam_session_context.current",
            "module.eks_n_virginia.module.eks.data.aws_partition.current",
            "module.eks_n_virginia.module.eks.module.kms.aws_kms_external_key.this",
            "module.eks_n_virginia.module.eks.module.kms.aws_kms_key.this",
            "module.eks_n_virginia.module.eks.module.kms.data.aws_caller_identity.current",
            "module.eks_n_virginia.module.eks.module.kms.data.aws_iam_policy_document.this",
            "module.eks_n_virginia.module.eks.module.kms.data.aws_partition.current",
            "module.eks_n_virginia.module.vpc.aws_subnet.private",
            "module.eks_n_virginia.module.vpc.aws_vpc.this",
            "module.eks_n_virginia.module.vpc.aws_vpc_ipv4_cidr_block_association.this"
          ]
        }
      ]
    },
    {
      "module": "module.eks_n_virginia[0]",
      "mode": "managed",
      "type": "random_string",
      "name": "suffix",
      "provider": "provider[\"registry.terraform.io/hashicorp/random\"]",
      "instances": [
        {
          "schema_version": 2,
          "attributes": {
            "id": "ebTVrChD",
            "keepers": null,
            "length": 8,
            "lower": true,
            "min_lower": 0,
            "min_numeric": 0,
            "min_special": 0,
            "min_upper": 0,
            "number": true,
            "numeric": true,
            "override_special": null,
            "result": "ebTVrChD",
            "special": false,
            "upper": true
          },
          "sensitive_attributes": []
        }
      ]
    },
    {
      "module": "module.eks_n_virginia[0].module.eks",
      "mode": "data",
      "type": "aws_caller_identity",
      "name": "current",
      "provider": "provider[\"registry.terraform.io/hashicorp/aws\"].n_virginia",
      "instances": [
        {
          "schema_version": 0,
          "attributes": {
            "account_id": "411623750878",
            "arn": "arn:aws:iam::411623750878:user/olexiy",
            "id": "411623750878",
            "user_id": "AIDAV7VVP7TPJ6HRCC3PA"
          },
          "sensitive_attributes": []
        }
      ]
    },
    {
      "module": "module.eks_n_virginia[0].module.eks",
      "mode": "data",
      "type": "aws_iam_policy_document",
      "name": "assume_role_policy",
      "provider": "provider[\"registry.terraform.io/hashicorp/aws\"].n_virginia",
      "instances": [
        {
          "index_key": 0,
          "schema_version": 0,
          "attributes": {
            "id": "2764486067",
            "json": "{\n  \"Version\": \"2012-10-17\",\n  \"Statement\": [\n    {\n      \"Sid\": \"EKSClusterAssumeRole\",\n      \"Effect\": \"Allow\",\n      \"Action\": \"sts:AssumeRole\",\n      \"Principal\": {\n        \"Service\": \"eks.amazonaws.com\"\n      }\n    }\n  ]\n}",
            "override_policy_documents": null,
            "policy_id": null,
            "source_policy_documents": null,
            "statement": [
              {
                "actions": [
                  "sts:AssumeRole"
                ],
                "condition": [],
                "effect": "Allow",
                "not_actions": [],
                "not_principals": [],
                "not_resources": [],
                "principals": [
                  {
                    "identifiers": [
                      "eks.amazonaws.com"
                    ],
                    "type": "Service"
                  }
                ],
                "resources": [],
                "sid": "EKSClusterAssumeRole"
              }
            ],
            "version": "2012-10-17"
          },
          "sensitive_attributes": []
        }
      ]
    },
    {
      "module": "module.eks_n_virginia[0].module.eks",
      "mode": "data",
      "type": "aws_iam_policy_document",
      "name": "cni_ipv6_policy",
      "provider": "provider[\"registry.terraform.io/hashicorp/aws\"].n_virginia",
      "instances": []
    },
    {
      "module": "module.eks_n_virginia[0].module.eks",
      "mode": "data",
      "type": "aws_iam_session_context",
      "name": "current",
      "provider": "provider[\"registry.terraform.io/hashicorp/aws\"].n_virginia",
      "instances": [
        {
          "schema_version": 0,
          "attributes": {
            "arn": "arn:aws:iam::411623750878:user/olexiy",
            "id": "arn:aws:iam::411623750878:user/olexiy",
            "issuer_arn": "arn:aws:iam::411623750878:user/olexiy",
            "issuer_id": "",
            "issuer_name": "",
            "session_name": ""
          },
          "sensitive_attributes": []
        }
      ]
    },
    {
      "module": "module.eks_n_virginia[0].module.eks",
      "mode": "data",
      "type": "aws_partition",
      "name": "current",
      "provider": "provider[\"registry.terraform.io/hashicorp/aws\"].n_virginia",
      "instances": [
        {
          "schema_version": 0,
          "attributes": {
            "dns_suffix": "amazonaws.com",
            "id": "aws",
            "partition": "aws",
            "reverse_dns_prefix": "com.amazonaws"
          },
          "sensitive_attributes": []
        }
      ]
    },
    {
      "module": "module.eks_n_virginia[0].module.eks",
      "mode": "data",
      "type": "tls_certificate",
      "name": "this",
      "provider": "provider[\"registry.terraform.io/hashicorp/tls\"]",
      "instances": [
        {
          "index_key": 0,
          "schema_version": 0,
          "attributes": {
            "certificates": [
              {
                "cert_pem": "-----BEGIN CERTIFICATE-----\nMIIEdTCCA12gAwIBAgIJAKcOSkw0grd/MA0GCSqGSIb3DQEBCwUAMGgxCzAJBgNV\nBAYTAlVTMSUwIwYDVQQKExxTdGFyZmllbGQgVGVjaG5vbG9naWVzLCBJbmMuMTIw\nMAYDVQQLEylTdGFyZmllbGQgQ2xhc3MgMiBDZXJ0aWZpY2F0aW9uIEF1dGhvcml0\neTAeFw0wOTA5MDIwMDAwMDBaFw0zNDA2MjgxNzM5MTZaMIGYMQswCQYDVQQGEwJV\nUzEQMA4GA1UECBMHQXJpem9uYTETMBEGA1UEBxMKU2NvdHRzZGFsZTElMCMGA1UE\nChMcU3RhcmZpZWxkIFRlY2hub2xvZ2llcywgSW5jLjE7MDkGA1UEAxMyU3RhcmZp\nZWxkIFNlcnZpY2VzIFJvb3QgQ2VydGlmaWNhdGUgQXV0aG9yaXR5IC0gRzIwggEi\nMA0GCSqGSIb3DQEBAQUAA4IBDwAwggEKAoIBAQDVDDrEKvlO4vW+GZdfjohTsR8/\ny8+fIBNtKTrID30892t2OGPZNmCom15cAICyL1l/9of5JUOG52kbUpqQ4XHj2C0N\nTm/2yEnZtvMaVq4rtnQU68/7JuMauh2WLmo7WJSJR1b/JaCTcFOD2oR0FMNnngRo\nOt+OQFodSk7PQ5E751bWAHDLUu57fa4657wx+UX2wmDPE1kCK4DMNEffud6QZW0C\nzyyRpqbn3oUYSXxmTqM6bam17jQuug0DuDPfR+uxa40l2ZvOgdFFRjKWcIfeAg5J\nQ4W2bHO7ZOphQazJ1FTfhy/HIrImzJ9ZVGif/L4qL8RVHHVAYBeFAlU5i38FAgMB\nAAGjgfAwge0wDwYDVR0TAQH/BAUwAwEB/zAOBgNVHQ8BAf8EBAMCAYYwHQYDVR0O\nBBYEFJxfAN+qAdcwKziIorhtSpzyEZGDMB8GA1UdIwQYMBaAFL9ft9HO3R+G9FtV\nrNzXEMIOqYjnME8GCCsGAQUFBwEBBEMwQTAcBggrBgEFBQcwAYYQaHR0cDovL28u\nc3MyLnVzLzAhBggrBgEFBQcwAoYVaHR0cDovL3guc3MyLnVzL3guY2VyMCYGA1Ud\nHwQfMB0wG6AZoBeGFWh0dHA6Ly9zLnNzMi51cy9yLmNybDARBgNVHSAECjAIMAYG\nBFUdIAAwDQYJKoZIhvcNAQELBQADggEBACMd44pXyn3pF3lM8R5V/cxTbj5HD9/G\nVfKyBDbtgB9TxF00KGu+x1X8Z+rLP3+QsjPNG1gQggL4+C/1E2DUBc7xgQjB3ad1\nl08YuW3e95ORCLp+QCztweq7dp4zBncdDQh/U90bZKuCJ/Fp1U1ervShw3WnWEQt\n8jxwmKy6abaVd38PMV4s/KCHOkdp8Hlf9BRUpJVeEXgSYCfOn8J3/yNTd126/+pZ\n59vPr5KW7ySaNRB6nJHGDn2Z9j8Z3/VyVOEVqQdZe4O/Ui5GjLIAZHYcSNPYeehu\nVsyuLAOQ1xk4meTKCRlb/weWsKh/NEnfVqn3sF/tM+2MR7cwA130A4w=\n-----END CERTIFICATE-----\n",
                "is_ca": true,
                "issuer": "OU=Starfield Class 2 Certification Authority,O=Starfield Technologies\\, Inc.,C=US",
                "not_after": "2034-06-28T17:39:16Z",
                "not_before": "2009-09-02T00:00:00Z",
                "public_key_algorithm": "RSA",
                "serial_number": "12037640545166866303",
                "sha1_fingerprint": "9e99a48a9960b14926bb7f3b02e22da2b0ab7280",
                "signature_algorithm": "SHA256-RSA",
                "subject": "CN=Starfield Services Root Certificate Authority - G2,O=Starfield Technologies\\, Inc.,L=Scottsdale,ST=Arizona,C=US",
                "version": 3
              },
              {
                "cert_pem": "-----BEGIN CERTIFICATE-----\nMIIEkjCCA3qgAwIBAgITBn+USionzfP6wq4rAfkI7rnExjANBgkqhkiG9w0BAQsF\nADCBmDELMAkGA1UEBhMCVVMxEDAOBgNVBAgTB0FyaXpvbmExEzARBgNVBAcTClNj\nb3R0c2RhbGUxJTAjBgNVBAoTHFN0YXJmaWVsZCBUZWNobm9sb2dpZXMsIEluYy4x\nOzA5BgNVBAMTMlN0YXJmaWVsZCBTZXJ2aWNlcyBSb290IENlcnRpZmljYXRlIEF1\ndGhvcml0eSAtIEcyMB4XDTE1MDUyNTEyMDAwMFoXDTM3MTIzMTAxMDAwMFowOTEL\nMAkGA1UEBhMCVVMxDzANBgNVBAoTBkFtYXpvbjEZMBcGA1UEAxMQQW1hem9uIFJv\nb3QgQ0EgMTCCASIwDQYJKoZIhvcNAQEBBQADggEPADCCAQoCggEBALJ4gHHKeNXj\nca9HgFB0fW7Y14h29Jlo91ghYPl0hAEvrAIthtOgQ3pOsqTQNroBvo3bSMgHFzZM\n9O6II8c+6zf1tRn4SWiw3te5djgdYZ6k/oI2peVKVuRF4fn9tBb6dNqcmzU5L/qw\nIFAGbHrQgLKm+a/sRxmPUDgH3KKHOVj4utWp+UhnMJbulHheb4mjUcAwhmahRWa6\nVOujw5H5SNz/0egwLX0tdHA114gk957EWW67c4cX8jJGKLhD+rcdqsq08p8kDi1L\n93FcXmn/6pUCyziKrlA4b9v7LWIbxcceVOF34GfID5yHI9Y/QCB/IIDEgEw+OyQm\njgSubJrIqg0CAwEAAaOCATEwggEtMA8GA1UdEwEB/wQFMAMBAf8wDgYDVR0PAQH/\nBAQDAgGGMB0GA1UdDgQWBBSEGMyFNOy8DJSULghZnMeyEE4KCDAfBgNVHSMEGDAW\ngBScXwDfqgHXMCs4iKK4bUqc8hGRgzB4BggrBgEFBQcBAQRsMGowLgYIKwYBBQUH\nMAGGImh0dHA6Ly9vY3NwLnJvb3RnMi5hbWF6b250cnVzdC5jb20wOAYIKwYBBQUH\nMAKGLGh0dHA6Ly9jcnQucm9vdGcyLmFtYXpvbnRydXN0LmNvbS9yb290ZzIuY2Vy\nMD0GA1UdHwQ2MDQwMqAwoC6GLGh0dHA6Ly9jcmwucm9vdGcyLmFtYXpvbnRydXN0\nLmNvbS9yb290ZzIuY3JsMBEGA1UdIAQKMAgwBgYEVR0gADANBgkqhkiG9w0BAQsF\nAAOCAQEAYjdCXLwQtT6LLOkMm2xF4gcAevnFWAu5CIw+7bMlPLVvUOTNNWqnkzSW\nMiGpSESrnO09tKpzbeR/FoCJbM8oAxiDR3mjEH4wW6w7sGDgd9QIpuEdfF7Au/ma\neyKdpwAJfqxGF4PcnCZXmTA5YpaP7dreqsXMGz7KQ2hsVxa81Q4gLv7/wmpdLqBK\nbRRYh5TmOTFffHPLkIhqhBGWJ6bt2YFGpn6jcgAKUj6DiAdjd4lpFw85hdKrCEVN\n0FE6/V1dN2RMfjCyVSRCnTawXZwXgWHxyvkQAiSr6w10kY17RSlQOYiypok1JR4U\nakcjMS9cmvqtmg5iUaQqqcT5NJ0hGA==\n-----END CERTIFICATE-----\n",
                "is_ca": true,
                "issuer": "CN=Starfield Services Root Certificate Authority - G2,O=Starfield Technologies\\, Inc.,L=Scottsdale,ST=Arizona,C=US",
                "not_after": "2037-12-31T01:00:00Z",
                "not_before": "2015-05-25T12:00:00Z",
                "public_key_algorithm": "RSA",
                "serial_number": "144918191876577076464031512351042010504348870",
                "sha1_fingerprint": "06b25927c42a721631c1efd9431e648fa62e1e39",
                "signature_algorithm": "SHA256-RSA",
                "subject": "CN=Amazon Root CA 1,O=Amazon,C=US",
                "version": 3
              },
              {
                "cert_pem": "-----BEGIN CERTIFICATE-----\nMIIEXjCCA0agAwIBAgITB3MSSkvL1E7HtTvq8ZSELToPoTANBgkqhkiG9w0BAQsF\nADA5MQswCQYDVQQGEwJVUzEPMA0GA1UEChMGQW1hem9uMRkwFwYDVQQDExBBbWF6\nb24gUm9vdCBDQSAxMB4XDTIyMDgyMzIyMjUzMFoXDTMwMDgyMzIyMjUzMFowPDEL\nMAkGA1UEBhMCVVMxDzANBgNVBAoTBkFtYXpvbjEcMBoGA1UEAxMTQW1hem9uIFJT\nQSAyMDQ4IE0wMjCCASIwDQYJKoZIhvcNAQEBBQADggEPADCCAQoCggEBALtDGMZa\nqHneKei1by6+pUPPLljTB143Si6VpEWPc6mSkFhZb/6qrkZyoHlQLbDYnI2D7hD0\nsdzEqfnuAjIsuXQLG3A8TvX6V3oFNBFVe8NlLJHvBseKY88saLwufxkZVwk74g4n\nWlNMXzla9Y5F3wwRHwMVH443xGz6UtGSZSqQ94eFx5X7Tlqt8whi8qCaKdZ5rNak\n+r9nUThOeClqFd4oXych//Rc7Y0eX1KNWHYSI1Nk31mYgiK3JvH063g+K9tHA63Z\neTgKgndlh+WI+zv7i44HepRZjA1FYwYZ9Vv/9UkC5Yz8/yU65fgjaE+wVHM4e/Yy\nC2osrPWE7gJ+dXMCAwEAAaOCAVowggFWMBIGA1UdEwEB/wQIMAYBAf8CAQAwDgYD\nVR0PAQH/BAQDAgGGMB0GA1UdJQQWMBQGCCsGAQUFBwMBBggrBgEFBQcDAjAdBgNV\nHQ4EFgQUwDFSzVpQw4J8dHHOy+mc+XrrguIwHwYDVR0jBBgwFoAUhBjMhTTsvAyU\nlC4IWZzHshBOCggwewYIKwYBBQUHAQEEbzBtMC8GCCsGAQUFBzABhiNodHRwOi8v\nb2NzcC5yb290Y2ExLmFtYXpvbnRydXN0LmNvbTA6BggrBgEFBQcwAoYuaHR0cDov\nL2NydC5yb290Y2ExLmFtYXpvbnRydXN0LmNvbS9yb290Y2ExLmNlcjA/BgNVHR8E\nODA2MDSgMqAwhi5odHRwOi8vY3JsLnJvb3RjYTEuYW1hem9udHJ1c3QuY29tL3Jv\nb3RjYTEuY3JsMBMGA1UdIAQMMAowCAYGZ4EMAQIBMA0GCSqGSIb3DQEBCwUAA4IB\nAQAtTi6Fs0Azfi+iwm7jrz+CSxHH+uHl7Law3MQSXVtR8RV53PtR6r/6gNpqlzdo\nZq4FKbADi1v9Bun8RY8D51uedRfjsbeodizeBB8nXmeyD33Ep7VATj4ozcd31YFV\nfgRhvTSxNrrTlNpWkUk0m3BMPv8sg381HhA6uEYokE5q9uws/3YkKqRiEz3TsaWm\nJqIRZhMbgAfp7O7FUwFIb7UIspogZSKxPIWJpxiPo3TcBambbVtQOcNRWz5qCQdD\nslI2yayq0n2TXoHyNCLEH8rpsJRVILFsg0jc7BaFrMnF462+ajSehgj12IidNeRN\n4zl+EoNaWdpnWndvSpAEkq2P\n-----END CERTIFICATE-----\n",
                "is_ca": true,
                "issuer": "CN=Amazon Root CA 1,O=Amazon,C=US",
                "not_after": "2030-08-23T22:25:30Z",
                "not_before": "2022-08-23T22:25:30Z",
                "public_key_algorithm": "RSA",
                "serial_number": "166129353110899469622597955040406457904926625",
                "sha1_fingerprint": "414a2060b738c635cc7fc243e052615592830c53",
                "signature_algorithm": "SHA256-RSA",
                "subject": "CN=Amazon RSA 2048 M02,O=Amazon,C=US",
                "version": 3
              },
              {
                "cert_pem": "-----BEGIN CERTIFICATE-----\nMIIF7DCCBNSgAwIBAgIQByOkjeOvl//8xMrhlZkruzANBgkqhkiG9w0BAQsFADA8\nMQswCQYDVQQGEwJVUzEPMA0GA1UEChMGQW1hem9uMRwwGgYDVQQDExNBbWF6b24g\nUlNBIDIwNDggTTAyMB4XDTIzMDUxMzAwMDAwMFoXDTI0MDYxMDIzNTk1OVowKzEp\nMCcGA1UEAxMgb2lkYy5la3MudXMtZWFzdC0xLmFtYXpvbmF3cy5jb20wggEiMA0G\nCSqGSIb3DQEBAQUAA4IBDwAwggEKAoIBAQClT+mO1HZk/Gp/3sS6BO8QDhG0yK53\nE11wkdlUn9HEomcqZ2VVhbEG4ahOZY5MLUqIQViMswUueYFov57zyGnPSnH0IrMu\nmL3/dqxEwP96VPm5ZgbjCfartRfJcuYmmMCoWxocMdTq09ECEjawt47i4FmOLJmH\n+UUnisQgHMvPHtCrfL1WYAgdN3ls4meIFkS1CVHLmoCG9MuponJu3+uqw9UHxPZz\nvGLezHUUSzLE0+b+1Wd6DAPJBZmCa+PBweaRfrlqhhgW+QHcCK7XxlfwMxvzwmdv\nicOBHF7SJM/o3opUvrUf/XJCtCDHuv0GQNxyCcpJImQJ4Ae0MtEihY/rAgMBAAGj\nggL5MIIC9TAfBgNVHSMEGDAWgBTAMVLNWlDDgnx0cc7L6Zz5euuC4jAdBgNVHQ4E\nFgQUeamiamg4o8YroTJziJnlxHJnDdEwKwYDVR0RBCQwIoIgb2lkYy5la3MudXMt\nZWFzdC0xLmFtYXpvbmF3cy5jb20wDgYDVR0PAQH/BAQDAgWgMB0GA1UdJQQWMBQG\nCCsGAQUFBwMBBggrBgEFBQcDAjA7BgNVHR8ENDAyMDCgLqAshipodHRwOi8vY3Js\nLnIybTAyLmFtYXpvbnRydXN0LmNvbS9yMm0wMi5jcmwwEwYDVR0gBAwwCjAIBgZn\ngQwBAgEwdQYIKwYBBQUHAQEEaTBnMC0GCCsGAQUFBzABhiFodHRwOi8vb2NzcC5y\nMm0wMi5hbWF6b250cnVzdC5jb20wNgYIKwYBBQUHMAKGKmh0dHA6Ly9jcnQucjJt\nMDIuYW1hem9udHJ1c3QuY29tL3IybTAyLmNlcjAMBgNVHRMBAf8EAjAAMIIBfgYK\nKwYBBAHWeQIEAgSCAW4EggFqAWgAdgDuzdBk1dsazsVct520zROiModGfLzs3sNR\nSFlGcR+1mwAAAYgTgMKgAAAEAwBHMEUCIHtTzRueHJdgA2Wq32YkXNXRJ1ZRD2uC\nQCn025Jin2hCAiEAlV/lCQaMq1JoBRlULDV7n9f/VS8+xyJSVgMFRFwFtzsAdgBI\nsONr2qZHNA/lagL6nTDrHFIBy1bdLIHZu7+rOdiEcwAAAYgTgMLXAAAEAwBHMEUC\nIAKsJE1jj4gpyaa2VgkbHFszMoco2rABil1iy2YvVzmTAiEAsuzpO1atz7WIx1CM\nMU9iMqq58yDpLhjQFktRuWamDlsAdgDatr9rP7W2Ip+bwrtca+hwkXFsu1GEhTS9\npD0wSNf7qwAAAYgTgMKjAAAEAwBHMEUCIHuwITeM92ncsbOvXgXPQjLHDLgReknJ\nTUoo4uIlPetJAiEApQ3W+NHlj6/RhckoAxGn4zE1alq+Y3Bk3JUFAvDrR78wDQYJ\nKoZIhvcNAQELBQADggEBAFNUUzuzuuDQMUvefHzllQPg/zbGNeDRZeOomSl1FrxS\nFJ0CA2vznfoTXAJLS2/aWlQT9mR3h6WlxI5XSUaLrzcZi94F+l6Ixn8DJUhfgf+O\nZUxtmBX91AEQ1ccU+Odj2ILrWdSs28J82ODoPlkJ6OqIYo+kEXrUwy8SM2N9iFJw\nHgZNOwzPQ2Ox/ozlRh6/6OUgYZ84j343BoDnNbTQijLBe6HL4pVw4nPKWrUQnTot\nxMymAcBknnb4X4TcmEoJ0CrB1H6FKfe8yASCLjwSC72Os9ADyADMZqTUSOH1V8Vh\nR3Zv4DlLItu8BHaE59teueLM9AW1PBFMci5JiYrgLEM=\n-----END CERTIFICATE-----\n",
                "is_ca": false,
                "issuer": "CN=Amazon RSA 2048 M02,O=Amazon,C=US",
                "not_after": "2024-06-10T23:59:59Z",
                "not_before": "2023-05-13T00:00:00Z",
                "public_key_algorithm": "RSA",
                "serial_number": "9489663917354420509896793514074254267",
                "sha1_fingerprint": "aaa68bb211d468db8a8a19561ccba2e4043dcc80",
                "signature_algorithm": "SHA256-RSA",
                "subject": "CN=oidc.eks.us-east-1.amazonaws.com",
                "version": 3
              }
            ],
            "content": null,
            "id": "5933588ce34e24e9fb40c3565fb0b5993639df67",
            "url": "https://oidc.eks.us-east-1.amazonaws.com/id/A6DAF94577FB43F0706749FC905F07BD",
            "verify_chain": true
          },
          "sensitive_attributes": []
        }
      ]
    },
    {
      "module": "module.eks_n_virginia[0].module.eks",
      "mode": "managed",
      "type": "aws_cloudwatch_log_group",
      "name": "this",
      "provider": "provider[\"registry.terraform.io/hashicorp/aws\"].n_virginia",
      "instances": [
        {
          "index_key": 0,
          "schema_version": 0,
          "attributes": {
            "arn": "arn:aws:logs:us-east-1:411623750878:log-group:/aws/eks/linxact-nv/cluster",
            "id": "/aws/eks/linxact-nv/cluster",
            "kms_key_id": "",
            "name": "/aws/eks/linxact-nv/cluster",
            "name_prefix": "",
            "retention_in_days": 90,
            "skip_destroy": false,
            "tags": {
              "Name": "/aws/eks/linxact-nv/cluster"
            },
            "tags_all": {
              "Name": "/aws/eks/linxact-nv/cluster"
            }
          },
          "sensitive_attributes": [],
          "private": "bnVsbA=="
        }
      ]
    },
    {
      "module": "module.eks_n_virginia[0].module.eks",
      "mode": "managed",
      "type": "aws_eks_cluster",
      "name": "this",
      "provider": "provider[\"registry.terraform.io/hashicorp/aws\"].n_virginia",
      "instances": [
        {
          "index_key": 0,
          "schema_version": 0,
          "attributes": {
            "arn": "arn:aws:eks:us-east-1:411623750878:cluster/linxact-nv",
            "certificate_authority": [
              {
                "data": "LS0tLS1CRUdJTiBDRVJUSUZJQ0FURS0tLS0tCk1JSURCVENDQWUyZ0F3SUJBZ0lJSlg1SGxnQ3FMU0F3RFFZSktvWklodmNOQVFFTEJRQXdGVEVUTUJFR0ExVUUKQXhNS2EzVmlaWEp1WlhSbGN6QWVGdzB5TkRBeE1UUXlNVEl5TXpWYUZ3MHpOREF4TVRFeU1USTNNelZhTUJVeApFekFSQmdOVkJBTVRDbXQxWW1WeWJtVjBaWE13Z2dFaU1BMEdDU3FHU0liM0RRRUJBUVVBQTRJQkR3QXdnZ0VLCkFvSUJBUURHeHJDdnBWcFNJS1AyanNTTWRvM0J3UFlYbVFtalRJYkJDRHZtUVBxY3U0QUw5djk3YTdCWGRoY0oKeERLYXVTSTR2d29KdU9SaXI5dUd6VVcwWDR0dEp6MHJEbEdzZDlkS1V4WWI0ekRQVXYxVERMY3hqdmREdUpXTAp3eGNIYzlwejFiOCt3R0ZOd3VZRU8zTU1qWG0rcjZ0MUszTHlIdnNVOUxtWUorMTk0bW16eG5sdVRoY1pzNnhoCnU2dkZEa295U20xajRVVzNBYlp6M2s1US9nMjBOc0VNRmtadE1vajhFVmowaVZkQXdHeUt5RmswQ3NpdzBnR1cKTmFXN1pYS3lCaHZURlVtV0Ftc2FBMGE1ZTh3UkxKRlhsL1hPNnR4VklXQkdSckJTSXFaUERPK0VFKzUwRFpCRApJMnp1d1psVWkyMURkK1pUd201b1hVaS9vMklYQWdNQkFBR2pXVEJYTUE0R0ExVWREd0VCL3dRRUF3SUNwREFQCkJnTlZIUk1CQWY4RUJUQURBUUgvTUIwR0ExVWREZ1FXQkJRS0RWZkZKRW5vem1ncFhTQjdpMUpaOWM5VEp6QVYKQmdOVkhSRUVEakFNZ2dwcmRXSmxjbTVsZEdWek1BMEdDU3FHU0liM0RRRUJDd1VBQTRJQkFRQmt2bit5V2JobgpxUU9GS1ZiV1liRktkQ3BtT1VTdVY2QWhuY3NmNjU0eXU4KzhOUCs0b2hFdm1uTTRpTmpkUFJNMkFoaTRrRnpaCjB0ZXBGSU1GYy9KSnhxYUwwbDMvUFp6NXRkT1VnaVJwVkJnbEZuUWxxdldEM1ZEMkhQcmZDTXZWR3Z4ZnJBNEoKOEVSMEFXUnYxRUVkeWdoR0pOVkZnZkkxVDZWbi9lVmh4VFRRalYvVEtHNXlDS29uRjhMd2IyaWE4NVM4dXRuZgplNEZVc0J1dzNkK0FKMWpBVDQzeFBHSFJmKzI0eDFSTkVhZmE2a3pPZU5YeksvM3FCNFBKQXI1cVM5MlF5M2VpCmlPNGZxQlVjUFgraHNrWDArOHU4QkZFTENxSGZaOHJSWGFlV0w2d2taTWFkeTJDTG9SdlJiN3ZKbkljSTgxT0IKS3VTOFdzVlJmZlNhCi0tLS0tRU5EIENFUlRJRklDQVRFLS0tLS0K"
              }
            ],
            "cluster_id": null,
            "created_at": "2024-01-14 21:22:15.125 +0000 UTC",
            "enabled_cluster_log_types": [
              "api",
              "audit",
              "authenticator"
            ],
            "encryption_config": [
              {
                "provider": [
                  {
                    "key_arn": "arn:aws:kms:us-east-1:411623750878:key/c33b9304-12fa-47b5-b827-31766db8aae2"
                  }
                ],
                "resources": [
                  "secrets"
                ]
              }
            ],
            "endpoint": "https://A6DAF94577FB43F0706749FC905F07BD.gr7.us-east-1.eks.amazonaws.com",
            "id": "linxact-nv",
            "identity": [
              {
                "oidc": [
                  {
                    "issuer": "https://oidc.eks.us-east-1.amazonaws.com/id/A6DAF94577FB43F0706749FC905F07BD"
                  }
                ]
              }
            ],
            "kubernetes_network_config": [
              {
                "ip_family": "ipv4",
                "service_ipv4_cidr": "172.20.0.0/16",
                "service_ipv6_cidr": ""
              }
            ],
            "name": "linxact-nv",
            "outpost_config": [],
            "platform_version": "eks.7",
            "role_arn": "arn:aws:iam::411623750878:role/linxact-nv-cluster-20240114212122184900000001",
            "status": "ACTIVE",
            "tags": null,
            "tags_all": {},
            "timeouts": {
              "create": null,
              "delete": null,
              "update": null
            },
            "version": "1.28",
            "vpc_config": [
              {
                "cluster_security_group_id": "sg-09c4e7594dcc38427",
                "endpoint_private_access": true,
                "endpoint_public_access": true,
                "public_access_cidrs": [
                  "0.0.0.0/0"
                ],
                "security_group_ids": [
                  "sg-0343a0e4904d10e01"
                ],
                "subnet_ids": [
                  "subnet-009e3d9df68ca5173",
                  "subnet-0108ed1f5f6bcffef",
                  "subnet-02896eae9b5a813c2",
                  "subnet-04af44c7541fcb547",
                  "subnet-0d076186d6882167b"
                ],
                "vpc_id": "vpc-0714fc0116ae2937f"
              }
            ]
          },
          "sensitive_attributes": [],
          "private": "eyJlMmJmYjczMC1lY2FhLTExZTYtOGY4OC0zNDM2M2JjN2M0YzAiOnsiY3JlYXRlIjoxODAwMDAwMDAwMDAwLCJkZWxldGUiOjkwMDAwMDAwMDAwMCwidXBkYXRlIjozNjAwMDAwMDAwMDAwfX0=",
          "dependencies": [
            "module.eks_n_virginia.data.aws_availability_zones.available",
            "module.eks_n_virginia.module.eks.aws_cloudwatch_log_group.this",
            "module.eks_n_virginia.module.eks.aws_iam_policy.cni_ipv6_policy",
            "module.eks_n_virginia.module.eks.aws_iam_role.this",
            "module.eks_n_virginia.module.eks.aws_iam_role_policy_attachment.this",
            "module.eks_n_virginia.module.eks.aws_security_group.cluster",
            "module.eks_n_virginia.module.eks.aws_security_group.node",
            "module.eks_n_virginia.module.eks.aws_security_group_rule.cluster",
            "module.eks_n_virginia.module.eks.aws_security_group_rule.node",
            "module.eks_n_virginia.module.eks.data.aws_caller_identity.current",
            "module.eks_n_virginia.module.eks.data.aws_iam_policy_document.assume_role_policy",
            "module.eks_n_virginia.module.eks.data.aws_iam_policy_document.cni_ipv6_policy",
            "module.eks_n_virginia.module.eks.data.aws_iam_session_context.current",
            "module.eks_n_virginia.module.eks.data.aws_partition.current",
            "module.eks_n_virginia.module.eks.module.kms.aws_kms_external_key.this",
            "module.eks_n_virginia.module.eks.module.kms.aws_kms_key.this",
            "module.eks_n_virginia.module.eks.module.kms.data.aws_caller_identity.current",
            "module.eks_n_virginia.module.eks.module.kms.data.aws_iam_policy_document.this",
            "module.eks_n_virginia.module.eks.module.kms.data.aws_partition.current",
            "module.eks_n_virginia.module.vpc.aws_subnet.private",
            "module.eks_n_virginia.module.vpc.aws_vpc.this",
            "module.eks_n_virginia.module.vpc.aws_vpc_ipv4_cidr_block_association.this"
          ]
        }
      ]
    },
    {
      "module": "module.eks_n_virginia[0].module.eks",
      "mode": "managed",
      "type": "aws_iam_openid_connect_provider",
      "name": "oidc_provider",
      "provider": "provider[\"registry.terraform.io/hashicorp/aws\"].n_virginia",
      "instances": [
        {
          "index_key": 0,
          "schema_version": 0,
          "attributes": {
            "arn": "arn:aws:iam::411623750878:oidc-provider/oidc.eks.us-east-1.amazonaws.com/id/A6DAF94577FB43F0706749FC905F07BD",
            "client_id_list": [
              "sts.amazonaws.com"
            ],
            "id": "arn:aws:iam::411623750878:oidc-provider/oidc.eks.us-east-1.amazonaws.com/id/A6DAF94577FB43F0706749FC905F07BD",
            "tags": {
              "Name": "linxact-nv-eks-irsa"
            },
            "tags_all": {
              "Name": "linxact-nv-eks-irsa"
            },
            "thumbprint_list": [
              "9e99a48a9960b14926bb7f3b02e22da2b0ab7280",
              "06b25927c42a721631c1efd9431e648fa62e1e39",
              "414a2060b738c635cc7fc243e052615592830c53",
              "aaa68bb211d468db8a8a19561ccba2e4043dcc80"
            ],
            "url": "oidc.eks.us-east-1.amazonaws.com/id/A6DAF94577FB43F0706749FC905F07BD"
          },
          "sensitive_attributes": [],
          "private": "bnVsbA==",
          "dependencies": [
            "module.eks_n_virginia.data.aws_availability_zones.available",
            "module.eks_n_virginia.module.eks.aws_cloudwatch_log_group.this",
            "module.eks_n_virginia.module.eks.aws_eks_cluster.this",
            "module.eks_n_virginia.module.eks.aws_iam_policy.cni_ipv6_policy",
            "module.eks_n_virginia.module.eks.aws_iam_role.this",
            "module.eks_n_virginia.module.eks.aws_iam_role_policy_attachment.this",
            "module.eks_n_virginia.module.eks.aws_security_group.cluster",
            "module.eks_n_virginia.module.eks.aws_security_group.node",
            "module.eks_n_virginia.module.eks.aws_security_group_rule.cluster",
            "module.eks_n_virginia.module.eks.aws_security_group_rule.node",
            "module.eks_n_virginia.module.eks.data.aws_caller_identity.current",
            "module.eks_n_virginia.module.eks.data.aws_iam_policy_document.assume_role_policy",
            "module.eks_n_virginia.module.eks.data.aws_iam_policy_document.cni_ipv6_policy",
            "module.eks_n_virginia.module.eks.data.aws_iam_session_context.current",
            "module.eks_n_virginia.module.eks.data.aws_partition.current",
            "module.eks_n_virginia.module.eks.data.tls_certificate.this",
            "module.eks_n_virginia.module.eks.module.kms.aws_kms_external_key.this",
            "module.eks_n_virginia.module.eks.module.kms.aws_kms_key.this",
            "module.eks_n_virginia.module.eks.module.kms.data.aws_caller_identity.current",
            "module.eks_n_virginia.module.eks.module.kms.data.aws_iam_policy_document.this",
            "module.eks_n_virginia.module.eks.module.kms.data.aws_partition.current",
            "module.eks_n_virginia.module.vpc.aws_subnet.private",
            "module.eks_n_virginia.module.vpc.aws_vpc.this",
            "module.eks_n_virginia.module.vpc.aws_vpc_ipv4_cidr_block_association.this"
          ]
        }
      ]
    },
    {
      "module": "module.eks_n_virginia[0].module.eks",
      "mode": "managed",
      "type": "aws_iam_policy",
      "name": "cluster_encryption",
      "provider": "provider[\"registry.terraform.io/hashicorp/aws\"].n_virginia",
      "instances": [
        {
          "index_key": 0,
          "schema_version": 0,
          "attributes": {
            "arn": "arn:aws:iam::411623750878:policy/linxact-nv-cluster-ClusterEncryption20240114212152803600000006",
            "description": "Cluster encryption policy to allow cluster role to utilize CMK provided",
            "id": "arn:aws:iam::411623750878:policy/linxact-nv-cluster-ClusterEncryption20240114212152803600000006",
            "name": "linxact-nv-cluster-ClusterEncryption20240114212152803600000006",
            "name_prefix": "linxact-nv-cluster-ClusterEncryption",
            "path": "/",
            "policy": "{\"Statement\":[{\"Action\":[\"kms:Encrypt\",\"kms:Decrypt\",\"kms:ListGrants\",\"kms:DescribeKey\"],\"Effect\":\"Allow\",\"Resource\":\"arn:aws:kms:us-east-1:411623750878:key/c33b9304-12fa-47b5-b827-31766db8aae2\"}],\"Version\":\"2012-10-17\"}",
            "policy_id": "ANPAV7VVP7TPDGDE7HV2X",
            "tags": null,
            "tags_all": {}
          },
          "sensitive_attributes": [],
          "private": "bnVsbA==",
          "dependencies": [
            "module.eks_n_virginia.module.eks.aws_iam_role.this",
            "module.eks_n_virginia.module.eks.data.aws_caller_identity.current",
            "module.eks_n_virginia.module.eks.data.aws_iam_policy_document.assume_role_policy",
            "module.eks_n_virginia.module.eks.data.aws_iam_session_context.current",
            "module.eks_n_virginia.module.eks.data.aws_partition.current",
            "module.eks_n_virginia.module.eks.module.kms.aws_kms_external_key.this",
            "module.eks_n_virginia.module.eks.module.kms.aws_kms_key.this",
            "module.eks_n_virginia.module.eks.module.kms.data.aws_caller_identity.current",
            "module.eks_n_virginia.module.eks.module.kms.data.aws_iam_policy_document.this",
            "module.eks_n_virginia.module.eks.module.kms.data.aws_partition.current"
          ]
        }
      ]
    },
    {
      "module": "module.eks_n_virginia[0].module.eks",
      "mode": "managed",
      "type": "aws_iam_policy",
      "name": "cni_ipv6_policy",
      "provider": "provider[\"registry.terraform.io/hashicorp/aws\"].n_virginia",
      "instances": []
    },
    {
      "module": "module.eks_n_virginia[0].module.eks",
      "mode": "managed",
      "type": "aws_iam_role",
      "name": "this",
      "provider": "provider[\"registry.terraform.io/hashicorp/aws\"].n_virginia",
      "instances": [
        {
          "index_key": 0,
          "schema_version": 0,
          "attributes": {
            "arn": "arn:aws:iam::411623750878:role/linxact-nv-cluster-20240114212122184900000001",
            "assume_role_policy": "{\"Statement\":[{\"Action\":\"sts:AssumeRole\",\"Effect\":\"Allow\",\"Principal\":{\"Service\":\"eks.amazonaws.com\"},\"Sid\":\"EKSClusterAssumeRole\"}],\"Version\":\"2012-10-17\"}",
            "create_date": "2024-01-14T21:21:22Z",
            "description": "",
            "force_detach_policies": true,
            "id": "linxact-nv-cluster-20240114212122184900000001",
            "inline_policy": [
              {
                "name": "linxact-nv-cluster",
                "policy": "{\"Version\":\"2012-10-17\",\"Statement\":[{\"Action\":[\"logs:CreateLogGroup\"],\"Effect\":\"Deny\",\"Resource\":\"*\"}]}"
              }
            ],
            "managed_policy_arns": [],
            "max_session_duration": 3600,
            "name": "linxact-nv-cluster-20240114212122184900000001",
            "name_prefix": "linxact-nv-cluster-",
            "path": "/",
            "permissions_boundary": null,
            "tags": null,
            "tags_all": {},
            "unique_id": "AROAV7VVP7TPJRUF3GZBD"
          },
          "sensitive_attributes": [],
          "private": "bnVsbA==",
          "dependencies": [
            "module.eks_n_virginia.module.eks.data.aws_iam_policy_document.assume_role_policy",
            "module.eks_n_virginia.module.eks.data.aws_partition.current"
          ]
        }
      ]
    },
    {
      "module": "module.eks_n_virginia[0].module.eks",
      "mode": "managed",
      "type": "aws_iam_role_policy_attachment",
      "name": "cluster_encryption",
      "provider": "provider[\"registry.terraform.io/hashicorp/aws\"].n_virginia",
      "instances": [
        {
          "index_key": 0,
          "schema_version": 0,
          "attributes": {
            "id": "linxact-nv-cluster-20240114212122184900000001-20240114212201041600000008",
            "policy_arn": "arn:aws:iam::411623750878:policy/linxact-nv-cluster-ClusterEncryption20240114212152803600000006",
            "role": "linxact-nv-cluster-20240114212122184900000001"
          },
          "sensitive_attributes": [],
          "private": "bnVsbA==",
          "dependencies": [
            "module.eks_n_virginia.module.eks.aws_iam_policy.cluster_encryption",
            "module.eks_n_virginia.module.eks.aws_iam_role.this",
            "module.eks_n_virginia.module.eks.data.aws_caller_identity.current",
            "module.eks_n_virginia.module.eks.data.aws_iam_policy_document.assume_role_policy",
            "module.eks_n_virginia.module.eks.data.aws_iam_session_context.current",
            "module.eks_n_virginia.module.eks.data.aws_partition.current",
            "module.eks_n_virginia.module.eks.module.kms.aws_kms_external_key.this",
            "module.eks_n_virginia.module.eks.module.kms.aws_kms_key.this",
            "module.eks_n_virginia.module.eks.module.kms.data.aws_caller_identity.current",
            "module.eks_n_virginia.module.eks.module.kms.data.aws_iam_policy_document.this",
            "module.eks_n_virginia.module.eks.module.kms.data.aws_partition.current"
          ]
        }
      ]
    },
    {
      "module": "module.eks_n_virginia[0].module.eks",
      "mode": "managed",
      "type": "aws_iam_role_policy_attachment",
      "name": "this",
      "provider": "provider[\"registry.terraform.io/hashicorp/aws\"].n_virginia",
      "instances": [
        {
          "index_key": "AmazonEKSClusterPolicy",
          "schema_version": 0,
          "attributes": {
            "id": "linxact-nv-cluster-20240114212122184900000001-20240114212123874500000002",
            "policy_arn": "arn:aws:iam::aws:policy/AmazonEKSClusterPolicy",
            "role": "linxact-nv-cluster-20240114212122184900000001"
          },
          "sensitive_attributes": [],
          "private": "bnVsbA==",
          "dependencies": [
            "module.eks_n_virginia.module.eks.aws_iam_role.this",
            "module.eks_n_virginia.module.eks.data.aws_iam_policy_document.assume_role_policy",
            "module.eks_n_virginia.module.eks.data.aws_partition.current"
          ]
        },
        {
          "index_key": "AmazonEKSVPCResourceController",
          "schema_version": 0,
          "attributes": {
            "id": "linxact-nv-cluster-20240114212122184900000001-20240114212124074700000003",
            "policy_arn": "arn:aws:iam::aws:policy/AmazonEKSVPCResourceController",
            "role": "linxact-nv-cluster-20240114212122184900000001"
          },
          "sensitive_attributes": [],
          "private": "bnVsbA==",
          "dependencies": [
            "module.eks_n_virginia.module.eks.aws_iam_role.this",
            "module.eks_n_virginia.module.eks.data.aws_iam_policy_document.assume_role_policy",
            "module.eks_n_virginia.module.eks.data.aws_partition.current"
          ]
        }
      ]
    },
    {
      "module": "module.eks_n_virginia[0].module.eks",
      "mode": "managed",
      "type": "aws_security_group",
      "name": "cluster",
      "provider": "provider[\"registry.terraform.io/hashicorp/aws\"].n_virginia",
      "instances": [
        {
          "index_key": 0,
          "schema_version": 1,
          "attributes": {
            "arn": "arn:aws:ec2:us-east-1:411623750878:security-group/sg-0343a0e4904d10e01",
            "description": "EKS cluster security group",
            "egress": [],
            "id": "sg-0343a0e4904d10e01",
            "ingress": [],
            "name": "linxact-nv-cluster-20240114212144293200000005",
            "name_prefix": "linxact-nv-cluster-",
            "owner_id": "411623750878",
            "revoke_rules_on_delete": false,
            "tags": {
              "Name": "linxact-nv-cluster"
            },
            "tags_all": {
              "Name": "linxact-nv-cluster"
            },
            "timeouts": null,
            "vpc_id": "vpc-0714fc0116ae2937f"
          },
          "sensitive_attributes": [],
          "private": "eyJlMmJmYjczMC1lY2FhLTExZTYtOGY4OC0zNDM2M2JjN2M0YzAiOnsiY3JlYXRlIjo2MDAwMDAwMDAwMDAsImRlbGV0ZSI6OTAwMDAwMDAwMDAwfSwic2NoZW1hX3ZlcnNpb24iOiIxIn0=",
          "dependencies": [
            "module.eks_n_virginia.module.vpc.aws_vpc.this"
          ],
          "create_before_destroy": true
        }
      ]
    },
    {
      "module": "module.eks_n_virginia[0].module.eks",
      "mode": "managed",
      "type": "aws_security_group",
      "name": "node",
      "provider": "provider[\"registry.terraform.io/hashicorp/aws\"].n_virginia",
      "instances": [
        {
          "index_key": 0,
          "schema_version": 1,
          "attributes": {
            "arn": "arn:aws:ec2:us-east-1:411623750878:security-group/sg-0031756ecfcff1b17",
            "description": "EKS node shared security group",
            "egress": [],
            "id": "sg-0031756ecfcff1b17",
            "ingress": [],
            "name": "linxact-nv-node-20240114212143840900000004",
            "name_prefix": "linxact-nv-node-",
            "owner_id": "411623750878",
            "revoke_rules_on_delete": false,
            "tags": {
              "Name": "linxact-nv-node",
              "kubernetes.io/cluster/linxact-nv": "owned"
            },
            "tags_all": {
              "Name": "linxact-nv-node",
              "kubernetes.io/cluster/linxact-nv": "owned"
            },
            "timeouts": null,
            "vpc_id": "vpc-0714fc0116ae2937f"
          },
          "sensitive_attributes": [],
          "private": "eyJlMmJmYjczMC1lY2FhLTExZTYtOGY4OC0zNDM2M2JjN2M0YzAiOnsiY3JlYXRlIjo2MDAwMDAwMDAwMDAsImRlbGV0ZSI6OTAwMDAwMDAwMDAwfSwic2NoZW1hX3ZlcnNpb24iOiIxIn0=",
          "dependencies": [
            "module.eks_n_virginia.module.vpc.aws_vpc.this"
          ],
          "create_before_destroy": true
        }
      ]
    },
    {
      "module": "module.eks_n_virginia[0].module.eks",
      "mode": "managed",
      "type": "aws_security_group_rule",
      "name": "cluster",
      "provider": "provider[\"registry.terraform.io/hashicorp/aws\"].n_virginia",
      "instances": [
        {
          "index_key": "ingress_nodes_443",
          "schema_version": 2,
          "attributes": {
            "cidr_blocks": null,
            "description": "Node groups to cluster API",
            "from_port": 443,
            "id": "sgrule-1686898577",
            "ipv6_cidr_blocks": null,
            "prefix_list_ids": null,
            "protocol": "tcp",
            "security_group_id": "sg-0343a0e4904d10e01",
            "security_group_rule_id": "sgr-0f2a7c05267d2cd6a",
            "self": false,
            "source_security_group_id": "sg-0031756ecfcff1b17",
            "timeouts": null,
            "to_port": 443,
            "type": "ingress"
          },
          "sensitive_attributes": [],
          "private": "eyJlMmJmYjczMC1lY2FhLTExZTYtOGY4OC0zNDM2M2JjN2M0YzAiOnsiY3JlYXRlIjozMDAwMDAwMDAwMDB9LCJzY2hlbWFfdmVyc2lvbiI6IjIifQ==",
          "dependencies": [
            "module.eks_n_virginia.module.eks.aws_security_group.cluster",
            "module.eks_n_virginia.module.eks.aws_security_group.node",
            "module.eks_n_virginia.module.vpc.aws_vpc.this"
          ]
        }
      ]
    },
    {
      "module": "module.eks_n_virginia[0].module.eks",
      "mode": "managed",
      "type": "aws_security_group_rule",
      "name": "node",
      "provider": "provider[\"registry.terraform.io/hashicorp/aws\"].n_virginia",
      "instances": [
        {
          "index_key": "egress_all",
          "schema_version": 2,
          "attributes": {
            "cidr_blocks": [
              "0.0.0.0/0"
            ],
            "description": "Allow all egress",
            "from_port": 0,
            "id": "sgrule-3140540714",
            "ipv6_cidr_blocks": null,
            "prefix_list_ids": [],
            "protocol": "-1",
            "security_group_id": "sg-0031756ecfcff1b17",
            "security_group_rule_id": "sgr-07b40f40c47081ee2",
            "self": false,
            "source_security_group_id": null,
            "timeouts": null,
            "to_port": 0,
            "type": "egress"
          },
          "sensitive_attributes": [],
          "private": "eyJlMmJmYjczMC1lY2FhLTExZTYtOGY4OC0zNDM2M2JjN2M0YzAiOnsiY3JlYXRlIjozMDAwMDAwMDAwMDB9LCJzY2hlbWFfdmVyc2lvbiI6IjIifQ==",
          "dependencies": [
            "module.eks_n_virginia.module.eks.aws_security_group.cluster",
            "module.eks_n_virginia.module.eks.aws_security_group.node",
            "module.eks_n_virginia.module.vpc.aws_vpc.this"
          ]
        },
        {
          "index_key": "ingress_cluster_443",
          "schema_version": 2,
          "attributes": {
            "cidr_blocks": null,
            "description": "Cluster API to node groups",
            "from_port": 443,
            "id": "sgrule-2167100930",
            "ipv6_cidr_blocks": null,
            "prefix_list_ids": [],
            "protocol": "tcp",
            "security_group_id": "sg-0031756ecfcff1b17",
            "security_group_rule_id": "sgr-0b801cc1b87275045",
            "self": false,
            "source_security_group_id": "sg-0343a0e4904d10e01",
            "timeouts": null,
            "to_port": 443,
            "type": "ingress"
          },
          "sensitive_attributes": [],
          "private": "eyJlMmJmYjczMC1lY2FhLTExZTYtOGY4OC0zNDM2M2JjN2M0YzAiOnsiY3JlYXRlIjozMDAwMDAwMDAwMDB9LCJzY2hlbWFfdmVyc2lvbiI6IjIifQ==",
          "dependencies": [
            "module.eks_n_virginia.module.eks.aws_security_group.cluster",
            "module.eks_n_virginia.module.eks.aws_security_group.node",
            "module.eks_n_virginia.module.vpc.aws_vpc.this"
          ]
        },
        {
          "index_key": "ingress_cluster_4443_webhook",
          "schema_version": 2,
          "attributes": {
            "cidr_blocks": null,
            "description": "Cluster API to node 4443/tcp webhook",
            "from_port": 4443,
            "id": "sgrule-3975572815",
            "ipv6_cidr_blocks": null,
            "prefix_list_ids": [],
            "protocol": "tcp",
            "security_group_id": "sg-0031756ecfcff1b17",
            "security_group_rule_id": "sgr-0793c49ef795560eb",
            "self": false,
            "source_security_group_id": "sg-0343a0e4904d10e01",
            "timeouts": null,
            "to_port": 4443,
            "type": "ingress"
          },
          "sensitive_attributes": [],
          "private": "eyJlMmJmYjczMC1lY2FhLTExZTYtOGY4OC0zNDM2M2JjN2M0YzAiOnsiY3JlYXRlIjozMDAwMDAwMDAwMDB9LCJzY2hlbWFfdmVyc2lvbiI6IjIifQ==",
          "dependencies": [
            "module.eks_n_virginia.module.eks.aws_security_group.cluster",
            "module.eks_n_virginia.module.eks.aws_security_group.node",
            "module.eks_n_virginia.module.vpc.aws_vpc.this"
          ]
        },
        {
          "index_key": "ingress_cluster_6443_webhook",
          "schema_version": 2,
          "attributes": {
            "cidr_blocks": null,
            "description": "Cluster API to node 6443/tcp webhook",
            "from_port": 6443,
            "id": "sgrule-632556249",
            "ipv6_cidr_blocks": null,
            "prefix_list_ids": [],
            "protocol": "tcp",
            "security_group_id": "sg-0031756ecfcff1b17",
            "security_group_rule_id": "sgr-0769b8ec512b9b047",
            "self": false,
            "source_security_group_id": "sg-0343a0e4904d10e01",
            "timeouts": null,
            "to_port": 6443,
            "type": "ingress"
          },
          "sensitive_attributes": [],
          "private": "eyJlMmJmYjczMC1lY2FhLTExZTYtOGY4OC0zNDM2M2JjN2M0YzAiOnsiY3JlYXRlIjozMDAwMDAwMDAwMDB9LCJzY2hlbWFfdmVyc2lvbiI6IjIifQ==",
          "dependencies": [
            "module.eks_n_virginia.module.eks.aws_security_group.cluster",
            "module.eks_n_virginia.module.eks.aws_security_group.node",
            "module.eks_n_virginia.module.vpc.aws_vpc.this"
          ]
        },
        {
          "index_key": "ingress_cluster_8443_webhook",
          "schema_version": 2,
          "attributes": {
            "cidr_blocks": null,
            "description": "Cluster API to node 8443/tcp webhook",
            "from_port": 8443,
            "id": "sgrule-921188088",
            "ipv6_cidr_blocks": null,
            "prefix_list_ids": [],
            "protocol": "tcp",
            "security_group_id": "sg-0031756ecfcff1b17",
            "security_group_rule_id": "sgr-0e005db21f72a1417",
            "self": false,
            "source_security_group_id": "sg-0343a0e4904d10e01",
            "timeouts": null,
            "to_port": 8443,
            "type": "ingress"
          },
          "sensitive_attributes": [],
          "private": "eyJlMmJmYjczMC1lY2FhLTExZTYtOGY4OC0zNDM2M2JjN2M0YzAiOnsiY3JlYXRlIjozMDAwMDAwMDAwMDB9LCJzY2hlbWFfdmVyc2lvbiI6IjIifQ==",
          "dependencies": [
            "module.eks_n_virginia.module.eks.aws_security_group.cluster",
            "module.eks_n_virginia.module.eks.aws_security_group.node",
            "module.eks_n_virginia.module.vpc.aws_vpc.this"
          ]
        },
        {
          "index_key": "ingress_cluster_9443_webhook",
          "schema_version": 2,
          "attributes": {
            "cidr_blocks": null,
            "description": "Cluster API to node 9443/tcp webhook",
            "from_port": 9443,
            "id": "sgrule-1380517171",
            "ipv6_cidr_blocks": null,
            "prefix_list_ids": [],
            "protocol": "tcp",
            "security_group_id": "sg-0031756ecfcff1b17",
            "security_group_rule_id": "sgr-02e54fee3b59ffa21",
            "self": false,
            "source_security_group_id": "sg-0343a0e4904d10e01",
            "timeouts": null,
            "to_port": 9443,
            "type": "ingress"
          },
          "sensitive_attributes": [],
          "private": "eyJlMmJmYjczMC1lY2FhLTExZTYtOGY4OC0zNDM2M2JjN2M0YzAiOnsiY3JlYXRlIjozMDAwMDAwMDAwMDB9LCJzY2hlbWFfdmVyc2lvbiI6IjIifQ==",
          "dependencies": [
            "module.eks_n_virginia.module.eks.aws_security_group.cluster",
            "module.eks_n_virginia.module.eks.aws_security_group.node",
            "module.eks_n_virginia.module.vpc.aws_vpc.this"
          ]
        },
        {
          "index_key": "ingress_cluster_kubelet",
          "schema_version": 2,
          "attributes": {
            "cidr_blocks": null,
            "description": "Cluster API to node kubelets",
            "from_port": 10250,
            "id": "sgrule-2739670896",
            "ipv6_cidr_blocks": null,
            "prefix_list_ids": [],
            "protocol": "tcp",
            "security_group_id": "sg-0031756ecfcff1b17",
            "security_group_rule_id": "sgr-0bcacb948b3dc55d9",
            "self": false,
            "source_security_group_id": "sg-0343a0e4904d10e01",
            "timeouts": null,
            "to_port": 10250,
            "type": "ingress"
          },
          "sensitive_attributes": [],
          "private": "eyJlMmJmYjczMC1lY2FhLTExZTYtOGY4OC0zNDM2M2JjN2M0YzAiOnsiY3JlYXRlIjozMDAwMDAwMDAwMDB9LCJzY2hlbWFfdmVyc2lvbiI6IjIifQ==",
          "dependencies": [
            "module.eks_n_virginia.module.eks.aws_security_group.cluster",
            "module.eks_n_virginia.module.eks.aws_security_group.node",
            "module.eks_n_virginia.module.vpc.aws_vpc.this"
          ]
        },
        {
          "index_key": "ingress_nodes_ephemeral",
          "schema_version": 2,
          "attributes": {
            "cidr_blocks": null,
            "description": "Node to node ingress on ephemeral ports",
            "from_port": 1025,
            "id": "sgrule-3775798623",
            "ipv6_cidr_blocks": null,
            "prefix_list_ids": [],
            "protocol": "tcp",
            "security_group_id": "sg-0031756ecfcff1b17",
            "security_group_rule_id": "sgr-075acafd1f9f291db",
            "self": true,
            "source_security_group_id": null,
            "timeouts": null,
            "to_port": 65535,
            "type": "ingress"
          },
          "sensitive_attributes": [],
          "private": "eyJlMmJmYjczMC1lY2FhLTExZTYtOGY4OC0zNDM2M2JjN2M0YzAiOnsiY3JlYXRlIjozMDAwMDAwMDAwMDB9LCJzY2hlbWFfdmVyc2lvbiI6IjIifQ==",
          "dependencies": [
            "module.eks_n_virginia.module.eks.aws_security_group.cluster",
            "module.eks_n_virginia.module.eks.aws_security_group.node",
            "module.eks_n_virginia.module.vpc.aws_vpc.this"
          ]
        },
        {
          "index_key": "ingress_self_coredns_tcp",
          "schema_version": 2,
          "attributes": {
            "cidr_blocks": null,
            "description": "Node to node CoreDNS",
            "from_port": 53,
            "id": "sgrule-3893023172",
            "ipv6_cidr_blocks": null,
            "prefix_list_ids": [],
            "protocol": "tcp",
            "security_group_id": "sg-0031756ecfcff1b17",
            "security_group_rule_id": "sgr-0e2d3f1a5852406e4",
            "self": true,
            "source_security_group_id": null,
            "timeouts": null,
            "to_port": 53,
            "type": "ingress"
          },
          "sensitive_attributes": [],
          "private": "eyJlMmJmYjczMC1lY2FhLTExZTYtOGY4OC0zNDM2M2JjN2M0YzAiOnsiY3JlYXRlIjozMDAwMDAwMDAwMDB9LCJzY2hlbWFfdmVyc2lvbiI6IjIifQ==",
          "dependencies": [
            "module.eks_n_virginia.module.eks.aws_security_group.cluster",
            "module.eks_n_virginia.module.eks.aws_security_group.node",
            "module.eks_n_virginia.module.vpc.aws_vpc.this"
          ]
        },
        {
          "index_key": "ingress_self_coredns_udp",
          "schema_version": 2,
          "attributes": {
            "cidr_blocks": null,
            "description": "Node to node CoreDNS UDP",
            "from_port": 53,
            "id": "sgrule-1280668203",
            "ipv6_cidr_blocks": null,
            "prefix_list_ids": [],
            "protocol": "udp",
            "security_group_id": "sg-0031756ecfcff1b17",
            "security_group_rule_id": "sgr-0bbaa987a43eb2e02",
            "self": true,
            "source_security_group_id": null,
            "timeouts": null,
            "to_port": 53,
            "type": "ingress"
          },
          "sensitive_attributes": [],
          "private": "eyJlMmJmYjczMC1lY2FhLTExZTYtOGY4OC0zNDM2M2JjN2M0YzAiOnsiY3JlYXRlIjozMDAwMDAwMDAwMDB9LCJzY2hlbWFfdmVyc2lvbiI6IjIifQ==",
          "dependencies": [
            "module.eks_n_virginia.module.eks.aws_security_group.cluster",
            "module.eks_n_virginia.module.eks.aws_security_group.node",
            "module.eks_n_virginia.module.vpc.aws_vpc.this"
          ]
        }
      ]
    },
    {
      "module": "module.eks_n_virginia[0].module.eks",
      "mode": "managed",
      "type": "time_sleep",
      "name": "this",
      "provider": "provider[\"registry.terraform.io/hashicorp/time\"]",
      "instances": [
        {
          "index_key": 0,
          "schema_version": 0,
          "attributes": {
            "create_duration": "30s",
            "destroy_duration": null,
            "id": "2024-01-14T21:32:36Z",
            "triggers": {
              "cluster_certificate_authority_data": "LS0tLS1CRUdJTiBDRVJUSUZJQ0FURS0tLS0tCk1JSURCVENDQWUyZ0F3SUJBZ0lJSlg1SGxnQ3FMU0F3RFFZSktvWklodmNOQVFFTEJRQXdGVEVUTUJFR0ExVUUKQXhNS2EzVmlaWEp1WlhSbGN6QWVGdzB5TkRBeE1UUXlNVEl5TXpWYUZ3MHpOREF4TVRFeU1USTNNelZhTUJVeApFekFSQmdOVkJBTVRDbXQxWW1WeWJtVjBaWE13Z2dFaU1BMEdDU3FHU0liM0RRRUJBUVVBQTRJQkR3QXdnZ0VLCkFvSUJBUURHeHJDdnBWcFNJS1AyanNTTWRvM0J3UFlYbVFtalRJYkJDRHZtUVBxY3U0QUw5djk3YTdCWGRoY0oKeERLYXVTSTR2d29KdU9SaXI5dUd6VVcwWDR0dEp6MHJEbEdzZDlkS1V4WWI0ekRQVXYxVERMY3hqdmREdUpXTAp3eGNIYzlwejFiOCt3R0ZOd3VZRU8zTU1qWG0rcjZ0MUszTHlIdnNVOUxtWUorMTk0bW16eG5sdVRoY1pzNnhoCnU2dkZEa295U20xajRVVzNBYlp6M2s1US9nMjBOc0VNRmtadE1vajhFVmowaVZkQXdHeUt5RmswQ3NpdzBnR1cKTmFXN1pYS3lCaHZURlVtV0Ftc2FBMGE1ZTh3UkxKRlhsL1hPNnR4VklXQkdSckJTSXFaUERPK0VFKzUwRFpCRApJMnp1d1psVWkyMURkK1pUd201b1hVaS9vMklYQWdNQkFBR2pXVEJYTUE0R0ExVWREd0VCL3dRRUF3SUNwREFQCkJnTlZIUk1CQWY4RUJUQURBUUgvTUIwR0ExVWREZ1FXQkJRS0RWZkZKRW5vem1ncFhTQjdpMUpaOWM5VEp6QVYKQmdOVkhSRUVEakFNZ2dwcmRXSmxjbTVsZEdWek1BMEdDU3FHU0liM0RRRUJDd1VBQTRJQkFRQmt2bit5V2JobgpxUU9GS1ZiV1liRktkQ3BtT1VTdVY2QWhuY3NmNjU0eXU4KzhOUCs0b2hFdm1uTTRpTmpkUFJNMkFoaTRrRnpaCjB0ZXBGSU1GYy9KSnhxYUwwbDMvUFp6NXRkT1VnaVJwVkJnbEZuUWxxdldEM1ZEMkhQcmZDTXZWR3Z4ZnJBNEoKOEVSMEFXUnYxRUVkeWdoR0pOVkZnZkkxVDZWbi9lVmh4VFRRalYvVEtHNXlDS29uRjhMd2IyaWE4NVM4dXRuZgplNEZVc0J1dzNkK0FKMWpBVDQzeFBHSFJmKzI0eDFSTkVhZmE2a3pPZU5YeksvM3FCNFBKQXI1cVM5MlF5M2VpCmlPNGZxQlVjUFgraHNrWDArOHU4QkZFTENxSGZaOHJSWGFlV0w2d2taTWFkeTJDTG9SdlJiN3ZKbkljSTgxT0IKS3VTOFdzVlJmZlNhCi0tLS0tRU5EIENFUlRJRklDQVRFLS0tLS0K",
              "cluster_endpoint": "https://A6DAF94577FB43F0706749FC905F07BD.gr7.us-east-1.eks.amazonaws.com",
              "cluster_name": "linxact-nv",
              "cluster_version": "1.28"
            }
          },
          "sensitive_attributes": [],
          "dependencies": [
            "module.eks_n_virginia.data.aws_availability_zones.available",
            "module.eks_n_virginia.module.eks.aws_cloudwatch_log_group.this",
            "module.eks_n_virginia.module.eks.aws_eks_cluster.this",
            "module.eks_n_virginia.module.eks.aws_iam_policy.cni_ipv6_policy",
            "module.eks_n_virginia.module.eks.aws_iam_role.this",
            "module.eks_n_virginia.module.eks.aws_iam_role_policy_attachment.this",
            "module.eks_n_virginia.module.eks.aws_security_group.cluster",
            "module.eks_n_virginia.module.eks.aws_security_group.node",
            "module.eks_n_virginia.module.eks.aws_security_group_rule.cluster",
            "module.eks_n_virginia.module.eks.aws_security_group_rule.node",
            "module.eks_n_virginia.module.eks.data.aws_caller_identity.current",
            "module.eks_n_virginia.module.eks.data.aws_iam_policy_document.assume_role_policy",
            "module.eks_n_virginia.module.eks.data.aws_iam_policy_document.cni_ipv6_policy",
            "module.eks_n_virginia.module.eks.data.aws_iam_session_context.current",
            "module.eks_n_virginia.module.eks.data.aws_partition.current",
            "module.eks_n_virginia.module.eks.module.kms.aws_kms_external_key.this",
            "module.eks_n_virginia.module.eks.module.kms.aws_kms_key.this",
            "module.eks_n_virginia.module.eks.module.kms.data.aws_caller_identity.current",
            "module.eks_n_virginia.module.eks.module.kms.data.aws_iam_policy_document.this",
            "module.eks_n_virginia.module.eks.module.kms.data.aws_partition.current",
            "module.eks_n_virginia.module.vpc.aws_subnet.private",
            "module.eks_n_virginia.module.vpc.aws_vpc.this",
            "module.eks_n_virginia.module.vpc.aws_vpc_ipv4_cidr_block_association.this"
          ]
        }
      ]
    },
    {
      "module": "module.eks_n_virginia[0].module.eks.module.kms",
      "mode": "data",
      "type": "aws_caller_identity",
      "name": "current",
      "provider": "provider[\"registry.terraform.io/hashicorp/aws\"].n_virginia",
      "instances": [
        {
          "schema_version": 0,
          "attributes": {
            "account_id": "411623750878",
            "arn": "arn:aws:iam::411623750878:user/olexiy",
            "id": "411623750878",
            "user_id": "AIDAV7VVP7TPJ6HRCC3PA"
          },
          "sensitive_attributes": []
        }
      ]
    },
    {
      "module": "module.eks_n_virginia[0].module.eks.module.kms",
      "mode": "data",
      "type": "aws_iam_policy_document",
      "name": "this",
      "provider": "provider[\"registry.terraform.io/hashicorp/aws\"].n_virginia",
      "instances": [
        {
          "index_key": 0,
          "schema_version": 0,
          "attributes": {
            "id": "2378812451",
            "json": "{\n  \"Version\": \"2012-10-17\",\n  \"Statement\": [\n    {\n      \"Sid\": \"KeyAdministration\",\n      \"Effect\": \"Allow\",\n      \"Action\": [\n        \"kms:Update*\",\n        \"kms:UntagResource\",\n        \"kms:TagResource\",\n        \"kms:ScheduleKeyDeletion\",\n        \"kms:Revoke*\",\n        \"kms:Put*\",\n        \"kms:List*\",\n        \"kms:Get*\",\n        \"kms:Enable*\",\n        \"kms:Disable*\",\n        \"kms:Describe*\",\n        \"kms:Delete*\",\n        \"kms:Create*\",\n        \"kms:CancelKeyDeletion\"\n      ],\n      \"Resource\": \"*\",\n      \"Principal\": {\n        \"AWS\": \"arn:aws:iam::411623750878:user/olexiy\"\n      }\n    },\n    {\n      \"Sid\": \"KeyUsage\",\n      \"Effect\": \"Allow\",\n      \"Action\": [\n        \"kms:ReEncrypt*\",\n        \"kms:GenerateDataKey*\",\n        \"kms:Encrypt\",\n        \"kms:DescribeKey\",\n        \"kms:Decrypt\"\n      ],\n      \"Resource\": \"*\",\n      \"Principal\": {\n        \"AWS\": \"arn:aws:iam::411623750878:role/linxact-nv-cluster-20240114212122184900000001\"\n      }\n    }\n  ]\n}",
            "override_policy_documents": null,
            "policy_id": null,
            "source_policy_documents": null,
            "statement": [
              {
                "actions": [
                  "kms:CancelKeyDeletion",
                  "kms:Create*",
                  "kms:Delete*",
                  "kms:Describe*",
                  "kms:Disable*",
                  "kms:Enable*",
                  "kms:Get*",
                  "kms:List*",
                  "kms:Put*",
                  "kms:Revoke*",
                  "kms:ScheduleKeyDeletion",
                  "kms:TagResource",
                  "kms:UntagResource",
                  "kms:Update*"
                ],
                "condition": [],
                "effect": "Allow",
                "not_actions": [],
                "not_principals": [],
                "not_resources": [],
                "principals": [
                  {
                    "identifiers": [
                      "arn:aws:iam::411623750878:user/olexiy"
                    ],
                    "type": "AWS"
                  }
                ],
                "resources": [
                  "*"
                ],
                "sid": "KeyAdministration"
              },
              {
                "actions": [
                  "kms:Decrypt",
                  "kms:DescribeKey",
                  "kms:Encrypt",
                  "kms:GenerateDataKey*",
                  "kms:ReEncrypt*"
                ],
                "condition": [],
                "effect": "Allow",
                "not_actions": [],
                "not_principals": [],
                "not_resources": [],
                "principals": [
                  {
                    "identifiers": [
                      "arn:aws:iam::411623750878:role/linxact-nv-cluster-20240114212122184900000001"
                    ],
                    "type": "AWS"
                  }
                ],
                "resources": [
                  "*"
                ],
                "sid": "KeyUsage"
              }
            ],
            "version": "2012-10-17"
          },
          "sensitive_attributes": []
        }
      ]
    },
    {
      "module": "module.eks_n_virginia[0].module.eks.module.kms",
      "mode": "data",
      "type": "aws_partition",
      "name": "current",
      "provider": "provider[\"registry.terraform.io/hashicorp/aws\"].n_virginia",
      "instances": [
        {
          "schema_version": 0,
          "attributes": {
            "dns_suffix": "amazonaws.com",
            "id": "aws",
            "partition": "aws",
            "reverse_dns_prefix": "com.amazonaws"
          },
          "sensitive_attributes": []
        }
      ]
    },
    {
      "module": "module.eks_n_virginia[0].module.eks.module.kms",
      "mode": "managed",
      "type": "aws_kms_alias",
      "name": "this",
      "provider": "provider[\"registry.terraform.io/hashicorp/aws\"].n_virginia",
      "instances": [
        {
          "index_key": "cluster",
          "schema_version": 0,
          "attributes": {
            "arn": "arn:aws:kms:us-east-1:411623750878:alias/eks/linxact-nv",
            "id": "alias/eks/linxact-nv",
            "name": "alias/eks/linxact-nv",
            "name_prefix": "",
            "target_key_arn": "arn:aws:kms:us-east-1:411623750878:key/c33b9304-12fa-47b5-b827-31766db8aae2",
            "target_key_id": "c33b9304-12fa-47b5-b827-31766db8aae2"
          },
          "sensitive_attributes": [],
          "private": "bnVsbA==",
          "dependencies": [
            "module.eks_n_virginia.module.eks.aws_iam_role.this",
            "module.eks_n_virginia.module.eks.data.aws_caller_identity.current",
            "module.eks_n_virginia.module.eks.data.aws_iam_policy_document.assume_role_policy",
            "module.eks_n_virginia.module.eks.data.aws_iam_session_context.current",
            "module.eks_n_virginia.module.eks.data.aws_partition.current",
            "module.eks_n_virginia.module.eks.module.kms.aws_kms_external_key.this",
            "module.eks_n_virginia.module.eks.module.kms.aws_kms_key.this",
            "module.eks_n_virginia.module.eks.module.kms.data.aws_caller_identity.current",
            "module.eks_n_virginia.module.eks.module.kms.data.aws_iam_policy_document.this",
            "module.eks_n_virginia.module.eks.module.kms.data.aws_partition.current"
          ]
        }
      ]
    },
    {
      "module": "module.eks_n_virginia[0].module.eks.module.kms",
      "mode": "managed",
      "type": "aws_kms_external_key",
      "name": "this",
      "provider": "provider[\"registry.terraform.io/hashicorp/aws\"].n_virginia",
      "instances": []
    },
    {
      "module": "module.eks_n_virginia[0].module.eks.module.kms",
      "mode": "managed",
      "type": "aws_kms_key",
      "name": "this",
      "provider": "provider[\"registry.terraform.io/hashicorp/aws\"].n_virginia",
      "instances": [
        {
          "index_key": 0,
          "schema_version": 0,
          "attributes": {
            "arn": "arn:aws:kms:us-east-1:411623750878:key/c33b9304-12fa-47b5-b827-31766db8aae2",
            "bypass_policy_lockout_safety_check": false,
            "custom_key_store_id": "",
            "customer_master_key_spec": "SYMMETRIC_DEFAULT",
            "deletion_window_in_days": null,
            "description": "linxact-nv cluster encryption key",
            "enable_key_rotation": true,
            "id": "c33b9304-12fa-47b5-b827-31766db8aae2",
            "is_enabled": true,
            "key_id": "c33b9304-12fa-47b5-b827-31766db8aae2",
            "key_usage": "ENCRYPT_DECRYPT",
            "multi_region": false,
            "policy": "{\"Statement\":[{\"Action\":[\"kms:Update*\",\"kms:UntagResource\",\"kms:TagResource\",\"kms:ScheduleKeyDeletion\",\"kms:Revoke*\",\"kms:Put*\",\"kms:List*\",\"kms:Get*\",\"kms:Enable*\",\"kms:Disable*\",\"kms:Describe*\",\"kms:Delete*\",\"kms:Create*\",\"kms:CancelKeyDeletion\"],\"Effect\":\"Allow\",\"Principal\":{\"AWS\":\"arn:aws:iam::411623750878:user/olexiy\"},\"Resource\":\"*\",\"Sid\":\"KeyAdministration\"},{\"Action\":[\"kms:ReEncrypt*\",\"kms:GenerateDataKey*\",\"kms:Encrypt\",\"kms:DescribeKey\",\"kms:Decrypt\"],\"Effect\":\"Allow\",\"Principal\":{\"AWS\":\"arn:aws:iam::411623750878:role/linxact-nv-cluster-20240114212122184900000001\"},\"Resource\":\"*\",\"Sid\":\"KeyUsage\"}],\"Version\":\"2012-10-17\"}",
            "tags": null,
            "tags_all": {}
          },
          "sensitive_attributes": [],
          "private": "bnVsbA==",
          "dependencies": [
            "module.eks_n_virginia.module.eks.aws_iam_role.this",
            "module.eks_n_virginia.module.eks.data.aws_caller_identity.current",
            "module.eks_n_virginia.module.eks.data.aws_iam_policy_document.assume_role_policy",
            "module.eks_n_virginia.module.eks.data.aws_iam_session_context.current",
            "module.eks_n_virginia.module.eks.data.aws_partition.current",
            "module.eks_n_virginia.module.eks.module.kms.data.aws_caller_identity.current",
            "module.eks_n_virginia.module.eks.module.kms.data.aws_iam_policy_document.this",
            "module.eks_n_virginia.module.eks.module.kms.data.aws_partition.current"
          ]
        }
      ]
    },
    {
      "module": "module.eks_n_virginia[0].module.vpc",
      "mode": "managed",
      "type": "aws_default_network_acl",
      "name": "this",
      "provider": "provider[\"registry.terraform.io/hashicorp/aws\"].n_virginia",
      "instances": [
        {
          "index_key": 0,
          "schema_version": 0,
          "attributes": {
            "arn": "arn:aws:ec2:us-east-1:411623750878:network-acl/acl-0cb66c775ad73fb6c",
            "default_network_acl_id": "acl-0cb66c775ad73fb6c",
            "egress": [
              {
                "action": "allow",
                "cidr_block": "",
                "from_port": 0,
                "icmp_code": null,
                "icmp_type": null,
                "ipv6_cidr_block": "::/0",
                "protocol": "-1",
                "rule_no": 101,
                "to_port": 0
              },
              {
                "action": "allow",
                "cidr_block": "0.0.0.0/0",
                "from_port": 0,
                "icmp_code": null,
                "icmp_type": null,
                "ipv6_cidr_block": "",
                "protocol": "-1",
                "rule_no": 100,
                "to_port": 0
              }
            ],
            "id": "acl-0cb66c775ad73fb6c",
            "ingress": [
              {
                "action": "allow",
                "cidr_block": "",
                "from_port": 0,
                "icmp_code": null,
                "icmp_type": null,
                "ipv6_cidr_block": "::/0",
                "protocol": "-1",
                "rule_no": 101,
                "to_port": 0
              },
              {
                "action": "allow",
                "cidr_block": "0.0.0.0/0",
                "from_port": 0,
                "icmp_code": null,
                "icmp_type": null,
                "ipv6_cidr_block": "",
                "protocol": "-1",
                "rule_no": 100,
                "to_port": 0
              }
            ],
            "owner_id": "411623750878",
            "subnet_ids": null,
            "tags": {
              "Name": "linxact-vpc-default"
            },
            "tags_all": {
              "Name": "linxact-vpc-default"
            },
            "vpc_id": "vpc-0714fc0116ae2937f"
          },
          "sensitive_attributes": [],
          "private": "bnVsbA==",
          "dependencies": [
            "module.eks_n_virginia.module.vpc.aws_vpc.this"
          ]
        }
      ]
    },
    {
      "module": "module.eks_n_virginia[0].module.vpc",
      "mode": "managed",
      "type": "aws_default_route_table",
      "name": "default",
      "provider": "provider[\"registry.terraform.io/hashicorp/aws\"].n_virginia",
      "instances": [
        {
          "index_key": 0,
          "schema_version": 0,
          "attributes": {
            "arn": "arn:aws:ec2:us-east-1:411623750878:route-table/rtb-02de586f8a7a97d6a",
            "default_route_table_id": "rtb-02de586f8a7a97d6a",
            "id": "rtb-02de586f8a7a97d6a",
            "owner_id": "411623750878",
            "propagating_vgws": null,
            "route": [],
            "tags": {
              "Name": "linxact-vpc-default"
            },
            "tags_all": {
              "Name": "linxact-vpc-default"
            },
            "timeouts": {
              "create": "5m",
              "update": "5m"
            },
            "vpc_id": "vpc-0714fc0116ae2937f"
          },
          "sensitive_attributes": [],
          "private": "eyJlMmJmYjczMC1lY2FhLTExZTYtOGY4OC0zNDM2M2JjN2M0YzAiOnsiY3JlYXRlIjozMDAwMDAwMDAwMDAsInVwZGF0ZSI6MzAwMDAwMDAwMDAwfX0=",
          "dependencies": [
            "module.eks_n_virginia.module.vpc.aws_vpc.this"
          ]
        }
      ]
    },
    {
      "module": "module.eks_n_virginia[0].module.vpc",
      "mode": "managed",
      "type": "aws_default_security_group",
      "name": "this",
      "provider": "provider[\"registry.terraform.io/hashicorp/aws\"].n_virginia",
      "instances": [
        {
          "index_key": 0,
          "schema_version": 1,
          "attributes": {
            "arn": "arn:aws:ec2:us-east-1:411623750878:security-group/sg-090e10fc82fb5da6d",
            "description": "default VPC security group",
            "egress": [],
            "id": "sg-090e10fc82fb5da6d",
            "ingress": [],
            "name": "default",
            "name_prefix": "",
            "owner_id": "411623750878",
            "revoke_rules_on_delete": false,
            "tags": {
              "Name": "linxact-vpc-default"
            },
            "tags_all": {
              "Name": "linxact-vpc-default"
            },
            "vpc_id": "vpc-0714fc0116ae2937f"
          },
          "sensitive_attributes": [],
          "private": "eyJzY2hlbWFfdmVyc2lvbiI6IjEifQ==",
          "dependencies": [
            "module.eks_n_virginia.module.vpc.aws_vpc.this"
          ]
        }
      ]
    },
    {
      "module": "module.eks_n_virginia[0].module.vpc",
      "mode": "managed",
      "type": "aws_eip",
      "name": "nat",
      "provider": "provider[\"registry.terraform.io/hashicorp/aws\"].n_virginia",
      "instances": [
        {
          "index_key": 0,
          "schema_version": 0,
          "attributes": {
            "address": null,
            "allocation_id": "eipalloc-06b8bff11dfddbacf",
            "associate_with_private_ip": null,
            "association_id": "",
            "carrier_ip": "",
            "customer_owned_ip": "",
            "customer_owned_ipv4_pool": "",
            "domain": "vpc",
            "id": "eipalloc-06b8bff11dfddbacf",
            "instance": "",
            "network_border_group": "us-east-1",
            "network_interface": "",
            "private_dns": null,
            "private_ip": "",
            "public_dns": "ec2-3-230-210-253.compute-1.amazonaws.com",
            "public_ip": "3.230.210.253",
            "public_ipv4_pool": "amazon",
            "tags": {
              "Name": "linxact-vpc-us-east-1a"
            },
            "tags_all": {
              "Name": "linxact-vpc-us-east-1a"
            },
            "timeouts": null,
            "vpc": true
          },
          "sensitive_attributes": [],
          "private": "eyJlMmJmYjczMC1lY2FhLTExZTYtOGY4OC0zNDM2M2JjN2M0YzAiOnsiZGVsZXRlIjoxODAwMDAwMDAwMDAsInJlYWQiOjkwMDAwMDAwMDAwMCwidXBkYXRlIjozMDAwMDAwMDAwMDB9fQ==",
          "dependencies": [
            "module.eks_n_virginia.data.aws_availability_zones.available",
            "module.eks_n_virginia.module.vpc.aws_internet_gateway.this",
            "module.eks_n_virginia.module.vpc.aws_vpc.this",
            "module.eks_n_virginia.module.vpc.aws_vpc_ipv4_cidr_block_association.this"
          ]
        }
      ]
    },
    {
      "module": "module.eks_n_virginia[0].module.vpc",
      "mode": "managed",
      "type": "aws_internet_gateway",
      "name": "this",
      "provider": "provider[\"registry.terraform.io/hashicorp/aws\"].n_virginia",
      "instances": [
        {
          "index_key": 0,
          "schema_version": 0,
          "attributes": {
            "arn": "arn:aws:ec2:us-east-1:411623750878:internet-gateway/igw-0e5a1f5abe876ced1",
            "id": "igw-0e5a1f5abe876ced1",
            "owner_id": "411623750878",
            "tags": {
              "Name": "linxact-vpc"
            },
            "tags_all": {
              "Name": "linxact-vpc"
            },
            "timeouts": null,
            "vpc_id": "vpc-0714fc0116ae2937f"
          },
          "sensitive_attributes": [],
          "private": "eyJlMmJmYjczMC1lY2FhLTExZTYtOGY4OC0zNDM2M2JjN2M0YzAiOnsiY3JlYXRlIjoxMjAwMDAwMDAwMDAwLCJkZWxldGUiOjEyMDAwMDAwMDAwMDAsInVwZGF0ZSI6MTIwMDAwMDAwMDAwMH19",
          "dependencies": [
            "module.eks_n_virginia.module.vpc.aws_vpc.this",
            "module.eks_n_virginia.module.vpc.aws_vpc_ipv4_cidr_block_association.this"
          ]
        }
      ]
    },
    {
      "module": "module.eks_n_virginia[0].module.vpc",
      "mode": "managed",
      "type": "aws_nat_gateway",
      "name": "this",
      "provider": "provider[\"registry.terraform.io/hashicorp/aws\"].n_virginia",
      "instances": [
        {
          "index_key": 0,
          "schema_version": 0,
          "attributes": {
            "allocation_id": "eipalloc-06b8bff11dfddbacf",
            "association_id": "eipassoc-000cd6861ff225157",
            "connectivity_type": "public",
            "id": "nat-0189c698cc70de2a7",
            "network_interface_id": "eni-00229eaf973ab286e",
            "private_ip": "10.0.5.51",
            "public_ip": "3.230.210.253",
            "subnet_id": "subnet-0ca0ec0d03d00f83f",
            "tags": {
              "Name": "linxact-vpc-us-east-1a"
            },
            "tags_all": {
              "Name": "linxact-vpc-us-east-1a"
            }
          },
          "sensitive_attributes": [],
          "private": "bnVsbA==",
          "dependencies": [
            "module.eks_n_virginia.data.aws_availability_zones.available",
            "module.eks_n_virginia.module.vpc.aws_eip.nat",
            "module.eks_n_virginia.module.vpc.aws_internet_gateway.this",
            "module.eks_n_virginia.module.vpc.aws_subnet.public",
            "module.eks_n_virginia.module.vpc.aws_vpc.this",
            "module.eks_n_virginia.module.vpc.aws_vpc_ipv4_cidr_block_association.this"
          ]
        }
      ]
    },
    {
      "module": "module.eks_n_virginia[0].module.vpc",
      "mode": "managed",
      "type": "aws_route",
      "name": "private_nat_gateway",
      "provider": "provider[\"registry.terraform.io/hashicorp/aws\"].n_virginia",
      "instances": [
        {
          "index_key": 0,
          "schema_version": 0,
          "attributes": {
            "carrier_gateway_id": "",
            "core_network_arn": "",
            "destination_cidr_block": "0.0.0.0/0",
            "destination_ipv6_cidr_block": "",
            "destination_prefix_list_id": "",
            "egress_only_gateway_id": "",
            "gateway_id": "",
            "id": "r-rtb-0e7f7f5a72ac2253a1080289494",
            "instance_id": "",
            "instance_owner_id": "",
            "local_gateway_id": "",
            "nat_gateway_id": "nat-0189c698cc70de2a7",
            "network_interface_id": "",
            "origin": "CreateRoute",
            "route_table_id": "rtb-0e7f7f5a72ac2253a",
            "state": "active",
            "timeouts": {
              "create": "5m",
              "delete": null,
              "update": null
            },
            "transit_gateway_id": "",
            "vpc_endpoint_id": "",
            "vpc_peering_connection_id": ""
          },
          "sensitive_attributes": [],
          "private": "eyJlMmJmYjczMC1lY2FhLTExZTYtOGY4OC0zNDM2M2JjN2M0YzAiOnsiY3JlYXRlIjozMDAwMDAwMDAwMDAsImRlbGV0ZSI6MzAwMDAwMDAwMDAwLCJ1cGRhdGUiOjEyMDAwMDAwMDAwMH19",
          "dependencies": [
            "module.eks_n_virginia.data.aws_availability_zones.available",
            "module.eks_n_virginia.module.vpc.aws_eip.nat",
            "module.eks_n_virginia.module.vpc.aws_internet_gateway.this",
            "module.eks_n_virginia.module.vpc.aws_nat_gateway.this",
            "module.eks_n_virginia.module.vpc.aws_route_table.private",
            "module.eks_n_virginia.module.vpc.aws_subnet.public",
            "module.eks_n_virginia.module.vpc.aws_vpc.this",
            "module.eks_n_virginia.module.vpc.aws_vpc_ipv4_cidr_block_association.this"
          ]
        }
      ]
    },
    {
      "module": "module.eks_n_virginia[0].module.vpc",
      "mode": "managed",
      "type": "aws_route",
      "name": "public_internet_gateway",
      "provider": "provider[\"registry.terraform.io/hashicorp/aws\"].n_virginia",
      "instances": [
        {
          "index_key": 0,
          "schema_version": 0,
          "attributes": {
            "carrier_gateway_id": "",
            "core_network_arn": "",
            "destination_cidr_block": "0.0.0.0/0",
            "destination_ipv6_cidr_block": "",
            "destination_prefix_list_id": "",
            "egress_only_gateway_id": "",
            "gateway_id": "igw-0e5a1f5abe876ced1",
            "id": "r-rtb-0526fdd430bef5e0f1080289494",
            "instance_id": "",
            "instance_owner_id": "",
            "local_gateway_id": "",
            "nat_gateway_id": "",
            "network_interface_id": "",
            "origin": "CreateRoute",
            "route_table_id": "rtb-0526fdd430bef5e0f",
            "state": "active",
            "timeouts": {
              "create": "5m",
              "delete": null,
              "update": null
            },
            "transit_gateway_id": "",
            "vpc_endpoint_id": "",
            "vpc_peering_connection_id": ""
          },
          "sensitive_attributes": [],
          "private": "eyJlMmJmYjczMC1lY2FhLTExZTYtOGY4OC0zNDM2M2JjN2M0YzAiOnsiY3JlYXRlIjozMDAwMDAwMDAwMDAsImRlbGV0ZSI6MzAwMDAwMDAwMDAwLCJ1cGRhdGUiOjEyMDAwMDAwMDAwMH19",
          "dependencies": [
            "module.eks_n_virginia.module.vpc.aws_internet_gateway.this",
            "module.eks_n_virginia.module.vpc.aws_route_table.public",
            "module.eks_n_virginia.module.vpc.aws_vpc.this",
            "module.eks_n_virginia.module.vpc.aws_vpc_ipv4_cidr_block_association.this"
          ]
        }
      ]
    },
    {
      "module": "module.eks_n_virginia[0].module.vpc",
      "mode": "managed",
      "type": "aws_route_table",
      "name": "private",
      "provider": "provider[\"registry.terraform.io/hashicorp/aws\"].n_virginia",
      "instances": [
        {
          "index_key": 0,
          "schema_version": 0,
          "attributes": {
            "arn": "arn:aws:ec2:us-east-1:411623750878:route-table/rtb-0e7f7f5a72ac2253a",
            "id": "rtb-0e7f7f5a72ac2253a",
            "owner_id": "411623750878",
            "propagating_vgws": [],
            "route": [],
            "tags": {
              "Name": "linxact-vpc-private"
            },
            "tags_all": {
              "Name": "linxact-vpc-private"
            },
            "timeouts": null,
            "vpc_id": "vpc-0714fc0116ae2937f"
          },
          "sensitive_attributes": [],
          "private": "eyJlMmJmYjczMC1lY2FhLTExZTYtOGY4OC0zNDM2M2JjN2M0YzAiOnsiY3JlYXRlIjozMDAwMDAwMDAwMDAsImRlbGV0ZSI6MzAwMDAwMDAwMDAwLCJ1cGRhdGUiOjEyMDAwMDAwMDAwMH19",
          "dependencies": [
            "module.eks_n_virginia.data.aws_availability_zones.available",
            "module.eks_n_virginia.module.vpc.aws_vpc.this",
            "module.eks_n_virginia.module.vpc.aws_vpc_ipv4_cidr_block_association.this"
          ]
        }
      ]
    },
    {
      "module": "module.eks_n_virginia[0].module.vpc",
      "mode": "managed",
      "type": "aws_route_table",
      "name": "public",
      "provider": "provider[\"registry.terraform.io/hashicorp/aws\"].n_virginia",
      "instances": [
        {
          "index_key": 0,
          "schema_version": 0,
          "attributes": {
            "arn": "arn:aws:ec2:us-east-1:411623750878:route-table/rtb-0526fdd430bef5e0f",
            "id": "rtb-0526fdd430bef5e0f",
            "owner_id": "411623750878",
            "propagating_vgws": [],
            "route": [],
            "tags": {
              "Name": "linxact-vpc-public"
            },
            "tags_all": {
              "Name": "linxact-vpc-public"
            },
            "timeouts": null,
            "vpc_id": "vpc-0714fc0116ae2937f"
          },
          "sensitive_attributes": [],
          "private": "eyJlMmJmYjczMC1lY2FhLTExZTYtOGY4OC0zNDM2M2JjN2M0YzAiOnsiY3JlYXRlIjozMDAwMDAwMDAwMDAsImRlbGV0ZSI6MzAwMDAwMDAwMDAwLCJ1cGRhdGUiOjEyMDAwMDAwMDAwMH19",
          "dependencies": [
            "module.eks_n_virginia.module.vpc.aws_vpc.this",
            "module.eks_n_virginia.module.vpc.aws_vpc_ipv4_cidr_block_association.this"
          ]
        }
      ]
    },
    {
      "module": "module.eks_n_virginia[0].module.vpc",
      "mode": "managed",
      "type": "aws_route_table_association",
      "name": "private",
      "provider": "provider[\"registry.terraform.io/hashicorp/aws\"].n_virginia",
      "instances": [
        {
          "index_key": 0,
          "schema_version": 0,
          "attributes": {
            "gateway_id": "",
            "id": "rtbassoc-0d9ad08089a5f0b6d",
            "route_table_id": "rtb-0e7f7f5a72ac2253a",
            "subnet_id": "subnet-0108ed1f5f6bcffef",
            "timeouts": null
          },
          "sensitive_attributes": [],
          "private": "eyJlMmJmYjczMC1lY2FhLTExZTYtOGY4OC0zNDM2M2JjN2M0YzAiOnsiY3JlYXRlIjozMDAwMDAwMDAwMDAsImRlbGV0ZSI6MzAwMDAwMDAwMDAwLCJ1cGRhdGUiOjEyMDAwMDAwMDAwMH19",
          "dependencies": [
            "module.eks_n_virginia.data.aws_availability_zones.available",
            "module.eks_n_virginia.module.vpc.aws_route_table.private",
            "module.eks_n_virginia.module.vpc.aws_subnet.private",
            "module.eks_n_virginia.module.vpc.aws_vpc.this",
            "module.eks_n_virginia.module.vpc.aws_vpc_ipv4_cidr_block_association.this"
          ]
        },
        {
          "index_key": 1,
          "schema_version": 0,
          "attributes": {
            "gateway_id": "",
            "id": "rtbassoc-0da7e95e463808004",
            "route_table_id": "rtb-0e7f7f5a72ac2253a",
            "subnet_id": "subnet-0d076186d6882167b",
            "timeouts": null
          },
          "sensitive_attributes": [],
          "private": "eyJlMmJmYjczMC1lY2FhLTExZTYtOGY4OC0zNDM2M2JjN2M0YzAiOnsiY3JlYXRlIjozMDAwMDAwMDAwMDAsImRlbGV0ZSI6MzAwMDAwMDAwMDAwLCJ1cGRhdGUiOjEyMDAwMDAwMDAwMH19",
          "dependencies": [
            "module.eks_n_virginia.data.aws_availability_zones.available",
            "module.eks_n_virginia.module.vpc.aws_route_table.private",
            "module.eks_n_virginia.module.vpc.aws_subnet.private",
            "module.eks_n_virginia.module.vpc.aws_vpc.this",
            "module.eks_n_virginia.module.vpc.aws_vpc_ipv4_cidr_block_association.this"
          ]
        },
        {
          "index_key": 2,
          "schema_version": 0,
          "attributes": {
            "gateway_id": "",
            "id": "rtbassoc-0a08cc0055995b8e9",
            "route_table_id": "rtb-0e7f7f5a72ac2253a",
            "subnet_id": "subnet-009e3d9df68ca5173",
            "timeouts": null
          },
          "sensitive_attributes": [],
          "private": "eyJlMmJmYjczMC1lY2FhLTExZTYtOGY4OC0zNDM2M2JjN2M0YzAiOnsiY3JlYXRlIjozMDAwMDAwMDAwMDAsImRlbGV0ZSI6MzAwMDAwMDAwMDAwLCJ1cGRhdGUiOjEyMDAwMDAwMDAwMH19",
          "dependencies": [
            "module.eks_n_virginia.data.aws_availability_zones.available",
            "module.eks_n_virginia.module.vpc.aws_route_table.private",
            "module.eks_n_virginia.module.vpc.aws_subnet.private",
            "module.eks_n_virginia.module.vpc.aws_vpc.this",
            "module.eks_n_virginia.module.vpc.aws_vpc_ipv4_cidr_block_association.this"
          ]
        },
        {
          "index_key": 3,
          "schema_version": 0,
          "attributes": {
            "gateway_id": "",
            "id": "rtbassoc-05577ff9b5e9c56cc",
            "route_table_id": "rtb-0e7f7f5a72ac2253a",
            "subnet_id": "subnet-04af44c7541fcb547",
            "timeouts": null
          },
          "sensitive_attributes": [],
          "private": "eyJlMmJmYjczMC1lY2FhLTExZTYtOGY4OC0zNDM2M2JjN2M0YzAiOnsiY3JlYXRlIjozMDAwMDAwMDAwMDAsImRlbGV0ZSI6MzAwMDAwMDAwMDAwLCJ1cGRhdGUiOjEyMDAwMDAwMDAwMH19",
          "dependencies": [
            "module.eks_n_virginia.data.aws_availability_zones.available",
            "module.eks_n_virginia.module.vpc.aws_route_table.private",
            "module.eks_n_virginia.module.vpc.aws_subnet.private",
            "module.eks_n_virginia.module.vpc.aws_vpc.this",
            "module.eks_n_virginia.module.vpc.aws_vpc_ipv4_cidr_block_association.this"
          ]
        },
        {
          "index_key": 4,
          "schema_version": 0,
          "attributes": {
            "gateway_id": "",
            "id": "rtbassoc-0b357d9d70577c74b",
            "route_table_id": "rtb-0e7f7f5a72ac2253a",
            "subnet_id": "subnet-02896eae9b5a813c2",
            "timeouts": null
          },
          "sensitive_attributes": [],
          "private": "eyJlMmJmYjczMC1lY2FhLTExZTYtOGY4OC0zNDM2M2JjN2M0YzAiOnsiY3JlYXRlIjozMDAwMDAwMDAwMDAsImRlbGV0ZSI6MzAwMDAwMDAwMDAwLCJ1cGRhdGUiOjEyMDAwMDAwMDAwMH19",
          "dependencies": [
            "module.eks_n_virginia.data.aws_availability_zones.available",
            "module.eks_n_virginia.module.vpc.aws_route_table.private",
            "module.eks_n_virginia.module.vpc.aws_subnet.private",
            "module.eks_n_virginia.module.vpc.aws_vpc.this",
            "module.eks_n_virginia.module.vpc.aws_vpc_ipv4_cidr_block_association.this"
          ]
        }
      ]
    },
    {
      "module": "module.eks_n_virginia[0].module.vpc",
      "mode": "managed",
      "type": "aws_route_table_association",
      "name": "public",
      "provider": "provider[\"registry.terraform.io/hashicorp/aws\"].n_virginia",
      "instances": [
        {
          "index_key": 0,
          "schema_version": 0,
          "attributes": {
            "gateway_id": "",
            "id": "rtbassoc-0328202d4d7480872",
            "route_table_id": "rtb-0526fdd430bef5e0f",
            "subnet_id": "subnet-0ca0ec0d03d00f83f",
            "timeouts": null
          },
          "sensitive_attributes": [],
          "private": "eyJlMmJmYjczMC1lY2FhLTExZTYtOGY4OC0zNDM2M2JjN2M0YzAiOnsiY3JlYXRlIjozMDAwMDAwMDAwMDAsImRlbGV0ZSI6MzAwMDAwMDAwMDAwLCJ1cGRhdGUiOjEyMDAwMDAwMDAwMH19",
          "dependencies": [
            "module.eks_n_virginia.data.aws_availability_zones.available",
            "module.eks_n_virginia.module.vpc.aws_route_table.public",
            "module.eks_n_virginia.module.vpc.aws_subnet.public",
            "module.eks_n_virginia.module.vpc.aws_vpc.this",
            "module.eks_n_virginia.module.vpc.aws_vpc_ipv4_cidr_block_association.this"
          ]
        },
        {
          "index_key": 1,
          "schema_version": 0,
          "attributes": {
            "gateway_id": "",
            "id": "rtbassoc-06a5c718384ab2e73",
            "route_table_id": "rtb-0526fdd430bef5e0f",
            "subnet_id": "subnet-0910df17c9a8c6a82",
            "timeouts": null
          },
          "sensitive_attributes": [],
          "private": "eyJlMmJmYjczMC1lY2FhLTExZTYtOGY4OC0zNDM2M2JjN2M0YzAiOnsiY3JlYXRlIjozMDAwMDAwMDAwMDAsImRlbGV0ZSI6MzAwMDAwMDAwMDAwLCJ1cGRhdGUiOjEyMDAwMDAwMDAwMH19",
          "dependencies": [
            "module.eks_n_virginia.data.aws_availability_zones.available",
            "module.eks_n_virginia.module.vpc.aws_route_table.public",
            "module.eks_n_virginia.module.vpc.aws_subnet.public",
            "module.eks_n_virginia.module.vpc.aws_vpc.this",
            "module.eks_n_virginia.module.vpc.aws_vpc_ipv4_cidr_block_association.this"
          ]
        },
        {
          "index_key": 2,
          "schema_version": 0,
          "attributes": {
            "gateway_id": "",
            "id": "rtbassoc-0e53d2398339dc101",
            "route_table_id": "rtb-0526fdd430bef5e0f",
            "subnet_id": "subnet-048723d847a0c111a",
            "timeouts": null
          },
          "sensitive_attributes": [],
          "private": "eyJlMmJmYjczMC1lY2FhLTExZTYtOGY4OC0zNDM2M2JjN2M0YzAiOnsiY3JlYXRlIjozMDAwMDAwMDAwMDAsImRlbGV0ZSI6MzAwMDAwMDAwMDAwLCJ1cGRhdGUiOjEyMDAwMDAwMDAwMH19",
          "dependencies": [
            "module.eks_n_virginia.data.aws_availability_zones.available",
            "module.eks_n_virginia.module.vpc.aws_route_table.public",
            "module.eks_n_virginia.module.vpc.aws_subnet.public",
            "module.eks_n_virginia.module.vpc.aws_vpc.this",
            "module.eks_n_virginia.module.vpc.aws_vpc_ipv4_cidr_block_association.this"
          ]
        },
        {
          "index_key": 3,
          "schema_version": 0,
          "attributes": {
            "gateway_id": "",
            "id": "rtbassoc-05eed99e30fc81b82",
            "route_table_id": "rtb-0526fdd430bef5e0f",
            "subnet_id": "subnet-0339b7778ec63a8af",
            "timeouts": null
          },
          "sensitive_attributes": [],
          "private": "eyJlMmJmYjczMC1lY2FhLTExZTYtOGY4OC0zNDM2M2JjN2M0YzAiOnsiY3JlYXRlIjozMDAwMDAwMDAwMDAsImRlbGV0ZSI6MzAwMDAwMDAwMDAwLCJ1cGRhdGUiOjEyMDAwMDAwMDAwMH19",
          "dependencies": [
            "module.eks_n_virginia.data.aws_availability_zones.available",
            "module.eks_n_virginia.module.vpc.aws_route_table.public",
            "module.eks_n_virginia.module.vpc.aws_subnet.public",
            "module.eks_n_virginia.module.vpc.aws_vpc.this",
            "module.eks_n_virginia.module.vpc.aws_vpc_ipv4_cidr_block_association.this"
          ]
        },
        {
          "index_key": 4,
          "schema_version": 0,
          "attributes": {
            "gateway_id": "",
            "id": "rtbassoc-026e8f6b81f7bb329",
            "route_table_id": "rtb-0526fdd430bef5e0f",
            "subnet_id": "subnet-0210d0cea4f141208",
            "timeouts": null
          },
          "sensitive_attributes": [],
          "private": "eyJlMmJmYjczMC1lY2FhLTExZTYtOGY4OC0zNDM2M2JjN2M0YzAiOnsiY3JlYXRlIjozMDAwMDAwMDAwMDAsImRlbGV0ZSI6MzAwMDAwMDAwMDAwLCJ1cGRhdGUiOjEyMDAwMDAwMDAwMH19",
          "dependencies": [
            "module.eks_n_virginia.data.aws_availability_zones.available",
            "module.eks_n_virginia.module.vpc.aws_route_table.public",
            "module.eks_n_virginia.module.vpc.aws_subnet.public",
            "module.eks_n_virginia.module.vpc.aws_vpc.this",
            "module.eks_n_virginia.module.vpc.aws_vpc_ipv4_cidr_block_association.this"
          ]
        }
      ]
    },
    {
      "module": "module.eks_n_virginia[0].module.vpc",
      "mode": "managed",
      "type": "aws_subnet",
      "name": "private",
      "provider": "provider[\"registry.terraform.io/hashicorp/aws\"].n_virginia",
      "instances": [
        {
          "index_key": 0,
          "schema_version": 1,
          "attributes": {
            "arn": "arn:aws:ec2:us-east-1:411623750878:subnet/subnet-0108ed1f5f6bcffef",
            "assign_ipv6_address_on_creation": false,
            "availability_zone": "us-east-1a",
            "availability_zone_id": "use1-az4",
            "cidr_block": "10.0.0.0/24",
            "customer_owned_ipv4_pool": "",
            "enable_dns64": false,
            "enable_lni_at_device_index": 0,
            "enable_resource_name_dns_a_record_on_launch": false,
            "enable_resource_name_dns_aaaa_record_on_launch": false,
            "id": "subnet-0108ed1f5f6bcffef",
            "ipv6_cidr_block": "",
            "ipv6_cidr_block_association_id": "",
            "ipv6_native": false,
            "map_customer_owned_ip_on_launch": false,
            "map_public_ip_on_launch": false,
            "outpost_arn": "",
            "owner_id": "411623750878",
            "private_dns_hostname_type_on_launch": "ip-name",
            "tags": {
              "Name": "linxact-vpc-private-us-east-1a",
              "kubernetes.io/cluster/linxact-nv": "shared",
              "kubernetes.io/role/internal-elb": "1"
            },
            "tags_all": {
              "Name": "linxact-vpc-private-us-east-1a",
              "kubernetes.io/cluster/linxact-nv": "shared",
              "kubernetes.io/role/internal-elb": "1"
            },
            "timeouts": null,
            "vpc_id": "vpc-0714fc0116ae2937f"
          },
          "sensitive_attributes": [],
          "private": "eyJlMmJmYjczMC1lY2FhLTExZTYtOGY4OC0zNDM2M2JjN2M0YzAiOnsiY3JlYXRlIjo2MDAwMDAwMDAwMDAsImRlbGV0ZSI6MTIwMDAwMDAwMDAwMH0sInNjaGVtYV92ZXJzaW9uIjoiMSJ9",
          "dependencies": [
            "module.eks_n_virginia.data.aws_availability_zones.available",
            "module.eks_n_virginia.module.vpc.aws_vpc.this",
            "module.eks_n_virginia.module.vpc.aws_vpc_ipv4_cidr_block_association.this"
          ]
        },
        {
          "index_key": 1,
          "schema_version": 1,
          "attributes": {
            "arn": "arn:aws:ec2:us-east-1:411623750878:subnet/subnet-0d076186d6882167b",
            "assign_ipv6_address_on_creation": false,
            "availability_zone": "us-east-1b",
            "availability_zone_id": "use1-az6",
            "cidr_block": "10.0.1.0/24",
            "customer_owned_ipv4_pool": "",
            "enable_dns64": false,
            "enable_lni_at_device_index": 0,
            "enable_resource_name_dns_a_record_on_launch": false,
            "enable_resource_name_dns_aaaa_record_on_launch": false,
            "id": "subnet-0d076186d6882167b",
            "ipv6_cidr_block": "",
            "ipv6_cidr_block_association_id": "",
            "ipv6_native": false,
            "map_customer_owned_ip_on_launch": false,
            "map_public_ip_on_launch": false,
            "outpost_arn": "",
            "owner_id": "411623750878",
            "private_dns_hostname_type_on_launch": "ip-name",
            "tags": {
              "Name": "linxact-vpc-private-us-east-1b",
              "kubernetes.io/cluster/linxact-nv": "shared",
              "kubernetes.io/role/internal-elb": "1"
            },
            "tags_all": {
              "Name": "linxact-vpc-private-us-east-1b",
              "kubernetes.io/cluster/linxact-nv": "shared",
              "kubernetes.io/role/internal-elb": "1"
            },
            "timeouts": null,
            "vpc_id": "vpc-0714fc0116ae2937f"
          },
          "sensitive_attributes": [],
          "private": "eyJlMmJmYjczMC1lY2FhLTExZTYtOGY4OC0zNDM2M2JjN2M0YzAiOnsiY3JlYXRlIjo2MDAwMDAwMDAwMDAsImRlbGV0ZSI6MTIwMDAwMDAwMDAwMH0sInNjaGVtYV92ZXJzaW9uIjoiMSJ9",
          "dependencies": [
            "module.eks_n_virginia.data.aws_availability_zones.available",
            "module.eks_n_virginia.module.vpc.aws_vpc.this",
            "module.eks_n_virginia.module.vpc.aws_vpc_ipv4_cidr_block_association.this"
          ]
        },
        {
          "index_key": 2,
          "schema_version": 1,
          "attributes": {
            "arn": "arn:aws:ec2:us-east-1:411623750878:subnet/subnet-009e3d9df68ca5173",
            "assign_ipv6_address_on_creation": false,
            "availability_zone": "us-east-1c",
            "availability_zone_id": "use1-az1",
            "cidr_block": "10.0.2.0/24",
            "customer_owned_ipv4_pool": "",
            "enable_dns64": false,
            "enable_lni_at_device_index": 0,
            "enable_resource_name_dns_a_record_on_launch": false,
            "enable_resource_name_dns_aaaa_record_on_launch": false,
            "id": "subnet-009e3d9df68ca5173",
            "ipv6_cidr_block": "",
            "ipv6_cidr_block_association_id": "",
            "ipv6_native": false,
            "map_customer_owned_ip_on_launch": false,
            "map_public_ip_on_launch": false,
            "outpost_arn": "",
            "owner_id": "411623750878",
            "private_dns_hostname_type_on_launch": "ip-name",
            "tags": {
              "Name": "linxact-vpc-private-us-east-1c",
              "kubernetes.io/cluster/linxact-nv": "shared",
              "kubernetes.io/role/internal-elb": "1"
            },
            "tags_all": {
              "Name": "linxact-vpc-private-us-east-1c",
              "kubernetes.io/cluster/linxact-nv": "shared",
              "kubernetes.io/role/internal-elb": "1"
            },
            "timeouts": null,
            "vpc_id": "vpc-0714fc0116ae2937f"
          },
          "sensitive_attributes": [],
          "private": "eyJlMmJmYjczMC1lY2FhLTExZTYtOGY4OC0zNDM2M2JjN2M0YzAiOnsiY3JlYXRlIjo2MDAwMDAwMDAwMDAsImRlbGV0ZSI6MTIwMDAwMDAwMDAwMH0sInNjaGVtYV92ZXJzaW9uIjoiMSJ9",
          "dependencies": [
            "module.eks_n_virginia.data.aws_availability_zones.available",
            "module.eks_n_virginia.module.vpc.aws_vpc.this",
            "module.eks_n_virginia.module.vpc.aws_vpc_ipv4_cidr_block_association.this"
          ]
        },
        {
          "index_key": 3,
          "schema_version": 1,
          "attributes": {
            "arn": "arn:aws:ec2:us-east-1:411623750878:subnet/subnet-04af44c7541fcb547",
            "assign_ipv6_address_on_creation": false,
            "availability_zone": "us-east-1a",
            "availability_zone_id": "use1-az4",
            "cidr_block": "10.0.3.0/24",
            "customer_owned_ipv4_pool": "",
            "enable_dns64": false,
            "enable_lni_at_device_index": 0,
            "enable_resource_name_dns_a_record_on_launch": false,
            "enable_resource_name_dns_aaaa_record_on_launch": false,
            "id": "subnet-04af44c7541fcb547",
            "ipv6_cidr_block": "",
            "ipv6_cidr_block_association_id": "",
            "ipv6_native": false,
            "map_customer_owned_ip_on_launch": false,
            "map_public_ip_on_launch": false,
            "outpost_arn": "",
            "owner_id": "411623750878",
            "private_dns_hostname_type_on_launch": "ip-name",
            "tags": {
              "Name": "linxact-vpc-private-us-east-1a",
              "kubernetes.io/cluster/linxact-nv": "shared",
              "kubernetes.io/role/internal-elb": "1"
            },
            "tags_all": {
              "Name": "linxact-vpc-private-us-east-1a",
              "kubernetes.io/cluster/linxact-nv": "shared",
              "kubernetes.io/role/internal-elb": "1"
            },
            "timeouts": null,
            "vpc_id": "vpc-0714fc0116ae2937f"
          },
          "sensitive_attributes": [],
          "private": "eyJlMmJmYjczMC1lY2FhLTExZTYtOGY4OC0zNDM2M2JjN2M0YzAiOnsiY3JlYXRlIjo2MDAwMDAwMDAwMDAsImRlbGV0ZSI6MTIwMDAwMDAwMDAwMH0sInNjaGVtYV92ZXJzaW9uIjoiMSJ9",
          "dependencies": [
            "module.eks_n_virginia.data.aws_availability_zones.available",
            "module.eks_n_virginia.module.vpc.aws_vpc.this",
            "module.eks_n_virginia.module.vpc.aws_vpc_ipv4_cidr_block_association.this"
          ]
        },
        {
          "index_key": 4,
          "schema_version": 1,
          "attributes": {
            "arn": "arn:aws:ec2:us-east-1:411623750878:subnet/subnet-02896eae9b5a813c2",
            "assign_ipv6_address_on_creation": false,
            "availability_zone": "us-east-1b",
            "availability_zone_id": "use1-az6",
            "cidr_block": "10.0.4.0/24",
            "customer_owned_ipv4_pool": "",
            "enable_dns64": false,
            "enable_lni_at_device_index": 0,
            "enable_resource_name_dns_a_record_on_launch": false,
            "enable_resource_name_dns_aaaa_record_on_launch": false,
            "id": "subnet-02896eae9b5a813c2",
            "ipv6_cidr_block": "",
            "ipv6_cidr_block_association_id": "",
            "ipv6_native": false,
            "map_customer_owned_ip_on_launch": false,
            "map_public_ip_on_launch": false,
            "outpost_arn": "",
            "owner_id": "411623750878",
            "private_dns_hostname_type_on_launch": "ip-name",
            "tags": {
              "Name": "linxact-vpc-private-us-east-1b",
              "kubernetes.io/cluster/linxact-nv": "shared",
              "kubernetes.io/role/internal-elb": "1"
            },
            "tags_all": {
              "Name": "linxact-vpc-private-us-east-1b",
              "kubernetes.io/cluster/linxact-nv": "shared",
              "kubernetes.io/role/internal-elb": "1"
            },
            "timeouts": null,
            "vpc_id": "vpc-0714fc0116ae2937f"
          },
          "sensitive_attributes": [],
          "private": "eyJlMmJmYjczMC1lY2FhLTExZTYtOGY4OC0zNDM2M2JjN2M0YzAiOnsiY3JlYXRlIjo2MDAwMDAwMDAwMDAsImRlbGV0ZSI6MTIwMDAwMDAwMDAwMH0sInNjaGVtYV92ZXJzaW9uIjoiMSJ9",
          "dependencies": [
            "module.eks_n_virginia.data.aws_availability_zones.available",
            "module.eks_n_virginia.module.vpc.aws_vpc.this",
            "module.eks_n_virginia.module.vpc.aws_vpc_ipv4_cidr_block_association.this"
          ]
        }
      ]
    },
    {
      "module": "module.eks_n_virginia[0].module.vpc",
      "mode": "managed",
      "type": "aws_subnet",
      "name": "public",
      "provider": "provider[\"registry.terraform.io/hashicorp/aws\"].n_virginia",
      "instances": [
        {
          "index_key": 0,
          "schema_version": 1,
          "attributes": {
            "arn": "arn:aws:ec2:us-east-1:411623750878:subnet/subnet-0ca0ec0d03d00f83f",
            "assign_ipv6_address_on_creation": false,
            "availability_zone": "us-east-1a",
            "availability_zone_id": "use1-az4",
            "cidr_block": "10.0.5.0/24",
            "customer_owned_ipv4_pool": "",
            "enable_dns64": false,
            "enable_lni_at_device_index": 0,
            "enable_resource_name_dns_a_record_on_launch": false,
            "enable_resource_name_dns_aaaa_record_on_launch": false,
            "id": "subnet-0ca0ec0d03d00f83f",
            "ipv6_cidr_block": "",
            "ipv6_cidr_block_association_id": "",
            "ipv6_native": false,
            "map_customer_owned_ip_on_launch": false,
            "map_public_ip_on_launch": false,
            "outpost_arn": "",
            "owner_id": "411623750878",
            "private_dns_hostname_type_on_launch": "ip-name",
            "tags": {
              "Name": "linxact-vpc-public-us-east-1a",
              "kubernetes.io/cluster/linxact-nv": "shared",
              "kubernetes.io/role/elb": "1"
            },
            "tags_all": {
              "Name": "linxact-vpc-public-us-east-1a",
              "kubernetes.io/cluster/linxact-nv": "shared",
              "kubernetes.io/role/elb": "1"
            },
            "timeouts": null,
            "vpc_id": "vpc-0714fc0116ae2937f"
          },
          "sensitive_attributes": [],
          "private": "eyJlMmJmYjczMC1lY2FhLTExZTYtOGY4OC0zNDM2M2JjN2M0YzAiOnsiY3JlYXRlIjo2MDAwMDAwMDAwMDAsImRlbGV0ZSI6MTIwMDAwMDAwMDAwMH0sInNjaGVtYV92ZXJzaW9uIjoiMSJ9",
          "dependencies": [
            "module.eks_n_virginia.data.aws_availability_zones.available",
            "module.eks_n_virginia.module.vpc.aws_vpc.this",
            "module.eks_n_virginia.module.vpc.aws_vpc_ipv4_cidr_block_association.this"
          ]
        },
        {
          "index_key": 1,
          "schema_version": 1,
          "attributes": {
            "arn": "arn:aws:ec2:us-east-1:411623750878:subnet/subnet-0910df17c9a8c6a82",
            "assign_ipv6_address_on_creation": false,
            "availability_zone": "us-east-1b",
            "availability_zone_id": "use1-az6",
            "cidr_block": "10.0.6.0/24",
            "customer_owned_ipv4_pool": "",
            "enable_dns64": false,
            "enable_lni_at_device_index": 0,
            "enable_resource_name_dns_a_record_on_launch": false,
            "enable_resource_name_dns_aaaa_record_on_launch": false,
            "id": "subnet-0910df17c9a8c6a82",
            "ipv6_cidr_block": "",
            "ipv6_cidr_block_association_id": "",
            "ipv6_native": false,
            "map_customer_owned_ip_on_launch": false,
            "map_public_ip_on_launch": false,
            "outpost_arn": "",
            "owner_id": "411623750878",
            "private_dns_hostname_type_on_launch": "ip-name",
            "tags": {
              "Name": "linxact-vpc-public-us-east-1b",
              "kubernetes.io/cluster/linxact-nv": "shared",
              "kubernetes.io/role/elb": "1"
            },
            "tags_all": {
              "Name": "linxact-vpc-public-us-east-1b",
              "kubernetes.io/cluster/linxact-nv": "shared",
              "kubernetes.io/role/elb": "1"
            },
            "timeouts": null,
            "vpc_id": "vpc-0714fc0116ae2937f"
          },
          "sensitive_attributes": [],
          "private": "eyJlMmJmYjczMC1lY2FhLTExZTYtOGY4OC0zNDM2M2JjN2M0YzAiOnsiY3JlYXRlIjo2MDAwMDAwMDAwMDAsImRlbGV0ZSI6MTIwMDAwMDAwMDAwMH0sInNjaGVtYV92ZXJzaW9uIjoiMSJ9",
          "dependencies": [
            "module.eks_n_virginia.data.aws_availability_zones.available",
            "module.eks_n_virginia.module.vpc.aws_vpc.this",
            "module.eks_n_virginia.module.vpc.aws_vpc_ipv4_cidr_block_association.this"
          ]
        },
        {
          "index_key": 2,
          "schema_version": 1,
          "attributes": {
            "arn": "arn:aws:ec2:us-east-1:411623750878:subnet/subnet-048723d847a0c111a",
            "assign_ipv6_address_on_creation": false,
            "availability_zone": "us-east-1c",
            "availability_zone_id": "use1-az1",
            "cidr_block": "10.0.7.0/24",
            "customer_owned_ipv4_pool": "",
            "enable_dns64": false,
            "enable_lni_at_device_index": 0,
            "enable_resource_name_dns_a_record_on_launch": false,
            "enable_resource_name_dns_aaaa_record_on_launch": false,
            "id": "subnet-048723d847a0c111a",
            "ipv6_cidr_block": "",
            "ipv6_cidr_block_association_id": "",
            "ipv6_native": false,
            "map_customer_owned_ip_on_launch": false,
            "map_public_ip_on_launch": false,
            "outpost_arn": "",
            "owner_id": "411623750878",
            "private_dns_hostname_type_on_launch": "ip-name",
            "tags": {
              "Name": "linxact-vpc-public-us-east-1c",
              "kubernetes.io/cluster/linxact-nv": "shared",
              "kubernetes.io/role/elb": "1"
            },
            "tags_all": {
              "Name": "linxact-vpc-public-us-east-1c",
              "kubernetes.io/cluster/linxact-nv": "shared",
              "kubernetes.io/role/elb": "1"
            },
            "timeouts": null,
            "vpc_id": "vpc-0714fc0116ae2937f"
          },
          "sensitive_attributes": [],
          "private": "eyJlMmJmYjczMC1lY2FhLTExZTYtOGY4OC0zNDM2M2JjN2M0YzAiOnsiY3JlYXRlIjo2MDAwMDAwMDAwMDAsImRlbGV0ZSI6MTIwMDAwMDAwMDAwMH0sInNjaGVtYV92ZXJzaW9uIjoiMSJ9",
          "dependencies": [
            "module.eks_n_virginia.data.aws_availability_zones.available",
            "module.eks_n_virginia.module.vpc.aws_vpc.this",
            "module.eks_n_virginia.module.vpc.aws_vpc_ipv4_cidr_block_association.this"
          ]
        },
        {
          "index_key": 3,
          "schema_version": 1,
          "attributes": {
            "arn": "arn:aws:ec2:us-east-1:411623750878:subnet/subnet-0339b7778ec63a8af",
            "assign_ipv6_address_on_creation": false,
            "availability_zone": "us-east-1a",
            "availability_zone_id": "use1-az4",
            "cidr_block": "10.0.8.0/24",
            "customer_owned_ipv4_pool": "",
            "enable_dns64": false,
            "enable_lni_at_device_index": 0,
            "enable_resource_name_dns_a_record_on_launch": false,
            "enable_resource_name_dns_aaaa_record_on_launch": false,
            "id": "subnet-0339b7778ec63a8af",
            "ipv6_cidr_block": "",
            "ipv6_cidr_block_association_id": "",
            "ipv6_native": false,
            "map_customer_owned_ip_on_launch": false,
            "map_public_ip_on_launch": false,
            "outpost_arn": "",
            "owner_id": "411623750878",
            "private_dns_hostname_type_on_launch": "ip-name",
            "tags": {
              "Name": "linxact-vpc-public-us-east-1a",
              "kubernetes.io/cluster/linxact-nv": "shared",
              "kubernetes.io/role/elb": "1"
            },
            "tags_all": {
              "Name": "linxact-vpc-public-us-east-1a",
              "kubernetes.io/cluster/linxact-nv": "shared",
              "kubernetes.io/role/elb": "1"
            },
            "timeouts": null,
            "vpc_id": "vpc-0714fc0116ae2937f"
          },
          "sensitive_attributes": [],
          "private": "eyJlMmJmYjczMC1lY2FhLTExZTYtOGY4OC0zNDM2M2JjN2M0YzAiOnsiY3JlYXRlIjo2MDAwMDAwMDAwMDAsImRlbGV0ZSI6MTIwMDAwMDAwMDAwMH0sInNjaGVtYV92ZXJzaW9uIjoiMSJ9",
          "dependencies": [
            "module.eks_n_virginia.data.aws_availability_zones.available",
            "module.eks_n_virginia.module.vpc.aws_vpc.this",
            "module.eks_n_virginia.module.vpc.aws_vpc_ipv4_cidr_block_association.this"
          ]
        },
        {
          "index_key": 4,
          "schema_version": 1,
          "attributes": {
            "arn": "arn:aws:ec2:us-east-1:411623750878:subnet/subnet-0210d0cea4f141208",
            "assign_ipv6_address_on_creation": false,
            "availability_zone": "us-east-1b",
            "availability_zone_id": "use1-az6",
            "cidr_block": "10.0.9.0/24",
            "customer_owned_ipv4_pool": "",
            "enable_dns64": false,
            "enable_lni_at_device_index": 0,
            "enable_resource_name_dns_a_record_on_launch": false,
            "enable_resource_name_dns_aaaa_record_on_launch": false,
            "id": "subnet-0210d0cea4f141208",
            "ipv6_cidr_block": "",
            "ipv6_cidr_block_association_id": "",
            "ipv6_native": false,
            "map_customer_owned_ip_on_launch": false,
            "map_public_ip_on_launch": false,
            "outpost_arn": "",
            "owner_id": "411623750878",
            "private_dns_hostname_type_on_launch": "ip-name",
            "tags": {
              "Name": "linxact-vpc-public-us-east-1b",
              "kubernetes.io/cluster/linxact-nv": "shared",
              "kubernetes.io/role/elb": "1"
            },
            "tags_all": {
              "Name": "linxact-vpc-public-us-east-1b",
              "kubernetes.io/cluster/linxact-nv": "shared",
              "kubernetes.io/role/elb": "1"
            },
            "timeouts": null,
            "vpc_id": "vpc-0714fc0116ae2937f"
          },
          "sensitive_attributes": [],
          "private": "eyJlMmJmYjczMC1lY2FhLTExZTYtOGY4OC0zNDM2M2JjN2M0YzAiOnsiY3JlYXRlIjo2MDAwMDAwMDAwMDAsImRlbGV0ZSI6MTIwMDAwMDAwMDAwMH0sInNjaGVtYV92ZXJzaW9uIjoiMSJ9",
          "dependencies": [
            "module.eks_n_virginia.data.aws_availability_zones.available",
            "module.eks_n_virginia.module.vpc.aws_vpc.this",
            "module.eks_n_virginia.module.vpc.aws_vpc_ipv4_cidr_block_association.this"
          ]
        }
      ]
    },
    {
      "module": "module.eks_n_virginia[0].module.vpc",
      "mode": "managed",
      "type": "aws_vpc",
      "name": "this",
      "provider": "provider[\"registry.terraform.io/hashicorp/aws\"].n_virginia",
      "instances": [
        {
          "index_key": 0,
          "schema_version": 1,
          "attributes": {
            "arn": "arn:aws:ec2:us-east-1:411623750878:vpc/vpc-0714fc0116ae2937f",
            "assign_generated_ipv6_cidr_block": false,
            "cidr_block": "10.0.0.0/16",
            "default_network_acl_id": "acl-0cb66c775ad73fb6c",
            "default_route_table_id": "rtb-02de586f8a7a97d6a",
            "default_security_group_id": "sg-090e10fc82fb5da6d",
            "dhcp_options_id": "dopt-df557ca7",
            "enable_dns_hostnames": true,
            "enable_dns_support": true,
            "enable_network_address_usage_metrics": false,
            "id": "vpc-0714fc0116ae2937f",
            "instance_tenancy": "default",
            "ipv4_ipam_pool_id": null,
            "ipv4_netmask_length": null,
            "ipv6_association_id": "",
            "ipv6_cidr_block": "",
            "ipv6_cidr_block_network_border_group": "",
            "ipv6_ipam_pool_id": "",
            "ipv6_netmask_length": 0,
            "main_route_table_id": "rtb-02de586f8a7a97d6a",
            "owner_id": "411623750878",
            "tags": {
              "Name": "linxact-vpc"
            },
            "tags_all": {
              "Name": "linxact-vpc"
            }
          },
          "sensitive_attributes": [],
          "private": "eyJzY2hlbWFfdmVyc2lvbiI6IjEifQ==",
          "create_before_destroy": true
        }
      ]
    },
    {
      "module": "module.eks_n_virginia[0].module.vpc",
      "mode": "managed",
      "type": "aws_vpc_ipv4_cidr_block_association",
      "name": "this",
      "provider": "provider[\"registry.terraform.io/hashicorp/aws\"].n_virginia",
      "instances": []
    },
    {
      "module": "module.eks_ohio[0]",
      "mode": "data",
      "type": "aws_availability_zones",
      "name": "available",
      "provider": "provider[\"registry.terraform.io/hashicorp/aws\"].ohio",
      "instances": [
        {
          "schema_version": 0,
          "attributes": {
            "all_availability_zones": null,
            "exclude_names": null,
            "exclude_zone_ids": null,
            "filter": [
              {
                "name": "opt-in-status",
                "values": [
                  "opt-in-not-required"
                ]
              }
            ],
            "group_names": [
              "us-east-2"
            ],
            "id": "us-east-2",
            "names": [
              "us-east-2a",
              "us-east-2b",
              "us-east-2c"
            ],
            "state": null,
            "timeouts": null,
            "zone_ids": [
              "use2-az1",
              "use2-az2",
              "use2-az3"
            ]
          },
          "sensitive_attributes": []
        }
      ]
    },
    {
      "module": "module.eks_ohio[0]",
      "mode": "managed",
      "type": "null_resource",
      "name": "merge_kubeconfig",
      "provider": "provider[\"registry.terraform.io/hashicorp/null\"]",
      "instances": [
        {
          "index_key": 0,
          "schema_version": 0,
          "attributes": {
            "id": "5219714326550362231",
            "triggers": {
              "always": "2024-01-14T21:30:47Z"
            }
          },
          "sensitive_attributes": [],
          "dependencies": [
            "module.eks_ohio.data.aws_availability_zones.available",
            "module.eks_ohio.module.eks.aws_cloudwatch_log_group.this",
            "module.eks_ohio.module.eks.aws_eks_cluster.this",
            "module.eks_ohio.module.eks.aws_iam_policy.cni_ipv6_policy",
            "module.eks_ohio.module.eks.aws_iam_role.this",
            "module.eks_ohio.module.eks.aws_iam_role_policy_attachment.this",
            "module.eks_ohio.module.eks.aws_security_group.cluster",
            "module.eks_ohio.module.eks.aws_security_group.node",
            "module.eks_ohio.module.eks.aws_security_group_rule.cluster",
            "module.eks_ohio.module.eks.aws_security_group_rule.node",
            "module.eks_ohio.module.eks.data.aws_caller_identity.current",
            "module.eks_ohio.module.eks.data.aws_iam_policy_document.assume_role_policy",
            "module.eks_ohio.module.eks.data.aws_iam_policy_document.cni_ipv6_policy",
            "module.eks_ohio.module.eks.data.aws_iam_session_context.current",
            "module.eks_ohio.module.eks.data.aws_partition.current",
            "module.eks_ohio.module.eks.module.kms.aws_kms_external_key.this",
            "module.eks_ohio.module.eks.module.kms.aws_kms_key.this",
            "module.eks_ohio.module.eks.module.kms.data.aws_caller_identity.current",
            "module.eks_ohio.module.eks.module.kms.data.aws_iam_policy_document.this",
            "module.eks_ohio.module.eks.module.kms.data.aws_partition.current",
            "module.eks_ohio.module.vpc.aws_subnet.private",
            "module.eks_ohio.module.vpc.aws_vpc.this",
            "module.eks_ohio.module.vpc.aws_vpc_ipv4_cidr_block_association.this"
          ]
        }
      ]
    },
    {
      "module": "module.eks_ohio[0]",
      "mode": "managed",
      "type": "random_string",
      "name": "suffix",
      "provider": "provider[\"registry.terraform.io/hashicorp/random\"]",
      "instances": [
        {
          "schema_version": 2,
          "attributes": {
            "id": "6q08ptye",
            "keepers": null,
            "length": 8,
            "lower": true,
            "min_lower": 0,
            "min_numeric": 0,
            "min_special": 0,
            "min_upper": 0,
            "number": true,
            "numeric": true,
            "override_special": null,
            "result": "6q08ptye",
            "special": false,
            "upper": true
          },
          "sensitive_attributes": []
        }
      ]
    },
    {
      "module": "module.eks_ohio[0].module.eks",
      "mode": "data",
      "type": "aws_caller_identity",
      "name": "current",
      "provider": "provider[\"registry.terraform.io/hashicorp/aws\"].ohio",
      "instances": [
        {
          "schema_version": 0,
          "attributes": {
            "account_id": "411623750878",
            "arn": "arn:aws:iam::411623750878:user/olexiy",
            "id": "411623750878",
            "user_id": "AIDAV7VVP7TPJ6HRCC3PA"
          },
          "sensitive_attributes": []
        }
      ]
    },
    {
      "module": "module.eks_ohio[0].module.eks",
      "mode": "data",
      "type": "aws_iam_policy_document",
      "name": "assume_role_policy",
      "provider": "provider[\"registry.terraform.io/hashicorp/aws\"].ohio",
      "instances": [
        {
          "index_key": 0,
          "schema_version": 0,
          "attributes": {
            "id": "2764486067",
            "json": "{\n  \"Version\": \"2012-10-17\",\n  \"Statement\": [\n    {\n      \"Sid\": \"EKSClusterAssumeRole\",\n      \"Effect\": \"Allow\",\n      \"Action\": \"sts:AssumeRole\",\n      \"Principal\": {\n        \"Service\": \"eks.amazonaws.com\"\n      }\n    }\n  ]\n}",
            "override_policy_documents": null,
            "policy_id": null,
            "source_policy_documents": null,
            "statement": [
              {
                "actions": [
                  "sts:AssumeRole"
                ],
                "condition": [],
                "effect": "Allow",
                "not_actions": [],
                "not_principals": [],
                "not_resources": [],
                "principals": [
                  {
                    "identifiers": [
                      "eks.amazonaws.com"
                    ],
                    "type": "Service"
                  }
                ],
                "resources": [],
                "sid": "EKSClusterAssumeRole"
              }
            ],
            "version": "2012-10-17"
          },
          "sensitive_attributes": []
        }
      ]
    },
    {
      "module": "module.eks_ohio[0].module.eks",
      "mode": "data",
      "type": "aws_iam_policy_document",
      "name": "cni_ipv6_policy",
      "provider": "provider[\"registry.terraform.io/hashicorp/aws\"].ohio",
      "instances": []
    },
    {
      "module": "module.eks_ohio[0].module.eks",
      "mode": "data",
      "type": "aws_iam_session_context",
      "name": "current",
      "provider": "provider[\"registry.terraform.io/hashicorp/aws\"].ohio",
      "instances": [
        {
          "schema_version": 0,
          "attributes": {
            "arn": "arn:aws:iam::411623750878:user/olexiy",
            "id": "arn:aws:iam::411623750878:user/olexiy",
            "issuer_arn": "arn:aws:iam::411623750878:user/olexiy",
            "issuer_id": "",
            "issuer_name": "",
            "session_name": ""
          },
          "sensitive_attributes": []
        }
      ]
    },
    {
      "module": "module.eks_ohio[0].module.eks",
      "mode": "data",
      "type": "aws_partition",
      "name": "current",
      "provider": "provider[\"registry.terraform.io/hashicorp/aws\"].ohio",
      "instances": [
        {
          "schema_version": 0,
          "attributes": {
            "dns_suffix": "amazonaws.com",
            "id": "aws",
            "partition": "aws",
            "reverse_dns_prefix": "com.amazonaws"
          },
          "sensitive_attributes": []
        }
      ]
    },
    {
      "module": "module.eks_ohio[0].module.eks",
      "mode": "data",
      "type": "tls_certificate",
      "name": "this",
      "provider": "provider[\"registry.terraform.io/hashicorp/tls\"]",
      "instances": [
        {
          "index_key": 0,
          "schema_version": 0,
          "attributes": {
            "certificates": [
              {
                "cert_pem": "-----BEGIN CERTIFICATE-----\nMIIEdTCCA12gAwIBAgIJAKcOSkw0grd/MA0GCSqGSIb3DQEBCwUAMGgxCzAJBgNV\nBAYTAlVTMSUwIwYDVQQKExxTdGFyZmllbGQgVGVjaG5vbG9naWVzLCBJbmMuMTIw\nMAYDVQQLEylTdGFyZmllbGQgQ2xhc3MgMiBDZXJ0aWZpY2F0aW9uIEF1dGhvcml0\neTAeFw0wOTA5MDIwMDAwMDBaFw0zNDA2MjgxNzM5MTZaMIGYMQswCQYDVQQGEwJV\nUzEQMA4GA1UECBMHQXJpem9uYTETMBEGA1UEBxMKU2NvdHRzZGFsZTElMCMGA1UE\nChMcU3RhcmZpZWxkIFRlY2hub2xvZ2llcywgSW5jLjE7MDkGA1UEAxMyU3RhcmZp\nZWxkIFNlcnZpY2VzIFJvb3QgQ2VydGlmaWNhdGUgQXV0aG9yaXR5IC0gRzIwggEi\nMA0GCSqGSIb3DQEBAQUAA4IBDwAwggEKAoIBAQDVDDrEKvlO4vW+GZdfjohTsR8/\ny8+fIBNtKTrID30892t2OGPZNmCom15cAICyL1l/9of5JUOG52kbUpqQ4XHj2C0N\nTm/2yEnZtvMaVq4rtnQU68/7JuMauh2WLmo7WJSJR1b/JaCTcFOD2oR0FMNnngRo\nOt+OQFodSk7PQ5E751bWAHDLUu57fa4657wx+UX2wmDPE1kCK4DMNEffud6QZW0C\nzyyRpqbn3oUYSXxmTqM6bam17jQuug0DuDPfR+uxa40l2ZvOgdFFRjKWcIfeAg5J\nQ4W2bHO7ZOphQazJ1FTfhy/HIrImzJ9ZVGif/L4qL8RVHHVAYBeFAlU5i38FAgMB\nAAGjgfAwge0wDwYDVR0TAQH/BAUwAwEB/zAOBgNVHQ8BAf8EBAMCAYYwHQYDVR0O\nBBYEFJxfAN+qAdcwKziIorhtSpzyEZGDMB8GA1UdIwQYMBaAFL9ft9HO3R+G9FtV\nrNzXEMIOqYjnME8GCCsGAQUFBwEBBEMwQTAcBggrBgEFBQcwAYYQaHR0cDovL28u\nc3MyLnVzLzAhBggrBgEFBQcwAoYVaHR0cDovL3guc3MyLnVzL3guY2VyMCYGA1Ud\nHwQfMB0wG6AZoBeGFWh0dHA6Ly9zLnNzMi51cy9yLmNybDARBgNVHSAECjAIMAYG\nBFUdIAAwDQYJKoZIhvcNAQELBQADggEBACMd44pXyn3pF3lM8R5V/cxTbj5HD9/G\nVfKyBDbtgB9TxF00KGu+x1X8Z+rLP3+QsjPNG1gQggL4+C/1E2DUBc7xgQjB3ad1\nl08YuW3e95ORCLp+QCztweq7dp4zBncdDQh/U90bZKuCJ/Fp1U1ervShw3WnWEQt\n8jxwmKy6abaVd38PMV4s/KCHOkdp8Hlf9BRUpJVeEXgSYCfOn8J3/yNTd126/+pZ\n59vPr5KW7ySaNRB6nJHGDn2Z9j8Z3/VyVOEVqQdZe4O/Ui5GjLIAZHYcSNPYeehu\nVsyuLAOQ1xk4meTKCRlb/weWsKh/NEnfVqn3sF/tM+2MR7cwA130A4w=\n-----END CERTIFICATE-----\n",
                "is_ca": true,
                "issuer": "OU=Starfield Class 2 Certification Authority,O=Starfield Technologies\\, Inc.,C=US",
                "not_after": "2034-06-28T17:39:16Z",
                "not_before": "2009-09-02T00:00:00Z",
                "public_key_algorithm": "RSA",
                "serial_number": "12037640545166866303",
                "sha1_fingerprint": "9e99a48a9960b14926bb7f3b02e22da2b0ab7280",
                "signature_algorithm": "SHA256-RSA",
                "subject": "CN=Starfield Services Root Certificate Authority - G2,O=Starfield Technologies\\, Inc.,L=Scottsdale,ST=Arizona,C=US",
                "version": 3
              },
              {
                "cert_pem": "-----BEGIN CERTIFICATE-----\nMIIEkjCCA3qgAwIBAgITBn+USionzfP6wq4rAfkI7rnExjANBgkqhkiG9w0BAQsF\nADCBmDELMAkGA1UEBhMCVVMxEDAOBgNVBAgTB0FyaXpvbmExEzARBgNVBAcTClNj\nb3R0c2RhbGUxJTAjBgNVBAoTHFN0YXJmaWVsZCBUZWNobm9sb2dpZXMsIEluYy4x\nOzA5BgNVBAMTMlN0YXJmaWVsZCBTZXJ2aWNlcyBSb290IENlcnRpZmljYXRlIEF1\ndGhvcml0eSAtIEcyMB4XDTE1MDUyNTEyMDAwMFoXDTM3MTIzMTAxMDAwMFowOTEL\nMAkGA1UEBhMCVVMxDzANBgNVBAoTBkFtYXpvbjEZMBcGA1UEAxMQQW1hem9uIFJv\nb3QgQ0EgMTCCASIwDQYJKoZIhvcNAQEBBQADggEPADCCAQoCggEBALJ4gHHKeNXj\nca9HgFB0fW7Y14h29Jlo91ghYPl0hAEvrAIthtOgQ3pOsqTQNroBvo3bSMgHFzZM\n9O6II8c+6zf1tRn4SWiw3te5djgdYZ6k/oI2peVKVuRF4fn9tBb6dNqcmzU5L/qw\nIFAGbHrQgLKm+a/sRxmPUDgH3KKHOVj4utWp+UhnMJbulHheb4mjUcAwhmahRWa6\nVOujw5H5SNz/0egwLX0tdHA114gk957EWW67c4cX8jJGKLhD+rcdqsq08p8kDi1L\n93FcXmn/6pUCyziKrlA4b9v7LWIbxcceVOF34GfID5yHI9Y/QCB/IIDEgEw+OyQm\njgSubJrIqg0CAwEAAaOCATEwggEtMA8GA1UdEwEB/wQFMAMBAf8wDgYDVR0PAQH/\nBAQDAgGGMB0GA1UdDgQWBBSEGMyFNOy8DJSULghZnMeyEE4KCDAfBgNVHSMEGDAW\ngBScXwDfqgHXMCs4iKK4bUqc8hGRgzB4BggrBgEFBQcBAQRsMGowLgYIKwYBBQUH\nMAGGImh0dHA6Ly9vY3NwLnJvb3RnMi5hbWF6b250cnVzdC5jb20wOAYIKwYBBQUH\nMAKGLGh0dHA6Ly9jcnQucm9vdGcyLmFtYXpvbnRydXN0LmNvbS9yb290ZzIuY2Vy\nMD0GA1UdHwQ2MDQwMqAwoC6GLGh0dHA6Ly9jcmwucm9vdGcyLmFtYXpvbnRydXN0\nLmNvbS9yb290ZzIuY3JsMBEGA1UdIAQKMAgwBgYEVR0gADANBgkqhkiG9w0BAQsF\nAAOCAQEAYjdCXLwQtT6LLOkMm2xF4gcAevnFWAu5CIw+7bMlPLVvUOTNNWqnkzSW\nMiGpSESrnO09tKpzbeR/FoCJbM8oAxiDR3mjEH4wW6w7sGDgd9QIpuEdfF7Au/ma\neyKdpwAJfqxGF4PcnCZXmTA5YpaP7dreqsXMGz7KQ2hsVxa81Q4gLv7/wmpdLqBK\nbRRYh5TmOTFffHPLkIhqhBGWJ6bt2YFGpn6jcgAKUj6DiAdjd4lpFw85hdKrCEVN\n0FE6/V1dN2RMfjCyVSRCnTawXZwXgWHxyvkQAiSr6w10kY17RSlQOYiypok1JR4U\nakcjMS9cmvqtmg5iUaQqqcT5NJ0hGA==\n-----END CERTIFICATE-----\n",
                "is_ca": true,
                "issuer": "CN=Starfield Services Root Certificate Authority - G2,O=Starfield Technologies\\, Inc.,L=Scottsdale,ST=Arizona,C=US",
                "not_after": "2037-12-31T01:00:00Z",
                "not_before": "2015-05-25T12:00:00Z",
                "public_key_algorithm": "RSA",
                "serial_number": "144918191876577076464031512351042010504348870",
                "sha1_fingerprint": "06b25927c42a721631c1efd9431e648fa62e1e39",
                "signature_algorithm": "SHA256-RSA",
                "subject": "CN=Amazon Root CA 1,O=Amazon,C=US",
                "version": 3
              },
              {
                "cert_pem": "-----BEGIN CERTIFICATE-----\nMIIEXjCCA0agAwIBAgITB3MSSkvL1E7HtTvq8ZSELToPoTANBgkqhkiG9w0BAQsF\nADA5MQswCQYDVQQGEwJVUzEPMA0GA1UEChMGQW1hem9uMRkwFwYDVQQDExBBbWF6\nb24gUm9vdCBDQSAxMB4XDTIyMDgyMzIyMjUzMFoXDTMwMDgyMzIyMjUzMFowPDEL\nMAkGA1UEBhMCVVMxDzANBgNVBAoTBkFtYXpvbjEcMBoGA1UEAxMTQW1hem9uIFJT\nQSAyMDQ4IE0wMjCCASIwDQYJKoZIhvcNAQEBBQADggEPADCCAQoCggEBALtDGMZa\nqHneKei1by6+pUPPLljTB143Si6VpEWPc6mSkFhZb/6qrkZyoHlQLbDYnI2D7hD0\nsdzEqfnuAjIsuXQLG3A8TvX6V3oFNBFVe8NlLJHvBseKY88saLwufxkZVwk74g4n\nWlNMXzla9Y5F3wwRHwMVH443xGz6UtGSZSqQ94eFx5X7Tlqt8whi8qCaKdZ5rNak\n+r9nUThOeClqFd4oXych//Rc7Y0eX1KNWHYSI1Nk31mYgiK3JvH063g+K9tHA63Z\neTgKgndlh+WI+zv7i44HepRZjA1FYwYZ9Vv/9UkC5Yz8/yU65fgjaE+wVHM4e/Yy\nC2osrPWE7gJ+dXMCAwEAAaOCAVowggFWMBIGA1UdEwEB/wQIMAYBAf8CAQAwDgYD\nVR0PAQH/BAQDAgGGMB0GA1UdJQQWMBQGCCsGAQUFBwMBBggrBgEFBQcDAjAdBgNV\nHQ4EFgQUwDFSzVpQw4J8dHHOy+mc+XrrguIwHwYDVR0jBBgwFoAUhBjMhTTsvAyU\nlC4IWZzHshBOCggwewYIKwYBBQUHAQEEbzBtMC8GCCsGAQUFBzABhiNodHRwOi8v\nb2NzcC5yb290Y2ExLmFtYXpvbnRydXN0LmNvbTA6BggrBgEFBQcwAoYuaHR0cDov\nL2NydC5yb290Y2ExLmFtYXpvbnRydXN0LmNvbS9yb290Y2ExLmNlcjA/BgNVHR8E\nODA2MDSgMqAwhi5odHRwOi8vY3JsLnJvb3RjYTEuYW1hem9udHJ1c3QuY29tL3Jv\nb3RjYTEuY3JsMBMGA1UdIAQMMAowCAYGZ4EMAQIBMA0GCSqGSIb3DQEBCwUAA4IB\nAQAtTi6Fs0Azfi+iwm7jrz+CSxHH+uHl7Law3MQSXVtR8RV53PtR6r/6gNpqlzdo\nZq4FKbADi1v9Bun8RY8D51uedRfjsbeodizeBB8nXmeyD33Ep7VATj4ozcd31YFV\nfgRhvTSxNrrTlNpWkUk0m3BMPv8sg381HhA6uEYokE5q9uws/3YkKqRiEz3TsaWm\nJqIRZhMbgAfp7O7FUwFIb7UIspogZSKxPIWJpxiPo3TcBambbVtQOcNRWz5qCQdD\nslI2yayq0n2TXoHyNCLEH8rpsJRVILFsg0jc7BaFrMnF462+ajSehgj12IidNeRN\n4zl+EoNaWdpnWndvSpAEkq2P\n-----END CERTIFICATE-----\n",
                "is_ca": true,
                "issuer": "CN=Amazon Root CA 1,O=Amazon,C=US",
                "not_after": "2030-08-23T22:25:30Z",
                "not_before": "2022-08-23T22:25:30Z",
                "public_key_algorithm": "RSA",
                "serial_number": "166129353110899469622597955040406457904926625",
                "sha1_fingerprint": "414a2060b738c635cc7fc243e052615592830c53",
                "signature_algorithm": "SHA256-RSA",
                "subject": "CN=Amazon RSA 2048 M02,O=Amazon,C=US",
                "version": 3
              },
              {
                "cert_pem": "-----BEGIN CERTIFICATE-----\nMIIF6zCCBNOgAwIBAgIQCW0HKsD5GyURhyXex/rJlDANBgkqhkiG9w0BAQsFADA8\nMQswCQYDVQQGEwJVUzEPMA0GA1UEChMGQW1hem9uMRwwGgYDVQQDExNBbWF6b24g\nUlNBIDIwNDggTTAyMB4XDTIzMDQxMzAwMDAwMFoXDTI0MDUxMTIzNTk1OVowKzEp\nMCcGA1UEAxMgb2lkYy5la3MudXMtZWFzdC0yLmFtYXpvbmF3cy5jb20wggEiMA0G\nCSqGSIb3DQEBAQUAA4IBDwAwggEKAoIBAQDFjpgGGZXhdQjDyOrcdG5smK5hX+5G\ngfT1SmaI+ttfDfYOl6k6SNApnXIKaYTAS6SZkbX14Ikp6/xpdiOIMZnuU08tEihb\nbmRTbBEWvRQtLSW+6QqyGdQYbkMC+S5q5hS8nnQIZXmYG0hldZIOfGE37jj/TKM9\nKisasWNxrIIsDlrmtHbeEoEOBaAOWPU/DWG8jWxbme8JNdEqnFNT76vvZIsY28AH\n8khP9vHpUSW635UgyGJNspd3u8svAN7Mv+vje8cJfaI+K+YtTrMmv49vMjpciu80\ngrjoBvBotIw1ZLsO1XFElIodcC4i2rWJ22xwJwlplFR9ud+X3xLYwSlzAgMBAAGj\nggL4MIIC9DAfBgNVHSMEGDAWgBTAMVLNWlDDgnx0cc7L6Zz5euuC4jAdBgNVHQ4E\nFgQU1DecnBH1rlrQI8PdHaTE45L5DncwKwYDVR0RBCQwIoIgb2lkYy5la3MudXMt\nZWFzdC0yLmFtYXpvbmF3cy5jb20wDgYDVR0PAQH/BAQDAgWgMB0GA1UdJQQWMBQG\nCCsGAQUFBwMBBggrBgEFBQcDAjA7BgNVHR8ENDAyMDCgLqAshipodHRwOi8vY3Js\nLnIybTAyLmFtYXpvbnRydXN0LmNvbS9yMm0wMi5jcmwwEwYDVR0gBAwwCjAIBgZn\ngQwBAgEwdQYIKwYBBQUHAQEEaTBnMC0GCCsGAQUFBzABhiFodHRwOi8vb2NzcC5y\nMm0wMi5hbWF6b250cnVzdC5jb20wNgYIKwYBBQUHMAKGKmh0dHA6Ly9jcnQucjJt\nMDIuYW1hem9udHJ1c3QuY29tL3IybTAyLmNlcjAMBgNVHRMBAf8EAjAAMIIBfQYK\nKwYBBAHWeQIEAgSCAW0EggFpAWcAdgDuzdBk1dsazsVct520zROiModGfLzs3sNR\nSFlGcR+1mwAAAYd3+NcOAAAEAwBHMEUCIQCHlY1qn7DzoNygWAqzugUh3g8dQz1K\nsP7VJmC7KhFkJQIgVhwGTwHSZiGLzOX5CzjcJpyFmyIqUyb3/+XiX3vfQlAAdgBz\n2Z6JG0yWeKAgfUed5rLGHNBRXnEZKoxrgBB6wXdytQAAAYd3+Nd1AAAEAwBHMEUC\nIFHrqAO8h/PdQOJk5qIf1akhiStvW69TTF/aJj6C0UJyAiEAuA22o6QXSrPh5rql\nVoCHsge+mKYDzwJg29+Fy6cpeKAAdQBIsONr2qZHNA/lagL6nTDrHFIBy1bdLIHZ\nu7+rOdiEcwAAAYd3+NdEAAAEAwBGMEQCIAaaInHj+uB4m5+kAMHYOt2+sJE1eZwX\nz4WxsIDzbUUEAiBOFyx457aAais5MtZjTqbykHXcG9W53sTJZL53Cy+P6zANBgkq\nhkiG9w0BAQsFAAOCAQEAN2+1CFNDLKW98g93twLkdqsVtUmJ3vXEw8owl4rjc/V+\nRuBI09tvC3MF1MVB9kT/xXWR2QZuBySV9b5+OcdKyqMVBjIWOgHXHcz4BKqJkANZ\nS09ZZoQMBsh06C3Yk5KsoBxACzE5ckYKlPiWjAwo8TAV6gmcZNictd/EkmsXyouE\nUD8sCokEMwCCpuSXcSlphq4L1DFKLrKGzADJUu0wdRkgYTMGBotGc6MKbO02nHK8\nGB7IVWYcnDGqLCNozwvm3a0UXefvEveEYPd007obW1Ey9QBeP7k7HZbVUJ9atSBq\nftsPG6h15OEALUVj6KfPperD32nSQ0ptbKVQR/9ybQ==\n-----END CERTIFICATE-----\n",
                "is_ca": false,
                "issuer": "CN=Amazon RSA 2048 M02,O=Amazon,C=US",
                "not_after": "2024-05-11T23:59:59Z",
                "not_before": "2023-04-13T00:00:00Z",
                "public_key_algorithm": "RSA",
                "serial_number": "12529157683816862830909118128615770516",
                "sha1_fingerprint": "50879ea7f7c29dd615269e559fb061b46bdd3dbe",
                "signature_algorithm": "SHA256-RSA",
                "subject": "CN=oidc.eks.us-east-2.amazonaws.com",
                "version": 3
              }
            ],
            "content": null,
            "id": "7c72bb110518075cbb071e57d125fc3aa17238d9",
            "url": "https://oidc.eks.us-east-2.amazonaws.com/id/24300BF9E9D487AFE59D6B76D1B259C4",
            "verify_chain": true
          },
          "sensitive_attributes": []
        }
      ]
    },
    {
      "module": "module.eks_ohio[0].module.eks",
      "mode": "managed",
      "type": "aws_cloudwatch_log_group",
      "name": "this",
      "provider": "provider[\"registry.terraform.io/hashicorp/aws\"].ohio",
      "instances": [
        {
          "index_key": 0,
          "schema_version": 0,
          "attributes": {
            "arn": "arn:aws:logs:us-east-2:411623750878:log-group:/aws/eks/linxact-oh/cluster",
            "id": "/aws/eks/linxact-oh/cluster",
            "kms_key_id": "",
            "name": "/aws/eks/linxact-oh/cluster",
            "name_prefix": "",
            "retention_in_days": 90,
            "skip_destroy": false,
            "tags": {
              "Name": "/aws/eks/linxact-oh/cluster"
            },
            "tags_all": {
              "Name": "/aws/eks/linxact-oh/cluster"
            }
          },
          "sensitive_attributes": [],
          "private": "bnVsbA=="
        }
      ]
    },
    {
      "module": "module.eks_ohio[0].module.eks",
      "mode": "managed",
      "type": "aws_eks_cluster",
      "name": "this",
      "provider": "provider[\"registry.terraform.io/hashicorp/aws\"].ohio",
      "instances": [
        {
          "index_key": 0,
          "schema_version": 0,
          "attributes": {
            "arn": "arn:aws:eks:us-east-2:411623750878:cluster/linxact-oh",
            "certificate_authority": [
              {
                "data": "LS0tLS1CRUdJTiBDRVJUSUZJQ0FURS0tLS0tCk1JSURCVENDQWUyZ0F3SUJBZ0lJWGovaFlFSUp0Ynd3RFFZSktvWklodmNOQVFFTEJRQXdGVEVUTUJFR0ExVUUKQXhNS2EzVmlaWEp1WlhSbGN6QWVGdzB5TkRBeE1UUXlNVEl4TkRGYUZ3MHpOREF4TVRFeU1USTJOREZhTUJVeApFekFSQmdOVkJBTVRDbXQxWW1WeWJtVjBaWE13Z2dFaU1BMEdDU3FHU0liM0RRRUJBUVVBQTRJQkR3QXdnZ0VLCkFvSUJBUURHSGtLdk5LNmE2MThTWXRDamJJU092alNCU2MxaXU0UHM2MUs1L3YwRUJoUlFqMUJTQlFTL2lIdUIKTWtxQmRRMWthcDRYV2JydkREYzNld1Y2aHJmaktoSU43NDNzRHNRdXlsd0g2QkhQTkk1OXlmTHgvMEdjMDU4ZApQVTlrQTBLQnBqbk9IaHRPMHgzUU5KZFcrNFZoTmMwL3BMWnlhWEczQ09jZ09rR2V3ZmMra1cvdjZWeXRUNEdPCldJamlMSXFKQXZIeFhsdUZnVUFlVkV3aFJESlRwbStVY0RuQzF0bkRlVy9FUlllOGhjNmNkOGdmRUtVMVV0TjMKbUN0V0JIQ3A4Q3J6RFRyeXNONHBZMmNoRllvcEdnUWwrSlc5dXVnaWlxeno3d1ZMeUhFQTU1TmNXRUZ4SWxCcQorcFRzanR5NmdUY3pOTXRzM0Rqcm8zN3kwRGZUQWdNQkFBR2pXVEJYTUE0R0ExVWREd0VCL3dRRUF3SUNwREFQCkJnTlZIUk1CQWY4RUJUQURBUUgvTUIwR0ExVWREZ1FXQkJTZGYyV1NVakRWYk0xUWhzZ1J3TjlyblNpam16QVYKQmdOVkhSRUVEakFNZ2dwcmRXSmxjbTVsZEdWek1BMEdDU3FHU0liM0RRRUJDd1VBQTRJQkFRQThvWWRGRWNpZgpGMkkxN2pWa0tzamlsS0lVNUk0L2VkZndSdHlKNWNFWDdIaSsvUXQycmo2dHdIakVQZmlIbzU2YW84ZGkvc1psClNRWjdoR2kwNEthV0pWcUUwRnhaQ1lCdXY4RXFuNFVpSUNyRGNnc1JqcTgrZDJackNlTElZa3lPWXF0Y1BFV0gKY1FTR25nVjZCSStQV2dqbEZSeFlhNks3RkJ4WWd2RnVIRy9hbVZ1aHZZL3BjaHdGNFRRK05vNytkZUMzdXhDYgo0dWozckw1Zk94OVFRZVI3dWpXUDkvODBPemxNb29UME9wa1U3SC9ScXM4UlFUaVdtRGJqYzgzU1h4ZnloVkExCmE3ODdnWGJvVDFxSDhnWURVQ0FoUkdwSUljY0hRckt0Mi9CbG91eG5GbjcyVTQ4SS9DYU55TFIweFBNR0NYeWYKV1ViOXFkdFQ1UHVDCi0tLS0tRU5EIENFUlRJRklDQVRFLS0tLS0K"
              }
            ],
            "cluster_id": null,
            "created_at": "2024-01-14 21:22:08.217 +0000 UTC",
            "enabled_cluster_log_types": [
              "api",
              "audit",
              "authenticator"
            ],
            "encryption_config": [
              {
                "provider": [
                  {
                    "key_arn": "arn:aws:kms:us-east-2:411623750878:key/9ee5b339-2633-4afe-a98a-f9f7d5406058"
                  }
                ],
                "resources": [
                  "secrets"
                ]
              }
            ],
            "endpoint": "https://24300BF9E9D487AFE59D6B76D1B259C4.gr7.us-east-2.eks.amazonaws.com",
            "id": "linxact-oh",
            "identity": [
              {
                "oidc": [
                  {
                    "issuer": "https://oidc.eks.us-east-2.amazonaws.com/id/24300BF9E9D487AFE59D6B76D1B259C4"
                  }
                ]
              }
            ],
            "kubernetes_network_config": [
              {
                "ip_family": "ipv4",
                "service_ipv4_cidr": "172.20.0.0/16",
                "service_ipv6_cidr": ""
              }
            ],
            "name": "linxact-oh",
            "outpost_config": [],
            "platform_version": "eks.7",
            "role_arn": "arn:aws:iam::411623750878:role/linxact-oh-cluster-20240114212122157600000001",
            "status": "ACTIVE",
            "tags": null,
            "tags_all": {},
            "timeouts": {
              "create": null,
              "delete": null,
              "update": null
            },
            "version": "1.28",
            "vpc_config": [
              {
                "cluster_security_group_id": "sg-01130c854c7b942c1",
                "endpoint_private_access": true,
                "endpoint_public_access": true,
                "public_access_cidrs": [
                  "0.0.0.0/0"
                ],
                "security_group_ids": [
                  "sg-0a2428bdd48881a8a"
                ],
                "subnet_ids": [
                  "subnet-0170351e6d3633241",
                  "subnet-04889bc50d52f61ac",
                  "subnet-08ba0da6191e199d0",
                  "subnet-09ac07cd416f78f1f",
                  "subnet-0db33b7129e04ec6e"
                ],
                "vpc_id": "vpc-0cee170b79099b111"
              }
            ]
          },
          "sensitive_attributes": [],
          "private": "eyJlMmJmYjczMC1lY2FhLTExZTYtOGY4OC0zNDM2M2JjN2M0YzAiOnsiY3JlYXRlIjoxODAwMDAwMDAwMDAwLCJkZWxldGUiOjkwMDAwMDAwMDAwMCwidXBkYXRlIjozNjAwMDAwMDAwMDAwfX0=",
          "dependencies": [
            "module.eks_ohio.data.aws_availability_zones.available",
            "module.eks_ohio.module.eks.aws_cloudwatch_log_group.this",
            "module.eks_ohio.module.eks.aws_iam_policy.cni_ipv6_policy",
            "module.eks_ohio.module.eks.aws_iam_role.this",
            "module.eks_ohio.module.eks.aws_iam_role_policy_attachment.this",
            "module.eks_ohio.module.eks.aws_security_group.cluster",
            "module.eks_ohio.module.eks.aws_security_group.node",
            "module.eks_ohio.module.eks.aws_security_group_rule.cluster",
            "module.eks_ohio.module.eks.aws_security_group_rule.node",
            "module.eks_ohio.module.eks.data.aws_caller_identity.current",
            "module.eks_ohio.module.eks.data.aws_iam_policy_document.assume_role_policy",
            "module.eks_ohio.module.eks.data.aws_iam_policy_document.cni_ipv6_policy",
            "module.eks_ohio.module.eks.data.aws_iam_session_context.current",
            "module.eks_ohio.module.eks.data.aws_partition.current",
            "module.eks_ohio.module.eks.module.kms.aws_kms_external_key.this",
            "module.eks_ohio.module.eks.module.kms.aws_kms_key.this",
            "module.eks_ohio.module.eks.module.kms.data.aws_caller_identity.current",
            "module.eks_ohio.module.eks.module.kms.data.aws_iam_policy_document.this",
            "module.eks_ohio.module.eks.module.kms.data.aws_partition.current",
            "module.eks_ohio.module.vpc.aws_subnet.private",
            "module.eks_ohio.module.vpc.aws_vpc.this",
            "module.eks_ohio.module.vpc.aws_vpc_ipv4_cidr_block_association.this"
          ]
        }
      ]
    },
    {
      "module": "module.eks_ohio[0].module.eks",
      "mode": "managed",
      "type": "aws_iam_openid_connect_provider",
      "name": "oidc_provider",
      "provider": "provider[\"registry.terraform.io/hashicorp/aws\"].ohio",
      "instances": [
        {
          "index_key": 0,
          "schema_version": 0,
          "attributes": {
            "arn": "arn:aws:iam::411623750878:oidc-provider/oidc.eks.us-east-2.amazonaws.com/id/24300BF9E9D487AFE59D6B76D1B259C4",
            "client_id_list": [
              "sts.amazonaws.com"
            ],
            "id": "arn:aws:iam::411623750878:oidc-provider/oidc.eks.us-east-2.amazonaws.com/id/24300BF9E9D487AFE59D6B76D1B259C4",
            "tags": {
              "Name": "linxact-oh-eks-irsa"
            },
            "tags_all": {
              "Name": "linxact-oh-eks-irsa"
            },
            "thumbprint_list": [
              "9e99a48a9960b14926bb7f3b02e22da2b0ab7280",
              "06b25927c42a721631c1efd9431e648fa62e1e39",
              "414a2060b738c635cc7fc243e052615592830c53",
              "50879ea7f7c29dd615269e559fb061b46bdd3dbe"
            ],
            "url": "oidc.eks.us-east-2.amazonaws.com/id/24300BF9E9D487AFE59D6B76D1B259C4"
          },
          "sensitive_attributes": [],
          "private": "bnVsbA==",
          "dependencies": [
            "module.eks_ohio.data.aws_availability_zones.available",
            "module.eks_ohio.module.eks.aws_cloudwatch_log_group.this",
            "module.eks_ohio.module.eks.aws_eks_cluster.this",
            "module.eks_ohio.module.eks.aws_iam_policy.cni_ipv6_policy",
            "module.eks_ohio.module.eks.aws_iam_role.this",
            "module.eks_ohio.module.eks.aws_iam_role_policy_attachment.this",
            "module.eks_ohio.module.eks.aws_security_group.cluster",
            "module.eks_ohio.module.eks.aws_security_group.node",
            "module.eks_ohio.module.eks.aws_security_group_rule.cluster",
            "module.eks_ohio.module.eks.aws_security_group_rule.node",
            "module.eks_ohio.module.eks.data.aws_caller_identity.current",
            "module.eks_ohio.module.eks.data.aws_iam_policy_document.assume_role_policy",
            "module.eks_ohio.module.eks.data.aws_iam_policy_document.cni_ipv6_policy",
            "module.eks_ohio.module.eks.data.aws_iam_session_context.current",
            "module.eks_ohio.module.eks.data.aws_partition.current",
            "module.eks_ohio.module.eks.data.tls_certificate.this",
            "module.eks_ohio.module.eks.module.kms.aws_kms_external_key.this",
            "module.eks_ohio.module.eks.module.kms.aws_kms_key.this",
            "module.eks_ohio.module.eks.module.kms.data.aws_caller_identity.current",
            "module.eks_ohio.module.eks.module.kms.data.aws_iam_policy_document.this",
            "module.eks_ohio.module.eks.module.kms.data.aws_partition.current",
            "module.eks_ohio.module.vpc.aws_subnet.private",
            "module.eks_ohio.module.vpc.aws_vpc.this",
            "module.eks_ohio.module.vpc.aws_vpc_ipv4_cidr_block_association.this"
          ]
        }
      ]
    },
    {
      "module": "module.eks_ohio[0].module.eks",
      "mode": "managed",
      "type": "aws_iam_policy",
      "name": "cluster_encryption",
      "provider": "provider[\"registry.terraform.io/hashicorp/aws\"].ohio",
      "instances": [
        {
          "index_key": 0,
          "schema_version": 0,
          "attributes": {
            "arn": "arn:aws:iam::411623750878:policy/linxact-oh-cluster-ClusterEncryption20240114212152802400000006",
            "description": "Cluster encryption policy to allow cluster role to utilize CMK provided",
            "id": "arn:aws:iam::411623750878:policy/linxact-oh-cluster-ClusterEncryption20240114212152802400000006",
            "name": "linxact-oh-cluster-ClusterEncryption20240114212152802400000006",
            "name_prefix": "linxact-oh-cluster-ClusterEncryption",
            "path": "/",
            "policy": "{\"Statement\":[{\"Action\":[\"kms:Encrypt\",\"kms:Decrypt\",\"kms:ListGrants\",\"kms:DescribeKey\"],\"Effect\":\"Allow\",\"Resource\":\"arn:aws:kms:us-east-2:411623750878:key/9ee5b339-2633-4afe-a98a-f9f7d5406058\"}],\"Version\":\"2012-10-17\"}",
            "policy_id": "ANPAV7VVP7TPD6IWOGURZ",
            "tags": null,
            "tags_all": {}
          },
          "sensitive_attributes": [],
          "private": "bnVsbA==",
          "dependencies": [
            "module.eks_ohio.module.eks.aws_iam_role.this",
            "module.eks_ohio.module.eks.data.aws_caller_identity.current",
            "module.eks_ohio.module.eks.data.aws_iam_policy_document.assume_role_policy",
            "module.eks_ohio.module.eks.data.aws_iam_session_context.current",
            "module.eks_ohio.module.eks.data.aws_partition.current",
            "module.eks_ohio.module.eks.module.kms.aws_kms_external_key.this",
            "module.eks_ohio.module.eks.module.kms.aws_kms_key.this",
            "module.eks_ohio.module.eks.module.kms.data.aws_caller_identity.current",
            "module.eks_ohio.module.eks.module.kms.data.aws_iam_policy_document.this",
            "module.eks_ohio.module.eks.module.kms.data.aws_partition.current"
          ]
        }
      ]
    },
    {
      "module": "module.eks_ohio[0].module.eks",
      "mode": "managed",
      "type": "aws_iam_policy",
      "name": "cni_ipv6_policy",
      "provider": "provider[\"registry.terraform.io/hashicorp/aws\"].ohio",
      "instances": []
    },
    {
      "module": "module.eks_ohio[0].module.eks",
      "mode": "managed",
      "type": "aws_iam_role",
      "name": "this",
      "provider": "provider[\"registry.terraform.io/hashicorp/aws\"].ohio",
      "instances": [
        {
          "index_key": 0,
          "schema_version": 0,
          "attributes": {
            "arn": "arn:aws:iam::411623750878:role/linxact-oh-cluster-20240114212122157600000001",
            "assume_role_policy": "{\"Statement\":[{\"Action\":\"sts:AssumeRole\",\"Effect\":\"Allow\",\"Principal\":{\"Service\":\"eks.amazonaws.com\"},\"Sid\":\"EKSClusterAssumeRole\"}],\"Version\":\"2012-10-17\"}",
            "create_date": "2024-01-14T21:21:22Z",
            "description": "",
            "force_detach_policies": true,
            "id": "linxact-oh-cluster-20240114212122157600000001",
            "inline_policy": [
              {
                "name": "linxact-oh-cluster",
                "policy": "{\"Version\":\"2012-10-17\",\"Statement\":[{\"Action\":[\"logs:CreateLogGroup\"],\"Effect\":\"Deny\",\"Resource\":\"*\"}]}"
              }
            ],
            "managed_policy_arns": [],
            "max_session_duration": 3600,
            "name": "linxact-oh-cluster-20240114212122157600000001",
            "name_prefix": "linxact-oh-cluster-",
            "path": "/",
            "permissions_boundary": null,
            "tags": null,
            "tags_all": {},
            "unique_id": "AROAV7VVP7TPOVUXNVFHM"
          },
          "sensitive_attributes": [],
          "private": "bnVsbA==",
          "dependencies": [
            "module.eks_ohio.module.eks.data.aws_iam_policy_document.assume_role_policy",
            "module.eks_ohio.module.eks.data.aws_partition.current"
          ]
        }
      ]
    },
    {
      "module": "module.eks_ohio[0].module.eks",
      "mode": "managed",
      "type": "aws_iam_role_policy_attachment",
      "name": "cluster_encryption",
      "provider": "provider[\"registry.terraform.io/hashicorp/aws\"].ohio",
      "instances": [
        {
          "index_key": 0,
          "schema_version": 0,
          "attributes": {
            "id": "linxact-oh-cluster-20240114212122157600000001-20240114212201353600000008",
            "policy_arn": "arn:aws:iam::411623750878:policy/linxact-oh-cluster-ClusterEncryption20240114212152802400000006",
            "role": "linxact-oh-cluster-20240114212122157600000001"
          },
          "sensitive_attributes": [],
          "private": "bnVsbA==",
          "dependencies": [
            "module.eks_ohio.module.eks.aws_iam_policy.cluster_encryption",
            "module.eks_ohio.module.eks.aws_iam_role.this",
            "module.eks_ohio.module.eks.data.aws_caller_identity.current",
            "module.eks_ohio.module.eks.data.aws_iam_policy_document.assume_role_policy",
            "module.eks_ohio.module.eks.data.aws_iam_session_context.current",
            "module.eks_ohio.module.eks.data.aws_partition.current",
            "module.eks_ohio.module.eks.module.kms.aws_kms_external_key.this",
            "module.eks_ohio.module.eks.module.kms.aws_kms_key.this",
            "module.eks_ohio.module.eks.module.kms.data.aws_caller_identity.current",
            "module.eks_ohio.module.eks.module.kms.data.aws_iam_policy_document.this",
            "module.eks_ohio.module.eks.module.kms.data.aws_partition.current"
          ]
        }
      ]
    },
    {
      "module": "module.eks_ohio[0].module.eks",
      "mode": "managed",
      "type": "aws_iam_role_policy_attachment",
      "name": "this",
      "provider": "provider[\"registry.terraform.io/hashicorp/aws\"].ohio",
      "instances": [
        {
          "index_key": "AmazonEKSClusterPolicy",
          "schema_version": 0,
          "attributes": {
            "id": "linxact-oh-cluster-20240114212122157600000001-20240114212124658800000003",
            "policy_arn": "arn:aws:iam::aws:policy/AmazonEKSClusterPolicy",
            "role": "linxact-oh-cluster-20240114212122157600000001"
          },
          "sensitive_attributes": [],
          "private": "bnVsbA==",
          "dependencies": [
            "module.eks_ohio.module.eks.aws_iam_role.this",
            "module.eks_ohio.module.eks.data.aws_iam_policy_document.assume_role_policy",
            "module.eks_ohio.module.eks.data.aws_partition.current"
          ]
        },
        {
          "index_key": "AmazonEKSVPCResourceController",
          "schema_version": 0,
          "attributes": {
            "id": "linxact-oh-cluster-20240114212122157600000001-20240114212124446000000002",
            "policy_arn": "arn:aws:iam::aws:policy/AmazonEKSVPCResourceController",
            "role": "linxact-oh-cluster-20240114212122157600000001"
          },
          "sensitive_attributes": [],
          "private": "bnVsbA==",
          "dependencies": [
            "module.eks_ohio.module.eks.aws_iam_role.this",
            "module.eks_ohio.module.eks.data.aws_iam_policy_document.assume_role_policy",
            "module.eks_ohio.module.eks.data.aws_partition.current"
          ]
        }
      ]
    },
    {
      "module": "module.eks_ohio[0].module.eks",
      "mode": "managed",
      "type": "aws_security_group",
      "name": "cluster",
      "provider": "provider[\"registry.terraform.io/hashicorp/aws\"].ohio",
      "instances": [
        {
          "index_key": 0,
          "schema_version": 1,
          "attributes": {
            "arn": "arn:aws:ec2:us-east-2:411623750878:security-group/sg-0a2428bdd48881a8a",
            "description": "EKS cluster security group",
            "egress": [],
            "id": "sg-0a2428bdd48881a8a",
            "ingress": [],
            "name": "linxact-oh-cluster-20240114212140230200000004",
            "name_prefix": "linxact-oh-cluster-",
            "owner_id": "411623750878",
            "revoke_rules_on_delete": false,
            "tags": {
              "Name": "linxact-oh-cluster"
            },
            "tags_all": {
              "Name": "linxact-oh-cluster"
            },
            "timeouts": null,
            "vpc_id": "vpc-0cee170b79099b111"
          },
          "sensitive_attributes": [],
          "private": "eyJlMmJmYjczMC1lY2FhLTExZTYtOGY4OC0zNDM2M2JjN2M0YzAiOnsiY3JlYXRlIjo2MDAwMDAwMDAwMDAsImRlbGV0ZSI6OTAwMDAwMDAwMDAwfSwic2NoZW1hX3ZlcnNpb24iOiIxIn0=",
          "dependencies": [
            "module.eks_ohio.module.vpc.aws_vpc.this"
          ],
          "create_before_destroy": true
        }
      ]
    },
    {
      "module": "module.eks_ohio[0].module.eks",
      "mode": "managed",
      "type": "aws_security_group",
      "name": "node",
      "provider": "provider[\"registry.terraform.io/hashicorp/aws\"].ohio",
      "instances": [
        {
          "index_key": 0,
          "schema_version": 1,
          "attributes": {
            "arn": "arn:aws:ec2:us-east-2:411623750878:security-group/sg-0702611a4bcae0aa8",
            "description": "EKS node shared security group",
            "egress": [],
            "id": "sg-0702611a4bcae0aa8",
            "ingress": [],
            "name": "linxact-oh-node-20240114212140241500000005",
            "name_prefix": "linxact-oh-node-",
            "owner_id": "411623750878",
            "revoke_rules_on_delete": false,
            "tags": {
              "Name": "linxact-oh-node",
              "kubernetes.io/cluster/linxact-oh": "owned"
            },
            "tags_all": {
              "Name": "linxact-oh-node",
              "kubernetes.io/cluster/linxact-oh": "owned"
            },
            "timeouts": null,
            "vpc_id": "vpc-0cee170b79099b111"
          },
          "sensitive_attributes": [],
          "private": "eyJlMmJmYjczMC1lY2FhLTExZTYtOGY4OC0zNDM2M2JjN2M0YzAiOnsiY3JlYXRlIjo2MDAwMDAwMDAwMDAsImRlbGV0ZSI6OTAwMDAwMDAwMDAwfSwic2NoZW1hX3ZlcnNpb24iOiIxIn0=",
          "dependencies": [
            "module.eks_ohio.module.vpc.aws_vpc.this"
          ],
          "create_before_destroy": true
        }
      ]
    },
    {
      "module": "module.eks_ohio[0].module.eks",
      "mode": "managed",
      "type": "aws_security_group_rule",
      "name": "cluster",
      "provider": "provider[\"registry.terraform.io/hashicorp/aws\"].ohio",
      "instances": [
        {
          "index_key": "ingress_nodes_443",
          "schema_version": 2,
          "attributes": {
            "cidr_blocks": null,
            "description": "Node groups to cluster API",
            "from_port": 443,
            "id": "sgrule-1490174664",
            "ipv6_cidr_blocks": null,
            "prefix_list_ids": null,
            "protocol": "tcp",
            "security_group_id": "sg-0a2428bdd48881a8a",
            "security_group_rule_id": "sgr-0e36e4d4224cfde81",
            "self": false,
            "source_security_group_id": "sg-0702611a4bcae0aa8",
            "timeouts": null,
            "to_port": 443,
            "type": "ingress"
          },
          "sensitive_attributes": [],
          "private": "eyJlMmJmYjczMC1lY2FhLTExZTYtOGY4OC0zNDM2M2JjN2M0YzAiOnsiY3JlYXRlIjozMDAwMDAwMDAwMDB9LCJzY2hlbWFfdmVyc2lvbiI6IjIifQ==",
          "dependencies": [
            "module.eks_ohio.module.eks.aws_security_group.cluster",
            "module.eks_ohio.module.eks.aws_security_group.node",
            "module.eks_ohio.module.vpc.aws_vpc.this"
          ]
        }
      ]
    },
    {
      "module": "module.eks_ohio[0].module.eks",
      "mode": "managed",
      "type": "aws_security_group_rule",
      "name": "node",
      "provider": "provider[\"registry.terraform.io/hashicorp/aws\"].ohio",
      "instances": [
        {
          "index_key": "egress_all",
          "schema_version": 2,
          "attributes": {
            "cidr_blocks": [
              "0.0.0.0/0"
            ],
            "description": "Allow all egress",
            "from_port": 0,
            "id": "sgrule-2468823807",
            "ipv6_cidr_blocks": null,
            "prefix_list_ids": [],
            "protocol": "-1",
            "security_group_id": "sg-0702611a4bcae0aa8",
            "security_group_rule_id": "sgr-002fa5c803f1d9301",
            "self": false,
            "source_security_group_id": null,
            "timeouts": null,
            "to_port": 0,
            "type": "egress"
          },
          "sensitive_attributes": [],
          "private": "eyJlMmJmYjczMC1lY2FhLTExZTYtOGY4OC0zNDM2M2JjN2M0YzAiOnsiY3JlYXRlIjozMDAwMDAwMDAwMDB9LCJzY2hlbWFfdmVyc2lvbiI6IjIifQ==",
          "dependencies": [
            "module.eks_ohio.module.eks.aws_security_group.cluster",
            "module.eks_ohio.module.eks.aws_security_group.node",
            "module.eks_ohio.module.vpc.aws_vpc.this"
          ]
        },
        {
          "index_key": "ingress_cluster_443",
          "schema_version": 2,
          "attributes": {
            "cidr_blocks": null,
            "description": "Cluster API to node groups",
            "from_port": 443,
            "id": "sgrule-2505587956",
            "ipv6_cidr_blocks": null,
            "prefix_list_ids": [],
            "protocol": "tcp",
            "security_group_id": "sg-0702611a4bcae0aa8",
            "security_group_rule_id": "sgr-0c8a7581ee1209767",
            "self": false,
            "source_security_group_id": "sg-0a2428bdd48881a8a",
            "timeouts": null,
            "to_port": 443,
            "type": "ingress"
          },
          "sensitive_attributes": [],
          "private": "eyJlMmJmYjczMC1lY2FhLTExZTYtOGY4OC0zNDM2M2JjN2M0YzAiOnsiY3JlYXRlIjozMDAwMDAwMDAwMDB9LCJzY2hlbWFfdmVyc2lvbiI6IjIifQ==",
          "dependencies": [
            "module.eks_ohio.module.eks.aws_security_group.cluster",
            "module.eks_ohio.module.eks.aws_security_group.node",
            "module.eks_ohio.module.vpc.aws_vpc.this"
          ]
        },
        {
          "index_key": "ingress_cluster_4443_webhook",
          "schema_version": 2,
          "attributes": {
            "cidr_blocks": null,
            "description": "Cluster API to node 4443/tcp webhook",
            "from_port": 4443,
            "id": "sgrule-1757915087",
            "ipv6_cidr_blocks": null,
            "prefix_list_ids": [],
            "protocol": "tcp",
            "security_group_id": "sg-0702611a4bcae0aa8",
            "security_group_rule_id": "sgr-08d395e1bba723b2d",
            "self": false,
            "source_security_group_id": "sg-0a2428bdd48881a8a",
            "timeouts": null,
            "to_port": 4443,
            "type": "ingress"
          },
          "sensitive_attributes": [],
          "private": "eyJlMmJmYjczMC1lY2FhLTExZTYtOGY4OC0zNDM2M2JjN2M0YzAiOnsiY3JlYXRlIjozMDAwMDAwMDAwMDB9LCJzY2hlbWFfdmVyc2lvbiI6IjIifQ==",
          "dependencies": [
            "module.eks_ohio.module.eks.aws_security_group.cluster",
            "module.eks_ohio.module.eks.aws_security_group.node",
            "module.eks_ohio.module.vpc.aws_vpc.this"
          ]
        },
        {
          "index_key": "ingress_cluster_6443_webhook",
          "schema_version": 2,
          "attributes": {
            "cidr_blocks": null,
            "description": "Cluster API to node 6443/tcp webhook",
            "from_port": 6443,
            "id": "sgrule-2709897305",
            "ipv6_cidr_blocks": null,
            "prefix_list_ids": [],
            "protocol": "tcp",
            "security_group_id": "sg-0702611a4bcae0aa8",
            "security_group_rule_id": "sgr-0bfcd9e2c3fab9ee3",
            "self": false,
            "source_security_group_id": "sg-0a2428bdd48881a8a",
            "timeouts": null,
            "to_port": 6443,
            "type": "ingress"
          },
          "sensitive_attributes": [],
          "private": "eyJlMmJmYjczMC1lY2FhLTExZTYtOGY4OC0zNDM2M2JjN2M0YzAiOnsiY3JlYXRlIjozMDAwMDAwMDAwMDB9LCJzY2hlbWFfdmVyc2lvbiI6IjIifQ==",
          "dependencies": [
            "module.eks_ohio.module.eks.aws_security_group.cluster",
            "module.eks_ohio.module.eks.aws_security_group.node",
            "module.eks_ohio.module.vpc.aws_vpc.this"
          ]
        },
        {
          "index_key": "ingress_cluster_8443_webhook",
          "schema_version": 2,
          "attributes": {
            "cidr_blocks": null,
            "description": "Cluster API to node 8443/tcp webhook",
            "from_port": 8443,
            "id": "sgrule-3000630392",
            "ipv6_cidr_blocks": null,
            "prefix_list_ids": [],
            "protocol": "tcp",
            "security_group_id": "sg-0702611a4bcae0aa8",
            "security_group_rule_id": "sgr-0d489e634b1a4b7b4",
            "self": false,
            "source_security_group_id": "sg-0a2428bdd48881a8a",
            "timeouts": null,
            "to_port": 8443,
            "type": "ingress"
          },
          "sensitive_attributes": [],
          "private": "eyJlMmJmYjczMC1lY2FhLTExZTYtOGY4OC0zNDM2M2JjN2M0YzAiOnsiY3JlYXRlIjozMDAwMDAwMDAwMDB9LCJzY2hlbWFfdmVyc2lvbiI6IjIifQ==",
          "dependencies": [
            "module.eks_ohio.module.eks.aws_security_group.cluster",
            "module.eks_ohio.module.eks.aws_security_group.node",
            "module.eks_ohio.module.vpc.aws_vpc.this"
          ]
        },
        {
          "index_key": "ingress_cluster_9443_webhook",
          "schema_version": 2,
          "attributes": {
            "cidr_blocks": null,
            "description": "Cluster API to node 9443/tcp webhook",
            "from_port": 9443,
            "id": "sgrule-3598241715",
            "ipv6_cidr_blocks": null,
            "prefix_list_ids": [],
            "protocol": "tcp",
            "security_group_id": "sg-0702611a4bcae0aa8",
            "security_group_rule_id": "sgr-0fdaebf0d28c7d5c9",
            "self": false,
            "source_security_group_id": "sg-0a2428bdd48881a8a",
            "timeouts": null,
            "to_port": 9443,
            "type": "ingress"
          },
          "sensitive_attributes": [],
          "private": "eyJlMmJmYjczMC1lY2FhLTExZTYtOGY4OC0zNDM2M2JjN2M0YzAiOnsiY3JlYXRlIjozMDAwMDAwMDAwMDB9LCJzY2hlbWFfdmVyc2lvbiI6IjIifQ==",
          "dependencies": [
            "module.eks_ohio.module.eks.aws_security_group.cluster",
            "module.eks_ohio.module.eks.aws_security_group.node",
            "module.eks_ohio.module.vpc.aws_vpc.this"
          ]
        },
        {
          "index_key": "ingress_cluster_kubelet",
          "schema_version": 2,
          "attributes": {
            "cidr_blocks": null,
            "description": "Cluster API to node kubelets",
            "from_port": 10250,
            "id": "sgrule-2295212074",
            "ipv6_cidr_blocks": null,
            "prefix_list_ids": [],
            "protocol": "tcp",
            "security_group_id": "sg-0702611a4bcae0aa8",
            "security_group_rule_id": "sgr-0b76a3cf3ad120f54",
            "self": false,
            "source_security_group_id": "sg-0a2428bdd48881a8a",
            "timeouts": null,
            "to_port": 10250,
            "type": "ingress"
          },
          "sensitive_attributes": [],
          "private": "eyJlMmJmYjczMC1lY2FhLTExZTYtOGY4OC0zNDM2M2JjN2M0YzAiOnsiY3JlYXRlIjozMDAwMDAwMDAwMDB9LCJzY2hlbWFfdmVyc2lvbiI6IjIifQ==",
          "dependencies": [
            "module.eks_ohio.module.eks.aws_security_group.cluster",
            "module.eks_ohio.module.eks.aws_security_group.node",
            "module.eks_ohio.module.vpc.aws_vpc.this"
          ]
        },
        {
          "index_key": "ingress_nodes_ephemeral",
          "schema_version": 2,
          "attributes": {
            "cidr_blocks": null,
            "description": "Node to node ingress on ephemeral ports",
            "from_port": 1025,
            "id": "sgrule-1699670299",
            "ipv6_cidr_blocks": null,
            "prefix_list_ids": [],
            "protocol": "tcp",
            "security_group_id": "sg-0702611a4bcae0aa8",
            "security_group_rule_id": "sgr-0c834b0896d08fe3f",
            "self": true,
            "source_security_group_id": null,
            "timeouts": null,
            "to_port": 65535,
            "type": "ingress"
          },
          "sensitive_attributes": [],
          "private": "eyJlMmJmYjczMC1lY2FhLTExZTYtOGY4OC0zNDM2M2JjN2M0YzAiOnsiY3JlYXRlIjozMDAwMDAwMDAwMDB9LCJzY2hlbWFfdmVyc2lvbiI6IjIifQ==",
          "dependencies": [
            "module.eks_ohio.module.eks.aws_security_group.cluster",
            "module.eks_ohio.module.eks.aws_security_group.node",
            "module.eks_ohio.module.vpc.aws_vpc.this"
          ]
        },
        {
          "index_key": "ingress_self_coredns_tcp",
          "schema_version": 2,
          "attributes": {
            "cidr_blocks": null,
            "description": "Node to node CoreDNS",
            "from_port": 53,
            "id": "sgrule-862261215",
            "ipv6_cidr_blocks": null,
            "prefix_list_ids": [],
            "protocol": "tcp",
            "security_group_id": "sg-0702611a4bcae0aa8",
            "security_group_rule_id": "sgr-02a8015d46cf2d8eb",
            "self": true,
            "source_security_group_id": null,
            "timeouts": null,
            "to_port": 53,
            "type": "ingress"
          },
          "sensitive_attributes": [],
          "private": "eyJlMmJmYjczMC1lY2FhLTExZTYtOGY4OC0zNDM2M2JjN2M0YzAiOnsiY3JlYXRlIjozMDAwMDAwMDAwMDB9LCJzY2hlbWFfdmVyc2lvbiI6IjIifQ==",
          "dependencies": [
            "module.eks_ohio.module.eks.aws_security_group.cluster",
            "module.eks_ohio.module.eks.aws_security_group.node",
            "module.eks_ohio.module.vpc.aws_vpc.this"
          ]
        },
        {
          "index_key": "ingress_self_coredns_udp",
          "schema_version": 2,
          "attributes": {
            "cidr_blocks": null,
            "description": "Node to node CoreDNS UDP",
            "from_port": 53,
            "id": "sgrule-2537204784",
            "ipv6_cidr_blocks": null,
            "prefix_list_ids": [],
            "protocol": "udp",
            "security_group_id": "sg-0702611a4bcae0aa8",
            "security_group_rule_id": "sgr-0b46528241ae0d1b6",
            "self": true,
            "source_security_group_id": null,
            "timeouts": null,
            "to_port": 53,
            "type": "ingress"
          },
          "sensitive_attributes": [],
          "private": "eyJlMmJmYjczMC1lY2FhLTExZTYtOGY4OC0zNDM2M2JjN2M0YzAiOnsiY3JlYXRlIjozMDAwMDAwMDAwMDB9LCJzY2hlbWFfdmVyc2lvbiI6IjIifQ==",
          "dependencies": [
            "module.eks_ohio.module.eks.aws_security_group.cluster",
            "module.eks_ohio.module.eks.aws_security_group.node",
            "module.eks_ohio.module.vpc.aws_vpc.this"
          ]
        }
      ]
    },
    {
      "module": "module.eks_ohio[0].module.eks",
      "mode": "managed",
      "type": "time_sleep",
      "name": "this",
      "provider": "provider[\"registry.terraform.io/hashicorp/time\"]",
      "instances": [
        {
          "index_key": 0,
          "schema_version": 0,
          "attributes": {
            "create_duration": "30s",
            "destroy_duration": null,
            "id": "2024-01-14T21:31:17Z",
            "triggers": {
              "cluster_certificate_authority_data": "LS0tLS1CRUdJTiBDRVJUSUZJQ0FURS0tLS0tCk1JSURCVENDQWUyZ0F3SUJBZ0lJWGovaFlFSUp0Ynd3RFFZSktvWklodmNOQVFFTEJRQXdGVEVUTUJFR0ExVUUKQXhNS2EzVmlaWEp1WlhSbGN6QWVGdzB5TkRBeE1UUXlNVEl4TkRGYUZ3MHpOREF4TVRFeU1USTJOREZhTUJVeApFekFSQmdOVkJBTVRDbXQxWW1WeWJtVjBaWE13Z2dFaU1BMEdDU3FHU0liM0RRRUJBUVVBQTRJQkR3QXdnZ0VLCkFvSUJBUURHSGtLdk5LNmE2MThTWXRDamJJU092alNCU2MxaXU0UHM2MUs1L3YwRUJoUlFqMUJTQlFTL2lIdUIKTWtxQmRRMWthcDRYV2JydkREYzNld1Y2aHJmaktoSU43NDNzRHNRdXlsd0g2QkhQTkk1OXlmTHgvMEdjMDU4ZApQVTlrQTBLQnBqbk9IaHRPMHgzUU5KZFcrNFZoTmMwL3BMWnlhWEczQ09jZ09rR2V3ZmMra1cvdjZWeXRUNEdPCldJamlMSXFKQXZIeFhsdUZnVUFlVkV3aFJESlRwbStVY0RuQzF0bkRlVy9FUlllOGhjNmNkOGdmRUtVMVV0TjMKbUN0V0JIQ3A4Q3J6RFRyeXNONHBZMmNoRllvcEdnUWwrSlc5dXVnaWlxeno3d1ZMeUhFQTU1TmNXRUZ4SWxCcQorcFRzanR5NmdUY3pOTXRzM0Rqcm8zN3kwRGZUQWdNQkFBR2pXVEJYTUE0R0ExVWREd0VCL3dRRUF3SUNwREFQCkJnTlZIUk1CQWY4RUJUQURBUUgvTUIwR0ExVWREZ1FXQkJTZGYyV1NVakRWYk0xUWhzZ1J3TjlyblNpam16QVYKQmdOVkhSRUVEakFNZ2dwcmRXSmxjbTVsZEdWek1BMEdDU3FHU0liM0RRRUJDd1VBQTRJQkFRQThvWWRGRWNpZgpGMkkxN2pWa0tzamlsS0lVNUk0L2VkZndSdHlKNWNFWDdIaSsvUXQycmo2dHdIakVQZmlIbzU2YW84ZGkvc1psClNRWjdoR2kwNEthV0pWcUUwRnhaQ1lCdXY4RXFuNFVpSUNyRGNnc1JqcTgrZDJackNlTElZa3lPWXF0Y1BFV0gKY1FTR25nVjZCSStQV2dqbEZSeFlhNks3RkJ4WWd2RnVIRy9hbVZ1aHZZL3BjaHdGNFRRK05vNytkZUMzdXhDYgo0dWozckw1Zk94OVFRZVI3dWpXUDkvODBPemxNb29UME9wa1U3SC9ScXM4UlFUaVdtRGJqYzgzU1h4ZnloVkExCmE3ODdnWGJvVDFxSDhnWURVQ0FoUkdwSUljY0hRckt0Mi9CbG91eG5GbjcyVTQ4SS9DYU55TFIweFBNR0NYeWYKV1ViOXFkdFQ1UHVDCi0tLS0tRU5EIENFUlRJRklDQVRFLS0tLS0K",
              "cluster_endpoint": "https://24300BF9E9D487AFE59D6B76D1B259C4.gr7.us-east-2.eks.amazonaws.com",
              "cluster_name": "linxact-oh",
              "cluster_version": "1.28"
            }
          },
          "sensitive_attributes": [],
          "dependencies": [
            "module.eks_ohio.data.aws_availability_zones.available",
            "module.eks_ohio.module.eks.aws_cloudwatch_log_group.this",
            "module.eks_ohio.module.eks.aws_eks_cluster.this",
            "module.eks_ohio.module.eks.aws_iam_policy.cni_ipv6_policy",
            "module.eks_ohio.module.eks.aws_iam_role.this",
            "module.eks_ohio.module.eks.aws_iam_role_policy_attachment.this",
            "module.eks_ohio.module.eks.aws_security_group.cluster",
            "module.eks_ohio.module.eks.aws_security_group.node",
            "module.eks_ohio.module.eks.aws_security_group_rule.cluster",
            "module.eks_ohio.module.eks.aws_security_group_rule.node",
            "module.eks_ohio.module.eks.data.aws_caller_identity.current",
            "module.eks_ohio.module.eks.data.aws_iam_policy_document.assume_role_policy",
            "module.eks_ohio.module.eks.data.aws_iam_policy_document.cni_ipv6_policy",
            "module.eks_ohio.module.eks.data.aws_iam_session_context.current",
            "module.eks_ohio.module.eks.data.aws_partition.current",
            "module.eks_ohio.module.eks.module.kms.aws_kms_external_key.this",
            "module.eks_ohio.module.eks.module.kms.aws_kms_key.this",
            "module.eks_ohio.module.eks.module.kms.data.aws_caller_identity.current",
            "module.eks_ohio.module.eks.module.kms.data.aws_iam_policy_document.this",
            "module.eks_ohio.module.eks.module.kms.data.aws_partition.current",
            "module.eks_ohio.module.vpc.aws_subnet.private",
            "module.eks_ohio.module.vpc.aws_vpc.this",
            "module.eks_ohio.module.vpc.aws_vpc_ipv4_cidr_block_association.this"
          ]
        }
      ]
    },
    {
      "module": "module.eks_ohio[0].module.eks.module.kms",
      "mode": "data",
      "type": "aws_caller_identity",
      "name": "current",
      "provider": "provider[\"registry.terraform.io/hashicorp/aws\"].ohio",
      "instances": [
        {
          "schema_version": 0,
          "attributes": {
            "account_id": "411623750878",
            "arn": "arn:aws:iam::411623750878:user/olexiy",
            "id": "411623750878",
            "user_id": "AIDAV7VVP7TPJ6HRCC3PA"
          },
          "sensitive_attributes": []
        }
      ]
    },
    {
      "module": "module.eks_ohio[0].module.eks.module.kms",
      "mode": "data",
      "type": "aws_iam_policy_document",
      "name": "this",
      "provider": "provider[\"registry.terraform.io/hashicorp/aws\"].ohio",
      "instances": [
        {
          "index_key": 0,
          "schema_version": 0,
          "attributes": {
            "id": "4248975447",
            "json": "{\n  \"Version\": \"2012-10-17\",\n  \"Statement\": [\n    {\n      \"Sid\": \"KeyAdministration\",\n      \"Effect\": \"Allow\",\n      \"Action\": [\n        \"kms:Update*\",\n        \"kms:UntagResource\",\n        \"kms:TagResource\",\n        \"kms:ScheduleKeyDeletion\",\n        \"kms:Revoke*\",\n        \"kms:Put*\",\n        \"kms:List*\",\n        \"kms:Get*\",\n        \"kms:Enable*\",\n        \"kms:Disable*\",\n        \"kms:Describe*\",\n        \"kms:Delete*\",\n        \"kms:Create*\",\n        \"kms:CancelKeyDeletion\"\n      ],\n      \"Resource\": \"*\",\n      \"Principal\": {\n        \"AWS\": \"arn:aws:iam::411623750878:user/olexiy\"\n      }\n    },\n    {\n      \"Sid\": \"KeyUsage\",\n      \"Effect\": \"Allow\",\n      \"Action\": [\n        \"kms:ReEncrypt*\",\n        \"kms:GenerateDataKey*\",\n        \"kms:Encrypt\",\n        \"kms:DescribeKey\",\n        \"kms:Decrypt\"\n      ],\n      \"Resource\": \"*\",\n      \"Principal\": {\n        \"AWS\": \"arn:aws:iam::411623750878:role/linxact-oh-cluster-20240114212122157600000001\"\n      }\n    }\n  ]\n}",
            "override_policy_documents": null,
            "policy_id": null,
            "source_policy_documents": null,
            "statement": [
              {
                "actions": [
                  "kms:CancelKeyDeletion",
                  "kms:Create*",
                  "kms:Delete*",
                  "kms:Describe*",
                  "kms:Disable*",
                  "kms:Enable*",
                  "kms:Get*",
                  "kms:List*",
                  "kms:Put*",
                  "kms:Revoke*",
                  "kms:ScheduleKeyDeletion",
                  "kms:TagResource",
                  "kms:UntagResource",
                  "kms:Update*"
                ],
                "condition": [],
                "effect": "Allow",
                "not_actions": [],
                "not_principals": [],
                "not_resources": [],
                "principals": [
                  {
                    "identifiers": [
                      "arn:aws:iam::411623750878:user/olexiy"
                    ],
                    "type": "AWS"
                  }
                ],
                "resources": [
                  "*"
                ],
                "sid": "KeyAdministration"
              },
              {
                "actions": [
                  "kms:Decrypt",
                  "kms:DescribeKey",
                  "kms:Encrypt",
                  "kms:GenerateDataKey*",
                  "kms:ReEncrypt*"
                ],
                "condition": [],
                "effect": "Allow",
                "not_actions": [],
                "not_principals": [],
                "not_resources": [],
                "principals": [
                  {
                    "identifiers": [
                      "arn:aws:iam::411623750878:role/linxact-oh-cluster-20240114212122157600000001"
                    ],
                    "type": "AWS"
                  }
                ],
                "resources": [
                  "*"
                ],
                "sid": "KeyUsage"
              }
            ],
            "version": "2012-10-17"
          },
          "sensitive_attributes": []
        }
      ]
    },
    {
      "module": "module.eks_ohio[0].module.eks.module.kms",
      "mode": "data",
      "type": "aws_partition",
      "name": "current",
      "provider": "provider[\"registry.terraform.io/hashicorp/aws\"].ohio",
      "instances": [
        {
          "schema_version": 0,
          "attributes": {
            "dns_suffix": "amazonaws.com",
            "id": "aws",
            "partition": "aws",
            "reverse_dns_prefix": "com.amazonaws"
          },
          "sensitive_attributes": []
        }
      ]
    },
    {
      "module": "module.eks_ohio[0].module.eks.module.kms",
      "mode": "managed",
      "type": "aws_kms_alias",
      "name": "this",
      "provider": "provider[\"registry.terraform.io/hashicorp/aws\"].ohio",
      "instances": [
        {
          "index_key": "cluster",
          "schema_version": 0,
          "attributes": {
            "arn": "arn:aws:kms:us-east-2:411623750878:alias/eks/linxact-oh",
            "id": "alias/eks/linxact-oh",
            "name": "alias/eks/linxact-oh",
            "name_prefix": "",
            "target_key_arn": "arn:aws:kms:us-east-2:411623750878:key/9ee5b339-2633-4afe-a98a-f9f7d5406058",
            "target_key_id": "9ee5b339-2633-4afe-a98a-f9f7d5406058"
          },
          "sensitive_attributes": [],
          "private": "bnVsbA==",
          "dependencies": [
            "module.eks_ohio.module.eks.aws_iam_role.this",
            "module.eks_ohio.module.eks.data.aws_caller_identity.current",
            "module.eks_ohio.module.eks.data.aws_iam_policy_document.assume_role_policy",
            "module.eks_ohio.module.eks.data.aws_iam_session_context.current",
            "module.eks_ohio.module.eks.data.aws_partition.current",
            "module.eks_ohio.module.eks.module.kms.aws_kms_external_key.this",
            "module.eks_ohio.module.eks.module.kms.aws_kms_key.this",
            "module.eks_ohio.module.eks.module.kms.data.aws_caller_identity.current",
            "module.eks_ohio.module.eks.module.kms.data.aws_iam_policy_document.this",
            "module.eks_ohio.module.eks.module.kms.data.aws_partition.current"
          ]
        }
      ]
    },
    {
      "module": "module.eks_ohio[0].module.eks.module.kms",
      "mode": "managed",
      "type": "aws_kms_external_key",
      "name": "this",
      "provider": "provider[\"registry.terraform.io/hashicorp/aws\"].ohio",
      "instances": []
    },
    {
      "module": "module.eks_ohio[0].module.eks.module.kms",
      "mode": "managed",
      "type": "aws_kms_key",
      "name": "this",
      "provider": "provider[\"registry.terraform.io/hashicorp/aws\"].ohio",
      "instances": [
        {
          "index_key": 0,
          "schema_version": 0,
          "attributes": {
            "arn": "arn:aws:kms:us-east-2:411623750878:key/9ee5b339-2633-4afe-a98a-f9f7d5406058",
            "bypass_policy_lockout_safety_check": false,
            "custom_key_store_id": "",
            "customer_master_key_spec": "SYMMETRIC_DEFAULT",
            "deletion_window_in_days": null,
            "description": "linxact-oh cluster encryption key",
            "enable_key_rotation": true,
            "id": "9ee5b339-2633-4afe-a98a-f9f7d5406058",
            "is_enabled": true,
            "key_id": "9ee5b339-2633-4afe-a98a-f9f7d5406058",
            "key_usage": "ENCRYPT_DECRYPT",
            "multi_region": false,
            "policy": "{\"Statement\":[{\"Action\":[\"kms:Update*\",\"kms:UntagResource\",\"kms:TagResource\",\"kms:ScheduleKeyDeletion\",\"kms:Revoke*\",\"kms:Put*\",\"kms:List*\",\"kms:Get*\",\"kms:Enable*\",\"kms:Disable*\",\"kms:Describe*\",\"kms:Delete*\",\"kms:Create*\",\"kms:CancelKeyDeletion\"],\"Effect\":\"Allow\",\"Principal\":{\"AWS\":\"arn:aws:iam::411623750878:user/olexiy\"},\"Resource\":\"*\",\"Sid\":\"KeyAdministration\"},{\"Action\":[\"kms:ReEncrypt*\",\"kms:GenerateDataKey*\",\"kms:Encrypt\",\"kms:DescribeKey\",\"kms:Decrypt\"],\"Effect\":\"Allow\",\"Principal\":{\"AWS\":\"arn:aws:iam::411623750878:role/linxact-oh-cluster-20240114212122157600000001\"},\"Resource\":\"*\",\"Sid\":\"KeyUsage\"}],\"Version\":\"2012-10-17\"}",
            "tags": null,
            "tags_all": {}
          },
          "sensitive_attributes": [],
          "private": "bnVsbA==",
          "dependencies": [
            "module.eks_ohio.module.eks.aws_iam_role.this",
            "module.eks_ohio.module.eks.data.aws_caller_identity.current",
            "module.eks_ohio.module.eks.data.aws_iam_policy_document.assume_role_policy",
            "module.eks_ohio.module.eks.data.aws_iam_session_context.current",
            "module.eks_ohio.module.eks.data.aws_partition.current",
            "module.eks_ohio.module.eks.module.kms.data.aws_caller_identity.current",
            "module.eks_ohio.module.eks.module.kms.data.aws_iam_policy_document.this",
            "module.eks_ohio.module.eks.module.kms.data.aws_partition.current"
          ]
        }
      ]
    },
    {
      "module": "module.eks_ohio[0].module.vpc",
      "mode": "managed",
      "type": "aws_default_network_acl",
      "name": "this",
      "provider": "provider[\"registry.terraform.io/hashicorp/aws\"].ohio",
      "instances": [
        {
          "index_key": 0,
          "schema_version": 0,
          "attributes": {
            "arn": "arn:aws:ec2:us-east-2:411623750878:network-acl/acl-00b9df7e843acf24b",
            "default_network_acl_id": "acl-00b9df7e843acf24b",
            "egress": [
              {
                "action": "allow",
                "cidr_block": "",
                "from_port": 0,
                "icmp_code": null,
                "icmp_type": null,
                "ipv6_cidr_block": "::/0",
                "protocol": "-1",
                "rule_no": 101,
                "to_port": 0
              },
              {
                "action": "allow",
                "cidr_block": "0.0.0.0/0",
                "from_port": 0,
                "icmp_code": null,
                "icmp_type": null,
                "ipv6_cidr_block": "",
                "protocol": "-1",
                "rule_no": 100,
                "to_port": 0
              }
            ],
            "id": "acl-00b9df7e843acf24b",
            "ingress": [
              {
                "action": "allow",
                "cidr_block": "",
                "from_port": 0,
                "icmp_code": null,
                "icmp_type": null,
                "ipv6_cidr_block": "::/0",
                "protocol": "-1",
                "rule_no": 101,
                "to_port": 0
              },
              {
                "action": "allow",
                "cidr_block": "0.0.0.0/0",
                "from_port": 0,
                "icmp_code": null,
                "icmp_type": null,
                "ipv6_cidr_block": "",
                "protocol": "-1",
                "rule_no": 100,
                "to_port": 0
              }
            ],
            "owner_id": "411623750878",
            "subnet_ids": null,
            "tags": {
              "Name": "linxact-vpc-default"
            },
            "tags_all": {
              "Name": "linxact-vpc-default"
            },
            "vpc_id": "vpc-0cee170b79099b111"
          },
          "sensitive_attributes": [],
          "private": "bnVsbA==",
          "dependencies": [
            "module.eks_ohio.module.vpc.aws_vpc.this"
          ]
        }
      ]
    },
    {
      "module": "module.eks_ohio[0].module.vpc",
      "mode": "managed",
      "type": "aws_default_route_table",
      "name": "default",
      "provider": "provider[\"registry.terraform.io/hashicorp/aws\"].ohio",
      "instances": [
        {
          "index_key": 0,
          "schema_version": 0,
          "attributes": {
            "arn": "arn:aws:ec2:us-east-2:411623750878:route-table/rtb-00c3c1e6f7e56d584",
            "default_route_table_id": "rtb-00c3c1e6f7e56d584",
            "id": "rtb-00c3c1e6f7e56d584",
            "owner_id": "411623750878",
            "propagating_vgws": null,
            "route": [],
            "tags": {
              "Name": "linxact-vpc-default"
            },
            "tags_all": {
              "Name": "linxact-vpc-default"
            },
            "timeouts": {
              "create": "5m",
              "update": "5m"
            },
            "vpc_id": "vpc-0cee170b79099b111"
          },
          "sensitive_attributes": [],
          "private": "eyJlMmJmYjczMC1lY2FhLTExZTYtOGY4OC0zNDM2M2JjN2M0YzAiOnsiY3JlYXRlIjozMDAwMDAwMDAwMDAsInVwZGF0ZSI6MzAwMDAwMDAwMDAwfX0=",
          "dependencies": [
            "module.eks_ohio.module.vpc.aws_vpc.this"
          ]
        }
      ]
    },
    {
      "module": "module.eks_ohio[0].module.vpc",
      "mode": "managed",
      "type": "aws_default_security_group",
      "name": "this",
      "provider": "provider[\"registry.terraform.io/hashicorp/aws\"].ohio",
      "instances": [
        {
          "index_key": 0,
          "schema_version": 1,
          "attributes": {
            "arn": "arn:aws:ec2:us-east-2:411623750878:security-group/sg-086d1b055fa3f9a94",
            "description": "default VPC security group",
            "egress": [],
            "id": "sg-086d1b055fa3f9a94",
            "ingress": [],
            "name": "default",
            "name_prefix": "",
            "owner_id": "411623750878",
            "revoke_rules_on_delete": false,
            "tags": {
              "Name": "linxact-vpc-default"
            },
            "tags_all": {
              "Name": "linxact-vpc-default"
            },
            "vpc_id": "vpc-0cee170b79099b111"
          },
          "sensitive_attributes": [],
          "private": "eyJzY2hlbWFfdmVyc2lvbiI6IjEifQ==",
          "dependencies": [
            "module.eks_ohio.module.vpc.aws_vpc.this"
          ]
        }
      ]
    },
    {
      "module": "module.eks_ohio[0].module.vpc",
      "mode": "managed",
      "type": "aws_eip",
      "name": "nat",
      "provider": "provider[\"registry.terraform.io/hashicorp/aws\"].ohio",
      "instances": [
        {
          "index_key": 0,
          "schema_version": 0,
          "attributes": {
            "address": null,
            "allocation_id": "eipalloc-0b710f057408276e2",
            "associate_with_private_ip": null,
            "association_id": "",
            "carrier_ip": "",
            "customer_owned_ip": "",
            "customer_owned_ipv4_pool": "",
            "domain": "vpc",
            "id": "eipalloc-0b710f057408276e2",
            "instance": "",
            "network_border_group": "us-east-2",
            "network_interface": "",
            "private_dns": null,
            "private_ip": "",
            "public_dns": "ec2-18-216-110-13.us-east-2.compute.amazonaws.com",
            "public_ip": "18.216.110.13",
            "public_ipv4_pool": "amazon",
            "tags": {
              "Name": "linxact-vpc-us-east-2a"
            },
            "tags_all": {
              "Name": "linxact-vpc-us-east-2a"
            },
            "timeouts": null,
            "vpc": true
          },
          "sensitive_attributes": [],
          "private": "eyJlMmJmYjczMC1lY2FhLTExZTYtOGY4OC0zNDM2M2JjN2M0YzAiOnsiZGVsZXRlIjoxODAwMDAwMDAwMDAsInJlYWQiOjkwMDAwMDAwMDAwMCwidXBkYXRlIjozMDAwMDAwMDAwMDB9fQ==",
          "dependencies": [
            "module.eks_ohio.data.aws_availability_zones.available",
            "module.eks_ohio.module.vpc.aws_internet_gateway.this",
            "module.eks_ohio.module.vpc.aws_vpc.this",
            "module.eks_ohio.module.vpc.aws_vpc_ipv4_cidr_block_association.this"
          ]
        }
      ]
    },
    {
      "module": "module.eks_ohio[0].module.vpc",
      "mode": "managed",
      "type": "aws_internet_gateway",
      "name": "this",
      "provider": "provider[\"registry.terraform.io/hashicorp/aws\"].ohio",
      "instances": [
        {
          "index_key": 0,
          "schema_version": 0,
          "attributes": {
            "arn": "arn:aws:ec2:us-east-2:411623750878:internet-gateway/igw-070c6cad77408d291",
            "id": "igw-070c6cad77408d291",
            "owner_id": "411623750878",
            "tags": {
              "Name": "linxact-vpc"
            },
            "tags_all": {
              "Name": "linxact-vpc"
            },
            "timeouts": null,
            "vpc_id": "vpc-0cee170b79099b111"
          },
          "sensitive_attributes": [],
          "private": "eyJlMmJmYjczMC1lY2FhLTExZTYtOGY4OC0zNDM2M2JjN2M0YzAiOnsiY3JlYXRlIjoxMjAwMDAwMDAwMDAwLCJkZWxldGUiOjEyMDAwMDAwMDAwMDAsInVwZGF0ZSI6MTIwMDAwMDAwMDAwMH19",
          "dependencies": [
            "module.eks_ohio.module.vpc.aws_vpc.this",
            "module.eks_ohio.module.vpc.aws_vpc_ipv4_cidr_block_association.this"
          ]
        }
      ]
    },
    {
      "module": "module.eks_ohio[0].module.vpc",
      "mode": "managed",
      "type": "aws_nat_gateway",
      "name": "this",
      "provider": "provider[\"registry.terraform.io/hashicorp/aws\"].ohio",
      "instances": [
        {
          "index_key": 0,
          "schema_version": 0,
          "attributes": {
            "allocation_id": "eipalloc-0b710f057408276e2",
            "association_id": "eipassoc-053dc4e62d2fffcb5",
            "connectivity_type": "public",
            "id": "nat-0d37833475ebbe719",
            "network_interface_id": "eni-0278022ee17c51760",
            "private_ip": "10.0.5.193",
            "public_ip": "18.216.110.13",
            "subnet_id": "subnet-0e12b021fba9ac2f4",
            "tags": {
              "Name": "linxact-vpc-us-east-2a"
            },
            "tags_all": {
              "Name": "linxact-vpc-us-east-2a"
            }
          },
          "sensitive_attributes": [],
          "private": "bnVsbA==",
          "dependencies": [
            "module.eks_ohio.data.aws_availability_zones.available",
            "module.eks_ohio.module.vpc.aws_eip.nat",
            "module.eks_ohio.module.vpc.aws_internet_gateway.this",
            "module.eks_ohio.module.vpc.aws_subnet.public",
            "module.eks_ohio.module.vpc.aws_vpc.this",
            "module.eks_ohio.module.vpc.aws_vpc_ipv4_cidr_block_association.this"
          ]
        }
      ]
    },
    {
      "module": "module.eks_ohio[0].module.vpc",
      "mode": "managed",
      "type": "aws_route",
      "name": "private_nat_gateway",
      "provider": "provider[\"registry.terraform.io/hashicorp/aws\"].ohio",
      "instances": [
        {
          "index_key": 0,
          "schema_version": 0,
          "attributes": {
            "carrier_gateway_id": "",
            "core_network_arn": "",
            "destination_cidr_block": "0.0.0.0/0",
            "destination_ipv6_cidr_block": "",
            "destination_prefix_list_id": "",
            "egress_only_gateway_id": "",
            "gateway_id": "",
            "id": "r-rtb-05ed7b770185933fe1080289494",
            "instance_id": "",
            "instance_owner_id": "",
            "local_gateway_id": "",
            "nat_gateway_id": "nat-0d37833475ebbe719",
            "network_interface_id": "",
            "origin": "CreateRoute",
            "route_table_id": "rtb-05ed7b770185933fe",
            "state": "active",
            "timeouts": {
              "create": "5m",
              "delete": null,
              "update": null
            },
            "transit_gateway_id": "",
            "vpc_endpoint_id": "",
            "vpc_peering_connection_id": ""
          },
          "sensitive_attributes": [],
          "private": "eyJlMmJmYjczMC1lY2FhLTExZTYtOGY4OC0zNDM2M2JjN2M0YzAiOnsiY3JlYXRlIjozMDAwMDAwMDAwMDAsImRlbGV0ZSI6MzAwMDAwMDAwMDAwLCJ1cGRhdGUiOjEyMDAwMDAwMDAwMH19",
          "dependencies": [
            "module.eks_ohio.data.aws_availability_zones.available",
            "module.eks_ohio.module.vpc.aws_eip.nat",
            "module.eks_ohio.module.vpc.aws_internet_gateway.this",
            "module.eks_ohio.module.vpc.aws_nat_gateway.this",
            "module.eks_ohio.module.vpc.aws_route_table.private",
            "module.eks_ohio.module.vpc.aws_subnet.public",
            "module.eks_ohio.module.vpc.aws_vpc.this",
            "module.eks_ohio.module.vpc.aws_vpc_ipv4_cidr_block_association.this"
          ]
        }
      ]
    },
    {
      "module": "module.eks_ohio[0].module.vpc",
      "mode": "managed",
      "type": "aws_route",
      "name": "public_internet_gateway",
      "provider": "provider[\"registry.terraform.io/hashicorp/aws\"].ohio",
      "instances": [
        {
          "index_key": 0,
          "schema_version": 0,
          "attributes": {
            "carrier_gateway_id": "",
            "core_network_arn": "",
            "destination_cidr_block": "0.0.0.0/0",
            "destination_ipv6_cidr_block": "",
            "destination_prefix_list_id": "",
            "egress_only_gateway_id": "",
            "gateway_id": "igw-070c6cad77408d291",
            "id": "r-rtb-071dfa134f1b5a0fa1080289494",
            "instance_id": "",
            "instance_owner_id": "",
            "local_gateway_id": "",
            "nat_gateway_id": "",
            "network_interface_id": "",
            "origin": "CreateRoute",
            "route_table_id": "rtb-071dfa134f1b5a0fa",
            "state": "active",
            "timeouts": {
              "create": "5m",
              "delete": null,
              "update": null
            },
            "transit_gateway_id": "",
            "vpc_endpoint_id": "",
            "vpc_peering_connection_id": ""
          },
          "sensitive_attributes": [],
          "private": "eyJlMmJmYjczMC1lY2FhLTExZTYtOGY4OC0zNDM2M2JjN2M0YzAiOnsiY3JlYXRlIjozMDAwMDAwMDAwMDAsImRlbGV0ZSI6MzAwMDAwMDAwMDAwLCJ1cGRhdGUiOjEyMDAwMDAwMDAwMH19",
          "dependencies": [
            "module.eks_ohio.module.vpc.aws_internet_gateway.this",
            "module.eks_ohio.module.vpc.aws_route_table.public",
            "module.eks_ohio.module.vpc.aws_vpc.this",
            "module.eks_ohio.module.vpc.aws_vpc_ipv4_cidr_block_association.this"
          ]
        }
      ]
    },
    {
      "module": "module.eks_ohio[0].module.vpc",
      "mode": "managed",
      "type": "aws_route_table",
      "name": "private",
      "provider": "provider[\"registry.terraform.io/hashicorp/aws\"].ohio",
      "instances": [
        {
          "index_key": 0,
          "schema_version": 0,
          "attributes": {
            "arn": "arn:aws:ec2:us-east-2:411623750878:route-table/rtb-05ed7b770185933fe",
            "id": "rtb-05ed7b770185933fe",
            "owner_id": "411623750878",
            "propagating_vgws": [],
            "route": [],
            "tags": {
              "Name": "linxact-vpc-private"
            },
            "tags_all": {
              "Name": "linxact-vpc-private"
            },
            "timeouts": null,
            "vpc_id": "vpc-0cee170b79099b111"
          },
          "sensitive_attributes": [],
          "private": "eyJlMmJmYjczMC1lY2FhLTExZTYtOGY4OC0zNDM2M2JjN2M0YzAiOnsiY3JlYXRlIjozMDAwMDAwMDAwMDAsImRlbGV0ZSI6MzAwMDAwMDAwMDAwLCJ1cGRhdGUiOjEyMDAwMDAwMDAwMH19",
          "dependencies": [
            "module.eks_ohio.data.aws_availability_zones.available",
            "module.eks_ohio.module.vpc.aws_vpc.this",
            "module.eks_ohio.module.vpc.aws_vpc_ipv4_cidr_block_association.this"
          ]
        }
      ]
    },
    {
      "module": "module.eks_ohio[0].module.vpc",
      "mode": "managed",
      "type": "aws_route_table",
      "name": "public",
      "provider": "provider[\"registry.terraform.io/hashicorp/aws\"].ohio",
      "instances": [
        {
          "index_key": 0,
          "schema_version": 0,
          "attributes": {
            "arn": "arn:aws:ec2:us-east-2:411623750878:route-table/rtb-071dfa134f1b5a0fa",
            "id": "rtb-071dfa134f1b5a0fa",
            "owner_id": "411623750878",
            "propagating_vgws": [],
            "route": [],
            "tags": {
              "Name": "linxact-vpc-public"
            },
            "tags_all": {
              "Name": "linxact-vpc-public"
            },
            "timeouts": null,
            "vpc_id": "vpc-0cee170b79099b111"
          },
          "sensitive_attributes": [],
          "private": "eyJlMmJmYjczMC1lY2FhLTExZTYtOGY4OC0zNDM2M2JjN2M0YzAiOnsiY3JlYXRlIjozMDAwMDAwMDAwMDAsImRlbGV0ZSI6MzAwMDAwMDAwMDAwLCJ1cGRhdGUiOjEyMDAwMDAwMDAwMH19",
          "dependencies": [
            "module.eks_ohio.module.vpc.aws_vpc.this",
            "module.eks_ohio.module.vpc.aws_vpc_ipv4_cidr_block_association.this"
          ]
        }
      ]
    },
    {
      "module": "module.eks_ohio[0].module.vpc",
      "mode": "managed",
      "type": "aws_route_table_association",
      "name": "private",
      "provider": "provider[\"registry.terraform.io/hashicorp/aws\"].ohio",
      "instances": [
        {
          "index_key": 0,
          "schema_version": 0,
          "attributes": {
            "gateway_id": "",
            "id": "rtbassoc-0c2eacc2864c47305",
            "route_table_id": "rtb-05ed7b770185933fe",
            "subnet_id": "subnet-0db33b7129e04ec6e",
            "timeouts": null
          },
          "sensitive_attributes": [],
          "private": "eyJlMmJmYjczMC1lY2FhLTExZTYtOGY4OC0zNDM2M2JjN2M0YzAiOnsiY3JlYXRlIjozMDAwMDAwMDAwMDAsImRlbGV0ZSI6MzAwMDAwMDAwMDAwLCJ1cGRhdGUiOjEyMDAwMDAwMDAwMH19",
          "dependencies": [
            "module.eks_ohio.data.aws_availability_zones.available",
            "module.eks_ohio.module.vpc.aws_route_table.private",
            "module.eks_ohio.module.vpc.aws_subnet.private",
            "module.eks_ohio.module.vpc.aws_vpc.this",
            "module.eks_ohio.module.vpc.aws_vpc_ipv4_cidr_block_association.this"
          ]
        },
        {
          "index_key": 1,
          "schema_version": 0,
          "attributes": {
            "gateway_id": "",
            "id": "rtbassoc-0ec0aec292520d3ad",
            "route_table_id": "rtb-05ed7b770185933fe",
            "subnet_id": "subnet-09ac07cd416f78f1f",
            "timeouts": null
          },
          "sensitive_attributes": [],
          "private": "eyJlMmJmYjczMC1lY2FhLTExZTYtOGY4OC0zNDM2M2JjN2M0YzAiOnsiY3JlYXRlIjozMDAwMDAwMDAwMDAsImRlbGV0ZSI6MzAwMDAwMDAwMDAwLCJ1cGRhdGUiOjEyMDAwMDAwMDAwMH19",
          "dependencies": [
            "module.eks_ohio.data.aws_availability_zones.available",
            "module.eks_ohio.module.vpc.aws_route_table.private",
            "module.eks_ohio.module.vpc.aws_subnet.private",
            "module.eks_ohio.module.vpc.aws_vpc.this",
            "module.eks_ohio.module.vpc.aws_vpc_ipv4_cidr_block_association.this"
          ]
        },
        {
          "index_key": 2,
          "schema_version": 0,
          "attributes": {
            "gateway_id": "",
            "id": "rtbassoc-086e073cd0ca46c8a",
            "route_table_id": "rtb-05ed7b770185933fe",
            "subnet_id": "subnet-0170351e6d3633241",
            "timeouts": null
          },
          "sensitive_attributes": [],
          "private": "eyJlMmJmYjczMC1lY2FhLTExZTYtOGY4OC0zNDM2M2JjN2M0YzAiOnsiY3JlYXRlIjozMDAwMDAwMDAwMDAsImRlbGV0ZSI6MzAwMDAwMDAwMDAwLCJ1cGRhdGUiOjEyMDAwMDAwMDAwMH19",
          "dependencies": [
            "module.eks_ohio.data.aws_availability_zones.available",
            "module.eks_ohio.module.vpc.aws_route_table.private",
            "module.eks_ohio.module.vpc.aws_subnet.private",
            "module.eks_ohio.module.vpc.aws_vpc.this",
            "module.eks_ohio.module.vpc.aws_vpc_ipv4_cidr_block_association.this"
          ]
        },
        {
          "index_key": 3,
          "schema_version": 0,
          "attributes": {
            "gateway_id": "",
            "id": "rtbassoc-09af10eec0b6a2055",
            "route_table_id": "rtb-05ed7b770185933fe",
            "subnet_id": "subnet-08ba0da6191e199d0",
            "timeouts": null
          },
          "sensitive_attributes": [],
          "private": "eyJlMmJmYjczMC1lY2FhLTExZTYtOGY4OC0zNDM2M2JjN2M0YzAiOnsiY3JlYXRlIjozMDAwMDAwMDAwMDAsImRlbGV0ZSI6MzAwMDAwMDAwMDAwLCJ1cGRhdGUiOjEyMDAwMDAwMDAwMH19",
          "dependencies": [
            "module.eks_ohio.data.aws_availability_zones.available",
            "module.eks_ohio.module.vpc.aws_route_table.private",
            "module.eks_ohio.module.vpc.aws_subnet.private",
            "module.eks_ohio.module.vpc.aws_vpc.this",
            "module.eks_ohio.module.vpc.aws_vpc_ipv4_cidr_block_association.this"
          ]
        },
        {
          "index_key": 4,
          "schema_version": 0,
          "attributes": {
            "gateway_id": "",
            "id": "rtbassoc-04630db2c717dde75",
            "route_table_id": "rtb-05ed7b770185933fe",
            "subnet_id": "subnet-04889bc50d52f61ac",
            "timeouts": null
          },
          "sensitive_attributes": [],
          "private": "eyJlMmJmYjczMC1lY2FhLTExZTYtOGY4OC0zNDM2M2JjN2M0YzAiOnsiY3JlYXRlIjozMDAwMDAwMDAwMDAsImRlbGV0ZSI6MzAwMDAwMDAwMDAwLCJ1cGRhdGUiOjEyMDAwMDAwMDAwMH19",
          "dependencies": [
            "module.eks_ohio.data.aws_availability_zones.available",
            "module.eks_ohio.module.vpc.aws_route_table.private",
            "module.eks_ohio.module.vpc.aws_subnet.private",
            "module.eks_ohio.module.vpc.aws_vpc.this",
            "module.eks_ohio.module.vpc.aws_vpc_ipv4_cidr_block_association.this"
          ]
        }
      ]
    },
    {
      "module": "module.eks_ohio[0].module.vpc",
      "mode": "managed",
      "type": "aws_route_table_association",
      "name": "public",
      "provider": "provider[\"registry.terraform.io/hashicorp/aws\"].ohio",
      "instances": [
        {
          "index_key": 0,
          "schema_version": 0,
          "attributes": {
            "gateway_id": "",
            "id": "rtbassoc-005774edafe424f18",
            "route_table_id": "rtb-071dfa134f1b5a0fa",
            "subnet_id": "subnet-0e12b021fba9ac2f4",
            "timeouts": null
          },
          "sensitive_attributes": [],
          "private": "eyJlMmJmYjczMC1lY2FhLTExZTYtOGY4OC0zNDM2M2JjN2M0YzAiOnsiY3JlYXRlIjozMDAwMDAwMDAwMDAsImRlbGV0ZSI6MzAwMDAwMDAwMDAwLCJ1cGRhdGUiOjEyMDAwMDAwMDAwMH19",
          "dependencies": [
            "module.eks_ohio.data.aws_availability_zones.available",
            "module.eks_ohio.module.vpc.aws_route_table.public",
            "module.eks_ohio.module.vpc.aws_subnet.public",
            "module.eks_ohio.module.vpc.aws_vpc.this",
            "module.eks_ohio.module.vpc.aws_vpc_ipv4_cidr_block_association.this"
          ]
        },
        {
          "index_key": 1,
          "schema_version": 0,
          "attributes": {
            "gateway_id": "",
            "id": "rtbassoc-061f8e5631fc421a1",
            "route_table_id": "rtb-071dfa134f1b5a0fa",
            "subnet_id": "subnet-05dd19e1a27ffaffe",
            "timeouts": null
          },
          "sensitive_attributes": [],
          "private": "eyJlMmJmYjczMC1lY2FhLTExZTYtOGY4OC0zNDM2M2JjN2M0YzAiOnsiY3JlYXRlIjozMDAwMDAwMDAwMDAsImRlbGV0ZSI6MzAwMDAwMDAwMDAwLCJ1cGRhdGUiOjEyMDAwMDAwMDAwMH19",
          "dependencies": [
            "module.eks_ohio.data.aws_availability_zones.available",
            "module.eks_ohio.module.vpc.aws_route_table.public",
            "module.eks_ohio.module.vpc.aws_subnet.public",
            "module.eks_ohio.module.vpc.aws_vpc.this",
            "module.eks_ohio.module.vpc.aws_vpc_ipv4_cidr_block_association.this"
          ]
        },
        {
          "index_key": 2,
          "schema_version": 0,
          "attributes": {
            "gateway_id": "",
            "id": "rtbassoc-0116d02b56e2b1cda",
            "route_table_id": "rtb-071dfa134f1b5a0fa",
            "subnet_id": "subnet-0ad0519bf7d56ca62",
            "timeouts": null
          },
          "sensitive_attributes": [],
          "private": "eyJlMmJmYjczMC1lY2FhLTExZTYtOGY4OC0zNDM2M2JjN2M0YzAiOnsiY3JlYXRlIjozMDAwMDAwMDAwMDAsImRlbGV0ZSI6MzAwMDAwMDAwMDAwLCJ1cGRhdGUiOjEyMDAwMDAwMDAwMH19",
          "dependencies": [
            "module.eks_ohio.data.aws_availability_zones.available",
            "module.eks_ohio.module.vpc.aws_route_table.public",
            "module.eks_ohio.module.vpc.aws_subnet.public",
            "module.eks_ohio.module.vpc.aws_vpc.this",
            "module.eks_ohio.module.vpc.aws_vpc_ipv4_cidr_block_association.this"
          ]
        },
        {
          "index_key": 3,
          "schema_version": 0,
          "attributes": {
            "gateway_id": "",
            "id": "rtbassoc-093fe987360b6126a",
            "route_table_id": "rtb-071dfa134f1b5a0fa",
            "subnet_id": "subnet-0f3aef1f5362424e9",
            "timeouts": null
          },
          "sensitive_attributes": [],
          "private": "eyJlMmJmYjczMC1lY2FhLTExZTYtOGY4OC0zNDM2M2JjN2M0YzAiOnsiY3JlYXRlIjozMDAwMDAwMDAwMDAsImRlbGV0ZSI6MzAwMDAwMDAwMDAwLCJ1cGRhdGUiOjEyMDAwMDAwMDAwMH19",
          "dependencies": [
            "module.eks_ohio.data.aws_availability_zones.available",
            "module.eks_ohio.module.vpc.aws_route_table.public",
            "module.eks_ohio.module.vpc.aws_subnet.public",
            "module.eks_ohio.module.vpc.aws_vpc.this",
            "module.eks_ohio.module.vpc.aws_vpc_ipv4_cidr_block_association.this"
          ]
        },
        {
          "index_key": 4,
          "schema_version": 0,
          "attributes": {
            "gateway_id": "",
            "id": "rtbassoc-0c2704d06e1f237a3",
            "route_table_id": "rtb-071dfa134f1b5a0fa",
            "subnet_id": "subnet-0eb29894fb1be45f7",
            "timeouts": null
          },
          "sensitive_attributes": [],
          "private": "eyJlMmJmYjczMC1lY2FhLTExZTYtOGY4OC0zNDM2M2JjN2M0YzAiOnsiY3JlYXRlIjozMDAwMDAwMDAwMDAsImRlbGV0ZSI6MzAwMDAwMDAwMDAwLCJ1cGRhdGUiOjEyMDAwMDAwMDAwMH19",
          "dependencies": [
            "module.eks_ohio.data.aws_availability_zones.available",
            "module.eks_ohio.module.vpc.aws_route_table.public",
            "module.eks_ohio.module.vpc.aws_subnet.public",
            "module.eks_ohio.module.vpc.aws_vpc.this",
            "module.eks_ohio.module.vpc.aws_vpc_ipv4_cidr_block_association.this"
          ]
        }
      ]
    },
    {
      "module": "module.eks_ohio[0].module.vpc",
      "mode": "managed",
      "type": "aws_subnet",
      "name": "private",
      "provider": "provider[\"registry.terraform.io/hashicorp/aws\"].ohio",
      "instances": [
        {
          "index_key": 0,
          "schema_version": 1,
          "attributes": {
            "arn": "arn:aws:ec2:us-east-2:411623750878:subnet/subnet-0db33b7129e04ec6e",
            "assign_ipv6_address_on_creation": false,
            "availability_zone": "us-east-2a",
            "availability_zone_id": "use2-az1",
            "cidr_block": "10.0.0.0/24",
            "customer_owned_ipv4_pool": "",
            "enable_dns64": false,
            "enable_lni_at_device_index": 0,
            "enable_resource_name_dns_a_record_on_launch": false,
            "enable_resource_name_dns_aaaa_record_on_launch": false,
            "id": "subnet-0db33b7129e04ec6e",
            "ipv6_cidr_block": "",
            "ipv6_cidr_block_association_id": "",
            "ipv6_native": false,
            "map_customer_owned_ip_on_launch": false,
            "map_public_ip_on_launch": false,
            "outpost_arn": "",
            "owner_id": "411623750878",
            "private_dns_hostname_type_on_launch": "ip-name",
            "tags": {
              "Name": "linxact-vpc-private-us-east-2a",
              "kubernetes.io/cluster/linxact-oh": "shared",
              "kubernetes.io/role/internal-elb": "1"
            },
            "tags_all": {
              "Name": "linxact-vpc-private-us-east-2a",
              "kubernetes.io/cluster/linxact-oh": "shared",
              "kubernetes.io/role/internal-elb": "1"
            },
            "timeouts": null,
            "vpc_id": "vpc-0cee170b79099b111"
          },
          "sensitive_attributes": [],
          "private": "eyJlMmJmYjczMC1lY2FhLTExZTYtOGY4OC0zNDM2M2JjN2M0YzAiOnsiY3JlYXRlIjo2MDAwMDAwMDAwMDAsImRlbGV0ZSI6MTIwMDAwMDAwMDAwMH0sInNjaGVtYV92ZXJzaW9uIjoiMSJ9",
          "dependencies": [
            "module.eks_ohio.data.aws_availability_zones.available",
            "module.eks_ohio.module.vpc.aws_vpc.this",
            "module.eks_ohio.module.vpc.aws_vpc_ipv4_cidr_block_association.this"
          ]
        },
        {
          "index_key": 1,
          "schema_version": 1,
          "attributes": {
            "arn": "arn:aws:ec2:us-east-2:411623750878:subnet/subnet-09ac07cd416f78f1f",
            "assign_ipv6_address_on_creation": false,
            "availability_zone": "us-east-2b",
            "availability_zone_id": "use2-az2",
            "cidr_block": "10.0.1.0/24",
            "customer_owned_ipv4_pool": "",
            "enable_dns64": false,
            "enable_lni_at_device_index": 0,
            "enable_resource_name_dns_a_record_on_launch": false,
            "enable_resource_name_dns_aaaa_record_on_launch": false,
            "id": "subnet-09ac07cd416f78f1f",
            "ipv6_cidr_block": "",
            "ipv6_cidr_block_association_id": "",
            "ipv6_native": false,
            "map_customer_owned_ip_on_launch": false,
            "map_public_ip_on_launch": false,
            "outpost_arn": "",
            "owner_id": "411623750878",
            "private_dns_hostname_type_on_launch": "ip-name",
            "tags": {
              "Name": "linxact-vpc-private-us-east-2b",
              "kubernetes.io/cluster/linxact-oh": "shared",
              "kubernetes.io/role/internal-elb": "1"
            },
            "tags_all": {
              "Name": "linxact-vpc-private-us-east-2b",
              "kubernetes.io/cluster/linxact-oh": "shared",
              "kubernetes.io/role/internal-elb": "1"
            },
            "timeouts": null,
            "vpc_id": "vpc-0cee170b79099b111"
          },
          "sensitive_attributes": [],
          "private": "eyJlMmJmYjczMC1lY2FhLTExZTYtOGY4OC0zNDM2M2JjN2M0YzAiOnsiY3JlYXRlIjo2MDAwMDAwMDAwMDAsImRlbGV0ZSI6MTIwMDAwMDAwMDAwMH0sInNjaGVtYV92ZXJzaW9uIjoiMSJ9",
          "dependencies": [
            "module.eks_ohio.data.aws_availability_zones.available",
            "module.eks_ohio.module.vpc.aws_vpc.this",
            "module.eks_ohio.module.vpc.aws_vpc_ipv4_cidr_block_association.this"
          ]
        },
        {
          "index_key": 2,
          "schema_version": 1,
          "attributes": {
            "arn": "arn:aws:ec2:us-east-2:411623750878:subnet/subnet-0170351e6d3633241",
            "assign_ipv6_address_on_creation": false,
            "availability_zone": "us-east-2c",
            "availability_zone_id": "use2-az3",
            "cidr_block": "10.0.2.0/24",
            "customer_owned_ipv4_pool": "",
            "enable_dns64": false,
            "enable_lni_at_device_index": 0,
            "enable_resource_name_dns_a_record_on_launch": false,
            "enable_resource_name_dns_aaaa_record_on_launch": false,
            "id": "subnet-0170351e6d3633241",
            "ipv6_cidr_block": "",
            "ipv6_cidr_block_association_id": "",
            "ipv6_native": false,
            "map_customer_owned_ip_on_launch": false,
            "map_public_ip_on_launch": false,
            "outpost_arn": "",
            "owner_id": "411623750878",
            "private_dns_hostname_type_on_launch": "ip-name",
            "tags": {
              "Name": "linxact-vpc-private-us-east-2c",
              "kubernetes.io/cluster/linxact-oh": "shared",
              "kubernetes.io/role/internal-elb": "1"
            },
            "tags_all": {
              "Name": "linxact-vpc-private-us-east-2c",
              "kubernetes.io/cluster/linxact-oh": "shared",
              "kubernetes.io/role/internal-elb": "1"
            },
            "timeouts": null,
            "vpc_id": "vpc-0cee170b79099b111"
          },
          "sensitive_attributes": [],
          "private": "eyJlMmJmYjczMC1lY2FhLTExZTYtOGY4OC0zNDM2M2JjN2M0YzAiOnsiY3JlYXRlIjo2MDAwMDAwMDAwMDAsImRlbGV0ZSI6MTIwMDAwMDAwMDAwMH0sInNjaGVtYV92ZXJzaW9uIjoiMSJ9",
          "dependencies": [
            "module.eks_ohio.data.aws_availability_zones.available",
            "module.eks_ohio.module.vpc.aws_vpc.this",
            "module.eks_ohio.module.vpc.aws_vpc_ipv4_cidr_block_association.this"
          ]
        },
        {
          "index_key": 3,
          "schema_version": 1,
          "attributes": {
            "arn": "arn:aws:ec2:us-east-2:411623750878:subnet/subnet-08ba0da6191e199d0",
            "assign_ipv6_address_on_creation": false,
            "availability_zone": "us-east-2a",
            "availability_zone_id": "use2-az1",
            "cidr_block": "10.0.3.0/24",
            "customer_owned_ipv4_pool": "",
            "enable_dns64": false,
            "enable_lni_at_device_index": 0,
            "enable_resource_name_dns_a_record_on_launch": false,
            "enable_resource_name_dns_aaaa_record_on_launch": false,
            "id": "subnet-08ba0da6191e199d0",
            "ipv6_cidr_block": "",
            "ipv6_cidr_block_association_id": "",
            "ipv6_native": false,
            "map_customer_owned_ip_on_launch": false,
            "map_public_ip_on_launch": false,
            "outpost_arn": "",
            "owner_id": "411623750878",
            "private_dns_hostname_type_on_launch": "ip-name",
            "tags": {
              "Name": "linxact-vpc-private-us-east-2a",
              "kubernetes.io/cluster/linxact-oh": "shared",
              "kubernetes.io/role/internal-elb": "1"
            },
            "tags_all": {
              "Name": "linxact-vpc-private-us-east-2a",
              "kubernetes.io/cluster/linxact-oh": "shared",
              "kubernetes.io/role/internal-elb": "1"
            },
            "timeouts": null,
            "vpc_id": "vpc-0cee170b79099b111"
          },
          "sensitive_attributes": [],
          "private": "eyJlMmJmYjczMC1lY2FhLTExZTYtOGY4OC0zNDM2M2JjN2M0YzAiOnsiY3JlYXRlIjo2MDAwMDAwMDAwMDAsImRlbGV0ZSI6MTIwMDAwMDAwMDAwMH0sInNjaGVtYV92ZXJzaW9uIjoiMSJ9",
          "dependencies": [
            "module.eks_ohio.data.aws_availability_zones.available",
            "module.eks_ohio.module.vpc.aws_vpc.this",
            "module.eks_ohio.module.vpc.aws_vpc_ipv4_cidr_block_association.this"
          ]
        },
        {
          "index_key": 4,
          "schema_version": 1,
          "attributes": {
            "arn": "arn:aws:ec2:us-east-2:411623750878:subnet/subnet-04889bc50d52f61ac",
            "assign_ipv6_address_on_creation": false,
            "availability_zone": "us-east-2b",
            "availability_zone_id": "use2-az2",
            "cidr_block": "10.0.4.0/24",
            "customer_owned_ipv4_pool": "",
            "enable_dns64": false,
            "enable_lni_at_device_index": 0,
            "enable_resource_name_dns_a_record_on_launch": false,
            "enable_resource_name_dns_aaaa_record_on_launch": false,
            "id": "subnet-04889bc50d52f61ac",
            "ipv6_cidr_block": "",
            "ipv6_cidr_block_association_id": "",
            "ipv6_native": false,
            "map_customer_owned_ip_on_launch": false,
            "map_public_ip_on_launch": false,
            "outpost_arn": "",
            "owner_id": "411623750878",
            "private_dns_hostname_type_on_launch": "ip-name",
            "tags": {
              "Name": "linxact-vpc-private-us-east-2b",
              "kubernetes.io/cluster/linxact-oh": "shared",
              "kubernetes.io/role/internal-elb": "1"
            },
            "tags_all": {
              "Name": "linxact-vpc-private-us-east-2b",
              "kubernetes.io/cluster/linxact-oh": "shared",
              "kubernetes.io/role/internal-elb": "1"
            },
            "timeouts": null,
            "vpc_id": "vpc-0cee170b79099b111"
          },
          "sensitive_attributes": [],
          "private": "eyJlMmJmYjczMC1lY2FhLTExZTYtOGY4OC0zNDM2M2JjN2M0YzAiOnsiY3JlYXRlIjo2MDAwMDAwMDAwMDAsImRlbGV0ZSI6MTIwMDAwMDAwMDAwMH0sInNjaGVtYV92ZXJzaW9uIjoiMSJ9",
          "dependencies": [
            "module.eks_ohio.data.aws_availability_zones.available",
            "module.eks_ohio.module.vpc.aws_vpc.this",
            "module.eks_ohio.module.vpc.aws_vpc_ipv4_cidr_block_association.this"
          ]
        }
      ]
    },
    {
      "module": "module.eks_ohio[0].module.vpc",
      "mode": "managed",
      "type": "aws_subnet",
      "name": "public",
      "provider": "provider[\"registry.terraform.io/hashicorp/aws\"].ohio",
      "instances": [
        {
          "index_key": 0,
          "schema_version": 1,
          "attributes": {
            "arn": "arn:aws:ec2:us-east-2:411623750878:subnet/subnet-0e12b021fba9ac2f4",
            "assign_ipv6_address_on_creation": false,
            "availability_zone": "us-east-2a",
            "availability_zone_id": "use2-az1",
            "cidr_block": "10.0.5.0/24",
            "customer_owned_ipv4_pool": "",
            "enable_dns64": false,
            "enable_lni_at_device_index": 0,
            "enable_resource_name_dns_a_record_on_launch": false,
            "enable_resource_name_dns_aaaa_record_on_launch": false,
            "id": "subnet-0e12b021fba9ac2f4",
            "ipv6_cidr_block": "",
            "ipv6_cidr_block_association_id": "",
            "ipv6_native": false,
            "map_customer_owned_ip_on_launch": false,
            "map_public_ip_on_launch": false,
            "outpost_arn": "",
            "owner_id": "411623750878",
            "private_dns_hostname_type_on_launch": "ip-name",
            "tags": {
              "Name": "linxact-vpc-public-us-east-2a",
              "kubernetes.io/cluster/linxact-oh": "shared",
              "kubernetes.io/role/elb": "1"
            },
            "tags_all": {
              "Name": "linxact-vpc-public-us-east-2a",
              "kubernetes.io/cluster/linxact-oh": "shared",
              "kubernetes.io/role/elb": "1"
            },
            "timeouts": null,
            "vpc_id": "vpc-0cee170b79099b111"
          },
          "sensitive_attributes": [],
          "private": "eyJlMmJmYjczMC1lY2FhLTExZTYtOGY4OC0zNDM2M2JjN2M0YzAiOnsiY3JlYXRlIjo2MDAwMDAwMDAwMDAsImRlbGV0ZSI6MTIwMDAwMDAwMDAwMH0sInNjaGVtYV92ZXJzaW9uIjoiMSJ9",
          "dependencies": [
            "module.eks_ohio.data.aws_availability_zones.available",
            "module.eks_ohio.module.vpc.aws_vpc.this",
            "module.eks_ohio.module.vpc.aws_vpc_ipv4_cidr_block_association.this"
          ]
        },
        {
          "index_key": 1,
          "schema_version": 1,
          "attributes": {
            "arn": "arn:aws:ec2:us-east-2:411623750878:subnet/subnet-05dd19e1a27ffaffe",
            "assign_ipv6_address_on_creation": false,
            "availability_zone": "us-east-2b",
            "availability_zone_id": "use2-az2",
            "cidr_block": "10.0.6.0/24",
            "customer_owned_ipv4_pool": "",
            "enable_dns64": false,
            "enable_lni_at_device_index": 0,
            "enable_resource_name_dns_a_record_on_launch": false,
            "enable_resource_name_dns_aaaa_record_on_launch": false,
            "id": "subnet-05dd19e1a27ffaffe",
            "ipv6_cidr_block": "",
            "ipv6_cidr_block_association_id": "",
            "ipv6_native": false,
            "map_customer_owned_ip_on_launch": false,
            "map_public_ip_on_launch": false,
            "outpost_arn": "",
            "owner_id": "411623750878",
            "private_dns_hostname_type_on_launch": "ip-name",
            "tags": {
              "Name": "linxact-vpc-public-us-east-2b",
              "kubernetes.io/cluster/linxact-oh": "shared",
              "kubernetes.io/role/elb": "1"
            },
            "tags_all": {
              "Name": "linxact-vpc-public-us-east-2b",
              "kubernetes.io/cluster/linxact-oh": "shared",
              "kubernetes.io/role/elb": "1"
            },
            "timeouts": null,
            "vpc_id": "vpc-0cee170b79099b111"
          },
          "sensitive_attributes": [],
          "private": "eyJlMmJmYjczMC1lY2FhLTExZTYtOGY4OC0zNDM2M2JjN2M0YzAiOnsiY3JlYXRlIjo2MDAwMDAwMDAwMDAsImRlbGV0ZSI6MTIwMDAwMDAwMDAwMH0sInNjaGVtYV92ZXJzaW9uIjoiMSJ9",
          "dependencies": [
            "module.eks_ohio.data.aws_availability_zones.available",
            "module.eks_ohio.module.vpc.aws_vpc.this",
            "module.eks_ohio.module.vpc.aws_vpc_ipv4_cidr_block_association.this"
          ]
        },
        {
          "index_key": 2,
          "schema_version": 1,
          "attributes": {
            "arn": "arn:aws:ec2:us-east-2:411623750878:subnet/subnet-0ad0519bf7d56ca62",
            "assign_ipv6_address_on_creation": false,
            "availability_zone": "us-east-2c",
            "availability_zone_id": "use2-az3",
            "cidr_block": "10.0.7.0/24",
            "customer_owned_ipv4_pool": "",
            "enable_dns64": false,
            "enable_lni_at_device_index": 0,
            "enable_resource_name_dns_a_record_on_launch": false,
            "enable_resource_name_dns_aaaa_record_on_launch": false,
            "id": "subnet-0ad0519bf7d56ca62",
            "ipv6_cidr_block": "",
            "ipv6_cidr_block_association_id": "",
            "ipv6_native": false,
            "map_customer_owned_ip_on_launch": false,
            "map_public_ip_on_launch": false,
            "outpost_arn": "",
            "owner_id": "411623750878",
            "private_dns_hostname_type_on_launch": "ip-name",
            "tags": {
              "Name": "linxact-vpc-public-us-east-2c",
              "kubernetes.io/cluster/linxact-oh": "shared",
              "kubernetes.io/role/elb": "1"
            },
            "tags_all": {
              "Name": "linxact-vpc-public-us-east-2c",
              "kubernetes.io/cluster/linxact-oh": "shared",
              "kubernetes.io/role/elb": "1"
            },
            "timeouts": null,
            "vpc_id": "vpc-0cee170b79099b111"
          },
          "sensitive_attributes": [],
          "private": "eyJlMmJmYjczMC1lY2FhLTExZTYtOGY4OC0zNDM2M2JjN2M0YzAiOnsiY3JlYXRlIjo2MDAwMDAwMDAwMDAsImRlbGV0ZSI6MTIwMDAwMDAwMDAwMH0sInNjaGVtYV92ZXJzaW9uIjoiMSJ9",
          "dependencies": [
            "module.eks_ohio.data.aws_availability_zones.available",
            "module.eks_ohio.module.vpc.aws_vpc.this",
            "module.eks_ohio.module.vpc.aws_vpc_ipv4_cidr_block_association.this"
          ]
        },
        {
          "index_key": 3,
          "schema_version": 1,
          "attributes": {
            "arn": "arn:aws:ec2:us-east-2:411623750878:subnet/subnet-0f3aef1f5362424e9",
            "assign_ipv6_address_on_creation": false,
            "availability_zone": "us-east-2a",
            "availability_zone_id": "use2-az1",
            "cidr_block": "10.0.8.0/24",
            "customer_owned_ipv4_pool": "",
            "enable_dns64": false,
            "enable_lni_at_device_index": 0,
            "enable_resource_name_dns_a_record_on_launch": false,
            "enable_resource_name_dns_aaaa_record_on_launch": false,
            "id": "subnet-0f3aef1f5362424e9",
            "ipv6_cidr_block": "",
            "ipv6_cidr_block_association_id": "",
            "ipv6_native": false,
            "map_customer_owned_ip_on_launch": false,
            "map_public_ip_on_launch": false,
            "outpost_arn": "",
            "owner_id": "411623750878",
            "private_dns_hostname_type_on_launch": "ip-name",
            "tags": {
              "Name": "linxact-vpc-public-us-east-2a",
              "kubernetes.io/cluster/linxact-oh": "shared",
              "kubernetes.io/role/elb": "1"
            },
            "tags_all": {
              "Name": "linxact-vpc-public-us-east-2a",
              "kubernetes.io/cluster/linxact-oh": "shared",
              "kubernetes.io/role/elb": "1"
            },
            "timeouts": null,
            "vpc_id": "vpc-0cee170b79099b111"
          },
          "sensitive_attributes": [],
          "private": "eyJlMmJmYjczMC1lY2FhLTExZTYtOGY4OC0zNDM2M2JjN2M0YzAiOnsiY3JlYXRlIjo2MDAwMDAwMDAwMDAsImRlbGV0ZSI6MTIwMDAwMDAwMDAwMH0sInNjaGVtYV92ZXJzaW9uIjoiMSJ9",
          "dependencies": [
            "module.eks_ohio.data.aws_availability_zones.available",
            "module.eks_ohio.module.vpc.aws_vpc.this",
            "module.eks_ohio.module.vpc.aws_vpc_ipv4_cidr_block_association.this"
          ]
        },
        {
          "index_key": 4,
          "schema_version": 1,
          "attributes": {
            "arn": "arn:aws:ec2:us-east-2:411623750878:subnet/subnet-0eb29894fb1be45f7",
            "assign_ipv6_address_on_creation": false,
            "availability_zone": "us-east-2b",
            "availability_zone_id": "use2-az2",
            "cidr_block": "10.0.9.0/24",
            "customer_owned_ipv4_pool": "",
            "enable_dns64": false,
            "enable_lni_at_device_index": 0,
            "enable_resource_name_dns_a_record_on_launch": false,
            "enable_resource_name_dns_aaaa_record_on_launch": false,
            "id": "subnet-0eb29894fb1be45f7",
            "ipv6_cidr_block": "",
            "ipv6_cidr_block_association_id": "",
            "ipv6_native": false,
            "map_customer_owned_ip_on_launch": false,
            "map_public_ip_on_launch": false,
            "outpost_arn": "",
            "owner_id": "411623750878",
            "private_dns_hostname_type_on_launch": "ip-name",
            "tags": {
              "Name": "linxact-vpc-public-us-east-2b",
              "kubernetes.io/cluster/linxact-oh": "shared",
              "kubernetes.io/role/elb": "1"
            },
            "tags_all": {
              "Name": "linxact-vpc-public-us-east-2b",
              "kubernetes.io/cluster/linxact-oh": "shared",
              "kubernetes.io/role/elb": "1"
            },
            "timeouts": null,
            "vpc_id": "vpc-0cee170b79099b111"
          },
          "sensitive_attributes": [],
          "private": "eyJlMmJmYjczMC1lY2FhLTExZTYtOGY4OC0zNDM2M2JjN2M0YzAiOnsiY3JlYXRlIjo2MDAwMDAwMDAwMDAsImRlbGV0ZSI6MTIwMDAwMDAwMDAwMH0sInNjaGVtYV92ZXJzaW9uIjoiMSJ9",
          "dependencies": [
            "module.eks_ohio.data.aws_availability_zones.available",
            "module.eks_ohio.module.vpc.aws_vpc.this",
            "module.eks_ohio.module.vpc.aws_vpc_ipv4_cidr_block_association.this"
          ]
        }
      ]
    },
    {
      "module": "module.eks_ohio[0].module.vpc",
      "mode": "managed",
      "type": "aws_vpc",
      "name": "this",
      "provider": "provider[\"registry.terraform.io/hashicorp/aws\"].ohio",
      "instances": [
        {
          "index_key": 0,
          "schema_version": 1,
          "attributes": {
            "arn": "arn:aws:ec2:us-east-2:411623750878:vpc/vpc-0cee170b79099b111",
            "assign_generated_ipv6_cidr_block": false,
            "cidr_block": "10.0.0.0/16",
            "default_network_acl_id": "acl-00b9df7e843acf24b",
            "default_route_table_id": "rtb-00c3c1e6f7e56d584",
            "default_security_group_id": "sg-086d1b055fa3f9a94",
            "dhcp_options_id": "dopt-7287ea1a",
            "enable_dns_hostnames": true,
            "enable_dns_support": true,
            "enable_network_address_usage_metrics": false,
            "id": "vpc-0cee170b79099b111",
            "instance_tenancy": "default",
            "ipv4_ipam_pool_id": null,
            "ipv4_netmask_length": null,
            "ipv6_association_id": "",
            "ipv6_cidr_block": "",
            "ipv6_cidr_block_network_border_group": "",
            "ipv6_ipam_pool_id": "",
            "ipv6_netmask_length": 0,
            "main_route_table_id": "rtb-00c3c1e6f7e56d584",
            "owner_id": "411623750878",
            "tags": {
              "Name": "linxact-vpc"
            },
            "tags_all": {
              "Name": "linxact-vpc"
            }
          },
          "sensitive_attributes": [],
          "private": "eyJzY2hlbWFfdmVyc2lvbiI6IjEifQ==",
          "create_before_destroy": true
        }
      ]
    },
    {
      "module": "module.eks_ohio[0].module.vpc",
      "mode": "managed",
      "type": "aws_vpc_ipv4_cidr_block_association",
      "name": "this",
      "provider": "provider[\"registry.terraform.io/hashicorp/aws\"].ohio",
      "instances": []
    },
    {
      "module": "module.eks_oregon[0]",
      "mode": "data",
      "type": "aws_availability_zones",
      "name": "available",
      "provider": "provider[\"registry.terraform.io/hashicorp/aws\"].oregon",
      "instances": [
        {
          "schema_version": 0,
          "attributes": {
            "all_availability_zones": null,
            "exclude_names": null,
            "exclude_zone_ids": null,
            "filter": [
              {
                "name": "opt-in-status",
                "values": [
                  "opt-in-not-required"
                ]
              }
            ],
            "group_names": [
              "us-west-2"
            ],
            "id": "us-west-2",
            "names": [
              "us-west-2a",
              "us-west-2b",
              "us-west-2c",
              "us-west-2d"
            ],
            "state": null,
            "timeouts": null,
            "zone_ids": [
              "usw2-az1",
              "usw2-az2",
              "usw2-az3",
              "usw2-az4"
            ]
          },
          "sensitive_attributes": []
        }
      ]
    },
    {
      "module": "module.eks_oregon[0]",
      "mode": "managed",
      "type": "null_resource",
      "name": "merge_kubeconfig",
      "provider": "provider[\"registry.terraform.io/hashicorp/null\"]",
      "instances": [
        {
          "index_key": 0,
          "schema_version": 0,
          "attributes": {
            "id": "4551074954522102077",
            "triggers": {
              "always": "2024-01-14T21:31:51Z"
            }
          },
          "sensitive_attributes": [],
          "dependencies": [
            "module.eks_oregon.data.aws_availability_zones.available",
            "module.eks_oregon.module.eks.aws_cloudwatch_log_group.this",
            "module.eks_oregon.module.eks.aws_eks_cluster.this",
            "module.eks_oregon.module.eks.aws_iam_policy.cni_ipv6_policy",
            "module.eks_oregon.module.eks.aws_iam_role.this",
            "module.eks_oregon.module.eks.aws_iam_role_policy_attachment.this",
            "module.eks_oregon.module.eks.aws_security_group.cluster",
            "module.eks_oregon.module.eks.aws_security_group.node",
            "module.eks_oregon.module.eks.aws_security_group_rule.cluster",
            "module.eks_oregon.module.eks.aws_security_group_rule.node",
            "module.eks_oregon.module.eks.data.aws_caller_identity.current",
            "module.eks_oregon.module.eks.data.aws_iam_policy_document.assume_role_policy",
            "module.eks_oregon.module.eks.data.aws_iam_policy_document.cni_ipv6_policy",
            "module.eks_oregon.module.eks.data.aws_iam_session_context.current",
            "module.eks_oregon.module.eks.data.aws_partition.current",
            "module.eks_oregon.module.eks.module.kms.aws_kms_external_key.this",
            "module.eks_oregon.module.eks.module.kms.aws_kms_key.this",
            "module.eks_oregon.module.eks.module.kms.data.aws_caller_identity.current",
            "module.eks_oregon.module.eks.module.kms.data.aws_iam_policy_document.this",
            "module.eks_oregon.module.eks.module.kms.data.aws_partition.current",
            "module.eks_oregon.module.vpc.aws_subnet.private",
            "module.eks_oregon.module.vpc.aws_vpc.this",
            "module.eks_oregon.module.vpc.aws_vpc_ipv4_cidr_block_association.this"
          ]
        }
      ]
    },
    {
      "module": "module.eks_oregon[0]",
      "mode": "managed",
      "type": "random_string",
      "name": "suffix",
      "provider": "provider[\"registry.terraform.io/hashicorp/random\"]",
      "instances": [
        {
          "schema_version": 2,
          "attributes": {
            "id": "3cDNEKgr",
            "keepers": null,
            "length": 8,
            "lower": true,
            "min_lower": 0,
            "min_numeric": 0,
            "min_special": 0,
            "min_upper": 0,
            "number": true,
            "numeric": true,
            "override_special": null,
            "result": "3cDNEKgr",
            "special": false,
            "upper": true
          },
          "sensitive_attributes": []
        }
      ]
    },
    {
      "module": "module.eks_oregon[0].module.eks",
      "mode": "data",
      "type": "aws_caller_identity",
      "name": "current",
      "provider": "provider[\"registry.terraform.io/hashicorp/aws\"].oregon",
      "instances": [
        {
          "schema_version": 0,
          "attributes": {
            "account_id": "411623750878",
            "arn": "arn:aws:iam::411623750878:user/olexiy",
            "id": "411623750878",
            "user_id": "AIDAV7VVP7TPJ6HRCC3PA"
          },
          "sensitive_attributes": []
        }
      ]
    },
    {
      "module": "module.eks_oregon[0].module.eks",
      "mode": "data",
      "type": "aws_iam_policy_document",
      "name": "assume_role_policy",
      "provider": "provider[\"registry.terraform.io/hashicorp/aws\"].oregon",
      "instances": [
        {
          "index_key": 0,
          "schema_version": 0,
          "attributes": {
            "id": "2764486067",
            "json": "{\n  \"Version\": \"2012-10-17\",\n  \"Statement\": [\n    {\n      \"Sid\": \"EKSClusterAssumeRole\",\n      \"Effect\": \"Allow\",\n      \"Action\": \"sts:AssumeRole\",\n      \"Principal\": {\n        \"Service\": \"eks.amazonaws.com\"\n      }\n    }\n  ]\n}",
            "override_policy_documents": null,
            "policy_id": null,
            "source_policy_documents": null,
            "statement": [
              {
                "actions": [
                  "sts:AssumeRole"
                ],
                "condition": [],
                "effect": "Allow",
                "not_actions": [],
                "not_principals": [],
                "not_resources": [],
                "principals": [
                  {
                    "identifiers": [
                      "eks.amazonaws.com"
                    ],
                    "type": "Service"
                  }
                ],
                "resources": [],
                "sid": "EKSClusterAssumeRole"
              }
            ],
            "version": "2012-10-17"
          },
          "sensitive_attributes": []
        }
      ]
    },
    {
      "module": "module.eks_oregon[0].module.eks",
      "mode": "data",
      "type": "aws_iam_policy_document",
      "name": "cni_ipv6_policy",
      "provider": "provider[\"registry.terraform.io/hashicorp/aws\"].oregon",
      "instances": []
    },
    {
      "module": "module.eks_oregon[0].module.eks",
      "mode": "data",
      "type": "aws_iam_session_context",
      "name": "current",
      "provider": "provider[\"registry.terraform.io/hashicorp/aws\"].oregon",
      "instances": [
        {
          "schema_version": 0,
          "attributes": {
            "arn": "arn:aws:iam::411623750878:user/olexiy",
            "id": "arn:aws:iam::411623750878:user/olexiy",
            "issuer_arn": "arn:aws:iam::411623750878:user/olexiy",
            "issuer_id": "",
            "issuer_name": "",
            "session_name": ""
          },
          "sensitive_attributes": []
        }
      ]
    },
    {
      "module": "module.eks_oregon[0].module.eks",
      "mode": "data",
      "type": "aws_partition",
      "name": "current",
      "provider": "provider[\"registry.terraform.io/hashicorp/aws\"].oregon",
      "instances": [
        {
          "schema_version": 0,
          "attributes": {
            "dns_suffix": "amazonaws.com",
            "id": "aws",
            "partition": "aws",
            "reverse_dns_prefix": "com.amazonaws"
          },
          "sensitive_attributes": []
        }
      ]
    },
    {
      "module": "module.eks_oregon[0].module.eks",
      "mode": "data",
      "type": "tls_certificate",
      "name": "this",
      "provider": "provider[\"registry.terraform.io/hashicorp/tls\"]",
      "instances": [
        {
          "index_key": 0,
          "schema_version": 0,
          "attributes": {
            "certificates": [
              {
                "cert_pem": "-----BEGIN CERTIFICATE-----\nMIIEdTCCA12gAwIBAgIJAKcOSkw0grd/MA0GCSqGSIb3DQEBCwUAMGgxCzAJBgNV\nBAYTAlVTMSUwIwYDVQQKExxTdGFyZmllbGQgVGVjaG5vbG9naWVzLCBJbmMuMTIw\nMAYDVQQLEylTdGFyZmllbGQgQ2xhc3MgMiBDZXJ0aWZpY2F0aW9uIEF1dGhvcml0\neTAeFw0wOTA5MDIwMDAwMDBaFw0zNDA2MjgxNzM5MTZaMIGYMQswCQYDVQQGEwJV\nUzEQMA4GA1UECBMHQXJpem9uYTETMBEGA1UEBxMKU2NvdHRzZGFsZTElMCMGA1UE\nChMcU3RhcmZpZWxkIFRlY2hub2xvZ2llcywgSW5jLjE7MDkGA1UEAxMyU3RhcmZp\nZWxkIFNlcnZpY2VzIFJvb3QgQ2VydGlmaWNhdGUgQXV0aG9yaXR5IC0gRzIwggEi\nMA0GCSqGSIb3DQEBAQUAA4IBDwAwggEKAoIBAQDVDDrEKvlO4vW+GZdfjohTsR8/\ny8+fIBNtKTrID30892t2OGPZNmCom15cAICyL1l/9of5JUOG52kbUpqQ4XHj2C0N\nTm/2yEnZtvMaVq4rtnQU68/7JuMauh2WLmo7WJSJR1b/JaCTcFOD2oR0FMNnngRo\nOt+OQFodSk7PQ5E751bWAHDLUu57fa4657wx+UX2wmDPE1kCK4DMNEffud6QZW0C\nzyyRpqbn3oUYSXxmTqM6bam17jQuug0DuDPfR+uxa40l2ZvOgdFFRjKWcIfeAg5J\nQ4W2bHO7ZOphQazJ1FTfhy/HIrImzJ9ZVGif/L4qL8RVHHVAYBeFAlU5i38FAgMB\nAAGjgfAwge0wDwYDVR0TAQH/BAUwAwEB/zAOBgNVHQ8BAf8EBAMCAYYwHQYDVR0O\nBBYEFJxfAN+qAdcwKziIorhtSpzyEZGDMB8GA1UdIwQYMBaAFL9ft9HO3R+G9FtV\nrNzXEMIOqYjnME8GCCsGAQUFBwEBBEMwQTAcBggrBgEFBQcwAYYQaHR0cDovL28u\nc3MyLnVzLzAhBggrBgEFBQcwAoYVaHR0cDovL3guc3MyLnVzL3guY2VyMCYGA1Ud\nHwQfMB0wG6AZoBeGFWh0dHA6Ly9zLnNzMi51cy9yLmNybDARBgNVHSAECjAIMAYG\nBFUdIAAwDQYJKoZIhvcNAQELBQADggEBACMd44pXyn3pF3lM8R5V/cxTbj5HD9/G\nVfKyBDbtgB9TxF00KGu+x1X8Z+rLP3+QsjPNG1gQggL4+C/1E2DUBc7xgQjB3ad1\nl08YuW3e95ORCLp+QCztweq7dp4zBncdDQh/U90bZKuCJ/Fp1U1ervShw3WnWEQt\n8jxwmKy6abaVd38PMV4s/KCHOkdp8Hlf9BRUpJVeEXgSYCfOn8J3/yNTd126/+pZ\n59vPr5KW7ySaNRB6nJHGDn2Z9j8Z3/VyVOEVqQdZe4O/Ui5GjLIAZHYcSNPYeehu\nVsyuLAOQ1xk4meTKCRlb/weWsKh/NEnfVqn3sF/tM+2MR7cwA130A4w=\n-----END CERTIFICATE-----\n",
                "is_ca": true,
                "issuer": "OU=Starfield Class 2 Certification Authority,O=Starfield Technologies\\, Inc.,C=US",
                "not_after": "2034-06-28T17:39:16Z",
                "not_before": "2009-09-02T00:00:00Z",
                "public_key_algorithm": "RSA",
                "serial_number": "12037640545166866303",
                "sha1_fingerprint": "9e99a48a9960b14926bb7f3b02e22da2b0ab7280",
                "signature_algorithm": "SHA256-RSA",
                "subject": "CN=Starfield Services Root Certificate Authority - G2,O=Starfield Technologies\\, Inc.,L=Scottsdale,ST=Arizona,C=US",
                "version": 3
              },
              {
                "cert_pem": "-----BEGIN CERTIFICATE-----\nMIIEkjCCA3qgAwIBAgITBn+USionzfP6wq4rAfkI7rnExjANBgkqhkiG9w0BAQsF\nADCBmDELMAkGA1UEBhMCVVMxEDAOBgNVBAgTB0FyaXpvbmExEzARBgNVBAcTClNj\nb3R0c2RhbGUxJTAjBgNVBAoTHFN0YXJmaWVsZCBUZWNobm9sb2dpZXMsIEluYy4x\nOzA5BgNVBAMTMlN0YXJmaWVsZCBTZXJ2aWNlcyBSb290IENlcnRpZmljYXRlIEF1\ndGhvcml0eSAtIEcyMB4XDTE1MDUyNTEyMDAwMFoXDTM3MTIzMTAxMDAwMFowOTEL\nMAkGA1UEBhMCVVMxDzANBgNVBAoTBkFtYXpvbjEZMBcGA1UEAxMQQW1hem9uIFJv\nb3QgQ0EgMTCCASIwDQYJKoZIhvcNAQEBBQADggEPADCCAQoCggEBALJ4gHHKeNXj\nca9HgFB0fW7Y14h29Jlo91ghYPl0hAEvrAIthtOgQ3pOsqTQNroBvo3bSMgHFzZM\n9O6II8c+6zf1tRn4SWiw3te5djgdYZ6k/oI2peVKVuRF4fn9tBb6dNqcmzU5L/qw\nIFAGbHrQgLKm+a/sRxmPUDgH3KKHOVj4utWp+UhnMJbulHheb4mjUcAwhmahRWa6\nVOujw5H5SNz/0egwLX0tdHA114gk957EWW67c4cX8jJGKLhD+rcdqsq08p8kDi1L\n93FcXmn/6pUCyziKrlA4b9v7LWIbxcceVOF34GfID5yHI9Y/QCB/IIDEgEw+OyQm\njgSubJrIqg0CAwEAAaOCATEwggEtMA8GA1UdEwEB/wQFMAMBAf8wDgYDVR0PAQH/\nBAQDAgGGMB0GA1UdDgQWBBSEGMyFNOy8DJSULghZnMeyEE4KCDAfBgNVHSMEGDAW\ngBScXwDfqgHXMCs4iKK4bUqc8hGRgzB4BggrBgEFBQcBAQRsMGowLgYIKwYBBQUH\nMAGGImh0dHA6Ly9vY3NwLnJvb3RnMi5hbWF6b250cnVzdC5jb20wOAYIKwYBBQUH\nMAKGLGh0dHA6Ly9jcnQucm9vdGcyLmFtYXpvbnRydXN0LmNvbS9yb290ZzIuY2Vy\nMD0GA1UdHwQ2MDQwMqAwoC6GLGh0dHA6Ly9jcmwucm9vdGcyLmFtYXpvbnRydXN0\nLmNvbS9yb290ZzIuY3JsMBEGA1UdIAQKMAgwBgYEVR0gADANBgkqhkiG9w0BAQsF\nAAOCAQEAYjdCXLwQtT6LLOkMm2xF4gcAevnFWAu5CIw+7bMlPLVvUOTNNWqnkzSW\nMiGpSESrnO09tKpzbeR/FoCJbM8oAxiDR3mjEH4wW6w7sGDgd9QIpuEdfF7Au/ma\neyKdpwAJfqxGF4PcnCZXmTA5YpaP7dreqsXMGz7KQ2hsVxa81Q4gLv7/wmpdLqBK\nbRRYh5TmOTFffHPLkIhqhBGWJ6bt2YFGpn6jcgAKUj6DiAdjd4lpFw85hdKrCEVN\n0FE6/V1dN2RMfjCyVSRCnTawXZwXgWHxyvkQAiSr6w10kY17RSlQOYiypok1JR4U\nakcjMS9cmvqtmg5iUaQqqcT5NJ0hGA==\n-----END CERTIFICATE-----\n",
                "is_ca": true,
                "issuer": "CN=Starfield Services Root Certificate Authority - G2,O=Starfield Technologies\\, Inc.,L=Scottsdale,ST=Arizona,C=US",
                "not_after": "2037-12-31T01:00:00Z",
                "not_before": "2015-05-25T12:00:00Z",
                "public_key_algorithm": "RSA",
                "serial_number": "144918191876577076464031512351042010504348870",
                "sha1_fingerprint": "06b25927c42a721631c1efd9431e648fa62e1e39",
                "signature_algorithm": "SHA256-RSA",
                "subject": "CN=Amazon Root CA 1,O=Amazon,C=US",
                "version": 3
              },
              {
                "cert_pem": "-----BEGIN CERTIFICATE-----\nMIIEXjCCA0agAwIBAgITB3MSOAudZoijOx7Zv5zNpo4ODzANBgkqhkiG9w0BAQsF\nADA5MQswCQYDVQQGEwJVUzEPMA0GA1UEChMGQW1hem9uMRkwFwYDVQQDExBBbWF6\nb24gUm9vdCBDQSAxMB4XDTIyMDgyMzIyMjEyOFoXDTMwMDgyMzIyMjEyOFowPDEL\nMAkGA1UEBhMCVVMxDzANBgNVBAoTBkFtYXpvbjEcMBoGA1UEAxMTQW1hem9uIFJT\nQSAyMDQ4IE0wMTCCASIwDQYJKoZIhvcNAQEBBQADggEPADCCAQoCggEBAOtxLKnL\nH4gokjIwr4pXD3i3NyWVVYesZ1yX0yLI2qIUZ2t88Gfa4gMqs1YSXca1R/lnCKeT\nepWSGA+0+fkQNpp/L4C2T7oTTsddUx7g3ZYzByDTlrwS5HRQQqEFE3O1T5tEJP4t\nf+28IoXsNiEzl3UGzicYgtzj2cWCB41eJgEmJmcf2T8TzzK6a614ZPyq/w4CPAff\nnAV4coz96nW3AyiE2uhuB4zQUIXvgVSycW7sbWLvj5TDXunEpNCRwC4kkZjK7rol\njtT2cbb7W2s4Bkg3R42G3PLqBvt2N32e/0JOTViCk8/iccJ4sXqrS1uUN4iB5Nmv\nJK74csVl+0u0UecCAwEAAaOCAVowggFWMBIGA1UdEwEB/wQIMAYBAf8CAQAwDgYD\nVR0PAQH/BAQDAgGGMB0GA1UdJQQWMBQGCCsGAQUFBwMBBggrBgEFBQcDAjAdBgNV\nHQ4EFgQUgbgOY4qJEhjl+js7UJWf5uWQE4UwHwYDVR0jBBgwFoAUhBjMhTTsvAyU\nlC4IWZzHshBOCggwewYIKwYBBQUHAQEEbzBtMC8GCCsGAQUFBzABhiNodHRwOi8v\nb2NzcC5yb290Y2ExLmFtYXpvbnRydXN0LmNvbTA6BggrBgEFBQcwAoYuaHR0cDov\nL2NydC5yb290Y2ExLmFtYXpvbnRydXN0LmNvbS9yb290Y2ExLmNlcjA/BgNVHR8E\nODA2MDSgMqAwhi5odHRwOi8vY3JsLnJvb3RjYTEuYW1hem9udHJ1c3QuY29tL3Jv\nb3RjYTEuY3JsMBMGA1UdIAQMMAowCAYGZ4EMAQIBMA0GCSqGSIb3DQEBCwUAA4IB\nAQCtAN4CBSMuBjJitGuxlBbkEUDeK/pZwTXv4KqPK0G50fOHOQAd8j21p0cMBgbG\nkfMHVwLU7b0XwZCav0h1ogdPMN1KakK1DT0VwA/+hFvGPJnMV1Kx2G4S1ZaSk0uU\n5QfoiYIIano01J5k4T2HapKQmmOhS/iPtuo00wW+IMLeBuKMn3OLn005hcrOGTad\nhcmeyfhQP7Z+iKHvyoQGi1C0ClymHETx/chhQGDyYSWqB/THwnN15AwLQo0E5V9E\nSJlbe4mBlqeInUsNYugExNf+tOiybcrswBy8OFsd34XOW3rjSUtsuafd9AWySa3h\nxRRrwszrzX/WWGm6wyB+f7C4\n-----END CERTIFICATE-----\n",
                "is_ca": true,
                "issuer": "CN=Amazon Root CA 1,O=Amazon,C=US",
                "not_after": "2030-08-23T22:21:28Z",
                "not_before": "2022-08-23T22:21:28Z",
                "public_key_algorithm": "RSA",
                "serial_number": "166129328851546858514271303855646110030630415",
                "sha1_fingerprint": "2ad974a775f73cbdbbd8f5ac3a49255fa8fb1f8c",
                "signature_algorithm": "SHA256-RSA",
                "subject": "CN=Amazon RSA 2048 M01,O=Amazon,C=US",
                "version": 3
              },
              {
                "cert_pem": "-----BEGIN CERTIFICATE-----\nMIIF7TCCBNWgAwIBAgIQDAMZajMylZveIhA3JfaDkzANBgkqhkiG9w0BAQsFADA8\nMQswCQYDVQQGEwJVUzEPMA0GA1UEChMGQW1hem9uMRwwGgYDVQQDExNBbWF6b24g\nUlNBIDIwNDggTTAxMB4XDTIzMDQxMzAwMDAwMFoXDTI0MDUxMTIzNTk1OVowKzEp\nMCcGA1UEAxMgb2lkYy5la3MudXMtd2VzdC0yLmFtYXpvbmF3cy5jb20wggEiMA0G\nCSqGSIb3DQEBAQUAA4IBDwAwggEKAoIBAQCPZcUrPoakGvhWyoBhbOpCizY18tRP\nck5uA2m0p4CqnFVP0qU8whlmtAALUGkpMBg11VmEjRqW09l36Mg+1IzP1VHQTTc4\nJJa9jCibHsYRNyIdh3d4CoW1tV+5TQFZ7dcuK3a5XMPRVe+LdeBB+UjHky/kvgkZ\nwQAC0EGp4jztSxEiaiLH7hDhEugUR6yJNgD29Qd1LnovJ6zs8nUd719Dh5x/etWJ\n3z04TKzhriTz+9FEE4Xrl2k0qZxQsKGRtsqE+Ra9ZpytFNCVSL8EK2zlb97umWwJ\nyhG/fdvKfOuMX7qUAuWzgaaPlkQDibDQjY6OTfFbfKMDDVTFtQEbUQD9AgMBAAGj\nggL6MIIC9jAfBgNVHSMEGDAWgBSBuA5jiokSGOX6OztQlZ/m5ZAThTAdBgNVHQ4E\nFgQUnBmr23OxmnGzVwNOzSVgMw1pQcAwKwYDVR0RBCQwIoIgb2lkYy5la3MudXMt\nd2VzdC0yLmFtYXpvbmF3cy5jb20wDgYDVR0PAQH/BAQDAgWgMB0GA1UdJQQWMBQG\nCCsGAQUFBwMBBggrBgEFBQcDAjA7BgNVHR8ENDAyMDCgLqAshipodHRwOi8vY3Js\nLnIybTAxLmFtYXpvbnRydXN0LmNvbS9yMm0wMS5jcmwwEwYDVR0gBAwwCjAIBgZn\ngQwBAgEwdQYIKwYBBQUHAQEEaTBnMC0GCCsGAQUFBzABhiFodHRwOi8vb2NzcC5y\nMm0wMS5hbWF6b250cnVzdC5jb20wNgYIKwYBBQUHMAKGKmh0dHA6Ly9jcnQucjJt\nMDEuYW1hem9udHJ1c3QuY29tL3IybTAxLmNlcjAMBgNVHRMBAf8EAjAAMIIBfwYK\nKwYBBAHWeQIEAgSCAW8EggFrAWkAdwDuzdBk1dsazsVct520zROiModGfLzs3sNR\nSFlGcR+1mwAAAYd4O9dqAAAEAwBIMEYCIQDO28u4eYZCvCNjZhMZSsB3Fu8VJImr\nv2a0i5AF9PbvWQIhANQcunFuOYph/lhOvSqw3+XlDR1ML8OJKtfL713/7n93AHYA\nSLDja9qmRzQP5WoC+p0w6xxSActW3SyB2bu/qznYhHMAAAGHeDvXmAAABAMARzBF\nAiEAr28QhaZMvCEmxdb9dVBYR4ov5aHr89pGPiGzAkix8AECIBMKc+QxtzcAJMHS\nDtAfbHwfbXbp4czqmiB5TTirm8FxAHYA2ra/az+1tiKfm8K7XGvocJFxbLtRhIU0\nvaQ9MEjX+6sAAAGHeDvXZQAABAMARzBFAiBoclNKW27c9oUdEGfcDF0v2c52pQQQ\nDkvL6wnA5xY5egIhANSogtAL30hmiOGf4yRIFTcIlt1rL855WMmgvhPD3HCUMA0G\nCSqGSIb3DQEBCwUAA4IBAQAvv031iNDVLeCL0kQ7VQDSuS9IzR9p8Vuccc08WBP6\n1Iqmiveq3k/wSwXhKxw4vaxvzpIXUaW/IEfRKXd+BuRtJmz+mfZmNvaB7CPp007+\nMbCblsrfvGBwHvORZy5jPRxHfoxto/FuJDvQVUfVB60gBjG602yAU6wipPmzNHTs\nOQ6+xp0t6e/P31czkpWvZWeEhBRexRkRaU5UoIY2+M07kGQePfdaJtqQbefHmDSc\nj2kx2HU3kCEiFjQr56+cPhzQNAjsRAR/9EIc0QHj1jdVTimMvYQ4nMa6VqsvmtWT\nm7oLVSrA4/8EhLS5SRwlGIYYjmv+pwkHydqYzEcKA0lz\n-----END CERTIFICATE-----\n",
                "is_ca": false,
                "issuer": "CN=Amazon RSA 2048 M01,O=Amazon,C=US",
                "not_after": "2024-05-11T23:59:59Z",
                "not_before": "2023-04-13T00:00:00Z",
                "public_key_algorithm": "RSA",
                "serial_number": "15966828314264801061238642629783487379",
                "sha1_fingerprint": "e1d31a1f94725daaef02dcf1c1bb0ff4a28a6060",
                "signature_algorithm": "SHA256-RSA",
                "subject": "CN=oidc.eks.us-west-2.amazonaws.com",
                "version": 3
              }
            ],
            "content": null,
            "id": "34b882443ccd2d1a84de1dbac994b28b7f371f17",
            "url": "https://oidc.eks.us-west-2.amazonaws.com/id/22F0A0132C6EE61D94080D465BA7C482",
            "verify_chain": true
          },
          "sensitive_attributes": []
        }
      ]
    },
    {
      "module": "module.eks_oregon[0].module.eks",
      "mode": "managed",
      "type": "aws_cloudwatch_log_group",
      "name": "this",
      "provider": "provider[\"registry.terraform.io/hashicorp/aws\"].oregon",
      "instances": [
        {
          "index_key": 0,
          "schema_version": 0,
          "attributes": {
            "arn": "arn:aws:logs:us-west-2:411623750878:log-group:/aws/eks/linxact-or/cluster",
            "id": "/aws/eks/linxact-or/cluster",
            "kms_key_id": "",
            "name": "/aws/eks/linxact-or/cluster",
            "name_prefix": "",
            "retention_in_days": 90,
            "skip_destroy": false,
            "tags": {
              "Name": "/aws/eks/linxact-or/cluster"
            },
            "tags_all": {
              "Name": "/aws/eks/linxact-or/cluster"
            }
          },
          "sensitive_attributes": [],
          "private": "bnVsbA=="
        }
      ]
    },
    {
      "module": "module.eks_oregon[0].module.eks",
      "mode": "managed",
      "type": "aws_eks_cluster",
      "name": "this",
      "provider": "provider[\"registry.terraform.io/hashicorp/aws\"].oregon",
      "instances": [
        {
          "index_key": 0,
          "schema_version": 0,
          "attributes": {
            "arn": "arn:aws:eks:us-west-2:411623750878:cluster/linxact-or",
            "certificate_authority": [
              {
                "data": "LS0tLS1CRUdJTiBDRVJUSUZJQ0FURS0tLS0tCk1JSURCVENDQWUyZ0F3SUJBZ0lJREV3WHk2dHMxeTR3RFFZSktvWklodmNOQVFFTEJRQXdGVEVUTUJFR0ExVUUKQXhNS2EzVmlaWEp1WlhSbGN6QWVGdzB5TkRBeE1UUXlNVEl5TXpWYUZ3MHpOREF4TVRFeU1USTNNelZhTUJVeApFekFSQmdOVkJBTVRDbXQxWW1WeWJtVjBaWE13Z2dFaU1BMEdDU3FHU0liM0RRRUJBUVVBQTRJQkR3QXdnZ0VLCkFvSUJBUUM5VFAzNFRZVGZjWkNiR1cwcVhEOHdiNUc0ZzZnODhaYzExakNnQmxtWDRhNENCZTBCZzJ6QWdITUQKT1JGK2FKNXVDZEFObC8rYjBycW8yQVhDQ1FZNjdTWW9BdjRHa21WUmFpRE91V1pjazc4NVJCalYrYjNuVVlmcwpKZDdNVkI3RDVlL1B4SExwVTVNRWVCYzg2MkpxaU9LMGN5Wi9TcDBBQ0pLeU1QeXRvNk5VNGlMSk5kb0ZlSCtUCnlHYk1NbXRSaTFFOVdEa0NrNjhjbWs5TSthT3B0aEdUR1pnMXc5MXI3T3hDSlgzSis2ZHplbklEdUltVmlYM1QKbzFjOFVrelNFTDdJM1FkbjJzUEJRVXNkSVF2b1NMaU1NQWVqTTFOM0VnbEpSZmQ0a1RYUHBxOXpEZ3B4ajhGbApadnpHaFRlUWZSVGFraDZ1SWpmZGJZYlZwazVQQWdNQkFBR2pXVEJYTUE0R0ExVWREd0VCL3dRRUF3SUNwREFQCkJnTlZIUk1CQWY4RUJUQURBUUgvTUIwR0ExVWREZ1FXQkJScXo2MWdJb0lSTS9CWmxtWU9HSFd6SVpwZ0lEQVYKQmdOVkhSRUVEakFNZ2dwcmRXSmxjbTVsZEdWek1BMEdDU3FHU0liM0RRRUJDd1VBQTRJQkFRQm10V0YycVM3NQptUmZLUWkrRExrTDh1MVBSb0JpamZuNjRHdngvQjRWTUZDQS9teC9GYlJ3eTBMU09UTFE0d0NEdDIvcUk3U3ZtCndVbjBXemN0bXp2WlZOVzlTKys0aC9HM0JxTmFSVCtreGNDRGNDbXc3UHREbkxGd2FKSFZQOGNvZHd5S24vVTAKK3hoSGkrOUU0TWQxZGZrekFUSDdxN1JuT0x0TFYrU3hKNENWNStPSnB1M2FCOG13U3lzU3UzVTd2VUVrVy9lbwp5OWlaOHlJcXpISHdxd3VIVWdHZkVNSnpZSFFnSEE5L2Y0eWN3VVFDOXBkdG82RVFaT1JDS09YWlMwVmZOKy9aCkdPRW9xN3Y4TUQ2SGtITU01ZzQ0SzgwaElMR1VpOWJWNDRuTW9xU1JLRXZBZ3ZKRHh3bmtjOTdVYzJOdDZZMU0Ka1FYZHYreWFPVkhsCi0tLS0tRU5EIENFUlRJRklDQVRFLS0tLS0K"
              }
            ],
            "cluster_id": null,
            "created_at": "2024-01-14 21:22:16.96 +0000 UTC",
            "enabled_cluster_log_types": [
              "api",
              "audit",
              "authenticator"
            ],
            "encryption_config": [
              {
                "provider": [
                  {
                    "key_arn": "arn:aws:kms:us-west-2:411623750878:key/26d3a0cb-e350-4b49-94c3-9af6346a0845"
                  }
                ],
                "resources": [
                  "secrets"
                ]
              }
            ],
            "endpoint": "https://22F0A0132C6EE61D94080D465BA7C482.gr7.us-west-2.eks.amazonaws.com",
            "id": "linxact-or",
            "identity": [
              {
                "oidc": [
                  {
                    "issuer": "https://oidc.eks.us-west-2.amazonaws.com/id/22F0A0132C6EE61D94080D465BA7C482"
                  }
                ]
              }
            ],
            "kubernetes_network_config": [
              {
                "ip_family": "ipv4",
                "service_ipv4_cidr": "172.20.0.0/16",
                "service_ipv6_cidr": ""
              }
            ],
            "name": "linxact-or",
            "outpost_config": [],
            "platform_version": "eks.7",
            "role_arn": "arn:aws:iam::411623750878:role/linxact-or-cluster-20240114212123143600000001",
            "status": "ACTIVE",
            "tags": null,
            "tags_all": {},
            "timeouts": {
              "create": null,
              "delete": null,
              "update": null
            },
            "version": "1.28",
            "vpc_config": [
              {
                "cluster_security_group_id": "sg-08998d197aa91079b",
                "endpoint_private_access": true,
                "endpoint_public_access": true,
                "public_access_cidrs": [
                  "0.0.0.0/0"
                ],
                "security_group_ids": [
                  "sg-0e1fcb90f2ef307a7"
                ],
                "subnet_ids": [
                  "subnet-01fd4710076ca2f71",
                  "subnet-03d2f45875d29f05f",
                  "subnet-07d395f2db4d90437",
                  "subnet-084dc0eca9a745b7c",
                  "subnet-08da24ad24478817d"
                ],
                "vpc_id": "vpc-0df6027dddaafd8bd"
              }
            ]
          },
          "sensitive_attributes": [],
          "private": "eyJlMmJmYjczMC1lY2FhLTExZTYtOGY4OC0zNDM2M2JjN2M0YzAiOnsiY3JlYXRlIjoxODAwMDAwMDAwMDAwLCJkZWxldGUiOjkwMDAwMDAwMDAwMCwidXBkYXRlIjozNjAwMDAwMDAwMDAwfX0=",
          "dependencies": [
            "module.eks_oregon.data.aws_availability_zones.available",
            "module.eks_oregon.module.eks.aws_cloudwatch_log_group.this",
            "module.eks_oregon.module.eks.aws_iam_policy.cni_ipv6_policy",
            "module.eks_oregon.module.eks.aws_iam_role.this",
            "module.eks_oregon.module.eks.aws_iam_role_policy_attachment.this",
            "module.eks_oregon.module.eks.aws_security_group.cluster",
            "module.eks_oregon.module.eks.aws_security_group.node",
            "module.eks_oregon.module.eks.aws_security_group_rule.cluster",
            "module.eks_oregon.module.eks.aws_security_group_rule.node",
            "module.eks_oregon.module.eks.data.aws_caller_identity.current",
            "module.eks_oregon.module.eks.data.aws_iam_policy_document.assume_role_policy",
            "module.eks_oregon.module.eks.data.aws_iam_policy_document.cni_ipv6_policy",
            "module.eks_oregon.module.eks.data.aws_iam_session_context.current",
            "module.eks_oregon.module.eks.data.aws_partition.current",
            "module.eks_oregon.module.eks.module.kms.aws_kms_external_key.this",
            "module.eks_oregon.module.eks.module.kms.aws_kms_key.this",
            "module.eks_oregon.module.eks.module.kms.data.aws_caller_identity.current",
            "module.eks_oregon.module.eks.module.kms.data.aws_iam_policy_document.this",
            "module.eks_oregon.module.eks.module.kms.data.aws_partition.current",
            "module.eks_oregon.module.vpc.aws_subnet.private",
            "module.eks_oregon.module.vpc.aws_vpc.this",
            "module.eks_oregon.module.vpc.aws_vpc_ipv4_cidr_block_association.this"
          ]
        }
      ]
    },
    {
      "module": "module.eks_oregon[0].module.eks",
      "mode": "managed",
      "type": "aws_iam_openid_connect_provider",
      "name": "oidc_provider",
      "provider": "provider[\"registry.terraform.io/hashicorp/aws\"].oregon",
      "instances": [
        {
          "index_key": 0,
          "schema_version": 0,
          "attributes": {
            "arn": "arn:aws:iam::411623750878:oidc-provider/oidc.eks.us-west-2.amazonaws.com/id/22F0A0132C6EE61D94080D465BA7C482",
            "client_id_list": [
              "sts.amazonaws.com"
            ],
            "id": "arn:aws:iam::411623750878:oidc-provider/oidc.eks.us-west-2.amazonaws.com/id/22F0A0132C6EE61D94080D465BA7C482",
            "tags": {
              "Name": "linxact-or-eks-irsa"
            },
            "tags_all": {
              "Name": "linxact-or-eks-irsa"
            },
            "thumbprint_list": [
              "9e99a48a9960b14926bb7f3b02e22da2b0ab7280",
              "06b25927c42a721631c1efd9431e648fa62e1e39",
              "2ad974a775f73cbdbbd8f5ac3a49255fa8fb1f8c",
              "e1d31a1f94725daaef02dcf1c1bb0ff4a28a6060"
            ],
            "url": "oidc.eks.us-west-2.amazonaws.com/id/22F0A0132C6EE61D94080D465BA7C482"
          },
          "sensitive_attributes": [],
          "private": "bnVsbA==",
          "dependencies": [
            "module.eks_oregon.data.aws_availability_zones.available",
            "module.eks_oregon.module.eks.aws_cloudwatch_log_group.this",
            "module.eks_oregon.module.eks.aws_eks_cluster.this",
            "module.eks_oregon.module.eks.aws_iam_policy.cni_ipv6_policy",
            "module.eks_oregon.module.eks.aws_iam_role.this",
            "module.eks_oregon.module.eks.aws_iam_role_policy_attachment.this",
            "module.eks_oregon.module.eks.aws_security_group.cluster",
            "module.eks_oregon.module.eks.aws_security_group.node",
            "module.eks_oregon.module.eks.aws_security_group_rule.cluster",
            "module.eks_oregon.module.eks.aws_security_group_rule.node",
            "module.eks_oregon.module.eks.data.aws_caller_identity.current",
            "module.eks_oregon.module.eks.data.aws_iam_policy_document.assume_role_policy",
            "module.eks_oregon.module.eks.data.aws_iam_policy_document.cni_ipv6_policy",
            "module.eks_oregon.module.eks.data.aws_iam_session_context.current",
            "module.eks_oregon.module.eks.data.aws_partition.current",
            "module.eks_oregon.module.eks.data.tls_certificate.this",
            "module.eks_oregon.module.eks.module.kms.aws_kms_external_key.this",
            "module.eks_oregon.module.eks.module.kms.aws_kms_key.this",
            "module.eks_oregon.module.eks.module.kms.data.aws_caller_identity.current",
            "module.eks_oregon.module.eks.module.kms.data.aws_iam_policy_document.this",
            "module.eks_oregon.module.eks.module.kms.data.aws_partition.current",
            "module.eks_oregon.module.vpc.aws_subnet.private",
            "module.eks_oregon.module.vpc.aws_vpc.this",
            "module.eks_oregon.module.vpc.aws_vpc_ipv4_cidr_block_association.this"
          ]
        }
      ]
    },
    {
      "module": "module.eks_oregon[0].module.eks",
      "mode": "managed",
      "type": "aws_iam_policy",
      "name": "cluster_encryption",
      "provider": "provider[\"registry.terraform.io/hashicorp/aws\"].oregon",
      "instances": [
        {
          "index_key": 0,
          "schema_version": 0,
          "attributes": {
            "arn": "arn:aws:iam::411623750878:policy/linxact-or-cluster-ClusterEncryption20240114212155017400000006",
            "description": "Cluster encryption policy to allow cluster role to utilize CMK provided",
            "id": "arn:aws:iam::411623750878:policy/linxact-or-cluster-ClusterEncryption20240114212155017400000006",
            "name": "linxact-or-cluster-ClusterEncryption20240114212155017400000006",
            "name_prefix": "linxact-or-cluster-ClusterEncryption",
            "path": "/",
            "policy": "{\"Statement\":[{\"Action\":[\"kms:Encrypt\",\"kms:Decrypt\",\"kms:ListGrants\",\"kms:DescribeKey\"],\"Effect\":\"Allow\",\"Resource\":\"arn:aws:kms:us-west-2:411623750878:key/26d3a0cb-e350-4b49-94c3-9af6346a0845\"}],\"Version\":\"2012-10-17\"}",
            "policy_id": "ANPAV7VVP7TPABKUHSXJX",
            "tags": null,
            "tags_all": {}
          },
          "sensitive_attributes": [],
          "private": "bnVsbA==",
          "dependencies": [
            "module.eks_oregon.module.eks.aws_iam_role.this",
            "module.eks_oregon.module.eks.data.aws_caller_identity.current",
            "module.eks_oregon.module.eks.data.aws_iam_policy_document.assume_role_policy",
            "module.eks_oregon.module.eks.data.aws_iam_session_context.current",
            "module.eks_oregon.module.eks.data.aws_partition.current",
            "module.eks_oregon.module.eks.module.kms.aws_kms_external_key.this",
            "module.eks_oregon.module.eks.module.kms.aws_kms_key.this",
            "module.eks_oregon.module.eks.module.kms.data.aws_caller_identity.current",
            "module.eks_oregon.module.eks.module.kms.data.aws_iam_policy_document.this",
            "module.eks_oregon.module.eks.module.kms.data.aws_partition.current"
          ]
        }
      ]
    },
    {
      "module": "module.eks_oregon[0].module.eks",
      "mode": "managed",
      "type": "aws_iam_policy",
      "name": "cni_ipv6_policy",
      "provider": "provider[\"registry.terraform.io/hashicorp/aws\"].oregon",
      "instances": []
    },
    {
      "module": "module.eks_oregon[0].module.eks",
      "mode": "managed",
      "type": "aws_iam_role",
      "name": "this",
      "provider": "provider[\"registry.terraform.io/hashicorp/aws\"].oregon",
      "instances": [
        {
          "index_key": 0,
          "schema_version": 0,
          "attributes": {
            "arn": "arn:aws:iam::411623750878:role/linxact-or-cluster-20240114212123143600000001",
            "assume_role_policy": "{\"Statement\":[{\"Action\":\"sts:AssumeRole\",\"Effect\":\"Allow\",\"Principal\":{\"Service\":\"eks.amazonaws.com\"},\"Sid\":\"EKSClusterAssumeRole\"}],\"Version\":\"2012-10-17\"}",
            "create_date": "2024-01-14T21:21:23Z",
            "description": "",
            "force_detach_policies": true,
            "id": "linxact-or-cluster-20240114212123143600000001",
            "inline_policy": [
              {
                "name": "linxact-or-cluster",
                "policy": "{\"Version\":\"2012-10-17\",\"Statement\":[{\"Action\":[\"logs:CreateLogGroup\"],\"Effect\":\"Deny\",\"Resource\":\"*\"}]}"
              }
            ],
            "managed_policy_arns": [],
            "max_session_duration": 3600,
            "name": "linxact-or-cluster-20240114212123143600000001",
            "name_prefix": "linxact-or-cluster-",
            "path": "/",
            "permissions_boundary": null,
            "tags": null,
            "tags_all": {},
            "unique_id": "AROAV7VVP7TPDGT7KH5PU"
          },
          "sensitive_attributes": [],
          "private": "bnVsbA==",
          "dependencies": [
            "module.eks_oregon.module.eks.data.aws_iam_policy_document.assume_role_policy",
            "module.eks_oregon.module.eks.data.aws_partition.current"
          ]
        }
      ]
    },
    {
      "module": "module.eks_oregon[0].module.eks",
      "mode": "managed",
      "type": "aws_iam_role_policy_attachment",
      "name": "cluster_encryption",
      "provider": "provider[\"registry.terraform.io/hashicorp/aws\"].oregon",
      "instances": [
        {
          "index_key": 0,
          "schema_version": 0,
          "attributes": {
            "id": "linxact-or-cluster-20240114212123143600000001-20240114212205606200000007",
            "policy_arn": "arn:aws:iam::411623750878:policy/linxact-or-cluster-ClusterEncryption20240114212155017400000006",
            "role": "linxact-or-cluster-20240114212123143600000001"
          },
          "sensitive_attributes": [],
          "private": "bnVsbA==",
          "dependencies": [
            "module.eks_oregon.module.eks.aws_iam_policy.cluster_encryption",
            "module.eks_oregon.module.eks.aws_iam_role.this",
            "module.eks_oregon.module.eks.data.aws_caller_identity.current",
            "module.eks_oregon.module.eks.data.aws_iam_policy_document.assume_role_policy",
            "module.eks_oregon.module.eks.data.aws_iam_session_context.current",
            "module.eks_oregon.module.eks.data.aws_partition.current",
            "module.eks_oregon.module.eks.module.kms.aws_kms_external_key.this",
            "module.eks_oregon.module.eks.module.kms.aws_kms_key.this",
            "module.eks_oregon.module.eks.module.kms.data.aws_caller_identity.current",
            "module.eks_oregon.module.eks.module.kms.data.aws_iam_policy_document.this",
            "module.eks_oregon.module.eks.module.kms.data.aws_partition.current"
          ]
        }
      ]
    },
    {
      "module": "module.eks_oregon[0].module.eks",
      "mode": "managed",
      "type": "aws_iam_role_policy_attachment",
      "name": "this",
      "provider": "provider[\"registry.terraform.io/hashicorp/aws\"].oregon",
      "instances": [
        {
          "index_key": "AmazonEKSClusterPolicy",
          "schema_version": 0,
          "attributes": {
            "id": "linxact-or-cluster-20240114212123143600000001-20240114212125196500000003",
            "policy_arn": "arn:aws:iam::aws:policy/AmazonEKSClusterPolicy",
            "role": "linxact-or-cluster-20240114212123143600000001"
          },
          "sensitive_attributes": [],
          "private": "bnVsbA==",
          "dependencies": [
            "module.eks_oregon.module.eks.aws_iam_role.this",
            "module.eks_oregon.module.eks.data.aws_iam_policy_document.assume_role_policy",
            "module.eks_oregon.module.eks.data.aws_partition.current"
          ]
        },
        {
          "index_key": "AmazonEKSVPCResourceController",
          "schema_version": 0,
          "attributes": {
            "id": "linxact-or-cluster-20240114212123143600000001-20240114212124828800000002",
            "policy_arn": "arn:aws:iam::aws:policy/AmazonEKSVPCResourceController",
            "role": "linxact-or-cluster-20240114212123143600000001"
          },
          "sensitive_attributes": [],
          "private": "bnVsbA==",
          "dependencies": [
            "module.eks_oregon.module.eks.aws_iam_role.this",
            "module.eks_oregon.module.eks.data.aws_iam_policy_document.assume_role_policy",
            "module.eks_oregon.module.eks.data.aws_partition.current"
          ]
        }
      ]
    },
    {
      "module": "module.eks_oregon[0].module.eks",
      "mode": "managed",
      "type": "aws_security_group",
      "name": "cluster",
      "provider": "provider[\"registry.terraform.io/hashicorp/aws\"].oregon",
      "instances": [
        {
          "index_key": 0,
          "schema_version": 1,
          "attributes": {
            "arn": "arn:aws:ec2:us-west-2:411623750878:security-group/sg-0e1fcb90f2ef307a7",
            "description": "EKS cluster security group",
            "egress": [],
            "id": "sg-0e1fcb90f2ef307a7",
            "ingress": [],
            "name": "linxact-or-cluster-20240114212147130900000004",
            "name_prefix": "linxact-or-cluster-",
            "owner_id": "411623750878",
            "revoke_rules_on_delete": false,
            "tags": {
              "Name": "linxact-or-cluster"
            },
            "tags_all": {
              "Name": "linxact-or-cluster"
            },
            "timeouts": null,
            "vpc_id": "vpc-0df6027dddaafd8bd"
          },
          "sensitive_attributes": [],
          "private": "eyJlMmJmYjczMC1lY2FhLTExZTYtOGY4OC0zNDM2M2JjN2M0YzAiOnsiY3JlYXRlIjo2MDAwMDAwMDAwMDAsImRlbGV0ZSI6OTAwMDAwMDAwMDAwfSwic2NoZW1hX3ZlcnNpb24iOiIxIn0=",
          "dependencies": [
            "module.eks_oregon.module.vpc.aws_vpc.this"
          ],
          "create_before_destroy": true
        }
      ]
    },
    {
      "module": "module.eks_oregon[0].module.eks",
      "mode": "managed",
      "type": "aws_security_group",
      "name": "node",
      "provider": "provider[\"registry.terraform.io/hashicorp/aws\"].oregon",
      "instances": [
        {
          "index_key": 0,
          "schema_version": 1,
          "attributes": {
            "arn": "arn:aws:ec2:us-west-2:411623750878:security-group/sg-0e1be726687b4ef8f",
            "description": "EKS node shared security group",
            "egress": [],
            "id": "sg-0e1be726687b4ef8f",
            "ingress": [],
            "name": "linxact-or-node-20240114212147131400000005",
            "name_prefix": "linxact-or-node-",
            "owner_id": "411623750878",
            "revoke_rules_on_delete": false,
            "tags": {
              "Name": "linxact-or-node",
              "kubernetes.io/cluster/linxact-or": "owned"
            },
            "tags_all": {
              "Name": "linxact-or-node",
              "kubernetes.io/cluster/linxact-or": "owned"
            },
            "timeouts": null,
            "vpc_id": "vpc-0df6027dddaafd8bd"
          },
          "sensitive_attributes": [],
          "private": "eyJlMmJmYjczMC1lY2FhLTExZTYtOGY4OC0zNDM2M2JjN2M0YzAiOnsiY3JlYXRlIjo2MDAwMDAwMDAwMDAsImRlbGV0ZSI6OTAwMDAwMDAwMDAwfSwic2NoZW1hX3ZlcnNpb24iOiIxIn0=",
          "dependencies": [
            "module.eks_oregon.module.vpc.aws_vpc.this"
          ],
          "create_before_destroy": true
        }
      ]
    },
    {
      "module": "module.eks_oregon[0].module.eks",
      "mode": "managed",
      "type": "aws_security_group_rule",
      "name": "cluster",
      "provider": "provider[\"registry.terraform.io/hashicorp/aws\"].oregon",
      "instances": [
        {
          "index_key": "ingress_nodes_443",
          "schema_version": 2,
          "attributes": {
            "cidr_blocks": null,
            "description": "Node groups to cluster API",
            "from_port": 443,
            "id": "sgrule-3133750351",
            "ipv6_cidr_blocks": null,
            "prefix_list_ids": null,
            "protocol": "tcp",
            "security_group_id": "sg-0e1fcb90f2ef307a7",
            "security_group_rule_id": "sgr-08253c94b5ec0fef6",
            "self": false,
            "source_security_group_id": "sg-0e1be726687b4ef8f",
            "timeouts": null,
            "to_port": 443,
            "type": "ingress"
          },
          "sensitive_attributes": [],
          "private": "eyJlMmJmYjczMC1lY2FhLTExZTYtOGY4OC0zNDM2M2JjN2M0YzAiOnsiY3JlYXRlIjozMDAwMDAwMDAwMDB9LCJzY2hlbWFfdmVyc2lvbiI6IjIifQ==",
          "dependencies": [
            "module.eks_oregon.module.eks.aws_security_group.cluster",
            "module.eks_oregon.module.eks.aws_security_group.node",
            "module.eks_oregon.module.vpc.aws_vpc.this"
          ]
        }
      ]
    },
    {
      "module": "module.eks_oregon[0].module.eks",
      "mode": "managed",
      "type": "aws_security_group_rule",
      "name": "node",
      "provider": "provider[\"registry.terraform.io/hashicorp/aws\"].oregon",
      "instances": [
        {
          "index_key": "egress_all",
          "schema_version": 2,
          "attributes": {
            "cidr_blocks": [
              "0.0.0.0/0"
            ],
            "description": "Allow all egress",
            "from_port": 0,
            "id": "sgrule-1071753568",
            "ipv6_cidr_blocks": null,
            "prefix_list_ids": [],
            "protocol": "-1",
            "security_group_id": "sg-0e1be726687b4ef8f",
            "security_group_rule_id": "sgr-0a4f1521ef9ed3b31",
            "self": false,
            "source_security_group_id": null,
            "timeouts": null,
            "to_port": 0,
            "type": "egress"
          },
          "sensitive_attributes": [],
          "private": "eyJlMmJmYjczMC1lY2FhLTExZTYtOGY4OC0zNDM2M2JjN2M0YzAiOnsiY3JlYXRlIjozMDAwMDAwMDAwMDB9LCJzY2hlbWFfdmVyc2lvbiI6IjIifQ==",
          "dependencies": [
            "module.eks_oregon.module.eks.aws_security_group.cluster",
            "module.eks_oregon.module.eks.aws_security_group.node",
            "module.eks_oregon.module.vpc.aws_vpc.this"
          ]
        },
        {
          "index_key": "ingress_cluster_443",
          "schema_version": 2,
          "attributes": {
            "cidr_blocks": null,
            "description": "Cluster API to node groups",
            "from_port": 443,
            "id": "sgrule-344724828",
            "ipv6_cidr_blocks": null,
            "prefix_list_ids": [],
            "protocol": "tcp",
            "security_group_id": "sg-0e1be726687b4ef8f",
            "security_group_rule_id": "sgr-04b58a2af250ce6c3",
            "self": false,
            "source_security_group_id": "sg-0e1fcb90f2ef307a7",
            "timeouts": null,
            "to_port": 443,
            "type": "ingress"
          },
          "sensitive_attributes": [],
          "private": "eyJlMmJmYjczMC1lY2FhLTExZTYtOGY4OC0zNDM2M2JjN2M0YzAiOnsiY3JlYXRlIjozMDAwMDAwMDAwMDB9LCJzY2hlbWFfdmVyc2lvbiI6IjIifQ==",
          "dependencies": [
            "module.eks_oregon.module.eks.aws_security_group.cluster",
            "module.eks_oregon.module.eks.aws_security_group.node",
            "module.eks_oregon.module.vpc.aws_vpc.this"
          ]
        },
        {
          "index_key": "ingress_cluster_4443_webhook",
          "schema_version": 2,
          "attributes": {
            "cidr_blocks": null,
            "description": "Cluster API to node 4443/tcp webhook",
            "from_port": 4443,
            "id": "sgrule-2492559625",
            "ipv6_cidr_blocks": null,
            "prefix_list_ids": [],
            "protocol": "tcp",
            "security_group_id": "sg-0e1be726687b4ef8f",
            "security_group_rule_id": "sgr-0527ae2858513425b",
            "self": false,
            "source_security_group_id": "sg-0e1fcb90f2ef307a7",
            "timeouts": null,
            "to_port": 4443,
            "type": "ingress"
          },
          "sensitive_attributes": [],
          "private": "eyJlMmJmYjczMC1lY2FhLTExZTYtOGY4OC0zNDM2M2JjN2M0YzAiOnsiY3JlYXRlIjozMDAwMDAwMDAwMDB9LCJzY2hlbWFfdmVyc2lvbiI6IjIifQ==",
          "dependencies": [
            "module.eks_oregon.module.eks.aws_security_group.cluster",
            "module.eks_oregon.module.eks.aws_security_group.node",
            "module.eks_oregon.module.vpc.aws_vpc.this"
          ]
        },
        {
          "index_key": "ingress_cluster_6443_webhook",
          "schema_version": 2,
          "attributes": {
            "cidr_blocks": null,
            "description": "Cluster API to node 6443/tcp webhook",
            "from_port": 6443,
            "id": "sgrule-1574114975",
            "ipv6_cidr_blocks": null,
            "prefix_list_ids": [],
            "protocol": "tcp",
            "security_group_id": "sg-0e1be726687b4ef8f",
            "security_group_rule_id": "sgr-09914e852eba49509",
            "self": false,
            "source_security_group_id": "sg-0e1fcb90f2ef307a7",
            "timeouts": null,
            "to_port": 6443,
            "type": "ingress"
          },
          "sensitive_attributes": [],
          "private": "eyJlMmJmYjczMC1lY2FhLTExZTYtOGY4OC0zNDM2M2JjN2M0YzAiOnsiY3JlYXRlIjozMDAwMDAwMDAwMDB9LCJzY2hlbWFfdmVyc2lvbiI6IjIifQ==",
          "dependencies": [
            "module.eks_oregon.module.eks.aws_security_group.cluster",
            "module.eks_oregon.module.eks.aws_security_group.node",
            "module.eks_oregon.module.vpc.aws_vpc.this"
          ]
        },
        {
          "index_key": "ingress_cluster_8443_webhook",
          "schema_version": 2,
          "attributes": {
            "cidr_blocks": null,
            "description": "Cluster API to node 8443/tcp webhook",
            "from_port": 8443,
            "id": "sgrule-1318005438",
            "ipv6_cidr_blocks": null,
            "prefix_list_ids": [],
            "protocol": "tcp",
            "security_group_id": "sg-0e1be726687b4ef8f",
            "security_group_rule_id": "sgr-0cfab2d1cb7bbde4b",
            "self": false,
            "source_security_group_id": "sg-0e1fcb90f2ef307a7",
            "timeouts": null,
            "to_port": 8443,
            "type": "ingress"
          },
          "sensitive_attributes": [],
          "private": "eyJlMmJmYjczMC1lY2FhLTExZTYtOGY4OC0zNDM2M2JjN2M0YzAiOnsiY3JlYXRlIjozMDAwMDAwMDAwMDB9LCJzY2hlbWFfdmVyc2lvbiI6IjIifQ==",
          "dependencies": [
            "module.eks_oregon.module.eks.aws_security_group.cluster",
            "module.eks_oregon.module.eks.aws_security_group.node",
            "module.eks_oregon.module.vpc.aws_vpc.this"
          ]
        },
        {
          "index_key": "ingress_cluster_9443_webhook",
          "schema_version": 2,
          "attributes": {
            "cidr_blocks": null,
            "description": "Cluster API to node 9443/tcp webhook",
            "from_port": 9443,
            "id": "sgrule-707664245",
            "ipv6_cidr_blocks": null,
            "prefix_list_ids": [],
            "protocol": "tcp",
            "security_group_id": "sg-0e1be726687b4ef8f",
            "security_group_rule_id": "sgr-067ff99ad0b7119f3",
            "self": false,
            "source_security_group_id": "sg-0e1fcb90f2ef307a7",
            "timeouts": null,
            "to_port": 9443,
            "type": "ingress"
          },
          "sensitive_attributes": [],
          "private": "eyJlMmJmYjczMC1lY2FhLTExZTYtOGY4OC0zNDM2M2JjN2M0YzAiOnsiY3JlYXRlIjozMDAwMDAwMDAwMDB9LCJzY2hlbWFfdmVyc2lvbiI6IjIifQ==",
          "dependencies": [
            "module.eks_oregon.module.eks.aws_security_group.cluster",
            "module.eks_oregon.module.eks.aws_security_group.node",
            "module.eks_oregon.module.vpc.aws_vpc.this"
          ]
        },
        {
          "index_key": "ingress_cluster_kubelet",
          "schema_version": 2,
          "attributes": {
            "cidr_blocks": null,
            "description": "Cluster API to node kubelets",
            "from_port": 10250,
            "id": "sgrule-2732862154",
            "ipv6_cidr_blocks": null,
            "prefix_list_ids": [],
            "protocol": "tcp",
            "security_group_id": "sg-0e1be726687b4ef8f",
            "security_group_rule_id": "sgr-05cf6403eecaa36d7",
            "self": false,
            "source_security_group_id": "sg-0e1fcb90f2ef307a7",
            "timeouts": null,
            "to_port": 10250,
            "type": "ingress"
          },
          "sensitive_attributes": [],
          "private": "eyJlMmJmYjczMC1lY2FhLTExZTYtOGY4OC0zNDM2M2JjN2M0YzAiOnsiY3JlYXRlIjozMDAwMDAwMDAwMDB9LCJzY2hlbWFfdmVyc2lvbiI6IjIifQ==",
          "dependencies": [
            "module.eks_oregon.module.eks.aws_security_group.cluster",
            "module.eks_oregon.module.eks.aws_security_group.node",
            "module.eks_oregon.module.vpc.aws_vpc.this"
          ]
        },
        {
          "index_key": "ingress_nodes_ephemeral",
          "schema_version": 2,
          "attributes": {
            "cidr_blocks": null,
            "description": "Node to node ingress on ephemeral ports",
            "from_port": 1025,
            "id": "sgrule-202099132",
            "ipv6_cidr_blocks": null,
            "prefix_list_ids": [],
            "protocol": "tcp",
            "security_group_id": "sg-0e1be726687b4ef8f",
            "security_group_rule_id": "sgr-02ef8d64811812451",
            "self": true,
            "source_security_group_id": null,
            "timeouts": null,
            "to_port": 65535,
            "type": "ingress"
          },
          "sensitive_attributes": [],
          "private": "eyJlMmJmYjczMC1lY2FhLTExZTYtOGY4OC0zNDM2M2JjN2M0YzAiOnsiY3JlYXRlIjozMDAwMDAwMDAwMDB9LCJzY2hlbWFfdmVyc2lvbiI6IjIifQ==",
          "dependencies": [
            "module.eks_oregon.module.eks.aws_security_group.cluster",
            "module.eks_oregon.module.eks.aws_security_group.node",
            "module.eks_oregon.module.vpc.aws_vpc.this"
          ]
        },
        {
          "index_key": "ingress_self_coredns_tcp",
          "schema_version": 2,
          "attributes": {
            "cidr_blocks": null,
            "description": "Node to node CoreDNS",
            "from_port": 53,
            "id": "sgrule-613283040",
            "ipv6_cidr_blocks": null,
            "prefix_list_ids": [],
            "protocol": "tcp",
            "security_group_id": "sg-0e1be726687b4ef8f",
            "security_group_rule_id": "sgr-0e61e053afc637ec5",
            "self": true,
            "source_security_group_id": null,
            "timeouts": null,
            "to_port": 53,
            "type": "ingress"
          },
          "sensitive_attributes": [],
          "private": "eyJlMmJmYjczMC1lY2FhLTExZTYtOGY4OC0zNDM2M2JjN2M0YzAiOnsiY3JlYXRlIjozMDAwMDAwMDAwMDB9LCJzY2hlbWFfdmVyc2lvbiI6IjIifQ==",
          "dependencies": [
            "module.eks_oregon.module.eks.aws_security_group.cluster",
            "module.eks_oregon.module.eks.aws_security_group.node",
            "module.eks_oregon.module.vpc.aws_vpc.this"
          ]
        },
        {
          "index_key": "ingress_self_coredns_udp",
          "schema_version": 2,
          "attributes": {
            "cidr_blocks": null,
            "description": "Node to node CoreDNS UDP",
            "from_port": 53,
            "id": "sgrule-2161268495",
            "ipv6_cidr_blocks": null,
            "prefix_list_ids": [],
            "protocol": "udp",
            "security_group_id": "sg-0e1be726687b4ef8f",
            "security_group_rule_id": "sgr-0669edea909ca91fa",
            "self": true,
            "source_security_group_id": null,
            "timeouts": null,
            "to_port": 53,
            "type": "ingress"
          },
          "sensitive_attributes": [],
          "private": "eyJlMmJmYjczMC1lY2FhLTExZTYtOGY4OC0zNDM2M2JjN2M0YzAiOnsiY3JlYXRlIjozMDAwMDAwMDAwMDB9LCJzY2hlbWFfdmVyc2lvbiI6IjIifQ==",
          "dependencies": [
            "module.eks_oregon.module.eks.aws_security_group.cluster",
            "module.eks_oregon.module.eks.aws_security_group.node",
            "module.eks_oregon.module.vpc.aws_vpc.this"
          ]
        }
      ]
    },
    {
      "module": "module.eks_oregon[0].module.eks",
      "mode": "managed",
      "type": "time_sleep",
      "name": "this",
      "provider": "provider[\"registry.terraform.io/hashicorp/time\"]",
      "instances": [
        {
          "index_key": 0,
          "schema_version": 0,
          "attributes": {
            "create_duration": "30s",
            "destroy_duration": null,
            "id": "2024-01-14T21:32:21Z",
            "triggers": {
              "cluster_certificate_authority_data": "LS0tLS1CRUdJTiBDRVJUSUZJQ0FURS0tLS0tCk1JSURCVENDQWUyZ0F3SUJBZ0lJREV3WHk2dHMxeTR3RFFZSktvWklodmNOQVFFTEJRQXdGVEVUTUJFR0ExVUUKQXhNS2EzVmlaWEp1WlhSbGN6QWVGdzB5TkRBeE1UUXlNVEl5TXpWYUZ3MHpOREF4TVRFeU1USTNNelZhTUJVeApFekFSQmdOVkJBTVRDbXQxWW1WeWJtVjBaWE13Z2dFaU1BMEdDU3FHU0liM0RRRUJBUVVBQTRJQkR3QXdnZ0VLCkFvSUJBUUM5VFAzNFRZVGZjWkNiR1cwcVhEOHdiNUc0ZzZnODhaYzExakNnQmxtWDRhNENCZTBCZzJ6QWdITUQKT1JGK2FKNXVDZEFObC8rYjBycW8yQVhDQ1FZNjdTWW9BdjRHa21WUmFpRE91V1pjazc4NVJCalYrYjNuVVlmcwpKZDdNVkI3RDVlL1B4SExwVTVNRWVCYzg2MkpxaU9LMGN5Wi9TcDBBQ0pLeU1QeXRvNk5VNGlMSk5kb0ZlSCtUCnlHYk1NbXRSaTFFOVdEa0NrNjhjbWs5TSthT3B0aEdUR1pnMXc5MXI3T3hDSlgzSis2ZHplbklEdUltVmlYM1QKbzFjOFVrelNFTDdJM1FkbjJzUEJRVXNkSVF2b1NMaU1NQWVqTTFOM0VnbEpSZmQ0a1RYUHBxOXpEZ3B4ajhGbApadnpHaFRlUWZSVGFraDZ1SWpmZGJZYlZwazVQQWdNQkFBR2pXVEJYTUE0R0ExVWREd0VCL3dRRUF3SUNwREFQCkJnTlZIUk1CQWY4RUJUQURBUUgvTUIwR0ExVWREZ1FXQkJScXo2MWdJb0lSTS9CWmxtWU9HSFd6SVpwZ0lEQVYKQmdOVkhSRUVEakFNZ2dwcmRXSmxjbTVsZEdWek1BMEdDU3FHU0liM0RRRUJDd1VBQTRJQkFRQm10V0YycVM3NQptUmZLUWkrRExrTDh1MVBSb0JpamZuNjRHdngvQjRWTUZDQS9teC9GYlJ3eTBMU09UTFE0d0NEdDIvcUk3U3ZtCndVbjBXemN0bXp2WlZOVzlTKys0aC9HM0JxTmFSVCtreGNDRGNDbXc3UHREbkxGd2FKSFZQOGNvZHd5S24vVTAKK3hoSGkrOUU0TWQxZGZrekFUSDdxN1JuT0x0TFYrU3hKNENWNStPSnB1M2FCOG13U3lzU3UzVTd2VUVrVy9lbwp5OWlaOHlJcXpISHdxd3VIVWdHZkVNSnpZSFFnSEE5L2Y0eWN3VVFDOXBkdG82RVFaT1JDS09YWlMwVmZOKy9aCkdPRW9xN3Y4TUQ2SGtITU01ZzQ0SzgwaElMR1VpOWJWNDRuTW9xU1JLRXZBZ3ZKRHh3bmtjOTdVYzJOdDZZMU0Ka1FYZHYreWFPVkhsCi0tLS0tRU5EIENFUlRJRklDQVRFLS0tLS0K",
              "cluster_endpoint": "https://22F0A0132C6EE61D94080D465BA7C482.gr7.us-west-2.eks.amazonaws.com",
              "cluster_name": "linxact-or",
              "cluster_version": "1.28"
            }
          },
          "sensitive_attributes": [],
          "dependencies": [
            "module.eks_oregon.data.aws_availability_zones.available",
            "module.eks_oregon.module.eks.aws_cloudwatch_log_group.this",
            "module.eks_oregon.module.eks.aws_eks_cluster.this",
            "module.eks_oregon.module.eks.aws_iam_policy.cni_ipv6_policy",
            "module.eks_oregon.module.eks.aws_iam_role.this",
            "module.eks_oregon.module.eks.aws_iam_role_policy_attachment.this",
            "module.eks_oregon.module.eks.aws_security_group.cluster",
            "module.eks_oregon.module.eks.aws_security_group.node",
            "module.eks_oregon.module.eks.aws_security_group_rule.cluster",
            "module.eks_oregon.module.eks.aws_security_group_rule.node",
            "module.eks_oregon.module.eks.data.aws_caller_identity.current",
            "module.eks_oregon.module.eks.data.aws_iam_policy_document.assume_role_policy",
            "module.eks_oregon.module.eks.data.aws_iam_policy_document.cni_ipv6_policy",
            "module.eks_oregon.module.eks.data.aws_iam_session_context.current",
            "module.eks_oregon.module.eks.data.aws_partition.current",
            "module.eks_oregon.module.eks.module.kms.aws_kms_external_key.this",
            "module.eks_oregon.module.eks.module.kms.aws_kms_key.this",
            "module.eks_oregon.module.eks.module.kms.data.aws_caller_identity.current",
            "module.eks_oregon.module.eks.module.kms.data.aws_iam_policy_document.this",
            "module.eks_oregon.module.eks.module.kms.data.aws_partition.current",
            "module.eks_oregon.module.vpc.aws_subnet.private",
            "module.eks_oregon.module.vpc.aws_vpc.this",
            "module.eks_oregon.module.vpc.aws_vpc_ipv4_cidr_block_association.this"
          ]
        }
      ]
    },
    {
      "module": "module.eks_oregon[0].module.eks.module.kms",
      "mode": "data",
      "type": "aws_caller_identity",
      "name": "current",
      "provider": "provider[\"registry.terraform.io/hashicorp/aws\"].oregon",
      "instances": [
        {
          "schema_version": 0,
          "attributes": {
            "account_id": "411623750878",
            "arn": "arn:aws:iam::411623750878:user/olexiy",
            "id": "411623750878",
            "user_id": "AIDAV7VVP7TPJ6HRCC3PA"
          },
          "sensitive_attributes": []
        }
      ]
    },
    {
      "module": "module.eks_oregon[0].module.eks.module.kms",
      "mode": "data",
      "type": "aws_iam_policy_document",
      "name": "this",
      "provider": "provider[\"registry.terraform.io/hashicorp/aws\"].oregon",
      "instances": [
        {
          "index_key": 0,
          "schema_version": 0,
          "attributes": {
            "id": "3059406950",
            "json": "{\n  \"Version\": \"2012-10-17\",\n  \"Statement\": [\n    {\n      \"Sid\": \"KeyAdministration\",\n      \"Effect\": \"Allow\",\n      \"Action\": [\n        \"kms:Update*\",\n        \"kms:UntagResource\",\n        \"kms:TagResource\",\n        \"kms:ScheduleKeyDeletion\",\n        \"kms:Revoke*\",\n        \"kms:Put*\",\n        \"kms:List*\",\n        \"kms:Get*\",\n        \"kms:Enable*\",\n        \"kms:Disable*\",\n        \"kms:Describe*\",\n        \"kms:Delete*\",\n        \"kms:Create*\",\n        \"kms:CancelKeyDeletion\"\n      ],\n      \"Resource\": \"*\",\n      \"Principal\": {\n        \"AWS\": \"arn:aws:iam::411623750878:user/olexiy\"\n      }\n    },\n    {\n      \"Sid\": \"KeyUsage\",\n      \"Effect\": \"Allow\",\n      \"Action\": [\n        \"kms:ReEncrypt*\",\n        \"kms:GenerateDataKey*\",\n        \"kms:Encrypt\",\n        \"kms:DescribeKey\",\n        \"kms:Decrypt\"\n      ],\n      \"Resource\": \"*\",\n      \"Principal\": {\n        \"AWS\": \"arn:aws:iam::411623750878:role/linxact-or-cluster-20240114212123143600000001\"\n      }\n    }\n  ]\n}",
            "override_policy_documents": null,
            "policy_id": null,
            "source_policy_documents": null,
            "statement": [
              {
                "actions": [
                  "kms:CancelKeyDeletion",
                  "kms:Create*",
                  "kms:Delete*",
                  "kms:Describe*",
                  "kms:Disable*",
                  "kms:Enable*",
                  "kms:Get*",
                  "kms:List*",
                  "kms:Put*",
                  "kms:Revoke*",
                  "kms:ScheduleKeyDeletion",
                  "kms:TagResource",
                  "kms:UntagResource",
                  "kms:Update*"
                ],
                "condition": [],
                "effect": "Allow",
                "not_actions": [],
                "not_principals": [],
                "not_resources": [],
                "principals": [
                  {
                    "identifiers": [
                      "arn:aws:iam::411623750878:user/olexiy"
                    ],
                    "type": "AWS"
                  }
                ],
                "resources": [
                  "*"
                ],
                "sid": "KeyAdministration"
              },
              {
                "actions": [
                  "kms:Decrypt",
                  "kms:DescribeKey",
                  "kms:Encrypt",
                  "kms:GenerateDataKey*",
                  "kms:ReEncrypt*"
                ],
                "condition": [],
                "effect": "Allow",
                "not_actions": [],
                "not_principals": [],
                "not_resources": [],
                "principals": [
                  {
                    "identifiers": [
                      "arn:aws:iam::411623750878:role/linxact-or-cluster-20240114212123143600000001"
                    ],
                    "type": "AWS"
                  }
                ],
                "resources": [
                  "*"
                ],
                "sid": "KeyUsage"
              }
            ],
            "version": "2012-10-17"
          },
          "sensitive_attributes": []
        }
      ]
    },
    {
      "module": "module.eks_oregon[0].module.eks.module.kms",
      "mode": "data",
      "type": "aws_partition",
      "name": "current",
      "provider": "provider[\"registry.terraform.io/hashicorp/aws\"].oregon",
      "instances": [
        {
          "schema_version": 0,
          "attributes": {
            "dns_suffix": "amazonaws.com",
            "id": "aws",
            "partition": "aws",
            "reverse_dns_prefix": "com.amazonaws"
          },
          "sensitive_attributes": []
        }
      ]
    },
    {
      "module": "module.eks_oregon[0].module.eks.module.kms",
      "mode": "managed",
      "type": "aws_kms_alias",
      "name": "this",
      "provider": "provider[\"registry.terraform.io/hashicorp/aws\"].oregon",
      "instances": [
        {
          "index_key": "cluster",
          "schema_version": 0,
          "attributes": {
            "arn": "arn:aws:kms:us-west-2:411623750878:alias/eks/linxact-or",
            "id": "alias/eks/linxact-or",
            "name": "alias/eks/linxact-or",
            "name_prefix": "",
            "target_key_arn": "arn:aws:kms:us-west-2:411623750878:key/26d3a0cb-e350-4b49-94c3-9af6346a0845",
            "target_key_id": "26d3a0cb-e350-4b49-94c3-9af6346a0845"
          },
          "sensitive_attributes": [],
          "private": "bnVsbA==",
          "dependencies": [
            "module.eks_oregon.module.eks.aws_iam_role.this",
            "module.eks_oregon.module.eks.data.aws_caller_identity.current",
            "module.eks_oregon.module.eks.data.aws_iam_policy_document.assume_role_policy",
            "module.eks_oregon.module.eks.data.aws_iam_session_context.current",
            "module.eks_oregon.module.eks.data.aws_partition.current",
            "module.eks_oregon.module.eks.module.kms.aws_kms_external_key.this",
            "module.eks_oregon.module.eks.module.kms.aws_kms_key.this",
            "module.eks_oregon.module.eks.module.kms.data.aws_caller_identity.current",
            "module.eks_oregon.module.eks.module.kms.data.aws_iam_policy_document.this",
            "module.eks_oregon.module.eks.module.kms.data.aws_partition.current"
          ]
        }
      ]
    },
    {
      "module": "module.eks_oregon[0].module.eks.module.kms",
      "mode": "managed",
      "type": "aws_kms_external_key",
      "name": "this",
      "provider": "provider[\"registry.terraform.io/hashicorp/aws\"].oregon",
      "instances": []
    },
    {
      "module": "module.eks_oregon[0].module.eks.module.kms",
      "mode": "managed",
      "type": "aws_kms_key",
      "name": "this",
      "provider": "provider[\"registry.terraform.io/hashicorp/aws\"].oregon",
      "instances": [
        {
          "index_key": 0,
          "schema_version": 0,
          "attributes": {
            "arn": "arn:aws:kms:us-west-2:411623750878:key/26d3a0cb-e350-4b49-94c3-9af6346a0845",
            "bypass_policy_lockout_safety_check": false,
            "custom_key_store_id": "",
            "customer_master_key_spec": "SYMMETRIC_DEFAULT",
            "deletion_window_in_days": null,
            "description": "linxact-or cluster encryption key",
            "enable_key_rotation": true,
            "id": "26d3a0cb-e350-4b49-94c3-9af6346a0845",
            "is_enabled": true,
            "key_id": "26d3a0cb-e350-4b49-94c3-9af6346a0845",
            "key_usage": "ENCRYPT_DECRYPT",
            "multi_region": false,
            "policy": "{\"Statement\":[{\"Action\":[\"kms:Update*\",\"kms:UntagResource\",\"kms:TagResource\",\"kms:ScheduleKeyDeletion\",\"kms:Revoke*\",\"kms:Put*\",\"kms:List*\",\"kms:Get*\",\"kms:Enable*\",\"kms:Disable*\",\"kms:Describe*\",\"kms:Delete*\",\"kms:Create*\",\"kms:CancelKeyDeletion\"],\"Effect\":\"Allow\",\"Principal\":{\"AWS\":\"arn:aws:iam::411623750878:user/olexiy\"},\"Resource\":\"*\",\"Sid\":\"KeyAdministration\"},{\"Action\":[\"kms:ReEncrypt*\",\"kms:GenerateDataKey*\",\"kms:Encrypt\",\"kms:DescribeKey\",\"kms:Decrypt\"],\"Effect\":\"Allow\",\"Principal\":{\"AWS\":\"arn:aws:iam::411623750878:role/linxact-or-cluster-20240114212123143600000001\"},\"Resource\":\"*\",\"Sid\":\"KeyUsage\"}],\"Version\":\"2012-10-17\"}",
            "tags": null,
            "tags_all": {}
          },
          "sensitive_attributes": [],
          "private": "bnVsbA==",
          "dependencies": [
            "module.eks_oregon.module.eks.aws_iam_role.this",
            "module.eks_oregon.module.eks.data.aws_caller_identity.current",
            "module.eks_oregon.module.eks.data.aws_iam_policy_document.assume_role_policy",
            "module.eks_oregon.module.eks.data.aws_iam_session_context.current",
            "module.eks_oregon.module.eks.data.aws_partition.current",
            "module.eks_oregon.module.eks.module.kms.data.aws_caller_identity.current",
            "module.eks_oregon.module.eks.module.kms.data.aws_iam_policy_document.this",
            "module.eks_oregon.module.eks.module.kms.data.aws_partition.current"
          ]
        }
      ]
    },
    {
      "module": "module.eks_oregon[0].module.vpc",
      "mode": "managed",
      "type": "aws_default_network_acl",
      "name": "this",
      "provider": "provider[\"registry.terraform.io/hashicorp/aws\"].oregon",
      "instances": [
        {
          "index_key": 0,
          "schema_version": 0,
          "attributes": {
            "arn": "arn:aws:ec2:us-west-2:411623750878:network-acl/acl-0f1fe862db84d6101",
            "default_network_acl_id": "acl-0f1fe862db84d6101",
            "egress": [
              {
                "action": "allow",
                "cidr_block": "",
                "from_port": 0,
                "icmp_code": null,
                "icmp_type": null,
                "ipv6_cidr_block": "::/0",
                "protocol": "-1",
                "rule_no": 101,
                "to_port": 0
              },
              {
                "action": "allow",
                "cidr_block": "0.0.0.0/0",
                "from_port": 0,
                "icmp_code": null,
                "icmp_type": null,
                "ipv6_cidr_block": "",
                "protocol": "-1",
                "rule_no": 100,
                "to_port": 0
              }
            ],
            "id": "acl-0f1fe862db84d6101",
            "ingress": [
              {
                "action": "allow",
                "cidr_block": "",
                "from_port": 0,
                "icmp_code": null,
                "icmp_type": null,
                "ipv6_cidr_block": "::/0",
                "protocol": "-1",
                "rule_no": 101,
                "to_port": 0
              },
              {
                "action": "allow",
                "cidr_block": "0.0.0.0/0",
                "from_port": 0,
                "icmp_code": null,
                "icmp_type": null,
                "ipv6_cidr_block": "",
                "protocol": "-1",
                "rule_no": 100,
                "to_port": 0
              }
            ],
            "owner_id": "411623750878",
            "subnet_ids": null,
            "tags": {
              "Name": "linxact-vpc-default"
            },
            "tags_all": {
              "Name": "linxact-vpc-default"
            },
            "vpc_id": "vpc-0df6027dddaafd8bd"
          },
          "sensitive_attributes": [],
          "private": "bnVsbA==",
          "dependencies": [
            "module.eks_oregon.module.vpc.aws_vpc.this"
          ]
        }
      ]
    },
    {
      "module": "module.eks_oregon[0].module.vpc",
      "mode": "managed",
      "type": "aws_default_route_table",
      "name": "default",
      "provider": "provider[\"registry.terraform.io/hashicorp/aws\"].oregon",
      "instances": [
        {
          "index_key": 0,
          "schema_version": 0,
          "attributes": {
            "arn": "arn:aws:ec2:us-west-2:411623750878:route-table/rtb-00722f4e2223983ff",
            "default_route_table_id": "rtb-00722f4e2223983ff",
            "id": "rtb-00722f4e2223983ff",
            "owner_id": "411623750878",
            "propagating_vgws": null,
            "route": [],
            "tags": {
              "Name": "linxact-vpc-default"
            },
            "tags_all": {
              "Name": "linxact-vpc-default"
            },
            "timeouts": {
              "create": "5m",
              "update": "5m"
            },
            "vpc_id": "vpc-0df6027dddaafd8bd"
          },
          "sensitive_attributes": [],
          "private": "eyJlMmJmYjczMC1lY2FhLTExZTYtOGY4OC0zNDM2M2JjN2M0YzAiOnsiY3JlYXRlIjozMDAwMDAwMDAwMDAsInVwZGF0ZSI6MzAwMDAwMDAwMDAwfX0=",
          "dependencies": [
            "module.eks_oregon.module.vpc.aws_vpc.this"
          ]
        }
      ]
    },
    {
      "module": "module.eks_oregon[0].module.vpc",
      "mode": "managed",
      "type": "aws_default_security_group",
      "name": "this",
      "provider": "provider[\"registry.terraform.io/hashicorp/aws\"].oregon",
      "instances": [
        {
          "index_key": 0,
          "schema_version": 1,
          "attributes": {
            "arn": "arn:aws:ec2:us-west-2:411623750878:security-group/sg-088c03c703dbdea79",
            "description": "default VPC security group",
            "egress": [],
            "id": "sg-088c03c703dbdea79",
            "ingress": [],
            "name": "default",
            "name_prefix": "",
            "owner_id": "411623750878",
            "revoke_rules_on_delete": false,
            "tags": {
              "Name": "linxact-vpc-default"
            },
            "tags_all": {
              "Name": "linxact-vpc-default"
            },
            "vpc_id": "vpc-0df6027dddaafd8bd"
          },
          "sensitive_attributes": [],
          "private": "eyJzY2hlbWFfdmVyc2lvbiI6IjEifQ==",
          "dependencies": [
            "module.eks_oregon.module.vpc.aws_vpc.this"
          ]
        }
      ]
    },
    {
      "module": "module.eks_oregon[0].module.vpc",
      "mode": "managed",
      "type": "aws_eip",
      "name": "nat",
      "provider": "provider[\"registry.terraform.io/hashicorp/aws\"].oregon",
      "instances": [
        {
          "index_key": 0,
          "schema_version": 0,
          "attributes": {
            "address": null,
            "allocation_id": "eipalloc-0a5a2b93359c45556",
            "associate_with_private_ip": null,
            "association_id": "",
            "carrier_ip": "",
            "customer_owned_ip": "",
            "customer_owned_ipv4_pool": "",
            "domain": "vpc",
            "id": "eipalloc-0a5a2b93359c45556",
            "instance": "",
            "network_border_group": "us-west-2",
            "network_interface": "",
            "private_dns": null,
            "private_ip": "",
            "public_dns": "ec2-52-32-194-243.us-west-2.compute.amazonaws.com",
            "public_ip": "52.32.194.243",
            "public_ipv4_pool": "amazon",
            "tags": {
              "Name": "linxact-vpc-us-west-2a"
            },
            "tags_all": {
              "Name": "linxact-vpc-us-west-2a"
            },
            "timeouts": null,
            "vpc": true
          },
          "sensitive_attributes": [],
          "private": "eyJlMmJmYjczMC1lY2FhLTExZTYtOGY4OC0zNDM2M2JjN2M0YzAiOnsiZGVsZXRlIjoxODAwMDAwMDAwMDAsInJlYWQiOjkwMDAwMDAwMDAwMCwidXBkYXRlIjozMDAwMDAwMDAwMDB9fQ==",
          "dependencies": [
            "module.eks_oregon.data.aws_availability_zones.available",
            "module.eks_oregon.module.vpc.aws_internet_gateway.this",
            "module.eks_oregon.module.vpc.aws_vpc.this",
            "module.eks_oregon.module.vpc.aws_vpc_ipv4_cidr_block_association.this"
          ]
        }
      ]
    },
    {
      "module": "module.eks_oregon[0].module.vpc",
      "mode": "managed",
      "type": "aws_internet_gateway",
      "name": "this",
      "provider": "provider[\"registry.terraform.io/hashicorp/aws\"].oregon",
      "instances": [
        {
          "index_key": 0,
          "schema_version": 0,
          "attributes": {
            "arn": "arn:aws:ec2:us-west-2:411623750878:internet-gateway/igw-088e6bf45db6fd002",
            "id": "igw-088e6bf45db6fd002",
            "owner_id": "411623750878",
            "tags": {
              "Name": "linxact-vpc"
            },
            "tags_all": {
              "Name": "linxact-vpc"
            },
            "timeouts": null,
            "vpc_id": "vpc-0df6027dddaafd8bd"
          },
          "sensitive_attributes": [],
          "private": "eyJlMmJmYjczMC1lY2FhLTExZTYtOGY4OC0zNDM2M2JjN2M0YzAiOnsiY3JlYXRlIjoxMjAwMDAwMDAwMDAwLCJkZWxldGUiOjEyMDAwMDAwMDAwMDAsInVwZGF0ZSI6MTIwMDAwMDAwMDAwMH19",
          "dependencies": [
            "module.eks_oregon.module.vpc.aws_vpc.this",
            "module.eks_oregon.module.vpc.aws_vpc_ipv4_cidr_block_association.this"
          ]
        }
      ]
    },
    {
      "module": "module.eks_oregon[0].module.vpc",
      "mode": "managed",
      "type": "aws_nat_gateway",
      "name": "this",
      "provider": "provider[\"registry.terraform.io/hashicorp/aws\"].oregon",
      "instances": [
        {
          "index_key": 0,
          "schema_version": 0,
          "attributes": {
            "allocation_id": "eipalloc-0a5a2b93359c45556",
            "association_id": "eipassoc-0fd87fc217f52a222",
            "connectivity_type": "public",
            "id": "nat-06ead8ff4eb05cbc7",
            "network_interface_id": "eni-03119c22ac374078c",
            "private_ip": "10.0.5.207",
            "public_ip": "52.32.194.243",
            "subnet_id": "subnet-0c2db705513d364e6",
            "tags": {
              "Name": "linxact-vpc-us-west-2a"
            },
            "tags_all": {
              "Name": "linxact-vpc-us-west-2a"
            }
          },
          "sensitive_attributes": [],
          "private": "bnVsbA==",
          "dependencies": [
            "module.eks_oregon.data.aws_availability_zones.available",
            "module.eks_oregon.module.vpc.aws_eip.nat",
            "module.eks_oregon.module.vpc.aws_internet_gateway.this",
            "module.eks_oregon.module.vpc.aws_subnet.public",
            "module.eks_oregon.module.vpc.aws_vpc.this",
            "module.eks_oregon.module.vpc.aws_vpc_ipv4_cidr_block_association.this"
          ]
        }
      ]
    },
    {
      "module": "module.eks_oregon[0].module.vpc",
      "mode": "managed",
      "type": "aws_route",
      "name": "private_nat_gateway",
      "provider": "provider[\"registry.terraform.io/hashicorp/aws\"].oregon",
      "instances": [
        {
          "index_key": 0,
          "schema_version": 0,
          "attributes": {
            "carrier_gateway_id": "",
            "core_network_arn": "",
            "destination_cidr_block": "0.0.0.0/0",
            "destination_ipv6_cidr_block": "",
            "destination_prefix_list_id": "",
            "egress_only_gateway_id": "",
            "gateway_id": "",
            "id": "r-rtb-0bfb1d4310d771e401080289494",
            "instance_id": "",
            "instance_owner_id": "",
            "local_gateway_id": "",
            "nat_gateway_id": "nat-06ead8ff4eb05cbc7",
            "network_interface_id": "",
            "origin": "CreateRoute",
            "route_table_id": "rtb-0bfb1d4310d771e40",
            "state": "active",
            "timeouts": {
              "create": "5m",
              "delete": null,
              "update": null
            },
            "transit_gateway_id": "",
            "vpc_endpoint_id": "",
            "vpc_peering_connection_id": ""
          },
          "sensitive_attributes": [],
          "private": "eyJlMmJmYjczMC1lY2FhLTExZTYtOGY4OC0zNDM2M2JjN2M0YzAiOnsiY3JlYXRlIjozMDAwMDAwMDAwMDAsImRlbGV0ZSI6MzAwMDAwMDAwMDAwLCJ1cGRhdGUiOjEyMDAwMDAwMDAwMH19",
          "dependencies": [
            "module.eks_oregon.data.aws_availability_zones.available",
            "module.eks_oregon.module.vpc.aws_eip.nat",
            "module.eks_oregon.module.vpc.aws_internet_gateway.this",
            "module.eks_oregon.module.vpc.aws_nat_gateway.this",
            "module.eks_oregon.module.vpc.aws_route_table.private",
            "module.eks_oregon.module.vpc.aws_subnet.public",
            "module.eks_oregon.module.vpc.aws_vpc.this",
            "module.eks_oregon.module.vpc.aws_vpc_ipv4_cidr_block_association.this"
          ]
        }
      ]
    },
    {
      "module": "module.eks_oregon[0].module.vpc",
      "mode": "managed",
      "type": "aws_route",
      "name": "public_internet_gateway",
      "provider": "provider[\"registry.terraform.io/hashicorp/aws\"].oregon",
      "instances": [
        {
          "index_key": 0,
          "schema_version": 0,
          "attributes": {
            "carrier_gateway_id": "",
            "core_network_arn": "",
            "destination_cidr_block": "0.0.0.0/0",
            "destination_ipv6_cidr_block": "",
            "destination_prefix_list_id": "",
            "egress_only_gateway_id": "",
            "gateway_id": "igw-088e6bf45db6fd002",
            "id": "r-rtb-05f5fe9a326c74dd41080289494",
            "instance_id": "",
            "instance_owner_id": "",
            "local_gateway_id": "",
            "nat_gateway_id": "",
            "network_interface_id": "",
            "origin": "CreateRoute",
            "route_table_id": "rtb-05f5fe9a326c74dd4",
            "state": "active",
            "timeouts": {
              "create": "5m",
              "delete": null,
              "update": null
            },
            "transit_gateway_id": "",
            "vpc_endpoint_id": "",
            "vpc_peering_connection_id": ""
          },
          "sensitive_attributes": [],
          "private": "eyJlMmJmYjczMC1lY2FhLTExZTYtOGY4OC0zNDM2M2JjN2M0YzAiOnsiY3JlYXRlIjozMDAwMDAwMDAwMDAsImRlbGV0ZSI6MzAwMDAwMDAwMDAwLCJ1cGRhdGUiOjEyMDAwMDAwMDAwMH19",
          "dependencies": [
            "module.eks_oregon.module.vpc.aws_internet_gateway.this",
            "module.eks_oregon.module.vpc.aws_route_table.public",
            "module.eks_oregon.module.vpc.aws_vpc.this",
            "module.eks_oregon.module.vpc.aws_vpc_ipv4_cidr_block_association.this"
          ]
        }
      ]
    },
    {
      "module": "module.eks_oregon[0].module.vpc",
      "mode": "managed",
      "type": "aws_route_table",
      "name": "private",
      "provider": "provider[\"registry.terraform.io/hashicorp/aws\"].oregon",
      "instances": [
        {
          "index_key": 0,
          "schema_version": 0,
          "attributes": {
            "arn": "arn:aws:ec2:us-west-2:411623750878:route-table/rtb-0bfb1d4310d771e40",
            "id": "rtb-0bfb1d4310d771e40",
            "owner_id": "411623750878",
            "propagating_vgws": [],
            "route": [],
            "tags": {
              "Name": "linxact-vpc-private"
            },
            "tags_all": {
              "Name": "linxact-vpc-private"
            },
            "timeouts": null,
            "vpc_id": "vpc-0df6027dddaafd8bd"
          },
          "sensitive_attributes": [],
          "private": "eyJlMmJmYjczMC1lY2FhLTExZTYtOGY4OC0zNDM2M2JjN2M0YzAiOnsiY3JlYXRlIjozMDAwMDAwMDAwMDAsImRlbGV0ZSI6MzAwMDAwMDAwMDAwLCJ1cGRhdGUiOjEyMDAwMDAwMDAwMH19",
          "dependencies": [
            "module.eks_oregon.data.aws_availability_zones.available",
            "module.eks_oregon.module.vpc.aws_vpc.this",
            "module.eks_oregon.module.vpc.aws_vpc_ipv4_cidr_block_association.this"
          ]
        }
      ]
    },
    {
      "module": "module.eks_oregon[0].module.vpc",
      "mode": "managed",
      "type": "aws_route_table",
      "name": "public",
      "provider": "provider[\"registry.terraform.io/hashicorp/aws\"].oregon",
      "instances": [
        {
          "index_key": 0,
          "schema_version": 0,
          "attributes": {
            "arn": "arn:aws:ec2:us-west-2:411623750878:route-table/rtb-05f5fe9a326c74dd4",
            "id": "rtb-05f5fe9a326c74dd4",
            "owner_id": "411623750878",
            "propagating_vgws": [],
            "route": [],
            "tags": {
              "Name": "linxact-vpc-public"
            },
            "tags_all": {
              "Name": "linxact-vpc-public"
            },
            "timeouts": null,
            "vpc_id": "vpc-0df6027dddaafd8bd"
          },
          "sensitive_attributes": [],
          "private": "eyJlMmJmYjczMC1lY2FhLTExZTYtOGY4OC0zNDM2M2JjN2M0YzAiOnsiY3JlYXRlIjozMDAwMDAwMDAwMDAsImRlbGV0ZSI6MzAwMDAwMDAwMDAwLCJ1cGRhdGUiOjEyMDAwMDAwMDAwMH19",
          "dependencies": [
            "module.eks_oregon.module.vpc.aws_vpc.this",
            "module.eks_oregon.module.vpc.aws_vpc_ipv4_cidr_block_association.this"
          ]
        }
      ]
    },
    {
      "module": "module.eks_oregon[0].module.vpc",
      "mode": "managed",
      "type": "aws_route_table_association",
      "name": "private",
      "provider": "provider[\"registry.terraform.io/hashicorp/aws\"].oregon",
      "instances": [
        {
          "index_key": 0,
          "schema_version": 0,
          "attributes": {
            "gateway_id": "",
            "id": "rtbassoc-0c31e99dca7b89bb0",
            "route_table_id": "rtb-0bfb1d4310d771e40",
            "subnet_id": "subnet-084dc0eca9a745b7c",
            "timeouts": null
          },
          "sensitive_attributes": [],
          "private": "eyJlMmJmYjczMC1lY2FhLTExZTYtOGY4OC0zNDM2M2JjN2M0YzAiOnsiY3JlYXRlIjozMDAwMDAwMDAwMDAsImRlbGV0ZSI6MzAwMDAwMDAwMDAwLCJ1cGRhdGUiOjEyMDAwMDAwMDAwMH19",
          "dependencies": [
            "module.eks_oregon.data.aws_availability_zones.available",
            "module.eks_oregon.module.vpc.aws_route_table.private",
            "module.eks_oregon.module.vpc.aws_subnet.private",
            "module.eks_oregon.module.vpc.aws_vpc.this",
            "module.eks_oregon.module.vpc.aws_vpc_ipv4_cidr_block_association.this"
          ]
        },
        {
          "index_key": 1,
          "schema_version": 0,
          "attributes": {
            "gateway_id": "",
            "id": "rtbassoc-0948a021fb4bae5d6",
            "route_table_id": "rtb-0bfb1d4310d771e40",
            "subnet_id": "subnet-03d2f45875d29f05f",
            "timeouts": null
          },
          "sensitive_attributes": [],
          "private": "eyJlMmJmYjczMC1lY2FhLTExZTYtOGY4OC0zNDM2M2JjN2M0YzAiOnsiY3JlYXRlIjozMDAwMDAwMDAwMDAsImRlbGV0ZSI6MzAwMDAwMDAwMDAwLCJ1cGRhdGUiOjEyMDAwMDAwMDAwMH19",
          "dependencies": [
            "module.eks_oregon.data.aws_availability_zones.available",
            "module.eks_oregon.module.vpc.aws_route_table.private",
            "module.eks_oregon.module.vpc.aws_subnet.private",
            "module.eks_oregon.module.vpc.aws_vpc.this",
            "module.eks_oregon.module.vpc.aws_vpc_ipv4_cidr_block_association.this"
          ]
        },
        {
          "index_key": 2,
          "schema_version": 0,
          "attributes": {
            "gateway_id": "",
            "id": "rtbassoc-0515ef9b73738b172",
            "route_table_id": "rtb-0bfb1d4310d771e40",
            "subnet_id": "subnet-01fd4710076ca2f71",
            "timeouts": null
          },
          "sensitive_attributes": [],
          "private": "eyJlMmJmYjczMC1lY2FhLTExZTYtOGY4OC0zNDM2M2JjN2M0YzAiOnsiY3JlYXRlIjozMDAwMDAwMDAwMDAsImRlbGV0ZSI6MzAwMDAwMDAwMDAwLCJ1cGRhdGUiOjEyMDAwMDAwMDAwMH19",
          "dependencies": [
            "module.eks_oregon.data.aws_availability_zones.available",
            "module.eks_oregon.module.vpc.aws_route_table.private",
            "module.eks_oregon.module.vpc.aws_subnet.private",
            "module.eks_oregon.module.vpc.aws_vpc.this",
            "module.eks_oregon.module.vpc.aws_vpc_ipv4_cidr_block_association.this"
          ]
        },
        {
          "index_key": 3,
          "schema_version": 0,
          "attributes": {
            "gateway_id": "",
            "id": "rtbassoc-08b49d4ac1181ca1b",
            "route_table_id": "rtb-0bfb1d4310d771e40",
            "subnet_id": "subnet-08da24ad24478817d",
            "timeouts": null
          },
          "sensitive_attributes": [],
          "private": "eyJlMmJmYjczMC1lY2FhLTExZTYtOGY4OC0zNDM2M2JjN2M0YzAiOnsiY3JlYXRlIjozMDAwMDAwMDAwMDAsImRlbGV0ZSI6MzAwMDAwMDAwMDAwLCJ1cGRhdGUiOjEyMDAwMDAwMDAwMH19",
          "dependencies": [
            "module.eks_oregon.data.aws_availability_zones.available",
            "module.eks_oregon.module.vpc.aws_route_table.private",
            "module.eks_oregon.module.vpc.aws_subnet.private",
            "module.eks_oregon.module.vpc.aws_vpc.this",
            "module.eks_oregon.module.vpc.aws_vpc_ipv4_cidr_block_association.this"
          ]
        },
        {
          "index_key": 4,
          "schema_version": 0,
          "attributes": {
            "gateway_id": "",
            "id": "rtbassoc-0a1f7f072346926f8",
            "route_table_id": "rtb-0bfb1d4310d771e40",
            "subnet_id": "subnet-07d395f2db4d90437",
            "timeouts": null
          },
          "sensitive_attributes": [],
          "private": "eyJlMmJmYjczMC1lY2FhLTExZTYtOGY4OC0zNDM2M2JjN2M0YzAiOnsiY3JlYXRlIjozMDAwMDAwMDAwMDAsImRlbGV0ZSI6MzAwMDAwMDAwMDAwLCJ1cGRhdGUiOjEyMDAwMDAwMDAwMH19",
          "dependencies": [
            "module.eks_oregon.data.aws_availability_zones.available",
            "module.eks_oregon.module.vpc.aws_route_table.private",
            "module.eks_oregon.module.vpc.aws_subnet.private",
            "module.eks_oregon.module.vpc.aws_vpc.this",
            "module.eks_oregon.module.vpc.aws_vpc_ipv4_cidr_block_association.this"
          ]
        }
      ]
    },
    {
      "module": "module.eks_oregon[0].module.vpc",
      "mode": "managed",
      "type": "aws_route_table_association",
      "name": "public",
      "provider": "provider[\"registry.terraform.io/hashicorp/aws\"].oregon",
      "instances": [
        {
          "index_key": 0,
          "schema_version": 0,
          "attributes": {
            "gateway_id": "",
            "id": "rtbassoc-0fcfea53188ac517b",
            "route_table_id": "rtb-05f5fe9a326c74dd4",
            "subnet_id": "subnet-0c2db705513d364e6",
            "timeouts": null
          },
          "sensitive_attributes": [],
          "private": "eyJlMmJmYjczMC1lY2FhLTExZTYtOGY4OC0zNDM2M2JjN2M0YzAiOnsiY3JlYXRlIjozMDAwMDAwMDAwMDAsImRlbGV0ZSI6MzAwMDAwMDAwMDAwLCJ1cGRhdGUiOjEyMDAwMDAwMDAwMH19",
          "dependencies": [
            "module.eks_oregon.data.aws_availability_zones.available",
            "module.eks_oregon.module.vpc.aws_route_table.public",
            "module.eks_oregon.module.vpc.aws_subnet.public",
            "module.eks_oregon.module.vpc.aws_vpc.this",
            "module.eks_oregon.module.vpc.aws_vpc_ipv4_cidr_block_association.this"
          ]
        },
        {
          "index_key": 1,
          "schema_version": 0,
          "attributes": {
            "gateway_id": "",
            "id": "rtbassoc-017385ce0862a7647",
            "route_table_id": "rtb-05f5fe9a326c74dd4",
            "subnet_id": "subnet-01077a31534b6c7cf",
            "timeouts": null
          },
          "sensitive_attributes": [],
          "private": "eyJlMmJmYjczMC1lY2FhLTExZTYtOGY4OC0zNDM2M2JjN2M0YzAiOnsiY3JlYXRlIjozMDAwMDAwMDAwMDAsImRlbGV0ZSI6MzAwMDAwMDAwMDAwLCJ1cGRhdGUiOjEyMDAwMDAwMDAwMH19",
          "dependencies": [
            "module.eks_oregon.data.aws_availability_zones.available",
            "module.eks_oregon.module.vpc.aws_route_table.public",
            "module.eks_oregon.module.vpc.aws_subnet.public",
            "module.eks_oregon.module.vpc.aws_vpc.this",
            "module.eks_oregon.module.vpc.aws_vpc_ipv4_cidr_block_association.this"
          ]
        },
        {
          "index_key": 2,
          "schema_version": 0,
          "attributes": {
            "gateway_id": "",
            "id": "rtbassoc-0d5cb5c48a91b2d3d",
            "route_table_id": "rtb-05f5fe9a326c74dd4",
            "subnet_id": "subnet-099b8a8cd4a9f6c4b",
            "timeouts": null
          },
          "sensitive_attributes": [],
          "private": "eyJlMmJmYjczMC1lY2FhLTExZTYtOGY4OC0zNDM2M2JjN2M0YzAiOnsiY3JlYXRlIjozMDAwMDAwMDAwMDAsImRlbGV0ZSI6MzAwMDAwMDAwMDAwLCJ1cGRhdGUiOjEyMDAwMDAwMDAwMH19",
          "dependencies": [
            "module.eks_oregon.data.aws_availability_zones.available",
            "module.eks_oregon.module.vpc.aws_route_table.public",
            "module.eks_oregon.module.vpc.aws_subnet.public",
            "module.eks_oregon.module.vpc.aws_vpc.this",
            "module.eks_oregon.module.vpc.aws_vpc_ipv4_cidr_block_association.this"
          ]
        },
        {
          "index_key": 3,
          "schema_version": 0,
          "attributes": {
            "gateway_id": "",
            "id": "rtbassoc-03e3c944ff2492d85",
            "route_table_id": "rtb-05f5fe9a326c74dd4",
            "subnet_id": "subnet-02acaa2ca65ff93a9",
            "timeouts": null
          },
          "sensitive_attributes": [],
          "private": "eyJlMmJmYjczMC1lY2FhLTExZTYtOGY4OC0zNDM2M2JjN2M0YzAiOnsiY3JlYXRlIjozMDAwMDAwMDAwMDAsImRlbGV0ZSI6MzAwMDAwMDAwMDAwLCJ1cGRhdGUiOjEyMDAwMDAwMDAwMH19",
          "dependencies": [
            "module.eks_oregon.data.aws_availability_zones.available",
            "module.eks_oregon.module.vpc.aws_route_table.public",
            "module.eks_oregon.module.vpc.aws_subnet.public",
            "module.eks_oregon.module.vpc.aws_vpc.this",
            "module.eks_oregon.module.vpc.aws_vpc_ipv4_cidr_block_association.this"
          ]
        },
        {
          "index_key": 4,
          "schema_version": 0,
          "attributes": {
            "gateway_id": "",
            "id": "rtbassoc-0d27a0a5153fe2c2d",
            "route_table_id": "rtb-05f5fe9a326c74dd4",
            "subnet_id": "subnet-08d3ebc1c77cd332c",
            "timeouts": null
          },
          "sensitive_attributes": [],
          "private": "eyJlMmJmYjczMC1lY2FhLTExZTYtOGY4OC0zNDM2M2JjN2M0YzAiOnsiY3JlYXRlIjozMDAwMDAwMDAwMDAsImRlbGV0ZSI6MzAwMDAwMDAwMDAwLCJ1cGRhdGUiOjEyMDAwMDAwMDAwMH19",
          "dependencies": [
            "module.eks_oregon.data.aws_availability_zones.available",
            "module.eks_oregon.module.vpc.aws_route_table.public",
            "module.eks_oregon.module.vpc.aws_subnet.public",
            "module.eks_oregon.module.vpc.aws_vpc.this",
            "module.eks_oregon.module.vpc.aws_vpc_ipv4_cidr_block_association.this"
          ]
        }
      ]
    },
    {
      "module": "module.eks_oregon[0].module.vpc",
      "mode": "managed",
      "type": "aws_subnet",
      "name": "private",
      "provider": "provider[\"registry.terraform.io/hashicorp/aws\"].oregon",
      "instances": [
        {
          "index_key": 0,
          "schema_version": 1,
          "attributes": {
            "arn": "arn:aws:ec2:us-west-2:411623750878:subnet/subnet-084dc0eca9a745b7c",
            "assign_ipv6_address_on_creation": false,
            "availability_zone": "us-west-2a",
            "availability_zone_id": "usw2-az1",
            "cidr_block": "10.0.0.0/24",
            "customer_owned_ipv4_pool": "",
            "enable_dns64": false,
            "enable_lni_at_device_index": 0,
            "enable_resource_name_dns_a_record_on_launch": false,
            "enable_resource_name_dns_aaaa_record_on_launch": false,
            "id": "subnet-084dc0eca9a745b7c",
            "ipv6_cidr_block": "",
            "ipv6_cidr_block_association_id": "",
            "ipv6_native": false,
            "map_customer_owned_ip_on_launch": false,
            "map_public_ip_on_launch": false,
            "outpost_arn": "",
            "owner_id": "411623750878",
            "private_dns_hostname_type_on_launch": "ip-name",
            "tags": {
              "Name": "linxact-vpc-private-us-west-2a",
              "kubernetes.io/cluster/linxact-or": "shared",
              "kubernetes.io/role/internal-elb": "1"
            },
            "tags_all": {
              "Name": "linxact-vpc-private-us-west-2a",
              "kubernetes.io/cluster/linxact-or": "shared",
              "kubernetes.io/role/internal-elb": "1"
            },
            "timeouts": null,
            "vpc_id": "vpc-0df6027dddaafd8bd"
          },
          "sensitive_attributes": [],
          "private": "eyJlMmJmYjczMC1lY2FhLTExZTYtOGY4OC0zNDM2M2JjN2M0YzAiOnsiY3JlYXRlIjo2MDAwMDAwMDAwMDAsImRlbGV0ZSI6MTIwMDAwMDAwMDAwMH0sInNjaGVtYV92ZXJzaW9uIjoiMSJ9",
          "dependencies": [
            "module.eks_oregon.data.aws_availability_zones.available",
            "module.eks_oregon.module.vpc.aws_vpc.this",
            "module.eks_oregon.module.vpc.aws_vpc_ipv4_cidr_block_association.this"
          ]
        },
        {
          "index_key": 1,
          "schema_version": 1,
          "attributes": {
            "arn": "arn:aws:ec2:us-west-2:411623750878:subnet/subnet-03d2f45875d29f05f",
            "assign_ipv6_address_on_creation": false,
            "availability_zone": "us-west-2b",
            "availability_zone_id": "usw2-az2",
            "cidr_block": "10.0.1.0/24",
            "customer_owned_ipv4_pool": "",
            "enable_dns64": false,
            "enable_lni_at_device_index": 0,
            "enable_resource_name_dns_a_record_on_launch": false,
            "enable_resource_name_dns_aaaa_record_on_launch": false,
            "id": "subnet-03d2f45875d29f05f",
            "ipv6_cidr_block": "",
            "ipv6_cidr_block_association_id": "",
            "ipv6_native": false,
            "map_customer_owned_ip_on_launch": false,
            "map_public_ip_on_launch": false,
            "outpost_arn": "",
            "owner_id": "411623750878",
            "private_dns_hostname_type_on_launch": "ip-name",
            "tags": {
              "Name": "linxact-vpc-private-us-west-2b",
              "kubernetes.io/cluster/linxact-or": "shared",
              "kubernetes.io/role/internal-elb": "1"
            },
            "tags_all": {
              "Name": "linxact-vpc-private-us-west-2b",
              "kubernetes.io/cluster/linxact-or": "shared",
              "kubernetes.io/role/internal-elb": "1"
            },
            "timeouts": null,
            "vpc_id": "vpc-0df6027dddaafd8bd"
          },
          "sensitive_attributes": [],
          "private": "eyJlMmJmYjczMC1lY2FhLTExZTYtOGY4OC0zNDM2M2JjN2M0YzAiOnsiY3JlYXRlIjo2MDAwMDAwMDAwMDAsImRlbGV0ZSI6MTIwMDAwMDAwMDAwMH0sInNjaGVtYV92ZXJzaW9uIjoiMSJ9",
          "dependencies": [
            "module.eks_oregon.data.aws_availability_zones.available",
            "module.eks_oregon.module.vpc.aws_vpc.this",
            "module.eks_oregon.module.vpc.aws_vpc_ipv4_cidr_block_association.this"
          ]
        },
        {
          "index_key": 2,
          "schema_version": 1,
          "attributes": {
            "arn": "arn:aws:ec2:us-west-2:411623750878:subnet/subnet-01fd4710076ca2f71",
            "assign_ipv6_address_on_creation": false,
            "availability_zone": "us-west-2c",
            "availability_zone_id": "usw2-az3",
            "cidr_block": "10.0.2.0/24",
            "customer_owned_ipv4_pool": "",
            "enable_dns64": false,
            "enable_lni_at_device_index": 0,
            "enable_resource_name_dns_a_record_on_launch": false,
            "enable_resource_name_dns_aaaa_record_on_launch": false,
            "id": "subnet-01fd4710076ca2f71",
            "ipv6_cidr_block": "",
            "ipv6_cidr_block_association_id": "",
            "ipv6_native": false,
            "map_customer_owned_ip_on_launch": false,
            "map_public_ip_on_launch": false,
            "outpost_arn": "",
            "owner_id": "411623750878",
            "private_dns_hostname_type_on_launch": "ip-name",
            "tags": {
              "Name": "linxact-vpc-private-us-west-2c",
              "kubernetes.io/cluster/linxact-or": "shared",
              "kubernetes.io/role/internal-elb": "1"
            },
            "tags_all": {
              "Name": "linxact-vpc-private-us-west-2c",
              "kubernetes.io/cluster/linxact-or": "shared",
              "kubernetes.io/role/internal-elb": "1"
            },
            "timeouts": null,
            "vpc_id": "vpc-0df6027dddaafd8bd"
          },
          "sensitive_attributes": [],
          "private": "eyJlMmJmYjczMC1lY2FhLTExZTYtOGY4OC0zNDM2M2JjN2M0YzAiOnsiY3JlYXRlIjo2MDAwMDAwMDAwMDAsImRlbGV0ZSI6MTIwMDAwMDAwMDAwMH0sInNjaGVtYV92ZXJzaW9uIjoiMSJ9",
          "dependencies": [
            "module.eks_oregon.data.aws_availability_zones.available",
            "module.eks_oregon.module.vpc.aws_vpc.this",
            "module.eks_oregon.module.vpc.aws_vpc_ipv4_cidr_block_association.this"
          ]
        },
        {
          "index_key": 3,
          "schema_version": 1,
          "attributes": {
            "arn": "arn:aws:ec2:us-west-2:411623750878:subnet/subnet-08da24ad24478817d",
            "assign_ipv6_address_on_creation": false,
            "availability_zone": "us-west-2a",
            "availability_zone_id": "usw2-az1",
            "cidr_block": "10.0.3.0/24",
            "customer_owned_ipv4_pool": "",
            "enable_dns64": false,
            "enable_lni_at_device_index": 0,
            "enable_resource_name_dns_a_record_on_launch": false,
            "enable_resource_name_dns_aaaa_record_on_launch": false,
            "id": "subnet-08da24ad24478817d",
            "ipv6_cidr_block": "",
            "ipv6_cidr_block_association_id": "",
            "ipv6_native": false,
            "map_customer_owned_ip_on_launch": false,
            "map_public_ip_on_launch": false,
            "outpost_arn": "",
            "owner_id": "411623750878",
            "private_dns_hostname_type_on_launch": "ip-name",
            "tags": {
              "Name": "linxact-vpc-private-us-west-2a",
              "kubernetes.io/cluster/linxact-or": "shared",
              "kubernetes.io/role/internal-elb": "1"
            },
            "tags_all": {
              "Name": "linxact-vpc-private-us-west-2a",
              "kubernetes.io/cluster/linxact-or": "shared",
              "kubernetes.io/role/internal-elb": "1"
            },
            "timeouts": null,
            "vpc_id": "vpc-0df6027dddaafd8bd"
          },
          "sensitive_attributes": [],
          "private": "eyJlMmJmYjczMC1lY2FhLTExZTYtOGY4OC0zNDM2M2JjN2M0YzAiOnsiY3JlYXRlIjo2MDAwMDAwMDAwMDAsImRlbGV0ZSI6MTIwMDAwMDAwMDAwMH0sInNjaGVtYV92ZXJzaW9uIjoiMSJ9",
          "dependencies": [
            "module.eks_oregon.data.aws_availability_zones.available",
            "module.eks_oregon.module.vpc.aws_vpc.this",
            "module.eks_oregon.module.vpc.aws_vpc_ipv4_cidr_block_association.this"
          ]
        },
        {
          "index_key": 4,
          "schema_version": 1,
          "attributes": {
            "arn": "arn:aws:ec2:us-west-2:411623750878:subnet/subnet-07d395f2db4d90437",
            "assign_ipv6_address_on_creation": false,
            "availability_zone": "us-west-2b",
            "availability_zone_id": "usw2-az2",
            "cidr_block": "10.0.4.0/24",
            "customer_owned_ipv4_pool": "",
            "enable_dns64": false,
            "enable_lni_at_device_index": 0,
            "enable_resource_name_dns_a_record_on_launch": false,
            "enable_resource_name_dns_aaaa_record_on_launch": false,
            "id": "subnet-07d395f2db4d90437",
            "ipv6_cidr_block": "",
            "ipv6_cidr_block_association_id": "",
            "ipv6_native": false,
            "map_customer_owned_ip_on_launch": false,
            "map_public_ip_on_launch": false,
            "outpost_arn": "",
            "owner_id": "411623750878",
            "private_dns_hostname_type_on_launch": "ip-name",
            "tags": {
              "Name": "linxact-vpc-private-us-west-2b",
              "kubernetes.io/cluster/linxact-or": "shared",
              "kubernetes.io/role/internal-elb": "1"
            },
            "tags_all": {
              "Name": "linxact-vpc-private-us-west-2b",
              "kubernetes.io/cluster/linxact-or": "shared",
              "kubernetes.io/role/internal-elb": "1"
            },
            "timeouts": null,
            "vpc_id": "vpc-0df6027dddaafd8bd"
          },
          "sensitive_attributes": [],
          "private": "eyJlMmJmYjczMC1lY2FhLTExZTYtOGY4OC0zNDM2M2JjN2M0YzAiOnsiY3JlYXRlIjo2MDAwMDAwMDAwMDAsImRlbGV0ZSI6MTIwMDAwMDAwMDAwMH0sInNjaGVtYV92ZXJzaW9uIjoiMSJ9",
          "dependencies": [
            "module.eks_oregon.data.aws_availability_zones.available",
            "module.eks_oregon.module.vpc.aws_vpc.this",
            "module.eks_oregon.module.vpc.aws_vpc_ipv4_cidr_block_association.this"
          ]
        }
      ]
    },
    {
      "module": "module.eks_oregon[0].module.vpc",
      "mode": "managed",
      "type": "aws_subnet",
      "name": "public",
      "provider": "provider[\"registry.terraform.io/hashicorp/aws\"].oregon",
      "instances": [
        {
          "index_key": 0,
          "schema_version": 1,
          "attributes": {
            "arn": "arn:aws:ec2:us-west-2:411623750878:subnet/subnet-0c2db705513d364e6",
            "assign_ipv6_address_on_creation": false,
            "availability_zone": "us-west-2a",
            "availability_zone_id": "usw2-az1",
            "cidr_block": "10.0.5.0/24",
            "customer_owned_ipv4_pool": "",
            "enable_dns64": false,
            "enable_lni_at_device_index": 0,
            "enable_resource_name_dns_a_record_on_launch": false,
            "enable_resource_name_dns_aaaa_record_on_launch": false,
            "id": "subnet-0c2db705513d364e6",
            "ipv6_cidr_block": "",
            "ipv6_cidr_block_association_id": "",
            "ipv6_native": false,
            "map_customer_owned_ip_on_launch": false,
            "map_public_ip_on_launch": false,
            "outpost_arn": "",
            "owner_id": "411623750878",
            "private_dns_hostname_type_on_launch": "ip-name",
            "tags": {
              "Name": "linxact-vpc-public-us-west-2a",
              "kubernetes.io/cluster/linxact-or": "shared",
              "kubernetes.io/role/elb": "1"
            },
            "tags_all": {
              "Name": "linxact-vpc-public-us-west-2a",
              "kubernetes.io/cluster/linxact-or": "shared",
              "kubernetes.io/role/elb": "1"
            },
            "timeouts": null,
            "vpc_id": "vpc-0df6027dddaafd8bd"
          },
          "sensitive_attributes": [],
          "private": "eyJlMmJmYjczMC1lY2FhLTExZTYtOGY4OC0zNDM2M2JjN2M0YzAiOnsiY3JlYXRlIjo2MDAwMDAwMDAwMDAsImRlbGV0ZSI6MTIwMDAwMDAwMDAwMH0sInNjaGVtYV92ZXJzaW9uIjoiMSJ9",
          "dependencies": [
            "module.eks_oregon.data.aws_availability_zones.available",
            "module.eks_oregon.module.vpc.aws_vpc.this",
            "module.eks_oregon.module.vpc.aws_vpc_ipv4_cidr_block_association.this"
          ]
        },
        {
          "index_key": 1,
          "schema_version": 1,
          "attributes": {
            "arn": "arn:aws:ec2:us-west-2:411623750878:subnet/subnet-01077a31534b6c7cf",
            "assign_ipv6_address_on_creation": false,
            "availability_zone": "us-west-2b",
            "availability_zone_id": "usw2-az2",
            "cidr_block": "10.0.6.0/24",
            "customer_owned_ipv4_pool": "",
            "enable_dns64": false,
            "enable_lni_at_device_index": 0,
            "enable_resource_name_dns_a_record_on_launch": false,
            "enable_resource_name_dns_aaaa_record_on_launch": false,
            "id": "subnet-01077a31534b6c7cf",
            "ipv6_cidr_block": "",
            "ipv6_cidr_block_association_id": "",
            "ipv6_native": false,
            "map_customer_owned_ip_on_launch": false,
            "map_public_ip_on_launch": false,
            "outpost_arn": "",
            "owner_id": "411623750878",
            "private_dns_hostname_type_on_launch": "ip-name",
            "tags": {
              "Name": "linxact-vpc-public-us-west-2b",
              "kubernetes.io/cluster/linxact-or": "shared",
              "kubernetes.io/role/elb": "1"
            },
            "tags_all": {
              "Name": "linxact-vpc-public-us-west-2b",
              "kubernetes.io/cluster/linxact-or": "shared",
              "kubernetes.io/role/elb": "1"
            },
            "timeouts": null,
            "vpc_id": "vpc-0df6027dddaafd8bd"
          },
          "sensitive_attributes": [],
          "private": "eyJlMmJmYjczMC1lY2FhLTExZTYtOGY4OC0zNDM2M2JjN2M0YzAiOnsiY3JlYXRlIjo2MDAwMDAwMDAwMDAsImRlbGV0ZSI6MTIwMDAwMDAwMDAwMH0sInNjaGVtYV92ZXJzaW9uIjoiMSJ9",
          "dependencies": [
            "module.eks_oregon.data.aws_availability_zones.available",
            "module.eks_oregon.module.vpc.aws_vpc.this",
            "module.eks_oregon.module.vpc.aws_vpc_ipv4_cidr_block_association.this"
          ]
        },
        {
          "index_key": 2,
          "schema_version": 1,
          "attributes": {
            "arn": "arn:aws:ec2:us-west-2:411623750878:subnet/subnet-099b8a8cd4a9f6c4b",
            "assign_ipv6_address_on_creation": false,
            "availability_zone": "us-west-2c",
            "availability_zone_id": "usw2-az3",
            "cidr_block": "10.0.7.0/24",
            "customer_owned_ipv4_pool": "",
            "enable_dns64": false,
            "enable_lni_at_device_index": 0,
            "enable_resource_name_dns_a_record_on_launch": false,
            "enable_resource_name_dns_aaaa_record_on_launch": false,
            "id": "subnet-099b8a8cd4a9f6c4b",
            "ipv6_cidr_block": "",
            "ipv6_cidr_block_association_id": "",
            "ipv6_native": false,
            "map_customer_owned_ip_on_launch": false,
            "map_public_ip_on_launch": false,
            "outpost_arn": "",
            "owner_id": "411623750878",
            "private_dns_hostname_type_on_launch": "ip-name",
            "tags": {
              "Name": "linxact-vpc-public-us-west-2c",
              "kubernetes.io/cluster/linxact-or": "shared",
              "kubernetes.io/role/elb": "1"
            },
            "tags_all": {
              "Name": "linxact-vpc-public-us-west-2c",
              "kubernetes.io/cluster/linxact-or": "shared",
              "kubernetes.io/role/elb": "1"
            },
            "timeouts": null,
            "vpc_id": "vpc-0df6027dddaafd8bd"
          },
          "sensitive_attributes": [],
          "private": "eyJlMmJmYjczMC1lY2FhLTExZTYtOGY4OC0zNDM2M2JjN2M0YzAiOnsiY3JlYXRlIjo2MDAwMDAwMDAwMDAsImRlbGV0ZSI6MTIwMDAwMDAwMDAwMH0sInNjaGVtYV92ZXJzaW9uIjoiMSJ9",
          "dependencies": [
            "module.eks_oregon.data.aws_availability_zones.available",
            "module.eks_oregon.module.vpc.aws_vpc.this",
            "module.eks_oregon.module.vpc.aws_vpc_ipv4_cidr_block_association.this"
          ]
        },
        {
          "index_key": 3,
          "schema_version": 1,
          "attributes": {
            "arn": "arn:aws:ec2:us-west-2:411623750878:subnet/subnet-02acaa2ca65ff93a9",
            "assign_ipv6_address_on_creation": false,
            "availability_zone": "us-west-2a",
            "availability_zone_id": "usw2-az1",
            "cidr_block": "10.0.8.0/24",
            "customer_owned_ipv4_pool": "",
            "enable_dns64": false,
            "enable_lni_at_device_index": 0,
            "enable_resource_name_dns_a_record_on_launch": false,
            "enable_resource_name_dns_aaaa_record_on_launch": false,
            "id": "subnet-02acaa2ca65ff93a9",
            "ipv6_cidr_block": "",
            "ipv6_cidr_block_association_id": "",
            "ipv6_native": false,
            "map_customer_owned_ip_on_launch": false,
            "map_public_ip_on_launch": false,
            "outpost_arn": "",
            "owner_id": "411623750878",
            "private_dns_hostname_type_on_launch": "ip-name",
            "tags": {
              "Name": "linxact-vpc-public-us-west-2a",
              "kubernetes.io/cluster/linxact-or": "shared",
              "kubernetes.io/role/elb": "1"
            },
            "tags_all": {
              "Name": "linxact-vpc-public-us-west-2a",
              "kubernetes.io/cluster/linxact-or": "shared",
              "kubernetes.io/role/elb": "1"
            },
            "timeouts": null,
            "vpc_id": "vpc-0df6027dddaafd8bd"
          },
          "sensitive_attributes": [],
          "private": "eyJlMmJmYjczMC1lY2FhLTExZTYtOGY4OC0zNDM2M2JjN2M0YzAiOnsiY3JlYXRlIjo2MDAwMDAwMDAwMDAsImRlbGV0ZSI6MTIwMDAwMDAwMDAwMH0sInNjaGVtYV92ZXJzaW9uIjoiMSJ9",
          "dependencies": [
            "module.eks_oregon.data.aws_availability_zones.available",
            "module.eks_oregon.module.vpc.aws_vpc.this",
            "module.eks_oregon.module.vpc.aws_vpc_ipv4_cidr_block_association.this"
          ]
        },
        {
          "index_key": 4,
          "schema_version": 1,
          "attributes": {
            "arn": "arn:aws:ec2:us-west-2:411623750878:subnet/subnet-08d3ebc1c77cd332c",
            "assign_ipv6_address_on_creation": false,
            "availability_zone": "us-west-2b",
            "availability_zone_id": "usw2-az2",
            "cidr_block": "10.0.9.0/24",
            "customer_owned_ipv4_pool": "",
            "enable_dns64": false,
            "enable_lni_at_device_index": 0,
            "enable_resource_name_dns_a_record_on_launch": false,
            "enable_resource_name_dns_aaaa_record_on_launch": false,
            "id": "subnet-08d3ebc1c77cd332c",
            "ipv6_cidr_block": "",
            "ipv6_cidr_block_association_id": "",
            "ipv6_native": false,
            "map_customer_owned_ip_on_launch": false,
            "map_public_ip_on_launch": false,
            "outpost_arn": "",
            "owner_id": "411623750878",
            "private_dns_hostname_type_on_launch": "ip-name",
            "tags": {
              "Name": "linxact-vpc-public-us-west-2b",
              "kubernetes.io/cluster/linxact-or": "shared",
              "kubernetes.io/role/elb": "1"
            },
            "tags_all": {
              "Name": "linxact-vpc-public-us-west-2b",
              "kubernetes.io/cluster/linxact-or": "shared",
              "kubernetes.io/role/elb": "1"
            },
            "timeouts": null,
            "vpc_id": "vpc-0df6027dddaafd8bd"
          },
          "sensitive_attributes": [],
          "private": "eyJlMmJmYjczMC1lY2FhLTExZTYtOGY4OC0zNDM2M2JjN2M0YzAiOnsiY3JlYXRlIjo2MDAwMDAwMDAwMDAsImRlbGV0ZSI6MTIwMDAwMDAwMDAwMH0sInNjaGVtYV92ZXJzaW9uIjoiMSJ9",
          "dependencies": [
            "module.eks_oregon.data.aws_availability_zones.available",
            "module.eks_oregon.module.vpc.aws_vpc.this",
            "module.eks_oregon.module.vpc.aws_vpc_ipv4_cidr_block_association.this"
          ]
        }
      ]
    },
    {
      "module": "module.eks_oregon[0].module.vpc",
      "mode": "managed",
      "type": "aws_vpc",
      "name": "this",
      "provider": "provider[\"registry.terraform.io/hashicorp/aws\"].oregon",
      "instances": [
        {
          "index_key": 0,
          "schema_version": 1,
          "attributes": {
            "arn": "arn:aws:ec2:us-west-2:411623750878:vpc/vpc-0df6027dddaafd8bd",
            "assign_generated_ipv6_cidr_block": false,
            "cidr_block": "10.0.0.0/16",
            "default_network_acl_id": "acl-0f1fe862db84d6101",
            "default_route_table_id": "rtb-00722f4e2223983ff",
            "default_security_group_id": "sg-088c03c703dbdea79",
            "dhcp_options_id": "dopt-b3f197ca",
            "enable_dns_hostnames": true,
            "enable_dns_support": true,
            "enable_network_address_usage_metrics": false,
            "id": "vpc-0df6027dddaafd8bd",
            "instance_tenancy": "default",
            "ipv4_ipam_pool_id": null,
            "ipv4_netmask_length": null,
            "ipv6_association_id": "",
            "ipv6_cidr_block": "",
            "ipv6_cidr_block_network_border_group": "",
            "ipv6_ipam_pool_id": "",
            "ipv6_netmask_length": 0,
            "main_route_table_id": "rtb-00722f4e2223983ff",
            "owner_id": "411623750878",
            "tags": {
              "Name": "linxact-vpc"
            },
            "tags_all": {
              "Name": "linxact-vpc"
            }
          },
          "sensitive_attributes": [],
          "private": "eyJzY2hlbWFfdmVyc2lvbiI6IjEifQ==",
          "create_before_destroy": true
        }
      ]
    },
    {
      "module": "module.eks_oregon[0].module.vpc",
      "mode": "managed",
      "type": "aws_vpc_ipv4_cidr_block_association",
      "name": "this",
      "provider": "provider[\"registry.terraform.io/hashicorp/aws\"].oregon",
      "instances": []
    }
  ],
  "check_results": null
}
