{
  "version": 4,
  "terraform_version": "1.7.1",
  "serial": 11686,
  "lineage": "4b06434a-c978-63bd-ec3d-8b8b79e0b36d",
  "outputs": {},
  "resources": [
    {
      "mode": "data",
      "type": "aws_ecrpublic_authorization_token",
      "name": "token",
      "provider": "provider[\"registry.terraform.io/hashicorp/aws\"].n_virginia",
      "instances": [
        {
          "schema_version": 0,
          "attributes": {
            "authorization_token": "QVdTOmV5SndZWGxzYjJGa0lqb2liblZRUjNGM1VVVlhXa1JZTjNGTVNIbGliSFk0U1dSbFVYbHlRazFSYVd4ak9EQXZkbWhuZG1sRWVHRkdTRFpZSzNKbk5uUlJNVzlTUmtOSWRVaGlSRkppVG1ORlUybGtObXh4V1RCR1pXRlNXV3BvY0VwbmVHNHJUME42UjA5VlJtaFNkVXBvTTJ4Vk5FSk9lbWRvVlhnMU1tOUpORVpEVGtGWVpGSXhaM2hZZDBGaGFFcGhXalZsVlN0bGNXaDRia2hZYjFnME1FbERTRkZEUWswcmNIWnpNMWRzZVUxcU0xRmhjVTAzVlhOUFEwbENORTQzUTBSQmVua3JTa2RPWnpWU2MwTnFiMWRRU0U1blJFdGtObnAwYW5VM01HUTRkemRpTVRoSmJtSlVOeTgzYmxseU5YVTJVREJsUW10QlQwcFNhMUZSWm5oVVIwUkVaVzQzTmtabGRFbEpRa1I1ZGtOVFNsSk1lVlZ6UVVwYVZHcHZTWEZZYWtJNVluRlhhMHhDTDNCblF5OXpWbkYzVG1GeWFGSjNjVUpWU1ZOUGRraGpVV1F3TDBwTVZ6QjVhREpsVXpoalN6STFSSFIwWlhKRldrUkNiMGN5WVZsc0x6Tk1VMk42WmtVeVdWUmpURTVqY214Uk5sRlVjM1JVYW1aVGNsTkRPV1JwVjBsMVVuQlBWMkptYjFsR2JWUTNURU1yTlZSTUwxRnZLMUprY2k5RFpISjJiVWhpZFZKVE1WQkxSVFZvYm00Mk9GaExjSE4xYlU5bFJuVjJZbGd6WVhNclJFTlJPV0k0ZFVGbk1FRkVTekExUjB0MGRqUnBOV2xWUjNodlFrbE9ZbU41ZWtWaWVuUkZNekJhZFhCblNEQlRUMG93U2pGMllXRnBNWFpCU0ZabmJXaFJNRTFNZUVaaVRGcFJVRzk0TDJ3MWJXcHljRUZRUjBReGJuWmhZMkpvV0ROMWNFaENNMG8wYTFSU2JXdE5jVVlyZWpOMFFsQnBWRE5FTm5CMVlUQnZXVXRwYlcxb2JTdGtha0pITjIxeU5ITlpWMk5KUTBoVlZqWkRWa3BuZEhKMGMxRnhSa1JRUTIxdk9FZFpTSE5OZGpSV056bElXRzlQZEdScWJUbENNVE41UVdkWFQxZHVNRWxMYml0Mkt6azFjekJ2VDNKclRIaEJaRUl5UzNSV00yMTFXV3BrTm1NNGJsaFdjSGxpTkZKa2JHa3pNMkoyU21KQ1ZXMWhOWFZ3UTFSekwwTk9lbXRpZDJaNWRVNXBNMlpGV0NzeVRWaEJhSEp1Wmtkb2VFaHphRWhVYzJsUmNWUXpWbmgwTm1zeVJWazVkRXRwVDAxRGJFd3ZlSEJrWm1sdE5pOVphVGh3YURBMFRVcFBTV2syTUV0YVEyaHBlalpDU210VU5tcHFNVmxHYVdaRVdDdE9LM05yVURSVFoyTktkM1J5YTJkU2MzVnBVVlJaTnpacmVHRXhMemR5ZEUxNWQzQlpXbkJpVURCNFNFeG1WVWREU0dGc2FVVXlWR2hXT0VaUlIyUkNiSE5SWkV4dFdrdFRRa0VyVG5kMUwyVm9RakJxZUhKT2JWRnFNekJ2YUhaSk5Ia3hNR0pHUmxNM1JqWnFlbUpOUlhkWFZGbGFVSFkwTkcwNFNFdElaMVI1VkZOSGFGZzBhbTVtV1VKbE9UaHpXVkJ5ZUVRMlNETnFSa1V2TUVWdmQzSjNjM0JEVG1wSlR6Wk9VblZyUlcxSWMwTlJibWRhV20wek56TjZPRmswUjNsVE5YbHROaTlGT1dnelUzVldiRUp6ZDFwS1JUaHJRbXN6VW5sYWNFbElSU0lzSW1SaGRHRnJaWGtpT2lKbGVVcFJVa1puYVU5cFNuRlpNRlo0VVhwc1UxcEdiRUpOTUZwMFdrVkdUMkZyZURaWFZURk5aRWhXZGs1SFZYWlJNVTVvWW14c1FrOUZOSGRTZWxKRVpHeE9Ta3N3ZEhaUFNFWjNVMFpXYTFRd1ZrSkxNa3AzWTBoR1VrMXVSblZoUmxaRFZWaGFOazlIZUZSV2JYUlNVekZOZW1ScmNESlhSMXBwV1ZWU05WUnVXa05UYmxaNlZqQm9SVnBzUW01VFIxb3hVMFJrV0dRemJGcFVNVlo0WkZSYVVWRnFWWGhoVkZaNlkwUktObU5yYkd0bFIwcE9Va1pzVlZaR1VqTk9NbHBzWVd4SmNsWkZVbUZhUmxwRlpGUkplbVJXUmt4a01FcDZZbTVWZUZaRmRGUk9SVVowWVZoR1UyUXhjSFppYWxGNlZGVndNMlJzWkZSVFZYTTBXbnBrVkdNd1JsVk5SM2hzV1ZSV05XRnNiM2hUYkd4Q1ZXeFdXR0l5YnpOTU0wcExWMWhCZVdSVWF6RmlSVFZPVFcwMVUyRlZUWGxUTTAxeVZVVnNjbUV3ZUhGWFNHYzFaRE53UWs1V1pGVlBWM2gxVGpOc2VsTjZXbGhUVkVaRlZETmtWbGRWVWtaaFZYUlNVbFpPTVUxSWJIVlRSM0JwVEhwbmVWRlVSbTFqUms1U1dqTkdWbEpYZUV4VVJsSkVXVlZLU1ZsWVJsSlpWbVI0VTNwc2JFNXVUWGhPU0d4SVdraHNhbUZxVW1GaWExSTBaV3BXYzFac1pIbFNWVlpNVDFWa1JXRnVjRzlXUkZFeFZqRmplbFZZWXpsUVUwbHpTV3RzUWxKRFNUWkpiVnB1VFVScmNsRnNhRmRWVmtwTVdWVnZlVTlXVmxWV2ExcHZUVWR3VDBzelpGSk9NV2cwVkVkamNtRnJXakpsU0VVelpHNVdWR0l5WkhGWGJtUkxVbFpTVVdKSFdqSmtWV3hxVTFSR2FGRlZiRE5aYTJodldrZFJNRkpUT1d0aFJrNTFWREJ3VkZwNlp6QlVNMlJRVWpJNVlVMXFUblpOYTJodVlraGpNbGRyVm5waVJFSnhXV3BGZDFGcmN6VlZWRVpKWlZaR1ZGWXlSazVrTTBKYVQxZG9jbUZXVm5OV1JYaHhVVlYwYmxscmVGaGhWbWh4VlVWV2JXVlZhSFpVVkZKS1RtdE9lbVZXVWtsTk1qbHpWVWRHYUU0d05VWmFWVFZ1VkVaT2NWb3hVbE5XVlVZd1lsZEdTbEZyVGtObGJFSllWR3RLVUZwcGRFbGhhMDVyWkVoYVVrMHdWak5hTWxaRlVXNXdUbU16V1RSaWFrNVdaRzFvVkZReFdubE9ibVJyVERCM2VtTlZlR2xWUlhSaFRtNVJkbE50Y0hCa1JGWTFVMFY0YUU1c1VsZFZWemt6VW0wMWNGcHJhRUpWZW14NVdtdDRZVmRwT1hSYVdGcERaVzFXY2xSWVFtbE5hMVpyWXpCYU1WZEZVbk5pTTBaeFVtMDViR05zUVRKVFdFSkdVbXBrU1dSNlkzaGhWRXBHWW14c2NrMXJjR2xSYXpGWllWaENNVXN5V2xkVVNGRXlXV3RzZEdWWGVITmhXRWwzV1dsME1VOVVRakJoVldSVlZUQmFTR0ZGUlROUlZEQTVTVzR3UFNJc0luWmxjbk5wYjI0aU9pSXpJaXdpZEhsd1pTSTZJa1JCVkVGZlMwVlpJaXdpWlhod2FYSmhkR2x2YmlJNk1UY3dOalU0T0RJek9IMD0=",
            "expires_at": "2024-01-30T04:17:18Z",
            "id": "us-east-1",
            "password": "eyJwYXlsb2FkIjoibnVQR3F3UUVXWkRYN3FMSHlibHY4SWRlUXlyQk1RaWxjODAvdmhndmlEeGFGSDZYK3JnNnRRMW9SRkNIdUhiRFJiTmNFU2lkNmxxWTBGZWFSWWpocEpneG4rT0N6R09VRmhSdUpoM2xVNEJOemdoVXg1Mm9JNEZDTkFYZFIxZ3hYd0FhaEphWjVlVStlcWh4bkhYb1g0MElDSFFDQk0rcHZzM1dseU1qM1FhcU03VXNPQ0lCNE43Q0RBenkrSkdOZzVSc0Nqb1dQSE5nREtkNnp0anU3MGQ4dzdiMThJbmJUNy83bllyNXU2UDBlQmtBT0pSa1FRZnhUR0REZW43NkZldElJQkR5dkNTSlJMeVVzQUpaVGpvSXFYakI5YnFXa0xCL3BnQy9zVnF3TmFyaFJ3cUJVSVNPdkhjUWQwL0pMVzB5aDJlUzhjSzI1RHR0ZXJFWkRCb0cyYVlsLzNMU2N6ZkUyWVRjTE5jcmxRNlFUc3RUamZTclNDOWRpV0l1UnBPV2Jmb1lGbVQ3TEMrNVRML1FvK1Jkci9DZHJ2bUhidVJTMVBLRTVobm42OFhLcHN1bU9lRnV2YlgzYXMrRENROWI4dUFnMEFESzA1R0t0djRpNWlVR3hvQklOYmN5ekVienRFMzBadXBnSDBTT0owSjF2YWFpMXZBSFZnbWhRME1MeEZiTFpRUG94L2w1bWpycEFQR0QxbnZhY2JoWDN1cEhCM0o0a1RSbWtNcUYrejN0QlBpVDNENnB1YTBvWUtpbW1obStkakJHN21yNHNZV2NJQ0hVVjZDVkpndHJ0c1FxRkRQQ21vOEdZSHNNdjRWNzlIWG9PdGRqbTlCMTN5QWdXT1duMElLbit2Kzk1czBvT3JrTHhBZEIyS3RWM211WWpkNmM4blhWcHliNFJkbGkzM2J2SmJCVW1hNXVwQ1RzL0NOemtid2Z5dU5pM2ZFWCsyTVhBaHJuZkdoeEhzaEhUc2lRcVQzVnh0NmsyRVk5dEtpT01DbEwveHBkZmltNi9ZaThwaDA0TUpPSWk2MEtaQ2hpejZCSmtUNmpqMVlGaWZEWCtOK3NrUDRTZ2NKd3Rya2dSc3VpUVRZNzZreGExLzdydE15d3BZWnBiUDB4SExmVUdDSGFsaUUyVGhWOEZRR2RCbHNRZExtWktTQkErTnd1L2VoQjBqeHJObVFqMzBvaHZJNHkxMGJGRlM3RjZqemJNRXdXVFlaUHY0NG04SEtIZ1R5VFNHaFg0am5mWUJlOThzWVByeEQ2SDNqRkUvMEVvd3J3c3BDTmpJTzZOUnVrRW1Ic0NRbmdaWm0zNzN6OFk0R3lTNXltNi9FOWgzU3VWbEJzd1pKRThrQmszUnlacElIRSIsImRhdGFrZXkiOiJleUpRUkZnaU9pSnFZMFZ4UXpsU1pGbEJNMFp0WkVGT2FreDZXVTFNZEhWdk5HVXZRMU5oYmxsQk9FNHdSelJEZGxOSkswdHZPSEZ3U0ZWa1QwVkJLMkp3Y0hGUk1uRnVhRlZDVVhaNk9HeFRWbXRSUzFNemRrcDJXR1ppWVVSNVRuWkNTblZ6VjBoRVpsQm5TR1oxU0RkWGQzbFpUMVZ4ZFRaUVFqVXhhVFZ6Y0RKNmNrbGtlR0pOUkZsVVZGUjNOMlpsYWxJclZFUmFaRlpFZFRJemRWRkxkMEp6Ym5VeFZFdFRORUZ0YVhGU2QxcHZialF6VFVwM2RsZFRTVXM0WnpkVGMwRlVNR3hsWVRWNWFsb3hTbGxCVWxWWGIybzNMM0pLV1hBeWRUazFiRTVOTW01U2FVTXlTM01yVUVscmEweHFXSGc1ZDNwQk5WZFVPV3h1TjNselN6WlhTVEZFVDNkVldVUkZhVXRSUlZOMU1IbHVTR3BpTHpneVFURm1jRk5SWjNGVlJXeExURlJEWVVKSVlYRlJZVmR4U3psbE5uTXhOSGxIWkhsamFqUmFia1I0ZWpWc1ZsZHlSVVZMT1VkRWFucG9WRFExVjFjelVYYzlQU0lzSWtsQlJDSTZJbVpuTURrclFsaFdVVkpMWVVveU9WVlVWa1pvTUdwT0szZFJOMWg0VEdjcmFrWjJlSEUzZG5WVGIyZHFXbmRLUlZSUWJHWjJkVWxqU1RGaFFVbDNZa2hvWkdRMFJTOWthRk51VDBwVFp6ZzBUM2RQUjI5YU1qTnZNa2huYkhjMldrVnpiREJxWWpFd1FrczVVVEZJZVZGVFYyRk5kM0JaT1docmFWVnNWRXhxUVV0bllreFhhVmhxVUVWbWVVaHZUVFJKTmtOemVWUklNMjlzVUdGaE4wNUZaVTVuVEZOcVoxUlNWVUYwYldGSlFrTkNlbEJYVGtKUFppdElha05rZEhaUk0wVjNaMlZFUW5wTmMzWTRiak5WZG1oVFQxWnlObmRrTDB3emNVeGlVRXRhTm5RdlNtcHBkRFY1U0V4aE5sUldVVzkzUm01cFpraEJVemx5Wmt4YVdpOXRaWFpDZW1WclRYQmlNa1ZrYzBaMVdFUnNiM0ZxUm05bGNsQTJTWEJGUmpkSWR6Y3hhVEpGYmxsck1rcGlRazFZYVhCMUsyWldUSFEyWWtsdGVXeHNhWEl3WWl0MU9UQjBhVWRVVTBaSGFFRTNRVDA5SW4wPSIsInZlcnNpb24iOiIzIiwidHlwZSI6IkRBVEFfS0VZIiwiZXhwaXJhdGlvbiI6MTcwNjU4ODIzOH0=",
            "user_name": "AWS"
          },
          "sensitive_attributes": []
        }
      ]
    },
    {
      "module": "module.eks_n_virginia",
      "mode": "data",
      "type": "aws_availability_zones",
      "name": "available",
      "provider": "provider[\"registry.terraform.io/hashicorp/aws\"].n_virginia",
      "instances": [
        {
          "schema_version": 0,
          "attributes": {
            "all_availability_zones": null,
            "exclude_names": null,
            "exclude_zone_ids": null,
            "filter": [
              {
                "name": "opt-in-status",
                "values": [
                  "opt-in-not-required"
                ]
              }
            ],
            "group_names": [
              "us-east-1"
            ],
            "id": "us-east-1",
            "names": [
              "us-east-1a",
              "us-east-1b",
              "us-east-1c",
              "us-east-1d",
              "us-east-1e",
              "us-east-1f"
            ],
            "state": null,
            "timeouts": null,
            "zone_ids": [
              "use1-az4",
              "use1-az6",
              "use1-az1",
              "use1-az2",
              "use1-az3",
              "use1-az5"
            ]
          },
          "sensitive_attributes": []
        }
      ]
    },
    {
      "module": "module.eks_n_virginia",
      "mode": "managed",
      "type": "null_resource",
      "name": "merge_kubeconfig",
      "provider": "provider[\"registry.terraform.io/hashicorp/null\"]",
      "instances": [
        {
          "index_key": 0,
          "schema_version": 0,
          "attributes": {
            "id": "102900820635590072",
            "triggers": {
              "always": "2024-01-29T16:27:27Z"
            }
          },
          "sensitive_attributes": [],
          "dependencies": [
            "module.eks_n_virginia.data.aws_availability_zones.available",
            "module.eks_n_virginia.module.eks.aws_cloudwatch_log_group.this",
            "module.eks_n_virginia.module.eks.aws_eks_cluster.this",
            "module.eks_n_virginia.module.eks.aws_iam_policy.cni_ipv6_policy",
            "module.eks_n_virginia.module.eks.aws_iam_role.this",
            "module.eks_n_virginia.module.eks.aws_iam_role_policy_attachment.this",
            "module.eks_n_virginia.module.eks.aws_security_group.cluster",
            "module.eks_n_virginia.module.eks.aws_security_group.node",
            "module.eks_n_virginia.module.eks.aws_security_group_rule.cluster",
            "module.eks_n_virginia.module.eks.aws_security_group_rule.node",
            "module.eks_n_virginia.module.eks.data.aws_caller_identity.current",
            "module.eks_n_virginia.module.eks.data.aws_iam_policy_document.assume_role_policy",
            "module.eks_n_virginia.module.eks.data.aws_iam_policy_document.cni_ipv6_policy",
            "module.eks_n_virginia.module.eks.data.aws_iam_session_context.current",
            "module.eks_n_virginia.module.eks.data.aws_partition.current",
            "module.eks_n_virginia.module.eks.module.kms.aws_kms_external_key.this",
            "module.eks_n_virginia.module.eks.module.kms.aws_kms_key.this",
            "module.eks_n_virginia.module.eks.module.kms.data.aws_caller_identity.current",
            "module.eks_n_virginia.module.eks.module.kms.data.aws_iam_policy_document.this",
            "module.eks_n_virginia.module.eks.module.kms.data.aws_partition.current",
            "module.eks_n_virginia.module.vpc.aws_subnet.intra",
            "module.eks_n_virginia.module.vpc.aws_subnet.private",
            "module.eks_n_virginia.module.vpc.aws_vpc.this",
            "module.eks_n_virginia.module.vpc.aws_vpc_ipv4_cidr_block_association.this"
          ]
        }
      ]
    },
    {
      "module": "module.eks_n_virginia",
      "mode": "managed",
      "type": "random_string",
      "name": "suffix",
      "provider": "provider[\"registry.terraform.io/hashicorp/random\"]",
      "instances": [
        {
          "schema_version": 2,
          "attributes": {
            "id": "9cpxReee",
            "keepers": null,
            "length": 8,
            "lower": true,
            "min_lower": 0,
            "min_numeric": 0,
            "min_special": 0,
            "min_upper": 0,
            "number": true,
            "numeric": true,
            "override_special": null,
            "result": "9cpxReee",
            "special": false,
            "upper": true
          },
          "sensitive_attributes": []
        }
      ]
    },
    {
      "module": "module.eks_n_virginia.module.eks",
      "mode": "data",
      "type": "aws_caller_identity",
      "name": "current",
      "provider": "provider[\"registry.terraform.io/hashicorp/aws\"].n_virginia",
      "instances": [
        {
          "schema_version": 0,
          "attributes": {
            "account_id": "411623750878",
            "arn": "arn:aws:iam::411623750878:user/olexiy",
            "id": "411623750878",
            "user_id": "AIDAV7VVP7TPJ6HRCC3PA"
          },
          "sensitive_attributes": []
        }
      ]
    },
    {
      "module": "module.eks_n_virginia.module.eks",
      "mode": "data",
      "type": "aws_iam_policy_document",
      "name": "assume_role_policy",
      "provider": "provider[\"registry.terraform.io/hashicorp/aws\"].n_virginia",
      "instances": [
        {
          "index_key": 0,
          "schema_version": 0,
          "attributes": {
            "id": "2764486067",
            "json": "{\n  \"Version\": \"2012-10-17\",\n  \"Statement\": [\n    {\n      \"Sid\": \"EKSClusterAssumeRole\",\n      \"Effect\": \"Allow\",\n      \"Action\": \"sts:AssumeRole\",\n      \"Principal\": {\n        \"Service\": \"eks.amazonaws.com\"\n      }\n    }\n  ]\n}",
            "override_policy_documents": null,
            "policy_id": null,
            "source_policy_documents": null,
            "statement": [
              {
                "actions": [
                  "sts:AssumeRole"
                ],
                "condition": [],
                "effect": "Allow",
                "not_actions": [],
                "not_principals": [],
                "not_resources": [],
                "principals": [
                  {
                    "identifiers": [
                      "eks.amazonaws.com"
                    ],
                    "type": "Service"
                  }
                ],
                "resources": [],
                "sid": "EKSClusterAssumeRole"
              }
            ],
            "version": "2012-10-17"
          },
          "sensitive_attributes": []
        }
      ]
    },
    {
      "module": "module.eks_n_virginia.module.eks",
      "mode": "data",
      "type": "aws_iam_policy_document",
      "name": "cni_ipv6_policy",
      "provider": "provider[\"registry.terraform.io/hashicorp/aws\"].n_virginia",
      "instances": []
    },
    {
      "module": "module.eks_n_virginia.module.eks",
      "mode": "data",
      "type": "aws_iam_session_context",
      "name": "current",
      "provider": "provider[\"registry.terraform.io/hashicorp/aws\"].n_virginia",
      "instances": [
        {
          "schema_version": 0,
          "attributes": {
            "arn": "arn:aws:iam::411623750878:user/olexiy",
            "id": "arn:aws:iam::411623750878:user/olexiy",
            "issuer_arn": "arn:aws:iam::411623750878:user/olexiy",
            "issuer_id": "",
            "issuer_name": "",
            "session_name": ""
          },
          "sensitive_attributes": []
        }
      ]
    },
    {
      "module": "module.eks_n_virginia.module.eks",
      "mode": "data",
      "type": "aws_partition",
      "name": "current",
      "provider": "provider[\"registry.terraform.io/hashicorp/aws\"].n_virginia",
      "instances": [
        {
          "schema_version": 0,
          "attributes": {
            "dns_suffix": "amazonaws.com",
            "id": "aws",
            "partition": "aws",
            "reverse_dns_prefix": "com.amazonaws"
          },
          "sensitive_attributes": []
        }
      ]
    },
    {
      "module": "module.eks_n_virginia.module.eks",
      "mode": "data",
      "type": "tls_certificate",
      "name": "this",
      "provider": "provider[\"registry.terraform.io/hashicorp/tls\"]",
      "instances": [
        {
          "index_key": 0,
          "schema_version": 0,
          "attributes": {
            "certificates": [
              {
                "cert_pem": "-----BEGIN CERTIFICATE-----\nMIIEdTCCA12gAwIBAgIJAKcOSkw0grd/MA0GCSqGSIb3DQEBCwUAMGgxCzAJBgNV\nBAYTAlVTMSUwIwYDVQQKExxTdGFyZmllbGQgVGVjaG5vbG9naWVzLCBJbmMuMTIw\nMAYDVQQLEylTdGFyZmllbGQgQ2xhc3MgMiBDZXJ0aWZpY2F0aW9uIEF1dGhvcml0\neTAeFw0wOTA5MDIwMDAwMDBaFw0zNDA2MjgxNzM5MTZaMIGYMQswCQYDVQQGEwJV\nUzEQMA4GA1UECBMHQXJpem9uYTETMBEGA1UEBxMKU2NvdHRzZGFsZTElMCMGA1UE\nChMcU3RhcmZpZWxkIFRlY2hub2xvZ2llcywgSW5jLjE7MDkGA1UEAxMyU3RhcmZp\nZWxkIFNlcnZpY2VzIFJvb3QgQ2VydGlmaWNhdGUgQXV0aG9yaXR5IC0gRzIwggEi\nMA0GCSqGSIb3DQEBAQUAA4IBDwAwggEKAoIBAQDVDDrEKvlO4vW+GZdfjohTsR8/\ny8+fIBNtKTrID30892t2OGPZNmCom15cAICyL1l/9of5JUOG52kbUpqQ4XHj2C0N\nTm/2yEnZtvMaVq4rtnQU68/7JuMauh2WLmo7WJSJR1b/JaCTcFOD2oR0FMNnngRo\nOt+OQFodSk7PQ5E751bWAHDLUu57fa4657wx+UX2wmDPE1kCK4DMNEffud6QZW0C\nzyyRpqbn3oUYSXxmTqM6bam17jQuug0DuDPfR+uxa40l2ZvOgdFFRjKWcIfeAg5J\nQ4W2bHO7ZOphQazJ1FTfhy/HIrImzJ9ZVGif/L4qL8RVHHVAYBeFAlU5i38FAgMB\nAAGjgfAwge0wDwYDVR0TAQH/BAUwAwEB/zAOBgNVHQ8BAf8EBAMCAYYwHQYDVR0O\nBBYEFJxfAN+qAdcwKziIorhtSpzyEZGDMB8GA1UdIwQYMBaAFL9ft9HO3R+G9FtV\nrNzXEMIOqYjnME8GCCsGAQUFBwEBBEMwQTAcBggrBgEFBQcwAYYQaHR0cDovL28u\nc3MyLnVzLzAhBggrBgEFBQcwAoYVaHR0cDovL3guc3MyLnVzL3guY2VyMCYGA1Ud\nHwQfMB0wG6AZoBeGFWh0dHA6Ly9zLnNzMi51cy9yLmNybDARBgNVHSAECjAIMAYG\nBFUdIAAwDQYJKoZIhvcNAQELBQADggEBACMd44pXyn3pF3lM8R5V/cxTbj5HD9/G\nVfKyBDbtgB9TxF00KGu+x1X8Z+rLP3+QsjPNG1gQggL4+C/1E2DUBc7xgQjB3ad1\nl08YuW3e95ORCLp+QCztweq7dp4zBncdDQh/U90bZKuCJ/Fp1U1ervShw3WnWEQt\n8jxwmKy6abaVd38PMV4s/KCHOkdp8Hlf9BRUpJVeEXgSYCfOn8J3/yNTd126/+pZ\n59vPr5KW7ySaNRB6nJHGDn2Z9j8Z3/VyVOEVqQdZe4O/Ui5GjLIAZHYcSNPYeehu\nVsyuLAOQ1xk4meTKCRlb/weWsKh/NEnfVqn3sF/tM+2MR7cwA130A4w=\n-----END CERTIFICATE-----\n",
                "is_ca": true,
                "issuer": "OU=Starfield Class 2 Certification Authority,O=Starfield Technologies\\, Inc.,C=US",
                "not_after": "2034-06-28T17:39:16Z",
                "not_before": "2009-09-02T00:00:00Z",
                "public_key_algorithm": "RSA",
                "serial_number": "12037640545166866303",
                "sha1_fingerprint": "9e99a48a9960b14926bb7f3b02e22da2b0ab7280",
                "signature_algorithm": "SHA256-RSA",
                "subject": "CN=Starfield Services Root Certificate Authority - G2,O=Starfield Technologies\\, Inc.,L=Scottsdale,ST=Arizona,C=US",
                "version": 3
              },
              {
                "cert_pem": "-----BEGIN CERTIFICATE-----\nMIIEkjCCA3qgAwIBAgITBn+USionzfP6wq4rAfkI7rnExjANBgkqhkiG9w0BAQsF\nADCBmDELMAkGA1UEBhMCVVMxEDAOBgNVBAgTB0FyaXpvbmExEzARBgNVBAcTClNj\nb3R0c2RhbGUxJTAjBgNVBAoTHFN0YXJmaWVsZCBUZWNobm9sb2dpZXMsIEluYy4x\nOzA5BgNVBAMTMlN0YXJmaWVsZCBTZXJ2aWNlcyBSb290IENlcnRpZmljYXRlIEF1\ndGhvcml0eSAtIEcyMB4XDTE1MDUyNTEyMDAwMFoXDTM3MTIzMTAxMDAwMFowOTEL\nMAkGA1UEBhMCVVMxDzANBgNVBAoTBkFtYXpvbjEZMBcGA1UEAxMQQW1hem9uIFJv\nb3QgQ0EgMTCCASIwDQYJKoZIhvcNAQEBBQADggEPADCCAQoCggEBALJ4gHHKeNXj\nca9HgFB0fW7Y14h29Jlo91ghYPl0hAEvrAIthtOgQ3pOsqTQNroBvo3bSMgHFzZM\n9O6II8c+6zf1tRn4SWiw3te5djgdYZ6k/oI2peVKVuRF4fn9tBb6dNqcmzU5L/qw\nIFAGbHrQgLKm+a/sRxmPUDgH3KKHOVj4utWp+UhnMJbulHheb4mjUcAwhmahRWa6\nVOujw5H5SNz/0egwLX0tdHA114gk957EWW67c4cX8jJGKLhD+rcdqsq08p8kDi1L\n93FcXmn/6pUCyziKrlA4b9v7LWIbxcceVOF34GfID5yHI9Y/QCB/IIDEgEw+OyQm\njgSubJrIqg0CAwEAAaOCATEwggEtMA8GA1UdEwEB/wQFMAMBAf8wDgYDVR0PAQH/\nBAQDAgGGMB0GA1UdDgQWBBSEGMyFNOy8DJSULghZnMeyEE4KCDAfBgNVHSMEGDAW\ngBScXwDfqgHXMCs4iKK4bUqc8hGRgzB4BggrBgEFBQcBAQRsMGowLgYIKwYBBQUH\nMAGGImh0dHA6Ly9vY3NwLnJvb3RnMi5hbWF6b250cnVzdC5jb20wOAYIKwYBBQUH\nMAKGLGh0dHA6Ly9jcnQucm9vdGcyLmFtYXpvbnRydXN0LmNvbS9yb290ZzIuY2Vy\nMD0GA1UdHwQ2MDQwMqAwoC6GLGh0dHA6Ly9jcmwucm9vdGcyLmFtYXpvbnRydXN0\nLmNvbS9yb290ZzIuY3JsMBEGA1UdIAQKMAgwBgYEVR0gADANBgkqhkiG9w0BAQsF\nAAOCAQEAYjdCXLwQtT6LLOkMm2xF4gcAevnFWAu5CIw+7bMlPLVvUOTNNWqnkzSW\nMiGpSESrnO09tKpzbeR/FoCJbM8oAxiDR3mjEH4wW6w7sGDgd9QIpuEdfF7Au/ma\neyKdpwAJfqxGF4PcnCZXmTA5YpaP7dreqsXMGz7KQ2hsVxa81Q4gLv7/wmpdLqBK\nbRRYh5TmOTFffHPLkIhqhBGWJ6bt2YFGpn6jcgAKUj6DiAdjd4lpFw85hdKrCEVN\n0FE6/V1dN2RMfjCyVSRCnTawXZwXgWHxyvkQAiSr6w10kY17RSlQOYiypok1JR4U\nakcjMS9cmvqtmg5iUaQqqcT5NJ0hGA==\n-----END CERTIFICATE-----\n",
                "is_ca": true,
                "issuer": "CN=Starfield Services Root Certificate Authority - G2,O=Starfield Technologies\\, Inc.,L=Scottsdale,ST=Arizona,C=US",
                "not_after": "2037-12-31T01:00:00Z",
                "not_before": "2015-05-25T12:00:00Z",
                "public_key_algorithm": "RSA",
                "serial_number": "144918191876577076464031512351042010504348870",
                "sha1_fingerprint": "06b25927c42a721631c1efd9431e648fa62e1e39",
                "signature_algorithm": "SHA256-RSA",
                "subject": "CN=Amazon Root CA 1,O=Amazon,C=US",
                "version": 3
              },
              {
                "cert_pem": "-----BEGIN CERTIFICATE-----\nMIIEXjCCA0agAwIBAgITB3MSSkvL1E7HtTvq8ZSELToPoTANBgkqhkiG9w0BAQsF\nADA5MQswCQYDVQQGEwJVUzEPMA0GA1UEChMGQW1hem9uMRkwFwYDVQQDExBBbWF6\nb24gUm9vdCBDQSAxMB4XDTIyMDgyMzIyMjUzMFoXDTMwMDgyMzIyMjUzMFowPDEL\nMAkGA1UEBhMCVVMxDzANBgNVBAoTBkFtYXpvbjEcMBoGA1UEAxMTQW1hem9uIFJT\nQSAyMDQ4IE0wMjCCASIwDQYJKoZIhvcNAQEBBQADggEPADCCAQoCggEBALtDGMZa\nqHneKei1by6+pUPPLljTB143Si6VpEWPc6mSkFhZb/6qrkZyoHlQLbDYnI2D7hD0\nsdzEqfnuAjIsuXQLG3A8TvX6V3oFNBFVe8NlLJHvBseKY88saLwufxkZVwk74g4n\nWlNMXzla9Y5F3wwRHwMVH443xGz6UtGSZSqQ94eFx5X7Tlqt8whi8qCaKdZ5rNak\n+r9nUThOeClqFd4oXych//Rc7Y0eX1KNWHYSI1Nk31mYgiK3JvH063g+K9tHA63Z\neTgKgndlh+WI+zv7i44HepRZjA1FYwYZ9Vv/9UkC5Yz8/yU65fgjaE+wVHM4e/Yy\nC2osrPWE7gJ+dXMCAwEAAaOCAVowggFWMBIGA1UdEwEB/wQIMAYBAf8CAQAwDgYD\nVR0PAQH/BAQDAgGGMB0GA1UdJQQWMBQGCCsGAQUFBwMBBggrBgEFBQcDAjAdBgNV\nHQ4EFgQUwDFSzVpQw4J8dHHOy+mc+XrrguIwHwYDVR0jBBgwFoAUhBjMhTTsvAyU\nlC4IWZzHshBOCggwewYIKwYBBQUHAQEEbzBtMC8GCCsGAQUFBzABhiNodHRwOi8v\nb2NzcC5yb290Y2ExLmFtYXpvbnRydXN0LmNvbTA6BggrBgEFBQcwAoYuaHR0cDov\nL2NydC5yb290Y2ExLmFtYXpvbnRydXN0LmNvbS9yb290Y2ExLmNlcjA/BgNVHR8E\nODA2MDSgMqAwhi5odHRwOi8vY3JsLnJvb3RjYTEuYW1hem9udHJ1c3QuY29tL3Jv\nb3RjYTEuY3JsMBMGA1UdIAQMMAowCAYGZ4EMAQIBMA0GCSqGSIb3DQEBCwUAA4IB\nAQAtTi6Fs0Azfi+iwm7jrz+CSxHH+uHl7Law3MQSXVtR8RV53PtR6r/6gNpqlzdo\nZq4FKbADi1v9Bun8RY8D51uedRfjsbeodizeBB8nXmeyD33Ep7VATj4ozcd31YFV\nfgRhvTSxNrrTlNpWkUk0m3BMPv8sg381HhA6uEYokE5q9uws/3YkKqRiEz3TsaWm\nJqIRZhMbgAfp7O7FUwFIb7UIspogZSKxPIWJpxiPo3TcBambbVtQOcNRWz5qCQdD\nslI2yayq0n2TXoHyNCLEH8rpsJRVILFsg0jc7BaFrMnF462+ajSehgj12IidNeRN\n4zl+EoNaWdpnWndvSpAEkq2P\n-----END CERTIFICATE-----\n",
                "is_ca": true,
                "issuer": "CN=Amazon Root CA 1,O=Amazon,C=US",
                "not_after": "2030-08-23T22:25:30Z",
                "not_before": "2022-08-23T22:25:30Z",
                "public_key_algorithm": "RSA",
                "serial_number": "166129353110899469622597955040406457904926625",
                "sha1_fingerprint": "414a2060b738c635cc7fc243e052615592830c53",
                "signature_algorithm": "SHA256-RSA",
                "subject": "CN=Amazon RSA 2048 M02,O=Amazon,C=US",
                "version": 3
              },
              {
                "cert_pem": "-----BEGIN CERTIFICATE-----\nMIIF7DCCBNSgAwIBAgIQByOkjeOvl//8xMrhlZkruzANBgkqhkiG9w0BAQsFADA8\nMQswCQYDVQQGEwJVUzEPMA0GA1UEChMGQW1hem9uMRwwGgYDVQQDExNBbWF6b24g\nUlNBIDIwNDggTTAyMB4XDTIzMDUxMzAwMDAwMFoXDTI0MDYxMDIzNTk1OVowKzEp\nMCcGA1UEAxMgb2lkYy5la3MudXMtZWFzdC0xLmFtYXpvbmF3cy5jb20wggEiMA0G\nCSqGSIb3DQEBAQUAA4IBDwAwggEKAoIBAQClT+mO1HZk/Gp/3sS6BO8QDhG0yK53\nE11wkdlUn9HEomcqZ2VVhbEG4ahOZY5MLUqIQViMswUueYFov57zyGnPSnH0IrMu\nmL3/dqxEwP96VPm5ZgbjCfartRfJcuYmmMCoWxocMdTq09ECEjawt47i4FmOLJmH\n+UUnisQgHMvPHtCrfL1WYAgdN3ls4meIFkS1CVHLmoCG9MuponJu3+uqw9UHxPZz\nvGLezHUUSzLE0+b+1Wd6DAPJBZmCa+PBweaRfrlqhhgW+QHcCK7XxlfwMxvzwmdv\nicOBHF7SJM/o3opUvrUf/XJCtCDHuv0GQNxyCcpJImQJ4Ae0MtEihY/rAgMBAAGj\nggL5MIIC9TAfBgNVHSMEGDAWgBTAMVLNWlDDgnx0cc7L6Zz5euuC4jAdBgNVHQ4E\nFgQUeamiamg4o8YroTJziJnlxHJnDdEwKwYDVR0RBCQwIoIgb2lkYy5la3MudXMt\nZWFzdC0xLmFtYXpvbmF3cy5jb20wDgYDVR0PAQH/BAQDAgWgMB0GA1UdJQQWMBQG\nCCsGAQUFBwMBBggrBgEFBQcDAjA7BgNVHR8ENDAyMDCgLqAshipodHRwOi8vY3Js\nLnIybTAyLmFtYXpvbnRydXN0LmNvbS9yMm0wMi5jcmwwEwYDVR0gBAwwCjAIBgZn\ngQwBAgEwdQYIKwYBBQUHAQEEaTBnMC0GCCsGAQUFBzABhiFodHRwOi8vb2NzcC5y\nMm0wMi5hbWF6b250cnVzdC5jb20wNgYIKwYBBQUHMAKGKmh0dHA6Ly9jcnQucjJt\nMDIuYW1hem9udHJ1c3QuY29tL3IybTAyLmNlcjAMBgNVHRMBAf8EAjAAMIIBfgYK\nKwYBBAHWeQIEAgSCAW4EggFqAWgAdgDuzdBk1dsazsVct520zROiModGfLzs3sNR\nSFlGcR+1mwAAAYgTgMKgAAAEAwBHMEUCIHtTzRueHJdgA2Wq32YkXNXRJ1ZRD2uC\nQCn025Jin2hCAiEAlV/lCQaMq1JoBRlULDV7n9f/VS8+xyJSVgMFRFwFtzsAdgBI\nsONr2qZHNA/lagL6nTDrHFIBy1bdLIHZu7+rOdiEcwAAAYgTgMLXAAAEAwBHMEUC\nIAKsJE1jj4gpyaa2VgkbHFszMoco2rABil1iy2YvVzmTAiEAsuzpO1atz7WIx1CM\nMU9iMqq58yDpLhjQFktRuWamDlsAdgDatr9rP7W2Ip+bwrtca+hwkXFsu1GEhTS9\npD0wSNf7qwAAAYgTgMKjAAAEAwBHMEUCIHuwITeM92ncsbOvXgXPQjLHDLgReknJ\nTUoo4uIlPetJAiEApQ3W+NHlj6/RhckoAxGn4zE1alq+Y3Bk3JUFAvDrR78wDQYJ\nKoZIhvcNAQELBQADggEBAFNUUzuzuuDQMUvefHzllQPg/zbGNeDRZeOomSl1FrxS\nFJ0CA2vznfoTXAJLS2/aWlQT9mR3h6WlxI5XSUaLrzcZi94F+l6Ixn8DJUhfgf+O\nZUxtmBX91AEQ1ccU+Odj2ILrWdSs28J82ODoPlkJ6OqIYo+kEXrUwy8SM2N9iFJw\nHgZNOwzPQ2Ox/ozlRh6/6OUgYZ84j343BoDnNbTQijLBe6HL4pVw4nPKWrUQnTot\nxMymAcBknnb4X4TcmEoJ0CrB1H6FKfe8yASCLjwSC72Os9ADyADMZqTUSOH1V8Vh\nR3Zv4DlLItu8BHaE59teueLM9AW1PBFMci5JiYrgLEM=\n-----END CERTIFICATE-----\n",
                "is_ca": false,
                "issuer": "CN=Amazon RSA 2048 M02,O=Amazon,C=US",
                "not_after": "2024-06-10T23:59:59Z",
                "not_before": "2023-05-13T00:00:00Z",
                "public_key_algorithm": "RSA",
                "serial_number": "9489663917354420509896793514074254267",
                "sha1_fingerprint": "aaa68bb211d468db8a8a19561ccba2e4043dcc80",
                "signature_algorithm": "SHA256-RSA",
                "subject": "CN=oidc.eks.us-east-1.amazonaws.com",
                "version": 3
              }
            ],
            "content": null,
            "id": "5933588ce34e24e9fb40c3565fb0b5993639df67",
            "url": "https://oidc.eks.us-east-1.amazonaws.com/id/DBE2A7DFD8E027F1D5FCCE38950E0DE0",
            "verify_chain": true
          },
          "sensitive_attributes": []
        }
      ]
    },
    {
      "module": "module.eks_n_virginia.module.eks",
      "mode": "managed",
      "type": "aws_cloudwatch_log_group",
      "name": "this",
      "provider": "provider[\"registry.terraform.io/hashicorp/aws\"].n_virginia",
      "instances": [
        {
          "index_key": 0,
          "schema_version": 0,
          "attributes": {
            "arn": "arn:aws:logs:us-east-1:411623750878:log-group:/aws/eks/linxact-nv/cluster",
            "id": "/aws/eks/linxact-nv/cluster",
            "kms_key_id": "",
            "name": "/aws/eks/linxact-nv/cluster",
            "name_prefix": "",
            "retention_in_days": 90,
            "skip_destroy": false,
            "tags": {
              "Name": "/aws/eks/linxact-nv/cluster"
            },
            "tags_all": {
              "Name": "/aws/eks/linxact-nv/cluster"
            }
          },
          "sensitive_attributes": [],
          "private": "bnVsbA==",
          "create_before_destroy": true
        }
      ]
    },
    {
      "module": "module.eks_n_virginia.module.eks",
      "mode": "managed",
      "type": "aws_eks_cluster",
      "name": "this",
      "provider": "provider[\"registry.terraform.io/hashicorp/aws\"].n_virginia",
      "instances": [
        {
          "index_key": 0,
          "schema_version": 0,
          "attributes": {
            "arn": "arn:aws:eks:us-east-1:411623750878:cluster/linxact-nv",
            "certificate_authority": [
              {
                "data": "LS0tLS1CRUdJTiBDRVJUSUZJQ0FURS0tLS0tCk1JSURCVENDQWUyZ0F3SUJBZ0lJTGZKSUxFTmw3RkF3RFFZSktvWklodmNOQVFFTEJRQXdGVEVUTUJFR0ExVUUKQXhNS2EzVmlaWEp1WlhSbGN6QWVGdzB5TkRBeE1qa3hOakUzTXpsYUZ3MHpOREF4TWpZeE5qSXlNemxhTUJVeApFekFSQmdOVkJBTVRDbXQxWW1WeWJtVjBaWE13Z2dFaU1BMEdDU3FHU0liM0RRRUJBUVVBQTRJQkR3QXdnZ0VLCkFvSUJBUURiVHExK0JWRUk4VlZ3VW5SeDNqcFIzU0taaFhvQlh4NWp1RkpqMDVaWGlXMnVFSU91eG9ZOG1jZkYKZUNVbmZWWmEzRGJJdnM0aXRRTWZmTEFTc3lkMUw2cXFOb1NhNitTQ3lmWkQ2eEJaYU8zVmtXNUlwR1hyQzcwdQpIL09aakg5NEZJSnRQNzRDSU1kQ1dkS0FLTThDaFJMcmExSkphK2pxeEY5UnZ6NVpQcGN4aXRGcm8yaU1SVld5CkpheHV1bXQxd1VFNWg0U0FZblB0SlZqb0JIZ2ZRREwvZ3dGa2RYTXA1dG5tVnhEN0JNOGVQRWw1TXJwR3YxV1kKOWkwU0tBTWF0SmV3ekF1cWlhaDA2R0lidithelp0VHpuOUtPNlBNSnZWVW1OTG9mTVZGYXZHaVJsWGFRRktuRQo5QUdBZzdJb1doNWFPdVhOK1Flc2M3MVptV3lMQWdNQkFBR2pXVEJYTUE0R0ExVWREd0VCL3dRRUF3SUNwREFQCkJnTlZIUk1CQWY4RUJUQURBUUgvTUIwR0ExVWREZ1FXQkJUYXVFcUNzSjFXMjJUNWxpM0lpWEZhRlIrbG56QVYKQmdOVkhSRUVEakFNZ2dwcmRXSmxjbTVsZEdWek1BMEdDU3FHU0liM0RRRUJDd1VBQTRJQkFRQk8vQW5tZXp0QgpncjI0ellJZFNRVlAyazgxMmN5emFpaWhMQWgvZE1GMU9TMlkzaDltN3gxN21Wd2wzNHdUbFFiWkFDcUxidnVJCkM0NU5Ibkk4bWdMVGU2RVJQL280QXBNdmM4a1FiOGgxbnJqd3pVYUlYeituNTdZQUxRaFAxZlVpblIrcnM2QWQKNkZHdFByVUdjeGZTVlJaZzI1b3ZRVVJSSDA4dXp6RjFobXFaWGVXQVlnOTFSTmFPelBIVnVsUWk3cDBHV1lQdQoyN21YZk9hMS9Jcm1rbFNzNHVQZ1FmeVJrcUFod1IxdTNndVgxak9OdFVvQ2MvclJFWnJXU1pZeldtK0RsMUh2CkJWRmg5eWQydXVjejc2TStnZlZSQk1HMnMydlpRdU1xRHpvOHlEd3gwZnppamNpWHB1bzF5NGwyZVc0MS9EakEKK3VVSU5RcnN2SVpiCi0tLS0tRU5EIENFUlRJRklDQVRFLS0tLS0K"
              }
            ],
            "cluster_id": null,
            "created_at": "2024-01-29 16:17:56.296 +0000 UTC",
            "enabled_cluster_log_types": [
              "api",
              "audit",
              "authenticator",
              "controllerManager",
              "scheduler"
            ],
            "encryption_config": [
              {
                "provider": [
                  {
                    "key_arn": "arn:aws:kms:us-east-1:411623750878:key/1826edb3-b921-4c55-9011-5b13327353a2"
                  }
                ],
                "resources": [
                  "secrets"
                ]
              }
            ],
            "endpoint": "https://DBE2A7DFD8E027F1D5FCCE38950E0DE0.gr7.us-east-1.eks.amazonaws.com",
            "id": "linxact-nv",
            "identity": [
              {
                "oidc": [
                  {
                    "issuer": "https://oidc.eks.us-east-1.amazonaws.com/id/DBE2A7DFD8E027F1D5FCCE38950E0DE0"
                  }
                ]
              }
            ],
            "kubernetes_network_config": [
              {
                "ip_family": "ipv4",
                "service_ipv4_cidr": "172.20.0.0/16",
                "service_ipv6_cidr": ""
              }
            ],
            "name": "linxact-nv",
            "outpost_config": [],
            "platform_version": "eks.1",
            "role_arn": "arn:aws:iam::411623750878:role/linxact-nv-cluster-20240129161725388900000002",
            "status": "ACTIVE",
            "tags": null,
            "tags_all": {},
            "timeouts": {
              "create": null,
              "delete": null,
              "update": null
            },
            "version": "1.29",
            "vpc_config": [
              {
                "cluster_security_group_id": "sg-009f5a2ade422650b",
                "endpoint_private_access": true,
                "endpoint_public_access": true,
                "public_access_cidrs": [
                  "0.0.0.0/0"
                ],
                "security_group_ids": [
                  "sg-0f08ceb9e9bb611df"
                ],
                "subnet_ids": [
                  "subnet-00f5f6c97309aa8af",
                  "subnet-067e682c60dc7ebaa",
                  "subnet-06ed93fd52049ea2c",
                  "subnet-071dfa400fa96d34f",
                  "subnet-0a69c7d90fc000e4e"
                ],
                "vpc_id": "vpc-0195df71d4cd92eb2"
              }
            ]
          },
          "sensitive_attributes": [],
          "private": "eyJlMmJmYjczMC1lY2FhLTExZTYtOGY4OC0zNDM2M2JjN2M0YzAiOnsiY3JlYXRlIjoxODAwMDAwMDAwMDAwLCJkZWxldGUiOjkwMDAwMDAwMDAwMCwidXBkYXRlIjozNjAwMDAwMDAwMDAwfX0=",
          "dependencies": [
            "module.eks_n_virginia.data.aws_availability_zones.available",
            "module.eks_n_virginia.module.eks.aws_cloudwatch_log_group.this",
            "module.eks_n_virginia.module.eks.aws_iam_policy.cni_ipv6_policy",
            "module.eks_n_virginia.module.eks.aws_iam_role.this",
            "module.eks_n_virginia.module.eks.aws_iam_role_policy_attachment.this",
            "module.eks_n_virginia.module.eks.aws_security_group.cluster",
            "module.eks_n_virginia.module.eks.aws_security_group.node",
            "module.eks_n_virginia.module.eks.aws_security_group_rule.cluster",
            "module.eks_n_virginia.module.eks.aws_security_group_rule.node",
            "module.eks_n_virginia.module.eks.data.aws_caller_identity.current",
            "module.eks_n_virginia.module.eks.data.aws_iam_policy_document.assume_role_policy",
            "module.eks_n_virginia.module.eks.data.aws_iam_policy_document.cni_ipv6_policy",
            "module.eks_n_virginia.module.eks.data.aws_iam_session_context.current",
            "module.eks_n_virginia.module.eks.data.aws_partition.current",
            "module.eks_n_virginia.module.eks.module.kms.aws_kms_external_key.this",
            "module.eks_n_virginia.module.eks.module.kms.aws_kms_key.this",
            "module.eks_n_virginia.module.eks.module.kms.data.aws_caller_identity.current",
            "module.eks_n_virginia.module.eks.module.kms.data.aws_iam_policy_document.this",
            "module.eks_n_virginia.module.eks.module.kms.data.aws_partition.current",
            "module.eks_n_virginia.module.vpc.aws_subnet.intra",
            "module.eks_n_virginia.module.vpc.aws_subnet.private",
            "module.eks_n_virginia.module.vpc.aws_vpc.this",
            "module.eks_n_virginia.module.vpc.aws_vpc_ipv4_cidr_block_association.this"
          ],
          "create_before_destroy": true
        }
      ]
    },
    {
      "module": "module.eks_n_virginia.module.eks",
      "mode": "managed",
      "type": "aws_eks_identity_provider_config",
      "name": "this",
      "provider": "provider[\"registry.terraform.io/hashicorp/aws\"].n_virginia",
      "instances": []
    },
    {
      "module": "module.eks_n_virginia.module.eks",
      "mode": "managed",
      "type": "aws_iam_openid_connect_provider",
      "name": "oidc_provider",
      "provider": "provider[\"registry.terraform.io/hashicorp/aws\"].n_virginia",
      "instances": [
        {
          "index_key": 0,
          "schema_version": 0,
          "attributes": {
            "arn": "arn:aws:iam::411623750878:oidc-provider/oidc.eks.us-east-1.amazonaws.com/id/DBE2A7DFD8E027F1D5FCCE38950E0DE0",
            "client_id_list": [
              "sts.amazonaws.com"
            ],
            "id": "arn:aws:iam::411623750878:oidc-provider/oidc.eks.us-east-1.amazonaws.com/id/DBE2A7DFD8E027F1D5FCCE38950E0DE0",
            "tags": {
              "Name": "linxact-nv-eks-irsa"
            },
            "tags_all": {
              "Name": "linxact-nv-eks-irsa"
            },
            "thumbprint_list": [
              "9e99a48a9960b14926bb7f3b02e22da2b0ab7280",
              "06b25927c42a721631c1efd9431e648fa62e1e39",
              "414a2060b738c635cc7fc243e052615592830c53",
              "aaa68bb211d468db8a8a19561ccba2e4043dcc80"
            ],
            "url": "oidc.eks.us-east-1.amazonaws.com/id/DBE2A7DFD8E027F1D5FCCE38950E0DE0"
          },
          "sensitive_attributes": [],
          "private": "bnVsbA==",
          "dependencies": [
            "module.eks_n_virginia.data.aws_availability_zones.available",
            "module.eks_n_virginia.module.eks.aws_cloudwatch_log_group.this",
            "module.eks_n_virginia.module.eks.aws_eks_cluster.this",
            "module.eks_n_virginia.module.eks.aws_iam_policy.cni_ipv6_policy",
            "module.eks_n_virginia.module.eks.aws_iam_role.this",
            "module.eks_n_virginia.module.eks.aws_iam_role_policy_attachment.this",
            "module.eks_n_virginia.module.eks.aws_security_group.cluster",
            "module.eks_n_virginia.module.eks.aws_security_group.node",
            "module.eks_n_virginia.module.eks.aws_security_group_rule.cluster",
            "module.eks_n_virginia.module.eks.aws_security_group_rule.node",
            "module.eks_n_virginia.module.eks.data.aws_caller_identity.current",
            "module.eks_n_virginia.module.eks.data.aws_iam_policy_document.assume_role_policy",
            "module.eks_n_virginia.module.eks.data.aws_iam_policy_document.cni_ipv6_policy",
            "module.eks_n_virginia.module.eks.data.aws_iam_session_context.current",
            "module.eks_n_virginia.module.eks.data.aws_partition.current",
            "module.eks_n_virginia.module.eks.data.tls_certificate.this",
            "module.eks_n_virginia.module.eks.module.kms.aws_kms_external_key.this",
            "module.eks_n_virginia.module.eks.module.kms.aws_kms_key.this",
            "module.eks_n_virginia.module.eks.module.kms.data.aws_caller_identity.current",
            "module.eks_n_virginia.module.eks.module.kms.data.aws_iam_policy_document.this",
            "module.eks_n_virginia.module.eks.module.kms.data.aws_partition.current",
            "module.eks_n_virginia.module.vpc.aws_subnet.intra",
            "module.eks_n_virginia.module.vpc.aws_subnet.private",
            "module.eks_n_virginia.module.vpc.aws_vpc.this",
            "module.eks_n_virginia.module.vpc.aws_vpc_ipv4_cidr_block_association.this"
          ]
        }
      ]
    },
    {
      "module": "module.eks_n_virginia.module.eks",
      "mode": "managed",
      "type": "aws_iam_policy",
      "name": "cluster_encryption",
      "provider": "provider[\"registry.terraform.io/hashicorp/aws\"].n_virginia",
      "instances": [
        {
          "index_key": 0,
          "schema_version": 0,
          "attributes": {
            "arn": "arn:aws:iam::411623750878:policy/linxact-nv-cluster-ClusterEncryption2024012916174648080000000b",
            "description": "Cluster encryption policy to allow cluster role to utilize CMK provided",
            "id": "arn:aws:iam::411623750878:policy/linxact-nv-cluster-ClusterEncryption2024012916174648080000000b",
            "name": "linxact-nv-cluster-ClusterEncryption2024012916174648080000000b",
            "name_prefix": "linxact-nv-cluster-ClusterEncryption",
            "path": "/",
            "policy": "{\"Statement\":[{\"Action\":[\"kms:Encrypt\",\"kms:Decrypt\",\"kms:ListGrants\",\"kms:DescribeKey\"],\"Effect\":\"Allow\",\"Resource\":\"arn:aws:kms:us-east-1:411623750878:key/1826edb3-b921-4c55-9011-5b13327353a2\"}],\"Version\":\"2012-10-17\"}",
            "policy_id": "ANPAV7VVP7TPHA7TR4PLQ",
            "tags": null,
            "tags_all": {}
          },
          "sensitive_attributes": [],
          "private": "bnVsbA==",
          "dependencies": [
            "module.eks_n_virginia.module.eks.aws_iam_role.this",
            "module.eks_n_virginia.module.eks.data.aws_caller_identity.current",
            "module.eks_n_virginia.module.eks.data.aws_iam_policy_document.assume_role_policy",
            "module.eks_n_virginia.module.eks.data.aws_iam_session_context.current",
            "module.eks_n_virginia.module.eks.data.aws_partition.current",
            "module.eks_n_virginia.module.eks.module.kms.aws_kms_external_key.this",
            "module.eks_n_virginia.module.eks.module.kms.aws_kms_key.this",
            "module.eks_n_virginia.module.eks.module.kms.data.aws_caller_identity.current",
            "module.eks_n_virginia.module.eks.module.kms.data.aws_iam_policy_document.this",
            "module.eks_n_virginia.module.eks.module.kms.data.aws_partition.current"
          ]
        }
      ]
    },
    {
      "module": "module.eks_n_virginia.module.eks",
      "mode": "managed",
      "type": "aws_iam_policy",
      "name": "cni_ipv6_policy",
      "provider": "provider[\"registry.terraform.io/hashicorp/aws\"].n_virginia",
      "instances": []
    },
    {
      "module": "module.eks_n_virginia.module.eks",
      "mode": "managed",
      "type": "aws_iam_role",
      "name": "this",
      "provider": "provider[\"registry.terraform.io/hashicorp/aws\"].n_virginia",
      "instances": [
        {
          "index_key": 0,
          "schema_version": 0,
          "attributes": {
            "arn": "arn:aws:iam::411623750878:role/linxact-nv-cluster-20240129161725388900000002",
            "assume_role_policy": "{\"Statement\":[{\"Action\":\"sts:AssumeRole\",\"Effect\":\"Allow\",\"Principal\":{\"Service\":\"eks.amazonaws.com\"},\"Sid\":\"EKSClusterAssumeRole\"}],\"Version\":\"2012-10-17\"}",
            "create_date": "2024-01-29T16:17:25Z",
            "description": "",
            "force_detach_policies": true,
            "id": "linxact-nv-cluster-20240129161725388900000002",
            "inline_policy": [
              {
                "name": "linxact-nv-cluster",
                "policy": "{\"Version\":\"2012-10-17\",\"Statement\":[{\"Action\":[\"logs:CreateLogGroup\"],\"Effect\":\"Deny\",\"Resource\":\"*\"}]}"
              }
            ],
            "managed_policy_arns": [],
            "max_session_duration": 3600,
            "name": "linxact-nv-cluster-20240129161725388900000002",
            "name_prefix": "linxact-nv-cluster-",
            "path": "/",
            "permissions_boundary": null,
            "tags": null,
            "tags_all": {},
            "unique_id": "AROAV7VVP7TPJ7MVGBMMA"
          },
          "sensitive_attributes": [],
          "private": "bnVsbA==",
          "dependencies": [
            "module.eks_n_virginia.module.eks.data.aws_iam_policy_document.assume_role_policy",
            "module.eks_n_virginia.module.eks.data.aws_partition.current"
          ],
          "create_before_destroy": true
        }
      ]
    },
    {
      "module": "module.eks_n_virginia.module.eks",
      "mode": "managed",
      "type": "aws_iam_role_policy_attachment",
      "name": "cluster_encryption",
      "provider": "provider[\"registry.terraform.io/hashicorp/aws\"].n_virginia",
      "instances": [
        {
          "index_key": 0,
          "schema_version": 0,
          "attributes": {
            "id": "linxact-nv-cluster-20240129161725388900000002-2024012916174716370000000c",
            "policy_arn": "arn:aws:iam::411623750878:policy/linxact-nv-cluster-ClusterEncryption2024012916174648080000000b",
            "role": "linxact-nv-cluster-20240129161725388900000002"
          },
          "sensitive_attributes": [],
          "private": "bnVsbA==",
          "dependencies": [
            "module.eks_n_virginia.module.eks.aws_iam_policy.cluster_encryption",
            "module.eks_n_virginia.module.eks.aws_iam_role.this",
            "module.eks_n_virginia.module.eks.data.aws_caller_identity.current",
            "module.eks_n_virginia.module.eks.data.aws_iam_policy_document.assume_role_policy",
            "module.eks_n_virginia.module.eks.data.aws_iam_session_context.current",
            "module.eks_n_virginia.module.eks.data.aws_partition.current",
            "module.eks_n_virginia.module.eks.module.kms.aws_kms_external_key.this",
            "module.eks_n_virginia.module.eks.module.kms.aws_kms_key.this",
            "module.eks_n_virginia.module.eks.module.kms.data.aws_caller_identity.current",
            "module.eks_n_virginia.module.eks.module.kms.data.aws_iam_policy_document.this",
            "module.eks_n_virginia.module.eks.module.kms.data.aws_partition.current"
          ]
        }
      ]
    },
    {
      "module": "module.eks_n_virginia.module.eks",
      "mode": "managed",
      "type": "aws_iam_role_policy_attachment",
      "name": "this",
      "provider": "provider[\"registry.terraform.io/hashicorp/aws\"].n_virginia",
      "instances": [
        {
          "index_key": "AmazonEKSClusterPolicy",
          "schema_version": 0,
          "attributes": {
            "id": "linxact-nv-cluster-20240129161725388900000002-20240129161727529000000006",
            "policy_arn": "arn:aws:iam::aws:policy/AmazonEKSClusterPolicy",
            "role": "linxact-nv-cluster-20240129161725388900000002"
          },
          "sensitive_attributes": [],
          "private": "bnVsbA==",
          "dependencies": [
            "module.eks_n_virginia.module.eks.aws_iam_role.this",
            "module.eks_n_virginia.module.eks.data.aws_iam_policy_document.assume_role_policy",
            "module.eks_n_virginia.module.eks.data.aws_partition.current"
          ],
          "create_before_destroy": true
        },
        {
          "index_key": "AmazonEKSVPCResourceController",
          "schema_version": 0,
          "attributes": {
            "id": "linxact-nv-cluster-20240129161725388900000002-20240129161727534500000007",
            "policy_arn": "arn:aws:iam::aws:policy/AmazonEKSVPCResourceController",
            "role": "linxact-nv-cluster-20240129161725388900000002"
          },
          "sensitive_attributes": [],
          "private": "bnVsbA==",
          "dependencies": [
            "module.eks_n_virginia.module.eks.aws_iam_role.this",
            "module.eks_n_virginia.module.eks.data.aws_iam_policy_document.assume_role_policy",
            "module.eks_n_virginia.module.eks.data.aws_partition.current"
          ],
          "create_before_destroy": true
        }
      ]
    },
    {
      "module": "module.eks_n_virginia.module.eks",
      "mode": "managed",
      "type": "aws_security_group",
      "name": "cluster",
      "provider": "provider[\"registry.terraform.io/hashicorp/aws\"].n_virginia",
      "instances": [
        {
          "index_key": 0,
          "schema_version": 1,
          "attributes": {
            "arn": "arn:aws:ec2:us-east-1:411623750878:security-group/sg-0f08ceb9e9bb611df",
            "description": "EKS cluster security group",
            "egress": [],
            "id": "sg-0f08ceb9e9bb611df",
            "ingress": [],
            "name": "linxact-nv-cluster-20240129161740377000000008",
            "name_prefix": "linxact-nv-cluster-",
            "owner_id": "411623750878",
            "revoke_rules_on_delete": false,
            "tags": {
              "Name": "linxact-nv-cluster"
            },
            "tags_all": {
              "Name": "linxact-nv-cluster"
            },
            "timeouts": null,
            "vpc_id": "vpc-0195df71d4cd92eb2"
          },
          "sensitive_attributes": [],
          "private": "eyJlMmJmYjczMC1lY2FhLTExZTYtOGY4OC0zNDM2M2JjN2M0YzAiOnsiY3JlYXRlIjo2MDAwMDAwMDAwMDAsImRlbGV0ZSI6OTAwMDAwMDAwMDAwfSwic2NoZW1hX3ZlcnNpb24iOiIxIn0=",
          "dependencies": [
            "module.eks_n_virginia.module.vpc.aws_vpc.this"
          ],
          "create_before_destroy": true
        }
      ]
    },
    {
      "module": "module.eks_n_virginia.module.eks",
      "mode": "managed",
      "type": "aws_security_group",
      "name": "node",
      "provider": "provider[\"registry.terraform.io/hashicorp/aws\"].n_virginia",
      "instances": [
        {
          "index_key": 0,
          "schema_version": 1,
          "attributes": {
            "arn": "arn:aws:ec2:us-east-1:411623750878:security-group/sg-060afb88fa6dabe02",
            "description": "EKS node shared security group",
            "egress": [],
            "id": "sg-060afb88fa6dabe02",
            "ingress": [],
            "name": "linxact-nv-node-20240129161740868000000009",
            "name_prefix": "linxact-nv-node-",
            "owner_id": "411623750878",
            "revoke_rules_on_delete": false,
            "tags": {
              "Name": "linxact-nv-node",
              "karpenter.sh/discovery": "linxact-nv",
              "kubernetes.io/cluster/linxact-nv": "owned"
            },
            "tags_all": {
              "Name": "linxact-nv-node",
              "karpenter.sh/discovery": "linxact-nv",
              "kubernetes.io/cluster/linxact-nv": "owned"
            },
            "timeouts": null,
            "vpc_id": "vpc-0195df71d4cd92eb2"
          },
          "sensitive_attributes": [],
          "private": "eyJlMmJmYjczMC1lY2FhLTExZTYtOGY4OC0zNDM2M2JjN2M0YzAiOnsiY3JlYXRlIjo2MDAwMDAwMDAwMDAsImRlbGV0ZSI6OTAwMDAwMDAwMDAwfSwic2NoZW1hX3ZlcnNpb24iOiIxIn0=",
          "dependencies": [
            "module.eks_n_virginia.module.vpc.aws_vpc.this"
          ],
          "create_before_destroy": true
        }
      ]
    },
    {
      "module": "module.eks_n_virginia.module.eks",
      "mode": "managed",
      "type": "aws_security_group_rule",
      "name": "cluster",
      "provider": "provider[\"registry.terraform.io/hashicorp/aws\"].n_virginia",
      "instances": [
        {
          "index_key": "ingress_nodes_443",
          "schema_version": 2,
          "attributes": {
            "cidr_blocks": null,
            "description": "Node groups to cluster API",
            "from_port": 443,
            "id": "sgrule-2426100087",
            "ipv6_cidr_blocks": null,
            "prefix_list_ids": null,
            "protocol": "tcp",
            "security_group_id": "sg-0f08ceb9e9bb611df",
            "security_group_rule_id": "sgr-06e67a08148701643",
            "self": false,
            "source_security_group_id": "sg-060afb88fa6dabe02",
            "timeouts": null,
            "to_port": 443,
            "type": "ingress"
          },
          "sensitive_attributes": [],
          "private": "eyJlMmJmYjczMC1lY2FhLTExZTYtOGY4OC0zNDM2M2JjN2M0YzAiOnsiY3JlYXRlIjozMDAwMDAwMDAwMDB9LCJzY2hlbWFfdmVyc2lvbiI6IjIifQ==",
          "dependencies": [
            "module.eks_n_virginia.module.eks.aws_security_group.cluster",
            "module.eks_n_virginia.module.eks.aws_security_group.node",
            "module.eks_n_virginia.module.vpc.aws_vpc.this"
          ],
          "create_before_destroy": true
        }
      ]
    },
    {
      "module": "module.eks_n_virginia.module.eks",
      "mode": "managed",
      "type": "aws_security_group_rule",
      "name": "node",
      "provider": "provider[\"registry.terraform.io/hashicorp/aws\"].n_virginia",
      "instances": [
        {
          "index_key": "egress_all",
          "schema_version": 2,
          "attributes": {
            "cidr_blocks": [
              "0.0.0.0/0"
            ],
            "description": "Allow all egress",
            "from_port": 0,
            "id": "sgrule-2853658049",
            "ipv6_cidr_blocks": null,
            "prefix_list_ids": [],
            "protocol": "-1",
            "security_group_id": "sg-060afb88fa6dabe02",
            "security_group_rule_id": "sgr-0312e760028512b16",
            "self": false,
            "source_security_group_id": null,
            "timeouts": null,
            "to_port": 0,
            "type": "egress"
          },
          "sensitive_attributes": [],
          "private": "eyJlMmJmYjczMC1lY2FhLTExZTYtOGY4OC0zNDM2M2JjN2M0YzAiOnsiY3JlYXRlIjozMDAwMDAwMDAwMDB9LCJzY2hlbWFfdmVyc2lvbiI6IjIifQ==",
          "dependencies": [
            "module.eks_n_virginia.module.eks.aws_security_group.cluster",
            "module.eks_n_virginia.module.eks.aws_security_group.node",
            "module.eks_n_virginia.module.vpc.aws_vpc.this"
          ],
          "create_before_destroy": true
        },
        {
          "index_key": "ingress_cluster_443",
          "schema_version": 2,
          "attributes": {
            "cidr_blocks": null,
            "description": "Cluster API to node groups",
            "from_port": 443,
            "id": "sgrule-99211987",
            "ipv6_cidr_blocks": null,
            "prefix_list_ids": [],
            "protocol": "tcp",
            "security_group_id": "sg-060afb88fa6dabe02",
            "security_group_rule_id": "sgr-07cdc7d5d03171b3c",
            "self": false,
            "source_security_group_id": "sg-0f08ceb9e9bb611df",
            "timeouts": null,
            "to_port": 443,
            "type": "ingress"
          },
          "sensitive_attributes": [],
          "private": "eyJlMmJmYjczMC1lY2FhLTExZTYtOGY4OC0zNDM2M2JjN2M0YzAiOnsiY3JlYXRlIjozMDAwMDAwMDAwMDB9LCJzY2hlbWFfdmVyc2lvbiI6IjIifQ==",
          "dependencies": [
            "module.eks_n_virginia.module.eks.aws_security_group.cluster",
            "module.eks_n_virginia.module.eks.aws_security_group.node",
            "module.eks_n_virginia.module.vpc.aws_vpc.this"
          ],
          "create_before_destroy": true
        },
        {
          "index_key": "ingress_cluster_4443_webhook",
          "schema_version": 2,
          "attributes": {
            "cidr_blocks": null,
            "description": "Cluster API to node 4443/tcp webhook",
            "from_port": 4443,
            "id": "sgrule-3614541046",
            "ipv6_cidr_blocks": null,
            "prefix_list_ids": [],
            "protocol": "tcp",
            "security_group_id": "sg-060afb88fa6dabe02",
            "security_group_rule_id": "sgr-0589d85e2f944ec6c",
            "self": false,
            "source_security_group_id": "sg-0f08ceb9e9bb611df",
            "timeouts": null,
            "to_port": 4443,
            "type": "ingress"
          },
          "sensitive_attributes": [],
          "private": "eyJlMmJmYjczMC1lY2FhLTExZTYtOGY4OC0zNDM2M2JjN2M0YzAiOnsiY3JlYXRlIjozMDAwMDAwMDAwMDB9LCJzY2hlbWFfdmVyc2lvbiI6IjIifQ==",
          "dependencies": [
            "module.eks_n_virginia.module.eks.aws_security_group.cluster",
            "module.eks_n_virginia.module.eks.aws_security_group.node",
            "module.eks_n_virginia.module.vpc.aws_vpc.this"
          ],
          "create_before_destroy": true
        },
        {
          "index_key": "ingress_cluster_6443_webhook",
          "schema_version": 2,
          "attributes": {
            "cidr_blocks": null,
            "description": "Cluster API to node 6443/tcp webhook",
            "from_port": 6443,
            "id": "sgrule-506717024",
            "ipv6_cidr_blocks": null,
            "prefix_list_ids": [],
            "protocol": "tcp",
            "security_group_id": "sg-060afb88fa6dabe02",
            "security_group_rule_id": "sgr-0cc2207b6174bbcda",
            "self": false,
            "source_security_group_id": "sg-0f08ceb9e9bb611df",
            "timeouts": null,
            "to_port": 6443,
            "type": "ingress"
          },
          "sensitive_attributes": [],
          "private": "eyJlMmJmYjczMC1lY2FhLTExZTYtOGY4OC0zNDM2M2JjN2M0YzAiOnsiY3JlYXRlIjozMDAwMDAwMDAwMDB9LCJzY2hlbWFfdmVyc2lvbiI6IjIifQ==",
          "dependencies": [
            "module.eks_n_virginia.module.eks.aws_security_group.cluster",
            "module.eks_n_virginia.module.eks.aws_security_group.node",
            "module.eks_n_virginia.module.vpc.aws_vpc.this"
          ],
          "create_before_destroy": true
        },
        {
          "index_key": "ingress_cluster_8443_webhook",
          "schema_version": 2,
          "attributes": {
            "cidr_blocks": null,
            "description": "Cluster API to node 8443/tcp webhook",
            "from_port": 8443,
            "id": "sgrule-225435457",
            "ipv6_cidr_blocks": null,
            "prefix_list_ids": [],
            "protocol": "tcp",
            "security_group_id": "sg-060afb88fa6dabe02",
            "security_group_rule_id": "sgr-09ed006c553becb47",
            "self": false,
            "source_security_group_id": "sg-0f08ceb9e9bb611df",
            "timeouts": null,
            "to_port": 8443,
            "type": "ingress"
          },
          "sensitive_attributes": [],
          "private": "eyJlMmJmYjczMC1lY2FhLTExZTYtOGY4OC0zNDM2M2JjN2M0YzAiOnsiY3JlYXRlIjozMDAwMDAwMDAwMDB9LCJzY2hlbWFfdmVyc2lvbiI6IjIifQ==",
          "dependencies": [
            "module.eks_n_virginia.module.eks.aws_security_group.cluster",
            "module.eks_n_virginia.module.eks.aws_security_group.node",
            "module.eks_n_virginia.module.vpc.aws_vpc.this"
          ],
          "create_before_destroy": true
        },
        {
          "index_key": "ingress_cluster_9443_webhook",
          "schema_version": 2,
          "attributes": {
            "cidr_blocks": null,
            "description": "Cluster API to node 9443/tcp webhook",
            "from_port": 9443,
            "id": "sgrule-1775168650",
            "ipv6_cidr_blocks": null,
            "prefix_list_ids": [],
            "protocol": "tcp",
            "security_group_id": "sg-060afb88fa6dabe02",
            "security_group_rule_id": "sgr-06da6918761e38360",
            "self": false,
            "source_security_group_id": "sg-0f08ceb9e9bb611df",
            "timeouts": null,
            "to_port": 9443,
            "type": "ingress"
          },
          "sensitive_attributes": [],
          "private": "eyJlMmJmYjczMC1lY2FhLTExZTYtOGY4OC0zNDM2M2JjN2M0YzAiOnsiY3JlYXRlIjozMDAwMDAwMDAwMDB9LCJzY2hlbWFfdmVyc2lvbiI6IjIifQ==",
          "dependencies": [
            "module.eks_n_virginia.module.eks.aws_security_group.cluster",
            "module.eks_n_virginia.module.eks.aws_security_group.node",
            "module.eks_n_virginia.module.vpc.aws_vpc.this"
          ],
          "create_before_destroy": true
        },
        {
          "index_key": "ingress_cluster_kubelet",
          "schema_version": 2,
          "attributes": {
            "cidr_blocks": null,
            "description": "Cluster API to node kubelets",
            "from_port": 10250,
            "id": "sgrule-137833972",
            "ipv6_cidr_blocks": null,
            "prefix_list_ids": [],
            "protocol": "tcp",
            "security_group_id": "sg-060afb88fa6dabe02",
            "security_group_rule_id": "sgr-0764093f03adde7a6",
            "self": false,
            "source_security_group_id": "sg-0f08ceb9e9bb611df",
            "timeouts": null,
            "to_port": 10250,
            "type": "ingress"
          },
          "sensitive_attributes": [],
          "private": "eyJlMmJmYjczMC1lY2FhLTExZTYtOGY4OC0zNDM2M2JjN2M0YzAiOnsiY3JlYXRlIjozMDAwMDAwMDAwMDB9LCJzY2hlbWFfdmVyc2lvbiI6IjIifQ==",
          "dependencies": [
            "module.eks_n_virginia.module.eks.aws_security_group.cluster",
            "module.eks_n_virginia.module.eks.aws_security_group.node",
            "module.eks_n_virginia.module.vpc.aws_vpc.this"
          ],
          "create_before_destroy": true
        },
        {
          "index_key": "ingress_nodes_ephemeral",
          "schema_version": 2,
          "attributes": {
            "cidr_blocks": null,
            "description": "Node to node ingress on ephemeral ports",
            "from_port": 1025,
            "id": "sgrule-2723521065",
            "ipv6_cidr_blocks": null,
            "prefix_list_ids": [],
            "protocol": "tcp",
            "security_group_id": "sg-060afb88fa6dabe02",
            "security_group_rule_id": "sgr-04767d9589750e1ad",
            "self": true,
            "source_security_group_id": null,
            "timeouts": null,
            "to_port": 65535,
            "type": "ingress"
          },
          "sensitive_attributes": [],
          "private": "eyJlMmJmYjczMC1lY2FhLTExZTYtOGY4OC0zNDM2M2JjN2M0YzAiOnsiY3JlYXRlIjozMDAwMDAwMDAwMDB9LCJzY2hlbWFfdmVyc2lvbiI6IjIifQ==",
          "dependencies": [
            "module.eks_n_virginia.module.eks.aws_security_group.cluster",
            "module.eks_n_virginia.module.eks.aws_security_group.node",
            "module.eks_n_virginia.module.vpc.aws_vpc.this"
          ],
          "create_before_destroy": true
        },
        {
          "index_key": "ingress_self_coredns_tcp",
          "schema_version": 2,
          "attributes": {
            "cidr_blocks": null,
            "description": "Node to node CoreDNS",
            "from_port": 53,
            "id": "sgrule-3552796883",
            "ipv6_cidr_blocks": null,
            "prefix_list_ids": [],
            "protocol": "tcp",
            "security_group_id": "sg-060afb88fa6dabe02",
            "security_group_rule_id": "sgr-045e7659be9391779",
            "self": true,
            "source_security_group_id": null,
            "timeouts": null,
            "to_port": 53,
            "type": "ingress"
          },
          "sensitive_attributes": [],
          "private": "eyJlMmJmYjczMC1lY2FhLTExZTYtOGY4OC0zNDM2M2JjN2M0YzAiOnsiY3JlYXRlIjozMDAwMDAwMDAwMDB9LCJzY2hlbWFfdmVyc2lvbiI6IjIifQ==",
          "dependencies": [
            "module.eks_n_virginia.module.eks.aws_security_group.cluster",
            "module.eks_n_virginia.module.eks.aws_security_group.node",
            "module.eks_n_virginia.module.vpc.aws_vpc.this"
          ],
          "create_before_destroy": true
        },
        {
          "index_key": "ingress_self_coredns_udp",
          "schema_version": 2,
          "attributes": {
            "cidr_blocks": null,
            "description": "Node to node CoreDNS UDP",
            "from_port": 53,
            "id": "sgrule-2006762300",
            "ipv6_cidr_blocks": null,
            "prefix_list_ids": [],
            "protocol": "udp",
            "security_group_id": "sg-060afb88fa6dabe02",
            "security_group_rule_id": "sgr-0250756aefd263133",
            "self": true,
            "source_security_group_id": null,
            "timeouts": null,
            "to_port": 53,
            "type": "ingress"
          },
          "sensitive_attributes": [],
          "private": "eyJlMmJmYjczMC1lY2FhLTExZTYtOGY4OC0zNDM2M2JjN2M0YzAiOnsiY3JlYXRlIjozMDAwMDAwMDAwMDB9LCJzY2hlbWFfdmVyc2lvbiI6IjIifQ==",
          "dependencies": [
            "module.eks_n_virginia.module.eks.aws_security_group.cluster",
            "module.eks_n_virginia.module.eks.aws_security_group.node",
            "module.eks_n_virginia.module.vpc.aws_vpc.this"
          ],
          "create_before_destroy": true
        }
      ]
    },
    {
      "module": "module.eks_n_virginia.module.eks",
      "mode": "managed",
      "type": "time_sleep",
      "name": "this",
      "provider": "provider[\"registry.terraform.io/hashicorp/time\"]",
      "instances": [
        {
          "index_key": 0,
          "schema_version": 0,
          "attributes": {
            "create_duration": "30s",
            "destroy_duration": null,
            "id": "2024-01-29T16:27:57Z",
            "triggers": {
              "cluster_certificate_authority_data": "LS0tLS1CRUdJTiBDRVJUSUZJQ0FURS0tLS0tCk1JSURCVENDQWUyZ0F3SUJBZ0lJTGZKSUxFTmw3RkF3RFFZSktvWklodmNOQVFFTEJRQXdGVEVUTUJFR0ExVUUKQXhNS2EzVmlaWEp1WlhSbGN6QWVGdzB5TkRBeE1qa3hOakUzTXpsYUZ3MHpOREF4TWpZeE5qSXlNemxhTUJVeApFekFSQmdOVkJBTVRDbXQxWW1WeWJtVjBaWE13Z2dFaU1BMEdDU3FHU0liM0RRRUJBUVVBQTRJQkR3QXdnZ0VLCkFvSUJBUURiVHExK0JWRUk4VlZ3VW5SeDNqcFIzU0taaFhvQlh4NWp1RkpqMDVaWGlXMnVFSU91eG9ZOG1jZkYKZUNVbmZWWmEzRGJJdnM0aXRRTWZmTEFTc3lkMUw2cXFOb1NhNitTQ3lmWkQ2eEJaYU8zVmtXNUlwR1hyQzcwdQpIL09aakg5NEZJSnRQNzRDSU1kQ1dkS0FLTThDaFJMcmExSkphK2pxeEY5UnZ6NVpQcGN4aXRGcm8yaU1SVld5CkpheHV1bXQxd1VFNWg0U0FZblB0SlZqb0JIZ2ZRREwvZ3dGa2RYTXA1dG5tVnhEN0JNOGVQRWw1TXJwR3YxV1kKOWkwU0tBTWF0SmV3ekF1cWlhaDA2R0lidithelp0VHpuOUtPNlBNSnZWVW1OTG9mTVZGYXZHaVJsWGFRRktuRQo5QUdBZzdJb1doNWFPdVhOK1Flc2M3MVptV3lMQWdNQkFBR2pXVEJYTUE0R0ExVWREd0VCL3dRRUF3SUNwREFQCkJnTlZIUk1CQWY4RUJUQURBUUgvTUIwR0ExVWREZ1FXQkJUYXVFcUNzSjFXMjJUNWxpM0lpWEZhRlIrbG56QVYKQmdOVkhSRUVEakFNZ2dwcmRXSmxjbTVsZEdWek1BMEdDU3FHU0liM0RRRUJDd1VBQTRJQkFRQk8vQW5tZXp0QgpncjI0ellJZFNRVlAyazgxMmN5emFpaWhMQWgvZE1GMU9TMlkzaDltN3gxN21Wd2wzNHdUbFFiWkFDcUxidnVJCkM0NU5Ibkk4bWdMVGU2RVJQL280QXBNdmM4a1FiOGgxbnJqd3pVYUlYeituNTdZQUxRaFAxZlVpblIrcnM2QWQKNkZHdFByVUdjeGZTVlJaZzI1b3ZRVVJSSDA4dXp6RjFobXFaWGVXQVlnOTFSTmFPelBIVnVsUWk3cDBHV1lQdQoyN21YZk9hMS9Jcm1rbFNzNHVQZ1FmeVJrcUFod1IxdTNndVgxak9OdFVvQ2MvclJFWnJXU1pZeldtK0RsMUh2CkJWRmg5eWQydXVjejc2TStnZlZSQk1HMnMydlpRdU1xRHpvOHlEd3gwZnppamNpWHB1bzF5NGwyZVc0MS9EakEKK3VVSU5RcnN2SVpiCi0tLS0tRU5EIENFUlRJRklDQVRFLS0tLS0K",
              "cluster_endpoint": "https://DBE2A7DFD8E027F1D5FCCE38950E0DE0.gr7.us-east-1.eks.amazonaws.com",
              "cluster_name": "linxact-nv",
              "cluster_version": "1.29"
            }
          },
          "sensitive_attributes": [],
          "dependencies": [
            "module.eks_n_virginia.data.aws_availability_zones.available",
            "module.eks_n_virginia.module.eks.aws_cloudwatch_log_group.this",
            "module.eks_n_virginia.module.eks.aws_eks_cluster.this",
            "module.eks_n_virginia.module.eks.aws_iam_policy.cni_ipv6_policy",
            "module.eks_n_virginia.module.eks.aws_iam_role.this",
            "module.eks_n_virginia.module.eks.aws_iam_role_policy_attachment.this",
            "module.eks_n_virginia.module.eks.aws_security_group.cluster",
            "module.eks_n_virginia.module.eks.aws_security_group.node",
            "module.eks_n_virginia.module.eks.aws_security_group_rule.cluster",
            "module.eks_n_virginia.module.eks.aws_security_group_rule.node",
            "module.eks_n_virginia.module.eks.data.aws_caller_identity.current",
            "module.eks_n_virginia.module.eks.data.aws_iam_policy_document.assume_role_policy",
            "module.eks_n_virginia.module.eks.data.aws_iam_policy_document.cni_ipv6_policy",
            "module.eks_n_virginia.module.eks.data.aws_iam_session_context.current",
            "module.eks_n_virginia.module.eks.data.aws_partition.current",
            "module.eks_n_virginia.module.eks.module.kms.aws_kms_external_key.this",
            "module.eks_n_virginia.module.eks.module.kms.aws_kms_key.this",
            "module.eks_n_virginia.module.eks.module.kms.data.aws_caller_identity.current",
            "module.eks_n_virginia.module.eks.module.kms.data.aws_iam_policy_document.this",
            "module.eks_n_virginia.module.eks.module.kms.data.aws_partition.current",
            "module.eks_n_virginia.module.vpc.aws_subnet.intra",
            "module.eks_n_virginia.module.vpc.aws_subnet.private",
            "module.eks_n_virginia.module.vpc.aws_vpc.this",
            "module.eks_n_virginia.module.vpc.aws_vpc_ipv4_cidr_block_association.this"
          ],
          "create_before_destroy": true
        }
      ]
    },
    {
      "module": "module.eks_n_virginia.module.eks.module.eks_managed_node_group[\"default\"]",
      "mode": "data",
      "type": "aws_caller_identity",
      "name": "current",
      "provider": "provider[\"registry.terraform.io/hashicorp/aws\"].n_virginia",
      "instances": [
        {
          "schema_version": 0,
          "attributes": {
            "account_id": "411623750878",
            "arn": "arn:aws:iam::411623750878:user/olexiy",
            "id": "411623750878",
            "user_id": "AIDAV7VVP7TPJ6HRCC3PA"
          },
          "sensitive_attributes": []
        }
      ]
    },
    {
      "module": "module.eks_n_virginia.module.eks.module.eks_managed_node_group[\"default\"]",
      "mode": "data",
      "type": "aws_iam_policy_document",
      "name": "assume_role_policy",
      "provider": "provider[\"registry.terraform.io/hashicorp/aws\"].n_virginia",
      "instances": [
        {
          "index_key": 0,
          "schema_version": 0,
          "attributes": {
            "id": "2560088296",
            "json": "{\n  \"Version\": \"2012-10-17\",\n  \"Statement\": [\n    {\n      \"Sid\": \"EKSNodeAssumeRole\",\n      \"Effect\": \"Allow\",\n      \"Action\": \"sts:AssumeRole\",\n      \"Principal\": {\n        \"Service\": \"ec2.amazonaws.com\"\n      }\n    }\n  ]\n}",
            "override_policy_documents": null,
            "policy_id": null,
            "source_policy_documents": null,
            "statement": [
              {
                "actions": [
                  "sts:AssumeRole"
                ],
                "condition": [],
                "effect": "Allow",
                "not_actions": [],
                "not_principals": [],
                "not_resources": [],
                "principals": [
                  {
                    "identifiers": [
                      "ec2.amazonaws.com"
                    ],
                    "type": "Service"
                  }
                ],
                "resources": [],
                "sid": "EKSNodeAssumeRole"
              }
            ],
            "version": "2012-10-17"
          },
          "sensitive_attributes": []
        }
      ]
    },
    {
      "module": "module.eks_n_virginia.module.eks.module.eks_managed_node_group[\"default\"]",
      "mode": "data",
      "type": "aws_partition",
      "name": "current",
      "provider": "provider[\"registry.terraform.io/hashicorp/aws\"].n_virginia",
      "instances": [
        {
          "schema_version": 0,
          "attributes": {
            "dns_suffix": "amazonaws.com",
            "id": "aws",
            "partition": "aws",
            "reverse_dns_prefix": "com.amazonaws"
          },
          "sensitive_attributes": []
        }
      ]
    },
    {
      "module": "module.eks_n_virginia.module.eks.module.eks_managed_node_group[\"default\"]",
      "mode": "managed",
      "type": "aws_eks_node_group",
      "name": "this",
      "provider": "provider[\"registry.terraform.io/hashicorp/aws\"].n_virginia",
      "instances": []
    },
    {
      "module": "module.eks_n_virginia.module.eks.module.eks_managed_node_group[\"default\"]",
      "mode": "managed",
      "type": "aws_iam_role",
      "name": "this",
      "provider": "provider[\"registry.terraform.io/hashicorp/aws\"].n_virginia",
      "instances": [
        {
          "index_key": 0,
          "schema_version": 0,
          "attributes": {
            "arn": "arn:aws:iam::411623750878:role/crawl-admin-eks-node-group-20240129161725385300000001",
            "assume_role_policy": "{\"Statement\":[{\"Action\":\"sts:AssumeRole\",\"Effect\":\"Allow\",\"Principal\":{\"Service\":\"ec2.amazonaws.com\"},\"Sid\":\"EKSNodeAssumeRole\"}],\"Version\":\"2012-10-17\"}",
            "create_date": "2024-01-29T16:17:25Z",
            "description": "EKS managed node group IAM role",
            "force_detach_policies": true,
            "id": "crawl-admin-eks-node-group-20240129161725385300000001",
            "inline_policy": [],
            "managed_policy_arns": [],
            "max_session_duration": 3600,
            "name": "crawl-admin-eks-node-group-20240129161725385300000001",
            "name_prefix": "crawl-admin-eks-node-group-",
            "path": "/",
            "permissions_boundary": null,
            "tags": null,
            "tags_all": {},
            "unique_id": "AROAV7VVP7TPMZNHTZCWH"
          },
          "sensitive_attributes": [],
          "private": "bnVsbA==",
          "dependencies": [
            "module.eks_n_virginia.module.eks.module.eks_managed_node_group.data.aws_iam_policy_document.assume_role_policy",
            "module.eks_n_virginia.module.eks.module.eks_managed_node_group.data.aws_partition.current"
          ],
          "create_before_destroy": true
        }
      ]
    },
    {
      "module": "module.eks_n_virginia.module.eks.module.eks_managed_node_group[\"default\"]",
      "mode": "managed",
      "type": "aws_iam_role_policy_attachment",
      "name": "this",
      "provider": "provider[\"registry.terraform.io/hashicorp/aws\"].n_virginia",
      "instances": [
        {
          "index_key": "arn:aws:iam::aws:policy/AmazonEC2ContainerRegistryReadOnly",
          "schema_version": 0,
          "attributes": {
            "id": "crawl-admin-eks-node-group-20240129161725385300000001-20240129161727033800000004",
            "policy_arn": "arn:aws:iam::aws:policy/AmazonEC2ContainerRegistryReadOnly",
            "role": "crawl-admin-eks-node-group-20240129161725385300000001"
          },
          "sensitive_attributes": [],
          "private": "bnVsbA==",
          "dependencies": [
            "module.eks_n_virginia.module.eks.module.eks_managed_node_group.aws_iam_role.this",
            "module.eks_n_virginia.module.eks.module.eks_managed_node_group.data.aws_caller_identity.current",
            "module.eks_n_virginia.module.eks.module.eks_managed_node_group.data.aws_iam_policy_document.assume_role_policy",
            "module.eks_n_virginia.module.eks.module.eks_managed_node_group.data.aws_partition.current"
          ],
          "create_before_destroy": true
        },
        {
          "index_key": "arn:aws:iam::aws:policy/AmazonEKSWorkerNodePolicy",
          "schema_version": 0,
          "attributes": {
            "id": "crawl-admin-eks-node-group-20240129161725385300000001-20240129161726990100000003",
            "policy_arn": "arn:aws:iam::aws:policy/AmazonEKSWorkerNodePolicy",
            "role": "crawl-admin-eks-node-group-20240129161725385300000001"
          },
          "sensitive_attributes": [],
          "private": "bnVsbA==",
          "dependencies": [
            "module.eks_n_virginia.module.eks.module.eks_managed_node_group.aws_iam_role.this",
            "module.eks_n_virginia.module.eks.module.eks_managed_node_group.data.aws_caller_identity.current",
            "module.eks_n_virginia.module.eks.module.eks_managed_node_group.data.aws_iam_policy_document.assume_role_policy",
            "module.eks_n_virginia.module.eks.module.eks_managed_node_group.data.aws_partition.current"
          ],
          "create_before_destroy": true
        },
        {
          "index_key": "arn:aws:iam::aws:policy/AmazonEKS_CNI_Policy",
          "schema_version": 0,
          "attributes": {
            "id": "crawl-admin-eks-node-group-20240129161725385300000001-20240129161727172000000005",
            "policy_arn": "arn:aws:iam::aws:policy/AmazonEKS_CNI_Policy",
            "role": "crawl-admin-eks-node-group-20240129161725385300000001"
          },
          "sensitive_attributes": [],
          "private": "bnVsbA==",
          "dependencies": [
            "module.eks_n_virginia.module.eks.module.eks_managed_node_group.aws_iam_role.this",
            "module.eks_n_virginia.module.eks.module.eks_managed_node_group.data.aws_caller_identity.current",
            "module.eks_n_virginia.module.eks.module.eks_managed_node_group.data.aws_iam_policy_document.assume_role_policy",
            "module.eks_n_virginia.module.eks.module.eks_managed_node_group.data.aws_partition.current"
          ],
          "create_before_destroy": true
        }
      ]
    },
    {
      "module": "module.eks_n_virginia.module.eks.module.eks_managed_node_group[\"default\"]",
      "mode": "managed",
      "type": "aws_launch_template",
      "name": "this",
      "provider": "provider[\"registry.terraform.io/hashicorp/aws\"].n_virginia",
      "instances": [
        {
          "index_key": 0,
          "schema_version": 0,
          "attributes": {
            "arn": "arn:aws:ec2:us-east-1:411623750878:launch-template/lt-020d1f543592ab691",
            "block_device_mappings": [],
            "capacity_reservation_specification": [],
            "cpu_options": [],
            "credit_specification": [],
            "default_version": 1,
            "description": "Custom launch template for crawl-admin EKS managed node group",
            "disable_api_stop": false,
            "disable_api_termination": false,
            "ebs_optimized": "",
            "elastic_gpu_specifications": [],
            "elastic_inference_accelerator": [],
            "enclave_options": [],
            "hibernation_options": [],
            "iam_instance_profile": [],
            "id": "lt-020d1f543592ab691",
            "image_id": "",
            "instance_initiated_shutdown_behavior": "",
            "instance_market_options": [],
            "instance_requirements": [],
            "instance_type": "",
            "kernel_id": "",
            "key_name": "",
            "latest_version": 1,
            "license_specification": [],
            "maintenance_options": [],
            "metadata_options": [
              {
                "http_endpoint": "enabled",
                "http_protocol_ipv6": "",
                "http_put_response_hop_limit": 2,
                "http_tokens": "required",
                "instance_metadata_tags": ""
              }
            ],
            "monitoring": [
              {
                "enabled": true
              }
            ],
            "name": "default-2024012916275774300000000e",
            "name_prefix": "default-",
            "network_interfaces": [],
            "placement": [],
            "private_dns_name_options": [],
            "ram_disk_id": "",
            "security_group_names": null,
            "tag_specifications": [
              {
                "resource_type": "instance",
                "tags": {
                  "Name": "crawl-admin"
                }
              },
              {
                "resource_type": "network-interface",
                "tags": {
                  "Name": "crawl-admin"
                }
              },
              {
                "resource_type": "volume",
                "tags": {
                  "Name": "crawl-admin"
                }
              }
            ],
            "tags": null,
            "tags_all": {},
            "update_default_version": true,
            "user_data": "",
            "vpc_security_group_ids": [
              "sg-060afb88fa6dabe02"
            ]
          },
          "sensitive_attributes": [],
          "private": "bnVsbA==",
          "dependencies": [
            "module.eks_n_virginia.data.aws_availability_zones.available",
            "module.eks_n_virginia.module.eks.aws_cloudwatch_log_group.this",
            "module.eks_n_virginia.module.eks.aws_eks_cluster.this",
            "module.eks_n_virginia.module.eks.aws_iam_policy.cni_ipv6_policy",
            "module.eks_n_virginia.module.eks.aws_iam_role.this",
            "module.eks_n_virginia.module.eks.aws_iam_role_policy_attachment.this",
            "module.eks_n_virginia.module.eks.aws_security_group.cluster",
            "module.eks_n_virginia.module.eks.aws_security_group.node",
            "module.eks_n_virginia.module.eks.aws_security_group_rule.cluster",
            "module.eks_n_virginia.module.eks.aws_security_group_rule.node",
            "module.eks_n_virginia.module.eks.data.aws_caller_identity.current",
            "module.eks_n_virginia.module.eks.data.aws_iam_policy_document.assume_role_policy",
            "module.eks_n_virginia.module.eks.data.aws_iam_policy_document.cni_ipv6_policy",
            "module.eks_n_virginia.module.eks.data.aws_iam_session_context.current",
            "module.eks_n_virginia.module.eks.data.aws_partition.current",
            "module.eks_n_virginia.module.eks.module.eks_managed_node_group.aws_iam_role.this",
            "module.eks_n_virginia.module.eks.module.eks_managed_node_group.aws_iam_role_policy_attachment.this",
            "module.eks_n_virginia.module.eks.module.eks_managed_node_group.data.aws_caller_identity.current",
            "module.eks_n_virginia.module.eks.module.eks_managed_node_group.data.aws_iam_policy_document.assume_role_policy",
            "module.eks_n_virginia.module.eks.module.eks_managed_node_group.data.aws_partition.current",
            "module.eks_n_virginia.module.eks.module.eks_managed_node_group.module.user_data.data.cloudinit_config.linux_eks_managed_node_group",
            "module.eks_n_virginia.module.eks.module.kms.aws_kms_external_key.this",
            "module.eks_n_virginia.module.eks.module.kms.aws_kms_key.this",
            "module.eks_n_virginia.module.eks.module.kms.data.aws_caller_identity.current",
            "module.eks_n_virginia.module.eks.module.kms.data.aws_iam_policy_document.this",
            "module.eks_n_virginia.module.eks.module.kms.data.aws_partition.current",
            "module.eks_n_virginia.module.eks.time_sleep.this",
            "module.eks_n_virginia.module.vpc.aws_subnet.intra",
            "module.eks_n_virginia.module.vpc.aws_subnet.private",
            "module.eks_n_virginia.module.vpc.aws_vpc.this",
            "module.eks_n_virginia.module.vpc.aws_vpc_ipv4_cidr_block_association.this"
          ],
          "create_before_destroy": true
        }
      ]
    },
    {
      "module": "module.eks_n_virginia.module.eks.module.eks_managed_node_group[\"default\"].module.user_data",
      "mode": "data",
      "type": "cloudinit_config",
      "name": "linux_eks_managed_node_group",
      "provider": "provider[\"registry.terraform.io/hashicorp/cloudinit\"]",
      "instances": []
    },
    {
      "module": "module.eks_n_virginia.module.eks.module.kms",
      "mode": "data",
      "type": "aws_caller_identity",
      "name": "current",
      "provider": "provider[\"registry.terraform.io/hashicorp/aws\"].n_virginia",
      "instances": [
        {
          "schema_version": 0,
          "attributes": {
            "account_id": "411623750878",
            "arn": "arn:aws:iam::411623750878:user/olexiy",
            "id": "411623750878",
            "user_id": "AIDAV7VVP7TPJ6HRCC3PA"
          },
          "sensitive_attributes": []
        }
      ]
    },
    {
      "module": "module.eks_n_virginia.module.eks.module.kms",
      "mode": "data",
      "type": "aws_iam_policy_document",
      "name": "this",
      "provider": "provider[\"registry.terraform.io/hashicorp/aws\"].n_virginia",
      "instances": [
        {
          "index_key": 0,
          "schema_version": 0,
          "attributes": {
            "id": "3672562757",
            "json": "{\n  \"Version\": \"2012-10-17\",\n  \"Statement\": [\n    {\n      \"Sid\": \"KeyAdministration\",\n      \"Effect\": \"Allow\",\n      \"Action\": [\n        \"kms:Update*\",\n        \"kms:UntagResource\",\n        \"kms:TagResource\",\n        \"kms:ScheduleKeyDeletion\",\n        \"kms:Revoke*\",\n        \"kms:Put*\",\n        \"kms:List*\",\n        \"kms:Get*\",\n        \"kms:Enable*\",\n        \"kms:Disable*\",\n        \"kms:Describe*\",\n        \"kms:Delete*\",\n        \"kms:Create*\",\n        \"kms:CancelKeyDeletion\"\n      ],\n      \"Resource\": \"*\",\n      \"Principal\": {\n        \"AWS\": \"arn:aws:iam::411623750878:user/olexiy\"\n      }\n    },\n    {\n      \"Sid\": \"KeyUsage\",\n      \"Effect\": \"Allow\",\n      \"Action\": [\n        \"kms:ReEncrypt*\",\n        \"kms:GenerateDataKey*\",\n        \"kms:Encrypt\",\n        \"kms:DescribeKey\",\n        \"kms:Decrypt\"\n      ],\n      \"Resource\": \"*\",\n      \"Principal\": {\n        \"AWS\": \"arn:aws:iam::411623750878:role/linxact-nv-cluster-20240129161725388900000002\"\n      }\n    }\n  ]\n}",
            "override_policy_documents": null,
            "policy_id": null,
            "source_policy_documents": null,
            "statement": [
              {
                "actions": [
                  "kms:CancelKeyDeletion",
                  "kms:Create*",
                  "kms:Delete*",
                  "kms:Describe*",
                  "kms:Disable*",
                  "kms:Enable*",
                  "kms:Get*",
                  "kms:List*",
                  "kms:Put*",
                  "kms:Revoke*",
                  "kms:ScheduleKeyDeletion",
                  "kms:TagResource",
                  "kms:UntagResource",
                  "kms:Update*"
                ],
                "condition": [],
                "effect": "Allow",
                "not_actions": [],
                "not_principals": [],
                "not_resources": [],
                "principals": [
                  {
                    "identifiers": [
                      "arn:aws:iam::411623750878:user/olexiy"
                    ],
                    "type": "AWS"
                  }
                ],
                "resources": [
                  "*"
                ],
                "sid": "KeyAdministration"
              },
              {
                "actions": [
                  "kms:Decrypt",
                  "kms:DescribeKey",
                  "kms:Encrypt",
                  "kms:GenerateDataKey*",
                  "kms:ReEncrypt*"
                ],
                "condition": [],
                "effect": "Allow",
                "not_actions": [],
                "not_principals": [],
                "not_resources": [],
                "principals": [
                  {
                    "identifiers": [
                      "arn:aws:iam::411623750878:role/linxact-nv-cluster-20240129161725388900000002"
                    ],
                    "type": "AWS"
                  }
                ],
                "resources": [
                  "*"
                ],
                "sid": "KeyUsage"
              }
            ],
            "version": "2012-10-17"
          },
          "sensitive_attributes": []
        }
      ]
    },
    {
      "module": "module.eks_n_virginia.module.eks.module.kms",
      "mode": "data",
      "type": "aws_partition",
      "name": "current",
      "provider": "provider[\"registry.terraform.io/hashicorp/aws\"].n_virginia",
      "instances": [
        {
          "schema_version": 0,
          "attributes": {
            "dns_suffix": "amazonaws.com",
            "id": "aws",
            "partition": "aws",
            "reverse_dns_prefix": "com.amazonaws"
          },
          "sensitive_attributes": []
        }
      ]
    },
    {
      "module": "module.eks_n_virginia.module.eks.module.kms",
      "mode": "managed",
      "type": "aws_kms_alias",
      "name": "this",
      "provider": "provider[\"registry.terraform.io/hashicorp/aws\"].n_virginia",
      "instances": [
        {
          "index_key": "cluster",
          "schema_version": 0,
          "attributes": {
            "arn": "arn:aws:kms:us-east-1:411623750878:alias/eks/linxact-nv",
            "id": "alias/eks/linxact-nv",
            "name": "alias/eks/linxact-nv",
            "name_prefix": "",
            "target_key_arn": "arn:aws:kms:us-east-1:411623750878:key/1826edb3-b921-4c55-9011-5b13327353a2",
            "target_key_id": "1826edb3-b921-4c55-9011-5b13327353a2"
          },
          "sensitive_attributes": [],
          "private": "bnVsbA==",
          "dependencies": [
            "module.eks_n_virginia.module.eks.aws_iam_role.this",
            "module.eks_n_virginia.module.eks.data.aws_caller_identity.current",
            "module.eks_n_virginia.module.eks.data.aws_iam_policy_document.assume_role_policy",
            "module.eks_n_virginia.module.eks.data.aws_iam_session_context.current",
            "module.eks_n_virginia.module.eks.data.aws_partition.current",
            "module.eks_n_virginia.module.eks.module.kms.aws_kms_external_key.this",
            "module.eks_n_virginia.module.eks.module.kms.aws_kms_key.this",
            "module.eks_n_virginia.module.eks.module.kms.data.aws_caller_identity.current",
            "module.eks_n_virginia.module.eks.module.kms.data.aws_iam_policy_document.this",
            "module.eks_n_virginia.module.eks.module.kms.data.aws_partition.current"
          ]
        }
      ]
    },
    {
      "module": "module.eks_n_virginia.module.eks.module.kms",
      "mode": "managed",
      "type": "aws_kms_external_key",
      "name": "this",
      "provider": "provider[\"registry.terraform.io/hashicorp/aws\"].n_virginia",
      "instances": []
    },
    {
      "module": "module.eks_n_virginia.module.eks.module.kms",
      "mode": "managed",
      "type": "aws_kms_key",
      "name": "this",
      "provider": "provider[\"registry.terraform.io/hashicorp/aws\"].n_virginia",
      "instances": [
        {
          "index_key": 0,
          "schema_version": 0,
          "attributes": {
            "arn": "arn:aws:kms:us-east-1:411623750878:key/1826edb3-b921-4c55-9011-5b13327353a2",
            "bypass_policy_lockout_safety_check": false,
            "custom_key_store_id": "",
            "customer_master_key_spec": "SYMMETRIC_DEFAULT",
            "deletion_window_in_days": null,
            "description": "linxact-nv cluster encryption key",
            "enable_key_rotation": true,
            "id": "1826edb3-b921-4c55-9011-5b13327353a2",
            "is_enabled": true,
            "key_id": "1826edb3-b921-4c55-9011-5b13327353a2",
            "key_usage": "ENCRYPT_DECRYPT",
            "multi_region": false,
            "policy": "{\"Statement\":[{\"Action\":[\"kms:Update*\",\"kms:UntagResource\",\"kms:TagResource\",\"kms:ScheduleKeyDeletion\",\"kms:Revoke*\",\"kms:Put*\",\"kms:List*\",\"kms:Get*\",\"kms:Enable*\",\"kms:Disable*\",\"kms:Describe*\",\"kms:Delete*\",\"kms:Create*\",\"kms:CancelKeyDeletion\"],\"Effect\":\"Allow\",\"Principal\":{\"AWS\":\"arn:aws:iam::411623750878:user/olexiy\"},\"Resource\":\"*\",\"Sid\":\"KeyAdministration\"},{\"Action\":[\"kms:ReEncrypt*\",\"kms:GenerateDataKey*\",\"kms:Encrypt\",\"kms:DescribeKey\",\"kms:Decrypt\"],\"Effect\":\"Allow\",\"Principal\":{\"AWS\":\"arn:aws:iam::411623750878:role/linxact-nv-cluster-20240129161725388900000002\"},\"Resource\":\"*\",\"Sid\":\"KeyUsage\"}],\"Version\":\"2012-10-17\"}",
            "tags": null,
            "tags_all": {}
          },
          "sensitive_attributes": [],
          "private": "bnVsbA==",
          "dependencies": [
            "module.eks_n_virginia.module.eks.aws_iam_role.this",
            "module.eks_n_virginia.module.eks.data.aws_caller_identity.current",
            "module.eks_n_virginia.module.eks.data.aws_iam_policy_document.assume_role_policy",
            "module.eks_n_virginia.module.eks.data.aws_iam_session_context.current",
            "module.eks_n_virginia.module.eks.data.aws_partition.current",
            "module.eks_n_virginia.module.eks.module.kms.data.aws_caller_identity.current",
            "module.eks_n_virginia.module.eks.module.kms.data.aws_iam_policy_document.this",
            "module.eks_n_virginia.module.eks.module.kms.data.aws_partition.current"
          ],
          "create_before_destroy": true
        }
      ]
    },
    {
      "module": "module.eks_n_virginia.module.vpc",
      "mode": "managed",
      "type": "aws_default_network_acl",
      "name": "this",
      "provider": "provider[\"registry.terraform.io/hashicorp/aws\"].n_virginia",
      "instances": [
        {
          "index_key": 0,
          "schema_version": 0,
          "attributes": {
            "arn": "arn:aws:ec2:us-east-1:411623750878:network-acl/acl-0465b1a5687d49736",
            "default_network_acl_id": "acl-0465b1a5687d49736",
            "egress": [
              {
                "action": "allow",
                "cidr_block": "",
                "from_port": 0,
                "icmp_code": null,
                "icmp_type": null,
                "ipv6_cidr_block": "::/0",
                "protocol": "-1",
                "rule_no": 101,
                "to_port": 0
              },
              {
                "action": "allow",
                "cidr_block": "0.0.0.0/0",
                "from_port": 0,
                "icmp_code": null,
                "icmp_type": null,
                "ipv6_cidr_block": "",
                "protocol": "-1",
                "rule_no": 100,
                "to_port": 0
              }
            ],
            "id": "acl-0465b1a5687d49736",
            "ingress": [
              {
                "action": "allow",
                "cidr_block": "",
                "from_port": 0,
                "icmp_code": null,
                "icmp_type": null,
                "ipv6_cidr_block": "::/0",
                "protocol": "-1",
                "rule_no": 101,
                "to_port": 0
              },
              {
                "action": "allow",
                "cidr_block": "0.0.0.0/0",
                "from_port": 0,
                "icmp_code": null,
                "icmp_type": null,
                "ipv6_cidr_block": "",
                "protocol": "-1",
                "rule_no": 100,
                "to_port": 0
              }
            ],
            "owner_id": "411623750878",
            "subnet_ids": [
              "subnet-00f5f6c97309aa8af",
              "subnet-046f2381e63a317e8",
              "subnet-067e682c60dc7ebaa",
              "subnet-068f56e79118655a0",
              "subnet-06ed93fd52049ea2c",
              "subnet-071dfa400fa96d34f",
              "subnet-090a3d4809e25f40a",
              "subnet-092c7251795d418ea",
              "subnet-0a69c7d90fc000e4e",
              "subnet-0d67e2829fb167231"
            ],
            "tags": {
              "Name": "linxact-vpc-default"
            },
            "tags_all": {
              "Name": "linxact-vpc-default"
            },
            "vpc_id": "vpc-0195df71d4cd92eb2"
          },
          "sensitive_attributes": [],
          "private": "bnVsbA==",
          "dependencies": [
            "module.eks_n_virginia.module.vpc.aws_vpc.this"
          ]
        }
      ]
    },
    {
      "module": "module.eks_n_virginia.module.vpc",
      "mode": "managed",
      "type": "aws_default_route_table",
      "name": "default",
      "provider": "provider[\"registry.terraform.io/hashicorp/aws\"].n_virginia",
      "instances": [
        {
          "index_key": 0,
          "schema_version": 0,
          "attributes": {
            "arn": "arn:aws:ec2:us-east-1:411623750878:route-table/rtb-052bc30355baf2dba",
            "default_route_table_id": "rtb-052bc30355baf2dba",
            "id": "rtb-052bc30355baf2dba",
            "owner_id": "411623750878",
            "propagating_vgws": null,
            "route": [],
            "tags": {
              "Name": "linxact-vpc-default"
            },
            "tags_all": {
              "Name": "linxact-vpc-default"
            },
            "timeouts": {
              "create": "5m",
              "update": "5m"
            },
            "vpc_id": "vpc-0195df71d4cd92eb2"
          },
          "sensitive_attributes": [],
          "private": "eyJlMmJmYjczMC1lY2FhLTExZTYtOGY4OC0zNDM2M2JjN2M0YzAiOnsiY3JlYXRlIjozMDAwMDAwMDAwMDAsInVwZGF0ZSI6MzAwMDAwMDAwMDAwfX0=",
          "dependencies": [
            "module.eks_n_virginia.module.vpc.aws_vpc.this"
          ]
        }
      ]
    },
    {
      "module": "module.eks_n_virginia.module.vpc",
      "mode": "managed",
      "type": "aws_default_security_group",
      "name": "this",
      "provider": "provider[\"registry.terraform.io/hashicorp/aws\"].n_virginia",
      "instances": [
        {
          "index_key": 0,
          "schema_version": 1,
          "attributes": {
            "arn": "arn:aws:ec2:us-east-1:411623750878:security-group/sg-0dcb533f571d8c050",
            "description": "default VPC security group",
            "egress": [],
            "id": "sg-0dcb533f571d8c050",
            "ingress": [],
            "name": "default",
            "name_prefix": "",
            "owner_id": "411623750878",
            "revoke_rules_on_delete": false,
            "tags": {
              "Name": "linxact-vpc-default"
            },
            "tags_all": {
              "Name": "linxact-vpc-default"
            },
            "vpc_id": "vpc-0195df71d4cd92eb2"
          },
          "sensitive_attributes": [],
          "private": "eyJzY2hlbWFfdmVyc2lvbiI6IjEifQ==",
          "dependencies": [
            "module.eks_n_virginia.module.vpc.aws_vpc.this"
          ]
        }
      ]
    },
    {
      "module": "module.eks_n_virginia.module.vpc",
      "mode": "managed",
      "type": "aws_eip",
      "name": "nat",
      "provider": "provider[\"registry.terraform.io/hashicorp/aws\"].n_virginia",
      "instances": [
        {
          "index_key": 0,
          "schema_version": 0,
          "attributes": {
            "address": null,
            "allocation_id": "eipalloc-0838e7ec77fea36a2",
            "associate_with_private_ip": null,
            "association_id": "",
            "carrier_ip": "",
            "customer_owned_ip": "",
            "customer_owned_ipv4_pool": "",
            "domain": "vpc",
            "id": "eipalloc-0838e7ec77fea36a2",
            "instance": "",
            "network_border_group": "us-east-1",
            "network_interface": "",
            "private_dns": null,
            "private_ip": "",
            "public_dns": "ec2-54-87-96-187.compute-1.amazonaws.com",
            "public_ip": "54.87.96.187",
            "public_ipv4_pool": "amazon",
            "tags": {
              "Name": "linxact-vpc-us-east-1a"
            },
            "tags_all": {
              "Name": "linxact-vpc-us-east-1a"
            },
            "timeouts": null,
            "vpc": true
          },
          "sensitive_attributes": [],
          "private": "eyJlMmJmYjczMC1lY2FhLTExZTYtOGY4OC0zNDM2M2JjN2M0YzAiOnsiZGVsZXRlIjoxODAwMDAwMDAwMDAsInJlYWQiOjkwMDAwMDAwMDAwMCwidXBkYXRlIjozMDAwMDAwMDAwMDB9fQ==",
          "dependencies": [
            "module.eks_n_virginia.data.aws_availability_zones.available",
            "module.eks_n_virginia.module.vpc.aws_internet_gateway.this",
            "module.eks_n_virginia.module.vpc.aws_vpc.this",
            "module.eks_n_virginia.module.vpc.aws_vpc_ipv4_cidr_block_association.this"
          ]
        }
      ]
    },
    {
      "module": "module.eks_n_virginia.module.vpc",
      "mode": "managed",
      "type": "aws_internet_gateway",
      "name": "this",
      "provider": "provider[\"registry.terraform.io/hashicorp/aws\"].n_virginia",
      "instances": [
        {
          "index_key": 0,
          "schema_version": 0,
          "attributes": {
            "arn": "arn:aws:ec2:us-east-1:411623750878:internet-gateway/igw-07392d445b1417ba3",
            "id": "igw-07392d445b1417ba3",
            "owner_id": "411623750878",
            "tags": {
              "Name": "linxact-vpc"
            },
            "tags_all": {
              "Name": "linxact-vpc"
            },
            "timeouts": null,
            "vpc_id": "vpc-0195df71d4cd92eb2"
          },
          "sensitive_attributes": [],
          "private": "eyJlMmJmYjczMC1lY2FhLTExZTYtOGY4OC0zNDM2M2JjN2M0YzAiOnsiY3JlYXRlIjoxMjAwMDAwMDAwMDAwLCJkZWxldGUiOjEyMDAwMDAwMDAwMDAsInVwZGF0ZSI6MTIwMDAwMDAwMDAwMH19",
          "dependencies": [
            "module.eks_n_virginia.module.vpc.aws_vpc.this",
            "module.eks_n_virginia.module.vpc.aws_vpc_ipv4_cidr_block_association.this"
          ]
        }
      ]
    },
    {
      "module": "module.eks_n_virginia.module.vpc",
      "mode": "managed",
      "type": "aws_nat_gateway",
      "name": "this",
      "provider": "provider[\"registry.terraform.io/hashicorp/aws\"].n_virginia",
      "instances": [
        {
          "index_key": 0,
          "schema_version": 0,
          "attributes": {
            "allocation_id": "eipalloc-0838e7ec77fea36a2",
            "association_id": "eipassoc-06bbb0250d1290149",
            "connectivity_type": "public",
            "id": "nat-052c63914806f53d9",
            "network_interface_id": "eni-020f163d91f3a6a8c",
            "private_ip": "10.0.5.145",
            "public_ip": "54.87.96.187",
            "subnet_id": "subnet-092c7251795d418ea",
            "tags": {
              "Name": "linxact-vpc-us-east-1a"
            },
            "tags_all": {
              "Name": "linxact-vpc-us-east-1a"
            }
          },
          "sensitive_attributes": [],
          "private": "bnVsbA==",
          "dependencies": [
            "module.eks_n_virginia.data.aws_availability_zones.available",
            "module.eks_n_virginia.module.vpc.aws_eip.nat",
            "module.eks_n_virginia.module.vpc.aws_internet_gateway.this",
            "module.eks_n_virginia.module.vpc.aws_subnet.public",
            "module.eks_n_virginia.module.vpc.aws_vpc.this",
            "module.eks_n_virginia.module.vpc.aws_vpc_ipv4_cidr_block_association.this"
          ]
        }
      ]
    },
    {
      "module": "module.eks_n_virginia.module.vpc",
      "mode": "managed",
      "type": "aws_route",
      "name": "private_nat_gateway",
      "provider": "provider[\"registry.terraform.io/hashicorp/aws\"].n_virginia",
      "instances": [
        {
          "index_key": 0,
          "schema_version": 0,
          "attributes": {
            "carrier_gateway_id": "",
            "core_network_arn": "",
            "destination_cidr_block": "0.0.0.0/0",
            "destination_ipv6_cidr_block": "",
            "destination_prefix_list_id": "",
            "egress_only_gateway_id": "",
            "gateway_id": "",
            "id": "r-rtb-08615b095d69a3ef01080289494",
            "instance_id": "",
            "instance_owner_id": "",
            "local_gateway_id": "",
            "nat_gateway_id": "nat-052c63914806f53d9",
            "network_interface_id": "",
            "origin": "CreateRoute",
            "route_table_id": "rtb-08615b095d69a3ef0",
            "state": "active",
            "timeouts": {
              "create": "5m",
              "delete": null,
              "update": null
            },
            "transit_gateway_id": "",
            "vpc_endpoint_id": "",
            "vpc_peering_connection_id": ""
          },
          "sensitive_attributes": [],
          "private": "eyJlMmJmYjczMC1lY2FhLTExZTYtOGY4OC0zNDM2M2JjN2M0YzAiOnsiY3JlYXRlIjozMDAwMDAwMDAwMDAsImRlbGV0ZSI6MzAwMDAwMDAwMDAwLCJ1cGRhdGUiOjEyMDAwMDAwMDAwMH19",
          "dependencies": [
            "module.eks_n_virginia.data.aws_availability_zones.available",
            "module.eks_n_virginia.module.vpc.aws_eip.nat",
            "module.eks_n_virginia.module.vpc.aws_internet_gateway.this",
            "module.eks_n_virginia.module.vpc.aws_nat_gateway.this",
            "module.eks_n_virginia.module.vpc.aws_route_table.private",
            "module.eks_n_virginia.module.vpc.aws_subnet.public",
            "module.eks_n_virginia.module.vpc.aws_vpc.this",
            "module.eks_n_virginia.module.vpc.aws_vpc_ipv4_cidr_block_association.this"
          ]
        }
      ]
    },
    {
      "module": "module.eks_n_virginia.module.vpc",
      "mode": "managed",
      "type": "aws_route",
      "name": "public_internet_gateway",
      "provider": "provider[\"registry.terraform.io/hashicorp/aws\"].n_virginia",
      "instances": [
        {
          "index_key": 0,
          "schema_version": 0,
          "attributes": {
            "carrier_gateway_id": "",
            "core_network_arn": "",
            "destination_cidr_block": "0.0.0.0/0",
            "destination_ipv6_cidr_block": "",
            "destination_prefix_list_id": "",
            "egress_only_gateway_id": "",
            "gateway_id": "igw-07392d445b1417ba3",
            "id": "r-rtb-008fb2fcde2b306d61080289494",
            "instance_id": "",
            "instance_owner_id": "",
            "local_gateway_id": "",
            "nat_gateway_id": "",
            "network_interface_id": "",
            "origin": "CreateRoute",
            "route_table_id": "rtb-008fb2fcde2b306d6",
            "state": "active",
            "timeouts": {
              "create": "5m",
              "delete": null,
              "update": null
            },
            "transit_gateway_id": "",
            "vpc_endpoint_id": "",
            "vpc_peering_connection_id": ""
          },
          "sensitive_attributes": [],
          "private": "eyJlMmJmYjczMC1lY2FhLTExZTYtOGY4OC0zNDM2M2JjN2M0YzAiOnsiY3JlYXRlIjozMDAwMDAwMDAwMDAsImRlbGV0ZSI6MzAwMDAwMDAwMDAwLCJ1cGRhdGUiOjEyMDAwMDAwMDAwMH19",
          "dependencies": [
            "module.eks_n_virginia.module.vpc.aws_internet_gateway.this",
            "module.eks_n_virginia.module.vpc.aws_route_table.public",
            "module.eks_n_virginia.module.vpc.aws_vpc.this",
            "module.eks_n_virginia.module.vpc.aws_vpc_ipv4_cidr_block_association.this"
          ]
        }
      ]
    },
    {
      "module": "module.eks_n_virginia.module.vpc",
      "mode": "managed",
      "type": "aws_route_table",
      "name": "private",
      "provider": "provider[\"registry.terraform.io/hashicorp/aws\"].n_virginia",
      "instances": [
        {
          "index_key": 0,
          "schema_version": 0,
          "attributes": {
            "arn": "arn:aws:ec2:us-east-1:411623750878:route-table/rtb-08615b095d69a3ef0",
            "id": "rtb-08615b095d69a3ef0",
            "owner_id": "411623750878",
            "propagating_vgws": [],
            "route": [],
            "tags": {
              "Name": "linxact-vpc-private"
            },
            "tags_all": {
              "Name": "linxact-vpc-private"
            },
            "timeouts": null,
            "vpc_id": "vpc-0195df71d4cd92eb2"
          },
          "sensitive_attributes": [],
          "private": "eyJlMmJmYjczMC1lY2FhLTExZTYtOGY4OC0zNDM2M2JjN2M0YzAiOnsiY3JlYXRlIjozMDAwMDAwMDAwMDAsImRlbGV0ZSI6MzAwMDAwMDAwMDAwLCJ1cGRhdGUiOjEyMDAwMDAwMDAwMH19",
          "dependencies": [
            "module.eks_n_virginia.data.aws_availability_zones.available",
            "module.eks_n_virginia.module.vpc.aws_vpc.this",
            "module.eks_n_virginia.module.vpc.aws_vpc_ipv4_cidr_block_association.this"
          ]
        }
      ]
    },
    {
      "module": "module.eks_n_virginia.module.vpc",
      "mode": "managed",
      "type": "aws_route_table",
      "name": "public",
      "provider": "provider[\"registry.terraform.io/hashicorp/aws\"].n_virginia",
      "instances": [
        {
          "index_key": 0,
          "schema_version": 0,
          "attributes": {
            "arn": "arn:aws:ec2:us-east-1:411623750878:route-table/rtb-008fb2fcde2b306d6",
            "id": "rtb-008fb2fcde2b306d6",
            "owner_id": "411623750878",
            "propagating_vgws": [],
            "route": [],
            "tags": {
              "Name": "linxact-vpc-public"
            },
            "tags_all": {
              "Name": "linxact-vpc-public"
            },
            "timeouts": null,
            "vpc_id": "vpc-0195df71d4cd92eb2"
          },
          "sensitive_attributes": [],
          "private": "eyJlMmJmYjczMC1lY2FhLTExZTYtOGY4OC0zNDM2M2JjN2M0YzAiOnsiY3JlYXRlIjozMDAwMDAwMDAwMDAsImRlbGV0ZSI6MzAwMDAwMDAwMDAwLCJ1cGRhdGUiOjEyMDAwMDAwMDAwMH19",
          "dependencies": [
            "module.eks_n_virginia.module.vpc.aws_vpc.this",
            "module.eks_n_virginia.module.vpc.aws_vpc_ipv4_cidr_block_association.this"
          ]
        }
      ]
    },
    {
      "module": "module.eks_n_virginia.module.vpc",
      "mode": "managed",
      "type": "aws_route_table_association",
      "name": "private",
      "provider": "provider[\"registry.terraform.io/hashicorp/aws\"].n_virginia",
      "instances": [
        {
          "index_key": 0,
          "schema_version": 0,
          "attributes": {
            "gateway_id": "",
            "id": "rtbassoc-01c4bbb615ac80e49",
            "route_table_id": "rtb-08615b095d69a3ef0",
            "subnet_id": "subnet-0a69c7d90fc000e4e",
            "timeouts": null
          },
          "sensitive_attributes": [],
          "private": "eyJlMmJmYjczMC1lY2FhLTExZTYtOGY4OC0zNDM2M2JjN2M0YzAiOnsiY3JlYXRlIjozMDAwMDAwMDAwMDAsImRlbGV0ZSI6MzAwMDAwMDAwMDAwLCJ1cGRhdGUiOjEyMDAwMDAwMDAwMH19",
          "dependencies": [
            "module.eks_n_virginia.data.aws_availability_zones.available",
            "module.eks_n_virginia.module.vpc.aws_route_table.private",
            "module.eks_n_virginia.module.vpc.aws_subnet.private",
            "module.eks_n_virginia.module.vpc.aws_vpc.this",
            "module.eks_n_virginia.module.vpc.aws_vpc_ipv4_cidr_block_association.this"
          ]
        },
        {
          "index_key": 1,
          "schema_version": 0,
          "attributes": {
            "gateway_id": "",
            "id": "rtbassoc-059f563314bb471ef",
            "route_table_id": "rtb-08615b095d69a3ef0",
            "subnet_id": "subnet-067e682c60dc7ebaa",
            "timeouts": null
          },
          "sensitive_attributes": [],
          "private": "eyJlMmJmYjczMC1lY2FhLTExZTYtOGY4OC0zNDM2M2JjN2M0YzAiOnsiY3JlYXRlIjozMDAwMDAwMDAwMDAsImRlbGV0ZSI6MzAwMDAwMDAwMDAwLCJ1cGRhdGUiOjEyMDAwMDAwMDAwMH19",
          "dependencies": [
            "module.eks_n_virginia.data.aws_availability_zones.available",
            "module.eks_n_virginia.module.vpc.aws_route_table.private",
            "module.eks_n_virginia.module.vpc.aws_subnet.private",
            "module.eks_n_virginia.module.vpc.aws_vpc.this",
            "module.eks_n_virginia.module.vpc.aws_vpc_ipv4_cidr_block_association.this"
          ]
        },
        {
          "index_key": 2,
          "schema_version": 0,
          "attributes": {
            "gateway_id": "",
            "id": "rtbassoc-028fc90687424441a",
            "route_table_id": "rtb-08615b095d69a3ef0",
            "subnet_id": "subnet-06ed93fd52049ea2c",
            "timeouts": null
          },
          "sensitive_attributes": [],
          "private": "eyJlMmJmYjczMC1lY2FhLTExZTYtOGY4OC0zNDM2M2JjN2M0YzAiOnsiY3JlYXRlIjozMDAwMDAwMDAwMDAsImRlbGV0ZSI6MzAwMDAwMDAwMDAwLCJ1cGRhdGUiOjEyMDAwMDAwMDAwMH19",
          "dependencies": [
            "module.eks_n_virginia.data.aws_availability_zones.available",
            "module.eks_n_virginia.module.vpc.aws_route_table.private",
            "module.eks_n_virginia.module.vpc.aws_subnet.private",
            "module.eks_n_virginia.module.vpc.aws_vpc.this",
            "module.eks_n_virginia.module.vpc.aws_vpc_ipv4_cidr_block_association.this"
          ]
        },
        {
          "index_key": 3,
          "schema_version": 0,
          "attributes": {
            "gateway_id": "",
            "id": "rtbassoc-086a94b6e6e28cdd1",
            "route_table_id": "rtb-08615b095d69a3ef0",
            "subnet_id": "subnet-071dfa400fa96d34f",
            "timeouts": null
          },
          "sensitive_attributes": [],
          "private": "eyJlMmJmYjczMC1lY2FhLTExZTYtOGY4OC0zNDM2M2JjN2M0YzAiOnsiY3JlYXRlIjozMDAwMDAwMDAwMDAsImRlbGV0ZSI6MzAwMDAwMDAwMDAwLCJ1cGRhdGUiOjEyMDAwMDAwMDAwMH19",
          "dependencies": [
            "module.eks_n_virginia.data.aws_availability_zones.available",
            "module.eks_n_virginia.module.vpc.aws_route_table.private",
            "module.eks_n_virginia.module.vpc.aws_subnet.private",
            "module.eks_n_virginia.module.vpc.aws_vpc.this",
            "module.eks_n_virginia.module.vpc.aws_vpc_ipv4_cidr_block_association.this"
          ]
        },
        {
          "index_key": 4,
          "schema_version": 0,
          "attributes": {
            "gateway_id": "",
            "id": "rtbassoc-0d8795c790ea7bbae",
            "route_table_id": "rtb-08615b095d69a3ef0",
            "subnet_id": "subnet-00f5f6c97309aa8af",
            "timeouts": null
          },
          "sensitive_attributes": [],
          "private": "eyJlMmJmYjczMC1lY2FhLTExZTYtOGY4OC0zNDM2M2JjN2M0YzAiOnsiY3JlYXRlIjozMDAwMDAwMDAwMDAsImRlbGV0ZSI6MzAwMDAwMDAwMDAwLCJ1cGRhdGUiOjEyMDAwMDAwMDAwMH19",
          "dependencies": [
            "module.eks_n_virginia.data.aws_availability_zones.available",
            "module.eks_n_virginia.module.vpc.aws_route_table.private",
            "module.eks_n_virginia.module.vpc.aws_subnet.private",
            "module.eks_n_virginia.module.vpc.aws_vpc.this",
            "module.eks_n_virginia.module.vpc.aws_vpc_ipv4_cidr_block_association.this"
          ]
        }
      ]
    },
    {
      "module": "module.eks_n_virginia.module.vpc",
      "mode": "managed",
      "type": "aws_route_table_association",
      "name": "public",
      "provider": "provider[\"registry.terraform.io/hashicorp/aws\"].n_virginia",
      "instances": [
        {
          "index_key": 0,
          "schema_version": 0,
          "attributes": {
            "gateway_id": "",
            "id": "rtbassoc-04352d795f3a5282e",
            "route_table_id": "rtb-008fb2fcde2b306d6",
            "subnet_id": "subnet-092c7251795d418ea",
            "timeouts": null
          },
          "sensitive_attributes": [],
          "private": "eyJlMmJmYjczMC1lY2FhLTExZTYtOGY4OC0zNDM2M2JjN2M0YzAiOnsiY3JlYXRlIjozMDAwMDAwMDAwMDAsImRlbGV0ZSI6MzAwMDAwMDAwMDAwLCJ1cGRhdGUiOjEyMDAwMDAwMDAwMH19",
          "dependencies": [
            "module.eks_n_virginia.data.aws_availability_zones.available",
            "module.eks_n_virginia.module.vpc.aws_route_table.public",
            "module.eks_n_virginia.module.vpc.aws_subnet.public",
            "module.eks_n_virginia.module.vpc.aws_vpc.this",
            "module.eks_n_virginia.module.vpc.aws_vpc_ipv4_cidr_block_association.this"
          ]
        },
        {
          "index_key": 1,
          "schema_version": 0,
          "attributes": {
            "gateway_id": "",
            "id": "rtbassoc-0d694cfe9392c1aaa",
            "route_table_id": "rtb-008fb2fcde2b306d6",
            "subnet_id": "subnet-090a3d4809e25f40a",
            "timeouts": null
          },
          "sensitive_attributes": [],
          "private": "eyJlMmJmYjczMC1lY2FhLTExZTYtOGY4OC0zNDM2M2JjN2M0YzAiOnsiY3JlYXRlIjozMDAwMDAwMDAwMDAsImRlbGV0ZSI6MzAwMDAwMDAwMDAwLCJ1cGRhdGUiOjEyMDAwMDAwMDAwMH19",
          "dependencies": [
            "module.eks_n_virginia.data.aws_availability_zones.available",
            "module.eks_n_virginia.module.vpc.aws_route_table.public",
            "module.eks_n_virginia.module.vpc.aws_subnet.public",
            "module.eks_n_virginia.module.vpc.aws_vpc.this",
            "module.eks_n_virginia.module.vpc.aws_vpc_ipv4_cidr_block_association.this"
          ]
        },
        {
          "index_key": 2,
          "schema_version": 0,
          "attributes": {
            "gateway_id": "",
            "id": "rtbassoc-081ecae5fe65dc131",
            "route_table_id": "rtb-008fb2fcde2b306d6",
            "subnet_id": "subnet-046f2381e63a317e8",
            "timeouts": null
          },
          "sensitive_attributes": [],
          "private": "eyJlMmJmYjczMC1lY2FhLTExZTYtOGY4OC0zNDM2M2JjN2M0YzAiOnsiY3JlYXRlIjozMDAwMDAwMDAwMDAsImRlbGV0ZSI6MzAwMDAwMDAwMDAwLCJ1cGRhdGUiOjEyMDAwMDAwMDAwMH19",
          "dependencies": [
            "module.eks_n_virginia.data.aws_availability_zones.available",
            "module.eks_n_virginia.module.vpc.aws_route_table.public",
            "module.eks_n_virginia.module.vpc.aws_subnet.public",
            "module.eks_n_virginia.module.vpc.aws_vpc.this",
            "module.eks_n_virginia.module.vpc.aws_vpc_ipv4_cidr_block_association.this"
          ]
        },
        {
          "index_key": 3,
          "schema_version": 0,
          "attributes": {
            "gateway_id": "",
            "id": "rtbassoc-053fa23988684a4a4",
            "route_table_id": "rtb-008fb2fcde2b306d6",
            "subnet_id": "subnet-068f56e79118655a0",
            "timeouts": null
          },
          "sensitive_attributes": [],
          "private": "eyJlMmJmYjczMC1lY2FhLTExZTYtOGY4OC0zNDM2M2JjN2M0YzAiOnsiY3JlYXRlIjozMDAwMDAwMDAwMDAsImRlbGV0ZSI6MzAwMDAwMDAwMDAwLCJ1cGRhdGUiOjEyMDAwMDAwMDAwMH19",
          "dependencies": [
            "module.eks_n_virginia.data.aws_availability_zones.available",
            "module.eks_n_virginia.module.vpc.aws_route_table.public",
            "module.eks_n_virginia.module.vpc.aws_subnet.public",
            "module.eks_n_virginia.module.vpc.aws_vpc.this",
            "module.eks_n_virginia.module.vpc.aws_vpc_ipv4_cidr_block_association.this"
          ]
        },
        {
          "index_key": 4,
          "schema_version": 0,
          "attributes": {
            "gateway_id": "",
            "id": "rtbassoc-0f60ac453e7a0d4a9",
            "route_table_id": "rtb-008fb2fcde2b306d6",
            "subnet_id": "subnet-0d67e2829fb167231",
            "timeouts": null
          },
          "sensitive_attributes": [],
          "private": "eyJlMmJmYjczMC1lY2FhLTExZTYtOGY4OC0zNDM2M2JjN2M0YzAiOnsiY3JlYXRlIjozMDAwMDAwMDAwMDAsImRlbGV0ZSI6MzAwMDAwMDAwMDAwLCJ1cGRhdGUiOjEyMDAwMDAwMDAwMH19",
          "dependencies": [
            "module.eks_n_virginia.data.aws_availability_zones.available",
            "module.eks_n_virginia.module.vpc.aws_route_table.public",
            "module.eks_n_virginia.module.vpc.aws_subnet.public",
            "module.eks_n_virginia.module.vpc.aws_vpc.this",
            "module.eks_n_virginia.module.vpc.aws_vpc_ipv4_cidr_block_association.this"
          ]
        }
      ]
    },
    {
      "module": "module.eks_n_virginia.module.vpc",
      "mode": "managed",
      "type": "aws_subnet",
      "name": "intra",
      "provider": "provider[\"registry.terraform.io/hashicorp/aws\"].n_virginia",
      "instances": []
    },
    {
      "module": "module.eks_n_virginia.module.vpc",
      "mode": "managed",
      "type": "aws_subnet",
      "name": "private",
      "provider": "provider[\"registry.terraform.io/hashicorp/aws\"].n_virginia",
      "instances": [
        {
          "index_key": 0,
          "schema_version": 1,
          "attributes": {
            "arn": "arn:aws:ec2:us-east-1:411623750878:subnet/subnet-0a69c7d90fc000e4e",
            "assign_ipv6_address_on_creation": false,
            "availability_zone": "us-east-1a",
            "availability_zone_id": "use1-az4",
            "cidr_block": "10.0.0.0/24",
            "customer_owned_ipv4_pool": "",
            "enable_dns64": false,
            "enable_lni_at_device_index": 0,
            "enable_resource_name_dns_a_record_on_launch": false,
            "enable_resource_name_dns_aaaa_record_on_launch": false,
            "id": "subnet-0a69c7d90fc000e4e",
            "ipv6_cidr_block": "",
            "ipv6_cidr_block_association_id": "",
            "ipv6_native": false,
            "map_customer_owned_ip_on_launch": false,
            "map_public_ip_on_launch": false,
            "outpost_arn": "",
            "owner_id": "411623750878",
            "private_dns_hostname_type_on_launch": "ip-name",
            "tags": {
              "Name": "linxact-vpc-private-us-east-1a",
              "karpenter.sh/discovery": "linxact-nv",
              "kubernetes.io/cluster/linxact-nv": "shared",
              "kubernetes.io/role/internal-elb": "1"
            },
            "tags_all": {
              "Name": "linxact-vpc-private-us-east-1a",
              "karpenter.sh/discovery": "linxact-nv",
              "kubernetes.io/cluster/linxact-nv": "shared",
              "kubernetes.io/role/internal-elb": "1"
            },
            "timeouts": null,
            "vpc_id": "vpc-0195df71d4cd92eb2"
          },
          "sensitive_attributes": [],
          "private": "eyJlMmJmYjczMC1lY2FhLTExZTYtOGY4OC0zNDM2M2JjN2M0YzAiOnsiY3JlYXRlIjo2MDAwMDAwMDAwMDAsImRlbGV0ZSI6MTIwMDAwMDAwMDAwMH0sInNjaGVtYV92ZXJzaW9uIjoiMSJ9",
          "dependencies": [
            "module.eks_n_virginia.data.aws_availability_zones.available",
            "module.eks_n_virginia.module.vpc.aws_vpc.this",
            "module.eks_n_virginia.module.vpc.aws_vpc_ipv4_cidr_block_association.this"
          ],
          "create_before_destroy": true
        },
        {
          "index_key": 1,
          "schema_version": 1,
          "attributes": {
            "arn": "arn:aws:ec2:us-east-1:411623750878:subnet/subnet-067e682c60dc7ebaa",
            "assign_ipv6_address_on_creation": false,
            "availability_zone": "us-east-1b",
            "availability_zone_id": "use1-az6",
            "cidr_block": "10.0.1.0/24",
            "customer_owned_ipv4_pool": "",
            "enable_dns64": false,
            "enable_lni_at_device_index": 0,
            "enable_resource_name_dns_a_record_on_launch": false,
            "enable_resource_name_dns_aaaa_record_on_launch": false,
            "id": "subnet-067e682c60dc7ebaa",
            "ipv6_cidr_block": "",
            "ipv6_cidr_block_association_id": "",
            "ipv6_native": false,
            "map_customer_owned_ip_on_launch": false,
            "map_public_ip_on_launch": false,
            "outpost_arn": "",
            "owner_id": "411623750878",
            "private_dns_hostname_type_on_launch": "ip-name",
            "tags": {
              "Name": "linxact-vpc-private-us-east-1b",
              "karpenter.sh/discovery": "linxact-nv",
              "kubernetes.io/cluster/linxact-nv": "shared",
              "kubernetes.io/role/internal-elb": "1"
            },
            "tags_all": {
              "Name": "linxact-vpc-private-us-east-1b",
              "karpenter.sh/discovery": "linxact-nv",
              "kubernetes.io/cluster/linxact-nv": "shared",
              "kubernetes.io/role/internal-elb": "1"
            },
            "timeouts": null,
            "vpc_id": "vpc-0195df71d4cd92eb2"
          },
          "sensitive_attributes": [],
          "private": "eyJlMmJmYjczMC1lY2FhLTExZTYtOGY4OC0zNDM2M2JjN2M0YzAiOnsiY3JlYXRlIjo2MDAwMDAwMDAwMDAsImRlbGV0ZSI6MTIwMDAwMDAwMDAwMH0sInNjaGVtYV92ZXJzaW9uIjoiMSJ9",
          "dependencies": [
            "module.eks_n_virginia.data.aws_availability_zones.available",
            "module.eks_n_virginia.module.vpc.aws_vpc.this",
            "module.eks_n_virginia.module.vpc.aws_vpc_ipv4_cidr_block_association.this"
          ],
          "create_before_destroy": true
        },
        {
          "index_key": 2,
          "schema_version": 1,
          "attributes": {
            "arn": "arn:aws:ec2:us-east-1:411623750878:subnet/subnet-06ed93fd52049ea2c",
            "assign_ipv6_address_on_creation": false,
            "availability_zone": "us-east-1c",
            "availability_zone_id": "use1-az1",
            "cidr_block": "10.0.2.0/24",
            "customer_owned_ipv4_pool": "",
            "enable_dns64": false,
            "enable_lni_at_device_index": 0,
            "enable_resource_name_dns_a_record_on_launch": false,
            "enable_resource_name_dns_aaaa_record_on_launch": false,
            "id": "subnet-06ed93fd52049ea2c",
            "ipv6_cidr_block": "",
            "ipv6_cidr_block_association_id": "",
            "ipv6_native": false,
            "map_customer_owned_ip_on_launch": false,
            "map_public_ip_on_launch": false,
            "outpost_arn": "",
            "owner_id": "411623750878",
            "private_dns_hostname_type_on_launch": "ip-name",
            "tags": {
              "Name": "linxact-vpc-private-us-east-1c",
              "karpenter.sh/discovery": "linxact-nv",
              "kubernetes.io/cluster/linxact-nv": "shared",
              "kubernetes.io/role/internal-elb": "1"
            },
            "tags_all": {
              "Name": "linxact-vpc-private-us-east-1c",
              "karpenter.sh/discovery": "linxact-nv",
              "kubernetes.io/cluster/linxact-nv": "shared",
              "kubernetes.io/role/internal-elb": "1"
            },
            "timeouts": null,
            "vpc_id": "vpc-0195df71d4cd92eb2"
          },
          "sensitive_attributes": [],
          "private": "eyJlMmJmYjczMC1lY2FhLTExZTYtOGY4OC0zNDM2M2JjN2M0YzAiOnsiY3JlYXRlIjo2MDAwMDAwMDAwMDAsImRlbGV0ZSI6MTIwMDAwMDAwMDAwMH0sInNjaGVtYV92ZXJzaW9uIjoiMSJ9",
          "dependencies": [
            "module.eks_n_virginia.data.aws_availability_zones.available",
            "module.eks_n_virginia.module.vpc.aws_vpc.this",
            "module.eks_n_virginia.module.vpc.aws_vpc_ipv4_cidr_block_association.this"
          ],
          "create_before_destroy": true
        },
        {
          "index_key": 3,
          "schema_version": 1,
          "attributes": {
            "arn": "arn:aws:ec2:us-east-1:411623750878:subnet/subnet-071dfa400fa96d34f",
            "assign_ipv6_address_on_creation": false,
            "availability_zone": "us-east-1d",
            "availability_zone_id": "use1-az2",
            "cidr_block": "10.0.3.0/24",
            "customer_owned_ipv4_pool": "",
            "enable_dns64": false,
            "enable_lni_at_device_index": 0,
            "enable_resource_name_dns_a_record_on_launch": false,
            "enable_resource_name_dns_aaaa_record_on_launch": false,
            "id": "subnet-071dfa400fa96d34f",
            "ipv6_cidr_block": "",
            "ipv6_cidr_block_association_id": "",
            "ipv6_native": false,
            "map_customer_owned_ip_on_launch": false,
            "map_public_ip_on_launch": false,
            "outpost_arn": "",
            "owner_id": "411623750878",
            "private_dns_hostname_type_on_launch": "ip-name",
            "tags": {
              "Name": "linxact-vpc-private-us-east-1d",
              "karpenter.sh/discovery": "linxact-nv",
              "kubernetes.io/cluster/linxact-nv": "shared",
              "kubernetes.io/role/internal-elb": "1"
            },
            "tags_all": {
              "Name": "linxact-vpc-private-us-east-1d",
              "karpenter.sh/discovery": "linxact-nv",
              "kubernetes.io/cluster/linxact-nv": "shared",
              "kubernetes.io/role/internal-elb": "1"
            },
            "timeouts": null,
            "vpc_id": "vpc-0195df71d4cd92eb2"
          },
          "sensitive_attributes": [],
          "private": "eyJlMmJmYjczMC1lY2FhLTExZTYtOGY4OC0zNDM2M2JjN2M0YzAiOnsiY3JlYXRlIjo2MDAwMDAwMDAwMDAsImRlbGV0ZSI6MTIwMDAwMDAwMDAwMH0sInNjaGVtYV92ZXJzaW9uIjoiMSJ9",
          "dependencies": [
            "module.eks_n_virginia.data.aws_availability_zones.available",
            "module.eks_n_virginia.module.vpc.aws_vpc.this",
            "module.eks_n_virginia.module.vpc.aws_vpc_ipv4_cidr_block_association.this"
          ],
          "create_before_destroy": true
        },
        {
          "index_key": 4,
          "schema_version": 1,
          "attributes": {
            "arn": "arn:aws:ec2:us-east-1:411623750878:subnet/subnet-00f5f6c97309aa8af",
            "assign_ipv6_address_on_creation": false,
            "availability_zone": "us-east-1a",
            "availability_zone_id": "use1-az4",
            "cidr_block": "10.0.4.0/24",
            "customer_owned_ipv4_pool": "",
            "enable_dns64": false,
            "enable_lni_at_device_index": 0,
            "enable_resource_name_dns_a_record_on_launch": false,
            "enable_resource_name_dns_aaaa_record_on_launch": false,
            "id": "subnet-00f5f6c97309aa8af",
            "ipv6_cidr_block": "",
            "ipv6_cidr_block_association_id": "",
            "ipv6_native": false,
            "map_customer_owned_ip_on_launch": false,
            "map_public_ip_on_launch": false,
            "outpost_arn": "",
            "owner_id": "411623750878",
            "private_dns_hostname_type_on_launch": "ip-name",
            "tags": {
              "Name": "linxact-vpc-private-us-east-1a",
              "karpenter.sh/discovery": "linxact-nv",
              "kubernetes.io/cluster/linxact-nv": "shared",
              "kubernetes.io/role/internal-elb": "1"
            },
            "tags_all": {
              "Name": "linxact-vpc-private-us-east-1a",
              "karpenter.sh/discovery": "linxact-nv",
              "kubernetes.io/cluster/linxact-nv": "shared",
              "kubernetes.io/role/internal-elb": "1"
            },
            "timeouts": null,
            "vpc_id": "vpc-0195df71d4cd92eb2"
          },
          "sensitive_attributes": [],
          "private": "eyJlMmJmYjczMC1lY2FhLTExZTYtOGY4OC0zNDM2M2JjN2M0YzAiOnsiY3JlYXRlIjo2MDAwMDAwMDAwMDAsImRlbGV0ZSI6MTIwMDAwMDAwMDAwMH0sInNjaGVtYV92ZXJzaW9uIjoiMSJ9",
          "dependencies": [
            "module.eks_n_virginia.data.aws_availability_zones.available",
            "module.eks_n_virginia.module.vpc.aws_vpc.this",
            "module.eks_n_virginia.module.vpc.aws_vpc_ipv4_cidr_block_association.this"
          ],
          "create_before_destroy": true
        }
      ]
    },
    {
      "module": "module.eks_n_virginia.module.vpc",
      "mode": "managed",
      "type": "aws_subnet",
      "name": "public",
      "provider": "provider[\"registry.terraform.io/hashicorp/aws\"].n_virginia",
      "instances": [
        {
          "index_key": 0,
          "schema_version": 1,
          "attributes": {
            "arn": "arn:aws:ec2:us-east-1:411623750878:subnet/subnet-092c7251795d418ea",
            "assign_ipv6_address_on_creation": false,
            "availability_zone": "us-east-1a",
            "availability_zone_id": "use1-az4",
            "cidr_block": "10.0.5.0/24",
            "customer_owned_ipv4_pool": "",
            "enable_dns64": false,
            "enable_lni_at_device_index": 0,
            "enable_resource_name_dns_a_record_on_launch": false,
            "enable_resource_name_dns_aaaa_record_on_launch": false,
            "id": "subnet-092c7251795d418ea",
            "ipv6_cidr_block": "",
            "ipv6_cidr_block_association_id": "",
            "ipv6_native": false,
            "map_customer_owned_ip_on_launch": false,
            "map_public_ip_on_launch": false,
            "outpost_arn": "",
            "owner_id": "411623750878",
            "private_dns_hostname_type_on_launch": "ip-name",
            "tags": {
              "Name": "linxact-vpc-public-us-east-1a",
              "kubernetes.io/cluster/linxact-nv": "shared",
              "kubernetes.io/role/elb": "1"
            },
            "tags_all": {
              "Name": "linxact-vpc-public-us-east-1a",
              "kubernetes.io/cluster/linxact-nv": "shared",
              "kubernetes.io/role/elb": "1"
            },
            "timeouts": null,
            "vpc_id": "vpc-0195df71d4cd92eb2"
          },
          "sensitive_attributes": [],
          "private": "eyJlMmJmYjczMC1lY2FhLTExZTYtOGY4OC0zNDM2M2JjN2M0YzAiOnsiY3JlYXRlIjo2MDAwMDAwMDAwMDAsImRlbGV0ZSI6MTIwMDAwMDAwMDAwMH0sInNjaGVtYV92ZXJzaW9uIjoiMSJ9",
          "dependencies": [
            "module.eks_n_virginia.data.aws_availability_zones.available",
            "module.eks_n_virginia.module.vpc.aws_vpc.this",
            "module.eks_n_virginia.module.vpc.aws_vpc_ipv4_cidr_block_association.this"
          ]
        },
        {
          "index_key": 1,
          "schema_version": 1,
          "attributes": {
            "arn": "arn:aws:ec2:us-east-1:411623750878:subnet/subnet-090a3d4809e25f40a",
            "assign_ipv6_address_on_creation": false,
            "availability_zone": "us-east-1b",
            "availability_zone_id": "use1-az6",
            "cidr_block": "10.0.6.0/24",
            "customer_owned_ipv4_pool": "",
            "enable_dns64": false,
            "enable_lni_at_device_index": 0,
            "enable_resource_name_dns_a_record_on_launch": false,
            "enable_resource_name_dns_aaaa_record_on_launch": false,
            "id": "subnet-090a3d4809e25f40a",
            "ipv6_cidr_block": "",
            "ipv6_cidr_block_association_id": "",
            "ipv6_native": false,
            "map_customer_owned_ip_on_launch": false,
            "map_public_ip_on_launch": false,
            "outpost_arn": "",
            "owner_id": "411623750878",
            "private_dns_hostname_type_on_launch": "ip-name",
            "tags": {
              "Name": "linxact-vpc-public-us-east-1b",
              "kubernetes.io/cluster/linxact-nv": "shared",
              "kubernetes.io/role/elb": "1"
            },
            "tags_all": {
              "Name": "linxact-vpc-public-us-east-1b",
              "kubernetes.io/cluster/linxact-nv": "shared",
              "kubernetes.io/role/elb": "1"
            },
            "timeouts": null,
            "vpc_id": "vpc-0195df71d4cd92eb2"
          },
          "sensitive_attributes": [],
          "private": "eyJlMmJmYjczMC1lY2FhLTExZTYtOGY4OC0zNDM2M2JjN2M0YzAiOnsiY3JlYXRlIjo2MDAwMDAwMDAwMDAsImRlbGV0ZSI6MTIwMDAwMDAwMDAwMH0sInNjaGVtYV92ZXJzaW9uIjoiMSJ9",
          "dependencies": [
            "module.eks_n_virginia.data.aws_availability_zones.available",
            "module.eks_n_virginia.module.vpc.aws_vpc.this",
            "module.eks_n_virginia.module.vpc.aws_vpc_ipv4_cidr_block_association.this"
          ]
        },
        {
          "index_key": 2,
          "schema_version": 1,
          "attributes": {
            "arn": "arn:aws:ec2:us-east-1:411623750878:subnet/subnet-046f2381e63a317e8",
            "assign_ipv6_address_on_creation": false,
            "availability_zone": "us-east-1c",
            "availability_zone_id": "use1-az1",
            "cidr_block": "10.0.7.0/24",
            "customer_owned_ipv4_pool": "",
            "enable_dns64": false,
            "enable_lni_at_device_index": 0,
            "enable_resource_name_dns_a_record_on_launch": false,
            "enable_resource_name_dns_aaaa_record_on_launch": false,
            "id": "subnet-046f2381e63a317e8",
            "ipv6_cidr_block": "",
            "ipv6_cidr_block_association_id": "",
            "ipv6_native": false,
            "map_customer_owned_ip_on_launch": false,
            "map_public_ip_on_launch": false,
            "outpost_arn": "",
            "owner_id": "411623750878",
            "private_dns_hostname_type_on_launch": "ip-name",
            "tags": {
              "Name": "linxact-vpc-public-us-east-1c",
              "kubernetes.io/cluster/linxact-nv": "shared",
              "kubernetes.io/role/elb": "1"
            },
            "tags_all": {
              "Name": "linxact-vpc-public-us-east-1c",
              "kubernetes.io/cluster/linxact-nv": "shared",
              "kubernetes.io/role/elb": "1"
            },
            "timeouts": null,
            "vpc_id": "vpc-0195df71d4cd92eb2"
          },
          "sensitive_attributes": [],
          "private": "eyJlMmJmYjczMC1lY2FhLTExZTYtOGY4OC0zNDM2M2JjN2M0YzAiOnsiY3JlYXRlIjo2MDAwMDAwMDAwMDAsImRlbGV0ZSI6MTIwMDAwMDAwMDAwMH0sInNjaGVtYV92ZXJzaW9uIjoiMSJ9",
          "dependencies": [
            "module.eks_n_virginia.data.aws_availability_zones.available",
            "module.eks_n_virginia.module.vpc.aws_vpc.this",
            "module.eks_n_virginia.module.vpc.aws_vpc_ipv4_cidr_block_association.this"
          ]
        },
        {
          "index_key": 3,
          "schema_version": 1,
          "attributes": {
            "arn": "arn:aws:ec2:us-east-1:411623750878:subnet/subnet-068f56e79118655a0",
            "assign_ipv6_address_on_creation": false,
            "availability_zone": "us-east-1d",
            "availability_zone_id": "use1-az2",
            "cidr_block": "10.0.8.0/24",
            "customer_owned_ipv4_pool": "",
            "enable_dns64": false,
            "enable_lni_at_device_index": 0,
            "enable_resource_name_dns_a_record_on_launch": false,
            "enable_resource_name_dns_aaaa_record_on_launch": false,
            "id": "subnet-068f56e79118655a0",
            "ipv6_cidr_block": "",
            "ipv6_cidr_block_association_id": "",
            "ipv6_native": false,
            "map_customer_owned_ip_on_launch": false,
            "map_public_ip_on_launch": false,
            "outpost_arn": "",
            "owner_id": "411623750878",
            "private_dns_hostname_type_on_launch": "ip-name",
            "tags": {
              "Name": "linxact-vpc-public-us-east-1d",
              "kubernetes.io/cluster/linxact-nv": "shared",
              "kubernetes.io/role/elb": "1"
            },
            "tags_all": {
              "Name": "linxact-vpc-public-us-east-1d",
              "kubernetes.io/cluster/linxact-nv": "shared",
              "kubernetes.io/role/elb": "1"
            },
            "timeouts": null,
            "vpc_id": "vpc-0195df71d4cd92eb2"
          },
          "sensitive_attributes": [],
          "private": "eyJlMmJmYjczMC1lY2FhLTExZTYtOGY4OC0zNDM2M2JjN2M0YzAiOnsiY3JlYXRlIjo2MDAwMDAwMDAwMDAsImRlbGV0ZSI6MTIwMDAwMDAwMDAwMH0sInNjaGVtYV92ZXJzaW9uIjoiMSJ9",
          "dependencies": [
            "module.eks_n_virginia.data.aws_availability_zones.available",
            "module.eks_n_virginia.module.vpc.aws_vpc.this",
            "module.eks_n_virginia.module.vpc.aws_vpc_ipv4_cidr_block_association.this"
          ]
        },
        {
          "index_key": 4,
          "schema_version": 1,
          "attributes": {
            "arn": "arn:aws:ec2:us-east-1:411623750878:subnet/subnet-0d67e2829fb167231",
            "assign_ipv6_address_on_creation": false,
            "availability_zone": "us-east-1a",
            "availability_zone_id": "use1-az4",
            "cidr_block": "10.0.9.0/24",
            "customer_owned_ipv4_pool": "",
            "enable_dns64": false,
            "enable_lni_at_device_index": 0,
            "enable_resource_name_dns_a_record_on_launch": false,
            "enable_resource_name_dns_aaaa_record_on_launch": false,
            "id": "subnet-0d67e2829fb167231",
            "ipv6_cidr_block": "",
            "ipv6_cidr_block_association_id": "",
            "ipv6_native": false,
            "map_customer_owned_ip_on_launch": false,
            "map_public_ip_on_launch": false,
            "outpost_arn": "",
            "owner_id": "411623750878",
            "private_dns_hostname_type_on_launch": "ip-name",
            "tags": {
              "Name": "linxact-vpc-public-us-east-1a",
              "kubernetes.io/cluster/linxact-nv": "shared",
              "kubernetes.io/role/elb": "1"
            },
            "tags_all": {
              "Name": "linxact-vpc-public-us-east-1a",
              "kubernetes.io/cluster/linxact-nv": "shared",
              "kubernetes.io/role/elb": "1"
            },
            "timeouts": null,
            "vpc_id": "vpc-0195df71d4cd92eb2"
          },
          "sensitive_attributes": [],
          "private": "eyJlMmJmYjczMC1lY2FhLTExZTYtOGY4OC0zNDM2M2JjN2M0YzAiOnsiY3JlYXRlIjo2MDAwMDAwMDAwMDAsImRlbGV0ZSI6MTIwMDAwMDAwMDAwMH0sInNjaGVtYV92ZXJzaW9uIjoiMSJ9",
          "dependencies": [
            "module.eks_n_virginia.data.aws_availability_zones.available",
            "module.eks_n_virginia.module.vpc.aws_vpc.this",
            "module.eks_n_virginia.module.vpc.aws_vpc_ipv4_cidr_block_association.this"
          ]
        }
      ]
    },
    {
      "module": "module.eks_n_virginia.module.vpc",
      "mode": "managed",
      "type": "aws_vpc",
      "name": "this",
      "provider": "provider[\"registry.terraform.io/hashicorp/aws\"].n_virginia",
      "instances": [
        {
          "index_key": 0,
          "schema_version": 1,
          "attributes": {
            "arn": "arn:aws:ec2:us-east-1:411623750878:vpc/vpc-0195df71d4cd92eb2",
            "assign_generated_ipv6_cidr_block": false,
            "cidr_block": "10.0.0.0/16",
            "default_network_acl_id": "acl-0465b1a5687d49736",
            "default_route_table_id": "rtb-052bc30355baf2dba",
            "default_security_group_id": "sg-0dcb533f571d8c050",
            "dhcp_options_id": "dopt-df557ca7",
            "enable_dns_hostnames": true,
            "enable_dns_support": true,
            "enable_network_address_usage_metrics": false,
            "id": "vpc-0195df71d4cd92eb2",
            "instance_tenancy": "default",
            "ipv4_ipam_pool_id": null,
            "ipv4_netmask_length": null,
            "ipv6_association_id": "",
            "ipv6_cidr_block": "",
            "ipv6_cidr_block_network_border_group": "",
            "ipv6_ipam_pool_id": "",
            "ipv6_netmask_length": 0,
            "main_route_table_id": "rtb-052bc30355baf2dba",
            "owner_id": "411623750878",
            "tags": {
              "Name": "linxact-vpc"
            },
            "tags_all": {
              "Name": "linxact-vpc"
            }
          },
          "sensitive_attributes": [],
          "private": "eyJzY2hlbWFfdmVyc2lvbiI6IjEifQ==",
          "create_before_destroy": true
        }
      ]
    },
    {
      "module": "module.eks_n_virginia.module.vpc",
      "mode": "managed",
      "type": "aws_vpc_ipv4_cidr_block_association",
      "name": "this",
      "provider": "provider[\"registry.terraform.io/hashicorp/aws\"].n_virginia",
      "instances": []
    },
    {
      "module": "module.karpenter_n_virginia.module.karpenter",
      "mode": "data",
      "type": "aws_caller_identity",
      "name": "current",
      "provider": "provider[\"registry.terraform.io/hashicorp/aws\"]",
      "instances": [
        {
          "schema_version": 0,
          "attributes": {
            "account_id": "411623750878",
            "arn": "arn:aws:iam::411623750878:user/olexiy",
            "id": "411623750878",
            "user_id": "AIDAV7VVP7TPJ6HRCC3PA"
          },
          "sensitive_attributes": []
        }
      ]
    },
    {
      "module": "module.karpenter_n_virginia.module.karpenter",
      "mode": "data",
      "type": "aws_iam_policy_document",
      "name": "assume_role",
      "provider": "provider[\"registry.terraform.io/hashicorp/aws\"]",
      "instances": []
    },
    {
      "module": "module.karpenter_n_virginia.module.karpenter",
      "mode": "data",
      "type": "aws_iam_policy_document",
      "name": "irsa_assume_role",
      "provider": "provider[\"registry.terraform.io/hashicorp/aws\"]",
      "instances": [
        {
          "index_key": 0,
          "schema_version": 0,
          "attributes": {
            "id": "2999072223",
            "json": "{\n  \"Version\": \"2012-10-17\",\n  \"Statement\": [\n    {\n      \"Effect\": \"Allow\",\n      \"Action\": \"sts:AssumeRoleWithWebIdentity\",\n      \"Principal\": {\n        \"Federated\": \"arn:aws:iam::411623750878:oidc-provider/oidc.eks.us-east-1.amazonaws.com/id/DBE2A7DFD8E027F1D5FCCE38950E0DE0\"\n      },\n      \"Condition\": {\n        \"StringEquals\": {\n          \"oidc.eks.us-east-1.amazonaws.com/id/DBE2A7DFD8E027F1D5FCCE38950E0DE0:aud\": \"sts.amazonaws.com\",\n          \"oidc.eks.us-east-1.amazonaws.com/id/DBE2A7DFD8E027F1D5FCCE38950E0DE0:sub\": \"system:serviceaccount:karpenter:karpenter\"\n        }\n      }\n    }\n  ]\n}",
            "override_policy_documents": null,
            "policy_id": null,
            "source_policy_documents": null,
            "statement": [
              {
                "actions": [
                  "sts:AssumeRoleWithWebIdentity"
                ],
                "condition": [
                  {
                    "test": "StringEquals",
                    "values": [
                      "sts.amazonaws.com"
                    ],
                    "variable": "oidc.eks.us-east-1.amazonaws.com/id/DBE2A7DFD8E027F1D5FCCE38950E0DE0:aud"
                  },
                  {
                    "test": "StringEquals",
                    "values": [
                      "system:serviceaccount:karpenter:karpenter"
                    ],
                    "variable": "oidc.eks.us-east-1.amazonaws.com/id/DBE2A7DFD8E027F1D5FCCE38950E0DE0:sub"
                  }
                ],
                "effect": "Allow",
                "not_actions": [],
                "not_principals": [],
                "not_resources": [],
                "principals": [
                  {
                    "identifiers": [
                      "arn:aws:iam::411623750878:oidc-provider/oidc.eks.us-east-1.amazonaws.com/id/DBE2A7DFD8E027F1D5FCCE38950E0DE0"
                    ],
                    "type": "Federated"
                  }
                ],
                "resources": [],
                "sid": ""
              }
            ],
            "version": "2012-10-17"
          },
          "sensitive_attributes": []
        }
      ]
    },
    {
      "module": "module.karpenter_n_virginia.module.karpenter",
      "mode": "data",
      "type": "aws_iam_policy_document",
      "name": "queue",
      "provider": "provider[\"registry.terraform.io/hashicorp/aws\"]",
      "instances": [
        {
          "index_key": 0,
          "schema_version": 0,
          "attributes": {
            "id": "3300610186",
            "json": "{\n  \"Version\": \"2012-10-17\",\n  \"Statement\": [\n    {\n      \"Sid\": \"SqsWrite\",\n      \"Effect\": \"Allow\",\n      \"Action\": \"sqs:SendMessage\",\n      \"Resource\": \"arn:aws:sqs:us-east-1:411623750878:Karpenter-linxact-nv\",\n      \"Principal\": {\n        \"Service\": [\n          \"sqs.amazonaws.com\",\n          \"events.amazonaws.com\"\n        ]\n      }\n    }\n  ]\n}",
            "override_policy_documents": null,
            "policy_id": null,
            "source_policy_documents": null,
            "statement": [
              {
                "actions": [
                  "sqs:SendMessage"
                ],
                "condition": [],
                "effect": "Allow",
                "not_actions": [],
                "not_principals": [],
                "not_resources": [],
                "principals": [
                  {
                    "identifiers": [
                      "events.amazonaws.com",
                      "sqs.amazonaws.com"
                    ],
                    "type": "Service"
                  }
                ],
                "resources": [
                  "arn:aws:sqs:us-east-1:411623750878:Karpenter-linxact-nv"
                ],
                "sid": "SqsWrite"
              }
            ],
            "version": "2012-10-17"
          },
          "sensitive_attributes": []
        }
      ]
    },
    {
      "module": "module.karpenter_n_virginia.module.karpenter",
      "mode": "data",
      "type": "aws_partition",
      "name": "current",
      "provider": "provider[\"registry.terraform.io/hashicorp/aws\"]",
      "instances": [
        {
          "schema_version": 0,
          "attributes": {
            "dns_suffix": "amazonaws.com",
            "id": "aws",
            "partition": "aws",
            "reverse_dns_prefix": "com.amazonaws"
          },
          "sensitive_attributes": []
        }
      ]
    },
    {
      "module": "module.karpenter_n_virginia.module.karpenter",
      "mode": "managed",
      "type": "aws_cloudwatch_event_rule",
      "name": "this",
      "provider": "provider[\"registry.terraform.io/hashicorp/aws\"]",
      "instances": [
        {
          "index_key": "health_event",
          "schema_version": 0,
          "attributes": {
            "arn": "arn:aws:events:us-east-1:411623750878:rule/KarpenterHealthEvent-20240129162727670700000001",
            "description": "Karpenter interrupt - AWS health event",
            "event_bus_name": "default",
            "event_pattern": "{\"detail-type\":[\"AWS Health Event\"],\"source\":[\"aws.health\"]}",
            "id": "KarpenterHealthEvent-20240129162727670700000001",
            "is_enabled": true,
            "name": "KarpenterHealthEvent-20240129162727670700000001",
            "name_prefix": "KarpenterHealthEvent-",
            "role_arn": "",
            "schedule_expression": "",
            "tags": {
              "ClusterName": "linxact-nv",
              "Environment": "dev",
              "Terraform": "true"
            },
            "tags_all": {
              "ClusterName": "linxact-nv",
              "Environment": "dev",
              "Terraform": "true"
            }
          },
          "sensitive_attributes": [],
          "private": "bnVsbA==",
          "dependencies": [
            "module.eks_n_virginia.data.aws_availability_zones.available",
            "module.eks_n_virginia.module.eks.aws_cloudwatch_log_group.this",
            "module.eks_n_virginia.module.eks.aws_eks_cluster.this",
            "module.eks_n_virginia.module.eks.aws_iam_policy.cni_ipv6_policy",
            "module.eks_n_virginia.module.eks.aws_iam_role.this",
            "module.eks_n_virginia.module.eks.aws_iam_role_policy_attachment.this",
            "module.eks_n_virginia.module.eks.aws_security_group.cluster",
            "module.eks_n_virginia.module.eks.aws_security_group.node",
            "module.eks_n_virginia.module.eks.aws_security_group_rule.cluster",
            "module.eks_n_virginia.module.eks.aws_security_group_rule.node",
            "module.eks_n_virginia.module.eks.data.aws_caller_identity.current",
            "module.eks_n_virginia.module.eks.data.aws_iam_policy_document.assume_role_policy",
            "module.eks_n_virginia.module.eks.data.aws_iam_policy_document.cni_ipv6_policy",
            "module.eks_n_virginia.module.eks.data.aws_iam_session_context.current",
            "module.eks_n_virginia.module.eks.data.aws_partition.current",
            "module.eks_n_virginia.module.eks.module.kms.aws_kms_external_key.this",
            "module.eks_n_virginia.module.eks.module.kms.aws_kms_key.this",
            "module.eks_n_virginia.module.eks.module.kms.data.aws_caller_identity.current",
            "module.eks_n_virginia.module.eks.module.kms.data.aws_iam_policy_document.this",
            "module.eks_n_virginia.module.eks.module.kms.data.aws_partition.current",
            "module.eks_n_virginia.module.vpc.aws_subnet.intra",
            "module.eks_n_virginia.module.vpc.aws_subnet.private",
            "module.eks_n_virginia.module.vpc.aws_vpc.this",
            "module.eks_n_virginia.module.vpc.aws_vpc_ipv4_cidr_block_association.this"
          ]
        },
        {
          "index_key": "instance_rebalance",
          "schema_version": 0,
          "attributes": {
            "arn": "arn:aws:events:us-east-1:411623750878:rule/KarpenterInstanceRebalance-20240129162727671300000004",
            "description": "Karpenter interrupt - EC2 instance rebalance recommendation",
            "event_bus_name": "default",
            "event_pattern": "{\"detail-type\":[\"EC2 Instance Rebalance Recommendation\"],\"source\":[\"aws.ec2\"]}",
            "id": "KarpenterInstanceRebalance-20240129162727671300000004",
            "is_enabled": true,
            "name": "KarpenterInstanceRebalance-20240129162727671300000004",
            "name_prefix": "KarpenterInstanceRebalance-",
            "role_arn": "",
            "schedule_expression": "",
            "tags": {
              "ClusterName": "linxact-nv",
              "Environment": "dev",
              "Terraform": "true"
            },
            "tags_all": {
              "ClusterName": "linxact-nv",
              "Environment": "dev",
              "Terraform": "true"
            }
          },
          "sensitive_attributes": [],
          "private": "bnVsbA==",
          "dependencies": [
            "module.eks_n_virginia.data.aws_availability_zones.available",
            "module.eks_n_virginia.module.eks.aws_cloudwatch_log_group.this",
            "module.eks_n_virginia.module.eks.aws_eks_cluster.this",
            "module.eks_n_virginia.module.eks.aws_iam_policy.cni_ipv6_policy",
            "module.eks_n_virginia.module.eks.aws_iam_role.this",
            "module.eks_n_virginia.module.eks.aws_iam_role_policy_attachment.this",
            "module.eks_n_virginia.module.eks.aws_security_group.cluster",
            "module.eks_n_virginia.module.eks.aws_security_group.node",
            "module.eks_n_virginia.module.eks.aws_security_group_rule.cluster",
            "module.eks_n_virginia.module.eks.aws_security_group_rule.node",
            "module.eks_n_virginia.module.eks.data.aws_caller_identity.current",
            "module.eks_n_virginia.module.eks.data.aws_iam_policy_document.assume_role_policy",
            "module.eks_n_virginia.module.eks.data.aws_iam_policy_document.cni_ipv6_policy",
            "module.eks_n_virginia.module.eks.data.aws_iam_session_context.current",
            "module.eks_n_virginia.module.eks.data.aws_partition.current",
            "module.eks_n_virginia.module.eks.module.kms.aws_kms_external_key.this",
            "module.eks_n_virginia.module.eks.module.kms.aws_kms_key.this",
            "module.eks_n_virginia.module.eks.module.kms.data.aws_caller_identity.current",
            "module.eks_n_virginia.module.eks.module.kms.data.aws_iam_policy_document.this",
            "module.eks_n_virginia.module.eks.module.kms.data.aws_partition.current",
            "module.eks_n_virginia.module.vpc.aws_subnet.intra",
            "module.eks_n_virginia.module.vpc.aws_subnet.private",
            "module.eks_n_virginia.module.vpc.aws_vpc.this",
            "module.eks_n_virginia.module.vpc.aws_vpc_ipv4_cidr_block_association.this"
          ]
        },
        {
          "index_key": "instance_state_change",
          "schema_version": 0,
          "attributes": {
            "arn": "arn:aws:events:us-east-1:411623750878:rule/KarpenterInstanceStateChange-20240129162727670700000002",
            "description": "Karpenter interrupt - EC2 instance state-change notification",
            "event_bus_name": "default",
            "event_pattern": "{\"detail-type\":[\"EC2 Instance State-change Notification\"],\"source\":[\"aws.ec2\"]}",
            "id": "KarpenterInstanceStateChange-20240129162727670700000002",
            "is_enabled": true,
            "name": "KarpenterInstanceStateChange-20240129162727670700000002",
            "name_prefix": "KarpenterInstanceStateChange-",
            "role_arn": "",
            "schedule_expression": "",
            "tags": {
              "ClusterName": "linxact-nv",
              "Environment": "dev",
              "Terraform": "true"
            },
            "tags_all": {
              "ClusterName": "linxact-nv",
              "Environment": "dev",
              "Terraform": "true"
            }
          },
          "sensitive_attributes": [],
          "private": "bnVsbA==",
          "dependencies": [
            "module.eks_n_virginia.data.aws_availability_zones.available",
            "module.eks_n_virginia.module.eks.aws_cloudwatch_log_group.this",
            "module.eks_n_virginia.module.eks.aws_eks_cluster.this",
            "module.eks_n_virginia.module.eks.aws_iam_policy.cni_ipv6_policy",
            "module.eks_n_virginia.module.eks.aws_iam_role.this",
            "module.eks_n_virginia.module.eks.aws_iam_role_policy_attachment.this",
            "module.eks_n_virginia.module.eks.aws_security_group.cluster",
            "module.eks_n_virginia.module.eks.aws_security_group.node",
            "module.eks_n_virginia.module.eks.aws_security_group_rule.cluster",
            "module.eks_n_virginia.module.eks.aws_security_group_rule.node",
            "module.eks_n_virginia.module.eks.data.aws_caller_identity.current",
            "module.eks_n_virginia.module.eks.data.aws_iam_policy_document.assume_role_policy",
            "module.eks_n_virginia.module.eks.data.aws_iam_policy_document.cni_ipv6_policy",
            "module.eks_n_virginia.module.eks.data.aws_iam_session_context.current",
            "module.eks_n_virginia.module.eks.data.aws_partition.current",
            "module.eks_n_virginia.module.eks.module.kms.aws_kms_external_key.this",
            "module.eks_n_virginia.module.eks.module.kms.aws_kms_key.this",
            "module.eks_n_virginia.module.eks.module.kms.data.aws_caller_identity.current",
            "module.eks_n_virginia.module.eks.module.kms.data.aws_iam_policy_document.this",
            "module.eks_n_virginia.module.eks.module.kms.data.aws_partition.current",
            "module.eks_n_virginia.module.vpc.aws_subnet.intra",
            "module.eks_n_virginia.module.vpc.aws_subnet.private",
            "module.eks_n_virginia.module.vpc.aws_vpc.this",
            "module.eks_n_virginia.module.vpc.aws_vpc_ipv4_cidr_block_association.this"
          ]
        },
        {
          "index_key": "spot_interupt",
          "schema_version": 0,
          "attributes": {
            "arn": "arn:aws:events:us-east-1:411623750878:rule/KarpenterSpotInterrupt-20240129162727670700000003",
            "description": "Karpenter interrupt - EC2 spot instance interruption warning",
            "event_bus_name": "default",
            "event_pattern": "{\"detail-type\":[\"EC2 Spot Instance Interruption Warning\"],\"source\":[\"aws.ec2\"]}",
            "id": "KarpenterSpotInterrupt-20240129162727670700000003",
            "is_enabled": true,
            "name": "KarpenterSpotInterrupt-20240129162727670700000003",
            "name_prefix": "KarpenterSpotInterrupt-",
            "role_arn": "",
            "schedule_expression": "",
            "tags": {
              "ClusterName": "linxact-nv",
              "Environment": "dev",
              "Terraform": "true"
            },
            "tags_all": {
              "ClusterName": "linxact-nv",
              "Environment": "dev",
              "Terraform": "true"
            }
          },
          "sensitive_attributes": [],
          "private": "bnVsbA==",
          "dependencies": [
            "module.eks_n_virginia.data.aws_availability_zones.available",
            "module.eks_n_virginia.module.eks.aws_cloudwatch_log_group.this",
            "module.eks_n_virginia.module.eks.aws_eks_cluster.this",
            "module.eks_n_virginia.module.eks.aws_iam_policy.cni_ipv6_policy",
            "module.eks_n_virginia.module.eks.aws_iam_role.this",
            "module.eks_n_virginia.module.eks.aws_iam_role_policy_attachment.this",
            "module.eks_n_virginia.module.eks.aws_security_group.cluster",
            "module.eks_n_virginia.module.eks.aws_security_group.node",
            "module.eks_n_virginia.module.eks.aws_security_group_rule.cluster",
            "module.eks_n_virginia.module.eks.aws_security_group_rule.node",
            "module.eks_n_virginia.module.eks.data.aws_caller_identity.current",
            "module.eks_n_virginia.module.eks.data.aws_iam_policy_document.assume_role_policy",
            "module.eks_n_virginia.module.eks.data.aws_iam_policy_document.cni_ipv6_policy",
            "module.eks_n_virginia.module.eks.data.aws_iam_session_context.current",
            "module.eks_n_virginia.module.eks.data.aws_partition.current",
            "module.eks_n_virginia.module.eks.module.kms.aws_kms_external_key.this",
            "module.eks_n_virginia.module.eks.module.kms.aws_kms_key.this",
            "module.eks_n_virginia.module.eks.module.kms.data.aws_caller_identity.current",
            "module.eks_n_virginia.module.eks.module.kms.data.aws_iam_policy_document.this",
            "module.eks_n_virginia.module.eks.module.kms.data.aws_partition.current",
            "module.eks_n_virginia.module.vpc.aws_subnet.intra",
            "module.eks_n_virginia.module.vpc.aws_subnet.private",
            "module.eks_n_virginia.module.vpc.aws_vpc.this",
            "module.eks_n_virginia.module.vpc.aws_vpc_ipv4_cidr_block_association.this"
          ]
        }
      ]
    },
    {
      "module": "module.karpenter_n_virginia.module.karpenter",
      "mode": "managed",
      "type": "aws_cloudwatch_event_target",
      "name": "this",
      "provider": "provider[\"registry.terraform.io/hashicorp/aws\"]",
      "instances": [
        {
          "index_key": "health_event",
          "schema_version": 1,
          "attributes": {
            "arn": "arn:aws:sqs:us-east-1:411623750878:Karpenter-linxact-nv",
            "batch_target": [],
            "dead_letter_config": [],
            "ecs_target": [],
            "event_bus_name": "default",
            "http_target": [],
            "id": "KarpenterHealthEvent-20240129162727670700000001-KarpenterInterruptionQueueTarget",
            "input": "",
            "input_path": "",
            "input_transformer": [],
            "kinesis_target": [],
            "redshift_target": [],
            "retry_policy": [],
            "role_arn": "",
            "rule": "KarpenterHealthEvent-20240129162727670700000001",
            "run_command_targets": [],
            "sqs_target": [],
            "target_id": "KarpenterInterruptionQueueTarget"
          },
          "sensitive_attributes": [],
          "private": "eyJzY2hlbWFfdmVyc2lvbiI6IjEifQ==",
          "dependencies": [
            "module.eks_n_virginia.data.aws_availability_zones.available",
            "module.eks_n_virginia.module.eks.aws_cloudwatch_log_group.this",
            "module.eks_n_virginia.module.eks.aws_eks_cluster.this",
            "module.eks_n_virginia.module.eks.aws_iam_policy.cni_ipv6_policy",
            "module.eks_n_virginia.module.eks.aws_iam_role.this",
            "module.eks_n_virginia.module.eks.aws_iam_role_policy_attachment.this",
            "module.eks_n_virginia.module.eks.aws_security_group.cluster",
            "module.eks_n_virginia.module.eks.aws_security_group.node",
            "module.eks_n_virginia.module.eks.aws_security_group_rule.cluster",
            "module.eks_n_virginia.module.eks.aws_security_group_rule.node",
            "module.eks_n_virginia.module.eks.data.aws_caller_identity.current",
            "module.eks_n_virginia.module.eks.data.aws_iam_policy_document.assume_role_policy",
            "module.eks_n_virginia.module.eks.data.aws_iam_policy_document.cni_ipv6_policy",
            "module.eks_n_virginia.module.eks.data.aws_iam_session_context.current",
            "module.eks_n_virginia.module.eks.data.aws_partition.current",
            "module.eks_n_virginia.module.eks.module.kms.aws_kms_external_key.this",
            "module.eks_n_virginia.module.eks.module.kms.aws_kms_key.this",
            "module.eks_n_virginia.module.eks.module.kms.data.aws_caller_identity.current",
            "module.eks_n_virginia.module.eks.module.kms.data.aws_iam_policy_document.this",
            "module.eks_n_virginia.module.eks.module.kms.data.aws_partition.current",
            "module.eks_n_virginia.module.vpc.aws_subnet.intra",
            "module.eks_n_virginia.module.vpc.aws_subnet.private",
            "module.eks_n_virginia.module.vpc.aws_vpc.this",
            "module.eks_n_virginia.module.vpc.aws_vpc_ipv4_cidr_block_association.this",
            "module.karpenter_n_virginia.module.karpenter.aws_cloudwatch_event_rule.this",
            "module.karpenter_n_virginia.module.karpenter.aws_sqs_queue.this"
          ]
        },
        {
          "index_key": "instance_rebalance",
          "schema_version": 1,
          "attributes": {
            "arn": "arn:aws:sqs:us-east-1:411623750878:Karpenter-linxact-nv",
            "batch_target": [],
            "dead_letter_config": [],
            "ecs_target": [],
            "event_bus_name": "default",
            "http_target": [],
            "id": "KarpenterInstanceRebalance-20240129162727671300000004-KarpenterInterruptionQueueTarget",
            "input": "",
            "input_path": "",
            "input_transformer": [],
            "kinesis_target": [],
            "redshift_target": [],
            "retry_policy": [],
            "role_arn": "",
            "rule": "KarpenterInstanceRebalance-20240129162727671300000004",
            "run_command_targets": [],
            "sqs_target": [],
            "target_id": "KarpenterInterruptionQueueTarget"
          },
          "sensitive_attributes": [],
          "private": "eyJzY2hlbWFfdmVyc2lvbiI6IjEifQ==",
          "dependencies": [
            "module.eks_n_virginia.data.aws_availability_zones.available",
            "module.eks_n_virginia.module.eks.aws_cloudwatch_log_group.this",
            "module.eks_n_virginia.module.eks.aws_eks_cluster.this",
            "module.eks_n_virginia.module.eks.aws_iam_policy.cni_ipv6_policy",
            "module.eks_n_virginia.module.eks.aws_iam_role.this",
            "module.eks_n_virginia.module.eks.aws_iam_role_policy_attachment.this",
            "module.eks_n_virginia.module.eks.aws_security_group.cluster",
            "module.eks_n_virginia.module.eks.aws_security_group.node",
            "module.eks_n_virginia.module.eks.aws_security_group_rule.cluster",
            "module.eks_n_virginia.module.eks.aws_security_group_rule.node",
            "module.eks_n_virginia.module.eks.data.aws_caller_identity.current",
            "module.eks_n_virginia.module.eks.data.aws_iam_policy_document.assume_role_policy",
            "module.eks_n_virginia.module.eks.data.aws_iam_policy_document.cni_ipv6_policy",
            "module.eks_n_virginia.module.eks.data.aws_iam_session_context.current",
            "module.eks_n_virginia.module.eks.data.aws_partition.current",
            "module.eks_n_virginia.module.eks.module.kms.aws_kms_external_key.this",
            "module.eks_n_virginia.module.eks.module.kms.aws_kms_key.this",
            "module.eks_n_virginia.module.eks.module.kms.data.aws_caller_identity.current",
            "module.eks_n_virginia.module.eks.module.kms.data.aws_iam_policy_document.this",
            "module.eks_n_virginia.module.eks.module.kms.data.aws_partition.current",
            "module.eks_n_virginia.module.vpc.aws_subnet.intra",
            "module.eks_n_virginia.module.vpc.aws_subnet.private",
            "module.eks_n_virginia.module.vpc.aws_vpc.this",
            "module.eks_n_virginia.module.vpc.aws_vpc_ipv4_cidr_block_association.this",
            "module.karpenter_n_virginia.module.karpenter.aws_cloudwatch_event_rule.this",
            "module.karpenter_n_virginia.module.karpenter.aws_sqs_queue.this"
          ]
        },
        {
          "index_key": "instance_state_change",
          "schema_version": 1,
          "attributes": {
            "arn": "arn:aws:sqs:us-east-1:411623750878:Karpenter-linxact-nv",
            "batch_target": [],
            "dead_letter_config": [],
            "ecs_target": [],
            "event_bus_name": "default",
            "http_target": [],
            "id": "KarpenterInstanceStateChange-20240129162727670700000002-KarpenterInterruptionQueueTarget",
            "input": "",
            "input_path": "",
            "input_transformer": [],
            "kinesis_target": [],
            "redshift_target": [],
            "retry_policy": [],
            "role_arn": "",
            "rule": "KarpenterInstanceStateChange-20240129162727670700000002",
            "run_command_targets": [],
            "sqs_target": [],
            "target_id": "KarpenterInterruptionQueueTarget"
          },
          "sensitive_attributes": [],
          "private": "eyJzY2hlbWFfdmVyc2lvbiI6IjEifQ==",
          "dependencies": [
            "module.eks_n_virginia.data.aws_availability_zones.available",
            "module.eks_n_virginia.module.eks.aws_cloudwatch_log_group.this",
            "module.eks_n_virginia.module.eks.aws_eks_cluster.this",
            "module.eks_n_virginia.module.eks.aws_iam_policy.cni_ipv6_policy",
            "module.eks_n_virginia.module.eks.aws_iam_role.this",
            "module.eks_n_virginia.module.eks.aws_iam_role_policy_attachment.this",
            "module.eks_n_virginia.module.eks.aws_security_group.cluster",
            "module.eks_n_virginia.module.eks.aws_security_group.node",
            "module.eks_n_virginia.module.eks.aws_security_group_rule.cluster",
            "module.eks_n_virginia.module.eks.aws_security_group_rule.node",
            "module.eks_n_virginia.module.eks.data.aws_caller_identity.current",
            "module.eks_n_virginia.module.eks.data.aws_iam_policy_document.assume_role_policy",
            "module.eks_n_virginia.module.eks.data.aws_iam_policy_document.cni_ipv6_policy",
            "module.eks_n_virginia.module.eks.data.aws_iam_session_context.current",
            "module.eks_n_virginia.module.eks.data.aws_partition.current",
            "module.eks_n_virginia.module.eks.module.kms.aws_kms_external_key.this",
            "module.eks_n_virginia.module.eks.module.kms.aws_kms_key.this",
            "module.eks_n_virginia.module.eks.module.kms.data.aws_caller_identity.current",
            "module.eks_n_virginia.module.eks.module.kms.data.aws_iam_policy_document.this",
            "module.eks_n_virginia.module.eks.module.kms.data.aws_partition.current",
            "module.eks_n_virginia.module.vpc.aws_subnet.intra",
            "module.eks_n_virginia.module.vpc.aws_subnet.private",
            "module.eks_n_virginia.module.vpc.aws_vpc.this",
            "module.eks_n_virginia.module.vpc.aws_vpc_ipv4_cidr_block_association.this",
            "module.karpenter_n_virginia.module.karpenter.aws_cloudwatch_event_rule.this",
            "module.karpenter_n_virginia.module.karpenter.aws_sqs_queue.this"
          ]
        },
        {
          "index_key": "spot_interupt",
          "schema_version": 1,
          "attributes": {
            "arn": "arn:aws:sqs:us-east-1:411623750878:Karpenter-linxact-nv",
            "batch_target": [],
            "dead_letter_config": [],
            "ecs_target": [],
            "event_bus_name": "default",
            "http_target": [],
            "id": "KarpenterSpotInterrupt-20240129162727670700000003-KarpenterInterruptionQueueTarget",
            "input": "",
            "input_path": "",
            "input_transformer": [],
            "kinesis_target": [],
            "redshift_target": [],
            "retry_policy": [],
            "role_arn": "",
            "rule": "KarpenterSpotInterrupt-20240129162727670700000003",
            "run_command_targets": [],
            "sqs_target": [],
            "target_id": "KarpenterInterruptionQueueTarget"
          },
          "sensitive_attributes": [],
          "private": "eyJzY2hlbWFfdmVyc2lvbiI6IjEifQ==",
          "dependencies": [
            "module.eks_n_virginia.data.aws_availability_zones.available",
            "module.eks_n_virginia.module.eks.aws_cloudwatch_log_group.this",
            "module.eks_n_virginia.module.eks.aws_eks_cluster.this",
            "module.eks_n_virginia.module.eks.aws_iam_policy.cni_ipv6_policy",
            "module.eks_n_virginia.module.eks.aws_iam_role.this",
            "module.eks_n_virginia.module.eks.aws_iam_role_policy_attachment.this",
            "module.eks_n_virginia.module.eks.aws_security_group.cluster",
            "module.eks_n_virginia.module.eks.aws_security_group.node",
            "module.eks_n_virginia.module.eks.aws_security_group_rule.cluster",
            "module.eks_n_virginia.module.eks.aws_security_group_rule.node",
            "module.eks_n_virginia.module.eks.data.aws_caller_identity.current",
            "module.eks_n_virginia.module.eks.data.aws_iam_policy_document.assume_role_policy",
            "module.eks_n_virginia.module.eks.data.aws_iam_policy_document.cni_ipv6_policy",
            "module.eks_n_virginia.module.eks.data.aws_iam_session_context.current",
            "module.eks_n_virginia.module.eks.data.aws_partition.current",
            "module.eks_n_virginia.module.eks.module.kms.aws_kms_external_key.this",
            "module.eks_n_virginia.module.eks.module.kms.aws_kms_key.this",
            "module.eks_n_virginia.module.eks.module.kms.data.aws_caller_identity.current",
            "module.eks_n_virginia.module.eks.module.kms.data.aws_iam_policy_document.this",
            "module.eks_n_virginia.module.eks.module.kms.data.aws_partition.current",
            "module.eks_n_virginia.module.vpc.aws_subnet.intra",
            "module.eks_n_virginia.module.vpc.aws_subnet.private",
            "module.eks_n_virginia.module.vpc.aws_vpc.this",
            "module.eks_n_virginia.module.vpc.aws_vpc_ipv4_cidr_block_association.this",
            "module.karpenter_n_virginia.module.karpenter.aws_cloudwatch_event_rule.this",
            "module.karpenter_n_virginia.module.karpenter.aws_sqs_queue.this"
          ]
        }
      ]
    },
    {
      "module": "module.karpenter_n_virginia.module.karpenter",
      "mode": "managed",
      "type": "aws_iam_role",
      "name": "irsa",
      "provider": "provider[\"registry.terraform.io/hashicorp/aws\"]",
      "instances": [
        {
          "index_key": 0,
          "schema_version": 0,
          "attributes": {
            "arn": "arn:aws:iam::411623750878:role/KarpenterIRSA-linxact-nv",
            "assume_role_policy": "{\"Statement\":[{\"Action\":\"sts:AssumeRoleWithWebIdentity\",\"Condition\":{\"StringEquals\":{\"oidc.eks.us-east-1.amazonaws.com/id/DBE2A7DFD8E027F1D5FCCE38950E0DE0:aud\":\"sts.amazonaws.com\",\"oidc.eks.us-east-1.amazonaws.com/id/DBE2A7DFD8E027F1D5FCCE38950E0DE0:sub\":\"system:serviceaccount:karpenter:karpenter\"}},\"Effect\":\"Allow\",\"Principal\":{\"Federated\":\"arn:aws:iam::411623750878:oidc-provider/oidc.eks.us-east-1.amazonaws.com/id/DBE2A7DFD8E027F1D5FCCE38950E0DE0\"}}],\"Version\":\"2012-10-17\"}",
            "create_date": "2024-01-29T16:27:28Z",
            "description": "Karpenter IAM role for service account",
            "force_detach_policies": true,
            "id": "KarpenterIRSA-linxact-nv",
            "inline_policy": [],
            "managed_policy_arns": [],
            "max_session_duration": 3600,
            "name": "KarpenterIRSA-linxact-nv",
            "name_prefix": "",
            "path": "/",
            "permissions_boundary": null,
            "tags": {
              "Environment": "dev",
              "Terraform": "true"
            },
            "tags_all": {
              "Environment": "dev",
              "Terraform": "true"
            },
            "unique_id": "AROAV7VVP7TPASDGK4NOT"
          },
          "sensitive_attributes": [],
          "private": "bnVsbA==",
          "dependencies": [
            "module.eks_n_virginia.data.aws_availability_zones.available",
            "module.eks_n_virginia.module.eks.aws_cloudwatch_log_group.this",
            "module.eks_n_virginia.module.eks.aws_eks_cluster.this",
            "module.eks_n_virginia.module.eks.aws_iam_openid_connect_provider.oidc_provider",
            "module.eks_n_virginia.module.eks.aws_iam_policy.cni_ipv6_policy",
            "module.eks_n_virginia.module.eks.aws_iam_role.this",
            "module.eks_n_virginia.module.eks.aws_iam_role_policy_attachment.this",
            "module.eks_n_virginia.module.eks.aws_security_group.cluster",
            "module.eks_n_virginia.module.eks.aws_security_group.node",
            "module.eks_n_virginia.module.eks.aws_security_group_rule.cluster",
            "module.eks_n_virginia.module.eks.aws_security_group_rule.node",
            "module.eks_n_virginia.module.eks.data.aws_caller_identity.current",
            "module.eks_n_virginia.module.eks.data.aws_iam_policy_document.assume_role_policy",
            "module.eks_n_virginia.module.eks.data.aws_iam_policy_document.cni_ipv6_policy",
            "module.eks_n_virginia.module.eks.data.aws_iam_session_context.current",
            "module.eks_n_virginia.module.eks.data.aws_partition.current",
            "module.eks_n_virginia.module.eks.data.tls_certificate.this",
            "module.eks_n_virginia.module.eks.module.kms.aws_kms_external_key.this",
            "module.eks_n_virginia.module.eks.module.kms.aws_kms_key.this",
            "module.eks_n_virginia.module.eks.module.kms.data.aws_caller_identity.current",
            "module.eks_n_virginia.module.eks.module.kms.data.aws_iam_policy_document.this",
            "module.eks_n_virginia.module.eks.module.kms.data.aws_partition.current",
            "module.eks_n_virginia.module.vpc.aws_subnet.intra",
            "module.eks_n_virginia.module.vpc.aws_subnet.private",
            "module.eks_n_virginia.module.vpc.aws_vpc.this",
            "module.eks_n_virginia.module.vpc.aws_vpc_ipv4_cidr_block_association.this",
            "module.karpenter_n_virginia.module.karpenter.data.aws_iam_policy_document.irsa_assume_role"
          ]
        }
      ]
    },
    {
      "module": "module.karpenter_n_virginia.module.karpenter",
      "mode": "managed",
      "type": "aws_iam_role",
      "name": "this",
      "provider": "provider[\"registry.terraform.io/hashicorp/aws\"]",
      "instances": []
    },
    {
      "module": "module.karpenter_n_virginia.module.karpenter",
      "mode": "managed",
      "type": "aws_sqs_queue",
      "name": "this",
      "provider": "provider[\"registry.terraform.io/hashicorp/aws\"]",
      "instances": [
        {
          "index_key": 0,
          "schema_version": 0,
          "attributes": {
            "arn": "arn:aws:sqs:us-east-1:411623750878:Karpenter-linxact-nv",
            "content_based_deduplication": false,
            "deduplication_scope": "",
            "delay_seconds": 0,
            "fifo_queue": false,
            "fifo_throughput_limit": "",
            "id": "https://sqs.us-east-1.amazonaws.com/411623750878/Karpenter-linxact-nv",
            "kms_data_key_reuse_period_seconds": 300,
            "kms_master_key_id": "",
            "max_message_size": 262144,
            "message_retention_seconds": 300,
            "name": "Karpenter-linxact-nv",
            "name_prefix": "",
            "policy": "",
            "receive_wait_time_seconds": 0,
            "redrive_allow_policy": "",
            "redrive_policy": "",
            "sqs_managed_sse_enabled": true,
            "tags": {
              "Environment": "dev",
              "Terraform": "true"
            },
            "tags_all": {
              "Environment": "dev",
              "Terraform": "true"
            },
            "url": "https://sqs.us-east-1.amazonaws.com/411623750878/Karpenter-linxact-nv",
            "visibility_timeout_seconds": 30
          },
          "sensitive_attributes": [],
          "private": "bnVsbA==",
          "dependencies": [
            "module.eks_n_virginia.data.aws_availability_zones.available",
            "module.eks_n_virginia.module.eks.aws_cloudwatch_log_group.this",
            "module.eks_n_virginia.module.eks.aws_eks_cluster.this",
            "module.eks_n_virginia.module.eks.aws_iam_policy.cni_ipv6_policy",
            "module.eks_n_virginia.module.eks.aws_iam_role.this",
            "module.eks_n_virginia.module.eks.aws_iam_role_policy_attachment.this",
            "module.eks_n_virginia.module.eks.aws_security_group.cluster",
            "module.eks_n_virginia.module.eks.aws_security_group.node",
            "module.eks_n_virginia.module.eks.aws_security_group_rule.cluster",
            "module.eks_n_virginia.module.eks.aws_security_group_rule.node",
            "module.eks_n_virginia.module.eks.data.aws_caller_identity.current",
            "module.eks_n_virginia.module.eks.data.aws_iam_policy_document.assume_role_policy",
            "module.eks_n_virginia.module.eks.data.aws_iam_policy_document.cni_ipv6_policy",
            "module.eks_n_virginia.module.eks.data.aws_iam_session_context.current",
            "module.eks_n_virginia.module.eks.data.aws_partition.current",
            "module.eks_n_virginia.module.eks.module.kms.aws_kms_external_key.this",
            "module.eks_n_virginia.module.eks.module.kms.aws_kms_key.this",
            "module.eks_n_virginia.module.eks.module.kms.data.aws_caller_identity.current",
            "module.eks_n_virginia.module.eks.module.kms.data.aws_iam_policy_document.this",
            "module.eks_n_virginia.module.eks.module.kms.data.aws_partition.current",
            "module.eks_n_virginia.module.vpc.aws_subnet.intra",
            "module.eks_n_virginia.module.vpc.aws_subnet.private",
            "module.eks_n_virginia.module.vpc.aws_vpc.this",
            "module.eks_n_virginia.module.vpc.aws_vpc_ipv4_cidr_block_association.this"
          ]
        }
      ]
    },
    {
      "module": "module.karpenter_n_virginia.module.karpenter",
      "mode": "managed",
      "type": "aws_sqs_queue_policy",
      "name": "this",
      "provider": "provider[\"registry.terraform.io/hashicorp/aws\"]",
      "instances": [
        {
          "index_key": 0,
          "schema_version": 1,
          "attributes": {
            "id": "https://sqs.us-east-1.amazonaws.com/411623750878/Karpenter-linxact-nv",
            "policy": "{\"Statement\":[{\"Action\":\"sqs:SendMessage\",\"Effect\":\"Allow\",\"Principal\":{\"Service\":[\"sqs.amazonaws.com\",\"events.amazonaws.com\"]},\"Resource\":\"arn:aws:sqs:us-east-1:411623750878:Karpenter-linxact-nv\",\"Sid\":\"SqsWrite\"}],\"Version\":\"2012-10-17\"}",
            "queue_url": "https://sqs.us-east-1.amazonaws.com/411623750878/Karpenter-linxact-nv"
          },
          "sensitive_attributes": [],
          "private": "eyJzY2hlbWFfdmVyc2lvbiI6IjEifQ==",
          "dependencies": [
            "module.eks_n_virginia.data.aws_availability_zones.available",
            "module.eks_n_virginia.module.eks.aws_cloudwatch_log_group.this",
            "module.eks_n_virginia.module.eks.aws_eks_cluster.this",
            "module.eks_n_virginia.module.eks.aws_iam_policy.cni_ipv6_policy",
            "module.eks_n_virginia.module.eks.aws_iam_role.this",
            "module.eks_n_virginia.module.eks.aws_iam_role_policy_attachment.this",
            "module.eks_n_virginia.module.eks.aws_security_group.cluster",
            "module.eks_n_virginia.module.eks.aws_security_group.node",
            "module.eks_n_virginia.module.eks.aws_security_group_rule.cluster",
            "module.eks_n_virginia.module.eks.aws_security_group_rule.node",
            "module.eks_n_virginia.module.eks.data.aws_caller_identity.current",
            "module.eks_n_virginia.module.eks.data.aws_iam_policy_document.assume_role_policy",
            "module.eks_n_virginia.module.eks.data.aws_iam_policy_document.cni_ipv6_policy",
            "module.eks_n_virginia.module.eks.data.aws_iam_session_context.current",
            "module.eks_n_virginia.module.eks.data.aws_partition.current",
            "module.eks_n_virginia.module.eks.module.kms.aws_kms_external_key.this",
            "module.eks_n_virginia.module.eks.module.kms.aws_kms_key.this",
            "module.eks_n_virginia.module.eks.module.kms.data.aws_caller_identity.current",
            "module.eks_n_virginia.module.eks.module.kms.data.aws_iam_policy_document.this",
            "module.eks_n_virginia.module.eks.module.kms.data.aws_partition.current",
            "module.eks_n_virginia.module.vpc.aws_subnet.intra",
            "module.eks_n_virginia.module.vpc.aws_subnet.private",
            "module.eks_n_virginia.module.vpc.aws_vpc.this",
            "module.eks_n_virginia.module.vpc.aws_vpc_ipv4_cidr_block_association.this",
            "module.karpenter_n_virginia.module.karpenter.aws_sqs_queue.this",
            "module.karpenter_n_virginia.module.karpenter.data.aws_iam_policy_document.queue",
            "module.karpenter_n_virginia.module.karpenter.data.aws_partition.current"
          ]
        }
      ]
    }
  ],
  "check_results": null
}
